{
  "version": 4,
  "terraform_version": "1.15.6",
  "serial": 85,
  "lineage": "6a560ea4-94e0-c097-0a1c-9b4e98d9816d",
  "outputs": {},
  "resources": [
    {
      "module": "module.activate-security",
      "mode": "data",
      "type": "akamai_appsec_configuration",
      "name": "config",
      "provider": "provider[\"registry.terraform.io/akamai/akamai\"]",
      "instances": [
        {
          "schema_version": 0,
          "attributes": {
            "config_id": 127246,
            "host_names": [
              "www.error_testing.com"
            ],
            "id": "127246",
            "latest_version": 3,
            "name": "for-tf-import",
            "output_text": "\n+-------------------------------------------------------------------------------------------------------+\n| Configurations                                                                                        |\n+-----------+---------------+----------------+---------------------------+------------------------------+\n| CONFIG_ID | NAME          | LATEST_VERSION | VERSION_ACTIVE_IN_STAGING | VERSION_ACTIVE_IN_PRODUCTION |\n+-----------+---------------+----------------+---------------------------+------------------------------+\n| 127246    | for-tf-import | 3              | 2                         | 1                            |\n+-----------+---------------+----------------+---------------------------+------------------------------+\n",
            "production_version": 1,
            "staging_version": 2
          },
          "sensitive_attributes": [],
          "identity_schema_version": 0
        }
      ]
    },
    {
      "module": "module.activate-security",
      "mode": "managed",
      "type": "akamai_appsec_activations",
      "name": "production",
      "provider": "provider[\"registry.terraform.io/akamai/akamai\"]",
      "instances": [
        {
          "schema_version": 0,
          "attributes": {
            "config_id": 127246,
            "id": "2516948",
            "network": "PRODUCTION",
            "note": "Used Terraform PS Templates",
            "notification_emails": [
              "mstrojny@akamai.com"
            ],
            "status": "ACTIVATED",
            "timeouts": null,
            "version": 1
          },
          "sensitive_attributes": [],
          "identity_schema_version": 0,
          "private": "eyJlMmJmYjczMC1lY2FhLTExZTYtOGY4OC0zNDM2M2JjN2M0YzAiOnsiY3JlYXRlIjo1NDAwMDAwMDAwMDAwLCJkZWZhdWx0Ijo1NDAwMDAwMDAwMDAwLCJkZWxldGUiOjU0MDAwMDAwMDAwMDAsInJlYWQiOjU0MDAwMDAwMDAwMDAsInVwZGF0ZSI6NTQwMDAwMDAwMDAwMH0sInNjaGVtYV92ZXJzaW9uIjoiMCJ9",
          "dependencies": [
            "module.activate-security.data.akamai_appsec_configuration.config",
            "module.security.akamai_appsec_advanced_settings_attack_payload_logging.attack_payload_logging",
            "module.security.akamai_appsec_advanced_settings_evasive_path_match.evasive_path_match",
            "module.security.akamai_appsec_advanced_settings_evasive_path_match.tfdemo",
            "module.security.akamai_appsec_advanced_settings_logging.logging",
            "module.security.akamai_appsec_advanced_settings_pii_learning.pii_learning",
            "module.security.akamai_appsec_advanced_settings_pragma_header.pragma_header",
            "module.security.akamai_appsec_advanced_settings_prefetch.prefetch",
            "module.security.akamai_appsec_advanced_settings_request_body.config_settings",
            "module.security.akamai_appsec_configuration.config",
            "module.security.akamai_appsec_ip_geo.tfdemo",
            "module.security.akamai_appsec_match_target.website_13010092",
            "module.security.akamai_appsec_penalty_box.tfdemo",
            "module.security.akamai_appsec_rate_policy.origin_error",
            "module.security.akamai_appsec_rate_policy.page_view_requests",
            "module.security.akamai_appsec_rate_policy.post_and_put_page_requests",
            "module.security.akamai_appsec_rate_policy_action.tfdemo_origin_error",
            "module.security.akamai_appsec_rate_policy_action.tfdemo_page_view_requests",
            "module.security.akamai_appsec_rate_policy_action.tfdemo_post_and_put_page_requests",
            "module.security.akamai_appsec_reputation_profile.dos_attackers_high_threat",
            "module.security.akamai_appsec_reputation_profile.dos_attackers_high_threat_shared_ips",
            "module.security.akamai_appsec_reputation_profile.dos_attackers_low_threat",
            "module.security.akamai_appsec_reputation_profile.dos_attackers_low_threat_shared_ips",
            "module.security.akamai_appsec_reputation_profile.scanning_tools_high_threat",
            "module.security.akamai_appsec_reputation_profile.scanning_tools_high_threat_shared_ips",
            "module.security.akamai_appsec_reputation_profile.scanning_tools_low_threat",
            "module.security.akamai_appsec_reputation_profile.scanning_tools_low_threat_shared_ips",
            "module.security.akamai_appsec_reputation_profile.web_attackers_high_threat",
            "module.security.akamai_appsec_reputation_profile.web_attackers_high_threat_shared_ips",
            "module.security.akamai_appsec_reputation_profile.web_attackers_low_threat",
            "module.security.akamai_appsec_reputation_profile.web_attackers_low_threat_shared_ips",
            "module.security.akamai_appsec_reputation_profile.web_scrapers_high_threat",
            "module.security.akamai_appsec_reputation_profile.web_scrapers_high_threat_shared_ips",
            "module.security.akamai_appsec_reputation_profile.web_scrapers_low_threat",
            "module.security.akamai_appsec_reputation_profile.web_scrapers_low_threat_shared_ips",
            "module.security.akamai_appsec_reputation_profile_action.tfdemo_13753170",
            "module.security.akamai_appsec_reputation_profile_action.tfdemo_13753172",
            "module.security.akamai_appsec_reputation_profile_action.tfdemo_13753174",
            "module.security.akamai_appsec_reputation_profile_action.tfdemo_13753176",
            "module.security.akamai_appsec_reputation_profile_action.tfdemo_13753178",
            "module.security.akamai_appsec_reputation_profile_action.tfdemo_13753180",
            "module.security.akamai_appsec_reputation_profile_action.tfdemo_13753182",
            "module.security.akamai_appsec_reputation_profile_action.tfdemo_13753184",
            "module.security.akamai_appsec_reputation_profile_action.tfdemo_13753186",
            "module.security.akamai_appsec_reputation_profile_action.tfdemo_13753188",
            "module.security.akamai_appsec_reputation_profile_action.tfdemo_13753190",
            "module.security.akamai_appsec_reputation_profile_action.tfdemo_13753192",
            "module.security.akamai_appsec_reputation_profile_action.tfdemo_13753194",
            "module.security.akamai_appsec_reputation_profile_action.tfdemo_13753196",
            "module.security.akamai_appsec_reputation_profile_action.tfdemo_13753198",
            "module.security.akamai_appsec_reputation_profile_action.tfdemo_13753200",
            "module.security.akamai_appsec_security_policy.tfdemo",
            "module.security.akamai_appsec_security_policy_protections.tfdemo",
            "module.security.akamai_appsec_slow_post.tfdemo",
            "module.security.akamai_appsec_waf_mode.tfdemo",
            "module.security.akamai_appsec_waf_ruleset.tfdemo",
            "module.security.akamai_apr_user_risk_response_strategy.user_risk_response_strategy",
            "module.security.akamai_botman_challenge_injection_rules.challenge_injection_rules",
            "module.security.akamai_botman_client_side_security.client_side_security",
            "module.security.akamai_botman_transactional_endpoint_protection.transactional_endpoint_protection",
            "module.security.data.akamai_group.group"
          ]
        }
      ]
    },
    {
      "module": "module.activate-security",
      "mode": "managed",
      "type": "akamai_appsec_activations",
      "name": "staging",
      "provider": "provider[\"registry.terraform.io/akamai/akamai\"]",
      "instances": [
        {
          "schema_version": 0,
          "attributes": {
            "config_id": 127246,
            "id": "2517057",
            "network": "STAGING",
            "note": "Used Terraform PS Templates",
            "notification_emails": [
              "mstrojny@akamai.com"
            ],
            "status": "ACTIVATED",
            "timeouts": null,
            "version": 2
          },
          "sensitive_attributes": [],
          "identity_schema_version": 0,
          "private": "eyJlMmJmYjczMC1lY2FhLTExZTYtOGY4OC0zNDM2M2JjN2M0YzAiOnsiY3JlYXRlIjo1NDAwMDAwMDAwMDAwLCJkZWZhdWx0Ijo1NDAwMDAwMDAwMDAwLCJkZWxldGUiOjU0MDAwMDAwMDAwMDAsInJlYWQiOjU0MDAwMDAwMDAwMDAsInVwZGF0ZSI6NTQwMDAwMDAwMDAwMH0sInNjaGVtYV92ZXJzaW9uIjoiMCJ9",
          "dependencies": [
            "module.activate-security.data.akamai_appsec_configuration.config",
            "module.security.akamai_appsec_advanced_settings_attack_payload_logging.attack_payload_logging",
            "module.security.akamai_appsec_advanced_settings_evasive_path_match.evasive_path_match",
            "module.security.akamai_appsec_advanced_settings_evasive_path_match.tfdemo",
            "module.security.akamai_appsec_advanced_settings_logging.logging",
            "module.security.akamai_appsec_advanced_settings_pii_learning.pii_learning",
            "module.security.akamai_appsec_advanced_settings_pragma_header.pragma_header",
            "module.security.akamai_appsec_advanced_settings_prefetch.prefetch",
            "module.security.akamai_appsec_advanced_settings_request_body.config_settings",
            "module.security.akamai_appsec_configuration.config",
            "module.security.akamai_appsec_ip_geo.tfdemo",
            "module.security.akamai_appsec_match_target.website_13010092",
            "module.security.akamai_appsec_penalty_box.tfdemo",
            "module.security.akamai_appsec_rate_policy.origin_error",
            "module.security.akamai_appsec_rate_policy.page_view_requests",
            "module.security.akamai_appsec_rate_policy.post_and_put_page_requests",
            "module.security.akamai_appsec_rate_policy_action.tfdemo_origin_error",
            "module.security.akamai_appsec_rate_policy_action.tfdemo_page_view_requests",
            "module.security.akamai_appsec_rate_policy_action.tfdemo_post_and_put_page_requests",
            "module.security.akamai_appsec_reputation_profile.dos_attackers_high_threat",
            "module.security.akamai_appsec_reputation_profile.dos_attackers_high_threat_shared_ips",
            "module.security.akamai_appsec_reputation_profile.dos_attackers_low_threat",
            "module.security.akamai_appsec_reputation_profile.dos_attackers_low_threat_shared_ips",
            "module.security.akamai_appsec_reputation_profile.scanning_tools_high_threat",
            "module.security.akamai_appsec_reputation_profile.scanning_tools_high_threat_shared_ips",
            "module.security.akamai_appsec_reputation_profile.scanning_tools_low_threat",
            "module.security.akamai_appsec_reputation_profile.scanning_tools_low_threat_shared_ips",
            "module.security.akamai_appsec_reputation_profile.web_attackers_high_threat",
            "module.security.akamai_appsec_reputation_profile.web_attackers_high_threat_shared_ips",
            "module.security.akamai_appsec_reputation_profile.web_attackers_low_threat",
            "module.security.akamai_appsec_reputation_profile.web_attackers_low_threat_shared_ips",
            "module.security.akamai_appsec_reputation_profile.web_scrapers_high_threat",
            "module.security.akamai_appsec_reputation_profile.web_scrapers_high_threat_shared_ips",
            "module.security.akamai_appsec_reputation_profile.web_scrapers_low_threat",
            "module.security.akamai_appsec_reputation_profile.web_scrapers_low_threat_shared_ips",
            "module.security.akamai_appsec_reputation_profile_action.tfdemo_13753170",
            "module.security.akamai_appsec_reputation_profile_action.tfdemo_13753172",
            "module.security.akamai_appsec_reputation_profile_action.tfdemo_13753174",
            "module.security.akamai_appsec_reputation_profile_action.tfdemo_13753176",
            "module.security.akamai_appsec_reputation_profile_action.tfdemo_13753178",
            "module.security.akamai_appsec_reputation_profile_action.tfdemo_13753180",
            "module.security.akamai_appsec_reputation_profile_action.tfdemo_13753182",
            "module.security.akamai_appsec_reputation_profile_action.tfdemo_13753184",
            "module.security.akamai_appsec_reputation_profile_action.tfdemo_13753186",
            "module.security.akamai_appsec_reputation_profile_action.tfdemo_13753188",
            "module.security.akamai_appsec_reputation_profile_action.tfdemo_13753190",
            "module.security.akamai_appsec_reputation_profile_action.tfdemo_13753192",
            "module.security.akamai_appsec_reputation_profile_action.tfdemo_13753194",
            "module.security.akamai_appsec_reputation_profile_action.tfdemo_13753196",
            "module.security.akamai_appsec_reputation_profile_action.tfdemo_13753198",
            "module.security.akamai_appsec_reputation_profile_action.tfdemo_13753200",
            "module.security.akamai_appsec_security_policy.tfdemo",
            "module.security.akamai_appsec_security_policy_protections.tfdemo",
            "module.security.akamai_appsec_slow_post.tfdemo",
            "module.security.akamai_appsec_waf_mode.tfdemo",
            "module.security.akamai_appsec_waf_ruleset.tfdemo",
            "module.security.akamai_apr_user_risk_response_strategy.user_risk_response_strategy",
            "module.security.akamai_botman_challenge_injection_rules.challenge_injection_rules",
            "module.security.akamai_botman_client_side_security.client_side_security",
            "module.security.akamai_botman_transactional_endpoint_protection.transactional_endpoint_protection",
            "module.security.data.akamai_group.group"
          ]
        }
      ]
    },
    {
      "module": "module.security",
      "mode": "data",
      "type": "akamai_group",
      "name": "group",
      "provider": "provider[\"registry.terraform.io/akamai/akamai\"]",
      "instances": [
        {
          "schema_version": 0,
          "attributes": {
            "contract_id": "ctr_1-1NC95D",
            "group_name": "Akamai Professional Services-1-1NC95D",
            "id": "grp_19293"
          },
          "sensitive_attributes": [],
          "identity_schema_version": 0
        }
      ]
    },
    {
      "module": "module.security",
      "mode": "managed",
      "type": "akamai_appsec_advanced_settings_attack_payload_logging",
      "name": "attack_payload_logging",
      "provider": "provider[\"registry.terraform.io/akamai/akamai\"]",
      "instances": [
        {
          "schema_version": 0,
          "attributes": {
            "attack_payload_logging": "{\"override\":false,\"enabled\":true,\"requestBody\":{\"type\":\"ATTACK_PAYLOAD\"},\"responseBody\":{\"type\":\"ATTACK_PAYLOAD\"}}",
            "config_id": 127246,
            "id": "127246:",
            "security_policy_id": ""
          },
          "sensitive_attributes": [],
          "identity_schema_version": 0,
          "private": "eyJzY2hlbWFfdmVyc2lvbiI6IjAifQ==",
          "dependencies": [
            "module.security.akamai_appsec_configuration.config",
            "module.security.data.akamai_group.group"
          ]
        }
      ]
    },
    {
      "module": "module.security",
      "mode": "managed",
      "type": "akamai_appsec_advanced_settings_evasive_path_match",
      "name": "evasive_path_match",
      "provider": "provider[\"registry.terraform.io/akamai/akamai\"]",
      "instances": [
        {
          "schema_version": 0,
          "attributes": {
            "config_id": 127246,
            "enable_path_match": true,
            "id": "127246",
            "security_policy_id": ""
          },
          "sensitive_attributes": [],
          "identity_schema_version": 0,
          "private": "eyJzY2hlbWFfdmVyc2lvbiI6IjAifQ==",
          "dependencies": [
            "module.security.akamai_appsec_configuration.config",
            "module.security.data.akamai_group.group"
          ]
        }
      ]
    },
    {
      "module": "module.security",
      "mode": "managed",
      "type": "akamai_appsec_advanced_settings_evasive_path_match",
      "name": "tfdemo",
      "provider": "provider[\"registry.terraform.io/akamai/akamai\"]",
      "instances": [
        {
          "schema_version": 0,
          "attributes": {
            "config_id": 127246,
            "enable_path_match": true,
            "id": "127246:TF01_334606",
            "security_policy_id": "TF01_334606"
          },
          "sensitive_attributes": [],
          "identity_schema_version": 0,
          "private": "eyJzY2hlbWFfdmVyc2lvbiI6IjAifQ==",
          "dependencies": [
            "module.security.akamai_appsec_configuration.config",
            "module.security.akamai_appsec_security_policy.tfdemo",
            "module.security.data.akamai_group.group"
          ]
        }
      ]
    },
    {
      "module": "module.security",
      "mode": "managed",
      "type": "akamai_appsec_advanced_settings_logging",
      "name": "logging",
      "provider": "provider[\"registry.terraform.io/akamai/akamai\"]",
      "instances": [
        {
          "schema_version": 0,
          "attributes": {
            "config_id": 127246,
            "id": "127246",
            "logging": "{\"allowSampling\":true,\"cookies\":{\"type\":\"all\"},\"customHeaders\":{\"type\":\"all\"},\"standardHeaders\":{\"type\":\"all\"}}",
            "security_policy_id": ""
          },
          "sensitive_attributes": [],
          "identity_schema_version": 0,
          "private": "eyJzY2hlbWFfdmVyc2lvbiI6IjAifQ==",
          "dependencies": [
            "module.security.akamai_appsec_configuration.config",
            "module.security.data.akamai_group.group"
          ]
        }
      ]
    },
    {
      "module": "module.security",
      "mode": "managed",
      "type": "akamai_appsec_advanced_settings_pii_learning",
      "name": "pii_learning",
      "provider": "provider[\"registry.terraform.io/akamai/akamai\"]",
      "instances": [
        {
          "schema_version": 0,
          "attributes": {
            "config_id": 127246,
            "enable_pii_learning": false,
            "id": "127246"
          },
          "sensitive_attributes": [],
          "identity_schema_version": 0,
          "private": "eyJzY2hlbWFfdmVyc2lvbiI6IjAifQ==",
          "dependencies": [
            "module.security.akamai_appsec_configuration.config",
            "module.security.data.akamai_group.group"
          ]
        }
      ]
    },
    {
      "module": "module.security",
      "mode": "managed",
      "type": "akamai_appsec_advanced_settings_pragma_header",
      "name": "pragma_header",
      "provider": "provider[\"registry.terraform.io/akamai/akamai\"]",
      "instances": [
        {
          "schema_version": 0,
          "attributes": {
            "config_id": 127246,
            "id": "127246",
            "pragma_header": "{\"action\":\"REMOVE\",\"conditionOperator\":\"OR\",\"excludeCondition\":[{\"type\":\"requestHeaderValueMatch\",\"positiveMatch\":true,\"header\":\"X-Akamai-Debug-Pragma\",\"value\":[\"nTG7Slt7NJmcin-LBBYM\"],\"name\":\"\",\"valueCase\":false,\"valueWildcard\":false,\"useHeaders\":false},{\"type\":\"networkList\",\"positiveMatch\":true,\"header\":\"\",\"value\":[\"286206_FORTFIMPORTPRAGMABYPASS\"],\"name\":\"\",\"valueCase\":false,\"valueWildcard\":false,\"useHeaders\":false}]}",
            "security_policy_id": ""
          },
          "sensitive_attributes": [],
          "identity_schema_version": 0,
          "private": "eyJzY2hlbWFfdmVyc2lvbiI6IjAifQ==",
          "dependencies": [
            "module.security.akamai_appsec_configuration.config",
            "module.security.data.akamai_group.group"
          ]
        }
      ]
    },
    {
      "module": "module.security",
      "mode": "managed",
      "type": "akamai_appsec_advanced_settings_prefetch",
      "name": "prefetch",
      "provider": "provider[\"registry.terraform.io/akamai/akamai\"]",
      "instances": [
        {
          "schema_version": 0,
          "attributes": {
            "all_extensions": false,
            "config_id": 127246,
            "enable_app_layer": true,
            "enable_rate_controls": false,
            "extensions": [
              "EMPTY_STRING",
              "asp",
              "aspx",
              "cgi",
              "jsp",
              "php",
              "py"
            ],
            "id": "127246"
          },
          "sensitive_attributes": [],
          "identity_schema_version": 0,
          "private": "eyJzY2hlbWFfdmVyc2lvbiI6IjAifQ==",
          "dependencies": [
            "module.security.akamai_appsec_configuration.config",
            "module.security.data.akamai_group.group"
          ]
        }
      ]
    },
    {
      "module": "module.security",
      "mode": "managed",
      "type": "akamai_appsec_advanced_settings_request_body",
      "name": "config_settings",
      "provider": "provider[\"registry.terraform.io/akamai/akamai\"]",
      "instances": [
        {
          "schema_version": 0,
          "attributes": {
            "config_id": 127246,
            "id": "127246:",
            "request_body_inspection_limit": "32",
            "request_body_inspection_limit_override": true,
            "security_policy_id": ""
          },
          "sensitive_attributes": [],
          "identity_schema_version": 0,
          "private": "bnVsbA==",
          "dependencies": [
            "module.security.akamai_appsec_configuration.config",
            "module.security.data.akamai_group.group"
          ]
        }
      ]
    },
    {
      "module": "module.security",
      "mode": "managed",
      "type": "akamai_appsec_configuration",
      "name": "config",
      "provider": "provider[\"registry.terraform.io/akamai/akamai\"]",
      "instances": [
        {
          "schema_version": 0,
          "attributes": {
            "config_id": 127246,
            "contract_id": "ctr_1-1NC95D",
            "create_from_config_id": null,
            "create_from_version": null,
            "description": "Config ready to be imported",
            "group_id": "19293",
            "host_names": [
              "www.error_testing.com"
            ],
            "id": "127246",
            "name": "for-tf-import"
          },
          "sensitive_attributes": [],
          "identity_schema_version": 0,
          "private": "bnVsbA==",
          "dependencies": [
            "module.security.data.akamai_group.group"
          ]
        }
      ]
    },
    {
      "module": "module.security",
      "mode": "managed",
      "type": "akamai_appsec_ip_geo",
      "name": "tfdemo",
      "provider": "provider[\"registry.terraform.io/akamai/akamai\"]",
      "instances": [
        {
          "schema_version": 0,
          "attributes": {
            "asn_controls": [],
            "block_action": null,
            "config_id": 127246,
            "exception_ip_network_lists": [
              "286207_FORTFIMPORTIPBLOCKLIST"
            ],
            "geo_controls": [
              {
                "action": "deny",
                "geo_network_lists": [
                  "286203_FORTFIMPORTGEOBLOCKLIS"
                ]
              }
            ],
            "id": "127246:TF01_334606",
            "ip_controls": [
              {
                "action": "deny",
                "ip_network_lists": [
                  "286205_FORTFIMPORTIPBLOCKLIST"
                ]
              }
            ],
            "mode": "block",
            "security_policy_id": "TF01_334606",
            "ukraine_geo_control_action": "none"
          },
          "sensitive_attributes": [],
          "identity_schema_version": 0,
          "private": "eyJzY2hlbWFfdmVyc2lvbiI6IjAifQ==",
          "dependencies": [
            "module.security.akamai_appsec_configuration.config",
            "module.security.akamai_appsec_security_policy.tfdemo",
            "module.security.data.akamai_group.group"
          ]
        }
      ]
    },
    {
      "module": "module.security",
      "mode": "managed",
      "type": "akamai_appsec_match_target",
      "name": "website_13010092",
      "provider": "provider[\"registry.terraform.io/akamai/akamai\"]",
      "instances": [
        {
          "schema_version": 0,
          "attributes": {
            "config_id": 127246,
            "id": "127246:13010092",
            "match_target": "{\"type\":\"website\",\"defaultFile\":\"NO_MATCH\",\"hostnames\":[\"www.error_testing.com\"],\"isNegativePathMatch\":false,\"filePaths\":[\"/*\"],\"securityPolicy\":{\"policyId\":\"TF01_334606\"},\"targetId\":13010092,\"bypassNetworkLists\":[{\"name\":\"for-tf-import-Security Bypass List\",\"id\":\"286204_FORTFIMPORTSECURITYBYPA\"}]}",
            "match_target_id": 13010092
          },
          "sensitive_attributes": [],
          "identity_schema_version": 0,
          "private": "eyJzY2hlbWFfdmVyc2lvbiI6IjAifQ==",
          "dependencies": [
            "module.security.akamai_appsec_configuration.config",
            "module.security.akamai_appsec_security_policy.tfdemo",
            "module.security.data.akamai_group.group"
          ]
        }
      ]
    },
    {
      "module": "module.security",
      "mode": "managed",
      "type": "akamai_appsec_penalty_box",
      "name": "tfdemo",
      "provider": "provider[\"registry.terraform.io/akamai/akamai\"]",
      "instances": [
        {
          "schema_version": 0,
          "attributes": {
            "config_id": 127246,
            "id": "127246:TF01_334606",
            "penalty_box_action": "deny",
            "penalty_box_protection": true,
            "security_policy_id": "TF01_334606"
          },
          "sensitive_attributes": [],
          "identity_schema_version": 0,
          "private": "bnVsbA==",
          "dependencies": [
            "module.security.akamai_appsec_configuration.config",
            "module.security.akamai_appsec_security_policy.tfdemo",
            "module.security.data.akamai_group.group"
          ]
        }
      ]
    },
    {
      "module": "module.security",
      "mode": "managed",
      "type": "akamai_appsec_rate_policy",
      "name": "origin_error",
      "provider": "provider[\"registry.terraform.io/akamai/akamai\"]",
      "instances": [
        {
          "schema_version": 0,
          "attributes": {
            "config_id": 127246,
            "id": "127246:363021",
            "rate_policy": "{\"matchType\":\"path\",\"type\":\"WAF\",\"name\":\"Origin Error\",\"description\":\"An excessive error rate from the origin could indicate malicious activity by a bot scanning the site or a publishing error. In both cases, this would increase the origin traffic and could potentially destabilize it.\",\"averageThreshold\":5,\"burstThreshold\":8,\"clientIdentifiers\":[\"ip\"],\"useXForwardForHeaders\":false,\"requestType\":\"ForwardResponse\",\"sameActionOnIpv6\":true,\"pathMatchType\":\"Custom\",\"pathUriPositiveMatch\":true,\"additionalMatchOptions\":[{\"positiveMatch\":false,\"type\":\"NetworkListCondition\",\"values\":[\"286202_FORTFIMPORTRATECONTROL\"]},{\"positiveMatch\":true,\"type\":\"ResponseStatusCondition\",\"values\":[\"400\",\"401\",\"402\",\"403\",\"404\",\"405\",\"406\",\"407\",\"408\",\"409\",\"410\",\"429\",\"500\",\"501\",\"502\",\"503\",\"504\"]}],\"counterType\":\"per_edge\",\"penaltyBoxDuration\":\"TEN_MINUTES\"}",
            "rate_policy_id": 363021
          },
          "sensitive_attributes": [],
          "identity_schema_version": 0,
          "private": "eyJzY2hlbWFfdmVyc2lvbiI6IjAifQ==",
          "dependencies": [
            "module.security.akamai_appsec_configuration.config",
            "module.security.data.akamai_group.group"
          ]
        }
      ]
    },
    {
      "module": "module.security",
      "mode": "managed",
      "type": "akamai_appsec_rate_policy",
      "name": "page_view_requests",
      "provider": "provider[\"registry.terraform.io/akamai/akamai\"]",
      "instances": [
        {
          "schema_version": 0,
          "attributes": {
            "config_id": 127246,
            "id": "127246:363023",
            "rate_policy": "{\"matchType\":\"path\",\"type\":\"WAF\",\"name\":\"Page View Requests\",\"description\":\"A popular brute force attack that consists of sending a large number of requests for base page, HTML page or XHR requests (usually non-cacheable). This could destabilize the origin.\",\"averageThreshold\":12,\"burstThreshold\":18,\"clientIdentifiers\":[\"ip\"],\"useXForwardForHeaders\":false,\"requestType\":\"ClientRequest\",\"sameActionOnIpv6\":true,\"pathMatchType\":\"Custom\",\"pathUriPositiveMatch\":true,\"fileExtensions\":{\"positiveMatch\":false,\"values\":[\"aif\",\"aiff\",\"au\",\"avi\",\"bin\",\"bmp\",\"cab\",\"carb\",\"cct\",\"cdf\",\"class\",\"css\",\"csv\",\"dcr\",\"doc\",\"docx\",\"dtd\",\"ejs\",\"ejss\",\"eot\",\"eps\",\"exe\",\"flv\",\"gcf\",\"gff\",\"gif\",\"grv\",\"hdml\",\"hdp\",\"hqx\",\"ico\",\"ini\",\"jar\",\"jp2\",\"jpeg\",\"jpg\",\"js\",\"jxr\",\"mid\",\"midi\",\"mov\",\"mp3\",\"mp4\",\"nc\",\"ogv\",\"otc\",\"otf\",\"pct\",\"pdf\",\"pict\",\"pls\",\"png\",\"ppc\",\"ppt\",\"pptx\",\"ps\",\"pws\",\"svg\",\"svgz\",\"swa\",\"swf\",\"tif\",\"tiff\",\"ttc\",\"ttf\",\"txt\",\"vbs\",\"w32\",\"wav\",\"wbmp\",\"wdp\",\"webm\",\"webp\",\"wml\",\"wmlc\",\"wmls\",\"wmlsc\",\"woff\",\"woff2\",\"xls\",\"xlsx\",\"xsd\",\"zip\"]},\"additionalMatchOptions\":[{\"positiveMatch\":false,\"type\":\"NetworkListCondition\",\"values\":[\"286202_FORTFIMPORTRATECONTROL\"]},{\"positiveMatch\":false,\"type\":\"RequestMethodCondition\",\"values\":[\"POST\",\"PUT\"]}],\"counterType\":\"per_edge\",\"penaltyBoxDuration\":\"TEN_MINUTES\"}",
            "rate_policy_id": 363023
          },
          "sensitive_attributes": [],
          "identity_schema_version": 0,
          "private": "eyJzY2hlbWFfdmVyc2lvbiI6IjAifQ==",
          "dependencies": [
            "module.security.akamai_appsec_configuration.config",
            "module.security.data.akamai_group.group"
          ]
        }
      ]
    },
    {
      "module": "module.security",
      "mode": "managed",
      "type": "akamai_appsec_rate_policy",
      "name": "post_and_put_page_requests",
      "provider": "provider[\"registry.terraform.io/akamai/akamai\"]",
      "instances": [
        {
          "schema_version": 0,
          "attributes": {
            "config_id": 127246,
            "id": "127246:363022",
            "rate_policy": "{\"matchType\":\"path\",\"type\":\"WAF\",\"name\":\"POST and PUT Page Requests\",\"description\":\"Mitigating HTTP flood attacks using POST requests\",\"averageThreshold\":3,\"burstThreshold\":5,\"clientIdentifiers\":[\"ip\"],\"useXForwardForHeaders\":false,\"requestType\":\"ClientRequest\",\"sameActionOnIpv6\":true,\"pathMatchType\":\"Custom\",\"pathUriPositiveMatch\":true,\"additionalMatchOptions\":[{\"positiveMatch\":false,\"type\":\"NetworkListCondition\",\"values\":[\"286202_FORTFIMPORTRATECONTROL\"]},{\"positiveMatch\":true,\"type\":\"RequestMethodCondition\",\"values\":[\"POST\",\"PUT\"]}],\"counterType\":\"per_edge\",\"penaltyBoxDuration\":\"TEN_MINUTES\"}",
            "rate_policy_id": 363022
          },
          "sensitive_attributes": [],
          "identity_schema_version": 0,
          "private": "eyJzY2hlbWFfdmVyc2lvbiI6IjAifQ==",
          "dependencies": [
            "module.security.akamai_appsec_configuration.config",
            "module.security.data.akamai_group.group"
          ]
        }
      ]
    },
    {
      "module": "module.security",
      "mode": "managed",
      "type": "akamai_appsec_rate_policy_action",
      "name": "tfdemo_origin_error",
      "provider": "provider[\"registry.terraform.io/akamai/akamai\"]",
      "instances": [
        {
          "schema_version": 0,
          "attributes": {
            "config_id": 127246,
            "id": "127246:TF01_334606:363021",
            "ipv4_action": "alert",
            "ipv6_action": "alert",
            "rate_policy_id": 363021,
            "security_policy_id": "TF01_334606"
          },
          "sensitive_attributes": [],
          "identity_schema_version": 0,
          "private": "eyJzY2hlbWFfdmVyc2lvbiI6IjAifQ==",
          "dependencies": [
            "module.security.akamai_appsec_configuration.config",
            "module.security.akamai_appsec_rate_policy.origin_error",
            "module.security.akamai_appsec_security_policy.tfdemo",
            "module.security.data.akamai_group.group"
          ]
        }
      ]
    },
    {
      "module": "module.security",
      "mode": "managed",
      "type": "akamai_appsec_rate_policy_action",
      "name": "tfdemo_page_view_requests",
      "provider": "provider[\"registry.terraform.io/akamai/akamai\"]",
      "instances": [
        {
          "schema_version": 0,
          "attributes": {
            "config_id": 127246,
            "id": "127246:TF01_334606:363023",
            "ipv4_action": "alert",
            "ipv6_action": "alert",
            "rate_policy_id": 363023,
            "security_policy_id": "TF01_334606"
          },
          "sensitive_attributes": [],
          "identity_schema_version": 0,
          "private": "bnVsbA==",
          "dependencies": [
            "module.security.akamai_appsec_configuration.config",
            "module.security.akamai_appsec_rate_policy.page_view_requests",
            "module.security.akamai_appsec_security_policy.tfdemo",
            "module.security.data.akamai_group.group"
          ]
        }
      ]
    },
    {
      "module": "module.security",
      "mode": "managed",
      "type": "akamai_appsec_rate_policy_action",
      "name": "tfdemo_post_and_put_page_requests",
      "provider": "provider[\"registry.terraform.io/akamai/akamai\"]",
      "instances": [
        {
          "schema_version": 0,
          "attributes": {
            "config_id": 127246,
            "id": "127246:TF01_334606:363022",
            "ipv4_action": "alert",
            "ipv6_action": "alert",
            "rate_policy_id": 363022,
            "security_policy_id": "TF01_334606"
          },
          "sensitive_attributes": [],
          "identity_schema_version": 0,
          "private": "eyJzY2hlbWFfdmVyc2lvbiI6IjAifQ==",
          "dependencies": [
            "module.security.akamai_appsec_configuration.config",
            "module.security.akamai_appsec_rate_policy.post_and_put_page_requests",
            "module.security.akamai_appsec_security_policy.tfdemo",
            "module.security.data.akamai_group.group"
          ]
        }
      ]
    },
    {
      "module": "module.security",
      "mode": "managed",
      "type": "akamai_appsec_reputation_profile",
      "name": "dos_attackers_high_threat",
      "provider": "provider[\"registry.terraform.io/akamai/akamai\"]",
      "instances": [
        {
          "schema_version": 0,
          "attributes": {
            "config_id": 127246,
            "id": "127246:13753178",
            "reputation_profile": "{\"condition\":{\"atomicConditions\":[{\"checkIps\":\"connecting\",\"className\":\"NetworkListCondition\",\"index\":1,\"positiveMatch\":true,\"value\":[\"286208_FORTFIMPORTREPUTATIONBY\"]}],\"positiveMatch\":false},\"context\":\"DOSATCK\",\"name\":\"DoS Attackers (High Threat)\",\"sharedIpHandling\":\"NON_SHARED\",\"threshold\":9}",
            "reputation_profile_id": 13753178
          },
          "sensitive_attributes": [],
          "identity_schema_version": 0,
          "private": "eyJzY2hlbWFfdmVyc2lvbiI6IjAifQ==",
          "dependencies": [
            "module.security.akamai_appsec_configuration.config",
            "module.security.data.akamai_group.group"
          ]
        }
      ]
    },
    {
      "module": "module.security",
      "mode": "managed",
      "type": "akamai_appsec_reputation_profile",
      "name": "dos_attackers_high_threat_shared_ips",
      "provider": "provider[\"registry.terraform.io/akamai/akamai\"]",
      "instances": [
        {
          "schema_version": 0,
          "attributes": {
            "config_id": 127246,
            "id": "127246:13753198",
            "reputation_profile": "{\"condition\":{\"atomicConditions\":[{\"checkIps\":\"connecting\",\"className\":\"NetworkListCondition\",\"index\":1,\"positiveMatch\":true,\"value\":[\"286208_FORTFIMPORTREPUTATIONBY\"]}],\"positiveMatch\":false},\"context\":\"DOSATCK\",\"name\":\"DoS Attackers (High Threat) [Shared IPs]\",\"sharedIpHandling\":\"SHARED_ONLY\",\"threshold\":9}",
            "reputation_profile_id": 13753198
          },
          "sensitive_attributes": [],
          "identity_schema_version": 0,
          "private": "eyJzY2hlbWFfdmVyc2lvbiI6IjAifQ==",
          "dependencies": [
            "module.security.akamai_appsec_configuration.config",
            "module.security.data.akamai_group.group"
          ]
        }
      ]
    },
    {
      "module": "module.security",
      "mode": "managed",
      "type": "akamai_appsec_reputation_profile",
      "name": "dos_attackers_low_threat",
      "provider": "provider[\"registry.terraform.io/akamai/akamai\"]",
      "instances": [
        {
          "schema_version": 0,
          "attributes": {
            "config_id": 127246,
            "id": "127246:13753182",
            "reputation_profile": "{\"condition\":{\"atomicConditions\":[{\"checkIps\":\"connecting\",\"className\":\"NetworkListCondition\",\"index\":1,\"positiveMatch\":true,\"value\":[\"286208_FORTFIMPORTREPUTATIONBY\"]}],\"positiveMatch\":false},\"context\":\"DOSATCK\",\"name\":\"DoS Attackers (Low Threat)\",\"sharedIpHandling\":\"NON_SHARED\",\"threshold\":5}",
            "reputation_profile_id": 13753182
          },
          "sensitive_attributes": [],
          "identity_schema_version": 0,
          "private": "eyJzY2hlbWFfdmVyc2lvbiI6IjAifQ==",
          "dependencies": [
            "module.security.akamai_appsec_configuration.config",
            "module.security.data.akamai_group.group"
          ]
        }
      ]
    },
    {
      "module": "module.security",
      "mode": "managed",
      "type": "akamai_appsec_reputation_profile",
      "name": "dos_attackers_low_threat_shared_ips",
      "provider": "provider[\"registry.terraform.io/akamai/akamai\"]",
      "instances": [
        {
          "schema_version": 0,
          "attributes": {
            "config_id": 127246,
            "id": "127246:13753186",
            "reputation_profile": "{\"condition\":{\"atomicConditions\":[{\"checkIps\":\"connecting\",\"className\":\"NetworkListCondition\",\"index\":1,\"positiveMatch\":true,\"value\":[\"286208_FORTFIMPORTREPUTATIONBY\"]}],\"positiveMatch\":false},\"context\":\"DOSATCK\",\"name\":\"DoS Attackers (Low Threat) [Shared IPs]\",\"sharedIpHandling\":\"SHARED_ONLY\",\"threshold\":7}",
            "reputation_profile_id": 13753186
          },
          "sensitive_attributes": [],
          "identity_schema_version": 0,
          "private": "eyJzY2hlbWFfdmVyc2lvbiI6IjAifQ==",
          "dependencies": [
            "module.security.akamai_appsec_configuration.config",
            "module.security.data.akamai_group.group"
          ]
        }
      ]
    },
    {
      "module": "module.security",
      "mode": "managed",
      "type": "akamai_appsec_reputation_profile",
      "name": "scanning_tools_high_threat",
      "provider": "provider[\"registry.terraform.io/akamai/akamai\"]",
      "instances": [
        {
          "schema_version": 0,
          "attributes": {
            "config_id": 127246,
            "id": "127246:13753180",
            "reputation_profile": "{\"condition\":{\"atomicConditions\":[{\"checkIps\":\"connecting\",\"className\":\"NetworkListCondition\",\"index\":1,\"positiveMatch\":true,\"value\":[\"286208_FORTFIMPORTREPUTATIONBY\"]}],\"positiveMatch\":false},\"context\":\"SCANTL\",\"name\":\"Scanning Tools (High Threat)\",\"sharedIpHandling\":\"NON_SHARED\",\"threshold\":9}",
            "reputation_profile_id": 13753180
          },
          "sensitive_attributes": [],
          "identity_schema_version": 0,
          "private": "eyJzY2hlbWFfdmVyc2lvbiI6IjAifQ==",
          "dependencies": [
            "module.security.akamai_appsec_configuration.config",
            "module.security.data.akamai_group.group"
          ]
        }
      ]
    },
    {
      "module": "module.security",
      "mode": "managed",
      "type": "akamai_appsec_reputation_profile",
      "name": "scanning_tools_high_threat_shared_ips",
      "provider": "provider[\"registry.terraform.io/akamai/akamai\"]",
      "instances": [
        {
          "schema_version": 0,
          "attributes": {
            "config_id": 127246,
            "id": "127246:13753200",
            "reputation_profile": "{\"condition\":{\"atomicConditions\":[{\"checkIps\":\"connecting\",\"className\":\"NetworkListCondition\",\"index\":1,\"positiveMatch\":true,\"value\":[\"286208_FORTFIMPORTREPUTATIONBY\"]}],\"positiveMatch\":false},\"context\":\"SCANTL\",\"name\":\"Scanning Tools (High Threat) [Shared IPs]\",\"sharedIpHandling\":\"SHARED_ONLY\",\"threshold\":9}",
            "reputation_profile_id": 13753200
          },
          "sensitive_attributes": [],
          "identity_schema_version": 0,
          "private": "eyJzY2hlbWFfdmVyc2lvbiI6IjAifQ==",
          "dependencies": [
            "module.security.akamai_appsec_configuration.config",
            "module.security.data.akamai_group.group"
          ]
        }
      ]
    },
    {
      "module": "module.security",
      "mode": "managed",
      "type": "akamai_appsec_reputation_profile",
      "name": "scanning_tools_low_threat",
      "provider": "provider[\"registry.terraform.io/akamai/akamai\"]",
      "instances": [
        {
          "schema_version": 0,
          "attributes": {
            "config_id": 127246,
            "id": "127246:13753170",
            "reputation_profile": "{\"condition\":{\"atomicConditions\":[{\"checkIps\":\"connecting\",\"className\":\"NetworkListCondition\",\"index\":1,\"positiveMatch\":true,\"value\":[\"286208_FORTFIMPORTREPUTATIONBY\"]}],\"positiveMatch\":false},\"context\":\"SCANTL\",\"name\":\"Scanning Tools (Low Threat)\",\"sharedIpHandling\":\"NON_SHARED\",\"threshold\":5}",
            "reputation_profile_id": 13753170
          },
          "sensitive_attributes": [],
          "identity_schema_version": 0,
          "private": "eyJzY2hlbWFfdmVyc2lvbiI6IjAifQ==",
          "dependencies": [
            "module.security.akamai_appsec_configuration.config",
            "module.security.data.akamai_group.group"
          ]
        }
      ]
    },
    {
      "module": "module.security",
      "mode": "managed",
      "type": "akamai_appsec_reputation_profile",
      "name": "scanning_tools_low_threat_shared_ips",
      "provider": "provider[\"registry.terraform.io/akamai/akamai\"]",
      "instances": [
        {
          "schema_version": 0,
          "attributes": {
            "config_id": 127246,
            "id": "127246:13753196",
            "reputation_profile": "{\"condition\":{\"atomicConditions\":[{\"checkIps\":\"connecting\",\"className\":\"NetworkListCondition\",\"index\":1,\"positiveMatch\":true,\"value\":[\"286208_FORTFIMPORTREPUTATIONBY\"]}],\"positiveMatch\":false},\"context\":\"SCANTL\",\"name\":\"Scanning Tools (Low Threat) [Shared IPs]\",\"sharedIpHandling\":\"SHARED_ONLY\",\"threshold\":7}",
            "reputation_profile_id": 13753196
          },
          "sensitive_attributes": [],
          "identity_schema_version": 0,
          "private": "eyJzY2hlbWFfdmVyc2lvbiI6IjAifQ==",
          "dependencies": [
            "module.security.akamai_appsec_configuration.config",
            "module.security.data.akamai_group.group"
          ]
        }
      ]
    },
    {
      "module": "module.security",
      "mode": "managed",
      "type": "akamai_appsec_reputation_profile",
      "name": "web_attackers_high_threat",
      "provider": "provider[\"registry.terraform.io/akamai/akamai\"]",
      "instances": [
        {
          "schema_version": 0,
          "attributes": {
            "config_id": 127246,
            "id": "127246:13753184",
            "reputation_profile": "{\"condition\":{\"atomicConditions\":[{\"checkIps\":\"connecting\",\"className\":\"NetworkListCondition\",\"index\":1,\"positiveMatch\":true,\"value\":[\"286208_FORTFIMPORTREPUTATIONBY\"]}],\"positiveMatch\":false},\"context\":\"WEBATCK\",\"name\":\"Web Attackers (High Threat)\",\"sharedIpHandling\":\"NON_SHARED\",\"threshold\":9}",
            "reputation_profile_id": 13753184
          },
          "sensitive_attributes": [],
          "identity_schema_version": 0,
          "private": "eyJzY2hlbWFfdmVyc2lvbiI6IjAifQ==",
          "dependencies": [
            "module.security.akamai_appsec_configuration.config",
            "module.security.data.akamai_group.group"
          ]
        }
      ]
    },
    {
      "module": "module.security",
      "mode": "managed",
      "type": "akamai_appsec_reputation_profile",
      "name": "web_attackers_high_threat_shared_ips",
      "provider": "provider[\"registry.terraform.io/akamai/akamai\"]",
      "instances": [
        {
          "schema_version": 0,
          "attributes": {
            "config_id": 127246,
            "id": "127246:13753194",
            "reputation_profile": "{\"condition\":{\"atomicConditions\":[{\"checkIps\":\"connecting\",\"className\":\"NetworkListCondition\",\"index\":1,\"positiveMatch\":true,\"value\":[\"286208_FORTFIMPORTREPUTATIONBY\"]}],\"positiveMatch\":false},\"context\":\"WEBATCK\",\"name\":\"Web Attackers (High Threat) [Shared IPs]\",\"sharedIpHandling\":\"SHARED_ONLY\",\"threshold\":9}",
            "reputation_profile_id": 13753194
          },
          "sensitive_attributes": [],
          "identity_schema_version": 0,
          "private": "eyJzY2hlbWFfdmVyc2lvbiI6IjAifQ==",
          "dependencies": [
            "module.security.akamai_appsec_configuration.config",
            "module.security.data.akamai_group.group"
          ]
        }
      ]
    },
    {
      "module": "module.security",
      "mode": "managed",
      "type": "akamai_appsec_reputation_profile",
      "name": "web_attackers_low_threat",
      "provider": "provider[\"registry.terraform.io/akamai/akamai\"]",
      "instances": [
        {
          "schema_version": 0,
          "attributes": {
            "config_id": 127246,
            "id": "127246:13753172",
            "reputation_profile": "{\"condition\":{\"atomicConditions\":[{\"checkIps\":\"connecting\",\"className\":\"NetworkListCondition\",\"index\":1,\"positiveMatch\":true,\"value\":[\"286208_FORTFIMPORTREPUTATIONBY\"]}],\"positiveMatch\":false},\"context\":\"WEBATCK\",\"name\":\"Web Attackers (Low Threat)\",\"sharedIpHandling\":\"NON_SHARED\",\"threshold\":5}",
            "reputation_profile_id": 13753172
          },
          "sensitive_attributes": [],
          "identity_schema_version": 0,
          "private": "eyJzY2hlbWFfdmVyc2lvbiI6IjAifQ==",
          "dependencies": [
            "module.security.akamai_appsec_configuration.config",
            "module.security.data.akamai_group.group"
          ]
        }
      ]
    },
    {
      "module": "module.security",
      "mode": "managed",
      "type": "akamai_appsec_reputation_profile",
      "name": "web_attackers_low_threat_shared_ips",
      "provider": "provider[\"registry.terraform.io/akamai/akamai\"]",
      "instances": [
        {
          "schema_version": 0,
          "attributes": {
            "config_id": 127246,
            "id": "127246:13753188",
            "reputation_profile": "{\"condition\":{\"atomicConditions\":[{\"checkIps\":\"connecting\",\"className\":\"NetworkListCondition\",\"index\":1,\"positiveMatch\":true,\"value\":[\"286208_FORTFIMPORTREPUTATIONBY\"]}],\"positiveMatch\":false},\"context\":\"WEBATCK\",\"name\":\"Web Attackers (Low Threat) [Shared IPs]\",\"sharedIpHandling\":\"SHARED_ONLY\",\"threshold\":7}",
            "reputation_profile_id": 13753188
          },
          "sensitive_attributes": [],
          "identity_schema_version": 0,
          "private": "eyJzY2hlbWFfdmVyc2lvbiI6IjAifQ==",
          "dependencies": [
            "module.security.akamai_appsec_configuration.config",
            "module.security.data.akamai_group.group"
          ]
        }
      ]
    },
    {
      "module": "module.security",
      "mode": "managed",
      "type": "akamai_appsec_reputation_profile",
      "name": "web_scrapers_high_threat",
      "provider": "provider[\"registry.terraform.io/akamai/akamai\"]",
      "instances": [
        {
          "schema_version": 0,
          "attributes": {
            "config_id": 127246,
            "id": "127246:13753174",
            "reputation_profile": "{\"condition\":{\"atomicConditions\":[{\"checkIps\":\"connecting\",\"className\":\"NetworkListCondition\",\"index\":1,\"positiveMatch\":true,\"value\":[\"286208_FORTFIMPORTREPUTATIONBY\"]}],\"positiveMatch\":false},\"context\":\"WEBSCRP\",\"name\":\"Web Scrapers (High Threat)\",\"sharedIpHandling\":\"NON_SHARED\",\"threshold\":9}",
            "reputation_profile_id": 13753174
          },
          "sensitive_attributes": [],
          "identity_schema_version": 0,
          "private": "eyJzY2hlbWFfdmVyc2lvbiI6IjAifQ==",
          "dependencies": [
            "module.security.akamai_appsec_configuration.config",
            "module.security.data.akamai_group.group"
          ]
        }
      ]
    },
    {
      "module": "module.security",
      "mode": "managed",
      "type": "akamai_appsec_reputation_profile",
      "name": "web_scrapers_high_threat_shared_ips",
      "provider": "provider[\"registry.terraform.io/akamai/akamai\"]",
      "instances": [
        {
          "schema_version": 0,
          "attributes": {
            "config_id": 127246,
            "id": "127246:13753190",
            "reputation_profile": "{\"condition\":{\"atomicConditions\":[{\"checkIps\":\"connecting\",\"className\":\"NetworkListCondition\",\"index\":1,\"positiveMatch\":true,\"value\":[\"286208_FORTFIMPORTREPUTATIONBY\"]}],\"positiveMatch\":false},\"context\":\"WEBSCRP\",\"name\":\"Web Scrapers (High Threat) [Shared IPs]\",\"sharedIpHandling\":\"SHARED_ONLY\",\"threshold\":9}",
            "reputation_profile_id": 13753190
          },
          "sensitive_attributes": [],
          "identity_schema_version": 0,
          "private": "eyJzY2hlbWFfdmVyc2lvbiI6IjAifQ==",
          "dependencies": [
            "module.security.akamai_appsec_configuration.config",
            "module.security.data.akamai_group.group"
          ]
        }
      ]
    },
    {
      "module": "module.security",
      "mode": "managed",
      "type": "akamai_appsec_reputation_profile",
      "name": "web_scrapers_low_threat",
      "provider": "provider[\"registry.terraform.io/akamai/akamai\"]",
      "instances": [
        {
          "schema_version": 0,
          "attributes": {
            "config_id": 127246,
            "id": "127246:13753176",
            "reputation_profile": "{\"condition\":{\"atomicConditions\":[{\"checkIps\":\"connecting\",\"className\":\"NetworkListCondition\",\"index\":1,\"positiveMatch\":true,\"value\":[\"286208_FORTFIMPORTREPUTATIONBY\"]}],\"positiveMatch\":false},\"context\":\"WEBSCRP\",\"name\":\"Web Scrapers (Low Threat)\",\"sharedIpHandling\":\"NON_SHARED\",\"threshold\":5}",
            "reputation_profile_id": 13753176
          },
          "sensitive_attributes": [],
          "identity_schema_version": 0,
          "private": "eyJzY2hlbWFfdmVyc2lvbiI6IjAifQ==",
          "dependencies": [
            "module.security.akamai_appsec_configuration.config",
            "module.security.data.akamai_group.group"
          ]
        }
      ]
    },
    {
      "module": "module.security",
      "mode": "managed",
      "type": "akamai_appsec_reputation_profile",
      "name": "web_scrapers_low_threat_shared_ips",
      "provider": "provider[\"registry.terraform.io/akamai/akamai\"]",
      "instances": [
        {
          "schema_version": 0,
          "attributes": {
            "config_id": 127246,
            "id": "127246:13753192",
            "reputation_profile": "{\"condition\":{\"atomicConditions\":[{\"checkIps\":\"connecting\",\"className\":\"NetworkListCondition\",\"index\":1,\"positiveMatch\":true,\"value\":[\"286208_FORTFIMPORTREPUTATIONBY\"]}],\"positiveMatch\":false},\"context\":\"WEBSCRP\",\"name\":\"Web Scrapers (Low Threat) [Shared IPs]\",\"sharedIpHandling\":\"SHARED_ONLY\",\"threshold\":7}",
            "reputation_profile_id": 13753192
          },
          "sensitive_attributes": [],
          "identity_schema_version": 0,
          "private": "eyJzY2hlbWFfdmVyc2lvbiI6IjAifQ==",
          "dependencies": [
            "module.security.akamai_appsec_configuration.config",
            "module.security.data.akamai_group.group"
          ]
        }
      ]
    },
    {
      "module": "module.security",
      "mode": "managed",
      "type": "akamai_appsec_reputation_profile_action",
      "name": "tfdemo_13753170",
      "provider": "provider[\"registry.terraform.io/akamai/akamai\"]",
      "instances": [
        {
          "schema_version": 0,
          "attributes": {
            "action": "alert",
            "config_id": 127246,
            "id": "127246:TF01_334606:13753170",
            "reputation_profile_id": 13753170,
            "security_policy_id": "TF01_334606"
          },
          "sensitive_attributes": [],
          "identity_schema_version": 0,
          "private": "eyJzY2hlbWFfdmVyc2lvbiI6IjAifQ==",
          "dependencies": [
            "module.security.akamai_appsec_configuration.config",
            "module.security.akamai_appsec_reputation_profile.scanning_tools_low_threat",
            "module.security.akamai_appsec_security_policy.tfdemo",
            "module.security.data.akamai_group.group"
          ]
        }
      ]
    },
    {
      "module": "module.security",
      "mode": "managed",
      "type": "akamai_appsec_reputation_profile_action",
      "name": "tfdemo_13753172",
      "provider": "provider[\"registry.terraform.io/akamai/akamai\"]",
      "instances": [
        {
          "schema_version": 0,
          "attributes": {
            "action": "alert",
            "config_id": 127246,
            "id": "127246:TF01_334606:13753172",
            "reputation_profile_id": 13753172,
            "security_policy_id": "TF01_334606"
          },
          "sensitive_attributes": [],
          "identity_schema_version": 0,
          "private": "eyJzY2hlbWFfdmVyc2lvbiI6IjAifQ==",
          "dependencies": [
            "module.security.akamai_appsec_configuration.config",
            "module.security.akamai_appsec_reputation_profile.web_attackers_low_threat",
            "module.security.akamai_appsec_security_policy.tfdemo",
            "module.security.data.akamai_group.group"
          ]
        }
      ]
    },
    {
      "module": "module.security",
      "mode": "managed",
      "type": "akamai_appsec_reputation_profile_action",
      "name": "tfdemo_13753174",
      "provider": "provider[\"registry.terraform.io/akamai/akamai\"]",
      "instances": [
        {
          "schema_version": 0,
          "attributes": {
            "action": "alert",
            "config_id": 127246,
            "id": "127246:TF01_334606:13753174",
            "reputation_profile_id": 13753174,
            "security_policy_id": "TF01_334606"
          },
          "sensitive_attributes": [],
          "identity_schema_version": 0,
          "private": "eyJzY2hlbWFfdmVyc2lvbiI6IjAifQ==",
          "dependencies": [
            "module.security.akamai_appsec_configuration.config",
            "module.security.akamai_appsec_reputation_profile.web_scrapers_high_threat",
            "module.security.akamai_appsec_security_policy.tfdemo",
            "module.security.data.akamai_group.group"
          ]
        }
      ]
    },
    {
      "module": "module.security",
      "mode": "managed",
      "type": "akamai_appsec_reputation_profile_action",
      "name": "tfdemo_13753176",
      "provider": "provider[\"registry.terraform.io/akamai/akamai\"]",
      "instances": [
        {
          "schema_version": 0,
          "attributes": {
            "action": "alert",
            "config_id": 127246,
            "id": "127246:TF01_334606:13753176",
            "reputation_profile_id": 13753176,
            "security_policy_id": "TF01_334606"
          },
          "sensitive_attributes": [],
          "identity_schema_version": 0,
          "private": "eyJzY2hlbWFfdmVyc2lvbiI6IjAifQ==",
          "dependencies": [
            "module.security.akamai_appsec_configuration.config",
            "module.security.akamai_appsec_reputation_profile.web_scrapers_low_threat",
            "module.security.akamai_appsec_security_policy.tfdemo",
            "module.security.data.akamai_group.group"
          ]
        }
      ]
    },
    {
      "module": "module.security",
      "mode": "managed",
      "type": "akamai_appsec_reputation_profile_action",
      "name": "tfdemo_13753178",
      "provider": "provider[\"registry.terraform.io/akamai/akamai\"]",
      "instances": [
        {
          "schema_version": 0,
          "attributes": {
            "action": "alert",
            "config_id": 127246,
            "id": "127246:TF01_334606:13753178",
            "reputation_profile_id": 13753178,
            "security_policy_id": "TF01_334606"
          },
          "sensitive_attributes": [],
          "identity_schema_version": 0,
          "private": "eyJzY2hlbWFfdmVyc2lvbiI6IjAifQ==",
          "dependencies": [
            "module.security.akamai_appsec_configuration.config",
            "module.security.akamai_appsec_reputation_profile.dos_attackers_high_threat",
            "module.security.akamai_appsec_security_policy.tfdemo",
            "module.security.data.akamai_group.group"
          ]
        }
      ]
    },
    {
      "module": "module.security",
      "mode": "managed",
      "type": "akamai_appsec_reputation_profile_action",
      "name": "tfdemo_13753180",
      "provider": "provider[\"registry.terraform.io/akamai/akamai\"]",
      "instances": [
        {
          "schema_version": 0,
          "attributes": {
            "action": "alert",
            "config_id": 127246,
            "id": "127246:TF01_334606:13753180",
            "reputation_profile_id": 13753180,
            "security_policy_id": "TF01_334606"
          },
          "sensitive_attributes": [],
          "identity_schema_version": 0,
          "private": "eyJzY2hlbWFfdmVyc2lvbiI6IjAifQ==",
          "dependencies": [
            "module.security.akamai_appsec_configuration.config",
            "module.security.akamai_appsec_reputation_profile.scanning_tools_high_threat",
            "module.security.akamai_appsec_security_policy.tfdemo",
            "module.security.data.akamai_group.group"
          ]
        }
      ]
    },
    {
      "module": "module.security",
      "mode": "managed",
      "type": "akamai_appsec_reputation_profile_action",
      "name": "tfdemo_13753182",
      "provider": "provider[\"registry.terraform.io/akamai/akamai\"]",
      "instances": [
        {
          "schema_version": 0,
          "attributes": {
            "action": "alert",
            "config_id": 127246,
            "id": "127246:TF01_334606:13753182",
            "reputation_profile_id": 13753182,
            "security_policy_id": "TF01_334606"
          },
          "sensitive_attributes": [],
          "identity_schema_version": 0,
          "private": "eyJzY2hlbWFfdmVyc2lvbiI6IjAifQ==",
          "dependencies": [
            "module.security.akamai_appsec_configuration.config",
            "module.security.akamai_appsec_reputation_profile.dos_attackers_low_threat",
            "module.security.akamai_appsec_security_policy.tfdemo",
            "module.security.data.akamai_group.group"
          ]
        }
      ]
    },
    {
      "module": "module.security",
      "mode": "managed",
      "type": "akamai_appsec_reputation_profile_action",
      "name": "tfdemo_13753184",
      "provider": "provider[\"registry.terraform.io/akamai/akamai\"]",
      "instances": [
        {
          "schema_version": 0,
          "attributes": {
            "action": "alert",
            "config_id": 127246,
            "id": "127246:TF01_334606:13753184",
            "reputation_profile_id": 13753184,
            "security_policy_id": "TF01_334606"
          },
          "sensitive_attributes": [],
          "identity_schema_version": 0,
          "private": "eyJzY2hlbWFfdmVyc2lvbiI6IjAifQ==",
          "dependencies": [
            "module.security.akamai_appsec_configuration.config",
            "module.security.akamai_appsec_reputation_profile.web_attackers_high_threat",
            "module.security.akamai_appsec_security_policy.tfdemo",
            "module.security.data.akamai_group.group"
          ]
        }
      ]
    },
    {
      "module": "module.security",
      "mode": "managed",
      "type": "akamai_appsec_reputation_profile_action",
      "name": "tfdemo_13753186",
      "provider": "provider[\"registry.terraform.io/akamai/akamai\"]",
      "instances": [
        {
          "schema_version": 0,
          "attributes": {
            "action": "alert",
            "config_id": 127246,
            "id": "127246:TF01_334606:13753186",
            "reputation_profile_id": 13753186,
            "security_policy_id": "TF01_334606"
          },
          "sensitive_attributes": [],
          "identity_schema_version": 0,
          "private": "eyJzY2hlbWFfdmVyc2lvbiI6IjAifQ==",
          "dependencies": [
            "module.security.akamai_appsec_configuration.config",
            "module.security.akamai_appsec_reputation_profile.dos_attackers_low_threat_shared_ips",
            "module.security.akamai_appsec_security_policy.tfdemo",
            "module.security.data.akamai_group.group"
          ]
        }
      ]
    },
    {
      "module": "module.security",
      "mode": "managed",
      "type": "akamai_appsec_reputation_profile_action",
      "name": "tfdemo_13753188",
      "provider": "provider[\"registry.terraform.io/akamai/akamai\"]",
      "instances": [
        {
          "schema_version": 0,
          "attributes": {
            "action": "alert",
            "config_id": 127246,
            "id": "127246:TF01_334606:13753188",
            "reputation_profile_id": 13753188,
            "security_policy_id": "TF01_334606"
          },
          "sensitive_attributes": [],
          "identity_schema_version": 0,
          "private": "eyJzY2hlbWFfdmVyc2lvbiI6IjAifQ==",
          "dependencies": [
            "module.security.akamai_appsec_configuration.config",
            "module.security.akamai_appsec_reputation_profile.web_attackers_low_threat_shared_ips",
            "module.security.akamai_appsec_security_policy.tfdemo",
            "module.security.data.akamai_group.group"
          ]
        }
      ]
    },
    {
      "module": "module.security",
      "mode": "managed",
      "type": "akamai_appsec_reputation_profile_action",
      "name": "tfdemo_13753190",
      "provider": "provider[\"registry.terraform.io/akamai/akamai\"]",
      "instances": [
        {
          "schema_version": 0,
          "attributes": {
            "action": "alert",
            "config_id": 127246,
            "id": "127246:TF01_334606:13753190",
            "reputation_profile_id": 13753190,
            "security_policy_id": "TF01_334606"
          },
          "sensitive_attributes": [],
          "identity_schema_version": 0,
          "private": "eyJzY2hlbWFfdmVyc2lvbiI6IjAifQ==",
          "dependencies": [
            "module.security.akamai_appsec_configuration.config",
            "module.security.akamai_appsec_reputation_profile.web_scrapers_high_threat_shared_ips",
            "module.security.akamai_appsec_security_policy.tfdemo",
            "module.security.data.akamai_group.group"
          ]
        }
      ]
    },
    {
      "module": "module.security",
      "mode": "managed",
      "type": "akamai_appsec_reputation_profile_action",
      "name": "tfdemo_13753192",
      "provider": "provider[\"registry.terraform.io/akamai/akamai\"]",
      "instances": [
        {
          "schema_version": 0,
          "attributes": {
            "action": "alert",
            "config_id": 127246,
            "id": "127246:TF01_334606:13753192",
            "reputation_profile_id": 13753192,
            "security_policy_id": "TF01_334606"
          },
          "sensitive_attributes": [],
          "identity_schema_version": 0,
          "private": "eyJzY2hlbWFfdmVyc2lvbiI6IjAifQ==",
          "dependencies": [
            "module.security.akamai_appsec_configuration.config",
            "module.security.akamai_appsec_reputation_profile.web_scrapers_low_threat_shared_ips",
            "module.security.akamai_appsec_security_policy.tfdemo",
            "module.security.data.akamai_group.group"
          ]
        }
      ]
    },
    {
      "module": "module.security",
      "mode": "managed",
      "type": "akamai_appsec_reputation_profile_action",
      "name": "tfdemo_13753194",
      "provider": "provider[\"registry.terraform.io/akamai/akamai\"]",
      "instances": [
        {
          "schema_version": 0,
          "attributes": {
            "action": "alert",
            "config_id": 127246,
            "id": "127246:TF01_334606:13753194",
            "reputation_profile_id": 13753194,
            "security_policy_id": "TF01_334606"
          },
          "sensitive_attributes": [],
          "identity_schema_version": 0,
          "private": "eyJzY2hlbWFfdmVyc2lvbiI6IjAifQ==",
          "dependencies": [
            "module.security.akamai_appsec_configuration.config",
            "module.security.akamai_appsec_reputation_profile.web_attackers_high_threat_shared_ips",
            "module.security.akamai_appsec_security_policy.tfdemo",
            "module.security.data.akamai_group.group"
          ]
        }
      ]
    },
    {
      "module": "module.security",
      "mode": "managed",
      "type": "akamai_appsec_reputation_profile_action",
      "name": "tfdemo_13753196",
      "provider": "provider[\"registry.terraform.io/akamai/akamai\"]",
      "instances": [
        {
          "schema_version": 0,
          "attributes": {
            "action": "alert",
            "config_id": 127246,
            "id": "127246:TF01_334606:13753196",
            "reputation_profile_id": 13753196,
            "security_policy_id": "TF01_334606"
          },
          "sensitive_attributes": [],
          "identity_schema_version": 0,
          "private": "eyJzY2hlbWFfdmVyc2lvbiI6IjAifQ==",
          "dependencies": [
            "module.security.akamai_appsec_configuration.config",
            "module.security.akamai_appsec_reputation_profile.scanning_tools_low_threat_shared_ips",
            "module.security.akamai_appsec_security_policy.tfdemo",
            "module.security.data.akamai_group.group"
          ]
        }
      ]
    },
    {
      "module": "module.security",
      "mode": "managed",
      "type": "akamai_appsec_reputation_profile_action",
      "name": "tfdemo_13753198",
      "provider": "provider[\"registry.terraform.io/akamai/akamai\"]",
      "instances": [
        {
          "schema_version": 0,
          "attributes": {
            "action": "alert",
            "config_id": 127246,
            "id": "127246:TF01_334606:13753198",
            "reputation_profile_id": 13753198,
            "security_policy_id": "TF01_334606"
          },
          "sensitive_attributes": [],
          "identity_schema_version": 0,
          "private": "eyJzY2hlbWFfdmVyc2lvbiI6IjAifQ==",
          "dependencies": [
            "module.security.akamai_appsec_configuration.config",
            "module.security.akamai_appsec_reputation_profile.dos_attackers_high_threat_shared_ips",
            "module.security.akamai_appsec_security_policy.tfdemo",
            "module.security.data.akamai_group.group"
          ]
        }
      ]
    },
    {
      "module": "module.security",
      "mode": "managed",
      "type": "akamai_appsec_reputation_profile_action",
      "name": "tfdemo_13753200",
      "provider": "provider[\"registry.terraform.io/akamai/akamai\"]",
      "instances": [
        {
          "schema_version": 0,
          "attributes": {
            "action": "alert",
            "config_id": 127246,
            "id": "127246:TF01_334606:13753200",
            "reputation_profile_id": 13753200,
            "security_policy_id": "TF01_334606"
          },
          "sensitive_attributes": [],
          "identity_schema_version": 0,
          "private": "eyJzY2hlbWFfdmVyc2lvbiI6IjAifQ==",
          "dependencies": [
            "module.security.akamai_appsec_configuration.config",
            "module.security.akamai_appsec_reputation_profile.scanning_tools_high_threat_shared_ips",
            "module.security.akamai_appsec_security_policy.tfdemo",
            "module.security.data.akamai_group.group"
          ]
        }
      ]
    },
    {
      "module": "module.security",
      "mode": "managed",
      "type": "akamai_appsec_security_policy",
      "name": "tfdemo",
      "provider": "provider[\"registry.terraform.io/akamai/akamai\"]",
      "instances": [
        {
          "schema_version": 0,
          "attributes": {
            "config_id": 127246,
            "create_from_security_policy_id": null,
            "default_settings": true,
            "id": "127246:TF01_334606",
            "security_policy_id": "TF01_334606",
            "security_policy_name": "tf-demo",
            "security_policy_prefix": "TF01"
          },
          "sensitive_attributes": [],
          "identity_schema_version": 0,
          "private": "eyJzY2hlbWFfdmVyc2lvbiI6IjAifQ==",
          "dependencies": [
            "module.security.akamai_appsec_configuration.config",
            "module.security.data.akamai_group.group"
          ]
        }
      ]
    },
    {
      "module": "module.security",
      "mode": "managed",
      "type": "akamai_appsec_security_policy_protections",
      "name": "tfdemo",
      "provider": "provider[\"registry.terraform.io/akamai/akamai\"]",
      "instances": [
        {
          "schema_version": 0,
          "attributes": {
            "apply_account_protection_controls": false,
            "apply_api_constraints": true,
            "apply_application_layer_controls": true,
            "apply_botman_controls": false,
            "apply_malware_controls": false,
            "apply_network_layer_controls": true,
            "apply_rate_controls": true,
            "apply_reputation_controls": true,
            "apply_slow_post_controls": true,
            "apply_url_protection_controls": false,
            "config_id": 127246,
            "security_policy_id": "TF01_334606"
          },
          "sensitive_attributes": [],
          "identity_schema_version": 0,
          "dependencies": [
            "module.security.akamai_appsec_configuration.config",
            "module.security.akamai_appsec_security_policy.tfdemo",
            "module.security.data.akamai_group.group"
          ]
        }
      ]
    },
    {
      "module": "module.security",
      "mode": "managed",
      "type": "akamai_appsec_slow_post",
      "name": "tfdemo",
      "provider": "provider[\"registry.terraform.io/akamai/akamai\"]",
      "instances": [
        {
          "schema_version": 0,
          "attributes": {
            "config_id": 127246,
            "duration_threshold_timeout": null,
            "id": "127246:TF01_334606",
            "security_policy_id": "TF01_334606",
            "slow_rate_action": "alert",
            "slow_rate_threshold_period": 60,
            "slow_rate_threshold_rate": 10
          },
          "sensitive_attributes": [],
          "identity_schema_version": 0,
          "private": "eyJzY2hlbWFfdmVyc2lvbiI6IjAifQ==",
          "dependencies": [
            "module.security.akamai_appsec_configuration.config",
            "module.security.akamai_appsec_security_policy.tfdemo",
            "module.security.data.akamai_group.group"
          ]
        }
      ]
    },
    {
      "module": "module.security",
      "mode": "managed",
      "type": "akamai_appsec_waf_mode",
      "name": "tfdemo",
      "provider": "provider[\"registry.terraform.io/akamai/akamai\"]",
      "instances": [
        {
          "schema_version": 0,
          "attributes": {
            "config_id": 127246,
            "current_ruleset": "ASE Automatic (Jun 23, 2026)",
            "eval_expiration_date": "",
            "eval_ruleset": "",
            "eval_status": "disabled",
            "id": "127246:TF01_334606",
            "mode": "ASE_AUTO",
            "output_text": "\n+---------------------------------------------+\n| wafMode                                     |\n+-----------------------+----------+----------+\n| CURRENT               | MODE     | EVAL     |\n+-----------------------+----------+----------+\n| ASE Automatic (Jun 23 |          |          |\n|  2026)                | ASE_AUTO | disabled |\n+-----------------------+----------+----------+\n",
            "security_policy_id": "TF01_334606"
          },
          "sensitive_attributes": [],
          "identity_schema_version": 0,
          "private": "eyJzY2hlbWFfdmVyc2lvbiI6IjAifQ==",
          "dependencies": [
            "module.security.akamai_appsec_configuration.config",
            "module.security.akamai_appsec_security_policy.tfdemo",
            "module.security.data.akamai_group.group"
          ]
        }
      ]
    },
    {
      "module": "module.security",
      "mode": "managed",
      "type": "akamai_appsec_waf_ruleset",
      "name": "tfdemo",
      "provider": "provider[\"registry.terraform.io/akamai/akamai\"]",
      "instances": [
        {
          "schema_version": 0,
          "attributes": {
            "attack_groups": [
              {
                "attack_group": "CMD",
                "attack_group_action": "alert",
                "condition_exception": null
              },
              {
                "attack_group": "LFI",
                "attack_group_action": "alert",
                "condition_exception": null
              },
              {
                "attack_group": "PLATFORM",
                "attack_group_action": "alert",
                "condition_exception": null
              },
              {
                "attack_group": "POLICY",
                "attack_group_action": "alert",
                "condition_exception": null
              },
              {
                "attack_group": "PROTOCOL",
                "attack_group_action": "alert",
                "condition_exception": null
              },
              {
                "attack_group": "RFI",
                "attack_group_action": "alert",
                "condition_exception": null
              },
              {
                "attack_group": "SQL",
                "attack_group_action": "alert",
                "condition_exception": null
              },
              {
                "attack_group": "WAT",
                "attack_group_action": "alert",
                "condition_exception": null
              },
              {
                "attack_group": "XSS",
                "attack_group_action": "alert",
                "condition_exception": null
              }
            ],
            "config_id": 127246,
            "rules": [
              {
                "condition_exception": null,
                "rule_action": "alert",
                "rule_id": 3000000
              },
              {
                "condition_exception": null,
                "rule_action": "alert",
                "rule_id": 3000004
              },
              {
                "condition_exception": null,
                "rule_action": "alert",
                "rule_id": 3000005
              },
              {
                "condition_exception": null,
                "rule_action": "alert",
                "rule_id": 3000006
              },
              {
                "condition_exception": null,
                "rule_action": "alert",
                "rule_id": 3000007
              },
              {
                "condition_exception": null,
                "rule_action": "alert",
                "rule_id": 3000012
              },
              {
                "condition_exception": null,
                "rule_action": "alert",
                "rule_id": 3000013
              },
              {
                "condition_exception": null,
                "rule_action": "alert",
                "rule_id": 3000014
              },
              {
                "condition_exception": null,
                "rule_action": "alert",
                "rule_id": 3000015
              },
              {
                "condition_exception": null,
                "rule_action": "alert",
                "rule_id": 3000017
              },
              {
                "condition_exception": null,
                "rule_action": "alert",
                "rule_id": 3000022
              },
              {
                "condition_exception": null,
                "rule_action": "alert",
                "rule_id": 3000023
              },
              {
                "condition_exception": null,
                "rule_action": "alert",
                "rule_id": 3000025
              },
              {
                "condition_exception": null,
                "rule_action": "alert",
                "rule_id": 3000033
              },
              {
                "condition_exception": null,
                "rule_action": "alert",
                "rule_id": 3000034
              },
              {
                "condition_exception": null,
                "rule_action": "alert",
                "rule_id": 3000037
              },
              {
                "condition_exception": null,
                "rule_action": "alert",
                "rule_id": 3000038
              },
              {
                "condition_exception": null,
                "rule_action": "alert",
                "rule_id": 3000039
              },
              {
                "condition_exception": null,
                "rule_action": "alert",
                "rule_id": 3000041
              },
              {
                "condition_exception": null,
                "rule_action": "alert",
                "rule_id": 3000056
              },
              {
                "condition_exception": null,
                "rule_action": "alert",
                "rule_id": 3000057
              },
              {
                "condition_exception": null,
                "rule_action": "alert",
                "rule_id": 3000058
              },
              {
                "condition_exception": null,
                "rule_action": "alert",
                "rule_id": 3000061
              },
              {
                "condition_exception": null,
                "rule_action": "alert",
                "rule_id": 3000065
              },
              {
                "condition_exception": null,
                "rule_action": "alert",
                "rule_id": 3000072
              },
              {
                "condition_exception": null,
                "rule_action": "alert",
                "rule_id": 3000080
              },
              {
                "condition_exception": null,
                "rule_action": "alert",
                "rule_id": 3000081
              },
              {
                "condition_exception": null,
                "rule_action": "alert",
                "rule_id": 3000100
              },
              {
                "condition_exception": null,
                "rule_action": "alert",
                "rule_id": 3000101
              },
              {
                "condition_exception": null,
                "rule_action": "alert",
                "rule_id": 3000102
              },
              {
                "condition_exception": null,
                "rule_action": "alert",
                "rule_id": 3000103
              },
              {
                "condition_exception": null,
                "rule_action": "alert",
                "rule_id": 3000104
              },
              {
                "condition_exception": null,
                "rule_action": "alert",
                "rule_id": 3000105
              },
              {
                "condition_exception": null,
                "rule_action": "alert",
                "rule_id": 3000106
              },
              {
                "condition_exception": null,
                "rule_action": "alert",
                "rule_id": 3000107
              },
              {
                "condition_exception": null,
                "rule_action": "alert",
                "rule_id": 3000108
              },
              {
                "condition_exception": null,
                "rule_action": "alert",
                "rule_id": 3000109
              },
              {
                "condition_exception": null,
                "rule_action": "alert",
                "rule_id": 3000110
              },
              {
                "condition_exception": null,
                "rule_action": "alert",
                "rule_id": 3000111
              },
              {
                "condition_exception": null,
                "rule_action": "alert",
                "rule_id": 3000112
              },
              {
                "condition_exception": null,
                "rule_action": "alert",
                "rule_id": 3000113
              },
              {
                "condition_exception": null,
                "rule_action": "alert",
                "rule_id": 3000114
              },
              {
                "condition_exception": null,
                "rule_action": "alert",
                "rule_id": 3000115
              },
              {
                "condition_exception": null,
                "rule_action": "alert",
                "rule_id": 3000116
              },
              {
                "condition_exception": null,
                "rule_action": "alert",
                "rule_id": 3000117
              },
              {
                "condition_exception": null,
                "rule_action": "alert",
                "rule_id": 3000118
              },
              {
                "condition_exception": null,
                "rule_action": "alert",
                "rule_id": 3000119
              },
              {
                "condition_exception": null,
                "rule_action": "alert",
                "rule_id": 3000120
              },
              {
                "condition_exception": null,
                "rule_action": "alert",
                "rule_id": 3000121
              },
              {
                "condition_exception": null,
                "rule_action": "alert",
                "rule_id": 3000122
              },
              {
                "condition_exception": null,
                "rule_action": "alert",
                "rule_id": 3000123
              },
              {
                "condition_exception": null,
                "rule_action": "alert",
                "rule_id": 3000124
              },
              {
                "condition_exception": null,
                "rule_action": "alert",
                "rule_id": 3000125
              },
              {
                "condition_exception": null,
                "rule_action": "alert",
                "rule_id": 3000126
              },
              {
                "condition_exception": null,
                "rule_action": "alert",
                "rule_id": 3000127
              },
              {
                "condition_exception": null,
                "rule_action": "alert",
                "rule_id": 3000128
              },
              {
                "condition_exception": null,
                "rule_action": "alert",
                "rule_id": 3000129
              },
              {
                "condition_exception": null,
                "rule_action": "alert",
                "rule_id": 3000130
              },
              {
                "condition_exception": null,
                "rule_action": "alert",
                "rule_id": 3000131
              },
              {
                "condition_exception": null,
                "rule_action": "alert",
                "rule_id": 3000132
              },
              {
                "condition_exception": null,
                "rule_action": "alert",
                "rule_id": 3000133
              },
              {
                "condition_exception": null,
                "rule_action": "alert",
                "rule_id": 3000134
              },
              {
                "condition_exception": null,
                "rule_action": "alert",
                "rule_id": 3000135
              },
              {
                "condition_exception": null,
                "rule_action": "alert",
                "rule_id": 3000136
              },
              {
                "condition_exception": null,
                "rule_action": "alert",
                "rule_id": 3000137
              },
              {
                "condition_exception": null,
                "rule_action": "alert",
                "rule_id": 3000138
              },
              {
                "condition_exception": null,
                "rule_action": "alert",
                "rule_id": 3000139
              },
              {
                "condition_exception": null,
                "rule_action": "alert",
                "rule_id": 3000140
              },
              {
                "condition_exception": null,
                "rule_action": "alert",
                "rule_id": 3000141
              },
              {
                "condition_exception": null,
                "rule_action": "alert",
                "rule_id": 3000142
              },
              {
                "condition_exception": null,
                "rule_action": "alert",
                "rule_id": 3000143
              },
              {
                "condition_exception": null,
                "rule_action": "alert",
                "rule_id": 3000144
              },
              {
                "condition_exception": null,
                "rule_action": "alert",
                "rule_id": 3000145
              },
              {
                "condition_exception": null,
                "rule_action": "alert",
                "rule_id": 3000146
              },
              {
                "condition_exception": null,
                "rule_action": "alert",
                "rule_id": 3000147
              },
              {
                "condition_exception": null,
                "rule_action": "alert",
                "rule_id": 3000148
              },
              {
                "condition_exception": null,
                "rule_action": "alert",
                "rule_id": 3000149
              },
              {
                "condition_exception": null,
                "rule_action": "alert",
                "rule_id": 3000150
              },
              {
                "condition_exception": null,
                "rule_action": "alert",
                "rule_id": 3000151
              },
              {
                "condition_exception": null,
                "rule_action": "alert",
                "rule_id": 3000152
              },
              {
                "condition_exception": null,
                "rule_action": "alert",
                "rule_id": 3000153
              },
              {
                "condition_exception": null,
                "rule_action": "alert",
                "rule_id": 3000154
              },
              {
                "condition_exception": null,
                "rule_action": "alert",
                "rule_id": 3000155
              },
              {
                "condition_exception": null,
                "rule_action": "alert",
                "rule_id": 3000156
              },
              {
                "condition_exception": null,
                "rule_action": "alert",
                "rule_id": 3000157
              },
              {
                "condition_exception": null,
                "rule_action": "alert",
                "rule_id": 3000159
              },
              {
                "condition_exception": null,
                "rule_action": "alert",
                "rule_id": 3000160
              },
              {
                "condition_exception": null,
                "rule_action": "alert",
                "rule_id": 3000161
              },
              {
                "condition_exception": null,
                "rule_action": "alert",
                "rule_id": 3000162
              },
              {
                "condition_exception": null,
                "rule_action": "alert",
                "rule_id": 3000163
              },
              {
                "condition_exception": null,
                "rule_action": "alert",
                "rule_id": 3000164
              },
              {
                "condition_exception": null,
                "rule_action": "alert",
                "rule_id": 3000165
              },
              {
                "condition_exception": null,
                "rule_action": "alert",
                "rule_id": 3000166
              },
              {
                "condition_exception": null,
                "rule_action": "alert",
                "rule_id": 3000167
              },
              {
                "condition_exception": null,
                "rule_action": "alert",
                "rule_id": 3000168
              },
              {
                "condition_exception": null,
                "rule_action": "alert",
                "rule_id": 3000169
              },
              {
                "condition_exception": null,
                "rule_action": "alert",
                "rule_id": 3000170
              },
              {
                "condition_exception": null,
                "rule_action": "alert",
                "rule_id": 3000171
              },
              {
                "condition_exception": null,
                "rule_action": "alert",
                "rule_id": 3000172
              },
              {
                "condition_exception": null,
                "rule_action": "alert",
                "rule_id": 3000173
              },
              {
                "condition_exception": null,
                "rule_action": "alert",
                "rule_id": 3000174
              },
              {
                "condition_exception": null,
                "rule_action": "alert",
                "rule_id": 3000175
              },
              {
                "condition_exception": null,
                "rule_action": "alert",
                "rule_id": 3000176
              },
              {
                "condition_exception": null,
                "rule_action": "alert",
                "rule_id": 3000177
              },
              {
                "condition_exception": null,
                "rule_action": "alert",
                "rule_id": 3000179
              },
              {
                "condition_exception": null,
                "rule_action": "alert",
                "rule_id": 3000180
              },
              {
                "condition_exception": null,
                "rule_action": "alert",
                "rule_id": 3000182
              },
              {
                "condition_exception": null,
                "rule_action": "alert",
                "rule_id": 3000183
              },
              {
                "condition_exception": null,
                "rule_action": "alert",
                "rule_id": 3000184
              },
              {
                "condition_exception": null,
                "rule_action": "alert",
                "rule_id": 3000185
              },
              {
                "condition_exception": null,
                "rule_action": "alert",
                "rule_id": 3000186
              },
              {
                "condition_exception": null,
                "rule_action": "alert",
                "rule_id": 3000187
              },
              {
                "condition_exception": null,
                "rule_action": "alert",
                "rule_id": 3000188
              },
              {
                "condition_exception": null,
                "rule_action": "alert",
                "rule_id": 3000189
              },
              {
                "condition_exception": null,
                "rule_action": "alert",
                "rule_id": 3000190
              },
              {
                "condition_exception": null,
                "rule_action": "alert",
                "rule_id": 3000191
              },
              {
                "condition_exception": null,
                "rule_action": "alert",
                "rule_id": 3000192
              },
              {
                "condition_exception": null,
                "rule_action": "alert",
                "rule_id": 3000193
              },
              {
                "condition_exception": null,
                "rule_action": "alert",
                "rule_id": 3000195
              },
              {
                "condition_exception": null,
                "rule_action": "alert",
                "rule_id": 3000196
              },
              {
                "condition_exception": null,
                "rule_action": "alert",
                "rule_id": 3000197
              },
              {
                "condition_exception": null,
                "rule_action": "alert",
                "rule_id": 3000198
              },
              {
                "condition_exception": null,
                "rule_action": "alert",
                "rule_id": 3000199
              },
              {
                "condition_exception": null,
                "rule_action": "alert",
                "rule_id": 3000200
              },
              {
                "condition_exception": null,
                "rule_action": "alert",
                "rule_id": 3000202
              },
              {
                "condition_exception": null,
                "rule_action": "alert",
                "rule_id": 3000211
              },
              {
                "condition_exception": null,
                "rule_action": "alert",
                "rule_id": 3000212
              },
              {
                "condition_exception": null,
                "rule_action": "alert",
                "rule_id": 3000213
              },
              {
                "condition_exception": null,
                "rule_action": "alert",
                "rule_id": 3000214
              },
              {
                "condition_exception": null,
                "rule_action": "alert",
                "rule_id": 3000215
              },
              {
                "condition_exception": null,
                "rule_action": "alert",
                "rule_id": 3000216
              },
              {
                "condition_exception": null,
                "rule_action": "alert",
                "rule_id": 3000217
              },
              {
                "condition_exception": null,
                "rule_action": "alert",
                "rule_id": 3000218
              },
              {
                "condition_exception": null,
                "rule_action": "alert",
                "rule_id": 3000219
              },
              {
                "condition_exception": null,
                "rule_action": "alert",
                "rule_id": 3000220
              },
              {
                "condition_exception": null,
                "rule_action": "alert",
                "rule_id": 3000221
              },
              {
                "condition_exception": null,
                "rule_action": "alert",
                "rule_id": 3000222
              },
              {
                "condition_exception": null,
                "rule_action": "alert",
                "rule_id": 3000223
              },
              {
                "condition_exception": null,
                "rule_action": "alert",
                "rule_id": 3000224
              },
              {
                "condition_exception": null,
                "rule_action": "alert",
                "rule_id": 3000225
              },
              {
                "condition_exception": null,
                "rule_action": "alert",
                "rule_id": 3000226
              },
              {
                "condition_exception": null,
                "rule_action": "alert",
                "rule_id": 3000227
              },
              {
                "condition_exception": null,
                "rule_action": "alert",
                "rule_id": 3000228
              },
              {
                "condition_exception": null,
                "rule_action": "alert",
                "rule_id": 3000229
              },
              {
                "condition_exception": null,
                "rule_action": "alert",
                "rule_id": 3000230
              },
              {
                "condition_exception": null,
                "rule_action": "alert",
                "rule_id": 3000231
              },
              {
                "condition_exception": null,
                "rule_action": "alert",
                "rule_id": 3000232
              },
              {
                "condition_exception": null,
                "rule_action": "alert",
                "rule_id": 3000233
              },
              {
                "condition_exception": null,
                "rule_action": "alert",
                "rule_id": 3000234
              },
              {
                "condition_exception": null,
                "rule_action": "alert",
                "rule_id": 3000235
              },
              {
                "condition_exception": null,
                "rule_action": "alert",
                "rule_id": 3000236
              },
              {
                "condition_exception": null,
                "rule_action": "alert",
                "rule_id": 3000238
              },
              {
                "condition_exception": null,
                "rule_action": "alert",
                "rule_id": 3000239
              },
              {
                "condition_exception": null,
                "rule_action": "alert",
                "rule_id": 3000240
              },
              {
                "condition_exception": null,
                "rule_action": "alert",
                "rule_id": 3000241
              },
              {
                "condition_exception": null,
                "rule_action": "alert",
                "rule_id": 3000242
              },
              {
                "condition_exception": null,
                "rule_action": "alert",
                "rule_id": 3000243
              },
              {
                "condition_exception": null,
                "rule_action": "alert",
                "rule_id": 3000244
              },
              {
                "condition_exception": null,
                "rule_action": "alert",
                "rule_id": 3000245
              },
              {
                "condition_exception": null,
                "rule_action": "alert",
                "rule_id": 3000246
              },
              {
                "condition_exception": null,
                "rule_action": "alert",
                "rule_id": 3000400
              },
              {
                "condition_exception": null,
                "rule_action": "alert",
                "rule_id": 3000401
              },
              {
                "condition_exception": null,
                "rule_action": "alert",
                "rule_id": 3000403
              },
              {
                "condition_exception": null,
                "rule_action": "alert",
                "rule_id": 3000404
              },
              {
                "condition_exception": null,
                "rule_action": "alert",
                "rule_id": 3000405
              },
              {
                "condition_exception": null,
                "rule_action": "alert",
                "rule_id": 3000406
              },
              {
                "condition_exception": null,
                "rule_action": "alert",
                "rule_id": 3000407
              },
              {
                "condition_exception": null,
                "rule_action": "alert",
                "rule_id": 3000408
              },
              {
                "condition_exception": null,
                "rule_action": "alert",
                "rule_id": 3000409
              },
              {
                "condition_exception": null,
                "rule_action": "alert",
                "rule_id": 3000410
              },
              {
                "condition_exception": null,
                "rule_action": "alert",
                "rule_id": 3000411
              },
              {
                "condition_exception": null,
                "rule_action": "alert",
                "rule_id": 3000412
              },
              {
                "condition_exception": null,
                "rule_action": "alert",
                "rule_id": 3000500
              },
              {
                "condition_exception": null,
                "rule_action": "alert",
                "rule_id": 3000501
              },
              {
                "condition_exception": null,
                "rule_action": "alert",
                "rule_id": 3000502
              },
              {
                "condition_exception": null,
                "rule_action": "alert",
                "rule_id": 3000503
              },
              {
                "condition_exception": null,
                "rule_action": "alert",
                "rule_id": 3000504
              },
              {
                "condition_exception": null,
                "rule_action": "alert",
                "rule_id": 3000505
              },
              {
                "condition_exception": null,
                "rule_action": "alert",
                "rule_id": 3000506
              },
              {
                "condition_exception": null,
                "rule_action": "alert",
                "rule_id": 3000507
              },
              {
                "condition_exception": null,
                "rule_action": "alert",
                "rule_id": 3000508
              },
              {
                "condition_exception": null,
                "rule_action": "alert",
                "rule_id": 3000600
              },
              {
                "condition_exception": null,
                "rule_action": "alert",
                "rule_id": 3000601
              },
              {
                "condition_exception": null,
                "rule_action": "alert",
                "rule_id": 3000602
              },
              {
                "condition_exception": null,
                "rule_action": "alert",
                "rule_id": 3000603
              },
              {
                "condition_exception": null,
                "rule_action": "alert",
                "rule_id": 3000700
              },
              {
                "condition_exception": null,
                "rule_action": "alert",
                "rule_id": 3000701
              },
              {
                "condition_exception": null,
                "rule_action": "alert",
                "rule_id": 3000901
              },
              {
                "condition_exception": null,
                "rule_action": "alert",
                "rule_id": 3000902
              },
              {
                "condition_exception": null,
                "rule_action": "alert",
                "rule_id": 3000903
              },
              {
                "condition_exception": null,
                "rule_action": "alert",
                "rule_id": 3000904
              },
              {
                "condition_exception": null,
                "rule_action": "alert",
                "rule_id": 3000905
              },
              {
                "condition_exception": null,
                "rule_action": "alert",
                "rule_id": 3000906
              },
              {
                "condition_exception": null,
                "rule_action": "alert",
                "rule_id": 3000907
              },
              {
                "condition_exception": null,
                "rule_action": "alert",
                "rule_id": 3000908
              },
              {
                "condition_exception": null,
                "rule_action": "alert",
                "rule_id": 3000909
              },
              {
                "condition_exception": null,
                "rule_action": "alert",
                "rule_id": 3000910
              },
              {
                "condition_exception": null,
                "rule_action": "alert",
                "rule_id": 3000911
              },
              {
                "condition_exception": null,
                "rule_action": "alert",
                "rule_id": 3000912
              },
              {
                "condition_exception": null,
                "rule_action": "alert",
                "rule_id": 3000913
              },
              {
                "condition_exception": null,
                "rule_action": "alert",
                "rule_id": 3000914
              },
              {
                "condition_exception": null,
                "rule_action": "alert",
                "rule_id": 3000915
              },
              {
                "condition_exception": null,
                "rule_action": "alert",
                "rule_id": 3000916
              },
              {
                "condition_exception": null,
                "rule_action": "alert",
                "rule_id": 3000917
              },
              {
                "condition_exception": null,
                "rule_action": "alert",
                "rule_id": 3000918
              },
              {
                "condition_exception": null,
                "rule_action": "alert",
                "rule_id": 3000919
              },
              {
                "condition_exception": null,
                "rule_action": "alert",
                "rule_id": 3000920
              },
              {
                "condition_exception": null,
                "rule_action": "alert",
                "rule_id": 3000921
              },
              {
                "condition_exception": null,
                "rule_action": "alert",
                "rule_id": 3000922
              },
              {
                "condition_exception": null,
                "rule_action": "alert",
                "rule_id": 3000923
              },
              {
                "condition_exception": null,
                "rule_action": "alert",
                "rule_id": 3000924
              },
              {
                "condition_exception": null,
                "rule_action": "alert",
                "rule_id": 3000925
              },
              {
                "condition_exception": null,
                "rule_action": "alert",
                "rule_id": 3000926
              },
              {
                "condition_exception": null,
                "rule_action": "alert",
                "rule_id": 3000927
              },
              {
                "condition_exception": null,
                "rule_action": "alert",
                "rule_id": 3000928
              },
              {
                "condition_exception": null,
                "rule_action": "alert",
                "rule_id": 3000929
              },
              {
                "condition_exception": null,
                "rule_action": "alert",
                "rule_id": 3000930
              },
              {
                "condition_exception": null,
                "rule_action": "alert",
                "rule_id": 3000931
              },
              {
                "condition_exception": null,
                "rule_action": "alert",
                "rule_id": 3000932
              },
              {
                "condition_exception": null,
                "rule_action": "alert",
                "rule_id": 3000933
              },
              {
                "condition_exception": null,
                "rule_action": "alert",
                "rule_id": 3000934
              },
              {
                "condition_exception": null,
                "rule_action": "alert",
                "rule_id": 3000935
              },
              {
                "condition_exception": null,
                "rule_action": "alert",
                "rule_id": 3000936
              },
              {
                "condition_exception": null,
                "rule_action": "alert",
                "rule_id": 3000937
              },
              {
                "condition_exception": null,
                "rule_action": "alert",
                "rule_id": 3000939
              },
              {
                "condition_exception": null,
                "rule_action": "alert",
                "rule_id": 3000940
              },
              {
                "condition_exception": null,
                "rule_action": "alert",
                "rule_id": 3000941
              },
              {
                "condition_exception": null,
                "rule_action": "alert",
                "rule_id": 3000942
              },
              {
                "condition_exception": null,
                "rule_action": "alert",
                "rule_id": 3000943
              },
              {
                "condition_exception": null,
                "rule_action": "alert",
                "rule_id": 3000944
              },
              {
                "condition_exception": null,
                "rule_action": "alert",
                "rule_id": 3000945
              },
              {
                "condition_exception": null,
                "rule_action": "alert",
                "rule_id": 3000946
              },
              {
                "condition_exception": null,
                "rule_action": "alert",
                "rule_id": 3000950
              },
              {
                "condition_exception": null,
                "rule_action": "alert",
                "rule_id": 3000951
              },
              {
                "condition_exception": null,
                "rule_action": "alert",
                "rule_id": 3000952
              },
              {
                "condition_exception": null,
                "rule_action": "alert",
                "rule_id": 3000953
              },
              {
                "condition_exception": null,
                "rule_action": "alert",
                "rule_id": 3000954
              },
              {
                "condition_exception": null,
                "rule_action": "alert",
                "rule_id": 3000955
              },
              {
                "condition_exception": null,
                "rule_action": "alert",
                "rule_id": 3000956
              },
              {
                "condition_exception": null,
                "rule_action": "alert",
                "rule_id": 3000957
              },
              {
                "condition_exception": null,
                "rule_action": "alert",
                "rule_id": 3000959
              },
              {
                "condition_exception": null,
                "rule_action": "alert",
                "rule_id": 3000960
              },
              {
                "condition_exception": null,
                "rule_action": "alert",
                "rule_id": 3000961
              },
              {
                "condition_exception": null,
                "rule_action": "alert",
                "rule_id": 3000962
              },
              {
                "condition_exception": null,
                "rule_action": "alert",
                "rule_id": 3000963
              },
              {
                "condition_exception": null,
                "rule_action": "alert",
                "rule_id": 3000964
              },
              {
                "condition_exception": null,
                "rule_action": "alert",
                "rule_id": 3000965
              },
              {
                "condition_exception": null,
                "rule_action": "alert",
                "rule_id": 3000966
              },
              {
                "condition_exception": null,
                "rule_action": "alert",
                "rule_id": 3000967
              },
              {
                "condition_exception": null,
                "rule_action": "alert",
                "rule_id": 3000968
              },
              {
                "condition_exception": null,
                "rule_action": "alert",
                "rule_id": 3000969
              },
              {
                "condition_exception": null,
                "rule_action": "alert",
                "rule_id": 3000970
              },
              {
                "condition_exception": null,
                "rule_action": "alert",
                "rule_id": 3000971
              },
              {
                "condition_exception": null,
                "rule_action": "alert",
                "rule_id": 3000972
              },
              {
                "condition_exception": null,
                "rule_action": "alert",
                "rule_id": 3000973
              },
              {
                "condition_exception": null,
                "rule_action": "alert",
                "rule_id": 3000975
              },
              {
                "condition_exception": null,
                "rule_action": "alert",
                "rule_id": 3000976
              },
              {
                "condition_exception": null,
                "rule_action": "alert",
                "rule_id": 3000977
              },
              {
                "condition_exception": null,
                "rule_action": "alert",
                "rule_id": 3000978
              },
              {
                "condition_exception": null,
                "rule_action": "alert",
                "rule_id": 3000980
              },
              {
                "condition_exception": null,
                "rule_action": "alert",
                "rule_id": 3000981
              },
              {
                "condition_exception": null,
                "rule_action": "alert",
                "rule_id": 3000997
              },
              {
                "condition_exception": null,
                "rule_action": "alert",
                "rule_id": 3000998
              },
              {
                "condition_exception": null,
                "rule_action": "alert",
                "rule_id": 3000999
              },
              {
                "condition_exception": null,
                "rule_action": "alert",
                "rule_id": 950002
              },
              {
                "condition_exception": null,
                "rule_action": "alert",
                "rule_id": 950006
              },
              {
                "condition_exception": null,
                "rule_action": "alert",
                "rule_id": 950007
              },
              {
                "condition_exception": null,
                "rule_action": "alert",
                "rule_id": 950011
              },
              {
                "condition_exception": null,
                "rule_action": "alert",
                "rule_id": 950118
              },
              {
                "condition_exception": null,
                "rule_action": "alert",
                "rule_id": 950203
              },
              {
                "condition_exception": null,
                "rule_action": "alert",
                "rule_id": 950204
              },
              {
                "condition_exception": null,
                "rule_action": "alert",
                "rule_id": 950216
              },
              {
                "condition_exception": null,
                "rule_action": "alert",
                "rule_id": 950220
              },
              {
                "condition_exception": null,
                "rule_action": "alert",
                "rule_id": 950902
              },
              {
                "condition_exception": null,
                "rule_action": "alert",
                "rule_id": 950903
              },
              {
                "condition_exception": null,
                "rule_action": "alert",
                "rule_id": 951910
              },
              {
                "condition_exception": null,
                "rule_action": "alert",
                "rule_id": 958003
              },
              {
                "condition_exception": null,
                "rule_action": "alert",
                "rule_id": 958008
              },
              {
                "condition_exception": null,
                "rule_action": "alert",
                "rule_id": 958023
              },
              {
                "condition_exception": null,
                "rule_action": "alert",
                "rule_id": 958034
              },
              {
                "condition_exception": null,
                "rule_action": "alert",
                "rule_id": 958051
              },
              {
                "condition_exception": null,
                "rule_action": "alert",
                "rule_id": 958052
              },
              {
                "condition_exception": null,
                "rule_action": "alert",
                "rule_id": 959070
              },
              {
                "condition_exception": null,
                "rule_action": "alert",
                "rule_id": 959073
              },
              {
                "condition_exception": null,
                "rule_action": "alert",
                "rule_id": 959976
              },
              {
                "condition_exception": null,
                "rule_action": "alert",
                "rule_id": 959977
              },
              {
                "condition_exception": null,
                "rule_action": "alert",
                "rule_id": 961011
              },
              {
                "condition_exception": null,
                "rule_action": "alert",
                "rule_id": 961012
              },
              {
                "condition_exception": null,
                "rule_action": "alert",
                "rule_id": 961034
              },
              {
                "condition_exception": null,
                "rule_action": "alert",
                "rule_id": 961904
              },
              {
                "condition_exception": null,
                "rule_action": "alert",
                "rule_id": 961912
              },
              {
                "condition_exception": null,
                "rule_action": "alert",
                "rule_id": 968230
              },
              {
                "condition_exception": null,
                "rule_action": "alert",
                "rule_id": 969151
              },
              {
                "condition_exception": null,
                "rule_action": "alert",
                "rule_id": 970003
              },
              {
                "condition_exception": null,
                "rule_action": "alert",
                "rule_id": 970004
              },
              {
                "condition_exception": null,
                "rule_action": "alert",
                "rule_id": 970009
              },
              {
                "condition_exception": null,
                "rule_action": "alert",
                "rule_id": 970011
              },
              {
                "condition_exception": null,
                "rule_action": "alert",
                "rule_id": 970013
              },
              {
                "condition_exception": null,
                "rule_action": "alert",
                "rule_id": 970014
              },
              {
                "condition_exception": null,
                "rule_action": "alert",
                "rule_id": 970015
              },
              {
                "condition_exception": null,
                "rule_action": "alert",
                "rule_id": 970118
              },
              {
                "condition_exception": null,
                "rule_action": "alert",
                "rule_id": 970901
              },
              {
                "condition_exception": null,
                "rule_action": "alert",
                "rule_id": 970902
              },
              {
                "condition_exception": null,
                "rule_action": "alert",
                "rule_id": 970903
              },
              {
                "condition_exception": null,
                "rule_action": "alert",
                "rule_id": 970904
              },
              {
                "condition_exception": null,
                "rule_action": "alert",
                "rule_id": 973305
              },
              {
                "condition_exception": null,
                "rule_action": "alert",
                "rule_id": 973307
              },
              {
                "condition_exception": null,
                "rule_action": "alert",
                "rule_id": 973311
              },
              {
                "condition_exception": null,
                "rule_action": "alert",
                "rule_id": 973312
              },
              {
                "condition_exception": null,
                "rule_action": "alert",
                "rule_id": 973335
              },
              {
                "condition_exception": null,
                "rule_action": "alert",
                "rule_id": 981240
              },
              {
                "condition_exception": null,
                "rule_action": "alert",
                "rule_id": 981242
              },
              {
                "condition_exception": null,
                "rule_action": "alert",
                "rule_id": 981243
              },
              {
                "condition_exception": null,
                "rule_action": "alert",
                "rule_id": 981244
              },
              {
                "condition_exception": null,
                "rule_action": "alert",
                "rule_id": 981247
              },
              {
                "condition_exception": null,
                "rule_action": "alert",
                "rule_id": 981248
              },
              {
                "condition_exception": null,
                "rule_action": "alert",
                "rule_id": 981251
              },
              {
                "condition_exception": null,
                "rule_action": "alert",
                "rule_id": 981252
              },
              {
                "condition_exception": null,
                "rule_action": "alert",
                "rule_id": 981253
              },
              {
                "condition_exception": null,
                "rule_action": "alert",
                "rule_id": 981254
              },
              {
                "condition_exception": null,
                "rule_action": "alert",
                "rule_id": 981255
              },
              {
                "condition_exception": null,
                "rule_action": "alert",
                "rule_id": 981256
              },
              {
                "condition_exception": null,
                "rule_action": "alert",
                "rule_id": 981260
              },
              {
                "condition_exception": null,
                "rule_action": "alert",
                "rule_id": 981270
              },
              {
                "condition_exception": null,
                "rule_action": "alert",
                "rule_id": 981276
              },
              {
                "condition_exception": null,
                "rule_action": "alert",
                "rule_id": 981300
              },
              {
                "condition_exception": null,
                "rule_action": "alert",
                "rule_id": 981320
              },
              {
                "condition_exception": null,
                "rule_action": "alert",
                "rule_id": 999002
              },
              {
                "condition_exception": null,
                "rule_action": "alert",
                "rule_id": 999901
              },
              {
                "condition_exception": null,
                "rule_action": "alert",
                "rule_id": 999902
              }
            ],
            "security_policy_id": "TF01_334606"
          },
          "sensitive_attributes": [],
          "identity_schema_version": 0,
          "dependencies": [
            "module.security.akamai_appsec_configuration.config",
            "module.security.akamai_appsec_security_policy.tfdemo",
            "module.security.data.akamai_group.group"
          ]
        }
      ]
    },
    {
      "module": "module.security",
      "mode": "managed",
      "type": "akamai_apr_user_risk_response_strategy",
      "name": "user_risk_response_strategy",
      "provider": "provider[\"registry.terraform.io/akamai/akamai\"]",
      "instances": [
        {
          "schema_version": 0,
          "attributes": {
            "config_id": 127246,
            "id": "127246",
            "user_risk_response_strategy": "{\"traffic\":{\"inline\":{\"aggressive\":{\"threshold\":90},\"cautious\":{\"threshold\":30},\"strict\":{\"threshold\":70}},\"nativeSdkAndroid\":{\"aggressive\":{\"threshold\":90},\"cautious\":{\"threshold\":30},\"strict\":{\"threshold\":70}},\"nativeSdkIos\":{\"aggressive\":{\"threshold\":90},\"cautious\":{\"threshold\":30},\"strict\":{\"threshold\":70}},\"standard\":{\"aggressive\":{\"threshold\":90},\"cautious\":{\"threshold\":30},\"strict\":{\"threshold\":70}}}}"
          },
          "sensitive_attributes": [],
          "identity_schema_version": 0,
          "private": "eyJzY2hlbWFfdmVyc2lvbiI6IjAifQ==",
          "dependencies": [
            "module.security.akamai_appsec_configuration.config",
            "module.security.data.akamai_group.group"
          ]
        }
      ]
    },
    {
      "module": "module.security",
      "mode": "managed",
      "type": "akamai_botman_challenge_injection_rules",
      "name": "challenge_injection_rules",
      "provider": "provider[\"registry.terraform.io/akamai/akamai\"]",
      "instances": [
        {
          "schema_version": 0,
          "attributes": {
            "challenge_injection_rules": "{\"ajaxResubmit\":false,\"injectJavaScript\":false}",
            "config_id": 127246,
            "id": "127246"
          },
          "sensitive_attributes": [],
          "identity_schema_version": 0,
          "private": "eyJzY2hlbWFfdmVyc2lvbiI6IjAifQ==",
          "dependencies": [
            "module.security.akamai_appsec_configuration.config",
            "module.security.data.akamai_group.group"
          ]
        }
      ]
    },
    {
      "module": "module.security",
      "mode": "managed",
      "type": "akamai_botman_client_side_security",
      "name": "client_side_security",
      "provider": "provider[\"registry.terraform.io/akamai/akamai\"]",
      "instances": [
        {
          "schema_version": 0,
          "attributes": {
            "client_side_security": "{\"useAllSecureTraffic\":true,\"useSameSiteCookies\":true,\"useStrictCspCompatibility\":false}",
            "config_id": 127246,
            "id": "127246"
          },
          "sensitive_attributes": [],
          "identity_schema_version": 0,
          "private": "eyJzY2hlbWFfdmVyc2lvbiI6IjAifQ==",
          "dependencies": [
            "module.security.akamai_appsec_configuration.config",
            "module.security.data.akamai_group.group"
          ]
        }
      ]
    },
    {
      "module": "module.security",
      "mode": "managed",
      "type": "akamai_botman_transactional_endpoint_protection",
      "name": "transactional_endpoint_protection",
      "provider": "provider[\"registry.terraform.io/akamai/akamai\"]",
      "instances": [
        {
          "schema_version": 0,
          "attributes": {
            "config_id": 127246,
            "id": "127246",
            "transactional_endpoint_protection": "{\"inlineTelemetry\":{\"aggressiveThreshold\":90,\"detectionSetType\":\"BOT_SCORE\",\"safeguardAction\":\"USE_STRICT_ACTION\",\"strictThreshold\":50},\"sdkTelemetry\":{\"androidAggressiveThreshold\":90,\"androidStrictThreshold\":50,\"detectionSetType\":\"BOT_SCORE_SDK\",\"iosAggressiveThreshold\":90,\"iosStrictThreshold\":50,\"safeguardAction\":\"USE_STRICT_ACTION\"},\"standardTelemetry\":{\"aggressiveThreshold\":90,\"detectionSetType\":\"BOT_SCORE\",\"safeguardAction\":\"USE_STRICT_ACTION\",\"strictThreshold\":50}}"
          },
          "sensitive_attributes": [],
          "identity_schema_version": 0,
          "private": "eyJzY2hlbWFfdmVyc2lvbiI6IjAifQ==",
          "dependencies": [
            "module.security.akamai_appsec_configuration.config",
            "module.security.data.akamai_group.group"
          ]
        }
      ]
    }
  ],
  "check_results": null
}
