{
  "version": 4,
  "terraform_version": "1.11.4",
  "serial": 828,
  "lineage": "b666eddd-7806-006f-de5b-e713284cf845",
  "outputs": {},
  "resources": [
    {
      "module": "module.activate-security",
      "mode": "data",
      "type": "akamai_appsec_configuration",
      "name": "config",
      "provider": "provider[\"registry.terraform.io/akamai/akamai\"]",
      "instances": [
        {
          "schema_version": 0,
          "attributes": {
            "config_id": 26906,
            "host_names": [
              "*.grundfos.com"
            ],
            "id": "26906",
            "latest_version": 204,
            "name": "Bot Manager Config",
            "output_text": "\n+------------------------------------------------------------------------------------------------------------+\n| Configurations                                                                                             |\n+-----------+--------------------+----------------+---------------------------+------------------------------+\n| CONFIG_ID | NAME               | LATEST_VERSION | VERSION_ACTIVE_IN_STAGING | VERSION_ACTIVE_IN_PRODUCTION |\n+-----------+--------------------+----------------+---------------------------+------------------------------+\n| 26906     | Bot Manager Config | 204            | 204                       | 204                          |\n+-----------+--------------------+----------------+---------------------------+------------------------------+\n",
            "production_version": 204,
            "staging_version": 204
          },
          "sensitive_attributes": []
        }
      ]
    },
    {
      "module": "module.activate-security",
      "mode": "managed",
      "type": "akamai_appsec_activations",
      "name": "appsecactivation",
      "provider": "provider[\"registry.terraform.io/akamai/akamai\"]",
      "instances": [
        {
          "schema_version": 0,
          "attributes": {
            "config_id": 26906,
            "id": "1991580",
            "network": "STAGING",
            "note": "Adding AEM integrations bot",
            "notification_emails": [
              "skristiansen@grundfos.com"
            ],
            "status": "ACTIVATED",
            "timeouts": null,
            "version": 204
          },
          "sensitive_attributes": [],
          "private": "eyJlMmJmYjczMC1lY2FhLTExZTYtOGY4OC0zNDM2M2JjN2M0YzAiOnsiY3JlYXRlIjo1NDAwMDAwMDAwMDAwLCJkZWZhdWx0Ijo1NDAwMDAwMDAwMDAwLCJkZWxldGUiOjU0MDAwMDAwMDAwMDAsInJlYWQiOjU0MDAwMDAwMDAwMDAsInVwZGF0ZSI6NTQwMDAwMDAwMDAwMH0sInNjaGVtYV92ZXJzaW9uIjoiMCJ9"
        }
      ]
    },
    {
      "module": "module.security",
      "mode": "data",
      "type": "akamai_group",
      "name": "group",
      "provider": "provider[\"registry.terraform.io/akamai/akamai\"]",
      "instances": [
        {
          "schema_version": 0,
          "attributes": {
            "contract_id": "",
            "group_name": "Sintex",
            "id": "grp_269605"
          },
          "sensitive_attributes": []
        }
      ]
    },
    {
      "module": "module.security",
      "mode": "managed",
      "type": "akamai_appsec_advanced_settings_attack_payload_logging",
      "name": "attack_payload_logging",
      "provider": "provider[\"registry.terraform.io/akamai/akamai\"]",
      "instances": [
        {
          "schema_version": 0,
          "attributes": {
            "attack_payload_logging": "{\"override\":false,\"enabled\":true,\"requestBody\":{\"type\":\"ATTACK_PAYLOAD\"},\"responseBody\":{\"type\":\"ATTACK_PAYLOAD\"}}",
            "config_id": 26906,
            "id": "26906:",
            "security_policy_id": ""
          },
          "sensitive_attributes": [],
          "private": "eyJzY2hlbWFfdmVyc2lvbiI6IjAifQ=="
        }
      ]
    },
    {
      "module": "module.security",
      "mode": "managed",
      "type": "akamai_appsec_advanced_settings_evasive_path_match",
      "name": "evasive_path_match",
      "provider": "provider[\"registry.terraform.io/akamai/akamai\"]",
      "instances": [
        {
          "schema_version": 0,
          "attributes": {
            "config_id": 26906,
            "enable_path_match": true,
            "id": "26906",
            "security_policy_id": ""
          },
          "sensitive_attributes": [],
          "private": "eyJzY2hlbWFfdmVyc2lvbiI6IjAifQ=="
        }
      ]
    },
    {
      "module": "module.security",
      "mode": "managed",
      "type": "akamai_appsec_advanced_settings_evasive_path_match",
      "name": "main_policy",
      "provider": "provider[\"registry.terraform.io/akamai/akamai\"]",
      "instances": [
        {
          "schema_version": 0,
          "attributes": {
            "config_id": 26906,
            "enable_path_match": true,
            "id": "26906:gfmp_56269",
            "security_policy_id": "gfmp_56269"
          },
          "sensitive_attributes": [],
          "private": "eyJzY2hlbWFfdmVyc2lvbiI6IjAifQ=="
        }
      ]
    },
    {
      "module": "module.security",
      "mode": "managed",
      "type": "akamai_appsec_advanced_settings_evasive_path_match",
      "name": "waf",
      "provider": "provider[\"registry.terraform.io/akamai/akamai\"]",
      "instances": [
        {
          "schema_version": 0,
          "attributes": {
            "config_id": 26906,
            "enable_path_match": true,
            "id": "26906:gfos_92914",
            "security_policy_id": "gfos_92914"
          },
          "sensitive_attributes": [],
          "private": "eyJzY2hlbWFfdmVyc2lvbiI6IjAifQ=="
        }
      ]
    },
    {
      "module": "module.security",
      "mode": "managed",
      "type": "akamai_appsec_advanced_settings_logging",
      "name": "logging",
      "provider": "provider[\"registry.terraform.io/akamai/akamai\"]",
      "instances": [
        {
          "schema_version": 0,
          "attributes": {
            "config_id": 26906,
            "id": "26906",
            "logging": "{\"allowSampling\":true,\"cookies\":{\"type\":\"all\"},\"customHeaders\":{\"type\":\"all\"},\"standardHeaders\":{\"type\":\"all\"}}",
            "security_policy_id": ""
          },
          "sensitive_attributes": [],
          "private": "eyJzY2hlbWFfdmVyc2lvbiI6IjAifQ=="
        }
      ]
    },
    {
      "module": "module.security",
      "mode": "managed",
      "type": "akamai_appsec_advanced_settings_pii_learning",
      "name": "pii_learning",
      "provider": "provider[\"registry.terraform.io/akamai/akamai\"]",
      "instances": [
        {
          "schema_version": 0,
          "attributes": {
            "config_id": 26906,
            "enable_pii_learning": false,
            "id": "26906"
          },
          "sensitive_attributes": [],
          "private": "eyJzY2hlbWFfdmVyc2lvbiI6IjAifQ=="
        }
      ]
    },
    {
      "module": "module.security",
      "mode": "managed",
      "type": "akamai_appsec_advanced_settings_pragma_header",
      "name": "main_policy",
      "provider": "provider[\"registry.terraform.io/akamai/akamai\"]",
      "instances": [
        {
          "schema_version": 0,
          "attributes": {
            "config_id": 26906,
            "id": "26906:gfmp_56269",
            "pragma_header": "{\"action\":\"REMOVE\",\"conditionOperator\":\"AND\",\"excludeCondition\":[{\"type\":\"ipMatch\",\"positiveMatch\":true,\"header\":\"\",\"value\":[\"193.3.1.0/24\",\"193.3.10.0/24\",\"193.3.11.0/24\",\"193.3.12.0/24\",\"193.3.3.0/24\",\"193.3.2.0/24\",\"193.3.5.0/24\",\"193.3.6.0/24\",\"193.3.8.0/24\",\"193.3.9.0/24\",\"83.172.91.91\",\"85.191.218.25\",\"46.4.85.220\",\"85.218.130.34\",\"185.233.254.229\",\"180.193.190.122\",\"203.177.128.8/30\",\"122.53.113.72/29\"],\"name\":\"\",\"valueCase\":false,\"valueWildcard\":false,\"useHeaders\":false}]}",
            "security_policy_id": "gfmp_56269"
          },
          "sensitive_attributes": [],
          "private": "eyJzY2hlbWFfdmVyc2lvbiI6IjAifQ=="
        }
      ]
    },
    {
      "module": "module.security",
      "mode": "managed",
      "type": "akamai_appsec_advanced_settings_pragma_header",
      "name": "pragma_header",
      "provider": "provider[\"registry.terraform.io/akamai/akamai\"]",
      "instances": [
        {
          "schema_version": 0,
          "attributes": {
            "config_id": 26906,
            "id": "26906",
            "pragma_header": "{\"action\":\"REMOVE\",\"conditionOperator\":\"AND\",\"excludeCondition\":[{\"type\":\"ipMatch\",\"positiveMatch\":true,\"header\":\"\",\"value\":[\"193.3.1.0/24\",\"193.3.10.0/24\",\"193.3.11.0/24\",\"193.3.12.0/24\",\"193.3.3.0/24\",\"193.3.2.0/24\",\"193.3.5.0/24\",\"193.3.6.0/24\",\"193.3.8.0/24\",\"193.3.9.0/24\",\"83.172.91.91\",\"85.191.218.25\",\"46.4.85.220\",\"85.218.130.34\",\"185.233.254.229\"],\"name\":\"\",\"valueCase\":false,\"valueWildcard\":false,\"useHeaders\":false}]}",
            "security_policy_id": ""
          },
          "sensitive_attributes": [],
          "private": "eyJzY2hlbWFfdmVyc2lvbiI6IjAifQ=="
        }
      ]
    },
    {
      "module": "module.security",
      "mode": "managed",
      "type": "akamai_appsec_advanced_settings_pragma_header",
      "name": "waf",
      "provider": "provider[\"registry.terraform.io/akamai/akamai\"]",
      "instances": [
        {
          "schema_version": 0,
          "attributes": {
            "config_id": 26906,
            "id": "26906:gfos_92914",
            "pragma_header": "{\"action\":\"REMOVE\",\"conditionOperator\":\"AND\",\"excludeCondition\":[{\"type\":\"ipMatch\",\"positiveMatch\":true,\"header\":\"\",\"value\":[\"193.3.1.0/24\",\"193.3.10.0/24\",\"193.3.11.0/24\",\"193.3.12.0/24\",\"193.3.3.0/24\",\"193.3.2.0/24\",\"193.3.5.0/24\",\"193.3.6.0/24\",\"193.3.8.0/24\",\"193.3.9.0/24\",\"83.172.91.91\",\"85.191.218.25\",\"46.4.85.220\",\"85.218.130.34\",\"185.233.254.229\",\"180.193.190.122\",\"122.53.113.72/29\",\"203.177.128.8/30\"],\"name\":\"\",\"valueCase\":false,\"valueWildcard\":false,\"useHeaders\":false}]}",
            "security_policy_id": "gfos_92914"
          },
          "sensitive_attributes": [],
          "private": "eyJzY2hlbWFfdmVyc2lvbiI6IjAifQ=="
        }
      ]
    },
    {
      "module": "module.security",
      "mode": "managed",
      "type": "akamai_appsec_advanced_settings_prefetch",
      "name": "prefetch",
      "provider": "provider[\"registry.terraform.io/akamai/akamai\"]",
      "instances": [
        {
          "schema_version": 0,
          "attributes": {
            "all_extensions": false,
            "config_id": 26906,
            "enable_app_layer": true,
            "enable_rate_controls": false,
            "extensions": [
              "EMPTY_STRING",
              "asp",
              "aspx",
              "cgi",
              "jsp",
              "php",
              "py"
            ],
            "id": "26906"
          },
          "sensitive_attributes": [],
          "private": "eyJzY2hlbWFfdmVyc2lvbiI6IjAifQ=="
        }
      ]
    },
    {
      "module": "module.security",
      "mode": "managed",
      "type": "akamai_appsec_advanced_settings_request_body",
      "name": "config_settings",
      "provider": "provider[\"registry.terraform.io/akamai/akamai\"]",
      "instances": [
        {
          "schema_version": 0,
          "attributes": {
            "config_id": 26906,
            "id": "26906:",
            "request_body_inspection_limit": "default",
            "request_body_inspection_limit_override": null,
            "security_policy_id": ""
          },
          "sensitive_attributes": [],
          "private": "eyJzY2hlbWFfdmVyc2lvbiI6IjAifQ=="
        }
      ]
    },
    {
      "module": "module.security",
      "mode": "managed",
      "type": "akamai_appsec_api_constraints_protection",
      "name": "main_policy",
      "provider": "provider[\"registry.terraform.io/akamai/akamai\"]",
      "instances": [
        {
          "schema_version": 0,
          "attributes": {
            "config_id": 26906,
            "enabled": false,
            "id": "26906:gfmp_56269",
            "output_text": "\n+------------------------------------------------------------------------------------------------------------------------------------------------------------+\n| Security Policy Protections                                                                                                                                |\n+----------------+--------------------------+----------------+-----------------+----------------------+--------------+--------------------+------------------+\n| APICONSTRAINTS | APPLICATIONLAYERCONTROLS | BOTMANCONTROLS | MALWARECONTROLS | NETWORKLAYERCONTROLS | RATECONTROLS | REPUTATIONCONTROLS | SLOWPOSTCONTROLS |\n+----------------+--------------------------+----------------+-----------------+----------------------+--------------+--------------------+------------------+\n| false          | true                     | true           | false           | true                 | true         | true               | true             |\n+----------------+--------------------------+----------------+-----------------+----------------------+--------------+--------------------+------------------+\n",
            "security_policy_id": "gfmp_56269"
          },
          "sensitive_attributes": [],
          "private": "eyJzY2hlbWFfdmVyc2lvbiI6IjAifQ=="
        }
      ]
    },
    {
      "module": "module.security",
      "mode": "managed",
      "type": "akamai_appsec_api_constraints_protection",
      "name": "waf",
      "provider": "provider[\"registry.terraform.io/akamai/akamai\"]",
      "instances": [
        {
          "schema_version": 0,
          "attributes": {
            "config_id": 26906,
            "enabled": true,
            "id": "26906:gfos_92914",
            "output_text": "\n+------------------------------------------------------------------------------------------------------------------------------------------------------------+\n| Security Policy Protections                                                                                                                                |\n+----------------+--------------------------+----------------+-----------------+----------------------+--------------+--------------------+------------------+\n| APICONSTRAINTS | APPLICATIONLAYERCONTROLS | BOTMANCONTROLS | MALWARECONTROLS | NETWORKLAYERCONTROLS | RATECONTROLS | REPUTATIONCONTROLS | SLOWPOSTCONTROLS |\n+----------------+--------------------------+----------------+-----------------+----------------------+--------------+--------------------+------------------+\n| true           | true                     | true           | false           | true                 | true         | true               | true             |\n+----------------+--------------------------+----------------+-----------------+----------------------+--------------+--------------------+------------------+\n",
            "security_policy_id": "gfos_92914"
          },
          "sensitive_attributes": [],
          "private": "eyJzY2hlbWFfdmVyc2lvbiI6IjAifQ=="
        }
      ]
    },
    {
      "module": "module.security",
      "mode": "managed",
      "type": "akamai_appsec_api_request_constraints",
      "name": "waf_536219",
      "provider": "provider[\"registry.terraform.io/akamai/akamai\"]",
      "instances": [
        {
          "schema_version": 0,
          "attributes": {
            "action": "none",
            "api_endpoint_id": 536219,
            "config_id": 26906,
            "id": "26906:gfos_92914:536219",
            "security_policy_id": "gfos_92914"
          },
          "sensitive_attributes": [],
          "private": "eyJzY2hlbWFfdmVyc2lvbiI6IjAifQ=="
        }
      ]
    },
    {
      "module": "module.security",
      "mode": "managed",
      "type": "akamai_appsec_api_request_constraints",
      "name": "waf_537111",
      "provider": "provider[\"registry.terraform.io/akamai/akamai\"]",
      "instances": [
        {
          "schema_version": 0,
          "attributes": {
            "action": "none",
            "api_endpoint_id": 537111,
            "config_id": 26906,
            "id": "26906:gfos_92914:537111",
            "security_policy_id": "gfos_92914"
          },
          "sensitive_attributes": [],
          "private": "eyJzY2hlbWFfdmVyc2lvbiI6IjAifQ=="
        }
      ]
    },
    {
      "module": "module.security",
      "mode": "managed",
      "type": "akamai_appsec_attack_group",
      "name": "main_policy_CMD",
      "provider": "provider[\"registry.terraform.io/akamai/akamai\"]",
      "instances": [
        {
          "schema_version": 0,
          "attributes": {
            "attack_group": "CMD",
            "attack_group_action": "alert",
            "condition_exception": null,
            "config_id": 26906,
            "id": "26906:gfmp_56269:CMD",
            "security_policy_id": "gfmp_56269"
          },
          "sensitive_attributes": [],
          "private": "eyJzY2hlbWFfdmVyc2lvbiI6IjAifQ=="
        }
      ]
    },
    {
      "module": "module.security",
      "mode": "managed",
      "type": "akamai_appsec_attack_group",
      "name": "main_policy_LFI",
      "provider": "provider[\"registry.terraform.io/akamai/akamai\"]",
      "instances": [
        {
          "schema_version": 0,
          "attributes": {
            "attack_group": "LFI",
            "attack_group_action": "alert",
            "condition_exception": null,
            "config_id": 26906,
            "id": "26906:gfmp_56269:LFI",
            "security_policy_id": "gfmp_56269"
          },
          "sensitive_attributes": [],
          "private": "eyJzY2hlbWFfdmVyc2lvbiI6IjAifQ=="
        }
      ]
    },
    {
      "module": "module.security",
      "mode": "managed",
      "type": "akamai_appsec_attack_group",
      "name": "main_policy_PLATFORM",
      "provider": "provider[\"registry.terraform.io/akamai/akamai\"]",
      "instances": [
        {
          "schema_version": 0,
          "attributes": {
            "attack_group": "PLATFORM",
            "attack_group_action": "alert",
            "condition_exception": null,
            "config_id": 26906,
            "id": "26906:gfmp_56269:PLATFORM",
            "security_policy_id": "gfmp_56269"
          },
          "sensitive_attributes": [],
          "private": "eyJzY2hlbWFfdmVyc2lvbiI6IjAifQ=="
        }
      ]
    },
    {
      "module": "module.security",
      "mode": "managed",
      "type": "akamai_appsec_attack_group",
      "name": "main_policy_POLICY",
      "provider": "provider[\"registry.terraform.io/akamai/akamai\"]",
      "instances": [
        {
          "schema_version": 0,
          "attributes": {
            "attack_group": "POLICY",
            "attack_group_action": "alert",
            "condition_exception": null,
            "config_id": 26906,
            "id": "26906:gfmp_56269:POLICY",
            "security_policy_id": "gfmp_56269"
          },
          "sensitive_attributes": [],
          "private": "eyJzY2hlbWFfdmVyc2lvbiI6IjAifQ=="
        }
      ]
    },
    {
      "module": "module.security",
      "mode": "managed",
      "type": "akamai_appsec_attack_group",
      "name": "main_policy_PROTOCOL",
      "provider": "provider[\"registry.terraform.io/akamai/akamai\"]",
      "instances": [
        {
          "schema_version": 0,
          "attributes": {
            "attack_group": "PROTOCOL",
            "attack_group_action": "alert",
            "condition_exception": null,
            "config_id": 26906,
            "id": "26906:gfmp_56269:PROTOCOL",
            "security_policy_id": "gfmp_56269"
          },
          "sensitive_attributes": [],
          "private": "eyJzY2hlbWFfdmVyc2lvbiI6IjAifQ=="
        }
      ]
    },
    {
      "module": "module.security",
      "mode": "managed",
      "type": "akamai_appsec_attack_group",
      "name": "main_policy_RFI",
      "provider": "provider[\"registry.terraform.io/akamai/akamai\"]",
      "instances": [
        {
          "schema_version": 0,
          "attributes": {
            "attack_group": "RFI",
            "attack_group_action": "alert",
            "condition_exception": null,
            "config_id": 26906,
            "id": "26906:gfmp_56269:RFI",
            "security_policy_id": "gfmp_56269"
          },
          "sensitive_attributes": [],
          "private": "eyJzY2hlbWFfdmVyc2lvbiI6IjAifQ=="
        }
      ]
    },
    {
      "module": "module.security",
      "mode": "managed",
      "type": "akamai_appsec_attack_group",
      "name": "main_policy_SQL",
      "provider": "provider[\"registry.terraform.io/akamai/akamai\"]",
      "instances": [
        {
          "schema_version": 0,
          "attributes": {
            "attack_group": "SQL",
            "attack_group_action": "alert",
            "condition_exception": null,
            "config_id": 26906,
            "id": "26906:gfmp_56269:SQL",
            "security_policy_id": "gfmp_56269"
          },
          "sensitive_attributes": [],
          "private": "eyJzY2hlbWFfdmVyc2lvbiI6IjAifQ=="
        }
      ]
    },
    {
      "module": "module.security",
      "mode": "managed",
      "type": "akamai_appsec_attack_group",
      "name": "main_policy_WAT",
      "provider": "provider[\"registry.terraform.io/akamai/akamai\"]",
      "instances": [
        {
          "schema_version": 0,
          "attributes": {
            "attack_group": "WAT",
            "attack_group_action": "alert",
            "condition_exception": null,
            "config_id": 26906,
            "id": "26906:gfmp_56269:WAT",
            "security_policy_id": "gfmp_56269"
          },
          "sensitive_attributes": [],
          "private": "eyJzY2hlbWFfdmVyc2lvbiI6IjAifQ=="
        }
      ]
    },
    {
      "module": "module.security",
      "mode": "managed",
      "type": "akamai_appsec_attack_group",
      "name": "main_policy_XSS",
      "provider": "provider[\"registry.terraform.io/akamai/akamai\"]",
      "instances": [
        {
          "schema_version": 0,
          "attributes": {
            "attack_group": "XSS",
            "attack_group_action": "alert",
            "condition_exception": null,
            "config_id": 26906,
            "id": "26906:gfmp_56269:XSS",
            "security_policy_id": "gfmp_56269"
          },
          "sensitive_attributes": [],
          "private": "eyJzY2hlbWFfdmVyc2lvbiI6IjAifQ=="
        }
      ]
    },
    {
      "module": "module.security",
      "mode": "managed",
      "type": "akamai_appsec_attack_group",
      "name": "waf_CMD",
      "provider": "provider[\"registry.terraform.io/akamai/akamai\"]",
      "instances": [
        {
          "schema_version": 0,
          "attributes": {
            "attack_group": "CMD",
            "attack_group_action": "deny",
            "condition_exception": null,
            "config_id": 26906,
            "id": "26906:gfos_92914:CMD",
            "security_policy_id": "gfos_92914"
          },
          "sensitive_attributes": [],
          "private": "eyJzY2hlbWFfdmVyc2lvbiI6IjAifQ=="
        }
      ]
    },
    {
      "module": "module.security",
      "mode": "managed",
      "type": "akamai_appsec_attack_group",
      "name": "waf_LFI",
      "provider": "provider[\"registry.terraform.io/akamai/akamai\"]",
      "instances": [
        {
          "schema_version": 0,
          "attributes": {
            "attack_group": "LFI",
            "attack_group_action": "deny",
            "condition_exception": null,
            "config_id": 26906,
            "id": "26906:gfos_92914:LFI",
            "security_policy_id": "gfos_92914"
          },
          "sensitive_attributes": [],
          "private": "eyJzY2hlbWFfdmVyc2lvbiI6IjAifQ=="
        }
      ]
    },
    {
      "module": "module.security",
      "mode": "managed",
      "type": "akamai_appsec_attack_group",
      "name": "waf_PLATFORM",
      "provider": "provider[\"registry.terraform.io/akamai/akamai\"]",
      "instances": [
        {
          "schema_version": 0,
          "attributes": {
            "attack_group": "PLATFORM",
            "attack_group_action": "deny",
            "condition_exception": null,
            "config_id": 26906,
            "id": "26906:gfos_92914:PLATFORM",
            "security_policy_id": "gfos_92914"
          },
          "sensitive_attributes": [],
          "private": "eyJzY2hlbWFfdmVyc2lvbiI6IjAifQ=="
        }
      ]
    },
    {
      "module": "module.security",
      "mode": "managed",
      "type": "akamai_appsec_attack_group",
      "name": "waf_POLICY",
      "provider": "provider[\"registry.terraform.io/akamai/akamai\"]",
      "instances": [
        {
          "schema_version": 0,
          "attributes": {
            "attack_group": "POLICY",
            "attack_group_action": "deny",
            "condition_exception": "{\"exception\":{\"specificHeaderCookieParamXmlOrJsonNames\":[{\"names\":[\"Content-Length\"],\"selector\":\"REQUEST_HEADERS\"}]}}",
            "config_id": 26906,
            "id": "26906:gfos_92914:POLICY",
            "security_policy_id": "gfos_92914"
          },
          "sensitive_attributes": [],
          "private": "eyJzY2hlbWFfdmVyc2lvbiI6IjAifQ=="
        }
      ]
    },
    {
      "module": "module.security",
      "mode": "managed",
      "type": "akamai_appsec_attack_group",
      "name": "waf_PROTOCOL",
      "provider": "provider[\"registry.terraform.io/akamai/akamai\"]",
      "instances": [
        {
          "schema_version": 0,
          "attributes": {
            "attack_group": "PROTOCOL",
            "attack_group_action": "deny",
            "condition_exception": null,
            "config_id": 26906,
            "id": "26906:gfos_92914:PROTOCOL",
            "security_policy_id": "gfos_92914"
          },
          "sensitive_attributes": [],
          "private": "eyJzY2hlbWFfdmVyc2lvbiI6IjAifQ=="
        }
      ]
    },
    {
      "module": "module.security",
      "mode": "managed",
      "type": "akamai_appsec_attack_group",
      "name": "waf_RFI",
      "provider": "provider[\"registry.terraform.io/akamai/akamai\"]",
      "instances": [
        {
          "schema_version": 0,
          "attributes": {
            "attack_group": "RFI",
            "attack_group_action": "deny",
            "condition_exception": null,
            "config_id": 26906,
            "id": "26906:gfos_92914:RFI",
            "security_policy_id": "gfos_92914"
          },
          "sensitive_attributes": [],
          "private": "eyJzY2hlbWFfdmVyc2lvbiI6IjAifQ=="
        }
      ]
    },
    {
      "module": "module.security",
      "mode": "managed",
      "type": "akamai_appsec_attack_group",
      "name": "waf_SQL",
      "provider": "provider[\"registry.terraform.io/akamai/akamai\"]",
      "instances": [
        {
          "schema_version": 0,
          "attributes": {
            "attack_group": "SQL",
            "attack_group_action": "deny",
            "condition_exception": null,
            "config_id": 26906,
            "id": "26906:gfos_92914:SQL",
            "security_policy_id": "gfos_92914"
          },
          "sensitive_attributes": [],
          "private": "eyJzY2hlbWFfdmVyc2lvbiI6IjAifQ=="
        }
      ]
    },
    {
      "module": "module.security",
      "mode": "managed",
      "type": "akamai_appsec_attack_group",
      "name": "waf_WAT",
      "provider": "provider[\"registry.terraform.io/akamai/akamai\"]",
      "instances": [
        {
          "schema_version": 0,
          "attributes": {
            "attack_group": "WAT",
            "attack_group_action": "deny",
            "condition_exception": null,
            "config_id": 26906,
            "id": "26906:gfos_92914:WAT",
            "security_policy_id": "gfos_92914"
          },
          "sensitive_attributes": [],
          "private": "eyJzY2hlbWFfdmVyc2lvbiI6IjAifQ=="
        }
      ]
    },
    {
      "module": "module.security",
      "mode": "managed",
      "type": "akamai_appsec_attack_group",
      "name": "waf_XSS",
      "provider": "provider[\"registry.terraform.io/akamai/akamai\"]",
      "instances": [
        {
          "schema_version": 0,
          "attributes": {
            "attack_group": "XSS",
            "attack_group_action": "deny",
            "condition_exception": null,
            "config_id": 26906,
            "id": "26906:gfos_92914:XSS",
            "security_policy_id": "gfos_92914"
          },
          "sensitive_attributes": [],
          "private": "eyJzY2hlbWFfdmVyc2lvbiI6IjAifQ=="
        }
      ]
    },
    {
      "module": "module.security",
      "mode": "managed",
      "type": "akamai_appsec_configuration",
      "name": "config",
      "provider": "provider[\"registry.terraform.io/akamai/akamai\"]",
      "instances": [
        {
          "schema_version": 0,
          "attributes": {
            "config_id": 26906,
            "contract_id": null,
            "create_from_config_id": null,
            "create_from_version": null,
            "description": "Bot Manager Security Configuration",
            "group_id": null,
            "host_names": [
              "*.grundfos.com"
            ],
            "id": "26906",
            "name": "Bot Manager Config"
          },
          "sensitive_attributes": [],
          "private": "eyJzY2hlbWFfdmVyc2lvbiI6IjAifQ=="
        }
      ]
    },
    {
      "module": "module.security",
      "mode": "managed",
      "type": "akamai_appsec_custom_deny",
      "name": "grundfos_410_deny_custom_136113",
      "provider": "provider[\"registry.terraform.io/akamai/akamai\"]",
      "instances": [
        {
          "schema_version": 0,
          "attributes": {
            "config_id": 26906,
            "custom_deny": "{\"description\":\"410 content does not exist anymore\",\"name\":\"grundfos_410\",\"parameters\":[{\"name\":\"prevent_browser_cache\",\"value\":\"true\"},{\"name\":\"response_body_content\",\"value\":\"\\u003c?xml version=\\\"1.0\\\" encoding=\\\"UTF-8\\\"?\\u003e\\n\\u003cerror\\u003e\\n  \\u003ctitle\\u003e410 - GONE\\u003c/title\\u003e\\n  \\u003ccode\\u003e%(AK_REFERENCE_ID)\\u003c/code\\u003e\\n  \\u003cip\\u003e%(AK_CLIENT_REAL_IP)\\u003c/ip\\u003e\\n  \\u003cbody\\u003e410 - GONE\\u003c/body\\u003e\\n\\u003c/error\\u003e\"},{\"name\":\"response_content_type\",\"value\":\"text/html\"},{\"name\":\"response_status_code\",\"value\":\"410\"}]}",
            "custom_deny_id": "deny_custom_136113",
            "id": "26906:deny_custom_136113"
          },
          "sensitive_attributes": [],
          "private": "eyJzY2hlbWFfdmVyc2lvbiI6IjAifQ=="
        }
      ]
    },
    {
      "module": "module.security",
      "mode": "managed",
      "type": "akamai_appsec_custom_deny",
      "name": "grundfos_deny_deny_custom_42278",
      "provider": "provider[\"registry.terraform.io/akamai/akamai\"]",
      "instances": [
        {
          "schema_version": 0,
          "attributes": {
            "config_id": 26906,
            "custom_deny": "{\"name\":\"grundfos_deny\",\"parameters\":[{\"name\":\"prevent_browser_cache\",\"value\":\"true\"},{\"name\":\"response_body_content\",\"value\":\"\\u003c?xml version=\\\"1.0\\\" encoding=\\\"UTF-8\\\"?\\u003e\\n\\u003cerror\\u003e\\n  \\u003ctitle\\u003eOops! Something went wrong\\u003c/title\\u003e\\n  \\u003ccode\\u003e%(AK_REFERENCE_ID)\\u003c/code\\u003e\\n  \\u003cip\\u003e%(AK_CLIENT_REAL_IP)\\u003c/ip\\u003e\\n  \\u003cbody\\u003ePlease contact Support.\\u003c/body\\u003e\\n\\u003c/error\\u003e\"},{\"name\":\"response_content_type\",\"value\":\"application/xml\"},{\"name\":\"response_status_code\",\"value\":\"403\"}]}",
            "custom_deny_id": "deny_custom_42278",
            "id": "26906:deny_custom_42278"
          },
          "sensitive_attributes": [],
          "private": "eyJzY2hlbWFfdmVyc2lvbiI6IjAifQ=="
        }
      ]
    },
    {
      "module": "module.security",
      "mode": "managed",
      "type": "akamai_appsec_custom_rule",
      "name": "block_dynatrace_60042367",
      "provider": "provider[\"registry.terraform.io/akamai/akamai\"]",
      "instances": [
        {
          "schema_version": 0,
          "attributes": {
            "config_id": 26906,
            "custom_rule": "{\"name\":\"Block Dynatrace\",\"tag\":[\"dynatrace_block\"],\"conditions\":[{\"positiveMatch\":true,\"type\":\"pathMatch\",\"value\":[\"/rb_ac89a30d-d288-4442-af05-1aa93de368fe\"],\"valueCase\":false,\"valueIgnoreSegment\":false,\"valueNormalize\":false,\"valueWildcard\":true}],\"operation\":\"AND\"}",
            "custom_rule_id": 60042367,
            "id": "26906:60042367"
          },
          "sensitive_attributes": [],
          "private": "eyJzY2hlbWFfdmVyc2lvbiI6IjAifQ=="
        }
      ]
    },
    {
      "module": "module.security",
      "mode": "managed",
      "type": "akamai_appsec_custom_rule",
      "name": "block_on_useragents_60041965",
      "provider": "provider[\"registry.terraform.io/akamai/akamai\"]",
      "instances": [
        {
          "schema_version": 0,
          "attributes": {
            "config_id": 26906,
            "custom_rule": "{\"name\":\"Block on User-agents\",\"tag\":[\"Block-on-user-agents\"],\"conditions\":[{\"name\":[\"User-Agent\"],\"nameWildcard\":true,\"positiveMatch\":true,\"type\":\"requestHeaderMatch\",\"value\":[\"axios/0.19.0\",\"*Mb2345Browser*\",\"*MQQBrowser*\",\"*LieBaoFast*\",\"*Sogou*\"],\"valueCase\":false,\"valueWildcard\":true},{\"name\":[\"Host\"],\"nameWildcard\":true,\"positiveMatch\":false,\"type\":\"requestHeaderMatch\",\"value\":[\"app.grundfos.com\",\"net.grundfos.com\"],\"valueCase\":false,\"valueWildcard\":true}],\"operation\":\"AND\"}",
            "custom_rule_id": 60041965,
            "id": "26906:60041965"
          },
          "sensitive_attributes": [],
          "private": "eyJzY2hlbWFfdmVyc2lvbiI6IjAifQ=="
        }
      ]
    },
    {
      "module": "module.security",
      "mode": "managed",
      "type": "akamai_appsec_custom_rule",
      "name": "empty_useragent_60041831",
      "provider": "provider[\"registry.terraform.io/akamai/akamai\"]",
      "instances": [
        {
          "schema_version": 0,
          "attributes": {
            "config_id": 26906,
            "custom_rule": "{\"name\":\"Empty user-agent\",\"tag\":[\"user-agent-missing\"],\"conditions\":[{\"name\":[\"User-Agent\"],\"nameWildcard\":false,\"positiveMatch\":true,\"type\":\"requestHeaderMatch\",\"value\":[\"EMPTY_STRING\"],\"valueCase\":false,\"valueWildcard\":false},{\"name\":[\"Host\"],\"nameWildcard\":false,\"positiveMatch\":false,\"type\":\"requestHeaderMatch\",\"value\":[\"app.grundfos.com\",\"net.grundfos.com\"],\"valueCase\":false,\"valueWildcard\":false}],\"operation\":\"AND\"}",
            "custom_rule_id": 60041831,
            "id": "26906:60041831"
          },
          "sensitive_attributes": [],
          "private": "eyJzY2hlbWFfdmVyc2lvbiI6IjAifQ=="
        }
      ]
    },
    {
      "module": "module.security",
      "mode": "managed",
      "type": "akamai_appsec_custom_rule",
      "name": "google_app_engine_virustotalcloud_60113920",
      "provider": "provider[\"registry.terraform.io/akamai/akamai\"]",
      "instances": [
        {
          "schema_version": 0,
          "attributes": {
            "config_id": 26906,
            "custom_rule": "{\"name\":\"Google App Engine virustotalcloud\",\"description\":\"Google App Engine virustotalcloud, crawler\",\"tag\":[\"Google_App_Engine_virustotalcloud\"],\"conditions\":[{\"name\":[\"User-Agent\"],\"nameWildcard\":false,\"positiveMatch\":true,\"type\":\"requestHeaderMatch\",\"value\":[\"*AppEngine-Google; (+http://code.google.com/appengine; appid: s~virustotalcloud)\"],\"valueCase\":false,\"valueWildcard\":true},{\"name\":[\"Host\"],\"nameWildcard\":false,\"positiveMatch\":true,\"type\":\"requestHeaderMatch\",\"value\":[\"www.grundfos.com\",\"product-selection.grundfos.com\"],\"valueCase\":false,\"valueWildcard\":false}],\"operation\":\"AND\"}",
            "custom_rule_id": 60113920,
            "id": "26906:60113920"
          },
          "sensitive_attributes": [],
          "private": "eyJzY2hlbWFfdmVyc2lvbiI6IjAifQ=="
        }
      ]
    },
    {
      "module": "module.security",
      "mode": "managed",
      "type": "akamai_appsec_custom_rule",
      "name": "useragent_does_not_exist_60041837",
      "provider": "provider[\"registry.terraform.io/akamai/akamai\"]",
      "instances": [
        {
          "schema_version": 0,
          "attributes": {
            "config_id": 26906,
            "custom_rule": "{\"name\":\"User-agent does not exist\",\"tag\":[\"user-agent-missing\"],\"conditions\":[{\"name\":[\"User-Agent\"],\"nameWildcard\":false,\"positiveMatch\":false,\"type\":\"requestHeaderMatch\",\"value\":[],\"valueCase\":false,\"valueWildcard\":true},{\"name\":[\"Host\"],\"nameWildcard\":false,\"positiveMatch\":false,\"type\":\"requestHeaderMatch\",\"value\":[\"app.grundfos.com\",\"net.grundfos.com\"],\"valueCase\":false,\"valueWildcard\":false}],\"operation\":\"AND\"}",
            "custom_rule_id": 60041837,
            "id": "26906:60041837"
          },
          "sensitive_attributes": [],
          "private": "eyJzY2hlbWFfdmVyc2lvbiI6IjAifQ=="
        }
      ]
    },
    {
      "module": "module.security",
      "mode": "managed",
      "type": "akamai_appsec_custom_rule_action",
      "name": "waf_60041831",
      "provider": "provider[\"registry.terraform.io/akamai/akamai\"]",
      "instances": [
        {
          "schema_version": 0,
          "attributes": {
            "config_id": 26906,
            "custom_rule_action": "deny_custom_42278",
            "custom_rule_id": 60041831,
            "id": "26906:gfos_92914:60041831",
            "security_policy_id": "gfos_92914"
          },
          "sensitive_attributes": [],
          "private": "eyJzY2hlbWFfdmVyc2lvbiI6IjAifQ=="
        }
      ]
    },
    {
      "module": "module.security",
      "mode": "managed",
      "type": "akamai_appsec_custom_rule_action",
      "name": "waf_60041837",
      "provider": "provider[\"registry.terraform.io/akamai/akamai\"]",
      "instances": [
        {
          "schema_version": 0,
          "attributes": {
            "config_id": 26906,
            "custom_rule_action": "deny_custom_42278",
            "custom_rule_id": 60041837,
            "id": "26906:gfos_92914:60041837",
            "security_policy_id": "gfos_92914"
          },
          "sensitive_attributes": [],
          "private": "eyJzY2hlbWFfdmVyc2lvbiI6IjAifQ=="
        }
      ]
    },
    {
      "module": "module.security",
      "mode": "managed",
      "type": "akamai_appsec_custom_rule_action",
      "name": "waf_60041965",
      "provider": "provider[\"registry.terraform.io/akamai/akamai\"]",
      "instances": [
        {
          "schema_version": 0,
          "attributes": {
            "config_id": 26906,
            "custom_rule_action": "deny_custom_42278",
            "custom_rule_id": 60041965,
            "id": "26906:gfos_92914:60041965",
            "security_policy_id": "gfos_92914"
          },
          "sensitive_attributes": [],
          "private": "eyJzY2hlbWFfdmVyc2lvbiI6IjAifQ=="
        }
      ]
    },
    {
      "module": "module.security",
      "mode": "managed",
      "type": "akamai_appsec_custom_rule_action",
      "name": "waf_60042367",
      "provider": "provider[\"registry.terraform.io/akamai/akamai\"]",
      "instances": [
        {
          "schema_version": 0,
          "attributes": {
            "config_id": 26906,
            "custom_rule_action": "deny_custom_42278",
            "custom_rule_id": 60042367,
            "id": "26906:gfos_92914:60042367",
            "security_policy_id": "gfos_92914"
          },
          "sensitive_attributes": [],
          "private": "eyJzY2hlbWFfdmVyc2lvbiI6IjAifQ=="
        }
      ]
    },
    {
      "module": "module.security",
      "mode": "managed",
      "type": "akamai_appsec_custom_rule_action",
      "name": "waf_60113920",
      "provider": "provider[\"registry.terraform.io/akamai/akamai\"]",
      "instances": [
        {
          "schema_version": 0,
          "attributes": {
            "config_id": 26906,
            "custom_rule_action": "deny_custom_42278",
            "custom_rule_id": 60113920,
            "id": "26906:gfos_92914:60113920",
            "security_policy_id": "gfos_92914"
          },
          "sensitive_attributes": [],
          "private": "eyJzY2hlbWFfdmVyc2lvbiI6IjAifQ=="
        }
      ]
    },
    {
      "module": "module.security",
      "mode": "managed",
      "type": "akamai_appsec_ip_geo",
      "name": "main_policy",
      "provider": "provider[\"registry.terraform.io/akamai/akamai\"]",
      "instances": [
        {
          "schema_version": 0,
          "attributes": {
            "asn_network_lists": [],
            "config_id": 26906,
            "exception_ip_network_lists": [
              "70146_IPBLACKLISTEXCEPTIONS"
            ],
            "geo_network_lists": [
              "70147_GEOBLACKLIST"
            ],
            "id": "26906:gfmp_56269",
            "ip_network_lists": [
              "70145_IPBLACKLIST"
            ],
            "mode": "block",
            "security_policy_id": "gfmp_56269",
            "ukraine_geo_control_action": "none"
          },
          "sensitive_attributes": [],
          "private": "eyJzY2hlbWFfdmVyc2lvbiI6IjAifQ=="
        }
      ]
    },
    {
      "module": "module.security",
      "mode": "managed",
      "type": "akamai_appsec_ip_geo",
      "name": "waf",
      "provider": "provider[\"registry.terraform.io/akamai/akamai\"]",
      "instances": [
        {
          "schema_version": 0,
          "attributes": {
            "asn_network_lists": [],
            "config_id": 26906,
            "exception_ip_network_lists": [
              "70146_IPBLACKLISTEXCEPTIONS"
            ],
            "geo_network_lists": [
              "70147_GEOBLACKLIST"
            ],
            "id": "26906:gfos_92914",
            "ip_network_lists": [
              "70145_IPBLACKLIST"
            ],
            "mode": "block",
            "security_policy_id": "gfos_92914",
            "ukraine_geo_control_action": "none"
          },
          "sensitive_attributes": [],
          "private": "eyJzY2hlbWFfdmVyc2lvbiI6IjAifQ=="
        }
      ]
    },
    {
      "module": "module.security",
      "mode": "managed",
      "type": "akamai_appsec_ip_geo_protection",
      "name": "main_policy",
      "provider": "provider[\"registry.terraform.io/akamai/akamai\"]",
      "instances": [
        {
          "schema_version": 0,
          "attributes": {
            "config_id": 26906,
            "enabled": true,
            "id": "26906:gfmp_56269",
            "output_text": "\n+------------------------------------------------------------------------------------------------------------------------------------------------------------+\n| Security Policy Protections                                                                                                                                |\n+----------------+--------------------------+----------------+-----------------+----------------------+--------------+--------------------+------------------+\n| APICONSTRAINTS | APPLICATIONLAYERCONTROLS | BOTMANCONTROLS | MALWARECONTROLS | NETWORKLAYERCONTROLS | RATECONTROLS | REPUTATIONCONTROLS | SLOWPOSTCONTROLS |\n+----------------+--------------------------+----------------+-----------------+----------------------+--------------+--------------------+------------------+\n| false          | true                     | true           | false           | true                 | true         | true               | true             |\n+----------------+--------------------------+----------------+-----------------+----------------------+--------------+--------------------+------------------+\n",
            "security_policy_id": "gfmp_56269"
          },
          "sensitive_attributes": [],
          "private": "eyJzY2hlbWFfdmVyc2lvbiI6IjAifQ=="
        }
      ]
    },
    {
      "module": "module.security",
      "mode": "managed",
      "type": "akamai_appsec_ip_geo_protection",
      "name": "waf",
      "provider": "provider[\"registry.terraform.io/akamai/akamai\"]",
      "instances": [
        {
          "schema_version": 0,
          "attributes": {
            "config_id": 26906,
            "enabled": true,
            "id": "26906:gfos_92914",
            "output_text": "\n+------------------------------------------------------------------------------------------------------------------------------------------------------------+\n| Security Policy Protections                                                                                                                                |\n+----------------+--------------------------+----------------+-----------------+----------------------+--------------+--------------------+------------------+\n| APICONSTRAINTS | APPLICATIONLAYERCONTROLS | BOTMANCONTROLS | MALWARECONTROLS | NETWORKLAYERCONTROLS | RATECONTROLS | REPUTATIONCONTROLS | SLOWPOSTCONTROLS |\n+----------------+--------------------------+----------------+-----------------+----------------------+--------------+--------------------+------------------+\n| true           | true                     | true           | false           | true                 | true         | true               | true             |\n+----------------+--------------------------+----------------+-----------------+----------------------+--------------+--------------------+------------------+\n",
            "security_policy_id": "gfos_92914"
          },
          "sensitive_attributes": [],
          "private": "eyJzY2hlbWFfdmVyc2lvbiI6IjAifQ=="
        }
      ]
    },
    {
      "module": "module.security",
      "mode": "managed",
      "type": "akamai_appsec_malware_protection",
      "name": "main_policy",
      "provider": "provider[\"registry.terraform.io/akamai/akamai\"]",
      "instances": [
        {
          "schema_version": 0,
          "attributes": {
            "config_id": 26906,
            "enabled": false,
            "id": "26906:gfmp_56269",
            "output_text": "\n+------------------------------------------------------------------------------------------------------------------------------------------------------------+\n| Security Policy Protections                                                                                                                                |\n+----------------+--------------------------+----------------+-----------------+----------------------+--------------+--------------------+------------------+\n| APICONSTRAINTS | APPLICATIONLAYERCONTROLS | BOTMANCONTROLS | MALWARECONTROLS | NETWORKLAYERCONTROLS | RATECONTROLS | REPUTATIONCONTROLS | SLOWPOSTCONTROLS |\n+----------------+--------------------------+----------------+-----------------+----------------------+--------------+--------------------+------------------+\n| false          | true                     | true           | false           | true                 | true         | true               | true             |\n+----------------+--------------------------+----------------+-----------------+----------------------+--------------+--------------------+------------------+\n",
            "security_policy_id": "gfmp_56269"
          },
          "sensitive_attributes": [],
          "private": "eyJzY2hlbWFfdmVyc2lvbiI6IjAifQ=="
        }
      ]
    },
    {
      "module": "module.security",
      "mode": "managed",
      "type": "akamai_appsec_malware_protection",
      "name": "waf",
      "provider": "provider[\"registry.terraform.io/akamai/akamai\"]",
      "instances": [
        {
          "schema_version": 0,
          "attributes": {
            "config_id": 26906,
            "enabled": false,
            "id": "26906:gfos_92914",
            "output_text": "\n+------------------------------------------------------------------------------------------------------------------------------------------------------------+\n| Security Policy Protections                                                                                                                                |\n+----------------+--------------------------+----------------+-----------------+----------------------+--------------+--------------------+------------------+\n| APICONSTRAINTS | APPLICATIONLAYERCONTROLS | BOTMANCONTROLS | MALWARECONTROLS | NETWORKLAYERCONTROLS | RATECONTROLS | REPUTATIONCONTROLS | SLOWPOSTCONTROLS |\n+----------------+--------------------------+----------------+-----------------+----------------------+--------------+--------------------+------------------+\n| true           | true                     | true           | false           | true                 | true         | true               | true             |\n+----------------+--------------------------+----------------+-----------------+----------------------+--------------+--------------------+------------------+\n",
            "security_policy_id": "gfos_92914"
          },
          "sensitive_attributes": [],
          "private": "eyJzY2hlbWFfdmVyc2lvbiI6IjAifQ=="
        }
      ]
    },
    {
      "module": "module.security",
      "mode": "managed",
      "type": "akamai_appsec_match_target",
      "name": "api_2351192",
      "provider": "provider[\"registry.terraform.io/akamai/akamai\"]",
      "instances": [
        {
          "schema_version": 0,
          "attributes": {
            "config_id": 26906,
            "id": "26906:2351192",
            "match_target": "{\"type\":\"api\",\"apis\":[{\"id\":536219,\"name\":\"app.grundfos.com\"},{\"id\":537111,\"name\":\"net.grundfos.com\"}],\"securityPolicy\":{\"policyId\":\"gfos_92914\"},\"targetId\":2351192,\"bypassNetworkLists\":[{\"name\":\"Security Bypass List\",\"id\":\"70148_SECURITYBYPASSLIST\"}]}",
            "match_target_id": 2351192
          },
          "sensitive_attributes": [],
          "private": "eyJzY2hlbWFfdmVyc2lvbiI6IjAifQ=="
        }
      ]
    },
    {
      "module": "module.security",
      "mode": "managed",
      "type": "akamai_appsec_match_target",
      "name": "website_1578634",
      "provider": "provider[\"registry.terraform.io/akamai/akamai\"]",
      "instances": [
        {
          "schema_version": 0,
          "attributes": {
            "config_id": 26906,
            "id": "26906:1578634",
            "match_target": "{\"type\":\"website\",\"defaultFile\":\"NO_MATCH\",\"hostnames\":[\"portalssand.grundfos.com\",\"enaqua.grundfos.com\",\"api-sand.grundfos.com\",\"ghs.grundfos.com\",\"net.grundfos.com\",\"wwwsand.grundfos.com\",\"product-selectionsand.grundfos.com\",\"portalstest.grundfos.com\",\"auth.grundfos.com\",\"app.grundfos.com\",\"portalssand01.grundfos.com\"],\"isNegativePathMatch\":false,\"filePaths\":[\"/*\"],\"securityPolicy\":{\"policyId\":\"gfmp_56269\"},\"targetId\":1578634,\"bypassNetworkLists\":[{\"name\":\"Security Bypass List\",\"id\":\"70148_SECURITYBYPASSLIST\"}]}",
            "match_target_id": 1578634
          },
          "sensitive_attributes": [],
          "private": "eyJzY2hlbWFfdmVyc2lvbiI6IjAifQ=="
        }
      ]
    },
    {
      "module": "module.security",
      "mode": "managed",
      "type": "akamai_appsec_match_target",
      "name": "website_2351195",
      "provider": "provider[\"registry.terraform.io/akamai/akamai\"]",
      "instances": [
        {
          "schema_version": 0,
          "attributes": {
            "config_id": 26906,
            "id": "26906:2351195",
            "match_target": "{\"type\":\"website\",\"defaultFile\":\"NO_MATCH\",\"hostnames\":[\"product-selectionsand01.grundfos.com\",\"wwwsand01.grundfos.com\",\"product-selection.grundfos.com\",\"cdn.grundfos.com\",\"www.grundfos.com\",\"product-selectiontest.grundfos.com\",\"wwwtest.grundfos.com\"],\"isNegativePathMatch\":false,\"filePaths\":[\"/*\"],\"securityPolicy\":{\"policyId\":\"gfos_92914\"},\"targetId\":2351195,\"bypassNetworkLists\":[{\"name\":\"Security Bypass List\",\"id\":\"70148_SECURITYBYPASSLIST\"}]}",
            "match_target_id": 2351195
          },
          "sensitive_attributes": [],
          "private": "eyJzY2hlbWFfdmVyc2lvbiI6IjAifQ=="
        }
      ]
    },
    {
      "module": "module.security",
      "mode": "managed",
      "type": "akamai_appsec_penalty_box",
      "name": "main_policy",
      "provider": "provider[\"registry.terraform.io/akamai/akamai\"]",
      "instances": [
        {
          "schema_version": 0,
          "attributes": {
            "config_id": 26906,
            "id": "26906:gfmp_56269",
            "penalty_box_action": "alert",
            "penalty_box_protection": true,
            "security_policy_id": "gfmp_56269"
          },
          "sensitive_attributes": [],
          "private": "eyJzY2hlbWFfdmVyc2lvbiI6IjAifQ=="
        }
      ]
    },
    {
      "module": "module.security",
      "mode": "managed",
      "type": "akamai_appsec_penalty_box",
      "name": "waf",
      "provider": "provider[\"registry.terraform.io/akamai/akamai\"]",
      "instances": [
        {
          "schema_version": 0,
          "attributes": {
            "config_id": 26906,
            "id": "26906:gfos_92914",
            "penalty_box_action": "alert",
            "penalty_box_protection": true,
            "security_policy_id": "gfos_92914"
          },
          "sensitive_attributes": [],
          "private": "eyJzY2hlbWFfdmVyc2lvbiI6IjAifQ=="
        }
      ]
    },
    {
      "module": "module.security",
      "mode": "managed",
      "type": "akamai_appsec_rate_policy",
      "name": "origin_error",
      "provider": "provider[\"registry.terraform.io/akamai/akamai\"]",
      "instances": [
        {
          "schema_version": 0,
          "attributes": {
            "config_id": 26906,
            "id": "26906:110931",
            "rate_policy": "{\"matchType\":\"path\",\"type\":\"WAF\",\"name\":\"Origin Error\",\"description\":\"An excessive error rate from the origin could indicate malicious activity by a bot scanning the site or a publishing error. In both cases, this would increase the origin traffic and could potentially destabilize it.\",\"averageThreshold\":5,\"burstThreshold\":8,\"clientIdentifiers\":[\"ip\"],\"useXForwardForHeaders\":false,\"requestType\":\"ForwardResponse\",\"sameActionOnIpv6\":true,\"pathMatchType\":\"Custom\",\"pathUriPositiveMatch\":true,\"additionalMatchOptions\":[{\"positiveMatch\":false,\"type\":\"NetworkListCondition\",\"values\":[\"70149_RATECONTROLSBYPASSLIST\"]},{\"positiveMatch\":true,\"type\":\"ResponseStatusCondition\",\"values\":[\"400\",\"401\",\"402\",\"403\",\"404\",\"405\",\"406\",\"407\",\"408\",\"409\",\"410\",\"500\",\"501\",\"502\",\"503\",\"504\"]},{\"positiveMatch\":false,\"type\":\"AsNumberCondition\",\"values\":[\"31131\"]}],\"counterType\":\"per_edge\",\"penaltyBoxDuration\":\"TEN_MINUTES\"}",
            "rate_policy_id": 110931
          },
          "sensitive_attributes": [],
          "private": "eyJzY2hlbWFfdmVyc2lvbiI6IjAifQ=="
        }
      ]
    },
    {
      "module": "module.security",
      "mode": "managed",
      "type": "akamai_appsec_rate_policy",
      "name": "page_view_requests",
      "provider": "provider[\"registry.terraform.io/akamai/akamai\"]",
      "instances": [
        {
          "schema_version": 0,
          "attributes": {
            "config_id": 26906,
            "id": "26906:110927",
            "rate_policy": "{\"matchType\":\"path\",\"type\":\"WAF\",\"name\":\"Page View Requests\",\"description\":\"A popular brute force attack consists of sending a large number of requests for base page HTML page or XHR requests (usually non-cacheable). This could destabilize the origin.\",\"averageThreshold\":18,\"burstThreshold\":28,\"clientIdentifiers\":[\"ip\"],\"useXForwardForHeaders\":false,\"requestType\":\"ClientRequest\",\"sameActionOnIpv6\":true,\"pathMatchType\":\"Custom\",\"pathUriPositiveMatch\":true,\"fileExtensions\":{\"positiveMatch\":false,\"values\":[\"aif\",\"aiff\",\"au\",\"avi\",\"bin\",\"bmp\",\"cab\",\"carb\",\"cct\",\"cdf\",\"class\",\"css\",\"csv\",\"dcr\",\"doc\",\"docx\",\"dtd\",\"ejs\",\"ejss\",\"eot\",\"eps\",\"exe\",\"flv\",\"gcf\",\"gff\",\"gif\",\"grv\",\"hdml\",\"hdp\",\"hqx\",\"ico\",\"ini\",\"jar\",\"jp2\",\"jpeg\",\"jpg\",\"js\",\"jxr\",\"mid\",\"midi\",\"mov\",\"mp3\",\"mp4\",\"nc\",\"ogv\",\"otc\",\"otf\",\"pct\",\"pdf\",\"pict\",\"pls\",\"png\",\"ppc\",\"ppt\",\"pptx\",\"ps\",\"pws\",\"svg\",\"svgz\",\"swa\",\"swf\",\"tif\",\"tiff\",\"ttc\",\"ttf\",\"txt\",\"vbs\",\"w32\",\"wav\",\"wbmp\",\"wdp\",\"webm\",\"webp\",\"wml\",\"wmlc\",\"wmls\",\"wmlsc\",\"woff\",\"woff2\",\"xls\",\"xlsx\",\"xsd\",\"zip\"]},\"additionalMatchOptions\":[{\"positiveMatch\":false,\"type\":\"NetworkListCondition\",\"values\":[\"70149_RATECONTROLSBYPASSLIST\"]},{\"positiveMatch\":false,\"type\":\"RequestMethodCondition\",\"values\":[\"POST\"]}],\"counterType\":\"per_edge\",\"penaltyBoxDuration\":\"TEN_MINUTES\"}",
            "rate_policy_id": 110927
          },
          "sensitive_attributes": [],
          "private": "eyJzY2hlbWFfdmVyc2lvbiI6IjAifQ=="
        }
      ]
    },
    {
      "module": "module.security",
      "mode": "managed",
      "type": "akamai_appsec_rate_policy",
      "name": "post_requests",
      "provider": "provider[\"registry.terraform.io/akamai/akamai\"]",
      "instances": [
        {
          "schema_version": 0,
          "attributes": {
            "config_id": 26906,
            "id": "26906:110932",
            "rate_policy": "{\"matchType\":\"path\",\"type\":\"WAF\",\"name\":\"POST Requests\",\"description\":\"Mitigating HTTP flood attacks using POST requests.\",\"averageThreshold\":6,\"burstThreshold\":10,\"clientIdentifiers\":[\"ip\"],\"useXForwardForHeaders\":false,\"requestType\":\"ClientRequest\",\"sameActionOnIpv6\":true,\"pathMatchType\":\"Custom\",\"pathUriPositiveMatch\":true,\"additionalMatchOptions\":[{\"positiveMatch\":false,\"type\":\"NetworkListCondition\",\"values\":[\"70149_RATECONTROLSBYPASSLIST\"]},{\"positiveMatch\":true,\"type\":\"RequestMethodCondition\",\"values\":[\"POST\"]}],\"counterType\":\"per_edge\",\"penaltyBoxDuration\":\"TEN_MINUTES\"}",
            "rate_policy_id": 110932
          },
          "sensitive_attributes": [],
          "private": "eyJzY2hlbWFfdmVyc2lvbiI6IjAifQ=="
        }
      ]
    },
    {
      "module": "module.security",
      "mode": "managed",
      "type": "akamai_appsec_rate_policy_action",
      "name": "main_policy_origin_error",
      "provider": "provider[\"registry.terraform.io/akamai/akamai\"]",
      "instances": [
        {
          "schema_version": 0,
          "attributes": {
            "config_id": 26906,
            "id": "26906:gfmp_56269:110931",
            "ipv4_action": "alert",
            "ipv6_action": "alert",
            "rate_policy_id": 110931,
            "security_policy_id": "gfmp_56269"
          },
          "sensitive_attributes": [],
          "private": "eyJzY2hlbWFfdmVyc2lvbiI6IjAifQ=="
        }
      ]
    },
    {
      "module": "module.security",
      "mode": "managed",
      "type": "akamai_appsec_rate_policy_action",
      "name": "main_policy_page_view_requests",
      "provider": "provider[\"registry.terraform.io/akamai/akamai\"]",
      "instances": [
        {
          "schema_version": 0,
          "attributes": {
            "config_id": 26906,
            "id": "26906:gfmp_56269:110927",
            "ipv4_action": "alert",
            "ipv6_action": "alert",
            "rate_policy_id": 110927,
            "security_policy_id": "gfmp_56269"
          },
          "sensitive_attributes": [],
          "private": "eyJzY2hlbWFfdmVyc2lvbiI6IjAifQ=="
        }
      ]
    },
    {
      "module": "module.security",
      "mode": "managed",
      "type": "akamai_appsec_rate_policy_action",
      "name": "main_policy_post_requests",
      "provider": "provider[\"registry.terraform.io/akamai/akamai\"]",
      "instances": [
        {
          "schema_version": 0,
          "attributes": {
            "config_id": 26906,
            "id": "26906:gfmp_56269:110932",
            "ipv4_action": "alert",
            "ipv6_action": "alert",
            "rate_policy_id": 110932,
            "security_policy_id": "gfmp_56269"
          },
          "sensitive_attributes": [],
          "private": "eyJzY2hlbWFfdmVyc2lvbiI6IjAifQ=="
        }
      ]
    },
    {
      "module": "module.security",
      "mode": "managed",
      "type": "akamai_appsec_rate_policy_action",
      "name": "waf_origin_error",
      "provider": "provider[\"registry.terraform.io/akamai/akamai\"]",
      "instances": [
        {
          "schema_version": 0,
          "attributes": {
            "config_id": 26906,
            "id": "26906:gfos_92914:110931",
            "ipv4_action": "deny",
            "ipv6_action": "deny",
            "rate_policy_id": 110931,
            "security_policy_id": "gfos_92914"
          },
          "sensitive_attributes": [],
          "private": "eyJzY2hlbWFfdmVyc2lvbiI6IjAifQ=="
        }
      ]
    },
    {
      "module": "module.security",
      "mode": "managed",
      "type": "akamai_appsec_rate_policy_action",
      "name": "waf_page_view_requests",
      "provider": "provider[\"registry.terraform.io/akamai/akamai\"]",
      "instances": [
        {
          "schema_version": 0,
          "attributes": {
            "config_id": 26906,
            "id": "26906:gfos_92914:110927",
            "ipv4_action": "deny",
            "ipv6_action": "deny",
            "rate_policy_id": 110927,
            "security_policy_id": "gfos_92914"
          },
          "sensitive_attributes": [],
          "private": "eyJzY2hlbWFfdmVyc2lvbiI6IjAifQ=="
        }
      ]
    },
    {
      "module": "module.security",
      "mode": "managed",
      "type": "akamai_appsec_rate_policy_action",
      "name": "waf_post_requests",
      "provider": "provider[\"registry.terraform.io/akamai/akamai\"]",
      "instances": [
        {
          "schema_version": 0,
          "attributes": {
            "config_id": 26906,
            "id": "26906:gfos_92914:110932",
            "ipv4_action": "deny",
            "ipv6_action": "deny",
            "rate_policy_id": 110932,
            "security_policy_id": "gfos_92914"
          },
          "sensitive_attributes": [],
          "private": "eyJzY2hlbWFfdmVyc2lvbiI6IjAifQ=="
        }
      ]
    },
    {
      "module": "module.security",
      "mode": "managed",
      "type": "akamai_appsec_rate_protection",
      "name": "main_policy",
      "provider": "provider[\"registry.terraform.io/akamai/akamai\"]",
      "instances": [
        {
          "schema_version": 0,
          "attributes": {
            "config_id": 26906,
            "enabled": true,
            "id": "26906:gfmp_56269",
            "output_text": "\n+------------------------------------------------------------------------------------------------------------------------------------------------------------+\n| Security Policy Protections                                                                                                                                |\n+----------------+--------------------------+----------------+-----------------+----------------------+--------------+--------------------+------------------+\n| APICONSTRAINTS | APPLICATIONLAYERCONTROLS | BOTMANCONTROLS | MALWARECONTROLS | NETWORKLAYERCONTROLS | RATECONTROLS | REPUTATIONCONTROLS | SLOWPOSTCONTROLS |\n+----------------+--------------------------+----------------+-----------------+----------------------+--------------+--------------------+------------------+\n| false          | true                     | true           | false           | true                 | true         | true               | true             |\n+----------------+--------------------------+----------------+-----------------+----------------------+--------------+--------------------+------------------+\n",
            "security_policy_id": "gfmp_56269"
          },
          "sensitive_attributes": [],
          "private": "eyJzY2hlbWFfdmVyc2lvbiI6IjAifQ=="
        }
      ]
    },
    {
      "module": "module.security",
      "mode": "managed",
      "type": "akamai_appsec_rate_protection",
      "name": "waf",
      "provider": "provider[\"registry.terraform.io/akamai/akamai\"]",
      "instances": [
        {
          "schema_version": 0,
          "attributes": {
            "config_id": 26906,
            "enabled": true,
            "id": "26906:gfos_92914",
            "output_text": "\n+------------------------------------------------------------------------------------------------------------------------------------------------------------+\n| Security Policy Protections                                                                                                                                |\n+----------------+--------------------------+----------------+-----------------+----------------------+--------------+--------------------+------------------+\n| APICONSTRAINTS | APPLICATIONLAYERCONTROLS | BOTMANCONTROLS | MALWARECONTROLS | NETWORKLAYERCONTROLS | RATECONTROLS | REPUTATIONCONTROLS | SLOWPOSTCONTROLS |\n+----------------+--------------------------+----------------+-----------------+----------------------+--------------+--------------------+------------------+\n| true           | true                     | true           | false           | true                 | true         | true               | true             |\n+----------------+--------------------------+----------------+-----------------+----------------------+--------------+--------------------+------------------+\n",
            "security_policy_id": "gfos_92914"
          },
          "sensitive_attributes": [],
          "private": "eyJzY2hlbWFfdmVyc2lvbiI6IjAifQ=="
        }
      ]
    },
    {
      "module": "module.security",
      "mode": "managed",
      "type": "akamai_appsec_reputation_profile",
      "name": "dos_attackers_high_threat",
      "provider": "provider[\"registry.terraform.io/akamai/akamai\"]",
      "instances": [
        {
          "schema_version": 0,
          "attributes": {
            "config_id": 26906,
            "id": "26906:4711733",
            "reputation_profile": "{\"context\":\"DOSATCK\",\"name\":\"DoS Attackers (High Threat)\",\"sharedIpHandling\":\"NON_SHARED\",\"threshold\":9}",
            "reputation_profile_id": 4711733
          },
          "sensitive_attributes": [],
          "private": "eyJzY2hlbWFfdmVyc2lvbiI6IjAifQ=="
        }
      ]
    },
    {
      "module": "module.security",
      "mode": "managed",
      "type": "akamai_appsec_reputation_profile",
      "name": "dos_attackers_high_threat__shared_ips_only",
      "provider": "provider[\"registry.terraform.io/akamai/akamai\"]",
      "instances": [
        {
          "schema_version": 0,
          "attributes": {
            "config_id": 26906,
            "id": "26906:6495922",
            "reputation_profile": "{\"context\":\"DOSATCK\",\"name\":\"DoS Attackers (High Threat) - Shared IPs only\",\"sharedIpHandling\":\"SHARED_ONLY\",\"threshold\":9}",
            "reputation_profile_id": 6495922
          },
          "sensitive_attributes": [],
          "private": "eyJzY2hlbWFfdmVyc2lvbiI6IjAifQ=="
        }
      ]
    },
    {
      "module": "module.security",
      "mode": "managed",
      "type": "akamai_appsec_reputation_profile",
      "name": "dos_attackers_low_threat",
      "provider": "provider[\"registry.terraform.io/akamai/akamai\"]",
      "instances": [
        {
          "schema_version": 0,
          "attributes": {
            "config_id": 26906,
            "id": "26906:4711736",
            "reputation_profile": "{\"context\":\"DOSATCK\",\"name\":\"DoS Attackers (Low Threat)\",\"sharedIpHandling\":\"NON_SHARED\",\"threshold\":5}",
            "reputation_profile_id": 4711736
          },
          "sensitive_attributes": [],
          "private": "eyJzY2hlbWFfdmVyc2lvbiI6IjAifQ=="
        }
      ]
    },
    {
      "module": "module.security",
      "mode": "managed",
      "type": "akamai_appsec_reputation_profile",
      "name": "dos_attackers_low_threat__shared_ips_only",
      "provider": "provider[\"registry.terraform.io/akamai/akamai\"]",
      "instances": [
        {
          "schema_version": 0,
          "attributes": {
            "config_id": 26906,
            "id": "26906:6495920",
            "reputation_profile": "{\"context\":\"DOSATCK\",\"name\":\"DoS Attackers (Low Threat) - Shared IPs Only\",\"sharedIpHandling\":\"SHARED_ONLY\",\"threshold\":7}",
            "reputation_profile_id": 6495920
          },
          "sensitive_attributes": [],
          "private": "eyJzY2hlbWFfdmVyc2lvbiI6IjAifQ=="
        }
      ]
    },
    {
      "module": "module.security",
      "mode": "managed",
      "type": "akamai_appsec_reputation_profile",
      "name": "scanning_tools_high_threat",
      "provider": "provider[\"registry.terraform.io/akamai/akamai\"]",
      "instances": [
        {
          "schema_version": 0,
          "attributes": {
            "config_id": 26906,
            "id": "26906:4711734",
            "reputation_profile": "{\"context\":\"SCANTL\",\"name\":\"Scanning Tools (High Threat)\",\"sharedIpHandling\":\"NON_SHARED\",\"threshold\":9}",
            "reputation_profile_id": 4711734
          },
          "sensitive_attributes": [],
          "private": "eyJzY2hlbWFfdmVyc2lvbiI6IjAifQ=="
        }
      ]
    },
    {
      "module": "module.security",
      "mode": "managed",
      "type": "akamai_appsec_reputation_profile",
      "name": "scanning_tools_high_threat__shared_ips_only",
      "provider": "provider[\"registry.terraform.io/akamai/akamai\"]",
      "instances": [
        {
          "schema_version": 0,
          "attributes": {
            "config_id": 26906,
            "id": "26906:6495926",
            "reputation_profile": "{\"context\":\"SCANTL\",\"name\":\"Scanning Tools (High Threat) - Shared IPs Only\",\"sharedIpHandling\":\"SHARED_ONLY\",\"threshold\":9}",
            "reputation_profile_id": 6495926
          },
          "sensitive_attributes": [],
          "private": "eyJzY2hlbWFfdmVyc2lvbiI6IjAifQ=="
        }
      ]
    },
    {
      "module": "module.security",
      "mode": "managed",
      "type": "akamai_appsec_reputation_profile",
      "name": "scanning_tools_low_threat",
      "provider": "provider[\"registry.terraform.io/akamai/akamai\"]",
      "instances": [
        {
          "schema_version": 0,
          "attributes": {
            "config_id": 26906,
            "id": "26906:4711737",
            "reputation_profile": "{\"context\":\"SCANTL\",\"name\":\"Scanning Tools (Low Threat)\",\"sharedIpHandling\":\"NON_SHARED\",\"threshold\":5}",
            "reputation_profile_id": 4711737
          },
          "sensitive_attributes": [],
          "private": "eyJzY2hlbWFfdmVyc2lvbiI6IjAifQ=="
        }
      ]
    },
    {
      "module": "module.security",
      "mode": "managed",
      "type": "akamai_appsec_reputation_profile",
      "name": "scanning_tools_low_threat__shared_ips_only",
      "provider": "provider[\"registry.terraform.io/akamai/akamai\"]",
      "instances": [
        {
          "schema_version": 0,
          "attributes": {
            "config_id": 26906,
            "id": "26906:6495924",
            "reputation_profile": "{\"context\":\"SCANTL\",\"name\":\"Scanning Tools (Low Threat) - Shared IPs Only\",\"sharedIpHandling\":\"SHARED_ONLY\",\"threshold\":7}",
            "reputation_profile_id": 6495924
          },
          "sensitive_attributes": [],
          "private": "eyJzY2hlbWFfdmVyc2lvbiI6IjAifQ=="
        }
      ]
    },
    {
      "module": "module.security",
      "mode": "managed",
      "type": "akamai_appsec_reputation_profile",
      "name": "web_attackers_high_threat",
      "provider": "provider[\"registry.terraform.io/akamai/akamai\"]",
      "instances": [
        {
          "schema_version": 0,
          "attributes": {
            "config_id": 26906,
            "id": "26906:4711732",
            "reputation_profile": "{\"context\":\"WEBATCK\",\"name\":\"Web Attackers (High Threat)\",\"sharedIpHandling\":\"NON_SHARED\",\"threshold\":9}",
            "reputation_profile_id": 4711732
          },
          "sensitive_attributes": [],
          "private": "eyJzY2hlbWFfdmVyc2lvbiI6IjAifQ=="
        }
      ]
    },
    {
      "module": "module.security",
      "mode": "managed",
      "type": "akamai_appsec_reputation_profile",
      "name": "web_attackers_high_threat__shared_ips_only",
      "provider": "provider[\"registry.terraform.io/akamai/akamai\"]",
      "instances": [
        {
          "schema_version": 0,
          "attributes": {
            "config_id": 26906,
            "id": "26906:6495941",
            "reputation_profile": "{\"context\":\"WEBATCK\",\"name\":\"Web Attackers (HIgh Threat) - Shared IPs Only\",\"sharedIpHandling\":\"SHARED_ONLY\",\"threshold\":9}",
            "reputation_profile_id": 6495941
          },
          "sensitive_attributes": [],
          "private": "eyJzY2hlbWFfdmVyc2lvbiI6IjAifQ=="
        }
      ]
    },
    {
      "module": "module.security",
      "mode": "managed",
      "type": "akamai_appsec_reputation_profile",
      "name": "web_attackers_low_threat",
      "provider": "provider[\"registry.terraform.io/akamai/akamai\"]",
      "instances": [
        {
          "schema_version": 0,
          "attributes": {
            "config_id": 26906,
            "id": "26906:4711735",
            "reputation_profile": "{\"context\":\"WEBATCK\",\"name\":\"Web Attackers (Low Threat)\",\"sharedIpHandling\":\"NON_SHARED\",\"threshold\":5}",
            "reputation_profile_id": 4711735
          },
          "sensitive_attributes": [],
          "private": "eyJzY2hlbWFfdmVyc2lvbiI6IjAifQ=="
        }
      ]
    },
    {
      "module": "module.security",
      "mode": "managed",
      "type": "akamai_appsec_reputation_profile",
      "name": "web_attackers_low_threat__shared_ips_only",
      "provider": "provider[\"registry.terraform.io/akamai/akamai\"]",
      "instances": [
        {
          "schema_version": 0,
          "attributes": {
            "config_id": 26906,
            "id": "26906:6495939",
            "reputation_profile": "{\"context\":\"WEBATCK\",\"name\":\"Web Attackers (Low Threat) - Shared IPs Only\",\"sharedIpHandling\":\"SHARED_ONLY\",\"threshold\":7}",
            "reputation_profile_id": 6495939
          },
          "sensitive_attributes": [],
          "private": "eyJzY2hlbWFfdmVyc2lvbiI6IjAifQ=="
        }
      ]
    },
    {
      "module": "module.security",
      "mode": "managed",
      "type": "akamai_appsec_reputation_profile",
      "name": "web_scrapers_high_threat",
      "provider": "provider[\"registry.terraform.io/akamai/akamai\"]",
      "instances": [
        {
          "schema_version": 0,
          "attributes": {
            "config_id": 26906,
            "id": "26906:4711739",
            "reputation_profile": "{\"context\":\"WEBSCRP\",\"name\":\"Web Scrapers (High Threat)\",\"sharedIpHandling\":\"NON_SHARED\",\"threshold\":9}",
            "reputation_profile_id": 4711739
          },
          "sensitive_attributes": [],
          "private": "eyJzY2hlbWFfdmVyc2lvbiI6IjAifQ=="
        }
      ]
    },
    {
      "module": "module.security",
      "mode": "managed",
      "type": "akamai_appsec_reputation_profile",
      "name": "web_scrapers_high_threat__shared_ips_only",
      "provider": "provider[\"registry.terraform.io/akamai/akamai\"]",
      "instances": [
        {
          "schema_version": 0,
          "attributes": {
            "config_id": 26906,
            "id": "26906:6495969",
            "reputation_profile": "{\"context\":\"WEBSCRP\",\"name\":\"Web Scrapers (High Threat) - Shared IPs Only\",\"sharedIpHandling\":\"SHARED_ONLY\",\"threshold\":9}",
            "reputation_profile_id": 6495969
          },
          "sensitive_attributes": [],
          "private": "eyJzY2hlbWFfdmVyc2lvbiI6IjAifQ=="
        }
      ]
    },
    {
      "module": "module.security",
      "mode": "managed",
      "type": "akamai_appsec_reputation_profile",
      "name": "web_scrapers_low_threat",
      "provider": "provider[\"registry.terraform.io/akamai/akamai\"]",
      "instances": [
        {
          "schema_version": 0,
          "attributes": {
            "config_id": 26906,
            "id": "26906:4711738",
            "reputation_profile": "{\"context\":\"WEBSCRP\",\"name\":\"Web Scrapers (Low Threat)\",\"sharedIpHandling\":\"NON_SHARED\",\"threshold\":5}",
            "reputation_profile_id": 4711738
          },
          "sensitive_attributes": [],
          "private": "eyJzY2hlbWFfdmVyc2lvbiI6IjAifQ=="
        }
      ]
    },
    {
      "module": "module.security",
      "mode": "managed",
      "type": "akamai_appsec_reputation_profile",
      "name": "web_scrapers_low_threat__shared_ips_only",
      "provider": "provider[\"registry.terraform.io/akamai/akamai\"]",
      "instances": [
        {
          "schema_version": 0,
          "attributes": {
            "config_id": 26906,
            "id": "26906:6495959",
            "reputation_profile": "{\"context\":\"WEBSCRP\",\"name\":\"Web Scrapers (Low Threat) - Shared IPs Only\",\"sharedIpHandling\":\"SHARED_ONLY\",\"threshold\":7}",
            "reputation_profile_id": 6495959
          },
          "sensitive_attributes": [],
          "private": "eyJzY2hlbWFfdmVyc2lvbiI6IjAifQ=="
        }
      ]
    },
    {
      "module": "module.security",
      "mode": "managed",
      "type": "akamai_appsec_reputation_profile_action",
      "name": "main_policy_4711732",
      "provider": "provider[\"registry.terraform.io/akamai/akamai\"]",
      "instances": [
        {
          "schema_version": 0,
          "attributes": {
            "action": "alert",
            "config_id": 26906,
            "id": "26906:gfmp_56269:4711732",
            "reputation_profile_id": 4711732,
            "security_policy_id": "gfmp_56269"
          },
          "sensitive_attributes": [],
          "private": "eyJzY2hlbWFfdmVyc2lvbiI6IjAifQ=="
        }
      ]
    },
    {
      "module": "module.security",
      "mode": "managed",
      "type": "akamai_appsec_reputation_profile_action",
      "name": "main_policy_4711733",
      "provider": "provider[\"registry.terraform.io/akamai/akamai\"]",
      "instances": [
        {
          "schema_version": 0,
          "attributes": {
            "action": "alert",
            "config_id": 26906,
            "id": "26906:gfmp_56269:4711733",
            "reputation_profile_id": 4711733,
            "security_policy_id": "gfmp_56269"
          },
          "sensitive_attributes": [],
          "private": "eyJzY2hlbWFfdmVyc2lvbiI6IjAifQ=="
        }
      ]
    },
    {
      "module": "module.security",
      "mode": "managed",
      "type": "akamai_appsec_reputation_profile_action",
      "name": "main_policy_4711734",
      "provider": "provider[\"registry.terraform.io/akamai/akamai\"]",
      "instances": [
        {
          "schema_version": 0,
          "attributes": {
            "action": "alert",
            "config_id": 26906,
            "id": "26906:gfmp_56269:4711734",
            "reputation_profile_id": 4711734,
            "security_policy_id": "gfmp_56269"
          },
          "sensitive_attributes": [],
          "private": "eyJzY2hlbWFfdmVyc2lvbiI6IjAifQ=="
        }
      ]
    },
    {
      "module": "module.security",
      "mode": "managed",
      "type": "akamai_appsec_reputation_profile_action",
      "name": "main_policy_4711735",
      "provider": "provider[\"registry.terraform.io/akamai/akamai\"]",
      "instances": [
        {
          "schema_version": 0,
          "attributes": {
            "action": "alert",
            "config_id": 26906,
            "id": "26906:gfmp_56269:4711735",
            "reputation_profile_id": 4711735,
            "security_policy_id": "gfmp_56269"
          },
          "sensitive_attributes": [],
          "private": "eyJzY2hlbWFfdmVyc2lvbiI6IjAifQ=="
        }
      ]
    },
    {
      "module": "module.security",
      "mode": "managed",
      "type": "akamai_appsec_reputation_profile_action",
      "name": "main_policy_4711736",
      "provider": "provider[\"registry.terraform.io/akamai/akamai\"]",
      "instances": [
        {
          "schema_version": 0,
          "attributes": {
            "action": "alert",
            "config_id": 26906,
            "id": "26906:gfmp_56269:4711736",
            "reputation_profile_id": 4711736,
            "security_policy_id": "gfmp_56269"
          },
          "sensitive_attributes": [],
          "private": "eyJzY2hlbWFfdmVyc2lvbiI6IjAifQ=="
        }
      ]
    },
    {
      "module": "module.security",
      "mode": "managed",
      "type": "akamai_appsec_reputation_profile_action",
      "name": "main_policy_4711737",
      "provider": "provider[\"registry.terraform.io/akamai/akamai\"]",
      "instances": [
        {
          "schema_version": 0,
          "attributes": {
            "action": "alert",
            "config_id": 26906,
            "id": "26906:gfmp_56269:4711737",
            "reputation_profile_id": 4711737,
            "security_policy_id": "gfmp_56269"
          },
          "sensitive_attributes": [],
          "private": "eyJzY2hlbWFfdmVyc2lvbiI6IjAifQ=="
        }
      ]
    },
    {
      "module": "module.security",
      "mode": "managed",
      "type": "akamai_appsec_reputation_profile_action",
      "name": "main_policy_4711738",
      "provider": "provider[\"registry.terraform.io/akamai/akamai\"]",
      "instances": [
        {
          "schema_version": 0,
          "attributes": {
            "action": "alert",
            "config_id": 26906,
            "id": "26906:gfmp_56269:4711738",
            "reputation_profile_id": 4711738,
            "security_policy_id": "gfmp_56269"
          },
          "sensitive_attributes": [],
          "private": "eyJzY2hlbWFfdmVyc2lvbiI6IjAifQ=="
        }
      ]
    },
    {
      "module": "module.security",
      "mode": "managed",
      "type": "akamai_appsec_reputation_profile_action",
      "name": "main_policy_4711739",
      "provider": "provider[\"registry.terraform.io/akamai/akamai\"]",
      "instances": [
        {
          "schema_version": 0,
          "attributes": {
            "action": "alert",
            "config_id": 26906,
            "id": "26906:gfmp_56269:4711739",
            "reputation_profile_id": 4711739,
            "security_policy_id": "gfmp_56269"
          },
          "sensitive_attributes": [],
          "private": "eyJzY2hlbWFfdmVyc2lvbiI6IjAifQ=="
        }
      ]
    },
    {
      "module": "module.security",
      "mode": "managed",
      "type": "akamai_appsec_reputation_profile_action",
      "name": "main_policy_6495920",
      "provider": "provider[\"registry.terraform.io/akamai/akamai\"]",
      "instances": [
        {
          "schema_version": 0,
          "attributes": {
            "action": "alert",
            "config_id": 26906,
            "id": "26906:gfmp_56269:6495920",
            "reputation_profile_id": 6495920,
            "security_policy_id": "gfmp_56269"
          },
          "sensitive_attributes": [],
          "private": "eyJzY2hlbWFfdmVyc2lvbiI6IjAifQ=="
        }
      ]
    },
    {
      "module": "module.security",
      "mode": "managed",
      "type": "akamai_appsec_reputation_profile_action",
      "name": "main_policy_6495922",
      "provider": "provider[\"registry.terraform.io/akamai/akamai\"]",
      "instances": [
        {
          "schema_version": 0,
          "attributes": {
            "action": "alert",
            "config_id": 26906,
            "id": "26906:gfmp_56269:6495922",
            "reputation_profile_id": 6495922,
            "security_policy_id": "gfmp_56269"
          },
          "sensitive_attributes": [],
          "private": "eyJzY2hlbWFfdmVyc2lvbiI6IjAifQ=="
        }
      ]
    },
    {
      "module": "module.security",
      "mode": "managed",
      "type": "akamai_appsec_reputation_profile_action",
      "name": "main_policy_6495924",
      "provider": "provider[\"registry.terraform.io/akamai/akamai\"]",
      "instances": [
        {
          "schema_version": 0,
          "attributes": {
            "action": "alert",
            "config_id": 26906,
            "id": "26906:gfmp_56269:6495924",
            "reputation_profile_id": 6495924,
            "security_policy_id": "gfmp_56269"
          },
          "sensitive_attributes": [],
          "private": "eyJzY2hlbWFfdmVyc2lvbiI6IjAifQ=="
        }
      ]
    },
    {
      "module": "module.security",
      "mode": "managed",
      "type": "akamai_appsec_reputation_profile_action",
      "name": "main_policy_6495926",
      "provider": "provider[\"registry.terraform.io/akamai/akamai\"]",
      "instances": [
        {
          "schema_version": 0,
          "attributes": {
            "action": "alert",
            "config_id": 26906,
            "id": "26906:gfmp_56269:6495926",
            "reputation_profile_id": 6495926,
            "security_policy_id": "gfmp_56269"
          },
          "sensitive_attributes": [],
          "private": "eyJzY2hlbWFfdmVyc2lvbiI6IjAifQ=="
        }
      ]
    },
    {
      "module": "module.security",
      "mode": "managed",
      "type": "akamai_appsec_reputation_profile_action",
      "name": "main_policy_6495939",
      "provider": "provider[\"registry.terraform.io/akamai/akamai\"]",
      "instances": [
        {
          "schema_version": 0,
          "attributes": {
            "action": "alert",
            "config_id": 26906,
            "id": "26906:gfmp_56269:6495939",
            "reputation_profile_id": 6495939,
            "security_policy_id": "gfmp_56269"
          },
          "sensitive_attributes": [],
          "private": "eyJzY2hlbWFfdmVyc2lvbiI6IjAifQ=="
        }
      ]
    },
    {
      "module": "module.security",
      "mode": "managed",
      "type": "akamai_appsec_reputation_profile_action",
      "name": "main_policy_6495941",
      "provider": "provider[\"registry.terraform.io/akamai/akamai\"]",
      "instances": [
        {
          "schema_version": 0,
          "attributes": {
            "action": "alert",
            "config_id": 26906,
            "id": "26906:gfmp_56269:6495941",
            "reputation_profile_id": 6495941,
            "security_policy_id": "gfmp_56269"
          },
          "sensitive_attributes": [],
          "private": "eyJzY2hlbWFfdmVyc2lvbiI6IjAifQ=="
        }
      ]
    },
    {
      "module": "module.security",
      "mode": "managed",
      "type": "akamai_appsec_reputation_profile_action",
      "name": "main_policy_6495959",
      "provider": "provider[\"registry.terraform.io/akamai/akamai\"]",
      "instances": [
        {
          "schema_version": 0,
          "attributes": {
            "action": "alert",
            "config_id": 26906,
            "id": "26906:gfmp_56269:6495959",
            "reputation_profile_id": 6495959,
            "security_policy_id": "gfmp_56269"
          },
          "sensitive_attributes": [],
          "private": "eyJzY2hlbWFfdmVyc2lvbiI6IjAifQ=="
        }
      ]
    },
    {
      "module": "module.security",
      "mode": "managed",
      "type": "akamai_appsec_reputation_profile_action",
      "name": "main_policy_6495969",
      "provider": "provider[\"registry.terraform.io/akamai/akamai\"]",
      "instances": [
        {
          "schema_version": 0,
          "attributes": {
            "action": "alert",
            "config_id": 26906,
            "id": "26906:gfmp_56269:6495969",
            "reputation_profile_id": 6495969,
            "security_policy_id": "gfmp_56269"
          },
          "sensitive_attributes": [],
          "private": "eyJzY2hlbWFfdmVyc2lvbiI6IjAifQ=="
        }
      ]
    },
    {
      "module": "module.security",
      "mode": "managed",
      "type": "akamai_appsec_reputation_profile_action",
      "name": "waf_4711732",
      "provider": "provider[\"registry.terraform.io/akamai/akamai\"]",
      "instances": [
        {
          "schema_version": 0,
          "attributes": {
            "action": "deny",
            "config_id": 26906,
            "id": "26906:gfos_92914:4711732",
            "reputation_profile_id": 4711732,
            "security_policy_id": "gfos_92914"
          },
          "sensitive_attributes": [],
          "private": "eyJzY2hlbWFfdmVyc2lvbiI6IjAifQ=="
        }
      ]
    },
    {
      "module": "module.security",
      "mode": "managed",
      "type": "akamai_appsec_reputation_profile_action",
      "name": "waf_4711733",
      "provider": "provider[\"registry.terraform.io/akamai/akamai\"]",
      "instances": [
        {
          "schema_version": 0,
          "attributes": {
            "action": "deny",
            "config_id": 26906,
            "id": "26906:gfos_92914:4711733",
            "reputation_profile_id": 4711733,
            "security_policy_id": "gfos_92914"
          },
          "sensitive_attributes": [],
          "private": "eyJzY2hlbWFfdmVyc2lvbiI6IjAifQ=="
        }
      ]
    },
    {
      "module": "module.security",
      "mode": "managed",
      "type": "akamai_appsec_reputation_profile_action",
      "name": "waf_4711734",
      "provider": "provider[\"registry.terraform.io/akamai/akamai\"]",
      "instances": [
        {
          "schema_version": 0,
          "attributes": {
            "action": "deny",
            "config_id": 26906,
            "id": "26906:gfos_92914:4711734",
            "reputation_profile_id": 4711734,
            "security_policy_id": "gfos_92914"
          },
          "sensitive_attributes": [],
          "private": "eyJzY2hlbWFfdmVyc2lvbiI6IjAifQ=="
        }
      ]
    },
    {
      "module": "module.security",
      "mode": "managed",
      "type": "akamai_appsec_reputation_profile_action",
      "name": "waf_4711735",
      "provider": "provider[\"registry.terraform.io/akamai/akamai\"]",
      "instances": [
        {
          "schema_version": 0,
          "attributes": {
            "action": "alert",
            "config_id": 26906,
            "id": "26906:gfos_92914:4711735",
            "reputation_profile_id": 4711735,
            "security_policy_id": "gfos_92914"
          },
          "sensitive_attributes": [],
          "private": "eyJzY2hlbWFfdmVyc2lvbiI6IjAifQ=="
        }
      ]
    },
    {
      "module": "module.security",
      "mode": "managed",
      "type": "akamai_appsec_reputation_profile_action",
      "name": "waf_4711736",
      "provider": "provider[\"registry.terraform.io/akamai/akamai\"]",
      "instances": [
        {
          "schema_version": 0,
          "attributes": {
            "action": "alert",
            "config_id": 26906,
            "id": "26906:gfos_92914:4711736",
            "reputation_profile_id": 4711736,
            "security_policy_id": "gfos_92914"
          },
          "sensitive_attributes": [],
          "private": "eyJzY2hlbWFfdmVyc2lvbiI6IjAifQ=="
        }
      ]
    },
    {
      "module": "module.security",
      "mode": "managed",
      "type": "akamai_appsec_reputation_profile_action",
      "name": "waf_4711737",
      "provider": "provider[\"registry.terraform.io/akamai/akamai\"]",
      "instances": [
        {
          "schema_version": 0,
          "attributes": {
            "action": "alert",
            "config_id": 26906,
            "id": "26906:gfos_92914:4711737",
            "reputation_profile_id": 4711737,
            "security_policy_id": "gfos_92914"
          },
          "sensitive_attributes": [],
          "private": "eyJzY2hlbWFfdmVyc2lvbiI6IjAifQ=="
        }
      ]
    },
    {
      "module": "module.security",
      "mode": "managed",
      "type": "akamai_appsec_reputation_profile_action",
      "name": "waf_4711738",
      "provider": "provider[\"registry.terraform.io/akamai/akamai\"]",
      "instances": [
        {
          "schema_version": 0,
          "attributes": {
            "action": "alert",
            "config_id": 26906,
            "id": "26906:gfos_92914:4711738",
            "reputation_profile_id": 4711738,
            "security_policy_id": "gfos_92914"
          },
          "sensitive_attributes": [],
          "private": "eyJzY2hlbWFfdmVyc2lvbiI6IjAifQ=="
        }
      ]
    },
    {
      "module": "module.security",
      "mode": "managed",
      "type": "akamai_appsec_reputation_profile_action",
      "name": "waf_4711739",
      "provider": "provider[\"registry.terraform.io/akamai/akamai\"]",
      "instances": [
        {
          "schema_version": 0,
          "attributes": {
            "action": "deny",
            "config_id": 26906,
            "id": "26906:gfos_92914:4711739",
            "reputation_profile_id": 4711739,
            "security_policy_id": "gfos_92914"
          },
          "sensitive_attributes": [],
          "private": "eyJzY2hlbWFfdmVyc2lvbiI6IjAifQ=="
        }
      ]
    },
    {
      "module": "module.security",
      "mode": "managed",
      "type": "akamai_appsec_reputation_profile_action",
      "name": "waf_6495920",
      "provider": "provider[\"registry.terraform.io/akamai/akamai\"]",
      "instances": [
        {
          "schema_version": 0,
          "attributes": {
            "action": "alert",
            "config_id": 26906,
            "id": "26906:gfos_92914:6495920",
            "reputation_profile_id": 6495920,
            "security_policy_id": "gfos_92914"
          },
          "sensitive_attributes": [],
          "private": "eyJzY2hlbWFfdmVyc2lvbiI6IjAifQ=="
        }
      ]
    },
    {
      "module": "module.security",
      "mode": "managed",
      "type": "akamai_appsec_reputation_profile_action",
      "name": "waf_6495922",
      "provider": "provider[\"registry.terraform.io/akamai/akamai\"]",
      "instances": [
        {
          "schema_version": 0,
          "attributes": {
            "action": "alert",
            "config_id": 26906,
            "id": "26906:gfos_92914:6495922",
            "reputation_profile_id": 6495922,
            "security_policy_id": "gfos_92914"
          },
          "sensitive_attributes": [],
          "private": "eyJzY2hlbWFfdmVyc2lvbiI6IjAifQ=="
        }
      ]
    },
    {
      "module": "module.security",
      "mode": "managed",
      "type": "akamai_appsec_reputation_profile_action",
      "name": "waf_6495924",
      "provider": "provider[\"registry.terraform.io/akamai/akamai\"]",
      "instances": [
        {
          "schema_version": 0,
          "attributes": {
            "action": "alert",
            "config_id": 26906,
            "id": "26906:gfos_92914:6495924",
            "reputation_profile_id": 6495924,
            "security_policy_id": "gfos_92914"
          },
          "sensitive_attributes": [],
          "private": "eyJzY2hlbWFfdmVyc2lvbiI6IjAifQ=="
        }
      ]
    },
    {
      "module": "module.security",
      "mode": "managed",
      "type": "akamai_appsec_reputation_profile_action",
      "name": "waf_6495926",
      "provider": "provider[\"registry.terraform.io/akamai/akamai\"]",
      "instances": [
        {
          "schema_version": 0,
          "attributes": {
            "action": "deny",
            "config_id": 26906,
            "id": "26906:gfos_92914:6495926",
            "reputation_profile_id": 6495926,
            "security_policy_id": "gfos_92914"
          },
          "sensitive_attributes": [],
          "private": "eyJzY2hlbWFfdmVyc2lvbiI6IjAifQ=="
        }
      ]
    },
    {
      "module": "module.security",
      "mode": "managed",
      "type": "akamai_appsec_reputation_profile_action",
      "name": "waf_6495939",
      "provider": "provider[\"registry.terraform.io/akamai/akamai\"]",
      "instances": [
        {
          "schema_version": 0,
          "attributes": {
            "action": "alert",
            "config_id": 26906,
            "id": "26906:gfos_92914:6495939",
            "reputation_profile_id": 6495939,
            "security_policy_id": "gfos_92914"
          },
          "sensitive_attributes": [],
          "private": "eyJzY2hlbWFfdmVyc2lvbiI6IjAifQ=="
        }
      ]
    },
    {
      "module": "module.security",
      "mode": "managed",
      "type": "akamai_appsec_reputation_profile_action",
      "name": "waf_6495941",
      "provider": "provider[\"registry.terraform.io/akamai/akamai\"]",
      "instances": [
        {
          "schema_version": 0,
          "attributes": {
            "action": "alert",
            "config_id": 26906,
            "id": "26906:gfos_92914:6495941",
            "reputation_profile_id": 6495941,
            "security_policy_id": "gfos_92914"
          },
          "sensitive_attributes": [],
          "private": "eyJzY2hlbWFfdmVyc2lvbiI6IjAifQ=="
        }
      ]
    },
    {
      "module": "module.security",
      "mode": "managed",
      "type": "akamai_appsec_reputation_profile_action",
      "name": "waf_6495959",
      "provider": "provider[\"registry.terraform.io/akamai/akamai\"]",
      "instances": [
        {
          "schema_version": 0,
          "attributes": {
            "action": "alert",
            "config_id": 26906,
            "id": "26906:gfos_92914:6495959",
            "reputation_profile_id": 6495959,
            "security_policy_id": "gfos_92914"
          },
          "sensitive_attributes": [],
          "private": "eyJzY2hlbWFfdmVyc2lvbiI6IjAifQ=="
        }
      ]
    },
    {
      "module": "module.security",
      "mode": "managed",
      "type": "akamai_appsec_reputation_profile_action",
      "name": "waf_6495969",
      "provider": "provider[\"registry.terraform.io/akamai/akamai\"]",
      "instances": [
        {
          "schema_version": 0,
          "attributes": {
            "action": "deny",
            "config_id": 26906,
            "id": "26906:gfos_92914:6495969",
            "reputation_profile_id": 6495969,
            "security_policy_id": "gfos_92914"
          },
          "sensitive_attributes": [],
          "private": "eyJzY2hlbWFfdmVyc2lvbiI6IjAifQ=="
        }
      ]
    },
    {
      "module": "module.security",
      "mode": "managed",
      "type": "akamai_appsec_reputation_protection",
      "name": "main_policy",
      "provider": "provider[\"registry.terraform.io/akamai/akamai\"]",
      "instances": [
        {
          "schema_version": 0,
          "attributes": {
            "config_id": 26906,
            "enabled": true,
            "id": "26906:gfmp_56269",
            "output_text": "\n+------------------------------------------------------------------------------------------------------------------------------------------------------------+\n| Security Policy Protections                                                                                                                                |\n+----------------+--------------------------+----------------+-----------------+----------------------+--------------+--------------------+------------------+\n| APICONSTRAINTS | APPLICATIONLAYERCONTROLS | BOTMANCONTROLS | MALWARECONTROLS | NETWORKLAYERCONTROLS | RATECONTROLS | REPUTATIONCONTROLS | SLOWPOSTCONTROLS |\n+----------------+--------------------------+----------------+-----------------+----------------------+--------------+--------------------+------------------+\n| false          | true                     | true           | false           | true                 | true         | true               | true             |\n+----------------+--------------------------+----------------+-----------------+----------------------+--------------+--------------------+------------------+\n",
            "security_policy_id": "gfmp_56269"
          },
          "sensitive_attributes": [],
          "private": "eyJzY2hlbWFfdmVyc2lvbiI6IjAifQ=="
        }
      ]
    },
    {
      "module": "module.security",
      "mode": "managed",
      "type": "akamai_appsec_reputation_protection",
      "name": "waf",
      "provider": "provider[\"registry.terraform.io/akamai/akamai\"]",
      "instances": [
        {
          "schema_version": 0,
          "attributes": {
            "config_id": 26906,
            "enabled": true,
            "id": "26906:gfos_92914",
            "output_text": "\n+------------------------------------------------------------------------------------------------------------------------------------------------------------+\n| Security Policy Protections                                                                                                                                |\n+----------------+--------------------------+----------------+-----------------+----------------------+--------------+--------------------+------------------+\n| APICONSTRAINTS | APPLICATIONLAYERCONTROLS | BOTMANCONTROLS | MALWARECONTROLS | NETWORKLAYERCONTROLS | RATECONTROLS | REPUTATIONCONTROLS | SLOWPOSTCONTROLS |\n+----------------+--------------------------+----------------+-----------------+----------------------+--------------+--------------------+------------------+\n| true           | true                     | true           | false           | true                 | true         | true               | true             |\n+----------------+--------------------------+----------------+-----------------+----------------------+--------------+--------------------+------------------+\n",
            "security_policy_id": "gfos_92914"
          },
          "sensitive_attributes": [],
          "private": "eyJzY2hlbWFfdmVyc2lvbiI6IjAifQ=="
        }
      ]
    },
    {
      "module": "module.security",
      "mode": "managed",
      "type": "akamai_appsec_rule",
      "name": "main_policy_aseoutbounderror_970118",
      "provider": "provider[\"registry.terraform.io/akamai/akamai\"]",
      "instances": [
        {
          "schema_version": 0,
          "attributes": {
            "condition_exception": null,
            "config_id": 26906,
            "id": "26906:gfmp_56269:970118",
            "rule_action": "alert",
            "rule_id": 970118,
            "security_policy_id": "gfmp_56269"
          },
          "sensitive_attributes": [],
          "private": "eyJzY2hlbWFfdmVyc2lvbiI6IjAifQ=="
        }
      ]
    },
    {
      "module": "module.security",
      "mode": "managed",
      "type": "akamai_appsec_rule",
      "name": "main_policy_aseoutbounderror_970901",
      "provider": "provider[\"registry.terraform.io/akamai/akamai\"]",
      "instances": [
        {
          "schema_version": 0,
          "attributes": {
            "condition_exception": null,
            "config_id": 26906,
            "id": "26906:gfmp_56269:970901",
            "rule_action": "alert",
            "rule_id": 970901,
            "security_policy_id": "gfmp_56269"
          },
          "sensitive_attributes": [],
          "private": "eyJzY2hlbWFfdmVyc2lvbiI6IjAifQ=="
        }
      ]
    },
    {
      "module": "module.security",
      "mode": "managed",
      "type": "akamai_appsec_rule",
      "name": "main_policy_aseoutboundleakage_970003",
      "provider": "provider[\"registry.terraform.io/akamai/akamai\"]",
      "instances": [
        {
          "schema_version": 0,
          "attributes": {
            "condition_exception": null,
            "config_id": 26906,
            "id": "26906:gfmp_56269:970003",
            "rule_action": "alert",
            "rule_id": 970003,
            "security_policy_id": "gfmp_56269"
          },
          "sensitive_attributes": [],
          "private": "eyJzY2hlbWFfdmVyc2lvbiI6IjAifQ=="
        }
      ]
    },
    {
      "module": "module.security",
      "mode": "managed",
      "type": "akamai_appsec_rule",
      "name": "main_policy_aseoutboundleakage_970004",
      "provider": "provider[\"registry.terraform.io/akamai/akamai\"]",
      "instances": [
        {
          "schema_version": 0,
          "attributes": {
            "condition_exception": null,
            "config_id": 26906,
            "id": "26906:gfmp_56269:970004",
            "rule_action": "alert",
            "rule_id": 970004,
            "security_policy_id": "gfmp_56269"
          },
          "sensitive_attributes": [],
          "private": "eyJzY2hlbWFfdmVyc2lvbiI6IjAifQ=="
        }
      ]
    },
    {
      "module": "module.security",
      "mode": "managed",
      "type": "akamai_appsec_rule",
      "name": "main_policy_aseoutboundleakage_970009",
      "provider": "provider[\"registry.terraform.io/akamai/akamai\"]",
      "instances": [
        {
          "schema_version": 0,
          "attributes": {
            "condition_exception": null,
            "config_id": 26906,
            "id": "26906:gfmp_56269:970009",
            "rule_action": "alert",
            "rule_id": 970009,
            "security_policy_id": "gfmp_56269"
          },
          "sensitive_attributes": [],
          "private": "eyJzY2hlbWFfdmVyc2lvbiI6IjAifQ=="
        }
      ]
    },
    {
      "module": "module.security",
      "mode": "managed",
      "type": "akamai_appsec_rule",
      "name": "main_policy_aseoutboundleakage_970011",
      "provider": "provider[\"registry.terraform.io/akamai/akamai\"]",
      "instances": [
        {
          "schema_version": 0,
          "attributes": {
            "condition_exception": null,
            "config_id": 26906,
            "id": "26906:gfmp_56269:970011",
            "rule_action": "alert",
            "rule_id": 970011,
            "security_policy_id": "gfmp_56269"
          },
          "sensitive_attributes": [],
          "private": "eyJzY2hlbWFfdmVyc2lvbiI6IjAifQ=="
        }
      ]
    },
    {
      "module": "module.security",
      "mode": "managed",
      "type": "akamai_appsec_rule",
      "name": "main_policy_aseoutboundleakage_970013",
      "provider": "provider[\"registry.terraform.io/akamai/akamai\"]",
      "instances": [
        {
          "schema_version": 0,
          "attributes": {
            "condition_exception": null,
            "config_id": 26906,
            "id": "26906:gfmp_56269:970013",
            "rule_action": "alert",
            "rule_id": 970013,
            "security_policy_id": "gfmp_56269"
          },
          "sensitive_attributes": [],
          "private": "eyJzY2hlbWFfdmVyc2lvbiI6IjAifQ=="
        }
      ]
    },
    {
      "module": "module.security",
      "mode": "managed",
      "type": "akamai_appsec_rule",
      "name": "main_policy_aseoutboundleakage_970014",
      "provider": "provider[\"registry.terraform.io/akamai/akamai\"]",
      "instances": [
        {
          "schema_version": 0,
          "attributes": {
            "condition_exception": null,
            "config_id": 26906,
            "id": "26906:gfmp_56269:970014",
            "rule_action": "alert",
            "rule_id": 970014,
            "security_policy_id": "gfmp_56269"
          },
          "sensitive_attributes": [],
          "private": "eyJzY2hlbWFfdmVyc2lvbiI6IjAifQ=="
        }
      ]
    },
    {
      "module": "module.security",
      "mode": "managed",
      "type": "akamai_appsec_rule",
      "name": "main_policy_aseoutboundleakage_970015",
      "provider": "provider[\"registry.terraform.io/akamai/akamai\"]",
      "instances": [
        {
          "schema_version": 0,
          "attributes": {
            "condition_exception": null,
            "config_id": 26906,
            "id": "26906:gfmp_56269:970015",
            "rule_action": "alert",
            "rule_id": 970015,
            "security_policy_id": "gfmp_56269"
          },
          "sensitive_attributes": [],
          "private": "eyJzY2hlbWFfdmVyc2lvbiI6IjAifQ=="
        }
      ]
    },
    {
      "module": "module.security",
      "mode": "managed",
      "type": "akamai_appsec_rule",
      "name": "main_policy_aseoutboundleakage_970902",
      "provider": "provider[\"registry.terraform.io/akamai/akamai\"]",
      "instances": [
        {
          "schema_version": 0,
          "attributes": {
            "condition_exception": null,
            "config_id": 26906,
            "id": "26906:gfmp_56269:970902",
            "rule_action": "alert",
            "rule_id": 970902,
            "security_policy_id": "gfmp_56269"
          },
          "sensitive_attributes": [],
          "private": "eyJzY2hlbWFfdmVyc2lvbiI6IjAifQ=="
        }
      ]
    },
    {
      "module": "module.security",
      "mode": "managed",
      "type": "akamai_appsec_rule",
      "name": "main_policy_aseoutboundleakage_970903",
      "provider": "provider[\"registry.terraform.io/akamai/akamai\"]",
      "instances": [
        {
          "schema_version": 0,
          "attributes": {
            "condition_exception": null,
            "config_id": 26906,
            "id": "26906:gfmp_56269:970903",
            "rule_action": "alert",
            "rule_id": 970903,
            "security_policy_id": "gfmp_56269"
          },
          "sensitive_attributes": [],
          "private": "eyJzY2hlbWFfdmVyc2lvbiI6IjAifQ=="
        }
      ]
    },
    {
      "module": "module.security",
      "mode": "managed",
      "type": "akamai_appsec_rule",
      "name": "main_policy_aseoutboundleakage_970904",
      "provider": "provider[\"registry.terraform.io/akamai/akamai\"]",
      "instances": [
        {
          "schema_version": 0,
          "attributes": {
            "condition_exception": null,
            "config_id": 26906,
            "id": "26906:gfmp_56269:970904",
            "rule_action": "alert",
            "rule_id": 970904,
            "security_policy_id": "gfmp_56269"
          },
          "sensitive_attributes": [],
          "private": "eyJzY2hlbWFfdmVyc2lvbiI6IjAifQ=="
        }
      ]
    },
    {
      "module": "module.security",
      "mode": "managed",
      "type": "akamai_appsec_rule",
      "name": "main_policy_aseweb_attackcmd_injection_3000005",
      "provider": "provider[\"registry.terraform.io/akamai/akamai\"]",
      "instances": [
        {
          "schema_version": 0,
          "attributes": {
            "condition_exception": null,
            "config_id": 26906,
            "id": "26906:gfmp_56269:3000005",
            "rule_action": "alert",
            "rule_id": 3000005,
            "security_policy_id": "gfmp_56269"
          },
          "sensitive_attributes": [],
          "private": "eyJzY2hlbWFfdmVyc2lvbiI6IjAifQ=="
        }
      ]
    },
    {
      "module": "module.security",
      "mode": "managed",
      "type": "akamai_appsec_rule",
      "name": "main_policy_aseweb_attackcmd_injection_3000007",
      "provider": "provider[\"registry.terraform.io/akamai/akamai\"]",
      "instances": [
        {
          "schema_version": 0,
          "attributes": {
            "condition_exception": null,
            "config_id": 26906,
            "id": "26906:gfmp_56269:3000007",
            "rule_action": "alert",
            "rule_id": 3000007,
            "security_policy_id": "gfmp_56269"
          },
          "sensitive_attributes": [],
          "private": "eyJzY2hlbWFfdmVyc2lvbiI6IjAifQ=="
        }
      ]
    },
    {
      "module": "module.security",
      "mode": "managed",
      "type": "akamai_appsec_rule",
      "name": "main_policy_aseweb_attackcmd_injection_3000012",
      "provider": "provider[\"registry.terraform.io/akamai/akamai\"]",
      "instances": [
        {
          "schema_version": 0,
          "attributes": {
            "condition_exception": null,
            "config_id": 26906,
            "id": "26906:gfmp_56269:3000012",
            "rule_action": "alert",
            "rule_id": 3000012,
            "security_policy_id": "gfmp_56269"
          },
          "sensitive_attributes": [],
          "private": "eyJzY2hlbWFfdmVyc2lvbiI6IjAifQ=="
        }
      ]
    },
    {
      "module": "module.security",
      "mode": "managed",
      "type": "akamai_appsec_rule",
      "name": "main_policy_aseweb_attackcmd_injection_3000013",
      "provider": "provider[\"registry.terraform.io/akamai/akamai\"]",
      "instances": [
        {
          "schema_version": 0,
          "attributes": {
            "condition_exception": null,
            "config_id": 26906,
            "id": "26906:gfmp_56269:3000013",
            "rule_action": "alert",
            "rule_id": 3000013,
            "security_policy_id": "gfmp_56269"
          },
          "sensitive_attributes": [],
          "private": "eyJzY2hlbWFfdmVyc2lvbiI6IjAifQ=="
        }
      ]
    },
    {
      "module": "module.security",
      "mode": "managed",
      "type": "akamai_appsec_rule",
      "name": "main_policy_aseweb_attackcmd_injection_3000014",
      "provider": "provider[\"registry.terraform.io/akamai/akamai\"]",
      "instances": [
        {
          "schema_version": 0,
          "attributes": {
            "condition_exception": null,
            "config_id": 26906,
            "id": "26906:gfmp_56269:3000014",
            "rule_action": "alert",
            "rule_id": 3000014,
            "security_policy_id": "gfmp_56269"
          },
          "sensitive_attributes": [],
          "private": "eyJzY2hlbWFfdmVyc2lvbiI6IjAifQ=="
        }
      ]
    },
    {
      "module": "module.security",
      "mode": "managed",
      "type": "akamai_appsec_rule",
      "name": "main_policy_aseweb_attackcmd_injection_3000023",
      "provider": "provider[\"registry.terraform.io/akamai/akamai\"]",
      "instances": [
        {
          "schema_version": 0,
          "attributes": {
            "condition_exception": null,
            "config_id": 26906,
            "id": "26906:gfmp_56269:3000023",
            "rule_action": "alert",
            "rule_id": 3000023,
            "security_policy_id": "gfmp_56269"
          },
          "sensitive_attributes": [],
          "private": "eyJzY2hlbWFfdmVyc2lvbiI6IjAifQ=="
        }
      ]
    },
    {
      "module": "module.security",
      "mode": "managed",
      "type": "akamai_appsec_rule",
      "name": "main_policy_aseweb_attackcmd_injection_3000025",
      "provider": "provider[\"registry.terraform.io/akamai/akamai\"]",
      "instances": [
        {
          "schema_version": 0,
          "attributes": {
            "condition_exception": null,
            "config_id": 26906,
            "id": "26906:gfmp_56269:3000025",
            "rule_action": "alert",
            "rule_id": 3000025,
            "security_policy_id": "gfmp_56269"
          },
          "sensitive_attributes": [],
          "private": "eyJzY2hlbWFfdmVyc2lvbiI6IjAifQ=="
        }
      ]
    },
    {
      "module": "module.security",
      "mode": "managed",
      "type": "akamai_appsec_rule",
      "name": "main_policy_aseweb_attackcmd_injection_3000033",
      "provider": "provider[\"registry.terraform.io/akamai/akamai\"]",
      "instances": [
        {
          "schema_version": 0,
          "attributes": {
            "condition_exception": null,
            "config_id": 26906,
            "id": "26906:gfmp_56269:3000033",
            "rule_action": "alert",
            "rule_id": 3000033,
            "security_policy_id": "gfmp_56269"
          },
          "sensitive_attributes": [],
          "private": "eyJzY2hlbWFfdmVyc2lvbiI6IjAifQ=="
        }
      ]
    },
    {
      "module": "module.security",
      "mode": "managed",
      "type": "akamai_appsec_rule",
      "name": "main_policy_aseweb_attackcmd_injection_3000034",
      "provider": "provider[\"registry.terraform.io/akamai/akamai\"]",
      "instances": [
        {
          "schema_version": 0,
          "attributes": {
            "condition_exception": null,
            "config_id": 26906,
            "id": "26906:gfmp_56269:3000034",
            "rule_action": "alert",
            "rule_id": 3000034,
            "security_policy_id": "gfmp_56269"
          },
          "sensitive_attributes": [],
          "private": "eyJzY2hlbWFfdmVyc2lvbiI6IjAifQ=="
        }
      ]
    },
    {
      "module": "module.security",
      "mode": "managed",
      "type": "akamai_appsec_rule",
      "name": "main_policy_aseweb_attackcmd_injection_3000041",
      "provider": "provider[\"registry.terraform.io/akamai/akamai\"]",
      "instances": [
        {
          "schema_version": 0,
          "attributes": {
            "condition_exception": null,
            "config_id": 26906,
            "id": "26906:gfmp_56269:3000041",
            "rule_action": "alert",
            "rule_id": 3000041,
            "security_policy_id": "gfmp_56269"
          },
          "sensitive_attributes": [],
          "private": "eyJzY2hlbWFfdmVyc2lvbiI6IjAifQ=="
        }
      ]
    },
    {
      "module": "module.security",
      "mode": "managed",
      "type": "akamai_appsec_rule",
      "name": "main_policy_aseweb_attackcmd_injection_3000056",
      "provider": "provider[\"registry.terraform.io/akamai/akamai\"]",
      "instances": [
        {
          "schema_version": 0,
          "attributes": {
            "condition_exception": null,
            "config_id": 26906,
            "id": "26906:gfmp_56269:3000056",
            "rule_action": "alert",
            "rule_id": 3000056,
            "security_policy_id": "gfmp_56269"
          },
          "sensitive_attributes": [],
          "private": "eyJzY2hlbWFfdmVyc2lvbiI6IjAifQ=="
        }
      ]
    },
    {
      "module": "module.security",
      "mode": "managed",
      "type": "akamai_appsec_rule",
      "name": "main_policy_aseweb_attackcmd_injection_3000058",
      "provider": "provider[\"registry.terraform.io/akamai/akamai\"]",
      "instances": [
        {
          "schema_version": 0,
          "attributes": {
            "condition_exception": null,
            "config_id": 26906,
            "id": "26906:gfmp_56269:3000058",
            "rule_action": "alert",
            "rule_id": 3000058,
            "security_policy_id": "gfmp_56269"
          },
          "sensitive_attributes": [],
          "private": "eyJzY2hlbWFfdmVyc2lvbiI6IjAifQ=="
        }
      ]
    },
    {
      "module": "module.security",
      "mode": "managed",
      "type": "akamai_appsec_rule",
      "name": "main_policy_aseweb_attackcmd_injection_3000065",
      "provider": "provider[\"registry.terraform.io/akamai/akamai\"]",
      "instances": [
        {
          "schema_version": 0,
          "attributes": {
            "condition_exception": null,
            "config_id": 26906,
            "id": "26906:gfmp_56269:3000065",
            "rule_action": "alert",
            "rule_id": 3000065,
            "security_policy_id": "gfmp_56269"
          },
          "sensitive_attributes": [],
          "private": "eyJzY2hlbWFfdmVyc2lvbiI6IjAifQ=="
        }
      ]
    },
    {
      "module": "module.security",
      "mode": "managed",
      "type": "akamai_appsec_rule",
      "name": "main_policy_aseweb_attackcmd_injection_3000072",
      "provider": "provider[\"registry.terraform.io/akamai/akamai\"]",
      "instances": [
        {
          "schema_version": 0,
          "attributes": {
            "condition_exception": null,
            "config_id": 26906,
            "id": "26906:gfmp_56269:3000072",
            "rule_action": "alert",
            "rule_id": 3000072,
            "security_policy_id": "gfmp_56269"
          },
          "sensitive_attributes": [],
          "private": "eyJzY2hlbWFfdmVyc2lvbiI6IjAifQ=="
        }
      ]
    },
    {
      "module": "module.security",
      "mode": "managed",
      "type": "akamai_appsec_rule",
      "name": "main_policy_aseweb_attackcmd_injection_3000141",
      "provider": "provider[\"registry.terraform.io/akamai/akamai\"]",
      "instances": [
        {
          "schema_version": 0,
          "attributes": {
            "condition_exception": null,
            "config_id": 26906,
            "id": "26906:gfmp_56269:3000141",
            "rule_action": "alert",
            "rule_id": 3000141,
            "security_policy_id": "gfmp_56269"
          },
          "sensitive_attributes": [],
          "private": "eyJzY2hlbWFfdmVyc2lvbiI6IjAifQ=="
        }
      ]
    },
    {
      "module": "module.security",
      "mode": "managed",
      "type": "akamai_appsec_rule",
      "name": "main_policy_aseweb_attackcmd_injection_3000142",
      "provider": "provider[\"registry.terraform.io/akamai/akamai\"]",
      "instances": [
        {
          "schema_version": 0,
          "attributes": {
            "condition_exception": null,
            "config_id": 26906,
            "id": "26906:gfmp_56269:3000142",
            "rule_action": "alert",
            "rule_id": 3000142,
            "security_policy_id": "gfmp_56269"
          },
          "sensitive_attributes": [],
          "private": "eyJzY2hlbWFfdmVyc2lvbiI6IjAifQ=="
        }
      ]
    },
    {
      "module": "module.security",
      "mode": "managed",
      "type": "akamai_appsec_rule",
      "name": "main_policy_aseweb_attackcmd_injection_3000143",
      "provider": "provider[\"registry.terraform.io/akamai/akamai\"]",
      "instances": [
        {
          "schema_version": 0,
          "attributes": {
            "condition_exception": null,
            "config_id": 26906,
            "id": "26906:gfmp_56269:3000143",
            "rule_action": "alert",
            "rule_id": 3000143,
            "security_policy_id": "gfmp_56269"
          },
          "sensitive_attributes": [],
          "private": "eyJzY2hlbWFfdmVyc2lvbiI6IjAifQ=="
        }
      ]
    },
    {
      "module": "module.security",
      "mode": "managed",
      "type": "akamai_appsec_rule",
      "name": "main_policy_aseweb_attackcmd_injection_3000144",
      "provider": "provider[\"registry.terraform.io/akamai/akamai\"]",
      "instances": [
        {
          "schema_version": 0,
          "attributes": {
            "condition_exception": null,
            "config_id": 26906,
            "id": "26906:gfmp_56269:3000144",
            "rule_action": "alert",
            "rule_id": 3000144,
            "security_policy_id": "gfmp_56269"
          },
          "sensitive_attributes": [],
          "private": "eyJzY2hlbWFfdmVyc2lvbiI6IjAifQ=="
        }
      ]
    },
    {
      "module": "module.security",
      "mode": "managed",
      "type": "akamai_appsec_rule",
      "name": "main_policy_aseweb_attackcmd_injection_3000145",
      "provider": "provider[\"registry.terraform.io/akamai/akamai\"]",
      "instances": [
        {
          "schema_version": 0,
          "attributes": {
            "condition_exception": null,
            "config_id": 26906,
            "id": "26906:gfmp_56269:3000145",
            "rule_action": "alert",
            "rule_id": 3000145,
            "security_policy_id": "gfmp_56269"
          },
          "sensitive_attributes": [],
          "private": "eyJzY2hlbWFfdmVyc2lvbiI6IjAifQ=="
        }
      ]
    },
    {
      "module": "module.security",
      "mode": "managed",
      "type": "akamai_appsec_rule",
      "name": "main_policy_aseweb_attackcmd_injection_3000146",
      "provider": "provider[\"registry.terraform.io/akamai/akamai\"]",
      "instances": [
        {
          "schema_version": 0,
          "attributes": {
            "condition_exception": null,
            "config_id": 26906,
            "id": "26906:gfmp_56269:3000146",
            "rule_action": "alert",
            "rule_id": 3000146,
            "security_policy_id": "gfmp_56269"
          },
          "sensitive_attributes": [],
          "private": "eyJzY2hlbWFfdmVyc2lvbiI6IjAifQ=="
        }
      ]
    },
    {
      "module": "module.security",
      "mode": "managed",
      "type": "akamai_appsec_rule",
      "name": "main_policy_aseweb_attackcmd_injection_3000147",
      "provider": "provider[\"registry.terraform.io/akamai/akamai\"]",
      "instances": [
        {
          "schema_version": 0,
          "attributes": {
            "condition_exception": null,
            "config_id": 26906,
            "id": "26906:gfmp_56269:3000147",
            "rule_action": "alert",
            "rule_id": 3000147,
            "security_policy_id": "gfmp_56269"
          },
          "sensitive_attributes": [],
          "private": "eyJzY2hlbWFfdmVyc2lvbiI6IjAifQ=="
        }
      ]
    },
    {
      "module": "module.security",
      "mode": "managed",
      "type": "akamai_appsec_rule",
      "name": "main_policy_aseweb_attackcmd_injection_3000148",
      "provider": "provider[\"registry.terraform.io/akamai/akamai\"]",
      "instances": [
        {
          "schema_version": 0,
          "attributes": {
            "condition_exception": null,
            "config_id": 26906,
            "id": "26906:gfmp_56269:3000148",
            "rule_action": "alert",
            "rule_id": 3000148,
            "security_policy_id": "gfmp_56269"
          },
          "sensitive_attributes": [],
          "private": "eyJzY2hlbWFfdmVyc2lvbiI6IjAifQ=="
        }
      ]
    },
    {
      "module": "module.security",
      "mode": "managed",
      "type": "akamai_appsec_rule",
      "name": "main_policy_aseweb_attackcmd_injection_3000149",
      "provider": "provider[\"registry.terraform.io/akamai/akamai\"]",
      "instances": [
        {
          "schema_version": 0,
          "attributes": {
            "condition_exception": null,
            "config_id": 26906,
            "id": "26906:gfmp_56269:3000149",
            "rule_action": "alert",
            "rule_id": 3000149,
            "security_policy_id": "gfmp_56269"
          },
          "sensitive_attributes": [],
          "private": "eyJzY2hlbWFfdmVyc2lvbiI6IjAifQ=="
        }
      ]
    },
    {
      "module": "module.security",
      "mode": "managed",
      "type": "akamai_appsec_rule",
      "name": "main_policy_aseweb_attackcmd_injection_3000150",
      "provider": "provider[\"registry.terraform.io/akamai/akamai\"]",
      "instances": [
        {
          "schema_version": 0,
          "attributes": {
            "condition_exception": null,
            "config_id": 26906,
            "id": "26906:gfmp_56269:3000150",
            "rule_action": "alert",
            "rule_id": 3000150,
            "security_policy_id": "gfmp_56269"
          },
          "sensitive_attributes": [],
          "private": "eyJzY2hlbWFfdmVyc2lvbiI6IjAifQ=="
        }
      ]
    },
    {
      "module": "module.security",
      "mode": "managed",
      "type": "akamai_appsec_rule",
      "name": "main_policy_aseweb_attackcmd_injection_3000151",
      "provider": "provider[\"registry.terraform.io/akamai/akamai\"]",
      "instances": [
        {
          "schema_version": 0,
          "attributes": {
            "condition_exception": null,
            "config_id": 26906,
            "id": "26906:gfmp_56269:3000151",
            "rule_action": "alert",
            "rule_id": 3000151,
            "security_policy_id": "gfmp_56269"
          },
          "sensitive_attributes": [],
          "private": "eyJzY2hlbWFfdmVyc2lvbiI6IjAifQ=="
        }
      ]
    },
    {
      "module": "module.security",
      "mode": "managed",
      "type": "akamai_appsec_rule",
      "name": "main_policy_aseweb_attackcmd_injection_3000152",
      "provider": "provider[\"registry.terraform.io/akamai/akamai\"]",
      "instances": [
        {
          "schema_version": 0,
          "attributes": {
            "condition_exception": null,
            "config_id": 26906,
            "id": "26906:gfmp_56269:3000152",
            "rule_action": "alert",
            "rule_id": 3000152,
            "security_policy_id": "gfmp_56269"
          },
          "sensitive_attributes": [],
          "private": "eyJzY2hlbWFfdmVyc2lvbiI6IjAifQ=="
        }
      ]
    },
    {
      "module": "module.security",
      "mode": "managed",
      "type": "akamai_appsec_rule",
      "name": "main_policy_aseweb_attackcmd_injection_3000153",
      "provider": "provider[\"registry.terraform.io/akamai/akamai\"]",
      "instances": [
        {
          "schema_version": 0,
          "attributes": {
            "condition_exception": null,
            "config_id": 26906,
            "id": "26906:gfmp_56269:3000153",
            "rule_action": "alert",
            "rule_id": 3000153,
            "security_policy_id": "gfmp_56269"
          },
          "sensitive_attributes": [],
          "private": "eyJzY2hlbWFfdmVyc2lvbiI6IjAifQ=="
        }
      ]
    },
    {
      "module": "module.security",
      "mode": "managed",
      "type": "akamai_appsec_rule",
      "name": "main_policy_aseweb_attackcmd_injection_3000154",
      "provider": "provider[\"registry.terraform.io/akamai/akamai\"]",
      "instances": [
        {
          "schema_version": 0,
          "attributes": {
            "condition_exception": null,
            "config_id": 26906,
            "id": "26906:gfmp_56269:3000154",
            "rule_action": "alert",
            "rule_id": 3000154,
            "security_policy_id": "gfmp_56269"
          },
          "sensitive_attributes": [],
          "private": "eyJzY2hlbWFfdmVyc2lvbiI6IjAifQ=="
        }
      ]
    },
    {
      "module": "module.security",
      "mode": "managed",
      "type": "akamai_appsec_rule",
      "name": "main_policy_aseweb_attackcmd_injection_3000155",
      "provider": "provider[\"registry.terraform.io/akamai/akamai\"]",
      "instances": [
        {
          "schema_version": 0,
          "attributes": {
            "condition_exception": null,
            "config_id": 26906,
            "id": "26906:gfmp_56269:3000155",
            "rule_action": "alert",
            "rule_id": 3000155,
            "security_policy_id": "gfmp_56269"
          },
          "sensitive_attributes": [],
          "private": "eyJzY2hlbWFfdmVyc2lvbiI6IjAifQ=="
        }
      ]
    },
    {
      "module": "module.security",
      "mode": "managed",
      "type": "akamai_appsec_rule",
      "name": "main_policy_aseweb_attackcmd_injection_3000156",
      "provider": "provider[\"registry.terraform.io/akamai/akamai\"]",
      "instances": [
        {
          "schema_version": 0,
          "attributes": {
            "condition_exception": null,
            "config_id": 26906,
            "id": "26906:gfmp_56269:3000156",
            "rule_action": "alert",
            "rule_id": 3000156,
            "security_policy_id": "gfmp_56269"
          },
          "sensitive_attributes": [],
          "private": "eyJzY2hlbWFfdmVyc2lvbiI6IjAifQ=="
        }
      ]
    },
    {
      "module": "module.security",
      "mode": "managed",
      "type": "akamai_appsec_rule",
      "name": "main_policy_aseweb_attackcmd_injection_3000169",
      "provider": "provider[\"registry.terraform.io/akamai/akamai\"]",
      "instances": [
        {
          "schema_version": 0,
          "attributes": {
            "condition_exception": null,
            "config_id": 26906,
            "id": "26906:gfmp_56269:3000169",
            "rule_action": "alert",
            "rule_id": 3000169,
            "security_policy_id": "gfmp_56269"
          },
          "sensitive_attributes": [],
          "private": "eyJzY2hlbWFfdmVyc2lvbiI6IjAifQ=="
        }
      ]
    },
    {
      "module": "module.security",
      "mode": "managed",
      "type": "akamai_appsec_rule",
      "name": "main_policy_aseweb_attackcmd_injection_3000170",
      "provider": "provider[\"registry.terraform.io/akamai/akamai\"]",
      "instances": [
        {
          "schema_version": 0,
          "attributes": {
            "condition_exception": null,
            "config_id": 26906,
            "id": "26906:gfmp_56269:3000170",
            "rule_action": "alert",
            "rule_id": 3000170,
            "security_policy_id": "gfmp_56269"
          },
          "sensitive_attributes": [],
          "private": "eyJzY2hlbWFfdmVyc2lvbiI6IjAifQ=="
        }
      ]
    },
    {
      "module": "module.security",
      "mode": "managed",
      "type": "akamai_appsec_rule",
      "name": "main_policy_aseweb_attackcmd_injection_3000171",
      "provider": "provider[\"registry.terraform.io/akamai/akamai\"]",
      "instances": [
        {
          "schema_version": 0,
          "attributes": {
            "condition_exception": null,
            "config_id": 26906,
            "id": "26906:gfmp_56269:3000171",
            "rule_action": "alert",
            "rule_id": 3000171,
            "security_policy_id": "gfmp_56269"
          },
          "sensitive_attributes": [],
          "private": "eyJzY2hlbWFfdmVyc2lvbiI6IjAifQ=="
        }
      ]
    },
    {
      "module": "module.security",
      "mode": "managed",
      "type": "akamai_appsec_rule",
      "name": "main_policy_aseweb_attackcmd_injection_3000172",
      "provider": "provider[\"registry.terraform.io/akamai/akamai\"]",
      "instances": [
        {
          "schema_version": 0,
          "attributes": {
            "condition_exception": null,
            "config_id": 26906,
            "id": "26906:gfmp_56269:3000172",
            "rule_action": "alert",
            "rule_id": 3000172,
            "security_policy_id": "gfmp_56269"
          },
          "sensitive_attributes": [],
          "private": "eyJzY2hlbWFfdmVyc2lvbiI6IjAifQ=="
        }
      ]
    },
    {
      "module": "module.security",
      "mode": "managed",
      "type": "akamai_appsec_rule",
      "name": "main_policy_aseweb_attackcmd_injection_3000196",
      "provider": "provider[\"registry.terraform.io/akamai/akamai\"]",
      "instances": [
        {
          "schema_version": 0,
          "attributes": {
            "condition_exception": null,
            "config_id": 26906,
            "id": "26906:gfmp_56269:3000196",
            "rule_action": "alert",
            "rule_id": 3000196,
            "security_policy_id": "gfmp_56269"
          },
          "sensitive_attributes": [],
          "private": "eyJzY2hlbWFfdmVyc2lvbiI6IjAifQ=="
        }
      ]
    },
    {
      "module": "module.security",
      "mode": "managed",
      "type": "akamai_appsec_rule",
      "name": "main_policy_aseweb_attackcmd_injection_3000197",
      "provider": "provider[\"registry.terraform.io/akamai/akamai\"]",
      "instances": [
        {
          "schema_version": 0,
          "attributes": {
            "condition_exception": null,
            "config_id": 26906,
            "id": "26906:gfmp_56269:3000197",
            "rule_action": "alert",
            "rule_id": 3000197,
            "security_policy_id": "gfmp_56269"
          },
          "sensitive_attributes": [],
          "private": "eyJzY2hlbWFfdmVyc2lvbiI6IjAifQ=="
        }
      ]
    },
    {
      "module": "module.security",
      "mode": "managed",
      "type": "akamai_appsec_rule",
      "name": "main_policy_aseweb_attackcmd_injection_3000400",
      "provider": "provider[\"registry.terraform.io/akamai/akamai\"]",
      "instances": [
        {
          "schema_version": 0,
          "attributes": {
            "condition_exception": null,
            "config_id": 26906,
            "id": "26906:gfmp_56269:3000400",
            "rule_action": "alert",
            "rule_id": 3000400,
            "security_policy_id": "gfmp_56269"
          },
          "sensitive_attributes": [],
          "private": "eyJzY2hlbWFfdmVyc2lvbiI6IjAifQ=="
        }
      ]
    },
    {
      "module": "module.security",
      "mode": "managed",
      "type": "akamai_appsec_rule",
      "name": "main_policy_aseweb_attackcmd_injection_3000401",
      "provider": "provider[\"registry.terraform.io/akamai/akamai\"]",
      "instances": [
        {
          "schema_version": 0,
          "attributes": {
            "condition_exception": null,
            "config_id": 26906,
            "id": "26906:gfmp_56269:3000401",
            "rule_action": "alert",
            "rule_id": 3000401,
            "security_policy_id": "gfmp_56269"
          },
          "sensitive_attributes": [],
          "private": "eyJzY2hlbWFfdmVyc2lvbiI6IjAifQ=="
        }
      ]
    },
    {
      "module": "module.security",
      "mode": "managed",
      "type": "akamai_appsec_rule",
      "name": "main_policy_aseweb_attackcmd_injection_3000403",
      "provider": "provider[\"registry.terraform.io/akamai/akamai\"]",
      "instances": [
        {
          "schema_version": 0,
          "attributes": {
            "condition_exception": null,
            "config_id": 26906,
            "id": "26906:gfmp_56269:3000403",
            "rule_action": "alert",
            "rule_id": 3000403,
            "security_policy_id": "gfmp_56269"
          },
          "sensitive_attributes": [],
          "private": "eyJzY2hlbWFfdmVyc2lvbiI6IjAifQ=="
        }
      ]
    },
    {
      "module": "module.security",
      "mode": "managed",
      "type": "akamai_appsec_rule",
      "name": "main_policy_aseweb_attackcmd_injection_3000404",
      "provider": "provider[\"registry.terraform.io/akamai/akamai\"]",
      "instances": [
        {
          "schema_version": 0,
          "attributes": {
            "condition_exception": null,
            "config_id": 26906,
            "id": "26906:gfmp_56269:3000404",
            "rule_action": "alert",
            "rule_id": 3000404,
            "security_policy_id": "gfmp_56269"
          },
          "sensitive_attributes": [],
          "private": "eyJzY2hlbWFfdmVyc2lvbiI6IjAifQ=="
        }
      ]
    },
    {
      "module": "module.security",
      "mode": "managed",
      "type": "akamai_appsec_rule",
      "name": "main_policy_aseweb_attackcmd_injection_3000405",
      "provider": "provider[\"registry.terraform.io/akamai/akamai\"]",
      "instances": [
        {
          "schema_version": 0,
          "attributes": {
            "condition_exception": null,
            "config_id": 26906,
            "id": "26906:gfmp_56269:3000405",
            "rule_action": "alert",
            "rule_id": 3000405,
            "security_policy_id": "gfmp_56269"
          },
          "sensitive_attributes": [],
          "private": "eyJzY2hlbWFfdmVyc2lvbiI6IjAifQ=="
        }
      ]
    },
    {
      "module": "module.security",
      "mode": "managed",
      "type": "akamai_appsec_rule",
      "name": "main_policy_aseweb_attackcmd_injection_3000406",
      "provider": "provider[\"registry.terraform.io/akamai/akamai\"]",
      "instances": [
        {
          "schema_version": 0,
          "attributes": {
            "condition_exception": null,
            "config_id": 26906,
            "id": "26906:gfmp_56269:3000406",
            "rule_action": "alert",
            "rule_id": 3000406,
            "security_policy_id": "gfmp_56269"
          },
          "sensitive_attributes": [],
          "private": "eyJzY2hlbWFfdmVyc2lvbiI6IjAifQ=="
        }
      ]
    },
    {
      "module": "module.security",
      "mode": "managed",
      "type": "akamai_appsec_rule",
      "name": "main_policy_aseweb_attackcmd_injection_3000407",
      "provider": "provider[\"registry.terraform.io/akamai/akamai\"]",
      "instances": [
        {
          "schema_version": 0,
          "attributes": {
            "condition_exception": null,
            "config_id": 26906,
            "id": "26906:gfmp_56269:3000407",
            "rule_action": "alert",
            "rule_id": 3000407,
            "security_policy_id": "gfmp_56269"
          },
          "sensitive_attributes": [],
          "private": "eyJzY2hlbWFfdmVyc2lvbiI6IjAifQ=="
        }
      ]
    },
    {
      "module": "module.security",
      "mode": "managed",
      "type": "akamai_appsec_rule",
      "name": "main_policy_aseweb_attackcmd_injection_3000408",
      "provider": "provider[\"registry.terraform.io/akamai/akamai\"]",
      "instances": [
        {
          "schema_version": 0,
          "attributes": {
            "condition_exception": null,
            "config_id": 26906,
            "id": "26906:gfmp_56269:3000408",
            "rule_action": "alert",
            "rule_id": 3000408,
            "security_policy_id": "gfmp_56269"
          },
          "sensitive_attributes": [],
          "private": "eyJzY2hlbWFfdmVyc2lvbiI6IjAifQ=="
        }
      ]
    },
    {
      "module": "module.security",
      "mode": "managed",
      "type": "akamai_appsec_rule",
      "name": "main_policy_aseweb_attackcmd_injection_3000409",
      "provider": "provider[\"registry.terraform.io/akamai/akamai\"]",
      "instances": [
        {
          "schema_version": 0,
          "attributes": {
            "condition_exception": null,
            "config_id": 26906,
            "id": "26906:gfmp_56269:3000409",
            "rule_action": "alert",
            "rule_id": 3000409,
            "security_policy_id": "gfmp_56269"
          },
          "sensitive_attributes": [],
          "private": "eyJzY2hlbWFfdmVyc2lvbiI6IjAifQ=="
        }
      ]
    },
    {
      "module": "module.security",
      "mode": "managed",
      "type": "akamai_appsec_rule",
      "name": "main_policy_aseweb_attackcmd_injection_3000410",
      "provider": "provider[\"registry.terraform.io/akamai/akamai\"]",
      "instances": [
        {
          "schema_version": 0,
          "attributes": {
            "condition_exception": null,
            "config_id": 26906,
            "id": "26906:gfmp_56269:3000410",
            "rule_action": "alert",
            "rule_id": 3000410,
            "security_policy_id": "gfmp_56269"
          },
          "sensitive_attributes": [],
          "private": "eyJzY2hlbWFfdmVyc2lvbiI6IjAifQ=="
        }
      ]
    },
    {
      "module": "module.security",
      "mode": "managed",
      "type": "akamai_appsec_rule",
      "name": "main_policy_aseweb_attackcmd_injection_3000411",
      "provider": "provider[\"registry.terraform.io/akamai/akamai\"]",
      "instances": [
        {
          "schema_version": 0,
          "attributes": {
            "condition_exception": null,
            "config_id": 26906,
            "id": "26906:gfmp_56269:3000411",
            "rule_action": "alert",
            "rule_id": 3000411,
            "security_policy_id": "gfmp_56269"
          },
          "sensitive_attributes": [],
          "private": "eyJzY2hlbWFfdmVyc2lvbiI6IjAifQ=="
        }
      ]
    },
    {
      "module": "module.security",
      "mode": "managed",
      "type": "akamai_appsec_rule",
      "name": "main_policy_aseweb_attackcmd_injection_950002",
      "provider": "provider[\"registry.terraform.io/akamai/akamai\"]",
      "instances": [
        {
          "schema_version": 0,
          "attributes": {
            "condition_exception": null,
            "config_id": 26906,
            "id": "26906:gfmp_56269:950002",
            "rule_action": "alert",
            "rule_id": 950002,
            "security_policy_id": "gfmp_56269"
          },
          "sensitive_attributes": [],
          "private": "eyJzY2hlbWFfdmVyc2lvbiI6IjAifQ=="
        }
      ]
    },
    {
      "module": "module.security",
      "mode": "managed",
      "type": "akamai_appsec_rule",
      "name": "main_policy_aseweb_attackcmd_injection_950006",
      "provider": "provider[\"registry.terraform.io/akamai/akamai\"]",
      "instances": [
        {
          "schema_version": 0,
          "attributes": {
            "condition_exception": null,
            "config_id": 26906,
            "id": "26906:gfmp_56269:950006",
            "rule_action": "alert",
            "rule_id": 950006,
            "security_policy_id": "gfmp_56269"
          },
          "sensitive_attributes": [],
          "private": "eyJzY2hlbWFfdmVyc2lvbiI6IjAifQ=="
        }
      ]
    },
    {
      "module": "module.security",
      "mode": "managed",
      "type": "akamai_appsec_rule",
      "name": "main_policy_aseweb_attackcmd_injection_950011",
      "provider": "provider[\"registry.terraform.io/akamai/akamai\"]",
      "instances": [
        {
          "schema_version": 0,
          "attributes": {
            "condition_exception": null,
            "config_id": 26906,
            "id": "26906:gfmp_56269:950011",
            "rule_action": "alert",
            "rule_id": 950011,
            "security_policy_id": "gfmp_56269"
          },
          "sensitive_attributes": [],
          "private": "eyJzY2hlbWFfdmVyc2lvbiI6IjAifQ=="
        }
      ]
    },
    {
      "module": "module.security",
      "mode": "managed",
      "type": "akamai_appsec_rule",
      "name": "main_policy_aseweb_attackcmd_injection_959976",
      "provider": "provider[\"registry.terraform.io/akamai/akamai\"]",
      "instances": [
        {
          "schema_version": 0,
          "attributes": {
            "condition_exception": null,
            "config_id": 26906,
            "id": "26906:gfmp_56269:959976",
            "rule_action": "alert",
            "rule_id": 959976,
            "security_policy_id": "gfmp_56269"
          },
          "sensitive_attributes": [],
          "private": "eyJzY2hlbWFfdmVyc2lvbiI6IjAifQ=="
        }
      ]
    },
    {
      "module": "module.security",
      "mode": "managed",
      "type": "akamai_appsec_rule",
      "name": "main_policy_aseweb_attackcmd_injection_959977",
      "provider": "provider[\"registry.terraform.io/akamai/akamai\"]",
      "instances": [
        {
          "schema_version": 0,
          "attributes": {
            "condition_exception": null,
            "config_id": 26906,
            "id": "26906:gfmp_56269:959977",
            "rule_action": "alert",
            "rule_id": 959977,
            "security_policy_id": "gfmp_56269"
          },
          "sensitive_attributes": [],
          "private": "eyJzY2hlbWFfdmVyc2lvbiI6IjAifQ=="
        }
      ]
    },
    {
      "module": "module.security",
      "mode": "managed",
      "type": "akamai_appsec_rule",
      "name": "main_policy_aseweb_attackcmd_injection_969151",
      "provider": "provider[\"registry.terraform.io/akamai/akamai\"]",
      "instances": [
        {
          "schema_version": 0,
          "attributes": {
            "condition_exception": null,
            "config_id": 26906,
            "id": "26906:gfmp_56269:969151",
            "rule_action": "alert",
            "rule_id": 969151,
            "security_policy_id": "gfmp_56269"
          },
          "sensitive_attributes": [],
          "private": "eyJzY2hlbWFfdmVyc2lvbiI6IjAifQ=="
        }
      ]
    },
    {
      "module": "module.security",
      "mode": "managed",
      "type": "akamai_appsec_rule",
      "name": "main_policy_aseweb_attackcmdi_3000195",
      "provider": "provider[\"registry.terraform.io/akamai/akamai\"]",
      "instances": [
        {
          "schema_version": 0,
          "attributes": {
            "condition_exception": null,
            "config_id": 26906,
            "id": "26906:gfmp_56269:3000195",
            "rule_action": "alert",
            "rule_id": 3000195,
            "security_policy_id": "gfmp_56269"
          },
          "sensitive_attributes": [],
          "private": "eyJzY2hlbWFfdmVyc2lvbiI6IjAifQ=="
        }
      ]
    },
    {
      "module": "module.security",
      "mode": "managed",
      "type": "akamai_appsec_rule",
      "name": "main_policy_aseweb_attacklfi_3000120",
      "provider": "provider[\"registry.terraform.io/akamai/akamai\"]",
      "instances": [
        {
          "schema_version": 0,
          "attributes": {
            "condition_exception": null,
            "config_id": 26906,
            "id": "26906:gfmp_56269:3000120",
            "rule_action": "alert",
            "rule_id": 3000120,
            "security_policy_id": "gfmp_56269"
          },
          "sensitive_attributes": [],
          "private": "eyJzY2hlbWFfdmVyc2lvbiI6IjAifQ=="
        }
      ]
    },
    {
      "module": "module.security",
      "mode": "managed",
      "type": "akamai_appsec_rule",
      "name": "main_policy_aseweb_attacklfi_3000121",
      "provider": "provider[\"registry.terraform.io/akamai/akamai\"]",
      "instances": [
        {
          "schema_version": 0,
          "attributes": {
            "condition_exception": null,
            "config_id": 26906,
            "id": "26906:gfmp_56269:3000121",
            "rule_action": "alert",
            "rule_id": 3000121,
            "security_policy_id": "gfmp_56269"
          },
          "sensitive_attributes": [],
          "private": "eyJzY2hlbWFfdmVyc2lvbiI6IjAifQ=="
        }
      ]
    },
    {
      "module": "module.security",
      "mode": "managed",
      "type": "akamai_appsec_rule",
      "name": "main_policy_aseweb_attacklfi_3000122",
      "provider": "provider[\"registry.terraform.io/akamai/akamai\"]",
      "instances": [
        {
          "schema_version": 0,
          "attributes": {
            "condition_exception": null,
            "config_id": 26906,
            "id": "26906:gfmp_56269:3000122",
            "rule_action": "alert",
            "rule_id": 3000122,
            "security_policy_id": "gfmp_56269"
          },
          "sensitive_attributes": [],
          "private": "eyJzY2hlbWFfdmVyc2lvbiI6IjAifQ=="
        }
      ]
    },
    {
      "module": "module.security",
      "mode": "managed",
      "type": "akamai_appsec_rule",
      "name": "main_policy_aseweb_attacklfi_3000123",
      "provider": "provider[\"registry.terraform.io/akamai/akamai\"]",
      "instances": [
        {
          "schema_version": 0,
          "attributes": {
            "condition_exception": null,
            "config_id": 26906,
            "id": "26906:gfmp_56269:3000123",
            "rule_action": "alert",
            "rule_id": 3000123,
            "security_policy_id": "gfmp_56269"
          },
          "sensitive_attributes": [],
          "private": "eyJzY2hlbWFfdmVyc2lvbiI6IjAifQ=="
        }
      ]
    },
    {
      "module": "module.security",
      "mode": "managed",
      "type": "akamai_appsec_rule",
      "name": "main_policy_aseweb_attacklfi_3000124",
      "provider": "provider[\"registry.terraform.io/akamai/akamai\"]",
      "instances": [
        {
          "schema_version": 0,
          "attributes": {
            "condition_exception": null,
            "config_id": 26906,
            "id": "26906:gfmp_56269:3000124",
            "rule_action": "alert",
            "rule_id": 3000124,
            "security_policy_id": "gfmp_56269"
          },
          "sensitive_attributes": [],
          "private": "eyJzY2hlbWFfdmVyc2lvbiI6IjAifQ=="
        }
      ]
    },
    {
      "module": "module.security",
      "mode": "managed",
      "type": "akamai_appsec_rule",
      "name": "main_policy_aseweb_attacklfi_3000125",
      "provider": "provider[\"registry.terraform.io/akamai/akamai\"]",
      "instances": [
        {
          "schema_version": 0,
          "attributes": {
            "condition_exception": null,
            "config_id": 26906,
            "id": "26906:gfmp_56269:3000125",
            "rule_action": "alert",
            "rule_id": 3000125,
            "security_policy_id": "gfmp_56269"
          },
          "sensitive_attributes": [],
          "private": "eyJzY2hlbWFfdmVyc2lvbiI6IjAifQ=="
        }
      ]
    },
    {
      "module": "module.security",
      "mode": "managed",
      "type": "akamai_appsec_rule",
      "name": "main_policy_aseweb_attacklfi_3000126",
      "provider": "provider[\"registry.terraform.io/akamai/akamai\"]",
      "instances": [
        {
          "schema_version": 0,
          "attributes": {
            "condition_exception": null,
            "config_id": 26906,
            "id": "26906:gfmp_56269:3000126",
            "rule_action": "alert",
            "rule_id": 3000126,
            "security_policy_id": "gfmp_56269"
          },
          "sensitive_attributes": [],
          "private": "eyJzY2hlbWFfdmVyc2lvbiI6IjAifQ=="
        }
      ]
    },
    {
      "module": "module.security",
      "mode": "managed",
      "type": "akamai_appsec_rule",
      "name": "main_policy_aseweb_attacklfi_3000127",
      "provider": "provider[\"registry.terraform.io/akamai/akamai\"]",
      "instances": [
        {
          "schema_version": 0,
          "attributes": {
            "condition_exception": null,
            "config_id": 26906,
            "id": "26906:gfmp_56269:3000127",
            "rule_action": "alert",
            "rule_id": 3000127,
            "security_policy_id": "gfmp_56269"
          },
          "sensitive_attributes": [],
          "private": "eyJzY2hlbWFfdmVyc2lvbiI6IjAifQ=="
        }
      ]
    },
    {
      "module": "module.security",
      "mode": "managed",
      "type": "akamai_appsec_rule",
      "name": "main_policy_aseweb_attacklfi_3000500",
      "provider": "provider[\"registry.terraform.io/akamai/akamai\"]",
      "instances": [
        {
          "schema_version": 0,
          "attributes": {
            "condition_exception": null,
            "config_id": 26906,
            "id": "26906:gfmp_56269:3000500",
            "rule_action": "alert",
            "rule_id": 3000500,
            "security_policy_id": "gfmp_56269"
          },
          "sensitive_attributes": [],
          "private": "eyJzY2hlbWFfdmVyc2lvbiI6IjAifQ=="
        }
      ]
    },
    {
      "module": "module.security",
      "mode": "managed",
      "type": "akamai_appsec_rule",
      "name": "main_policy_aseweb_attacklfi_3000501",
      "provider": "provider[\"registry.terraform.io/akamai/akamai\"]",
      "instances": [
        {
          "schema_version": 0,
          "attributes": {
            "condition_exception": null,
            "config_id": 26906,
            "id": "26906:gfmp_56269:3000501",
            "rule_action": "alert",
            "rule_id": 3000501,
            "security_policy_id": "gfmp_56269"
          },
          "sensitive_attributes": [],
          "private": "eyJzY2hlbWFfdmVyc2lvbiI6IjAifQ=="
        }
      ]
    },
    {
      "module": "module.security",
      "mode": "managed",
      "type": "akamai_appsec_rule",
      "name": "main_policy_aseweb_attacklfi_3000502",
      "provider": "provider[\"registry.terraform.io/akamai/akamai\"]",
      "instances": [
        {
          "schema_version": 0,
          "attributes": {
            "condition_exception": null,
            "config_id": 26906,
            "id": "26906:gfmp_56269:3000502",
            "rule_action": "alert",
            "rule_id": 3000502,
            "security_policy_id": "gfmp_56269"
          },
          "sensitive_attributes": [],
          "private": "eyJzY2hlbWFfdmVyc2lvbiI6IjAifQ=="
        }
      ]
    },
    {
      "module": "module.security",
      "mode": "managed",
      "type": "akamai_appsec_rule",
      "name": "main_policy_aseweb_attacklfi_3000503",
      "provider": "provider[\"registry.terraform.io/akamai/akamai\"]",
      "instances": [
        {
          "schema_version": 0,
          "attributes": {
            "condition_exception": null,
            "config_id": 26906,
            "id": "26906:gfmp_56269:3000503",
            "rule_action": "alert",
            "rule_id": 3000503,
            "security_policy_id": "gfmp_56269"
          },
          "sensitive_attributes": [],
          "private": "eyJzY2hlbWFfdmVyc2lvbiI6IjAifQ=="
        }
      ]
    },
    {
      "module": "module.security",
      "mode": "managed",
      "type": "akamai_appsec_rule",
      "name": "main_policy_aseweb_attacklfi_3000504",
      "provider": "provider[\"registry.terraform.io/akamai/akamai\"]",
      "instances": [
        {
          "schema_version": 0,
          "attributes": {
            "condition_exception": null,
            "config_id": 26906,
            "id": "26906:gfmp_56269:3000504",
            "rule_action": "alert",
            "rule_id": 3000504,
            "security_policy_id": "gfmp_56269"
          },
          "sensitive_attributes": [],
          "private": "eyJzY2hlbWFfdmVyc2lvbiI6IjAifQ=="
        }
      ]
    },
    {
      "module": "module.security",
      "mode": "managed",
      "type": "akamai_appsec_rule",
      "name": "main_policy_aseweb_attacklfi_3000505",
      "provider": "provider[\"registry.terraform.io/akamai/akamai\"]",
      "instances": [
        {
          "schema_version": 0,
          "attributes": {
            "condition_exception": null,
            "config_id": 26906,
            "id": "26906:gfmp_56269:3000505",
            "rule_action": "alert",
            "rule_id": 3000505,
            "security_policy_id": "gfmp_56269"
          },
          "sensitive_attributes": [],
          "private": "eyJzY2hlbWFfdmVyc2lvbiI6IjAifQ=="
        }
      ]
    },
    {
      "module": "module.security",
      "mode": "managed",
      "type": "akamai_appsec_rule",
      "name": "main_policy_aseweb_attacklfi_3000506",
      "provider": "provider[\"registry.terraform.io/akamai/akamai\"]",
      "instances": [
        {
          "schema_version": 0,
          "attributes": {
            "condition_exception": null,
            "config_id": 26906,
            "id": "26906:gfmp_56269:3000506",
            "rule_action": "alert",
            "rule_id": 3000506,
            "security_policy_id": "gfmp_56269"
          },
          "sensitive_attributes": [],
          "private": "eyJzY2hlbWFfdmVyc2lvbiI6IjAifQ=="
        }
      ]
    },
    {
      "module": "module.security",
      "mode": "managed",
      "type": "akamai_appsec_rule",
      "name": "main_policy_aseweb_attacklfi_3000507",
      "provider": "provider[\"registry.terraform.io/akamai/akamai\"]",
      "instances": [
        {
          "schema_version": 0,
          "attributes": {
            "condition_exception": null,
            "config_id": 26906,
            "id": "26906:gfmp_56269:3000507",
            "rule_action": "alert",
            "rule_id": 3000507,
            "security_policy_id": "gfmp_56269"
          },
          "sensitive_attributes": [],
          "private": "eyJzY2hlbWFfdmVyc2lvbiI6IjAifQ=="
        }
      ]
    },
    {
      "module": "module.security",
      "mode": "managed",
      "type": "akamai_appsec_rule",
      "name": "main_policy_aseweb_attacklfi_3000508",
      "provider": "provider[\"registry.terraform.io/akamai/akamai\"]",
      "instances": [
        {
          "schema_version": 0,
          "attributes": {
            "condition_exception": null,
            "config_id": 26906,
            "id": "26906:gfmp_56269:3000508",
            "rule_action": "alert",
            "rule_id": 3000508,
            "security_policy_id": "gfmp_56269"
          },
          "sensitive_attributes": [],
          "private": "eyJzY2hlbWFfdmVyc2lvbiI6IjAifQ=="
        }
      ]
    },
    {
      "module": "module.security",
      "mode": "managed",
      "type": "akamai_appsec_rule",
      "name": "main_policy_aseweb_attacklfi_950203",
      "provider": "provider[\"registry.terraform.io/akamai/akamai\"]",
      "instances": [
        {
          "schema_version": 0,
          "attributes": {
            "condition_exception": null,
            "config_id": 26906,
            "id": "26906:gfmp_56269:950203",
            "rule_action": "alert",
            "rule_id": 950203,
            "security_policy_id": "gfmp_56269"
          },
          "sensitive_attributes": [],
          "private": "eyJzY2hlbWFfdmVyc2lvbiI6IjAifQ=="
        }
      ]
    },
    {
      "module": "module.security",
      "mode": "managed",
      "type": "akamai_appsec_rule",
      "name": "main_policy_aseweb_attacklfi_950204",
      "provider": "provider[\"registry.terraform.io/akamai/akamai\"]",
      "instances": [
        {
          "schema_version": 0,
          "attributes": {
            "condition_exception": null,
            "config_id": 26906,
            "id": "26906:gfmp_56269:950204",
            "rule_action": "alert",
            "rule_id": 950204,
            "security_policy_id": "gfmp_56269"
          },
          "sensitive_attributes": [],
          "private": "eyJzY2hlbWFfdmVyc2lvbiI6IjAifQ=="
        }
      ]
    },
    {
      "module": "module.security",
      "mode": "managed",
      "type": "akamai_appsec_rule",
      "name": "main_policy_aseweb_attackplatform_3000109",
      "provider": "provider[\"registry.terraform.io/akamai/akamai\"]",
      "instances": [
        {
          "schema_version": 0,
          "attributes": {
            "condition_exception": null,
            "config_id": 26906,
            "id": "26906:gfmp_56269:3000109",
            "rule_action": "alert",
            "rule_id": 3000109,
            "security_policy_id": "gfmp_56269"
          },
          "sensitive_attributes": [],
          "private": "eyJzY2hlbWFfdmVyc2lvbiI6IjAifQ=="
        }
      ]
    },
    {
      "module": "module.security",
      "mode": "managed",
      "type": "akamai_appsec_rule",
      "name": "main_policy_aseweb_attackplatform_3000132",
      "provider": "provider[\"registry.terraform.io/akamai/akamai\"]",
      "instances": [
        {
          "schema_version": 0,
          "attributes": {
            "condition_exception": null,
            "config_id": 26906,
            "id": "26906:gfmp_56269:3000132",
            "rule_action": "alert",
            "rule_id": 3000132,
            "security_policy_id": "gfmp_56269"
          },
          "sensitive_attributes": [],
          "private": "eyJzY2hlbWFfdmVyc2lvbiI6IjAifQ=="
        }
      ]
    },
    {
      "module": "module.security",
      "mode": "managed",
      "type": "akamai_appsec_rule",
      "name": "main_policy_aseweb_attackplatform_3000133",
      "provider": "provider[\"registry.terraform.io/akamai/akamai\"]",
      "instances": [
        {
          "schema_version": 0,
          "attributes": {
            "condition_exception": null,
            "config_id": 26906,
            "id": "26906:gfmp_56269:3000133",
            "rule_action": "alert",
            "rule_id": 3000133,
            "security_policy_id": "gfmp_56269"
          },
          "sensitive_attributes": [],
          "private": "eyJzY2hlbWFfdmVyc2lvbiI6IjAifQ=="
        }
      ]
    },
    {
      "module": "module.security",
      "mode": "managed",
      "type": "akamai_appsec_rule",
      "name": "main_policy_aseweb_attackplatform_3000134",
      "provider": "provider[\"registry.terraform.io/akamai/akamai\"]",
      "instances": [
        {
          "schema_version": 0,
          "attributes": {
            "condition_exception": null,
            "config_id": 26906,
            "id": "26906:gfmp_56269:3000134",
            "rule_action": "alert",
            "rule_id": 3000134,
            "security_policy_id": "gfmp_56269"
          },
          "sensitive_attributes": [],
          "private": "eyJzY2hlbWFfdmVyc2lvbiI6IjAifQ=="
        }
      ]
    },
    {
      "module": "module.security",
      "mode": "managed",
      "type": "akamai_appsec_rule",
      "name": "main_policy_aseweb_attackplatform_3000135",
      "provider": "provider[\"registry.terraform.io/akamai/akamai\"]",
      "instances": [
        {
          "schema_version": 0,
          "attributes": {
            "condition_exception": null,
            "config_id": 26906,
            "id": "26906:gfmp_56269:3000135",
            "rule_action": "alert",
            "rule_id": 3000135,
            "security_policy_id": "gfmp_56269"
          },
          "sensitive_attributes": [],
          "private": "eyJzY2hlbWFfdmVyc2lvbiI6IjAifQ=="
        }
      ]
    },
    {
      "module": "module.security",
      "mode": "managed",
      "type": "akamai_appsec_rule",
      "name": "main_policy_aseweb_attackplatform_3000136",
      "provider": "provider[\"registry.terraform.io/akamai/akamai\"]",
      "instances": [
        {
          "schema_version": 0,
          "attributes": {
            "condition_exception": null,
            "config_id": 26906,
            "id": "26906:gfmp_56269:3000136",
            "rule_action": "alert",
            "rule_id": 3000136,
            "security_policy_id": "gfmp_56269"
          },
          "sensitive_attributes": [],
          "private": "eyJzY2hlbWFfdmVyc2lvbiI6IjAifQ=="
        }
      ]
    },
    {
      "module": "module.security",
      "mode": "managed",
      "type": "akamai_appsec_rule",
      "name": "main_policy_aseweb_attackplatform_3000139",
      "provider": "provider[\"registry.terraform.io/akamai/akamai\"]",
      "instances": [
        {
          "schema_version": 0,
          "attributes": {
            "condition_exception": null,
            "config_id": 26906,
            "id": "26906:gfmp_56269:3000139",
            "rule_action": "alert",
            "rule_id": 3000139,
            "security_policy_id": "gfmp_56269"
          },
          "sensitive_attributes": [],
          "private": "eyJzY2hlbWFfdmVyc2lvbiI6IjAifQ=="
        }
      ]
    },
    {
      "module": "module.security",
      "mode": "managed",
      "type": "akamai_appsec_rule",
      "name": "main_policy_aseweb_attackplatform_3000165",
      "provider": "provider[\"registry.terraform.io/akamai/akamai\"]",
      "instances": [
        {
          "schema_version": 0,
          "attributes": {
            "condition_exception": null,
            "config_id": 26906,
            "id": "26906:gfmp_56269:3000165",
            "rule_action": "alert",
            "rule_id": 3000165,
            "security_policy_id": "gfmp_56269"
          },
          "sensitive_attributes": [],
          "private": "eyJzY2hlbWFfdmVyc2lvbiI6IjAifQ=="
        }
      ]
    },
    {
      "module": "module.security",
      "mode": "managed",
      "type": "akamai_appsec_rule",
      "name": "main_policy_aseweb_attackplatform_3000166",
      "provider": "provider[\"registry.terraform.io/akamai/akamai\"]",
      "instances": [
        {
          "schema_version": 0,
          "attributes": {
            "condition_exception": null,
            "config_id": 26906,
            "id": "26906:gfmp_56269:3000166",
            "rule_action": "alert",
            "rule_id": 3000166,
            "security_policy_id": "gfmp_56269"
          },
          "sensitive_attributes": [],
          "private": "eyJzY2hlbWFfdmVyc2lvbiI6IjAifQ=="
        }
      ]
    },
    {
      "module": "module.security",
      "mode": "managed",
      "type": "akamai_appsec_rule",
      "name": "main_policy_aseweb_attackplatform_3000167",
      "provider": "provider[\"registry.terraform.io/akamai/akamai\"]",
      "instances": [
        {
          "schema_version": 0,
          "attributes": {
            "condition_exception": null,
            "config_id": 26906,
            "id": "26906:gfmp_56269:3000167",
            "rule_action": "alert",
            "rule_id": 3000167,
            "security_policy_id": "gfmp_56269"
          },
          "sensitive_attributes": [],
          "private": "eyJzY2hlbWFfdmVyc2lvbiI6IjAifQ=="
        }
      ]
    },
    {
      "module": "module.security",
      "mode": "managed",
      "type": "akamai_appsec_rule",
      "name": "main_policy_aseweb_attackplatform_3000168",
      "provider": "provider[\"registry.terraform.io/akamai/akamai\"]",
      "instances": [
        {
          "schema_version": 0,
          "attributes": {
            "condition_exception": null,
            "config_id": 26906,
            "id": "26906:gfmp_56269:3000168",
            "rule_action": "alert",
            "rule_id": 3000168,
            "security_policy_id": "gfmp_56269"
          },
          "sensitive_attributes": [],
          "private": "eyJzY2hlbWFfdmVyc2lvbiI6IjAifQ=="
        }
      ]
    },
    {
      "module": "module.security",
      "mode": "managed",
      "type": "akamai_appsec_rule",
      "name": "main_policy_aseweb_attackplatform_3000179",
      "provider": "provider[\"registry.terraform.io/akamai/akamai\"]",
      "instances": [
        {
          "schema_version": 0,
          "attributes": {
            "condition_exception": null,
            "config_id": 26906,
            "id": "26906:gfmp_56269:3000179",
            "rule_action": "alert",
            "rule_id": 3000179,
            "security_policy_id": "gfmp_56269"
          },
          "sensitive_attributes": [],
          "private": "eyJzY2hlbWFfdmVyc2lvbiI6IjAifQ=="
        }
      ]
    },
    {
      "module": "module.security",
      "mode": "managed",
      "type": "akamai_appsec_rule",
      "name": "main_policy_aseweb_attackplatform_3000182",
      "provider": "provider[\"registry.terraform.io/akamai/akamai\"]",
      "instances": [
        {
          "schema_version": 0,
          "attributes": {
            "condition_exception": null,
            "config_id": 26906,
            "id": "26906:gfmp_56269:3000182",
            "rule_action": "alert",
            "rule_id": 3000182,
            "security_policy_id": "gfmp_56269"
          },
          "sensitive_attributes": [],
          "private": "eyJzY2hlbWFfdmVyc2lvbiI6IjAifQ=="
        }
      ]
    },
    {
      "module": "module.security",
      "mode": "managed",
      "type": "akamai_appsec_rule",
      "name": "main_policy_aseweb_attackplatform_3000183",
      "provider": "provider[\"registry.terraform.io/akamai/akamai\"]",
      "instances": [
        {
          "schema_version": 0,
          "attributes": {
            "condition_exception": null,
            "config_id": 26906,
            "id": "26906:gfmp_56269:3000183",
            "rule_action": "alert",
            "rule_id": 3000183,
            "security_policy_id": "gfmp_56269"
          },
          "sensitive_attributes": [],
          "private": "eyJzY2hlbWFfdmVyc2lvbiI6IjAifQ=="
        }
      ]
    },
    {
      "module": "module.security",
      "mode": "managed",
      "type": "akamai_appsec_rule",
      "name": "main_policy_aseweb_attackplatform_3000184",
      "provider": "provider[\"registry.terraform.io/akamai/akamai\"]",
      "instances": [
        {
          "schema_version": 0,
          "attributes": {
            "condition_exception": null,
            "config_id": 26906,
            "id": "26906:gfmp_56269:3000184",
            "rule_action": "alert",
            "rule_id": 3000184,
            "security_policy_id": "gfmp_56269"
          },
          "sensitive_attributes": [],
          "private": "eyJzY2hlbWFfdmVyc2lvbiI6IjAifQ=="
        }
      ]
    },
    {
      "module": "module.security",
      "mode": "managed",
      "type": "akamai_appsec_rule",
      "name": "main_policy_aseweb_attackplatform_3000185",
      "provider": "provider[\"registry.terraform.io/akamai/akamai\"]",
      "instances": [
        {
          "schema_version": 0,
          "attributes": {
            "condition_exception": null,
            "config_id": 26906,
            "id": "26906:gfmp_56269:3000185",
            "rule_action": "alert",
            "rule_id": 3000185,
            "security_policy_id": "gfmp_56269"
          },
          "sensitive_attributes": [],
          "private": "eyJzY2hlbWFfdmVyc2lvbiI6IjAifQ=="
        }
      ]
    },
    {
      "module": "module.security",
      "mode": "managed",
      "type": "akamai_appsec_rule",
      "name": "main_policy_aseweb_attackplatform_3000186",
      "provider": "provider[\"registry.terraform.io/akamai/akamai\"]",
      "instances": [
        {
          "schema_version": 0,
          "attributes": {
            "condition_exception": null,
            "config_id": 26906,
            "id": "26906:gfmp_56269:3000186",
            "rule_action": "alert",
            "rule_id": 3000186,
            "security_policy_id": "gfmp_56269"
          },
          "sensitive_attributes": [],
          "private": "eyJzY2hlbWFfdmVyc2lvbiI6IjAifQ=="
        }
      ]
    },
    {
      "module": "module.security",
      "mode": "managed",
      "type": "akamai_appsec_rule",
      "name": "main_policy_aseweb_attackplatform_3000187",
      "provider": "provider[\"registry.terraform.io/akamai/akamai\"]",
      "instances": [
        {
          "schema_version": 0,
          "attributes": {
            "condition_exception": null,
            "config_id": 26906,
            "id": "26906:gfmp_56269:3000187",
            "rule_action": "alert",
            "rule_id": 3000187,
            "security_policy_id": "gfmp_56269"
          },
          "sensitive_attributes": [],
          "private": "eyJzY2hlbWFfdmVyc2lvbiI6IjAifQ=="
        }
      ]
    },
    {
      "module": "module.security",
      "mode": "managed",
      "type": "akamai_appsec_rule",
      "name": "main_policy_aseweb_attackplatform_3000188",
      "provider": "provider[\"registry.terraform.io/akamai/akamai\"]",
      "instances": [
        {
          "schema_version": 0,
          "attributes": {
            "condition_exception": null,
            "config_id": 26906,
            "id": "26906:gfmp_56269:3000188",
            "rule_action": "alert",
            "rule_id": 3000188,
            "security_policy_id": "gfmp_56269"
          },
          "sensitive_attributes": [],
          "private": "eyJzY2hlbWFfdmVyc2lvbiI6IjAifQ=="
        }
      ]
    },
    {
      "module": "module.security",
      "mode": "managed",
      "type": "akamai_appsec_rule",
      "name": "main_policy_aseweb_attackplatform_3000189",
      "provider": "provider[\"registry.terraform.io/akamai/akamai\"]",
      "instances": [
        {
          "schema_version": 0,
          "attributes": {
            "condition_exception": null,
            "config_id": 26906,
            "id": "26906:gfmp_56269:3000189",
            "rule_action": "alert",
            "rule_id": 3000189,
            "security_policy_id": "gfmp_56269"
          },
          "sensitive_attributes": [],
          "private": "eyJzY2hlbWFfdmVyc2lvbiI6IjAifQ=="
        }
      ]
    },
    {
      "module": "module.security",
      "mode": "managed",
      "type": "akamai_appsec_rule",
      "name": "main_policy_aseweb_attackplatform_3000190",
      "provider": "provider[\"registry.terraform.io/akamai/akamai\"]",
      "instances": [
        {
          "schema_version": 0,
          "attributes": {
            "condition_exception": null,
            "config_id": 26906,
            "id": "26906:gfmp_56269:3000190",
            "rule_action": "alert",
            "rule_id": 3000190,
            "security_policy_id": "gfmp_56269"
          },
          "sensitive_attributes": [],
          "private": "eyJzY2hlbWFfdmVyc2lvbiI6IjAifQ=="
        }
      ]
    },
    {
      "module": "module.security",
      "mode": "managed",
      "type": "akamai_appsec_rule",
      "name": "main_policy_aseweb_attackplatform_3000191",
      "provider": "provider[\"registry.terraform.io/akamai/akamai\"]",
      "instances": [
        {
          "schema_version": 0,
          "attributes": {
            "condition_exception": null,
            "config_id": 26906,
            "id": "26906:gfmp_56269:3000191",
            "rule_action": "alert",
            "rule_id": 3000191,
            "security_policy_id": "gfmp_56269"
          },
          "sensitive_attributes": [],
          "private": "eyJzY2hlbWFfdmVyc2lvbiI6IjAifQ=="
        }
      ]
    },
    {
      "module": "module.security",
      "mode": "managed",
      "type": "akamai_appsec_rule",
      "name": "main_policy_aseweb_attackplatform_3000193",
      "provider": "provider[\"registry.terraform.io/akamai/akamai\"]",
      "instances": [
        {
          "schema_version": 0,
          "attributes": {
            "condition_exception": null,
            "config_id": 26906,
            "id": "26906:gfmp_56269:3000193",
            "rule_action": "alert",
            "rule_id": 3000193,
            "security_policy_id": "gfmp_56269"
          },
          "sensitive_attributes": [],
          "private": "eyJzY2hlbWFfdmVyc2lvbiI6IjAifQ=="
        }
      ]
    },
    {
      "module": "module.security",
      "mode": "managed",
      "type": "akamai_appsec_rule",
      "name": "main_policy_aseweb_attackplatform_3000198",
      "provider": "provider[\"registry.terraform.io/akamai/akamai\"]",
      "instances": [
        {
          "schema_version": 0,
          "attributes": {
            "condition_exception": null,
            "config_id": 26906,
            "id": "26906:gfmp_56269:3000198",
            "rule_action": "alert",
            "rule_id": 3000198,
            "security_policy_id": "gfmp_56269"
          },
          "sensitive_attributes": [],
          "private": "eyJzY2hlbWFfdmVyc2lvbiI6IjAifQ=="
        }
      ]
    },
    {
      "module": "module.security",
      "mode": "managed",
      "type": "akamai_appsec_rule",
      "name": "main_policy_aseweb_attackplatform_3000199",
      "provider": "provider[\"registry.terraform.io/akamai/akamai\"]",
      "instances": [
        {
          "schema_version": 0,
          "attributes": {
            "condition_exception": null,
            "config_id": 26906,
            "id": "26906:gfmp_56269:3000199",
            "rule_action": "alert",
            "rule_id": 3000199,
            "security_policy_id": "gfmp_56269"
          },
          "sensitive_attributes": [],
          "private": "eyJzY2hlbWFfdmVyc2lvbiI6IjAifQ=="
        }
      ]
    },
    {
      "module": "module.security",
      "mode": "managed",
      "type": "akamai_appsec_rule",
      "name": "main_policy_aseweb_attackplatform_3000200",
      "provider": "provider[\"registry.terraform.io/akamai/akamai\"]",
      "instances": [
        {
          "schema_version": 0,
          "attributes": {
            "condition_exception": null,
            "config_id": 26906,
            "id": "26906:gfmp_56269:3000200",
            "rule_action": "alert",
            "rule_id": 3000200,
            "security_policy_id": "gfmp_56269"
          },
          "sensitive_attributes": [],
          "private": "eyJzY2hlbWFfdmVyc2lvbiI6IjAifQ=="
        }
      ]
    },
    {
      "module": "module.security",
      "mode": "managed",
      "type": "akamai_appsec_rule",
      "name": "main_policy_aseweb_attackplatform_3000202",
      "provider": "provider[\"registry.terraform.io/akamai/akamai\"]",
      "instances": [
        {
          "schema_version": 0,
          "attributes": {
            "condition_exception": null,
            "config_id": 26906,
            "id": "26906:gfmp_56269:3000202",
            "rule_action": "alert",
            "rule_id": 3000202,
            "security_policy_id": "gfmp_56269"
          },
          "sensitive_attributes": [],
          "private": "eyJzY2hlbWFfdmVyc2lvbiI6IjAifQ=="
        }
      ]
    },
    {
      "module": "module.security",
      "mode": "managed",
      "type": "akamai_appsec_rule",
      "name": "main_policy_aseweb_attackplatform_3000901",
      "provider": "provider[\"registry.terraform.io/akamai/akamai\"]",
      "instances": [
        {
          "schema_version": 0,
          "attributes": {
            "condition_exception": null,
            "config_id": 26906,
            "id": "26906:gfmp_56269:3000901",
            "rule_action": "alert",
            "rule_id": 3000901,
            "security_policy_id": "gfmp_56269"
          },
          "sensitive_attributes": [],
          "private": "eyJzY2hlbWFfdmVyc2lvbiI6IjAifQ=="
        }
      ]
    },
    {
      "module": "module.security",
      "mode": "managed",
      "type": "akamai_appsec_rule",
      "name": "main_policy_aseweb_attackplatform_3000902",
      "provider": "provider[\"registry.terraform.io/akamai/akamai\"]",
      "instances": [
        {
          "schema_version": 0,
          "attributes": {
            "condition_exception": null,
            "config_id": 26906,
            "id": "26906:gfmp_56269:3000902",
            "rule_action": "alert",
            "rule_id": 3000902,
            "security_policy_id": "gfmp_56269"
          },
          "sensitive_attributes": [],
          "private": "eyJzY2hlbWFfdmVyc2lvbiI6IjAifQ=="
        }
      ]
    },
    {
      "module": "module.security",
      "mode": "managed",
      "type": "akamai_appsec_rule",
      "name": "main_policy_aseweb_attackplatform_3000903",
      "provider": "provider[\"registry.terraform.io/akamai/akamai\"]",
      "instances": [
        {
          "schema_version": 0,
          "attributes": {
            "condition_exception": null,
            "config_id": 26906,
            "id": "26906:gfmp_56269:3000903",
            "rule_action": "alert",
            "rule_id": 3000903,
            "security_policy_id": "gfmp_56269"
          },
          "sensitive_attributes": [],
          "private": "eyJzY2hlbWFfdmVyc2lvbiI6IjAifQ=="
        }
      ]
    },
    {
      "module": "module.security",
      "mode": "managed",
      "type": "akamai_appsec_rule",
      "name": "main_policy_aseweb_attackplatform_3000904",
      "provider": "provider[\"registry.terraform.io/akamai/akamai\"]",
      "instances": [
        {
          "schema_version": 0,
          "attributes": {
            "condition_exception": null,
            "config_id": 26906,
            "id": "26906:gfmp_56269:3000904",
            "rule_action": "alert",
            "rule_id": 3000904,
            "security_policy_id": "gfmp_56269"
          },
          "sensitive_attributes": [],
          "private": "eyJzY2hlbWFfdmVyc2lvbiI6IjAifQ=="
        }
      ]
    },
    {
      "module": "module.security",
      "mode": "managed",
      "type": "akamai_appsec_rule",
      "name": "main_policy_aseweb_attackplatform_3000905",
      "provider": "provider[\"registry.terraform.io/akamai/akamai\"]",
      "instances": [
        {
          "schema_version": 0,
          "attributes": {
            "condition_exception": null,
            "config_id": 26906,
            "id": "26906:gfmp_56269:3000905",
            "rule_action": "alert",
            "rule_id": 3000905,
            "security_policy_id": "gfmp_56269"
          },
          "sensitive_attributes": [],
          "private": "eyJzY2hlbWFfdmVyc2lvbiI6IjAifQ=="
        }
      ]
    },
    {
      "module": "module.security",
      "mode": "managed",
      "type": "akamai_appsec_rule",
      "name": "main_policy_aseweb_attackplatform_3000906",
      "provider": "provider[\"registry.terraform.io/akamai/akamai\"]",
      "instances": [
        {
          "schema_version": 0,
          "attributes": {
            "condition_exception": null,
            "config_id": 26906,
            "id": "26906:gfmp_56269:3000906",
            "rule_action": "alert",
            "rule_id": 3000906,
            "security_policy_id": "gfmp_56269"
          },
          "sensitive_attributes": [],
          "private": "eyJzY2hlbWFfdmVyc2lvbiI6IjAifQ=="
        }
      ]
    },
    {
      "module": "module.security",
      "mode": "managed",
      "type": "akamai_appsec_rule",
      "name": "main_policy_aseweb_attackplatform_3000907",
      "provider": "provider[\"registry.terraform.io/akamai/akamai\"]",
      "instances": [
        {
          "schema_version": 0,
          "attributes": {
            "condition_exception": null,
            "config_id": 26906,
            "id": "26906:gfmp_56269:3000907",
            "rule_action": "alert",
            "rule_id": 3000907,
            "security_policy_id": "gfmp_56269"
          },
          "sensitive_attributes": [],
          "private": "eyJzY2hlbWFfdmVyc2lvbiI6IjAifQ=="
        }
      ]
    },
    {
      "module": "module.security",
      "mode": "managed",
      "type": "akamai_appsec_rule",
      "name": "main_policy_aseweb_attackplatform_3000908",
      "provider": "provider[\"registry.terraform.io/akamai/akamai\"]",
      "instances": [
        {
          "schema_version": 0,
          "attributes": {
            "condition_exception": null,
            "config_id": 26906,
            "id": "26906:gfmp_56269:3000908",
            "rule_action": "alert",
            "rule_id": 3000908,
            "security_policy_id": "gfmp_56269"
          },
          "sensitive_attributes": [],
          "private": "eyJzY2hlbWFfdmVyc2lvbiI6IjAifQ=="
        }
      ]
    },
    {
      "module": "module.security",
      "mode": "managed",
      "type": "akamai_appsec_rule",
      "name": "main_policy_aseweb_attackplatform_3000909",
      "provider": "provider[\"registry.terraform.io/akamai/akamai\"]",
      "instances": [
        {
          "schema_version": 0,
          "attributes": {
            "condition_exception": null,
            "config_id": 26906,
            "id": "26906:gfmp_56269:3000909",
            "rule_action": "alert",
            "rule_id": 3000909,
            "security_policy_id": "gfmp_56269"
          },
          "sensitive_attributes": [],
          "private": "eyJzY2hlbWFfdmVyc2lvbiI6IjAifQ=="
        }
      ]
    },
    {
      "module": "module.security",
      "mode": "managed",
      "type": "akamai_appsec_rule",
      "name": "main_policy_aseweb_attackplatform_3000910",
      "provider": "provider[\"registry.terraform.io/akamai/akamai\"]",
      "instances": [
        {
          "schema_version": 0,
          "attributes": {
            "condition_exception": null,
            "config_id": 26906,
            "id": "26906:gfmp_56269:3000910",
            "rule_action": "alert",
            "rule_id": 3000910,
            "security_policy_id": "gfmp_56269"
          },
          "sensitive_attributes": [],
          "private": "eyJzY2hlbWFfdmVyc2lvbiI6IjAifQ=="
        }
      ]
    },
    {
      "module": "module.security",
      "mode": "managed",
      "type": "akamai_appsec_rule",
      "name": "main_policy_aseweb_attackplatform_3000911",
      "provider": "provider[\"registry.terraform.io/akamai/akamai\"]",
      "instances": [
        {
          "schema_version": 0,
          "attributes": {
            "condition_exception": null,
            "config_id": 26906,
            "id": "26906:gfmp_56269:3000911",
            "rule_action": "deny",
            "rule_id": 3000911,
            "security_policy_id": "gfmp_56269"
          },
          "sensitive_attributes": [],
          "private": "eyJzY2hlbWFfdmVyc2lvbiI6IjAifQ=="
        }
      ]
    },
    {
      "module": "module.security",
      "mode": "managed",
      "type": "akamai_appsec_rule",
      "name": "main_policy_aseweb_attackplatform_3000912",
      "provider": "provider[\"registry.terraform.io/akamai/akamai\"]",
      "instances": [
        {
          "schema_version": 0,
          "attributes": {
            "condition_exception": null,
            "config_id": 26906,
            "id": "26906:gfmp_56269:3000912",
            "rule_action": "alert",
            "rule_id": 3000912,
            "security_policy_id": "gfmp_56269"
          },
          "sensitive_attributes": [],
          "private": "eyJzY2hlbWFfdmVyc2lvbiI6IjAifQ=="
        }
      ]
    },
    {
      "module": "module.security",
      "mode": "managed",
      "type": "akamai_appsec_rule",
      "name": "main_policy_aseweb_attackplatform_3000913",
      "provider": "provider[\"registry.terraform.io/akamai/akamai\"]",
      "instances": [
        {
          "schema_version": 0,
          "attributes": {
            "condition_exception": null,
            "config_id": 26906,
            "id": "26906:gfmp_56269:3000913",
            "rule_action": "alert",
            "rule_id": 3000913,
            "security_policy_id": "gfmp_56269"
          },
          "sensitive_attributes": [],
          "private": "eyJzY2hlbWFfdmVyc2lvbiI6IjAifQ=="
        }
      ]
    },
    {
      "module": "module.security",
      "mode": "managed",
      "type": "akamai_appsec_rule",
      "name": "main_policy_aseweb_attackplatform_3000914",
      "provider": "provider[\"registry.terraform.io/akamai/akamai\"]",
      "instances": [
        {
          "schema_version": 0,
          "attributes": {
            "condition_exception": null,
            "config_id": 26906,
            "id": "26906:gfmp_56269:3000914",
            "rule_action": "alert",
            "rule_id": 3000914,
            "security_policy_id": "gfmp_56269"
          },
          "sensitive_attributes": [],
          "private": "eyJzY2hlbWFfdmVyc2lvbiI6IjAifQ=="
        }
      ]
    },
    {
      "module": "module.security",
      "mode": "managed",
      "type": "akamai_appsec_rule",
      "name": "main_policy_aseweb_attackplatform_3000915",
      "provider": "provider[\"registry.terraform.io/akamai/akamai\"]",
      "instances": [
        {
          "schema_version": 0,
          "attributes": {
            "condition_exception": null,
            "config_id": 26906,
            "id": "26906:gfmp_56269:3000915",
            "rule_action": "alert",
            "rule_id": 3000915,
            "security_policy_id": "gfmp_56269"
          },
          "sensitive_attributes": [],
          "private": "eyJzY2hlbWFfdmVyc2lvbiI6IjAifQ=="
        }
      ]
    },
    {
      "module": "module.security",
      "mode": "managed",
      "type": "akamai_appsec_rule",
      "name": "main_policy_aseweb_attackplatform_3000916",
      "provider": "provider[\"registry.terraform.io/akamai/akamai\"]",
      "instances": [
        {
          "schema_version": 0,
          "attributes": {
            "condition_exception": null,
            "config_id": 26906,
            "id": "26906:gfmp_56269:3000916",
            "rule_action": "alert",
            "rule_id": 3000916,
            "security_policy_id": "gfmp_56269"
          },
          "sensitive_attributes": [],
          "private": "eyJzY2hlbWFfdmVyc2lvbiI6IjAifQ=="
        }
      ]
    },
    {
      "module": "module.security",
      "mode": "managed",
      "type": "akamai_appsec_rule",
      "name": "main_policy_aseweb_attackplatform_3000917",
      "provider": "provider[\"registry.terraform.io/akamai/akamai\"]",
      "instances": [
        {
          "schema_version": 0,
          "attributes": {
            "condition_exception": null,
            "config_id": 26906,
            "id": "26906:gfmp_56269:3000917",
            "rule_action": "alert",
            "rule_id": 3000917,
            "security_policy_id": "gfmp_56269"
          },
          "sensitive_attributes": [],
          "private": "eyJzY2hlbWFfdmVyc2lvbiI6IjAifQ=="
        }
      ]
    },
    {
      "module": "module.security",
      "mode": "managed",
      "type": "akamai_appsec_rule",
      "name": "main_policy_aseweb_attackplatform_3000918",
      "provider": "provider[\"registry.terraform.io/akamai/akamai\"]",
      "instances": [
        {
          "schema_version": 0,
          "attributes": {
            "condition_exception": null,
            "config_id": 26906,
            "id": "26906:gfmp_56269:3000918",
            "rule_action": "alert",
            "rule_id": 3000918,
            "security_policy_id": "gfmp_56269"
          },
          "sensitive_attributes": [],
          "private": "eyJzY2hlbWFfdmVyc2lvbiI6IjAifQ=="
        }
      ]
    },
    {
      "module": "module.security",
      "mode": "managed",
      "type": "akamai_appsec_rule",
      "name": "main_policy_aseweb_attackplatform_3000919",
      "provider": "provider[\"registry.terraform.io/akamai/akamai\"]",
      "instances": [
        {
          "schema_version": 0,
          "attributes": {
            "condition_exception": null,
            "config_id": 26906,
            "id": "26906:gfmp_56269:3000919",
            "rule_action": "alert",
            "rule_id": 3000919,
            "security_policy_id": "gfmp_56269"
          },
          "sensitive_attributes": [],
          "private": "eyJzY2hlbWFfdmVyc2lvbiI6IjAifQ=="
        }
      ]
    },
    {
      "module": "module.security",
      "mode": "managed",
      "type": "akamai_appsec_rule",
      "name": "main_policy_aseweb_attackplatform_3000920",
      "provider": "provider[\"registry.terraform.io/akamai/akamai\"]",
      "instances": [
        {
          "schema_version": 0,
          "attributes": {
            "condition_exception": null,
            "config_id": 26906,
            "id": "26906:gfmp_56269:3000920",
            "rule_action": "alert",
            "rule_id": 3000920,
            "security_policy_id": "gfmp_56269"
          },
          "sensitive_attributes": [],
          "private": "eyJzY2hlbWFfdmVyc2lvbiI6IjAifQ=="
        }
      ]
    },
    {
      "module": "module.security",
      "mode": "managed",
      "type": "akamai_appsec_rule",
      "name": "main_policy_aseweb_attackplatform_3000921",
      "provider": "provider[\"registry.terraform.io/akamai/akamai\"]",
      "instances": [
        {
          "schema_version": 0,
          "attributes": {
            "condition_exception": null,
            "config_id": 26906,
            "id": "26906:gfmp_56269:3000921",
            "rule_action": "alert",
            "rule_id": 3000921,
            "security_policy_id": "gfmp_56269"
          },
          "sensitive_attributes": [],
          "private": "eyJzY2hlbWFfdmVyc2lvbiI6IjAifQ=="
        }
      ]
    },
    {
      "module": "module.security",
      "mode": "managed",
      "type": "akamai_appsec_rule",
      "name": "main_policy_aseweb_attackplatform_3000922",
      "provider": "provider[\"registry.terraform.io/akamai/akamai\"]",
      "instances": [
        {
          "schema_version": 0,
          "attributes": {
            "condition_exception": null,
            "config_id": 26906,
            "id": "26906:gfmp_56269:3000922",
            "rule_action": "alert",
            "rule_id": 3000922,
            "security_policy_id": "gfmp_56269"
          },
          "sensitive_attributes": [],
          "private": "eyJzY2hlbWFfdmVyc2lvbiI6IjAifQ=="
        }
      ]
    },
    {
      "module": "module.security",
      "mode": "managed",
      "type": "akamai_appsec_rule",
      "name": "main_policy_aseweb_attackplatform_3000923",
      "provider": "provider[\"registry.terraform.io/akamai/akamai\"]",
      "instances": [
        {
          "schema_version": 0,
          "attributes": {
            "condition_exception": null,
            "config_id": 26906,
            "id": "26906:gfmp_56269:3000923",
            "rule_action": "alert",
            "rule_id": 3000923,
            "security_policy_id": "gfmp_56269"
          },
          "sensitive_attributes": [],
          "private": "eyJzY2hlbWFfdmVyc2lvbiI6IjAifQ=="
        }
      ]
    },
    {
      "module": "module.security",
      "mode": "managed",
      "type": "akamai_appsec_rule",
      "name": "main_policy_aseweb_attackplatform_3000924",
      "provider": "provider[\"registry.terraform.io/akamai/akamai\"]",
      "instances": [
        {
          "schema_version": 0,
          "attributes": {
            "condition_exception": null,
            "config_id": 26906,
            "id": "26906:gfmp_56269:3000924",
            "rule_action": "alert",
            "rule_id": 3000924,
            "security_policy_id": "gfmp_56269"
          },
          "sensitive_attributes": [],
          "private": "eyJzY2hlbWFfdmVyc2lvbiI6IjAifQ=="
        }
      ]
    },
    {
      "module": "module.security",
      "mode": "managed",
      "type": "akamai_appsec_rule",
      "name": "main_policy_aseweb_attackplatform_3000925",
      "provider": "provider[\"registry.terraform.io/akamai/akamai\"]",
      "instances": [
        {
          "schema_version": 0,
          "attributes": {
            "condition_exception": null,
            "config_id": 26906,
            "id": "26906:gfmp_56269:3000925",
            "rule_action": "alert",
            "rule_id": 3000925,
            "security_policy_id": "gfmp_56269"
          },
          "sensitive_attributes": [],
          "private": "eyJzY2hlbWFfdmVyc2lvbiI6IjAifQ=="
        }
      ]
    },
    {
      "module": "module.security",
      "mode": "managed",
      "type": "akamai_appsec_rule",
      "name": "main_policy_aseweb_attackplatform_3000926",
      "provider": "provider[\"registry.terraform.io/akamai/akamai\"]",
      "instances": [
        {
          "schema_version": 0,
          "attributes": {
            "condition_exception": null,
            "config_id": 26906,
            "id": "26906:gfmp_56269:3000926",
            "rule_action": "alert",
            "rule_id": 3000926,
            "security_policy_id": "gfmp_56269"
          },
          "sensitive_attributes": [],
          "private": "eyJzY2hlbWFfdmVyc2lvbiI6IjAifQ=="
        }
      ]
    },
    {
      "module": "module.security",
      "mode": "managed",
      "type": "akamai_appsec_rule",
      "name": "main_policy_aseweb_attackplatform_3000927",
      "provider": "provider[\"registry.terraform.io/akamai/akamai\"]",
      "instances": [
        {
          "schema_version": 0,
          "attributes": {
            "condition_exception": null,
            "config_id": 26906,
            "id": "26906:gfmp_56269:3000927",
            "rule_action": "alert",
            "rule_id": 3000927,
            "security_policy_id": "gfmp_56269"
          },
          "sensitive_attributes": [],
          "private": "eyJzY2hlbWFfdmVyc2lvbiI6IjAifQ=="
        }
      ]
    },
    {
      "module": "module.security",
      "mode": "managed",
      "type": "akamai_appsec_rule",
      "name": "main_policy_aseweb_attackplatform_3000928",
      "provider": "provider[\"registry.terraform.io/akamai/akamai\"]",
      "instances": [
        {
          "schema_version": 0,
          "attributes": {
            "condition_exception": null,
            "config_id": 26906,
            "id": "26906:gfmp_56269:3000928",
            "rule_action": "alert",
            "rule_id": 3000928,
            "security_policy_id": "gfmp_56269"
          },
          "sensitive_attributes": [],
          "private": "eyJzY2hlbWFfdmVyc2lvbiI6IjAifQ=="
        }
      ]
    },
    {
      "module": "module.security",
      "mode": "managed",
      "type": "akamai_appsec_rule",
      "name": "main_policy_aseweb_attackplatform_3000929",
      "provider": "provider[\"registry.terraform.io/akamai/akamai\"]",
      "instances": [
        {
          "schema_version": 0,
          "attributes": {
            "condition_exception": null,
            "config_id": 26906,
            "id": "26906:gfmp_56269:3000929",
            "rule_action": "alert",
            "rule_id": 3000929,
            "security_policy_id": "gfmp_56269"
          },
          "sensitive_attributes": [],
          "private": "eyJzY2hlbWFfdmVyc2lvbiI6IjAifQ=="
        }
      ]
    },
    {
      "module": "module.security",
      "mode": "managed",
      "type": "akamai_appsec_rule",
      "name": "main_policy_aseweb_attackplatform_3000930",
      "provider": "provider[\"registry.terraform.io/akamai/akamai\"]",
      "instances": [
        {
          "schema_version": 0,
          "attributes": {
            "condition_exception": null,
            "config_id": 26906,
            "id": "26906:gfmp_56269:3000930",
            "rule_action": "alert",
            "rule_id": 3000930,
            "security_policy_id": "gfmp_56269"
          },
          "sensitive_attributes": [],
          "private": "eyJzY2hlbWFfdmVyc2lvbiI6IjAifQ=="
        }
      ]
    },
    {
      "module": "module.security",
      "mode": "managed",
      "type": "akamai_appsec_rule",
      "name": "main_policy_aseweb_attackplatform_3000931",
      "provider": "provider[\"registry.terraform.io/akamai/akamai\"]",
      "instances": [
        {
          "schema_version": 0,
          "attributes": {
            "condition_exception": null,
            "config_id": 26906,
            "id": "26906:gfmp_56269:3000931",
            "rule_action": "alert",
            "rule_id": 3000931,
            "security_policy_id": "gfmp_56269"
          },
          "sensitive_attributes": [],
          "private": "eyJzY2hlbWFfdmVyc2lvbiI6IjAifQ=="
        }
      ]
    },
    {
      "module": "module.security",
      "mode": "managed",
      "type": "akamai_appsec_rule",
      "name": "main_policy_aseweb_attackplatform_3000932",
      "provider": "provider[\"registry.terraform.io/akamai/akamai\"]",
      "instances": [
        {
          "schema_version": 0,
          "attributes": {
            "condition_exception": null,
            "config_id": 26906,
            "id": "26906:gfmp_56269:3000932",
            "rule_action": "alert",
            "rule_id": 3000932,
            "security_policy_id": "gfmp_56269"
          },
          "sensitive_attributes": [],
          "private": "eyJzY2hlbWFfdmVyc2lvbiI6IjAifQ=="
        }
      ]
    },
    {
      "module": "module.security",
      "mode": "managed",
      "type": "akamai_appsec_rule",
      "name": "main_policy_aseweb_attackplatform_3000933",
      "provider": "provider[\"registry.terraform.io/akamai/akamai\"]",
      "instances": [
        {
          "schema_version": 0,
          "attributes": {
            "condition_exception": null,
            "config_id": 26906,
            "id": "26906:gfmp_56269:3000933",
            "rule_action": "alert",
            "rule_id": 3000933,
            "security_policy_id": "gfmp_56269"
          },
          "sensitive_attributes": [],
          "private": "eyJzY2hlbWFfdmVyc2lvbiI6IjAifQ=="
        }
      ]
    },
    {
      "module": "module.security",
      "mode": "managed",
      "type": "akamai_appsec_rule",
      "name": "main_policy_aseweb_attackplatform_3000934",
      "provider": "provider[\"registry.terraform.io/akamai/akamai\"]",
      "instances": [
        {
          "schema_version": 0,
          "attributes": {
            "condition_exception": null,
            "config_id": 26906,
            "id": "26906:gfmp_56269:3000934",
            "rule_action": "alert",
            "rule_id": 3000934,
            "security_policy_id": "gfmp_56269"
          },
          "sensitive_attributes": [],
          "private": "eyJzY2hlbWFfdmVyc2lvbiI6IjAifQ=="
        }
      ]
    },
    {
      "module": "module.security",
      "mode": "managed",
      "type": "akamai_appsec_rule",
      "name": "main_policy_aseweb_attackplatform_3000935",
      "provider": "provider[\"registry.terraform.io/akamai/akamai\"]",
      "instances": [
        {
          "schema_version": 0,
          "attributes": {
            "condition_exception": null,
            "config_id": 26906,
            "id": "26906:gfmp_56269:3000935",
            "rule_action": "alert",
            "rule_id": 3000935,
            "security_policy_id": "gfmp_56269"
          },
          "sensitive_attributes": [],
          "private": "eyJzY2hlbWFfdmVyc2lvbiI6IjAifQ=="
        }
      ]
    },
    {
      "module": "module.security",
      "mode": "managed",
      "type": "akamai_appsec_rule",
      "name": "main_policy_aseweb_attackplatform_3000936",
      "provider": "provider[\"registry.terraform.io/akamai/akamai\"]",
      "instances": [
        {
          "schema_version": 0,
          "attributes": {
            "condition_exception": null,
            "config_id": 26906,
            "id": "26906:gfmp_56269:3000936",
            "rule_action": "alert",
            "rule_id": 3000936,
            "security_policy_id": "gfmp_56269"
          },
          "sensitive_attributes": [],
          "private": "eyJzY2hlbWFfdmVyc2lvbiI6IjAifQ=="
        }
      ]
    },
    {
      "module": "module.security",
      "mode": "managed",
      "type": "akamai_appsec_rule",
      "name": "main_policy_aseweb_attackplatform_3000937",
      "provider": "provider[\"registry.terraform.io/akamai/akamai\"]",
      "instances": [
        {
          "schema_version": 0,
          "attributes": {
            "condition_exception": null,
            "config_id": 26906,
            "id": "26906:gfmp_56269:3000937",
            "rule_action": "alert",
            "rule_id": 3000937,
            "security_policy_id": "gfmp_56269"
          },
          "sensitive_attributes": [],
          "private": "eyJzY2hlbWFfdmVyc2lvbiI6IjAifQ=="
        }
      ]
    },
    {
      "module": "module.security",
      "mode": "managed",
      "type": "akamai_appsec_rule",
      "name": "main_policy_aseweb_attackplatform_3000939",
      "provider": "provider[\"registry.terraform.io/akamai/akamai\"]",
      "instances": [
        {
          "schema_version": 0,
          "attributes": {
            "condition_exception": null,
            "config_id": 26906,
            "id": "26906:gfmp_56269:3000939",
            "rule_action": "alert",
            "rule_id": 3000939,
            "security_policy_id": "gfmp_56269"
          },
          "sensitive_attributes": [],
          "private": "eyJzY2hlbWFfdmVyc2lvbiI6IjAifQ=="
        }
      ]
    },
    {
      "module": "module.security",
      "mode": "managed",
      "type": "akamai_appsec_rule",
      "name": "main_policy_aseweb_attackplatform_3000940",
      "provider": "provider[\"registry.terraform.io/akamai/akamai\"]",
      "instances": [
        {
          "schema_version": 0,
          "attributes": {
            "condition_exception": null,
            "config_id": 26906,
            "id": "26906:gfmp_56269:3000940",
            "rule_action": "alert",
            "rule_id": 3000940,
            "security_policy_id": "gfmp_56269"
          },
          "sensitive_attributes": [],
          "private": "eyJzY2hlbWFfdmVyc2lvbiI6IjAifQ=="
        }
      ]
    },
    {
      "module": "module.security",
      "mode": "managed",
      "type": "akamai_appsec_rule",
      "name": "main_policy_aseweb_attackplatform_3000941",
      "provider": "provider[\"registry.terraform.io/akamai/akamai\"]",
      "instances": [
        {
          "schema_version": 0,
          "attributes": {
            "condition_exception": null,
            "config_id": 26906,
            "id": "26906:gfmp_56269:3000941",
            "rule_action": "alert",
            "rule_id": 3000941,
            "security_policy_id": "gfmp_56269"
          },
          "sensitive_attributes": [],
          "private": "eyJzY2hlbWFfdmVyc2lvbiI6IjAifQ=="
        }
      ]
    },
    {
      "module": "module.security",
      "mode": "managed",
      "type": "akamai_appsec_rule",
      "name": "main_policy_aseweb_attackplatform_3000942",
      "provider": "provider[\"registry.terraform.io/akamai/akamai\"]",
      "instances": [
        {
          "schema_version": 0,
          "attributes": {
            "condition_exception": null,
            "config_id": 26906,
            "id": "26906:gfmp_56269:3000942",
            "rule_action": "alert",
            "rule_id": 3000942,
            "security_policy_id": "gfmp_56269"
          },
          "sensitive_attributes": [],
          "private": "eyJzY2hlbWFfdmVyc2lvbiI6IjAifQ=="
        }
      ]
    },
    {
      "module": "module.security",
      "mode": "managed",
      "type": "akamai_appsec_rule",
      "name": "main_policy_aseweb_attackplatform_3000943",
      "provider": "provider[\"registry.terraform.io/akamai/akamai\"]",
      "instances": [
        {
          "schema_version": 0,
          "attributes": {
            "condition_exception": null,
            "config_id": 26906,
            "id": "26906:gfmp_56269:3000943",
            "rule_action": "alert",
            "rule_id": 3000943,
            "security_policy_id": "gfmp_56269"
          },
          "sensitive_attributes": [],
          "private": "eyJzY2hlbWFfdmVyc2lvbiI6IjAifQ=="
        }
      ]
    },
    {
      "module": "module.security",
      "mode": "managed",
      "type": "akamai_appsec_rule",
      "name": "main_policy_aseweb_attackplatform_3000944",
      "provider": "provider[\"registry.terraform.io/akamai/akamai\"]",
      "instances": [
        {
          "schema_version": 0,
          "attributes": {
            "condition_exception": null,
            "config_id": 26906,
            "id": "26906:gfmp_56269:3000944",
            "rule_action": "alert",
            "rule_id": 3000944,
            "security_policy_id": "gfmp_56269"
          },
          "sensitive_attributes": [],
          "private": "eyJzY2hlbWFfdmVyc2lvbiI6IjAifQ=="
        }
      ]
    },
    {
      "module": "module.security",
      "mode": "managed",
      "type": "akamai_appsec_rule",
      "name": "main_policy_aseweb_attackplatform_3000945",
      "provider": "provider[\"registry.terraform.io/akamai/akamai\"]",
      "instances": [
        {
          "schema_version": 0,
          "attributes": {
            "condition_exception": null,
            "config_id": 26906,
            "id": "26906:gfmp_56269:3000945",
            "rule_action": "alert",
            "rule_id": 3000945,
            "security_policy_id": "gfmp_56269"
          },
          "sensitive_attributes": [],
          "private": "eyJzY2hlbWFfdmVyc2lvbiI6IjAifQ=="
        }
      ]
    },
    {
      "module": "module.security",
      "mode": "managed",
      "type": "akamai_appsec_rule",
      "name": "main_policy_aseweb_attackplatform_3000946",
      "provider": "provider[\"registry.terraform.io/akamai/akamai\"]",
      "instances": [
        {
          "schema_version": 0,
          "attributes": {
            "condition_exception": null,
            "config_id": 26906,
            "id": "26906:gfmp_56269:3000946",
            "rule_action": "alert",
            "rule_id": 3000946,
            "security_policy_id": "gfmp_56269"
          },
          "sensitive_attributes": [],
          "private": "eyJzY2hlbWFfdmVyc2lvbiI6IjAifQ=="
        }
      ]
    },
    {
      "module": "module.security",
      "mode": "managed",
      "type": "akamai_appsec_rule",
      "name": "main_policy_aseweb_attackplatform_3000950",
      "provider": "provider[\"registry.terraform.io/akamai/akamai\"]",
      "instances": [
        {
          "schema_version": 0,
          "attributes": {
            "condition_exception": null,
            "config_id": 26906,
            "id": "26906:gfmp_56269:3000950",
            "rule_action": "alert",
            "rule_id": 3000950,
            "security_policy_id": "gfmp_56269"
          },
          "sensitive_attributes": [],
          "private": "eyJzY2hlbWFfdmVyc2lvbiI6IjAifQ=="
        }
      ]
    },
    {
      "module": "module.security",
      "mode": "managed",
      "type": "akamai_appsec_rule",
      "name": "main_policy_aseweb_attackplatform_3000951",
      "provider": "provider[\"registry.terraform.io/akamai/akamai\"]",
      "instances": [
        {
          "schema_version": 0,
          "attributes": {
            "condition_exception": null,
            "config_id": 26906,
            "id": "26906:gfmp_56269:3000951",
            "rule_action": "alert",
            "rule_id": 3000951,
            "security_policy_id": "gfmp_56269"
          },
          "sensitive_attributes": [],
          "private": "eyJzY2hlbWFfdmVyc2lvbiI6IjAifQ=="
        }
      ]
    },
    {
      "module": "module.security",
      "mode": "managed",
      "type": "akamai_appsec_rule",
      "name": "main_policy_aseweb_attackplatform_3000952",
      "provider": "provider[\"registry.terraform.io/akamai/akamai\"]",
      "instances": [
        {
          "schema_version": 0,
          "attributes": {
            "condition_exception": null,
            "config_id": 26906,
            "id": "26906:gfmp_56269:3000952",
            "rule_action": "alert",
            "rule_id": 3000952,
            "security_policy_id": "gfmp_56269"
          },
          "sensitive_attributes": [],
          "private": "eyJzY2hlbWFfdmVyc2lvbiI6IjAifQ=="
        }
      ]
    },
    {
      "module": "module.security",
      "mode": "managed",
      "type": "akamai_appsec_rule",
      "name": "main_policy_aseweb_attackplatform_3000953",
      "provider": "provider[\"registry.terraform.io/akamai/akamai\"]",
      "instances": [
        {
          "schema_version": 0,
          "attributes": {
            "condition_exception": null,
            "config_id": 26906,
            "id": "26906:gfmp_56269:3000953",
            "rule_action": "alert",
            "rule_id": 3000953,
            "security_policy_id": "gfmp_56269"
          },
          "sensitive_attributes": [],
          "private": "eyJzY2hlbWFfdmVyc2lvbiI6IjAifQ=="
        }
      ]
    },
    {
      "module": "module.security",
      "mode": "managed",
      "type": "akamai_appsec_rule",
      "name": "main_policy_aseweb_attackplatform_3000954",
      "provider": "provider[\"registry.terraform.io/akamai/akamai\"]",
      "instances": [
        {
          "schema_version": 0,
          "attributes": {
            "condition_exception": null,
            "config_id": 26906,
            "id": "26906:gfmp_56269:3000954",
            "rule_action": "alert",
            "rule_id": 3000954,
            "security_policy_id": "gfmp_56269"
          },
          "sensitive_attributes": [],
          "private": "eyJzY2hlbWFfdmVyc2lvbiI6IjAifQ=="
        }
      ]
    },
    {
      "module": "module.security",
      "mode": "managed",
      "type": "akamai_appsec_rule",
      "name": "main_policy_aseweb_attackplatform_3000955",
      "provider": "provider[\"registry.terraform.io/akamai/akamai\"]",
      "instances": [
        {
          "schema_version": 0,
          "attributes": {
            "condition_exception": null,
            "config_id": 26906,
            "id": "26906:gfmp_56269:3000955",
            "rule_action": "alert",
            "rule_id": 3000955,
            "security_policy_id": "gfmp_56269"
          },
          "sensitive_attributes": [],
          "private": "eyJzY2hlbWFfdmVyc2lvbiI6IjAifQ=="
        }
      ]
    },
    {
      "module": "module.security",
      "mode": "managed",
      "type": "akamai_appsec_rule",
      "name": "main_policy_aseweb_attackplatform_3000956",
      "provider": "provider[\"registry.terraform.io/akamai/akamai\"]",
      "instances": [
        {
          "schema_version": 0,
          "attributes": {
            "condition_exception": null,
            "config_id": 26906,
            "id": "26906:gfmp_56269:3000956",
            "rule_action": "alert",
            "rule_id": 3000956,
            "security_policy_id": "gfmp_56269"
          },
          "sensitive_attributes": [],
          "private": "eyJzY2hlbWFfdmVyc2lvbiI6IjAifQ=="
        }
      ]
    },
    {
      "module": "module.security",
      "mode": "managed",
      "type": "akamai_appsec_rule",
      "name": "main_policy_aseweb_attackplatform_3000957",
      "provider": "provider[\"registry.terraform.io/akamai/akamai\"]",
      "instances": [
        {
          "schema_version": 0,
          "attributes": {
            "condition_exception": null,
            "config_id": 26906,
            "id": "26906:gfmp_56269:3000957",
            "rule_action": "deny",
            "rule_id": 3000957,
            "security_policy_id": "gfmp_56269"
          },
          "sensitive_attributes": [],
          "private": "eyJzY2hlbWFfdmVyc2lvbiI6IjAifQ=="
        }
      ]
    },
    {
      "module": "module.security",
      "mode": "managed",
      "type": "akamai_appsec_rule",
      "name": "main_policy_aseweb_attackplatform_3000959",
      "provider": "provider[\"registry.terraform.io/akamai/akamai\"]",
      "instances": [
        {
          "schema_version": 0,
          "attributes": {
            "condition_exception": null,
            "config_id": 26906,
            "id": "26906:gfmp_56269:3000959",
            "rule_action": "alert",
            "rule_id": 3000959,
            "security_policy_id": "gfmp_56269"
          },
          "sensitive_attributes": [],
          "private": "eyJzY2hlbWFfdmVyc2lvbiI6IjAifQ=="
        }
      ]
    },
    {
      "module": "module.security",
      "mode": "managed",
      "type": "akamai_appsec_rule",
      "name": "main_policy_aseweb_attackplatform_3000960",
      "provider": "provider[\"registry.terraform.io/akamai/akamai\"]",
      "instances": [
        {
          "schema_version": 0,
          "attributes": {
            "condition_exception": null,
            "config_id": 26906,
            "id": "26906:gfmp_56269:3000960",
            "rule_action": "alert",
            "rule_id": 3000960,
            "security_policy_id": "gfmp_56269"
          },
          "sensitive_attributes": [],
          "private": "eyJzY2hlbWFfdmVyc2lvbiI6IjAifQ=="
        }
      ]
    },
    {
      "module": "module.security",
      "mode": "managed",
      "type": "akamai_appsec_rule",
      "name": "main_policy_aseweb_attackplatform_3000961",
      "provider": "provider[\"registry.terraform.io/akamai/akamai\"]",
      "instances": [
        {
          "schema_version": 0,
          "attributes": {
            "condition_exception": null,
            "config_id": 26906,
            "id": "26906:gfmp_56269:3000961",
            "rule_action": "alert",
            "rule_id": 3000961,
            "security_policy_id": "gfmp_56269"
          },
          "sensitive_attributes": [],
          "private": "eyJzY2hlbWFfdmVyc2lvbiI6IjAifQ=="
        }
      ]
    },
    {
      "module": "module.security",
      "mode": "managed",
      "type": "akamai_appsec_rule",
      "name": "main_policy_aseweb_attackplatform_3000962",
      "provider": "provider[\"registry.terraform.io/akamai/akamai\"]",
      "instances": [
        {
          "schema_version": 0,
          "attributes": {
            "condition_exception": null,
            "config_id": 26906,
            "id": "26906:gfmp_56269:3000962",
            "rule_action": "alert",
            "rule_id": 3000962,
            "security_policy_id": "gfmp_56269"
          },
          "sensitive_attributes": [],
          "private": "eyJzY2hlbWFfdmVyc2lvbiI6IjAifQ=="
        }
      ]
    },
    {
      "module": "module.security",
      "mode": "managed",
      "type": "akamai_appsec_rule",
      "name": "main_policy_aseweb_attackplatform_3000963",
      "provider": "provider[\"registry.terraform.io/akamai/akamai\"]",
      "instances": [
        {
          "schema_version": 0,
          "attributes": {
            "condition_exception": null,
            "config_id": 26906,
            "id": "26906:gfmp_56269:3000963",
            "rule_action": "alert",
            "rule_id": 3000963,
            "security_policy_id": "gfmp_56269"
          },
          "sensitive_attributes": [],
          "private": "eyJzY2hlbWFfdmVyc2lvbiI6IjAifQ=="
        }
      ]
    },
    {
      "module": "module.security",
      "mode": "managed",
      "type": "akamai_appsec_rule",
      "name": "main_policy_aseweb_attackplatform_3000998",
      "provider": "provider[\"registry.terraform.io/akamai/akamai\"]",
      "instances": [
        {
          "schema_version": 0,
          "attributes": {
            "condition_exception": null,
            "config_id": 26906,
            "id": "26906:gfmp_56269:3000998",
            "rule_action": "alert",
            "rule_id": 3000998,
            "security_policy_id": "gfmp_56269"
          },
          "sensitive_attributes": [],
          "private": "eyJzY2hlbWFfdmVyc2lvbiI6IjAifQ=="
        }
      ]
    },
    {
      "module": "module.security",
      "mode": "managed",
      "type": "akamai_appsec_rule",
      "name": "main_policy_aseweb_attackplatform_3000999",
      "provider": "provider[\"registry.terraform.io/akamai/akamai\"]",
      "instances": [
        {
          "schema_version": 0,
          "attributes": {
            "condition_exception": null,
            "config_id": 26906,
            "id": "26906:gfmp_56269:3000999",
            "rule_action": "alert",
            "rule_id": 3000999,
            "security_policy_id": "gfmp_56269"
          },
          "sensitive_attributes": [],
          "private": "eyJzY2hlbWFfdmVyc2lvbiI6IjAifQ=="
        }
      ]
    },
    {
      "module": "module.security",
      "mode": "managed",
      "type": "akamai_appsec_rule",
      "name": "main_policy_aseweb_attackpolicy_3000180",
      "provider": "provider[\"registry.terraform.io/akamai/akamai\"]",
      "instances": [
        {
          "schema_version": 0,
          "attributes": {
            "condition_exception": null,
            "config_id": 26906,
            "id": "26906:gfmp_56269:3000180",
            "rule_action": "alert",
            "rule_id": 3000180,
            "security_policy_id": "gfmp_56269"
          },
          "sensitive_attributes": [],
          "private": "eyJzY2hlbWFfdmVyc2lvbiI6IjAifQ=="
        }
      ]
    },
    {
      "module": "module.security",
      "mode": "managed",
      "type": "akamai_appsec_rule",
      "name": "main_policy_aseweb_attackpolicy_950220",
      "provider": "provider[\"registry.terraform.io/akamai/akamai\"]",
      "instances": [
        {
          "schema_version": 0,
          "attributes": {
            "condition_exception": null,
            "config_id": 26906,
            "id": "26906:gfmp_56269:950220",
            "rule_action": "alert",
            "rule_id": 950220,
            "security_policy_id": "gfmp_56269"
          },
          "sensitive_attributes": [],
          "private": "eyJzY2hlbWFfdmVyc2lvbiI6IjAifQ=="
        }
      ]
    },
    {
      "module": "module.security",
      "mode": "managed",
      "type": "akamai_appsec_rule",
      "name": "main_policy_aseweb_attackpolicy_961912",
      "provider": "provider[\"registry.terraform.io/akamai/akamai\"]",
      "instances": [
        {
          "schema_version": 0,
          "attributes": {
            "condition_exception": null,
            "config_id": 26906,
            "id": "26906:gfmp_56269:961912",
            "rule_action": "alert",
            "rule_id": 961912,
            "security_policy_id": "gfmp_56269"
          },
          "sensitive_attributes": [],
          "private": "eyJzY2hlbWFfdmVyc2lvbiI6IjAifQ=="
        }
      ]
    },
    {
      "module": "module.security",
      "mode": "managed",
      "type": "akamai_appsec_rule",
      "name": "main_policy_aseweb_attackprotocol_3000173",
      "provider": "provider[\"registry.terraform.io/akamai/akamai\"]",
      "instances": [
        {
          "schema_version": 0,
          "attributes": {
            "condition_exception": null,
            "config_id": 26906,
            "id": "26906:gfmp_56269:3000173",
            "rule_action": "alert",
            "rule_id": 3000173,
            "security_policy_id": "gfmp_56269"
          },
          "sensitive_attributes": [],
          "private": "eyJzY2hlbWFfdmVyc2lvbiI6IjAifQ=="
        }
      ]
    },
    {
      "module": "module.security",
      "mode": "managed",
      "type": "akamai_appsec_rule",
      "name": "main_policy_aseweb_attackprotocol_3000174",
      "provider": "provider[\"registry.terraform.io/akamai/akamai\"]",
      "instances": [
        {
          "schema_version": 0,
          "attributes": {
            "condition_exception": null,
            "config_id": 26906,
            "id": "26906:gfmp_56269:3000174",
            "rule_action": "alert",
            "rule_id": 3000174,
            "security_policy_id": "gfmp_56269"
          },
          "sensitive_attributes": [],
          "private": "eyJzY2hlbWFfdmVyc2lvbiI6IjAifQ=="
        }
      ]
    },
    {
      "module": "module.security",
      "mode": "managed",
      "type": "akamai_appsec_rule",
      "name": "main_policy_aseweb_attackprotocol_3000175",
      "provider": "provider[\"registry.terraform.io/akamai/akamai\"]",
      "instances": [
        {
          "schema_version": 0,
          "attributes": {
            "condition_exception": null,
            "config_id": 26906,
            "id": "26906:gfmp_56269:3000175",
            "rule_action": "alert",
            "rule_id": 3000175,
            "security_policy_id": "gfmp_56269"
          },
          "sensitive_attributes": [],
          "private": "eyJzY2hlbWFfdmVyc2lvbiI6IjAifQ=="
        }
      ]
    },
    {
      "module": "module.security",
      "mode": "managed",
      "type": "akamai_appsec_rule",
      "name": "main_policy_aseweb_attackprotocol_3000176",
      "provider": "provider[\"registry.terraform.io/akamai/akamai\"]",
      "instances": [
        {
          "schema_version": 0,
          "attributes": {
            "condition_exception": null,
            "config_id": 26906,
            "id": "26906:gfmp_56269:3000176",
            "rule_action": "alert",
            "rule_id": 3000176,
            "security_policy_id": "gfmp_56269"
          },
          "sensitive_attributes": [],
          "private": "eyJzY2hlbWFfdmVyc2lvbiI6IjAifQ=="
        }
      ]
    },
    {
      "module": "module.security",
      "mode": "managed",
      "type": "akamai_appsec_rule",
      "name": "main_policy_aseweb_attackprotocol_3000177",
      "provider": "provider[\"registry.terraform.io/akamai/akamai\"]",
      "instances": [
        {
          "schema_version": 0,
          "attributes": {
            "condition_exception": null,
            "config_id": 26906,
            "id": "26906:gfmp_56269:3000177",
            "rule_action": "alert",
            "rule_id": 3000177,
            "security_policy_id": "gfmp_56269"
          },
          "sensitive_attributes": [],
          "private": "eyJzY2hlbWFfdmVyc2lvbiI6IjAifQ=="
        }
      ]
    },
    {
      "module": "module.security",
      "mode": "managed",
      "type": "akamai_appsec_rule",
      "name": "main_policy_aseweb_attackprotocol_3000192",
      "provider": "provider[\"registry.terraform.io/akamai/akamai\"]",
      "instances": [
        {
          "schema_version": 0,
          "attributes": {
            "condition_exception": null,
            "config_id": 26906,
            "id": "26906:gfmp_56269:3000192",
            "rule_action": "alert",
            "rule_id": 3000192,
            "security_policy_id": "gfmp_56269"
          },
          "sensitive_attributes": [],
          "private": "eyJzY2hlbWFfdmVyc2lvbiI6IjAifQ=="
        }
      ]
    },
    {
      "module": "module.security",
      "mode": "managed",
      "type": "akamai_appsec_rule",
      "name": "main_policy_aseweb_attackprotocol_3000700",
      "provider": "provider[\"registry.terraform.io/akamai/akamai\"]",
      "instances": [
        {
          "schema_version": 0,
          "attributes": {
            "condition_exception": null,
            "config_id": 26906,
            "id": "26906:gfmp_56269:3000700",
            "rule_action": "alert",
            "rule_id": 3000700,
            "security_policy_id": "gfmp_56269"
          },
          "sensitive_attributes": [],
          "private": "eyJzY2hlbWFfdmVyc2lvbiI6IjAifQ=="
        }
      ]
    },
    {
      "module": "module.security",
      "mode": "managed",
      "type": "akamai_appsec_rule",
      "name": "main_policy_aseweb_attackprotocol_3000701",
      "provider": "provider[\"registry.terraform.io/akamai/akamai\"]",
      "instances": [
        {
          "schema_version": 0,
          "attributes": {
            "condition_exception": null,
            "config_id": 26906,
            "id": "26906:gfmp_56269:3000701",
            "rule_action": "deny",
            "rule_id": 3000701,
            "security_policy_id": "gfmp_56269"
          },
          "sensitive_attributes": [],
          "private": "eyJzY2hlbWFfdmVyc2lvbiI6IjAifQ=="
        }
      ]
    },
    {
      "module": "module.security",
      "mode": "managed",
      "type": "akamai_appsec_rule",
      "name": "main_policy_aseweb_attackprotocol_950216",
      "provider": "provider[\"registry.terraform.io/akamai/akamai\"]",
      "instances": [
        {
          "schema_version": 0,
          "attributes": {
            "condition_exception": null,
            "config_id": 26906,
            "id": "26906:gfmp_56269:950216",
            "rule_action": "alert",
            "rule_id": 950216,
            "security_policy_id": "gfmp_56269"
          },
          "sensitive_attributes": [],
          "private": "eyJzY2hlbWFfdmVyc2lvbiI6IjAifQ=="
        }
      ]
    },
    {
      "module": "module.security",
      "mode": "managed",
      "type": "akamai_appsec_rule",
      "name": "main_policy_aseweb_attackprotocol_951910",
      "provider": "provider[\"registry.terraform.io/akamai/akamai\"]",
      "instances": [
        {
          "schema_version": 0,
          "attributes": {
            "condition_exception": null,
            "config_id": 26906,
            "id": "26906:gfmp_56269:951910",
            "rule_action": "alert",
            "rule_id": 951910,
            "security_policy_id": "gfmp_56269"
          },
          "sensitive_attributes": [],
          "private": "eyJzY2hlbWFfdmVyc2lvbiI6IjAifQ=="
        }
      ]
    },
    {
      "module": "module.security",
      "mode": "managed",
      "type": "akamai_appsec_rule",
      "name": "main_policy_aseweb_attackprotocol_961011",
      "provider": "provider[\"registry.terraform.io/akamai/akamai\"]",
      "instances": [
        {
          "schema_version": 0,
          "attributes": {
            "condition_exception": null,
            "config_id": 26906,
            "id": "26906:gfmp_56269:961011",
            "rule_action": "alert",
            "rule_id": 961011,
            "security_policy_id": "gfmp_56269"
          },
          "sensitive_attributes": [],
          "private": "eyJzY2hlbWFfdmVyc2lvbiI6IjAifQ=="
        }
      ]
    },
    {
      "module": "module.security",
      "mode": "managed",
      "type": "akamai_appsec_rule",
      "name": "main_policy_aseweb_attackprotocol_961012",
      "provider": "provider[\"registry.terraform.io/akamai/akamai\"]",
      "instances": [
        {
          "schema_version": 0,
          "attributes": {
            "condition_exception": null,
            "config_id": 26906,
            "id": "26906:gfmp_56269:961012",
            "rule_action": "alert",
            "rule_id": 961012,
            "security_policy_id": "gfmp_56269"
          },
          "sensitive_attributes": [],
          "private": "eyJzY2hlbWFfdmVyc2lvbiI6IjAifQ=="
        }
      ]
    },
    {
      "module": "module.security",
      "mode": "managed",
      "type": "akamai_appsec_rule",
      "name": "main_policy_aseweb_attackprotocol_961034",
      "provider": "provider[\"registry.terraform.io/akamai/akamai\"]",
      "instances": [
        {
          "schema_version": 0,
          "attributes": {
            "condition_exception": null,
            "config_id": 26906,
            "id": "26906:gfmp_56269:961034",
            "rule_action": "alert",
            "rule_id": 961034,
            "security_policy_id": "gfmp_56269"
          },
          "sensitive_attributes": [],
          "private": "eyJzY2hlbWFfdmVyc2lvbiI6IjAifQ=="
        }
      ]
    },
    {
      "module": "module.security",
      "mode": "managed",
      "type": "akamai_appsec_rule",
      "name": "main_policy_aseweb_attackprotocol_961904",
      "provider": "provider[\"registry.terraform.io/akamai/akamai\"]",
      "instances": [
        {
          "schema_version": 0,
          "attributes": {
            "condition_exception": null,
            "config_id": 26906,
            "id": "26906:gfmp_56269:961904",
            "rule_action": "alert",
            "rule_id": 961904,
            "security_policy_id": "gfmp_56269"
          },
          "sensitive_attributes": [],
          "private": "eyJzY2hlbWFfdmVyc2lvbiI6IjAifQ=="
        }
      ]
    },
    {
      "module": "module.security",
      "mode": "managed",
      "type": "akamai_appsec_rule",
      "name": "main_policy_aseweb_attackprotocol_968230",
      "provider": "provider[\"registry.terraform.io/akamai/akamai\"]",
      "instances": [
        {
          "schema_version": 0,
          "attributes": {
            "condition_exception": null,
            "config_id": 26906,
            "id": "26906:gfmp_56269:968230",
            "rule_action": "alert",
            "rule_id": 968230,
            "security_policy_id": "gfmp_56269"
          },
          "sensitive_attributes": [],
          "private": "eyJzY2hlbWFfdmVyc2lvbiI6IjAifQ=="
        }
      ]
    },
    {
      "module": "module.security",
      "mode": "managed",
      "type": "akamai_appsec_rule",
      "name": "main_policy_aseweb_attackrfi_3000004",
      "provider": "provider[\"registry.terraform.io/akamai/akamai\"]",
      "instances": [
        {
          "schema_version": 0,
          "attributes": {
            "condition_exception": null,
            "config_id": 26906,
            "id": "26906:gfmp_56269:3000004",
            "rule_action": "alert",
            "rule_id": 3000004,
            "security_policy_id": "gfmp_56269"
          },
          "sensitive_attributes": [],
          "private": "eyJzY2hlbWFfdmVyc2lvbiI6IjAifQ=="
        }
      ]
    },
    {
      "module": "module.security",
      "mode": "managed",
      "type": "akamai_appsec_rule",
      "name": "main_policy_aseweb_attackrfi_3000130",
      "provider": "provider[\"registry.terraform.io/akamai/akamai\"]",
      "instances": [
        {
          "schema_version": 0,
          "attributes": {
            "condition_exception": null,
            "config_id": 26906,
            "id": "26906:gfmp_56269:3000130",
            "rule_action": "alert",
            "rule_id": 3000130,
            "security_policy_id": "gfmp_56269"
          },
          "sensitive_attributes": [],
          "private": "eyJzY2hlbWFfdmVyc2lvbiI6IjAifQ=="
        }
      ]
    },
    {
      "module": "module.security",
      "mode": "managed",
      "type": "akamai_appsec_rule",
      "name": "main_policy_aseweb_attackrfi_3000131",
      "provider": "provider[\"registry.terraform.io/akamai/akamai\"]",
      "instances": [
        {
          "schema_version": 0,
          "attributes": {
            "condition_exception": null,
            "config_id": 26906,
            "id": "26906:gfmp_56269:3000131",
            "rule_action": "alert",
            "rule_id": 3000131,
            "security_policy_id": "gfmp_56269"
          },
          "sensitive_attributes": [],
          "private": "eyJzY2hlbWFfdmVyc2lvbiI6IjAifQ=="
        }
      ]
    },
    {
      "module": "module.security",
      "mode": "managed",
      "type": "akamai_appsec_rule",
      "name": "main_policy_aseweb_attackrfi_950118",
      "provider": "provider[\"registry.terraform.io/akamai/akamai\"]",
      "instances": [
        {
          "schema_version": 0,
          "attributes": {
            "condition_exception": null,
            "config_id": 26906,
            "id": "26906:gfmp_56269:950118",
            "rule_action": "alert",
            "rule_id": 950118,
            "security_policy_id": "gfmp_56269"
          },
          "sensitive_attributes": [],
          "private": "eyJzY2hlbWFfdmVyc2lvbiI6IjAifQ=="
        }
      ]
    },
    {
      "module": "module.security",
      "mode": "managed",
      "type": "akamai_appsec_rule",
      "name": "main_policy_aseweb_attacksql_injection_3000000",
      "provider": "provider[\"registry.terraform.io/akamai/akamai\"]",
      "instances": [
        {
          "schema_version": 0,
          "attributes": {
            "condition_exception": null,
            "config_id": 26906,
            "id": "26906:gfmp_56269:3000000",
            "rule_action": "alert",
            "rule_id": 3000000,
            "security_policy_id": "gfmp_56269"
          },
          "sensitive_attributes": [],
          "private": "eyJzY2hlbWFfdmVyc2lvbiI6IjAifQ=="
        }
      ]
    },
    {
      "module": "module.security",
      "mode": "managed",
      "type": "akamai_appsec_rule",
      "name": "main_policy_aseweb_attacksql_injection_3000006",
      "provider": "provider[\"registry.terraform.io/akamai/akamai\"]",
      "instances": [
        {
          "schema_version": 0,
          "attributes": {
            "condition_exception": null,
            "config_id": 26906,
            "id": "26906:gfmp_56269:3000006",
            "rule_action": "alert",
            "rule_id": 3000006,
            "security_policy_id": "gfmp_56269"
          },
          "sensitive_attributes": [],
          "private": "eyJzY2hlbWFfdmVyc2lvbiI6IjAifQ=="
        }
      ]
    },
    {
      "module": "module.security",
      "mode": "managed",
      "type": "akamai_appsec_rule",
      "name": "main_policy_aseweb_attacksql_injection_3000015",
      "provider": "provider[\"registry.terraform.io/akamai/akamai\"]",
      "instances": [
        {
          "schema_version": 0,
          "attributes": {
            "condition_exception": null,
            "config_id": 26906,
            "id": "26906:gfmp_56269:3000015",
            "rule_action": "alert",
            "rule_id": 3000015,
            "security_policy_id": "gfmp_56269"
          },
          "sensitive_attributes": [],
          "private": "eyJzY2hlbWFfdmVyc2lvbiI6IjAifQ=="
        }
      ]
    },
    {
      "module": "module.security",
      "mode": "managed",
      "type": "akamai_appsec_rule",
      "name": "main_policy_aseweb_attacksql_injection_3000017",
      "provider": "provider[\"registry.terraform.io/akamai/akamai\"]",
      "instances": [
        {
          "schema_version": 0,
          "attributes": {
            "condition_exception": null,
            "config_id": 26906,
            "id": "26906:gfmp_56269:3000017",
            "rule_action": "alert",
            "rule_id": 3000017,
            "security_policy_id": "gfmp_56269"
          },
          "sensitive_attributes": [],
          "private": "eyJzY2hlbWFfdmVyc2lvbiI6IjAifQ=="
        }
      ]
    },
    {
      "module": "module.security",
      "mode": "managed",
      "type": "akamai_appsec_rule",
      "name": "main_policy_aseweb_attacksql_injection_3000022",
      "provider": "provider[\"registry.terraform.io/akamai/akamai\"]",
      "instances": [
        {
          "schema_version": 0,
          "attributes": {
            "condition_exception": null,
            "config_id": 26906,
            "id": "26906:gfmp_56269:3000022",
            "rule_action": "alert",
            "rule_id": 3000022,
            "security_policy_id": "gfmp_56269"
          },
          "sensitive_attributes": [],
          "private": "eyJzY2hlbWFfdmVyc2lvbiI6IjAifQ=="
        }
      ]
    },
    {
      "module": "module.security",
      "mode": "managed",
      "type": "akamai_appsec_rule",
      "name": "main_policy_aseweb_attacksql_injection_3000100",
      "provider": "provider[\"registry.terraform.io/akamai/akamai\"]",
      "instances": [
        {
          "schema_version": 0,
          "attributes": {
            "condition_exception": null,
            "config_id": 26906,
            "id": "26906:gfmp_56269:3000100",
            "rule_action": "alert",
            "rule_id": 3000100,
            "security_policy_id": "gfmp_56269"
          },
          "sensitive_attributes": [],
          "private": "eyJzY2hlbWFfdmVyc2lvbiI6IjAifQ=="
        }
      ]
    },
    {
      "module": "module.security",
      "mode": "managed",
      "type": "akamai_appsec_rule",
      "name": "main_policy_aseweb_attacksql_injection_3000101",
      "provider": "provider[\"registry.terraform.io/akamai/akamai\"]",
      "instances": [
        {
          "schema_version": 0,
          "attributes": {
            "condition_exception": null,
            "config_id": 26906,
            "id": "26906:gfmp_56269:3000101",
            "rule_action": "alert",
            "rule_id": 3000101,
            "security_policy_id": "gfmp_56269"
          },
          "sensitive_attributes": [],
          "private": "eyJzY2hlbWFfdmVyc2lvbiI6IjAifQ=="
        }
      ]
    },
    {
      "module": "module.security",
      "mode": "managed",
      "type": "akamai_appsec_rule",
      "name": "main_policy_aseweb_attacksql_injection_3000102",
      "provider": "provider[\"registry.terraform.io/akamai/akamai\"]",
      "instances": [
        {
          "schema_version": 0,
          "attributes": {
            "condition_exception": null,
            "config_id": 26906,
            "id": "26906:gfmp_56269:3000102",
            "rule_action": "alert",
            "rule_id": 3000102,
            "security_policy_id": "gfmp_56269"
          },
          "sensitive_attributes": [],
          "private": "eyJzY2hlbWFfdmVyc2lvbiI6IjAifQ=="
        }
      ]
    },
    {
      "module": "module.security",
      "mode": "managed",
      "type": "akamai_appsec_rule",
      "name": "main_policy_aseweb_attacksql_injection_3000103",
      "provider": "provider[\"registry.terraform.io/akamai/akamai\"]",
      "instances": [
        {
          "schema_version": 0,
          "attributes": {
            "condition_exception": null,
            "config_id": 26906,
            "id": "26906:gfmp_56269:3000103",
            "rule_action": "alert",
            "rule_id": 3000103,
            "security_policy_id": "gfmp_56269"
          },
          "sensitive_attributes": [],
          "private": "eyJzY2hlbWFfdmVyc2lvbiI6IjAifQ=="
        }
      ]
    },
    {
      "module": "module.security",
      "mode": "managed",
      "type": "akamai_appsec_rule",
      "name": "main_policy_aseweb_attacksql_injection_3000104",
      "provider": "provider[\"registry.terraform.io/akamai/akamai\"]",
      "instances": [
        {
          "schema_version": 0,
          "attributes": {
            "condition_exception": null,
            "config_id": 26906,
            "id": "26906:gfmp_56269:3000104",
            "rule_action": "alert",
            "rule_id": 3000104,
            "security_policy_id": "gfmp_56269"
          },
          "sensitive_attributes": [],
          "private": "eyJzY2hlbWFfdmVyc2lvbiI6IjAifQ=="
        }
      ]
    },
    {
      "module": "module.security",
      "mode": "managed",
      "type": "akamai_appsec_rule",
      "name": "main_policy_aseweb_attacksql_injection_950007",
      "provider": "provider[\"registry.terraform.io/akamai/akamai\"]",
      "instances": [
        {
          "schema_version": 0,
          "attributes": {
            "condition_exception": null,
            "config_id": 26906,
            "id": "26906:gfmp_56269:950007",
            "rule_action": "alert",
            "rule_id": 950007,
            "security_policy_id": "gfmp_56269"
          },
          "sensitive_attributes": [],
          "private": "eyJzY2hlbWFfdmVyc2lvbiI6IjAifQ=="
        }
      ]
    },
    {
      "module": "module.security",
      "mode": "managed",
      "type": "akamai_appsec_rule",
      "name": "main_policy_aseweb_attacksql_injection_950902",
      "provider": "provider[\"registry.terraform.io/akamai/akamai\"]",
      "instances": [
        {
          "schema_version": 0,
          "attributes": {
            "condition_exception": null,
            "config_id": 26906,
            "id": "26906:gfmp_56269:950902",
            "rule_action": "alert",
            "rule_id": 950902,
            "security_policy_id": "gfmp_56269"
          },
          "sensitive_attributes": [],
          "private": "eyJzY2hlbWFfdmVyc2lvbiI6IjAifQ=="
        }
      ]
    },
    {
      "module": "module.security",
      "mode": "managed",
      "type": "akamai_appsec_rule",
      "name": "main_policy_aseweb_attacksql_injection_959070",
      "provider": "provider[\"registry.terraform.io/akamai/akamai\"]",
      "instances": [
        {
          "schema_version": 0,
          "attributes": {
            "condition_exception": null,
            "config_id": 26906,
            "id": "26906:gfmp_56269:959070",
            "rule_action": "alert",
            "rule_id": 959070,
            "security_policy_id": "gfmp_56269"
          },
          "sensitive_attributes": [],
          "private": "eyJzY2hlbWFfdmVyc2lvbiI6IjAifQ=="
        }
      ]
    },
    {
      "module": "module.security",
      "mode": "managed",
      "type": "akamai_appsec_rule",
      "name": "main_policy_aseweb_attacksql_injection_959073",
      "provider": "provider[\"registry.terraform.io/akamai/akamai\"]",
      "instances": [
        {
          "schema_version": 0,
          "attributes": {
            "condition_exception": null,
            "config_id": 26906,
            "id": "26906:gfmp_56269:959073",
            "rule_action": "alert",
            "rule_id": 959073,
            "security_policy_id": "gfmp_56269"
          },
          "sensitive_attributes": [],
          "private": "eyJzY2hlbWFfdmVyc2lvbiI6IjAifQ=="
        }
      ]
    },
    {
      "module": "module.security",
      "mode": "managed",
      "type": "akamai_appsec_rule",
      "name": "main_policy_aseweb_attacksql_injection_981240",
      "provider": "provider[\"registry.terraform.io/akamai/akamai\"]",
      "instances": [
        {
          "schema_version": 0,
          "attributes": {
            "condition_exception": null,
            "config_id": 26906,
            "id": "26906:gfmp_56269:981240",
            "rule_action": "alert",
            "rule_id": 981240,
            "security_policy_id": "gfmp_56269"
          },
          "sensitive_attributes": [],
          "private": "eyJzY2hlbWFfdmVyc2lvbiI6IjAifQ=="
        }
      ]
    },
    {
      "module": "module.security",
      "mode": "managed",
      "type": "akamai_appsec_rule",
      "name": "main_policy_aseweb_attacksql_injection_981242",
      "provider": "provider[\"registry.terraform.io/akamai/akamai\"]",
      "instances": [
        {
          "schema_version": 0,
          "attributes": {
            "condition_exception": null,
            "config_id": 26906,
            "id": "26906:gfmp_56269:981242",
            "rule_action": "alert",
            "rule_id": 981242,
            "security_policy_id": "gfmp_56269"
          },
          "sensitive_attributes": [],
          "private": "eyJzY2hlbWFfdmVyc2lvbiI6IjAifQ=="
        }
      ]
    },
    {
      "module": "module.security",
      "mode": "managed",
      "type": "akamai_appsec_rule",
      "name": "main_policy_aseweb_attacksql_injection_981243",
      "provider": "provider[\"registry.terraform.io/akamai/akamai\"]",
      "instances": [
        {
          "schema_version": 0,
          "attributes": {
            "condition_exception": null,
            "config_id": 26906,
            "id": "26906:gfmp_56269:981243",
            "rule_action": "alert",
            "rule_id": 981243,
            "security_policy_id": "gfmp_56269"
          },
          "sensitive_attributes": [],
          "private": "eyJzY2hlbWFfdmVyc2lvbiI6IjAifQ=="
        }
      ]
    },
    {
      "module": "module.security",
      "mode": "managed",
      "type": "akamai_appsec_rule",
      "name": "main_policy_aseweb_attacksql_injection_981244",
      "provider": "provider[\"registry.terraform.io/akamai/akamai\"]",
      "instances": [
        {
          "schema_version": 0,
          "attributes": {
            "condition_exception": null,
            "config_id": 26906,
            "id": "26906:gfmp_56269:981244",
            "rule_action": "alert",
            "rule_id": 981244,
            "security_policy_id": "gfmp_56269"
          },
          "sensitive_attributes": [],
          "private": "eyJzY2hlbWFfdmVyc2lvbiI6IjAifQ=="
        }
      ]
    },
    {
      "module": "module.security",
      "mode": "managed",
      "type": "akamai_appsec_rule",
      "name": "main_policy_aseweb_attacksql_injection_981247",
      "provider": "provider[\"registry.terraform.io/akamai/akamai\"]",
      "instances": [
        {
          "schema_version": 0,
          "attributes": {
            "condition_exception": null,
            "config_id": 26906,
            "id": "26906:gfmp_56269:981247",
            "rule_action": "alert",
            "rule_id": 981247,
            "security_policy_id": "gfmp_56269"
          },
          "sensitive_attributes": [],
          "private": "eyJzY2hlbWFfdmVyc2lvbiI6IjAifQ=="
        }
      ]
    },
    {
      "module": "module.security",
      "mode": "managed",
      "type": "akamai_appsec_rule",
      "name": "main_policy_aseweb_attacksql_injection_981248",
      "provider": "provider[\"registry.terraform.io/akamai/akamai\"]",
      "instances": [
        {
          "schema_version": 0,
          "attributes": {
            "condition_exception": null,
            "config_id": 26906,
            "id": "26906:gfmp_56269:981248",
            "rule_action": "alert",
            "rule_id": 981248,
            "security_policy_id": "gfmp_56269"
          },
          "sensitive_attributes": [],
          "private": "eyJzY2hlbWFfdmVyc2lvbiI6IjAifQ=="
        }
      ]
    },
    {
      "module": "module.security",
      "mode": "managed",
      "type": "akamai_appsec_rule",
      "name": "main_policy_aseweb_attacksql_injection_981251",
      "provider": "provider[\"registry.terraform.io/akamai/akamai\"]",
      "instances": [
        {
          "schema_version": 0,
          "attributes": {
            "condition_exception": null,
            "config_id": 26906,
            "id": "26906:gfmp_56269:981251",
            "rule_action": "alert",
            "rule_id": 981251,
            "security_policy_id": "gfmp_56269"
          },
          "sensitive_attributes": [],
          "private": "eyJzY2hlbWFfdmVyc2lvbiI6IjAifQ=="
        }
      ]
    },
    {
      "module": "module.security",
      "mode": "managed",
      "type": "akamai_appsec_rule",
      "name": "main_policy_aseweb_attacksql_injection_981252",
      "provider": "provider[\"registry.terraform.io/akamai/akamai\"]",
      "instances": [
        {
          "schema_version": 0,
          "attributes": {
            "condition_exception": null,
            "config_id": 26906,
            "id": "26906:gfmp_56269:981252",
            "rule_action": "alert",
            "rule_id": 981252,
            "security_policy_id": "gfmp_56269"
          },
          "sensitive_attributes": [],
          "private": "eyJzY2hlbWFfdmVyc2lvbiI6IjAifQ=="
        }
      ]
    },
    {
      "module": "module.security",
      "mode": "managed",
      "type": "akamai_appsec_rule",
      "name": "main_policy_aseweb_attacksql_injection_981253",
      "provider": "provider[\"registry.terraform.io/akamai/akamai\"]",
      "instances": [
        {
          "schema_version": 0,
          "attributes": {
            "condition_exception": null,
            "config_id": 26906,
            "id": "26906:gfmp_56269:981253",
            "rule_action": "alert",
            "rule_id": 981253,
            "security_policy_id": "gfmp_56269"
          },
          "sensitive_attributes": [],
          "private": "eyJzY2hlbWFfdmVyc2lvbiI6IjAifQ=="
        }
      ]
    },
    {
      "module": "module.security",
      "mode": "managed",
      "type": "akamai_appsec_rule",
      "name": "main_policy_aseweb_attacksql_injection_981254",
      "provider": "provider[\"registry.terraform.io/akamai/akamai\"]",
      "instances": [
        {
          "schema_version": 0,
          "attributes": {
            "condition_exception": null,
            "config_id": 26906,
            "id": "26906:gfmp_56269:981254",
            "rule_action": "alert",
            "rule_id": 981254,
            "security_policy_id": "gfmp_56269"
          },
          "sensitive_attributes": [],
          "private": "eyJzY2hlbWFfdmVyc2lvbiI6IjAifQ=="
        }
      ]
    },
    {
      "module": "module.security",
      "mode": "managed",
      "type": "akamai_appsec_rule",
      "name": "main_policy_aseweb_attacksql_injection_981255",
      "provider": "provider[\"registry.terraform.io/akamai/akamai\"]",
      "instances": [
        {
          "schema_version": 0,
          "attributes": {
            "condition_exception": null,
            "config_id": 26906,
            "id": "26906:gfmp_56269:981255",
            "rule_action": "alert",
            "rule_id": 981255,
            "security_policy_id": "gfmp_56269"
          },
          "sensitive_attributes": [],
          "private": "eyJzY2hlbWFfdmVyc2lvbiI6IjAifQ=="
        }
      ]
    },
    {
      "module": "module.security",
      "mode": "managed",
      "type": "akamai_appsec_rule",
      "name": "main_policy_aseweb_attacksql_injection_981256",
      "provider": "provider[\"registry.terraform.io/akamai/akamai\"]",
      "instances": [
        {
          "schema_version": 0,
          "attributes": {
            "condition_exception": null,
            "config_id": 26906,
            "id": "26906:gfmp_56269:981256",
            "rule_action": "alert",
            "rule_id": 981256,
            "security_policy_id": "gfmp_56269"
          },
          "sensitive_attributes": [],
          "private": "eyJzY2hlbWFfdmVyc2lvbiI6IjAifQ=="
        }
      ]
    },
    {
      "module": "module.security",
      "mode": "managed",
      "type": "akamai_appsec_rule",
      "name": "main_policy_aseweb_attacksql_injection_981260",
      "provider": "provider[\"registry.terraform.io/akamai/akamai\"]",
      "instances": [
        {
          "schema_version": 0,
          "attributes": {
            "condition_exception": null,
            "config_id": 26906,
            "id": "26906:gfmp_56269:981260",
            "rule_action": "alert",
            "rule_id": 981260,
            "security_policy_id": "gfmp_56269"
          },
          "sensitive_attributes": [],
          "private": "eyJzY2hlbWFfdmVyc2lvbiI6IjAifQ=="
        }
      ]
    },
    {
      "module": "module.security",
      "mode": "managed",
      "type": "akamai_appsec_rule",
      "name": "main_policy_aseweb_attacksql_injection_981270",
      "provider": "provider[\"registry.terraform.io/akamai/akamai\"]",
      "instances": [
        {
          "schema_version": 0,
          "attributes": {
            "condition_exception": null,
            "config_id": 26906,
            "id": "26906:gfmp_56269:981270",
            "rule_action": "alert",
            "rule_id": 981270,
            "security_policy_id": "gfmp_56269"
          },
          "sensitive_attributes": [],
          "private": "eyJzY2hlbWFfdmVyc2lvbiI6IjAifQ=="
        }
      ]
    },
    {
      "module": "module.security",
      "mode": "managed",
      "type": "akamai_appsec_rule",
      "name": "main_policy_aseweb_attacksql_injection_981276",
      "provider": "provider[\"registry.terraform.io/akamai/akamai\"]",
      "instances": [
        {
          "schema_version": 0,
          "attributes": {
            "condition_exception": null,
            "config_id": 26906,
            "id": "26906:gfmp_56269:981276",
            "rule_action": "alert",
            "rule_id": 981276,
            "security_policy_id": "gfmp_56269"
          },
          "sensitive_attributes": [],
          "private": "eyJzY2hlbWFfdmVyc2lvbiI6IjAifQ=="
        }
      ]
    },
    {
      "module": "module.security",
      "mode": "managed",
      "type": "akamai_appsec_rule",
      "name": "main_policy_aseweb_attacksql_injection_981300",
      "provider": "provider[\"registry.terraform.io/akamai/akamai\"]",
      "instances": [
        {
          "schema_version": 0,
          "attributes": {
            "condition_exception": null,
            "config_id": 26906,
            "id": "26906:gfmp_56269:981300",
            "rule_action": "alert",
            "rule_id": 981300,
            "security_policy_id": "gfmp_56269"
          },
          "sensitive_attributes": [],
          "private": "eyJzY2hlbWFfdmVyc2lvbiI6IjAifQ=="
        }
      ]
    },
    {
      "module": "module.security",
      "mode": "managed",
      "type": "akamai_appsec_rule",
      "name": "main_policy_aseweb_attacksql_injection_981320",
      "provider": "provider[\"registry.terraform.io/akamai/akamai\"]",
      "instances": [
        {
          "schema_version": 0,
          "attributes": {
            "condition_exception": null,
            "config_id": 26906,
            "id": "26906:gfmp_56269:981320",
            "rule_action": "alert",
            "rule_id": 981320,
            "security_policy_id": "gfmp_56269"
          },
          "sensitive_attributes": [],
          "private": "eyJzY2hlbWFfdmVyc2lvbiI6IjAifQ=="
        }
      ]
    },
    {
      "module": "module.security",
      "mode": "managed",
      "type": "akamai_appsec_rule",
      "name": "main_policy_aseweb_attacktool_3000108",
      "provider": "provider[\"registry.terraform.io/akamai/akamai\"]",
      "instances": [
        {
          "schema_version": 0,
          "attributes": {
            "condition_exception": null,
            "config_id": 26906,
            "id": "26906:gfmp_56269:3000108",
            "rule_action": "alert",
            "rule_id": 3000108,
            "security_policy_id": "gfmp_56269"
          },
          "sensitive_attributes": [],
          "private": "eyJzY2hlbWFfdmVyc2lvbiI6IjAifQ=="
        }
      ]
    },
    {
      "module": "module.security",
      "mode": "managed",
      "type": "akamai_appsec_rule",
      "name": "main_policy_aseweb_attacktool_3000115",
      "provider": "provider[\"registry.terraform.io/akamai/akamai\"]",
      "instances": [
        {
          "schema_version": 0,
          "attributes": {
            "condition_exception": null,
            "config_id": 26906,
            "id": "26906:gfmp_56269:3000115",
            "rule_action": "alert",
            "rule_id": 3000115,
            "security_policy_id": "gfmp_56269"
          },
          "sensitive_attributes": [],
          "private": "eyJzY2hlbWFfdmVyc2lvbiI6IjAifQ=="
        }
      ]
    },
    {
      "module": "module.security",
      "mode": "managed",
      "type": "akamai_appsec_rule",
      "name": "main_policy_aseweb_attacktool_3000117",
      "provider": "provider[\"registry.terraform.io/akamai/akamai\"]",
      "instances": [
        {
          "schema_version": 0,
          "attributes": {
            "condition_exception": null,
            "config_id": 26906,
            "id": "26906:gfmp_56269:3000117",
            "rule_action": "alert",
            "rule_id": 3000117,
            "security_policy_id": "gfmp_56269"
          },
          "sensitive_attributes": [],
          "private": "eyJzY2hlbWFfdmVyc2lvbiI6IjAifQ=="
        }
      ]
    },
    {
      "module": "module.security",
      "mode": "managed",
      "type": "akamai_appsec_rule",
      "name": "main_policy_aseweb_attacktool_3000118",
      "provider": "provider[\"registry.terraform.io/akamai/akamai\"]",
      "instances": [
        {
          "schema_version": 0,
          "attributes": {
            "condition_exception": null,
            "config_id": 26906,
            "id": "26906:gfmp_56269:3000118",
            "rule_action": "alert",
            "rule_id": 3000118,
            "security_policy_id": "gfmp_56269"
          },
          "sensitive_attributes": [],
          "private": "eyJzY2hlbWFfdmVyc2lvbiI6IjAifQ=="
        }
      ]
    },
    {
      "module": "module.security",
      "mode": "managed",
      "type": "akamai_appsec_rule",
      "name": "main_policy_aseweb_attacktool_3000129",
      "provider": "provider[\"registry.terraform.io/akamai/akamai\"]",
      "instances": [
        {
          "schema_version": 0,
          "attributes": {
            "condition_exception": null,
            "config_id": 26906,
            "id": "26906:gfmp_56269:3000129",
            "rule_action": "alert",
            "rule_id": 3000129,
            "security_policy_id": "gfmp_56269"
          },
          "sensitive_attributes": [],
          "private": "eyJzY2hlbWFfdmVyc2lvbiI6IjAifQ=="
        }
      ]
    },
    {
      "module": "module.security",
      "mode": "managed",
      "type": "akamai_appsec_rule",
      "name": "main_policy_aseweb_attacktool_3000137",
      "provider": "provider[\"registry.terraform.io/akamai/akamai\"]",
      "instances": [
        {
          "schema_version": 0,
          "attributes": {
            "condition_exception": null,
            "config_id": 26906,
            "id": "26906:gfmp_56269:3000137",
            "rule_action": "alert",
            "rule_id": 3000137,
            "security_policy_id": "gfmp_56269"
          },
          "sensitive_attributes": [],
          "private": "eyJzY2hlbWFfdmVyc2lvbiI6IjAifQ=="
        }
      ]
    },
    {
      "module": "module.security",
      "mode": "managed",
      "type": "akamai_appsec_rule",
      "name": "main_policy_aseweb_attacktool_3000138",
      "provider": "provider[\"registry.terraform.io/akamai/akamai\"]",
      "instances": [
        {
          "schema_version": 0,
          "attributes": {
            "condition_exception": null,
            "config_id": 26906,
            "id": "26906:gfmp_56269:3000138",
            "rule_action": "alert",
            "rule_id": 3000138,
            "security_policy_id": "gfmp_56269"
          },
          "sensitive_attributes": [],
          "private": "eyJzY2hlbWFfdmVyc2lvbiI6IjAifQ=="
        }
      ]
    },
    {
      "module": "module.security",
      "mode": "managed",
      "type": "akamai_appsec_rule",
      "name": "main_policy_aseweb_attacktool_3000140",
      "provider": "provider[\"registry.terraform.io/akamai/akamai\"]",
      "instances": [
        {
          "schema_version": 0,
          "attributes": {
            "condition_exception": null,
            "config_id": 26906,
            "id": "26906:gfmp_56269:3000140",
            "rule_action": "alert",
            "rule_id": 3000140,
            "security_policy_id": "gfmp_56269"
          },
          "sensitive_attributes": [],
          "private": "eyJzY2hlbWFfdmVyc2lvbiI6IjAifQ=="
        }
      ]
    },
    {
      "module": "module.security",
      "mode": "managed",
      "type": "akamai_appsec_rule",
      "name": "main_policy_aseweb_attacktool_3000157",
      "provider": "provider[\"registry.terraform.io/akamai/akamai\"]",
      "instances": [
        {
          "schema_version": 0,
          "attributes": {
            "condition_exception": null,
            "config_id": 26906,
            "id": "26906:gfmp_56269:3000157",
            "rule_action": "alert",
            "rule_id": 3000157,
            "security_policy_id": "gfmp_56269"
          },
          "sensitive_attributes": [],
          "private": "eyJzY2hlbWFfdmVyc2lvbiI6IjAifQ=="
        }
      ]
    },
    {
      "module": "module.security",
      "mode": "managed",
      "type": "akamai_appsec_rule",
      "name": "main_policy_aseweb_attacktool_3000162",
      "provider": "provider[\"registry.terraform.io/akamai/akamai\"]",
      "instances": [
        {
          "schema_version": 0,
          "attributes": {
            "condition_exception": null,
            "config_id": 26906,
            "id": "26906:gfmp_56269:3000162",
            "rule_action": "alert",
            "rule_id": 3000162,
            "security_policy_id": "gfmp_56269"
          },
          "sensitive_attributes": [],
          "private": "eyJzY2hlbWFfdmVyc2lvbiI6IjAifQ=="
        }
      ]
    },
    {
      "module": "module.security",
      "mode": "managed",
      "type": "akamai_appsec_rule",
      "name": "main_policy_aseweb_attacktool_3000164",
      "provider": "provider[\"registry.terraform.io/akamai/akamai\"]",
      "instances": [
        {
          "schema_version": 0,
          "attributes": {
            "condition_exception": null,
            "config_id": 26906,
            "id": "26906:gfmp_56269:3000164",
            "rule_action": "alert",
            "rule_id": 3000164,
            "security_policy_id": "gfmp_56269"
          },
          "sensitive_attributes": [],
          "private": "eyJzY2hlbWFfdmVyc2lvbiI6IjAifQ=="
        }
      ]
    },
    {
      "module": "module.security",
      "mode": "managed",
      "type": "akamai_appsec_rule",
      "name": "main_policy_aseweb_attacktool_3000600",
      "provider": "provider[\"registry.terraform.io/akamai/akamai\"]",
      "instances": [
        {
          "schema_version": 0,
          "attributes": {
            "condition_exception": null,
            "config_id": 26906,
            "id": "26906:gfmp_56269:3000600",
            "rule_action": "alert",
            "rule_id": 3000600,
            "security_policy_id": "gfmp_56269"
          },
          "sensitive_attributes": [],
          "private": "eyJzY2hlbWFfdmVyc2lvbiI6IjAifQ=="
        }
      ]
    },
    {
      "module": "module.security",
      "mode": "managed",
      "type": "akamai_appsec_rule",
      "name": "main_policy_aseweb_attacktool_3000601",
      "provider": "provider[\"registry.terraform.io/akamai/akamai\"]",
      "instances": [
        {
          "schema_version": 0,
          "attributes": {
            "condition_exception": null,
            "config_id": 26906,
            "id": "26906:gfmp_56269:3000601",
            "rule_action": "alert",
            "rule_id": 3000601,
            "security_policy_id": "gfmp_56269"
          },
          "sensitive_attributes": [],
          "private": "eyJzY2hlbWFfdmVyc2lvbiI6IjAifQ=="
        }
      ]
    },
    {
      "module": "module.security",
      "mode": "managed",
      "type": "akamai_appsec_rule",
      "name": "main_policy_aseweb_attacktool_3000602",
      "provider": "provider[\"registry.terraform.io/akamai/akamai\"]",
      "instances": [
        {
          "schema_version": 0,
          "attributes": {
            "condition_exception": null,
            "config_id": 26906,
            "id": "26906:gfmp_56269:3000602",
            "rule_action": "alert",
            "rule_id": 3000602,
            "security_policy_id": "gfmp_56269"
          },
          "sensitive_attributes": [],
          "private": "eyJzY2hlbWFfdmVyc2lvbiI6IjAifQ=="
        }
      ]
    },
    {
      "module": "module.security",
      "mode": "managed",
      "type": "akamai_appsec_rule",
      "name": "main_policy_aseweb_attacktool_999002",
      "provider": "provider[\"registry.terraform.io/akamai/akamai\"]",
      "instances": [
        {
          "schema_version": 0,
          "attributes": {
            "condition_exception": null,
            "config_id": 26906,
            "id": "26906:gfmp_56269:999002",
            "rule_action": "alert",
            "rule_id": 999002,
            "security_policy_id": "gfmp_56269"
          },
          "sensitive_attributes": [],
          "private": "eyJzY2hlbWFfdmVyc2lvbiI6IjAifQ=="
        }
      ]
    },
    {
      "module": "module.security",
      "mode": "managed",
      "type": "akamai_appsec_rule",
      "name": "main_policy_aseweb_attacktool_999901",
      "provider": "provider[\"registry.terraform.io/akamai/akamai\"]",
      "instances": [
        {
          "schema_version": 0,
          "attributes": {
            "condition_exception": null,
            "config_id": 26906,
            "id": "26906:gfmp_56269:999901",
            "rule_action": "alert",
            "rule_id": 999901,
            "security_policy_id": "gfmp_56269"
          },
          "sensitive_attributes": [],
          "private": "eyJzY2hlbWFfdmVyc2lvbiI6IjAifQ=="
        }
      ]
    },
    {
      "module": "module.security",
      "mode": "managed",
      "type": "akamai_appsec_rule",
      "name": "main_policy_aseweb_attacktool_999902",
      "provider": "provider[\"registry.terraform.io/akamai/akamai\"]",
      "instances": [
        {
          "schema_version": 0,
          "attributes": {
            "condition_exception": null,
            "config_id": 26906,
            "id": "26906:gfmp_56269:999902",
            "rule_action": "alert",
            "rule_id": 999902,
            "security_policy_id": "gfmp_56269"
          },
          "sensitive_attributes": [],
          "private": "eyJzY2hlbWFfdmVyc2lvbiI6IjAifQ=="
        }
      ]
    },
    {
      "module": "module.security",
      "mode": "managed",
      "type": "akamai_appsec_rule",
      "name": "main_policy_aseweb_attackwat_3000159",
      "provider": "provider[\"registry.terraform.io/akamai/akamai\"]",
      "instances": [
        {
          "schema_version": 0,
          "attributes": {
            "condition_exception": null,
            "config_id": 26906,
            "id": "26906:gfmp_56269:3000159",
            "rule_action": "alert",
            "rule_id": 3000159,
            "security_policy_id": "gfmp_56269"
          },
          "sensitive_attributes": [],
          "private": "eyJzY2hlbWFfdmVyc2lvbiI6IjAifQ=="
        }
      ]
    },
    {
      "module": "module.security",
      "mode": "managed",
      "type": "akamai_appsec_rule",
      "name": "main_policy_aseweb_attackwat_3000160",
      "provider": "provider[\"registry.terraform.io/akamai/akamai\"]",
      "instances": [
        {
          "schema_version": 0,
          "attributes": {
            "condition_exception": null,
            "config_id": 26906,
            "id": "26906:gfmp_56269:3000160",
            "rule_action": "alert",
            "rule_id": 3000160,
            "security_policy_id": "gfmp_56269"
          },
          "sensitive_attributes": [],
          "private": "eyJzY2hlbWFfdmVyc2lvbiI6IjAifQ=="
        }
      ]
    },
    {
      "module": "module.security",
      "mode": "managed",
      "type": "akamai_appsec_rule",
      "name": "main_policy_aseweb_attackwat_3000161",
      "provider": "provider[\"registry.terraform.io/akamai/akamai\"]",
      "instances": [
        {
          "schema_version": 0,
          "attributes": {
            "condition_exception": null,
            "config_id": 26906,
            "id": "26906:gfmp_56269:3000161",
            "rule_action": "alert",
            "rule_id": 3000161,
            "security_policy_id": "gfmp_56269"
          },
          "sensitive_attributes": [],
          "private": "eyJzY2hlbWFfdmVyc2lvbiI6IjAifQ=="
        }
      ]
    },
    {
      "module": "module.security",
      "mode": "managed",
      "type": "akamai_appsec_rule",
      "name": "main_policy_aseweb_attackwat_3000163",
      "provider": "provider[\"registry.terraform.io/akamai/akamai\"]",
      "instances": [
        {
          "schema_version": 0,
          "attributes": {
            "condition_exception": null,
            "config_id": 26906,
            "id": "26906:gfmp_56269:3000163",
            "rule_action": "alert",
            "rule_id": 3000163,
            "security_policy_id": "gfmp_56269"
          },
          "sensitive_attributes": [],
          "private": "eyJzY2hlbWFfdmVyc2lvbiI6IjAifQ=="
        }
      ]
    },
    {
      "module": "module.security",
      "mode": "managed",
      "type": "akamai_appsec_rule",
      "name": "main_policy_aseweb_attackwat_3000603",
      "provider": "provider[\"registry.terraform.io/akamai/akamai\"]",
      "instances": [
        {
          "schema_version": 0,
          "attributes": {
            "condition_exception": null,
            "config_id": 26906,
            "id": "26906:gfmp_56269:3000603",
            "rule_action": "deny",
            "rule_id": 3000603,
            "security_policy_id": "gfmp_56269"
          },
          "sensitive_attributes": [],
          "private": "eyJzY2hlbWFfdmVyc2lvbiI6IjAifQ=="
        }
      ]
    },
    {
      "module": "module.security",
      "mode": "managed",
      "type": "akamai_appsec_rule",
      "name": "main_policy_aseweb_attackxss_3000037",
      "provider": "provider[\"registry.terraform.io/akamai/akamai\"]",
      "instances": [
        {
          "schema_version": 0,
          "attributes": {
            "condition_exception": null,
            "config_id": 26906,
            "id": "26906:gfmp_56269:3000037",
            "rule_action": "alert",
            "rule_id": 3000037,
            "security_policy_id": "gfmp_56269"
          },
          "sensitive_attributes": [],
          "private": "eyJzY2hlbWFfdmVyc2lvbiI6IjAifQ=="
        }
      ]
    },
    {
      "module": "module.security",
      "mode": "managed",
      "type": "akamai_appsec_rule",
      "name": "main_policy_aseweb_attackxss_3000038",
      "provider": "provider[\"registry.terraform.io/akamai/akamai\"]",
      "instances": [
        {
          "schema_version": 0,
          "attributes": {
            "condition_exception": null,
            "config_id": 26906,
            "id": "26906:gfmp_56269:3000038",
            "rule_action": "alert",
            "rule_id": 3000038,
            "security_policy_id": "gfmp_56269"
          },
          "sensitive_attributes": [],
          "private": "eyJzY2hlbWFfdmVyc2lvbiI6IjAifQ=="
        }
      ]
    },
    {
      "module": "module.security",
      "mode": "managed",
      "type": "akamai_appsec_rule",
      "name": "main_policy_aseweb_attackxss_3000039",
      "provider": "provider[\"registry.terraform.io/akamai/akamai\"]",
      "instances": [
        {
          "schema_version": 0,
          "attributes": {
            "condition_exception": null,
            "config_id": 26906,
            "id": "26906:gfmp_56269:3000039",
            "rule_action": "alert",
            "rule_id": 3000039,
            "security_policy_id": "gfmp_56269"
          },
          "sensitive_attributes": [],
          "private": "eyJzY2hlbWFfdmVyc2lvbiI6IjAifQ=="
        }
      ]
    },
    {
      "module": "module.security",
      "mode": "managed",
      "type": "akamai_appsec_rule",
      "name": "main_policy_aseweb_attackxss_3000057",
      "provider": "provider[\"registry.terraform.io/akamai/akamai\"]",
      "instances": [
        {
          "schema_version": 0,
          "attributes": {
            "condition_exception": null,
            "config_id": 26906,
            "id": "26906:gfmp_56269:3000057",
            "rule_action": "alert",
            "rule_id": 3000057,
            "security_policy_id": "gfmp_56269"
          },
          "sensitive_attributes": [],
          "private": "eyJzY2hlbWFfdmVyc2lvbiI6IjAifQ=="
        }
      ]
    },
    {
      "module": "module.security",
      "mode": "managed",
      "type": "akamai_appsec_rule",
      "name": "main_policy_aseweb_attackxss_3000061",
      "provider": "provider[\"registry.terraform.io/akamai/akamai\"]",
      "instances": [
        {
          "schema_version": 0,
          "attributes": {
            "condition_exception": null,
            "config_id": 26906,
            "id": "26906:gfmp_56269:3000061",
            "rule_action": "alert",
            "rule_id": 3000061,
            "security_policy_id": "gfmp_56269"
          },
          "sensitive_attributes": [],
          "private": "eyJzY2hlbWFfdmVyc2lvbiI6IjAifQ=="
        }
      ]
    },
    {
      "module": "module.security",
      "mode": "managed",
      "type": "akamai_appsec_rule",
      "name": "main_policy_aseweb_attackxss_3000080",
      "provider": "provider[\"registry.terraform.io/akamai/akamai\"]",
      "instances": [
        {
          "schema_version": 0,
          "attributes": {
            "condition_exception": null,
            "config_id": 26906,
            "id": "26906:gfmp_56269:3000080",
            "rule_action": "alert",
            "rule_id": 3000080,
            "security_policy_id": "gfmp_56269"
          },
          "sensitive_attributes": [],
          "private": "eyJzY2hlbWFfdmVyc2lvbiI6IjAifQ=="
        }
      ]
    },
    {
      "module": "module.security",
      "mode": "managed",
      "type": "akamai_appsec_rule",
      "name": "main_policy_aseweb_attackxss_3000081",
      "provider": "provider[\"registry.terraform.io/akamai/akamai\"]",
      "instances": [
        {
          "schema_version": 0,
          "attributes": {
            "condition_exception": null,
            "config_id": 26906,
            "id": "26906:gfmp_56269:3000081",
            "rule_action": "alert",
            "rule_id": 3000081,
            "security_policy_id": "gfmp_56269"
          },
          "sensitive_attributes": [],
          "private": "eyJzY2hlbWFfdmVyc2lvbiI6IjAifQ=="
        }
      ]
    },
    {
      "module": "module.security",
      "mode": "managed",
      "type": "akamai_appsec_rule",
      "name": "main_policy_aseweb_attackxss_3000110",
      "provider": "provider[\"registry.terraform.io/akamai/akamai\"]",
      "instances": [
        {
          "schema_version": 0,
          "attributes": {
            "condition_exception": null,
            "config_id": 26906,
            "id": "26906:gfmp_56269:3000110",
            "rule_action": "alert",
            "rule_id": 3000110,
            "security_policy_id": "gfmp_56269"
          },
          "sensitive_attributes": [],
          "private": "eyJzY2hlbWFfdmVyc2lvbiI6IjAifQ=="
        }
      ]
    },
    {
      "module": "module.security",
      "mode": "managed",
      "type": "akamai_appsec_rule",
      "name": "main_policy_aseweb_attackxss_3000111",
      "provider": "provider[\"registry.terraform.io/akamai/akamai\"]",
      "instances": [
        {
          "schema_version": 0,
          "attributes": {
            "condition_exception": null,
            "config_id": 26906,
            "id": "26906:gfmp_56269:3000111",
            "rule_action": "alert",
            "rule_id": 3000111,
            "security_policy_id": "gfmp_56269"
          },
          "sensitive_attributes": [],
          "private": "eyJzY2hlbWFfdmVyc2lvbiI6IjAifQ=="
        }
      ]
    },
    {
      "module": "module.security",
      "mode": "managed",
      "type": "akamai_appsec_rule",
      "name": "main_policy_aseweb_attackxss_3000112",
      "provider": "provider[\"registry.terraform.io/akamai/akamai\"]",
      "instances": [
        {
          "schema_version": 0,
          "attributes": {
            "condition_exception": null,
            "config_id": 26906,
            "id": "26906:gfmp_56269:3000112",
            "rule_action": "alert",
            "rule_id": 3000112,
            "security_policy_id": "gfmp_56269"
          },
          "sensitive_attributes": [],
          "private": "eyJzY2hlbWFfdmVyc2lvbiI6IjAifQ=="
        }
      ]
    },
    {
      "module": "module.security",
      "mode": "managed",
      "type": "akamai_appsec_rule",
      "name": "main_policy_aseweb_attackxss_3000113",
      "provider": "provider[\"registry.terraform.io/akamai/akamai\"]",
      "instances": [
        {
          "schema_version": 0,
          "attributes": {
            "condition_exception": null,
            "config_id": 26906,
            "id": "26906:gfmp_56269:3000113",
            "rule_action": "alert",
            "rule_id": 3000113,
            "security_policy_id": "gfmp_56269"
          },
          "sensitive_attributes": [],
          "private": "eyJzY2hlbWFfdmVyc2lvbiI6IjAifQ=="
        }
      ]
    },
    {
      "module": "module.security",
      "mode": "managed",
      "type": "akamai_appsec_rule",
      "name": "main_policy_aseweb_attackxss_3000114",
      "provider": "provider[\"registry.terraform.io/akamai/akamai\"]",
      "instances": [
        {
          "schema_version": 0,
          "attributes": {
            "condition_exception": null,
            "config_id": 26906,
            "id": "26906:gfmp_56269:3000114",
            "rule_action": "alert",
            "rule_id": 3000114,
            "security_policy_id": "gfmp_56269"
          },
          "sensitive_attributes": [],
          "private": "eyJzY2hlbWFfdmVyc2lvbiI6IjAifQ=="
        }
      ]
    },
    {
      "module": "module.security",
      "mode": "managed",
      "type": "akamai_appsec_rule",
      "name": "main_policy_aseweb_attackxss_3000116",
      "provider": "provider[\"registry.terraform.io/akamai/akamai\"]",
      "instances": [
        {
          "schema_version": 0,
          "attributes": {
            "condition_exception": null,
            "config_id": 26906,
            "id": "26906:gfmp_56269:3000116",
            "rule_action": "alert",
            "rule_id": 3000116,
            "security_policy_id": "gfmp_56269"
          },
          "sensitive_attributes": [],
          "private": "eyJzY2hlbWFfdmVyc2lvbiI6IjAifQ=="
        }
      ]
    },
    {
      "module": "module.security",
      "mode": "managed",
      "type": "akamai_appsec_rule",
      "name": "main_policy_aseweb_attackxss_3000119",
      "provider": "provider[\"registry.terraform.io/akamai/akamai\"]",
      "instances": [
        {
          "schema_version": 0,
          "attributes": {
            "condition_exception": null,
            "config_id": 26906,
            "id": "26906:gfmp_56269:3000119",
            "rule_action": "alert",
            "rule_id": 3000119,
            "security_policy_id": "gfmp_56269"
          },
          "sensitive_attributes": [],
          "private": "eyJzY2hlbWFfdmVyc2lvbiI6IjAifQ=="
        }
      ]
    },
    {
      "module": "module.security",
      "mode": "managed",
      "type": "akamai_appsec_rule",
      "name": "main_policy_aseweb_attackxss_3000128",
      "provider": "provider[\"registry.terraform.io/akamai/akamai\"]",
      "instances": [
        {
          "schema_version": 0,
          "attributes": {
            "condition_exception": null,
            "config_id": 26906,
            "id": "26906:gfmp_56269:3000128",
            "rule_action": "alert",
            "rule_id": 3000128,
            "security_policy_id": "gfmp_56269"
          },
          "sensitive_attributes": [],
          "private": "eyJzY2hlbWFfdmVyc2lvbiI6IjAifQ=="
        }
      ]
    },
    {
      "module": "module.security",
      "mode": "managed",
      "type": "akamai_appsec_rule",
      "name": "main_policy_aseweb_attackxss_3000211",
      "provider": "provider[\"registry.terraform.io/akamai/akamai\"]",
      "instances": [
        {
          "schema_version": 0,
          "attributes": {
            "condition_exception": null,
            "config_id": 26906,
            "id": "26906:gfmp_56269:3000211",
            "rule_action": "alert",
            "rule_id": 3000211,
            "security_policy_id": "gfmp_56269"
          },
          "sensitive_attributes": [],
          "private": "eyJzY2hlbWFfdmVyc2lvbiI6IjAifQ=="
        }
      ]
    },
    {
      "module": "module.security",
      "mode": "managed",
      "type": "akamai_appsec_rule",
      "name": "main_policy_aseweb_attackxss_3000212",
      "provider": "provider[\"registry.terraform.io/akamai/akamai\"]",
      "instances": [
        {
          "schema_version": 0,
          "attributes": {
            "condition_exception": null,
            "config_id": 26906,
            "id": "26906:gfmp_56269:3000212",
            "rule_action": "alert",
            "rule_id": 3000212,
            "security_policy_id": "gfmp_56269"
          },
          "sensitive_attributes": [],
          "private": "eyJzY2hlbWFfdmVyc2lvbiI6IjAifQ=="
        }
      ]
    },
    {
      "module": "module.security",
      "mode": "managed",
      "type": "akamai_appsec_rule",
      "name": "main_policy_aseweb_attackxss_3000213",
      "provider": "provider[\"registry.terraform.io/akamai/akamai\"]",
      "instances": [
        {
          "schema_version": 0,
          "attributes": {
            "condition_exception": null,
            "config_id": 26906,
            "id": "26906:gfmp_56269:3000213",
            "rule_action": "alert",
            "rule_id": 3000213,
            "security_policy_id": "gfmp_56269"
          },
          "sensitive_attributes": [],
          "private": "eyJzY2hlbWFfdmVyc2lvbiI6IjAifQ=="
        }
      ]
    },
    {
      "module": "module.security",
      "mode": "managed",
      "type": "akamai_appsec_rule",
      "name": "main_policy_aseweb_attackxss_3000214",
      "provider": "provider[\"registry.terraform.io/akamai/akamai\"]",
      "instances": [
        {
          "schema_version": 0,
          "attributes": {
            "condition_exception": null,
            "config_id": 26906,
            "id": "26906:gfmp_56269:3000214",
            "rule_action": "alert",
            "rule_id": 3000214,
            "security_policy_id": "gfmp_56269"
          },
          "sensitive_attributes": [],
          "private": "eyJzY2hlbWFfdmVyc2lvbiI6IjAifQ=="
        }
      ]
    },
    {
      "module": "module.security",
      "mode": "managed",
      "type": "akamai_appsec_rule",
      "name": "main_policy_aseweb_attackxss_3000215",
      "provider": "provider[\"registry.terraform.io/akamai/akamai\"]",
      "instances": [
        {
          "schema_version": 0,
          "attributes": {
            "condition_exception": null,
            "config_id": 26906,
            "id": "26906:gfmp_56269:3000215",
            "rule_action": "alert",
            "rule_id": 3000215,
            "security_policy_id": "gfmp_56269"
          },
          "sensitive_attributes": [],
          "private": "eyJzY2hlbWFfdmVyc2lvbiI6IjAifQ=="
        }
      ]
    },
    {
      "module": "module.security",
      "mode": "managed",
      "type": "akamai_appsec_rule",
      "name": "main_policy_aseweb_attackxss_3000216",
      "provider": "provider[\"registry.terraform.io/akamai/akamai\"]",
      "instances": [
        {
          "schema_version": 0,
          "attributes": {
            "condition_exception": null,
            "config_id": 26906,
            "id": "26906:gfmp_56269:3000216",
            "rule_action": "alert",
            "rule_id": 3000216,
            "security_policy_id": "gfmp_56269"
          },
          "sensitive_attributes": [],
          "private": "eyJzY2hlbWFfdmVyc2lvbiI6IjAifQ=="
        }
      ]
    },
    {
      "module": "module.security",
      "mode": "managed",
      "type": "akamai_appsec_rule",
      "name": "main_policy_aseweb_attackxss_3000217",
      "provider": "provider[\"registry.terraform.io/akamai/akamai\"]",
      "instances": [
        {
          "schema_version": 0,
          "attributes": {
            "condition_exception": null,
            "config_id": 26906,
            "id": "26906:gfmp_56269:3000217",
            "rule_action": "alert",
            "rule_id": 3000217,
            "security_policy_id": "gfmp_56269"
          },
          "sensitive_attributes": [],
          "private": "eyJzY2hlbWFfdmVyc2lvbiI6IjAifQ=="
        }
      ]
    },
    {
      "module": "module.security",
      "mode": "managed",
      "type": "akamai_appsec_rule",
      "name": "main_policy_aseweb_attackxss_3000218",
      "provider": "provider[\"registry.terraform.io/akamai/akamai\"]",
      "instances": [
        {
          "schema_version": 0,
          "attributes": {
            "condition_exception": null,
            "config_id": 26906,
            "id": "26906:gfmp_56269:3000218",
            "rule_action": "alert",
            "rule_id": 3000218,
            "security_policy_id": "gfmp_56269"
          },
          "sensitive_attributes": [],
          "private": "eyJzY2hlbWFfdmVyc2lvbiI6IjAifQ=="
        }
      ]
    },
    {
      "module": "module.security",
      "mode": "managed",
      "type": "akamai_appsec_rule",
      "name": "main_policy_aseweb_attackxss_3000219",
      "provider": "provider[\"registry.terraform.io/akamai/akamai\"]",
      "instances": [
        {
          "schema_version": 0,
          "attributes": {
            "condition_exception": null,
            "config_id": 26906,
            "id": "26906:gfmp_56269:3000219",
            "rule_action": "alert",
            "rule_id": 3000219,
            "security_policy_id": "gfmp_56269"
          },
          "sensitive_attributes": [],
          "private": "eyJzY2hlbWFfdmVyc2lvbiI6IjAifQ=="
        }
      ]
    },
    {
      "module": "module.security",
      "mode": "managed",
      "type": "akamai_appsec_rule",
      "name": "main_policy_aseweb_attackxss_3000220",
      "provider": "provider[\"registry.terraform.io/akamai/akamai\"]",
      "instances": [
        {
          "schema_version": 0,
          "attributes": {
            "condition_exception": null,
            "config_id": 26906,
            "id": "26906:gfmp_56269:3000220",
            "rule_action": "alert",
            "rule_id": 3000220,
            "security_policy_id": "gfmp_56269"
          },
          "sensitive_attributes": [],
          "private": "eyJzY2hlbWFfdmVyc2lvbiI6IjAifQ=="
        }
      ]
    },
    {
      "module": "module.security",
      "mode": "managed",
      "type": "akamai_appsec_rule",
      "name": "main_policy_aseweb_attackxss_3000221",
      "provider": "provider[\"registry.terraform.io/akamai/akamai\"]",
      "instances": [
        {
          "schema_version": 0,
          "attributes": {
            "condition_exception": null,
            "config_id": 26906,
            "id": "26906:gfmp_56269:3000221",
            "rule_action": "alert",
            "rule_id": 3000221,
            "security_policy_id": "gfmp_56269"
          },
          "sensitive_attributes": [],
          "private": "eyJzY2hlbWFfdmVyc2lvbiI6IjAifQ=="
        }
      ]
    },
    {
      "module": "module.security",
      "mode": "managed",
      "type": "akamai_appsec_rule",
      "name": "main_policy_aseweb_attackxss_3000222",
      "provider": "provider[\"registry.terraform.io/akamai/akamai\"]",
      "instances": [
        {
          "schema_version": 0,
          "attributes": {
            "condition_exception": null,
            "config_id": 26906,
            "id": "26906:gfmp_56269:3000222",
            "rule_action": "alert",
            "rule_id": 3000222,
            "security_policy_id": "gfmp_56269"
          },
          "sensitive_attributes": [],
          "private": "eyJzY2hlbWFfdmVyc2lvbiI6IjAifQ=="
        }
      ]
    },
    {
      "module": "module.security",
      "mode": "managed",
      "type": "akamai_appsec_rule",
      "name": "main_policy_aseweb_attackxss_958003",
      "provider": "provider[\"registry.terraform.io/akamai/akamai\"]",
      "instances": [
        {
          "schema_version": 0,
          "attributes": {
            "condition_exception": null,
            "config_id": 26906,
            "id": "26906:gfmp_56269:958003",
            "rule_action": "alert",
            "rule_id": 958003,
            "security_policy_id": "gfmp_56269"
          },
          "sensitive_attributes": [],
          "private": "eyJzY2hlbWFfdmVyc2lvbiI6IjAifQ=="
        }
      ]
    },
    {
      "module": "module.security",
      "mode": "managed",
      "type": "akamai_appsec_rule",
      "name": "main_policy_aseweb_attackxss_958008",
      "provider": "provider[\"registry.terraform.io/akamai/akamai\"]",
      "instances": [
        {
          "schema_version": 0,
          "attributes": {
            "condition_exception": null,
            "config_id": 26906,
            "id": "26906:gfmp_56269:958008",
            "rule_action": "alert",
            "rule_id": 958008,
            "security_policy_id": "gfmp_56269"
          },
          "sensitive_attributes": [],
          "private": "eyJzY2hlbWFfdmVyc2lvbiI6IjAifQ=="
        }
      ]
    },
    {
      "module": "module.security",
      "mode": "managed",
      "type": "akamai_appsec_rule",
      "name": "main_policy_aseweb_attackxss_958023",
      "provider": "provider[\"registry.terraform.io/akamai/akamai\"]",
      "instances": [
        {
          "schema_version": 0,
          "attributes": {
            "condition_exception": null,
            "config_id": 26906,
            "id": "26906:gfmp_56269:958023",
            "rule_action": "alert",
            "rule_id": 958023,
            "security_policy_id": "gfmp_56269"
          },
          "sensitive_attributes": [],
          "private": "eyJzY2hlbWFfdmVyc2lvbiI6IjAifQ=="
        }
      ]
    },
    {
      "module": "module.security",
      "mode": "managed",
      "type": "akamai_appsec_rule",
      "name": "main_policy_aseweb_attackxss_958034",
      "provider": "provider[\"registry.terraform.io/akamai/akamai\"]",
      "instances": [
        {
          "schema_version": 0,
          "attributes": {
            "condition_exception": null,
            "config_id": 26906,
            "id": "26906:gfmp_56269:958034",
            "rule_action": "alert",
            "rule_id": 958034,
            "security_policy_id": "gfmp_56269"
          },
          "sensitive_attributes": [],
          "private": "eyJzY2hlbWFfdmVyc2lvbiI6IjAifQ=="
        }
      ]
    },
    {
      "module": "module.security",
      "mode": "managed",
      "type": "akamai_appsec_rule",
      "name": "main_policy_aseweb_attackxss_958051",
      "provider": "provider[\"registry.terraform.io/akamai/akamai\"]",
      "instances": [
        {
          "schema_version": 0,
          "attributes": {
            "condition_exception": null,
            "config_id": 26906,
            "id": "26906:gfmp_56269:958051",
            "rule_action": "alert",
            "rule_id": 958051,
            "security_policy_id": "gfmp_56269"
          },
          "sensitive_attributes": [],
          "private": "eyJzY2hlbWFfdmVyc2lvbiI6IjAifQ=="
        }
      ]
    },
    {
      "module": "module.security",
      "mode": "managed",
      "type": "akamai_appsec_rule",
      "name": "main_policy_aseweb_attackxss_958052",
      "provider": "provider[\"registry.terraform.io/akamai/akamai\"]",
      "instances": [
        {
          "schema_version": 0,
          "attributes": {
            "condition_exception": null,
            "config_id": 26906,
            "id": "26906:gfmp_56269:958052",
            "rule_action": "alert",
            "rule_id": 958052,
            "security_policy_id": "gfmp_56269"
          },
          "sensitive_attributes": [],
          "private": "eyJzY2hlbWFfdmVyc2lvbiI6IjAifQ=="
        }
      ]
    },
    {
      "module": "module.security",
      "mode": "managed",
      "type": "akamai_appsec_rule",
      "name": "main_policy_aseweb_attackxss_973305",
      "provider": "provider[\"registry.terraform.io/akamai/akamai\"]",
      "instances": [
        {
          "schema_version": 0,
          "attributes": {
            "condition_exception": null,
            "config_id": 26906,
            "id": "26906:gfmp_56269:973305",
            "rule_action": "alert",
            "rule_id": 973305,
            "security_policy_id": "gfmp_56269"
          },
          "sensitive_attributes": [],
          "private": "eyJzY2hlbWFfdmVyc2lvbiI6IjAifQ=="
        }
      ]
    },
    {
      "module": "module.security",
      "mode": "managed",
      "type": "akamai_appsec_rule",
      "name": "main_policy_aseweb_attackxss_973307",
      "provider": "provider[\"registry.terraform.io/akamai/akamai\"]",
      "instances": [
        {
          "schema_version": 0,
          "attributes": {
            "condition_exception": null,
            "config_id": 26906,
            "id": "26906:gfmp_56269:973307",
            "rule_action": "alert",
            "rule_id": 973307,
            "security_policy_id": "gfmp_56269"
          },
          "sensitive_attributes": [],
          "private": "eyJzY2hlbWFfdmVyc2lvbiI6IjAifQ=="
        }
      ]
    },
    {
      "module": "module.security",
      "mode": "managed",
      "type": "akamai_appsec_rule",
      "name": "main_policy_aseweb_attackxss_973311",
      "provider": "provider[\"registry.terraform.io/akamai/akamai\"]",
      "instances": [
        {
          "schema_version": 0,
          "attributes": {
            "condition_exception": null,
            "config_id": 26906,
            "id": "26906:gfmp_56269:973311",
            "rule_action": "alert",
            "rule_id": 973311,
            "security_policy_id": "gfmp_56269"
          },
          "sensitive_attributes": [],
          "private": "eyJzY2hlbWFfdmVyc2lvbiI6IjAifQ=="
        }
      ]
    },
    {
      "module": "module.security",
      "mode": "managed",
      "type": "akamai_appsec_rule",
      "name": "main_policy_aseweb_attackxss_973312",
      "provider": "provider[\"registry.terraform.io/akamai/akamai\"]",
      "instances": [
        {
          "schema_version": 0,
          "attributes": {
            "condition_exception": null,
            "config_id": 26906,
            "id": "26906:gfmp_56269:973312",
            "rule_action": "alert",
            "rule_id": 973312,
            "security_policy_id": "gfmp_56269"
          },
          "sensitive_attributes": [],
          "private": "eyJzY2hlbWFfdmVyc2lvbiI6IjAifQ=="
        }
      ]
    },
    {
      "module": "module.security",
      "mode": "managed",
      "type": "akamai_appsec_rule",
      "name": "main_policy_aseweb_attackxss_973335",
      "provider": "provider[\"registry.terraform.io/akamai/akamai\"]",
      "instances": [
        {
          "schema_version": 0,
          "attributes": {
            "condition_exception": null,
            "config_id": 26906,
            "id": "26906:gfmp_56269:973335",
            "rule_action": "alert",
            "rule_id": 973335,
            "security_policy_id": "gfmp_56269"
          },
          "sensitive_attributes": [],
          "private": "eyJzY2hlbWFfdmVyc2lvbiI6IjAifQ=="
        }
      ]
    },
    {
      "module": "module.security",
      "mode": "managed",
      "type": "akamai_appsec_rule",
      "name": "waf_aseoutbounderror_970118",
      "provider": "provider[\"registry.terraform.io/akamai/akamai\"]",
      "instances": [
        {
          "schema_version": 0,
          "attributes": {
            "condition_exception": null,
            "config_id": 26906,
            "id": "26906:gfos_92914:970118",
            "rule_action": "alert",
            "rule_id": 970118,
            "security_policy_id": "gfos_92914"
          },
          "sensitive_attributes": [],
          "private": "eyJzY2hlbWFfdmVyc2lvbiI6IjAifQ=="
        }
      ]
    },
    {
      "module": "module.security",
      "mode": "managed",
      "type": "akamai_appsec_rule",
      "name": "waf_aseoutbounderror_970901",
      "provider": "provider[\"registry.terraform.io/akamai/akamai\"]",
      "instances": [
        {
          "schema_version": 0,
          "attributes": {
            "condition_exception": null,
            "config_id": 26906,
            "id": "26906:gfos_92914:970901",
            "rule_action": "alert",
            "rule_id": 970901,
            "security_policy_id": "gfos_92914"
          },
          "sensitive_attributes": [],
          "private": "eyJzY2hlbWFfdmVyc2lvbiI6IjAifQ=="
        }
      ]
    },
    {
      "module": "module.security",
      "mode": "managed",
      "type": "akamai_appsec_rule",
      "name": "waf_aseoutboundleakage_970003",
      "provider": "provider[\"registry.terraform.io/akamai/akamai\"]",
      "instances": [
        {
          "schema_version": 0,
          "attributes": {
            "condition_exception": null,
            "config_id": 26906,
            "id": "26906:gfos_92914:970003",
            "rule_action": "alert",
            "rule_id": 970003,
            "security_policy_id": "gfos_92914"
          },
          "sensitive_attributes": [],
          "private": "eyJzY2hlbWFfdmVyc2lvbiI6IjAifQ=="
        }
      ]
    },
    {
      "module": "module.security",
      "mode": "managed",
      "type": "akamai_appsec_rule",
      "name": "waf_aseoutboundleakage_970004",
      "provider": "provider[\"registry.terraform.io/akamai/akamai\"]",
      "instances": [
        {
          "schema_version": 0,
          "attributes": {
            "condition_exception": null,
            "config_id": 26906,
            "id": "26906:gfos_92914:970004",
            "rule_action": "alert",
            "rule_id": 970004,
            "security_policy_id": "gfos_92914"
          },
          "sensitive_attributes": [],
          "private": "eyJzY2hlbWFfdmVyc2lvbiI6IjAifQ=="
        }
      ]
    },
    {
      "module": "module.security",
      "mode": "managed",
      "type": "akamai_appsec_rule",
      "name": "waf_aseoutboundleakage_970009",
      "provider": "provider[\"registry.terraform.io/akamai/akamai\"]",
      "instances": [
        {
          "schema_version": 0,
          "attributes": {
            "condition_exception": null,
            "config_id": 26906,
            "id": "26906:gfos_92914:970009",
            "rule_action": "alert",
            "rule_id": 970009,
            "security_policy_id": "gfos_92914"
          },
          "sensitive_attributes": [],
          "private": "eyJzY2hlbWFfdmVyc2lvbiI6IjAifQ=="
        }
      ]
    },
    {
      "module": "module.security",
      "mode": "managed",
      "type": "akamai_appsec_rule",
      "name": "waf_aseoutboundleakage_970011",
      "provider": "provider[\"registry.terraform.io/akamai/akamai\"]",
      "instances": [
        {
          "schema_version": 0,
          "attributes": {
            "condition_exception": null,
            "config_id": 26906,
            "id": "26906:gfos_92914:970011",
            "rule_action": "alert",
            "rule_id": 970011,
            "security_policy_id": "gfos_92914"
          },
          "sensitive_attributes": [],
          "private": "eyJzY2hlbWFfdmVyc2lvbiI6IjAifQ=="
        }
      ]
    },
    {
      "module": "module.security",
      "mode": "managed",
      "type": "akamai_appsec_rule",
      "name": "waf_aseoutboundleakage_970013",
      "provider": "provider[\"registry.terraform.io/akamai/akamai\"]",
      "instances": [
        {
          "schema_version": 0,
          "attributes": {
            "condition_exception": null,
            "config_id": 26906,
            "id": "26906:gfos_92914:970013",
            "rule_action": "alert",
            "rule_id": 970013,
            "security_policy_id": "gfos_92914"
          },
          "sensitive_attributes": [],
          "private": "eyJzY2hlbWFfdmVyc2lvbiI6IjAifQ=="
        }
      ]
    },
    {
      "module": "module.security",
      "mode": "managed",
      "type": "akamai_appsec_rule",
      "name": "waf_aseoutboundleakage_970014",
      "provider": "provider[\"registry.terraform.io/akamai/akamai\"]",
      "instances": [
        {
          "schema_version": 0,
          "attributes": {
            "condition_exception": null,
            "config_id": 26906,
            "id": "26906:gfos_92914:970014",
            "rule_action": "alert",
            "rule_id": 970014,
            "security_policy_id": "gfos_92914"
          },
          "sensitive_attributes": [],
          "private": "eyJzY2hlbWFfdmVyc2lvbiI6IjAifQ=="
        }
      ]
    },
    {
      "module": "module.security",
      "mode": "managed",
      "type": "akamai_appsec_rule",
      "name": "waf_aseoutboundleakage_970015",
      "provider": "provider[\"registry.terraform.io/akamai/akamai\"]",
      "instances": [
        {
          "schema_version": 0,
          "attributes": {
            "condition_exception": null,
            "config_id": 26906,
            "id": "26906:gfos_92914:970015",
            "rule_action": "alert",
            "rule_id": 970015,
            "security_policy_id": "gfos_92914"
          },
          "sensitive_attributes": [],
          "private": "eyJzY2hlbWFfdmVyc2lvbiI6IjAifQ=="
        }
      ]
    },
    {
      "module": "module.security",
      "mode": "managed",
      "type": "akamai_appsec_rule",
      "name": "waf_aseoutboundleakage_970902",
      "provider": "provider[\"registry.terraform.io/akamai/akamai\"]",
      "instances": [
        {
          "schema_version": 0,
          "attributes": {
            "condition_exception": null,
            "config_id": 26906,
            "id": "26906:gfos_92914:970902",
            "rule_action": "alert",
            "rule_id": 970902,
            "security_policy_id": "gfos_92914"
          },
          "sensitive_attributes": [],
          "private": "eyJzY2hlbWFfdmVyc2lvbiI6IjAifQ=="
        }
      ]
    },
    {
      "module": "module.security",
      "mode": "managed",
      "type": "akamai_appsec_rule",
      "name": "waf_aseoutboundleakage_970903",
      "provider": "provider[\"registry.terraform.io/akamai/akamai\"]",
      "instances": [
        {
          "schema_version": 0,
          "attributes": {
            "condition_exception": null,
            "config_id": 26906,
            "id": "26906:gfos_92914:970903",
            "rule_action": "alert",
            "rule_id": 970903,
            "security_policy_id": "gfos_92914"
          },
          "sensitive_attributes": [],
          "private": "eyJzY2hlbWFfdmVyc2lvbiI6IjAifQ=="
        }
      ]
    },
    {
      "module": "module.security",
      "mode": "managed",
      "type": "akamai_appsec_rule",
      "name": "waf_aseoutboundleakage_970904",
      "provider": "provider[\"registry.terraform.io/akamai/akamai\"]",
      "instances": [
        {
          "schema_version": 0,
          "attributes": {
            "condition_exception": null,
            "config_id": 26906,
            "id": "26906:gfos_92914:970904",
            "rule_action": "alert",
            "rule_id": 970904,
            "security_policy_id": "gfos_92914"
          },
          "sensitive_attributes": [],
          "private": "eyJzY2hlbWFfdmVyc2lvbiI6IjAifQ=="
        }
      ]
    },
    {
      "module": "module.security",
      "mode": "managed",
      "type": "akamai_appsec_rule",
      "name": "waf_aseweb_attackcmd_injection_3000005",
      "provider": "provider[\"registry.terraform.io/akamai/akamai\"]",
      "instances": [
        {
          "schema_version": 0,
          "attributes": {
            "condition_exception": null,
            "config_id": 26906,
            "id": "26906:gfos_92914:3000005",
            "rule_action": "alert",
            "rule_id": 3000005,
            "security_policy_id": "gfos_92914"
          },
          "sensitive_attributes": [],
          "private": "eyJzY2hlbWFfdmVyc2lvbiI6IjAifQ=="
        }
      ]
    },
    {
      "module": "module.security",
      "mode": "managed",
      "type": "akamai_appsec_rule",
      "name": "waf_aseweb_attackcmd_injection_3000007",
      "provider": "provider[\"registry.terraform.io/akamai/akamai\"]",
      "instances": [
        {
          "schema_version": 0,
          "attributes": {
            "condition_exception": null,
            "config_id": 26906,
            "id": "26906:gfos_92914:3000007",
            "rule_action": "alert",
            "rule_id": 3000007,
            "security_policy_id": "gfos_92914"
          },
          "sensitive_attributes": [],
          "private": "eyJzY2hlbWFfdmVyc2lvbiI6IjAifQ=="
        }
      ]
    },
    {
      "module": "module.security",
      "mode": "managed",
      "type": "akamai_appsec_rule",
      "name": "waf_aseweb_attackcmd_injection_3000012",
      "provider": "provider[\"registry.terraform.io/akamai/akamai\"]",
      "instances": [
        {
          "schema_version": 0,
          "attributes": {
            "condition_exception": null,
            "config_id": 26906,
            "id": "26906:gfos_92914:3000012",
            "rule_action": "alert",
            "rule_id": 3000012,
            "security_policy_id": "gfos_92914"
          },
          "sensitive_attributes": [],
          "private": "eyJzY2hlbWFfdmVyc2lvbiI6IjAifQ=="
        }
      ]
    },
    {
      "module": "module.security",
      "mode": "managed",
      "type": "akamai_appsec_rule",
      "name": "waf_aseweb_attackcmd_injection_3000013",
      "provider": "provider[\"registry.terraform.io/akamai/akamai\"]",
      "instances": [
        {
          "schema_version": 0,
          "attributes": {
            "condition_exception": null,
            "config_id": 26906,
            "id": "26906:gfos_92914:3000013",
            "rule_action": "alert",
            "rule_id": 3000013,
            "security_policy_id": "gfos_92914"
          },
          "sensitive_attributes": [],
          "private": "eyJzY2hlbWFfdmVyc2lvbiI6IjAifQ=="
        }
      ]
    },
    {
      "module": "module.security",
      "mode": "managed",
      "type": "akamai_appsec_rule",
      "name": "waf_aseweb_attackcmd_injection_3000014",
      "provider": "provider[\"registry.terraform.io/akamai/akamai\"]",
      "instances": [
        {
          "schema_version": 0,
          "attributes": {
            "condition_exception": null,
            "config_id": 26906,
            "id": "26906:gfos_92914:3000014",
            "rule_action": "alert",
            "rule_id": 3000014,
            "security_policy_id": "gfos_92914"
          },
          "sensitive_attributes": [],
          "private": "eyJzY2hlbWFfdmVyc2lvbiI6IjAifQ=="
        }
      ]
    },
    {
      "module": "module.security",
      "mode": "managed",
      "type": "akamai_appsec_rule",
      "name": "waf_aseweb_attackcmd_injection_3000023",
      "provider": "provider[\"registry.terraform.io/akamai/akamai\"]",
      "instances": [
        {
          "schema_version": 0,
          "attributes": {
            "condition_exception": null,
            "config_id": 26906,
            "id": "26906:gfos_92914:3000023",
            "rule_action": "alert",
            "rule_id": 3000023,
            "security_policy_id": "gfos_92914"
          },
          "sensitive_attributes": [],
          "private": "eyJzY2hlbWFfdmVyc2lvbiI6IjAifQ=="
        }
      ]
    },
    {
      "module": "module.security",
      "mode": "managed",
      "type": "akamai_appsec_rule",
      "name": "waf_aseweb_attackcmd_injection_3000025",
      "provider": "provider[\"registry.terraform.io/akamai/akamai\"]",
      "instances": [
        {
          "schema_version": 0,
          "attributes": {
            "condition_exception": null,
            "config_id": 26906,
            "id": "26906:gfos_92914:3000025",
            "rule_action": "alert",
            "rule_id": 3000025,
            "security_policy_id": "gfos_92914"
          },
          "sensitive_attributes": [],
          "private": "eyJzY2hlbWFfdmVyc2lvbiI6IjAifQ=="
        }
      ]
    },
    {
      "module": "module.security",
      "mode": "managed",
      "type": "akamai_appsec_rule",
      "name": "waf_aseweb_attackcmd_injection_3000033",
      "provider": "provider[\"registry.terraform.io/akamai/akamai\"]",
      "instances": [
        {
          "schema_version": 0,
          "attributes": {
            "condition_exception": null,
            "config_id": 26906,
            "id": "26906:gfos_92914:3000033",
            "rule_action": "alert",
            "rule_id": 3000033,
            "security_policy_id": "gfos_92914"
          },
          "sensitive_attributes": [],
          "private": "eyJzY2hlbWFfdmVyc2lvbiI6IjAifQ=="
        }
      ]
    },
    {
      "module": "module.security",
      "mode": "managed",
      "type": "akamai_appsec_rule",
      "name": "waf_aseweb_attackcmd_injection_3000034",
      "provider": "provider[\"registry.terraform.io/akamai/akamai\"]",
      "instances": [
        {
          "schema_version": 0,
          "attributes": {
            "condition_exception": null,
            "config_id": 26906,
            "id": "26906:gfos_92914:3000034",
            "rule_action": "alert",
            "rule_id": 3000034,
            "security_policy_id": "gfos_92914"
          },
          "sensitive_attributes": [],
          "private": "eyJzY2hlbWFfdmVyc2lvbiI6IjAifQ=="
        }
      ]
    },
    {
      "module": "module.security",
      "mode": "managed",
      "type": "akamai_appsec_rule",
      "name": "waf_aseweb_attackcmd_injection_3000041",
      "provider": "provider[\"registry.terraform.io/akamai/akamai\"]",
      "instances": [
        {
          "schema_version": 0,
          "attributes": {
            "condition_exception": null,
            "config_id": 26906,
            "id": "26906:gfos_92914:3000041",
            "rule_action": "alert",
            "rule_id": 3000041,
            "security_policy_id": "gfos_92914"
          },
          "sensitive_attributes": [],
          "private": "eyJzY2hlbWFfdmVyc2lvbiI6IjAifQ=="
        }
      ]
    },
    {
      "module": "module.security",
      "mode": "managed",
      "type": "akamai_appsec_rule",
      "name": "waf_aseweb_attackcmd_injection_3000056",
      "provider": "provider[\"registry.terraform.io/akamai/akamai\"]",
      "instances": [
        {
          "schema_version": 0,
          "attributes": {
            "condition_exception": null,
            "config_id": 26906,
            "id": "26906:gfos_92914:3000056",
            "rule_action": "alert",
            "rule_id": 3000056,
            "security_policy_id": "gfos_92914"
          },
          "sensitive_attributes": [],
          "private": "eyJzY2hlbWFfdmVyc2lvbiI6IjAifQ=="
        }
      ]
    },
    {
      "module": "module.security",
      "mode": "managed",
      "type": "akamai_appsec_rule",
      "name": "waf_aseweb_attackcmd_injection_3000058",
      "provider": "provider[\"registry.terraform.io/akamai/akamai\"]",
      "instances": [
        {
          "schema_version": 0,
          "attributes": {
            "condition_exception": null,
            "config_id": 26906,
            "id": "26906:gfos_92914:3000058",
            "rule_action": "alert",
            "rule_id": 3000058,
            "security_policy_id": "gfos_92914"
          },
          "sensitive_attributes": [],
          "private": "eyJzY2hlbWFfdmVyc2lvbiI6IjAifQ=="
        }
      ]
    },
    {
      "module": "module.security",
      "mode": "managed",
      "type": "akamai_appsec_rule",
      "name": "waf_aseweb_attackcmd_injection_3000065",
      "provider": "provider[\"registry.terraform.io/akamai/akamai\"]",
      "instances": [
        {
          "schema_version": 0,
          "attributes": {
            "condition_exception": null,
            "config_id": 26906,
            "id": "26906:gfos_92914:3000065",
            "rule_action": "alert",
            "rule_id": 3000065,
            "security_policy_id": "gfos_92914"
          },
          "sensitive_attributes": [],
          "private": "eyJzY2hlbWFfdmVyc2lvbiI6IjAifQ=="
        }
      ]
    },
    {
      "module": "module.security",
      "mode": "managed",
      "type": "akamai_appsec_rule",
      "name": "waf_aseweb_attackcmd_injection_3000072",
      "provider": "provider[\"registry.terraform.io/akamai/akamai\"]",
      "instances": [
        {
          "schema_version": 0,
          "attributes": {
            "condition_exception": null,
            "config_id": 26906,
            "id": "26906:gfos_92914:3000072",
            "rule_action": "alert",
            "rule_id": 3000072,
            "security_policy_id": "gfos_92914"
          },
          "sensitive_attributes": [],
          "private": "eyJzY2hlbWFfdmVyc2lvbiI6IjAifQ=="
        }
      ]
    },
    {
      "module": "module.security",
      "mode": "managed",
      "type": "akamai_appsec_rule",
      "name": "waf_aseweb_attackcmd_injection_3000141",
      "provider": "provider[\"registry.terraform.io/akamai/akamai\"]",
      "instances": [
        {
          "schema_version": 0,
          "attributes": {
            "condition_exception": null,
            "config_id": 26906,
            "id": "26906:gfos_92914:3000141",
            "rule_action": "alert",
            "rule_id": 3000141,
            "security_policy_id": "gfos_92914"
          },
          "sensitive_attributes": [],
          "private": "eyJzY2hlbWFfdmVyc2lvbiI6IjAifQ=="
        }
      ]
    },
    {
      "module": "module.security",
      "mode": "managed",
      "type": "akamai_appsec_rule",
      "name": "waf_aseweb_attackcmd_injection_3000142",
      "provider": "provider[\"registry.terraform.io/akamai/akamai\"]",
      "instances": [
        {
          "schema_version": 0,
          "attributes": {
            "condition_exception": null,
            "config_id": 26906,
            "id": "26906:gfos_92914:3000142",
            "rule_action": "alert",
            "rule_id": 3000142,
            "security_policy_id": "gfos_92914"
          },
          "sensitive_attributes": [],
          "private": "eyJzY2hlbWFfdmVyc2lvbiI6IjAifQ=="
        }
      ]
    },
    {
      "module": "module.security",
      "mode": "managed",
      "type": "akamai_appsec_rule",
      "name": "waf_aseweb_attackcmd_injection_3000143",
      "provider": "provider[\"registry.terraform.io/akamai/akamai\"]",
      "instances": [
        {
          "schema_version": 0,
          "attributes": {
            "condition_exception": null,
            "config_id": 26906,
            "id": "26906:gfos_92914:3000143",
            "rule_action": "alert",
            "rule_id": 3000143,
            "security_policy_id": "gfos_92914"
          },
          "sensitive_attributes": [],
          "private": "eyJzY2hlbWFfdmVyc2lvbiI6IjAifQ=="
        }
      ]
    },
    {
      "module": "module.security",
      "mode": "managed",
      "type": "akamai_appsec_rule",
      "name": "waf_aseweb_attackcmd_injection_3000144",
      "provider": "provider[\"registry.terraform.io/akamai/akamai\"]",
      "instances": [
        {
          "schema_version": 0,
          "attributes": {
            "condition_exception": null,
            "config_id": 26906,
            "id": "26906:gfos_92914:3000144",
            "rule_action": "alert",
            "rule_id": 3000144,
            "security_policy_id": "gfos_92914"
          },
          "sensitive_attributes": [],
          "private": "eyJzY2hlbWFfdmVyc2lvbiI6IjAifQ=="
        }
      ]
    },
    {
      "module": "module.security",
      "mode": "managed",
      "type": "akamai_appsec_rule",
      "name": "waf_aseweb_attackcmd_injection_3000145",
      "provider": "provider[\"registry.terraform.io/akamai/akamai\"]",
      "instances": [
        {
          "schema_version": 0,
          "attributes": {
            "condition_exception": null,
            "config_id": 26906,
            "id": "26906:gfos_92914:3000145",
            "rule_action": "alert",
            "rule_id": 3000145,
            "security_policy_id": "gfos_92914"
          },
          "sensitive_attributes": [],
          "private": "eyJzY2hlbWFfdmVyc2lvbiI6IjAifQ=="
        }
      ]
    },
    {
      "module": "module.security",
      "mode": "managed",
      "type": "akamai_appsec_rule",
      "name": "waf_aseweb_attackcmd_injection_3000146",
      "provider": "provider[\"registry.terraform.io/akamai/akamai\"]",
      "instances": [
        {
          "schema_version": 0,
          "attributes": {
            "condition_exception": null,
            "config_id": 26906,
            "id": "26906:gfos_92914:3000146",
            "rule_action": "alert",
            "rule_id": 3000146,
            "security_policy_id": "gfos_92914"
          },
          "sensitive_attributes": [],
          "private": "eyJzY2hlbWFfdmVyc2lvbiI6IjAifQ=="
        }
      ]
    },
    {
      "module": "module.security",
      "mode": "managed",
      "type": "akamai_appsec_rule",
      "name": "waf_aseweb_attackcmd_injection_3000147",
      "provider": "provider[\"registry.terraform.io/akamai/akamai\"]",
      "instances": [
        {
          "schema_version": 0,
          "attributes": {
            "condition_exception": null,
            "config_id": 26906,
            "id": "26906:gfos_92914:3000147",
            "rule_action": "alert",
            "rule_id": 3000147,
            "security_policy_id": "gfos_92914"
          },
          "sensitive_attributes": [],
          "private": "eyJzY2hlbWFfdmVyc2lvbiI6IjAifQ=="
        }
      ]
    },
    {
      "module": "module.security",
      "mode": "managed",
      "type": "akamai_appsec_rule",
      "name": "waf_aseweb_attackcmd_injection_3000148",
      "provider": "provider[\"registry.terraform.io/akamai/akamai\"]",
      "instances": [
        {
          "schema_version": 0,
          "attributes": {
            "condition_exception": null,
            "config_id": 26906,
            "id": "26906:gfos_92914:3000148",
            "rule_action": "alert",
            "rule_id": 3000148,
            "security_policy_id": "gfos_92914"
          },
          "sensitive_attributes": [],
          "private": "eyJzY2hlbWFfdmVyc2lvbiI6IjAifQ=="
        }
      ]
    },
    {
      "module": "module.security",
      "mode": "managed",
      "type": "akamai_appsec_rule",
      "name": "waf_aseweb_attackcmd_injection_3000149",
      "provider": "provider[\"registry.terraform.io/akamai/akamai\"]",
      "instances": [
        {
          "schema_version": 0,
          "attributes": {
            "condition_exception": null,
            "config_id": 26906,
            "id": "26906:gfos_92914:3000149",
            "rule_action": "alert",
            "rule_id": 3000149,
            "security_policy_id": "gfos_92914"
          },
          "sensitive_attributes": [],
          "private": "eyJzY2hlbWFfdmVyc2lvbiI6IjAifQ=="
        }
      ]
    },
    {
      "module": "module.security",
      "mode": "managed",
      "type": "akamai_appsec_rule",
      "name": "waf_aseweb_attackcmd_injection_3000150",
      "provider": "provider[\"registry.terraform.io/akamai/akamai\"]",
      "instances": [
        {
          "schema_version": 0,
          "attributes": {
            "condition_exception": null,
            "config_id": 26906,
            "id": "26906:gfos_92914:3000150",
            "rule_action": "alert",
            "rule_id": 3000150,
            "security_policy_id": "gfos_92914"
          },
          "sensitive_attributes": [],
          "private": "eyJzY2hlbWFfdmVyc2lvbiI6IjAifQ=="
        }
      ]
    },
    {
      "module": "module.security",
      "mode": "managed",
      "type": "akamai_appsec_rule",
      "name": "waf_aseweb_attackcmd_injection_3000151",
      "provider": "provider[\"registry.terraform.io/akamai/akamai\"]",
      "instances": [
        {
          "schema_version": 0,
          "attributes": {
            "condition_exception": null,
            "config_id": 26906,
            "id": "26906:gfos_92914:3000151",
            "rule_action": "alert",
            "rule_id": 3000151,
            "security_policy_id": "gfos_92914"
          },
          "sensitive_attributes": [],
          "private": "eyJzY2hlbWFfdmVyc2lvbiI6IjAifQ=="
        }
      ]
    },
    {
      "module": "module.security",
      "mode": "managed",
      "type": "akamai_appsec_rule",
      "name": "waf_aseweb_attackcmd_injection_3000152",
      "provider": "provider[\"registry.terraform.io/akamai/akamai\"]",
      "instances": [
        {
          "schema_version": 0,
          "attributes": {
            "condition_exception": null,
            "config_id": 26906,
            "id": "26906:gfos_92914:3000152",
            "rule_action": "alert",
            "rule_id": 3000152,
            "security_policy_id": "gfos_92914"
          },
          "sensitive_attributes": [],
          "private": "eyJzY2hlbWFfdmVyc2lvbiI6IjAifQ=="
        }
      ]
    },
    {
      "module": "module.security",
      "mode": "managed",
      "type": "akamai_appsec_rule",
      "name": "waf_aseweb_attackcmd_injection_3000153",
      "provider": "provider[\"registry.terraform.io/akamai/akamai\"]",
      "instances": [
        {
          "schema_version": 0,
          "attributes": {
            "condition_exception": null,
            "config_id": 26906,
            "id": "26906:gfos_92914:3000153",
            "rule_action": "alert",
            "rule_id": 3000153,
            "security_policy_id": "gfos_92914"
          },
          "sensitive_attributes": [],
          "private": "eyJzY2hlbWFfdmVyc2lvbiI6IjAifQ=="
        }
      ]
    },
    {
      "module": "module.security",
      "mode": "managed",
      "type": "akamai_appsec_rule",
      "name": "waf_aseweb_attackcmd_injection_3000154",
      "provider": "provider[\"registry.terraform.io/akamai/akamai\"]",
      "instances": [
        {
          "schema_version": 0,
          "attributes": {
            "condition_exception": null,
            "config_id": 26906,
            "id": "26906:gfos_92914:3000154",
            "rule_action": "alert",
            "rule_id": 3000154,
            "security_policy_id": "gfos_92914"
          },
          "sensitive_attributes": [],
          "private": "eyJzY2hlbWFfdmVyc2lvbiI6IjAifQ=="
        }
      ]
    },
    {
      "module": "module.security",
      "mode": "managed",
      "type": "akamai_appsec_rule",
      "name": "waf_aseweb_attackcmd_injection_3000155",
      "provider": "provider[\"registry.terraform.io/akamai/akamai\"]",
      "instances": [
        {
          "schema_version": 0,
          "attributes": {
            "condition_exception": null,
            "config_id": 26906,
            "id": "26906:gfos_92914:3000155",
            "rule_action": "alert",
            "rule_id": 3000155,
            "security_policy_id": "gfos_92914"
          },
          "sensitive_attributes": [],
          "private": "eyJzY2hlbWFfdmVyc2lvbiI6IjAifQ=="
        }
      ]
    },
    {
      "module": "module.security",
      "mode": "managed",
      "type": "akamai_appsec_rule",
      "name": "waf_aseweb_attackcmd_injection_3000156",
      "provider": "provider[\"registry.terraform.io/akamai/akamai\"]",
      "instances": [
        {
          "schema_version": 0,
          "attributes": {
            "condition_exception": "{\"advancedExceptions\":{\"conditionOperator\":\"AND\",\"conditions\":[{\"type\":\"hostMatch\",\"hosts\":[\"product-selection.grundfos.com\"],\"positiveMatch\":true},{\"type\":\"pathMatch\",\"paths\":[\"/content/dam/local/en-in/page-assets/products-and-services/products/documents/*\"],\"positiveMatch\":true}]}}",
            "config_id": 26906,
            "id": "26906:gfos_92914:3000156",
            "rule_action": "alert",
            "rule_id": 3000156,
            "security_policy_id": "gfos_92914"
          },
          "sensitive_attributes": [],
          "private": "eyJzY2hlbWFfdmVyc2lvbiI6IjAifQ=="
        }
      ]
    },
    {
      "module": "module.security",
      "mode": "managed",
      "type": "akamai_appsec_rule",
      "name": "waf_aseweb_attackcmd_injection_3000169",
      "provider": "provider[\"registry.terraform.io/akamai/akamai\"]",
      "instances": [
        {
          "schema_version": 0,
          "attributes": {
            "condition_exception": null,
            "config_id": 26906,
            "id": "26906:gfos_92914:3000169",
            "rule_action": "alert",
            "rule_id": 3000169,
            "security_policy_id": "gfos_92914"
          },
          "sensitive_attributes": [],
          "private": "eyJzY2hlbWFfdmVyc2lvbiI6IjAifQ=="
        }
      ]
    },
    {
      "module": "module.security",
      "mode": "managed",
      "type": "akamai_appsec_rule",
      "name": "waf_aseweb_attackcmd_injection_3000170",
      "provider": "provider[\"registry.terraform.io/akamai/akamai\"]",
      "instances": [
        {
          "schema_version": 0,
          "attributes": {
            "condition_exception": null,
            "config_id": 26906,
            "id": "26906:gfos_92914:3000170",
            "rule_action": "alert",
            "rule_id": 3000170,
            "security_policy_id": "gfos_92914"
          },
          "sensitive_attributes": [],
          "private": "eyJzY2hlbWFfdmVyc2lvbiI6IjAifQ=="
        }
      ]
    },
    {
      "module": "module.security",
      "mode": "managed",
      "type": "akamai_appsec_rule",
      "name": "waf_aseweb_attackcmd_injection_3000171",
      "provider": "provider[\"registry.terraform.io/akamai/akamai\"]",
      "instances": [
        {
          "schema_version": 0,
          "attributes": {
            "condition_exception": null,
            "config_id": 26906,
            "id": "26906:gfos_92914:3000171",
            "rule_action": "alert",
            "rule_id": 3000171,
            "security_policy_id": "gfos_92914"
          },
          "sensitive_attributes": [],
          "private": "eyJzY2hlbWFfdmVyc2lvbiI6IjAifQ=="
        }
      ]
    },
    {
      "module": "module.security",
      "mode": "managed",
      "type": "akamai_appsec_rule",
      "name": "waf_aseweb_attackcmd_injection_3000172",
      "provider": "provider[\"registry.terraform.io/akamai/akamai\"]",
      "instances": [
        {
          "schema_version": 0,
          "attributes": {
            "condition_exception": null,
            "config_id": 26906,
            "id": "26906:gfos_92914:3000172",
            "rule_action": "alert",
            "rule_id": 3000172,
            "security_policy_id": "gfos_92914"
          },
          "sensitive_attributes": [],
          "private": "eyJzY2hlbWFfdmVyc2lvbiI6IjAifQ=="
        }
      ]
    },
    {
      "module": "module.security",
      "mode": "managed",
      "type": "akamai_appsec_rule",
      "name": "waf_aseweb_attackcmd_injection_3000196",
      "provider": "provider[\"registry.terraform.io/akamai/akamai\"]",
      "instances": [
        {
          "schema_version": 0,
          "attributes": {
            "condition_exception": null,
            "config_id": 26906,
            "id": "26906:gfos_92914:3000196",
            "rule_action": "alert",
            "rule_id": 3000196,
            "security_policy_id": "gfos_92914"
          },
          "sensitive_attributes": [],
          "private": "eyJzY2hlbWFfdmVyc2lvbiI6IjAifQ=="
        }
      ]
    },
    {
      "module": "module.security",
      "mode": "managed",
      "type": "akamai_appsec_rule",
      "name": "waf_aseweb_attackcmd_injection_3000197",
      "provider": "provider[\"registry.terraform.io/akamai/akamai\"]",
      "instances": [
        {
          "schema_version": 0,
          "attributes": {
            "condition_exception": null,
            "config_id": 26906,
            "id": "26906:gfos_92914:3000197",
            "rule_action": "alert",
            "rule_id": 3000197,
            "security_policy_id": "gfos_92914"
          },
          "sensitive_attributes": [],
          "private": "eyJzY2hlbWFfdmVyc2lvbiI6IjAifQ=="
        }
      ]
    },
    {
      "module": "module.security",
      "mode": "managed",
      "type": "akamai_appsec_rule",
      "name": "waf_aseweb_attackcmd_injection_3000400",
      "provider": "provider[\"registry.terraform.io/akamai/akamai\"]",
      "instances": [
        {
          "schema_version": 0,
          "attributes": {
            "condition_exception": null,
            "config_id": 26906,
            "id": "26906:gfos_92914:3000400",
            "rule_action": "alert",
            "rule_id": 3000400,
            "security_policy_id": "gfos_92914"
          },
          "sensitive_attributes": [],
          "private": "eyJzY2hlbWFfdmVyc2lvbiI6IjAifQ=="
        }
      ]
    },
    {
      "module": "module.security",
      "mode": "managed",
      "type": "akamai_appsec_rule",
      "name": "waf_aseweb_attackcmd_injection_3000401",
      "provider": "provider[\"registry.terraform.io/akamai/akamai\"]",
      "instances": [
        {
          "schema_version": 0,
          "attributes": {
            "condition_exception": null,
            "config_id": 26906,
            "id": "26906:gfos_92914:3000401",
            "rule_action": "alert",
            "rule_id": 3000401,
            "security_policy_id": "gfos_92914"
          },
          "sensitive_attributes": [],
          "private": "eyJzY2hlbWFfdmVyc2lvbiI6IjAifQ=="
        }
      ]
    },
    {
      "module": "module.security",
      "mode": "managed",
      "type": "akamai_appsec_rule",
      "name": "waf_aseweb_attackcmd_injection_3000403",
      "provider": "provider[\"registry.terraform.io/akamai/akamai\"]",
      "instances": [
        {
          "schema_version": 0,
          "attributes": {
            "condition_exception": null,
            "config_id": 26906,
            "id": "26906:gfos_92914:3000403",
            "rule_action": "alert",
            "rule_id": 3000403,
            "security_policy_id": "gfos_92914"
          },
          "sensitive_attributes": [],
          "private": "eyJzY2hlbWFfdmVyc2lvbiI6IjAifQ=="
        }
      ]
    },
    {
      "module": "module.security",
      "mode": "managed",
      "type": "akamai_appsec_rule",
      "name": "waf_aseweb_attackcmd_injection_3000404",
      "provider": "provider[\"registry.terraform.io/akamai/akamai\"]",
      "instances": [
        {
          "schema_version": 0,
          "attributes": {
            "condition_exception": null,
            "config_id": 26906,
            "id": "26906:gfos_92914:3000404",
            "rule_action": "alert",
            "rule_id": 3000404,
            "security_policy_id": "gfos_92914"
          },
          "sensitive_attributes": [],
          "private": "eyJzY2hlbWFfdmVyc2lvbiI6IjAifQ=="
        }
      ]
    },
    {
      "module": "module.security",
      "mode": "managed",
      "type": "akamai_appsec_rule",
      "name": "waf_aseweb_attackcmd_injection_3000405",
      "provider": "provider[\"registry.terraform.io/akamai/akamai\"]",
      "instances": [
        {
          "schema_version": 0,
          "attributes": {
            "condition_exception": null,
            "config_id": 26906,
            "id": "26906:gfos_92914:3000405",
            "rule_action": "alert",
            "rule_id": 3000405,
            "security_policy_id": "gfos_92914"
          },
          "sensitive_attributes": [],
          "private": "eyJzY2hlbWFfdmVyc2lvbiI6IjAifQ=="
        }
      ]
    },
    {
      "module": "module.security",
      "mode": "managed",
      "type": "akamai_appsec_rule",
      "name": "waf_aseweb_attackcmd_injection_3000406",
      "provider": "provider[\"registry.terraform.io/akamai/akamai\"]",
      "instances": [
        {
          "schema_version": 0,
          "attributes": {
            "condition_exception": null,
            "config_id": 26906,
            "id": "26906:gfos_92914:3000406",
            "rule_action": "alert",
            "rule_id": 3000406,
            "security_policy_id": "gfos_92914"
          },
          "sensitive_attributes": [],
          "private": "eyJzY2hlbWFfdmVyc2lvbiI6IjAifQ=="
        }
      ]
    },
    {
      "module": "module.security",
      "mode": "managed",
      "type": "akamai_appsec_rule",
      "name": "waf_aseweb_attackcmd_injection_3000407",
      "provider": "provider[\"registry.terraform.io/akamai/akamai\"]",
      "instances": [
        {
          "schema_version": 0,
          "attributes": {
            "condition_exception": null,
            "config_id": 26906,
            "id": "26906:gfos_92914:3000407",
            "rule_action": "alert",
            "rule_id": 3000407,
            "security_policy_id": "gfos_92914"
          },
          "sensitive_attributes": [],
          "private": "eyJzY2hlbWFfdmVyc2lvbiI6IjAifQ=="
        }
      ]
    },
    {
      "module": "module.security",
      "mode": "managed",
      "type": "akamai_appsec_rule",
      "name": "waf_aseweb_attackcmd_injection_3000408",
      "provider": "provider[\"registry.terraform.io/akamai/akamai\"]",
      "instances": [
        {
          "schema_version": 0,
          "attributes": {
            "condition_exception": null,
            "config_id": 26906,
            "id": "26906:gfos_92914:3000408",
            "rule_action": "alert",
            "rule_id": 3000408,
            "security_policy_id": "gfos_92914"
          },
          "sensitive_attributes": [],
          "private": "eyJzY2hlbWFfdmVyc2lvbiI6IjAifQ=="
        }
      ]
    },
    {
      "module": "module.security",
      "mode": "managed",
      "type": "akamai_appsec_rule",
      "name": "waf_aseweb_attackcmd_injection_3000409",
      "provider": "provider[\"registry.terraform.io/akamai/akamai\"]",
      "instances": [
        {
          "schema_version": 0,
          "attributes": {
            "condition_exception": null,
            "config_id": 26906,
            "id": "26906:gfos_92914:3000409",
            "rule_action": "alert",
            "rule_id": 3000409,
            "security_policy_id": "gfos_92914"
          },
          "sensitive_attributes": [],
          "private": "eyJzY2hlbWFfdmVyc2lvbiI6IjAifQ=="
        }
      ]
    },
    {
      "module": "module.security",
      "mode": "managed",
      "type": "akamai_appsec_rule",
      "name": "waf_aseweb_attackcmd_injection_3000410",
      "provider": "provider[\"registry.terraform.io/akamai/akamai\"]",
      "instances": [
        {
          "schema_version": 0,
          "attributes": {
            "condition_exception": null,
            "config_id": 26906,
            "id": "26906:gfos_92914:3000410",
            "rule_action": "alert",
            "rule_id": 3000410,
            "security_policy_id": "gfos_92914"
          },
          "sensitive_attributes": [],
          "private": "eyJzY2hlbWFfdmVyc2lvbiI6IjAifQ=="
        }
      ]
    },
    {
      "module": "module.security",
      "mode": "managed",
      "type": "akamai_appsec_rule",
      "name": "waf_aseweb_attackcmd_injection_3000411",
      "provider": "provider[\"registry.terraform.io/akamai/akamai\"]",
      "instances": [
        {
          "schema_version": 0,
          "attributes": {
            "condition_exception": null,
            "config_id": 26906,
            "id": "26906:gfos_92914:3000411",
            "rule_action": "alert",
            "rule_id": 3000411,
            "security_policy_id": "gfos_92914"
          },
          "sensitive_attributes": [],
          "private": "eyJzY2hlbWFfdmVyc2lvbiI6IjAifQ=="
        }
      ]
    },
    {
      "module": "module.security",
      "mode": "managed",
      "type": "akamai_appsec_rule",
      "name": "waf_aseweb_attackcmd_injection_950002",
      "provider": "provider[\"registry.terraform.io/akamai/akamai\"]",
      "instances": [
        {
          "schema_version": 0,
          "attributes": {
            "condition_exception": null,
            "config_id": 26906,
            "id": "26906:gfos_92914:950002",
            "rule_action": "alert",
            "rule_id": 950002,
            "security_policy_id": "gfos_92914"
          },
          "sensitive_attributes": [],
          "private": "eyJzY2hlbWFfdmVyc2lvbiI6IjAifQ=="
        }
      ]
    },
    {
      "module": "module.security",
      "mode": "managed",
      "type": "akamai_appsec_rule",
      "name": "waf_aseweb_attackcmd_injection_950006",
      "provider": "provider[\"registry.terraform.io/akamai/akamai\"]",
      "instances": [
        {
          "schema_version": 0,
          "attributes": {
            "condition_exception": null,
            "config_id": 26906,
            "id": "26906:gfos_92914:950006",
            "rule_action": "alert",
            "rule_id": 950006,
            "security_policy_id": "gfos_92914"
          },
          "sensitive_attributes": [],
          "private": "eyJzY2hlbWFfdmVyc2lvbiI6IjAifQ=="
        }
      ]
    },
    {
      "module": "module.security",
      "mode": "managed",
      "type": "akamai_appsec_rule",
      "name": "waf_aseweb_attackcmd_injection_950011",
      "provider": "provider[\"registry.terraform.io/akamai/akamai\"]",
      "instances": [
        {
          "schema_version": 0,
          "attributes": {
            "condition_exception": null,
            "config_id": 26906,
            "id": "26906:gfos_92914:950011",
            "rule_action": "alert",
            "rule_id": 950011,
            "security_policy_id": "gfos_92914"
          },
          "sensitive_attributes": [],
          "private": "eyJzY2hlbWFfdmVyc2lvbiI6IjAifQ=="
        }
      ]
    },
    {
      "module": "module.security",
      "mode": "managed",
      "type": "akamai_appsec_rule",
      "name": "waf_aseweb_attackcmd_injection_959976",
      "provider": "provider[\"registry.terraform.io/akamai/akamai\"]",
      "instances": [
        {
          "schema_version": 0,
          "attributes": {
            "condition_exception": "{\"exception\":{\"specificHeaderCookieParamXmlOrJsonNames\":[{\"names\":[\"dtSa\"],\"selector\":\"REQUEST_COOKIES\",\"wildcard\":true}]}}",
            "config_id": 26906,
            "id": "26906:gfos_92914:959976",
            "rule_action": "alert",
            "rule_id": 959976,
            "security_policy_id": "gfos_92914"
          },
          "sensitive_attributes": [],
          "private": "eyJzY2hlbWFfdmVyc2lvbiI6IjAifQ=="
        }
      ]
    },
    {
      "module": "module.security",
      "mode": "managed",
      "type": "akamai_appsec_rule",
      "name": "waf_aseweb_attackcmd_injection_959977",
      "provider": "provider[\"registry.terraform.io/akamai/akamai\"]",
      "instances": [
        {
          "schema_version": 0,
          "attributes": {
            "condition_exception": null,
            "config_id": 26906,
            "id": "26906:gfos_92914:959977",
            "rule_action": "alert",
            "rule_id": 959977,
            "security_policy_id": "gfos_92914"
          },
          "sensitive_attributes": [],
          "private": "eyJzY2hlbWFfdmVyc2lvbiI6IjAifQ=="
        }
      ]
    },
    {
      "module": "module.security",
      "mode": "managed",
      "type": "akamai_appsec_rule",
      "name": "waf_aseweb_attackcmd_injection_969151",
      "provider": "provider[\"registry.terraform.io/akamai/akamai\"]",
      "instances": [
        {
          "schema_version": 0,
          "attributes": {
            "condition_exception": null,
            "config_id": 26906,
            "id": "26906:gfos_92914:969151",
            "rule_action": "alert",
            "rule_id": 969151,
            "security_policy_id": "gfos_92914"
          },
          "sensitive_attributes": [],
          "private": "eyJzY2hlbWFfdmVyc2lvbiI6IjAifQ=="
        }
      ]
    },
    {
      "module": "module.security",
      "mode": "managed",
      "type": "akamai_appsec_rule",
      "name": "waf_aseweb_attackcmdi_3000195",
      "provider": "provider[\"registry.terraform.io/akamai/akamai\"]",
      "instances": [
        {
          "schema_version": 0,
          "attributes": {
            "condition_exception": null,
            "config_id": 26906,
            "id": "26906:gfos_92914:3000195",
            "rule_action": "alert",
            "rule_id": 3000195,
            "security_policy_id": "gfos_92914"
          },
          "sensitive_attributes": [],
          "private": "eyJzY2hlbWFfdmVyc2lvbiI6IjAifQ=="
        }
      ]
    },
    {
      "module": "module.security",
      "mode": "managed",
      "type": "akamai_appsec_rule",
      "name": "waf_aseweb_attacklfi_3000120",
      "provider": "provider[\"registry.terraform.io/akamai/akamai\"]",
      "instances": [
        {
          "schema_version": 0,
          "attributes": {
            "condition_exception": null,
            "config_id": 26906,
            "id": "26906:gfos_92914:3000120",
            "rule_action": "alert",
            "rule_id": 3000120,
            "security_policy_id": "gfos_92914"
          },
          "sensitive_attributes": [],
          "private": "eyJzY2hlbWFfdmVyc2lvbiI6IjAifQ=="
        }
      ]
    },
    {
      "module": "module.security",
      "mode": "managed",
      "type": "akamai_appsec_rule",
      "name": "waf_aseweb_attacklfi_3000121",
      "provider": "provider[\"registry.terraform.io/akamai/akamai\"]",
      "instances": [
        {
          "schema_version": 0,
          "attributes": {
            "condition_exception": null,
            "config_id": 26906,
            "id": "26906:gfos_92914:3000121",
            "rule_action": "alert",
            "rule_id": 3000121,
            "security_policy_id": "gfos_92914"
          },
          "sensitive_attributes": [],
          "private": "eyJzY2hlbWFfdmVyc2lvbiI6IjAifQ=="
        }
      ]
    },
    {
      "module": "module.security",
      "mode": "managed",
      "type": "akamai_appsec_rule",
      "name": "waf_aseweb_attacklfi_3000122",
      "provider": "provider[\"registry.terraform.io/akamai/akamai\"]",
      "instances": [
        {
          "schema_version": 0,
          "attributes": {
            "condition_exception": null,
            "config_id": 26906,
            "id": "26906:gfos_92914:3000122",
            "rule_action": "alert",
            "rule_id": 3000122,
            "security_policy_id": "gfos_92914"
          },
          "sensitive_attributes": [],
          "private": "eyJzY2hlbWFfdmVyc2lvbiI6IjAifQ=="
        }
      ]
    },
    {
      "module": "module.security",
      "mode": "managed",
      "type": "akamai_appsec_rule",
      "name": "waf_aseweb_attacklfi_3000123",
      "provider": "provider[\"registry.terraform.io/akamai/akamai\"]",
      "instances": [
        {
          "schema_version": 0,
          "attributes": {
            "condition_exception": null,
            "config_id": 26906,
            "id": "26906:gfos_92914:3000123",
            "rule_action": "alert",
            "rule_id": 3000123,
            "security_policy_id": "gfos_92914"
          },
          "sensitive_attributes": [],
          "private": "eyJzY2hlbWFfdmVyc2lvbiI6IjAifQ=="
        }
      ]
    },
    {
      "module": "module.security",
      "mode": "managed",
      "type": "akamai_appsec_rule",
      "name": "waf_aseweb_attacklfi_3000124",
      "provider": "provider[\"registry.terraform.io/akamai/akamai\"]",
      "instances": [
        {
          "schema_version": 0,
          "attributes": {
            "condition_exception": null,
            "config_id": 26906,
            "id": "26906:gfos_92914:3000124",
            "rule_action": "alert",
            "rule_id": 3000124,
            "security_policy_id": "gfos_92914"
          },
          "sensitive_attributes": [],
          "private": "eyJzY2hlbWFfdmVyc2lvbiI6IjAifQ=="
        }
      ]
    },
    {
      "module": "module.security",
      "mode": "managed",
      "type": "akamai_appsec_rule",
      "name": "waf_aseweb_attacklfi_3000125",
      "provider": "provider[\"registry.terraform.io/akamai/akamai\"]",
      "instances": [
        {
          "schema_version": 0,
          "attributes": {
            "condition_exception": null,
            "config_id": 26906,
            "id": "26906:gfos_92914:3000125",
            "rule_action": "alert",
            "rule_id": 3000125,
            "security_policy_id": "gfos_92914"
          },
          "sensitive_attributes": [],
          "private": "eyJzY2hlbWFfdmVyc2lvbiI6IjAifQ=="
        }
      ]
    },
    {
      "module": "module.security",
      "mode": "managed",
      "type": "akamai_appsec_rule",
      "name": "waf_aseweb_attacklfi_3000126",
      "provider": "provider[\"registry.terraform.io/akamai/akamai\"]",
      "instances": [
        {
          "schema_version": 0,
          "attributes": {
            "condition_exception": null,
            "config_id": 26906,
            "id": "26906:gfos_92914:3000126",
            "rule_action": "alert",
            "rule_id": 3000126,
            "security_policy_id": "gfos_92914"
          },
          "sensitive_attributes": [],
          "private": "eyJzY2hlbWFfdmVyc2lvbiI6IjAifQ=="
        }
      ]
    },
    {
      "module": "module.security",
      "mode": "managed",
      "type": "akamai_appsec_rule",
      "name": "waf_aseweb_attacklfi_3000127",
      "provider": "provider[\"registry.terraform.io/akamai/akamai\"]",
      "instances": [
        {
          "schema_version": 0,
          "attributes": {
            "condition_exception": null,
            "config_id": 26906,
            "id": "26906:gfos_92914:3000127",
            "rule_action": "alert",
            "rule_id": 3000127,
            "security_policy_id": "gfos_92914"
          },
          "sensitive_attributes": [],
          "private": "eyJzY2hlbWFfdmVyc2lvbiI6IjAifQ=="
        }
      ]
    },
    {
      "module": "module.security",
      "mode": "managed",
      "type": "akamai_appsec_rule",
      "name": "waf_aseweb_attacklfi_3000500",
      "provider": "provider[\"registry.terraform.io/akamai/akamai\"]",
      "instances": [
        {
          "schema_version": 0,
          "attributes": {
            "condition_exception": null,
            "config_id": 26906,
            "id": "26906:gfos_92914:3000500",
            "rule_action": "alert",
            "rule_id": 3000500,
            "security_policy_id": "gfos_92914"
          },
          "sensitive_attributes": [],
          "private": "eyJzY2hlbWFfdmVyc2lvbiI6IjAifQ=="
        }
      ]
    },
    {
      "module": "module.security",
      "mode": "managed",
      "type": "akamai_appsec_rule",
      "name": "waf_aseweb_attacklfi_3000501",
      "provider": "provider[\"registry.terraform.io/akamai/akamai\"]",
      "instances": [
        {
          "schema_version": 0,
          "attributes": {
            "condition_exception": null,
            "config_id": 26906,
            "id": "26906:gfos_92914:3000501",
            "rule_action": "alert",
            "rule_id": 3000501,
            "security_policy_id": "gfos_92914"
          },
          "sensitive_attributes": [],
          "private": "eyJzY2hlbWFfdmVyc2lvbiI6IjAifQ=="
        }
      ]
    },
    {
      "module": "module.security",
      "mode": "managed",
      "type": "akamai_appsec_rule",
      "name": "waf_aseweb_attacklfi_3000502",
      "provider": "provider[\"registry.terraform.io/akamai/akamai\"]",
      "instances": [
        {
          "schema_version": 0,
          "attributes": {
            "condition_exception": null,
            "config_id": 26906,
            "id": "26906:gfos_92914:3000502",
            "rule_action": "alert",
            "rule_id": 3000502,
            "security_policy_id": "gfos_92914"
          },
          "sensitive_attributes": [],
          "private": "eyJzY2hlbWFfdmVyc2lvbiI6IjAifQ=="
        }
      ]
    },
    {
      "module": "module.security",
      "mode": "managed",
      "type": "akamai_appsec_rule",
      "name": "waf_aseweb_attacklfi_3000503",
      "provider": "provider[\"registry.terraform.io/akamai/akamai\"]",
      "instances": [
        {
          "schema_version": 0,
          "attributes": {
            "condition_exception": null,
            "config_id": 26906,
            "id": "26906:gfos_92914:3000503",
            "rule_action": "alert",
            "rule_id": 3000503,
            "security_policy_id": "gfos_92914"
          },
          "sensitive_attributes": [],
          "private": "eyJzY2hlbWFfdmVyc2lvbiI6IjAifQ=="
        }
      ]
    },
    {
      "module": "module.security",
      "mode": "managed",
      "type": "akamai_appsec_rule",
      "name": "waf_aseweb_attacklfi_3000504",
      "provider": "provider[\"registry.terraform.io/akamai/akamai\"]",
      "instances": [
        {
          "schema_version": 0,
          "attributes": {
            "condition_exception": null,
            "config_id": 26906,
            "id": "26906:gfos_92914:3000504",
            "rule_action": "alert",
            "rule_id": 3000504,
            "security_policy_id": "gfos_92914"
          },
          "sensitive_attributes": [],
          "private": "eyJzY2hlbWFfdmVyc2lvbiI6IjAifQ=="
        }
      ]
    },
    {
      "module": "module.security",
      "mode": "managed",
      "type": "akamai_appsec_rule",
      "name": "waf_aseweb_attacklfi_3000505",
      "provider": "provider[\"registry.terraform.io/akamai/akamai\"]",
      "instances": [
        {
          "schema_version": 0,
          "attributes": {
            "condition_exception": null,
            "config_id": 26906,
            "id": "26906:gfos_92914:3000505",
            "rule_action": "alert",
            "rule_id": 3000505,
            "security_policy_id": "gfos_92914"
          },
          "sensitive_attributes": [],
          "private": "eyJzY2hlbWFfdmVyc2lvbiI6IjAifQ=="
        }
      ]
    },
    {
      "module": "module.security",
      "mode": "managed",
      "type": "akamai_appsec_rule",
      "name": "waf_aseweb_attacklfi_3000506",
      "provider": "provider[\"registry.terraform.io/akamai/akamai\"]",
      "instances": [
        {
          "schema_version": 0,
          "attributes": {
            "condition_exception": null,
            "config_id": 26906,
            "id": "26906:gfos_92914:3000506",
            "rule_action": "alert",
            "rule_id": 3000506,
            "security_policy_id": "gfos_92914"
          },
          "sensitive_attributes": [],
          "private": "eyJzY2hlbWFfdmVyc2lvbiI6IjAifQ=="
        }
      ]
    },
    {
      "module": "module.security",
      "mode": "managed",
      "type": "akamai_appsec_rule",
      "name": "waf_aseweb_attacklfi_3000507",
      "provider": "provider[\"registry.terraform.io/akamai/akamai\"]",
      "instances": [
        {
          "schema_version": 0,
          "attributes": {
            "condition_exception": null,
            "config_id": 26906,
            "id": "26906:gfos_92914:3000507",
            "rule_action": "alert",
            "rule_id": 3000507,
            "security_policy_id": "gfos_92914"
          },
          "sensitive_attributes": [],
          "private": "eyJzY2hlbWFfdmVyc2lvbiI6IjAifQ=="
        }
      ]
    },
    {
      "module": "module.security",
      "mode": "managed",
      "type": "akamai_appsec_rule",
      "name": "waf_aseweb_attacklfi_3000508",
      "provider": "provider[\"registry.terraform.io/akamai/akamai\"]",
      "instances": [
        {
          "schema_version": 0,
          "attributes": {
            "condition_exception": null,
            "config_id": 26906,
            "id": "26906:gfos_92914:3000508",
            "rule_action": "alert",
            "rule_id": 3000508,
            "security_policy_id": "gfos_92914"
          },
          "sensitive_attributes": [],
          "private": "eyJzY2hlbWFfdmVyc2lvbiI6IjAifQ=="
        }
      ]
    },
    {
      "module": "module.security",
      "mode": "managed",
      "type": "akamai_appsec_rule",
      "name": "waf_aseweb_attacklfi_950203",
      "provider": "provider[\"registry.terraform.io/akamai/akamai\"]",
      "instances": [
        {
          "schema_version": 0,
          "attributes": {
            "condition_exception": null,
            "config_id": 26906,
            "id": "26906:gfos_92914:950203",
            "rule_action": "alert",
            "rule_id": 950203,
            "security_policy_id": "gfos_92914"
          },
          "sensitive_attributes": [],
          "private": "eyJzY2hlbWFfdmVyc2lvbiI6IjAifQ=="
        }
      ]
    },
    {
      "module": "module.security",
      "mode": "managed",
      "type": "akamai_appsec_rule",
      "name": "waf_aseweb_attacklfi_950204",
      "provider": "provider[\"registry.terraform.io/akamai/akamai\"]",
      "instances": [
        {
          "schema_version": 0,
          "attributes": {
            "condition_exception": null,
            "config_id": 26906,
            "id": "26906:gfos_92914:950204",
            "rule_action": "alert",
            "rule_id": 950204,
            "security_policy_id": "gfos_92914"
          },
          "sensitive_attributes": [],
          "private": "eyJzY2hlbWFfdmVyc2lvbiI6IjAifQ=="
        }
      ]
    },
    {
      "module": "module.security",
      "mode": "managed",
      "type": "akamai_appsec_rule",
      "name": "waf_aseweb_attackplatform_3000109",
      "provider": "provider[\"registry.terraform.io/akamai/akamai\"]",
      "instances": [
        {
          "schema_version": 0,
          "attributes": {
            "condition_exception": null,
            "config_id": 26906,
            "id": "26906:gfos_92914:3000109",
            "rule_action": "alert",
            "rule_id": 3000109,
            "security_policy_id": "gfos_92914"
          },
          "sensitive_attributes": [],
          "private": "eyJzY2hlbWFfdmVyc2lvbiI6IjAifQ=="
        }
      ]
    },
    {
      "module": "module.security",
      "mode": "managed",
      "type": "akamai_appsec_rule",
      "name": "waf_aseweb_attackplatform_3000132",
      "provider": "provider[\"registry.terraform.io/akamai/akamai\"]",
      "instances": [
        {
          "schema_version": 0,
          "attributes": {
            "condition_exception": null,
            "config_id": 26906,
            "id": "26906:gfos_92914:3000132",
            "rule_action": "alert",
            "rule_id": 3000132,
            "security_policy_id": "gfos_92914"
          },
          "sensitive_attributes": [],
          "private": "eyJzY2hlbWFfdmVyc2lvbiI6IjAifQ=="
        }
      ]
    },
    {
      "module": "module.security",
      "mode": "managed",
      "type": "akamai_appsec_rule",
      "name": "waf_aseweb_attackplatform_3000133",
      "provider": "provider[\"registry.terraform.io/akamai/akamai\"]",
      "instances": [
        {
          "schema_version": 0,
          "attributes": {
            "condition_exception": null,
            "config_id": 26906,
            "id": "26906:gfos_92914:3000133",
            "rule_action": "alert",
            "rule_id": 3000133,
            "security_policy_id": "gfos_92914"
          },
          "sensitive_attributes": [],
          "private": "eyJzY2hlbWFfdmVyc2lvbiI6IjAifQ=="
        }
      ]
    },
    {
      "module": "module.security",
      "mode": "managed",
      "type": "akamai_appsec_rule",
      "name": "waf_aseweb_attackplatform_3000134",
      "provider": "provider[\"registry.terraform.io/akamai/akamai\"]",
      "instances": [
        {
          "schema_version": 0,
          "attributes": {
            "condition_exception": null,
            "config_id": 26906,
            "id": "26906:gfos_92914:3000134",
            "rule_action": "alert",
            "rule_id": 3000134,
            "security_policy_id": "gfos_92914"
          },
          "sensitive_attributes": [],
          "private": "eyJzY2hlbWFfdmVyc2lvbiI6IjAifQ=="
        }
      ]
    },
    {
      "module": "module.security",
      "mode": "managed",
      "type": "akamai_appsec_rule",
      "name": "waf_aseweb_attackplatform_3000135",
      "provider": "provider[\"registry.terraform.io/akamai/akamai\"]",
      "instances": [
        {
          "schema_version": 0,
          "attributes": {
            "condition_exception": null,
            "config_id": 26906,
            "id": "26906:gfos_92914:3000135",
            "rule_action": "alert",
            "rule_id": 3000135,
            "security_policy_id": "gfos_92914"
          },
          "sensitive_attributes": [],
          "private": "eyJzY2hlbWFfdmVyc2lvbiI6IjAifQ=="
        }
      ]
    },
    {
      "module": "module.security",
      "mode": "managed",
      "type": "akamai_appsec_rule",
      "name": "waf_aseweb_attackplatform_3000136",
      "provider": "provider[\"registry.terraform.io/akamai/akamai\"]",
      "instances": [
        {
          "schema_version": 0,
          "attributes": {
            "condition_exception": null,
            "config_id": 26906,
            "id": "26906:gfos_92914:3000136",
            "rule_action": "alert",
            "rule_id": 3000136,
            "security_policy_id": "gfos_92914"
          },
          "sensitive_attributes": [],
          "private": "eyJzY2hlbWFfdmVyc2lvbiI6IjAifQ=="
        }
      ]
    },
    {
      "module": "module.security",
      "mode": "managed",
      "type": "akamai_appsec_rule",
      "name": "waf_aseweb_attackplatform_3000139",
      "provider": "provider[\"registry.terraform.io/akamai/akamai\"]",
      "instances": [
        {
          "schema_version": 0,
          "attributes": {
            "condition_exception": null,
            "config_id": 26906,
            "id": "26906:gfos_92914:3000139",
            "rule_action": "alert",
            "rule_id": 3000139,
            "security_policy_id": "gfos_92914"
          },
          "sensitive_attributes": [],
          "private": "eyJzY2hlbWFfdmVyc2lvbiI6IjAifQ=="
        }
      ]
    },
    {
      "module": "module.security",
      "mode": "managed",
      "type": "akamai_appsec_rule",
      "name": "waf_aseweb_attackplatform_3000165",
      "provider": "provider[\"registry.terraform.io/akamai/akamai\"]",
      "instances": [
        {
          "schema_version": 0,
          "attributes": {
            "condition_exception": null,
            "config_id": 26906,
            "id": "26906:gfos_92914:3000165",
            "rule_action": "alert",
            "rule_id": 3000165,
            "security_policy_id": "gfos_92914"
          },
          "sensitive_attributes": [],
          "private": "eyJzY2hlbWFfdmVyc2lvbiI6IjAifQ=="
        }
      ]
    },
    {
      "module": "module.security",
      "mode": "managed",
      "type": "akamai_appsec_rule",
      "name": "waf_aseweb_attackplatform_3000166",
      "provider": "provider[\"registry.terraform.io/akamai/akamai\"]",
      "instances": [
        {
          "schema_version": 0,
          "attributes": {
            "condition_exception": null,
            "config_id": 26906,
            "id": "26906:gfos_92914:3000166",
            "rule_action": "alert",
            "rule_id": 3000166,
            "security_policy_id": "gfos_92914"
          },
          "sensitive_attributes": [],
          "private": "eyJzY2hlbWFfdmVyc2lvbiI6IjAifQ=="
        }
      ]
    },
    {
      "module": "module.security",
      "mode": "managed",
      "type": "akamai_appsec_rule",
      "name": "waf_aseweb_attackplatform_3000167",
      "provider": "provider[\"registry.terraform.io/akamai/akamai\"]",
      "instances": [
        {
          "schema_version": 0,
          "attributes": {
            "condition_exception": null,
            "config_id": 26906,
            "id": "26906:gfos_92914:3000167",
            "rule_action": "alert",
            "rule_id": 3000167,
            "security_policy_id": "gfos_92914"
          },
          "sensitive_attributes": [],
          "private": "eyJzY2hlbWFfdmVyc2lvbiI6IjAifQ=="
        }
      ]
    },
    {
      "module": "module.security",
      "mode": "managed",
      "type": "akamai_appsec_rule",
      "name": "waf_aseweb_attackplatform_3000168",
      "provider": "provider[\"registry.terraform.io/akamai/akamai\"]",
      "instances": [
        {
          "schema_version": 0,
          "attributes": {
            "condition_exception": null,
            "config_id": 26906,
            "id": "26906:gfos_92914:3000168",
            "rule_action": "alert",
            "rule_id": 3000168,
            "security_policy_id": "gfos_92914"
          },
          "sensitive_attributes": [],
          "private": "eyJzY2hlbWFfdmVyc2lvbiI6IjAifQ=="
        }
      ]
    },
    {
      "module": "module.security",
      "mode": "managed",
      "type": "akamai_appsec_rule",
      "name": "waf_aseweb_attackplatform_3000179",
      "provider": "provider[\"registry.terraform.io/akamai/akamai\"]",
      "instances": [
        {
          "schema_version": 0,
          "attributes": {
            "condition_exception": null,
            "config_id": 26906,
            "id": "26906:gfos_92914:3000179",
            "rule_action": "alert",
            "rule_id": 3000179,
            "security_policy_id": "gfos_92914"
          },
          "sensitive_attributes": [],
          "private": "eyJzY2hlbWFfdmVyc2lvbiI6IjAifQ=="
        }
      ]
    },
    {
      "module": "module.security",
      "mode": "managed",
      "type": "akamai_appsec_rule",
      "name": "waf_aseweb_attackplatform_3000182",
      "provider": "provider[\"registry.terraform.io/akamai/akamai\"]",
      "instances": [
        {
          "schema_version": 0,
          "attributes": {
            "condition_exception": null,
            "config_id": 26906,
            "id": "26906:gfos_92914:3000182",
            "rule_action": "alert",
            "rule_id": 3000182,
            "security_policy_id": "gfos_92914"
          },
          "sensitive_attributes": [],
          "private": "eyJzY2hlbWFfdmVyc2lvbiI6IjAifQ=="
        }
      ]
    },
    {
      "module": "module.security",
      "mode": "managed",
      "type": "akamai_appsec_rule",
      "name": "waf_aseweb_attackplatform_3000183",
      "provider": "provider[\"registry.terraform.io/akamai/akamai\"]",
      "instances": [
        {
          "schema_version": 0,
          "attributes": {
            "condition_exception": null,
            "config_id": 26906,
            "id": "26906:gfos_92914:3000183",
            "rule_action": "alert",
            "rule_id": 3000183,
            "security_policy_id": "gfos_92914"
          },
          "sensitive_attributes": [],
          "private": "eyJzY2hlbWFfdmVyc2lvbiI6IjAifQ=="
        }
      ]
    },
    {
      "module": "module.security",
      "mode": "managed",
      "type": "akamai_appsec_rule",
      "name": "waf_aseweb_attackplatform_3000184",
      "provider": "provider[\"registry.terraform.io/akamai/akamai\"]",
      "instances": [
        {
          "schema_version": 0,
          "attributes": {
            "condition_exception": null,
            "config_id": 26906,
            "id": "26906:gfos_92914:3000184",
            "rule_action": "alert",
            "rule_id": 3000184,
            "security_policy_id": "gfos_92914"
          },
          "sensitive_attributes": [],
          "private": "eyJzY2hlbWFfdmVyc2lvbiI6IjAifQ=="
        }
      ]
    },
    {
      "module": "module.security",
      "mode": "managed",
      "type": "akamai_appsec_rule",
      "name": "waf_aseweb_attackplatform_3000185",
      "provider": "provider[\"registry.terraform.io/akamai/akamai\"]",
      "instances": [
        {
          "schema_version": 0,
          "attributes": {
            "condition_exception": null,
            "config_id": 26906,
            "id": "26906:gfos_92914:3000185",
            "rule_action": "alert",
            "rule_id": 3000185,
            "security_policy_id": "gfos_92914"
          },
          "sensitive_attributes": [],
          "private": "eyJzY2hlbWFfdmVyc2lvbiI6IjAifQ=="
        }
      ]
    },
    {
      "module": "module.security",
      "mode": "managed",
      "type": "akamai_appsec_rule",
      "name": "waf_aseweb_attackplatform_3000186",
      "provider": "provider[\"registry.terraform.io/akamai/akamai\"]",
      "instances": [
        {
          "schema_version": 0,
          "attributes": {
            "condition_exception": null,
            "config_id": 26906,
            "id": "26906:gfos_92914:3000186",
            "rule_action": "alert",
            "rule_id": 3000186,
            "security_policy_id": "gfos_92914"
          },
          "sensitive_attributes": [],
          "private": "eyJzY2hlbWFfdmVyc2lvbiI6IjAifQ=="
        }
      ]
    },
    {
      "module": "module.security",
      "mode": "managed",
      "type": "akamai_appsec_rule",
      "name": "waf_aseweb_attackplatform_3000187",
      "provider": "provider[\"registry.terraform.io/akamai/akamai\"]",
      "instances": [
        {
          "schema_version": 0,
          "attributes": {
            "condition_exception": null,
            "config_id": 26906,
            "id": "26906:gfos_92914:3000187",
            "rule_action": "alert",
            "rule_id": 3000187,
            "security_policy_id": "gfos_92914"
          },
          "sensitive_attributes": [],
          "private": "eyJzY2hlbWFfdmVyc2lvbiI6IjAifQ=="
        }
      ]
    },
    {
      "module": "module.security",
      "mode": "managed",
      "type": "akamai_appsec_rule",
      "name": "waf_aseweb_attackplatform_3000188",
      "provider": "provider[\"registry.terraform.io/akamai/akamai\"]",
      "instances": [
        {
          "schema_version": 0,
          "attributes": {
            "condition_exception": null,
            "config_id": 26906,
            "id": "26906:gfos_92914:3000188",
            "rule_action": "alert",
            "rule_id": 3000188,
            "security_policy_id": "gfos_92914"
          },
          "sensitive_attributes": [],
          "private": "eyJzY2hlbWFfdmVyc2lvbiI6IjAifQ=="
        }
      ]
    },
    {
      "module": "module.security",
      "mode": "managed",
      "type": "akamai_appsec_rule",
      "name": "waf_aseweb_attackplatform_3000189",
      "provider": "provider[\"registry.terraform.io/akamai/akamai\"]",
      "instances": [
        {
          "schema_version": 0,
          "attributes": {
            "condition_exception": null,
            "config_id": 26906,
            "id": "26906:gfos_92914:3000189",
            "rule_action": "alert",
            "rule_id": 3000189,
            "security_policy_id": "gfos_92914"
          },
          "sensitive_attributes": [],
          "private": "eyJzY2hlbWFfdmVyc2lvbiI6IjAifQ=="
        }
      ]
    },
    {
      "module": "module.security",
      "mode": "managed",
      "type": "akamai_appsec_rule",
      "name": "waf_aseweb_attackplatform_3000190",
      "provider": "provider[\"registry.terraform.io/akamai/akamai\"]",
      "instances": [
        {
          "schema_version": 0,
          "attributes": {
            "condition_exception": null,
            "config_id": 26906,
            "id": "26906:gfos_92914:3000190",
            "rule_action": "alert",
            "rule_id": 3000190,
            "security_policy_id": "gfos_92914"
          },
          "sensitive_attributes": [],
          "private": "eyJzY2hlbWFfdmVyc2lvbiI6IjAifQ=="
        }
      ]
    },
    {
      "module": "module.security",
      "mode": "managed",
      "type": "akamai_appsec_rule",
      "name": "waf_aseweb_attackplatform_3000191",
      "provider": "provider[\"registry.terraform.io/akamai/akamai\"]",
      "instances": [
        {
          "schema_version": 0,
          "attributes": {
            "condition_exception": null,
            "config_id": 26906,
            "id": "26906:gfos_92914:3000191",
            "rule_action": "alert",
            "rule_id": 3000191,
            "security_policy_id": "gfos_92914"
          },
          "sensitive_attributes": [],
          "private": "eyJzY2hlbWFfdmVyc2lvbiI6IjAifQ=="
        }
      ]
    },
    {
      "module": "module.security",
      "mode": "managed",
      "type": "akamai_appsec_rule",
      "name": "waf_aseweb_attackplatform_3000193",
      "provider": "provider[\"registry.terraform.io/akamai/akamai\"]",
      "instances": [
        {
          "schema_version": 0,
          "attributes": {
            "condition_exception": null,
            "config_id": 26906,
            "id": "26906:gfos_92914:3000193",
            "rule_action": "alert",
            "rule_id": 3000193,
            "security_policy_id": "gfos_92914"
          },
          "sensitive_attributes": [],
          "private": "eyJzY2hlbWFfdmVyc2lvbiI6IjAifQ=="
        }
      ]
    },
    {
      "module": "module.security",
      "mode": "managed",
      "type": "akamai_appsec_rule",
      "name": "waf_aseweb_attackplatform_3000198",
      "provider": "provider[\"registry.terraform.io/akamai/akamai\"]",
      "instances": [
        {
          "schema_version": 0,
          "attributes": {
            "condition_exception": null,
            "config_id": 26906,
            "id": "26906:gfos_92914:3000198",
            "rule_action": "alert",
            "rule_id": 3000198,
            "security_policy_id": "gfos_92914"
          },
          "sensitive_attributes": [],
          "private": "eyJzY2hlbWFfdmVyc2lvbiI6IjAifQ=="
        }
      ]
    },
    {
      "module": "module.security",
      "mode": "managed",
      "type": "akamai_appsec_rule",
      "name": "waf_aseweb_attackplatform_3000199",
      "provider": "provider[\"registry.terraform.io/akamai/akamai\"]",
      "instances": [
        {
          "schema_version": 0,
          "attributes": {
            "condition_exception": null,
            "config_id": 26906,
            "id": "26906:gfos_92914:3000199",
            "rule_action": "alert",
            "rule_id": 3000199,
            "security_policy_id": "gfos_92914"
          },
          "sensitive_attributes": [],
          "private": "eyJzY2hlbWFfdmVyc2lvbiI6IjAifQ=="
        }
      ]
    },
    {
      "module": "module.security",
      "mode": "managed",
      "type": "akamai_appsec_rule",
      "name": "waf_aseweb_attackplatform_3000200",
      "provider": "provider[\"registry.terraform.io/akamai/akamai\"]",
      "instances": [
        {
          "schema_version": 0,
          "attributes": {
            "condition_exception": null,
            "config_id": 26906,
            "id": "26906:gfos_92914:3000200",
            "rule_action": "alert",
            "rule_id": 3000200,
            "security_policy_id": "gfos_92914"
          },
          "sensitive_attributes": [],
          "private": "eyJzY2hlbWFfdmVyc2lvbiI6IjAifQ=="
        }
      ]
    },
    {
      "module": "module.security",
      "mode": "managed",
      "type": "akamai_appsec_rule",
      "name": "waf_aseweb_attackplatform_3000202",
      "provider": "provider[\"registry.terraform.io/akamai/akamai\"]",
      "instances": [
        {
          "schema_version": 0,
          "attributes": {
            "condition_exception": null,
            "config_id": 26906,
            "id": "26906:gfos_92914:3000202",
            "rule_action": "alert",
            "rule_id": 3000202,
            "security_policy_id": "gfos_92914"
          },
          "sensitive_attributes": [],
          "private": "eyJzY2hlbWFfdmVyc2lvbiI6IjAifQ=="
        }
      ]
    },
    {
      "module": "module.security",
      "mode": "managed",
      "type": "akamai_appsec_rule",
      "name": "waf_aseweb_attackplatform_3000901",
      "provider": "provider[\"registry.terraform.io/akamai/akamai\"]",
      "instances": [
        {
          "schema_version": 0,
          "attributes": {
            "condition_exception": null,
            "config_id": 26906,
            "id": "26906:gfos_92914:3000901",
            "rule_action": "alert",
            "rule_id": 3000901,
            "security_policy_id": "gfos_92914"
          },
          "sensitive_attributes": [],
          "private": "eyJzY2hlbWFfdmVyc2lvbiI6IjAifQ=="
        }
      ]
    },
    {
      "module": "module.security",
      "mode": "managed",
      "type": "akamai_appsec_rule",
      "name": "waf_aseweb_attackplatform_3000902",
      "provider": "provider[\"registry.terraform.io/akamai/akamai\"]",
      "instances": [
        {
          "schema_version": 0,
          "attributes": {
            "condition_exception": null,
            "config_id": 26906,
            "id": "26906:gfos_92914:3000902",
            "rule_action": "alert",
            "rule_id": 3000902,
            "security_policy_id": "gfos_92914"
          },
          "sensitive_attributes": [],
          "private": "eyJzY2hlbWFfdmVyc2lvbiI6IjAifQ=="
        }
      ]
    },
    {
      "module": "module.security",
      "mode": "managed",
      "type": "akamai_appsec_rule",
      "name": "waf_aseweb_attackplatform_3000903",
      "provider": "provider[\"registry.terraform.io/akamai/akamai\"]",
      "instances": [
        {
          "schema_version": 0,
          "attributes": {
            "condition_exception": null,
            "config_id": 26906,
            "id": "26906:gfos_92914:3000903",
            "rule_action": "alert",
            "rule_id": 3000903,
            "security_policy_id": "gfos_92914"
          },
          "sensitive_attributes": [],
          "private": "eyJzY2hlbWFfdmVyc2lvbiI6IjAifQ=="
        }
      ]
    },
    {
      "module": "module.security",
      "mode": "managed",
      "type": "akamai_appsec_rule",
      "name": "waf_aseweb_attackplatform_3000904",
      "provider": "provider[\"registry.terraform.io/akamai/akamai\"]",
      "instances": [
        {
          "schema_version": 0,
          "attributes": {
            "condition_exception": null,
            "config_id": 26906,
            "id": "26906:gfos_92914:3000904",
            "rule_action": "alert",
            "rule_id": 3000904,
            "security_policy_id": "gfos_92914"
          },
          "sensitive_attributes": [],
          "private": "eyJzY2hlbWFfdmVyc2lvbiI6IjAifQ=="
        }
      ]
    },
    {
      "module": "module.security",
      "mode": "managed",
      "type": "akamai_appsec_rule",
      "name": "waf_aseweb_attackplatform_3000905",
      "provider": "provider[\"registry.terraform.io/akamai/akamai\"]",
      "instances": [
        {
          "schema_version": 0,
          "attributes": {
            "condition_exception": null,
            "config_id": 26906,
            "id": "26906:gfos_92914:3000905",
            "rule_action": "alert",
            "rule_id": 3000905,
            "security_policy_id": "gfos_92914"
          },
          "sensitive_attributes": [],
          "private": "eyJzY2hlbWFfdmVyc2lvbiI6IjAifQ=="
        }
      ]
    },
    {
      "module": "module.security",
      "mode": "managed",
      "type": "akamai_appsec_rule",
      "name": "waf_aseweb_attackplatform_3000906",
      "provider": "provider[\"registry.terraform.io/akamai/akamai\"]",
      "instances": [
        {
          "schema_version": 0,
          "attributes": {
            "condition_exception": null,
            "config_id": 26906,
            "id": "26906:gfos_92914:3000906",
            "rule_action": "alert",
            "rule_id": 3000906,
            "security_policy_id": "gfos_92914"
          },
          "sensitive_attributes": [],
          "private": "eyJzY2hlbWFfdmVyc2lvbiI6IjAifQ=="
        }
      ]
    },
    {
      "module": "module.security",
      "mode": "managed",
      "type": "akamai_appsec_rule",
      "name": "waf_aseweb_attackplatform_3000907",
      "provider": "provider[\"registry.terraform.io/akamai/akamai\"]",
      "instances": [
        {
          "schema_version": 0,
          "attributes": {
            "condition_exception": null,
            "config_id": 26906,
            "id": "26906:gfos_92914:3000907",
            "rule_action": "alert",
            "rule_id": 3000907,
            "security_policy_id": "gfos_92914"
          },
          "sensitive_attributes": [],
          "private": "eyJzY2hlbWFfdmVyc2lvbiI6IjAifQ=="
        }
      ]
    },
    {
      "module": "module.security",
      "mode": "managed",
      "type": "akamai_appsec_rule",
      "name": "waf_aseweb_attackplatform_3000908",
      "provider": "provider[\"registry.terraform.io/akamai/akamai\"]",
      "instances": [
        {
          "schema_version": 0,
          "attributes": {
            "condition_exception": null,
            "config_id": 26906,
            "id": "26906:gfos_92914:3000908",
            "rule_action": "alert",
            "rule_id": 3000908,
            "security_policy_id": "gfos_92914"
          },
          "sensitive_attributes": [],
          "private": "eyJzY2hlbWFfdmVyc2lvbiI6IjAifQ=="
        }
      ]
    },
    {
      "module": "module.security",
      "mode": "managed",
      "type": "akamai_appsec_rule",
      "name": "waf_aseweb_attackplatform_3000909",
      "provider": "provider[\"registry.terraform.io/akamai/akamai\"]",
      "instances": [
        {
          "schema_version": 0,
          "attributes": {
            "condition_exception": null,
            "config_id": 26906,
            "id": "26906:gfos_92914:3000909",
            "rule_action": "alert",
            "rule_id": 3000909,
            "security_policy_id": "gfos_92914"
          },
          "sensitive_attributes": [],
          "private": "eyJzY2hlbWFfdmVyc2lvbiI6IjAifQ=="
        }
      ]
    },
    {
      "module": "module.security",
      "mode": "managed",
      "type": "akamai_appsec_rule",
      "name": "waf_aseweb_attackplatform_3000910",
      "provider": "provider[\"registry.terraform.io/akamai/akamai\"]",
      "instances": [
        {
          "schema_version": 0,
          "attributes": {
            "condition_exception": null,
            "config_id": 26906,
            "id": "26906:gfos_92914:3000910",
            "rule_action": "alert",
            "rule_id": 3000910,
            "security_policy_id": "gfos_92914"
          },
          "sensitive_attributes": [],
          "private": "eyJzY2hlbWFfdmVyc2lvbiI6IjAifQ=="
        }
      ]
    },
    {
      "module": "module.security",
      "mode": "managed",
      "type": "akamai_appsec_rule",
      "name": "waf_aseweb_attackplatform_3000911",
      "provider": "provider[\"registry.terraform.io/akamai/akamai\"]",
      "instances": [
        {
          "schema_version": 0,
          "attributes": {
            "condition_exception": null,
            "config_id": 26906,
            "id": "26906:gfos_92914:3000911",
            "rule_action": "alert",
            "rule_id": 3000911,
            "security_policy_id": "gfos_92914"
          },
          "sensitive_attributes": [],
          "private": "eyJzY2hlbWFfdmVyc2lvbiI6IjAifQ=="
        }
      ]
    },
    {
      "module": "module.security",
      "mode": "managed",
      "type": "akamai_appsec_rule",
      "name": "waf_aseweb_attackplatform_3000912",
      "provider": "provider[\"registry.terraform.io/akamai/akamai\"]",
      "instances": [
        {
          "schema_version": 0,
          "attributes": {
            "condition_exception": null,
            "config_id": 26906,
            "id": "26906:gfos_92914:3000912",
            "rule_action": "alert",
            "rule_id": 3000912,
            "security_policy_id": "gfos_92914"
          },
          "sensitive_attributes": [],
          "private": "eyJzY2hlbWFfdmVyc2lvbiI6IjAifQ=="
        }
      ]
    },
    {
      "module": "module.security",
      "mode": "managed",
      "type": "akamai_appsec_rule",
      "name": "waf_aseweb_attackplatform_3000913",
      "provider": "provider[\"registry.terraform.io/akamai/akamai\"]",
      "instances": [
        {
          "schema_version": 0,
          "attributes": {
            "condition_exception": null,
            "config_id": 26906,
            "id": "26906:gfos_92914:3000913",
            "rule_action": "alert",
            "rule_id": 3000913,
            "security_policy_id": "gfos_92914"
          },
          "sensitive_attributes": [],
          "private": "eyJzY2hlbWFfdmVyc2lvbiI6IjAifQ=="
        }
      ]
    },
    {
      "module": "module.security",
      "mode": "managed",
      "type": "akamai_appsec_rule",
      "name": "waf_aseweb_attackplatform_3000914",
      "provider": "provider[\"registry.terraform.io/akamai/akamai\"]",
      "instances": [
        {
          "schema_version": 0,
          "attributes": {
            "condition_exception": null,
            "config_id": 26906,
            "id": "26906:gfos_92914:3000914",
            "rule_action": "alert",
            "rule_id": 3000914,
            "security_policy_id": "gfos_92914"
          },
          "sensitive_attributes": [],
          "private": "eyJzY2hlbWFfdmVyc2lvbiI6IjAifQ=="
        }
      ]
    },
    {
      "module": "module.security",
      "mode": "managed",
      "type": "akamai_appsec_rule",
      "name": "waf_aseweb_attackplatform_3000915",
      "provider": "provider[\"registry.terraform.io/akamai/akamai\"]",
      "instances": [
        {
          "schema_version": 0,
          "attributes": {
            "condition_exception": null,
            "config_id": 26906,
            "id": "26906:gfos_92914:3000915",
            "rule_action": "alert",
            "rule_id": 3000915,
            "security_policy_id": "gfos_92914"
          },
          "sensitive_attributes": [],
          "private": "eyJzY2hlbWFfdmVyc2lvbiI6IjAifQ=="
        }
      ]
    },
    {
      "module": "module.security",
      "mode": "managed",
      "type": "akamai_appsec_rule",
      "name": "waf_aseweb_attackplatform_3000916",
      "provider": "provider[\"registry.terraform.io/akamai/akamai\"]",
      "instances": [
        {
          "schema_version": 0,
          "attributes": {
            "condition_exception": null,
            "config_id": 26906,
            "id": "26906:gfos_92914:3000916",
            "rule_action": "alert",
            "rule_id": 3000916,
            "security_policy_id": "gfos_92914"
          },
          "sensitive_attributes": [],
          "private": "eyJzY2hlbWFfdmVyc2lvbiI6IjAifQ=="
        }
      ]
    },
    {
      "module": "module.security",
      "mode": "managed",
      "type": "akamai_appsec_rule",
      "name": "waf_aseweb_attackplatform_3000917",
      "provider": "provider[\"registry.terraform.io/akamai/akamai\"]",
      "instances": [
        {
          "schema_version": 0,
          "attributes": {
            "condition_exception": null,
            "config_id": 26906,
            "id": "26906:gfos_92914:3000917",
            "rule_action": "alert",
            "rule_id": 3000917,
            "security_policy_id": "gfos_92914"
          },
          "sensitive_attributes": [],
          "private": "eyJzY2hlbWFfdmVyc2lvbiI6IjAifQ=="
        }
      ]
    },
    {
      "module": "module.security",
      "mode": "managed",
      "type": "akamai_appsec_rule",
      "name": "waf_aseweb_attackplatform_3000918",
      "provider": "provider[\"registry.terraform.io/akamai/akamai\"]",
      "instances": [
        {
          "schema_version": 0,
          "attributes": {
            "condition_exception": null,
            "config_id": 26906,
            "id": "26906:gfos_92914:3000918",
            "rule_action": "alert",
            "rule_id": 3000918,
            "security_policy_id": "gfos_92914"
          },
          "sensitive_attributes": [],
          "private": "eyJzY2hlbWFfdmVyc2lvbiI6IjAifQ=="
        }
      ]
    },
    {
      "module": "module.security",
      "mode": "managed",
      "type": "akamai_appsec_rule",
      "name": "waf_aseweb_attackplatform_3000919",
      "provider": "provider[\"registry.terraform.io/akamai/akamai\"]",
      "instances": [
        {
          "schema_version": 0,
          "attributes": {
            "condition_exception": null,
            "config_id": 26906,
            "id": "26906:gfos_92914:3000919",
            "rule_action": "alert",
            "rule_id": 3000919,
            "security_policy_id": "gfos_92914"
          },
          "sensitive_attributes": [],
          "private": "eyJzY2hlbWFfdmVyc2lvbiI6IjAifQ=="
        }
      ]
    },
    {
      "module": "module.security",
      "mode": "managed",
      "type": "akamai_appsec_rule",
      "name": "waf_aseweb_attackplatform_3000920",
      "provider": "provider[\"registry.terraform.io/akamai/akamai\"]",
      "instances": [
        {
          "schema_version": 0,
          "attributes": {
            "condition_exception": null,
            "config_id": 26906,
            "id": "26906:gfos_92914:3000920",
            "rule_action": "alert",
            "rule_id": 3000920,
            "security_policy_id": "gfos_92914"
          },
          "sensitive_attributes": [],
          "private": "eyJzY2hlbWFfdmVyc2lvbiI6IjAifQ=="
        }
      ]
    },
    {
      "module": "module.security",
      "mode": "managed",
      "type": "akamai_appsec_rule",
      "name": "waf_aseweb_attackplatform_3000921",
      "provider": "provider[\"registry.terraform.io/akamai/akamai\"]",
      "instances": [
        {
          "schema_version": 0,
          "attributes": {
            "condition_exception": null,
            "config_id": 26906,
            "id": "26906:gfos_92914:3000921",
            "rule_action": "alert",
            "rule_id": 3000921,
            "security_policy_id": "gfos_92914"
          },
          "sensitive_attributes": [],
          "private": "eyJzY2hlbWFfdmVyc2lvbiI6IjAifQ=="
        }
      ]
    },
    {
      "module": "module.security",
      "mode": "managed",
      "type": "akamai_appsec_rule",
      "name": "waf_aseweb_attackplatform_3000922",
      "provider": "provider[\"registry.terraform.io/akamai/akamai\"]",
      "instances": [
        {
          "schema_version": 0,
          "attributes": {
            "condition_exception": null,
            "config_id": 26906,
            "id": "26906:gfos_92914:3000922",
            "rule_action": "alert",
            "rule_id": 3000922,
            "security_policy_id": "gfos_92914"
          },
          "sensitive_attributes": [],
          "private": "eyJzY2hlbWFfdmVyc2lvbiI6IjAifQ=="
        }
      ]
    },
    {
      "module": "module.security",
      "mode": "managed",
      "type": "akamai_appsec_rule",
      "name": "waf_aseweb_attackplatform_3000923",
      "provider": "provider[\"registry.terraform.io/akamai/akamai\"]",
      "instances": [
        {
          "schema_version": 0,
          "attributes": {
            "condition_exception": null,
            "config_id": 26906,
            "id": "26906:gfos_92914:3000923",
            "rule_action": "alert",
            "rule_id": 3000923,
            "security_policy_id": "gfos_92914"
          },
          "sensitive_attributes": [],
          "private": "eyJzY2hlbWFfdmVyc2lvbiI6IjAifQ=="
        }
      ]
    },
    {
      "module": "module.security",
      "mode": "managed",
      "type": "akamai_appsec_rule",
      "name": "waf_aseweb_attackplatform_3000924",
      "provider": "provider[\"registry.terraform.io/akamai/akamai\"]",
      "instances": [
        {
          "schema_version": 0,
          "attributes": {
            "condition_exception": null,
            "config_id": 26906,
            "id": "26906:gfos_92914:3000924",
            "rule_action": "alert",
            "rule_id": 3000924,
            "security_policy_id": "gfos_92914"
          },
          "sensitive_attributes": [],
          "private": "eyJzY2hlbWFfdmVyc2lvbiI6IjAifQ=="
        }
      ]
    },
    {
      "module": "module.security",
      "mode": "managed",
      "type": "akamai_appsec_rule",
      "name": "waf_aseweb_attackplatform_3000925",
      "provider": "provider[\"registry.terraform.io/akamai/akamai\"]",
      "instances": [
        {
          "schema_version": 0,
          "attributes": {
            "condition_exception": null,
            "config_id": 26906,
            "id": "26906:gfos_92914:3000925",
            "rule_action": "alert",
            "rule_id": 3000925,
            "security_policy_id": "gfos_92914"
          },
          "sensitive_attributes": [],
          "private": "eyJzY2hlbWFfdmVyc2lvbiI6IjAifQ=="
        }
      ]
    },
    {
      "module": "module.security",
      "mode": "managed",
      "type": "akamai_appsec_rule",
      "name": "waf_aseweb_attackplatform_3000926",
      "provider": "provider[\"registry.terraform.io/akamai/akamai\"]",
      "instances": [
        {
          "schema_version": 0,
          "attributes": {
            "condition_exception": null,
            "config_id": 26906,
            "id": "26906:gfos_92914:3000926",
            "rule_action": "alert",
            "rule_id": 3000926,
            "security_policy_id": "gfos_92914"
          },
          "sensitive_attributes": [],
          "private": "eyJzY2hlbWFfdmVyc2lvbiI6IjAifQ=="
        }
      ]
    },
    {
      "module": "module.security",
      "mode": "managed",
      "type": "akamai_appsec_rule",
      "name": "waf_aseweb_attackplatform_3000927",
      "provider": "provider[\"registry.terraform.io/akamai/akamai\"]",
      "instances": [
        {
          "schema_version": 0,
          "attributes": {
            "condition_exception": null,
            "config_id": 26906,
            "id": "26906:gfos_92914:3000927",
            "rule_action": "alert",
            "rule_id": 3000927,
            "security_policy_id": "gfos_92914"
          },
          "sensitive_attributes": [],
          "private": "eyJzY2hlbWFfdmVyc2lvbiI6IjAifQ=="
        }
      ]
    },
    {
      "module": "module.security",
      "mode": "managed",
      "type": "akamai_appsec_rule",
      "name": "waf_aseweb_attackplatform_3000928",
      "provider": "provider[\"registry.terraform.io/akamai/akamai\"]",
      "instances": [
        {
          "schema_version": 0,
          "attributes": {
            "condition_exception": null,
            "config_id": 26906,
            "id": "26906:gfos_92914:3000928",
            "rule_action": "alert",
            "rule_id": 3000928,
            "security_policy_id": "gfos_92914"
          },
          "sensitive_attributes": [],
          "private": "eyJzY2hlbWFfdmVyc2lvbiI6IjAifQ=="
        }
      ]
    },
    {
      "module": "module.security",
      "mode": "managed",
      "type": "akamai_appsec_rule",
      "name": "waf_aseweb_attackplatform_3000929",
      "provider": "provider[\"registry.terraform.io/akamai/akamai\"]",
      "instances": [
        {
          "schema_version": 0,
          "attributes": {
            "condition_exception": null,
            "config_id": 26906,
            "id": "26906:gfos_92914:3000929",
            "rule_action": "alert",
            "rule_id": 3000929,
            "security_policy_id": "gfos_92914"
          },
          "sensitive_attributes": [],
          "private": "eyJzY2hlbWFfdmVyc2lvbiI6IjAifQ=="
        }
      ]
    },
    {
      "module": "module.security",
      "mode": "managed",
      "type": "akamai_appsec_rule",
      "name": "waf_aseweb_attackplatform_3000930",
      "provider": "provider[\"registry.terraform.io/akamai/akamai\"]",
      "instances": [
        {
          "schema_version": 0,
          "attributes": {
            "condition_exception": null,
            "config_id": 26906,
            "id": "26906:gfos_92914:3000930",
            "rule_action": "alert",
            "rule_id": 3000930,
            "security_policy_id": "gfos_92914"
          },
          "sensitive_attributes": [],
          "private": "eyJzY2hlbWFfdmVyc2lvbiI6IjAifQ=="
        }
      ]
    },
    {
      "module": "module.security",
      "mode": "managed",
      "type": "akamai_appsec_rule",
      "name": "waf_aseweb_attackplatform_3000931",
      "provider": "provider[\"registry.terraform.io/akamai/akamai\"]",
      "instances": [
        {
          "schema_version": 0,
          "attributes": {
            "condition_exception": null,
            "config_id": 26906,
            "id": "26906:gfos_92914:3000931",
            "rule_action": "alert",
            "rule_id": 3000931,
            "security_policy_id": "gfos_92914"
          },
          "sensitive_attributes": [],
          "private": "eyJzY2hlbWFfdmVyc2lvbiI6IjAifQ=="
        }
      ]
    },
    {
      "module": "module.security",
      "mode": "managed",
      "type": "akamai_appsec_rule",
      "name": "waf_aseweb_attackplatform_3000932",
      "provider": "provider[\"registry.terraform.io/akamai/akamai\"]",
      "instances": [
        {
          "schema_version": 0,
          "attributes": {
            "condition_exception": null,
            "config_id": 26906,
            "id": "26906:gfos_92914:3000932",
            "rule_action": "alert",
            "rule_id": 3000932,
            "security_policy_id": "gfos_92914"
          },
          "sensitive_attributes": [],
          "private": "eyJzY2hlbWFfdmVyc2lvbiI6IjAifQ=="
        }
      ]
    },
    {
      "module": "module.security",
      "mode": "managed",
      "type": "akamai_appsec_rule",
      "name": "waf_aseweb_attackplatform_3000933",
      "provider": "provider[\"registry.terraform.io/akamai/akamai\"]",
      "instances": [
        {
          "schema_version": 0,
          "attributes": {
            "condition_exception": null,
            "config_id": 26906,
            "id": "26906:gfos_92914:3000933",
            "rule_action": "alert",
            "rule_id": 3000933,
            "security_policy_id": "gfos_92914"
          },
          "sensitive_attributes": [],
          "private": "eyJzY2hlbWFfdmVyc2lvbiI6IjAifQ=="
        }
      ]
    },
    {
      "module": "module.security",
      "mode": "managed",
      "type": "akamai_appsec_rule",
      "name": "waf_aseweb_attackplatform_3000934",
      "provider": "provider[\"registry.terraform.io/akamai/akamai\"]",
      "instances": [
        {
          "schema_version": 0,
          "attributes": {
            "condition_exception": null,
            "config_id": 26906,
            "id": "26906:gfos_92914:3000934",
            "rule_action": "alert",
            "rule_id": 3000934,
            "security_policy_id": "gfos_92914"
          },
          "sensitive_attributes": [],
          "private": "eyJzY2hlbWFfdmVyc2lvbiI6IjAifQ=="
        }
      ]
    },
    {
      "module": "module.security",
      "mode": "managed",
      "type": "akamai_appsec_rule",
      "name": "waf_aseweb_attackplatform_3000935",
      "provider": "provider[\"registry.terraform.io/akamai/akamai\"]",
      "instances": [
        {
          "schema_version": 0,
          "attributes": {
            "condition_exception": null,
            "config_id": 26906,
            "id": "26906:gfos_92914:3000935",
            "rule_action": "alert",
            "rule_id": 3000935,
            "security_policy_id": "gfos_92914"
          },
          "sensitive_attributes": [],
          "private": "eyJzY2hlbWFfdmVyc2lvbiI6IjAifQ=="
        }
      ]
    },
    {
      "module": "module.security",
      "mode": "managed",
      "type": "akamai_appsec_rule",
      "name": "waf_aseweb_attackplatform_3000936",
      "provider": "provider[\"registry.terraform.io/akamai/akamai\"]",
      "instances": [
        {
          "schema_version": 0,
          "attributes": {
            "condition_exception": null,
            "config_id": 26906,
            "id": "26906:gfos_92914:3000936",
            "rule_action": "alert",
            "rule_id": 3000936,
            "security_policy_id": "gfos_92914"
          },
          "sensitive_attributes": [],
          "private": "eyJzY2hlbWFfdmVyc2lvbiI6IjAifQ=="
        }
      ]
    },
    {
      "module": "module.security",
      "mode": "managed",
      "type": "akamai_appsec_rule",
      "name": "waf_aseweb_attackplatform_3000937",
      "provider": "provider[\"registry.terraform.io/akamai/akamai\"]",
      "instances": [
        {
          "schema_version": 0,
          "attributes": {
            "condition_exception": null,
            "config_id": 26906,
            "id": "26906:gfos_92914:3000937",
            "rule_action": "alert",
            "rule_id": 3000937,
            "security_policy_id": "gfos_92914"
          },
          "sensitive_attributes": [],
          "private": "eyJzY2hlbWFfdmVyc2lvbiI6IjAifQ=="
        }
      ]
    },
    {
      "module": "module.security",
      "mode": "managed",
      "type": "akamai_appsec_rule",
      "name": "waf_aseweb_attackplatform_3000939",
      "provider": "provider[\"registry.terraform.io/akamai/akamai\"]",
      "instances": [
        {
          "schema_version": 0,
          "attributes": {
            "condition_exception": null,
            "config_id": 26906,
            "id": "26906:gfos_92914:3000939",
            "rule_action": "alert",
            "rule_id": 3000939,
            "security_policy_id": "gfos_92914"
          },
          "sensitive_attributes": [],
          "private": "eyJzY2hlbWFfdmVyc2lvbiI6IjAifQ=="
        }
      ]
    },
    {
      "module": "module.security",
      "mode": "managed",
      "type": "akamai_appsec_rule",
      "name": "waf_aseweb_attackplatform_3000940",
      "provider": "provider[\"registry.terraform.io/akamai/akamai\"]",
      "instances": [
        {
          "schema_version": 0,
          "attributes": {
            "condition_exception": null,
            "config_id": 26906,
            "id": "26906:gfos_92914:3000940",
            "rule_action": "alert",
            "rule_id": 3000940,
            "security_policy_id": "gfos_92914"
          },
          "sensitive_attributes": [],
          "private": "eyJzY2hlbWFfdmVyc2lvbiI6IjAifQ=="
        }
      ]
    },
    {
      "module": "module.security",
      "mode": "managed",
      "type": "akamai_appsec_rule",
      "name": "waf_aseweb_attackplatform_3000941",
      "provider": "provider[\"registry.terraform.io/akamai/akamai\"]",
      "instances": [
        {
          "schema_version": 0,
          "attributes": {
            "condition_exception": null,
            "config_id": 26906,
            "id": "26906:gfos_92914:3000941",
            "rule_action": "alert",
            "rule_id": 3000941,
            "security_policy_id": "gfos_92914"
          },
          "sensitive_attributes": [],
          "private": "eyJzY2hlbWFfdmVyc2lvbiI6IjAifQ=="
        }
      ]
    },
    {
      "module": "module.security",
      "mode": "managed",
      "type": "akamai_appsec_rule",
      "name": "waf_aseweb_attackplatform_3000942",
      "provider": "provider[\"registry.terraform.io/akamai/akamai\"]",
      "instances": [
        {
          "schema_version": 0,
          "attributes": {
            "condition_exception": null,
            "config_id": 26906,
            "id": "26906:gfos_92914:3000942",
            "rule_action": "alert",
            "rule_id": 3000942,
            "security_policy_id": "gfos_92914"
          },
          "sensitive_attributes": [],
          "private": "eyJzY2hlbWFfdmVyc2lvbiI6IjAifQ=="
        }
      ]
    },
    {
      "module": "module.security",
      "mode": "managed",
      "type": "akamai_appsec_rule",
      "name": "waf_aseweb_attackplatform_3000943",
      "provider": "provider[\"registry.terraform.io/akamai/akamai\"]",
      "instances": [
        {
          "schema_version": 0,
          "attributes": {
            "condition_exception": null,
            "config_id": 26906,
            "id": "26906:gfos_92914:3000943",
            "rule_action": "alert",
            "rule_id": 3000943,
            "security_policy_id": "gfos_92914"
          },
          "sensitive_attributes": [],
          "private": "eyJzY2hlbWFfdmVyc2lvbiI6IjAifQ=="
        }
      ]
    },
    {
      "module": "module.security",
      "mode": "managed",
      "type": "akamai_appsec_rule",
      "name": "waf_aseweb_attackplatform_3000944",
      "provider": "provider[\"registry.terraform.io/akamai/akamai\"]",
      "instances": [
        {
          "schema_version": 0,
          "attributes": {
            "condition_exception": null,
            "config_id": 26906,
            "id": "26906:gfos_92914:3000944",
            "rule_action": "alert",
            "rule_id": 3000944,
            "security_policy_id": "gfos_92914"
          },
          "sensitive_attributes": [],
          "private": "eyJzY2hlbWFfdmVyc2lvbiI6IjAifQ=="
        }
      ]
    },
    {
      "module": "module.security",
      "mode": "managed",
      "type": "akamai_appsec_rule",
      "name": "waf_aseweb_attackplatform_3000945",
      "provider": "provider[\"registry.terraform.io/akamai/akamai\"]",
      "instances": [
        {
          "schema_version": 0,
          "attributes": {
            "condition_exception": null,
            "config_id": 26906,
            "id": "26906:gfos_92914:3000945",
            "rule_action": "alert",
            "rule_id": 3000945,
            "security_policy_id": "gfos_92914"
          },
          "sensitive_attributes": [],
          "private": "eyJzY2hlbWFfdmVyc2lvbiI6IjAifQ=="
        }
      ]
    },
    {
      "module": "module.security",
      "mode": "managed",
      "type": "akamai_appsec_rule",
      "name": "waf_aseweb_attackplatform_3000946",
      "provider": "provider[\"registry.terraform.io/akamai/akamai\"]",
      "instances": [
        {
          "schema_version": 0,
          "attributes": {
            "condition_exception": null,
            "config_id": 26906,
            "id": "26906:gfos_92914:3000946",
            "rule_action": "alert",
            "rule_id": 3000946,
            "security_policy_id": "gfos_92914"
          },
          "sensitive_attributes": [],
          "private": "eyJzY2hlbWFfdmVyc2lvbiI6IjAifQ=="
        }
      ]
    },
    {
      "module": "module.security",
      "mode": "managed",
      "type": "akamai_appsec_rule",
      "name": "waf_aseweb_attackplatform_3000950",
      "provider": "provider[\"registry.terraform.io/akamai/akamai\"]",
      "instances": [
        {
          "schema_version": 0,
          "attributes": {
            "condition_exception": null,
            "config_id": 26906,
            "id": "26906:gfos_92914:3000950",
            "rule_action": "alert",
            "rule_id": 3000950,
            "security_policy_id": "gfos_92914"
          },
          "sensitive_attributes": [],
          "private": "eyJzY2hlbWFfdmVyc2lvbiI6IjAifQ=="
        }
      ]
    },
    {
      "module": "module.security",
      "mode": "managed",
      "type": "akamai_appsec_rule",
      "name": "waf_aseweb_attackplatform_3000951",
      "provider": "provider[\"registry.terraform.io/akamai/akamai\"]",
      "instances": [
        {
          "schema_version": 0,
          "attributes": {
            "condition_exception": null,
            "config_id": 26906,
            "id": "26906:gfos_92914:3000951",
            "rule_action": "alert",
            "rule_id": 3000951,
            "security_policy_id": "gfos_92914"
          },
          "sensitive_attributes": [],
          "private": "eyJzY2hlbWFfdmVyc2lvbiI6IjAifQ=="
        }
      ]
    },
    {
      "module": "module.security",
      "mode": "managed",
      "type": "akamai_appsec_rule",
      "name": "waf_aseweb_attackplatform_3000952",
      "provider": "provider[\"registry.terraform.io/akamai/akamai\"]",
      "instances": [
        {
          "schema_version": 0,
          "attributes": {
            "condition_exception": null,
            "config_id": 26906,
            "id": "26906:gfos_92914:3000952",
            "rule_action": "alert",
            "rule_id": 3000952,
            "security_policy_id": "gfos_92914"
          },
          "sensitive_attributes": [],
          "private": "eyJzY2hlbWFfdmVyc2lvbiI6IjAifQ=="
        }
      ]
    },
    {
      "module": "module.security",
      "mode": "managed",
      "type": "akamai_appsec_rule",
      "name": "waf_aseweb_attackplatform_3000953",
      "provider": "provider[\"registry.terraform.io/akamai/akamai\"]",
      "instances": [
        {
          "schema_version": 0,
          "attributes": {
            "condition_exception": null,
            "config_id": 26906,
            "id": "26906:gfos_92914:3000953",
            "rule_action": "alert",
            "rule_id": 3000953,
            "security_policy_id": "gfos_92914"
          },
          "sensitive_attributes": [],
          "private": "eyJzY2hlbWFfdmVyc2lvbiI6IjAifQ=="
        }
      ]
    },
    {
      "module": "module.security",
      "mode": "managed",
      "type": "akamai_appsec_rule",
      "name": "waf_aseweb_attackplatform_3000954",
      "provider": "provider[\"registry.terraform.io/akamai/akamai\"]",
      "instances": [
        {
          "schema_version": 0,
          "attributes": {
            "condition_exception": null,
            "config_id": 26906,
            "id": "26906:gfos_92914:3000954",
            "rule_action": "alert",
            "rule_id": 3000954,
            "security_policy_id": "gfos_92914"
          },
          "sensitive_attributes": [],
          "private": "eyJzY2hlbWFfdmVyc2lvbiI6IjAifQ=="
        }
      ]
    },
    {
      "module": "module.security",
      "mode": "managed",
      "type": "akamai_appsec_rule",
      "name": "waf_aseweb_attackplatform_3000955",
      "provider": "provider[\"registry.terraform.io/akamai/akamai\"]",
      "instances": [
        {
          "schema_version": 0,
          "attributes": {
            "condition_exception": null,
            "config_id": 26906,
            "id": "26906:gfos_92914:3000955",
            "rule_action": "alert",
            "rule_id": 3000955,
            "security_policy_id": "gfos_92914"
          },
          "sensitive_attributes": [],
          "private": "eyJzY2hlbWFfdmVyc2lvbiI6IjAifQ=="
        }
      ]
    },
    {
      "module": "module.security",
      "mode": "managed",
      "type": "akamai_appsec_rule",
      "name": "waf_aseweb_attackplatform_3000956",
      "provider": "provider[\"registry.terraform.io/akamai/akamai\"]",
      "instances": [
        {
          "schema_version": 0,
          "attributes": {
            "condition_exception": null,
            "config_id": 26906,
            "id": "26906:gfos_92914:3000956",
            "rule_action": "alert",
            "rule_id": 3000956,
            "security_policy_id": "gfos_92914"
          },
          "sensitive_attributes": [],
          "private": "eyJzY2hlbWFfdmVyc2lvbiI6IjAifQ=="
        }
      ]
    },
    {
      "module": "module.security",
      "mode": "managed",
      "type": "akamai_appsec_rule",
      "name": "waf_aseweb_attackplatform_3000957",
      "provider": "provider[\"registry.terraform.io/akamai/akamai\"]",
      "instances": [
        {
          "schema_version": 0,
          "attributes": {
            "condition_exception": null,
            "config_id": 26906,
            "id": "26906:gfos_92914:3000957",
            "rule_action": "alert",
            "rule_id": 3000957,
            "security_policy_id": "gfos_92914"
          },
          "sensitive_attributes": [],
          "private": "eyJzY2hlbWFfdmVyc2lvbiI6IjAifQ=="
        }
      ]
    },
    {
      "module": "module.security",
      "mode": "managed",
      "type": "akamai_appsec_rule",
      "name": "waf_aseweb_attackplatform_3000959",
      "provider": "provider[\"registry.terraform.io/akamai/akamai\"]",
      "instances": [
        {
          "schema_version": 0,
          "attributes": {
            "condition_exception": null,
            "config_id": 26906,
            "id": "26906:gfos_92914:3000959",
            "rule_action": "alert",
            "rule_id": 3000959,
            "security_policy_id": "gfos_92914"
          },
          "sensitive_attributes": [],
          "private": "eyJzY2hlbWFfdmVyc2lvbiI6IjAifQ=="
        }
      ]
    },
    {
      "module": "module.security",
      "mode": "managed",
      "type": "akamai_appsec_rule",
      "name": "waf_aseweb_attackplatform_3000960",
      "provider": "provider[\"registry.terraform.io/akamai/akamai\"]",
      "instances": [
        {
          "schema_version": 0,
          "attributes": {
            "condition_exception": null,
            "config_id": 26906,
            "id": "26906:gfos_92914:3000960",
            "rule_action": "alert",
            "rule_id": 3000960,
            "security_policy_id": "gfos_92914"
          },
          "sensitive_attributes": [],
          "private": "eyJzY2hlbWFfdmVyc2lvbiI6IjAifQ=="
        }
      ]
    },
    {
      "module": "module.security",
      "mode": "managed",
      "type": "akamai_appsec_rule",
      "name": "waf_aseweb_attackplatform_3000961",
      "provider": "provider[\"registry.terraform.io/akamai/akamai\"]",
      "instances": [
        {
          "schema_version": 0,
          "attributes": {
            "condition_exception": null,
            "config_id": 26906,
            "id": "26906:gfos_92914:3000961",
            "rule_action": "alert",
            "rule_id": 3000961,
            "security_policy_id": "gfos_92914"
          },
          "sensitive_attributes": [],
          "private": "eyJzY2hlbWFfdmVyc2lvbiI6IjAifQ=="
        }
      ]
    },
    {
      "module": "module.security",
      "mode": "managed",
      "type": "akamai_appsec_rule",
      "name": "waf_aseweb_attackplatform_3000962",
      "provider": "provider[\"registry.terraform.io/akamai/akamai\"]",
      "instances": [
        {
          "schema_version": 0,
          "attributes": {
            "condition_exception": null,
            "config_id": 26906,
            "id": "26906:gfos_92914:3000962",
            "rule_action": "alert",
            "rule_id": 3000962,
            "security_policy_id": "gfos_92914"
          },
          "sensitive_attributes": [],
          "private": "eyJzY2hlbWFfdmVyc2lvbiI6IjAifQ=="
        }
      ]
    },
    {
      "module": "module.security",
      "mode": "managed",
      "type": "akamai_appsec_rule",
      "name": "waf_aseweb_attackplatform_3000963",
      "provider": "provider[\"registry.terraform.io/akamai/akamai\"]",
      "instances": [
        {
          "schema_version": 0,
          "attributes": {
            "condition_exception": null,
            "config_id": 26906,
            "id": "26906:gfos_92914:3000963",
            "rule_action": "alert",
            "rule_id": 3000963,
            "security_policy_id": "gfos_92914"
          },
          "sensitive_attributes": [],
          "private": "eyJzY2hlbWFfdmVyc2lvbiI6IjAifQ=="
        }
      ]
    },
    {
      "module": "module.security",
      "mode": "managed",
      "type": "akamai_appsec_rule",
      "name": "waf_aseweb_attackplatform_3000998",
      "provider": "provider[\"registry.terraform.io/akamai/akamai\"]",
      "instances": [
        {
          "schema_version": 0,
          "attributes": {
            "condition_exception": null,
            "config_id": 26906,
            "id": "26906:gfos_92914:3000998",
            "rule_action": "alert",
            "rule_id": 3000998,
            "security_policy_id": "gfos_92914"
          },
          "sensitive_attributes": [],
          "private": "eyJzY2hlbWFfdmVyc2lvbiI6IjAifQ=="
        }
      ]
    },
    {
      "module": "module.security",
      "mode": "managed",
      "type": "akamai_appsec_rule",
      "name": "waf_aseweb_attackplatform_3000999",
      "provider": "provider[\"registry.terraform.io/akamai/akamai\"]",
      "instances": [
        {
          "schema_version": 0,
          "attributes": {
            "condition_exception": null,
            "config_id": 26906,
            "id": "26906:gfos_92914:3000999",
            "rule_action": "alert",
            "rule_id": 3000999,
            "security_policy_id": "gfos_92914"
          },
          "sensitive_attributes": [],
          "private": "eyJzY2hlbWFfdmVyc2lvbiI6IjAifQ=="
        }
      ]
    },
    {
      "module": "module.security",
      "mode": "managed",
      "type": "akamai_appsec_rule",
      "name": "waf_aseweb_attackpolicy_3000180",
      "provider": "provider[\"registry.terraform.io/akamai/akamai\"]",
      "instances": [
        {
          "schema_version": 0,
          "attributes": {
            "condition_exception": "{\"advancedExceptions\":{\"specificHeaderCookieParamXmlOrJsonNames\":[{\"criteria\":[{\"hostnames\":[\"app.grundfos.com\"],\"names\":[\"Content-Length\"],\"paths\":[\"/ordering/*\",\"/servrep2/orders/complete\"]},{\"hostnames\":[\"product-selection.grundfos.com\"],\"names\":[\"Content-Length\"],\"paths\":[\"/content/grundfos/*/size-page.imaging.locationmap.put.json\",\"/content/grundfos/*/templates/product-pages/product-page.modelsfiltering.json*\",\"/content/grundfos/*/templates/product-pages/product-page.variantsfiltering.json*\",\"/content/grundfos/*/products/sizing-result-page.sizingmodelsfiltering.json*\"]},{\"hostnames\":[\"net.grundfos.com\"],\"names\":[\"Content-Length\"],\"paths\":[\"/msgbroker/SeeburgerAS2/AS2Server\"]}],\"selector\":\"REQUEST_HEADERS\",\"wildcard\":true}]}}",
            "config_id": 26906,
            "id": "26906:gfos_92914:3000180",
            "rule_action": "alert",
            "rule_id": 3000180,
            "security_policy_id": "gfos_92914"
          },
          "sensitive_attributes": [],
          "private": "eyJzY2hlbWFfdmVyc2lvbiI6IjAifQ=="
        }
      ]
    },
    {
      "module": "module.security",
      "mode": "managed",
      "type": "akamai_appsec_rule",
      "name": "waf_aseweb_attackpolicy_950220",
      "provider": "provider[\"registry.terraform.io/akamai/akamai\"]",
      "instances": [
        {
          "schema_version": 0,
          "attributes": {
            "condition_exception": "{\"exception\":{\"specificHeaderCookieParamXmlOrJsonNames\":[{\"names\":[\"style_sheet\"],\"selector\":\"ARGS\"}]}}",
            "config_id": 26906,
            "id": "26906:gfos_92914:950220",
            "rule_action": "alert",
            "rule_id": 950220,
            "security_policy_id": "gfos_92914"
          },
          "sensitive_attributes": [],
          "private": "eyJzY2hlbWFfdmVyc2lvbiI6IjAifQ=="
        }
      ]
    },
    {
      "module": "module.security",
      "mode": "managed",
      "type": "akamai_appsec_rule",
      "name": "waf_aseweb_attackpolicy_961912",
      "provider": "provider[\"registry.terraform.io/akamai/akamai\"]",
      "instances": [
        {
          "schema_version": 0,
          "attributes": {
            "condition_exception": "{\"advancedExceptions\":{\"conditionOperator\":\"AND\",\"conditions\":[{\"type\":\"hostMatch\",\"hosts\":[\"net.grundfos.com\"],\"positiveMatch\":true},{\"type\":\"pathMatch\",\"paths\":[\"/msgbroker/SeeburgerAS2/AS2Server\"],\"positiveMatch\":true}]}}",
            "config_id": 26906,
            "id": "26906:gfos_92914:961912",
            "rule_action": "alert",
            "rule_id": 961912,
            "security_policy_id": "gfos_92914"
          },
          "sensitive_attributes": [],
          "private": "eyJzY2hlbWFfdmVyc2lvbiI6IjAifQ=="
        }
      ]
    },
    {
      "module": "module.security",
      "mode": "managed",
      "type": "akamai_appsec_rule",
      "name": "waf_aseweb_attackprotocol_3000173",
      "provider": "provider[\"registry.terraform.io/akamai/akamai\"]",
      "instances": [
        {
          "schema_version": 0,
          "attributes": {
            "condition_exception": null,
            "config_id": 26906,
            "id": "26906:gfos_92914:3000173",
            "rule_action": "alert",
            "rule_id": 3000173,
            "security_policy_id": "gfos_92914"
          },
          "sensitive_attributes": [],
          "private": "eyJzY2hlbWFfdmVyc2lvbiI6IjAifQ=="
        }
      ]
    },
    {
      "module": "module.security",
      "mode": "managed",
      "type": "akamai_appsec_rule",
      "name": "waf_aseweb_attackprotocol_3000174",
      "provider": "provider[\"registry.terraform.io/akamai/akamai\"]",
      "instances": [
        {
          "schema_version": 0,
          "attributes": {
            "condition_exception": null,
            "config_id": 26906,
            "id": "26906:gfos_92914:3000174",
            "rule_action": "alert",
            "rule_id": 3000174,
            "security_policy_id": "gfos_92914"
          },
          "sensitive_attributes": [],
          "private": "eyJzY2hlbWFfdmVyc2lvbiI6IjAifQ=="
        }
      ]
    },
    {
      "module": "module.security",
      "mode": "managed",
      "type": "akamai_appsec_rule",
      "name": "waf_aseweb_attackprotocol_3000175",
      "provider": "provider[\"registry.terraform.io/akamai/akamai\"]",
      "instances": [
        {
          "schema_version": 0,
          "attributes": {
            "condition_exception": null,
            "config_id": 26906,
            "id": "26906:gfos_92914:3000175",
            "rule_action": "alert",
            "rule_id": 3000175,
            "security_policy_id": "gfos_92914"
          },
          "sensitive_attributes": [],
          "private": "eyJzY2hlbWFfdmVyc2lvbiI6IjAifQ=="
        }
      ]
    },
    {
      "module": "module.security",
      "mode": "managed",
      "type": "akamai_appsec_rule",
      "name": "waf_aseweb_attackprotocol_3000176",
      "provider": "provider[\"registry.terraform.io/akamai/akamai\"]",
      "instances": [
        {
          "schema_version": 0,
          "attributes": {
            "condition_exception": null,
            "config_id": 26906,
            "id": "26906:gfos_92914:3000176",
            "rule_action": "alert",
            "rule_id": 3000176,
            "security_policy_id": "gfos_92914"
          },
          "sensitive_attributes": [],
          "private": "eyJzY2hlbWFfdmVyc2lvbiI6IjAifQ=="
        }
      ]
    },
    {
      "module": "module.security",
      "mode": "managed",
      "type": "akamai_appsec_rule",
      "name": "waf_aseweb_attackprotocol_3000177",
      "provider": "provider[\"registry.terraform.io/akamai/akamai\"]",
      "instances": [
        {
          "schema_version": 0,
          "attributes": {
            "condition_exception": null,
            "config_id": 26906,
            "id": "26906:gfos_92914:3000177",
            "rule_action": "alert",
            "rule_id": 3000177,
            "security_policy_id": "gfos_92914"
          },
          "sensitive_attributes": [],
          "private": "eyJzY2hlbWFfdmVyc2lvbiI6IjAifQ=="
        }
      ]
    },
    {
      "module": "module.security",
      "mode": "managed",
      "type": "akamai_appsec_rule",
      "name": "waf_aseweb_attackprotocol_3000192",
      "provider": "provider[\"registry.terraform.io/akamai/akamai\"]",
      "instances": [
        {
          "schema_version": 0,
          "attributes": {
            "condition_exception": null,
            "config_id": 26906,
            "id": "26906:gfos_92914:3000192",
            "rule_action": "alert",
            "rule_id": 3000192,
            "security_policy_id": "gfos_92914"
          },
          "sensitive_attributes": [],
          "private": "eyJzY2hlbWFfdmVyc2lvbiI6IjAifQ=="
        }
      ]
    },
    {
      "module": "module.security",
      "mode": "managed",
      "type": "akamai_appsec_rule",
      "name": "waf_aseweb_attackprotocol_3000700",
      "provider": "provider[\"registry.terraform.io/akamai/akamai\"]",
      "instances": [
        {
          "schema_version": 0,
          "attributes": {
            "condition_exception": null,
            "config_id": 26906,
            "id": "26906:gfos_92914:3000700",
            "rule_action": "alert",
            "rule_id": 3000700,
            "security_policy_id": "gfos_92914"
          },
          "sensitive_attributes": [],
          "private": "eyJzY2hlbWFfdmVyc2lvbiI6IjAifQ=="
        }
      ]
    },
    {
      "module": "module.security",
      "mode": "managed",
      "type": "akamai_appsec_rule",
      "name": "waf_aseweb_attackprotocol_3000701",
      "provider": "provider[\"registry.terraform.io/akamai/akamai\"]",
      "instances": [
        {
          "schema_version": 0,
          "attributes": {
            "condition_exception": null,
            "config_id": 26906,
            "id": "26906:gfos_92914:3000701",
            "rule_action": "alert",
            "rule_id": 3000701,
            "security_policy_id": "gfos_92914"
          },
          "sensitive_attributes": [],
          "private": "eyJzY2hlbWFfdmVyc2lvbiI6IjAifQ=="
        }
      ]
    },
    {
      "module": "module.security",
      "mode": "managed",
      "type": "akamai_appsec_rule",
      "name": "waf_aseweb_attackprotocol_950216",
      "provider": "provider[\"registry.terraform.io/akamai/akamai\"]",
      "instances": [
        {
          "schema_version": 0,
          "attributes": {
            "condition_exception": null,
            "config_id": 26906,
            "id": "26906:gfos_92914:950216",
            "rule_action": "alert",
            "rule_id": 950216,
            "security_policy_id": "gfos_92914"
          },
          "sensitive_attributes": [],
          "private": "eyJzY2hlbWFfdmVyc2lvbiI6IjAifQ=="
        }
      ]
    },
    {
      "module": "module.security",
      "mode": "managed",
      "type": "akamai_appsec_rule",
      "name": "waf_aseweb_attackprotocol_951910",
      "provider": "provider[\"registry.terraform.io/akamai/akamai\"]",
      "instances": [
        {
          "schema_version": 0,
          "attributes": {
            "condition_exception": null,
            "config_id": 26906,
            "id": "26906:gfos_92914:951910",
            "rule_action": "alert",
            "rule_id": 951910,
            "security_policy_id": "gfos_92914"
          },
          "sensitive_attributes": [],
          "private": "eyJzY2hlbWFfdmVyc2lvbiI6IjAifQ=="
        }
      ]
    },
    {
      "module": "module.security",
      "mode": "managed",
      "type": "akamai_appsec_rule",
      "name": "waf_aseweb_attackprotocol_961011",
      "provider": "provider[\"registry.terraform.io/akamai/akamai\"]",
      "instances": [
        {
          "schema_version": 0,
          "attributes": {
            "condition_exception": null,
            "config_id": 26906,
            "id": "26906:gfos_92914:961011",
            "rule_action": "alert",
            "rule_id": 961011,
            "security_policy_id": "gfos_92914"
          },
          "sensitive_attributes": [],
          "private": "eyJzY2hlbWFfdmVyc2lvbiI6IjAifQ=="
        }
      ]
    },
    {
      "module": "module.security",
      "mode": "managed",
      "type": "akamai_appsec_rule",
      "name": "waf_aseweb_attackprotocol_961012",
      "provider": "provider[\"registry.terraform.io/akamai/akamai\"]",
      "instances": [
        {
          "schema_version": 0,
          "attributes": {
            "condition_exception": null,
            "config_id": 26906,
            "id": "26906:gfos_92914:961012",
            "rule_action": "alert",
            "rule_id": 961012,
            "security_policy_id": "gfos_92914"
          },
          "sensitive_attributes": [],
          "private": "eyJzY2hlbWFfdmVyc2lvbiI6IjAifQ=="
        }
      ]
    },
    {
      "module": "module.security",
      "mode": "managed",
      "type": "akamai_appsec_rule",
      "name": "waf_aseweb_attackprotocol_961034",
      "provider": "provider[\"registry.terraform.io/akamai/akamai\"]",
      "instances": [
        {
          "schema_version": 0,
          "attributes": {
            "condition_exception": null,
            "config_id": 26906,
            "id": "26906:gfos_92914:961034",
            "rule_action": "alert",
            "rule_id": 961034,
            "security_policy_id": "gfos_92914"
          },
          "sensitive_attributes": [],
          "private": "eyJzY2hlbWFfdmVyc2lvbiI6IjAifQ=="
        }
      ]
    },
    {
      "module": "module.security",
      "mode": "managed",
      "type": "akamai_appsec_rule",
      "name": "waf_aseweb_attackprotocol_961904",
      "provider": "provider[\"registry.terraform.io/akamai/akamai\"]",
      "instances": [
        {
          "schema_version": 0,
          "attributes": {
            "condition_exception": null,
            "config_id": 26906,
            "id": "26906:gfos_92914:961904",
            "rule_action": "alert",
            "rule_id": 961904,
            "security_policy_id": "gfos_92914"
          },
          "sensitive_attributes": [],
          "private": "eyJzY2hlbWFfdmVyc2lvbiI6IjAifQ=="
        }
      ]
    },
    {
      "module": "module.security",
      "mode": "managed",
      "type": "akamai_appsec_rule",
      "name": "waf_aseweb_attackprotocol_968230",
      "provider": "provider[\"registry.terraform.io/akamai/akamai\"]",
      "instances": [
        {
          "schema_version": 0,
          "attributes": {
            "condition_exception": null,
            "config_id": 26906,
            "id": "26906:gfos_92914:968230",
            "rule_action": "alert",
            "rule_id": 968230,
            "security_policy_id": "gfos_92914"
          },
          "sensitive_attributes": [],
          "private": "eyJzY2hlbWFfdmVyc2lvbiI6IjAifQ=="
        }
      ]
    },
    {
      "module": "module.security",
      "mode": "managed",
      "type": "akamai_appsec_rule",
      "name": "waf_aseweb_attackrfi_3000004",
      "provider": "provider[\"registry.terraform.io/akamai/akamai\"]",
      "instances": [
        {
          "schema_version": 0,
          "attributes": {
            "condition_exception": null,
            "config_id": 26906,
            "id": "26906:gfos_92914:3000004",
            "rule_action": "alert",
            "rule_id": 3000004,
            "security_policy_id": "gfos_92914"
          },
          "sensitive_attributes": [],
          "private": "eyJzY2hlbWFfdmVyc2lvbiI6IjAifQ=="
        }
      ]
    },
    {
      "module": "module.security",
      "mode": "managed",
      "type": "akamai_appsec_rule",
      "name": "waf_aseweb_attackrfi_3000130",
      "provider": "provider[\"registry.terraform.io/akamai/akamai\"]",
      "instances": [
        {
          "schema_version": 0,
          "attributes": {
            "condition_exception": null,
            "config_id": 26906,
            "id": "26906:gfos_92914:3000130",
            "rule_action": "alert",
            "rule_id": 3000130,
            "security_policy_id": "gfos_92914"
          },
          "sensitive_attributes": [],
          "private": "eyJzY2hlbWFfdmVyc2lvbiI6IjAifQ=="
        }
      ]
    },
    {
      "module": "module.security",
      "mode": "managed",
      "type": "akamai_appsec_rule",
      "name": "waf_aseweb_attackrfi_3000131",
      "provider": "provider[\"registry.terraform.io/akamai/akamai\"]",
      "instances": [
        {
          "schema_version": 0,
          "attributes": {
            "condition_exception": null,
            "config_id": 26906,
            "id": "26906:gfos_92914:3000131",
            "rule_action": "alert",
            "rule_id": 3000131,
            "security_policy_id": "gfos_92914"
          },
          "sensitive_attributes": [],
          "private": "eyJzY2hlbWFfdmVyc2lvbiI6IjAifQ=="
        }
      ]
    },
    {
      "module": "module.security",
      "mode": "managed",
      "type": "akamai_appsec_rule",
      "name": "waf_aseweb_attackrfi_950118",
      "provider": "provider[\"registry.terraform.io/akamai/akamai\"]",
      "instances": [
        {
          "schema_version": 0,
          "attributes": {
            "condition_exception": null,
            "config_id": 26906,
            "id": "26906:gfos_92914:950118",
            "rule_action": "alert",
            "rule_id": 950118,
            "security_policy_id": "gfos_92914"
          },
          "sensitive_attributes": [],
          "private": "eyJzY2hlbWFfdmVyc2lvbiI6IjAifQ=="
        }
      ]
    },
    {
      "module": "module.security",
      "mode": "managed",
      "type": "akamai_appsec_rule",
      "name": "waf_aseweb_attacksql_injection_3000000",
      "provider": "provider[\"registry.terraform.io/akamai/akamai\"]",
      "instances": [
        {
          "schema_version": 0,
          "attributes": {
            "condition_exception": null,
            "config_id": 26906,
            "id": "26906:gfos_92914:3000000",
            "rule_action": "alert",
            "rule_id": 3000000,
            "security_policy_id": "gfos_92914"
          },
          "sensitive_attributes": [],
          "private": "eyJzY2hlbWFfdmVyc2lvbiI6IjAifQ=="
        }
      ]
    },
    {
      "module": "module.security",
      "mode": "managed",
      "type": "akamai_appsec_rule",
      "name": "waf_aseweb_attacksql_injection_3000006",
      "provider": "provider[\"registry.terraform.io/akamai/akamai\"]",
      "instances": [
        {
          "schema_version": 0,
          "attributes": {
            "condition_exception": null,
            "config_id": 26906,
            "id": "26906:gfos_92914:3000006",
            "rule_action": "alert",
            "rule_id": 3000006,
            "security_policy_id": "gfos_92914"
          },
          "sensitive_attributes": [],
          "private": "eyJzY2hlbWFfdmVyc2lvbiI6IjAifQ=="
        }
      ]
    },
    {
      "module": "module.security",
      "mode": "managed",
      "type": "akamai_appsec_rule",
      "name": "waf_aseweb_attacksql_injection_3000015",
      "provider": "provider[\"registry.terraform.io/akamai/akamai\"]",
      "instances": [
        {
          "schema_version": 0,
          "attributes": {
            "condition_exception": null,
            "config_id": 26906,
            "id": "26906:gfos_92914:3000015",
            "rule_action": "alert",
            "rule_id": 3000015,
            "security_policy_id": "gfos_92914"
          },
          "sensitive_attributes": [],
          "private": "eyJzY2hlbWFfdmVyc2lvbiI6IjAifQ=="
        }
      ]
    },
    {
      "module": "module.security",
      "mode": "managed",
      "type": "akamai_appsec_rule",
      "name": "waf_aseweb_attacksql_injection_3000017",
      "provider": "provider[\"registry.terraform.io/akamai/akamai\"]",
      "instances": [
        {
          "schema_version": 0,
          "attributes": {
            "condition_exception": null,
            "config_id": 26906,
            "id": "26906:gfos_92914:3000017",
            "rule_action": "alert",
            "rule_id": 3000017,
            "security_policy_id": "gfos_92914"
          },
          "sensitive_attributes": [],
          "private": "eyJzY2hlbWFfdmVyc2lvbiI6IjAifQ=="
        }
      ]
    },
    {
      "module": "module.security",
      "mode": "managed",
      "type": "akamai_appsec_rule",
      "name": "waf_aseweb_attacksql_injection_3000022",
      "provider": "provider[\"registry.terraform.io/akamai/akamai\"]",
      "instances": [
        {
          "schema_version": 0,
          "attributes": {
            "condition_exception": null,
            "config_id": 26906,
            "id": "26906:gfos_92914:3000022",
            "rule_action": "alert",
            "rule_id": 3000022,
            "security_policy_id": "gfos_92914"
          },
          "sensitive_attributes": [],
          "private": "eyJzY2hlbWFfdmVyc2lvbiI6IjAifQ=="
        }
      ]
    },
    {
      "module": "module.security",
      "mode": "managed",
      "type": "akamai_appsec_rule",
      "name": "waf_aseweb_attacksql_injection_3000100",
      "provider": "provider[\"registry.terraform.io/akamai/akamai\"]",
      "instances": [
        {
          "schema_version": 0,
          "attributes": {
            "condition_exception": null,
            "config_id": 26906,
            "id": "26906:gfos_92914:3000100",
            "rule_action": "alert",
            "rule_id": 3000100,
            "security_policy_id": "gfos_92914"
          },
          "sensitive_attributes": [],
          "private": "eyJzY2hlbWFfdmVyc2lvbiI6IjAifQ=="
        }
      ]
    },
    {
      "module": "module.security",
      "mode": "managed",
      "type": "akamai_appsec_rule",
      "name": "waf_aseweb_attacksql_injection_3000101",
      "provider": "provider[\"registry.terraform.io/akamai/akamai\"]",
      "instances": [
        {
          "schema_version": 0,
          "attributes": {
            "condition_exception": null,
            "config_id": 26906,
            "id": "26906:gfos_92914:3000101",
            "rule_action": "alert",
            "rule_id": 3000101,
            "security_policy_id": "gfos_92914"
          },
          "sensitive_attributes": [],
          "private": "eyJzY2hlbWFfdmVyc2lvbiI6IjAifQ=="
        }
      ]
    },
    {
      "module": "module.security",
      "mode": "managed",
      "type": "akamai_appsec_rule",
      "name": "waf_aseweb_attacksql_injection_3000102",
      "provider": "provider[\"registry.terraform.io/akamai/akamai\"]",
      "instances": [
        {
          "schema_version": 0,
          "attributes": {
            "condition_exception": null,
            "config_id": 26906,
            "id": "26906:gfos_92914:3000102",
            "rule_action": "alert",
            "rule_id": 3000102,
            "security_policy_id": "gfos_92914"
          },
          "sensitive_attributes": [],
          "private": "eyJzY2hlbWFfdmVyc2lvbiI6IjAifQ=="
        }
      ]
    },
    {
      "module": "module.security",
      "mode": "managed",
      "type": "akamai_appsec_rule",
      "name": "waf_aseweb_attacksql_injection_3000103",
      "provider": "provider[\"registry.terraform.io/akamai/akamai\"]",
      "instances": [
        {
          "schema_version": 0,
          "attributes": {
            "condition_exception": null,
            "config_id": 26906,
            "id": "26906:gfos_92914:3000103",
            "rule_action": "alert",
            "rule_id": 3000103,
            "security_policy_id": "gfos_92914"
          },
          "sensitive_attributes": [],
          "private": "eyJzY2hlbWFfdmVyc2lvbiI6IjAifQ=="
        }
      ]
    },
    {
      "module": "module.security",
      "mode": "managed",
      "type": "akamai_appsec_rule",
      "name": "waf_aseweb_attacksql_injection_3000104",
      "provider": "provider[\"registry.terraform.io/akamai/akamai\"]",
      "instances": [
        {
          "schema_version": 0,
          "attributes": {
            "condition_exception": null,
            "config_id": 26906,
            "id": "26906:gfos_92914:3000104",
            "rule_action": "alert",
            "rule_id": 3000104,
            "security_policy_id": "gfos_92914"
          },
          "sensitive_attributes": [],
          "private": "eyJzY2hlbWFfdmVyc2lvbiI6IjAifQ=="
        }
      ]
    },
    {
      "module": "module.security",
      "mode": "managed",
      "type": "akamai_appsec_rule",
      "name": "waf_aseweb_attacksql_injection_950007",
      "provider": "provider[\"registry.terraform.io/akamai/akamai\"]",
      "instances": [
        {
          "schema_version": 0,
          "attributes": {
            "condition_exception": null,
            "config_id": 26906,
            "id": "26906:gfos_92914:950007",
            "rule_action": "alert",
            "rule_id": 950007,
            "security_policy_id": "gfos_92914"
          },
          "sensitive_attributes": [],
          "private": "eyJzY2hlbWFfdmVyc2lvbiI6IjAifQ=="
        }
      ]
    },
    {
      "module": "module.security",
      "mode": "managed",
      "type": "akamai_appsec_rule",
      "name": "waf_aseweb_attacksql_injection_950902",
      "provider": "provider[\"registry.terraform.io/akamai/akamai\"]",
      "instances": [
        {
          "schema_version": 0,
          "attributes": {
            "condition_exception": null,
            "config_id": 26906,
            "id": "26906:gfos_92914:950902",
            "rule_action": "alert",
            "rule_id": 950902,
            "security_policy_id": "gfos_92914"
          },
          "sensitive_attributes": [],
          "private": "eyJzY2hlbWFfdmVyc2lvbiI6IjAifQ=="
        }
      ]
    },
    {
      "module": "module.security",
      "mode": "managed",
      "type": "akamai_appsec_rule",
      "name": "waf_aseweb_attacksql_injection_959070",
      "provider": "provider[\"registry.terraform.io/akamai/akamai\"]",
      "instances": [
        {
          "schema_version": 0,
          "attributes": {
            "condition_exception": "{\"exception\":{\"specificHeaderCookieParamXmlOrJsonNames\":[{\"names\":[\"fullsourcetext\"],\"selector\":\"ARGS\"}]}}",
            "config_id": 26906,
            "id": "26906:gfos_92914:959070",
            "rule_action": "alert",
            "rule_id": 959070,
            "security_policy_id": "gfos_92914"
          },
          "sensitive_attributes": [],
          "private": "eyJzY2hlbWFfdmVyc2lvbiI6IjAifQ=="
        }
      ]
    },
    {
      "module": "module.security",
      "mode": "managed",
      "type": "akamai_appsec_rule",
      "name": "waf_aseweb_attacksql_injection_959073",
      "provider": "provider[\"registry.terraform.io/akamai/akamai\"]",
      "instances": [
        {
          "schema_version": 0,
          "attributes": {
            "condition_exception": "{\"exception\":{\"specificHeaderCookieParamXmlOrJsonNames\":[{\"names\":[\"dtSa\"],\"selector\":\"REQUEST_COOKIES\"},{\"names\":[\"query\",\"fullsourcetext\",\"oldtext\"],\"selector\":\"ARGS\"},{\"names\":[\"source\",\"translatedText\"],\"selector\":\"JSON_PAIRS\"}]}}",
            "config_id": 26906,
            "id": "26906:gfos_92914:959073",
            "rule_action": "alert",
            "rule_id": 959073,
            "security_policy_id": "gfos_92914"
          },
          "sensitive_attributes": [],
          "private": "eyJzY2hlbWFfdmVyc2lvbiI6IjAifQ=="
        }
      ]
    },
    {
      "module": "module.security",
      "mode": "managed",
      "type": "akamai_appsec_rule",
      "name": "waf_aseweb_attacksql_injection_981240",
      "provider": "provider[\"registry.terraform.io/akamai/akamai\"]",
      "instances": [
        {
          "schema_version": 0,
          "attributes": {
            "condition_exception": null,
            "config_id": 26906,
            "id": "26906:gfos_92914:981240",
            "rule_action": "alert",
            "rule_id": 981240,
            "security_policy_id": "gfos_92914"
          },
          "sensitive_attributes": [],
          "private": "eyJzY2hlbWFfdmVyc2lvbiI6IjAifQ=="
        }
      ]
    },
    {
      "module": "module.security",
      "mode": "managed",
      "type": "akamai_appsec_rule",
      "name": "waf_aseweb_attacksql_injection_981242",
      "provider": "provider[\"registry.terraform.io/akamai/akamai\"]",
      "instances": [
        {
          "schema_version": 0,
          "attributes": {
            "condition_exception": "{\"exception\":{\"specificHeaderCookieParamXmlOrJsonNames\":[{\"names\":[\"body\"],\"selector\":\"ARGS\"}]}}",
            "config_id": 26906,
            "id": "26906:gfos_92914:981242",
            "rule_action": "alert",
            "rule_id": 981242,
            "security_policy_id": "gfos_92914"
          },
          "sensitive_attributes": [],
          "private": "eyJzY2hlbWFfdmVyc2lvbiI6IjAifQ=="
        }
      ]
    },
    {
      "module": "module.security",
      "mode": "managed",
      "type": "akamai_appsec_rule",
      "name": "waf_aseweb_attacksql_injection_981243",
      "provider": "provider[\"registry.terraform.io/akamai/akamai\"]",
      "instances": [
        {
          "schema_version": 0,
          "attributes": {
            "condition_exception": null,
            "config_id": 26906,
            "id": "26906:gfos_92914:981243",
            "rule_action": "alert",
            "rule_id": 981243,
            "security_policy_id": "gfos_92914"
          },
          "sensitive_attributes": [],
          "private": "eyJzY2hlbWFfdmVyc2lvbiI6IjAifQ=="
        }
      ]
    },
    {
      "module": "module.security",
      "mode": "managed",
      "type": "akamai_appsec_rule",
      "name": "waf_aseweb_attacksql_injection_981244",
      "provider": "provider[\"registry.terraform.io/akamai/akamai\"]",
      "instances": [
        {
          "schema_version": 0,
          "attributes": {
            "condition_exception": "{\"exception\":{\"specificHeaderCookieParamXmlOrJsonNames\":[{\"names\":[\"translatedText\"],\"selector\":\"JSON_PAIRS\"}]}}",
            "config_id": 26906,
            "id": "26906:gfos_92914:981244",
            "rule_action": "alert",
            "rule_id": 981244,
            "security_policy_id": "gfos_92914"
          },
          "sensitive_attributes": [],
          "private": "eyJzY2hlbWFfdmVyc2lvbiI6IjAifQ=="
        }
      ]
    },
    {
      "module": "module.security",
      "mode": "managed",
      "type": "akamai_appsec_rule",
      "name": "waf_aseweb_attacksql_injection_981247",
      "provider": "provider[\"registry.terraform.io/akamai/akamai\"]",
      "instances": [
        {
          "schema_version": 0,
          "attributes": {
            "condition_exception": null,
            "config_id": 26906,
            "id": "26906:gfos_92914:981247",
            "rule_action": "alert",
            "rule_id": 981247,
            "security_policy_id": "gfos_92914"
          },
          "sensitive_attributes": [],
          "private": "eyJzY2hlbWFfdmVyc2lvbiI6IjAifQ=="
        }
      ]
    },
    {
      "module": "module.security",
      "mode": "managed",
      "type": "akamai_appsec_rule",
      "name": "waf_aseweb_attacksql_injection_981248",
      "provider": "provider[\"registry.terraform.io/akamai/akamai\"]",
      "instances": [
        {
          "schema_version": 0,
          "attributes": {
            "condition_exception": "{\"advancedExceptions\":{\"specificHeaderCookieOrParamNameValue\":[{\"namesValues\":[{\"names\":[\"Referer\"],\"values\":[\"*and*\"]}],\"selector\":\"REQUEST_HEADERS\",\"valueWildcard\":true,\"wildcard\":true}]}}",
            "config_id": 26906,
            "id": "26906:gfos_92914:981248",
            "rule_action": "alert",
            "rule_id": 981248,
            "security_policy_id": "gfos_92914"
          },
          "sensitive_attributes": [],
          "private": "eyJzY2hlbWFfdmVyc2lvbiI6IjAifQ=="
        }
      ]
    },
    {
      "module": "module.security",
      "mode": "managed",
      "type": "akamai_appsec_rule",
      "name": "waf_aseweb_attacksql_injection_981251",
      "provider": "provider[\"registry.terraform.io/akamai/akamai\"]",
      "instances": [
        {
          "schema_version": 0,
          "attributes": {
            "condition_exception": null,
            "config_id": 26906,
            "id": "26906:gfos_92914:981251",
            "rule_action": "alert",
            "rule_id": 981251,
            "security_policy_id": "gfos_92914"
          },
          "sensitive_attributes": [],
          "private": "eyJzY2hlbWFfdmVyc2lvbiI6IjAifQ=="
        }
      ]
    },
    {
      "module": "module.security",
      "mode": "managed",
      "type": "akamai_appsec_rule",
      "name": "waf_aseweb_attacksql_injection_981252",
      "provider": "provider[\"registry.terraform.io/akamai/akamai\"]",
      "instances": [
        {
          "schema_version": 0,
          "attributes": {
            "condition_exception": null,
            "config_id": 26906,
            "id": "26906:gfos_92914:981252",
            "rule_action": "alert",
            "rule_id": 981252,
            "security_policy_id": "gfos_92914"
          },
          "sensitive_attributes": [],
          "private": "eyJzY2hlbWFfdmVyc2lvbiI6IjAifQ=="
        }
      ]
    },
    {
      "module": "module.security",
      "mode": "managed",
      "type": "akamai_appsec_rule",
      "name": "waf_aseweb_attacksql_injection_981253",
      "provider": "provider[\"registry.terraform.io/akamai/akamai\"]",
      "instances": [
        {
          "schema_version": 0,
          "attributes": {
            "condition_exception": null,
            "config_id": 26906,
            "id": "26906:gfos_92914:981253",
            "rule_action": "alert",
            "rule_id": 981253,
            "security_policy_id": "gfos_92914"
          },
          "sensitive_attributes": [],
          "private": "eyJzY2hlbWFfdmVyc2lvbiI6IjAifQ=="
        }
      ]
    },
    {
      "module": "module.security",
      "mode": "managed",
      "type": "akamai_appsec_rule",
      "name": "waf_aseweb_attacksql_injection_981254",
      "provider": "provider[\"registry.terraform.io/akamai/akamai\"]",
      "instances": [
        {
          "schema_version": 0,
          "attributes": {
            "condition_exception": null,
            "config_id": 26906,
            "id": "26906:gfos_92914:981254",
            "rule_action": "alert",
            "rule_id": 981254,
            "security_policy_id": "gfos_92914"
          },
          "sensitive_attributes": [],
          "private": "eyJzY2hlbWFfdmVyc2lvbiI6IjAifQ=="
        }
      ]
    },
    {
      "module": "module.security",
      "mode": "managed",
      "type": "akamai_appsec_rule",
      "name": "waf_aseweb_attacksql_injection_981255",
      "provider": "provider[\"registry.terraform.io/akamai/akamai\"]",
      "instances": [
        {
          "schema_version": 0,
          "attributes": {
            "condition_exception": "{\"exception\":{\"specificHeaderCookieParamXmlOrJsonNames\":[{\"names\":[\"body\"],\"selector\":\"ARGS\"}]}}",
            "config_id": 26906,
            "id": "26906:gfos_92914:981255",
            "rule_action": "alert",
            "rule_id": 981255,
            "security_policy_id": "gfos_92914"
          },
          "sensitive_attributes": [],
          "private": "eyJzY2hlbWFfdmVyc2lvbiI6IjAifQ=="
        }
      ]
    },
    {
      "module": "module.security",
      "mode": "managed",
      "type": "akamai_appsec_rule",
      "name": "waf_aseweb_attacksql_injection_981256",
      "provider": "provider[\"registry.terraform.io/akamai/akamai\"]",
      "instances": [
        {
          "schema_version": 0,
          "attributes": {
            "condition_exception": "{\"exception\":{\"specificHeaderCookieParamXmlOrJsonNames\":[{\"names\":[\"fullsourcetext\"],\"selector\":\"ARGS\"}]}}",
            "config_id": 26906,
            "id": "26906:gfos_92914:981256",
            "rule_action": "alert",
            "rule_id": 981256,
            "security_policy_id": "gfos_92914"
          },
          "sensitive_attributes": [],
          "private": "eyJzY2hlbWFfdmVyc2lvbiI6IjAifQ=="
        }
      ]
    },
    {
      "module": "module.security",
      "mode": "managed",
      "type": "akamai_appsec_rule",
      "name": "waf_aseweb_attacksql_injection_981260",
      "provider": "provider[\"registry.terraform.io/akamai/akamai\"]",
      "instances": [
        {
          "schema_version": 0,
          "attributes": {
            "condition_exception": null,
            "config_id": 26906,
            "id": "26906:gfos_92914:981260",
            "rule_action": "alert",
            "rule_id": 981260,
            "security_policy_id": "gfos_92914"
          },
          "sensitive_attributes": [],
          "private": "eyJzY2hlbWFfdmVyc2lvbiI6IjAifQ=="
        }
      ]
    },
    {
      "module": "module.security",
      "mode": "managed",
      "type": "akamai_appsec_rule",
      "name": "waf_aseweb_attacksql_injection_981270",
      "provider": "provider[\"registry.terraform.io/akamai/akamai\"]",
      "instances": [
        {
          "schema_version": 0,
          "attributes": {
            "condition_exception": null,
            "config_id": 26906,
            "id": "26906:gfos_92914:981270",
            "rule_action": "alert",
            "rule_id": 981270,
            "security_policy_id": "gfos_92914"
          },
          "sensitive_attributes": [],
          "private": "eyJzY2hlbWFfdmVyc2lvbiI6IjAifQ=="
        }
      ]
    },
    {
      "module": "module.security",
      "mode": "managed",
      "type": "akamai_appsec_rule",
      "name": "waf_aseweb_attacksql_injection_981276",
      "provider": "provider[\"registry.terraform.io/akamai/akamai\"]",
      "instances": [
        {
          "schema_version": 0,
          "attributes": {
            "condition_exception": null,
            "config_id": 26906,
            "id": "26906:gfos_92914:981276",
            "rule_action": "alert",
            "rule_id": 981276,
            "security_policy_id": "gfos_92914"
          },
          "sensitive_attributes": [],
          "private": "eyJzY2hlbWFfdmVyc2lvbiI6IjAifQ=="
        }
      ]
    },
    {
      "module": "module.security",
      "mode": "managed",
      "type": "akamai_appsec_rule",
      "name": "waf_aseweb_attacksql_injection_981300",
      "provider": "provider[\"registry.terraform.io/akamai/akamai\"]",
      "instances": [
        {
          "schema_version": 0,
          "attributes": {
            "condition_exception": null,
            "config_id": 26906,
            "id": "26906:gfos_92914:981300",
            "rule_action": "alert",
            "rule_id": 981300,
            "security_policy_id": "gfos_92914"
          },
          "sensitive_attributes": [],
          "private": "eyJzY2hlbWFfdmVyc2lvbiI6IjAifQ=="
        }
      ]
    },
    {
      "module": "module.security",
      "mode": "managed",
      "type": "akamai_appsec_rule",
      "name": "waf_aseweb_attacksql_injection_981320",
      "provider": "provider[\"registry.terraform.io/akamai/akamai\"]",
      "instances": [
        {
          "schema_version": 0,
          "attributes": {
            "condition_exception": null,
            "config_id": 26906,
            "id": "26906:gfos_92914:981320",
            "rule_action": "alert",
            "rule_id": 981320,
            "security_policy_id": "gfos_92914"
          },
          "sensitive_attributes": [],
          "private": "eyJzY2hlbWFfdmVyc2lvbiI6IjAifQ=="
        }
      ]
    },
    {
      "module": "module.security",
      "mode": "managed",
      "type": "akamai_appsec_rule",
      "name": "waf_aseweb_attacktool_3000108",
      "provider": "provider[\"registry.terraform.io/akamai/akamai\"]",
      "instances": [
        {
          "schema_version": 0,
          "attributes": {
            "condition_exception": null,
            "config_id": 26906,
            "id": "26906:gfos_92914:3000108",
            "rule_action": "alert",
            "rule_id": 3000108,
            "security_policy_id": "gfos_92914"
          },
          "sensitive_attributes": [],
          "private": "eyJzY2hlbWFfdmVyc2lvbiI6IjAifQ=="
        }
      ]
    },
    {
      "module": "module.security",
      "mode": "managed",
      "type": "akamai_appsec_rule",
      "name": "waf_aseweb_attacktool_3000115",
      "provider": "provider[\"registry.terraform.io/akamai/akamai\"]",
      "instances": [
        {
          "schema_version": 0,
          "attributes": {
            "condition_exception": null,
            "config_id": 26906,
            "id": "26906:gfos_92914:3000115",
            "rule_action": "alert",
            "rule_id": 3000115,
            "security_policy_id": "gfos_92914"
          },
          "sensitive_attributes": [],
          "private": "eyJzY2hlbWFfdmVyc2lvbiI6IjAifQ=="
        }
      ]
    },
    {
      "module": "module.security",
      "mode": "managed",
      "type": "akamai_appsec_rule",
      "name": "waf_aseweb_attacktool_3000117",
      "provider": "provider[\"registry.terraform.io/akamai/akamai\"]",
      "instances": [
        {
          "schema_version": 0,
          "attributes": {
            "condition_exception": null,
            "config_id": 26906,
            "id": "26906:gfos_92914:3000117",
            "rule_action": "alert",
            "rule_id": 3000117,
            "security_policy_id": "gfos_92914"
          },
          "sensitive_attributes": [],
          "private": "eyJzY2hlbWFfdmVyc2lvbiI6IjAifQ=="
        }
      ]
    },
    {
      "module": "module.security",
      "mode": "managed",
      "type": "akamai_appsec_rule",
      "name": "waf_aseweb_attacktool_3000118",
      "provider": "provider[\"registry.terraform.io/akamai/akamai\"]",
      "instances": [
        {
          "schema_version": 0,
          "attributes": {
            "condition_exception": null,
            "config_id": 26906,
            "id": "26906:gfos_92914:3000118",
            "rule_action": "alert",
            "rule_id": 3000118,
            "security_policy_id": "gfos_92914"
          },
          "sensitive_attributes": [],
          "private": "eyJzY2hlbWFfdmVyc2lvbiI6IjAifQ=="
        }
      ]
    },
    {
      "module": "module.security",
      "mode": "managed",
      "type": "akamai_appsec_rule",
      "name": "waf_aseweb_attacktool_3000129",
      "provider": "provider[\"registry.terraform.io/akamai/akamai\"]",
      "instances": [
        {
          "schema_version": 0,
          "attributes": {
            "condition_exception": null,
            "config_id": 26906,
            "id": "26906:gfos_92914:3000129",
            "rule_action": "alert",
            "rule_id": 3000129,
            "security_policy_id": "gfos_92914"
          },
          "sensitive_attributes": [],
          "private": "eyJzY2hlbWFfdmVyc2lvbiI6IjAifQ=="
        }
      ]
    },
    {
      "module": "module.security",
      "mode": "managed",
      "type": "akamai_appsec_rule",
      "name": "waf_aseweb_attacktool_3000137",
      "provider": "provider[\"registry.terraform.io/akamai/akamai\"]",
      "instances": [
        {
          "schema_version": 0,
          "attributes": {
            "condition_exception": null,
            "config_id": 26906,
            "id": "26906:gfos_92914:3000137",
            "rule_action": "alert",
            "rule_id": 3000137,
            "security_policy_id": "gfos_92914"
          },
          "sensitive_attributes": [],
          "private": "eyJzY2hlbWFfdmVyc2lvbiI6IjAifQ=="
        }
      ]
    },
    {
      "module": "module.security",
      "mode": "managed",
      "type": "akamai_appsec_rule",
      "name": "waf_aseweb_attacktool_3000138",
      "provider": "provider[\"registry.terraform.io/akamai/akamai\"]",
      "instances": [
        {
          "schema_version": 0,
          "attributes": {
            "condition_exception": null,
            "config_id": 26906,
            "id": "26906:gfos_92914:3000138",
            "rule_action": "alert",
            "rule_id": 3000138,
            "security_policy_id": "gfos_92914"
          },
          "sensitive_attributes": [],
          "private": "eyJzY2hlbWFfdmVyc2lvbiI6IjAifQ=="
        }
      ]
    },
    {
      "module": "module.security",
      "mode": "managed",
      "type": "akamai_appsec_rule",
      "name": "waf_aseweb_attacktool_3000140",
      "provider": "provider[\"registry.terraform.io/akamai/akamai\"]",
      "instances": [
        {
          "schema_version": 0,
          "attributes": {
            "condition_exception": null,
            "config_id": 26906,
            "id": "26906:gfos_92914:3000140",
            "rule_action": "alert",
            "rule_id": 3000140,
            "security_policy_id": "gfos_92914"
          },
          "sensitive_attributes": [],
          "private": "eyJzY2hlbWFfdmVyc2lvbiI6IjAifQ=="
        }
      ]
    },
    {
      "module": "module.security",
      "mode": "managed",
      "type": "akamai_appsec_rule",
      "name": "waf_aseweb_attacktool_3000157",
      "provider": "provider[\"registry.terraform.io/akamai/akamai\"]",
      "instances": [
        {
          "schema_version": 0,
          "attributes": {
            "condition_exception": null,
            "config_id": 26906,
            "id": "26906:gfos_92914:3000157",
            "rule_action": "alert",
            "rule_id": 3000157,
            "security_policy_id": "gfos_92914"
          },
          "sensitive_attributes": [],
          "private": "eyJzY2hlbWFfdmVyc2lvbiI6IjAifQ=="
        }
      ]
    },
    {
      "module": "module.security",
      "mode": "managed",
      "type": "akamai_appsec_rule",
      "name": "waf_aseweb_attacktool_3000162",
      "provider": "provider[\"registry.terraform.io/akamai/akamai\"]",
      "instances": [
        {
          "schema_version": 0,
          "attributes": {
            "condition_exception": null,
            "config_id": 26906,
            "id": "26906:gfos_92914:3000162",
            "rule_action": "alert",
            "rule_id": 3000162,
            "security_policy_id": "gfos_92914"
          },
          "sensitive_attributes": [],
          "private": "eyJzY2hlbWFfdmVyc2lvbiI6IjAifQ=="
        }
      ]
    },
    {
      "module": "module.security",
      "mode": "managed",
      "type": "akamai_appsec_rule",
      "name": "waf_aseweb_attacktool_3000164",
      "provider": "provider[\"registry.terraform.io/akamai/akamai\"]",
      "instances": [
        {
          "schema_version": 0,
          "attributes": {
            "condition_exception": null,
            "config_id": 26906,
            "id": "26906:gfos_92914:3000164",
            "rule_action": "alert",
            "rule_id": 3000164,
            "security_policy_id": "gfos_92914"
          },
          "sensitive_attributes": [],
          "private": "eyJzY2hlbWFfdmVyc2lvbiI6IjAifQ=="
        }
      ]
    },
    {
      "module": "module.security",
      "mode": "managed",
      "type": "akamai_appsec_rule",
      "name": "waf_aseweb_attacktool_3000600",
      "provider": "provider[\"registry.terraform.io/akamai/akamai\"]",
      "instances": [
        {
          "schema_version": 0,
          "attributes": {
            "condition_exception": null,
            "config_id": 26906,
            "id": "26906:gfos_92914:3000600",
            "rule_action": "alert",
            "rule_id": 3000600,
            "security_policy_id": "gfos_92914"
          },
          "sensitive_attributes": [],
          "private": "eyJzY2hlbWFfdmVyc2lvbiI6IjAifQ=="
        }
      ]
    },
    {
      "module": "module.security",
      "mode": "managed",
      "type": "akamai_appsec_rule",
      "name": "waf_aseweb_attacktool_3000601",
      "provider": "provider[\"registry.terraform.io/akamai/akamai\"]",
      "instances": [
        {
          "schema_version": 0,
          "attributes": {
            "condition_exception": null,
            "config_id": 26906,
            "id": "26906:gfos_92914:3000601",
            "rule_action": "alert",
            "rule_id": 3000601,
            "security_policy_id": "gfos_92914"
          },
          "sensitive_attributes": [],
          "private": "eyJzY2hlbWFfdmVyc2lvbiI6IjAifQ=="
        }
      ]
    },
    {
      "module": "module.security",
      "mode": "managed",
      "type": "akamai_appsec_rule",
      "name": "waf_aseweb_attacktool_3000602",
      "provider": "provider[\"registry.terraform.io/akamai/akamai\"]",
      "instances": [
        {
          "schema_version": 0,
          "attributes": {
            "condition_exception": null,
            "config_id": 26906,
            "id": "26906:gfos_92914:3000602",
            "rule_action": "alert",
            "rule_id": 3000602,
            "security_policy_id": "gfos_92914"
          },
          "sensitive_attributes": [],
          "private": "eyJzY2hlbWFfdmVyc2lvbiI6IjAifQ=="
        }
      ]
    },
    {
      "module": "module.security",
      "mode": "managed",
      "type": "akamai_appsec_rule",
      "name": "waf_aseweb_attacktool_999002",
      "provider": "provider[\"registry.terraform.io/akamai/akamai\"]",
      "instances": [
        {
          "schema_version": 0,
          "attributes": {
            "condition_exception": null,
            "config_id": 26906,
            "id": "26906:gfos_92914:999002",
            "rule_action": "alert",
            "rule_id": 999002,
            "security_policy_id": "gfos_92914"
          },
          "sensitive_attributes": [],
          "private": "eyJzY2hlbWFfdmVyc2lvbiI6IjAifQ=="
        }
      ]
    },
    {
      "module": "module.security",
      "mode": "managed",
      "type": "akamai_appsec_rule",
      "name": "waf_aseweb_attacktool_999901",
      "provider": "provider[\"registry.terraform.io/akamai/akamai\"]",
      "instances": [
        {
          "schema_version": 0,
          "attributes": {
            "condition_exception": null,
            "config_id": 26906,
            "id": "26906:gfos_92914:999901",
            "rule_action": "alert",
            "rule_id": 999901,
            "security_policy_id": "gfos_92914"
          },
          "sensitive_attributes": [],
          "private": "eyJzY2hlbWFfdmVyc2lvbiI6IjAifQ=="
        }
      ]
    },
    {
      "module": "module.security",
      "mode": "managed",
      "type": "akamai_appsec_rule",
      "name": "waf_aseweb_attacktool_999902",
      "provider": "provider[\"registry.terraform.io/akamai/akamai\"]",
      "instances": [
        {
          "schema_version": 0,
          "attributes": {
            "condition_exception": null,
            "config_id": 26906,
            "id": "26906:gfos_92914:999902",
            "rule_action": "alert",
            "rule_id": 999902,
            "security_policy_id": "gfos_92914"
          },
          "sensitive_attributes": [],
          "private": "eyJzY2hlbWFfdmVyc2lvbiI6IjAifQ=="
        }
      ]
    },
    {
      "module": "module.security",
      "mode": "managed",
      "type": "akamai_appsec_rule",
      "name": "waf_aseweb_attackwat_3000159",
      "provider": "provider[\"registry.terraform.io/akamai/akamai\"]",
      "instances": [
        {
          "schema_version": 0,
          "attributes": {
            "condition_exception": null,
            "config_id": 26906,
            "id": "26906:gfos_92914:3000159",
            "rule_action": "alert",
            "rule_id": 3000159,
            "security_policy_id": "gfos_92914"
          },
          "sensitive_attributes": [],
          "private": "eyJzY2hlbWFfdmVyc2lvbiI6IjAifQ=="
        }
      ]
    },
    {
      "module": "module.security",
      "mode": "managed",
      "type": "akamai_appsec_rule",
      "name": "waf_aseweb_attackwat_3000160",
      "provider": "provider[\"registry.terraform.io/akamai/akamai\"]",
      "instances": [
        {
          "schema_version": 0,
          "attributes": {
            "condition_exception": null,
            "config_id": 26906,
            "id": "26906:gfos_92914:3000160",
            "rule_action": "alert",
            "rule_id": 3000160,
            "security_policy_id": "gfos_92914"
          },
          "sensitive_attributes": [],
          "private": "eyJzY2hlbWFfdmVyc2lvbiI6IjAifQ=="
        }
      ]
    },
    {
      "module": "module.security",
      "mode": "managed",
      "type": "akamai_appsec_rule",
      "name": "waf_aseweb_attackwat_3000161",
      "provider": "provider[\"registry.terraform.io/akamai/akamai\"]",
      "instances": [
        {
          "schema_version": 0,
          "attributes": {
            "condition_exception": null,
            "config_id": 26906,
            "id": "26906:gfos_92914:3000161",
            "rule_action": "alert",
            "rule_id": 3000161,
            "security_policy_id": "gfos_92914"
          },
          "sensitive_attributes": [],
          "private": "eyJzY2hlbWFfdmVyc2lvbiI6IjAifQ=="
        }
      ]
    },
    {
      "module": "module.security",
      "mode": "managed",
      "type": "akamai_appsec_rule",
      "name": "waf_aseweb_attackwat_3000163",
      "provider": "provider[\"registry.terraform.io/akamai/akamai\"]",
      "instances": [
        {
          "schema_version": 0,
          "attributes": {
            "condition_exception": null,
            "config_id": 26906,
            "id": "26906:gfos_92914:3000163",
            "rule_action": "alert",
            "rule_id": 3000163,
            "security_policy_id": "gfos_92914"
          },
          "sensitive_attributes": [],
          "private": "eyJzY2hlbWFfdmVyc2lvbiI6IjAifQ=="
        }
      ]
    },
    {
      "module": "module.security",
      "mode": "managed",
      "type": "akamai_appsec_rule",
      "name": "waf_aseweb_attackwat_3000603",
      "provider": "provider[\"registry.terraform.io/akamai/akamai\"]",
      "instances": [
        {
          "schema_version": 0,
          "attributes": {
            "condition_exception": null,
            "config_id": 26906,
            "id": "26906:gfos_92914:3000603",
            "rule_action": "alert",
            "rule_id": 3000603,
            "security_policy_id": "gfos_92914"
          },
          "sensitive_attributes": [],
          "private": "eyJzY2hlbWFfdmVyc2lvbiI6IjAifQ=="
        }
      ]
    },
    {
      "module": "module.security",
      "mode": "managed",
      "type": "akamai_appsec_rule",
      "name": "waf_aseweb_attackxss_3000037",
      "provider": "provider[\"registry.terraform.io/akamai/akamai\"]",
      "instances": [
        {
          "schema_version": 0,
          "attributes": {
            "condition_exception": null,
            "config_id": 26906,
            "id": "26906:gfos_92914:3000037",
            "rule_action": "alert",
            "rule_id": 3000037,
            "security_policy_id": "gfos_92914"
          },
          "sensitive_attributes": [],
          "private": "eyJzY2hlbWFfdmVyc2lvbiI6IjAifQ=="
        }
      ]
    },
    {
      "module": "module.security",
      "mode": "managed",
      "type": "akamai_appsec_rule",
      "name": "waf_aseweb_attackxss_3000038",
      "provider": "provider[\"registry.terraform.io/akamai/akamai\"]",
      "instances": [
        {
          "schema_version": 0,
          "attributes": {
            "condition_exception": null,
            "config_id": 26906,
            "id": "26906:gfos_92914:3000038",
            "rule_action": "alert",
            "rule_id": 3000038,
            "security_policy_id": "gfos_92914"
          },
          "sensitive_attributes": [],
          "private": "eyJzY2hlbWFfdmVyc2lvbiI6IjAifQ=="
        }
      ]
    },
    {
      "module": "module.security",
      "mode": "managed",
      "type": "akamai_appsec_rule",
      "name": "waf_aseweb_attackxss_3000039",
      "provider": "provider[\"registry.terraform.io/akamai/akamai\"]",
      "instances": [
        {
          "schema_version": 0,
          "attributes": {
            "condition_exception": null,
            "config_id": 26906,
            "id": "26906:gfos_92914:3000039",
            "rule_action": "alert",
            "rule_id": 3000039,
            "security_policy_id": "gfos_92914"
          },
          "sensitive_attributes": [],
          "private": "eyJzY2hlbWFfdmVyc2lvbiI6IjAifQ=="
        }
      ]
    },
    {
      "module": "module.security",
      "mode": "managed",
      "type": "akamai_appsec_rule",
      "name": "waf_aseweb_attackxss_3000057",
      "provider": "provider[\"registry.terraform.io/akamai/akamai\"]",
      "instances": [
        {
          "schema_version": 0,
          "attributes": {
            "condition_exception": null,
            "config_id": 26906,
            "id": "26906:gfos_92914:3000057",
            "rule_action": "alert",
            "rule_id": 3000057,
            "security_policy_id": "gfos_92914"
          },
          "sensitive_attributes": [],
          "private": "eyJzY2hlbWFfdmVyc2lvbiI6IjAifQ=="
        }
      ]
    },
    {
      "module": "module.security",
      "mode": "managed",
      "type": "akamai_appsec_rule",
      "name": "waf_aseweb_attackxss_3000061",
      "provider": "provider[\"registry.terraform.io/akamai/akamai\"]",
      "instances": [
        {
          "schema_version": 0,
          "attributes": {
            "condition_exception": null,
            "config_id": 26906,
            "id": "26906:gfos_92914:3000061",
            "rule_action": "alert",
            "rule_id": 3000061,
            "security_policy_id": "gfos_92914"
          },
          "sensitive_attributes": [],
          "private": "eyJzY2hlbWFfdmVyc2lvbiI6IjAifQ=="
        }
      ]
    },
    {
      "module": "module.security",
      "mode": "managed",
      "type": "akamai_appsec_rule",
      "name": "waf_aseweb_attackxss_3000080",
      "provider": "provider[\"registry.terraform.io/akamai/akamai\"]",
      "instances": [
        {
          "schema_version": 0,
          "attributes": {
            "condition_exception": null,
            "config_id": 26906,
            "id": "26906:gfos_92914:3000080",
            "rule_action": "alert",
            "rule_id": 3000080,
            "security_policy_id": "gfos_92914"
          },
          "sensitive_attributes": [],
          "private": "eyJzY2hlbWFfdmVyc2lvbiI6IjAifQ=="
        }
      ]
    },
    {
      "module": "module.security",
      "mode": "managed",
      "type": "akamai_appsec_rule",
      "name": "waf_aseweb_attackxss_3000081",
      "provider": "provider[\"registry.terraform.io/akamai/akamai\"]",
      "instances": [
        {
          "schema_version": 0,
          "attributes": {
            "condition_exception": null,
            "config_id": 26906,
            "id": "26906:gfos_92914:3000081",
            "rule_action": "alert",
            "rule_id": 3000081,
            "security_policy_id": "gfos_92914"
          },
          "sensitive_attributes": [],
          "private": "eyJzY2hlbWFfdmVyc2lvbiI6IjAifQ=="
        }
      ]
    },
    {
      "module": "module.security",
      "mode": "managed",
      "type": "akamai_appsec_rule",
      "name": "waf_aseweb_attackxss_3000110",
      "provider": "provider[\"registry.terraform.io/akamai/akamai\"]",
      "instances": [
        {
          "schema_version": 0,
          "attributes": {
            "condition_exception": null,
            "config_id": 26906,
            "id": "26906:gfos_92914:3000110",
            "rule_action": "alert",
            "rule_id": 3000110,
            "security_policy_id": "gfos_92914"
          },
          "sensitive_attributes": [],
          "private": "eyJzY2hlbWFfdmVyc2lvbiI6IjAifQ=="
        }
      ]
    },
    {
      "module": "module.security",
      "mode": "managed",
      "type": "akamai_appsec_rule",
      "name": "waf_aseweb_attackxss_3000111",
      "provider": "provider[\"registry.terraform.io/akamai/akamai\"]",
      "instances": [
        {
          "schema_version": 0,
          "attributes": {
            "condition_exception": null,
            "config_id": 26906,
            "id": "26906:gfos_92914:3000111",
            "rule_action": "alert",
            "rule_id": 3000111,
            "security_policy_id": "gfos_92914"
          },
          "sensitive_attributes": [],
          "private": "eyJzY2hlbWFfdmVyc2lvbiI6IjAifQ=="
        }
      ]
    },
    {
      "module": "module.security",
      "mode": "managed",
      "type": "akamai_appsec_rule",
      "name": "waf_aseweb_attackxss_3000112",
      "provider": "provider[\"registry.terraform.io/akamai/akamai\"]",
      "instances": [
        {
          "schema_version": 0,
          "attributes": {
            "condition_exception": null,
            "config_id": 26906,
            "id": "26906:gfos_92914:3000112",
            "rule_action": "alert",
            "rule_id": 3000112,
            "security_policy_id": "gfos_92914"
          },
          "sensitive_attributes": [],
          "private": "eyJzY2hlbWFfdmVyc2lvbiI6IjAifQ=="
        }
      ]
    },
    {
      "module": "module.security",
      "mode": "managed",
      "type": "akamai_appsec_rule",
      "name": "waf_aseweb_attackxss_3000113",
      "provider": "provider[\"registry.terraform.io/akamai/akamai\"]",
      "instances": [
        {
          "schema_version": 0,
          "attributes": {
            "condition_exception": null,
            "config_id": 26906,
            "id": "26906:gfos_92914:3000113",
            "rule_action": "alert",
            "rule_id": 3000113,
            "security_policy_id": "gfos_92914"
          },
          "sensitive_attributes": [],
          "private": "eyJzY2hlbWFfdmVyc2lvbiI6IjAifQ=="
        }
      ]
    },
    {
      "module": "module.security",
      "mode": "managed",
      "type": "akamai_appsec_rule",
      "name": "waf_aseweb_attackxss_3000114",
      "provider": "provider[\"registry.terraform.io/akamai/akamai\"]",
      "instances": [
        {
          "schema_version": 0,
          "attributes": {
            "condition_exception": null,
            "config_id": 26906,
            "id": "26906:gfos_92914:3000114",
            "rule_action": "alert",
            "rule_id": 3000114,
            "security_policy_id": "gfos_92914"
          },
          "sensitive_attributes": [],
          "private": "eyJzY2hlbWFfdmVyc2lvbiI6IjAifQ=="
        }
      ]
    },
    {
      "module": "module.security",
      "mode": "managed",
      "type": "akamai_appsec_rule",
      "name": "waf_aseweb_attackxss_3000116",
      "provider": "provider[\"registry.terraform.io/akamai/akamai\"]",
      "instances": [
        {
          "schema_version": 0,
          "attributes": {
            "condition_exception": null,
            "config_id": 26906,
            "id": "26906:gfos_92914:3000116",
            "rule_action": "alert",
            "rule_id": 3000116,
            "security_policy_id": "gfos_92914"
          },
          "sensitive_attributes": [],
          "private": "eyJzY2hlbWFfdmVyc2lvbiI6IjAifQ=="
        }
      ]
    },
    {
      "module": "module.security",
      "mode": "managed",
      "type": "akamai_appsec_rule",
      "name": "waf_aseweb_attackxss_3000119",
      "provider": "provider[\"registry.terraform.io/akamai/akamai\"]",
      "instances": [
        {
          "schema_version": 0,
          "attributes": {
            "condition_exception": null,
            "config_id": 26906,
            "id": "26906:gfos_92914:3000119",
            "rule_action": "alert",
            "rule_id": 3000119,
            "security_policy_id": "gfos_92914"
          },
          "sensitive_attributes": [],
          "private": "eyJzY2hlbWFfdmVyc2lvbiI6IjAifQ=="
        }
      ]
    },
    {
      "module": "module.security",
      "mode": "managed",
      "type": "akamai_appsec_rule",
      "name": "waf_aseweb_attackxss_3000128",
      "provider": "provider[\"registry.terraform.io/akamai/akamai\"]",
      "instances": [
        {
          "schema_version": 0,
          "attributes": {
            "condition_exception": null,
            "config_id": 26906,
            "id": "26906:gfos_92914:3000128",
            "rule_action": "alert",
            "rule_id": 3000128,
            "security_policy_id": "gfos_92914"
          },
          "sensitive_attributes": [],
          "private": "eyJzY2hlbWFfdmVyc2lvbiI6IjAifQ=="
        }
      ]
    },
    {
      "module": "module.security",
      "mode": "managed",
      "type": "akamai_appsec_rule",
      "name": "waf_aseweb_attackxss_3000211",
      "provider": "provider[\"registry.terraform.io/akamai/akamai\"]",
      "instances": [
        {
          "schema_version": 0,
          "attributes": {
            "condition_exception": null,
            "config_id": 26906,
            "id": "26906:gfos_92914:3000211",
            "rule_action": "alert",
            "rule_id": 3000211,
            "security_policy_id": "gfos_92914"
          },
          "sensitive_attributes": [],
          "private": "eyJzY2hlbWFfdmVyc2lvbiI6IjAifQ=="
        }
      ]
    },
    {
      "module": "module.security",
      "mode": "managed",
      "type": "akamai_appsec_rule",
      "name": "waf_aseweb_attackxss_3000212",
      "provider": "provider[\"registry.terraform.io/akamai/akamai\"]",
      "instances": [
        {
          "schema_version": 0,
          "attributes": {
            "condition_exception": null,
            "config_id": 26906,
            "id": "26906:gfos_92914:3000212",
            "rule_action": "alert",
            "rule_id": 3000212,
            "security_policy_id": "gfos_92914"
          },
          "sensitive_attributes": [],
          "private": "eyJzY2hlbWFfdmVyc2lvbiI6IjAifQ=="
        }
      ]
    },
    {
      "module": "module.security",
      "mode": "managed",
      "type": "akamai_appsec_rule",
      "name": "waf_aseweb_attackxss_3000213",
      "provider": "provider[\"registry.terraform.io/akamai/akamai\"]",
      "instances": [
        {
          "schema_version": 0,
          "attributes": {
            "condition_exception": null,
            "config_id": 26906,
            "id": "26906:gfos_92914:3000213",
            "rule_action": "alert",
            "rule_id": 3000213,
            "security_policy_id": "gfos_92914"
          },
          "sensitive_attributes": [],
          "private": "eyJzY2hlbWFfdmVyc2lvbiI6IjAifQ=="
        }
      ]
    },
    {
      "module": "module.security",
      "mode": "managed",
      "type": "akamai_appsec_rule",
      "name": "waf_aseweb_attackxss_3000214",
      "provider": "provider[\"registry.terraform.io/akamai/akamai\"]",
      "instances": [
        {
          "schema_version": 0,
          "attributes": {
            "condition_exception": null,
            "config_id": 26906,
            "id": "26906:gfos_92914:3000214",
            "rule_action": "alert",
            "rule_id": 3000214,
            "security_policy_id": "gfos_92914"
          },
          "sensitive_attributes": [],
          "private": "eyJzY2hlbWFfdmVyc2lvbiI6IjAifQ=="
        }
      ]
    },
    {
      "module": "module.security",
      "mode": "managed",
      "type": "akamai_appsec_rule",
      "name": "waf_aseweb_attackxss_3000215",
      "provider": "provider[\"registry.terraform.io/akamai/akamai\"]",
      "instances": [
        {
          "schema_version": 0,
          "attributes": {
            "condition_exception": null,
            "config_id": 26906,
            "id": "26906:gfos_92914:3000215",
            "rule_action": "alert",
            "rule_id": 3000215,
            "security_policy_id": "gfos_92914"
          },
          "sensitive_attributes": [],
          "private": "eyJzY2hlbWFfdmVyc2lvbiI6IjAifQ=="
        }
      ]
    },
    {
      "module": "module.security",
      "mode": "managed",
      "type": "akamai_appsec_rule",
      "name": "waf_aseweb_attackxss_3000216",
      "provider": "provider[\"registry.terraform.io/akamai/akamai\"]",
      "instances": [
        {
          "schema_version": 0,
          "attributes": {
            "condition_exception": null,
            "config_id": 26906,
            "id": "26906:gfos_92914:3000216",
            "rule_action": "alert",
            "rule_id": 3000216,
            "security_policy_id": "gfos_92914"
          },
          "sensitive_attributes": [],
          "private": "eyJzY2hlbWFfdmVyc2lvbiI6IjAifQ=="
        }
      ]
    },
    {
      "module": "module.security",
      "mode": "managed",
      "type": "akamai_appsec_rule",
      "name": "waf_aseweb_attackxss_3000217",
      "provider": "provider[\"registry.terraform.io/akamai/akamai\"]",
      "instances": [
        {
          "schema_version": 0,
          "attributes": {
            "condition_exception": null,
            "config_id": 26906,
            "id": "26906:gfos_92914:3000217",
            "rule_action": "alert",
            "rule_id": 3000217,
            "security_policy_id": "gfos_92914"
          },
          "sensitive_attributes": [],
          "private": "eyJzY2hlbWFfdmVyc2lvbiI6IjAifQ=="
        }
      ]
    },
    {
      "module": "module.security",
      "mode": "managed",
      "type": "akamai_appsec_rule",
      "name": "waf_aseweb_attackxss_3000218",
      "provider": "provider[\"registry.terraform.io/akamai/akamai\"]",
      "instances": [
        {
          "schema_version": 0,
          "attributes": {
            "condition_exception": null,
            "config_id": 26906,
            "id": "26906:gfos_92914:3000218",
            "rule_action": "alert",
            "rule_id": 3000218,
            "security_policy_id": "gfos_92914"
          },
          "sensitive_attributes": [],
          "private": "eyJzY2hlbWFfdmVyc2lvbiI6IjAifQ=="
        }
      ]
    },
    {
      "module": "module.security",
      "mode": "managed",
      "type": "akamai_appsec_rule",
      "name": "waf_aseweb_attackxss_3000219",
      "provider": "provider[\"registry.terraform.io/akamai/akamai\"]",
      "instances": [
        {
          "schema_version": 0,
          "attributes": {
            "condition_exception": null,
            "config_id": 26906,
            "id": "26906:gfos_92914:3000219",
            "rule_action": "alert",
            "rule_id": 3000219,
            "security_policy_id": "gfos_92914"
          },
          "sensitive_attributes": [],
          "private": "eyJzY2hlbWFfdmVyc2lvbiI6IjAifQ=="
        }
      ]
    },
    {
      "module": "module.security",
      "mode": "managed",
      "type": "akamai_appsec_rule",
      "name": "waf_aseweb_attackxss_3000220",
      "provider": "provider[\"registry.terraform.io/akamai/akamai\"]",
      "instances": [
        {
          "schema_version": 0,
          "attributes": {
            "condition_exception": null,
            "config_id": 26906,
            "id": "26906:gfos_92914:3000220",
            "rule_action": "alert",
            "rule_id": 3000220,
            "security_policy_id": "gfos_92914"
          },
          "sensitive_attributes": [],
          "private": "eyJzY2hlbWFfdmVyc2lvbiI6IjAifQ=="
        }
      ]
    },
    {
      "module": "module.security",
      "mode": "managed",
      "type": "akamai_appsec_rule",
      "name": "waf_aseweb_attackxss_3000221",
      "provider": "provider[\"registry.terraform.io/akamai/akamai\"]",
      "instances": [
        {
          "schema_version": 0,
          "attributes": {
            "condition_exception": null,
            "config_id": 26906,
            "id": "26906:gfos_92914:3000221",
            "rule_action": "alert",
            "rule_id": 3000221,
            "security_policy_id": "gfos_92914"
          },
          "sensitive_attributes": [],
          "private": "eyJzY2hlbWFfdmVyc2lvbiI6IjAifQ=="
        }
      ]
    },
    {
      "module": "module.security",
      "mode": "managed",
      "type": "akamai_appsec_rule",
      "name": "waf_aseweb_attackxss_3000222",
      "provider": "provider[\"registry.terraform.io/akamai/akamai\"]",
      "instances": [
        {
          "schema_version": 0,
          "attributes": {
            "condition_exception": null,
            "config_id": 26906,
            "id": "26906:gfos_92914:3000222",
            "rule_action": "alert",
            "rule_id": 3000222,
            "security_policy_id": "gfos_92914"
          },
          "sensitive_attributes": [],
          "private": "eyJzY2hlbWFfdmVyc2lvbiI6IjAifQ=="
        }
      ]
    },
    {
      "module": "module.security",
      "mode": "managed",
      "type": "akamai_appsec_rule",
      "name": "waf_aseweb_attackxss_958003",
      "provider": "provider[\"registry.terraform.io/akamai/akamai\"]",
      "instances": [
        {
          "schema_version": 0,
          "attributes": {
            "condition_exception": null,
            "config_id": 26906,
            "id": "26906:gfos_92914:958003",
            "rule_action": "alert",
            "rule_id": 958003,
            "security_policy_id": "gfos_92914"
          },
          "sensitive_attributes": [],
          "private": "eyJzY2hlbWFfdmVyc2lvbiI6IjAifQ=="
        }
      ]
    },
    {
      "module": "module.security",
      "mode": "managed",
      "type": "akamai_appsec_rule",
      "name": "waf_aseweb_attackxss_958008",
      "provider": "provider[\"registry.terraform.io/akamai/akamai\"]",
      "instances": [
        {
          "schema_version": 0,
          "attributes": {
            "condition_exception": null,
            "config_id": 26906,
            "id": "26906:gfos_92914:958008",
            "rule_action": "alert",
            "rule_id": 958008,
            "security_policy_id": "gfos_92914"
          },
          "sensitive_attributes": [],
          "private": "eyJzY2hlbWFfdmVyc2lvbiI6IjAifQ=="
        }
      ]
    },
    {
      "module": "module.security",
      "mode": "managed",
      "type": "akamai_appsec_rule",
      "name": "waf_aseweb_attackxss_958023",
      "provider": "provider[\"registry.terraform.io/akamai/akamai\"]",
      "instances": [
        {
          "schema_version": 0,
          "attributes": {
            "condition_exception": null,
            "config_id": 26906,
            "id": "26906:gfos_92914:958023",
            "rule_action": "alert",
            "rule_id": 958023,
            "security_policy_id": "gfos_92914"
          },
          "sensitive_attributes": [],
          "private": "eyJzY2hlbWFfdmVyc2lvbiI6IjAifQ=="
        }
      ]
    },
    {
      "module": "module.security",
      "mode": "managed",
      "type": "akamai_appsec_rule",
      "name": "waf_aseweb_attackxss_958034",
      "provider": "provider[\"registry.terraform.io/akamai/akamai\"]",
      "instances": [
        {
          "schema_version": 0,
          "attributes": {
            "condition_exception": null,
            "config_id": 26906,
            "id": "26906:gfos_92914:958034",
            "rule_action": "alert",
            "rule_id": 958034,
            "security_policy_id": "gfos_92914"
          },
          "sensitive_attributes": [],
          "private": "eyJzY2hlbWFfdmVyc2lvbiI6IjAifQ=="
        }
      ]
    },
    {
      "module": "module.security",
      "mode": "managed",
      "type": "akamai_appsec_rule",
      "name": "waf_aseweb_attackxss_958051",
      "provider": "provider[\"registry.terraform.io/akamai/akamai\"]",
      "instances": [
        {
          "schema_version": 0,
          "attributes": {
            "condition_exception": null,
            "config_id": 26906,
            "id": "26906:gfos_92914:958051",
            "rule_action": "alert",
            "rule_id": 958051,
            "security_policy_id": "gfos_92914"
          },
          "sensitive_attributes": [],
          "private": "eyJzY2hlbWFfdmVyc2lvbiI6IjAifQ=="
        }
      ]
    },
    {
      "module": "module.security",
      "mode": "managed",
      "type": "akamai_appsec_rule",
      "name": "waf_aseweb_attackxss_958052",
      "provider": "provider[\"registry.terraform.io/akamai/akamai\"]",
      "instances": [
        {
          "schema_version": 0,
          "attributes": {
            "condition_exception": null,
            "config_id": 26906,
            "id": "26906:gfos_92914:958052",
            "rule_action": "alert",
            "rule_id": 958052,
            "security_policy_id": "gfos_92914"
          },
          "sensitive_attributes": [],
          "private": "eyJzY2hlbWFfdmVyc2lvbiI6IjAifQ=="
        }
      ]
    },
    {
      "module": "module.security",
      "mode": "managed",
      "type": "akamai_appsec_rule",
      "name": "waf_aseweb_attackxss_973305",
      "provider": "provider[\"registry.terraform.io/akamai/akamai\"]",
      "instances": [
        {
          "schema_version": 0,
          "attributes": {
            "condition_exception": null,
            "config_id": 26906,
            "id": "26906:gfos_92914:973305",
            "rule_action": "alert",
            "rule_id": 973305,
            "security_policy_id": "gfos_92914"
          },
          "sensitive_attributes": [],
          "private": "eyJzY2hlbWFfdmVyc2lvbiI6IjAifQ=="
        }
      ]
    },
    {
      "module": "module.security",
      "mode": "managed",
      "type": "akamai_appsec_rule",
      "name": "waf_aseweb_attackxss_973307",
      "provider": "provider[\"registry.terraform.io/akamai/akamai\"]",
      "instances": [
        {
          "schema_version": 0,
          "attributes": {
            "condition_exception": null,
            "config_id": 26906,
            "id": "26906:gfos_92914:973307",
            "rule_action": "alert",
            "rule_id": 973307,
            "security_policy_id": "gfos_92914"
          },
          "sensitive_attributes": [],
          "private": "eyJzY2hlbWFfdmVyc2lvbiI6IjAifQ=="
        }
      ]
    },
    {
      "module": "module.security",
      "mode": "managed",
      "type": "akamai_appsec_rule",
      "name": "waf_aseweb_attackxss_973311",
      "provider": "provider[\"registry.terraform.io/akamai/akamai\"]",
      "instances": [
        {
          "schema_version": 0,
          "attributes": {
            "condition_exception": null,
            "config_id": 26906,
            "id": "26906:gfos_92914:973311",
            "rule_action": "alert",
            "rule_id": 973311,
            "security_policy_id": "gfos_92914"
          },
          "sensitive_attributes": [],
          "private": "eyJzY2hlbWFfdmVyc2lvbiI6IjAifQ=="
        }
      ]
    },
    {
      "module": "module.security",
      "mode": "managed",
      "type": "akamai_appsec_rule",
      "name": "waf_aseweb_attackxss_973312",
      "provider": "provider[\"registry.terraform.io/akamai/akamai\"]",
      "instances": [
        {
          "schema_version": 0,
          "attributes": {
            "condition_exception": null,
            "config_id": 26906,
            "id": "26906:gfos_92914:973312",
            "rule_action": "alert",
            "rule_id": 973312,
            "security_policy_id": "gfos_92914"
          },
          "sensitive_attributes": [],
          "private": "eyJzY2hlbWFfdmVyc2lvbiI6IjAifQ=="
        }
      ]
    },
    {
      "module": "module.security",
      "mode": "managed",
      "type": "akamai_appsec_rule",
      "name": "waf_aseweb_attackxss_973335",
      "provider": "provider[\"registry.terraform.io/akamai/akamai\"]",
      "instances": [
        {
          "schema_version": 0,
          "attributes": {
            "condition_exception": "{\"exception\":{\"specificHeaderCookieParamXmlOrJsonNames\":[{\"names\":[\"body\"],\"selector\":\"ARGS\"},{\"names\":[\"translatedText\"],\"selector\":\"JSON_PAIRS\"}]}}",
            "config_id": 26906,
            "id": "26906:gfos_92914:973335",
            "rule_action": "alert",
            "rule_id": 973335,
            "security_policy_id": "gfos_92914"
          },
          "sensitive_attributes": [],
          "private": "eyJzY2hlbWFfdmVyc2lvbiI6IjAifQ=="
        }
      ]
    },
    {
      "module": "module.security",
      "mode": "managed",
      "type": "akamai_appsec_security_policy",
      "name": "main_policy",
      "provider": "provider[\"registry.terraform.io/akamai/akamai\"]",
      "instances": [
        {
          "schema_version": 0,
          "attributes": {
            "config_id": 26906,
            "create_from_security_policy_id": null,
            "default_settings": true,
            "id": "26906:gfmp_56269",
            "security_policy_id": "gfmp_56269",
            "security_policy_name": "Main Policy",
            "security_policy_prefix": "gfmp"
          },
          "sensitive_attributes": [],
          "private": "eyJzY2hlbWFfdmVyc2lvbiI6IjAifQ=="
        }
      ]
    },
    {
      "module": "module.security",
      "mode": "managed",
      "type": "akamai_appsec_security_policy",
      "name": "waf",
      "provider": "provider[\"registry.terraform.io/akamai/akamai\"]",
      "instances": [
        {
          "schema_version": 0,
          "attributes": {
            "config_id": 26906,
            "create_from_security_policy_id": null,
            "default_settings": true,
            "id": "26906:gfos_92914",
            "security_policy_id": "gfos_92914",
            "security_policy_name": "WAF",
            "security_policy_prefix": "gfos"
          },
          "sensitive_attributes": [],
          "private": "eyJzY2hlbWFfdmVyc2lvbiI6IjAifQ=="
        }
      ]
    },
    {
      "module": "module.security",
      "mode": "managed",
      "type": "akamai_appsec_slow_post",
      "name": "main_policy",
      "provider": "provider[\"registry.terraform.io/akamai/akamai\"]",
      "instances": [
        {
          "schema_version": 0,
          "attributes": {
            "config_id": 26906,
            "duration_threshold_timeout": null,
            "id": "26906:gfmp_56269",
            "security_policy_id": "gfmp_56269",
            "slow_rate_action": "alert",
            "slow_rate_threshold_period": 60,
            "slow_rate_threshold_rate": 10
          },
          "sensitive_attributes": [],
          "private": "eyJzY2hlbWFfdmVyc2lvbiI6IjAifQ=="
        }
      ]
    },
    {
      "module": "module.security",
      "mode": "managed",
      "type": "akamai_appsec_slow_post",
      "name": "waf",
      "provider": "provider[\"registry.terraform.io/akamai/akamai\"]",
      "instances": [
        {
          "schema_version": 0,
          "attributes": {
            "config_id": 26906,
            "duration_threshold_timeout": null,
            "id": "26906:gfos_92914",
            "security_policy_id": "gfos_92914",
            "slow_rate_action": "abort",
            "slow_rate_threshold_period": 60,
            "slow_rate_threshold_rate": 10
          },
          "sensitive_attributes": [],
          "private": "eyJzY2hlbWFfdmVyc2lvbiI6IjAifQ=="
        }
      ]
    },
    {
      "module": "module.security",
      "mode": "managed",
      "type": "akamai_appsec_slowpost_protection",
      "name": "main_policy",
      "provider": "provider[\"registry.terraform.io/akamai/akamai\"]",
      "instances": [
        {
          "schema_version": 0,
          "attributes": {
            "config_id": 26906,
            "enabled": true,
            "id": "26906:gfmp_56269",
            "output_text": "\n+------------------------------------------------------------------------------------------------------------------------------------------------------------+\n| Security Policy Protections                                                                                                                                |\n+----------------+--------------------------+----------------+-----------------+----------------------+--------------+--------------------+------------------+\n| APICONSTRAINTS | APPLICATIONLAYERCONTROLS | BOTMANCONTROLS | MALWARECONTROLS | NETWORKLAYERCONTROLS | RATECONTROLS | REPUTATIONCONTROLS | SLOWPOSTCONTROLS |\n+----------------+--------------------------+----------------+-----------------+----------------------+--------------+--------------------+------------------+\n| false          | true                     | true           | false           | true                 | true         | true               | true             |\n+----------------+--------------------------+----------------+-----------------+----------------------+--------------+--------------------+------------------+\n",
            "security_policy_id": "gfmp_56269"
          },
          "sensitive_attributes": [],
          "private": "eyJzY2hlbWFfdmVyc2lvbiI6IjAifQ=="
        }
      ]
    },
    {
      "module": "module.security",
      "mode": "managed",
      "type": "akamai_appsec_slowpost_protection",
      "name": "waf",
      "provider": "provider[\"registry.terraform.io/akamai/akamai\"]",
      "instances": [
        {
          "schema_version": 0,
          "attributes": {
            "config_id": 26906,
            "enabled": true,
            "id": "26906:gfos_92914",
            "output_text": "\n+------------------------------------------------------------------------------------------------------------------------------------------------------------+\n| Security Policy Protections                                                                                                                                |\n+----------------+--------------------------+----------------+-----------------+----------------------+--------------+--------------------+------------------+\n| APICONSTRAINTS | APPLICATIONLAYERCONTROLS | BOTMANCONTROLS | MALWARECONTROLS | NETWORKLAYERCONTROLS | RATECONTROLS | REPUTATIONCONTROLS | SLOWPOSTCONTROLS |\n+----------------+--------------------------+----------------+-----------------+----------------------+--------------+--------------------+------------------+\n| true           | true                     | true           | false           | true                 | true         | true               | true             |\n+----------------+--------------------------+----------------+-----------------+----------------------+--------------+--------------------+------------------+\n",
            "security_policy_id": "gfos_92914"
          },
          "sensitive_attributes": [],
          "private": "eyJzY2hlbWFfdmVyc2lvbiI6IjAifQ=="
        }
      ]
    },
    {
      "module": "module.security",
      "mode": "managed",
      "type": "akamai_appsec_waf_mode",
      "name": "main_policy",
      "provider": "provider[\"registry.terraform.io/akamai/akamai\"]",
      "instances": [
        {
          "schema_version": 0,
          "attributes": {
            "config_id": 26906,
            "current_ruleset": "ASE Automatic (Jun 02, 2025)",
            "eval_expiration_date": "",
            "eval_ruleset": "",
            "eval_status": "disabled",
            "id": "26906:gfmp_56269",
            "mode": "ASE_AUTO",
            "output_text": "\n+---------------------------------------------+\n| wafMode                                     |\n+-----------------------+----------+----------+\n| CURRENT               | MODE     | EVAL     |\n+-----------------------+----------+----------+\n| ASE Automatic (Jun 02 |          |          |\n|  2025)                | ASE_AUTO | disabled |\n+-----------------------+----------+----------+\n",
            "security_policy_id": "gfmp_56269"
          },
          "sensitive_attributes": [],
          "private": "eyJzY2hlbWFfdmVyc2lvbiI6IjAifQ=="
        }
      ]
    },
    {
      "module": "module.security",
      "mode": "managed",
      "type": "akamai_appsec_waf_mode",
      "name": "waf",
      "provider": "provider[\"registry.terraform.io/akamai/akamai\"]",
      "instances": [
        {
          "schema_version": 0,
          "attributes": {
            "config_id": 26906,
            "current_ruleset": "ASE Automatic (Jun 02, 2025)",
            "eval_expiration_date": "",
            "eval_ruleset": "",
            "eval_status": "disabled",
            "id": "26906:gfos_92914",
            "mode": "ASE_AUTO",
            "output_text": "\n+---------------------------------------------+\n| wafMode                                     |\n+-----------------------+----------+----------+\n| CURRENT               | MODE     | EVAL     |\n+-----------------------+----------+----------+\n| ASE Automatic (Jun 02 |          |          |\n|  2025)                | ASE_AUTO | disabled |\n+-----------------------+----------+----------+\n",
            "security_policy_id": "gfos_92914"
          },
          "sensitive_attributes": [],
          "private": "eyJzY2hlbWFfdmVyc2lvbiI6IjAifQ=="
        }
      ]
    },
    {
      "module": "module.security",
      "mode": "managed",
      "type": "akamai_appsec_waf_protection",
      "name": "main_policy",
      "provider": "provider[\"registry.terraform.io/akamai/akamai\"]",
      "instances": [
        {
          "schema_version": 0,
          "attributes": {
            "config_id": 26906,
            "enabled": true,
            "id": "26906:gfmp_56269",
            "output_text": "\n+------------------------------------------------------------------------------------------------------------------------------------------------------------+\n| Security Policy Protections                                                                                                                                |\n+----------------+--------------------------+----------------+-----------------+----------------------+--------------+--------------------+------------------+\n| APICONSTRAINTS | APPLICATIONLAYERCONTROLS | BOTMANCONTROLS | MALWARECONTROLS | NETWORKLAYERCONTROLS | RATECONTROLS | REPUTATIONCONTROLS | SLOWPOSTCONTROLS |\n+----------------+--------------------------+----------------+-----------------+----------------------+--------------+--------------------+------------------+\n| false          | true                     | true           | false           | true                 | true         | true               | true             |\n+----------------+--------------------------+----------------+-----------------+----------------------+--------------+--------------------+------------------+\n",
            "security_policy_id": "gfmp_56269"
          },
          "sensitive_attributes": [],
          "private": "eyJzY2hlbWFfdmVyc2lvbiI6IjAifQ=="
        }
      ]
    },
    {
      "module": "module.security",
      "mode": "managed",
      "type": "akamai_appsec_waf_protection",
      "name": "waf",
      "provider": "provider[\"registry.terraform.io/akamai/akamai\"]",
      "instances": [
        {
          "schema_version": 0,
          "attributes": {
            "config_id": 26906,
            "enabled": true,
            "id": "26906:gfos_92914",
            "output_text": "\n+------------------------------------------------------------------------------------------------------------------------------------------------------------+\n| Security Policy Protections                                                                                                                                |\n+----------------+--------------------------+----------------+-----------------+----------------------+--------------+--------------------+------------------+\n| APICONSTRAINTS | APPLICATIONLAYERCONTROLS | BOTMANCONTROLS | MALWARECONTROLS | NETWORKLAYERCONTROLS | RATECONTROLS | REPUTATIONCONTROLS | SLOWPOSTCONTROLS |\n+----------------+--------------------------+----------------+-----------------+----------------------+--------------+--------------------+------------------+\n| true           | true                     | true           | false           | true                 | true         | true               | true             |\n+----------------+--------------------------+----------------+-----------------+----------------------+--------------+--------------------+------------------+\n",
            "security_policy_id": "gfos_92914"
          },
          "sensitive_attributes": [],
          "private": "eyJzY2hlbWFfdmVyc2lvbiI6IjAifQ=="
        }
      ]
    },
    {
      "module": "module.security",
      "mode": "managed",
      "type": "akamai_botman_akamai_bot_category_action",
      "name": "main_policy_academic_or_research_bots_0c508e1d-73a4-4366-9e48-3c4a080f1c5d",
      "provider": "provider[\"registry.terraform.io/akamai/akamai\"]",
      "instances": [
        {
          "schema_version": 0,
          "attributes": {
            "akamai_bot_category_action": "{\"action\":\"monitor\"}",
            "category_id": "0c508e1d-73a4-4366-9e48-3c4a080f1c5d",
            "config_id": 26906,
            "id": "26906:gfmp_56269:0c508e1d-73a4-4366-9e48-3c4a080f1c5d",
            "security_policy_id": "gfmp_56269"
          },
          "sensitive_attributes": [],
          "private": "eyJzY2hlbWFfdmVyc2lvbiI6IjAifQ=="
        }
      ]
    },
    {
      "module": "module.security",
      "mode": "managed",
      "type": "akamai_botman_akamai_bot_category_action",
      "name": "main_policy_artificial_intelligence_ai_bots_352fca87-71ee-4b8d-ae15-d36772556072",
      "provider": "provider[\"registry.terraform.io/akamai/akamai\"]",
      "instances": [
        {
          "schema_version": 0,
          "attributes": {
            "akamai_bot_category_action": "{\"action\":\"monitor\"}",
            "category_id": "352fca87-71ee-4b8d-ae15-d36772556072",
            "config_id": 26906,
            "id": "26906:gfmp_56269:352fca87-71ee-4b8d-ae15-d36772556072",
            "security_policy_id": "gfmp_56269"
          },
          "sensitive_attributes": [],
          "private": "eyJzY2hlbWFfdmVyc2lvbiI6IjAifQ=="
        }
      ]
    },
    {
      "module": "module.security",
      "mode": "managed",
      "type": "akamai_botman_akamai_bot_category_action",
      "name": "main_policy_automated_shopping_cart_and_sniper_bots_75493431-b41a-492c-8324-f12158783ce1",
      "provider": "provider[\"registry.terraform.io/akamai/akamai\"]",
      "instances": [
        {
          "schema_version": 0,
          "attributes": {
            "akamai_bot_category_action": "{\"action\":\"monitor\"}",
            "category_id": "75493431-b41a-492c-8324-f12158783ce1",
            "config_id": 26906,
            "id": "26906:gfmp_56269:75493431-b41a-492c-8324-f12158783ce1",
            "security_policy_id": "gfmp_56269"
          },
          "sensitive_attributes": [],
          "private": "eyJzY2hlbWFfdmVyc2lvbiI6IjAifQ=="
        }
      ]
    },
    {
      "module": "module.security",
      "mode": "managed",
      "type": "akamai_botman_akamai_bot_category_action",
      "name": "main_policy_business_intelligence_bots_8a70d29c-a491-4583-9768-7deea2f379c1",
      "provider": "provider[\"registry.terraform.io/akamai/akamai\"]",
      "instances": [
        {
          "schema_version": 0,
          "attributes": {
            "akamai_bot_category_action": "{\"action\":\"monitor\"}",
            "category_id": "8a70d29c-a491-4583-9768-7deea2f379c1",
            "config_id": 26906,
            "id": "26906:gfmp_56269:8a70d29c-a491-4583-9768-7deea2f379c1",
            "security_policy_id": "gfmp_56269"
          },
          "sensitive_attributes": [],
          "private": "eyJzY2hlbWFfdmVyc2lvbiI6IjAifQ=="
        }
      ]
    },
    {
      "module": "module.security",
      "mode": "managed",
      "type": "akamai_botman_akamai_bot_category_action",
      "name": "main_policy_ecommerce_search_engine_bots_47bcfb70-f3f5-458b-8f7c-1773b14bc6a4",
      "provider": "provider[\"registry.terraform.io/akamai/akamai\"]",
      "instances": [
        {
          "schema_version": 0,
          "attributes": {
            "akamai_bot_category_action": "{\"action\":\"monitor\"}",
            "category_id": "47bcfb70-f3f5-458b-8f7c-1773b14bc6a4",
            "config_id": 26906,
            "id": "26906:gfmp_56269:47bcfb70-f3f5-458b-8f7c-1773b14bc6a4",
            "security_policy_id": "gfmp_56269"
          },
          "sensitive_attributes": [],
          "private": "eyJzY2hlbWFfdmVyc2lvbiI6IjAifQ=="
        }
      ]
    },
    {
      "module": "module.security",
      "mode": "managed",
      "type": "akamai_botman_akamai_bot_category_action",
      "name": "main_policy_enterprise_data_aggregator_bots_50395ad2-2673-41a4-b317-9b70742fd40f",
      "provider": "provider[\"registry.terraform.io/akamai/akamai\"]",
      "instances": [
        {
          "schema_version": 0,
          "attributes": {
            "akamai_bot_category_action": "{\"action\":\"monitor\"}",
            "category_id": "50395ad2-2673-41a4-b317-9b70742fd40f",
            "config_id": 26906,
            "id": "26906:gfmp_56269:50395ad2-2673-41a4-b317-9b70742fd40f",
            "security_policy_id": "gfmp_56269"
          },
          "sensitive_attributes": [],
          "private": "eyJzY2hlbWFfdmVyc2lvbiI6IjAifQ=="
        }
      ]
    },
    {
      "module": "module.security",
      "mode": "managed",
      "type": "akamai_botman_akamai_bot_category_action",
      "name": "main_policy_financial_account_aggregator_bots_c6692e03-d3a8-49b0-9566-5003eeaddbc1",
      "provider": "provider[\"registry.terraform.io/akamai/akamai\"]",
      "instances": [
        {
          "schema_version": 0,
          "attributes": {
            "akamai_bot_category_action": "{\"action\":\"monitor\"}",
            "category_id": "c6692e03-d3a8-49b0-9566-5003eeaddbc1",
            "config_id": 26906,
            "id": "26906:gfmp_56269:c6692e03-d3a8-49b0-9566-5003eeaddbc1",
            "security_policy_id": "gfmp_56269"
          },
          "sensitive_attributes": [],
          "private": "eyJzY2hlbWFfdmVyc2lvbiI6IjAifQ=="
        }
      ]
    },
    {
      "module": "module.security",
      "mode": "managed",
      "type": "akamai_botman_akamai_bot_category_action",
      "name": "main_policy_financial_services_bots_53598904-21f5-46b1-8b51-1b991beef73b",
      "provider": "provider[\"registry.terraform.io/akamai/akamai\"]",
      "instances": [
        {
          "schema_version": 0,
          "attributes": {
            "akamai_bot_category_action": "{\"action\":\"monitor\"}",
            "category_id": "53598904-21f5-46b1-8b51-1b991beef73b",
            "config_id": 26906,
            "id": "26906:gfmp_56269:53598904-21f5-46b1-8b51-1b991beef73b",
            "security_policy_id": "gfmp_56269"
          },
          "sensitive_attributes": [],
          "private": "eyJzY2hlbWFfdmVyc2lvbiI6IjAifQ=="
        }
      ]
    },
    {
      "module": "module.security",
      "mode": "managed",
      "type": "akamai_botman_akamai_bot_category_action",
      "name": "main_policy_job_search_engine_bots_2f169206-f32c-48f7-b281-d534cf1ceeb3",
      "provider": "provider[\"registry.terraform.io/akamai/akamai\"]",
      "instances": [
        {
          "schema_version": 0,
          "attributes": {
            "akamai_bot_category_action": "{\"action\":\"monitor\"}",
            "category_id": "2f169206-f32c-48f7-b281-d534cf1ceeb3",
            "config_id": 26906,
            "id": "26906:gfmp_56269:2f169206-f32c-48f7-b281-d534cf1ceeb3",
            "security_policy_id": "gfmp_56269"
          },
          "sensitive_attributes": [],
          "private": "eyJzY2hlbWFfdmVyc2lvbiI6IjAifQ=="
        }
      ]
    },
    {
      "module": "module.security",
      "mode": "managed",
      "type": "akamai_botman_akamai_bot_category_action",
      "name": "main_policy_media_or_entertainment_search_bots_dff258d5-b1ad-4bbb-b1d1-cf8e700e5bba",
      "provider": "provider[\"registry.terraform.io/akamai/akamai\"]",
      "instances": [
        {
          "schema_version": 0,
          "attributes": {
            "akamai_bot_category_action": "{\"action\":\"monitor\"}",
            "category_id": "dff258d5-b1ad-4bbb-b1d1-cf8e700e5bba",
            "config_id": 26906,
            "id": "26906:gfmp_56269:dff258d5-b1ad-4bbb-b1d1-cf8e700e5bba",
            "security_policy_id": "gfmp_56269"
          },
          "sensitive_attributes": [],
          "private": "eyJzY2hlbWFfdmVyc2lvbiI6IjAifQ=="
        }
      ]
    },
    {
      "module": "module.security",
      "mode": "managed",
      "type": "akamai_botman_akamai_bot_category_action",
      "name": "main_policy_news_aggregator_bots_ade03247-6519-4591-8458-9b7347004b63",
      "provider": "provider[\"registry.terraform.io/akamai/akamai\"]",
      "instances": [
        {
          "schema_version": 0,
          "attributes": {
            "akamai_bot_category_action": "{\"action\":\"monitor\"}",
            "category_id": "ade03247-6519-4591-8458-9b7347004b63",
            "config_id": 26906,
            "id": "26906:gfmp_56269:ade03247-6519-4591-8458-9b7347004b63",
            "security_policy_id": "gfmp_56269"
          },
          "sensitive_attributes": [],
          "private": "eyJzY2hlbWFfdmVyc2lvbiI6IjAifQ=="
        }
      ]
    },
    {
      "module": "module.security",
      "mode": "managed",
      "type": "akamai_botman_akamai_bot_category_action",
      "name": "main_policy_online_advertising_bots_36b27e0c-76fc-44a4-b913-c598c5af8bba",
      "provider": "provider[\"registry.terraform.io/akamai/akamai\"]",
      "instances": [
        {
          "schema_version": 0,
          "attributes": {
            "akamai_bot_category_action": "{\"action\":\"monitor\"}",
            "category_id": "36b27e0c-76fc-44a4-b913-c598c5af8bba",
            "config_id": 26906,
            "id": "26906:gfmp_56269:36b27e0c-76fc-44a4-b913-c598c5af8bba",
            "security_policy_id": "gfmp_56269"
          },
          "sensitive_attributes": [],
          "private": "eyJzY2hlbWFfdmVyc2lvbiI6IjAifQ=="
        }
      ]
    },
    {
      "module": "module.security",
      "mode": "managed",
      "type": "akamai_botman_akamai_bot_category_action",
      "name": "main_policy_rss_feed_reader_bots_b58c9929-9fd0-45f7-86f4-1d6259285c3c",
      "provider": "provider[\"registry.terraform.io/akamai/akamai\"]",
      "instances": [
        {
          "schema_version": 0,
          "attributes": {
            "akamai_bot_category_action": "{\"action\":\"monitor\"}",
            "category_id": "b58c9929-9fd0-45f7-86f4-1d6259285c3c",
            "config_id": 26906,
            "id": "26906:gfmp_56269:b58c9929-9fd0-45f7-86f4-1d6259285c3c",
            "security_policy_id": "gfmp_56269"
          },
          "sensitive_attributes": [],
          "private": "eyJzY2hlbWFfdmVyc2lvbiI6IjAifQ=="
        }
      ]
    },
    {
      "module": "module.security",
      "mode": "managed",
      "type": "akamai_botman_akamai_bot_category_action",
      "name": "main_policy_seo_analytics_or_marketing_bots_f7558c03-9033-46ce-bbda-10eeda62a5d4",
      "provider": "provider[\"registry.terraform.io/akamai/akamai\"]",
      "instances": [
        {
          "schema_version": 0,
          "attributes": {
            "akamai_bot_category_action": "{\"action\":\"cond_action_91469\"}",
            "category_id": "f7558c03-9033-46ce-bbda-10eeda62a5d4",
            "config_id": 26906,
            "id": "26906:gfmp_56269:f7558c03-9033-46ce-bbda-10eeda62a5d4",
            "security_policy_id": "gfmp_56269"
          },
          "sensitive_attributes": [],
          "private": "eyJzY2hlbWFfdmVyc2lvbiI6IjAifQ=="
        }
      ]
    },
    {
      "module": "module.security",
      "mode": "managed",
      "type": "akamai_botman_akamai_bot_category_action",
      "name": "main_policy_site_monitoring_and_web_development_bots_07782c03-8d21-4491-9078-b83514e6508f",
      "provider": "provider[\"registry.terraform.io/akamai/akamai\"]",
      "instances": [
        {
          "schema_version": 0,
          "attributes": {
            "akamai_bot_category_action": "{\"action\":\"monitor\"}",
            "category_id": "07782c03-8d21-4491-9078-b83514e6508f",
            "config_id": 26906,
            "id": "26906:gfmp_56269:07782c03-8d21-4491-9078-b83514e6508f",
            "security_policy_id": "gfmp_56269"
          },
          "sensitive_attributes": [],
          "private": "eyJzY2hlbWFfdmVyc2lvbiI6IjAifQ=="
        }
      ]
    },
    {
      "module": "module.security",
      "mode": "managed",
      "type": "akamai_botman_akamai_bot_category_action",
      "name": "main_policy_social_media_or_blog_bots_7035af8d-148c-429a-89da-de41e68c72d8",
      "provider": "provider[\"registry.terraform.io/akamai/akamai\"]",
      "instances": [
        {
          "schema_version": 0,
          "attributes": {
            "akamai_bot_category_action": "{\"action\":\"monitor\"}",
            "category_id": "7035af8d-148c-429a-89da-de41e68c72d8",
            "config_id": 26906,
            "id": "26906:gfmp_56269:7035af8d-148c-429a-89da-de41e68c72d8",
            "security_policy_id": "gfmp_56269"
          },
          "sensitive_attributes": [],
          "private": "eyJzY2hlbWFfdmVyc2lvbiI6IjAifQ=="
        }
      ]
    },
    {
      "module": "module.security",
      "mode": "managed",
      "type": "akamai_botman_akamai_bot_category_action",
      "name": "main_policy_web_archiver_bots_831ef84a-c2bb-4b0d-b90d-bcd16793b830",
      "provider": "provider[\"registry.terraform.io/akamai/akamai\"]",
      "instances": [
        {
          "schema_version": 0,
          "attributes": {
            "akamai_bot_category_action": "{\"action\":\"monitor\"}",
            "category_id": "831ef84a-c2bb-4b0d-b90d-bcd16793b830",
            "config_id": 26906,
            "id": "26906:gfmp_56269:831ef84a-c2bb-4b0d-b90d-bcd16793b830",
            "security_policy_id": "gfmp_56269"
          },
          "sensitive_attributes": [],
          "private": "eyJzY2hlbWFfdmVyc2lvbiI6IjAifQ=="
        }
      ]
    },
    {
      "module": "module.security",
      "mode": "managed",
      "type": "akamai_botman_akamai_bot_category_action",
      "name": "main_policy_web_search_engine_bots_4e14219f-6568-4c9d-9bd8-b29ca2afc422",
      "provider": "provider[\"registry.terraform.io/akamai/akamai\"]",
      "instances": [
        {
          "schema_version": 0,
          "attributes": {
            "akamai_bot_category_action": "{\"action\":\"cond_action_52611\"}",
            "category_id": "4e14219f-6568-4c9d-9bd8-b29ca2afc422",
            "config_id": 26906,
            "id": "26906:gfmp_56269:4e14219f-6568-4c9d-9bd8-b29ca2afc422",
            "security_policy_id": "gfmp_56269"
          },
          "sensitive_attributes": [],
          "private": "eyJzY2hlbWFfdmVyc2lvbiI6IjAifQ=="
        }
      ]
    },
    {
      "module": "module.security",
      "mode": "managed",
      "type": "akamai_botman_akamai_bot_category_action",
      "name": "waf_academic_or_research_bots_0c508e1d-73a4-4366-9e48-3c4a080f1c5d",
      "provider": "provider[\"registry.terraform.io/akamai/akamai\"]",
      "instances": [
        {
          "schema_version": 0,
          "attributes": {
            "akamai_bot_category_action": "{\"action\":\"monitor\"}",
            "category_id": "0c508e1d-73a4-4366-9e48-3c4a080f1c5d",
            "config_id": 26906,
            "id": "26906:gfos_92914:0c508e1d-73a4-4366-9e48-3c4a080f1c5d",
            "security_policy_id": "gfos_92914"
          },
          "sensitive_attributes": [],
          "private": "eyJzY2hlbWFfdmVyc2lvbiI6IjAifQ=="
        }
      ]
    },
    {
      "module": "module.security",
      "mode": "managed",
      "type": "akamai_botman_akamai_bot_category_action",
      "name": "waf_artificial_intelligence_ai_bots_352fca87-71ee-4b8d-ae15-d36772556072",
      "provider": "provider[\"registry.terraform.io/akamai/akamai\"]",
      "instances": [
        {
          "schema_version": 0,
          "attributes": {
            "akamai_bot_category_action": "{\"action\":\"tarpit\"}",
            "category_id": "352fca87-71ee-4b8d-ae15-d36772556072",
            "config_id": 26906,
            "id": "26906:gfos_92914:352fca87-71ee-4b8d-ae15-d36772556072",
            "security_policy_id": "gfos_92914"
          },
          "sensitive_attributes": [],
          "private": "eyJzY2hlbWFfdmVyc2lvbiI6IjAifQ=="
        }
      ]
    },
    {
      "module": "module.security",
      "mode": "managed",
      "type": "akamai_botman_akamai_bot_category_action",
      "name": "waf_automated_shopping_cart_and_sniper_bots_75493431-b41a-492c-8324-f12158783ce1",
      "provider": "provider[\"registry.terraform.io/akamai/akamai\"]",
      "instances": [
        {
          "schema_version": 0,
          "attributes": {
            "akamai_bot_category_action": "{\"action\":\"monitor\"}",
            "category_id": "75493431-b41a-492c-8324-f12158783ce1",
            "config_id": 26906,
            "id": "26906:gfos_92914:75493431-b41a-492c-8324-f12158783ce1",
            "security_policy_id": "gfos_92914"
          },
          "sensitive_attributes": [],
          "private": "eyJzY2hlbWFfdmVyc2lvbiI6IjAifQ=="
        }
      ]
    },
    {
      "module": "module.security",
      "mode": "managed",
      "type": "akamai_botman_akamai_bot_category_action",
      "name": "waf_business_intelligence_bots_8a70d29c-a491-4583-9768-7deea2f379c1",
      "provider": "provider[\"registry.terraform.io/akamai/akamai\"]",
      "instances": [
        {
          "schema_version": 0,
          "attributes": {
            "akamai_bot_category_action": "{\"action\":\"monitor\"}",
            "category_id": "8a70d29c-a491-4583-9768-7deea2f379c1",
            "config_id": 26906,
            "id": "26906:gfos_92914:8a70d29c-a491-4583-9768-7deea2f379c1",
            "security_policy_id": "gfos_92914"
          },
          "sensitive_attributes": [],
          "private": "eyJzY2hlbWFfdmVyc2lvbiI6IjAifQ=="
        }
      ]
    },
    {
      "module": "module.security",
      "mode": "managed",
      "type": "akamai_botman_akamai_bot_category_action",
      "name": "waf_ecommerce_search_engine_bots_47bcfb70-f3f5-458b-8f7c-1773b14bc6a4",
      "provider": "provider[\"registry.terraform.io/akamai/akamai\"]",
      "instances": [
        {
          "schema_version": 0,
          "attributes": {
            "akamai_bot_category_action": "{\"action\":\"monitor\"}",
            "category_id": "47bcfb70-f3f5-458b-8f7c-1773b14bc6a4",
            "config_id": 26906,
            "id": "26906:gfos_92914:47bcfb70-f3f5-458b-8f7c-1773b14bc6a4",
            "security_policy_id": "gfos_92914"
          },
          "sensitive_attributes": [],
          "private": "eyJzY2hlbWFfdmVyc2lvbiI6IjAifQ=="
        }
      ]
    },
    {
      "module": "module.security",
      "mode": "managed",
      "type": "akamai_botman_akamai_bot_category_action",
      "name": "waf_enterprise_data_aggregator_bots_50395ad2-2673-41a4-b317-9b70742fd40f",
      "provider": "provider[\"registry.terraform.io/akamai/akamai\"]",
      "instances": [
        {
          "schema_version": 0,
          "attributes": {
            "akamai_bot_category_action": "{\"action\":\"monitor\"}",
            "category_id": "50395ad2-2673-41a4-b317-9b70742fd40f",
            "config_id": 26906,
            "id": "26906:gfos_92914:50395ad2-2673-41a4-b317-9b70742fd40f",
            "security_policy_id": "gfos_92914"
          },
          "sensitive_attributes": [],
          "private": "eyJzY2hlbWFfdmVyc2lvbiI6IjAifQ=="
        }
      ]
    },
    {
      "module": "module.security",
      "mode": "managed",
      "type": "akamai_botman_akamai_bot_category_action",
      "name": "waf_financial_account_aggregator_bots_c6692e03-d3a8-49b0-9566-5003eeaddbc1",
      "provider": "provider[\"registry.terraform.io/akamai/akamai\"]",
      "instances": [
        {
          "schema_version": 0,
          "attributes": {
            "akamai_bot_category_action": "{\"action\":\"monitor\"}",
            "category_id": "c6692e03-d3a8-49b0-9566-5003eeaddbc1",
            "config_id": 26906,
            "id": "26906:gfos_92914:c6692e03-d3a8-49b0-9566-5003eeaddbc1",
            "security_policy_id": "gfos_92914"
          },
          "sensitive_attributes": [],
          "private": "eyJzY2hlbWFfdmVyc2lvbiI6IjAifQ=="
        }
      ]
    },
    {
      "module": "module.security",
      "mode": "managed",
      "type": "akamai_botman_akamai_bot_category_action",
      "name": "waf_financial_services_bots_53598904-21f5-46b1-8b51-1b991beef73b",
      "provider": "provider[\"registry.terraform.io/akamai/akamai\"]",
      "instances": [
        {
          "schema_version": 0,
          "attributes": {
            "akamai_bot_category_action": "{\"action\":\"monitor\"}",
            "category_id": "53598904-21f5-46b1-8b51-1b991beef73b",
            "config_id": 26906,
            "id": "26906:gfos_92914:53598904-21f5-46b1-8b51-1b991beef73b",
            "security_policy_id": "gfos_92914"
          },
          "sensitive_attributes": [],
          "private": "eyJzY2hlbWFfdmVyc2lvbiI6IjAifQ=="
        }
      ]
    },
    {
      "module": "module.security",
      "mode": "managed",
      "type": "akamai_botman_akamai_bot_category_action",
      "name": "waf_job_search_engine_bots_2f169206-f32c-48f7-b281-d534cf1ceeb3",
      "provider": "provider[\"registry.terraform.io/akamai/akamai\"]",
      "instances": [
        {
          "schema_version": 0,
          "attributes": {
            "akamai_bot_category_action": "{\"action\":\"monitor\"}",
            "category_id": "2f169206-f32c-48f7-b281-d534cf1ceeb3",
            "config_id": 26906,
            "id": "26906:gfos_92914:2f169206-f32c-48f7-b281-d534cf1ceeb3",
            "security_policy_id": "gfos_92914"
          },
          "sensitive_attributes": [],
          "private": "eyJzY2hlbWFfdmVyc2lvbiI6IjAifQ=="
        }
      ]
    },
    {
      "module": "module.security",
      "mode": "managed",
      "type": "akamai_botman_akamai_bot_category_action",
      "name": "waf_media_or_entertainment_search_bots_dff258d5-b1ad-4bbb-b1d1-cf8e700e5bba",
      "provider": "provider[\"registry.terraform.io/akamai/akamai\"]",
      "instances": [
        {
          "schema_version": 0,
          "attributes": {
            "akamai_bot_category_action": "{\"action\":\"monitor\"}",
            "category_id": "dff258d5-b1ad-4bbb-b1d1-cf8e700e5bba",
            "config_id": 26906,
            "id": "26906:gfos_92914:dff258d5-b1ad-4bbb-b1d1-cf8e700e5bba",
            "security_policy_id": "gfos_92914"
          },
          "sensitive_attributes": [],
          "private": "eyJzY2hlbWFfdmVyc2lvbiI6IjAifQ=="
        }
      ]
    },
    {
      "module": "module.security",
      "mode": "managed",
      "type": "akamai_botman_akamai_bot_category_action",
      "name": "waf_news_aggregator_bots_ade03247-6519-4591-8458-9b7347004b63",
      "provider": "provider[\"registry.terraform.io/akamai/akamai\"]",
      "instances": [
        {
          "schema_version": 0,
          "attributes": {
            "akamai_bot_category_action": "{\"action\":\"monitor\"}",
            "category_id": "ade03247-6519-4591-8458-9b7347004b63",
            "config_id": 26906,
            "id": "26906:gfos_92914:ade03247-6519-4591-8458-9b7347004b63",
            "security_policy_id": "gfos_92914"
          },
          "sensitive_attributes": [],
          "private": "eyJzY2hlbWFfdmVyc2lvbiI6IjAifQ=="
        }
      ]
    },
    {
      "module": "module.security",
      "mode": "managed",
      "type": "akamai_botman_akamai_bot_category_action",
      "name": "waf_online_advertising_bots_36b27e0c-76fc-44a4-b913-c598c5af8bba",
      "provider": "provider[\"registry.terraform.io/akamai/akamai\"]",
      "instances": [
        {
          "schema_version": 0,
          "attributes": {
            "akamai_bot_category_action": "{\"action\":\"monitor\"}",
            "category_id": "36b27e0c-76fc-44a4-b913-c598c5af8bba",
            "config_id": 26906,
            "id": "26906:gfos_92914:36b27e0c-76fc-44a4-b913-c598c5af8bba",
            "security_policy_id": "gfos_92914"
          },
          "sensitive_attributes": [],
          "private": "eyJzY2hlbWFfdmVyc2lvbiI6IjAifQ=="
        }
      ]
    },
    {
      "module": "module.security",
      "mode": "managed",
      "type": "akamai_botman_akamai_bot_category_action",
      "name": "waf_rss_feed_reader_bots_b58c9929-9fd0-45f7-86f4-1d6259285c3c",
      "provider": "provider[\"registry.terraform.io/akamai/akamai\"]",
      "instances": [
        {
          "schema_version": 0,
          "attributes": {
            "akamai_bot_category_action": "{\"action\":\"monitor\"}",
            "category_id": "b58c9929-9fd0-45f7-86f4-1d6259285c3c",
            "config_id": 26906,
            "id": "26906:gfos_92914:b58c9929-9fd0-45f7-86f4-1d6259285c3c",
            "security_policy_id": "gfos_92914"
          },
          "sensitive_attributes": [],
          "private": "eyJzY2hlbWFfdmVyc2lvbiI6IjAifQ=="
        }
      ]
    },
    {
      "module": "module.security",
      "mode": "managed",
      "type": "akamai_botman_akamai_bot_category_action",
      "name": "waf_seo_analytics_or_marketing_bots_f7558c03-9033-46ce-bbda-10eeda62a5d4",
      "provider": "provider[\"registry.terraform.io/akamai/akamai\"]",
      "instances": [
        {
          "schema_version": 0,
          "attributes": {
            "akamai_bot_category_action": "{\"action\":\"cond_action_91469\"}",
            "category_id": "f7558c03-9033-46ce-bbda-10eeda62a5d4",
            "config_id": 26906,
            "id": "26906:gfos_92914:f7558c03-9033-46ce-bbda-10eeda62a5d4",
            "security_policy_id": "gfos_92914"
          },
          "sensitive_attributes": [],
          "private": "eyJzY2hlbWFfdmVyc2lvbiI6IjAifQ=="
        }
      ]
    },
    {
      "module": "module.security",
      "mode": "managed",
      "type": "akamai_botman_akamai_bot_category_action",
      "name": "waf_site_monitoring_and_web_development_bots_07782c03-8d21-4491-9078-b83514e6508f",
      "provider": "provider[\"registry.terraform.io/akamai/akamai\"]",
      "instances": [
        {
          "schema_version": 0,
          "attributes": {
            "akamai_bot_category_action": "{\"action\":\"monitor\"}",
            "category_id": "07782c03-8d21-4491-9078-b83514e6508f",
            "config_id": 26906,
            "id": "26906:gfos_92914:07782c03-8d21-4491-9078-b83514e6508f",
            "security_policy_id": "gfos_92914"
          },
          "sensitive_attributes": [],
          "private": "eyJzY2hlbWFfdmVyc2lvbiI6IjAifQ=="
        }
      ]
    },
    {
      "module": "module.security",
      "mode": "managed",
      "type": "akamai_botman_akamai_bot_category_action",
      "name": "waf_social_media_or_blog_bots_7035af8d-148c-429a-89da-de41e68c72d8",
      "provider": "provider[\"registry.terraform.io/akamai/akamai\"]",
      "instances": [
        {
          "schema_version": 0,
          "attributes": {
            "akamai_bot_category_action": "{\"action\":\"monitor\"}",
            "category_id": "7035af8d-148c-429a-89da-de41e68c72d8",
            "config_id": 26906,
            "id": "26906:gfos_92914:7035af8d-148c-429a-89da-de41e68c72d8",
            "security_policy_id": "gfos_92914"
          },
          "sensitive_attributes": [],
          "private": "eyJzY2hlbWFfdmVyc2lvbiI6IjAifQ=="
        }
      ]
    },
    {
      "module": "module.security",
      "mode": "managed",
      "type": "akamai_botman_akamai_bot_category_action",
      "name": "waf_web_archiver_bots_831ef84a-c2bb-4b0d-b90d-bcd16793b830",
      "provider": "provider[\"registry.terraform.io/akamai/akamai\"]",
      "instances": [
        {
          "schema_version": 0,
          "attributes": {
            "akamai_bot_category_action": "{\"action\":\"monitor\"}",
            "category_id": "831ef84a-c2bb-4b0d-b90d-bcd16793b830",
            "config_id": 26906,
            "id": "26906:gfos_92914:831ef84a-c2bb-4b0d-b90d-bcd16793b830",
            "security_policy_id": "gfos_92914"
          },
          "sensitive_attributes": [],
          "private": "eyJzY2hlbWFfdmVyc2lvbiI6IjAifQ=="
        }
      ]
    },
    {
      "module": "module.security",
      "mode": "managed",
      "type": "akamai_botman_akamai_bot_category_action",
      "name": "waf_web_search_engine_bots_4e14219f-6568-4c9d-9bd8-b29ca2afc422",
      "provider": "provider[\"registry.terraform.io/akamai/akamai\"]",
      "instances": [
        {
          "schema_version": 0,
          "attributes": {
            "akamai_bot_category_action": "{\"action\":\"cond_action_52611\"}",
            "category_id": "4e14219f-6568-4c9d-9bd8-b29ca2afc422",
            "config_id": 26906,
            "id": "26906:gfos_92914:4e14219f-6568-4c9d-9bd8-b29ca2afc422",
            "security_policy_id": "gfos_92914"
          },
          "sensitive_attributes": [],
          "private": "eyJzY2hlbWFfdmVyc2lvbiI6IjAifQ=="
        }
      ]
    },
    {
      "module": "module.security",
      "mode": "managed",
      "type": "akamai_botman_bot_detection_action",
      "name": "main_policy_aggressive_web_crawlers_5bc041ad-c840-4202-9c2e-d7fc873dbeaf",
      "provider": "provider[\"registry.terraform.io/akamai/akamai\"]",
      "instances": [
        {
          "schema_version": 0,
          "attributes": {
            "bot_detection_action": "{\"action\":\"tarpit\"}",
            "config_id": 26906,
            "detection_id": "5bc041ad-c840-4202-9c2e-d7fc873dbeaf",
            "id": "26906:gfmp_56269:5bc041ad-c840-4202-9c2e-d7fc873dbeaf",
            "security_policy_id": "gfmp_56269"
          },
          "sensitive_attributes": [],
          "private": "eyJzY2hlbWFfdmVyc2lvbiI6IjAifQ=="
        }
      ]
    },
    {
      "module": "module.security",
      "mode": "managed",
      "type": "akamai_botman_bot_detection_action",
      "name": "main_policy_browser_impersonator_a3b92f75-fa5d-436e-b066-426fc2919968",
      "provider": "provider[\"registry.terraform.io/akamai/akamai\"]",
      "instances": [
        {
          "schema_version": 0,
          "attributes": {
            "bot_detection_action": "{\"action\":\"cond_action_52431\"}",
            "config_id": 26906,
            "detection_id": "a3b92f75-fa5d-436e-b066-426fc2919968",
            "id": "26906:gfmp_56269:a3b92f75-fa5d-436e-b066-426fc2919968",
            "security_policy_id": "gfmp_56269"
          },
          "sensitive_attributes": [],
          "private": "eyJzY2hlbWFfdmVyc2lvbiI6IjAifQ=="
        }
      ]
    },
    {
      "module": "module.security",
      "mode": "managed",
      "type": "akamai_botman_bot_detection_action",
      "name": "main_policy_client_disabled_javascript_noscript_triggered_c5623efa-f326-41d1-9601-a2d201bedf63",
      "provider": "provider[\"registry.terraform.io/akamai/akamai\"]",
      "instances": [
        {
          "schema_version": 0,
          "attributes": {
            "bot_detection_action": "{\"action\":\"monitor\"}",
            "config_id": 26906,
            "detection_id": "c5623efa-f326-41d1-9601-a2d201bedf63",
            "id": "26906:gfmp_56269:c5623efa-f326-41d1-9601-a2d201bedf63",
            "security_policy_id": "gfmp_56269"
          },
          "sensitive_attributes": [],
          "private": "eyJzY2hlbWFfdmVyc2lvbiI6IjAifQ=="
        }
      ]
    },
    {
      "module": "module.security",
      "mode": "managed",
      "type": "akamai_botman_bot_detection_action",
      "name": "main_policy_cookie_integrity_failed_4f1fd3ea-7072-4cd0-8d12-24f275e6c75d",
      "provider": "provider[\"registry.terraform.io/akamai/akamai\"]",
      "instances": [
        {
          "schema_version": 0,
          "attributes": {
            "bot_detection_action": "{\"action\":\"tarpit\"}",
            "config_id": 26906,
            "detection_id": "4f1fd3ea-7072-4cd0-8d12-24f275e6c75d",
            "id": "26906:gfmp_56269:4f1fd3ea-7072-4cd0-8d12-24f275e6c75d",
            "security_policy_id": "gfmp_56269"
          },
          "sensitive_attributes": [],
          "private": "eyJzY2hlbWFfdmVyc2lvbiI6IjAifQ=="
        }
      ]
    },
    {
      "module": "module.security",
      "mode": "managed",
      "type": "akamai_botman_bot_detection_action",
      "name": "main_policy_declared_bots_keyword_match_074df68e-fb28-432a-ac6d-7cfb958425f1",
      "provider": "provider[\"registry.terraform.io/akamai/akamai\"]",
      "instances": [
        {
          "schema_version": 0,
          "attributes": {
            "bot_detection_action": "{\"action\":\"monitor\"}",
            "config_id": 26906,
            "detection_id": "074df68e-fb28-432a-ac6d-7cfb958425f1",
            "id": "26906:gfmp_56269:074df68e-fb28-432a-ac6d-7cfb958425f1",
            "security_policy_id": "gfmp_56269"
          },
          "sensitive_attributes": [],
          "private": "eyJzY2hlbWFfdmVyc2lvbiI6IjAifQ=="
        }
      ]
    },
    {
      "module": "module.security",
      "mode": "managed",
      "type": "akamai_botman_bot_detection_action",
      "name": "main_policy_development_frameworks_da005ad3-8bbb-43c8-a783-d97d1fb71ad2",
      "provider": "provider[\"registry.terraform.io/akamai/akamai\"]",
      "instances": [
        {
          "schema_version": 0,
          "attributes": {
            "bot_detection_action": "{\"action\":\"tarpit\"}",
            "config_id": 26906,
            "detection_id": "da005ad3-8bbb-43c8-a783-d97d1fb71ad2",
            "id": "26906:gfmp_56269:da005ad3-8bbb-43c8-a783-d97d1fb71ad2",
            "security_policy_id": "gfmp_56269"
          },
          "sensitive_attributes": [],
          "private": "eyJzY2hlbWFfdmVyc2lvbiI6IjAifQ=="
        }
      ]
    },
    {
      "module": "module.security",
      "mode": "managed",
      "type": "akamai_botman_bot_detection_action",
      "name": "main_policy_headless_browsersautomation_tools_b88cba13-4d11-46fe-a7e0-b47e78892dc4",
      "provider": "provider[\"registry.terraform.io/akamai/akamai\"]",
      "instances": [
        {
          "schema_version": 0,
          "attributes": {
            "bot_detection_action": "{\"action\":\"tarpit\"}",
            "config_id": 26906,
            "detection_id": "b88cba13-4d11-46fe-a7e0-b47e78892dc4",
            "id": "26906:gfmp_56269:b88cba13-4d11-46fe-a7e0-b47e78892dc4",
            "security_policy_id": "gfmp_56269"
          },
          "sensitive_attributes": [],
          "private": "eyJzY2hlbWFfdmVyc2lvbiI6IjAifQ=="
        }
      ]
    },
    {
      "module": "module.security",
      "mode": "managed",
      "type": "akamai_botman_bot_detection_action",
      "name": "main_policy_http_libraries_578dad32-024b-48b4-930c-db81831686f4",
      "provider": "provider[\"registry.terraform.io/akamai/akamai\"]",
      "instances": [
        {
          "schema_version": 0,
          "attributes": {
            "bot_detection_action": "{\"action\":\"monitor\"}",
            "config_id": 26906,
            "detection_id": "578dad32-024b-48b4-930c-db81831686f4",
            "id": "26906:gfmp_56269:578dad32-024b-48b4-930c-db81831686f4",
            "security_policy_id": "gfmp_56269"
          },
          "sensitive_attributes": [],
          "private": "eyJzY2hlbWFfdmVyc2lvbiI6IjAifQ=="
        }
      ]
    },
    {
      "module": "module.security",
      "mode": "managed",
      "type": "akamai_botman_bot_detection_action",
      "name": "main_policy_impersonators_of_known_bots_fda1ffb9-ef46-4570-929c-7449c0c750f8",
      "provider": "provider[\"registry.terraform.io/akamai/akamai\"]",
      "instances": [
        {
          "schema_version": 0,
          "attributes": {
            "bot_detection_action": "{\"action\":\"tarpit\"}",
            "config_id": 26906,
            "detection_id": "fda1ffb9-ef46-4570-929c-7449c0c750f8",
            "id": "26906:gfmp_56269:fda1ffb9-ef46-4570-929c-7449c0c750f8",
            "security_policy_id": "gfmp_56269"
          },
          "sensitive_attributes": [],
          "private": "eyJzY2hlbWFfdmVyc2lvbiI6IjAifQ=="
        }
      ]
    },
    {
      "module": "module.security",
      "mode": "managed",
      "type": "akamai_botman_bot_detection_action",
      "name": "main_policy_javascript_fingerprint_anomaly_393cba3d-656f-48f1-abe4-8dd5028c6871",
      "provider": "provider[\"registry.terraform.io/akamai/akamai\"]",
      "instances": [
        {
          "schema_version": 0,
          "attributes": {
            "bot_detection_action": "{\"action\":\"cond_action_52431\"}",
            "config_id": 26906,
            "detection_id": "393cba3d-656f-48f1-abe4-8dd5028c6871",
            "id": "26906:gfmp_56269:393cba3d-656f-48f1-abe4-8dd5028c6871",
            "security_policy_id": "gfmp_56269"
          },
          "sensitive_attributes": [],
          "private": "eyJzY2hlbWFfdmVyc2lvbiI6IjAifQ=="
        }
      ]
    },
    {
      "module": "module.security",
      "mode": "managed",
      "type": "akamai_botman_bot_detection_action",
      "name": "main_policy_javascript_fingerprint_not_received_c7f70f75-e3e2-4181-8ef8-30afb6576147",
      "provider": "provider[\"registry.terraform.io/akamai/akamai\"]",
      "instances": [
        {
          "schema_version": 0,
          "attributes": {
            "bot_detection_action": "{\"action\":\"monitor\"}",
            "config_id": 26906,
            "detection_id": "c7f70f75-e3e2-4181-8ef8-30afb6576147",
            "id": "26906:gfmp_56269:c7f70f75-e3e2-4181-8ef8-30afb6576147",
            "security_policy_id": "gfmp_56269"
          },
          "sensitive_attributes": [],
          "private": "eyJzY2hlbWFfdmVyc2lvbiI6IjAifQ=="
        }
      ]
    },
    {
      "module": "module.security",
      "mode": "managed",
      "type": "akamai_botman_bot_detection_action",
      "name": "main_policy_open_source_crawlersscraping_platforms_601192ae-f5e2-4a29-8f75-a0bcd3584c2b",
      "provider": "provider[\"registry.terraform.io/akamai/akamai\"]",
      "instances": [
        {
          "schema_version": 0,
          "attributes": {
            "bot_detection_action": "{\"action\":\"tarpit\"}",
            "config_id": 26906,
            "detection_id": "601192ae-f5e2-4a29-8f75-a0bcd3584c2b",
            "id": "26906:gfmp_56269:601192ae-f5e2-4a29-8f75-a0bcd3584c2b",
            "security_policy_id": "gfmp_56269"
          },
          "sensitive_attributes": [],
          "private": "eyJzY2hlbWFfdmVyc2lvbiI6IjAifQ=="
        }
      ]
    },
    {
      "module": "module.security",
      "mode": "managed",
      "type": "akamai_botman_bot_detection_action",
      "name": "main_policy_session_validation_1bb748e2-b3ad-41db-85fa-c69e62be59dc",
      "provider": "provider[\"registry.terraform.io/akamai/akamai\"]",
      "instances": [
        {
          "schema_version": 0,
          "attributes": {
            "bot_detection_action": "{\"action\":\"cond_action_85634\",\"sessionActivitySensitivity\":\"HIGH\"}",
            "config_id": 26906,
            "detection_id": "1bb748e2-b3ad-41db-85fa-c69e62be59dc",
            "id": "26906:gfmp_56269:1bb748e2-b3ad-41db-85fa-c69e62be59dc",
            "security_policy_id": "gfmp_56269"
          },
          "sensitive_attributes": [],
          "private": "eyJzY2hlbWFfdmVyc2lvbiI6IjAifQ=="
        }
      ]
    },
    {
      "module": "module.security",
      "mode": "managed",
      "type": "akamai_botman_bot_detection_action",
      "name": "main_policy_web_scraper_reputation_9712ab32-83bb-43ab-a46d-4c2a5a42e7e2",
      "provider": "provider[\"registry.terraform.io/akamai/akamai\"]",
      "instances": [
        {
          "schema_version": 0,
          "attributes": {
            "bot_detection_action": "{\"action\":\"monitor\",\"webScraperReputationSensitivity\":4}",
            "config_id": 26906,
            "detection_id": "9712ab32-83bb-43ab-a46d-4c2a5a42e7e2",
            "id": "26906:gfmp_56269:9712ab32-83bb-43ab-a46d-4c2a5a42e7e2",
            "security_policy_id": "gfmp_56269"
          },
          "sensitive_attributes": [],
          "private": "eyJzY2hlbWFfdmVyc2lvbiI6IjAifQ=="
        }
      ]
    },
    {
      "module": "module.security",
      "mode": "managed",
      "type": "akamai_botman_bot_detection_action",
      "name": "main_policy_web_services_libraries_872ed6c2-514c-4055-9c44-9782b1c783bf",
      "provider": "provider[\"registry.terraform.io/akamai/akamai\"]",
      "instances": [
        {
          "schema_version": 0,
          "attributes": {
            "bot_detection_action": "{\"action\":\"tarpit\"}",
            "config_id": 26906,
            "detection_id": "872ed6c2-514c-4055-9c44-9782b1c783bf",
            "id": "26906:gfmp_56269:872ed6c2-514c-4055-9c44-9782b1c783bf",
            "security_policy_id": "gfmp_56269"
          },
          "sensitive_attributes": [],
          "private": "eyJzY2hlbWFfdmVyc2lvbiI6IjAifQ=="
        }
      ]
    },
    {
      "module": "module.security",
      "mode": "managed",
      "type": "akamai_botman_bot_detection_action",
      "name": "waf_aggressive_web_crawlers_5bc041ad-c840-4202-9c2e-d7fc873dbeaf",
      "provider": "provider[\"registry.terraform.io/akamai/akamai\"]",
      "instances": [
        {
          "schema_version": 0,
          "attributes": {
            "bot_detection_action": "{\"action\":\"tarpit\"}",
            "config_id": 26906,
            "detection_id": "5bc041ad-c840-4202-9c2e-d7fc873dbeaf",
            "id": "26906:gfos_92914:5bc041ad-c840-4202-9c2e-d7fc873dbeaf",
            "security_policy_id": "gfos_92914"
          },
          "sensitive_attributes": [],
          "private": "eyJzY2hlbWFfdmVyc2lvbiI6IjAifQ=="
        }
      ]
    },
    {
      "module": "module.security",
      "mode": "managed",
      "type": "akamai_botman_bot_detection_action",
      "name": "waf_browser_impersonator_a3b92f75-fa5d-436e-b066-426fc2919968",
      "provider": "provider[\"registry.terraform.io/akamai/akamai\"]",
      "instances": [
        {
          "schema_version": 0,
          "attributes": {
            "bot_detection_action": "{\"action\":\"cond_action_52431\"}",
            "config_id": 26906,
            "detection_id": "a3b92f75-fa5d-436e-b066-426fc2919968",
            "id": "26906:gfos_92914:a3b92f75-fa5d-436e-b066-426fc2919968",
            "security_policy_id": "gfos_92914"
          },
          "sensitive_attributes": [],
          "private": "eyJzY2hlbWFfdmVyc2lvbiI6IjAifQ=="
        }
      ]
    },
    {
      "module": "module.security",
      "mode": "managed",
      "type": "akamai_botman_bot_detection_action",
      "name": "waf_client_disabled_javascript_noscript_triggered_c5623efa-f326-41d1-9601-a2d201bedf63",
      "provider": "provider[\"registry.terraform.io/akamai/akamai\"]",
      "instances": [
        {
          "schema_version": 0,
          "attributes": {
            "bot_detection_action": "{\"action\":\"monitor\"}",
            "config_id": 26906,
            "detection_id": "c5623efa-f326-41d1-9601-a2d201bedf63",
            "id": "26906:gfos_92914:c5623efa-f326-41d1-9601-a2d201bedf63",
            "security_policy_id": "gfos_92914"
          },
          "sensitive_attributes": [],
          "private": "eyJzY2hlbWFfdmVyc2lvbiI6IjAifQ=="
        }
      ]
    },
    {
      "module": "module.security",
      "mode": "managed",
      "type": "akamai_botman_bot_detection_action",
      "name": "waf_cookie_integrity_failed_4f1fd3ea-7072-4cd0-8d12-24f275e6c75d",
      "provider": "provider[\"registry.terraform.io/akamai/akamai\"]",
      "instances": [
        {
          "schema_version": 0,
          "attributes": {
            "bot_detection_action": "{\"action\":\"tarpit\"}",
            "config_id": 26906,
            "detection_id": "4f1fd3ea-7072-4cd0-8d12-24f275e6c75d",
            "id": "26906:gfos_92914:4f1fd3ea-7072-4cd0-8d12-24f275e6c75d",
            "security_policy_id": "gfos_92914"
          },
          "sensitive_attributes": [],
          "private": "eyJzY2hlbWFfdmVyc2lvbiI6IjAifQ=="
        }
      ]
    },
    {
      "module": "module.security",
      "mode": "managed",
      "type": "akamai_botman_bot_detection_action",
      "name": "waf_declared_bots_keyword_match_074df68e-fb28-432a-ac6d-7cfb958425f1",
      "provider": "provider[\"registry.terraform.io/akamai/akamai\"]",
      "instances": [
        {
          "schema_version": 0,
          "attributes": {
            "bot_detection_action": "{\"action\":\"monitor\"}",
            "config_id": 26906,
            "detection_id": "074df68e-fb28-432a-ac6d-7cfb958425f1",
            "id": "26906:gfos_92914:074df68e-fb28-432a-ac6d-7cfb958425f1",
            "security_policy_id": "gfos_92914"
          },
          "sensitive_attributes": [],
          "private": "eyJzY2hlbWFfdmVyc2lvbiI6IjAifQ=="
        }
      ]
    },
    {
      "module": "module.security",
      "mode": "managed",
      "type": "akamai_botman_bot_detection_action",
      "name": "waf_development_frameworks_da005ad3-8bbb-43c8-a783-d97d1fb71ad2",
      "provider": "provider[\"registry.terraform.io/akamai/akamai\"]",
      "instances": [
        {
          "schema_version": 0,
          "attributes": {
            "bot_detection_action": "{\"action\":\"tarpit\"}",
            "config_id": 26906,
            "detection_id": "da005ad3-8bbb-43c8-a783-d97d1fb71ad2",
            "id": "26906:gfos_92914:da005ad3-8bbb-43c8-a783-d97d1fb71ad2",
            "security_policy_id": "gfos_92914"
          },
          "sensitive_attributes": [],
          "private": "eyJzY2hlbWFfdmVyc2lvbiI6IjAifQ=="
        }
      ]
    },
    {
      "module": "module.security",
      "mode": "managed",
      "type": "akamai_botman_bot_detection_action",
      "name": "waf_headless_browsersautomation_tools_b88cba13-4d11-46fe-a7e0-b47e78892dc4",
      "provider": "provider[\"registry.terraform.io/akamai/akamai\"]",
      "instances": [
        {
          "schema_version": 0,
          "attributes": {
            "bot_detection_action": "{\"action\":\"tarpit\"}",
            "config_id": 26906,
            "detection_id": "b88cba13-4d11-46fe-a7e0-b47e78892dc4",
            "id": "26906:gfos_92914:b88cba13-4d11-46fe-a7e0-b47e78892dc4",
            "security_policy_id": "gfos_92914"
          },
          "sensitive_attributes": [],
          "private": "eyJzY2hlbWFfdmVyc2lvbiI6IjAifQ=="
        }
      ]
    },
    {
      "module": "module.security",
      "mode": "managed",
      "type": "akamai_botman_bot_detection_action",
      "name": "waf_http_libraries_578dad32-024b-48b4-930c-db81831686f4",
      "provider": "provider[\"registry.terraform.io/akamai/akamai\"]",
      "instances": [
        {
          "schema_version": 0,
          "attributes": {
            "bot_detection_action": "{\"action\":\"tarpit\"}",
            "config_id": 26906,
            "detection_id": "578dad32-024b-48b4-930c-db81831686f4",
            "id": "26906:gfos_92914:578dad32-024b-48b4-930c-db81831686f4",
            "security_policy_id": "gfos_92914"
          },
          "sensitive_attributes": [],
          "private": "eyJzY2hlbWFfdmVyc2lvbiI6IjAifQ=="
        }
      ]
    },
    {
      "module": "module.security",
      "mode": "managed",
      "type": "akamai_botman_bot_detection_action",
      "name": "waf_impersonators_of_known_bots_fda1ffb9-ef46-4570-929c-7449c0c750f8",
      "provider": "provider[\"registry.terraform.io/akamai/akamai\"]",
      "instances": [
        {
          "schema_version": 0,
          "attributes": {
            "bot_detection_action": "{\"action\":\"tarpit\"}",
            "config_id": 26906,
            "detection_id": "fda1ffb9-ef46-4570-929c-7449c0c750f8",
            "id": "26906:gfos_92914:fda1ffb9-ef46-4570-929c-7449c0c750f8",
            "security_policy_id": "gfos_92914"
          },
          "sensitive_attributes": [],
          "private": "eyJzY2hlbWFfdmVyc2lvbiI6IjAifQ=="
        }
      ]
    },
    {
      "module": "module.security",
      "mode": "managed",
      "type": "akamai_botman_bot_detection_action",
      "name": "waf_javascript_fingerprint_anomaly_393cba3d-656f-48f1-abe4-8dd5028c6871",
      "provider": "provider[\"registry.terraform.io/akamai/akamai\"]",
      "instances": [
        {
          "schema_version": 0,
          "attributes": {
            "bot_detection_action": "{\"action\":\"cond_action_52431\"}",
            "config_id": 26906,
            "detection_id": "393cba3d-656f-48f1-abe4-8dd5028c6871",
            "id": "26906:gfos_92914:393cba3d-656f-48f1-abe4-8dd5028c6871",
            "security_policy_id": "gfos_92914"
          },
          "sensitive_attributes": [],
          "private": "eyJzY2hlbWFfdmVyc2lvbiI6IjAifQ=="
        }
      ]
    },
    {
      "module": "module.security",
      "mode": "managed",
      "type": "akamai_botman_bot_detection_action",
      "name": "waf_javascript_fingerprint_not_received_c7f70f75-e3e2-4181-8ef8-30afb6576147",
      "provider": "provider[\"registry.terraform.io/akamai/akamai\"]",
      "instances": [
        {
          "schema_version": 0,
          "attributes": {
            "bot_detection_action": "{\"action\":\"monitor\"}",
            "config_id": 26906,
            "detection_id": "c7f70f75-e3e2-4181-8ef8-30afb6576147",
            "id": "26906:gfos_92914:c7f70f75-e3e2-4181-8ef8-30afb6576147",
            "security_policy_id": "gfos_92914"
          },
          "sensitive_attributes": [],
          "private": "eyJzY2hlbWFfdmVyc2lvbiI6IjAifQ=="
        }
      ]
    },
    {
      "module": "module.security",
      "mode": "managed",
      "type": "akamai_botman_bot_detection_action",
      "name": "waf_open_source_crawlersscraping_platforms_601192ae-f5e2-4a29-8f75-a0bcd3584c2b",
      "provider": "provider[\"registry.terraform.io/akamai/akamai\"]",
      "instances": [
        {
          "schema_version": 0,
          "attributes": {
            "bot_detection_action": "{\"action\":\"tarpit\"}",
            "config_id": 26906,
            "detection_id": "601192ae-f5e2-4a29-8f75-a0bcd3584c2b",
            "id": "26906:gfos_92914:601192ae-f5e2-4a29-8f75-a0bcd3584c2b",
            "security_policy_id": "gfos_92914"
          },
          "sensitive_attributes": [],
          "private": "eyJzY2hlbWFfdmVyc2lvbiI6IjAifQ=="
        }
      ]
    },
    {
      "module": "module.security",
      "mode": "managed",
      "type": "akamai_botman_bot_detection_action",
      "name": "waf_session_validation_1bb748e2-b3ad-41db-85fa-c69e62be59dc",
      "provider": "provider[\"registry.terraform.io/akamai/akamai\"]",
      "instances": [
        {
          "schema_version": 0,
          "attributes": {
            "bot_detection_action": "{\"action\":\"cond_action_85634\",\"sessionActivitySensitivity\":\"HIGH\"}",
            "config_id": 26906,
            "detection_id": "1bb748e2-b3ad-41db-85fa-c69e62be59dc",
            "id": "26906:gfos_92914:1bb748e2-b3ad-41db-85fa-c69e62be59dc",
            "security_policy_id": "gfos_92914"
          },
          "sensitive_attributes": [],
          "private": "eyJzY2hlbWFfdmVyc2lvbiI6IjAifQ=="
        }
      ]
    },
    {
      "module": "module.security",
      "mode": "managed",
      "type": "akamai_botman_bot_detection_action",
      "name": "waf_web_scraper_reputation_9712ab32-83bb-43ab-a46d-4c2a5a42e7e2",
      "provider": "provider[\"registry.terraform.io/akamai/akamai\"]",
      "instances": [
        {
          "schema_version": 0,
          "attributes": {
            "bot_detection_action": "{\"action\":\"monitor\",\"webScraperReputationSensitivity\":4}",
            "config_id": 26906,
            "detection_id": "9712ab32-83bb-43ab-a46d-4c2a5a42e7e2",
            "id": "26906:gfos_92914:9712ab32-83bb-43ab-a46d-4c2a5a42e7e2",
            "security_policy_id": "gfos_92914"
          },
          "sensitive_attributes": [],
          "private": "eyJzY2hlbWFfdmVyc2lvbiI6IjAifQ=="
        }
      ]
    },
    {
      "module": "module.security",
      "mode": "managed",
      "type": "akamai_botman_bot_detection_action",
      "name": "waf_web_services_libraries_872ed6c2-514c-4055-9c44-9782b1c783bf",
      "provider": "provider[\"registry.terraform.io/akamai/akamai\"]",
      "instances": [
        {
          "schema_version": 0,
          "attributes": {
            "bot_detection_action": "{\"action\":\"tarpit\"}",
            "config_id": 26906,
            "detection_id": "872ed6c2-514c-4055-9c44-9782b1c783bf",
            "id": "26906:gfos_92914:872ed6c2-514c-4055-9c44-9782b1c783bf",
            "security_policy_id": "gfos_92914"
          },
          "sensitive_attributes": [],
          "private": "eyJzY2hlbWFfdmVyc2lvbiI6IjAifQ=="
        }
      ]
    },
    {
      "module": "module.security",
      "mode": "managed",
      "type": "akamai_botman_bot_management_settings",
      "name": "main_policy",
      "provider": "provider[\"registry.terraform.io/akamai/akamai\"]",
      "instances": [
        {
          "schema_version": 0,
          "attributes": {
            "bot_management_settings": "{\"addAkamaiBotHeader\":true,\"enableActiveDetections\":true,\"enableBotManagement\":true,\"enableBrowserValidation\":true,\"removeBotManagementCookies\":true,\"thirdPartyProxyServiceInUse\":false}",
            "config_id": 26906,
            "id": "26906:gfmp_56269",
            "security_policy_id": "gfmp_56269"
          },
          "sensitive_attributes": [],
          "private": "eyJzY2hlbWFfdmVyc2lvbiI6IjAifQ=="
        }
      ]
    },
    {
      "module": "module.security",
      "mode": "managed",
      "type": "akamai_botman_bot_management_settings",
      "name": "waf",
      "provider": "provider[\"registry.terraform.io/akamai/akamai\"]",
      "instances": [
        {
          "schema_version": 0,
          "attributes": {
            "bot_management_settings": "{\"addAkamaiBotHeader\":true,\"enableActiveDetections\":true,\"enableBotManagement\":true,\"enableBrowserValidation\":true,\"removeBotManagementCookies\":true,\"thirdPartyProxyServiceInUse\":false}",
            "config_id": 26906,
            "id": "26906:gfos_92914",
            "security_policy_id": "gfos_92914"
          },
          "sensitive_attributes": [],
          "private": "eyJzY2hlbWFfdmVyc2lvbiI6IjAifQ=="
        }
      ]
    },
    {
      "module": "module.security",
      "mode": "managed",
      "type": "akamai_botman_challenge_injection_rules",
      "name": "challenge_injection_rules",
      "provider": "provider[\"registry.terraform.io/akamai/akamai\"]",
      "instances": [
        {
          "schema_version": 0,
          "attributes": {
            "challenge_injection_rules": "{\"ajaxResubmit\":false,\"injectJavaScript\":false}",
            "config_id": 26906,
            "id": "26906"
          },
          "sensitive_attributes": [],
          "private": "eyJzY2hlbWFfdmVyc2lvbiI6IjAifQ=="
        }
      ]
    },
    {
      "module": "module.security",
      "mode": "managed",
      "type": "akamai_botman_client_side_security",
      "name": "client_side_security",
      "provider": "provider[\"registry.terraform.io/akamai/akamai\"]",
      "instances": [
        {
          "schema_version": 0,
          "attributes": {
            "client_side_security": "{\"useAllSecureTraffic\":false,\"useSameSiteCookies\":false,\"useStrictCspCompatibility\":false}",
            "config_id": 26906,
            "id": "26906"
          },
          "sensitive_attributes": [],
          "private": "eyJzY2hlbWFfdmVyc2lvbiI6IjAifQ=="
        }
      ]
    },
    {
      "module": "module.security",
      "mode": "managed",
      "type": "akamai_botman_conditional_action",
      "name": "block_bots_on_ww_also_block_search_bots_on_test_domains_cond_action_52611",
      "provider": "provider[\"registry.terraform.io/akamai/akamai\"]",
      "instances": [
        {
          "schema_version": 0,
          "attributes": {
            "action_id": "cond_action_52611",
            "conditional_action": "{\"actionName\":\"Block bots on /ww/* also block search bots on test domains\",\"conditionalActionRules\":[{\"action\":\"delay\",\"conditions\":[{\"name\":[\"User-Agent\"],\"nameWildcard\":true,\"positiveMatch\":false,\"type\":\"requestHeaderCondition\",\"value\":[\"*google*\",\"*atomz*\"],\"valueCase\":false,\"valueWildcard\":true},{\"positiveMatch\":true,\"type\":\"urlPatternCondition\",\"value\":[\"/ww/*\",\"/ww/\"],\"valueCase\":false,\"valueWildcard\":true},{\"name\":[\"Host\"],\"nameWildcard\":true,\"positiveMatch\":false,\"type\":\"requestHeaderCondition\",\"value\":[\"net.grundfos.com\",\"app.grundfos.com\"],\"valueCase\":false,\"valueWildcard\":true}],\"percentageOfTraffic\":100},{\"action\":\"deny_custom_136113\",\"conditions\":[{\"name\":[\"host\"],\"nameWildcard\":true,\"positiveMatch\":true,\"type\":\"requestHeaderCondition\",\"value\":[\"wwwsand01.grundfos.com\",\"wwwtest.grundfos.com\",\"portalstest.grundfos.com\",\"portalssand01.grundfos.com\",\"product-selectionsand.grundfos.com\",\"product-selectionsand01.grundfos.com\",\"product-selectiontest.grundfos.com\",\"wwwsand.grundfos.com\",\"portalssand.grundfos.com\"],\"valueCase\":false,\"valueWildcard\":true}],\"notes\":\"Server 404 on test domains to search engine crawlers\",\"percentageOfTraffic\":100}],\"defaultAction\":\"monitor\"}",
            "config_id": 26906,
            "id": "26906:cond_action_52611"
          },
          "sensitive_attributes": [],
          "private": "eyJzY2hlbWFfdmVyc2lvbiI6IjAifQ=="
        }
      ]
    },
    {
      "module": "module.security",
      "mode": "managed",
      "type": "akamai_botman_conditional_action",
      "name": "mitigate_get_at_login_cond_action_18831",
      "provider": "provider[\"registry.terraform.io/akamai/akamai\"]",
      "instances": [
        {
          "schema_version": 0,
          "attributes": {
            "action_id": "cond_action_18831",
            "conditional_action": "{\"actionName\":\"Mitigate GET at login\",\"conditionalActionRules\":[{\"action\":\"tarpit\",\"conditions\":[{\"positiveMatch\":true,\"type\":\"requestMethodCondition\",\"value\":[\"GET\"]},{\"positiveMatch\":true,\"type\":\"urlPatternCondition\",\"value\":[\"/login/index.jsp\"],\"valueCase\":false,\"valueWildcard\":true}],\"notes\":\"Match on Path\",\"percentageOfTraffic\":100}],\"defaultAction\":\"monitor\"}",
            "config_id": 26906,
            "id": "26906:cond_action_18831"
          },
          "sensitive_attributes": [],
          "private": "eyJzY2hlbWFfdmVyc2lvbiI6IjAifQ=="
        }
      ]
    },
    {
      "module": "module.security",
      "mode": "managed",
      "type": "akamai_botman_conditional_action",
      "name": "path_grm_exception_and_allow_siteimprove_cond_action_91469",
      "provider": "provider[\"registry.terraform.io/akamai/akamai\"]",
      "instances": [
        {
          "schema_version": 0,
          "attributes": {
            "action_id": "cond_action_91469",
            "conditional_action": "{\"actionName\":\"Path /grm exception and allow siteimprove\",\"conditionalActionRules\":[{\"action\":\"tarpit\",\"conditions\":[{\"name\":[\"User-Agent\"],\"nameWildcard\":true,\"positiveMatch\":false,\"type\":\"requestHeaderCondition\",\"value\":[\"*siteimprove*\"],\"valueCase\":false,\"valueWildcard\":true},{\"positiveMatch\":false,\"type\":\"urlPatternCondition\",\"value\":[\"/grm*\"],\"valueCase\":false,\"valueWildcard\":true}],\"percentageOfTraffic\":100}],\"defaultAction\":\"monitor\",\"description\":\"Tarpiting traffic except on \\\"/grm*\\\" and allowing siteimprove\"}",
            "config_id": 26906,
            "id": "26906:cond_action_91469"
          },
          "sensitive_attributes": [],
          "private": "eyJzY2hlbWFfdmVyc2lvbiI6IjAifQ=="
        }
      ]
    },
    {
      "module": "module.security",
      "mode": "managed",
      "type": "akamai_botman_conditional_action",
      "name": "path_grm_exception_cond_action_23303",
      "provider": "provider[\"registry.terraform.io/akamai/akamai\"]",
      "instances": [
        {
          "schema_version": 0,
          "attributes": {
            "action_id": "cond_action_23303",
            "conditional_action": "{\"actionName\":\"Path /grm exception\",\"conditionalActionRules\":[{\"action\":\"tarpit\",\"conditions\":[{\"positiveMatch\":false,\"type\":\"urlPatternCondition\",\"value\":[\"/grm*\"],\"valueCase\":false,\"valueWildcard\":true}],\"percentageOfTraffic\":100}],\"defaultAction\":\"monitor\",\"description\":\"Tarpiting traffic on except on \\\"/grm*\\\"\"}",
            "config_id": 26906,
            "id": "26906:cond_action_23303"
          },
          "sensitive_attributes": [],
          "private": "eyJzY2hlbWFfdmVyc2lvbiI6IjAifQ=="
        }
      ]
    },
    {
      "module": "module.security",
      "mode": "managed",
      "type": "akamai_botman_conditional_action",
      "name": "path_webtranslate_exception_cond_action_42194",
      "provider": "provider[\"registry.terraform.io/akamai/akamai\"]",
      "instances": [
        {
          "schema_version": 0,
          "attributes": {
            "action_id": "cond_action_42194",
            "conditional_action": "{\"actionName\":\"Path /Webtranslate exception\",\"conditionalActionRules\":[{\"action\":\"tarpit\",\"conditions\":[{\"host\":[\"net.grundfos.com\"],\"positiveMatch\":true,\"type\":\"hostCondition\"},{\"positiveMatch\":false,\"type\":\"urlPatternCondition\",\"value\":[\"/Webtranslate*\",\"/webtranslate*\"],\"valueCase\":false,\"valueWildcard\":true}],\"percentageOfTraffic\":100}],\"defaultAction\":\"monitor\"}",
            "config_id": 26906,
            "id": "26906:cond_action_42194"
          },
          "sensitive_attributes": [],
          "private": "eyJzY2hlbWFfdmVyc2lvbiI6IjAifQ=="
        }
      ]
    },
    {
      "module": "module.security",
      "mode": "managed",
      "type": "akamai_botman_conditional_action",
      "name": "tarpit_not_on_net_and_app_cond_action_52431",
      "provider": "provider[\"registry.terraform.io/akamai/akamai\"]",
      "instances": [
        {
          "schema_version": 0,
          "attributes": {
            "action_id": "cond_action_52431",
            "conditional_action": "{\"actionName\":\"Tarpit not on net and app\",\"conditionalActionRules\":[{\"action\":\"tarpit\",\"conditions\":[{\"name\":[\"User-Agent\"],\"nameWildcard\":true,\"positiveMatch\":false,\"type\":\"requestHeaderCondition\",\"value\":[\"System Health Dashboard\"],\"valueCase\":true,\"valueWildcard\":true},{\"name\":[\"Host\"],\"nameWildcard\":true,\"positiveMatch\":false,\"type\":\"requestHeaderCondition\",\"value\":[\"net.grundfos.com\",\"app.grundfos.com\"],\"valueCase\":false,\"valueWildcard\":true}],\"percentageOfTraffic\":100}],\"defaultAction\":\"monitor\"}",
            "config_id": 26906,
            "id": "26906:cond_action_52431"
          },
          "sensitive_attributes": [],
          "private": "eyJzY2hlbWFfdmVyc2lvbiI6IjAifQ=="
        }
      ]
    },
    {
      "module": "module.security",
      "mode": "managed",
      "type": "akamai_botman_conditional_action",
      "name": "tarpit_not_on_netappgpcwww_cond_action_85634",
      "provider": "provider[\"registry.terraform.io/akamai/akamai\"]",
      "instances": [
        {
          "schema_version": 0,
          "attributes": {
            "action_id": "cond_action_85634",
            "conditional_action": "{\"actionName\":\"Tarpit NOT on net,app,gpc,www\",\"conditionalActionRules\":[{\"action\":\"tarpit\",\"conditions\":[{\"name\":[\"User-Agent\"],\"nameWildcard\":true,\"positiveMatch\":false,\"type\":\"requestHeaderCondition\",\"value\":[\"System Health Dashboard\"],\"valueCase\":true,\"valueWildcard\":true},{\"name\":[\"Host\"],\"nameWildcard\":true,\"positiveMatch\":false,\"type\":\"requestHeaderCondition\",\"value\":[\"app.grundfos.com\",\"product-selection.grundfos.com\",\"www.grundfos.com\",\"grundfos.com\",\"net.grundfos.com\"],\"valueCase\":false,\"valueWildcard\":true}],\"percentageOfTraffic\":100}],\"defaultAction\":\"monitor\"}",
            "config_id": 26906,
            "id": "26906:cond_action_85634"
          },
          "sensitive_attributes": [],
          "private": "eyJzY2hlbWFfdmVyc2lvbiI6IjAifQ=="
        }
      ]
    },
    {
      "module": "module.security",
      "mode": "managed",
      "type": "akamai_botman_custom_bot_category",
      "name": "grundfos_bots_d7b818c6-d795-4d88-b270-76236399cacf",
      "provider": "provider[\"registry.terraform.io/akamai/akamai\"]",
      "instances": [
        {
          "schema_version": 0,
          "attributes": {
            "category_id": "d7b818c6-d795-4d88-b270-76236399cacf",
            "config_id": 26906,
            "custom_bot_category": "{\"categoryName\":\"Grundfos Bots\",\"description\":\"A place for all our internal bots\"}",
            "id": "26906:d7b818c6-d795-4d88-b270-76236399cacf"
          },
          "sensitive_attributes": [],
          "private": "eyJzY2hlbWFfdmVyc2lvbiI6IjAifQ=="
        }
      ]
    },
    {
      "module": "module.security",
      "mode": "managed",
      "type": "akamai_botman_custom_bot_category",
      "name": "grundfos_known_bots_c7e59f6c-f0d0-4ccc-bc2b-9f7a907062fa",
      "provider": "provider[\"registry.terraform.io/akamai/akamai\"]",
      "instances": [
        {
          "schema_version": 0,
          "attributes": {
            "category_id": "c7e59f6c-f0d0-4ccc-bc2b-9f7a907062fa",
            "config_id": 26906,
            "custom_bot_category": "{\"categoryName\":\"Grundfos Known Bots\"}",
            "id": "26906:c7e59f6c-f0d0-4ccc-bc2b-9f7a907062fa"
          },
          "sensitive_attributes": [],
          "private": "eyJzY2hlbWFfdmVyc2lvbiI6IjAifQ=="
        }
      ]
    },
    {
      "module": "module.security",
      "mode": "managed",
      "type": "akamai_botman_custom_bot_category",
      "name": "grundfos_unknown_bots_d825c7ab-66e3-4ca6-88b7-4536f9e44397",
      "provider": "provider[\"registry.terraform.io/akamai/akamai\"]",
      "instances": [
        {
          "schema_version": 0,
          "attributes": {
            "category_id": "d825c7ab-66e3-4ca6-88b7-4536f9e44397",
            "config_id": 26906,
            "custom_bot_category": "{\"categoryName\":\"Grundfos Unknown bots\"}",
            "id": "26906:d825c7ab-66e3-4ca6-88b7-4536f9e44397"
          },
          "sensitive_attributes": [],
          "private": "eyJzY2hlbWFfdmVyc2lvbiI6IjAifQ=="
        }
      ]
    },
    {
      "module": "module.security",
      "mode": "managed",
      "type": "akamai_botman_custom_bot_category",
      "name": "monitoring_and_health_check_tools_5d2f0fd4-0ed5-45b4-841a-d08a3591d6c1",
      "provider": "provider[\"registry.terraform.io/akamai/akamai\"]",
      "instances": [
        {
          "schema_version": 0,
          "attributes": {
            "category_id": "5d2f0fd4-0ed5-45b4-841a-d08a3591d6c1",
            "config_id": 26906,
            "custom_bot_category": "{\"categoryName\":\"Monitoring and Health Check tools\"}",
            "id": "26906:5d2f0fd4-0ed5-45b4-841a-d08a3591d6c1"
          },
          "sensitive_attributes": [],
          "private": "eyJzY2hlbWFfdmVyc2lvbiI6IjAifQ=="
        }
      ]
    },
    {
      "module": "module.security",
      "mode": "managed",
      "type": "akamai_botman_custom_bot_category",
      "name": "newrelicsyntheticsmonitor_9ca4a77f-4083-428f-aac0-fc0f0eae280c",
      "provider": "provider[\"registry.terraform.io/akamai/akamai\"]",
      "instances": [
        {
          "schema_version": 0,
          "attributes": {
            "category_id": "9ca4a77f-4083-428f-aac0-fc0f0eae280c",
            "config_id": 26906,
            "custom_bot_category": "{\"categoryName\":\"NewRelicSyntheticsMonitor\"}",
            "id": "26906:9ca4a77f-4083-428f-aac0-fc0f0eae280c"
          },
          "sensitive_attributes": [],
          "private": "eyJzY2hlbWFfdmVyc2lvbiI6IjAifQ=="
        }
      ]
    },
    {
      "module": "module.security",
      "mode": "managed",
      "type": "akamai_botman_custom_bot_category_action",
      "name": "main_policy_grundfos_bots_d7b818c6-d795-4d88-b270-76236399cacf",
      "provider": "provider[\"registry.terraform.io/akamai/akamai\"]",
      "instances": [
        {
          "schema_version": 0,
          "attributes": {
            "category_id": "d7b818c6-d795-4d88-b270-76236399cacf",
            "config_id": 26906,
            "custom_bot_category_action": "{\"action\":\"monitor\"}",
            "id": "26906:gfmp_56269:d7b818c6-d795-4d88-b270-76236399cacf",
            "security_policy_id": "gfmp_56269"
          },
          "sensitive_attributes": [],
          "private": "eyJzY2hlbWFfdmVyc2lvbiI6IjAifQ=="
        }
      ]
    },
    {
      "module": "module.security",
      "mode": "managed",
      "type": "akamai_botman_custom_bot_category_action",
      "name": "main_policy_grundfos_known_bots_c7e59f6c-f0d0-4ccc-bc2b-9f7a907062fa",
      "provider": "provider[\"registry.terraform.io/akamai/akamai\"]",
      "instances": [
        {
          "schema_version": 0,
          "attributes": {
            "category_id": "c7e59f6c-f0d0-4ccc-bc2b-9f7a907062fa",
            "config_id": 26906,
            "custom_bot_category_action": "{\"action\":\"allow\"}",
            "id": "26906:gfmp_56269:c7e59f6c-f0d0-4ccc-bc2b-9f7a907062fa",
            "security_policy_id": "gfmp_56269"
          },
          "sensitive_attributes": [],
          "private": "eyJzY2hlbWFfdmVyc2lvbiI6IjAifQ=="
        }
      ]
    },
    {
      "module": "module.security",
      "mode": "managed",
      "type": "akamai_botman_custom_bot_category_action",
      "name": "main_policy_grundfos_unknown_bots_d825c7ab-66e3-4ca6-88b7-4536f9e44397",
      "provider": "provider[\"registry.terraform.io/akamai/akamai\"]",
      "instances": [
        {
          "schema_version": 0,
          "attributes": {
            "category_id": "d825c7ab-66e3-4ca6-88b7-4536f9e44397",
            "config_id": 26906,
            "custom_bot_category_action": "{\"action\":\"tarpit\"}",
            "id": "26906:gfmp_56269:d825c7ab-66e3-4ca6-88b7-4536f9e44397",
            "security_policy_id": "gfmp_56269"
          },
          "sensitive_attributes": [],
          "private": "eyJzY2hlbWFfdmVyc2lvbiI6IjAifQ=="
        }
      ]
    },
    {
      "module": "module.security",
      "mode": "managed",
      "type": "akamai_botman_custom_bot_category_action",
      "name": "main_policy_monitoring_and_health_check_tools_5d2f0fd4-0ed5-45b4-841a-d08a3591d6c1",
      "provider": "provider[\"registry.terraform.io/akamai/akamai\"]",
      "instances": [
        {
          "schema_version": 0,
          "attributes": {
            "category_id": "5d2f0fd4-0ed5-45b4-841a-d08a3591d6c1",
            "config_id": 26906,
            "custom_bot_category_action": "{\"action\":\"monitor\"}",
            "id": "26906:gfmp_56269:5d2f0fd4-0ed5-45b4-841a-d08a3591d6c1",
            "security_policy_id": "gfmp_56269"
          },
          "sensitive_attributes": [],
          "private": "eyJzY2hlbWFfdmVyc2lvbiI6IjAifQ=="
        }
      ]
    },
    {
      "module": "module.security",
      "mode": "managed",
      "type": "akamai_botman_custom_bot_category_action",
      "name": "main_policy_newrelicsyntheticsmonitor_9ca4a77f-4083-428f-aac0-fc0f0eae280c",
      "provider": "provider[\"registry.terraform.io/akamai/akamai\"]",
      "instances": [
        {
          "schema_version": 0,
          "attributes": {
            "category_id": "9ca4a77f-4083-428f-aac0-fc0f0eae280c",
            "config_id": 26906,
            "custom_bot_category_action": "{\"action\":\"monitor\"}",
            "id": "26906:gfmp_56269:9ca4a77f-4083-428f-aac0-fc0f0eae280c",
            "security_policy_id": "gfmp_56269"
          },
          "sensitive_attributes": [],
          "private": "eyJzY2hlbWFfdmVyc2lvbiI6IjAifQ=="
        }
      ]
    },
    {
      "module": "module.security",
      "mode": "managed",
      "type": "akamai_botman_custom_bot_category_action",
      "name": "waf_grundfos_bots_d7b818c6-d795-4d88-b270-76236399cacf",
      "provider": "provider[\"registry.terraform.io/akamai/akamai\"]",
      "instances": [
        {
          "schema_version": 0,
          "attributes": {
            "category_id": "d7b818c6-d795-4d88-b270-76236399cacf",
            "config_id": 26906,
            "custom_bot_category_action": "{\"action\":\"allow\"}",
            "id": "26906:gfos_92914:d7b818c6-d795-4d88-b270-76236399cacf",
            "security_policy_id": "gfos_92914"
          },
          "sensitive_attributes": [],
          "private": "eyJzY2hlbWFfdmVyc2lvbiI6IjAifQ=="
        }
      ]
    },
    {
      "module": "module.security",
      "mode": "managed",
      "type": "akamai_botman_custom_bot_category_action",
      "name": "waf_grundfos_known_bots_c7e59f6c-f0d0-4ccc-bc2b-9f7a907062fa",
      "provider": "provider[\"registry.terraform.io/akamai/akamai\"]",
      "instances": [
        {
          "schema_version": 0,
          "attributes": {
            "category_id": "c7e59f6c-f0d0-4ccc-bc2b-9f7a907062fa",
            "config_id": 26906,
            "custom_bot_category_action": "{\"action\":\"allow\"}",
            "id": "26906:gfos_92914:c7e59f6c-f0d0-4ccc-bc2b-9f7a907062fa",
            "security_policy_id": "gfos_92914"
          },
          "sensitive_attributes": [],
          "private": "eyJzY2hlbWFfdmVyc2lvbiI6IjAifQ=="
        }
      ]
    },
    {
      "module": "module.security",
      "mode": "managed",
      "type": "akamai_botman_custom_bot_category_action",
      "name": "waf_grundfos_unknown_bots_d825c7ab-66e3-4ca6-88b7-4536f9e44397",
      "provider": "provider[\"registry.terraform.io/akamai/akamai\"]",
      "instances": [
        {
          "schema_version": 0,
          "attributes": {
            "category_id": "d825c7ab-66e3-4ca6-88b7-4536f9e44397",
            "config_id": 26906,
            "custom_bot_category_action": "{\"action\":\"tarpit\"}",
            "id": "26906:gfos_92914:d825c7ab-66e3-4ca6-88b7-4536f9e44397",
            "security_policy_id": "gfos_92914"
          },
          "sensitive_attributes": [],
          "private": "eyJzY2hlbWFfdmVyc2lvbiI6IjAifQ=="
        }
      ]
    },
    {
      "module": "module.security",
      "mode": "managed",
      "type": "akamai_botman_custom_bot_category_action",
      "name": "waf_monitoring_and_health_check_tools_5d2f0fd4-0ed5-45b4-841a-d08a3591d6c1",
      "provider": "provider[\"registry.terraform.io/akamai/akamai\"]",
      "instances": [
        {
          "schema_version": 0,
          "attributes": {
            "category_id": "5d2f0fd4-0ed5-45b4-841a-d08a3591d6c1",
            "config_id": 26906,
            "custom_bot_category_action": "{\"action\":\"monitor\"}",
            "id": "26906:gfos_92914:5d2f0fd4-0ed5-45b4-841a-d08a3591d6c1",
            "security_policy_id": "gfos_92914"
          },
          "sensitive_attributes": [],
          "private": "eyJzY2hlbWFfdmVyc2lvbiI6IjAifQ=="
        }
      ]
    },
    {
      "module": "module.security",
      "mode": "managed",
      "type": "akamai_botman_custom_bot_category_action",
      "name": "waf_newrelicsyntheticsmonitor_9ca4a77f-4083-428f-aac0-fc0f0eae280c",
      "provider": "provider[\"registry.terraform.io/akamai/akamai\"]",
      "instances": [
        {
          "schema_version": 0,
          "attributes": {
            "category_id": "9ca4a77f-4083-428f-aac0-fc0f0eae280c",
            "config_id": 26906,
            "custom_bot_category_action": "{\"action\":\"monitor\"}",
            "id": "26906:gfos_92914:9ca4a77f-4083-428f-aac0-fc0f0eae280c",
            "security_policy_id": "gfos_92914"
          },
          "sensitive_attributes": [],
          "private": "eyJzY2hlbWFfdmVyc2lvbiI6IjAifQ=="
        }
      ]
    },
    {
      "module": "module.security",
      "mode": "managed",
      "type": "akamai_botman_custom_bot_category_sequence",
      "name": "custom_bot_category_sequence",
      "provider": "provider[\"registry.terraform.io/akamai/akamai\"]",
      "instances": [
        {
          "schema_version": 0,
          "attributes": {
            "category_ids": [
              "c7e59f6c-f0d0-4ccc-bc2b-9f7a907062fa",
              "d825c7ab-66e3-4ca6-88b7-4536f9e44397",
              "d7b818c6-d795-4d88-b270-76236399cacf",
              "5d2f0fd4-0ed5-45b4-841a-d08a3591d6c1",
              "9ca4a77f-4083-428f-aac0-fc0f0eae280c"
            ],
            "config_id": 26906,
            "id": "26906"
          },
          "sensitive_attributes": [],
          "private": "eyJzY2hlbWFfdmVyc2lvbiI6IjAifQ=="
        }
      ]
    },
    {
      "module": "module.security",
      "mode": "managed",
      "type": "akamai_botman_custom_defined_bot",
      "name": "aembot_0738ebcb-155e-49df-b3ac-61ae3b34f8b6",
      "provider": "provider[\"registry.terraform.io/akamai/akamai\"]",
      "instances": [
        {
          "schema_version": 0,
          "attributes": {
            "bot_id": "0738ebcb-155e-49df-b3ac-61ae3b34f8b6",
            "config_id": 26906,
            "custom_defined_bot": "{\"botName\":\"AEMBot\",\"categoryId\":\"c7e59f6c-f0d0-4ccc-bc2b-9f7a907062fa\",\"conditions\":[{\"checkIps\":\"CONNECTING\",\"positiveMatch\":true,\"type\":\"ipAddressCondition\",\"value\":[\"20.86.49.203\",\"20.86.8.176\"]}],\"description\":\"AEM bot\",\"notes\":\"AEM team Need to configure there calls with a correct user-agent and give us more info, so we can make this rule better\"}",
            "id": "26906:0738ebcb-155e-49df-b3ac-61ae3b34f8b6"
          },
          "sensitive_attributes": [],
          "private": "eyJzY2hlbWFfdmVyc2lvbiI6IjAifQ=="
        }
      ]
    },
    {
      "module": "module.security",
      "mode": "managed",
      "type": "akamai_botman_custom_defined_bot",
      "name": "aemintegrationssand_95d08184-9a68-4f8f-a881-e625f263391e",
      "provider": "provider[\"registry.terraform.io/akamai/akamai\"]",
      "instances": [
        {
          "schema_version": 0,
          "attributes": {
            "bot_id": "95d08184-9a68-4f8f-a881-e625f263391e",
            "config_id": 26906,
            "custom_defined_bot": "{\"botName\":\"AEM-IntegrationsSAND\",\"categoryId\":\"d7b818c6-d795-4d88-b270-76236399cacf\",\"conditions\":[{\"checkIps\":\"CONNECTING\",\"positiveMatch\":true,\"type\":\"networkListCondition\",\"value\":[\"1283_MICROSOFTWINDOWSAZUREDAT\"]},{\"name\":[\"User-Agent\"],\"nameWildcard\":true,\"positiveMatch\":true,\"type\":\"requestHeaderCondition\",\"value\":[\"aem-integration-*/*\"],\"valueCase\":false,\"valueWildcard\":true},{\"name\":[\"grundfos-secret\"],\"nameWildcard\":true,\"positiveMatch\":true,\"type\":\"requestHeaderCondition\",\"value\":[\"FWCvujxgt1fyg1egb\"],\"valueCase\":false,\"valueWildcard\":true}],\"description\":\"AEM integrations user-agent\\nRFC0121715\",\"ownerEmail\":\"aem_platform_team@grundfos.onmicrosoft.com\",\"ownerName\":\"AEM Platform team\"}",
            "id": "26906:95d08184-9a68-4f8f-a881-e625f263391e"
          },
          "sensitive_attributes": [],
          "private": "eyJzY2hlbWFfdmVyc2lvbiI6IjAifQ=="
        }
      ]
    },
    {
      "module": "module.security",
      "mode": "managed",
      "type": "akamai_botman_custom_defined_bot",
      "name": "aemintegrationstest_63b84b0b-84b4-4246-bb83-4fc51898cb96",
      "provider": "provider[\"registry.terraform.io/akamai/akamai\"]",
      "instances": [
        {
          "schema_version": 0,
          "attributes": {
            "bot_id": "63b84b0b-84b4-4246-bb83-4fc51898cb96",
            "config_id": 26906,
            "custom_defined_bot": "{\"botName\":\"AEM-IntegrationsTEST\",\"categoryId\":\"d7b818c6-d795-4d88-b270-76236399cacf\",\"conditions\":[{\"checkIps\":\"CONNECTING\",\"positiveMatch\":true,\"type\":\"networkListCondition\",\"value\":[\"1283_MICROSOFTWINDOWSAZUREDAT\"]},{\"name\":[\"User-Agent\"],\"nameWildcard\":true,\"positiveMatch\":true,\"type\":\"requestHeaderCondition\",\"value\":[\"aem-integration-*/*\"],\"valueCase\":false,\"valueWildcard\":true},{\"name\":[\"grundfos-secret\"],\"nameWildcard\":true,\"positiveMatch\":true,\"type\":\"requestHeaderCondition\",\"value\":[\"QJA0nhcqmg9qgr3zxw\"],\"valueCase\":false,\"valueWildcard\":true}],\"description\":\"AEM integrations user-agent\\nRFC0121715\",\"ownerEmail\":\"aem_platform_team@grundfos.onmicrosoft.com\",\"ownerName\":\"AEM Platform team\"}",
            "id": "26906:63b84b0b-84b4-4246-bb83-4fc51898cb96"
          },
          "sensitive_attributes": [],
          "private": "eyJzY2hlbWFfdmVyc2lvbiI6IjAifQ=="
        }
      ]
    },
    {
      "module": "module.security",
      "mode": "managed",
      "type": "akamai_botman_custom_defined_bot",
      "name": "aemtest_436dea4b-bf55-44e2-a372-88fd97c1a47c",
      "provider": "provider[\"registry.terraform.io/akamai/akamai\"]",
      "instances": [
        {
          "schema_version": 0,
          "attributes": {
            "bot_id": "436dea4b-bf55-44e2-a372-88fd97c1a47c",
            "config_id": 26906,
            "custom_defined_bot": "{\"botName\":\"AEMTest\",\"categoryId\":\"d7b818c6-d795-4d88-b270-76236399cacf\",\"conditions\":[{\"name\":[\"User-Agent\"],\"nameWildcard\":true,\"positiveMatch\":true,\"type\":\"requestHeaderCondition\",\"value\":[\"AEMTest/*\"],\"valueCase\":false,\"valueWildcard\":true}],\"ownerName\":\"Jakob Rosenlund // Linux ops\"}",
            "id": "26906:436dea4b-bf55-44e2-a372-88fd97c1a47c"
          },
          "sensitive_attributes": [],
          "private": "eyJzY2hlbWFfdmVyc2lvbiI6IjAifQ=="
        }
      ]
    },
    {
      "module": "module.security",
      "mode": "managed",
      "type": "akamai_botman_custom_defined_bot",
      "name": "atlassiandomainclaimservice_78567423-8622-40ac-9097-f12fcd9ac438",
      "provider": "provider[\"registry.terraform.io/akamai/akamai\"]",
      "instances": [
        {
          "schema_version": 0,
          "attributes": {
            "bot_id": "78567423-8622-40ac-9097-f12fcd9ac438",
            "config_id": 26906,
            "custom_defined_bot": "{\"botName\":\"AtlassianDomainClaimService\",\"categoryId\":\"c7e59f6c-f0d0-4ccc-bc2b-9f7a907062fa\",\"conditions\":[{\"name\":[\"User-Agent\"],\"nameWildcard\":true,\"positiveMatch\":true,\"type\":\"requestHeaderCondition\",\"value\":[\"AtlassianDomainClaimService\"],\"valueCase\":false,\"valueWildcard\":true},{\"name\":[\"HOST\"],\"nameWildcard\":true,\"positiveMatch\":true,\"type\":\"requestHeaderCondition\",\"value\":[\"www.grundfos.com\"],\"valueCase\":false,\"valueWildcard\":true},{\"checkIps\":\"CONNECTING\",\"positiveMatch\":true,\"type\":\"asNumberCondition\",\"value\":[\"16509\"]}],\"description\":\"Bot that verify the Grundfos.com Domain for Atlassian cloud\"}",
            "id": "26906:78567423-8622-40ac-9097-f12fcd9ac438"
          },
          "sensitive_attributes": [],
          "private": "eyJzY2hlbWFfdmVyc2lvbiI6IjAifQ=="
        }
      ]
    },
    {
      "module": "module.security",
      "mode": "managed",
      "type": "akamai_botman_custom_defined_bot",
      "name": "by_ip_2aeeddb5-349f-468f-bdb0-1b247f4b43d5",
      "provider": "provider[\"registry.terraform.io/akamai/akamai\"]",
      "instances": [
        {
          "schema_version": 0,
          "attributes": {
            "bot_id": "2aeeddb5-349f-468f-bdb0-1b247f4b43d5",
            "config_id": 26906,
            "custom_defined_bot": "{\"botName\":\"By IP\",\"categoryId\":\"d825c7ab-66e3-4ca6-88b7-4536f9e44397\",\"conditions\":[{\"checkIps\":\"BOTH\",\"positiveMatch\":true,\"type\":\"ipAddressCondition\",\"value\":[\"79.134.143.219\",\"216.218.147.202\"]}]}",
            "id": "26906:2aeeddb5-349f-468f-bdb0-1b247f4b43d5"
          },
          "sensitive_attributes": [],
          "private": "eyJzY2hlbWFfdmVyc2lvbiI6IjAifQ=="
        }
      ]
    },
    {
      "module": "module.security",
      "mode": "managed",
      "type": "akamai_botman_custom_defined_bot",
      "name": "cookiebot_637762a9-af5b-4b5c-859a-740249641e6c",
      "provider": "provider[\"registry.terraform.io/akamai/akamai\"]",
      "instances": [
        {
          "schema_version": 0,
          "attributes": {
            "bot_id": "637762a9-af5b-4b5c-859a-740249641e6c",
            "config_id": 26906,
            "custom_defined_bot": "{\"botName\":\"CookieBot\",\"categoryId\":\"c7e59f6c-f0d0-4ccc-bc2b-9f7a907062fa\",\"conditions\":[{\"name\":[\"User-Agent\"],\"nameWildcard\":true,\"positiveMatch\":true,\"type\":\"requestHeaderCondition\",\"value\":[\"Mozilla/5.0 (Windows NT 10.0; WOW64) AppleWebKit/537.36 (KHTML, like Gecko; compatible; Cookiebot/1.0; +http://cookiebot.com/) Chrome/*.*.*.* Safari/537.36\",\"Mozilla/5.0 (Windows NT 10.0; Win64; x64) AppleWebKit/537.36 (KHTML, like Gecko; compatible; Cookiebot/1.0; +http://cookiebot.com/) Chrome/*.*.*.* Safari/537.36\"],\"valueCase\":false,\"valueWildcard\":true},{\"checkIps\":\"CONNECTING\",\"positiveMatch\":true,\"type\":\"networkListCondition\",\"value\":[\"206735_COOKIEBOTNWLIST\"]}]}",
            "id": "26906:637762a9-af5b-4b5c-859a-740249641e6c"
          },
          "sensitive_attributes": [],
          "private": "eyJzY2hlbWFfdmVyc2lvbiI6IjAifQ=="
        }
      ]
    },
    {
      "module": "module.security",
      "mode": "managed",
      "type": "akamai_botman_custom_defined_bot",
      "name": "copy_of_aemintegrationsprod_639b999c-9056-4d52-beb2-35e84e9f8f4e",
      "provider": "provider[\"registry.terraform.io/akamai/akamai\"]",
      "instances": [
        {
          "schema_version": 0,
          "attributes": {
            "bot_id": "639b999c-9056-4d52-beb2-35e84e9f8f4e",
            "config_id": 26906,
            "custom_defined_bot": "{\"botName\":\"Copy of AEM-IntegrationsPROD\",\"categoryId\":\"d7b818c6-d795-4d88-b270-76236399cacf\",\"conditions\":[{\"checkIps\":\"CONNECTING\",\"positiveMatch\":true,\"type\":\"networkListCondition\",\"value\":[\"1283_MICROSOFTWINDOWSAZUREDAT\"]},{\"name\":[\"User-Agent\"],\"nameWildcard\":true,\"positiveMatch\":true,\"type\":\"requestHeaderCondition\",\"value\":[\"aem-integration-*/*\"],\"valueCase\":false,\"valueWildcard\":true},{\"name\":[\"grundfos-secret\"],\"nameWildcard\":true,\"positiveMatch\":true,\"type\":\"requestHeaderCondition\",\"value\":[\"xkmXNG9gpa0qcj5ufv\"],\"valueCase\":false,\"valueWildcard\":true}],\"description\":\"AEM integrations user-agent\\nRFC0121715\",\"ownerEmail\":\"aem_platform_team@grundfos.onmicrosoft.com\",\"ownerName\":\"AEM Platform team\"}",
            "id": "26906:639b999c-9056-4d52-beb2-35e84e9f8f4e"
          },
          "sensitive_attributes": [],
          "private": "eyJzY2hlbWFfdmVyc2lvbiI6IjAifQ=="
        }
      ]
    },
    {
      "module": "module.security",
      "mode": "managed",
      "type": "akamai_botman_custom_defined_bot",
      "name": "customer_identity_user_support_tool_bebc1f39-d063-4193-a709-30ac5aa888ae",
      "provider": "provider[\"registry.terraform.io/akamai/akamai\"]",
      "instances": [
        {
          "schema_version": 0,
          "attributes": {
            "bot_id": "bebc1f39-d063-4193-a709-30ac5aa888ae",
            "config_id": 26906,
            "custom_defined_bot": "{\"botName\":\"Customer Identity (user support tool)\",\"categoryId\":\"d7b818c6-d795-4d88-b270-76236399cacf\",\"conditions\":[{\"name\":[\"User-Agent\"],\"nameWildcard\":true,\"positiveMatch\":true,\"type\":\"requestHeaderCondition\",\"value\":[\"UST/*\"],\"valueCase\":false,\"valueWildcard\":true},{\"name\":[\"grundfos-secret\"],\"nameWildcard\":true,\"positiveMatch\":true,\"type\":\"requestHeaderCondition\",\"value\":[\"8YGTZdWzpprNkMGVHsrh\"],\"valueCase\":false,\"valueWildcard\":true}],\"description\":\"CustomerIdentityLeads@grundfos.onmicrosoft.com\",\"notes\":\"RFC0120370\",\"ownerName\":\"Customer Identity Team \\u0026 Leads\"}",
            "id": "26906:bebc1f39-d063-4193-a709-30ac5aa888ae"
          },
          "sensitive_attributes": [],
          "private": "eyJzY2hlbWFfdmVyc2lvbiI6IjAifQ=="
        }
      ]
    },
    {
      "module": "module.security",
      "mode": "managed",
      "type": "akamai_botman_custom_defined_bot",
      "name": "gpi_integration_af1f1b8c-543f-499a-8281-e7b5925dd57d",
      "provider": "provider[\"registry.terraform.io/akamai/akamai\"]",
      "instances": [
        {
          "schema_version": 0,
          "attributes": {
            "bot_id": "af1f1b8c-543f-499a-8281-e7b5925dd57d",
            "config_id": 26906,
            "custom_defined_bot": "{\"botName\":\"GPI integration\",\"categoryId\":\"c7e59f6c-f0d0-4ccc-bc2b-9f7a907062fa\",\"conditions\":[{\"name\":[\"grundfoss-secret\"],\"nameWildcard\":true,\"positiveMatch\":true,\"type\":\"requestHeaderCondition\",\"value\":[\"fT*ry$N5Qw\\u00263KgjgSt4^G3frfdto3iz$\"],\"valueCase\":false,\"valueWildcard\":true},{\"name\":[\"Host\"],\"nameWildcard\":true,\"positiveMatch\":true,\"type\":\"requestHeaderCondition\",\"value\":[\"net.grundfos.com\"],\"valueCase\":false,\"valueWildcard\":true},{\"name\":[\"User-Agent\"],\"nameWildcard\":true,\"positiveMatch\":true,\"type\":\"requestHeaderCondition\",\"value\":[\"axios/*\",\"curl/*\"],\"valueCase\":false,\"valueWildcard\":true}],\"description\":\"net.grundfos.com GPI call\",\"ownerEmail\":\"ksonielsen@grundfos.com\",\"ownerName\":\"Kim Søby Nielsen\"}",
            "id": "26906:af1f1b8c-543f-499a-8281-e7b5925dd57d"
          },
          "sensitive_attributes": [],
          "private": "eyJzY2hlbWFfdmVyc2lvbiI6IjAifQ=="
        }
      ]
    },
    {
      "module": "module.security",
      "mode": "managed",
      "type": "akamai_botman_custom_defined_bot",
      "name": "grundfos_external_ips_3a10cb21-0bc7-48d3-a3d3-36c10d7ee066",
      "provider": "provider[\"registry.terraform.io/akamai/akamai\"]",
      "instances": [
        {
          "schema_version": 0,
          "attributes": {
            "bot_id": "3a10cb21-0bc7-48d3-a3d3-36c10d7ee066",
            "config_id": 26906,
            "custom_defined_bot": "{\"botName\":\"Grundfos External IPs\",\"categoryId\":\"c7e59f6c-f0d0-4ccc-bc2b-9f7a907062fa\",\"conditions\":[{\"checkIps\":\"CONNECTING\",\"positiveMatch\":true,\"type\":\"networkListCondition\",\"value\":[\"127745_GRUNDFOS\"]},{\"checkIps\":\"CONNECTING\",\"positiveMatch\":true,\"type\":\"asNumberCondition\",\"value\":[\"31131\",\"8075\"]}]}",
            "id": "26906:3a10cb21-0bc7-48d3-a3d3-36c10d7ee066"
          },
          "sensitive_attributes": [],
          "private": "eyJzY2hlbWFfdmVyc2lvbiI6IjAifQ=="
        }
      ]
    },
    {
      "module": "module.security",
      "mode": "managed",
      "type": "akamai_botman_custom_defined_bot",
      "name": "grundfosconnect_d267f6b0-0750-4bf0-9b21-1b452111c4b2",
      "provider": "provider[\"registry.terraform.io/akamai/akamai\"]",
      "instances": [
        {
          "schema_version": 0,
          "attributes": {
            "bot_id": "d267f6b0-0750-4bf0-9b21-1b452111c4b2",
            "config_id": 26906,
            "custom_defined_bot": "{\"botName\":\"grundfos-connect\",\"categoryId\":\"d7b818c6-d795-4d88-b270-76236399cacf\",\"conditions\":[{\"name\":[\"User-Agent\"],\"nameWildcard\":true,\"positiveMatch\":true,\"type\":\"requestHeaderCondition\",\"value\":[\"grundfos-connect/*\"],\"valueCase\":false,\"valueWildcard\":true},{\"checkIps\":\"CONNECTING\",\"positiveMatch\":true,\"type\":\"ipAddressCondition\",\"value\":[\"20.93.171.64/28\"]}],\"description\":\"Grundfos-connect test against cdn.grundfos.com\",\"ownerEmail\":\"tdjensen@grundfos.com\",\"ownerName\":\"Torben Damgaard Jensen\"}",
            "id": "26906:d267f6b0-0750-4bf0-9b21-1b452111c4b2"
          },
          "sensitive_attributes": [],
          "private": "eyJzY2hlbWFfdmVyc2lvbiI6IjAifQ=="
        }
      ]
    },
    {
      "module": "module.security",
      "mode": "managed",
      "type": "akamai_botman_custom_defined_bot",
      "name": "hotjarcom_83007776-e8b3-4e81-a713-d94d8e6dc78d",
      "provider": "provider[\"registry.terraform.io/akamai/akamai\"]",
      "instances": [
        {
          "schema_version": 0,
          "attributes": {
            "bot_id": "83007776-e8b3-4e81-a713-d94d8e6dc78d",
            "config_id": 26906,
            "custom_defined_bot": "{\"botName\":\"Hotjar.com\",\"categoryId\":\"c7e59f6c-f0d0-4ccc-bc2b-9f7a907062fa\",\"conditions\":[{\"checkIps\":\"CONNECTING\",\"positiveMatch\":true,\"type\":\"ipAddressCondition\",\"value\":[\"18.203.176.135\",\"18.203.61.76\",\"52.17.197.221\"]},{\"name\":[\"User-Agent\"],\"nameWildcard\":true,\"positiveMatch\":true,\"type\":\"requestHeaderCondition\",\"value\":[\"*Hotjar Version/*\",\"*Hotjar Chrome/*\"],\"valueCase\":true,\"valueWildcard\":true}],\"description\":\"Allow Hotjar to generate heatmaps on our site\",\"notes\":\"Requested by Steffen Bachmand Christensen\",\"ownerName\":\"Steffen Bachmand Christensen\"}",
            "id": "26906:83007776-e8b3-4e81-a713-d94d8e6dc78d"
          },
          "sensitive_attributes": [],
          "private": "eyJzY2hlbWFfdmVyc2lvbiI6IjAifQ=="
        }
      ]
    },
    {
      "module": "module.security",
      "mode": "managed",
      "type": "akamai_botman_custom_defined_bot",
      "name": "linuxops_monitoring_10689ffe-0ed2-438f-8e40-a5458c69a181",
      "provider": "provider[\"registry.terraform.io/akamai/akamai\"]",
      "instances": [
        {
          "schema_version": 0,
          "attributes": {
            "bot_id": "10689ffe-0ed2-438f-8e40-a5458c69a181",
            "config_id": 26906,
            "custom_defined_bot": "{\"botName\":\"LinuxOps Monitoring\",\"categoryId\":\"5d2f0fd4-0ed5-45b4-841a-d08a3591d6c1\",\"conditions\":[{\"checkIps\":\"CONNECTING\",\"positiveMatch\":true,\"type\":\"ipAddressCondition\",\"value\":[\"193.3.10.231\"]},{\"name\":[\"User-Agent\"],\"nameWildcard\":true,\"positiveMatch\":true,\"type\":\"requestHeaderCondition\",\"value\":[\"LinuxOPS/Monitoring *\"],\"valueCase\":false,\"valueWildcard\":true}],\"description\":\"Linux Operations monitor tool\",\"ownerEmail\":\"robertnielsen@grundfos.com\",\"ownerName\":\"Robert Nedergaard Nielsen\",\"ownerUrl\":\"https://grafana.dkxymon02.emea.group.grundfos.com/\"}",
            "id": "26906:10689ffe-0ed2-438f-8e40-a5458c69a181"
          },
          "sensitive_attributes": [],
          "private": "eyJzY2hlbWFfdmVyc2lvbiI6IjAifQ=="
        }
      ]
    },
    {
      "module": "module.security",
      "mode": "managed",
      "type": "akamai_botman_custom_defined_bot",
      "name": "nmap__useragent_9fc71a1f-7848-4092-9fd3-a67ea5713f16",
      "provider": "provider[\"registry.terraform.io/akamai/akamai\"]",
      "instances": [
        {
          "schema_version": 0,
          "attributes": {
            "bot_id": "9fc71a1f-7848-4092-9fd3-a67ea5713f16",
            "config_id": 26906,
            "custom_defined_bot": "{\"botName\":\"NMap - User-agent\",\"categoryId\":\"d825c7ab-66e3-4ca6-88b7-4536f9e44397\",\"conditions\":[{\"name\":[\"User-Agent\"],\"nameWildcard\":true,\"positiveMatch\":true,\"type\":\"requestHeaderCondition\",\"value\":[\"Mozilla/5.0 (compatible; Nmap Scripting Engine; https://nmap.org/book/nse.html)\"],\"valueCase\":false,\"valueWildcard\":true}]}",
            "id": "26906:9fc71a1f-7848-4092-9fd3-a67ea5713f16"
          },
          "sensitive_attributes": [],
          "private": "eyJzY2hlbWFfdmVyc2lvbiI6IjAifQ=="
        }
      ]
    },
    {
      "module": "module.security",
      "mode": "managed",
      "type": "akamai_botman_custom_defined_bot",
      "name": "playwright_eedb75ab-3c72-49e7-b0b5-44055c2840cf",
      "provider": "provider[\"registry.terraform.io/akamai/akamai\"]",
      "instances": [
        {
          "schema_version": 0,
          "attributes": {
            "bot_id": "eedb75ab-3c72-49e7-b0b5-44055c2840cf",
            "config_id": 26906,
            "custom_defined_bot": "{\"botName\":\"playwright\",\"categoryId\":\"d7b818c6-d795-4d88-b270-76236399cacf\",\"conditions\":[{\"name\":[\"User-Agent\"],\"nameWildcard\":true,\"positiveMatch\":true,\"type\":\"requestHeaderCondition\",\"value\":[\"playwright\"],\"valueCase\":false,\"valueWildcard\":true}],\"ownerName\":\"Jakob Rosenlund\"}",
            "id": "26906:eedb75ab-3c72-49e7-b0b5-44055c2840cf"
          },
          "sensitive_attributes": [],
          "private": "eyJzY2hlbWFfdmVyc2lvbiI6IjAifQ=="
        }
      ]
    },
    {
      "module": "module.security",
      "mode": "managed",
      "type": "akamai_botman_custom_defined_bot",
      "name": "productsup_d1df33ad-8c73-4cff-a0b3-67f04d337e91",
      "provider": "provider[\"registry.terraform.io/akamai/akamai\"]",
      "instances": [
        {
          "schema_version": 0,
          "attributes": {
            "bot_id": "d1df33ad-8c73-4cff-a0b3-67f04d337e91",
            "config_id": 26906,
            "custom_defined_bot": "{\"botName\":\"ProductsUp\",\"categoryId\":\"c7e59f6c-f0d0-4ccc-bc2b-9f7a907062fa\",\"conditions\":[{\"checkIps\":\"CONNECTING\",\"positiveMatch\":true,\"type\":\"asNumberCondition\",\"value\":[\"200249\"]},{\"name\":[\"Host\"],\"nameWildcard\":true,\"positiveMatch\":true,\"type\":\"requestHeaderCondition\",\"value\":[\"net.grundfos.com\"],\"valueCase\":false,\"valueWildcard\":true},{\"name\":[\"User-Agent\"],\"nameWildcard\":true,\"positiveMatch\":true,\"type\":\"requestHeaderCondition\",\"value\":[\"Mozilla/5.0 (X11; U; Linux i686; en-US; rv:1.8.1.6) Gecko/20070802 SeaMonkey/* (productsup.io/crawler)\"],\"valueCase\":false,\"valueWildcard\":true}],\"ownerEmail\":\"asafadi@grundfos.com\",\"ownerName\":\"Amjad Al Safadi\"}",
            "id": "26906:d1df33ad-8c73-4cff-a0b3-67f04d337e91"
          },
          "sensitive_attributes": [],
          "private": "eyJzY2hlbWFfdmVyc2lvbiI6IjAifQ=="
        }
      ]
    },
    {
      "module": "module.security",
      "mode": "managed",
      "type": "akamai_botman_custom_defined_bot",
      "name": "search_2392e27c-3e9b-47c5-9788-92071f1f185c",
      "provider": "provider[\"registry.terraform.io/akamai/akamai\"]",
      "instances": [
        {
          "schema_version": 0,
          "attributes": {
            "bot_id": "2392e27c-3e9b-47c5-9788-92071f1f185c",
            "config_id": 26906,
            "custom_defined_bot": "{\"botName\":\"Search\",\"categoryId\":\"c7e59f6c-f0d0-4ccc-bc2b-9f7a907062fa\",\"conditions\":[{\"name\":[\"User-Agent\"],\"nameWildcard\":true,\"positiveMatch\":true,\"type\":\"requestHeaderCondition\",\"value\":[\"grundfos-search-crawler\"],\"valueCase\":false,\"valueWildcard\":true},{\"checkIps\":\"CONNECTING\",\"positiveMatch\":true,\"type\":\"networkListCondition\",\"value\":[\"127745_GRUNDFOS\",\"1283_MICROSOFTWINDOWSAZUREDAT\"]},{\"checkIps\":\"CONNECTING\",\"positiveMatch\":true,\"type\":\"asNumberCondition\",\"value\":[\"8075\",\"31131\"]}]}",
            "id": "26906:2392e27c-3e9b-47c5-9788-92071f1f185c"
          },
          "sensitive_attributes": [],
          "private": "eyJzY2hlbWFfdmVyc2lvbiI6IjAifQ=="
        }
      ]
    },
    {
      "module": "module.security",
      "mode": "managed",
      "type": "akamai_botman_custom_defined_bot",
      "name": "site_crawler__search__useragent_block_3723ee28-370c-4f2f-adcf-cc4c2cbc2bb3",
      "provider": "provider[\"registry.terraform.io/akamai/akamai\"]",
      "instances": [
        {
          "schema_version": 0,
          "attributes": {
            "bot_id": "3723ee28-370c-4f2f-adcf-cc4c2cbc2bb3",
            "config_id": 26906,
            "custom_defined_bot": "{\"botName\":\"Site crawler / Search - User-Agent block\",\"categoryId\":\"d825c7ab-66e3-4ca6-88b7-4536f9e44397\",\"conditions\":[{\"name\":[\"User-Agent\"],\"nameWildcard\":true,\"positiveMatch\":true,\"type\":\"requestHeaderCondition\",\"value\":[\"Mozilla/5.0 (Windows NT 6.1; WOW64; rv:31.0) Gecko/20100101 Firefox/31.0\",\"yaanibot\"],\"valueCase\":false,\"valueWildcard\":true}]}",
            "id": "26906:3723ee28-370c-4f2f-adcf-cc4c2cbc2bb3"
          },
          "sensitive_attributes": [],
          "private": "eyJzY2hlbWFfdmVyc2lvbiI6IjAifQ=="
        }
      ]
    },
    {
      "module": "module.security",
      "mode": "managed",
      "type": "akamai_botman_custom_defined_bot",
      "name": "site_crawler__searcher_f09626e0-48be-4635-b474-34cfe2d8d6d8",
      "provider": "provider[\"registry.terraform.io/akamai/akamai\"]",
      "instances": [
        {
          "schema_version": 0,
          "attributes": {
            "bot_id": "f09626e0-48be-4635-b474-34cfe2d8d6d8",
            "config_id": 26906,
            "custom_defined_bot": "{\"botName\":\"Site crawler / Searcher\",\"categoryId\":\"d825c7ab-66e3-4ca6-88b7-4536f9e44397\",\"conditions\":[{\"checkIps\":\"BOTH\",\"positiveMatch\":true,\"type\":\"ipAddressCondition\",\"value\":[\"139.215.3.42\",\"139.215.3.66\"]}]}",
            "id": "26906:f09626e0-48be-4635-b474-34cfe2d8d6d8"
          },
          "sensitive_attributes": [],
          "private": "eyJzY2hlbWFfdmVyc2lvbiI6IjAifQ=="
        }
      ]
    },
    {
      "module": "module.security",
      "mode": "managed",
      "type": "akamai_botman_custom_defined_bot",
      "name": "system_health_dashboard_faea724a-006f-4a42-b496-8ce03d63e16d",
      "provider": "provider[\"registry.terraform.io/akamai/akamai\"]",
      "instances": [
        {
          "schema_version": 0,
          "attributes": {
            "bot_id": "faea724a-006f-4a42-b496-8ce03d63e16d",
            "config_id": 26906,
            "custom_defined_bot": "{\"botName\":\"System Health Dashboard\",\"categoryId\":\"c7e59f6c-f0d0-4ccc-bc2b-9f7a907062fa\",\"conditions\":[{\"name\":[\"User-Agent\"],\"nameWildcard\":true,\"positiveMatch\":true,\"type\":\"requestHeaderCondition\",\"value\":[\"System Health Dashboard\"],\"valueCase\":false,\"valueWildcard\":true},{\"name\":[\"Host\"],\"nameWildcard\":true,\"positiveMatch\":true,\"type\":\"requestHeaderCondition\",\"value\":[\"net.grundfos.com\",\"grundfos.com\",\"app.grundfos.com\",\"product-selection.grundfos.com\",\"www.grundfos.com\"],\"valueCase\":false,\"valueWildcard\":true},{\"checkIps\":\"CONNECTING\",\"positiveMatch\":true,\"type\":\"ipAddressCondition\",\"value\":[\"193.3.10.231\"]},{\"checkIps\":\"CONNECTING\",\"positiveMatch\":true,\"type\":\"asNumberCondition\",\"value\":[\"31131\"]}]}",
            "id": "26906:faea724a-006f-4a42-b496-8ce03d63e16d"
          },
          "sensitive_attributes": [],
          "private": "eyJzY2hlbWFfdmVyc2lvbiI6IjAifQ=="
        }
      ]
    },
    {
      "module": "module.security",
      "mode": "managed",
      "type": "akamai_botman_custom_defined_bot",
      "name": "useragent_adobeuxtech_d5fc6169-3436-4a1a-b9c5-91a25725e551",
      "provider": "provider[\"registry.terraform.io/akamai/akamai\"]",
      "instances": [
        {
          "schema_version": 0,
          "attributes": {
            "bot_id": "d5fc6169-3436-4a1a-b9c5-91a25725e551",
            "config_id": 26906,
            "custom_defined_bot": "{\"botName\":\"user-agent AdobeUxTech*\",\"categoryId\":\"d825c7ab-66e3-4ca6-88b7-4536f9e44397\",\"conditions\":[{\"name\":[\"User-Agent\"],\"nameWildcard\":false,\"positiveMatch\":true,\"type\":\"requestHeaderCondition\",\"value\":[\"AdobeUxTech*\"],\"valueCase\":false,\"valueWildcard\":true}],\"description\":\"Unknown bot with high spikes of traffic\"}",
            "id": "26906:d5fc6169-3436-4a1a-b9c5-91a25725e551"
          },
          "sensitive_attributes": [],
          "private": "eyJzY2hlbWFfdmVyc2lvbiI6IjAifQ=="
        }
      ]
    },
    {
      "module": "module.security",
      "mode": "managed",
      "type": "akamai_botman_custom_defined_bot",
      "name": "useragent_tp_1c692afb-dc4a-4b30-81e8-6880b61dd074",
      "provider": "provider[\"registry.terraform.io/akamai/akamai\"]",
      "instances": [
        {
          "schema_version": 0,
          "attributes": {
            "bot_id": "1c692afb-dc4a-4b30-81e8-6880b61dd074",
            "config_id": 26906,
            "custom_defined_bot": "{\"botName\":\"user-agent tp/*\",\"categoryId\":\"d825c7ab-66e3-4ca6-88b7-4536f9e44397\",\"conditions\":[{\"name\":[\"User-Agent\"],\"nameWildcard\":false,\"positiveMatch\":true,\"type\":\"requestHeaderCondition\",\"value\":[\"tp/*\"],\"valueCase\":false,\"valueWildcard\":true}],\"description\":\"Unknown bot which daily high spikes of traffic\"}",
            "id": "26906:1c692afb-dc4a-4b30-81e8-6880b61dd074"
          },
          "sensitive_attributes": [],
          "private": "eyJzY2hlbWFfdmVyc2lvbiI6IjAifQ=="
        }
      ]
    },
    {
      "module": "module.security",
      "mode": "managed",
      "type": "akamai_botman_custom_defined_bot",
      "name": "visualphase_3ef45605-0c29-4871-bcf6-203b614835d4",
      "provider": "provider[\"registry.terraform.io/akamai/akamai\"]",
      "instances": [
        {
          "schema_version": 0,
          "attributes": {
            "bot_id": "3ef45605-0c29-4871-bcf6-203b614835d4",
            "config_id": 26906,
            "custom_defined_bot": "{\"botName\":\"VisualPhase\",\"categoryId\":\"d7b818c6-d795-4d88-b270-76236399cacf\",\"conditions\":[{\"name\":[\"User-Agent\"],\"nameWildcard\":true,\"positiveMatch\":true,\"type\":\"requestHeaderCondition\",\"value\":[\"VisualPhase/*\"],\"valueCase\":false,\"valueWildcard\":true},{\"checkIps\":\"CONNECTING\",\"positiveMatch\":true,\"type\":\"networkListCondition\",\"value\":[\"1283_MICROSOFTWINDOWSAZUREDAT\"]}],\"description\":\"Danny stærk will know who to contact\",\"ownerName\":\"Danny Stærk\"}",
            "id": "26906:3ef45605-0c29-4871-bcf6-203b614835d4"
          },
          "sensitive_attributes": [],
          "private": "eyJzY2hlbWFfdmVyc2lvbiI6IjAifQ=="
        }
      ]
    },
    {
      "module": "module.security",
      "mode": "managed",
      "type": "akamai_botman_custom_defined_bot",
      "name": "wms_365ec561-1a03-4129-bf8a-9219b2f78e80",
      "provider": "provider[\"registry.terraform.io/akamai/akamai\"]",
      "instances": [
        {
          "schema_version": 0,
          "attributes": {
            "bot_id": "365ec561-1a03-4129-bf8a-9219b2f78e80",
            "config_id": 26906,
            "custom_defined_bot": "{\"botName\":\"WMS\",\"categoryId\":\"d7b818c6-d795-4d88-b270-76236399cacf\",\"conditions\":[{\"checkIps\":\"CONNECTING\",\"positiveMatch\":true,\"type\":\"networkListCondition\",\"value\":[\"1283_MICROSOFTWINDOWSAZUREDAT\"]},{\"name\":[\"Host\"],\"nameWildcard\":true,\"positiveMatch\":true,\"type\":\"requestHeaderCondition\",\"value\":[\"net.grundfos.com\"],\"valueCase\":false,\"valueWildcard\":true},{\"name\":[\"User-Agent\"],\"nameWildcard\":true,\"positiveMatch\":true,\"type\":\"requestHeaderCondition\",\"value\":[\"WMS/*\"],\"valueCase\":false,\"valueWildcard\":true}],\"ownerName\":\"Janus Skallgård\"}",
            "id": "26906:365ec561-1a03-4129-bf8a-9219b2f78e80"
          },
          "sensitive_attributes": [],
          "private": "eyJzY2hlbWFfdmVyc2lvbiI6IjAifQ=="
        }
      ]
    },
    {
      "module": "module.security",
      "mode": "managed",
      "type": "akamai_botman_javascript_injection",
      "name": "main_policy",
      "provider": "provider[\"registry.terraform.io/akamai/akamai\"]",
      "instances": [
        {
          "schema_version": 0,
          "attributes": {
            "config_id": 26906,
            "id": "26906:gfmp_56269",
            "javascript_injection": "{\"injectJavaScript\":\"AROUND_PROTECTED_OPERATIONS\",\"rules\":[]}",
            "security_policy_id": "gfmp_56269"
          },
          "sensitive_attributes": [],
          "private": "eyJzY2hlbWFfdmVyc2lvbiI6IjAifQ=="
        }
      ]
    },
    {
      "module": "module.security",
      "mode": "managed",
      "type": "akamai_botman_javascript_injection",
      "name": "waf",
      "provider": "provider[\"registry.terraform.io/akamai/akamai\"]",
      "instances": [
        {
          "schema_version": 0,
          "attributes": {
            "config_id": 26906,
            "id": "26906:gfos_92914",
            "javascript_injection": "{\"injectJavaScript\":\"AROUND_PROTECTED_OPERATIONS\",\"rules\":[]}",
            "security_policy_id": "gfos_92914"
          },
          "sensitive_attributes": [],
          "private": "eyJzY2hlbWFfdmVyc2lvbiI6IjAifQ=="
        }
      ]
    },
    {
      "module": "module.security",
      "mode": "managed",
      "type": "akamai_botman_recategorized_akamai_defined_bot",
      "name": "ahref_86a54f63-f09d-462c-9ff7-503f0e02702d",
      "provider": "provider[\"registry.terraform.io/akamai/akamai\"]",
      "instances": [
        {
          "schema_version": 0,
          "attributes": {
            "bot_id": "86a54f63-f09d-462c-9ff7-503f0e02702d",
            "category_id": "c7e59f6c-f0d0-4ccc-bc2b-9f7a907062fa",
            "config_id": 26906,
            "id": "26906:86a54f63-f09d-462c-9ff7-503f0e02702d"
          },
          "sensitive_attributes": [],
          "private": "eyJzY2hlbWFfdmVyc2lvbiI6IjAifQ=="
        }
      ]
    },
    {
      "module": "module.security",
      "mode": "managed",
      "type": "akamai_botman_recategorized_akamai_defined_bot",
      "name": "gtmetrix_2efecef1-779d-46f4-8ed7-1f4a69212637",
      "provider": "provider[\"registry.terraform.io/akamai/akamai\"]",
      "instances": [
        {
          "schema_version": 0,
          "attributes": {
            "bot_id": "2efecef1-779d-46f4-8ed7-1f4a69212637",
            "category_id": "c7e59f6c-f0d0-4ccc-bc2b-9f7a907062fa",
            "config_id": 26906,
            "id": "26906:2efecef1-779d-46f4-8ed7-1f4a69212637"
          },
          "sensitive_attributes": [],
          "private": "eyJzY2hlbWFfdmVyc2lvbiI6IjAifQ=="
        }
      ]
    },
    {
      "module": "module.security",
      "mode": "managed",
      "type": "akamai_botman_recategorized_akamai_defined_bot",
      "name": "newrelicsyntheticsmonitor_7ffd23f8-658d-4ac7-87b8-67a3ce06b5bc",
      "provider": "provider[\"registry.terraform.io/akamai/akamai\"]",
      "instances": [
        {
          "schema_version": 0,
          "attributes": {
            "bot_id": "7ffd23f8-658d-4ac7-87b8-67a3ce06b5bc",
            "category_id": "9ca4a77f-4083-428f-aac0-fc0f0eae280c",
            "config_id": 26906,
            "id": "26906:7ffd23f8-658d-4ac7-87b8-67a3ce06b5bc"
          },
          "sensitive_attributes": [],
          "private": "eyJzY2hlbWFfdmVyc2lvbiI6IjAifQ=="
        }
      ]
    },
    {
      "module": "module.security",
      "mode": "managed",
      "type": "akamai_botman_recategorized_akamai_defined_bot",
      "name": "screaming_frog_seo_spider_0732aa42-0ca0-48e1-8c1d-c5977cf6920a",
      "provider": "provider[\"registry.terraform.io/akamai/akamai\"]",
      "instances": [
        {
          "schema_version": 0,
          "attributes": {
            "bot_id": "0732aa42-0ca0-48e1-8c1d-c5977cf6920a",
            "category_id": "c7e59f6c-f0d0-4ccc-bc2b-9f7a907062fa",
            "config_id": 26906,
            "id": "26906:0732aa42-0ca0-48e1-8c1d-c5977cf6920a"
          },
          "sensitive_attributes": [],
          "private": "eyJzY2hlbWFfdmVyc2lvbiI6IjAifQ=="
        }
      ]
    },
    {
      "module": "module.security",
      "mode": "managed",
      "type": "akamai_botman_recategorized_akamai_defined_bot",
      "name": "semrushbot_ba37ad77-e3ca-4a43-b896-802200dca000",
      "provider": "provider[\"registry.terraform.io/akamai/akamai\"]",
      "instances": [
        {
          "schema_version": 0,
          "attributes": {
            "bot_id": "ba37ad77-e3ca-4a43-b896-802200dca000",
            "category_id": "c7e59f6c-f0d0-4ccc-bc2b-9f7a907062fa",
            "config_id": 26906,
            "id": "26906:ba37ad77-e3ca-4a43-b896-802200dca000"
          },
          "sensitive_attributes": [],
          "private": "eyJzY2hlbWFfdmVyc2lvbiI6IjAifQ=="
        }
      ]
    },
    {
      "module": "module.security",
      "mode": "managed",
      "type": "akamai_botman_recategorized_akamai_defined_bot",
      "name": "siteimprove_c91d2d26-c186-4fa5-8e6e-013f730840c5",
      "provider": "provider[\"registry.terraform.io/akamai/akamai\"]",
      "instances": [
        {
          "schema_version": 0,
          "attributes": {
            "bot_id": "c91d2d26-c186-4fa5-8e6e-013f730840c5",
            "category_id": "c7e59f6c-f0d0-4ccc-bc2b-9f7a907062fa",
            "config_id": 26906,
            "id": "26906:c91d2d26-c186-4fa5-8e6e-013f730840c5"
          },
          "sensitive_attributes": [],
          "private": "eyJzY2hlbWFfdmVyc2lvbiI6IjAifQ=="
        }
      ]
    },
    {
      "module": "module.security",
      "mode": "managed",
      "type": "akamai_botman_recategorized_akamai_defined_bot",
      "name": "sprinklr_1c1f5953-73cd-4780-9453-75dfeb41b267",
      "provider": "provider[\"registry.terraform.io/akamai/akamai\"]",
      "instances": [
        {
          "schema_version": 0,
          "attributes": {
            "bot_id": "1c1f5953-73cd-4780-9453-75dfeb41b267",
            "category_id": "c7e59f6c-f0d0-4ccc-bc2b-9f7a907062fa",
            "config_id": 26906,
            "id": "26906:1c1f5953-73cd-4780-9453-75dfeb41b267"
          },
          "sensitive_attributes": [],
          "private": "eyJzY2hlbWFfdmVyc2lvbiI6IjAifQ=="
        }
      ]
    },
    {
      "module": "module.security",
      "mode": "managed",
      "type": "akamai_botman_transactional_endpoint",
      "name": "main_policy_c7c98196-abff-40bd-85d1-09cabf137bf3",
      "provider": "provider[\"registry.terraform.io/akamai/akamai\"]",
      "instances": [
        {
          "schema_version": 0,
          "attributes": {
            "config_id": 26906,
            "id": "26906:gfmp_56269:c7c98196-abff-40bd-85d1-09cabf137bf3",
            "operation_id": "c7c98196-abff-40bd-85d1-09cabf137bf3",
            "security_policy_id": "gfmp_56269",
            "transactional_endpoint": "{\"apiEndPointId\":301174,\"telemetryTypeStates\":{\"inline\":{\"enabled\":false},\"nativeSdk\":{\"disabledAction\":\"none\",\"enabled\":false},\"standard\":{\"enabled\":true}},\"traffic\":{\"standardTelemetry\":{\"aggressiveAction\":\"deny\",\"aggressiveThreshold\":90,\"overrideThresholds\":false,\"strictAction\":\"monitor\",\"strictThreshold\":50}}}"
          },
          "sensitive_attributes": [],
          "private": "eyJzY2hlbWFfdmVyc2lvbiI6IjAifQ=="
        }
      ]
    },
    {
      "module": "module.security",
      "mode": "managed",
      "type": "akamai_botman_transactional_endpoint_protection",
      "name": "transactional_endpoint_protection",
      "provider": "provider[\"registry.terraform.io/akamai/akamai\"]",
      "instances": [
        {
          "schema_version": 0,
          "attributes": {
            "config_id": 26906,
            "id": "26906",
            "transactional_endpoint_protection": "{\"inlineTelemetry\":{\"aggressiveThreshold\":90,\"detectionSetType\":\"BOT_SCORE\",\"safeguardAction\":\"USE_STRICT_ACTION\",\"strictThreshold\":50},\"standardTelemetry\":{\"aggressiveThreshold\":90,\"detectionSetType\":\"BOT_SCORE\",\"safeguardAction\":\"USE_STRICT_ACTION\",\"strictThreshold\":50}}"
          },
          "sensitive_attributes": [],
          "private": "eyJzY2hlbWFfdmVyc2lvbiI6IjAifQ=="
        }
      ]
    }
  ],
  "check_results": null
}
