{
  "version": 4,
  "terraform_version": "1.11.4",
  "serial": 772,
  "lineage": "41b90fd8-9aa2-5364-adbd-7015d62eda3e",
  "outputs": {},
  "resources": [
    {
      "module": "module.security",
      "mode": "data",
      "type": "akamai_group",
      "name": "group",
      "provider": "provider[\"registry.terraform.io/akamai/akamai\"]",
      "instances": [
        {
          "schema_version": 0,
          "attributes": {
            "contract_id": "G-33J8FU1",
            "group_name": "Office Depot / Viking Direct-G-33J8FU1",
            "id": "grp_162429"
          },
          "sensitive_attributes": []
        }
      ]
    },
    {
      "module": "module.security",
      "mode": "managed",
      "type": "akamai_appsec_aap_selected_hostnames",
      "name": "production",
      "provider": "provider[\"registry.terraform.io/akamai/akamai\"]",
      "instances": [
        {
          "schema_version": 0,
          "attributes": {
            "config_id": 116049,
            "evaluated_hosts": null,
            "id": "116049:VIKI_301778",
            "protected_hosts": [
              "online.officedepot.ie",
              "online.vikingoffice.be",
              "online.vikingoffice.ch",
              "online.vikingoffice.co.uk",
              "online.vikingoffice.de",
              "online.vikingoffice.ie",
              "online.vikingoffice.nl",
              "static.viking-direct.co.uk",
              "static.viking.de",
              "static.vikingdirect.ie",
              "static.vikingdirect.nl",
              "static.vikingdirekt.at",
              "viking-direct.co.uk",
              "www.officedepot.eu",
              "www.viking-direct.be",
              "www.viking-direct.co.uk",
              "www.viking-direct.lu",
              "www.viking-direkt.ch",
              "www.viking.de",
              "www.vikingdirect.be",
              "www.vikingdirect.ie",
              "www.vikingdirect.nl",
              "www.vikingdirekt.at",
              "www.vikingdirekt.ch"
            ],
            "security_policy_id": "VIKI_301778"
          },
          "sensitive_attributes": [],
          "private": "bnVsbA==",
          "dependencies": [
            "module.security.akamai_appsec_configuration.config",
            "module.security.akamai_appsec_security_policy.production",
            "module.security.data.akamai_group.group"
          ]
        }
      ]
    },
    {
      "module": "module.security",
      "mode": "managed",
      "type": "akamai_appsec_aap_selected_hostnames",
      "name": "testing",
      "provider": "provider[\"registry.terraform.io/akamai/akamai\"]",
      "instances": [
        {
          "schema_version": 0,
          "attributes": {
            "config_id": 116049,
            "evaluated_hosts": null,
            "id": "116049:STPF_301779",
            "protected_hosts": [
              "perf.viking-direct.co.uk",
              "perf.viking-direct.lu",
              "perf.viking.de",
              "perf.vikingdirect.be",
              "perf.vikingdirect.ie",
              "perf.vikingdirect.nl",
              "perf.vikingdirekt.at",
              "perf.vikingoffice.pl",
              "stag.viking-direct.co.uk",
              "stag.viking.de",
              "stag.vikingdirect.ie",
              "stag.vikingdirect.nl",
              "stag.vikingdirekt.at",
              "uat.viking-direct.co.uk",
              "uat.viking-direct.lu",
              "uat.viking.de",
              "uat.vikingdirect.be",
              "uat.vikingdirect.ie",
              "uat.vikingdirect.nl",
              "uat.vikingdirekt.at",
              "uat.vikingdirekt.ch",
              "uat.vikingoffice.pl"
            ],
            "security_policy_id": "STPF_301779"
          },
          "sensitive_attributes": [],
          "private": "bnVsbA==",
          "dependencies": [
            "module.security.akamai_appsec_configuration.config",
            "module.security.akamai_appsec_security_policy.testing",
            "module.security.data.akamai_group.group"
          ]
        }
      ]
    },
    {
      "module": "module.security",
      "mode": "managed",
      "type": "akamai_appsec_advanced_settings_attack_payload_logging",
      "name": "attack_payload_logging",
      "provider": "provider[\"registry.terraform.io/akamai/akamai\"]",
      "instances": [
        {
          "schema_version": 0,
          "attributes": {
            "attack_payload_logging": "{\"override\":false,\"enabled\":true,\"requestBody\":{\"type\":\"ATTACK_PAYLOAD\"},\"responseBody\":{\"type\":\"ATTACK_PAYLOAD\"}}",
            "config_id": 116049,
            "id": "116049:",
            "security_policy_id": ""
          },
          "sensitive_attributes": [],
          "private": "bnVsbA==",
          "dependencies": [
            "module.security.akamai_appsec_configuration.config",
            "module.security.data.akamai_group.group"
          ]
        }
      ]
    },
    {
      "module": "module.security",
      "mode": "managed",
      "type": "akamai_appsec_advanced_settings_logging",
      "name": "logging",
      "provider": "provider[\"registry.terraform.io/akamai/akamai\"]",
      "instances": [
        {
          "schema_version": 0,
          "attributes": {
            "config_id": 116049,
            "id": "116049",
            "logging": "{\"allowSampling\":true,\"cookies\":{\"type\":\"all\"},\"customHeaders\":{\"type\":\"all\"},\"standardHeaders\":{\"type\":\"all\"}}",
            "security_policy_id": ""
          },
          "sensitive_attributes": [],
          "private": "bnVsbA==",
          "dependencies": [
            "module.security.akamai_appsec_configuration.config",
            "module.security.data.akamai_group.group"
          ]
        }
      ]
    },
    {
      "module": "module.security",
      "mode": "managed",
      "type": "akamai_appsec_advanced_settings_pragma_header",
      "name": "pragma_header",
      "provider": "provider[\"registry.terraform.io/akamai/akamai\"]",
      "instances": [
        {
          "schema_version": 0,
          "attributes": {
            "config_id": 116049,
            "id": "116049",
            "pragma_header": "{}",
            "security_policy_id": ""
          },
          "sensitive_attributes": [],
          "private": "bnVsbA==",
          "dependencies": [
            "module.security.akamai_appsec_configuration.config",
            "module.security.data.akamai_group.group"
          ]
        }
      ]
    },
    {
      "module": "module.security",
      "mode": "managed",
      "type": "akamai_appsec_advanced_settings_request_body",
      "name": "config_settings",
      "provider": "provider[\"registry.terraform.io/akamai/akamai\"]",
      "instances": [
        {
          "schema_version": 0,
          "attributes": {
            "config_id": 116049,
            "id": "116049:",
            "request_body_inspection_limit": "default",
            "request_body_inspection_limit_override": true,
            "security_policy_id": ""
          },
          "sensitive_attributes": [],
          "private": "bnVsbA==",
          "dependencies": [
            "module.security.akamai_appsec_configuration.config",
            "module.security.data.akamai_group.group"
          ]
        }
      ]
    },
    {
      "module": "module.security",
      "mode": "managed",
      "type": "akamai_appsec_attack_group",
      "name": "production_CMD",
      "provider": "provider[\"registry.terraform.io/akamai/akamai\"]",
      "instances": [
        {
          "schema_version": 0,
          "attributes": {
            "attack_group": "CMD",
            "attack_group_action": "deny",
            "condition_exception": "{\"exception\":{\"specificHeaderCookieParamXmlOrJsonNames\":[{\"names\":[\"dtSa\"],\"selector\":\"REQUEST_COOKIES\"}]}}",
            "config_id": 116049,
            "id": "116049:VIKI_301778:CMD",
            "security_policy_id": "VIKI_301778"
          },
          "sensitive_attributes": [],
          "private": "bnVsbA==",
          "dependencies": [
            "module.security.akamai_appsec_configuration.config",
            "module.security.akamai_appsec_security_policy.production",
            "module.security.data.akamai_group.group"
          ]
        }
      ]
    },
    {
      "module": "module.security",
      "mode": "managed",
      "type": "akamai_appsec_attack_group",
      "name": "production_LFI",
      "provider": "provider[\"registry.terraform.io/akamai/akamai\"]",
      "instances": [
        {
          "schema_version": 0,
          "attributes": {
            "attack_group": "LFI",
            "attack_group_action": "deny",
            "condition_exception": null,
            "config_id": 116049,
            "id": "116049:VIKI_301778:LFI",
            "security_policy_id": "VIKI_301778"
          },
          "sensitive_attributes": [],
          "private": "bnVsbA==",
          "dependencies": [
            "module.security.akamai_appsec_configuration.config",
            "module.security.akamai_appsec_security_policy.production",
            "module.security.data.akamai_group.group"
          ]
        }
      ]
    },
    {
      "module": "module.security",
      "mode": "managed",
      "type": "akamai_appsec_attack_group",
      "name": "production_PLATFORM",
      "provider": "provider[\"registry.terraform.io/akamai/akamai\"]",
      "instances": [
        {
          "schema_version": 0,
          "attributes": {
            "attack_group": "PLATFORM",
            "attack_group_action": "deny",
            "condition_exception": null,
            "config_id": 116049,
            "id": "116049:VIKI_301778:PLATFORM",
            "security_policy_id": "VIKI_301778"
          },
          "sensitive_attributes": [],
          "private": "bnVsbA==",
          "dependencies": [
            "module.security.akamai_appsec_configuration.config",
            "module.security.akamai_appsec_security_policy.production",
            "module.security.data.akamai_group.group"
          ]
        }
      ]
    },
    {
      "module": "module.security",
      "mode": "managed",
      "type": "akamai_appsec_attack_group",
      "name": "production_POLICY",
      "provider": "provider[\"registry.terraform.io/akamai/akamai\"]",
      "instances": [
        {
          "schema_version": 0,
          "attributes": {
            "attack_group": "POLICY",
            "attack_group_action": "alert",
            "condition_exception": null,
            "config_id": 116049,
            "id": "116049:VIKI_301778:POLICY",
            "security_policy_id": "VIKI_301778"
          },
          "sensitive_attributes": [],
          "private": "bnVsbA==",
          "dependencies": [
            "module.security.akamai_appsec_configuration.config",
            "module.security.akamai_appsec_security_policy.production",
            "module.security.data.akamai_group.group"
          ]
        }
      ]
    },
    {
      "module": "module.security",
      "mode": "managed",
      "type": "akamai_appsec_attack_group",
      "name": "production_PROTOCOL",
      "provider": "provider[\"registry.terraform.io/akamai/akamai\"]",
      "instances": [
        {
          "schema_version": 0,
          "attributes": {
            "attack_group": "PROTOCOL",
            "attack_group_action": "deny",
            "condition_exception": null,
            "config_id": 116049,
            "id": "116049:VIKI_301778:PROTOCOL",
            "security_policy_id": "VIKI_301778"
          },
          "sensitive_attributes": [],
          "private": "bnVsbA==",
          "dependencies": [
            "module.security.akamai_appsec_configuration.config",
            "module.security.akamai_appsec_security_policy.production",
            "module.security.data.akamai_group.group"
          ]
        }
      ]
    },
    {
      "module": "module.security",
      "mode": "managed",
      "type": "akamai_appsec_attack_group",
      "name": "production_RFI",
      "provider": "provider[\"registry.terraform.io/akamai/akamai\"]",
      "instances": [
        {
          "schema_version": 0,
          "attributes": {
            "attack_group": "RFI",
            "attack_group_action": "deny",
            "condition_exception": null,
            "config_id": 116049,
            "id": "116049:VIKI_301778:RFI",
            "security_policy_id": "VIKI_301778"
          },
          "sensitive_attributes": [],
          "private": "bnVsbA==",
          "dependencies": [
            "module.security.akamai_appsec_configuration.config",
            "module.security.akamai_appsec_security_policy.production",
            "module.security.data.akamai_group.group"
          ]
        }
      ]
    },
    {
      "module": "module.security",
      "mode": "managed",
      "type": "akamai_appsec_attack_group",
      "name": "production_SQL",
      "provider": "provider[\"registry.terraform.io/akamai/akamai\"]",
      "instances": [
        {
          "schema_version": 0,
          "attributes": {
            "attack_group": "SQL",
            "attack_group_action": "deny",
            "condition_exception": "{\"exception\":{\"specificHeaderCookieParamXmlOrJsonNames\":[{\"names\":[\"dtSa\"],\"selector\":\"REQUEST_COOKIES\"}]}}",
            "config_id": 116049,
            "id": "116049:VIKI_301778:SQL",
            "security_policy_id": "VIKI_301778"
          },
          "sensitive_attributes": [],
          "private": "bnVsbA==",
          "dependencies": [
            "module.security.akamai_appsec_configuration.config",
            "module.security.akamai_appsec_security_policy.production",
            "module.security.data.akamai_group.group"
          ]
        }
      ]
    },
    {
      "module": "module.security",
      "mode": "managed",
      "type": "akamai_appsec_attack_group",
      "name": "production_WAT",
      "provider": "provider[\"registry.terraform.io/akamai/akamai\"]",
      "instances": [
        {
          "schema_version": 0,
          "attributes": {
            "attack_group": "WAT",
            "attack_group_action": "deny",
            "condition_exception": null,
            "config_id": 116049,
            "id": "116049:VIKI_301778:WAT",
            "security_policy_id": "VIKI_301778"
          },
          "sensitive_attributes": [],
          "private": "bnVsbA==",
          "dependencies": [
            "module.security.akamai_appsec_configuration.config",
            "module.security.akamai_appsec_security_policy.production",
            "module.security.data.akamai_group.group"
          ]
        }
      ]
    },
    {
      "module": "module.security",
      "mode": "managed",
      "type": "akamai_appsec_attack_group",
      "name": "production_XSS",
      "provider": "provider[\"registry.terraform.io/akamai/akamai\"]",
      "instances": [
        {
          "schema_version": 0,
          "attributes": {
            "attack_group": "XSS",
            "attack_group_action": "deny",
            "condition_exception": "{\"exception\":{\"specificHeaderCookieParamXmlOrJsonNames\":[{\"names\":[\"mt.onlineCookie\",\"linkClickCookie\"],\"selector\":\"REQUEST_COOKIES\"},{\"names\":[\"cxml-urlencoded\"],\"selector\":\"ARGS\"}]}}",
            "config_id": 116049,
            "id": "116049:VIKI_301778:XSS",
            "security_policy_id": "VIKI_301778"
          },
          "sensitive_attributes": [],
          "private": "bnVsbA==",
          "dependencies": [
            "module.security.akamai_appsec_configuration.config",
            "module.security.akamai_appsec_security_policy.production",
            "module.security.data.akamai_group.group"
          ]
        }
      ]
    },
    {
      "module": "module.security",
      "mode": "managed",
      "type": "akamai_appsec_attack_group",
      "name": "testing_CMD",
      "provider": "provider[\"registry.terraform.io/akamai/akamai\"]",
      "instances": [
        {
          "schema_version": 0,
          "attributes": {
            "attack_group": "CMD",
            "attack_group_action": "alert",
            "condition_exception": null,
            "config_id": 116049,
            "id": "116049:STPF_301779:CMD",
            "security_policy_id": "STPF_301779"
          },
          "sensitive_attributes": [],
          "private": "bnVsbA==",
          "dependencies": [
            "module.security.akamai_appsec_configuration.config",
            "module.security.akamai_appsec_security_policy.testing",
            "module.security.data.akamai_group.group"
          ]
        }
      ]
    },
    {
      "module": "module.security",
      "mode": "managed",
      "type": "akamai_appsec_attack_group",
      "name": "testing_LFI",
      "provider": "provider[\"registry.terraform.io/akamai/akamai\"]",
      "instances": [
        {
          "schema_version": 0,
          "attributes": {
            "attack_group": "LFI",
            "attack_group_action": "alert",
            "condition_exception": null,
            "config_id": 116049,
            "id": "116049:STPF_301779:LFI",
            "security_policy_id": "STPF_301779"
          },
          "sensitive_attributes": [],
          "private": "bnVsbA==",
          "dependencies": [
            "module.security.akamai_appsec_configuration.config",
            "module.security.akamai_appsec_security_policy.testing",
            "module.security.data.akamai_group.group"
          ]
        }
      ]
    },
    {
      "module": "module.security",
      "mode": "managed",
      "type": "akamai_appsec_attack_group",
      "name": "testing_PLATFORM",
      "provider": "provider[\"registry.terraform.io/akamai/akamai\"]",
      "instances": [
        {
          "schema_version": 0,
          "attributes": {
            "attack_group": "PLATFORM",
            "attack_group_action": "alert",
            "condition_exception": null,
            "config_id": 116049,
            "id": "116049:STPF_301779:PLATFORM",
            "security_policy_id": "STPF_301779"
          },
          "sensitive_attributes": [],
          "private": "bnVsbA==",
          "dependencies": [
            "module.security.akamai_appsec_configuration.config",
            "module.security.akamai_appsec_security_policy.testing",
            "module.security.data.akamai_group.group"
          ]
        }
      ]
    },
    {
      "module": "module.security",
      "mode": "managed",
      "type": "akamai_appsec_attack_group",
      "name": "testing_POLICY",
      "provider": "provider[\"registry.terraform.io/akamai/akamai\"]",
      "instances": [
        {
          "schema_version": 0,
          "attributes": {
            "attack_group": "POLICY",
            "attack_group_action": "alert",
            "condition_exception": null,
            "config_id": 116049,
            "id": "116049:STPF_301779:POLICY",
            "security_policy_id": "STPF_301779"
          },
          "sensitive_attributes": [],
          "private": "bnVsbA==",
          "dependencies": [
            "module.security.akamai_appsec_configuration.config",
            "module.security.akamai_appsec_security_policy.testing",
            "module.security.data.akamai_group.group"
          ]
        }
      ]
    },
    {
      "module": "module.security",
      "mode": "managed",
      "type": "akamai_appsec_attack_group",
      "name": "testing_PROTOCOL",
      "provider": "provider[\"registry.terraform.io/akamai/akamai\"]",
      "instances": [
        {
          "schema_version": 0,
          "attributes": {
            "attack_group": "PROTOCOL",
            "attack_group_action": "alert",
            "condition_exception": null,
            "config_id": 116049,
            "id": "116049:STPF_301779:PROTOCOL",
            "security_policy_id": "STPF_301779"
          },
          "sensitive_attributes": [],
          "private": "bnVsbA==",
          "dependencies": [
            "module.security.akamai_appsec_configuration.config",
            "module.security.akamai_appsec_security_policy.testing",
            "module.security.data.akamai_group.group"
          ]
        }
      ]
    },
    {
      "module": "module.security",
      "mode": "managed",
      "type": "akamai_appsec_attack_group",
      "name": "testing_RFI",
      "provider": "provider[\"registry.terraform.io/akamai/akamai\"]",
      "instances": [
        {
          "schema_version": 0,
          "attributes": {
            "attack_group": "RFI",
            "attack_group_action": "alert",
            "condition_exception": null,
            "config_id": 116049,
            "id": "116049:STPF_301779:RFI",
            "security_policy_id": "STPF_301779"
          },
          "sensitive_attributes": [],
          "private": "bnVsbA==",
          "dependencies": [
            "module.security.akamai_appsec_configuration.config",
            "module.security.akamai_appsec_security_policy.testing",
            "module.security.data.akamai_group.group"
          ]
        }
      ]
    },
    {
      "module": "module.security",
      "mode": "managed",
      "type": "akamai_appsec_attack_group",
      "name": "testing_SQL",
      "provider": "provider[\"registry.terraform.io/akamai/akamai\"]",
      "instances": [
        {
          "schema_version": 0,
          "attributes": {
            "attack_group": "SQL",
            "attack_group_action": "alert",
            "condition_exception": null,
            "config_id": 116049,
            "id": "116049:STPF_301779:SQL",
            "security_policy_id": "STPF_301779"
          },
          "sensitive_attributes": [],
          "private": "bnVsbA==",
          "dependencies": [
            "module.security.akamai_appsec_configuration.config",
            "module.security.akamai_appsec_security_policy.testing",
            "module.security.data.akamai_group.group"
          ]
        }
      ]
    },
    {
      "module": "module.security",
      "mode": "managed",
      "type": "akamai_appsec_attack_group",
      "name": "testing_WAT",
      "provider": "provider[\"registry.terraform.io/akamai/akamai\"]",
      "instances": [
        {
          "schema_version": 0,
          "attributes": {
            "attack_group": "WAT",
            "attack_group_action": "alert",
            "condition_exception": null,
            "config_id": 116049,
            "id": "116049:STPF_301779:WAT",
            "security_policy_id": "STPF_301779"
          },
          "sensitive_attributes": [],
          "private": "bnVsbA==",
          "dependencies": [
            "module.security.akamai_appsec_configuration.config",
            "module.security.akamai_appsec_security_policy.testing",
            "module.security.data.akamai_group.group"
          ]
        }
      ]
    },
    {
      "module": "module.security",
      "mode": "managed",
      "type": "akamai_appsec_attack_group",
      "name": "testing_XSS",
      "provider": "provider[\"registry.terraform.io/akamai/akamai\"]",
      "instances": [
        {
          "schema_version": 0,
          "attributes": {
            "attack_group": "XSS",
            "attack_group_action": "alert",
            "condition_exception": null,
            "config_id": 116049,
            "id": "116049:STPF_301779:XSS",
            "security_policy_id": "STPF_301779"
          },
          "sensitive_attributes": [],
          "private": "bnVsbA==",
          "dependencies": [
            "module.security.akamai_appsec_configuration.config",
            "module.security.akamai_appsec_security_policy.testing",
            "module.security.data.akamai_group.group"
          ]
        }
      ]
    },
    {
      "module": "module.security",
      "mode": "managed",
      "type": "akamai_appsec_configuration",
      "name": "config",
      "provider": "provider[\"registry.terraform.io/akamai/akamai\"]",
      "instances": [
        {
          "schema_version": 0,
          "attributes": {
            "config_id": 116049,
            "contract_id": "G-33J8FU1",
            "create_from_config_id": null,
            "create_from_version": null,
            "description": "Created by Terraform",
            "group_id": "162429",
            "host_names": [
              "online.vikingoffice.at"
            ],
            "id": "116049",
            "name": "Viking Security File"
          },
          "sensitive_attributes": [],
          "private": "bnVsbA==",
          "dependencies": [
            "module.security.data.akamai_group.group"
          ]
        }
      ]
    },
    {
      "module": "module.security",
      "mode": "managed",
      "type": "akamai_appsec_custom_rule",
      "name": "ak_20102020attack_60038930",
      "provider": "provider[\"registry.terraform.io/akamai/akamai\"]",
      "instances": [
        {
          "schema_version": 0,
          "attributes": {
            "config_id": 116049,
            "custom_rule": "{\"name\":\"20102020-Attack\",\"description\":\"Rule to block login attack on officedepot.fr (20/10/2020)\",\"tag\":[\"Bruteforce\"],\"conditions\":[{\"positiveMatch\":true,\"type\":\"requestMethodMatch\",\"value\":[\"POST\"]},{\"positiveMatch\":true,\"type\":\"pathMatch\",\"value\":[\"/account/loginAccountSet.do\"],\"valueCase\":false,\"valueIgnoreSegment\":false,\"valueNormalize\":false,\"valueWildcard\":true},{\"name\":[\"User-Agent\"],\"nameWildcard\":true,\"positiveMatch\":true,\"type\":\"requestHeaderMatch\",\"value\":[\"Mozilla/5.0 (Windows NT 10.0; Win64; x64) AppleWebKit/537.36 (KHTML, like Gecko) Chrome/81.0.4044.138 Safari/537.36\"],\"valueCase\":false,\"valueWildcard\":true},{\"name\":[\"Host\"],\"nameWildcard\":true,\"positiveMatch\":true,\"type\":\"requestHeaderMatch\",\"value\":[\"www.officedepot.fr\"],\"valueCase\":false,\"valueWildcard\":true}],\"operation\":\"AND\"}",
            "custom_rule_id": 60320912,
            "id": "116049:60320912"
          },
          "sensitive_attributes": [],
          "private": "bnVsbA==",
          "dependencies": [
            "module.security.akamai_appsec_configuration.config",
            "module.security.data.akamai_group.group"
          ]
        }
      ]
    },
    {
      "module": "module.security",
      "mode": "managed",
      "type": "akamai_appsec_custom_rule",
      "name": "asm1_60196891",
      "provider": "provider[\"registry.terraform.io/akamai/akamai\"]",
      "instances": [
        {
          "schema_version": 0,
          "attributes": {
            "config_id": 116049,
            "custom_rule": "{\"name\":\"ASM1\",\"description\":\"Monitor access to ASM URLs\",\"tag\":[\"security\"],\"conditions\":[{\"positiveMatch\":true,\"type\":\"pathMatch\",\"value\":[\"/en/assisted-service/asm-search-autocomplete\",\"/nl/assisted-service/asm-search-autocomplete\",\"/de/assisted-service/asm-search-autocomplete\",\"/fr/assisted-service/asm-search-autocomplete\",\"/fr/assisted-service/*\",\"/nl/assisted-service/*\",\"/de/assisted-service/*\",\"/en/assisted-service/*\"],\"valueCase\":false,\"valueIgnoreSegment\":true,\"valueNormalize\":true,\"valueWildcard\":true}],\"operation\":\"AND\"}",
            "custom_rule_id": 60320916,
            "id": "116049:60320916"
          },
          "sensitive_attributes": [],
          "private": "bnVsbA==",
          "dependencies": [
            "module.security.akamai_appsec_configuration.config",
            "module.security.data.akamai_group.group"
          ]
        }
      ]
    },
    {
      "module": "module.security",
      "mode": "managed",
      "type": "akamai_appsec_custom_rule",
      "name": "block_08473795_60252875",
      "provider": "provider[\"registry.terraform.io/akamai/akamai\"]",
      "instances": [
        {
          "schema_version": 0,
          "attributes": {
            "config_id": 116049,
            "custom_rule": "{\"name\":\"Block 08473795\",\"tag\":[\"fraud\"],\"conditions\":[{\"positiveMatch\":true,\"type\":\"hostMatch\",\"value\":[\"www.viking-direct.co.uk\"]},{\"name\":\"rrUserId\",\"nameCase\":false,\"nameWildcard\":false,\"positiveMatch\":true,\"type\":\"cookieMatch\",\"value\":[\"08473795\",\"08689013\",\"08693734\",\"08698497\",\"08685573\",\"08698572\",\"08832395\",\"08699645\",\"08737411\",\"08700630\",\"08684379\",\"08684936\",\"08693262\"],\"valueCase\":false,\"valueWildcard\":false}],\"operation\":\"AND\"}",
            "custom_rule_id": 60320929,
            "id": "116049:60320929"
          },
          "sensitive_attributes": [],
          "private": "bnVsbA==",
          "dependencies": [
            "module.security.akamai_appsec_configuration.config",
            "module.security.data.akamai_group.group"
          ]
        }
      ]
    },
    {
      "module": "module.security",
      "mode": "managed",
      "type": "akamai_appsec_custom_rule",
      "name": "bruteforcede2_60196111",
      "provider": "provider[\"registry.terraform.io/akamai/akamai\"]",
      "instances": [
        {
          "schema_version": 0,
          "attributes": {
            "config_id": 116049,
            "custom_rule": "{\"name\":\"Bruteforce-DE-2\",\"description\":\"05092023 - block User-Agents\",\"tag\":[\"Fraud\"],\"conditions\":[{\"name\":[\"User-Agent\"],\"nameWildcard\":true,\"positiveMatch\":true,\"type\":\"requestHeaderMatch\",\"value\":[\"Mozilla/5.0 (Windows NT 10.0; Win64; x64) AppleWebKit/537.36 (KHTML, like Gecko) Chrome/115.0.0.0 Safari/537.36 OPR/101.0.0.0\",\"Mozilla/5.0 (PPC) AppleWebKit/526.0 (KHTML, like Gecko) Chrome/92.0159.599 Safari/526\"],\"valueCase\":false,\"valueWildcard\":true},{\"positiveMatch\":true,\"type\":\"ipAddressMatch\",\"value\":[\"117.251.103.186\",\"70.35.199.99\"],\"useXForwardForHeaders\":false}],\"loggingOptions\":[{\"id\":\"ARGS_POST_MATCH\",\"value\":\"j_username\"}],\"operation\":\"AND\"}",
            "custom_rule_id": 60320914,
            "id": "116049:60320914"
          },
          "sensitive_attributes": [],
          "private": "bnVsbA==",
          "dependencies": [
            "module.security.akamai_appsec_configuration.config",
            "module.security.data.akamai_group.group"
          ]
        }
      ]
    },
    {
      "module": "module.security",
      "mode": "managed",
      "type": "akamai_appsec_custom_rule",
      "name": "bruteforcede_60193001",
      "provider": "provider[\"registry.terraform.io/akamai/akamai\"]",
      "instances": [
        {
          "schema_version": 0,
          "attributes": {
            "config_id": 116049,
            "custom_rule": "{\"name\":\"Bruteforce-DE\",\"description\":\"To block bruteforce attack on viking.de 11-15/08/2023\",\"tag\":[\"Fraud\"],\"conditions\":[{\"name\":[\"Accept-Encoding\"],\"nameWildcard\":true,\"positiveMatch\":false,\"type\":\"requestHeaderMatch\",\"value\":[],\"valueCase\":false,\"valueWildcard\":true},{\"name\":[\"Accept-Language\"],\"nameWildcard\":true,\"positiveMatch\":false,\"type\":\"requestHeaderMatch\",\"value\":[],\"valueCase\":false,\"valueWildcard\":true},{\"positiveMatch\":true,\"type\":\"pathMatch\",\"value\":[\"/de/j_spring_security_check\"],\"valueCase\":false,\"valueIgnoreSegment\":true,\"valueNormalize\":true,\"valueWildcard\":true}],\"loggingOptions\":[{\"id\":\"ARGS_POST_MATCH\",\"value\":\"j_username\"}],\"operation\":\"AND\"}",
            "custom_rule_id": 60320923,
            "id": "116049:60320923"
          },
          "sensitive_attributes": [],
          "private": "bnVsbA==",
          "dependencies": [
            "module.security.akamai_appsec_configuration.config",
            "module.security.data.akamai_group.group"
          ]
        }
      ]
    },
    {
      "module": "module.security",
      "mode": "managed",
      "type": "akamai_appsec_custom_rule",
      "name": "bruteforceuk_60193581",
      "provider": "provider[\"registry.terraform.io/akamai/akamai\"]",
      "instances": [
        {
          "schema_version": 0,
          "attributes": {
            "config_id": 116049,
            "custom_rule": "{\"name\":\"Bruteforce-UK\",\"tag\":[\"Fraud\"],\"conditions\":[{\"positiveMatch\":true,\"type\":\"pathMatch\",\"value\":[\"/en/j_spring_security_check\"],\"valueCase\":false,\"valueIgnoreSegment\":true,\"valueNormalize\":true,\"valueWildcard\":true},{\"name\":[\"Referer\"],\"nameWildcard\":true,\"positiveMatch\":false,\"type\":\"requestHeaderMatch\",\"value\":[],\"valueCase\":false,\"valueWildcard\":true},{\"name\":[\"Accept-Language\"],\"nameWildcard\":true,\"positiveMatch\":false,\"type\":\"requestHeaderMatch\",\"value\":[],\"valueCase\":false,\"valueWildcard\":true}],\"loggingOptions\":[{\"id\":\"ARGS_POST_MATCH\",\"value\":\"j_username\"}],\"operation\":\"AND\"}",
            "custom_rule_id": 60320921,
            "id": "116049:60320921"
          },
          "sensitive_attributes": [],
          "private": "bnVsbA==",
          "dependencies": [
            "module.security.akamai_appsec_configuration.config",
            "module.security.data.akamai_group.group"
          ]
        }
      ]
    },
    {
      "module": "module.security",
      "mode": "managed",
      "type": "akamai_appsec_custom_rule",
      "name": "ch_email_form_60060738",
      "provider": "provider[\"registry.terraform.io/akamai/akamai\"]",
      "instances": [
        {
          "schema_version": 0,
          "attributes": {
            "config_id": 116049,
            "custom_rule": "{\"name\":\"CH_email_form\",\"description\":\"Block abuse of email form on CH site - INC7070206\",\"tag\":[\"spam\"],\"conditions\":[{\"positiveMatch\":true,\"type\":\"hostMatch\",\"value\":[\"www.vikingdirekt.ch\"]},{\"name\":[\"User-Agent\"],\"nameWildcard\":true,\"positiveMatch\":true,\"type\":\"requestHeaderMatch\",\"value\":[\"Mozilla/5.0 (Windows NT 10.0; Win64; x64) AppleWebKit/537.36 (KHTML, like Gecko) Chrome/85.0.4183.121 Safari/537.36\"],\"valueCase\":false,\"valueWildcard\":true},{\"positiveMatch\":true,\"type\":\"pathMatch\",\"value\":[\"/customerservice/customerServiceSet.do\"],\"valueCase\":false,\"valueIgnoreSegment\":false,\"valueNormalize\":false,\"valueWildcard\":true}],\"operation\":\"AND\"}",
            "custom_rule_id": 60320918,
            "id": "116049:60320918"
          },
          "sensitive_attributes": [],
          "private": "bnVsbA==",
          "dependencies": [
            "module.security.akamai_appsec_configuration.config",
            "module.security.data.akamai_group.group"
          ]
        }
      ]
    },
    {
      "module": "module.security",
      "mode": "managed",
      "type": "akamai_appsec_custom_rule",
      "name": "checkemailexist_60221740",
      "provider": "provider[\"registry.terraform.io/akamai/akamai\"]",
      "instances": [
        {
          "schema_version": 0,
          "attributes": {
            "config_id": 116049,
            "custom_rule": "{\"name\":\"check-email-exist\",\"description\":\"Monitor email checks during registration process /ajax/registration/multi/about-you/check-email-exist\",\"tag\":[\"fraud\"],\"conditions\":[{\"positiveMatch\":true,\"type\":\"pathMatch\",\"value\":[\"/ajax/registration/multi/about-you/check-email-exist\"],\"valueCase\":false,\"valueIgnoreSegment\":true,\"valueNormalize\":true,\"valueWildcard\":true}],\"loggingOptions\":[{\"id\":\"URI_QUERY_MATCH\",\"value\":\"emailId\"}],\"operation\":\"AND\"}",
            "custom_rule_id": 60320917,
            "id": "116049:60320917"
          },
          "sensitive_attributes": [],
          "private": "bnVsbA==",
          "dependencies": [
            "module.security.akamai_appsec_configuration.config",
            "module.security.data.akamai_group.group"
          ]
        }
      ]
    },
    {
      "module": "module.security",
      "mode": "managed",
      "type": "akamai_appsec_custom_rule",
      "name": "cloudflare_login_60173233",
      "provider": "provider[\"registry.terraform.io/akamai/akamai\"]",
      "instances": [
        {
          "schema_version": 0,
          "attributes": {
            "config_id": 116049,
            "custom_rule": "{\"name\":\"Cloudflare_login\",\"description\":\"Block login from CloudFlare ASN\",\"tag\":[\"Fraud\"],\"conditions\":[{\"positiveMatch\":true,\"type\":\"hostMatch\",\"value\":[\"www.viking-direct.co.uk\",\"www.viking.de\",\"www.vikingdirect.nl\",\"www.vikingdirect.be\",\"www.vikingdirekt.ch\",\"www.vikingdirekt.at\",\"www.vikingdirect.ie\"]},{\"positiveMatch\":true,\"type\":\"pathMatch\",\"value\":[\"/en/j_spring_security_check\",\"/de/j_spring_security_check\",\"/en/checkout/j_spring_security_check\",\"/de/checkout/j_spring_security_check\",\"/nl/j_spring_security_check\",\"/nl/checkout/j_spring_security_check\",\"/fr/j_spring_security_check\"],\"valueCase\":false,\"valueIgnoreSegment\":true,\"valueNormalize\":true,\"valueWildcard\":true},{\"positiveMatch\":true,\"type\":\"asNumberMatch\",\"value\":[\"13335\",\"211252\",\"62651\",\"54203\",\"22781\"],\"useXForwardForHeaders\":false},{\"positiveMatch\":false,\"type\":\"ipAddressMatch\",\"value\":[\"8.29.109.131\",\"8.29.228.65\",\"8.29.228.119\",\"8.29.109.73\",\"8.29.109.91\",\"8.29.228.82\",\"8.29.231.33\",\"8.29.231.67\",\"8.29.231.68\",\"8.29.231.69\",\"8.29.231.70\",\"104.28.45.0/24\",\"8.29.231.71\",\"8.29.231.72\",\"2a09:bac2::0000/32\",\"8.29.231.73\",\"8.29.231.74\",\"8.29.231.75\",\"104.28.42.0/24\",\"104.28.40.0/24\",\"2a09:bac3::0000/32\",\"104.28.86.0/24\",\"104.28.53.0/24\",\"104.28.62.0/24\",\"104.28.89.0/24\",\"104.28.30.0/24\",\"104.28.88.0/24\",\"104.28.64.0/24\",\"104.28.135.0/24\",\"104.28.98.0/24\",\"104.28.129.0/24\",\"104.28.114.0/24\",\"104.28.54.0/24\"],\"useXForwardForHeaders\":false},{\"name\":\"j_username\",\"positiveMatch\":false,\"type\":\"argsPostMatch\",\"value\":[\"nord.com\"],\"valueExactMatch\":false}],\"loggingOptions\":[{\"id\":\"ARGS_POST_MATCH\",\"value\":\"j_username\"}],\"operation\":\"AND\"}",
            "custom_rule_id": 60320925,
            "id": "116049:60320925"
          },
          "sensitive_attributes": [],
          "private": "bnVsbA==",
          "dependencies": [
            "module.security.akamai_appsec_configuration.config",
            "module.security.data.akamai_group.group"
          ]
        }
      ]
    },
    {
      "module": "module.security",
      "mode": "managed",
      "type": "akamai_appsec_custom_rule",
      "name": "facebook_crawler_60261105",
      "provider": "provider[\"registry.terraform.io/akamai/akamai\"]",
      "instances": [
        {
          "schema_version": 0,
          "attributes": {
            "config_id": 116049,
            "custom_rule": "{\"name\":\"Facebook_crawler\",\"description\":\"Facebook calling millions of times a URL from UK and IE about tonners\",\"tag\":[\"crawler\"],\"conditions\":[{\"positiveMatch\":true,\"type\":\"asNumberMatch\",\"value\":[\"32934\"],\"useXForwardForHeaders\":false},{\"positiveMatch\":true,\"type\":\"pathMatch\",\"value\":[\"/en/ink-cartridges-toner-ribbons-c-113/toner-cartridges-c-11303/original-toner-cartridges-c-11303020/*\",\"/en/ink-cartridges-toner-ribbons-c-113/ink-cartridges-c-11301/*\",\"/de/buromobel-c-104/einrichtung-c-10401/*\",\"/de/schreibtisch-ausstattung-c-102/*\",\"/fr/ecriture-et-dessin-c-111/crayons-et-materiel-de-dessin-c-11103/*\",\"/fr/classeurs-et-dossiers-c-120/classeurs-et-classeurs-anneaux-c-120002/*\",\"/nl/bureaubenodigdheden-c-102/notitieboeken-blokken-schriften-c-10202/*\",\"/fr/fournitures-de-bureau-c-102/cahiers-blocs-notes-et-recharges-de-notes-c-10202/*\",\"/nl/mappen-ordners-c-120/ordners-ringbanden-c-120002/*\",\"/de/schreibtisch-ausstattung-c-102/notizbucher-notizblocke-zettel-c-10202/*\"],\"valueCase\":false,\"valueIgnoreSegment\":true,\"valueNormalize\":true,\"valueWildcard\":true}],\"operation\":\"AND\"}",
            "custom_rule_id": 60320911,
            "id": "116049:60320911"
          },
          "sensitive_attributes": [],
          "private": "bnVsbA==",
          "dependencies": [
            "module.security.akamai_appsec_configuration.config",
            "module.security.data.akamai_group.group"
          ]
        }
      ]
    },
    {
      "module": "module.security",
      "mode": "managed",
      "type": "akamai_appsec_custom_rule",
      "name": "loyalty_attack_60252635",
      "provider": "provider[\"registry.terraform.io/akamai/akamai\"]",
      "instances": [
        {
          "schema_version": 0,
          "attributes": {
            "config_id": 116049,
            "custom_rule": "{\"name\":\"Loyalty_attack\",\"tag\":[\"fraud\"],\"conditions\":[{\"positiveMatch\":true,\"type\":\"hostMatch\",\"value\":[\"www.viking-direct.co.uk\"]},{\"name\":[\"User-Agent\"],\"nameWildcard\":true,\"positiveMatch\":true,\"type\":\"requestHeaderMatch\",\"value\":[\"Mozilla/5.0 (Windows NT 10.0; Win64; x64) AppleWebKit/537.36 (KHTML, like Gecko) Chrome/120.0.0.0 Safari/537.36\",\"Mozilla/5.0 (Windows NT 10.0; Win64; x64) AppleWebKit/537.36 (KHTML, like Gecko) Chrome/126.0.0.0 Safari/537.36\"],\"valueCase\":false,\"valueWildcard\":true},{\"positiveMatch\":true,\"type\":\"pathMatch\",\"value\":[\"/ajax/loyalty/linkLoyaltyScheme\"],\"valueCase\":false,\"valueIgnoreSegment\":true,\"valueNormalize\":true,\"valueWildcard\":true},{\"name\":\"ROUTE\",\"nameCase\":false,\"nameWildcard\":false,\"positiveMatch\":false,\"type\":\"cookieMatch\",\"value\":[],\"valueCase\":false,\"valueWildcard\":false}],\"operation\":\"AND\"}",
            "custom_rule_id": 60320924,
            "id": "116049:60320924"
          },
          "sensitive_attributes": [],
          "private": "bnVsbA==",
          "dependencies": [
            "module.security.akamai_appsec_configuration.config",
            "module.security.data.akamai_group.group"
          ]
        }
      ]
    },
    {
      "module": "module.security",
      "mode": "managed",
      "type": "akamai_appsec_custom_rule",
      "name": "loyalty_attackoptanon_60275731",
      "provider": "provider[\"registry.terraform.io/akamai/akamai\"]",
      "instances": [
        {
          "schema_version": 0,
          "attributes": {
            "config_id": 116049,
            "custom_rule": "{\"name\":\"Loyalty_attack-Optanon\",\"description\":\"Block Nectar attack based on Geo location of OptanonConsent cookie\",\"tag\":[\"fraud\"],\"conditions\":[{\"positiveMatch\":true,\"type\":\"hostMatch\",\"value\":[\"www.viking-direct.co.uk\"]},{\"name\":[\"User-Agent\"],\"nameWildcard\":true,\"positiveMatch\":true,\"type\":\"requestHeaderMatch\",\"value\":[\"Mozilla/5.0 (Windows NT 10.0; Win64; x64) AppleWebKit/537.36 (KHTML, like Gecko) Chrome/120.0.0.0 Safari/537.36\",\"Mozilla/5.0 (Windows NT 10.0; Win64; x64) AppleWebKit/537.36 (KHTML, like Gecko) Chrome/126.0.0.0 Safari/537.36\"],\"valueCase\":false,\"valueWildcard\":true},{\"positiveMatch\":true,\"type\":\"pathMatch\",\"value\":[\"/ajax/loyalty/linkLoyaltyScheme\"],\"valueCase\":false,\"valueIgnoreSegment\":true,\"valueNormalize\":true,\"valueWildcard\":true},{\"name\":\"OptanonConsent\",\"nameCase\":false,\"nameWildcard\":false,\"positiveMatch\":false,\"type\":\"cookieMatch\",\"value\":[\"*(Greenwich+Mean+Time)*\",\"*(British+Summer+Time)*\",\"*(GMT)*\",\"*(BST)*\",\"*(Irish+Standard+Time)*\"],\"valueCase\":false,\"valueWildcard\":true}],\"operation\":\"AND\"}",
            "custom_rule_id": 60320920,
            "id": "116049:60320920"
          },
          "sensitive_attributes": [],
          "private": "bnVsbA==",
          "dependencies": [
            "module.security.akamai_appsec_configuration.config",
            "module.security.data.akamai_group.group"
          ]
        }
      ]
    },
    {
      "module": "module.security",
      "mode": "managed",
      "type": "akamai_appsec_custom_rule",
      "name": "monitor_login_60178600",
      "provider": "provider[\"registry.terraform.io/akamai/akamai\"]",
      "instances": [
        {
          "schema_version": 0,
          "attributes": {
            "config_id": 116049,
            "custom_rule": "{\"name\":\"Monitor_login\",\"tag\":[\"fraud\"],\"conditions\":[{\"positiveMatch\":true,\"type\":\"pathMatch\",\"value\":[\"/en/j_spring_security_check\\r\",\"/fr/j_spring_security_check\",\"/en/my-account\",\"/nl/my-account\",\"/de/my-account\",\"/fr/my-account\",\"/fr/checkout/j_spring_security_check\",\"/de/j_spring_security_check\\r\",\"/en/checkout/j_spring_security_check\\r\",\"/de/checkout/j_spring_security_check\\r\",\"/nl/j_spring_security_check\\r\",\"/nl/checkout/j_spring_security_check\\r\"],\"valueCase\":false,\"valueIgnoreSegment\":true,\"valueNormalize\":true,\"valueWildcard\":true}],\"loggingOptions\":[{\"id\":\"ARGS_POST_MATCH\",\"value\":\"j_username\"}],\"operation\":\"AND\"}",
            "custom_rule_id": 60320930,
            "id": "116049:60320930"
          },
          "sensitive_attributes": [],
          "private": "bnVsbA==",
          "dependencies": [
            "module.security.akamai_appsec_configuration.config",
            "module.security.data.akamai_group.group"
          ]
        }
      ]
    },
    {
      "module": "module.security",
      "mode": "managed",
      "type": "akamai_appsec_custom_rule",
      "name": "monitor_loyalty_60249483",
      "provider": "provider[\"registry.terraform.io/akamai/akamai\"]",
      "instances": [
        {
          "schema_version": 0,
          "attributes": {
            "config_id": 116049,
            "custom_rule": "{\"name\":\"monitor_loyalty\",\"tag\":[\"fraud\"],\"conditions\":[{\"positiveMatch\":true,\"type\":\"pathMatch\",\"value\":[\"/ajax/loyalty/linkLoyaltyScheme\"],\"valueCase\":false,\"valueIgnoreSegment\":true,\"valueNormalize\":true,\"valueWildcard\":true}],\"loggingOptions\":[{\"id\":\"ARGS_POST_MATCH\",\"value\":\"cardNumber\"}],\"operation\":\"AND\"}",
            "custom_rule_id": 60320913,
            "id": "116049:60320913"
          },
          "sensitive_attributes": [],
          "private": "bnVsbA==",
          "dependencies": [
            "module.security.akamai_appsec_configuration.config",
            "module.security.data.akamai_group.group"
          ]
        }
      ]
    },
    {
      "module": "module.security",
      "mode": "managed",
      "type": "akamai_appsec_custom_rule",
      "name": "monitor_registration_60251165",
      "provider": "provider[\"registry.terraform.io/akamai/akamai\"]",
      "instances": [
        {
          "schema_version": 0,
          "attributes": {
            "config_id": 116049,
            "custom_rule": "{\"name\":\"monitor_registration\",\"tag\":[\"investigation\"],\"conditions\":[{\"positiveMatch\":true,\"type\":\"hostMatch\",\"value\":[\"www.viking-direct.co.uk\"]},{\"positiveMatch\":true,\"type\":\"pathMatch\",\"value\":[\"/en/registration/multi/about-you\",\"/en/registration/multi/billing\",\"/en/my-account/registrationcomplete\"],\"valueCase\":false,\"valueIgnoreSegment\":true,\"valueNormalize\":true,\"valueWildcard\":true}],\"operation\":\"AND\"}",
            "custom_rule_id": 60320909,
            "id": "116049:60320909"
          },
          "sensitive_attributes": [],
          "private": "bnVsbA==",
          "dependencies": [
            "module.security.akamai_appsec_configuration.config",
            "module.security.data.akamai_group.group"
          ]
        }
      ]
    },
    {
      "module": "module.security",
      "mode": "managed",
      "type": "akamai_appsec_custom_rule",
      "name": "order_confirmation_60234906",
      "provider": "provider[\"registry.terraform.io/akamai/akamai\"]",
      "instances": [
        {
          "schema_version": 0,
          "attributes": {
            "config_id": 116049,
            "custom_rule": "{\"name\":\"Order_confirmation\",\"description\":\"Monitor order confirmations to make easier fraud investigations\",\"tag\":[\"fraud\"],\"conditions\":[{\"positiveMatch\":true,\"type\":\"pathMatch\",\"value\":[\"/*/checkout/order-confirmation/*\"],\"valueCase\":false,\"valueIgnoreSegment\":true,\"valueNormalize\":true,\"valueWildcard\":true}],\"loggingOptions\":[{\"id\":\"COOKIE_MATCH\",\"value\":\"odCID\"}],\"operation\":\"AND\"}",
            "custom_rule_id": 60320926,
            "id": "116049:60320926"
          },
          "sensitive_attributes": [],
          "private": "bnVsbA==",
          "dependencies": [
            "module.security.akamai_appsec_configuration.config",
            "module.security.data.akamai_group.group"
          ]
        }
      ]
    },
    {
      "module": "module.security",
      "mode": "managed",
      "type": "akamai_appsec_custom_rule",
      "name": "princegb_60249659",
      "provider": "provider[\"registry.terraform.io/akamai/akamai\"]",
      "instances": [
        {
          "schema_version": 0,
          "attributes": {
            "config_id": 116049,
            "custom_rule": "{\"name\":\"princegb\",\"tag\":[\"fraud\"],\"conditions\":[{\"positiveMatch\":true,\"type\":\"asNumberMatch\",\"value\":[\"25369\",\"62240\"],\"useXForwardForHeaders\":false},{\"name\":[\"User-Agent\"],\"nameWildcard\":true,\"positiveMatch\":true,\"type\":\"requestHeaderMatch\",\"value\":[\"Mozilla/5.0 (Macintosh; Intel Mac OS X 10.15; rv:127.0) Gecko/20100101 Firefox/127.0\",\"Mozilla/5.0 (Macintosh; Intel Mac OS X 10.15; rv:1??.0) Gecko/20100101 Firefox/1??.0\"],\"valueCase\":false,\"valueWildcard\":true},{\"positiveMatch\":true,\"type\":\"pathMatch\",\"value\":[\"/en/checkout/order-confirmation/*\"],\"valueCase\":false,\"valueIgnoreSegment\":true,\"valueNormalize\":true,\"valueWildcard\":true}],\"operation\":\"AND\"}",
            "custom_rule_id": 60320931,
            "id": "116049:60320931"
          },
          "sensitive_attributes": [],
          "private": "bnVsbA==",
          "dependencies": [
            "module.security.akamai_appsec_configuration.config",
            "module.security.data.akamai_group.group"
          ]
        }
      ]
    },
    {
      "module": "module.security",
      "mode": "managed",
      "type": "akamai_appsec_custom_rule",
      "name": "princegb_old_rruserid_60279065",
      "provider": "provider[\"registry.terraform.io/akamai/akamai\"]",
      "instances": [
        {
          "schema_version": 0,
          "attributes": {
            "config_id": 116049,
            "custom_rule": "{\"name\":\"PrinceGB_old_rruserid\",\"tag\":[\"fraud\"],\"conditions\":[{\"positiveMatch\":true,\"type\":\"hostMatch\",\"value\":[\"www.viking-direct.co.uk\"]},{\"positiveMatch\":true,\"type\":\"pathMatch\",\"value\":[\"/en/checkout*\",\"/en/login/checkout*\"],\"valueCase\":false,\"valueIgnoreSegment\":true,\"valueNormalize\":true,\"valueWildcard\":true},{\"name\":[\"Cookie\"],\"nameWildcard\":true,\"positiveMatch\":true,\"type\":\"requestHeaderMatch\",\"value\":[\"*rrUserId=08657360*\"],\"valueCase\":false,\"valueWildcard\":true}],\"operation\":\"AND\"}",
            "custom_rule_id": 60320915,
            "id": "116049:60320915"
          },
          "sensitive_attributes": [],
          "private": "bnVsbA==",
          "dependencies": [
            "module.security.akamai_appsec_configuration.config",
            "module.security.data.akamai_group.group"
          ]
        }
      ]
    },
    {
      "module": "module.security",
      "mode": "managed",
      "type": "akamai_appsec_custom_rule",
      "name": "princegbnordvpn_60250571",
      "provider": "provider[\"registry.terraform.io/akamai/akamai\"]",
      "instances": [
        {
          "schema_version": 0,
          "attributes": {
            "config_id": 116049,
            "custom_rule": "{\"name\":\"princegb-NordVPN\",\"tag\":[\"fraud\"],\"conditions\":[{\"positiveMatch\":true,\"type\":\"asNumberMatch\",\"value\":[\"62240\"],\"useXForwardForHeaders\":false},{\"name\":[\"User-Agent\"],\"nameWildcard\":true,\"positiveMatch\":true,\"type\":\"requestHeaderMatch\",\"value\":[\"Mozilla/5.0 (Macintosh; Intel Mac OS X 10.15; rv:127.0) Gecko/20100101 Firefox/127.0\",\"Mozilla/5.0 (Macintosh; Intel Mac OS X 10.15; rv:1??.0) Gecko/20100101 Firefox/1??.0\"],\"valueCase\":false,\"valueWildcard\":true},{\"positiveMatch\":true,\"type\":\"hostMatch\",\"value\":[\"www.viking-direct.co.uk\"]}],\"operation\":\"AND\"}",
            "custom_rule_id": 60320919,
            "id": "116049:60320919"
          },
          "sensitive_attributes": [],
          "private": "bnVsbA==",
          "dependencies": [
            "module.security.akamai_appsec_configuration.config",
            "module.security.data.akamai_group.group"
          ]
        }
      ]
    },
    {
      "module": "module.security",
      "mode": "managed",
      "type": "akamai_appsec_custom_rule",
      "name": "properties_1_60049004",
      "provider": "provider[\"registry.terraform.io/akamai/akamai\"]",
      "instances": [
        {
          "schema_version": 0,
          "attributes": {
            "config_id": 116049,
            "custom_rule": "{\"name\":\"Properties_1\",\"tag\":[\"Properties\"],\"conditions\":[{\"positiveMatch\":true,\"type\":\"pathMatch\",\"value\":[\"/p1_properties_hcs_platform_accstorefront.properties\",\"/p1_properties_hcs_platform_backoffice.properties\",\"/p1_properties_hcs_platform_backgroundProcessing.properties\",\"/p1_properties_hcs_platform_api.properties\"],\"valueCase\":false,\"valueIgnoreSegment\":false,\"valueNormalize\":false,\"valueWildcard\":true}],\"operation\":\"AND\"}",
            "custom_rule_id": 60320928,
            "id": "116049:60320928"
          },
          "sensitive_attributes": [],
          "private": "bnVsbA==",
          "dependencies": [
            "module.security.akamai_appsec_configuration.config",
            "module.security.data.akamai_group.group"
          ]
        }
      ]
    },
    {
      "module": "module.security",
      "mode": "managed",
      "type": "akamai_appsec_custom_rule",
      "name": "qqbrowser_60223293",
      "provider": "provider[\"registry.terraform.io/akamai/akamai\"]",
      "instances": [
        {
          "schema_version": 0,
          "attributes": {
            "config_id": 116049,
            "custom_rule": "{\"name\":\"QQBrowser\",\"description\":\"To block access from Chinese browser. Brute force on January 2024.\",\"tag\":[\"fraud\"],\"conditions\":[{\"name\":[\"User-Agent\"],\"nameWildcard\":true,\"positiveMatch\":true,\"type\":\"requestHeaderMatch\",\"value\":[\"*QQBrowser*\"],\"valueCase\":false,\"valueWildcard\":true}],\"operation\":\"AND\"}",
            "custom_rule_id": 60320927,
            "id": "116049:60320927"
          },
          "sensitive_attributes": [],
          "private": "bnVsbA==",
          "dependencies": [
            "module.security.akamai_appsec_configuration.config",
            "module.security.data.akamai_group.group"
          ]
        }
      ]
    },
    {
      "module": "module.security",
      "mode": "managed",
      "type": "akamai_appsec_custom_rule",
      "name": "stamps_60084140",
      "provider": "provider[\"registry.terraform.io/akamai/akamai\"]",
      "instances": [
        {
          "schema_version": 0,
          "attributes": {
            "config_id": 116049,
            "custom_rule": "{\"name\":\"Stamps\",\"description\":\"To monitor URLs used for fraudulently buying stamps\",\"tag\":[\"Fraud\"],\"conditions\":[{\"positiveMatch\":true,\"type\":\"hostMatch\",\"value\":[\"www.viking-direct.co.uk\"]},{\"positiveMatch\":true,\"type\":\"pathMatch\",\"value\":[\"/en/royal-mail-self-adhesive-postage-stamps-2nd-class-uk-pack-of-100-p-rm1200\",\"/en/royal-mail-2nd-class-self-adhesive-postage-stamps-pack-of-100-p-rm1200\"],\"valueCase\":false,\"valueIgnoreSegment\":false,\"valueNormalize\":false,\"valueWildcard\":true}],\"operation\":\"AND\"}",
            "custom_rule_id": 60320922,
            "id": "116049:60320922"
          },
          "sensitive_attributes": [],
          "private": "bnVsbA==",
          "dependencies": [
            "module.security.akamai_appsec_configuration.config",
            "module.security.data.akamai_group.group"
          ]
        }
      ]
    },
    {
      "module": "module.security",
      "mode": "managed",
      "type": "akamai_appsec_custom_rule",
      "name": "tempemail_form_60060629",
      "provider": "provider[\"registry.terraform.io/akamai/akamai\"]",
      "instances": [
        {
          "schema_version": 0,
          "attributes": {
            "config_id": 116049,
            "custom_rule": "{\"name\":\"temp-email_form\",\"description\":\"monitor email form in viking CH to block spam\",\"tag\":[\"email_form\"],\"conditions\":[{\"positiveMatch\":true,\"type\":\"hostMatch\",\"value\":[\"www.vikingdirekt.ch\"]},{\"positiveMatch\":true,\"type\":\"pathMatch\",\"value\":[\"/customerservice/customerServiceSet.do\"],\"valueCase\":false,\"valueIgnoreSegment\":false,\"valueNormalize\":false,\"valueWildcard\":true}],\"operation\":\"AND\"}",
            "custom_rule_id": 60320910,
            "id": "116049:60320910"
          },
          "sensitive_attributes": [],
          "private": "bnVsbA==",
          "dependencies": [
            "module.security.akamai_appsec_configuration.config",
            "module.security.data.akamai_group.group"
          ]
        }
      ]
    },
    {
      "module": "module.security",
      "mode": "managed",
      "type": "akamai_appsec_custom_rule_action",
      "name": "production_60038930",
      "provider": "provider[\"registry.terraform.io/akamai/akamai\"]",
      "instances": [
        {
          "schema_version": 0,
          "attributes": {
            "config_id": 116049,
            "custom_rule_action": "deny",
            "custom_rule_id": 60320912,
            "id": "116049:VIKI_301778:60320912",
            "security_policy_id": "VIKI_301778"
          },
          "sensitive_attributes": [],
          "private": "bnVsbA==",
          "dependencies": [
            "module.security.akamai_appsec_configuration.config",
            "module.security.akamai_appsec_custom_rule.ak_20102020attack_60038930",
            "module.security.akamai_appsec_security_policy.production",
            "module.security.data.akamai_group.group"
          ]
        }
      ]
    },
    {
      "module": "module.security",
      "mode": "managed",
      "type": "akamai_appsec_custom_rule_action",
      "name": "production_60049004",
      "provider": "provider[\"registry.terraform.io/akamai/akamai\"]",
      "instances": [
        {
          "schema_version": 0,
          "attributes": {
            "config_id": 116049,
            "custom_rule_action": "deny",
            "custom_rule_id": 60320928,
            "id": "116049:VIKI_301778:60320928",
            "security_policy_id": "VIKI_301778"
          },
          "sensitive_attributes": [],
          "private": "bnVsbA==",
          "dependencies": [
            "module.security.akamai_appsec_configuration.config",
            "module.security.akamai_appsec_custom_rule.properties_1_60049004",
            "module.security.akamai_appsec_security_policy.production",
            "module.security.data.akamai_group.group"
          ]
        }
      ]
    },
    {
      "module": "module.security",
      "mode": "managed",
      "type": "akamai_appsec_custom_rule_action",
      "name": "production_60060738",
      "provider": "provider[\"registry.terraform.io/akamai/akamai\"]",
      "instances": [
        {
          "schema_version": 0,
          "attributes": {
            "config_id": 116049,
            "custom_rule_action": "deny",
            "custom_rule_id": 60320918,
            "id": "116049:VIKI_301778:60320918",
            "security_policy_id": "VIKI_301778"
          },
          "sensitive_attributes": [],
          "private": "bnVsbA==",
          "dependencies": [
            "module.security.akamai_appsec_configuration.config",
            "module.security.akamai_appsec_custom_rule.ch_email_form_60060738",
            "module.security.akamai_appsec_security_policy.production",
            "module.security.data.akamai_group.group"
          ]
        }
      ]
    },
    {
      "module": "module.security",
      "mode": "managed",
      "type": "akamai_appsec_custom_rule_action",
      "name": "production_60084140",
      "provider": "provider[\"registry.terraform.io/akamai/akamai\"]",
      "instances": [
        {
          "schema_version": 0,
          "attributes": {
            "config_id": 116049,
            "custom_rule_action": "alert",
            "custom_rule_id": 60320922,
            "id": "116049:VIKI_301778:60320922",
            "security_policy_id": "VIKI_301778"
          },
          "sensitive_attributes": [],
          "private": "bnVsbA==",
          "dependencies": [
            "module.security.akamai_appsec_configuration.config",
            "module.security.akamai_appsec_custom_rule.stamps_60084140",
            "module.security.akamai_appsec_security_policy.production",
            "module.security.data.akamai_group.group"
          ]
        }
      ]
    },
    {
      "module": "module.security",
      "mode": "managed",
      "type": "akamai_appsec_custom_rule_action",
      "name": "production_60173233",
      "provider": "provider[\"registry.terraform.io/akamai/akamai\"]",
      "instances": [
        {
          "schema_version": 0,
          "attributes": {
            "config_id": 116049,
            "custom_rule_action": "deny",
            "custom_rule_id": 60320925,
            "id": "116049:VIKI_301778:60320925",
            "security_policy_id": "VIKI_301778"
          },
          "sensitive_attributes": [],
          "private": "bnVsbA==",
          "dependencies": [
            "module.security.akamai_appsec_configuration.config",
            "module.security.akamai_appsec_custom_rule.cloudflare_login_60173233",
            "module.security.akamai_appsec_security_policy.production",
            "module.security.data.akamai_group.group"
          ]
        }
      ]
    },
    {
      "module": "module.security",
      "mode": "managed",
      "type": "akamai_appsec_custom_rule_action",
      "name": "production_60178600",
      "provider": "provider[\"registry.terraform.io/akamai/akamai\"]",
      "instances": [
        {
          "schema_version": 0,
          "attributes": {
            "config_id": 116049,
            "custom_rule_action": "alert",
            "custom_rule_id": 60320930,
            "id": "116049:VIKI_301778:60320930",
            "security_policy_id": "VIKI_301778"
          },
          "sensitive_attributes": [],
          "private": "bnVsbA==",
          "dependencies": [
            "module.security.akamai_appsec_configuration.config",
            "module.security.akamai_appsec_custom_rule.monitor_login_60178600",
            "module.security.akamai_appsec_security_policy.production",
            "module.security.data.akamai_group.group"
          ]
        }
      ]
    },
    {
      "module": "module.security",
      "mode": "managed",
      "type": "akamai_appsec_custom_rule_action",
      "name": "production_60193001",
      "provider": "provider[\"registry.terraform.io/akamai/akamai\"]",
      "instances": [
        {
          "schema_version": 0,
          "attributes": {
            "config_id": 116049,
            "custom_rule_action": "deny",
            "custom_rule_id": 60320923,
            "id": "116049:VIKI_301778:60320923",
            "security_policy_id": "VIKI_301778"
          },
          "sensitive_attributes": [],
          "private": "bnVsbA==",
          "dependencies": [
            "module.security.akamai_appsec_configuration.config",
            "module.security.akamai_appsec_custom_rule.bruteforcede_60193001",
            "module.security.akamai_appsec_security_policy.production",
            "module.security.data.akamai_group.group"
          ]
        }
      ]
    },
    {
      "module": "module.security",
      "mode": "managed",
      "type": "akamai_appsec_custom_rule_action",
      "name": "production_60193581",
      "provider": "provider[\"registry.terraform.io/akamai/akamai\"]",
      "instances": [
        {
          "schema_version": 0,
          "attributes": {
            "config_id": 116049,
            "custom_rule_action": "deny",
            "custom_rule_id": 60320921,
            "id": "116049:VIKI_301778:60320921",
            "security_policy_id": "VIKI_301778"
          },
          "sensitive_attributes": [],
          "private": "bnVsbA==",
          "dependencies": [
            "module.security.akamai_appsec_configuration.config",
            "module.security.akamai_appsec_custom_rule.bruteforceuk_60193581",
            "module.security.akamai_appsec_security_policy.production",
            "module.security.data.akamai_group.group"
          ]
        }
      ]
    },
    {
      "module": "module.security",
      "mode": "managed",
      "type": "akamai_appsec_custom_rule_action",
      "name": "production_60196111",
      "provider": "provider[\"registry.terraform.io/akamai/akamai\"]",
      "instances": [
        {
          "schema_version": 0,
          "attributes": {
            "config_id": 116049,
            "custom_rule_action": "deny",
            "custom_rule_id": 60320914,
            "id": "116049:VIKI_301778:60320914",
            "security_policy_id": "VIKI_301778"
          },
          "sensitive_attributes": [],
          "private": "bnVsbA==",
          "dependencies": [
            "module.security.akamai_appsec_configuration.config",
            "module.security.akamai_appsec_custom_rule.bruteforcede2_60196111",
            "module.security.akamai_appsec_security_policy.production",
            "module.security.data.akamai_group.group"
          ]
        }
      ]
    },
    {
      "module": "module.security",
      "mode": "managed",
      "type": "akamai_appsec_custom_rule_action",
      "name": "production_60196891",
      "provider": "provider[\"registry.terraform.io/akamai/akamai\"]",
      "instances": [
        {
          "schema_version": 0,
          "attributes": {
            "config_id": 116049,
            "custom_rule_action": "deny",
            "custom_rule_id": 60320916,
            "id": "116049:VIKI_301778:60320916",
            "security_policy_id": "VIKI_301778"
          },
          "sensitive_attributes": [],
          "private": "bnVsbA==",
          "dependencies": [
            "module.security.akamai_appsec_configuration.config",
            "module.security.akamai_appsec_custom_rule.asm1_60196891",
            "module.security.akamai_appsec_security_policy.production",
            "module.security.data.akamai_group.group"
          ]
        }
      ]
    },
    {
      "module": "module.security",
      "mode": "managed",
      "type": "akamai_appsec_custom_rule_action",
      "name": "production_60221740",
      "provider": "provider[\"registry.terraform.io/akamai/akamai\"]",
      "instances": [
        {
          "schema_version": 0,
          "attributes": {
            "config_id": 116049,
            "custom_rule_action": "alert",
            "custom_rule_id": 60320917,
            "id": "116049:VIKI_301778:60320917",
            "security_policy_id": "VIKI_301778"
          },
          "sensitive_attributes": [],
          "private": "bnVsbA==",
          "dependencies": [
            "module.security.akamai_appsec_configuration.config",
            "module.security.akamai_appsec_custom_rule.checkemailexist_60221740",
            "module.security.akamai_appsec_security_policy.production",
            "module.security.data.akamai_group.group"
          ]
        }
      ]
    },
    {
      "module": "module.security",
      "mode": "managed",
      "type": "akamai_appsec_custom_rule_action",
      "name": "production_60223293",
      "provider": "provider[\"registry.terraform.io/akamai/akamai\"]",
      "instances": [
        {
          "schema_version": 0,
          "attributes": {
            "config_id": 116049,
            "custom_rule_action": "deny",
            "custom_rule_id": 60320927,
            "id": "116049:VIKI_301778:60320927",
            "security_policy_id": "VIKI_301778"
          },
          "sensitive_attributes": [],
          "private": "bnVsbA==",
          "dependencies": [
            "module.security.akamai_appsec_configuration.config",
            "module.security.akamai_appsec_custom_rule.qqbrowser_60223293",
            "module.security.akamai_appsec_security_policy.production",
            "module.security.data.akamai_group.group"
          ]
        }
      ]
    },
    {
      "module": "module.security",
      "mode": "managed",
      "type": "akamai_appsec_custom_rule_action",
      "name": "production_60234906",
      "provider": "provider[\"registry.terraform.io/akamai/akamai\"]",
      "instances": [
        {
          "schema_version": 0,
          "attributes": {
            "config_id": 116049,
            "custom_rule_action": "alert",
            "custom_rule_id": 60320926,
            "id": "116049:VIKI_301778:60320926",
            "security_policy_id": "VIKI_301778"
          },
          "sensitive_attributes": [],
          "private": "bnVsbA==",
          "dependencies": [
            "module.security.akamai_appsec_configuration.config",
            "module.security.akamai_appsec_custom_rule.order_confirmation_60234906",
            "module.security.akamai_appsec_security_policy.production",
            "module.security.data.akamai_group.group"
          ]
        }
      ]
    },
    {
      "module": "module.security",
      "mode": "managed",
      "type": "akamai_appsec_custom_rule_action",
      "name": "production_60249483",
      "provider": "provider[\"registry.terraform.io/akamai/akamai\"]",
      "instances": [
        {
          "schema_version": 0,
          "attributes": {
            "config_id": 116049,
            "custom_rule_action": "alert",
            "custom_rule_id": 60320913,
            "id": "116049:VIKI_301778:60320913",
            "security_policy_id": "VIKI_301778"
          },
          "sensitive_attributes": [],
          "private": "bnVsbA==",
          "dependencies": [
            "module.security.akamai_appsec_configuration.config",
            "module.security.akamai_appsec_custom_rule.monitor_loyalty_60249483",
            "module.security.akamai_appsec_security_policy.production",
            "module.security.data.akamai_group.group"
          ]
        }
      ]
    },
    {
      "module": "module.security",
      "mode": "managed",
      "type": "akamai_appsec_custom_rule_action",
      "name": "production_60249659",
      "provider": "provider[\"registry.terraform.io/akamai/akamai\"]",
      "instances": [
        {
          "schema_version": 0,
          "attributes": {
            "config_id": 116049,
            "custom_rule_action": "alert",
            "custom_rule_id": 60320931,
            "id": "116049:VIKI_301778:60320931",
            "security_policy_id": "VIKI_301778"
          },
          "sensitive_attributes": [],
          "private": "bnVsbA==",
          "dependencies": [
            "module.security.akamai_appsec_configuration.config",
            "module.security.akamai_appsec_custom_rule.princegb_60249659",
            "module.security.akamai_appsec_security_policy.production",
            "module.security.data.akamai_group.group"
          ]
        }
      ]
    },
    {
      "module": "module.security",
      "mode": "managed",
      "type": "akamai_appsec_custom_rule_action",
      "name": "production_60250571",
      "provider": "provider[\"registry.terraform.io/akamai/akamai\"]",
      "instances": [
        {
          "schema_version": 0,
          "attributes": {
            "config_id": 116049,
            "custom_rule_action": "deny",
            "custom_rule_id": 60320919,
            "id": "116049:VIKI_301778:60320919",
            "security_policy_id": "VIKI_301778"
          },
          "sensitive_attributes": [],
          "private": "bnVsbA==",
          "dependencies": [
            "module.security.akamai_appsec_configuration.config",
            "module.security.akamai_appsec_custom_rule.princegbnordvpn_60250571",
            "module.security.akamai_appsec_security_policy.production",
            "module.security.data.akamai_group.group"
          ]
        }
      ]
    },
    {
      "module": "module.security",
      "mode": "managed",
      "type": "akamai_appsec_custom_rule_action",
      "name": "production_60251165",
      "provider": "provider[\"registry.terraform.io/akamai/akamai\"]",
      "instances": [
        {
          "schema_version": 0,
          "attributes": {
            "config_id": 116049,
            "custom_rule_action": "alert",
            "custom_rule_id": 60320909,
            "id": "116049:VIKI_301778:60320909",
            "security_policy_id": "VIKI_301778"
          },
          "sensitive_attributes": [],
          "private": "bnVsbA==",
          "dependencies": [
            "module.security.akamai_appsec_configuration.config",
            "module.security.akamai_appsec_custom_rule.monitor_registration_60251165",
            "module.security.akamai_appsec_security_policy.production",
            "module.security.data.akamai_group.group"
          ]
        }
      ]
    },
    {
      "module": "module.security",
      "mode": "managed",
      "type": "akamai_appsec_custom_rule_action",
      "name": "production_60252635",
      "provider": "provider[\"registry.terraform.io/akamai/akamai\"]",
      "instances": [
        {
          "schema_version": 0,
          "attributes": {
            "config_id": 116049,
            "custom_rule_action": "deny",
            "custom_rule_id": 60320924,
            "id": "116049:VIKI_301778:60320924",
            "security_policy_id": "VIKI_301778"
          },
          "sensitive_attributes": [],
          "private": "bnVsbA==",
          "dependencies": [
            "module.security.akamai_appsec_configuration.config",
            "module.security.akamai_appsec_custom_rule.loyalty_attack_60252635",
            "module.security.akamai_appsec_security_policy.production",
            "module.security.data.akamai_group.group"
          ]
        }
      ]
    },
    {
      "module": "module.security",
      "mode": "managed",
      "type": "akamai_appsec_custom_rule_action",
      "name": "production_60252875",
      "provider": "provider[\"registry.terraform.io/akamai/akamai\"]",
      "instances": [
        {
          "schema_version": 0,
          "attributes": {
            "config_id": 116049,
            "custom_rule_action": "deny",
            "custom_rule_id": 60320929,
            "id": "116049:VIKI_301778:60320929",
            "security_policy_id": "VIKI_301778"
          },
          "sensitive_attributes": [],
          "private": "bnVsbA==",
          "dependencies": [
            "module.security.akamai_appsec_configuration.config",
            "module.security.akamai_appsec_custom_rule.block_08473795_60252875",
            "module.security.akamai_appsec_security_policy.production",
            "module.security.data.akamai_group.group"
          ]
        }
      ]
    },
    {
      "module": "module.security",
      "mode": "managed",
      "type": "akamai_appsec_custom_rule_action",
      "name": "production_60261105",
      "provider": "provider[\"registry.terraform.io/akamai/akamai\"]",
      "instances": [
        {
          "schema_version": 0,
          "attributes": {
            "config_id": 116049,
            "custom_rule_action": "deny",
            "custom_rule_id": 60320911,
            "id": "116049:VIKI_301778:60320911",
            "security_policy_id": "VIKI_301778"
          },
          "sensitive_attributes": [],
          "private": "bnVsbA==",
          "dependencies": [
            "module.security.akamai_appsec_configuration.config",
            "module.security.akamai_appsec_custom_rule.facebook_crawler_60261105",
            "module.security.akamai_appsec_security_policy.production",
            "module.security.data.akamai_group.group"
          ]
        }
      ]
    },
    {
      "module": "module.security",
      "mode": "managed",
      "type": "akamai_appsec_custom_rule_action",
      "name": "production_60275731",
      "provider": "provider[\"registry.terraform.io/akamai/akamai\"]",
      "instances": [
        {
          "schema_version": 0,
          "attributes": {
            "config_id": 116049,
            "custom_rule_action": "deny",
            "custom_rule_id": 60320920,
            "id": "116049:VIKI_301778:60320920",
            "security_policy_id": "VIKI_301778"
          },
          "sensitive_attributes": [],
          "private": "bnVsbA==",
          "dependencies": [
            "module.security.akamai_appsec_configuration.config",
            "module.security.akamai_appsec_custom_rule.loyalty_attackoptanon_60275731",
            "module.security.akamai_appsec_security_policy.production",
            "module.security.data.akamai_group.group"
          ]
        }
      ]
    },
    {
      "module": "module.security",
      "mode": "managed",
      "type": "akamai_appsec_custom_rule_action",
      "name": "production_60279065",
      "provider": "provider[\"registry.terraform.io/akamai/akamai\"]",
      "instances": [
        {
          "schema_version": 0,
          "attributes": {
            "config_id": 116049,
            "custom_rule_action": "deny",
            "custom_rule_id": 60320915,
            "id": "116049:VIKI_301778:60320915",
            "security_policy_id": "VIKI_301778"
          },
          "sensitive_attributes": [],
          "private": "bnVsbA==",
          "dependencies": [
            "module.security.akamai_appsec_configuration.config",
            "module.security.akamai_appsec_custom_rule.princegb_old_rruserid_60279065",
            "module.security.akamai_appsec_security_policy.production",
            "module.security.data.akamai_group.group"
          ]
        }
      ]
    },
    {
      "module": "module.security",
      "mode": "managed",
      "type": "akamai_appsec_ip_geo",
      "name": "production",
      "provider": "provider[\"registry.terraform.io/akamai/akamai\"]",
      "instances": [
        {
          "schema_version": 0,
          "attributes": {
            "asn_network_lists": [
              "158011_BLOCKEDASN"
            ],
            "config_id": 116049,
            "exception_ip_network_lists": [
              "76248_IPBLOCKLISTEXCEPTIONS",
              "161157_SUSPICIOUSMONITOR",
              "162338_SITE24X7"
            ],
            "geo_network_lists": [
              "76249_GEOBLOCKLIST"
            ],
            "id": "116049:VIKI_301778",
            "ip_network_lists": [
              "76247_IPBLOCKLIST",
              "365_AKAMAITOREXITNODES"
            ],
            "mode": "block",
            "security_policy_id": "VIKI_301778",
            "ukraine_geo_control_action": "none"
          },
          "sensitive_attributes": [],
          "private": "bnVsbA==",
          "dependencies": [
            "module.security.akamai_appsec_configuration.config",
            "module.security.akamai_appsec_security_policy.production",
            "module.security.data.akamai_group.group"
          ]
        }
      ]
    },
    {
      "module": "module.security",
      "mode": "managed",
      "type": "akamai_appsec_ip_geo",
      "name": "testing",
      "provider": "provider[\"registry.terraform.io/akamai/akamai\"]",
      "instances": [
        {
          "schema_version": 0,
          "attributes": {
            "asn_network_lists": [
              "158011_BLOCKEDASN"
            ],
            "config_id": 116049,
            "exception_ip_network_lists": [
              "76248_IPBLOCKLISTEXCEPTIONS",
              "161157_SUSPICIOUSMONITOR",
              "162338_SITE24X7"
            ],
            "geo_network_lists": [
              "76249_GEOBLOCKLIST"
            ],
            "id": "116049:STPF_301779",
            "ip_network_lists": [
              "76247_IPBLOCKLIST",
              "365_AKAMAITOREXITNODES"
            ],
            "mode": "block",
            "security_policy_id": "STPF_301779",
            "ukraine_geo_control_action": "none"
          },
          "sensitive_attributes": [],
          "private": "bnVsbA==",
          "dependencies": [
            "module.security.akamai_appsec_configuration.config",
            "module.security.akamai_appsec_security_policy.testing",
            "module.security.data.akamai_group.group"
          ]
        }
      ]
    },
    {
      "module": "module.security",
      "mode": "managed",
      "type": "akamai_appsec_ip_geo_protection",
      "name": "production",
      "provider": "provider[\"registry.terraform.io/akamai/akamai\"]",
      "instances": [
        {
          "schema_version": 0,
          "attributes": {
            "config_id": 116049,
            "enabled": true,
            "id": "116049:VIKI_301778",
            "output_text": "\n+------------------------------------------------------------------------------------------------------------------------------------------------------------+\n| Security Policy Protections                                                                                                                                |\n+----------------+--------------------------+----------------+-----------------+----------------------+--------------+--------------------+------------------+\n| APICONSTRAINTS | APPLICATIONLAYERCONTROLS | BOTMANCONTROLS | MALWARECONTROLS | NETWORKLAYERCONTROLS | RATECONTROLS | REPUTATIONCONTROLS | SLOWPOSTCONTROLS |\n+----------------+--------------------------+----------------+-----------------+----------------------+--------------+--------------------+------------------+\n| false          | true                     | false          | false           | true                 | true         | false              | true             |\n+----------------+--------------------------+----------------+-----------------+----------------------+--------------+--------------------+------------------+\n",
            "security_policy_id": "VIKI_301778"
          },
          "sensitive_attributes": [],
          "private": "bnVsbA==",
          "dependencies": [
            "module.security.akamai_appsec_configuration.config",
            "module.security.akamai_appsec_security_policy.production",
            "module.security.data.akamai_group.group"
          ]
        }
      ]
    },
    {
      "module": "module.security",
      "mode": "managed",
      "type": "akamai_appsec_ip_geo_protection",
      "name": "testing",
      "provider": "provider[\"registry.terraform.io/akamai/akamai\"]",
      "instances": [
        {
          "schema_version": 0,
          "attributes": {
            "config_id": 116049,
            "enabled": true,
            "id": "116049:STPF_301779",
            "output_text": "\n+------------------------------------------------------------------------------------------------------------------------------------------------------------+\n| Security Policy Protections                                                                                                                                |\n+----------------+--------------------------+----------------+-----------------+----------------------+--------------+--------------------+------------------+\n| APICONSTRAINTS | APPLICATIONLAYERCONTROLS | BOTMANCONTROLS | MALWARECONTROLS | NETWORKLAYERCONTROLS | RATECONTROLS | REPUTATIONCONTROLS | SLOWPOSTCONTROLS |\n+----------------+--------------------------+----------------+-----------------+----------------------+--------------+--------------------+------------------+\n| false          | true                     | true           | false           | true                 | true         | false              | true             |\n+----------------+--------------------------+----------------+-----------------+----------------------+--------------+--------------------+------------------+\n",
            "security_policy_id": "STPF_301779"
          },
          "sensitive_attributes": [],
          "private": "bnVsbA==",
          "dependencies": [
            "module.security.akamai_appsec_configuration.config",
            "module.security.akamai_appsec_security_policy.testing",
            "module.security.data.akamai_group.group"
          ]
        }
      ]
    },
    {
      "module": "module.security",
      "mode": "managed",
      "type": "akamai_appsec_penalty_box",
      "name": "production",
      "provider": "provider[\"registry.terraform.io/akamai/akamai\"]",
      "instances": [
        {
          "schema_version": 0,
          "attributes": {
            "config_id": 116049,
            "id": "116049:VIKI_301778",
            "penalty_box_action": "deny",
            "penalty_box_protection": true,
            "security_policy_id": "VIKI_301778"
          },
          "sensitive_attributes": [],
          "private": "bnVsbA==",
          "dependencies": [
            "module.security.akamai_appsec_configuration.config",
            "module.security.akamai_appsec_security_policy.production",
            "module.security.data.akamai_group.group"
          ]
        }
      ]
    },
    {
      "module": "module.security",
      "mode": "managed",
      "type": "akamai_appsec_penalty_box",
      "name": "testing",
      "provider": "provider[\"registry.terraform.io/akamai/akamai\"]",
      "instances": [
        {
          "schema_version": 0,
          "attributes": {
            "config_id": 116049,
            "id": "116049:STPF_301779",
            "penalty_box_action": "alert",
            "penalty_box_protection": true,
            "security_policy_id": "STPF_301779"
          },
          "sensitive_attributes": [],
          "private": "bnVsbA==",
          "dependencies": [
            "module.security.akamai_appsec_configuration.config",
            "module.security.akamai_appsec_security_policy.testing",
            "module.security.data.akamai_group.group"
          ]
        }
      ]
    },
    {
      "module": "module.security",
      "mode": "managed",
      "type": "akamai_appsec_rate_policy",
      "name": "login_page_post",
      "provider": "provider[\"registry.terraform.io/akamai/akamai\"]",
      "instances": [
        {
          "schema_version": 0,
          "attributes": {
            "config_id": 116049,
            "id": "116049:324621",
            "rate_policy": "{\"matchType\":\"path\",\"type\":\"WAF\",\"name\":\"Login page POST\",\"averageThreshold\":1,\"burstThreshold\":1,\"clientIdentifiers\":[\"ip\"],\"useXForwardForHeaders\":false,\"requestType\":\"ClientRequest\",\"sameActionOnIpv6\":true,\"path\":{\"positiveMatch\":true,\"values\":[\"/en/j_spring_security_check\",\"/de/j_spring_security_check\"]},\"pathMatchType\":\"Custom\",\"pathUriPositiveMatch\":true,\"additionalMatchOptions\":[{\"positiveMatch\":false,\"type\":\"NetworkListCondition\",\"values\":[\"76251_RATECONTROLSBYPASSLIST\"]},{\"positiveMatch\":true,\"type\":\"RequestMethodCondition\",\"values\":[\"POST\"]}],\"counterType\":\"per_edge\",\"penaltyBoxDuration\":\"TEN_MINUTES\"}",
            "rate_policy_id": 324621
          },
          "sensitive_attributes": [],
          "private": "bnVsbA==",
          "dependencies": [
            "module.security.akamai_appsec_configuration.config",
            "module.security.data.akamai_group.group"
          ]
        }
      ]
    },
    {
      "module": "module.security",
      "mode": "managed",
      "type": "akamai_appsec_rate_policy",
      "name": "loyaltyscheme",
      "provider": "provider[\"registry.terraform.io/akamai/akamai\"]",
      "instances": [
        {
          "schema_version": 0,
          "attributes": {
            "config_id": 116049,
            "id": "116049:324616",
            "rate_policy": "{\"matchType\":\"path\",\"type\":\"WAF\",\"name\":\"LoyaltyScheme\",\"description\":\"Block brute force attack on LoyaltyScheme URL.\",\"averageThreshold\":2,\"burstThreshold\":4,\"burstWindow\":5,\"clientIdentifiers\":[\"ip\"],\"useXForwardForHeaders\":false,\"requestType\":\"ClientRequest\",\"sameActionOnIpv6\":true,\"path\":{\"positiveMatch\":true,\"values\":[\"/ajax/loyalty/linkLoyaltyScheme\"]},\"pathMatchType\":\"Custom\",\"pathUriPositiveMatch\":true,\"hostnames\":[\"www.viking-direct.co.uk\"],\"counterType\":\"per_edge\",\"penaltyBoxDuration\":\"TEN_MINUTES\"}",
            "rate_policy_id": 324616
          },
          "sensitive_attributes": [],
          "private": "bnVsbA==",
          "dependencies": [
            "module.security.akamai_appsec_configuration.config",
            "module.security.data.akamai_group.group"
          ]
        }
      ]
    },
    {
      "module": "module.security",
      "mode": "managed",
      "type": "akamai_appsec_rate_policy",
      "name": "origin_error",
      "provider": "provider[\"registry.terraform.io/akamai/akamai\"]",
      "instances": [
        {
          "schema_version": 0,
          "attributes": {
            "config_id": 116049,
            "id": "116049:324619",
            "rate_policy": "{\"matchType\":\"path\",\"type\":\"WAF\",\"name\":\"1Origin Error\",\"description\":\"An excessive error rate from the origin could indicate malicious activity by a bot scanning the site or a publishing error. In both cases, this would increase the origin traffic and could potentially destabilize it.\",\"averageThreshold\":5,\"burstThreshold\":8,\"clientIdentifiers\":[\"ip\"],\"useXForwardForHeaders\":false,\"requestType\":\"ForwardResponse\",\"sameActionOnIpv6\":true,\"pathMatchType\":\"Custom\",\"pathUriPositiveMatch\":true,\"additionalMatchOptions\":[{\"positiveMatch\":false,\"type\":\"NetworkListCondition\",\"values\":[\"76251_RATECONTROLSBYPASSLIST\"]},{\"positiveMatch\":true,\"type\":\"ResponseStatusCondition\",\"values\":[\"400\",\"401\",\"402\",\"403\",\"404\",\"405\",\"406\",\"407\",\"408\",\"409\",\"410\",\"500\",\"501\",\"502\",\"503\",\"504\"]}],\"counterType\":\"per_edge\",\"penaltyBoxDuration\":\"TEN_MINUTES\"}",
            "rate_policy_id": 324619
          },
          "sensitive_attributes": [],
          "private": "bnVsbA==",
          "dependencies": [
            "module.security.akamai_appsec_configuration.config",
            "module.security.data.akamai_group.group"
          ]
        }
      ]
    },
    {
      "module": "module.security",
      "mode": "managed",
      "type": "akamai_appsec_rate_policy",
      "name": "page_view_requests",
      "provider": "provider[\"registry.terraform.io/akamai/akamai\"]",
      "instances": [
        {
          "schema_version": 0,
          "attributes": {
            "config_id": 116049,
            "id": "116049:324617",
            "rate_policy": "{\"matchType\":\"path\",\"type\":\"WAF\",\"name\":\"1Page View Requests\",\"description\":\"A popular brute force attack consists of sending a large number of requests for base page HTML page or XHR requests (usually non-cacheable). This could destabilize the origin.\\nType: DoS Detection\",\"averageThreshold\":18,\"burstThreshold\":25,\"clientIdentifiers\":[\"ip\"],\"useXForwardForHeaders\":false,\"requestType\":\"ClientRequest\",\"sameActionOnIpv6\":true,\"path\":{\"positiveMatch\":false,\"values\":[\"/is/image/*\"]},\"pathMatchType\":\"Custom\",\"pathUriPositiveMatch\":true,\"fileExtensions\":{\"positiveMatch\":false,\"values\":[\"aif\",\"aiff\",\"au\",\"avi\",\"bin\",\"bmp\",\"cab\",\"carb\",\"cct\",\"cdf\",\"class\",\"css\",\"csv\",\"dcr\",\"doc\",\"docx\",\"dtd\",\"ejs\",\"ejss\",\"eot\",\"eps\",\"exe\",\"flv\",\"gcf\",\"gff\",\"gif\",\"grv\",\"hdml\",\"hdp\",\"hqx\",\"ico\",\"ini\",\"jar\",\"jp2\",\"jpeg\",\"jpg\",\"js\",\"jxr\",\"mid\",\"midi\",\"mov\",\"mp3\",\"mp4\",\"nc\",\"ogv\",\"otc\",\"otf\",\"pct\",\"pdf\",\"pict\",\"pls\",\"png\",\"ppc\",\"ppt\",\"pptx\",\"ps\",\"pws\",\"svg\",\"svgz\",\"swa\",\"swf\",\"tif\",\"tiff\",\"ttc\",\"ttf\",\"txt\",\"vbs\",\"w32\",\"wav\",\"wbmp\",\"wdp\",\"webm\",\"webp\",\"wml\",\"wmlc\",\"wmls\",\"wmlsc\",\"woff\",\"woff2\",\"xls\",\"xlsx\",\"xsd\",\"zip\"]},\"additionalMatchOptions\":[{\"positiveMatch\":false,\"type\":\"NetworkListCondition\",\"values\":[\"76251_RATECONTROLSBYPASSLIST\"]},{\"positiveMatch\":false,\"type\":\"RequestMethodCondition\",\"values\":[\"POST\"]}],\"counterType\":\"per_edge\",\"penaltyBoxDuration\":\"TEN_MINUTES\"}",
            "rate_policy_id": 324617
          },
          "sensitive_attributes": [],
          "private": "bnVsbA==",
          "dependencies": [
            "module.security.akamai_appsec_configuration.config",
            "module.security.data.akamai_group.group"
          ]
        }
      ]
    },
    {
      "module": "module.security",
      "mode": "managed",
      "type": "akamai_appsec_rate_policy",
      "name": "post_requests",
      "provider": "provider[\"registry.terraform.io/akamai/akamai\"]",
      "instances": [
        {
          "schema_version": 0,
          "attributes": {
            "config_id": 116049,
            "id": "116049:324620",
            "rate_policy": "{\"matchType\":\"path\",\"type\":\"WAF\",\"name\":\"1POST Requests\",\"description\":\"Mitigating HTTP flood attacks using POST requests.\",\"averageThreshold\":12,\"burstThreshold\":20,\"clientIdentifiers\":[\"ip\"],\"useXForwardForHeaders\":false,\"requestType\":\"ClientRequest\",\"sameActionOnIpv6\":true,\"pathMatchType\":\"Custom\",\"pathUriPositiveMatch\":true,\"additionalMatchOptions\":[{\"positiveMatch\":false,\"type\":\"NetworkListCondition\",\"values\":[\"76251_RATECONTROLSBYPASSLIST\"]},{\"positiveMatch\":true,\"type\":\"RequestMethodCondition\",\"values\":[\"POST\"]}],\"counterType\":\"per_edge\",\"penaltyBoxDuration\":\"TEN_MINUTES\"}",
            "rate_policy_id": 324620
          },
          "sensitive_attributes": [],
          "private": "bnVsbA==",
          "dependencies": [
            "module.security.akamai_appsec_configuration.config",
            "module.security.data.akamai_group.group"
          ]
        }
      ]
    },
    {
      "module": "module.security",
      "mode": "managed",
      "type": "akamai_appsec_rate_policy",
      "name": "post_requests__new",
      "provider": "provider[\"registry.terraform.io/akamai/akamai\"]",
      "instances": [
        {
          "schema_version": 0,
          "attributes": {
            "config_id": 116049,
            "id": "116049:324618",
            "rate_policy": "{\"matchType\":\"path\",\"type\":\"WAF\",\"name\":\"POST Requests - new\",\"description\":\"Mitigating HTTP flood atacks using POST requests\",\"averageThreshold\":8,\"burstThreshold\":15,\"clientIdentifiers\":[\"ip\"],\"useXForwardForHeaders\":false,\"requestType\":\"ClientRequest\",\"sameActionOnIpv6\":true,\"pathMatchType\":\"Custom\",\"pathUriPositiveMatch\":true,\"additionalMatchOptions\":[{\"positiveMatch\":false,\"type\":\"NetworkListCondition\",\"values\":[\"76251_RATECONTROLSBYPASSLIST\"]},{\"positiveMatch\":true,\"type\":\"RequestMethodCondition\",\"values\":[\"POST\"]}],\"counterType\":\"per_edge\",\"penaltyBoxDuration\":\"TEN_MINUTES\"}",
            "rate_policy_id": 324618
          },
          "sensitive_attributes": [],
          "private": "bnVsbA==",
          "dependencies": [
            "module.security.akamai_appsec_configuration.config",
            "module.security.data.akamai_group.group"
          ]
        }
      ]
    },
    {
      "module": "module.security",
      "mode": "managed",
      "type": "akamai_appsec_rate_policy_action",
      "name": "production_login_page_post",
      "provider": "provider[\"registry.terraform.io/akamai/akamai\"]",
      "instances": [
        {
          "schema_version": 0,
          "attributes": {
            "config_id": 116049,
            "id": "116049:VIKI_301778:324621",
            "ipv4_action": "deny",
            "ipv6_action": "deny",
            "rate_policy_id": 324621,
            "security_policy_id": "VIKI_301778"
          },
          "sensitive_attributes": [],
          "private": "bnVsbA==",
          "dependencies": [
            "module.security.akamai_appsec_configuration.config",
            "module.security.akamai_appsec_rate_policy.login_page_post",
            "module.security.akamai_appsec_security_policy.production",
            "module.security.data.akamai_group.group"
          ]
        }
      ]
    },
    {
      "module": "module.security",
      "mode": "managed",
      "type": "akamai_appsec_rate_policy_action",
      "name": "production_loyaltyscheme",
      "provider": "provider[\"registry.terraform.io/akamai/akamai\"]",
      "instances": [
        {
          "schema_version": 0,
          "attributes": {
            "config_id": 116049,
            "id": "116049:VIKI_301778:324616",
            "ipv4_action": "deny",
            "ipv6_action": "deny",
            "rate_policy_id": 324616,
            "security_policy_id": "VIKI_301778"
          },
          "sensitive_attributes": [],
          "private": "bnVsbA==",
          "dependencies": [
            "module.security.akamai_appsec_configuration.config",
            "module.security.akamai_appsec_rate_policy.loyaltyscheme",
            "module.security.akamai_appsec_security_policy.production",
            "module.security.data.akamai_group.group"
          ]
        }
      ]
    },
    {
      "module": "module.security",
      "mode": "managed",
      "type": "akamai_appsec_rate_policy_action",
      "name": "production_origin_error",
      "provider": "provider[\"registry.terraform.io/akamai/akamai\"]",
      "instances": [
        {
          "schema_version": 0,
          "attributes": {
            "config_id": 116049,
            "id": "116049:VIKI_301778:324619",
            "ipv4_action": "deny",
            "ipv6_action": "deny",
            "rate_policy_id": 324619,
            "security_policy_id": "VIKI_301778"
          },
          "sensitive_attributes": [],
          "private": "bnVsbA==",
          "dependencies": [
            "module.security.akamai_appsec_configuration.config",
            "module.security.akamai_appsec_rate_policy.origin_error",
            "module.security.akamai_appsec_security_policy.production",
            "module.security.data.akamai_group.group"
          ]
        }
      ]
    },
    {
      "module": "module.security",
      "mode": "managed",
      "type": "akamai_appsec_rate_policy_action",
      "name": "production_page_view_requests",
      "provider": "provider[\"registry.terraform.io/akamai/akamai\"]",
      "instances": [
        {
          "schema_version": 0,
          "attributes": {
            "config_id": 116049,
            "id": "116049:VIKI_301778:324617",
            "ipv4_action": "deny",
            "ipv6_action": "deny",
            "rate_policy_id": 324617,
            "security_policy_id": "VIKI_301778"
          },
          "sensitive_attributes": [],
          "private": "bnVsbA==",
          "dependencies": [
            "module.security.akamai_appsec_configuration.config",
            "module.security.akamai_appsec_rate_policy.page_view_requests",
            "module.security.akamai_appsec_security_policy.production",
            "module.security.data.akamai_group.group"
          ]
        }
      ]
    },
    {
      "module": "module.security",
      "mode": "managed",
      "type": "akamai_appsec_rate_policy_action",
      "name": "production_post_requests",
      "provider": "provider[\"registry.terraform.io/akamai/akamai\"]",
      "instances": [
        {
          "schema_version": 0,
          "attributes": {
            "config_id": 116049,
            "id": "116049:VIKI_301778:324620",
            "ipv4_action": "deny",
            "ipv6_action": "deny",
            "rate_policy_id": 324620,
            "security_policy_id": "VIKI_301778"
          },
          "sensitive_attributes": [],
          "private": "bnVsbA==",
          "dependencies": [
            "module.security.akamai_appsec_configuration.config",
            "module.security.akamai_appsec_rate_policy.post_requests",
            "module.security.akamai_appsec_security_policy.production",
            "module.security.data.akamai_group.group"
          ]
        }
      ]
    },
    {
      "module": "module.security",
      "mode": "managed",
      "type": "akamai_appsec_rate_policy_action",
      "name": "production_post_requests__new",
      "provider": "provider[\"registry.terraform.io/akamai/akamai\"]",
      "instances": [
        {
          "schema_version": 0,
          "attributes": {
            "config_id": 116049,
            "id": "116049:VIKI_301778:324618",
            "ipv4_action": "alert",
            "ipv6_action": "alert",
            "rate_policy_id": 324618,
            "security_policy_id": "VIKI_301778"
          },
          "sensitive_attributes": [],
          "private": "bnVsbA==",
          "dependencies": [
            "module.security.akamai_appsec_configuration.config",
            "module.security.akamai_appsec_rate_policy.post_requests__new",
            "module.security.akamai_appsec_security_policy.production",
            "module.security.data.akamai_group.group"
          ]
        }
      ]
    },
    {
      "module": "module.security",
      "mode": "managed",
      "type": "akamai_appsec_rate_policy_action",
      "name": "testing_origin_error",
      "provider": "provider[\"registry.terraform.io/akamai/akamai\"]",
      "instances": [
        {
          "schema_version": 0,
          "attributes": {
            "config_id": 116049,
            "id": "116049:STPF_301779:324619",
            "ipv4_action": "alert",
            "ipv6_action": "alert",
            "rate_policy_id": 324619,
            "security_policy_id": "STPF_301779"
          },
          "sensitive_attributes": [],
          "private": "bnVsbA==",
          "dependencies": [
            "module.security.akamai_appsec_configuration.config",
            "module.security.akamai_appsec_rate_policy.origin_error",
            "module.security.akamai_appsec_security_policy.testing",
            "module.security.data.akamai_group.group"
          ]
        }
      ]
    },
    {
      "module": "module.security",
      "mode": "managed",
      "type": "akamai_appsec_rate_policy_action",
      "name": "testing_page_view_requests",
      "provider": "provider[\"registry.terraform.io/akamai/akamai\"]",
      "instances": [
        {
          "schema_version": 0,
          "attributes": {
            "config_id": 116049,
            "id": "116049:STPF_301779:324617",
            "ipv4_action": "alert",
            "ipv6_action": "alert",
            "rate_policy_id": 324617,
            "security_policy_id": "STPF_301779"
          },
          "sensitive_attributes": [],
          "private": "bnVsbA==",
          "dependencies": [
            "module.security.akamai_appsec_configuration.config",
            "module.security.akamai_appsec_rate_policy.page_view_requests",
            "module.security.akamai_appsec_security_policy.testing",
            "module.security.data.akamai_group.group"
          ]
        }
      ]
    },
    {
      "module": "module.security",
      "mode": "managed",
      "type": "akamai_appsec_rate_policy_action",
      "name": "testing_post_requests",
      "provider": "provider[\"registry.terraform.io/akamai/akamai\"]",
      "instances": [
        {
          "schema_version": 0,
          "attributes": {
            "config_id": 116049,
            "id": "116049:STPF_301779:324620",
            "ipv4_action": "alert",
            "ipv6_action": "alert",
            "rate_policy_id": 324620,
            "security_policy_id": "STPF_301779"
          },
          "sensitive_attributes": [],
          "private": "bnVsbA==",
          "dependencies": [
            "module.security.akamai_appsec_configuration.config",
            "module.security.akamai_appsec_rate_policy.post_requests",
            "module.security.akamai_appsec_security_policy.testing",
            "module.security.data.akamai_group.group"
          ]
        }
      ]
    },
    {
      "module": "module.security",
      "mode": "managed",
      "type": "akamai_appsec_rate_protection",
      "name": "production",
      "provider": "provider[\"registry.terraform.io/akamai/akamai\"]",
      "instances": [
        {
          "schema_version": 0,
          "attributes": {
            "config_id": 116049,
            "enabled": true,
            "id": "116049:VIKI_301778",
            "output_text": "\n+------------------------------------------------------------------------------------------------------------------------------------------------------------+\n| Security Policy Protections                                                                                                                                |\n+----------------+--------------------------+----------------+-----------------+----------------------+--------------+--------------------+------------------+\n| APICONSTRAINTS | APPLICATIONLAYERCONTROLS | BOTMANCONTROLS | MALWARECONTROLS | NETWORKLAYERCONTROLS | RATECONTROLS | REPUTATIONCONTROLS | SLOWPOSTCONTROLS |\n+----------------+--------------------------+----------------+-----------------+----------------------+--------------+--------------------+------------------+\n| false          | true                     | false          | false           | true                 | true         | false              | true             |\n+----------------+--------------------------+----------------+-----------------+----------------------+--------------+--------------------+------------------+\n",
            "security_policy_id": "VIKI_301778"
          },
          "sensitive_attributes": [],
          "private": "bnVsbA==",
          "dependencies": [
            "module.security.akamai_appsec_configuration.config",
            "module.security.akamai_appsec_security_policy.production",
            "module.security.data.akamai_group.group"
          ]
        }
      ]
    },
    {
      "module": "module.security",
      "mode": "managed",
      "type": "akamai_appsec_rate_protection",
      "name": "testing",
      "provider": "provider[\"registry.terraform.io/akamai/akamai\"]",
      "instances": [
        {
          "schema_version": 0,
          "attributes": {
            "config_id": 116049,
            "enabled": true,
            "id": "116049:STPF_301779",
            "output_text": "\n+------------------------------------------------------------------------------------------------------------------------------------------------------------+\n| Security Policy Protections                                                                                                                                |\n+----------------+--------------------------+----------------+-----------------+----------------------+--------------+--------------------+------------------+\n| APICONSTRAINTS | APPLICATIONLAYERCONTROLS | BOTMANCONTROLS | MALWARECONTROLS | NETWORKLAYERCONTROLS | RATECONTROLS | REPUTATIONCONTROLS | SLOWPOSTCONTROLS |\n+----------------+--------------------------+----------------+-----------------+----------------------+--------------+--------------------+------------------+\n| false          | true                     | true           | false           | true                 | true         | false              | true             |\n+----------------+--------------------------+----------------+-----------------+----------------------+--------------+--------------------+------------------+\n",
            "security_policy_id": "STPF_301779"
          },
          "sensitive_attributes": [],
          "private": "bnVsbA==",
          "dependencies": [
            "module.security.akamai_appsec_configuration.config",
            "module.security.akamai_appsec_security_policy.testing",
            "module.security.data.akamai_group.group"
          ]
        }
      ]
    },
    {
      "module": "module.security",
      "mode": "managed",
      "type": "akamai_appsec_rule",
      "name": "production_aseoutbounderror_970118",
      "provider": "provider[\"registry.terraform.io/akamai/akamai\"]",
      "instances": [
        {
          "schema_version": 0,
          "attributes": {
            "condition_exception": null,
            "config_id": 116049,
            "id": "116049:VIKI_301778:970118",
            "rule_action": "alert",
            "rule_id": 970118,
            "security_policy_id": "VIKI_301778"
          },
          "sensitive_attributes": [],
          "private": "bnVsbA==",
          "dependencies": [
            "module.security.akamai_appsec_configuration.config",
            "module.security.akamai_appsec_security_policy.production",
            "module.security.data.akamai_group.group"
          ]
        }
      ]
    },
    {
      "module": "module.security",
      "mode": "managed",
      "type": "akamai_appsec_rule",
      "name": "production_aseoutbounderror_970901",
      "provider": "provider[\"registry.terraform.io/akamai/akamai\"]",
      "instances": [
        {
          "schema_version": 0,
          "attributes": {
            "condition_exception": null,
            "config_id": 116049,
            "id": "116049:VIKI_301778:970901",
            "rule_action": "alert",
            "rule_id": 970901,
            "security_policy_id": "VIKI_301778"
          },
          "sensitive_attributes": [],
          "private": "bnVsbA==",
          "dependencies": [
            "module.security.akamai_appsec_configuration.config",
            "module.security.akamai_appsec_security_policy.production",
            "module.security.data.akamai_group.group"
          ]
        }
      ]
    },
    {
      "module": "module.security",
      "mode": "managed",
      "type": "akamai_appsec_rule",
      "name": "production_aseoutboundleakage_970003",
      "provider": "provider[\"registry.terraform.io/akamai/akamai\"]",
      "instances": [
        {
          "schema_version": 0,
          "attributes": {
            "condition_exception": null,
            "config_id": 116049,
            "id": "116049:VIKI_301778:970003",
            "rule_action": "alert",
            "rule_id": 970003,
            "security_policy_id": "VIKI_301778"
          },
          "sensitive_attributes": [],
          "private": "bnVsbA==",
          "dependencies": [
            "module.security.akamai_appsec_configuration.config",
            "module.security.akamai_appsec_security_policy.production",
            "module.security.data.akamai_group.group"
          ]
        }
      ]
    },
    {
      "module": "module.security",
      "mode": "managed",
      "type": "akamai_appsec_rule",
      "name": "production_aseoutboundleakage_970004",
      "provider": "provider[\"registry.terraform.io/akamai/akamai\"]",
      "instances": [
        {
          "schema_version": 0,
          "attributes": {
            "condition_exception": null,
            "config_id": 116049,
            "id": "116049:VIKI_301778:970004",
            "rule_action": "alert",
            "rule_id": 970004,
            "security_policy_id": "VIKI_301778"
          },
          "sensitive_attributes": [],
          "private": "bnVsbA==",
          "dependencies": [
            "module.security.akamai_appsec_configuration.config",
            "module.security.akamai_appsec_security_policy.production",
            "module.security.data.akamai_group.group"
          ]
        }
      ]
    },
    {
      "module": "module.security",
      "mode": "managed",
      "type": "akamai_appsec_rule",
      "name": "production_aseoutboundleakage_970009",
      "provider": "provider[\"registry.terraform.io/akamai/akamai\"]",
      "instances": [
        {
          "schema_version": 0,
          "attributes": {
            "condition_exception": null,
            "config_id": 116049,
            "id": "116049:VIKI_301778:970009",
            "rule_action": "alert",
            "rule_id": 970009,
            "security_policy_id": "VIKI_301778"
          },
          "sensitive_attributes": [],
          "private": "bnVsbA==",
          "dependencies": [
            "module.security.akamai_appsec_configuration.config",
            "module.security.akamai_appsec_security_policy.production",
            "module.security.data.akamai_group.group"
          ]
        }
      ]
    },
    {
      "module": "module.security",
      "mode": "managed",
      "type": "akamai_appsec_rule",
      "name": "production_aseoutboundleakage_970011",
      "provider": "provider[\"registry.terraform.io/akamai/akamai\"]",
      "instances": [
        {
          "schema_version": 0,
          "attributes": {
            "condition_exception": null,
            "config_id": 116049,
            "id": "116049:VIKI_301778:970011",
            "rule_action": "alert",
            "rule_id": 970011,
            "security_policy_id": "VIKI_301778"
          },
          "sensitive_attributes": [],
          "private": "bnVsbA==",
          "dependencies": [
            "module.security.akamai_appsec_configuration.config",
            "module.security.akamai_appsec_security_policy.production",
            "module.security.data.akamai_group.group"
          ]
        }
      ]
    },
    {
      "module": "module.security",
      "mode": "managed",
      "type": "akamai_appsec_rule",
      "name": "production_aseoutboundleakage_970013",
      "provider": "provider[\"registry.terraform.io/akamai/akamai\"]",
      "instances": [
        {
          "schema_version": 0,
          "attributes": {
            "condition_exception": null,
            "config_id": 116049,
            "id": "116049:VIKI_301778:970013",
            "rule_action": "alert",
            "rule_id": 970013,
            "security_policy_id": "VIKI_301778"
          },
          "sensitive_attributes": [],
          "private": "bnVsbA==",
          "dependencies": [
            "module.security.akamai_appsec_configuration.config",
            "module.security.akamai_appsec_security_policy.production",
            "module.security.data.akamai_group.group"
          ]
        }
      ]
    },
    {
      "module": "module.security",
      "mode": "managed",
      "type": "akamai_appsec_rule",
      "name": "production_aseoutboundleakage_970014",
      "provider": "provider[\"registry.terraform.io/akamai/akamai\"]",
      "instances": [
        {
          "schema_version": 0,
          "attributes": {
            "condition_exception": null,
            "config_id": 116049,
            "id": "116049:VIKI_301778:970014",
            "rule_action": "alert",
            "rule_id": 970014,
            "security_policy_id": "VIKI_301778"
          },
          "sensitive_attributes": [],
          "private": "bnVsbA==",
          "dependencies": [
            "module.security.akamai_appsec_configuration.config",
            "module.security.akamai_appsec_security_policy.production",
            "module.security.data.akamai_group.group"
          ]
        }
      ]
    },
    {
      "module": "module.security",
      "mode": "managed",
      "type": "akamai_appsec_rule",
      "name": "production_aseoutboundleakage_970015",
      "provider": "provider[\"registry.terraform.io/akamai/akamai\"]",
      "instances": [
        {
          "schema_version": 0,
          "attributes": {
            "condition_exception": null,
            "config_id": 116049,
            "id": "116049:VIKI_301778:970015",
            "rule_action": "alert",
            "rule_id": 970015,
            "security_policy_id": "VIKI_301778"
          },
          "sensitive_attributes": [],
          "private": "bnVsbA==",
          "dependencies": [
            "module.security.akamai_appsec_configuration.config",
            "module.security.akamai_appsec_security_policy.production",
            "module.security.data.akamai_group.group"
          ]
        }
      ]
    },
    {
      "module": "module.security",
      "mode": "managed",
      "type": "akamai_appsec_rule",
      "name": "production_aseoutboundleakage_970902",
      "provider": "provider[\"registry.terraform.io/akamai/akamai\"]",
      "instances": [
        {
          "schema_version": 0,
          "attributes": {
            "condition_exception": null,
            "config_id": 116049,
            "id": "116049:VIKI_301778:970902",
            "rule_action": "alert",
            "rule_id": 970902,
            "security_policy_id": "VIKI_301778"
          },
          "sensitive_attributes": [],
          "private": "bnVsbA==",
          "dependencies": [
            "module.security.akamai_appsec_configuration.config",
            "module.security.akamai_appsec_security_policy.production",
            "module.security.data.akamai_group.group"
          ]
        }
      ]
    },
    {
      "module": "module.security",
      "mode": "managed",
      "type": "akamai_appsec_rule",
      "name": "production_aseoutboundleakage_970903",
      "provider": "provider[\"registry.terraform.io/akamai/akamai\"]",
      "instances": [
        {
          "schema_version": 0,
          "attributes": {
            "condition_exception": null,
            "config_id": 116049,
            "id": "116049:VIKI_301778:970903",
            "rule_action": "alert",
            "rule_id": 970903,
            "security_policy_id": "VIKI_301778"
          },
          "sensitive_attributes": [],
          "private": "bnVsbA==",
          "dependencies": [
            "module.security.akamai_appsec_configuration.config",
            "module.security.akamai_appsec_security_policy.production",
            "module.security.data.akamai_group.group"
          ]
        }
      ]
    },
    {
      "module": "module.security",
      "mode": "managed",
      "type": "akamai_appsec_rule",
      "name": "production_aseoutboundleakage_970904",
      "provider": "provider[\"registry.terraform.io/akamai/akamai\"]",
      "instances": [
        {
          "schema_version": 0,
          "attributes": {
            "condition_exception": null,
            "config_id": 116049,
            "id": "116049:VIKI_301778:970904",
            "rule_action": "alert",
            "rule_id": 970904,
            "security_policy_id": "VIKI_301778"
          },
          "sensitive_attributes": [],
          "private": "bnVsbA==",
          "dependencies": [
            "module.security.akamai_appsec_configuration.config",
            "module.security.akamai_appsec_security_policy.production",
            "module.security.data.akamai_group.group"
          ]
        }
      ]
    },
    {
      "module": "module.security",
      "mode": "managed",
      "type": "akamai_appsec_rule",
      "name": "production_aseweb_attackcmd_injection_3000005",
      "provider": "provider[\"registry.terraform.io/akamai/akamai\"]",
      "instances": [
        {
          "schema_version": 0,
          "attributes": {
            "condition_exception": null,
            "config_id": 116049,
            "id": "116049:VIKI_301778:3000005",
            "rule_action": "alert",
            "rule_id": 3000005,
            "security_policy_id": "VIKI_301778"
          },
          "sensitive_attributes": [],
          "private": "bnVsbA==",
          "dependencies": [
            "module.security.akamai_appsec_configuration.config",
            "module.security.akamai_appsec_security_policy.production",
            "module.security.data.akamai_group.group"
          ]
        }
      ]
    },
    {
      "module": "module.security",
      "mode": "managed",
      "type": "akamai_appsec_rule",
      "name": "production_aseweb_attackcmd_injection_3000007",
      "provider": "provider[\"registry.terraform.io/akamai/akamai\"]",
      "instances": [
        {
          "schema_version": 0,
          "attributes": {
            "condition_exception": null,
            "config_id": 116049,
            "id": "116049:VIKI_301778:3000007",
            "rule_action": "alert",
            "rule_id": 3000007,
            "security_policy_id": "VIKI_301778"
          },
          "sensitive_attributes": [],
          "private": "bnVsbA==",
          "dependencies": [
            "module.security.akamai_appsec_configuration.config",
            "module.security.akamai_appsec_security_policy.production",
            "module.security.data.akamai_group.group"
          ]
        }
      ]
    },
    {
      "module": "module.security",
      "mode": "managed",
      "type": "akamai_appsec_rule",
      "name": "production_aseweb_attackcmd_injection_3000012",
      "provider": "provider[\"registry.terraform.io/akamai/akamai\"]",
      "instances": [
        {
          "schema_version": 0,
          "attributes": {
            "condition_exception": null,
            "config_id": 116049,
            "id": "116049:VIKI_301778:3000012",
            "rule_action": "alert",
            "rule_id": 3000012,
            "security_policy_id": "VIKI_301778"
          },
          "sensitive_attributes": [],
          "private": "bnVsbA==",
          "dependencies": [
            "module.security.akamai_appsec_configuration.config",
            "module.security.akamai_appsec_security_policy.production",
            "module.security.data.akamai_group.group"
          ]
        }
      ]
    },
    {
      "module": "module.security",
      "mode": "managed",
      "type": "akamai_appsec_rule",
      "name": "production_aseweb_attackcmd_injection_3000013",
      "provider": "provider[\"registry.terraform.io/akamai/akamai\"]",
      "instances": [
        {
          "schema_version": 0,
          "attributes": {
            "condition_exception": null,
            "config_id": 116049,
            "id": "116049:VIKI_301778:3000013",
            "rule_action": "alert",
            "rule_id": 3000013,
            "security_policy_id": "VIKI_301778"
          },
          "sensitive_attributes": [],
          "private": "bnVsbA==",
          "dependencies": [
            "module.security.akamai_appsec_configuration.config",
            "module.security.akamai_appsec_security_policy.production",
            "module.security.data.akamai_group.group"
          ]
        }
      ]
    },
    {
      "module": "module.security",
      "mode": "managed",
      "type": "akamai_appsec_rule",
      "name": "production_aseweb_attackcmd_injection_3000014",
      "provider": "provider[\"registry.terraform.io/akamai/akamai\"]",
      "instances": [
        {
          "schema_version": 0,
          "attributes": {
            "condition_exception": null,
            "config_id": 116049,
            "id": "116049:VIKI_301778:3000014",
            "rule_action": "alert",
            "rule_id": 3000014,
            "security_policy_id": "VIKI_301778"
          },
          "sensitive_attributes": [],
          "private": "bnVsbA==",
          "dependencies": [
            "module.security.akamai_appsec_configuration.config",
            "module.security.akamai_appsec_security_policy.production",
            "module.security.data.akamai_group.group"
          ]
        }
      ]
    },
    {
      "module": "module.security",
      "mode": "managed",
      "type": "akamai_appsec_rule",
      "name": "production_aseweb_attackcmd_injection_3000023",
      "provider": "provider[\"registry.terraform.io/akamai/akamai\"]",
      "instances": [
        {
          "schema_version": 0,
          "attributes": {
            "condition_exception": null,
            "config_id": 116049,
            "id": "116049:VIKI_301778:3000023",
            "rule_action": "alert",
            "rule_id": 3000023,
            "security_policy_id": "VIKI_301778"
          },
          "sensitive_attributes": [],
          "private": "bnVsbA==",
          "dependencies": [
            "module.security.akamai_appsec_configuration.config",
            "module.security.akamai_appsec_security_policy.production",
            "module.security.data.akamai_group.group"
          ]
        }
      ]
    },
    {
      "module": "module.security",
      "mode": "managed",
      "type": "akamai_appsec_rule",
      "name": "production_aseweb_attackcmd_injection_3000025",
      "provider": "provider[\"registry.terraform.io/akamai/akamai\"]",
      "instances": [
        {
          "schema_version": 0,
          "attributes": {
            "condition_exception": null,
            "config_id": 116049,
            "id": "116049:VIKI_301778:3000025",
            "rule_action": "alert",
            "rule_id": 3000025,
            "security_policy_id": "VIKI_301778"
          },
          "sensitive_attributes": [],
          "private": "bnVsbA==",
          "dependencies": [
            "module.security.akamai_appsec_configuration.config",
            "module.security.akamai_appsec_security_policy.production",
            "module.security.data.akamai_group.group"
          ]
        }
      ]
    },
    {
      "module": "module.security",
      "mode": "managed",
      "type": "akamai_appsec_rule",
      "name": "production_aseweb_attackcmd_injection_3000033",
      "provider": "provider[\"registry.terraform.io/akamai/akamai\"]",
      "instances": [
        {
          "schema_version": 0,
          "attributes": {
            "condition_exception": null,
            "config_id": 116049,
            "id": "116049:VIKI_301778:3000033",
            "rule_action": "alert",
            "rule_id": 3000033,
            "security_policy_id": "VIKI_301778"
          },
          "sensitive_attributes": [],
          "private": "bnVsbA==",
          "dependencies": [
            "module.security.akamai_appsec_configuration.config",
            "module.security.akamai_appsec_security_policy.production",
            "module.security.data.akamai_group.group"
          ]
        }
      ]
    },
    {
      "module": "module.security",
      "mode": "managed",
      "type": "akamai_appsec_rule",
      "name": "production_aseweb_attackcmd_injection_3000034",
      "provider": "provider[\"registry.terraform.io/akamai/akamai\"]",
      "instances": [
        {
          "schema_version": 0,
          "attributes": {
            "condition_exception": null,
            "config_id": 116049,
            "id": "116049:VIKI_301778:3000034",
            "rule_action": "alert",
            "rule_id": 3000034,
            "security_policy_id": "VIKI_301778"
          },
          "sensitive_attributes": [],
          "private": "bnVsbA==",
          "dependencies": [
            "module.security.akamai_appsec_configuration.config",
            "module.security.akamai_appsec_security_policy.production",
            "module.security.data.akamai_group.group"
          ]
        }
      ]
    },
    {
      "module": "module.security",
      "mode": "managed",
      "type": "akamai_appsec_rule",
      "name": "production_aseweb_attackcmd_injection_3000041",
      "provider": "provider[\"registry.terraform.io/akamai/akamai\"]",
      "instances": [
        {
          "schema_version": 0,
          "attributes": {
            "condition_exception": null,
            "config_id": 116049,
            "id": "116049:VIKI_301778:3000041",
            "rule_action": "alert",
            "rule_id": 3000041,
            "security_policy_id": "VIKI_301778"
          },
          "sensitive_attributes": [],
          "private": "bnVsbA==",
          "dependencies": [
            "module.security.akamai_appsec_configuration.config",
            "module.security.akamai_appsec_security_policy.production",
            "module.security.data.akamai_group.group"
          ]
        }
      ]
    },
    {
      "module": "module.security",
      "mode": "managed",
      "type": "akamai_appsec_rule",
      "name": "production_aseweb_attackcmd_injection_3000056",
      "provider": "provider[\"registry.terraform.io/akamai/akamai\"]",
      "instances": [
        {
          "schema_version": 0,
          "attributes": {
            "condition_exception": null,
            "config_id": 116049,
            "id": "116049:VIKI_301778:3000056",
            "rule_action": "alert",
            "rule_id": 3000056,
            "security_policy_id": "VIKI_301778"
          },
          "sensitive_attributes": [],
          "private": "bnVsbA==",
          "dependencies": [
            "module.security.akamai_appsec_configuration.config",
            "module.security.akamai_appsec_security_policy.production",
            "module.security.data.akamai_group.group"
          ]
        }
      ]
    },
    {
      "module": "module.security",
      "mode": "managed",
      "type": "akamai_appsec_rule",
      "name": "production_aseweb_attackcmd_injection_3000058",
      "provider": "provider[\"registry.terraform.io/akamai/akamai\"]",
      "instances": [
        {
          "schema_version": 0,
          "attributes": {
            "condition_exception": null,
            "config_id": 116049,
            "id": "116049:VIKI_301778:3000058",
            "rule_action": "alert",
            "rule_id": 3000058,
            "security_policy_id": "VIKI_301778"
          },
          "sensitive_attributes": [],
          "private": "bnVsbA==",
          "dependencies": [
            "module.security.akamai_appsec_configuration.config",
            "module.security.akamai_appsec_security_policy.production",
            "module.security.data.akamai_group.group"
          ]
        }
      ]
    },
    {
      "module": "module.security",
      "mode": "managed",
      "type": "akamai_appsec_rule",
      "name": "production_aseweb_attackcmd_injection_3000065",
      "provider": "provider[\"registry.terraform.io/akamai/akamai\"]",
      "instances": [
        {
          "schema_version": 0,
          "attributes": {
            "condition_exception": null,
            "config_id": 116049,
            "id": "116049:VIKI_301778:3000065",
            "rule_action": "alert",
            "rule_id": 3000065,
            "security_policy_id": "VIKI_301778"
          },
          "sensitive_attributes": [],
          "private": "bnVsbA==",
          "dependencies": [
            "module.security.akamai_appsec_configuration.config",
            "module.security.akamai_appsec_security_policy.production",
            "module.security.data.akamai_group.group"
          ]
        }
      ]
    },
    {
      "module": "module.security",
      "mode": "managed",
      "type": "akamai_appsec_rule",
      "name": "production_aseweb_attackcmd_injection_3000072",
      "provider": "provider[\"registry.terraform.io/akamai/akamai\"]",
      "instances": [
        {
          "schema_version": 0,
          "attributes": {
            "condition_exception": null,
            "config_id": 116049,
            "id": "116049:VIKI_301778:3000072",
            "rule_action": "alert",
            "rule_id": 3000072,
            "security_policy_id": "VIKI_301778"
          },
          "sensitive_attributes": [],
          "private": "bnVsbA==",
          "dependencies": [
            "module.security.akamai_appsec_configuration.config",
            "module.security.akamai_appsec_security_policy.production",
            "module.security.data.akamai_group.group"
          ]
        }
      ]
    },
    {
      "module": "module.security",
      "mode": "managed",
      "type": "akamai_appsec_rule",
      "name": "production_aseweb_attackcmd_injection_3000141",
      "provider": "provider[\"registry.terraform.io/akamai/akamai\"]",
      "instances": [
        {
          "schema_version": 0,
          "attributes": {
            "condition_exception": null,
            "config_id": 116049,
            "id": "116049:VIKI_301778:3000141",
            "rule_action": "alert",
            "rule_id": 3000141,
            "security_policy_id": "VIKI_301778"
          },
          "sensitive_attributes": [],
          "private": "bnVsbA==",
          "dependencies": [
            "module.security.akamai_appsec_configuration.config",
            "module.security.akamai_appsec_security_policy.production",
            "module.security.data.akamai_group.group"
          ]
        }
      ]
    },
    {
      "module": "module.security",
      "mode": "managed",
      "type": "akamai_appsec_rule",
      "name": "production_aseweb_attackcmd_injection_3000142",
      "provider": "provider[\"registry.terraform.io/akamai/akamai\"]",
      "instances": [
        {
          "schema_version": 0,
          "attributes": {
            "condition_exception": null,
            "config_id": 116049,
            "id": "116049:VIKI_301778:3000142",
            "rule_action": "alert",
            "rule_id": 3000142,
            "security_policy_id": "VIKI_301778"
          },
          "sensitive_attributes": [],
          "private": "bnVsbA==",
          "dependencies": [
            "module.security.akamai_appsec_configuration.config",
            "module.security.akamai_appsec_security_policy.production",
            "module.security.data.akamai_group.group"
          ]
        }
      ]
    },
    {
      "module": "module.security",
      "mode": "managed",
      "type": "akamai_appsec_rule",
      "name": "production_aseweb_attackcmd_injection_3000143",
      "provider": "provider[\"registry.terraform.io/akamai/akamai\"]",
      "instances": [
        {
          "schema_version": 0,
          "attributes": {
            "condition_exception": null,
            "config_id": 116049,
            "id": "116049:VIKI_301778:3000143",
            "rule_action": "alert",
            "rule_id": 3000143,
            "security_policy_id": "VIKI_301778"
          },
          "sensitive_attributes": [],
          "private": "bnVsbA==",
          "dependencies": [
            "module.security.akamai_appsec_configuration.config",
            "module.security.akamai_appsec_security_policy.production",
            "module.security.data.akamai_group.group"
          ]
        }
      ]
    },
    {
      "module": "module.security",
      "mode": "managed",
      "type": "akamai_appsec_rule",
      "name": "production_aseweb_attackcmd_injection_3000144",
      "provider": "provider[\"registry.terraform.io/akamai/akamai\"]",
      "instances": [
        {
          "schema_version": 0,
          "attributes": {
            "condition_exception": null,
            "config_id": 116049,
            "id": "116049:VIKI_301778:3000144",
            "rule_action": "alert",
            "rule_id": 3000144,
            "security_policy_id": "VIKI_301778"
          },
          "sensitive_attributes": [],
          "private": "bnVsbA==",
          "dependencies": [
            "module.security.akamai_appsec_configuration.config",
            "module.security.akamai_appsec_security_policy.production",
            "module.security.data.akamai_group.group"
          ]
        }
      ]
    },
    {
      "module": "module.security",
      "mode": "managed",
      "type": "akamai_appsec_rule",
      "name": "production_aseweb_attackcmd_injection_3000145",
      "provider": "provider[\"registry.terraform.io/akamai/akamai\"]",
      "instances": [
        {
          "schema_version": 0,
          "attributes": {
            "condition_exception": null,
            "config_id": 116049,
            "id": "116049:VIKI_301778:3000145",
            "rule_action": "alert",
            "rule_id": 3000145,
            "security_policy_id": "VIKI_301778"
          },
          "sensitive_attributes": [],
          "private": "bnVsbA==",
          "dependencies": [
            "module.security.akamai_appsec_configuration.config",
            "module.security.akamai_appsec_security_policy.production",
            "module.security.data.akamai_group.group"
          ]
        }
      ]
    },
    {
      "module": "module.security",
      "mode": "managed",
      "type": "akamai_appsec_rule",
      "name": "production_aseweb_attackcmd_injection_3000146",
      "provider": "provider[\"registry.terraform.io/akamai/akamai\"]",
      "instances": [
        {
          "schema_version": 0,
          "attributes": {
            "condition_exception": null,
            "config_id": 116049,
            "id": "116049:VIKI_301778:3000146",
            "rule_action": "alert",
            "rule_id": 3000146,
            "security_policy_id": "VIKI_301778"
          },
          "sensitive_attributes": [],
          "private": "bnVsbA==",
          "dependencies": [
            "module.security.akamai_appsec_configuration.config",
            "module.security.akamai_appsec_security_policy.production",
            "module.security.data.akamai_group.group"
          ]
        }
      ]
    },
    {
      "module": "module.security",
      "mode": "managed",
      "type": "akamai_appsec_rule",
      "name": "production_aseweb_attackcmd_injection_3000147",
      "provider": "provider[\"registry.terraform.io/akamai/akamai\"]",
      "instances": [
        {
          "schema_version": 0,
          "attributes": {
            "condition_exception": null,
            "config_id": 116049,
            "id": "116049:VIKI_301778:3000147",
            "rule_action": "alert",
            "rule_id": 3000147,
            "security_policy_id": "VIKI_301778"
          },
          "sensitive_attributes": [],
          "private": "bnVsbA==",
          "dependencies": [
            "module.security.akamai_appsec_configuration.config",
            "module.security.akamai_appsec_security_policy.production",
            "module.security.data.akamai_group.group"
          ]
        }
      ]
    },
    {
      "module": "module.security",
      "mode": "managed",
      "type": "akamai_appsec_rule",
      "name": "production_aseweb_attackcmd_injection_3000148",
      "provider": "provider[\"registry.terraform.io/akamai/akamai\"]",
      "instances": [
        {
          "schema_version": 0,
          "attributes": {
            "condition_exception": null,
            "config_id": 116049,
            "id": "116049:VIKI_301778:3000148",
            "rule_action": "alert",
            "rule_id": 3000148,
            "security_policy_id": "VIKI_301778"
          },
          "sensitive_attributes": [],
          "private": "bnVsbA==",
          "dependencies": [
            "module.security.akamai_appsec_configuration.config",
            "module.security.akamai_appsec_security_policy.production",
            "module.security.data.akamai_group.group"
          ]
        }
      ]
    },
    {
      "module": "module.security",
      "mode": "managed",
      "type": "akamai_appsec_rule",
      "name": "production_aseweb_attackcmd_injection_3000149",
      "provider": "provider[\"registry.terraform.io/akamai/akamai\"]",
      "instances": [
        {
          "schema_version": 0,
          "attributes": {
            "condition_exception": null,
            "config_id": 116049,
            "id": "116049:VIKI_301778:3000149",
            "rule_action": "alert",
            "rule_id": 3000149,
            "security_policy_id": "VIKI_301778"
          },
          "sensitive_attributes": [],
          "private": "bnVsbA==",
          "dependencies": [
            "module.security.akamai_appsec_configuration.config",
            "module.security.akamai_appsec_security_policy.production",
            "module.security.data.akamai_group.group"
          ]
        }
      ]
    },
    {
      "module": "module.security",
      "mode": "managed",
      "type": "akamai_appsec_rule",
      "name": "production_aseweb_attackcmd_injection_3000150",
      "provider": "provider[\"registry.terraform.io/akamai/akamai\"]",
      "instances": [
        {
          "schema_version": 0,
          "attributes": {
            "condition_exception": null,
            "config_id": 116049,
            "id": "116049:VIKI_301778:3000150",
            "rule_action": "alert",
            "rule_id": 3000150,
            "security_policy_id": "VIKI_301778"
          },
          "sensitive_attributes": [],
          "private": "bnVsbA==",
          "dependencies": [
            "module.security.akamai_appsec_configuration.config",
            "module.security.akamai_appsec_security_policy.production",
            "module.security.data.akamai_group.group"
          ]
        }
      ]
    },
    {
      "module": "module.security",
      "mode": "managed",
      "type": "akamai_appsec_rule",
      "name": "production_aseweb_attackcmd_injection_3000151",
      "provider": "provider[\"registry.terraform.io/akamai/akamai\"]",
      "instances": [
        {
          "schema_version": 0,
          "attributes": {
            "condition_exception": null,
            "config_id": 116049,
            "id": "116049:VIKI_301778:3000151",
            "rule_action": "alert",
            "rule_id": 3000151,
            "security_policy_id": "VIKI_301778"
          },
          "sensitive_attributes": [],
          "private": "bnVsbA==",
          "dependencies": [
            "module.security.akamai_appsec_configuration.config",
            "module.security.akamai_appsec_security_policy.production",
            "module.security.data.akamai_group.group"
          ]
        }
      ]
    },
    {
      "module": "module.security",
      "mode": "managed",
      "type": "akamai_appsec_rule",
      "name": "production_aseweb_attackcmd_injection_3000152",
      "provider": "provider[\"registry.terraform.io/akamai/akamai\"]",
      "instances": [
        {
          "schema_version": 0,
          "attributes": {
            "condition_exception": null,
            "config_id": 116049,
            "id": "116049:VIKI_301778:3000152",
            "rule_action": "alert",
            "rule_id": 3000152,
            "security_policy_id": "VIKI_301778"
          },
          "sensitive_attributes": [],
          "private": "bnVsbA==",
          "dependencies": [
            "module.security.akamai_appsec_configuration.config",
            "module.security.akamai_appsec_security_policy.production",
            "module.security.data.akamai_group.group"
          ]
        }
      ]
    },
    {
      "module": "module.security",
      "mode": "managed",
      "type": "akamai_appsec_rule",
      "name": "production_aseweb_attackcmd_injection_3000153",
      "provider": "provider[\"registry.terraform.io/akamai/akamai\"]",
      "instances": [
        {
          "schema_version": 0,
          "attributes": {
            "condition_exception": null,
            "config_id": 116049,
            "id": "116049:VIKI_301778:3000153",
            "rule_action": "alert",
            "rule_id": 3000153,
            "security_policy_id": "VIKI_301778"
          },
          "sensitive_attributes": [],
          "private": "bnVsbA==",
          "dependencies": [
            "module.security.akamai_appsec_configuration.config",
            "module.security.akamai_appsec_security_policy.production",
            "module.security.data.akamai_group.group"
          ]
        }
      ]
    },
    {
      "module": "module.security",
      "mode": "managed",
      "type": "akamai_appsec_rule",
      "name": "production_aseweb_attackcmd_injection_3000154",
      "provider": "provider[\"registry.terraform.io/akamai/akamai\"]",
      "instances": [
        {
          "schema_version": 0,
          "attributes": {
            "condition_exception": null,
            "config_id": 116049,
            "id": "116049:VIKI_301778:3000154",
            "rule_action": "alert",
            "rule_id": 3000154,
            "security_policy_id": "VIKI_301778"
          },
          "sensitive_attributes": [],
          "private": "bnVsbA==",
          "dependencies": [
            "module.security.akamai_appsec_configuration.config",
            "module.security.akamai_appsec_security_policy.production",
            "module.security.data.akamai_group.group"
          ]
        }
      ]
    },
    {
      "module": "module.security",
      "mode": "managed",
      "type": "akamai_appsec_rule",
      "name": "production_aseweb_attackcmd_injection_3000155",
      "provider": "provider[\"registry.terraform.io/akamai/akamai\"]",
      "instances": [
        {
          "schema_version": 0,
          "attributes": {
            "condition_exception": null,
            "config_id": 116049,
            "id": "116049:VIKI_301778:3000155",
            "rule_action": "alert",
            "rule_id": 3000155,
            "security_policy_id": "VIKI_301778"
          },
          "sensitive_attributes": [],
          "private": "bnVsbA==",
          "dependencies": [
            "module.security.akamai_appsec_configuration.config",
            "module.security.akamai_appsec_security_policy.production",
            "module.security.data.akamai_group.group"
          ]
        }
      ]
    },
    {
      "module": "module.security",
      "mode": "managed",
      "type": "akamai_appsec_rule",
      "name": "production_aseweb_attackcmd_injection_3000156",
      "provider": "provider[\"registry.terraform.io/akamai/akamai\"]",
      "instances": [
        {
          "schema_version": 0,
          "attributes": {
            "condition_exception": null,
            "config_id": 116049,
            "id": "116049:VIKI_301778:3000156",
            "rule_action": "alert",
            "rule_id": 3000156,
            "security_policy_id": "VIKI_301778"
          },
          "sensitive_attributes": [],
          "private": "bnVsbA==",
          "dependencies": [
            "module.security.akamai_appsec_configuration.config",
            "module.security.akamai_appsec_security_policy.production",
            "module.security.data.akamai_group.group"
          ]
        }
      ]
    },
    {
      "module": "module.security",
      "mode": "managed",
      "type": "akamai_appsec_rule",
      "name": "production_aseweb_attackcmd_injection_3000169",
      "provider": "provider[\"registry.terraform.io/akamai/akamai\"]",
      "instances": [
        {
          "schema_version": 0,
          "attributes": {
            "condition_exception": null,
            "config_id": 116049,
            "id": "116049:VIKI_301778:3000169",
            "rule_action": "alert",
            "rule_id": 3000169,
            "security_policy_id": "VIKI_301778"
          },
          "sensitive_attributes": [],
          "private": "bnVsbA==",
          "dependencies": [
            "module.security.akamai_appsec_configuration.config",
            "module.security.akamai_appsec_security_policy.production",
            "module.security.data.akamai_group.group"
          ]
        }
      ]
    },
    {
      "module": "module.security",
      "mode": "managed",
      "type": "akamai_appsec_rule",
      "name": "production_aseweb_attackcmd_injection_3000170",
      "provider": "provider[\"registry.terraform.io/akamai/akamai\"]",
      "instances": [
        {
          "schema_version": 0,
          "attributes": {
            "condition_exception": null,
            "config_id": 116049,
            "id": "116049:VIKI_301778:3000170",
            "rule_action": "alert",
            "rule_id": 3000170,
            "security_policy_id": "VIKI_301778"
          },
          "sensitive_attributes": [],
          "private": "bnVsbA==",
          "dependencies": [
            "module.security.akamai_appsec_configuration.config",
            "module.security.akamai_appsec_security_policy.production",
            "module.security.data.akamai_group.group"
          ]
        }
      ]
    },
    {
      "module": "module.security",
      "mode": "managed",
      "type": "akamai_appsec_rule",
      "name": "production_aseweb_attackcmd_injection_3000171",
      "provider": "provider[\"registry.terraform.io/akamai/akamai\"]",
      "instances": [
        {
          "schema_version": 0,
          "attributes": {
            "condition_exception": null,
            "config_id": 116049,
            "id": "116049:VIKI_301778:3000171",
            "rule_action": "alert",
            "rule_id": 3000171,
            "security_policy_id": "VIKI_301778"
          },
          "sensitive_attributes": [],
          "private": "bnVsbA==",
          "dependencies": [
            "module.security.akamai_appsec_configuration.config",
            "module.security.akamai_appsec_security_policy.production",
            "module.security.data.akamai_group.group"
          ]
        }
      ]
    },
    {
      "module": "module.security",
      "mode": "managed",
      "type": "akamai_appsec_rule",
      "name": "production_aseweb_attackcmd_injection_3000172",
      "provider": "provider[\"registry.terraform.io/akamai/akamai\"]",
      "instances": [
        {
          "schema_version": 0,
          "attributes": {
            "condition_exception": null,
            "config_id": 116049,
            "id": "116049:VIKI_301778:3000172",
            "rule_action": "alert",
            "rule_id": 3000172,
            "security_policy_id": "VIKI_301778"
          },
          "sensitive_attributes": [],
          "private": "bnVsbA==",
          "dependencies": [
            "module.security.akamai_appsec_configuration.config",
            "module.security.akamai_appsec_security_policy.production",
            "module.security.data.akamai_group.group"
          ]
        }
      ]
    },
    {
      "module": "module.security",
      "mode": "managed",
      "type": "akamai_appsec_rule",
      "name": "production_aseweb_attackcmd_injection_3000196",
      "provider": "provider[\"registry.terraform.io/akamai/akamai\"]",
      "instances": [
        {
          "schema_version": 0,
          "attributes": {
            "condition_exception": null,
            "config_id": 116049,
            "id": "116049:VIKI_301778:3000196",
            "rule_action": "alert",
            "rule_id": 3000196,
            "security_policy_id": "VIKI_301778"
          },
          "sensitive_attributes": [],
          "private": "bnVsbA==",
          "dependencies": [
            "module.security.akamai_appsec_configuration.config",
            "module.security.akamai_appsec_security_policy.production",
            "module.security.data.akamai_group.group"
          ]
        }
      ]
    },
    {
      "module": "module.security",
      "mode": "managed",
      "type": "akamai_appsec_rule",
      "name": "production_aseweb_attackcmd_injection_3000197",
      "provider": "provider[\"registry.terraform.io/akamai/akamai\"]",
      "instances": [
        {
          "schema_version": 0,
          "attributes": {
            "condition_exception": null,
            "config_id": 116049,
            "id": "116049:VIKI_301778:3000197",
            "rule_action": "alert",
            "rule_id": 3000197,
            "security_policy_id": "VIKI_301778"
          },
          "sensitive_attributes": [],
          "private": "bnVsbA==",
          "dependencies": [
            "module.security.akamai_appsec_configuration.config",
            "module.security.akamai_appsec_security_policy.production",
            "module.security.data.akamai_group.group"
          ]
        }
      ]
    },
    {
      "module": "module.security",
      "mode": "managed",
      "type": "akamai_appsec_rule",
      "name": "production_aseweb_attackcmd_injection_3000400",
      "provider": "provider[\"registry.terraform.io/akamai/akamai\"]",
      "instances": [
        {
          "schema_version": 0,
          "attributes": {
            "condition_exception": null,
            "config_id": 116049,
            "id": "116049:VIKI_301778:3000400",
            "rule_action": "alert",
            "rule_id": 3000400,
            "security_policy_id": "VIKI_301778"
          },
          "sensitive_attributes": [],
          "private": "bnVsbA==",
          "dependencies": [
            "module.security.akamai_appsec_configuration.config",
            "module.security.akamai_appsec_security_policy.production",
            "module.security.data.akamai_group.group"
          ]
        }
      ]
    },
    {
      "module": "module.security",
      "mode": "managed",
      "type": "akamai_appsec_rule",
      "name": "production_aseweb_attackcmd_injection_3000401",
      "provider": "provider[\"registry.terraform.io/akamai/akamai\"]",
      "instances": [
        {
          "schema_version": 0,
          "attributes": {
            "condition_exception": null,
            "config_id": 116049,
            "id": "116049:VIKI_301778:3000401",
            "rule_action": "alert",
            "rule_id": 3000401,
            "security_policy_id": "VIKI_301778"
          },
          "sensitive_attributes": [],
          "private": "bnVsbA==",
          "dependencies": [
            "module.security.akamai_appsec_configuration.config",
            "module.security.akamai_appsec_security_policy.production",
            "module.security.data.akamai_group.group"
          ]
        }
      ]
    },
    {
      "module": "module.security",
      "mode": "managed",
      "type": "akamai_appsec_rule",
      "name": "production_aseweb_attackcmd_injection_3000403",
      "provider": "provider[\"registry.terraform.io/akamai/akamai\"]",
      "instances": [
        {
          "schema_version": 0,
          "attributes": {
            "condition_exception": null,
            "config_id": 116049,
            "id": "116049:VIKI_301778:3000403",
            "rule_action": "alert",
            "rule_id": 3000403,
            "security_policy_id": "VIKI_301778"
          },
          "sensitive_attributes": [],
          "private": "bnVsbA==",
          "dependencies": [
            "module.security.akamai_appsec_configuration.config",
            "module.security.akamai_appsec_security_policy.production",
            "module.security.data.akamai_group.group"
          ]
        }
      ]
    },
    {
      "module": "module.security",
      "mode": "managed",
      "type": "akamai_appsec_rule",
      "name": "production_aseweb_attackcmd_injection_3000404",
      "provider": "provider[\"registry.terraform.io/akamai/akamai\"]",
      "instances": [
        {
          "schema_version": 0,
          "attributes": {
            "condition_exception": null,
            "config_id": 116049,
            "id": "116049:VIKI_301778:3000404",
            "rule_action": "alert",
            "rule_id": 3000404,
            "security_policy_id": "VIKI_301778"
          },
          "sensitive_attributes": [],
          "private": "bnVsbA==",
          "dependencies": [
            "module.security.akamai_appsec_configuration.config",
            "module.security.akamai_appsec_security_policy.production",
            "module.security.data.akamai_group.group"
          ]
        }
      ]
    },
    {
      "module": "module.security",
      "mode": "managed",
      "type": "akamai_appsec_rule",
      "name": "production_aseweb_attackcmd_injection_3000405",
      "provider": "provider[\"registry.terraform.io/akamai/akamai\"]",
      "instances": [
        {
          "schema_version": 0,
          "attributes": {
            "condition_exception": null,
            "config_id": 116049,
            "id": "116049:VIKI_301778:3000405",
            "rule_action": "alert",
            "rule_id": 3000405,
            "security_policy_id": "VIKI_301778"
          },
          "sensitive_attributes": [],
          "private": "bnVsbA==",
          "dependencies": [
            "module.security.akamai_appsec_configuration.config",
            "module.security.akamai_appsec_security_policy.production",
            "module.security.data.akamai_group.group"
          ]
        }
      ]
    },
    {
      "module": "module.security",
      "mode": "managed",
      "type": "akamai_appsec_rule",
      "name": "production_aseweb_attackcmd_injection_3000406",
      "provider": "provider[\"registry.terraform.io/akamai/akamai\"]",
      "instances": [
        {
          "schema_version": 0,
          "attributes": {
            "condition_exception": null,
            "config_id": 116049,
            "id": "116049:VIKI_301778:3000406",
            "rule_action": "alert",
            "rule_id": 3000406,
            "security_policy_id": "VIKI_301778"
          },
          "sensitive_attributes": [],
          "private": "bnVsbA==",
          "dependencies": [
            "module.security.akamai_appsec_configuration.config",
            "module.security.akamai_appsec_security_policy.production",
            "module.security.data.akamai_group.group"
          ]
        }
      ]
    },
    {
      "module": "module.security",
      "mode": "managed",
      "type": "akamai_appsec_rule",
      "name": "production_aseweb_attackcmd_injection_3000407",
      "provider": "provider[\"registry.terraform.io/akamai/akamai\"]",
      "instances": [
        {
          "schema_version": 0,
          "attributes": {
            "condition_exception": null,
            "config_id": 116049,
            "id": "116049:VIKI_301778:3000407",
            "rule_action": "alert",
            "rule_id": 3000407,
            "security_policy_id": "VIKI_301778"
          },
          "sensitive_attributes": [],
          "private": "bnVsbA==",
          "dependencies": [
            "module.security.akamai_appsec_configuration.config",
            "module.security.akamai_appsec_security_policy.production",
            "module.security.data.akamai_group.group"
          ]
        }
      ]
    },
    {
      "module": "module.security",
      "mode": "managed",
      "type": "akamai_appsec_rule",
      "name": "production_aseweb_attackcmd_injection_950002",
      "provider": "provider[\"registry.terraform.io/akamai/akamai\"]",
      "instances": [
        {
          "schema_version": 0,
          "attributes": {
            "condition_exception": null,
            "config_id": 116049,
            "id": "116049:VIKI_301778:950002",
            "rule_action": "alert",
            "rule_id": 950002,
            "security_policy_id": "VIKI_301778"
          },
          "sensitive_attributes": [],
          "private": "bnVsbA==",
          "dependencies": [
            "module.security.akamai_appsec_configuration.config",
            "module.security.akamai_appsec_security_policy.production",
            "module.security.data.akamai_group.group"
          ]
        }
      ]
    },
    {
      "module": "module.security",
      "mode": "managed",
      "type": "akamai_appsec_rule",
      "name": "production_aseweb_attackcmd_injection_950006",
      "provider": "provider[\"registry.terraform.io/akamai/akamai\"]",
      "instances": [
        {
          "schema_version": 0,
          "attributes": {
            "condition_exception": null,
            "config_id": 116049,
            "id": "116049:VIKI_301778:950006",
            "rule_action": "alert",
            "rule_id": 950006,
            "security_policy_id": "VIKI_301778"
          },
          "sensitive_attributes": [],
          "private": "bnVsbA==",
          "dependencies": [
            "module.security.akamai_appsec_configuration.config",
            "module.security.akamai_appsec_security_policy.production",
            "module.security.data.akamai_group.group"
          ]
        }
      ]
    },
    {
      "module": "module.security",
      "mode": "managed",
      "type": "akamai_appsec_rule",
      "name": "production_aseweb_attackcmd_injection_950011",
      "provider": "provider[\"registry.terraform.io/akamai/akamai\"]",
      "instances": [
        {
          "schema_version": 0,
          "attributes": {
            "condition_exception": null,
            "config_id": 116049,
            "id": "116049:VIKI_301778:950011",
            "rule_action": "alert",
            "rule_id": 950011,
            "security_policy_id": "VIKI_301778"
          },
          "sensitive_attributes": [],
          "private": "bnVsbA==",
          "dependencies": [
            "module.security.akamai_appsec_configuration.config",
            "module.security.akamai_appsec_security_policy.production",
            "module.security.data.akamai_group.group"
          ]
        }
      ]
    },
    {
      "module": "module.security",
      "mode": "managed",
      "type": "akamai_appsec_rule",
      "name": "production_aseweb_attackcmd_injection_959976",
      "provider": "provider[\"registry.terraform.io/akamai/akamai\"]",
      "instances": [
        {
          "schema_version": 0,
          "attributes": {
            "condition_exception": null,
            "config_id": 116049,
            "id": "116049:VIKI_301778:959976",
            "rule_action": "alert",
            "rule_id": 959976,
            "security_policy_id": "VIKI_301778"
          },
          "sensitive_attributes": [],
          "private": "bnVsbA==",
          "dependencies": [
            "module.security.akamai_appsec_configuration.config",
            "module.security.akamai_appsec_security_policy.production",
            "module.security.data.akamai_group.group"
          ]
        }
      ]
    },
    {
      "module": "module.security",
      "mode": "managed",
      "type": "akamai_appsec_rule",
      "name": "production_aseweb_attackcmd_injection_959977",
      "provider": "provider[\"registry.terraform.io/akamai/akamai\"]",
      "instances": [
        {
          "schema_version": 0,
          "attributes": {
            "condition_exception": null,
            "config_id": 116049,
            "id": "116049:VIKI_301778:959977",
            "rule_action": "alert",
            "rule_id": 959977,
            "security_policy_id": "VIKI_301778"
          },
          "sensitive_attributes": [],
          "private": "bnVsbA==",
          "dependencies": [
            "module.security.akamai_appsec_configuration.config",
            "module.security.akamai_appsec_security_policy.production",
            "module.security.data.akamai_group.group"
          ]
        }
      ]
    },
    {
      "module": "module.security",
      "mode": "managed",
      "type": "akamai_appsec_rule",
      "name": "production_aseweb_attackcmd_injection_969151",
      "provider": "provider[\"registry.terraform.io/akamai/akamai\"]",
      "instances": [
        {
          "schema_version": 0,
          "attributes": {
            "condition_exception": null,
            "config_id": 116049,
            "id": "116049:VIKI_301778:969151",
            "rule_action": "alert",
            "rule_id": 969151,
            "security_policy_id": "VIKI_301778"
          },
          "sensitive_attributes": [],
          "private": "bnVsbA==",
          "dependencies": [
            "module.security.akamai_appsec_configuration.config",
            "module.security.akamai_appsec_security_policy.production",
            "module.security.data.akamai_group.group"
          ]
        }
      ]
    },
    {
      "module": "module.security",
      "mode": "managed",
      "type": "akamai_appsec_rule",
      "name": "production_aseweb_attackcmdi_3000195",
      "provider": "provider[\"registry.terraform.io/akamai/akamai\"]",
      "instances": [
        {
          "schema_version": 0,
          "attributes": {
            "condition_exception": null,
            "config_id": 116049,
            "id": "116049:VIKI_301778:3000195",
            "rule_action": "alert",
            "rule_id": 3000195,
            "security_policy_id": "VIKI_301778"
          },
          "sensitive_attributes": [],
          "private": "bnVsbA==",
          "dependencies": [
            "module.security.akamai_appsec_configuration.config",
            "module.security.akamai_appsec_security_policy.production",
            "module.security.data.akamai_group.group"
          ]
        }
      ]
    },
    {
      "module": "module.security",
      "mode": "managed",
      "type": "akamai_appsec_rule",
      "name": "production_aseweb_attacklfi_3000120",
      "provider": "provider[\"registry.terraform.io/akamai/akamai\"]",
      "instances": [
        {
          "schema_version": 0,
          "attributes": {
            "condition_exception": null,
            "config_id": 116049,
            "id": "116049:VIKI_301778:3000120",
            "rule_action": "alert",
            "rule_id": 3000120,
            "security_policy_id": "VIKI_301778"
          },
          "sensitive_attributes": [],
          "private": "bnVsbA==",
          "dependencies": [
            "module.security.akamai_appsec_configuration.config",
            "module.security.akamai_appsec_security_policy.production",
            "module.security.data.akamai_group.group"
          ]
        }
      ]
    },
    {
      "module": "module.security",
      "mode": "managed",
      "type": "akamai_appsec_rule",
      "name": "production_aseweb_attacklfi_3000121",
      "provider": "provider[\"registry.terraform.io/akamai/akamai\"]",
      "instances": [
        {
          "schema_version": 0,
          "attributes": {
            "condition_exception": null,
            "config_id": 116049,
            "id": "116049:VIKI_301778:3000121",
            "rule_action": "alert",
            "rule_id": 3000121,
            "security_policy_id": "VIKI_301778"
          },
          "sensitive_attributes": [],
          "private": "bnVsbA==",
          "dependencies": [
            "module.security.akamai_appsec_configuration.config",
            "module.security.akamai_appsec_security_policy.production",
            "module.security.data.akamai_group.group"
          ]
        }
      ]
    },
    {
      "module": "module.security",
      "mode": "managed",
      "type": "akamai_appsec_rule",
      "name": "production_aseweb_attacklfi_3000122",
      "provider": "provider[\"registry.terraform.io/akamai/akamai\"]",
      "instances": [
        {
          "schema_version": 0,
          "attributes": {
            "condition_exception": null,
            "config_id": 116049,
            "id": "116049:VIKI_301778:3000122",
            "rule_action": "alert",
            "rule_id": 3000122,
            "security_policy_id": "VIKI_301778"
          },
          "sensitive_attributes": [],
          "private": "bnVsbA==",
          "dependencies": [
            "module.security.akamai_appsec_configuration.config",
            "module.security.akamai_appsec_security_policy.production",
            "module.security.data.akamai_group.group"
          ]
        }
      ]
    },
    {
      "module": "module.security",
      "mode": "managed",
      "type": "akamai_appsec_rule",
      "name": "production_aseweb_attacklfi_3000123",
      "provider": "provider[\"registry.terraform.io/akamai/akamai\"]",
      "instances": [
        {
          "schema_version": 0,
          "attributes": {
            "condition_exception": null,
            "config_id": 116049,
            "id": "116049:VIKI_301778:3000123",
            "rule_action": "alert",
            "rule_id": 3000123,
            "security_policy_id": "VIKI_301778"
          },
          "sensitive_attributes": [],
          "private": "bnVsbA==",
          "dependencies": [
            "module.security.akamai_appsec_configuration.config",
            "module.security.akamai_appsec_security_policy.production",
            "module.security.data.akamai_group.group"
          ]
        }
      ]
    },
    {
      "module": "module.security",
      "mode": "managed",
      "type": "akamai_appsec_rule",
      "name": "production_aseweb_attacklfi_3000124",
      "provider": "provider[\"registry.terraform.io/akamai/akamai\"]",
      "instances": [
        {
          "schema_version": 0,
          "attributes": {
            "condition_exception": null,
            "config_id": 116049,
            "id": "116049:VIKI_301778:3000124",
            "rule_action": "alert",
            "rule_id": 3000124,
            "security_policy_id": "VIKI_301778"
          },
          "sensitive_attributes": [],
          "private": "bnVsbA==",
          "dependencies": [
            "module.security.akamai_appsec_configuration.config",
            "module.security.akamai_appsec_security_policy.production",
            "module.security.data.akamai_group.group"
          ]
        }
      ]
    },
    {
      "module": "module.security",
      "mode": "managed",
      "type": "akamai_appsec_rule",
      "name": "production_aseweb_attacklfi_3000125",
      "provider": "provider[\"registry.terraform.io/akamai/akamai\"]",
      "instances": [
        {
          "schema_version": 0,
          "attributes": {
            "condition_exception": null,
            "config_id": 116049,
            "id": "116049:VIKI_301778:3000125",
            "rule_action": "alert",
            "rule_id": 3000125,
            "security_policy_id": "VIKI_301778"
          },
          "sensitive_attributes": [],
          "private": "bnVsbA==",
          "dependencies": [
            "module.security.akamai_appsec_configuration.config",
            "module.security.akamai_appsec_security_policy.production",
            "module.security.data.akamai_group.group"
          ]
        }
      ]
    },
    {
      "module": "module.security",
      "mode": "managed",
      "type": "akamai_appsec_rule",
      "name": "production_aseweb_attacklfi_3000126",
      "provider": "provider[\"registry.terraform.io/akamai/akamai\"]",
      "instances": [
        {
          "schema_version": 0,
          "attributes": {
            "condition_exception": null,
            "config_id": 116049,
            "id": "116049:VIKI_301778:3000126",
            "rule_action": "alert",
            "rule_id": 3000126,
            "security_policy_id": "VIKI_301778"
          },
          "sensitive_attributes": [],
          "private": "bnVsbA==",
          "dependencies": [
            "module.security.akamai_appsec_configuration.config",
            "module.security.akamai_appsec_security_policy.production",
            "module.security.data.akamai_group.group"
          ]
        }
      ]
    },
    {
      "module": "module.security",
      "mode": "managed",
      "type": "akamai_appsec_rule",
      "name": "production_aseweb_attacklfi_3000127",
      "provider": "provider[\"registry.terraform.io/akamai/akamai\"]",
      "instances": [
        {
          "schema_version": 0,
          "attributes": {
            "condition_exception": null,
            "config_id": 116049,
            "id": "116049:VIKI_301778:3000127",
            "rule_action": "alert",
            "rule_id": 3000127,
            "security_policy_id": "VIKI_301778"
          },
          "sensitive_attributes": [],
          "private": "bnVsbA==",
          "dependencies": [
            "module.security.akamai_appsec_configuration.config",
            "module.security.akamai_appsec_security_policy.production",
            "module.security.data.akamai_group.group"
          ]
        }
      ]
    },
    {
      "module": "module.security",
      "mode": "managed",
      "type": "akamai_appsec_rule",
      "name": "production_aseweb_attacklfi_3000500",
      "provider": "provider[\"registry.terraform.io/akamai/akamai\"]",
      "instances": [
        {
          "schema_version": 0,
          "attributes": {
            "condition_exception": null,
            "config_id": 116049,
            "id": "116049:VIKI_301778:3000500",
            "rule_action": "alert",
            "rule_id": 3000500,
            "security_policy_id": "VIKI_301778"
          },
          "sensitive_attributes": [],
          "private": "bnVsbA==",
          "dependencies": [
            "module.security.akamai_appsec_configuration.config",
            "module.security.akamai_appsec_security_policy.production",
            "module.security.data.akamai_group.group"
          ]
        }
      ]
    },
    {
      "module": "module.security",
      "mode": "managed",
      "type": "akamai_appsec_rule",
      "name": "production_aseweb_attacklfi_3000501",
      "provider": "provider[\"registry.terraform.io/akamai/akamai\"]",
      "instances": [
        {
          "schema_version": 0,
          "attributes": {
            "condition_exception": null,
            "config_id": 116049,
            "id": "116049:VIKI_301778:3000501",
            "rule_action": "alert",
            "rule_id": 3000501,
            "security_policy_id": "VIKI_301778"
          },
          "sensitive_attributes": [],
          "private": "bnVsbA==",
          "dependencies": [
            "module.security.akamai_appsec_configuration.config",
            "module.security.akamai_appsec_security_policy.production",
            "module.security.data.akamai_group.group"
          ]
        }
      ]
    },
    {
      "module": "module.security",
      "mode": "managed",
      "type": "akamai_appsec_rule",
      "name": "production_aseweb_attacklfi_3000502",
      "provider": "provider[\"registry.terraform.io/akamai/akamai\"]",
      "instances": [
        {
          "schema_version": 0,
          "attributes": {
            "condition_exception": null,
            "config_id": 116049,
            "id": "116049:VIKI_301778:3000502",
            "rule_action": "alert",
            "rule_id": 3000502,
            "security_policy_id": "VIKI_301778"
          },
          "sensitive_attributes": [],
          "private": "bnVsbA==",
          "dependencies": [
            "module.security.akamai_appsec_configuration.config",
            "module.security.akamai_appsec_security_policy.production",
            "module.security.data.akamai_group.group"
          ]
        }
      ]
    },
    {
      "module": "module.security",
      "mode": "managed",
      "type": "akamai_appsec_rule",
      "name": "production_aseweb_attacklfi_3000503",
      "provider": "provider[\"registry.terraform.io/akamai/akamai\"]",
      "instances": [
        {
          "schema_version": 0,
          "attributes": {
            "condition_exception": null,
            "config_id": 116049,
            "id": "116049:VIKI_301778:3000503",
            "rule_action": "alert",
            "rule_id": 3000503,
            "security_policy_id": "VIKI_301778"
          },
          "sensitive_attributes": [],
          "private": "bnVsbA==",
          "dependencies": [
            "module.security.akamai_appsec_configuration.config",
            "module.security.akamai_appsec_security_policy.production",
            "module.security.data.akamai_group.group"
          ]
        }
      ]
    },
    {
      "module": "module.security",
      "mode": "managed",
      "type": "akamai_appsec_rule",
      "name": "production_aseweb_attacklfi_3000504",
      "provider": "provider[\"registry.terraform.io/akamai/akamai\"]",
      "instances": [
        {
          "schema_version": 0,
          "attributes": {
            "condition_exception": null,
            "config_id": 116049,
            "id": "116049:VIKI_301778:3000504",
            "rule_action": "alert",
            "rule_id": 3000504,
            "security_policy_id": "VIKI_301778"
          },
          "sensitive_attributes": [],
          "private": "bnVsbA==",
          "dependencies": [
            "module.security.akamai_appsec_configuration.config",
            "module.security.akamai_appsec_security_policy.production",
            "module.security.data.akamai_group.group"
          ]
        }
      ]
    },
    {
      "module": "module.security",
      "mode": "managed",
      "type": "akamai_appsec_rule",
      "name": "production_aseweb_attacklfi_3000505",
      "provider": "provider[\"registry.terraform.io/akamai/akamai\"]",
      "instances": [
        {
          "schema_version": 0,
          "attributes": {
            "condition_exception": null,
            "config_id": 116049,
            "id": "116049:VIKI_301778:3000505",
            "rule_action": "alert",
            "rule_id": 3000505,
            "security_policy_id": "VIKI_301778"
          },
          "sensitive_attributes": [],
          "private": "bnVsbA==",
          "dependencies": [
            "module.security.akamai_appsec_configuration.config",
            "module.security.akamai_appsec_security_policy.production",
            "module.security.data.akamai_group.group"
          ]
        }
      ]
    },
    {
      "module": "module.security",
      "mode": "managed",
      "type": "akamai_appsec_rule",
      "name": "production_aseweb_attacklfi_3000506",
      "provider": "provider[\"registry.terraform.io/akamai/akamai\"]",
      "instances": [
        {
          "schema_version": 0,
          "attributes": {
            "condition_exception": null,
            "config_id": 116049,
            "id": "116049:VIKI_301778:3000506",
            "rule_action": "alert",
            "rule_id": 3000506,
            "security_policy_id": "VIKI_301778"
          },
          "sensitive_attributes": [],
          "private": "bnVsbA==",
          "dependencies": [
            "module.security.akamai_appsec_configuration.config",
            "module.security.akamai_appsec_security_policy.production",
            "module.security.data.akamai_group.group"
          ]
        }
      ]
    },
    {
      "module": "module.security",
      "mode": "managed",
      "type": "akamai_appsec_rule",
      "name": "production_aseweb_attacklfi_3000507",
      "provider": "provider[\"registry.terraform.io/akamai/akamai\"]",
      "instances": [
        {
          "schema_version": 0,
          "attributes": {
            "condition_exception": null,
            "config_id": 116049,
            "id": "116049:VIKI_301778:3000507",
            "rule_action": "alert",
            "rule_id": 3000507,
            "security_policy_id": "VIKI_301778"
          },
          "sensitive_attributes": [],
          "private": "bnVsbA==",
          "dependencies": [
            "module.security.akamai_appsec_configuration.config",
            "module.security.akamai_appsec_security_policy.production",
            "module.security.data.akamai_group.group"
          ]
        }
      ]
    },
    {
      "module": "module.security",
      "mode": "managed",
      "type": "akamai_appsec_rule",
      "name": "production_aseweb_attacklfi_950203",
      "provider": "provider[\"registry.terraform.io/akamai/akamai\"]",
      "instances": [
        {
          "schema_version": 0,
          "attributes": {
            "condition_exception": null,
            "config_id": 116049,
            "id": "116049:VIKI_301778:950203",
            "rule_action": "alert",
            "rule_id": 950203,
            "security_policy_id": "VIKI_301778"
          },
          "sensitive_attributes": [],
          "private": "bnVsbA==",
          "dependencies": [
            "module.security.akamai_appsec_configuration.config",
            "module.security.akamai_appsec_security_policy.production",
            "module.security.data.akamai_group.group"
          ]
        }
      ]
    },
    {
      "module": "module.security",
      "mode": "managed",
      "type": "akamai_appsec_rule",
      "name": "production_aseweb_attacklfi_950204",
      "provider": "provider[\"registry.terraform.io/akamai/akamai\"]",
      "instances": [
        {
          "schema_version": 0,
          "attributes": {
            "condition_exception": null,
            "config_id": 116049,
            "id": "116049:VIKI_301778:950204",
            "rule_action": "alert",
            "rule_id": 950204,
            "security_policy_id": "VIKI_301778"
          },
          "sensitive_attributes": [],
          "private": "bnVsbA==",
          "dependencies": [
            "module.security.akamai_appsec_configuration.config",
            "module.security.akamai_appsec_security_policy.production",
            "module.security.data.akamai_group.group"
          ]
        }
      ]
    },
    {
      "module": "module.security",
      "mode": "managed",
      "type": "akamai_appsec_rule",
      "name": "production_aseweb_attackplatform_3000109",
      "provider": "provider[\"registry.terraform.io/akamai/akamai\"]",
      "instances": [
        {
          "schema_version": 0,
          "attributes": {
            "condition_exception": null,
            "config_id": 116049,
            "id": "116049:VIKI_301778:3000109",
            "rule_action": "alert",
            "rule_id": 3000109,
            "security_policy_id": "VIKI_301778"
          },
          "sensitive_attributes": [],
          "private": "bnVsbA==",
          "dependencies": [
            "module.security.akamai_appsec_configuration.config",
            "module.security.akamai_appsec_security_policy.production",
            "module.security.data.akamai_group.group"
          ]
        }
      ]
    },
    {
      "module": "module.security",
      "mode": "managed",
      "type": "akamai_appsec_rule",
      "name": "production_aseweb_attackplatform_3000132",
      "provider": "provider[\"registry.terraform.io/akamai/akamai\"]",
      "instances": [
        {
          "schema_version": 0,
          "attributes": {
            "condition_exception": null,
            "config_id": 116049,
            "id": "116049:VIKI_301778:3000132",
            "rule_action": "alert",
            "rule_id": 3000132,
            "security_policy_id": "VIKI_301778"
          },
          "sensitive_attributes": [],
          "private": "bnVsbA==",
          "dependencies": [
            "module.security.akamai_appsec_configuration.config",
            "module.security.akamai_appsec_security_policy.production",
            "module.security.data.akamai_group.group"
          ]
        }
      ]
    },
    {
      "module": "module.security",
      "mode": "managed",
      "type": "akamai_appsec_rule",
      "name": "production_aseweb_attackplatform_3000133",
      "provider": "provider[\"registry.terraform.io/akamai/akamai\"]",
      "instances": [
        {
          "schema_version": 0,
          "attributes": {
            "condition_exception": null,
            "config_id": 116049,
            "id": "116049:VIKI_301778:3000133",
            "rule_action": "alert",
            "rule_id": 3000133,
            "security_policy_id": "VIKI_301778"
          },
          "sensitive_attributes": [],
          "private": "bnVsbA==",
          "dependencies": [
            "module.security.akamai_appsec_configuration.config",
            "module.security.akamai_appsec_security_policy.production",
            "module.security.data.akamai_group.group"
          ]
        }
      ]
    },
    {
      "module": "module.security",
      "mode": "managed",
      "type": "akamai_appsec_rule",
      "name": "production_aseweb_attackplatform_3000134",
      "provider": "provider[\"registry.terraform.io/akamai/akamai\"]",
      "instances": [
        {
          "schema_version": 0,
          "attributes": {
            "condition_exception": null,
            "config_id": 116049,
            "id": "116049:VIKI_301778:3000134",
            "rule_action": "alert",
            "rule_id": 3000134,
            "security_policy_id": "VIKI_301778"
          },
          "sensitive_attributes": [],
          "private": "bnVsbA==",
          "dependencies": [
            "module.security.akamai_appsec_configuration.config",
            "module.security.akamai_appsec_security_policy.production",
            "module.security.data.akamai_group.group"
          ]
        }
      ]
    },
    {
      "module": "module.security",
      "mode": "managed",
      "type": "akamai_appsec_rule",
      "name": "production_aseweb_attackplatform_3000135",
      "provider": "provider[\"registry.terraform.io/akamai/akamai\"]",
      "instances": [
        {
          "schema_version": 0,
          "attributes": {
            "condition_exception": null,
            "config_id": 116049,
            "id": "116049:VIKI_301778:3000135",
            "rule_action": "alert",
            "rule_id": 3000135,
            "security_policy_id": "VIKI_301778"
          },
          "sensitive_attributes": [],
          "private": "bnVsbA==",
          "dependencies": [
            "module.security.akamai_appsec_configuration.config",
            "module.security.akamai_appsec_security_policy.production",
            "module.security.data.akamai_group.group"
          ]
        }
      ]
    },
    {
      "module": "module.security",
      "mode": "managed",
      "type": "akamai_appsec_rule",
      "name": "production_aseweb_attackplatform_3000136",
      "provider": "provider[\"registry.terraform.io/akamai/akamai\"]",
      "instances": [
        {
          "schema_version": 0,
          "attributes": {
            "condition_exception": null,
            "config_id": 116049,
            "id": "116049:VIKI_301778:3000136",
            "rule_action": "alert",
            "rule_id": 3000136,
            "security_policy_id": "VIKI_301778"
          },
          "sensitive_attributes": [],
          "private": "bnVsbA==",
          "dependencies": [
            "module.security.akamai_appsec_configuration.config",
            "module.security.akamai_appsec_security_policy.production",
            "module.security.data.akamai_group.group"
          ]
        }
      ]
    },
    {
      "module": "module.security",
      "mode": "managed",
      "type": "akamai_appsec_rule",
      "name": "production_aseweb_attackplatform_3000139",
      "provider": "provider[\"registry.terraform.io/akamai/akamai\"]",
      "instances": [
        {
          "schema_version": 0,
          "attributes": {
            "condition_exception": null,
            "config_id": 116049,
            "id": "116049:VIKI_301778:3000139",
            "rule_action": "alert",
            "rule_id": 3000139,
            "security_policy_id": "VIKI_301778"
          },
          "sensitive_attributes": [],
          "private": "bnVsbA==",
          "dependencies": [
            "module.security.akamai_appsec_configuration.config",
            "module.security.akamai_appsec_security_policy.production",
            "module.security.data.akamai_group.group"
          ]
        }
      ]
    },
    {
      "module": "module.security",
      "mode": "managed",
      "type": "akamai_appsec_rule",
      "name": "production_aseweb_attackplatform_3000165",
      "provider": "provider[\"registry.terraform.io/akamai/akamai\"]",
      "instances": [
        {
          "schema_version": 0,
          "attributes": {
            "condition_exception": null,
            "config_id": 116049,
            "id": "116049:VIKI_301778:3000165",
            "rule_action": "alert",
            "rule_id": 3000165,
            "security_policy_id": "VIKI_301778"
          },
          "sensitive_attributes": [],
          "private": "bnVsbA==",
          "dependencies": [
            "module.security.akamai_appsec_configuration.config",
            "module.security.akamai_appsec_security_policy.production",
            "module.security.data.akamai_group.group"
          ]
        }
      ]
    },
    {
      "module": "module.security",
      "mode": "managed",
      "type": "akamai_appsec_rule",
      "name": "production_aseweb_attackplatform_3000166",
      "provider": "provider[\"registry.terraform.io/akamai/akamai\"]",
      "instances": [
        {
          "schema_version": 0,
          "attributes": {
            "condition_exception": null,
            "config_id": 116049,
            "id": "116049:VIKI_301778:3000166",
            "rule_action": "alert",
            "rule_id": 3000166,
            "security_policy_id": "VIKI_301778"
          },
          "sensitive_attributes": [],
          "private": "bnVsbA==",
          "dependencies": [
            "module.security.akamai_appsec_configuration.config",
            "module.security.akamai_appsec_security_policy.production",
            "module.security.data.akamai_group.group"
          ]
        }
      ]
    },
    {
      "module": "module.security",
      "mode": "managed",
      "type": "akamai_appsec_rule",
      "name": "production_aseweb_attackplatform_3000167",
      "provider": "provider[\"registry.terraform.io/akamai/akamai\"]",
      "instances": [
        {
          "schema_version": 0,
          "attributes": {
            "condition_exception": null,
            "config_id": 116049,
            "id": "116049:VIKI_301778:3000167",
            "rule_action": "alert",
            "rule_id": 3000167,
            "security_policy_id": "VIKI_301778"
          },
          "sensitive_attributes": [],
          "private": "bnVsbA==",
          "dependencies": [
            "module.security.akamai_appsec_configuration.config",
            "module.security.akamai_appsec_security_policy.production",
            "module.security.data.akamai_group.group"
          ]
        }
      ]
    },
    {
      "module": "module.security",
      "mode": "managed",
      "type": "akamai_appsec_rule",
      "name": "production_aseweb_attackplatform_3000168",
      "provider": "provider[\"registry.terraform.io/akamai/akamai\"]",
      "instances": [
        {
          "schema_version": 0,
          "attributes": {
            "condition_exception": null,
            "config_id": 116049,
            "id": "116049:VIKI_301778:3000168",
            "rule_action": "alert",
            "rule_id": 3000168,
            "security_policy_id": "VIKI_301778"
          },
          "sensitive_attributes": [],
          "private": "bnVsbA==",
          "dependencies": [
            "module.security.akamai_appsec_configuration.config",
            "module.security.akamai_appsec_security_policy.production",
            "module.security.data.akamai_group.group"
          ]
        }
      ]
    },
    {
      "module": "module.security",
      "mode": "managed",
      "type": "akamai_appsec_rule",
      "name": "production_aseweb_attackplatform_3000179",
      "provider": "provider[\"registry.terraform.io/akamai/akamai\"]",
      "instances": [
        {
          "schema_version": 0,
          "attributes": {
            "condition_exception": null,
            "config_id": 116049,
            "id": "116049:VIKI_301778:3000179",
            "rule_action": "alert",
            "rule_id": 3000179,
            "security_policy_id": "VIKI_301778"
          },
          "sensitive_attributes": [],
          "private": "bnVsbA==",
          "dependencies": [
            "module.security.akamai_appsec_configuration.config",
            "module.security.akamai_appsec_security_policy.production",
            "module.security.data.akamai_group.group"
          ]
        }
      ]
    },
    {
      "module": "module.security",
      "mode": "managed",
      "type": "akamai_appsec_rule",
      "name": "production_aseweb_attackplatform_3000182",
      "provider": "provider[\"registry.terraform.io/akamai/akamai\"]",
      "instances": [
        {
          "schema_version": 0,
          "attributes": {
            "condition_exception": null,
            "config_id": 116049,
            "id": "116049:VIKI_301778:3000182",
            "rule_action": "alert",
            "rule_id": 3000182,
            "security_policy_id": "VIKI_301778"
          },
          "sensitive_attributes": [],
          "private": "bnVsbA==",
          "dependencies": [
            "module.security.akamai_appsec_configuration.config",
            "module.security.akamai_appsec_security_policy.production",
            "module.security.data.akamai_group.group"
          ]
        }
      ]
    },
    {
      "module": "module.security",
      "mode": "managed",
      "type": "akamai_appsec_rule",
      "name": "production_aseweb_attackplatform_3000183",
      "provider": "provider[\"registry.terraform.io/akamai/akamai\"]",
      "instances": [
        {
          "schema_version": 0,
          "attributes": {
            "condition_exception": null,
            "config_id": 116049,
            "id": "116049:VIKI_301778:3000183",
            "rule_action": "alert",
            "rule_id": 3000183,
            "security_policy_id": "VIKI_301778"
          },
          "sensitive_attributes": [],
          "private": "bnVsbA==",
          "dependencies": [
            "module.security.akamai_appsec_configuration.config",
            "module.security.akamai_appsec_security_policy.production",
            "module.security.data.akamai_group.group"
          ]
        }
      ]
    },
    {
      "module": "module.security",
      "mode": "managed",
      "type": "akamai_appsec_rule",
      "name": "production_aseweb_attackplatform_3000184",
      "provider": "provider[\"registry.terraform.io/akamai/akamai\"]",
      "instances": [
        {
          "schema_version": 0,
          "attributes": {
            "condition_exception": null,
            "config_id": 116049,
            "id": "116049:VIKI_301778:3000184",
            "rule_action": "alert",
            "rule_id": 3000184,
            "security_policy_id": "VIKI_301778"
          },
          "sensitive_attributes": [],
          "private": "bnVsbA==",
          "dependencies": [
            "module.security.akamai_appsec_configuration.config",
            "module.security.akamai_appsec_security_policy.production",
            "module.security.data.akamai_group.group"
          ]
        }
      ]
    },
    {
      "module": "module.security",
      "mode": "managed",
      "type": "akamai_appsec_rule",
      "name": "production_aseweb_attackplatform_3000185",
      "provider": "provider[\"registry.terraform.io/akamai/akamai\"]",
      "instances": [
        {
          "schema_version": 0,
          "attributes": {
            "condition_exception": null,
            "config_id": 116049,
            "id": "116049:VIKI_301778:3000185",
            "rule_action": "alert",
            "rule_id": 3000185,
            "security_policy_id": "VIKI_301778"
          },
          "sensitive_attributes": [],
          "private": "bnVsbA==",
          "dependencies": [
            "module.security.akamai_appsec_configuration.config",
            "module.security.akamai_appsec_security_policy.production",
            "module.security.data.akamai_group.group"
          ]
        }
      ]
    },
    {
      "module": "module.security",
      "mode": "managed",
      "type": "akamai_appsec_rule",
      "name": "production_aseweb_attackplatform_3000186",
      "provider": "provider[\"registry.terraform.io/akamai/akamai\"]",
      "instances": [
        {
          "schema_version": 0,
          "attributes": {
            "condition_exception": null,
            "config_id": 116049,
            "id": "116049:VIKI_301778:3000186",
            "rule_action": "alert",
            "rule_id": 3000186,
            "security_policy_id": "VIKI_301778"
          },
          "sensitive_attributes": [],
          "private": "bnVsbA==",
          "dependencies": [
            "module.security.akamai_appsec_configuration.config",
            "module.security.akamai_appsec_security_policy.production",
            "module.security.data.akamai_group.group"
          ]
        }
      ]
    },
    {
      "module": "module.security",
      "mode": "managed",
      "type": "akamai_appsec_rule",
      "name": "production_aseweb_attackplatform_3000187",
      "provider": "provider[\"registry.terraform.io/akamai/akamai\"]",
      "instances": [
        {
          "schema_version": 0,
          "attributes": {
            "condition_exception": null,
            "config_id": 116049,
            "id": "116049:VIKI_301778:3000187",
            "rule_action": "alert",
            "rule_id": 3000187,
            "security_policy_id": "VIKI_301778"
          },
          "sensitive_attributes": [],
          "private": "bnVsbA==",
          "dependencies": [
            "module.security.akamai_appsec_configuration.config",
            "module.security.akamai_appsec_security_policy.production",
            "module.security.data.akamai_group.group"
          ]
        }
      ]
    },
    {
      "module": "module.security",
      "mode": "managed",
      "type": "akamai_appsec_rule",
      "name": "production_aseweb_attackplatform_3000188",
      "provider": "provider[\"registry.terraform.io/akamai/akamai\"]",
      "instances": [
        {
          "schema_version": 0,
          "attributes": {
            "condition_exception": null,
            "config_id": 116049,
            "id": "116049:VIKI_301778:3000188",
            "rule_action": "alert",
            "rule_id": 3000188,
            "security_policy_id": "VIKI_301778"
          },
          "sensitive_attributes": [],
          "private": "bnVsbA==",
          "dependencies": [
            "module.security.akamai_appsec_configuration.config",
            "module.security.akamai_appsec_security_policy.production",
            "module.security.data.akamai_group.group"
          ]
        }
      ]
    },
    {
      "module": "module.security",
      "mode": "managed",
      "type": "akamai_appsec_rule",
      "name": "production_aseweb_attackplatform_3000189",
      "provider": "provider[\"registry.terraform.io/akamai/akamai\"]",
      "instances": [
        {
          "schema_version": 0,
          "attributes": {
            "condition_exception": null,
            "config_id": 116049,
            "id": "116049:VIKI_301778:3000189",
            "rule_action": "alert",
            "rule_id": 3000189,
            "security_policy_id": "VIKI_301778"
          },
          "sensitive_attributes": [],
          "private": "bnVsbA==",
          "dependencies": [
            "module.security.akamai_appsec_configuration.config",
            "module.security.akamai_appsec_security_policy.production",
            "module.security.data.akamai_group.group"
          ]
        }
      ]
    },
    {
      "module": "module.security",
      "mode": "managed",
      "type": "akamai_appsec_rule",
      "name": "production_aseweb_attackplatform_3000190",
      "provider": "provider[\"registry.terraform.io/akamai/akamai\"]",
      "instances": [
        {
          "schema_version": 0,
          "attributes": {
            "condition_exception": null,
            "config_id": 116049,
            "id": "116049:VIKI_301778:3000190",
            "rule_action": "alert",
            "rule_id": 3000190,
            "security_policy_id": "VIKI_301778"
          },
          "sensitive_attributes": [],
          "private": "bnVsbA==",
          "dependencies": [
            "module.security.akamai_appsec_configuration.config",
            "module.security.akamai_appsec_security_policy.production",
            "module.security.data.akamai_group.group"
          ]
        }
      ]
    },
    {
      "module": "module.security",
      "mode": "managed",
      "type": "akamai_appsec_rule",
      "name": "production_aseweb_attackplatform_3000191",
      "provider": "provider[\"registry.terraform.io/akamai/akamai\"]",
      "instances": [
        {
          "schema_version": 0,
          "attributes": {
            "condition_exception": null,
            "config_id": 116049,
            "id": "116049:VIKI_301778:3000191",
            "rule_action": "alert",
            "rule_id": 3000191,
            "security_policy_id": "VIKI_301778"
          },
          "sensitive_attributes": [],
          "private": "bnVsbA==",
          "dependencies": [
            "module.security.akamai_appsec_configuration.config",
            "module.security.akamai_appsec_security_policy.production",
            "module.security.data.akamai_group.group"
          ]
        }
      ]
    },
    {
      "module": "module.security",
      "mode": "managed",
      "type": "akamai_appsec_rule",
      "name": "production_aseweb_attackplatform_3000193",
      "provider": "provider[\"registry.terraform.io/akamai/akamai\"]",
      "instances": [
        {
          "schema_version": 0,
          "attributes": {
            "condition_exception": null,
            "config_id": 116049,
            "id": "116049:VIKI_301778:3000193",
            "rule_action": "alert",
            "rule_id": 3000193,
            "security_policy_id": "VIKI_301778"
          },
          "sensitive_attributes": [],
          "private": "bnVsbA==",
          "dependencies": [
            "module.security.akamai_appsec_configuration.config",
            "module.security.akamai_appsec_security_policy.production",
            "module.security.data.akamai_group.group"
          ]
        }
      ]
    },
    {
      "module": "module.security",
      "mode": "managed",
      "type": "akamai_appsec_rule",
      "name": "production_aseweb_attackplatform_3000198",
      "provider": "provider[\"registry.terraform.io/akamai/akamai\"]",
      "instances": [
        {
          "schema_version": 0,
          "attributes": {
            "condition_exception": null,
            "config_id": 116049,
            "id": "116049:VIKI_301778:3000198",
            "rule_action": "alert",
            "rule_id": 3000198,
            "security_policy_id": "VIKI_301778"
          },
          "sensitive_attributes": [],
          "private": "bnVsbA==",
          "dependencies": [
            "module.security.akamai_appsec_configuration.config",
            "module.security.akamai_appsec_security_policy.production",
            "module.security.data.akamai_group.group"
          ]
        }
      ]
    },
    {
      "module": "module.security",
      "mode": "managed",
      "type": "akamai_appsec_rule",
      "name": "production_aseweb_attackplatform_3000199",
      "provider": "provider[\"registry.terraform.io/akamai/akamai\"]",
      "instances": [
        {
          "schema_version": 0,
          "attributes": {
            "condition_exception": null,
            "config_id": 116049,
            "id": "116049:VIKI_301778:3000199",
            "rule_action": "alert",
            "rule_id": 3000199,
            "security_policy_id": "VIKI_301778"
          },
          "sensitive_attributes": [],
          "private": "bnVsbA==",
          "dependencies": [
            "module.security.akamai_appsec_configuration.config",
            "module.security.akamai_appsec_security_policy.production",
            "module.security.data.akamai_group.group"
          ]
        }
      ]
    },
    {
      "module": "module.security",
      "mode": "managed",
      "type": "akamai_appsec_rule",
      "name": "production_aseweb_attackplatform_3000200",
      "provider": "provider[\"registry.terraform.io/akamai/akamai\"]",
      "instances": [
        {
          "schema_version": 0,
          "attributes": {
            "condition_exception": null,
            "config_id": 116049,
            "id": "116049:VIKI_301778:3000200",
            "rule_action": "alert",
            "rule_id": 3000200,
            "security_policy_id": "VIKI_301778"
          },
          "sensitive_attributes": [],
          "private": "bnVsbA==",
          "dependencies": [
            "module.security.akamai_appsec_configuration.config",
            "module.security.akamai_appsec_security_policy.production",
            "module.security.data.akamai_group.group"
          ]
        }
      ]
    },
    {
      "module": "module.security",
      "mode": "managed",
      "type": "akamai_appsec_rule",
      "name": "production_aseweb_attackplatform_3000202",
      "provider": "provider[\"registry.terraform.io/akamai/akamai\"]",
      "instances": [
        {
          "schema_version": 0,
          "attributes": {
            "condition_exception": null,
            "config_id": 116049,
            "id": "116049:VIKI_301778:3000202",
            "rule_action": "alert",
            "rule_id": 3000202,
            "security_policy_id": "VIKI_301778"
          },
          "sensitive_attributes": [],
          "private": "bnVsbA==",
          "dependencies": [
            "module.security.akamai_appsec_configuration.config",
            "module.security.akamai_appsec_security_policy.production",
            "module.security.data.akamai_group.group"
          ]
        }
      ]
    },
    {
      "module": "module.security",
      "mode": "managed",
      "type": "akamai_appsec_rule",
      "name": "production_aseweb_attackplatform_3000901",
      "provider": "provider[\"registry.terraform.io/akamai/akamai\"]",
      "instances": [
        {
          "schema_version": 0,
          "attributes": {
            "condition_exception": null,
            "config_id": 116049,
            "id": "116049:VIKI_301778:3000901",
            "rule_action": "alert",
            "rule_id": 3000901,
            "security_policy_id": "VIKI_301778"
          },
          "sensitive_attributes": [],
          "private": "bnVsbA==",
          "dependencies": [
            "module.security.akamai_appsec_configuration.config",
            "module.security.akamai_appsec_security_policy.production",
            "module.security.data.akamai_group.group"
          ]
        }
      ]
    },
    {
      "module": "module.security",
      "mode": "managed",
      "type": "akamai_appsec_rule",
      "name": "production_aseweb_attackplatform_3000902",
      "provider": "provider[\"registry.terraform.io/akamai/akamai\"]",
      "instances": [
        {
          "schema_version": 0,
          "attributes": {
            "condition_exception": null,
            "config_id": 116049,
            "id": "116049:VIKI_301778:3000902",
            "rule_action": "alert",
            "rule_id": 3000902,
            "security_policy_id": "VIKI_301778"
          },
          "sensitive_attributes": [],
          "private": "bnVsbA==",
          "dependencies": [
            "module.security.akamai_appsec_configuration.config",
            "module.security.akamai_appsec_security_policy.production",
            "module.security.data.akamai_group.group"
          ]
        }
      ]
    },
    {
      "module": "module.security",
      "mode": "managed",
      "type": "akamai_appsec_rule",
      "name": "production_aseweb_attackplatform_3000903",
      "provider": "provider[\"registry.terraform.io/akamai/akamai\"]",
      "instances": [
        {
          "schema_version": 0,
          "attributes": {
            "condition_exception": null,
            "config_id": 116049,
            "id": "116049:VIKI_301778:3000903",
            "rule_action": "alert",
            "rule_id": 3000903,
            "security_policy_id": "VIKI_301778"
          },
          "sensitive_attributes": [],
          "private": "bnVsbA==",
          "dependencies": [
            "module.security.akamai_appsec_configuration.config",
            "module.security.akamai_appsec_security_policy.production",
            "module.security.data.akamai_group.group"
          ]
        }
      ]
    },
    {
      "module": "module.security",
      "mode": "managed",
      "type": "akamai_appsec_rule",
      "name": "production_aseweb_attackplatform_3000904",
      "provider": "provider[\"registry.terraform.io/akamai/akamai\"]",
      "instances": [
        {
          "schema_version": 0,
          "attributes": {
            "condition_exception": null,
            "config_id": 116049,
            "id": "116049:VIKI_301778:3000904",
            "rule_action": "alert",
            "rule_id": 3000904,
            "security_policy_id": "VIKI_301778"
          },
          "sensitive_attributes": [],
          "private": "bnVsbA==",
          "dependencies": [
            "module.security.akamai_appsec_configuration.config",
            "module.security.akamai_appsec_security_policy.production",
            "module.security.data.akamai_group.group"
          ]
        }
      ]
    },
    {
      "module": "module.security",
      "mode": "managed",
      "type": "akamai_appsec_rule",
      "name": "production_aseweb_attackplatform_3000905",
      "provider": "provider[\"registry.terraform.io/akamai/akamai\"]",
      "instances": [
        {
          "schema_version": 0,
          "attributes": {
            "condition_exception": null,
            "config_id": 116049,
            "id": "116049:VIKI_301778:3000905",
            "rule_action": "alert",
            "rule_id": 3000905,
            "security_policy_id": "VIKI_301778"
          },
          "sensitive_attributes": [],
          "private": "bnVsbA==",
          "dependencies": [
            "module.security.akamai_appsec_configuration.config",
            "module.security.akamai_appsec_security_policy.production",
            "module.security.data.akamai_group.group"
          ]
        }
      ]
    },
    {
      "module": "module.security",
      "mode": "managed",
      "type": "akamai_appsec_rule",
      "name": "production_aseweb_attackplatform_3000906",
      "provider": "provider[\"registry.terraform.io/akamai/akamai\"]",
      "instances": [
        {
          "schema_version": 0,
          "attributes": {
            "condition_exception": null,
            "config_id": 116049,
            "id": "116049:VIKI_301778:3000906",
            "rule_action": "alert",
            "rule_id": 3000906,
            "security_policy_id": "VIKI_301778"
          },
          "sensitive_attributes": [],
          "private": "bnVsbA==",
          "dependencies": [
            "module.security.akamai_appsec_configuration.config",
            "module.security.akamai_appsec_security_policy.production",
            "module.security.data.akamai_group.group"
          ]
        }
      ]
    },
    {
      "module": "module.security",
      "mode": "managed",
      "type": "akamai_appsec_rule",
      "name": "production_aseweb_attackplatform_3000907",
      "provider": "provider[\"registry.terraform.io/akamai/akamai\"]",
      "instances": [
        {
          "schema_version": 0,
          "attributes": {
            "condition_exception": null,
            "config_id": 116049,
            "id": "116049:VIKI_301778:3000907",
            "rule_action": "alert",
            "rule_id": 3000907,
            "security_policy_id": "VIKI_301778"
          },
          "sensitive_attributes": [],
          "private": "bnVsbA==",
          "dependencies": [
            "module.security.akamai_appsec_configuration.config",
            "module.security.akamai_appsec_security_policy.production",
            "module.security.data.akamai_group.group"
          ]
        }
      ]
    },
    {
      "module": "module.security",
      "mode": "managed",
      "type": "akamai_appsec_rule",
      "name": "production_aseweb_attackplatform_3000908",
      "provider": "provider[\"registry.terraform.io/akamai/akamai\"]",
      "instances": [
        {
          "schema_version": 0,
          "attributes": {
            "condition_exception": null,
            "config_id": 116049,
            "id": "116049:VIKI_301778:3000908",
            "rule_action": "alert",
            "rule_id": 3000908,
            "security_policy_id": "VIKI_301778"
          },
          "sensitive_attributes": [],
          "private": "bnVsbA==",
          "dependencies": [
            "module.security.akamai_appsec_configuration.config",
            "module.security.akamai_appsec_security_policy.production",
            "module.security.data.akamai_group.group"
          ]
        }
      ]
    },
    {
      "module": "module.security",
      "mode": "managed",
      "type": "akamai_appsec_rule",
      "name": "production_aseweb_attackplatform_3000909",
      "provider": "provider[\"registry.terraform.io/akamai/akamai\"]",
      "instances": [
        {
          "schema_version": 0,
          "attributes": {
            "condition_exception": null,
            "config_id": 116049,
            "id": "116049:VIKI_301778:3000909",
            "rule_action": "alert",
            "rule_id": 3000909,
            "security_policy_id": "VIKI_301778"
          },
          "sensitive_attributes": [],
          "private": "bnVsbA==",
          "dependencies": [
            "module.security.akamai_appsec_configuration.config",
            "module.security.akamai_appsec_security_policy.production",
            "module.security.data.akamai_group.group"
          ]
        }
      ]
    },
    {
      "module": "module.security",
      "mode": "managed",
      "type": "akamai_appsec_rule",
      "name": "production_aseweb_attackplatform_3000910",
      "provider": "provider[\"registry.terraform.io/akamai/akamai\"]",
      "instances": [
        {
          "schema_version": 0,
          "attributes": {
            "condition_exception": null,
            "config_id": 116049,
            "id": "116049:VIKI_301778:3000910",
            "rule_action": "alert",
            "rule_id": 3000910,
            "security_policy_id": "VIKI_301778"
          },
          "sensitive_attributes": [],
          "private": "bnVsbA==",
          "dependencies": [
            "module.security.akamai_appsec_configuration.config",
            "module.security.akamai_appsec_security_policy.production",
            "module.security.data.akamai_group.group"
          ]
        }
      ]
    },
    {
      "module": "module.security",
      "mode": "managed",
      "type": "akamai_appsec_rule",
      "name": "production_aseweb_attackplatform_3000911",
      "provider": "provider[\"registry.terraform.io/akamai/akamai\"]",
      "instances": [
        {
          "schema_version": 0,
          "attributes": {
            "condition_exception": null,
            "config_id": 116049,
            "id": "116049:VIKI_301778:3000911",
            "rule_action": "alert",
            "rule_id": 3000911,
            "security_policy_id": "VIKI_301778"
          },
          "sensitive_attributes": [],
          "private": "bnVsbA==",
          "dependencies": [
            "module.security.akamai_appsec_configuration.config",
            "module.security.akamai_appsec_security_policy.production",
            "module.security.data.akamai_group.group"
          ]
        }
      ]
    },
    {
      "module": "module.security",
      "mode": "managed",
      "type": "akamai_appsec_rule",
      "name": "production_aseweb_attackplatform_3000912",
      "provider": "provider[\"registry.terraform.io/akamai/akamai\"]",
      "instances": [
        {
          "schema_version": 0,
          "attributes": {
            "condition_exception": null,
            "config_id": 116049,
            "id": "116049:VIKI_301778:3000912",
            "rule_action": "alert",
            "rule_id": 3000912,
            "security_policy_id": "VIKI_301778"
          },
          "sensitive_attributes": [],
          "private": "bnVsbA==",
          "dependencies": [
            "module.security.akamai_appsec_configuration.config",
            "module.security.akamai_appsec_security_policy.production",
            "module.security.data.akamai_group.group"
          ]
        }
      ]
    },
    {
      "module": "module.security",
      "mode": "managed",
      "type": "akamai_appsec_rule",
      "name": "production_aseweb_attackplatform_3000913",
      "provider": "provider[\"registry.terraform.io/akamai/akamai\"]",
      "instances": [
        {
          "schema_version": 0,
          "attributes": {
            "condition_exception": null,
            "config_id": 116049,
            "id": "116049:VIKI_301778:3000913",
            "rule_action": "alert",
            "rule_id": 3000913,
            "security_policy_id": "VIKI_301778"
          },
          "sensitive_attributes": [],
          "private": "bnVsbA==",
          "dependencies": [
            "module.security.akamai_appsec_configuration.config",
            "module.security.akamai_appsec_security_policy.production",
            "module.security.data.akamai_group.group"
          ]
        }
      ]
    },
    {
      "module": "module.security",
      "mode": "managed",
      "type": "akamai_appsec_rule",
      "name": "production_aseweb_attackplatform_3000914",
      "provider": "provider[\"registry.terraform.io/akamai/akamai\"]",
      "instances": [
        {
          "schema_version": 0,
          "attributes": {
            "condition_exception": null,
            "config_id": 116049,
            "id": "116049:VIKI_301778:3000914",
            "rule_action": "alert",
            "rule_id": 3000914,
            "security_policy_id": "VIKI_301778"
          },
          "sensitive_attributes": [],
          "private": "bnVsbA==",
          "dependencies": [
            "module.security.akamai_appsec_configuration.config",
            "module.security.akamai_appsec_security_policy.production",
            "module.security.data.akamai_group.group"
          ]
        }
      ]
    },
    {
      "module": "module.security",
      "mode": "managed",
      "type": "akamai_appsec_rule",
      "name": "production_aseweb_attackplatform_3000915",
      "provider": "provider[\"registry.terraform.io/akamai/akamai\"]",
      "instances": [
        {
          "schema_version": 0,
          "attributes": {
            "condition_exception": null,
            "config_id": 116049,
            "id": "116049:VIKI_301778:3000915",
            "rule_action": "alert",
            "rule_id": 3000915,
            "security_policy_id": "VIKI_301778"
          },
          "sensitive_attributes": [],
          "private": "bnVsbA==",
          "dependencies": [
            "module.security.akamai_appsec_configuration.config",
            "module.security.akamai_appsec_security_policy.production",
            "module.security.data.akamai_group.group"
          ]
        }
      ]
    },
    {
      "module": "module.security",
      "mode": "managed",
      "type": "akamai_appsec_rule",
      "name": "production_aseweb_attackplatform_3000916",
      "provider": "provider[\"registry.terraform.io/akamai/akamai\"]",
      "instances": [
        {
          "schema_version": 0,
          "attributes": {
            "condition_exception": null,
            "config_id": 116049,
            "id": "116049:VIKI_301778:3000916",
            "rule_action": "alert",
            "rule_id": 3000916,
            "security_policy_id": "VIKI_301778"
          },
          "sensitive_attributes": [],
          "private": "bnVsbA==",
          "dependencies": [
            "module.security.akamai_appsec_configuration.config",
            "module.security.akamai_appsec_security_policy.production",
            "module.security.data.akamai_group.group"
          ]
        }
      ]
    },
    {
      "module": "module.security",
      "mode": "managed",
      "type": "akamai_appsec_rule",
      "name": "production_aseweb_attackplatform_3000917",
      "provider": "provider[\"registry.terraform.io/akamai/akamai\"]",
      "instances": [
        {
          "schema_version": 0,
          "attributes": {
            "condition_exception": null,
            "config_id": 116049,
            "id": "116049:VIKI_301778:3000917",
            "rule_action": "alert",
            "rule_id": 3000917,
            "security_policy_id": "VIKI_301778"
          },
          "sensitive_attributes": [],
          "private": "bnVsbA==",
          "dependencies": [
            "module.security.akamai_appsec_configuration.config",
            "module.security.akamai_appsec_security_policy.production",
            "module.security.data.akamai_group.group"
          ]
        }
      ]
    },
    {
      "module": "module.security",
      "mode": "managed",
      "type": "akamai_appsec_rule",
      "name": "production_aseweb_attackplatform_3000918",
      "provider": "provider[\"registry.terraform.io/akamai/akamai\"]",
      "instances": [
        {
          "schema_version": 0,
          "attributes": {
            "condition_exception": null,
            "config_id": 116049,
            "id": "116049:VIKI_301778:3000918",
            "rule_action": "alert",
            "rule_id": 3000918,
            "security_policy_id": "VIKI_301778"
          },
          "sensitive_attributes": [],
          "private": "bnVsbA==",
          "dependencies": [
            "module.security.akamai_appsec_configuration.config",
            "module.security.akamai_appsec_security_policy.production",
            "module.security.data.akamai_group.group"
          ]
        }
      ]
    },
    {
      "module": "module.security",
      "mode": "managed",
      "type": "akamai_appsec_rule",
      "name": "production_aseweb_attackplatform_3000919",
      "provider": "provider[\"registry.terraform.io/akamai/akamai\"]",
      "instances": [
        {
          "schema_version": 0,
          "attributes": {
            "condition_exception": null,
            "config_id": 116049,
            "id": "116049:VIKI_301778:3000919",
            "rule_action": "alert",
            "rule_id": 3000919,
            "security_policy_id": "VIKI_301778"
          },
          "sensitive_attributes": [],
          "private": "bnVsbA==",
          "dependencies": [
            "module.security.akamai_appsec_configuration.config",
            "module.security.akamai_appsec_security_policy.production",
            "module.security.data.akamai_group.group"
          ]
        }
      ]
    },
    {
      "module": "module.security",
      "mode": "managed",
      "type": "akamai_appsec_rule",
      "name": "production_aseweb_attackplatform_3000920",
      "provider": "provider[\"registry.terraform.io/akamai/akamai\"]",
      "instances": [
        {
          "schema_version": 0,
          "attributes": {
            "condition_exception": null,
            "config_id": 116049,
            "id": "116049:VIKI_301778:3000920",
            "rule_action": "alert",
            "rule_id": 3000920,
            "security_policy_id": "VIKI_301778"
          },
          "sensitive_attributes": [],
          "private": "bnVsbA==",
          "dependencies": [
            "module.security.akamai_appsec_configuration.config",
            "module.security.akamai_appsec_security_policy.production",
            "module.security.data.akamai_group.group"
          ]
        }
      ]
    },
    {
      "module": "module.security",
      "mode": "managed",
      "type": "akamai_appsec_rule",
      "name": "production_aseweb_attackplatform_3000921",
      "provider": "provider[\"registry.terraform.io/akamai/akamai\"]",
      "instances": [
        {
          "schema_version": 0,
          "attributes": {
            "condition_exception": null,
            "config_id": 116049,
            "id": "116049:VIKI_301778:3000921",
            "rule_action": "alert",
            "rule_id": 3000921,
            "security_policy_id": "VIKI_301778"
          },
          "sensitive_attributes": [],
          "private": "bnVsbA==",
          "dependencies": [
            "module.security.akamai_appsec_configuration.config",
            "module.security.akamai_appsec_security_policy.production",
            "module.security.data.akamai_group.group"
          ]
        }
      ]
    },
    {
      "module": "module.security",
      "mode": "managed",
      "type": "akamai_appsec_rule",
      "name": "production_aseweb_attackplatform_3000922",
      "provider": "provider[\"registry.terraform.io/akamai/akamai\"]",
      "instances": [
        {
          "schema_version": 0,
          "attributes": {
            "condition_exception": null,
            "config_id": 116049,
            "id": "116049:VIKI_301778:3000922",
            "rule_action": "alert",
            "rule_id": 3000922,
            "security_policy_id": "VIKI_301778"
          },
          "sensitive_attributes": [],
          "private": "bnVsbA==",
          "dependencies": [
            "module.security.akamai_appsec_configuration.config",
            "module.security.akamai_appsec_security_policy.production",
            "module.security.data.akamai_group.group"
          ]
        }
      ]
    },
    {
      "module": "module.security",
      "mode": "managed",
      "type": "akamai_appsec_rule",
      "name": "production_aseweb_attackplatform_3000923",
      "provider": "provider[\"registry.terraform.io/akamai/akamai\"]",
      "instances": [
        {
          "schema_version": 0,
          "attributes": {
            "condition_exception": null,
            "config_id": 116049,
            "id": "116049:VIKI_301778:3000923",
            "rule_action": "alert",
            "rule_id": 3000923,
            "security_policy_id": "VIKI_301778"
          },
          "sensitive_attributes": [],
          "private": "bnVsbA==",
          "dependencies": [
            "module.security.akamai_appsec_configuration.config",
            "module.security.akamai_appsec_security_policy.production",
            "module.security.data.akamai_group.group"
          ]
        }
      ]
    },
    {
      "module": "module.security",
      "mode": "managed",
      "type": "akamai_appsec_rule",
      "name": "production_aseweb_attackplatform_3000924",
      "provider": "provider[\"registry.terraform.io/akamai/akamai\"]",
      "instances": [
        {
          "schema_version": 0,
          "attributes": {
            "condition_exception": null,
            "config_id": 116049,
            "id": "116049:VIKI_301778:3000924",
            "rule_action": "alert",
            "rule_id": 3000924,
            "security_policy_id": "VIKI_301778"
          },
          "sensitive_attributes": [],
          "private": "bnVsbA==",
          "dependencies": [
            "module.security.akamai_appsec_configuration.config",
            "module.security.akamai_appsec_security_policy.production",
            "module.security.data.akamai_group.group"
          ]
        }
      ]
    },
    {
      "module": "module.security",
      "mode": "managed",
      "type": "akamai_appsec_rule",
      "name": "production_aseweb_attackplatform_3000925",
      "provider": "provider[\"registry.terraform.io/akamai/akamai\"]",
      "instances": [
        {
          "schema_version": 0,
          "attributes": {
            "condition_exception": null,
            "config_id": 116049,
            "id": "116049:VIKI_301778:3000925",
            "rule_action": "alert",
            "rule_id": 3000925,
            "security_policy_id": "VIKI_301778"
          },
          "sensitive_attributes": [],
          "private": "bnVsbA==",
          "dependencies": [
            "module.security.akamai_appsec_configuration.config",
            "module.security.akamai_appsec_security_policy.production",
            "module.security.data.akamai_group.group"
          ]
        }
      ]
    },
    {
      "module": "module.security",
      "mode": "managed",
      "type": "akamai_appsec_rule",
      "name": "production_aseweb_attackplatform_3000926",
      "provider": "provider[\"registry.terraform.io/akamai/akamai\"]",
      "instances": [
        {
          "schema_version": 0,
          "attributes": {
            "condition_exception": null,
            "config_id": 116049,
            "id": "116049:VIKI_301778:3000926",
            "rule_action": "alert",
            "rule_id": 3000926,
            "security_policy_id": "VIKI_301778"
          },
          "sensitive_attributes": [],
          "private": "bnVsbA==",
          "dependencies": [
            "module.security.akamai_appsec_configuration.config",
            "module.security.akamai_appsec_security_policy.production",
            "module.security.data.akamai_group.group"
          ]
        }
      ]
    },
    {
      "module": "module.security",
      "mode": "managed",
      "type": "akamai_appsec_rule",
      "name": "production_aseweb_attackplatform_3000927",
      "provider": "provider[\"registry.terraform.io/akamai/akamai\"]",
      "instances": [
        {
          "schema_version": 0,
          "attributes": {
            "condition_exception": null,
            "config_id": 116049,
            "id": "116049:VIKI_301778:3000927",
            "rule_action": "alert",
            "rule_id": 3000927,
            "security_policy_id": "VIKI_301778"
          },
          "sensitive_attributes": [],
          "private": "bnVsbA==",
          "dependencies": [
            "module.security.akamai_appsec_configuration.config",
            "module.security.akamai_appsec_security_policy.production",
            "module.security.data.akamai_group.group"
          ]
        }
      ]
    },
    {
      "module": "module.security",
      "mode": "managed",
      "type": "akamai_appsec_rule",
      "name": "production_aseweb_attackplatform_3000928",
      "provider": "provider[\"registry.terraform.io/akamai/akamai\"]",
      "instances": [
        {
          "schema_version": 0,
          "attributes": {
            "condition_exception": null,
            "config_id": 116049,
            "id": "116049:VIKI_301778:3000928",
            "rule_action": "alert",
            "rule_id": 3000928,
            "security_policy_id": "VIKI_301778"
          },
          "sensitive_attributes": [],
          "private": "bnVsbA==",
          "dependencies": [
            "module.security.akamai_appsec_configuration.config",
            "module.security.akamai_appsec_security_policy.production",
            "module.security.data.akamai_group.group"
          ]
        }
      ]
    },
    {
      "module": "module.security",
      "mode": "managed",
      "type": "akamai_appsec_rule",
      "name": "production_aseweb_attackplatform_3000929",
      "provider": "provider[\"registry.terraform.io/akamai/akamai\"]",
      "instances": [
        {
          "schema_version": 0,
          "attributes": {
            "condition_exception": null,
            "config_id": 116049,
            "id": "116049:VIKI_301778:3000929",
            "rule_action": "alert",
            "rule_id": 3000929,
            "security_policy_id": "VIKI_301778"
          },
          "sensitive_attributes": [],
          "private": "bnVsbA==",
          "dependencies": [
            "module.security.akamai_appsec_configuration.config",
            "module.security.akamai_appsec_security_policy.production",
            "module.security.data.akamai_group.group"
          ]
        }
      ]
    },
    {
      "module": "module.security",
      "mode": "managed",
      "type": "akamai_appsec_rule",
      "name": "production_aseweb_attackplatform_3000930",
      "provider": "provider[\"registry.terraform.io/akamai/akamai\"]",
      "instances": [
        {
          "schema_version": 0,
          "attributes": {
            "condition_exception": null,
            "config_id": 116049,
            "id": "116049:VIKI_301778:3000930",
            "rule_action": "alert",
            "rule_id": 3000930,
            "security_policy_id": "VIKI_301778"
          },
          "sensitive_attributes": [],
          "private": "bnVsbA==",
          "dependencies": [
            "module.security.akamai_appsec_configuration.config",
            "module.security.akamai_appsec_security_policy.production",
            "module.security.data.akamai_group.group"
          ]
        }
      ]
    },
    {
      "module": "module.security",
      "mode": "managed",
      "type": "akamai_appsec_rule",
      "name": "production_aseweb_attackplatform_3000931",
      "provider": "provider[\"registry.terraform.io/akamai/akamai\"]",
      "instances": [
        {
          "schema_version": 0,
          "attributes": {
            "condition_exception": null,
            "config_id": 116049,
            "id": "116049:VIKI_301778:3000931",
            "rule_action": "alert",
            "rule_id": 3000931,
            "security_policy_id": "VIKI_301778"
          },
          "sensitive_attributes": [],
          "private": "bnVsbA==",
          "dependencies": [
            "module.security.akamai_appsec_configuration.config",
            "module.security.akamai_appsec_security_policy.production",
            "module.security.data.akamai_group.group"
          ]
        }
      ]
    },
    {
      "module": "module.security",
      "mode": "managed",
      "type": "akamai_appsec_rule",
      "name": "production_aseweb_attackplatform_3000932",
      "provider": "provider[\"registry.terraform.io/akamai/akamai\"]",
      "instances": [
        {
          "schema_version": 0,
          "attributes": {
            "condition_exception": null,
            "config_id": 116049,
            "id": "116049:VIKI_301778:3000932",
            "rule_action": "alert",
            "rule_id": 3000932,
            "security_policy_id": "VIKI_301778"
          },
          "sensitive_attributes": [],
          "private": "bnVsbA==",
          "dependencies": [
            "module.security.akamai_appsec_configuration.config",
            "module.security.akamai_appsec_security_policy.production",
            "module.security.data.akamai_group.group"
          ]
        }
      ]
    },
    {
      "module": "module.security",
      "mode": "managed",
      "type": "akamai_appsec_rule",
      "name": "production_aseweb_attackplatform_3000933",
      "provider": "provider[\"registry.terraform.io/akamai/akamai\"]",
      "instances": [
        {
          "schema_version": 0,
          "attributes": {
            "condition_exception": null,
            "config_id": 116049,
            "id": "116049:VIKI_301778:3000933",
            "rule_action": "alert",
            "rule_id": 3000933,
            "security_policy_id": "VIKI_301778"
          },
          "sensitive_attributes": [],
          "private": "bnVsbA==",
          "dependencies": [
            "module.security.akamai_appsec_configuration.config",
            "module.security.akamai_appsec_security_policy.production",
            "module.security.data.akamai_group.group"
          ]
        }
      ]
    },
    {
      "module": "module.security",
      "mode": "managed",
      "type": "akamai_appsec_rule",
      "name": "production_aseweb_attackplatform_3000934",
      "provider": "provider[\"registry.terraform.io/akamai/akamai\"]",
      "instances": [
        {
          "schema_version": 0,
          "attributes": {
            "condition_exception": null,
            "config_id": 116049,
            "id": "116049:VIKI_301778:3000934",
            "rule_action": "alert",
            "rule_id": 3000934,
            "security_policy_id": "VIKI_301778"
          },
          "sensitive_attributes": [],
          "private": "bnVsbA==",
          "dependencies": [
            "module.security.akamai_appsec_configuration.config",
            "module.security.akamai_appsec_security_policy.production",
            "module.security.data.akamai_group.group"
          ]
        }
      ]
    },
    {
      "module": "module.security",
      "mode": "managed",
      "type": "akamai_appsec_rule",
      "name": "production_aseweb_attackplatform_3000935",
      "provider": "provider[\"registry.terraform.io/akamai/akamai\"]",
      "instances": [
        {
          "schema_version": 0,
          "attributes": {
            "condition_exception": null,
            "config_id": 116049,
            "id": "116049:VIKI_301778:3000935",
            "rule_action": "alert",
            "rule_id": 3000935,
            "security_policy_id": "VIKI_301778"
          },
          "sensitive_attributes": [],
          "private": "bnVsbA==",
          "dependencies": [
            "module.security.akamai_appsec_configuration.config",
            "module.security.akamai_appsec_security_policy.production",
            "module.security.data.akamai_group.group"
          ]
        }
      ]
    },
    {
      "module": "module.security",
      "mode": "managed",
      "type": "akamai_appsec_rule",
      "name": "production_aseweb_attackplatform_3000936",
      "provider": "provider[\"registry.terraform.io/akamai/akamai\"]",
      "instances": [
        {
          "schema_version": 0,
          "attributes": {
            "condition_exception": null,
            "config_id": 116049,
            "id": "116049:VIKI_301778:3000936",
            "rule_action": "alert",
            "rule_id": 3000936,
            "security_policy_id": "VIKI_301778"
          },
          "sensitive_attributes": [],
          "private": "bnVsbA==",
          "dependencies": [
            "module.security.akamai_appsec_configuration.config",
            "module.security.akamai_appsec_security_policy.production",
            "module.security.data.akamai_group.group"
          ]
        }
      ]
    },
    {
      "module": "module.security",
      "mode": "managed",
      "type": "akamai_appsec_rule",
      "name": "production_aseweb_attackplatform_3000937",
      "provider": "provider[\"registry.terraform.io/akamai/akamai\"]",
      "instances": [
        {
          "schema_version": 0,
          "attributes": {
            "condition_exception": null,
            "config_id": 116049,
            "id": "116049:VIKI_301778:3000937",
            "rule_action": "alert",
            "rule_id": 3000937,
            "security_policy_id": "VIKI_301778"
          },
          "sensitive_attributes": [],
          "private": "bnVsbA==",
          "dependencies": [
            "module.security.akamai_appsec_configuration.config",
            "module.security.akamai_appsec_security_policy.production",
            "module.security.data.akamai_group.group"
          ]
        }
      ]
    },
    {
      "module": "module.security",
      "mode": "managed",
      "type": "akamai_appsec_rule",
      "name": "production_aseweb_attackplatform_3000939",
      "provider": "provider[\"registry.terraform.io/akamai/akamai\"]",
      "instances": [
        {
          "schema_version": 0,
          "attributes": {
            "condition_exception": null,
            "config_id": 116049,
            "id": "116049:VIKI_301778:3000939",
            "rule_action": "alert",
            "rule_id": 3000939,
            "security_policy_id": "VIKI_301778"
          },
          "sensitive_attributes": [],
          "private": "bnVsbA==",
          "dependencies": [
            "module.security.akamai_appsec_configuration.config",
            "module.security.akamai_appsec_security_policy.production",
            "module.security.data.akamai_group.group"
          ]
        }
      ]
    },
    {
      "module": "module.security",
      "mode": "managed",
      "type": "akamai_appsec_rule",
      "name": "production_aseweb_attackplatform_3000940",
      "provider": "provider[\"registry.terraform.io/akamai/akamai\"]",
      "instances": [
        {
          "schema_version": 0,
          "attributes": {
            "condition_exception": null,
            "config_id": 116049,
            "id": "116049:VIKI_301778:3000940",
            "rule_action": "alert",
            "rule_id": 3000940,
            "security_policy_id": "VIKI_301778"
          },
          "sensitive_attributes": [],
          "private": "bnVsbA==",
          "dependencies": [
            "module.security.akamai_appsec_configuration.config",
            "module.security.akamai_appsec_security_policy.production",
            "module.security.data.akamai_group.group"
          ]
        }
      ]
    },
    {
      "module": "module.security",
      "mode": "managed",
      "type": "akamai_appsec_rule",
      "name": "production_aseweb_attackplatform_3000941",
      "provider": "provider[\"registry.terraform.io/akamai/akamai\"]",
      "instances": [
        {
          "schema_version": 0,
          "attributes": {
            "condition_exception": null,
            "config_id": 116049,
            "id": "116049:VIKI_301778:3000941",
            "rule_action": "alert",
            "rule_id": 3000941,
            "security_policy_id": "VIKI_301778"
          },
          "sensitive_attributes": [],
          "private": "bnVsbA==",
          "dependencies": [
            "module.security.akamai_appsec_configuration.config",
            "module.security.akamai_appsec_security_policy.production",
            "module.security.data.akamai_group.group"
          ]
        }
      ]
    },
    {
      "module": "module.security",
      "mode": "managed",
      "type": "akamai_appsec_rule",
      "name": "production_aseweb_attackplatform_3000942",
      "provider": "provider[\"registry.terraform.io/akamai/akamai\"]",
      "instances": [
        {
          "schema_version": 0,
          "attributes": {
            "condition_exception": null,
            "config_id": 116049,
            "id": "116049:VIKI_301778:3000942",
            "rule_action": "alert",
            "rule_id": 3000942,
            "security_policy_id": "VIKI_301778"
          },
          "sensitive_attributes": [],
          "private": "bnVsbA==",
          "dependencies": [
            "module.security.akamai_appsec_configuration.config",
            "module.security.akamai_appsec_security_policy.production",
            "module.security.data.akamai_group.group"
          ]
        }
      ]
    },
    {
      "module": "module.security",
      "mode": "managed",
      "type": "akamai_appsec_rule",
      "name": "production_aseweb_attackplatform_3000943",
      "provider": "provider[\"registry.terraform.io/akamai/akamai\"]",
      "instances": [
        {
          "schema_version": 0,
          "attributes": {
            "condition_exception": null,
            "config_id": 116049,
            "id": "116049:VIKI_301778:3000943",
            "rule_action": "alert",
            "rule_id": 3000943,
            "security_policy_id": "VIKI_301778"
          },
          "sensitive_attributes": [],
          "private": "bnVsbA==",
          "dependencies": [
            "module.security.akamai_appsec_configuration.config",
            "module.security.akamai_appsec_security_policy.production",
            "module.security.data.akamai_group.group"
          ]
        }
      ]
    },
    {
      "module": "module.security",
      "mode": "managed",
      "type": "akamai_appsec_rule",
      "name": "production_aseweb_attackplatform_3000944",
      "provider": "provider[\"registry.terraform.io/akamai/akamai\"]",
      "instances": [
        {
          "schema_version": 0,
          "attributes": {
            "condition_exception": null,
            "config_id": 116049,
            "id": "116049:VIKI_301778:3000944",
            "rule_action": "alert",
            "rule_id": 3000944,
            "security_policy_id": "VIKI_301778"
          },
          "sensitive_attributes": [],
          "private": "bnVsbA==",
          "dependencies": [
            "module.security.akamai_appsec_configuration.config",
            "module.security.akamai_appsec_security_policy.production",
            "module.security.data.akamai_group.group"
          ]
        }
      ]
    },
    {
      "module": "module.security",
      "mode": "managed",
      "type": "akamai_appsec_rule",
      "name": "production_aseweb_attackplatform_3000945",
      "provider": "provider[\"registry.terraform.io/akamai/akamai\"]",
      "instances": [
        {
          "schema_version": 0,
          "attributes": {
            "condition_exception": null,
            "config_id": 116049,
            "id": "116049:VIKI_301778:3000945",
            "rule_action": "alert",
            "rule_id": 3000945,
            "security_policy_id": "VIKI_301778"
          },
          "sensitive_attributes": [],
          "private": "bnVsbA==",
          "dependencies": [
            "module.security.akamai_appsec_configuration.config",
            "module.security.akamai_appsec_security_policy.production",
            "module.security.data.akamai_group.group"
          ]
        }
      ]
    },
    {
      "module": "module.security",
      "mode": "managed",
      "type": "akamai_appsec_rule",
      "name": "production_aseweb_attackplatform_3000946",
      "provider": "provider[\"registry.terraform.io/akamai/akamai\"]",
      "instances": [
        {
          "schema_version": 0,
          "attributes": {
            "condition_exception": null,
            "config_id": 116049,
            "id": "116049:VIKI_301778:3000946",
            "rule_action": "alert",
            "rule_id": 3000946,
            "security_policy_id": "VIKI_301778"
          },
          "sensitive_attributes": [],
          "private": "bnVsbA==",
          "dependencies": [
            "module.security.akamai_appsec_configuration.config",
            "module.security.akamai_appsec_security_policy.production",
            "module.security.data.akamai_group.group"
          ]
        }
      ]
    },
    {
      "module": "module.security",
      "mode": "managed",
      "type": "akamai_appsec_rule",
      "name": "production_aseweb_attackplatform_3000950",
      "provider": "provider[\"registry.terraform.io/akamai/akamai\"]",
      "instances": [
        {
          "schema_version": 0,
          "attributes": {
            "condition_exception": null,
            "config_id": 116049,
            "id": "116049:VIKI_301778:3000950",
            "rule_action": "alert",
            "rule_id": 3000950,
            "security_policy_id": "VIKI_301778"
          },
          "sensitive_attributes": [],
          "private": "bnVsbA==",
          "dependencies": [
            "module.security.akamai_appsec_configuration.config",
            "module.security.akamai_appsec_security_policy.production",
            "module.security.data.akamai_group.group"
          ]
        }
      ]
    },
    {
      "module": "module.security",
      "mode": "managed",
      "type": "akamai_appsec_rule",
      "name": "production_aseweb_attackplatform_3000951",
      "provider": "provider[\"registry.terraform.io/akamai/akamai\"]",
      "instances": [
        {
          "schema_version": 0,
          "attributes": {
            "condition_exception": null,
            "config_id": 116049,
            "id": "116049:VIKI_301778:3000951",
            "rule_action": "alert",
            "rule_id": 3000951,
            "security_policy_id": "VIKI_301778"
          },
          "sensitive_attributes": [],
          "private": "bnVsbA==",
          "dependencies": [
            "module.security.akamai_appsec_configuration.config",
            "module.security.akamai_appsec_security_policy.production",
            "module.security.data.akamai_group.group"
          ]
        }
      ]
    },
    {
      "module": "module.security",
      "mode": "managed",
      "type": "akamai_appsec_rule",
      "name": "production_aseweb_attackplatform_3000952",
      "provider": "provider[\"registry.terraform.io/akamai/akamai\"]",
      "instances": [
        {
          "schema_version": 0,
          "attributes": {
            "condition_exception": null,
            "config_id": 116049,
            "id": "116049:VIKI_301778:3000952",
            "rule_action": "alert",
            "rule_id": 3000952,
            "security_policy_id": "VIKI_301778"
          },
          "sensitive_attributes": [],
          "private": "bnVsbA==",
          "dependencies": [
            "module.security.akamai_appsec_configuration.config",
            "module.security.akamai_appsec_security_policy.production",
            "module.security.data.akamai_group.group"
          ]
        }
      ]
    },
    {
      "module": "module.security",
      "mode": "managed",
      "type": "akamai_appsec_rule",
      "name": "production_aseweb_attackplatform_3000953",
      "provider": "provider[\"registry.terraform.io/akamai/akamai\"]",
      "instances": [
        {
          "schema_version": 0,
          "attributes": {
            "condition_exception": null,
            "config_id": 116049,
            "id": "116049:VIKI_301778:3000953",
            "rule_action": "alert",
            "rule_id": 3000953,
            "security_policy_id": "VIKI_301778"
          },
          "sensitive_attributes": [],
          "private": "bnVsbA==",
          "dependencies": [
            "module.security.akamai_appsec_configuration.config",
            "module.security.akamai_appsec_security_policy.production",
            "module.security.data.akamai_group.group"
          ]
        }
      ]
    },
    {
      "module": "module.security",
      "mode": "managed",
      "type": "akamai_appsec_rule",
      "name": "production_aseweb_attackplatform_3000954",
      "provider": "provider[\"registry.terraform.io/akamai/akamai\"]",
      "instances": [
        {
          "schema_version": 0,
          "attributes": {
            "condition_exception": null,
            "config_id": 116049,
            "id": "116049:VIKI_301778:3000954",
            "rule_action": "alert",
            "rule_id": 3000954,
            "security_policy_id": "VIKI_301778"
          },
          "sensitive_attributes": [],
          "private": "bnVsbA==",
          "dependencies": [
            "module.security.akamai_appsec_configuration.config",
            "module.security.akamai_appsec_security_policy.production",
            "module.security.data.akamai_group.group"
          ]
        }
      ]
    },
    {
      "module": "module.security",
      "mode": "managed",
      "type": "akamai_appsec_rule",
      "name": "production_aseweb_attackplatform_3000955",
      "provider": "provider[\"registry.terraform.io/akamai/akamai\"]",
      "instances": [
        {
          "schema_version": 0,
          "attributes": {
            "condition_exception": null,
            "config_id": 116049,
            "id": "116049:VIKI_301778:3000955",
            "rule_action": "alert",
            "rule_id": 3000955,
            "security_policy_id": "VIKI_301778"
          },
          "sensitive_attributes": [],
          "private": "bnVsbA==",
          "dependencies": [
            "module.security.akamai_appsec_configuration.config",
            "module.security.akamai_appsec_security_policy.production",
            "module.security.data.akamai_group.group"
          ]
        }
      ]
    },
    {
      "module": "module.security",
      "mode": "managed",
      "type": "akamai_appsec_rule",
      "name": "production_aseweb_attackplatform_3000956",
      "provider": "provider[\"registry.terraform.io/akamai/akamai\"]",
      "instances": [
        {
          "schema_version": 0,
          "attributes": {
            "condition_exception": null,
            "config_id": 116049,
            "id": "116049:VIKI_301778:3000956",
            "rule_action": "alert",
            "rule_id": 3000956,
            "security_policy_id": "VIKI_301778"
          },
          "sensitive_attributes": [],
          "private": "bnVsbA==",
          "dependencies": [
            "module.security.akamai_appsec_configuration.config",
            "module.security.akamai_appsec_security_policy.production",
            "module.security.data.akamai_group.group"
          ]
        }
      ]
    },
    {
      "module": "module.security",
      "mode": "managed",
      "type": "akamai_appsec_rule",
      "name": "production_aseweb_attackplatform_3000959",
      "provider": "provider[\"registry.terraform.io/akamai/akamai\"]",
      "instances": [
        {
          "schema_version": 0,
          "attributes": {
            "condition_exception": null,
            "config_id": 116049,
            "id": "116049:VIKI_301778:3000959",
            "rule_action": "alert",
            "rule_id": 3000959,
            "security_policy_id": "VIKI_301778"
          },
          "sensitive_attributes": [],
          "private": "bnVsbA==",
          "dependencies": [
            "module.security.akamai_appsec_configuration.config",
            "module.security.akamai_appsec_security_policy.production",
            "module.security.data.akamai_group.group"
          ]
        }
      ]
    },
    {
      "module": "module.security",
      "mode": "managed",
      "type": "akamai_appsec_rule",
      "name": "production_aseweb_attackplatform_3000960",
      "provider": "provider[\"registry.terraform.io/akamai/akamai\"]",
      "instances": [
        {
          "schema_version": 0,
          "attributes": {
            "condition_exception": null,
            "config_id": 116049,
            "id": "116049:VIKI_301778:3000960",
            "rule_action": "alert",
            "rule_id": 3000960,
            "security_policy_id": "VIKI_301778"
          },
          "sensitive_attributes": [],
          "private": "bnVsbA==",
          "dependencies": [
            "module.security.akamai_appsec_configuration.config",
            "module.security.akamai_appsec_security_policy.production",
            "module.security.data.akamai_group.group"
          ]
        }
      ]
    },
    {
      "module": "module.security",
      "mode": "managed",
      "type": "akamai_appsec_rule",
      "name": "production_aseweb_attackplatform_3000961",
      "provider": "provider[\"registry.terraform.io/akamai/akamai\"]",
      "instances": [
        {
          "schema_version": 0,
          "attributes": {
            "condition_exception": null,
            "config_id": 116049,
            "id": "116049:VIKI_301778:3000961",
            "rule_action": "alert",
            "rule_id": 3000961,
            "security_policy_id": "VIKI_301778"
          },
          "sensitive_attributes": [],
          "private": "bnVsbA==",
          "dependencies": [
            "module.security.akamai_appsec_configuration.config",
            "module.security.akamai_appsec_security_policy.production",
            "module.security.data.akamai_group.group"
          ]
        }
      ]
    },
    {
      "module": "module.security",
      "mode": "managed",
      "type": "akamai_appsec_rule",
      "name": "production_aseweb_attackplatform_3000962",
      "provider": "provider[\"registry.terraform.io/akamai/akamai\"]",
      "instances": [
        {
          "schema_version": 0,
          "attributes": {
            "condition_exception": null,
            "config_id": 116049,
            "id": "116049:VIKI_301778:3000962",
            "rule_action": "alert",
            "rule_id": 3000962,
            "security_policy_id": "VIKI_301778"
          },
          "sensitive_attributes": [],
          "private": "bnVsbA==",
          "dependencies": [
            "module.security.akamai_appsec_configuration.config",
            "module.security.akamai_appsec_security_policy.production",
            "module.security.data.akamai_group.group"
          ]
        }
      ]
    },
    {
      "module": "module.security",
      "mode": "managed",
      "type": "akamai_appsec_rule",
      "name": "production_aseweb_attackplatform_3000998",
      "provider": "provider[\"registry.terraform.io/akamai/akamai\"]",
      "instances": [
        {
          "schema_version": 0,
          "attributes": {
            "condition_exception": null,
            "config_id": 116049,
            "id": "116049:VIKI_301778:3000998",
            "rule_action": "alert",
            "rule_id": 3000998,
            "security_policy_id": "VIKI_301778"
          },
          "sensitive_attributes": [],
          "private": "bnVsbA==",
          "dependencies": [
            "module.security.akamai_appsec_configuration.config",
            "module.security.akamai_appsec_security_policy.production",
            "module.security.data.akamai_group.group"
          ]
        }
      ]
    },
    {
      "module": "module.security",
      "mode": "managed",
      "type": "akamai_appsec_rule",
      "name": "production_aseweb_attackplatform_3000999",
      "provider": "provider[\"registry.terraform.io/akamai/akamai\"]",
      "instances": [
        {
          "schema_version": 0,
          "attributes": {
            "condition_exception": null,
            "config_id": 116049,
            "id": "116049:VIKI_301778:3000999",
            "rule_action": "alert",
            "rule_id": 3000999,
            "security_policy_id": "VIKI_301778"
          },
          "sensitive_attributes": [],
          "private": "bnVsbA==",
          "dependencies": [
            "module.security.akamai_appsec_configuration.config",
            "module.security.akamai_appsec_security_policy.production",
            "module.security.data.akamai_group.group"
          ]
        }
      ]
    },
    {
      "module": "module.security",
      "mode": "managed",
      "type": "akamai_appsec_rule",
      "name": "production_aseweb_attackpolicy_3000180",
      "provider": "provider[\"registry.terraform.io/akamai/akamai\"]",
      "instances": [
        {
          "schema_version": 0,
          "attributes": {
            "condition_exception": null,
            "config_id": 116049,
            "id": "116049:VIKI_301778:3000180",
            "rule_action": "alert",
            "rule_id": 3000180,
            "security_policy_id": "VIKI_301778"
          },
          "sensitive_attributes": [],
          "private": "bnVsbA==",
          "dependencies": [
            "module.security.akamai_appsec_configuration.config",
            "module.security.akamai_appsec_security_policy.production",
            "module.security.data.akamai_group.group"
          ]
        }
      ]
    },
    {
      "module": "module.security",
      "mode": "managed",
      "type": "akamai_appsec_rule",
      "name": "production_aseweb_attackpolicy_950220",
      "provider": "provider[\"registry.terraform.io/akamai/akamai\"]",
      "instances": [
        {
          "schema_version": 0,
          "attributes": {
            "condition_exception": null,
            "config_id": 116049,
            "id": "116049:VIKI_301778:950220",
            "rule_action": "alert",
            "rule_id": 950220,
            "security_policy_id": "VIKI_301778"
          },
          "sensitive_attributes": [],
          "private": "bnVsbA==",
          "dependencies": [
            "module.security.akamai_appsec_configuration.config",
            "module.security.akamai_appsec_security_policy.production",
            "module.security.data.akamai_group.group"
          ]
        }
      ]
    },
    {
      "module": "module.security",
      "mode": "managed",
      "type": "akamai_appsec_rule",
      "name": "production_aseweb_attackpolicy_961912",
      "provider": "provider[\"registry.terraform.io/akamai/akamai\"]",
      "instances": [
        {
          "schema_version": 0,
          "attributes": {
            "condition_exception": null,
            "config_id": 116049,
            "id": "116049:VIKI_301778:961912",
            "rule_action": "alert",
            "rule_id": 961912,
            "security_policy_id": "VIKI_301778"
          },
          "sensitive_attributes": [],
          "private": "bnVsbA==",
          "dependencies": [
            "module.security.akamai_appsec_configuration.config",
            "module.security.akamai_appsec_security_policy.production",
            "module.security.data.akamai_group.group"
          ]
        }
      ]
    },
    {
      "module": "module.security",
      "mode": "managed",
      "type": "akamai_appsec_rule",
      "name": "production_aseweb_attackprotocol_3000173",
      "provider": "provider[\"registry.terraform.io/akamai/akamai\"]",
      "instances": [
        {
          "schema_version": 0,
          "attributes": {
            "condition_exception": null,
            "config_id": 116049,
            "id": "116049:VIKI_301778:3000173",
            "rule_action": "alert",
            "rule_id": 3000173,
            "security_policy_id": "VIKI_301778"
          },
          "sensitive_attributes": [],
          "private": "bnVsbA==",
          "dependencies": [
            "module.security.akamai_appsec_configuration.config",
            "module.security.akamai_appsec_security_policy.production",
            "module.security.data.akamai_group.group"
          ]
        }
      ]
    },
    {
      "module": "module.security",
      "mode": "managed",
      "type": "akamai_appsec_rule",
      "name": "production_aseweb_attackprotocol_3000174",
      "provider": "provider[\"registry.terraform.io/akamai/akamai\"]",
      "instances": [
        {
          "schema_version": 0,
          "attributes": {
            "condition_exception": null,
            "config_id": 116049,
            "id": "116049:VIKI_301778:3000174",
            "rule_action": "alert",
            "rule_id": 3000174,
            "security_policy_id": "VIKI_301778"
          },
          "sensitive_attributes": [],
          "private": "bnVsbA==",
          "dependencies": [
            "module.security.akamai_appsec_configuration.config",
            "module.security.akamai_appsec_security_policy.production",
            "module.security.data.akamai_group.group"
          ]
        }
      ]
    },
    {
      "module": "module.security",
      "mode": "managed",
      "type": "akamai_appsec_rule",
      "name": "production_aseweb_attackprotocol_3000175",
      "provider": "provider[\"registry.terraform.io/akamai/akamai\"]",
      "instances": [
        {
          "schema_version": 0,
          "attributes": {
            "condition_exception": null,
            "config_id": 116049,
            "id": "116049:VIKI_301778:3000175",
            "rule_action": "alert",
            "rule_id": 3000175,
            "security_policy_id": "VIKI_301778"
          },
          "sensitive_attributes": [],
          "private": "bnVsbA==",
          "dependencies": [
            "module.security.akamai_appsec_configuration.config",
            "module.security.akamai_appsec_security_policy.production",
            "module.security.data.akamai_group.group"
          ]
        }
      ]
    },
    {
      "module": "module.security",
      "mode": "managed",
      "type": "akamai_appsec_rule",
      "name": "production_aseweb_attackprotocol_3000176",
      "provider": "provider[\"registry.terraform.io/akamai/akamai\"]",
      "instances": [
        {
          "schema_version": 0,
          "attributes": {
            "condition_exception": null,
            "config_id": 116049,
            "id": "116049:VIKI_301778:3000176",
            "rule_action": "alert",
            "rule_id": 3000176,
            "security_policy_id": "VIKI_301778"
          },
          "sensitive_attributes": [],
          "private": "bnVsbA==",
          "dependencies": [
            "module.security.akamai_appsec_configuration.config",
            "module.security.akamai_appsec_security_policy.production",
            "module.security.data.akamai_group.group"
          ]
        }
      ]
    },
    {
      "module": "module.security",
      "mode": "managed",
      "type": "akamai_appsec_rule",
      "name": "production_aseweb_attackprotocol_3000177",
      "provider": "provider[\"registry.terraform.io/akamai/akamai\"]",
      "instances": [
        {
          "schema_version": 0,
          "attributes": {
            "condition_exception": null,
            "config_id": 116049,
            "id": "116049:VIKI_301778:3000177",
            "rule_action": "alert",
            "rule_id": 3000177,
            "security_policy_id": "VIKI_301778"
          },
          "sensitive_attributes": [],
          "private": "bnVsbA==",
          "dependencies": [
            "module.security.akamai_appsec_configuration.config",
            "module.security.akamai_appsec_security_policy.production",
            "module.security.data.akamai_group.group"
          ]
        }
      ]
    },
    {
      "module": "module.security",
      "mode": "managed",
      "type": "akamai_appsec_rule",
      "name": "production_aseweb_attackprotocol_3000192",
      "provider": "provider[\"registry.terraform.io/akamai/akamai\"]",
      "instances": [
        {
          "schema_version": 0,
          "attributes": {
            "condition_exception": null,
            "config_id": 116049,
            "id": "116049:VIKI_301778:3000192",
            "rule_action": "alert",
            "rule_id": 3000192,
            "security_policy_id": "VIKI_301778"
          },
          "sensitive_attributes": [],
          "private": "bnVsbA==",
          "dependencies": [
            "module.security.akamai_appsec_configuration.config",
            "module.security.akamai_appsec_security_policy.production",
            "module.security.data.akamai_group.group"
          ]
        }
      ]
    },
    {
      "module": "module.security",
      "mode": "managed",
      "type": "akamai_appsec_rule",
      "name": "production_aseweb_attackprotocol_3000700",
      "provider": "provider[\"registry.terraform.io/akamai/akamai\"]",
      "instances": [
        {
          "schema_version": 0,
          "attributes": {
            "condition_exception": null,
            "config_id": 116049,
            "id": "116049:VIKI_301778:3000700",
            "rule_action": "alert",
            "rule_id": 3000700,
            "security_policy_id": "VIKI_301778"
          },
          "sensitive_attributes": [],
          "private": "bnVsbA==",
          "dependencies": [
            "module.security.akamai_appsec_configuration.config",
            "module.security.akamai_appsec_security_policy.production",
            "module.security.data.akamai_group.group"
          ]
        }
      ]
    },
    {
      "module": "module.security",
      "mode": "managed",
      "type": "akamai_appsec_rule",
      "name": "production_aseweb_attackprotocol_950216",
      "provider": "provider[\"registry.terraform.io/akamai/akamai\"]",
      "instances": [
        {
          "schema_version": 0,
          "attributes": {
            "condition_exception": null,
            "config_id": 116049,
            "id": "116049:VIKI_301778:950216",
            "rule_action": "alert",
            "rule_id": 950216,
            "security_policy_id": "VIKI_301778"
          },
          "sensitive_attributes": [],
          "private": "bnVsbA==",
          "dependencies": [
            "module.security.akamai_appsec_configuration.config",
            "module.security.akamai_appsec_security_policy.production",
            "module.security.data.akamai_group.group"
          ]
        }
      ]
    },
    {
      "module": "module.security",
      "mode": "managed",
      "type": "akamai_appsec_rule",
      "name": "production_aseweb_attackprotocol_951910",
      "provider": "provider[\"registry.terraform.io/akamai/akamai\"]",
      "instances": [
        {
          "schema_version": 0,
          "attributes": {
            "condition_exception": null,
            "config_id": 116049,
            "id": "116049:VIKI_301778:951910",
            "rule_action": "alert",
            "rule_id": 951910,
            "security_policy_id": "VIKI_301778"
          },
          "sensitive_attributes": [],
          "private": "bnVsbA==",
          "dependencies": [
            "module.security.akamai_appsec_configuration.config",
            "module.security.akamai_appsec_security_policy.production",
            "module.security.data.akamai_group.group"
          ]
        }
      ]
    },
    {
      "module": "module.security",
      "mode": "managed",
      "type": "akamai_appsec_rule",
      "name": "production_aseweb_attackprotocol_961011",
      "provider": "provider[\"registry.terraform.io/akamai/akamai\"]",
      "instances": [
        {
          "schema_version": 0,
          "attributes": {
            "condition_exception": null,
            "config_id": 116049,
            "id": "116049:VIKI_301778:961011",
            "rule_action": "alert",
            "rule_id": 961011,
            "security_policy_id": "VIKI_301778"
          },
          "sensitive_attributes": [],
          "private": "bnVsbA==",
          "dependencies": [
            "module.security.akamai_appsec_configuration.config",
            "module.security.akamai_appsec_security_policy.production",
            "module.security.data.akamai_group.group"
          ]
        }
      ]
    },
    {
      "module": "module.security",
      "mode": "managed",
      "type": "akamai_appsec_rule",
      "name": "production_aseweb_attackprotocol_961012",
      "provider": "provider[\"registry.terraform.io/akamai/akamai\"]",
      "instances": [
        {
          "schema_version": 0,
          "attributes": {
            "condition_exception": null,
            "config_id": 116049,
            "id": "116049:VIKI_301778:961012",
            "rule_action": "alert",
            "rule_id": 961012,
            "security_policy_id": "VIKI_301778"
          },
          "sensitive_attributes": [],
          "private": "bnVsbA==",
          "dependencies": [
            "module.security.akamai_appsec_configuration.config",
            "module.security.akamai_appsec_security_policy.production",
            "module.security.data.akamai_group.group"
          ]
        }
      ]
    },
    {
      "module": "module.security",
      "mode": "managed",
      "type": "akamai_appsec_rule",
      "name": "production_aseweb_attackprotocol_961034",
      "provider": "provider[\"registry.terraform.io/akamai/akamai\"]",
      "instances": [
        {
          "schema_version": 0,
          "attributes": {
            "condition_exception": null,
            "config_id": 116049,
            "id": "116049:VIKI_301778:961034",
            "rule_action": "alert",
            "rule_id": 961034,
            "security_policy_id": "VIKI_301778"
          },
          "sensitive_attributes": [],
          "private": "bnVsbA==",
          "dependencies": [
            "module.security.akamai_appsec_configuration.config",
            "module.security.akamai_appsec_security_policy.production",
            "module.security.data.akamai_group.group"
          ]
        }
      ]
    },
    {
      "module": "module.security",
      "mode": "managed",
      "type": "akamai_appsec_rule",
      "name": "production_aseweb_attackprotocol_961904",
      "provider": "provider[\"registry.terraform.io/akamai/akamai\"]",
      "instances": [
        {
          "schema_version": 0,
          "attributes": {
            "condition_exception": null,
            "config_id": 116049,
            "id": "116049:VIKI_301778:961904",
            "rule_action": "alert",
            "rule_id": 961904,
            "security_policy_id": "VIKI_301778"
          },
          "sensitive_attributes": [],
          "private": "bnVsbA==",
          "dependencies": [
            "module.security.akamai_appsec_configuration.config",
            "module.security.akamai_appsec_security_policy.production",
            "module.security.data.akamai_group.group"
          ]
        }
      ]
    },
    {
      "module": "module.security",
      "mode": "managed",
      "type": "akamai_appsec_rule",
      "name": "production_aseweb_attackprotocol_968230",
      "provider": "provider[\"registry.terraform.io/akamai/akamai\"]",
      "instances": [
        {
          "schema_version": 0,
          "attributes": {
            "condition_exception": null,
            "config_id": 116049,
            "id": "116049:VIKI_301778:968230",
            "rule_action": "alert",
            "rule_id": 968230,
            "security_policy_id": "VIKI_301778"
          },
          "sensitive_attributes": [],
          "private": "bnVsbA==",
          "dependencies": [
            "module.security.akamai_appsec_configuration.config",
            "module.security.akamai_appsec_security_policy.production",
            "module.security.data.akamai_group.group"
          ]
        }
      ]
    },
    {
      "module": "module.security",
      "mode": "managed",
      "type": "akamai_appsec_rule",
      "name": "production_aseweb_attackrfi_3000004",
      "provider": "provider[\"registry.terraform.io/akamai/akamai\"]",
      "instances": [
        {
          "schema_version": 0,
          "attributes": {
            "condition_exception": null,
            "config_id": 116049,
            "id": "116049:VIKI_301778:3000004",
            "rule_action": "alert",
            "rule_id": 3000004,
            "security_policy_id": "VIKI_301778"
          },
          "sensitive_attributes": [],
          "private": "bnVsbA==",
          "dependencies": [
            "module.security.akamai_appsec_configuration.config",
            "module.security.akamai_appsec_security_policy.production",
            "module.security.data.akamai_group.group"
          ]
        }
      ]
    },
    {
      "module": "module.security",
      "mode": "managed",
      "type": "akamai_appsec_rule",
      "name": "production_aseweb_attackrfi_3000130",
      "provider": "provider[\"registry.terraform.io/akamai/akamai\"]",
      "instances": [
        {
          "schema_version": 0,
          "attributes": {
            "condition_exception": null,
            "config_id": 116049,
            "id": "116049:VIKI_301778:3000130",
            "rule_action": "alert",
            "rule_id": 3000130,
            "security_policy_id": "VIKI_301778"
          },
          "sensitive_attributes": [],
          "private": "bnVsbA==",
          "dependencies": [
            "module.security.akamai_appsec_configuration.config",
            "module.security.akamai_appsec_security_policy.production",
            "module.security.data.akamai_group.group"
          ]
        }
      ]
    },
    {
      "module": "module.security",
      "mode": "managed",
      "type": "akamai_appsec_rule",
      "name": "production_aseweb_attackrfi_3000131",
      "provider": "provider[\"registry.terraform.io/akamai/akamai\"]",
      "instances": [
        {
          "schema_version": 0,
          "attributes": {
            "condition_exception": null,
            "config_id": 116049,
            "id": "116049:VIKI_301778:3000131",
            "rule_action": "alert",
            "rule_id": 3000131,
            "security_policy_id": "VIKI_301778"
          },
          "sensitive_attributes": [],
          "private": "bnVsbA==",
          "dependencies": [
            "module.security.akamai_appsec_configuration.config",
            "module.security.akamai_appsec_security_policy.production",
            "module.security.data.akamai_group.group"
          ]
        }
      ]
    },
    {
      "module": "module.security",
      "mode": "managed",
      "type": "akamai_appsec_rule",
      "name": "production_aseweb_attackrfi_950118",
      "provider": "provider[\"registry.terraform.io/akamai/akamai\"]",
      "instances": [
        {
          "schema_version": 0,
          "attributes": {
            "condition_exception": null,
            "config_id": 116049,
            "id": "116049:VIKI_301778:950118",
            "rule_action": "alert",
            "rule_id": 950118,
            "security_policy_id": "VIKI_301778"
          },
          "sensitive_attributes": [],
          "private": "bnVsbA==",
          "dependencies": [
            "module.security.akamai_appsec_configuration.config",
            "module.security.akamai_appsec_security_policy.production",
            "module.security.data.akamai_group.group"
          ]
        }
      ]
    },
    {
      "module": "module.security",
      "mode": "managed",
      "type": "akamai_appsec_rule",
      "name": "production_aseweb_attacksql_injection_3000000",
      "provider": "provider[\"registry.terraform.io/akamai/akamai\"]",
      "instances": [
        {
          "schema_version": 0,
          "attributes": {
            "condition_exception": null,
            "config_id": 116049,
            "id": "116049:VIKI_301778:3000000",
            "rule_action": "alert",
            "rule_id": 3000000,
            "security_policy_id": "VIKI_301778"
          },
          "sensitive_attributes": [],
          "private": "bnVsbA==",
          "dependencies": [
            "module.security.akamai_appsec_configuration.config",
            "module.security.akamai_appsec_security_policy.production",
            "module.security.data.akamai_group.group"
          ]
        }
      ]
    },
    {
      "module": "module.security",
      "mode": "managed",
      "type": "akamai_appsec_rule",
      "name": "production_aseweb_attacksql_injection_3000006",
      "provider": "provider[\"registry.terraform.io/akamai/akamai\"]",
      "instances": [
        {
          "schema_version": 0,
          "attributes": {
            "condition_exception": null,
            "config_id": 116049,
            "id": "116049:VIKI_301778:3000006",
            "rule_action": "alert",
            "rule_id": 3000006,
            "security_policy_id": "VIKI_301778"
          },
          "sensitive_attributes": [],
          "private": "bnVsbA==",
          "dependencies": [
            "module.security.akamai_appsec_configuration.config",
            "module.security.akamai_appsec_security_policy.production",
            "module.security.data.akamai_group.group"
          ]
        }
      ]
    },
    {
      "module": "module.security",
      "mode": "managed",
      "type": "akamai_appsec_rule",
      "name": "production_aseweb_attacksql_injection_3000015",
      "provider": "provider[\"registry.terraform.io/akamai/akamai\"]",
      "instances": [
        {
          "schema_version": 0,
          "attributes": {
            "condition_exception": null,
            "config_id": 116049,
            "id": "116049:VIKI_301778:3000015",
            "rule_action": "alert",
            "rule_id": 3000015,
            "security_policy_id": "VIKI_301778"
          },
          "sensitive_attributes": [],
          "private": "bnVsbA==",
          "dependencies": [
            "module.security.akamai_appsec_configuration.config",
            "module.security.akamai_appsec_security_policy.production",
            "module.security.data.akamai_group.group"
          ]
        }
      ]
    },
    {
      "module": "module.security",
      "mode": "managed",
      "type": "akamai_appsec_rule",
      "name": "production_aseweb_attacksql_injection_3000017",
      "provider": "provider[\"registry.terraform.io/akamai/akamai\"]",
      "instances": [
        {
          "schema_version": 0,
          "attributes": {
            "condition_exception": null,
            "config_id": 116049,
            "id": "116049:VIKI_301778:3000017",
            "rule_action": "alert",
            "rule_id": 3000017,
            "security_policy_id": "VIKI_301778"
          },
          "sensitive_attributes": [],
          "private": "bnVsbA==",
          "dependencies": [
            "module.security.akamai_appsec_configuration.config",
            "module.security.akamai_appsec_security_policy.production",
            "module.security.data.akamai_group.group"
          ]
        }
      ]
    },
    {
      "module": "module.security",
      "mode": "managed",
      "type": "akamai_appsec_rule",
      "name": "production_aseweb_attacksql_injection_3000022",
      "provider": "provider[\"registry.terraform.io/akamai/akamai\"]",
      "instances": [
        {
          "schema_version": 0,
          "attributes": {
            "condition_exception": null,
            "config_id": 116049,
            "id": "116049:VIKI_301778:3000022",
            "rule_action": "alert",
            "rule_id": 3000022,
            "security_policy_id": "VIKI_301778"
          },
          "sensitive_attributes": [],
          "private": "bnVsbA==",
          "dependencies": [
            "module.security.akamai_appsec_configuration.config",
            "module.security.akamai_appsec_security_policy.production",
            "module.security.data.akamai_group.group"
          ]
        }
      ]
    },
    {
      "module": "module.security",
      "mode": "managed",
      "type": "akamai_appsec_rule",
      "name": "production_aseweb_attacksql_injection_3000100",
      "provider": "provider[\"registry.terraform.io/akamai/akamai\"]",
      "instances": [
        {
          "schema_version": 0,
          "attributes": {
            "condition_exception": null,
            "config_id": 116049,
            "id": "116049:VIKI_301778:3000100",
            "rule_action": "alert",
            "rule_id": 3000100,
            "security_policy_id": "VIKI_301778"
          },
          "sensitive_attributes": [],
          "private": "bnVsbA==",
          "dependencies": [
            "module.security.akamai_appsec_configuration.config",
            "module.security.akamai_appsec_security_policy.production",
            "module.security.data.akamai_group.group"
          ]
        }
      ]
    },
    {
      "module": "module.security",
      "mode": "managed",
      "type": "akamai_appsec_rule",
      "name": "production_aseweb_attacksql_injection_3000101",
      "provider": "provider[\"registry.terraform.io/akamai/akamai\"]",
      "instances": [
        {
          "schema_version": 0,
          "attributes": {
            "condition_exception": null,
            "config_id": 116049,
            "id": "116049:VIKI_301778:3000101",
            "rule_action": "alert",
            "rule_id": 3000101,
            "security_policy_id": "VIKI_301778"
          },
          "sensitive_attributes": [],
          "private": "bnVsbA==",
          "dependencies": [
            "module.security.akamai_appsec_configuration.config",
            "module.security.akamai_appsec_security_policy.production",
            "module.security.data.akamai_group.group"
          ]
        }
      ]
    },
    {
      "module": "module.security",
      "mode": "managed",
      "type": "akamai_appsec_rule",
      "name": "production_aseweb_attacksql_injection_3000102",
      "provider": "provider[\"registry.terraform.io/akamai/akamai\"]",
      "instances": [
        {
          "schema_version": 0,
          "attributes": {
            "condition_exception": null,
            "config_id": 116049,
            "id": "116049:VIKI_301778:3000102",
            "rule_action": "alert",
            "rule_id": 3000102,
            "security_policy_id": "VIKI_301778"
          },
          "sensitive_attributes": [],
          "private": "bnVsbA==",
          "dependencies": [
            "module.security.akamai_appsec_configuration.config",
            "module.security.akamai_appsec_security_policy.production",
            "module.security.data.akamai_group.group"
          ]
        }
      ]
    },
    {
      "module": "module.security",
      "mode": "managed",
      "type": "akamai_appsec_rule",
      "name": "production_aseweb_attacksql_injection_3000103",
      "provider": "provider[\"registry.terraform.io/akamai/akamai\"]",
      "instances": [
        {
          "schema_version": 0,
          "attributes": {
            "condition_exception": null,
            "config_id": 116049,
            "id": "116049:VIKI_301778:3000103",
            "rule_action": "alert",
            "rule_id": 3000103,
            "security_policy_id": "VIKI_301778"
          },
          "sensitive_attributes": [],
          "private": "bnVsbA==",
          "dependencies": [
            "module.security.akamai_appsec_configuration.config",
            "module.security.akamai_appsec_security_policy.production",
            "module.security.data.akamai_group.group"
          ]
        }
      ]
    },
    {
      "module": "module.security",
      "mode": "managed",
      "type": "akamai_appsec_rule",
      "name": "production_aseweb_attacksql_injection_3000104",
      "provider": "provider[\"registry.terraform.io/akamai/akamai\"]",
      "instances": [
        {
          "schema_version": 0,
          "attributes": {
            "condition_exception": null,
            "config_id": 116049,
            "id": "116049:VIKI_301778:3000104",
            "rule_action": "alert",
            "rule_id": 3000104,
            "security_policy_id": "VIKI_301778"
          },
          "sensitive_attributes": [],
          "private": "bnVsbA==",
          "dependencies": [
            "module.security.akamai_appsec_configuration.config",
            "module.security.akamai_appsec_security_policy.production",
            "module.security.data.akamai_group.group"
          ]
        }
      ]
    },
    {
      "module": "module.security",
      "mode": "managed",
      "type": "akamai_appsec_rule",
      "name": "production_aseweb_attacksql_injection_950007",
      "provider": "provider[\"registry.terraform.io/akamai/akamai\"]",
      "instances": [
        {
          "schema_version": 0,
          "attributes": {
            "condition_exception": null,
            "config_id": 116049,
            "id": "116049:VIKI_301778:950007",
            "rule_action": "alert",
            "rule_id": 950007,
            "security_policy_id": "VIKI_301778"
          },
          "sensitive_attributes": [],
          "private": "bnVsbA==",
          "dependencies": [
            "module.security.akamai_appsec_configuration.config",
            "module.security.akamai_appsec_security_policy.production",
            "module.security.data.akamai_group.group"
          ]
        }
      ]
    },
    {
      "module": "module.security",
      "mode": "managed",
      "type": "akamai_appsec_rule",
      "name": "production_aseweb_attacksql_injection_950902",
      "provider": "provider[\"registry.terraform.io/akamai/akamai\"]",
      "instances": [
        {
          "schema_version": 0,
          "attributes": {
            "condition_exception": null,
            "config_id": 116049,
            "id": "116049:VIKI_301778:950902",
            "rule_action": "alert",
            "rule_id": 950902,
            "security_policy_id": "VIKI_301778"
          },
          "sensitive_attributes": [],
          "private": "bnVsbA==",
          "dependencies": [
            "module.security.akamai_appsec_configuration.config",
            "module.security.akamai_appsec_security_policy.production",
            "module.security.data.akamai_group.group"
          ]
        }
      ]
    },
    {
      "module": "module.security",
      "mode": "managed",
      "type": "akamai_appsec_rule",
      "name": "production_aseweb_attacksql_injection_959070",
      "provider": "provider[\"registry.terraform.io/akamai/akamai\"]",
      "instances": [
        {
          "schema_version": 0,
          "attributes": {
            "condition_exception": null,
            "config_id": 116049,
            "id": "116049:VIKI_301778:959070",
            "rule_action": "alert",
            "rule_id": 959070,
            "security_policy_id": "VIKI_301778"
          },
          "sensitive_attributes": [],
          "private": "bnVsbA==",
          "dependencies": [
            "module.security.akamai_appsec_configuration.config",
            "module.security.akamai_appsec_security_policy.production",
            "module.security.data.akamai_group.group"
          ]
        }
      ]
    },
    {
      "module": "module.security",
      "mode": "managed",
      "type": "akamai_appsec_rule",
      "name": "production_aseweb_attacksql_injection_959073",
      "provider": "provider[\"registry.terraform.io/akamai/akamai\"]",
      "instances": [
        {
          "schema_version": 0,
          "attributes": {
            "condition_exception": null,
            "config_id": 116049,
            "id": "116049:VIKI_301778:959073",
            "rule_action": "alert",
            "rule_id": 959073,
            "security_policy_id": "VIKI_301778"
          },
          "sensitive_attributes": [],
          "private": "bnVsbA==",
          "dependencies": [
            "module.security.akamai_appsec_configuration.config",
            "module.security.akamai_appsec_security_policy.production",
            "module.security.data.akamai_group.group"
          ]
        }
      ]
    },
    {
      "module": "module.security",
      "mode": "managed",
      "type": "akamai_appsec_rule",
      "name": "production_aseweb_attacksql_injection_981240",
      "provider": "provider[\"registry.terraform.io/akamai/akamai\"]",
      "instances": [
        {
          "schema_version": 0,
          "attributes": {
            "condition_exception": null,
            "config_id": 116049,
            "id": "116049:VIKI_301778:981240",
            "rule_action": "alert",
            "rule_id": 981240,
            "security_policy_id": "VIKI_301778"
          },
          "sensitive_attributes": [],
          "private": "bnVsbA==",
          "dependencies": [
            "module.security.akamai_appsec_configuration.config",
            "module.security.akamai_appsec_security_policy.production",
            "module.security.data.akamai_group.group"
          ]
        }
      ]
    },
    {
      "module": "module.security",
      "mode": "managed",
      "type": "akamai_appsec_rule",
      "name": "production_aseweb_attacksql_injection_981242",
      "provider": "provider[\"registry.terraform.io/akamai/akamai\"]",
      "instances": [
        {
          "schema_version": 0,
          "attributes": {
            "condition_exception": null,
            "config_id": 116049,
            "id": "116049:VIKI_301778:981242",
            "rule_action": "alert",
            "rule_id": 981242,
            "security_policy_id": "VIKI_301778"
          },
          "sensitive_attributes": [],
          "private": "bnVsbA==",
          "dependencies": [
            "module.security.akamai_appsec_configuration.config",
            "module.security.akamai_appsec_security_policy.production",
            "module.security.data.akamai_group.group"
          ]
        }
      ]
    },
    {
      "module": "module.security",
      "mode": "managed",
      "type": "akamai_appsec_rule",
      "name": "production_aseweb_attacksql_injection_981243",
      "provider": "provider[\"registry.terraform.io/akamai/akamai\"]",
      "instances": [
        {
          "schema_version": 0,
          "attributes": {
            "condition_exception": null,
            "config_id": 116049,
            "id": "116049:VIKI_301778:981243",
            "rule_action": "alert",
            "rule_id": 981243,
            "security_policy_id": "VIKI_301778"
          },
          "sensitive_attributes": [],
          "private": "bnVsbA==",
          "dependencies": [
            "module.security.akamai_appsec_configuration.config",
            "module.security.akamai_appsec_security_policy.production",
            "module.security.data.akamai_group.group"
          ]
        }
      ]
    },
    {
      "module": "module.security",
      "mode": "managed",
      "type": "akamai_appsec_rule",
      "name": "production_aseweb_attacksql_injection_981244",
      "provider": "provider[\"registry.terraform.io/akamai/akamai\"]",
      "instances": [
        {
          "schema_version": 0,
          "attributes": {
            "condition_exception": null,
            "config_id": 116049,
            "id": "116049:VIKI_301778:981244",
            "rule_action": "alert",
            "rule_id": 981244,
            "security_policy_id": "VIKI_301778"
          },
          "sensitive_attributes": [],
          "private": "bnVsbA==",
          "dependencies": [
            "module.security.akamai_appsec_configuration.config",
            "module.security.akamai_appsec_security_policy.production",
            "module.security.data.akamai_group.group"
          ]
        }
      ]
    },
    {
      "module": "module.security",
      "mode": "managed",
      "type": "akamai_appsec_rule",
      "name": "production_aseweb_attacksql_injection_981247",
      "provider": "provider[\"registry.terraform.io/akamai/akamai\"]",
      "instances": [
        {
          "schema_version": 0,
          "attributes": {
            "condition_exception": null,
            "config_id": 116049,
            "id": "116049:VIKI_301778:981247",
            "rule_action": "alert",
            "rule_id": 981247,
            "security_policy_id": "VIKI_301778"
          },
          "sensitive_attributes": [],
          "private": "bnVsbA==",
          "dependencies": [
            "module.security.akamai_appsec_configuration.config",
            "module.security.akamai_appsec_security_policy.production",
            "module.security.data.akamai_group.group"
          ]
        }
      ]
    },
    {
      "module": "module.security",
      "mode": "managed",
      "type": "akamai_appsec_rule",
      "name": "production_aseweb_attacksql_injection_981248",
      "provider": "provider[\"registry.terraform.io/akamai/akamai\"]",
      "instances": [
        {
          "schema_version": 0,
          "attributes": {
            "condition_exception": null,
            "config_id": 116049,
            "id": "116049:VIKI_301778:981248",
            "rule_action": "alert",
            "rule_id": 981248,
            "security_policy_id": "VIKI_301778"
          },
          "sensitive_attributes": [],
          "private": "bnVsbA==",
          "dependencies": [
            "module.security.akamai_appsec_configuration.config",
            "module.security.akamai_appsec_security_policy.production",
            "module.security.data.akamai_group.group"
          ]
        }
      ]
    },
    {
      "module": "module.security",
      "mode": "managed",
      "type": "akamai_appsec_rule",
      "name": "production_aseweb_attacksql_injection_981251",
      "provider": "provider[\"registry.terraform.io/akamai/akamai\"]",
      "instances": [
        {
          "schema_version": 0,
          "attributes": {
            "condition_exception": null,
            "config_id": 116049,
            "id": "116049:VIKI_301778:981251",
            "rule_action": "alert",
            "rule_id": 981251,
            "security_policy_id": "VIKI_301778"
          },
          "sensitive_attributes": [],
          "private": "bnVsbA==",
          "dependencies": [
            "module.security.akamai_appsec_configuration.config",
            "module.security.akamai_appsec_security_policy.production",
            "module.security.data.akamai_group.group"
          ]
        }
      ]
    },
    {
      "module": "module.security",
      "mode": "managed",
      "type": "akamai_appsec_rule",
      "name": "production_aseweb_attacksql_injection_981252",
      "provider": "provider[\"registry.terraform.io/akamai/akamai\"]",
      "instances": [
        {
          "schema_version": 0,
          "attributes": {
            "condition_exception": null,
            "config_id": 116049,
            "id": "116049:VIKI_301778:981252",
            "rule_action": "alert",
            "rule_id": 981252,
            "security_policy_id": "VIKI_301778"
          },
          "sensitive_attributes": [],
          "private": "bnVsbA==",
          "dependencies": [
            "module.security.akamai_appsec_configuration.config",
            "module.security.akamai_appsec_security_policy.production",
            "module.security.data.akamai_group.group"
          ]
        }
      ]
    },
    {
      "module": "module.security",
      "mode": "managed",
      "type": "akamai_appsec_rule",
      "name": "production_aseweb_attacksql_injection_981253",
      "provider": "provider[\"registry.terraform.io/akamai/akamai\"]",
      "instances": [
        {
          "schema_version": 0,
          "attributes": {
            "condition_exception": null,
            "config_id": 116049,
            "id": "116049:VIKI_301778:981253",
            "rule_action": "alert",
            "rule_id": 981253,
            "security_policy_id": "VIKI_301778"
          },
          "sensitive_attributes": [],
          "private": "bnVsbA==",
          "dependencies": [
            "module.security.akamai_appsec_configuration.config",
            "module.security.akamai_appsec_security_policy.production",
            "module.security.data.akamai_group.group"
          ]
        }
      ]
    },
    {
      "module": "module.security",
      "mode": "managed",
      "type": "akamai_appsec_rule",
      "name": "production_aseweb_attacksql_injection_981254",
      "provider": "provider[\"registry.terraform.io/akamai/akamai\"]",
      "instances": [
        {
          "schema_version": 0,
          "attributes": {
            "condition_exception": null,
            "config_id": 116049,
            "id": "116049:VIKI_301778:981254",
            "rule_action": "alert",
            "rule_id": 981254,
            "security_policy_id": "VIKI_301778"
          },
          "sensitive_attributes": [],
          "private": "bnVsbA==",
          "dependencies": [
            "module.security.akamai_appsec_configuration.config",
            "module.security.akamai_appsec_security_policy.production",
            "module.security.data.akamai_group.group"
          ]
        }
      ]
    },
    {
      "module": "module.security",
      "mode": "managed",
      "type": "akamai_appsec_rule",
      "name": "production_aseweb_attacksql_injection_981255",
      "provider": "provider[\"registry.terraform.io/akamai/akamai\"]",
      "instances": [
        {
          "schema_version": 0,
          "attributes": {
            "condition_exception": null,
            "config_id": 116049,
            "id": "116049:VIKI_301778:981255",
            "rule_action": "alert",
            "rule_id": 981255,
            "security_policy_id": "VIKI_301778"
          },
          "sensitive_attributes": [],
          "private": "bnVsbA==",
          "dependencies": [
            "module.security.akamai_appsec_configuration.config",
            "module.security.akamai_appsec_security_policy.production",
            "module.security.data.akamai_group.group"
          ]
        }
      ]
    },
    {
      "module": "module.security",
      "mode": "managed",
      "type": "akamai_appsec_rule",
      "name": "production_aseweb_attacksql_injection_981256",
      "provider": "provider[\"registry.terraform.io/akamai/akamai\"]",
      "instances": [
        {
          "schema_version": 0,
          "attributes": {
            "condition_exception": null,
            "config_id": 116049,
            "id": "116049:VIKI_301778:981256",
            "rule_action": "alert",
            "rule_id": 981256,
            "security_policy_id": "VIKI_301778"
          },
          "sensitive_attributes": [],
          "private": "bnVsbA==",
          "dependencies": [
            "module.security.akamai_appsec_configuration.config",
            "module.security.akamai_appsec_security_policy.production",
            "module.security.data.akamai_group.group"
          ]
        }
      ]
    },
    {
      "module": "module.security",
      "mode": "managed",
      "type": "akamai_appsec_rule",
      "name": "production_aseweb_attacksql_injection_981260",
      "provider": "provider[\"registry.terraform.io/akamai/akamai\"]",
      "instances": [
        {
          "schema_version": 0,
          "attributes": {
            "condition_exception": null,
            "config_id": 116049,
            "id": "116049:VIKI_301778:981260",
            "rule_action": "alert",
            "rule_id": 981260,
            "security_policy_id": "VIKI_301778"
          },
          "sensitive_attributes": [],
          "private": "bnVsbA==",
          "dependencies": [
            "module.security.akamai_appsec_configuration.config",
            "module.security.akamai_appsec_security_policy.production",
            "module.security.data.akamai_group.group"
          ]
        }
      ]
    },
    {
      "module": "module.security",
      "mode": "managed",
      "type": "akamai_appsec_rule",
      "name": "production_aseweb_attacksql_injection_981270",
      "provider": "provider[\"registry.terraform.io/akamai/akamai\"]",
      "instances": [
        {
          "schema_version": 0,
          "attributes": {
            "condition_exception": null,
            "config_id": 116049,
            "id": "116049:VIKI_301778:981270",
            "rule_action": "alert",
            "rule_id": 981270,
            "security_policy_id": "VIKI_301778"
          },
          "sensitive_attributes": [],
          "private": "bnVsbA==",
          "dependencies": [
            "module.security.akamai_appsec_configuration.config",
            "module.security.akamai_appsec_security_policy.production",
            "module.security.data.akamai_group.group"
          ]
        }
      ]
    },
    {
      "module": "module.security",
      "mode": "managed",
      "type": "akamai_appsec_rule",
      "name": "production_aseweb_attacksql_injection_981276",
      "provider": "provider[\"registry.terraform.io/akamai/akamai\"]",
      "instances": [
        {
          "schema_version": 0,
          "attributes": {
            "condition_exception": null,
            "config_id": 116049,
            "id": "116049:VIKI_301778:981276",
            "rule_action": "alert",
            "rule_id": 981276,
            "security_policy_id": "VIKI_301778"
          },
          "sensitive_attributes": [],
          "private": "bnVsbA==",
          "dependencies": [
            "module.security.akamai_appsec_configuration.config",
            "module.security.akamai_appsec_security_policy.production",
            "module.security.data.akamai_group.group"
          ]
        }
      ]
    },
    {
      "module": "module.security",
      "mode": "managed",
      "type": "akamai_appsec_rule",
      "name": "production_aseweb_attacksql_injection_981300",
      "provider": "provider[\"registry.terraform.io/akamai/akamai\"]",
      "instances": [
        {
          "schema_version": 0,
          "attributes": {
            "condition_exception": null,
            "config_id": 116049,
            "id": "116049:VIKI_301778:981300",
            "rule_action": "alert",
            "rule_id": 981300,
            "security_policy_id": "VIKI_301778"
          },
          "sensitive_attributes": [],
          "private": "bnVsbA==",
          "dependencies": [
            "module.security.akamai_appsec_configuration.config",
            "module.security.akamai_appsec_security_policy.production",
            "module.security.data.akamai_group.group"
          ]
        }
      ]
    },
    {
      "module": "module.security",
      "mode": "managed",
      "type": "akamai_appsec_rule",
      "name": "production_aseweb_attacksql_injection_981320",
      "provider": "provider[\"registry.terraform.io/akamai/akamai\"]",
      "instances": [
        {
          "schema_version": 0,
          "attributes": {
            "condition_exception": null,
            "config_id": 116049,
            "id": "116049:VIKI_301778:981320",
            "rule_action": "alert",
            "rule_id": 981320,
            "security_policy_id": "VIKI_301778"
          },
          "sensitive_attributes": [],
          "private": "bnVsbA==",
          "dependencies": [
            "module.security.akamai_appsec_configuration.config",
            "module.security.akamai_appsec_security_policy.production",
            "module.security.data.akamai_group.group"
          ]
        }
      ]
    },
    {
      "module": "module.security",
      "mode": "managed",
      "type": "akamai_appsec_rule",
      "name": "production_aseweb_attacktool_3000108",
      "provider": "provider[\"registry.terraform.io/akamai/akamai\"]",
      "instances": [
        {
          "schema_version": 0,
          "attributes": {
            "condition_exception": null,
            "config_id": 116049,
            "id": "116049:VIKI_301778:3000108",
            "rule_action": "alert",
            "rule_id": 3000108,
            "security_policy_id": "VIKI_301778"
          },
          "sensitive_attributes": [],
          "private": "bnVsbA==",
          "dependencies": [
            "module.security.akamai_appsec_configuration.config",
            "module.security.akamai_appsec_security_policy.production",
            "module.security.data.akamai_group.group"
          ]
        }
      ]
    },
    {
      "module": "module.security",
      "mode": "managed",
      "type": "akamai_appsec_rule",
      "name": "production_aseweb_attacktool_3000115",
      "provider": "provider[\"registry.terraform.io/akamai/akamai\"]",
      "instances": [
        {
          "schema_version": 0,
          "attributes": {
            "condition_exception": null,
            "config_id": 116049,
            "id": "116049:VIKI_301778:3000115",
            "rule_action": "alert",
            "rule_id": 3000115,
            "security_policy_id": "VIKI_301778"
          },
          "sensitive_attributes": [],
          "private": "bnVsbA==",
          "dependencies": [
            "module.security.akamai_appsec_configuration.config",
            "module.security.akamai_appsec_security_policy.production",
            "module.security.data.akamai_group.group"
          ]
        }
      ]
    },
    {
      "module": "module.security",
      "mode": "managed",
      "type": "akamai_appsec_rule",
      "name": "production_aseweb_attacktool_3000117",
      "provider": "provider[\"registry.terraform.io/akamai/akamai\"]",
      "instances": [
        {
          "schema_version": 0,
          "attributes": {
            "condition_exception": null,
            "config_id": 116049,
            "id": "116049:VIKI_301778:3000117",
            "rule_action": "alert",
            "rule_id": 3000117,
            "security_policy_id": "VIKI_301778"
          },
          "sensitive_attributes": [],
          "private": "bnVsbA==",
          "dependencies": [
            "module.security.akamai_appsec_configuration.config",
            "module.security.akamai_appsec_security_policy.production",
            "module.security.data.akamai_group.group"
          ]
        }
      ]
    },
    {
      "module": "module.security",
      "mode": "managed",
      "type": "akamai_appsec_rule",
      "name": "production_aseweb_attacktool_3000118",
      "provider": "provider[\"registry.terraform.io/akamai/akamai\"]",
      "instances": [
        {
          "schema_version": 0,
          "attributes": {
            "condition_exception": null,
            "config_id": 116049,
            "id": "116049:VIKI_301778:3000118",
            "rule_action": "alert",
            "rule_id": 3000118,
            "security_policy_id": "VIKI_301778"
          },
          "sensitive_attributes": [],
          "private": "bnVsbA==",
          "dependencies": [
            "module.security.akamai_appsec_configuration.config",
            "module.security.akamai_appsec_security_policy.production",
            "module.security.data.akamai_group.group"
          ]
        }
      ]
    },
    {
      "module": "module.security",
      "mode": "managed",
      "type": "akamai_appsec_rule",
      "name": "production_aseweb_attacktool_3000129",
      "provider": "provider[\"registry.terraform.io/akamai/akamai\"]",
      "instances": [
        {
          "schema_version": 0,
          "attributes": {
            "condition_exception": null,
            "config_id": 116049,
            "id": "116049:VIKI_301778:3000129",
            "rule_action": "alert",
            "rule_id": 3000129,
            "security_policy_id": "VIKI_301778"
          },
          "sensitive_attributes": [],
          "private": "bnVsbA==",
          "dependencies": [
            "module.security.akamai_appsec_configuration.config",
            "module.security.akamai_appsec_security_policy.production",
            "module.security.data.akamai_group.group"
          ]
        }
      ]
    },
    {
      "module": "module.security",
      "mode": "managed",
      "type": "akamai_appsec_rule",
      "name": "production_aseweb_attacktool_3000137",
      "provider": "provider[\"registry.terraform.io/akamai/akamai\"]",
      "instances": [
        {
          "schema_version": 0,
          "attributes": {
            "condition_exception": null,
            "config_id": 116049,
            "id": "116049:VIKI_301778:3000137",
            "rule_action": "alert",
            "rule_id": 3000137,
            "security_policy_id": "VIKI_301778"
          },
          "sensitive_attributes": [],
          "private": "bnVsbA==",
          "dependencies": [
            "module.security.akamai_appsec_configuration.config",
            "module.security.akamai_appsec_security_policy.production",
            "module.security.data.akamai_group.group"
          ]
        }
      ]
    },
    {
      "module": "module.security",
      "mode": "managed",
      "type": "akamai_appsec_rule",
      "name": "production_aseweb_attacktool_3000138",
      "provider": "provider[\"registry.terraform.io/akamai/akamai\"]",
      "instances": [
        {
          "schema_version": 0,
          "attributes": {
            "condition_exception": null,
            "config_id": 116049,
            "id": "116049:VIKI_301778:3000138",
            "rule_action": "alert",
            "rule_id": 3000138,
            "security_policy_id": "VIKI_301778"
          },
          "sensitive_attributes": [],
          "private": "bnVsbA==",
          "dependencies": [
            "module.security.akamai_appsec_configuration.config",
            "module.security.akamai_appsec_security_policy.production",
            "module.security.data.akamai_group.group"
          ]
        }
      ]
    },
    {
      "module": "module.security",
      "mode": "managed",
      "type": "akamai_appsec_rule",
      "name": "production_aseweb_attacktool_3000140",
      "provider": "provider[\"registry.terraform.io/akamai/akamai\"]",
      "instances": [
        {
          "schema_version": 0,
          "attributes": {
            "condition_exception": null,
            "config_id": 116049,
            "id": "116049:VIKI_301778:3000140",
            "rule_action": "alert",
            "rule_id": 3000140,
            "security_policy_id": "VIKI_301778"
          },
          "sensitive_attributes": [],
          "private": "bnVsbA==",
          "dependencies": [
            "module.security.akamai_appsec_configuration.config",
            "module.security.akamai_appsec_security_policy.production",
            "module.security.data.akamai_group.group"
          ]
        }
      ]
    },
    {
      "module": "module.security",
      "mode": "managed",
      "type": "akamai_appsec_rule",
      "name": "production_aseweb_attacktool_3000157",
      "provider": "provider[\"registry.terraform.io/akamai/akamai\"]",
      "instances": [
        {
          "schema_version": 0,
          "attributes": {
            "condition_exception": null,
            "config_id": 116049,
            "id": "116049:VIKI_301778:3000157",
            "rule_action": "alert",
            "rule_id": 3000157,
            "security_policy_id": "VIKI_301778"
          },
          "sensitive_attributes": [],
          "private": "bnVsbA==",
          "dependencies": [
            "module.security.akamai_appsec_configuration.config",
            "module.security.akamai_appsec_security_policy.production",
            "module.security.data.akamai_group.group"
          ]
        }
      ]
    },
    {
      "module": "module.security",
      "mode": "managed",
      "type": "akamai_appsec_rule",
      "name": "production_aseweb_attacktool_3000162",
      "provider": "provider[\"registry.terraform.io/akamai/akamai\"]",
      "instances": [
        {
          "schema_version": 0,
          "attributes": {
            "condition_exception": null,
            "config_id": 116049,
            "id": "116049:VIKI_301778:3000162",
            "rule_action": "alert",
            "rule_id": 3000162,
            "security_policy_id": "VIKI_301778"
          },
          "sensitive_attributes": [],
          "private": "bnVsbA==",
          "dependencies": [
            "module.security.akamai_appsec_configuration.config",
            "module.security.akamai_appsec_security_policy.production",
            "module.security.data.akamai_group.group"
          ]
        }
      ]
    },
    {
      "module": "module.security",
      "mode": "managed",
      "type": "akamai_appsec_rule",
      "name": "production_aseweb_attacktool_3000164",
      "provider": "provider[\"registry.terraform.io/akamai/akamai\"]",
      "instances": [
        {
          "schema_version": 0,
          "attributes": {
            "condition_exception": null,
            "config_id": 116049,
            "id": "116049:VIKI_301778:3000164",
            "rule_action": "alert",
            "rule_id": 3000164,
            "security_policy_id": "VIKI_301778"
          },
          "sensitive_attributes": [],
          "private": "bnVsbA==",
          "dependencies": [
            "module.security.akamai_appsec_configuration.config",
            "module.security.akamai_appsec_security_policy.production",
            "module.security.data.akamai_group.group"
          ]
        }
      ]
    },
    {
      "module": "module.security",
      "mode": "managed",
      "type": "akamai_appsec_rule",
      "name": "production_aseweb_attacktool_3000600",
      "provider": "provider[\"registry.terraform.io/akamai/akamai\"]",
      "instances": [
        {
          "schema_version": 0,
          "attributes": {
            "condition_exception": null,
            "config_id": 116049,
            "id": "116049:VIKI_301778:3000600",
            "rule_action": "alert",
            "rule_id": 3000600,
            "security_policy_id": "VIKI_301778"
          },
          "sensitive_attributes": [],
          "private": "bnVsbA==",
          "dependencies": [
            "module.security.akamai_appsec_configuration.config",
            "module.security.akamai_appsec_security_policy.production",
            "module.security.data.akamai_group.group"
          ]
        }
      ]
    },
    {
      "module": "module.security",
      "mode": "managed",
      "type": "akamai_appsec_rule",
      "name": "production_aseweb_attacktool_3000601",
      "provider": "provider[\"registry.terraform.io/akamai/akamai\"]",
      "instances": [
        {
          "schema_version": 0,
          "attributes": {
            "condition_exception": null,
            "config_id": 116049,
            "id": "116049:VIKI_301778:3000601",
            "rule_action": "alert",
            "rule_id": 3000601,
            "security_policy_id": "VIKI_301778"
          },
          "sensitive_attributes": [],
          "private": "bnVsbA==",
          "dependencies": [
            "module.security.akamai_appsec_configuration.config",
            "module.security.akamai_appsec_security_policy.production",
            "module.security.data.akamai_group.group"
          ]
        }
      ]
    },
    {
      "module": "module.security",
      "mode": "managed",
      "type": "akamai_appsec_rule",
      "name": "production_aseweb_attacktool_3000602",
      "provider": "provider[\"registry.terraform.io/akamai/akamai\"]",
      "instances": [
        {
          "schema_version": 0,
          "attributes": {
            "condition_exception": null,
            "config_id": 116049,
            "id": "116049:VIKI_301778:3000602",
            "rule_action": "alert",
            "rule_id": 3000602,
            "security_policy_id": "VIKI_301778"
          },
          "sensitive_attributes": [],
          "private": "bnVsbA==",
          "dependencies": [
            "module.security.akamai_appsec_configuration.config",
            "module.security.akamai_appsec_security_policy.production",
            "module.security.data.akamai_group.group"
          ]
        }
      ]
    },
    {
      "module": "module.security",
      "mode": "managed",
      "type": "akamai_appsec_rule",
      "name": "production_aseweb_attacktool_999002",
      "provider": "provider[\"registry.terraform.io/akamai/akamai\"]",
      "instances": [
        {
          "schema_version": 0,
          "attributes": {
            "condition_exception": null,
            "config_id": 116049,
            "id": "116049:VIKI_301778:999002",
            "rule_action": "alert",
            "rule_id": 999002,
            "security_policy_id": "VIKI_301778"
          },
          "sensitive_attributes": [],
          "private": "bnVsbA==",
          "dependencies": [
            "module.security.akamai_appsec_configuration.config",
            "module.security.akamai_appsec_security_policy.production",
            "module.security.data.akamai_group.group"
          ]
        }
      ]
    },
    {
      "module": "module.security",
      "mode": "managed",
      "type": "akamai_appsec_rule",
      "name": "production_aseweb_attacktool_999901",
      "provider": "provider[\"registry.terraform.io/akamai/akamai\"]",
      "instances": [
        {
          "schema_version": 0,
          "attributes": {
            "condition_exception": null,
            "config_id": 116049,
            "id": "116049:VIKI_301778:999901",
            "rule_action": "alert",
            "rule_id": 999901,
            "security_policy_id": "VIKI_301778"
          },
          "sensitive_attributes": [],
          "private": "bnVsbA==",
          "dependencies": [
            "module.security.akamai_appsec_configuration.config",
            "module.security.akamai_appsec_security_policy.production",
            "module.security.data.akamai_group.group"
          ]
        }
      ]
    },
    {
      "module": "module.security",
      "mode": "managed",
      "type": "akamai_appsec_rule",
      "name": "production_aseweb_attacktool_999902",
      "provider": "provider[\"registry.terraform.io/akamai/akamai\"]",
      "instances": [
        {
          "schema_version": 0,
          "attributes": {
            "condition_exception": null,
            "config_id": 116049,
            "id": "116049:VIKI_301778:999902",
            "rule_action": "alert",
            "rule_id": 999902,
            "security_policy_id": "VIKI_301778"
          },
          "sensitive_attributes": [],
          "private": "bnVsbA==",
          "dependencies": [
            "module.security.akamai_appsec_configuration.config",
            "module.security.akamai_appsec_security_policy.production",
            "module.security.data.akamai_group.group"
          ]
        }
      ]
    },
    {
      "module": "module.security",
      "mode": "managed",
      "type": "akamai_appsec_rule",
      "name": "production_aseweb_attackwat_3000159",
      "provider": "provider[\"registry.terraform.io/akamai/akamai\"]",
      "instances": [
        {
          "schema_version": 0,
          "attributes": {
            "condition_exception": null,
            "config_id": 116049,
            "id": "116049:VIKI_301778:3000159",
            "rule_action": "alert",
            "rule_id": 3000159,
            "security_policy_id": "VIKI_301778"
          },
          "sensitive_attributes": [],
          "private": "bnVsbA==",
          "dependencies": [
            "module.security.akamai_appsec_configuration.config",
            "module.security.akamai_appsec_security_policy.production",
            "module.security.data.akamai_group.group"
          ]
        }
      ]
    },
    {
      "module": "module.security",
      "mode": "managed",
      "type": "akamai_appsec_rule",
      "name": "production_aseweb_attackwat_3000160",
      "provider": "provider[\"registry.terraform.io/akamai/akamai\"]",
      "instances": [
        {
          "schema_version": 0,
          "attributes": {
            "condition_exception": null,
            "config_id": 116049,
            "id": "116049:VIKI_301778:3000160",
            "rule_action": "alert",
            "rule_id": 3000160,
            "security_policy_id": "VIKI_301778"
          },
          "sensitive_attributes": [],
          "private": "bnVsbA==",
          "dependencies": [
            "module.security.akamai_appsec_configuration.config",
            "module.security.akamai_appsec_security_policy.production",
            "module.security.data.akamai_group.group"
          ]
        }
      ]
    },
    {
      "module": "module.security",
      "mode": "managed",
      "type": "akamai_appsec_rule",
      "name": "production_aseweb_attackwat_3000161",
      "provider": "provider[\"registry.terraform.io/akamai/akamai\"]",
      "instances": [
        {
          "schema_version": 0,
          "attributes": {
            "condition_exception": null,
            "config_id": 116049,
            "id": "116049:VIKI_301778:3000161",
            "rule_action": "alert",
            "rule_id": 3000161,
            "security_policy_id": "VIKI_301778"
          },
          "sensitive_attributes": [],
          "private": "bnVsbA==",
          "dependencies": [
            "module.security.akamai_appsec_configuration.config",
            "module.security.akamai_appsec_security_policy.production",
            "module.security.data.akamai_group.group"
          ]
        }
      ]
    },
    {
      "module": "module.security",
      "mode": "managed",
      "type": "akamai_appsec_rule",
      "name": "production_aseweb_attackwat_3000163",
      "provider": "provider[\"registry.terraform.io/akamai/akamai\"]",
      "instances": [
        {
          "schema_version": 0,
          "attributes": {
            "condition_exception": null,
            "config_id": 116049,
            "id": "116049:VIKI_301778:3000163",
            "rule_action": "alert",
            "rule_id": 3000163,
            "security_policy_id": "VIKI_301778"
          },
          "sensitive_attributes": [],
          "private": "bnVsbA==",
          "dependencies": [
            "module.security.akamai_appsec_configuration.config",
            "module.security.akamai_appsec_security_policy.production",
            "module.security.data.akamai_group.group"
          ]
        }
      ]
    },
    {
      "module": "module.security",
      "mode": "managed",
      "type": "akamai_appsec_rule",
      "name": "production_aseweb_attackwat_3000603",
      "provider": "provider[\"registry.terraform.io/akamai/akamai\"]",
      "instances": [
        {
          "schema_version": 0,
          "attributes": {
            "condition_exception": null,
            "config_id": 116049,
            "id": "116049:VIKI_301778:3000603",
            "rule_action": "alert",
            "rule_id": 3000603,
            "security_policy_id": "VIKI_301778"
          },
          "sensitive_attributes": [],
          "private": "bnVsbA==",
          "dependencies": [
            "module.security.akamai_appsec_configuration.config",
            "module.security.akamai_appsec_security_policy.production",
            "module.security.data.akamai_group.group"
          ]
        }
      ]
    },
    {
      "module": "module.security",
      "mode": "managed",
      "type": "akamai_appsec_rule",
      "name": "production_aseweb_attackxss_3000037",
      "provider": "provider[\"registry.terraform.io/akamai/akamai\"]",
      "instances": [
        {
          "schema_version": 0,
          "attributes": {
            "condition_exception": null,
            "config_id": 116049,
            "id": "116049:VIKI_301778:3000037",
            "rule_action": "alert",
            "rule_id": 3000037,
            "security_policy_id": "VIKI_301778"
          },
          "sensitive_attributes": [],
          "private": "bnVsbA==",
          "dependencies": [
            "module.security.akamai_appsec_configuration.config",
            "module.security.akamai_appsec_security_policy.production",
            "module.security.data.akamai_group.group"
          ]
        }
      ]
    },
    {
      "module": "module.security",
      "mode": "managed",
      "type": "akamai_appsec_rule",
      "name": "production_aseweb_attackxss_3000038",
      "provider": "provider[\"registry.terraform.io/akamai/akamai\"]",
      "instances": [
        {
          "schema_version": 0,
          "attributes": {
            "condition_exception": null,
            "config_id": 116049,
            "id": "116049:VIKI_301778:3000038",
            "rule_action": "alert",
            "rule_id": 3000038,
            "security_policy_id": "VIKI_301778"
          },
          "sensitive_attributes": [],
          "private": "bnVsbA==",
          "dependencies": [
            "module.security.akamai_appsec_configuration.config",
            "module.security.akamai_appsec_security_policy.production",
            "module.security.data.akamai_group.group"
          ]
        }
      ]
    },
    {
      "module": "module.security",
      "mode": "managed",
      "type": "akamai_appsec_rule",
      "name": "production_aseweb_attackxss_3000039",
      "provider": "provider[\"registry.terraform.io/akamai/akamai\"]",
      "instances": [
        {
          "schema_version": 0,
          "attributes": {
            "condition_exception": null,
            "config_id": 116049,
            "id": "116049:VIKI_301778:3000039",
            "rule_action": "alert",
            "rule_id": 3000039,
            "security_policy_id": "VIKI_301778"
          },
          "sensitive_attributes": [],
          "private": "bnVsbA==",
          "dependencies": [
            "module.security.akamai_appsec_configuration.config",
            "module.security.akamai_appsec_security_policy.production",
            "module.security.data.akamai_group.group"
          ]
        }
      ]
    },
    {
      "module": "module.security",
      "mode": "managed",
      "type": "akamai_appsec_rule",
      "name": "production_aseweb_attackxss_3000057",
      "provider": "provider[\"registry.terraform.io/akamai/akamai\"]",
      "instances": [
        {
          "schema_version": 0,
          "attributes": {
            "condition_exception": null,
            "config_id": 116049,
            "id": "116049:VIKI_301778:3000057",
            "rule_action": "alert",
            "rule_id": 3000057,
            "security_policy_id": "VIKI_301778"
          },
          "sensitive_attributes": [],
          "private": "bnVsbA==",
          "dependencies": [
            "module.security.akamai_appsec_configuration.config",
            "module.security.akamai_appsec_security_policy.production",
            "module.security.data.akamai_group.group"
          ]
        }
      ]
    },
    {
      "module": "module.security",
      "mode": "managed",
      "type": "akamai_appsec_rule",
      "name": "production_aseweb_attackxss_3000061",
      "provider": "provider[\"registry.terraform.io/akamai/akamai\"]",
      "instances": [
        {
          "schema_version": 0,
          "attributes": {
            "condition_exception": null,
            "config_id": 116049,
            "id": "116049:VIKI_301778:3000061",
            "rule_action": "alert",
            "rule_id": 3000061,
            "security_policy_id": "VIKI_301778"
          },
          "sensitive_attributes": [],
          "private": "bnVsbA==",
          "dependencies": [
            "module.security.akamai_appsec_configuration.config",
            "module.security.akamai_appsec_security_policy.production",
            "module.security.data.akamai_group.group"
          ]
        }
      ]
    },
    {
      "module": "module.security",
      "mode": "managed",
      "type": "akamai_appsec_rule",
      "name": "production_aseweb_attackxss_3000080",
      "provider": "provider[\"registry.terraform.io/akamai/akamai\"]",
      "instances": [
        {
          "schema_version": 0,
          "attributes": {
            "condition_exception": null,
            "config_id": 116049,
            "id": "116049:VIKI_301778:3000080",
            "rule_action": "alert",
            "rule_id": 3000080,
            "security_policy_id": "VIKI_301778"
          },
          "sensitive_attributes": [],
          "private": "bnVsbA==",
          "dependencies": [
            "module.security.akamai_appsec_configuration.config",
            "module.security.akamai_appsec_security_policy.production",
            "module.security.data.akamai_group.group"
          ]
        }
      ]
    },
    {
      "module": "module.security",
      "mode": "managed",
      "type": "akamai_appsec_rule",
      "name": "production_aseweb_attackxss_3000081",
      "provider": "provider[\"registry.terraform.io/akamai/akamai\"]",
      "instances": [
        {
          "schema_version": 0,
          "attributes": {
            "condition_exception": null,
            "config_id": 116049,
            "id": "116049:VIKI_301778:3000081",
            "rule_action": "alert",
            "rule_id": 3000081,
            "security_policy_id": "VIKI_301778"
          },
          "sensitive_attributes": [],
          "private": "bnVsbA==",
          "dependencies": [
            "module.security.akamai_appsec_configuration.config",
            "module.security.akamai_appsec_security_policy.production",
            "module.security.data.akamai_group.group"
          ]
        }
      ]
    },
    {
      "module": "module.security",
      "mode": "managed",
      "type": "akamai_appsec_rule",
      "name": "production_aseweb_attackxss_3000110",
      "provider": "provider[\"registry.terraform.io/akamai/akamai\"]",
      "instances": [
        {
          "schema_version": 0,
          "attributes": {
            "condition_exception": null,
            "config_id": 116049,
            "id": "116049:VIKI_301778:3000110",
            "rule_action": "alert",
            "rule_id": 3000110,
            "security_policy_id": "VIKI_301778"
          },
          "sensitive_attributes": [],
          "private": "bnVsbA==",
          "dependencies": [
            "module.security.akamai_appsec_configuration.config",
            "module.security.akamai_appsec_security_policy.production",
            "module.security.data.akamai_group.group"
          ]
        }
      ]
    },
    {
      "module": "module.security",
      "mode": "managed",
      "type": "akamai_appsec_rule",
      "name": "production_aseweb_attackxss_3000111",
      "provider": "provider[\"registry.terraform.io/akamai/akamai\"]",
      "instances": [
        {
          "schema_version": 0,
          "attributes": {
            "condition_exception": null,
            "config_id": 116049,
            "id": "116049:VIKI_301778:3000111",
            "rule_action": "alert",
            "rule_id": 3000111,
            "security_policy_id": "VIKI_301778"
          },
          "sensitive_attributes": [],
          "private": "bnVsbA==",
          "dependencies": [
            "module.security.akamai_appsec_configuration.config",
            "module.security.akamai_appsec_security_policy.production",
            "module.security.data.akamai_group.group"
          ]
        }
      ]
    },
    {
      "module": "module.security",
      "mode": "managed",
      "type": "akamai_appsec_rule",
      "name": "production_aseweb_attackxss_3000112",
      "provider": "provider[\"registry.terraform.io/akamai/akamai\"]",
      "instances": [
        {
          "schema_version": 0,
          "attributes": {
            "condition_exception": null,
            "config_id": 116049,
            "id": "116049:VIKI_301778:3000112",
            "rule_action": "alert",
            "rule_id": 3000112,
            "security_policy_id": "VIKI_301778"
          },
          "sensitive_attributes": [],
          "private": "bnVsbA==",
          "dependencies": [
            "module.security.akamai_appsec_configuration.config",
            "module.security.akamai_appsec_security_policy.production",
            "module.security.data.akamai_group.group"
          ]
        }
      ]
    },
    {
      "module": "module.security",
      "mode": "managed",
      "type": "akamai_appsec_rule",
      "name": "production_aseweb_attackxss_3000113",
      "provider": "provider[\"registry.terraform.io/akamai/akamai\"]",
      "instances": [
        {
          "schema_version": 0,
          "attributes": {
            "condition_exception": null,
            "config_id": 116049,
            "id": "116049:VIKI_301778:3000113",
            "rule_action": "alert",
            "rule_id": 3000113,
            "security_policy_id": "VIKI_301778"
          },
          "sensitive_attributes": [],
          "private": "bnVsbA==",
          "dependencies": [
            "module.security.akamai_appsec_configuration.config",
            "module.security.akamai_appsec_security_policy.production",
            "module.security.data.akamai_group.group"
          ]
        }
      ]
    },
    {
      "module": "module.security",
      "mode": "managed",
      "type": "akamai_appsec_rule",
      "name": "production_aseweb_attackxss_3000114",
      "provider": "provider[\"registry.terraform.io/akamai/akamai\"]",
      "instances": [
        {
          "schema_version": 0,
          "attributes": {
            "condition_exception": null,
            "config_id": 116049,
            "id": "116049:VIKI_301778:3000114",
            "rule_action": "alert",
            "rule_id": 3000114,
            "security_policy_id": "VIKI_301778"
          },
          "sensitive_attributes": [],
          "private": "bnVsbA==",
          "dependencies": [
            "module.security.akamai_appsec_configuration.config",
            "module.security.akamai_appsec_security_policy.production",
            "module.security.data.akamai_group.group"
          ]
        }
      ]
    },
    {
      "module": "module.security",
      "mode": "managed",
      "type": "akamai_appsec_rule",
      "name": "production_aseweb_attackxss_3000116",
      "provider": "provider[\"registry.terraform.io/akamai/akamai\"]",
      "instances": [
        {
          "schema_version": 0,
          "attributes": {
            "condition_exception": null,
            "config_id": 116049,
            "id": "116049:VIKI_301778:3000116",
            "rule_action": "alert",
            "rule_id": 3000116,
            "security_policy_id": "VIKI_301778"
          },
          "sensitive_attributes": [],
          "private": "bnVsbA==",
          "dependencies": [
            "module.security.akamai_appsec_configuration.config",
            "module.security.akamai_appsec_security_policy.production",
            "module.security.data.akamai_group.group"
          ]
        }
      ]
    },
    {
      "module": "module.security",
      "mode": "managed",
      "type": "akamai_appsec_rule",
      "name": "production_aseweb_attackxss_3000119",
      "provider": "provider[\"registry.terraform.io/akamai/akamai\"]",
      "instances": [
        {
          "schema_version": 0,
          "attributes": {
            "condition_exception": null,
            "config_id": 116049,
            "id": "116049:VIKI_301778:3000119",
            "rule_action": "alert",
            "rule_id": 3000119,
            "security_policy_id": "VIKI_301778"
          },
          "sensitive_attributes": [],
          "private": "bnVsbA==",
          "dependencies": [
            "module.security.akamai_appsec_configuration.config",
            "module.security.akamai_appsec_security_policy.production",
            "module.security.data.akamai_group.group"
          ]
        }
      ]
    },
    {
      "module": "module.security",
      "mode": "managed",
      "type": "akamai_appsec_rule",
      "name": "production_aseweb_attackxss_3000128",
      "provider": "provider[\"registry.terraform.io/akamai/akamai\"]",
      "instances": [
        {
          "schema_version": 0,
          "attributes": {
            "condition_exception": null,
            "config_id": 116049,
            "id": "116049:VIKI_301778:3000128",
            "rule_action": "alert",
            "rule_id": 3000128,
            "security_policy_id": "VIKI_301778"
          },
          "sensitive_attributes": [],
          "private": "bnVsbA==",
          "dependencies": [
            "module.security.akamai_appsec_configuration.config",
            "module.security.akamai_appsec_security_policy.production",
            "module.security.data.akamai_group.group"
          ]
        }
      ]
    },
    {
      "module": "module.security",
      "mode": "managed",
      "type": "akamai_appsec_rule",
      "name": "production_aseweb_attackxss_3000211",
      "provider": "provider[\"registry.terraform.io/akamai/akamai\"]",
      "instances": [
        {
          "schema_version": 0,
          "attributes": {
            "condition_exception": null,
            "config_id": 116049,
            "id": "116049:VIKI_301778:3000211",
            "rule_action": "alert",
            "rule_id": 3000211,
            "security_policy_id": "VIKI_301778"
          },
          "sensitive_attributes": [],
          "private": "bnVsbA==",
          "dependencies": [
            "module.security.akamai_appsec_configuration.config",
            "module.security.akamai_appsec_security_policy.production",
            "module.security.data.akamai_group.group"
          ]
        }
      ]
    },
    {
      "module": "module.security",
      "mode": "managed",
      "type": "akamai_appsec_rule",
      "name": "production_aseweb_attackxss_3000212",
      "provider": "provider[\"registry.terraform.io/akamai/akamai\"]",
      "instances": [
        {
          "schema_version": 0,
          "attributes": {
            "condition_exception": null,
            "config_id": 116049,
            "id": "116049:VIKI_301778:3000212",
            "rule_action": "alert",
            "rule_id": 3000212,
            "security_policy_id": "VIKI_301778"
          },
          "sensitive_attributes": [],
          "private": "bnVsbA==",
          "dependencies": [
            "module.security.akamai_appsec_configuration.config",
            "module.security.akamai_appsec_security_policy.production",
            "module.security.data.akamai_group.group"
          ]
        }
      ]
    },
    {
      "module": "module.security",
      "mode": "managed",
      "type": "akamai_appsec_rule",
      "name": "production_aseweb_attackxss_3000213",
      "provider": "provider[\"registry.terraform.io/akamai/akamai\"]",
      "instances": [
        {
          "schema_version": 0,
          "attributes": {
            "condition_exception": null,
            "config_id": 116049,
            "id": "116049:VIKI_301778:3000213",
            "rule_action": "alert",
            "rule_id": 3000213,
            "security_policy_id": "VIKI_301778"
          },
          "sensitive_attributes": [],
          "private": "bnVsbA==",
          "dependencies": [
            "module.security.akamai_appsec_configuration.config",
            "module.security.akamai_appsec_security_policy.production",
            "module.security.data.akamai_group.group"
          ]
        }
      ]
    },
    {
      "module": "module.security",
      "mode": "managed",
      "type": "akamai_appsec_rule",
      "name": "production_aseweb_attackxss_3000214",
      "provider": "provider[\"registry.terraform.io/akamai/akamai\"]",
      "instances": [
        {
          "schema_version": 0,
          "attributes": {
            "condition_exception": null,
            "config_id": 116049,
            "id": "116049:VIKI_301778:3000214",
            "rule_action": "alert",
            "rule_id": 3000214,
            "security_policy_id": "VIKI_301778"
          },
          "sensitive_attributes": [],
          "private": "bnVsbA==",
          "dependencies": [
            "module.security.akamai_appsec_configuration.config",
            "module.security.akamai_appsec_security_policy.production",
            "module.security.data.akamai_group.group"
          ]
        }
      ]
    },
    {
      "module": "module.security",
      "mode": "managed",
      "type": "akamai_appsec_rule",
      "name": "production_aseweb_attackxss_3000215",
      "provider": "provider[\"registry.terraform.io/akamai/akamai\"]",
      "instances": [
        {
          "schema_version": 0,
          "attributes": {
            "condition_exception": null,
            "config_id": 116049,
            "id": "116049:VIKI_301778:3000215",
            "rule_action": "alert",
            "rule_id": 3000215,
            "security_policy_id": "VIKI_301778"
          },
          "sensitive_attributes": [],
          "private": "bnVsbA==",
          "dependencies": [
            "module.security.akamai_appsec_configuration.config",
            "module.security.akamai_appsec_security_policy.production",
            "module.security.data.akamai_group.group"
          ]
        }
      ]
    },
    {
      "module": "module.security",
      "mode": "managed",
      "type": "akamai_appsec_rule",
      "name": "production_aseweb_attackxss_3000216",
      "provider": "provider[\"registry.terraform.io/akamai/akamai\"]",
      "instances": [
        {
          "schema_version": 0,
          "attributes": {
            "condition_exception": null,
            "config_id": 116049,
            "id": "116049:VIKI_301778:3000216",
            "rule_action": "alert",
            "rule_id": 3000216,
            "security_policy_id": "VIKI_301778"
          },
          "sensitive_attributes": [],
          "private": "bnVsbA==",
          "dependencies": [
            "module.security.akamai_appsec_configuration.config",
            "module.security.akamai_appsec_security_policy.production",
            "module.security.data.akamai_group.group"
          ]
        }
      ]
    },
    {
      "module": "module.security",
      "mode": "managed",
      "type": "akamai_appsec_rule",
      "name": "production_aseweb_attackxss_3000217",
      "provider": "provider[\"registry.terraform.io/akamai/akamai\"]",
      "instances": [
        {
          "schema_version": 0,
          "attributes": {
            "condition_exception": null,
            "config_id": 116049,
            "id": "116049:VIKI_301778:3000217",
            "rule_action": "alert",
            "rule_id": 3000217,
            "security_policy_id": "VIKI_301778"
          },
          "sensitive_attributes": [],
          "private": "bnVsbA==",
          "dependencies": [
            "module.security.akamai_appsec_configuration.config",
            "module.security.akamai_appsec_security_policy.production",
            "module.security.data.akamai_group.group"
          ]
        }
      ]
    },
    {
      "module": "module.security",
      "mode": "managed",
      "type": "akamai_appsec_rule",
      "name": "production_aseweb_attackxss_3000218",
      "provider": "provider[\"registry.terraform.io/akamai/akamai\"]",
      "instances": [
        {
          "schema_version": 0,
          "attributes": {
            "condition_exception": null,
            "config_id": 116049,
            "id": "116049:VIKI_301778:3000218",
            "rule_action": "alert",
            "rule_id": 3000218,
            "security_policy_id": "VIKI_301778"
          },
          "sensitive_attributes": [],
          "private": "bnVsbA==",
          "dependencies": [
            "module.security.akamai_appsec_configuration.config",
            "module.security.akamai_appsec_security_policy.production",
            "module.security.data.akamai_group.group"
          ]
        }
      ]
    },
    {
      "module": "module.security",
      "mode": "managed",
      "type": "akamai_appsec_rule",
      "name": "production_aseweb_attackxss_3000219",
      "provider": "provider[\"registry.terraform.io/akamai/akamai\"]",
      "instances": [
        {
          "schema_version": 0,
          "attributes": {
            "condition_exception": null,
            "config_id": 116049,
            "id": "116049:VIKI_301778:3000219",
            "rule_action": "alert",
            "rule_id": 3000219,
            "security_policy_id": "VIKI_301778"
          },
          "sensitive_attributes": [],
          "private": "bnVsbA==",
          "dependencies": [
            "module.security.akamai_appsec_configuration.config",
            "module.security.akamai_appsec_security_policy.production",
            "module.security.data.akamai_group.group"
          ]
        }
      ]
    },
    {
      "module": "module.security",
      "mode": "managed",
      "type": "akamai_appsec_rule",
      "name": "production_aseweb_attackxss_3000220",
      "provider": "provider[\"registry.terraform.io/akamai/akamai\"]",
      "instances": [
        {
          "schema_version": 0,
          "attributes": {
            "condition_exception": null,
            "config_id": 116049,
            "id": "116049:VIKI_301778:3000220",
            "rule_action": "alert",
            "rule_id": 3000220,
            "security_policy_id": "VIKI_301778"
          },
          "sensitive_attributes": [],
          "private": "bnVsbA==",
          "dependencies": [
            "module.security.akamai_appsec_configuration.config",
            "module.security.akamai_appsec_security_policy.production",
            "module.security.data.akamai_group.group"
          ]
        }
      ]
    },
    {
      "module": "module.security",
      "mode": "managed",
      "type": "akamai_appsec_rule",
      "name": "production_aseweb_attackxss_3000221",
      "provider": "provider[\"registry.terraform.io/akamai/akamai\"]",
      "instances": [
        {
          "schema_version": 0,
          "attributes": {
            "condition_exception": null,
            "config_id": 116049,
            "id": "116049:VIKI_301778:3000221",
            "rule_action": "alert",
            "rule_id": 3000221,
            "security_policy_id": "VIKI_301778"
          },
          "sensitive_attributes": [],
          "private": "bnVsbA==",
          "dependencies": [
            "module.security.akamai_appsec_configuration.config",
            "module.security.akamai_appsec_security_policy.production",
            "module.security.data.akamai_group.group"
          ]
        }
      ]
    },
    {
      "module": "module.security",
      "mode": "managed",
      "type": "akamai_appsec_rule",
      "name": "production_aseweb_attackxss_958003",
      "provider": "provider[\"registry.terraform.io/akamai/akamai\"]",
      "instances": [
        {
          "schema_version": 0,
          "attributes": {
            "condition_exception": null,
            "config_id": 116049,
            "id": "116049:VIKI_301778:958003",
            "rule_action": "alert",
            "rule_id": 958003,
            "security_policy_id": "VIKI_301778"
          },
          "sensitive_attributes": [],
          "private": "bnVsbA==",
          "dependencies": [
            "module.security.akamai_appsec_configuration.config",
            "module.security.akamai_appsec_security_policy.production",
            "module.security.data.akamai_group.group"
          ]
        }
      ]
    },
    {
      "module": "module.security",
      "mode": "managed",
      "type": "akamai_appsec_rule",
      "name": "production_aseweb_attackxss_958008",
      "provider": "provider[\"registry.terraform.io/akamai/akamai\"]",
      "instances": [
        {
          "schema_version": 0,
          "attributes": {
            "condition_exception": null,
            "config_id": 116049,
            "id": "116049:VIKI_301778:958008",
            "rule_action": "alert",
            "rule_id": 958008,
            "security_policy_id": "VIKI_301778"
          },
          "sensitive_attributes": [],
          "private": "bnVsbA==",
          "dependencies": [
            "module.security.akamai_appsec_configuration.config",
            "module.security.akamai_appsec_security_policy.production",
            "module.security.data.akamai_group.group"
          ]
        }
      ]
    },
    {
      "module": "module.security",
      "mode": "managed",
      "type": "akamai_appsec_rule",
      "name": "production_aseweb_attackxss_958023",
      "provider": "provider[\"registry.terraform.io/akamai/akamai\"]",
      "instances": [
        {
          "schema_version": 0,
          "attributes": {
            "condition_exception": null,
            "config_id": 116049,
            "id": "116049:VIKI_301778:958023",
            "rule_action": "alert",
            "rule_id": 958023,
            "security_policy_id": "VIKI_301778"
          },
          "sensitive_attributes": [],
          "private": "bnVsbA==",
          "dependencies": [
            "module.security.akamai_appsec_configuration.config",
            "module.security.akamai_appsec_security_policy.production",
            "module.security.data.akamai_group.group"
          ]
        }
      ]
    },
    {
      "module": "module.security",
      "mode": "managed",
      "type": "akamai_appsec_rule",
      "name": "production_aseweb_attackxss_958034",
      "provider": "provider[\"registry.terraform.io/akamai/akamai\"]",
      "instances": [
        {
          "schema_version": 0,
          "attributes": {
            "condition_exception": null,
            "config_id": 116049,
            "id": "116049:VIKI_301778:958034",
            "rule_action": "alert",
            "rule_id": 958034,
            "security_policy_id": "VIKI_301778"
          },
          "sensitive_attributes": [],
          "private": "bnVsbA==",
          "dependencies": [
            "module.security.akamai_appsec_configuration.config",
            "module.security.akamai_appsec_security_policy.production",
            "module.security.data.akamai_group.group"
          ]
        }
      ]
    },
    {
      "module": "module.security",
      "mode": "managed",
      "type": "akamai_appsec_rule",
      "name": "production_aseweb_attackxss_958051",
      "provider": "provider[\"registry.terraform.io/akamai/akamai\"]",
      "instances": [
        {
          "schema_version": 0,
          "attributes": {
            "condition_exception": null,
            "config_id": 116049,
            "id": "116049:VIKI_301778:958051",
            "rule_action": "alert",
            "rule_id": 958051,
            "security_policy_id": "VIKI_301778"
          },
          "sensitive_attributes": [],
          "private": "bnVsbA==",
          "dependencies": [
            "module.security.akamai_appsec_configuration.config",
            "module.security.akamai_appsec_security_policy.production",
            "module.security.data.akamai_group.group"
          ]
        }
      ]
    },
    {
      "module": "module.security",
      "mode": "managed",
      "type": "akamai_appsec_rule",
      "name": "production_aseweb_attackxss_958052",
      "provider": "provider[\"registry.terraform.io/akamai/akamai\"]",
      "instances": [
        {
          "schema_version": 0,
          "attributes": {
            "condition_exception": null,
            "config_id": 116049,
            "id": "116049:VIKI_301778:958052",
            "rule_action": "alert",
            "rule_id": 958052,
            "security_policy_id": "VIKI_301778"
          },
          "sensitive_attributes": [],
          "private": "bnVsbA==",
          "dependencies": [
            "module.security.akamai_appsec_configuration.config",
            "module.security.akamai_appsec_security_policy.production",
            "module.security.data.akamai_group.group"
          ]
        }
      ]
    },
    {
      "module": "module.security",
      "mode": "managed",
      "type": "akamai_appsec_rule",
      "name": "production_aseweb_attackxss_973305",
      "provider": "provider[\"registry.terraform.io/akamai/akamai\"]",
      "instances": [
        {
          "schema_version": 0,
          "attributes": {
            "condition_exception": null,
            "config_id": 116049,
            "id": "116049:VIKI_301778:973305",
            "rule_action": "alert",
            "rule_id": 973305,
            "security_policy_id": "VIKI_301778"
          },
          "sensitive_attributes": [],
          "private": "bnVsbA==",
          "dependencies": [
            "module.security.akamai_appsec_configuration.config",
            "module.security.akamai_appsec_security_policy.production",
            "module.security.data.akamai_group.group"
          ]
        }
      ]
    },
    {
      "module": "module.security",
      "mode": "managed",
      "type": "akamai_appsec_rule",
      "name": "production_aseweb_attackxss_973307",
      "provider": "provider[\"registry.terraform.io/akamai/akamai\"]",
      "instances": [
        {
          "schema_version": 0,
          "attributes": {
            "condition_exception": null,
            "config_id": 116049,
            "id": "116049:VIKI_301778:973307",
            "rule_action": "alert",
            "rule_id": 973307,
            "security_policy_id": "VIKI_301778"
          },
          "sensitive_attributes": [],
          "private": "bnVsbA==",
          "dependencies": [
            "module.security.akamai_appsec_configuration.config",
            "module.security.akamai_appsec_security_policy.production",
            "module.security.data.akamai_group.group"
          ]
        }
      ]
    },
    {
      "module": "module.security",
      "mode": "managed",
      "type": "akamai_appsec_rule",
      "name": "production_aseweb_attackxss_973311",
      "provider": "provider[\"registry.terraform.io/akamai/akamai\"]",
      "instances": [
        {
          "schema_version": 0,
          "attributes": {
            "condition_exception": null,
            "config_id": 116049,
            "id": "116049:VIKI_301778:973311",
            "rule_action": "alert",
            "rule_id": 973311,
            "security_policy_id": "VIKI_301778"
          },
          "sensitive_attributes": [],
          "private": "bnVsbA==",
          "dependencies": [
            "module.security.akamai_appsec_configuration.config",
            "module.security.akamai_appsec_security_policy.production",
            "module.security.data.akamai_group.group"
          ]
        }
      ]
    },
    {
      "module": "module.security",
      "mode": "managed",
      "type": "akamai_appsec_rule",
      "name": "production_aseweb_attackxss_973312",
      "provider": "provider[\"registry.terraform.io/akamai/akamai\"]",
      "instances": [
        {
          "schema_version": 0,
          "attributes": {
            "condition_exception": null,
            "config_id": 116049,
            "id": "116049:VIKI_301778:973312",
            "rule_action": "alert",
            "rule_id": 973312,
            "security_policy_id": "VIKI_301778"
          },
          "sensitive_attributes": [],
          "private": "bnVsbA==",
          "dependencies": [
            "module.security.akamai_appsec_configuration.config",
            "module.security.akamai_appsec_security_policy.production",
            "module.security.data.akamai_group.group"
          ]
        }
      ]
    },
    {
      "module": "module.security",
      "mode": "managed",
      "type": "akamai_appsec_rule",
      "name": "production_aseweb_attackxss_973335",
      "provider": "provider[\"registry.terraform.io/akamai/akamai\"]",
      "instances": [
        {
          "schema_version": 0,
          "attributes": {
            "condition_exception": null,
            "config_id": 116049,
            "id": "116049:VIKI_301778:973335",
            "rule_action": "alert",
            "rule_id": 973335,
            "security_policy_id": "VIKI_301778"
          },
          "sensitive_attributes": [],
          "private": "bnVsbA==",
          "dependencies": [
            "module.security.akamai_appsec_configuration.config",
            "module.security.akamai_appsec_security_policy.production",
            "module.security.data.akamai_group.group"
          ]
        }
      ]
    },
    {
      "module": "module.security",
      "mode": "managed",
      "type": "akamai_appsec_rule",
      "name": "testing_aseoutbounderror_970118",
      "provider": "provider[\"registry.terraform.io/akamai/akamai\"]",
      "instances": [
        {
          "schema_version": 0,
          "attributes": {
            "condition_exception": null,
            "config_id": 116049,
            "id": "116049:STPF_301779:970118",
            "rule_action": "alert",
            "rule_id": 970118,
            "security_policy_id": "STPF_301779"
          },
          "sensitive_attributes": [],
          "private": "bnVsbA==",
          "dependencies": [
            "module.security.akamai_appsec_configuration.config",
            "module.security.akamai_appsec_security_policy.testing",
            "module.security.data.akamai_group.group"
          ]
        }
      ]
    },
    {
      "module": "module.security",
      "mode": "managed",
      "type": "akamai_appsec_rule",
      "name": "testing_aseoutbounderror_970901",
      "provider": "provider[\"registry.terraform.io/akamai/akamai\"]",
      "instances": [
        {
          "schema_version": 0,
          "attributes": {
            "condition_exception": null,
            "config_id": 116049,
            "id": "116049:STPF_301779:970901",
            "rule_action": "alert",
            "rule_id": 970901,
            "security_policy_id": "STPF_301779"
          },
          "sensitive_attributes": [],
          "private": "bnVsbA==",
          "dependencies": [
            "module.security.akamai_appsec_configuration.config",
            "module.security.akamai_appsec_security_policy.testing",
            "module.security.data.akamai_group.group"
          ]
        }
      ]
    },
    {
      "module": "module.security",
      "mode": "managed",
      "type": "akamai_appsec_rule",
      "name": "testing_aseoutboundleakage_970003",
      "provider": "provider[\"registry.terraform.io/akamai/akamai\"]",
      "instances": [
        {
          "schema_version": 0,
          "attributes": {
            "condition_exception": null,
            "config_id": 116049,
            "id": "116049:STPF_301779:970003",
            "rule_action": "alert",
            "rule_id": 970003,
            "security_policy_id": "STPF_301779"
          },
          "sensitive_attributes": [],
          "private": "bnVsbA==",
          "dependencies": [
            "module.security.akamai_appsec_configuration.config",
            "module.security.akamai_appsec_security_policy.testing",
            "module.security.data.akamai_group.group"
          ]
        }
      ]
    },
    {
      "module": "module.security",
      "mode": "managed",
      "type": "akamai_appsec_rule",
      "name": "testing_aseoutboundleakage_970004",
      "provider": "provider[\"registry.terraform.io/akamai/akamai\"]",
      "instances": [
        {
          "schema_version": 0,
          "attributes": {
            "condition_exception": null,
            "config_id": 116049,
            "id": "116049:STPF_301779:970004",
            "rule_action": "alert",
            "rule_id": 970004,
            "security_policy_id": "STPF_301779"
          },
          "sensitive_attributes": [],
          "private": "bnVsbA==",
          "dependencies": [
            "module.security.akamai_appsec_configuration.config",
            "module.security.akamai_appsec_security_policy.testing",
            "module.security.data.akamai_group.group"
          ]
        }
      ]
    },
    {
      "module": "module.security",
      "mode": "managed",
      "type": "akamai_appsec_rule",
      "name": "testing_aseoutboundleakage_970009",
      "provider": "provider[\"registry.terraform.io/akamai/akamai\"]",
      "instances": [
        {
          "schema_version": 0,
          "attributes": {
            "condition_exception": null,
            "config_id": 116049,
            "id": "116049:STPF_301779:970009",
            "rule_action": "alert",
            "rule_id": 970009,
            "security_policy_id": "STPF_301779"
          },
          "sensitive_attributes": [],
          "private": "bnVsbA==",
          "dependencies": [
            "module.security.akamai_appsec_configuration.config",
            "module.security.akamai_appsec_security_policy.testing",
            "module.security.data.akamai_group.group"
          ]
        }
      ]
    },
    {
      "module": "module.security",
      "mode": "managed",
      "type": "akamai_appsec_rule",
      "name": "testing_aseoutboundleakage_970011",
      "provider": "provider[\"registry.terraform.io/akamai/akamai\"]",
      "instances": [
        {
          "schema_version": 0,
          "attributes": {
            "condition_exception": null,
            "config_id": 116049,
            "id": "116049:STPF_301779:970011",
            "rule_action": "alert",
            "rule_id": 970011,
            "security_policy_id": "STPF_301779"
          },
          "sensitive_attributes": [],
          "private": "bnVsbA==",
          "dependencies": [
            "module.security.akamai_appsec_configuration.config",
            "module.security.akamai_appsec_security_policy.testing",
            "module.security.data.akamai_group.group"
          ]
        }
      ]
    },
    {
      "module": "module.security",
      "mode": "managed",
      "type": "akamai_appsec_rule",
      "name": "testing_aseoutboundleakage_970013",
      "provider": "provider[\"registry.terraform.io/akamai/akamai\"]",
      "instances": [
        {
          "schema_version": 0,
          "attributes": {
            "condition_exception": null,
            "config_id": 116049,
            "id": "116049:STPF_301779:970013",
            "rule_action": "alert",
            "rule_id": 970013,
            "security_policy_id": "STPF_301779"
          },
          "sensitive_attributes": [],
          "private": "bnVsbA==",
          "dependencies": [
            "module.security.akamai_appsec_configuration.config",
            "module.security.akamai_appsec_security_policy.testing",
            "module.security.data.akamai_group.group"
          ]
        }
      ]
    },
    {
      "module": "module.security",
      "mode": "managed",
      "type": "akamai_appsec_rule",
      "name": "testing_aseoutboundleakage_970014",
      "provider": "provider[\"registry.terraform.io/akamai/akamai\"]",
      "instances": [
        {
          "schema_version": 0,
          "attributes": {
            "condition_exception": null,
            "config_id": 116049,
            "id": "116049:STPF_301779:970014",
            "rule_action": "alert",
            "rule_id": 970014,
            "security_policy_id": "STPF_301779"
          },
          "sensitive_attributes": [],
          "private": "bnVsbA==",
          "dependencies": [
            "module.security.akamai_appsec_configuration.config",
            "module.security.akamai_appsec_security_policy.testing",
            "module.security.data.akamai_group.group"
          ]
        }
      ]
    },
    {
      "module": "module.security",
      "mode": "managed",
      "type": "akamai_appsec_rule",
      "name": "testing_aseoutboundleakage_970015",
      "provider": "provider[\"registry.terraform.io/akamai/akamai\"]",
      "instances": [
        {
          "schema_version": 0,
          "attributes": {
            "condition_exception": null,
            "config_id": 116049,
            "id": "116049:STPF_301779:970015",
            "rule_action": "alert",
            "rule_id": 970015,
            "security_policy_id": "STPF_301779"
          },
          "sensitive_attributes": [],
          "private": "bnVsbA==",
          "dependencies": [
            "module.security.akamai_appsec_configuration.config",
            "module.security.akamai_appsec_security_policy.testing",
            "module.security.data.akamai_group.group"
          ]
        }
      ]
    },
    {
      "module": "module.security",
      "mode": "managed",
      "type": "akamai_appsec_rule",
      "name": "testing_aseoutboundleakage_970902",
      "provider": "provider[\"registry.terraform.io/akamai/akamai\"]",
      "instances": [
        {
          "schema_version": 0,
          "attributes": {
            "condition_exception": null,
            "config_id": 116049,
            "id": "116049:STPF_301779:970902",
            "rule_action": "alert",
            "rule_id": 970902,
            "security_policy_id": "STPF_301779"
          },
          "sensitive_attributes": [],
          "private": "bnVsbA==",
          "dependencies": [
            "module.security.akamai_appsec_configuration.config",
            "module.security.akamai_appsec_security_policy.testing",
            "module.security.data.akamai_group.group"
          ]
        }
      ]
    },
    {
      "module": "module.security",
      "mode": "managed",
      "type": "akamai_appsec_rule",
      "name": "testing_aseoutboundleakage_970903",
      "provider": "provider[\"registry.terraform.io/akamai/akamai\"]",
      "instances": [
        {
          "schema_version": 0,
          "attributes": {
            "condition_exception": null,
            "config_id": 116049,
            "id": "116049:STPF_301779:970903",
            "rule_action": "alert",
            "rule_id": 970903,
            "security_policy_id": "STPF_301779"
          },
          "sensitive_attributes": [],
          "private": "bnVsbA==",
          "dependencies": [
            "module.security.akamai_appsec_configuration.config",
            "module.security.akamai_appsec_security_policy.testing",
            "module.security.data.akamai_group.group"
          ]
        }
      ]
    },
    {
      "module": "module.security",
      "mode": "managed",
      "type": "akamai_appsec_rule",
      "name": "testing_aseoutboundleakage_970904",
      "provider": "provider[\"registry.terraform.io/akamai/akamai\"]",
      "instances": [
        {
          "schema_version": 0,
          "attributes": {
            "condition_exception": null,
            "config_id": 116049,
            "id": "116049:STPF_301779:970904",
            "rule_action": "alert",
            "rule_id": 970904,
            "security_policy_id": "STPF_301779"
          },
          "sensitive_attributes": [],
          "private": "bnVsbA==",
          "dependencies": [
            "module.security.akamai_appsec_configuration.config",
            "module.security.akamai_appsec_security_policy.testing",
            "module.security.data.akamai_group.group"
          ]
        }
      ]
    },
    {
      "module": "module.security",
      "mode": "managed",
      "type": "akamai_appsec_rule",
      "name": "testing_aseweb_attackcmd_injection_3000005",
      "provider": "provider[\"registry.terraform.io/akamai/akamai\"]",
      "instances": [
        {
          "schema_version": 0,
          "attributes": {
            "condition_exception": null,
            "config_id": 116049,
            "id": "116049:STPF_301779:3000005",
            "rule_action": "alert",
            "rule_id": 3000005,
            "security_policy_id": "STPF_301779"
          },
          "sensitive_attributes": [],
          "private": "bnVsbA==",
          "dependencies": [
            "module.security.akamai_appsec_configuration.config",
            "module.security.akamai_appsec_security_policy.testing",
            "module.security.data.akamai_group.group"
          ]
        }
      ]
    },
    {
      "module": "module.security",
      "mode": "managed",
      "type": "akamai_appsec_rule",
      "name": "testing_aseweb_attackcmd_injection_3000007",
      "provider": "provider[\"registry.terraform.io/akamai/akamai\"]",
      "instances": [
        {
          "schema_version": 0,
          "attributes": {
            "condition_exception": null,
            "config_id": 116049,
            "id": "116049:STPF_301779:3000007",
            "rule_action": "alert",
            "rule_id": 3000007,
            "security_policy_id": "STPF_301779"
          },
          "sensitive_attributes": [],
          "private": "bnVsbA==",
          "dependencies": [
            "module.security.akamai_appsec_configuration.config",
            "module.security.akamai_appsec_security_policy.testing",
            "module.security.data.akamai_group.group"
          ]
        }
      ]
    },
    {
      "module": "module.security",
      "mode": "managed",
      "type": "akamai_appsec_rule",
      "name": "testing_aseweb_attackcmd_injection_3000012",
      "provider": "provider[\"registry.terraform.io/akamai/akamai\"]",
      "instances": [
        {
          "schema_version": 0,
          "attributes": {
            "condition_exception": null,
            "config_id": 116049,
            "id": "116049:STPF_301779:3000012",
            "rule_action": "alert",
            "rule_id": 3000012,
            "security_policy_id": "STPF_301779"
          },
          "sensitive_attributes": [],
          "private": "bnVsbA==",
          "dependencies": [
            "module.security.akamai_appsec_configuration.config",
            "module.security.akamai_appsec_security_policy.testing",
            "module.security.data.akamai_group.group"
          ]
        }
      ]
    },
    {
      "module": "module.security",
      "mode": "managed",
      "type": "akamai_appsec_rule",
      "name": "testing_aseweb_attackcmd_injection_3000013",
      "provider": "provider[\"registry.terraform.io/akamai/akamai\"]",
      "instances": [
        {
          "schema_version": 0,
          "attributes": {
            "condition_exception": null,
            "config_id": 116049,
            "id": "116049:STPF_301779:3000013",
            "rule_action": "alert",
            "rule_id": 3000013,
            "security_policy_id": "STPF_301779"
          },
          "sensitive_attributes": [],
          "private": "bnVsbA==",
          "dependencies": [
            "module.security.akamai_appsec_configuration.config",
            "module.security.akamai_appsec_security_policy.testing",
            "module.security.data.akamai_group.group"
          ]
        }
      ]
    },
    {
      "module": "module.security",
      "mode": "managed",
      "type": "akamai_appsec_rule",
      "name": "testing_aseweb_attackcmd_injection_3000014",
      "provider": "provider[\"registry.terraform.io/akamai/akamai\"]",
      "instances": [
        {
          "schema_version": 0,
          "attributes": {
            "condition_exception": null,
            "config_id": 116049,
            "id": "116049:STPF_301779:3000014",
            "rule_action": "alert",
            "rule_id": 3000014,
            "security_policy_id": "STPF_301779"
          },
          "sensitive_attributes": [],
          "private": "bnVsbA==",
          "dependencies": [
            "module.security.akamai_appsec_configuration.config",
            "module.security.akamai_appsec_security_policy.testing",
            "module.security.data.akamai_group.group"
          ]
        }
      ]
    },
    {
      "module": "module.security",
      "mode": "managed",
      "type": "akamai_appsec_rule",
      "name": "testing_aseweb_attackcmd_injection_3000023",
      "provider": "provider[\"registry.terraform.io/akamai/akamai\"]",
      "instances": [
        {
          "schema_version": 0,
          "attributes": {
            "condition_exception": null,
            "config_id": 116049,
            "id": "116049:STPF_301779:3000023",
            "rule_action": "alert",
            "rule_id": 3000023,
            "security_policy_id": "STPF_301779"
          },
          "sensitive_attributes": [],
          "private": "bnVsbA==",
          "dependencies": [
            "module.security.akamai_appsec_configuration.config",
            "module.security.akamai_appsec_security_policy.testing",
            "module.security.data.akamai_group.group"
          ]
        }
      ]
    },
    {
      "module": "module.security",
      "mode": "managed",
      "type": "akamai_appsec_rule",
      "name": "testing_aseweb_attackcmd_injection_3000025",
      "provider": "provider[\"registry.terraform.io/akamai/akamai\"]",
      "instances": [
        {
          "schema_version": 0,
          "attributes": {
            "condition_exception": null,
            "config_id": 116049,
            "id": "116049:STPF_301779:3000025",
            "rule_action": "alert",
            "rule_id": 3000025,
            "security_policy_id": "STPF_301779"
          },
          "sensitive_attributes": [],
          "private": "bnVsbA==",
          "dependencies": [
            "module.security.akamai_appsec_configuration.config",
            "module.security.akamai_appsec_security_policy.testing",
            "module.security.data.akamai_group.group"
          ]
        }
      ]
    },
    {
      "module": "module.security",
      "mode": "managed",
      "type": "akamai_appsec_rule",
      "name": "testing_aseweb_attackcmd_injection_3000033",
      "provider": "provider[\"registry.terraform.io/akamai/akamai\"]",
      "instances": [
        {
          "schema_version": 0,
          "attributes": {
            "condition_exception": null,
            "config_id": 116049,
            "id": "116049:STPF_301779:3000033",
            "rule_action": "alert",
            "rule_id": 3000033,
            "security_policy_id": "STPF_301779"
          },
          "sensitive_attributes": [],
          "private": "bnVsbA==",
          "dependencies": [
            "module.security.akamai_appsec_configuration.config",
            "module.security.akamai_appsec_security_policy.testing",
            "module.security.data.akamai_group.group"
          ]
        }
      ]
    },
    {
      "module": "module.security",
      "mode": "managed",
      "type": "akamai_appsec_rule",
      "name": "testing_aseweb_attackcmd_injection_3000034",
      "provider": "provider[\"registry.terraform.io/akamai/akamai\"]",
      "instances": [
        {
          "schema_version": 0,
          "attributes": {
            "condition_exception": null,
            "config_id": 116049,
            "id": "116049:STPF_301779:3000034",
            "rule_action": "alert",
            "rule_id": 3000034,
            "security_policy_id": "STPF_301779"
          },
          "sensitive_attributes": [],
          "private": "bnVsbA==",
          "dependencies": [
            "module.security.akamai_appsec_configuration.config",
            "module.security.akamai_appsec_security_policy.testing",
            "module.security.data.akamai_group.group"
          ]
        }
      ]
    },
    {
      "module": "module.security",
      "mode": "managed",
      "type": "akamai_appsec_rule",
      "name": "testing_aseweb_attackcmd_injection_3000041",
      "provider": "provider[\"registry.terraform.io/akamai/akamai\"]",
      "instances": [
        {
          "schema_version": 0,
          "attributes": {
            "condition_exception": null,
            "config_id": 116049,
            "id": "116049:STPF_301779:3000041",
            "rule_action": "alert",
            "rule_id": 3000041,
            "security_policy_id": "STPF_301779"
          },
          "sensitive_attributes": [],
          "private": "bnVsbA==",
          "dependencies": [
            "module.security.akamai_appsec_configuration.config",
            "module.security.akamai_appsec_security_policy.testing",
            "module.security.data.akamai_group.group"
          ]
        }
      ]
    },
    {
      "module": "module.security",
      "mode": "managed",
      "type": "akamai_appsec_rule",
      "name": "testing_aseweb_attackcmd_injection_3000056",
      "provider": "provider[\"registry.terraform.io/akamai/akamai\"]",
      "instances": [
        {
          "schema_version": 0,
          "attributes": {
            "condition_exception": null,
            "config_id": 116049,
            "id": "116049:STPF_301779:3000056",
            "rule_action": "alert",
            "rule_id": 3000056,
            "security_policy_id": "STPF_301779"
          },
          "sensitive_attributes": [],
          "private": "bnVsbA==",
          "dependencies": [
            "module.security.akamai_appsec_configuration.config",
            "module.security.akamai_appsec_security_policy.testing",
            "module.security.data.akamai_group.group"
          ]
        }
      ]
    },
    {
      "module": "module.security",
      "mode": "managed",
      "type": "akamai_appsec_rule",
      "name": "testing_aseweb_attackcmd_injection_3000058",
      "provider": "provider[\"registry.terraform.io/akamai/akamai\"]",
      "instances": [
        {
          "schema_version": 0,
          "attributes": {
            "condition_exception": null,
            "config_id": 116049,
            "id": "116049:STPF_301779:3000058",
            "rule_action": "alert",
            "rule_id": 3000058,
            "security_policy_id": "STPF_301779"
          },
          "sensitive_attributes": [],
          "private": "bnVsbA==",
          "dependencies": [
            "module.security.akamai_appsec_configuration.config",
            "module.security.akamai_appsec_security_policy.testing",
            "module.security.data.akamai_group.group"
          ]
        }
      ]
    },
    {
      "module": "module.security",
      "mode": "managed",
      "type": "akamai_appsec_rule",
      "name": "testing_aseweb_attackcmd_injection_3000065",
      "provider": "provider[\"registry.terraform.io/akamai/akamai\"]",
      "instances": [
        {
          "schema_version": 0,
          "attributes": {
            "condition_exception": null,
            "config_id": 116049,
            "id": "116049:STPF_301779:3000065",
            "rule_action": "alert",
            "rule_id": 3000065,
            "security_policy_id": "STPF_301779"
          },
          "sensitive_attributes": [],
          "private": "bnVsbA==",
          "dependencies": [
            "module.security.akamai_appsec_configuration.config",
            "module.security.akamai_appsec_security_policy.testing",
            "module.security.data.akamai_group.group"
          ]
        }
      ]
    },
    {
      "module": "module.security",
      "mode": "managed",
      "type": "akamai_appsec_rule",
      "name": "testing_aseweb_attackcmd_injection_3000072",
      "provider": "provider[\"registry.terraform.io/akamai/akamai\"]",
      "instances": [
        {
          "schema_version": 0,
          "attributes": {
            "condition_exception": null,
            "config_id": 116049,
            "id": "116049:STPF_301779:3000072",
            "rule_action": "alert",
            "rule_id": 3000072,
            "security_policy_id": "STPF_301779"
          },
          "sensitive_attributes": [],
          "private": "bnVsbA==",
          "dependencies": [
            "module.security.akamai_appsec_configuration.config",
            "module.security.akamai_appsec_security_policy.testing",
            "module.security.data.akamai_group.group"
          ]
        }
      ]
    },
    {
      "module": "module.security",
      "mode": "managed",
      "type": "akamai_appsec_rule",
      "name": "testing_aseweb_attackcmd_injection_3000141",
      "provider": "provider[\"registry.terraform.io/akamai/akamai\"]",
      "instances": [
        {
          "schema_version": 0,
          "attributes": {
            "condition_exception": null,
            "config_id": 116049,
            "id": "116049:STPF_301779:3000141",
            "rule_action": "alert",
            "rule_id": 3000141,
            "security_policy_id": "STPF_301779"
          },
          "sensitive_attributes": [],
          "private": "bnVsbA==",
          "dependencies": [
            "module.security.akamai_appsec_configuration.config",
            "module.security.akamai_appsec_security_policy.testing",
            "module.security.data.akamai_group.group"
          ]
        }
      ]
    },
    {
      "module": "module.security",
      "mode": "managed",
      "type": "akamai_appsec_rule",
      "name": "testing_aseweb_attackcmd_injection_3000142",
      "provider": "provider[\"registry.terraform.io/akamai/akamai\"]",
      "instances": [
        {
          "schema_version": 0,
          "attributes": {
            "condition_exception": null,
            "config_id": 116049,
            "id": "116049:STPF_301779:3000142",
            "rule_action": "alert",
            "rule_id": 3000142,
            "security_policy_id": "STPF_301779"
          },
          "sensitive_attributes": [],
          "private": "bnVsbA==",
          "dependencies": [
            "module.security.akamai_appsec_configuration.config",
            "module.security.akamai_appsec_security_policy.testing",
            "module.security.data.akamai_group.group"
          ]
        }
      ]
    },
    {
      "module": "module.security",
      "mode": "managed",
      "type": "akamai_appsec_rule",
      "name": "testing_aseweb_attackcmd_injection_3000143",
      "provider": "provider[\"registry.terraform.io/akamai/akamai\"]",
      "instances": [
        {
          "schema_version": 0,
          "attributes": {
            "condition_exception": null,
            "config_id": 116049,
            "id": "116049:STPF_301779:3000143",
            "rule_action": "alert",
            "rule_id": 3000143,
            "security_policy_id": "STPF_301779"
          },
          "sensitive_attributes": [],
          "private": "bnVsbA==",
          "dependencies": [
            "module.security.akamai_appsec_configuration.config",
            "module.security.akamai_appsec_security_policy.testing",
            "module.security.data.akamai_group.group"
          ]
        }
      ]
    },
    {
      "module": "module.security",
      "mode": "managed",
      "type": "akamai_appsec_rule",
      "name": "testing_aseweb_attackcmd_injection_3000144",
      "provider": "provider[\"registry.terraform.io/akamai/akamai\"]",
      "instances": [
        {
          "schema_version": 0,
          "attributes": {
            "condition_exception": null,
            "config_id": 116049,
            "id": "116049:STPF_301779:3000144",
            "rule_action": "alert",
            "rule_id": 3000144,
            "security_policy_id": "STPF_301779"
          },
          "sensitive_attributes": [],
          "private": "bnVsbA==",
          "dependencies": [
            "module.security.akamai_appsec_configuration.config",
            "module.security.akamai_appsec_security_policy.testing",
            "module.security.data.akamai_group.group"
          ]
        }
      ]
    },
    {
      "module": "module.security",
      "mode": "managed",
      "type": "akamai_appsec_rule",
      "name": "testing_aseweb_attackcmd_injection_3000145",
      "provider": "provider[\"registry.terraform.io/akamai/akamai\"]",
      "instances": [
        {
          "schema_version": 0,
          "attributes": {
            "condition_exception": null,
            "config_id": 116049,
            "id": "116049:STPF_301779:3000145",
            "rule_action": "alert",
            "rule_id": 3000145,
            "security_policy_id": "STPF_301779"
          },
          "sensitive_attributes": [],
          "private": "bnVsbA==",
          "dependencies": [
            "module.security.akamai_appsec_configuration.config",
            "module.security.akamai_appsec_security_policy.testing",
            "module.security.data.akamai_group.group"
          ]
        }
      ]
    },
    {
      "module": "module.security",
      "mode": "managed",
      "type": "akamai_appsec_rule",
      "name": "testing_aseweb_attackcmd_injection_3000146",
      "provider": "provider[\"registry.terraform.io/akamai/akamai\"]",
      "instances": [
        {
          "schema_version": 0,
          "attributes": {
            "condition_exception": null,
            "config_id": 116049,
            "id": "116049:STPF_301779:3000146",
            "rule_action": "alert",
            "rule_id": 3000146,
            "security_policy_id": "STPF_301779"
          },
          "sensitive_attributes": [],
          "private": "bnVsbA==",
          "dependencies": [
            "module.security.akamai_appsec_configuration.config",
            "module.security.akamai_appsec_security_policy.testing",
            "module.security.data.akamai_group.group"
          ]
        }
      ]
    },
    {
      "module": "module.security",
      "mode": "managed",
      "type": "akamai_appsec_rule",
      "name": "testing_aseweb_attackcmd_injection_3000147",
      "provider": "provider[\"registry.terraform.io/akamai/akamai\"]",
      "instances": [
        {
          "schema_version": 0,
          "attributes": {
            "condition_exception": null,
            "config_id": 116049,
            "id": "116049:STPF_301779:3000147",
            "rule_action": "alert",
            "rule_id": 3000147,
            "security_policy_id": "STPF_301779"
          },
          "sensitive_attributes": [],
          "private": "bnVsbA==",
          "dependencies": [
            "module.security.akamai_appsec_configuration.config",
            "module.security.akamai_appsec_security_policy.testing",
            "module.security.data.akamai_group.group"
          ]
        }
      ]
    },
    {
      "module": "module.security",
      "mode": "managed",
      "type": "akamai_appsec_rule",
      "name": "testing_aseweb_attackcmd_injection_3000148",
      "provider": "provider[\"registry.terraform.io/akamai/akamai\"]",
      "instances": [
        {
          "schema_version": 0,
          "attributes": {
            "condition_exception": null,
            "config_id": 116049,
            "id": "116049:STPF_301779:3000148",
            "rule_action": "alert",
            "rule_id": 3000148,
            "security_policy_id": "STPF_301779"
          },
          "sensitive_attributes": [],
          "private": "bnVsbA==",
          "dependencies": [
            "module.security.akamai_appsec_configuration.config",
            "module.security.akamai_appsec_security_policy.testing",
            "module.security.data.akamai_group.group"
          ]
        }
      ]
    },
    {
      "module": "module.security",
      "mode": "managed",
      "type": "akamai_appsec_rule",
      "name": "testing_aseweb_attackcmd_injection_3000149",
      "provider": "provider[\"registry.terraform.io/akamai/akamai\"]",
      "instances": [
        {
          "schema_version": 0,
          "attributes": {
            "condition_exception": null,
            "config_id": 116049,
            "id": "116049:STPF_301779:3000149",
            "rule_action": "alert",
            "rule_id": 3000149,
            "security_policy_id": "STPF_301779"
          },
          "sensitive_attributes": [],
          "private": "bnVsbA==",
          "dependencies": [
            "module.security.akamai_appsec_configuration.config",
            "module.security.akamai_appsec_security_policy.testing",
            "module.security.data.akamai_group.group"
          ]
        }
      ]
    },
    {
      "module": "module.security",
      "mode": "managed",
      "type": "akamai_appsec_rule",
      "name": "testing_aseweb_attackcmd_injection_3000150",
      "provider": "provider[\"registry.terraform.io/akamai/akamai\"]",
      "instances": [
        {
          "schema_version": 0,
          "attributes": {
            "condition_exception": null,
            "config_id": 116049,
            "id": "116049:STPF_301779:3000150",
            "rule_action": "alert",
            "rule_id": 3000150,
            "security_policy_id": "STPF_301779"
          },
          "sensitive_attributes": [],
          "private": "bnVsbA==",
          "dependencies": [
            "module.security.akamai_appsec_configuration.config",
            "module.security.akamai_appsec_security_policy.testing",
            "module.security.data.akamai_group.group"
          ]
        }
      ]
    },
    {
      "module": "module.security",
      "mode": "managed",
      "type": "akamai_appsec_rule",
      "name": "testing_aseweb_attackcmd_injection_3000151",
      "provider": "provider[\"registry.terraform.io/akamai/akamai\"]",
      "instances": [
        {
          "schema_version": 0,
          "attributes": {
            "condition_exception": null,
            "config_id": 116049,
            "id": "116049:STPF_301779:3000151",
            "rule_action": "alert",
            "rule_id": 3000151,
            "security_policy_id": "STPF_301779"
          },
          "sensitive_attributes": [],
          "private": "bnVsbA==",
          "dependencies": [
            "module.security.akamai_appsec_configuration.config",
            "module.security.akamai_appsec_security_policy.testing",
            "module.security.data.akamai_group.group"
          ]
        }
      ]
    },
    {
      "module": "module.security",
      "mode": "managed",
      "type": "akamai_appsec_rule",
      "name": "testing_aseweb_attackcmd_injection_3000152",
      "provider": "provider[\"registry.terraform.io/akamai/akamai\"]",
      "instances": [
        {
          "schema_version": 0,
          "attributes": {
            "condition_exception": null,
            "config_id": 116049,
            "id": "116049:STPF_301779:3000152",
            "rule_action": "alert",
            "rule_id": 3000152,
            "security_policy_id": "STPF_301779"
          },
          "sensitive_attributes": [],
          "private": "bnVsbA==",
          "dependencies": [
            "module.security.akamai_appsec_configuration.config",
            "module.security.akamai_appsec_security_policy.testing",
            "module.security.data.akamai_group.group"
          ]
        }
      ]
    },
    {
      "module": "module.security",
      "mode": "managed",
      "type": "akamai_appsec_rule",
      "name": "testing_aseweb_attackcmd_injection_3000153",
      "provider": "provider[\"registry.terraform.io/akamai/akamai\"]",
      "instances": [
        {
          "schema_version": 0,
          "attributes": {
            "condition_exception": null,
            "config_id": 116049,
            "id": "116049:STPF_301779:3000153",
            "rule_action": "alert",
            "rule_id": 3000153,
            "security_policy_id": "STPF_301779"
          },
          "sensitive_attributes": [],
          "private": "bnVsbA==",
          "dependencies": [
            "module.security.akamai_appsec_configuration.config",
            "module.security.akamai_appsec_security_policy.testing",
            "module.security.data.akamai_group.group"
          ]
        }
      ]
    },
    {
      "module": "module.security",
      "mode": "managed",
      "type": "akamai_appsec_rule",
      "name": "testing_aseweb_attackcmd_injection_3000154",
      "provider": "provider[\"registry.terraform.io/akamai/akamai\"]",
      "instances": [
        {
          "schema_version": 0,
          "attributes": {
            "condition_exception": null,
            "config_id": 116049,
            "id": "116049:STPF_301779:3000154",
            "rule_action": "alert",
            "rule_id": 3000154,
            "security_policy_id": "STPF_301779"
          },
          "sensitive_attributes": [],
          "private": "bnVsbA==",
          "dependencies": [
            "module.security.akamai_appsec_configuration.config",
            "module.security.akamai_appsec_security_policy.testing",
            "module.security.data.akamai_group.group"
          ]
        }
      ]
    },
    {
      "module": "module.security",
      "mode": "managed",
      "type": "akamai_appsec_rule",
      "name": "testing_aseweb_attackcmd_injection_3000155",
      "provider": "provider[\"registry.terraform.io/akamai/akamai\"]",
      "instances": [
        {
          "schema_version": 0,
          "attributes": {
            "condition_exception": null,
            "config_id": 116049,
            "id": "116049:STPF_301779:3000155",
            "rule_action": "alert",
            "rule_id": 3000155,
            "security_policy_id": "STPF_301779"
          },
          "sensitive_attributes": [],
          "private": "bnVsbA==",
          "dependencies": [
            "module.security.akamai_appsec_configuration.config",
            "module.security.akamai_appsec_security_policy.testing",
            "module.security.data.akamai_group.group"
          ]
        }
      ]
    },
    {
      "module": "module.security",
      "mode": "managed",
      "type": "akamai_appsec_rule",
      "name": "testing_aseweb_attackcmd_injection_3000156",
      "provider": "provider[\"registry.terraform.io/akamai/akamai\"]",
      "instances": [
        {
          "schema_version": 0,
          "attributes": {
            "condition_exception": null,
            "config_id": 116049,
            "id": "116049:STPF_301779:3000156",
            "rule_action": "alert",
            "rule_id": 3000156,
            "security_policy_id": "STPF_301779"
          },
          "sensitive_attributes": [],
          "private": "bnVsbA==",
          "dependencies": [
            "module.security.akamai_appsec_configuration.config",
            "module.security.akamai_appsec_security_policy.testing",
            "module.security.data.akamai_group.group"
          ]
        }
      ]
    },
    {
      "module": "module.security",
      "mode": "managed",
      "type": "akamai_appsec_rule",
      "name": "testing_aseweb_attackcmd_injection_3000169",
      "provider": "provider[\"registry.terraform.io/akamai/akamai\"]",
      "instances": [
        {
          "schema_version": 0,
          "attributes": {
            "condition_exception": null,
            "config_id": 116049,
            "id": "116049:STPF_301779:3000169",
            "rule_action": "alert",
            "rule_id": 3000169,
            "security_policy_id": "STPF_301779"
          },
          "sensitive_attributes": [],
          "private": "bnVsbA==",
          "dependencies": [
            "module.security.akamai_appsec_configuration.config",
            "module.security.akamai_appsec_security_policy.testing",
            "module.security.data.akamai_group.group"
          ]
        }
      ]
    },
    {
      "module": "module.security",
      "mode": "managed",
      "type": "akamai_appsec_rule",
      "name": "testing_aseweb_attackcmd_injection_3000170",
      "provider": "provider[\"registry.terraform.io/akamai/akamai\"]",
      "instances": [
        {
          "schema_version": 0,
          "attributes": {
            "condition_exception": null,
            "config_id": 116049,
            "id": "116049:STPF_301779:3000170",
            "rule_action": "alert",
            "rule_id": 3000170,
            "security_policy_id": "STPF_301779"
          },
          "sensitive_attributes": [],
          "private": "bnVsbA==",
          "dependencies": [
            "module.security.akamai_appsec_configuration.config",
            "module.security.akamai_appsec_security_policy.testing",
            "module.security.data.akamai_group.group"
          ]
        }
      ]
    },
    {
      "module": "module.security",
      "mode": "managed",
      "type": "akamai_appsec_rule",
      "name": "testing_aseweb_attackcmd_injection_3000171",
      "provider": "provider[\"registry.terraform.io/akamai/akamai\"]",
      "instances": [
        {
          "schema_version": 0,
          "attributes": {
            "condition_exception": null,
            "config_id": 116049,
            "id": "116049:STPF_301779:3000171",
            "rule_action": "alert",
            "rule_id": 3000171,
            "security_policy_id": "STPF_301779"
          },
          "sensitive_attributes": [],
          "private": "bnVsbA==",
          "dependencies": [
            "module.security.akamai_appsec_configuration.config",
            "module.security.akamai_appsec_security_policy.testing",
            "module.security.data.akamai_group.group"
          ]
        }
      ]
    },
    {
      "module": "module.security",
      "mode": "managed",
      "type": "akamai_appsec_rule",
      "name": "testing_aseweb_attackcmd_injection_3000172",
      "provider": "provider[\"registry.terraform.io/akamai/akamai\"]",
      "instances": [
        {
          "schema_version": 0,
          "attributes": {
            "condition_exception": null,
            "config_id": 116049,
            "id": "116049:STPF_301779:3000172",
            "rule_action": "alert",
            "rule_id": 3000172,
            "security_policy_id": "STPF_301779"
          },
          "sensitive_attributes": [],
          "private": "bnVsbA==",
          "dependencies": [
            "module.security.akamai_appsec_configuration.config",
            "module.security.akamai_appsec_security_policy.testing",
            "module.security.data.akamai_group.group"
          ]
        }
      ]
    },
    {
      "module": "module.security",
      "mode": "managed",
      "type": "akamai_appsec_rule",
      "name": "testing_aseweb_attackcmd_injection_3000196",
      "provider": "provider[\"registry.terraform.io/akamai/akamai\"]",
      "instances": [
        {
          "schema_version": 0,
          "attributes": {
            "condition_exception": null,
            "config_id": 116049,
            "id": "116049:STPF_301779:3000196",
            "rule_action": "alert",
            "rule_id": 3000196,
            "security_policy_id": "STPF_301779"
          },
          "sensitive_attributes": [],
          "private": "bnVsbA==",
          "dependencies": [
            "module.security.akamai_appsec_configuration.config",
            "module.security.akamai_appsec_security_policy.testing",
            "module.security.data.akamai_group.group"
          ]
        }
      ]
    },
    {
      "module": "module.security",
      "mode": "managed",
      "type": "akamai_appsec_rule",
      "name": "testing_aseweb_attackcmd_injection_3000197",
      "provider": "provider[\"registry.terraform.io/akamai/akamai\"]",
      "instances": [
        {
          "schema_version": 0,
          "attributes": {
            "condition_exception": null,
            "config_id": 116049,
            "id": "116049:STPF_301779:3000197",
            "rule_action": "alert",
            "rule_id": 3000197,
            "security_policy_id": "STPF_301779"
          },
          "sensitive_attributes": [],
          "private": "bnVsbA==",
          "dependencies": [
            "module.security.akamai_appsec_configuration.config",
            "module.security.akamai_appsec_security_policy.testing",
            "module.security.data.akamai_group.group"
          ]
        }
      ]
    },
    {
      "module": "module.security",
      "mode": "managed",
      "type": "akamai_appsec_rule",
      "name": "testing_aseweb_attackcmd_injection_3000400",
      "provider": "provider[\"registry.terraform.io/akamai/akamai\"]",
      "instances": [
        {
          "schema_version": 0,
          "attributes": {
            "condition_exception": null,
            "config_id": 116049,
            "id": "116049:STPF_301779:3000400",
            "rule_action": "alert",
            "rule_id": 3000400,
            "security_policy_id": "STPF_301779"
          },
          "sensitive_attributes": [],
          "private": "bnVsbA==",
          "dependencies": [
            "module.security.akamai_appsec_configuration.config",
            "module.security.akamai_appsec_security_policy.testing",
            "module.security.data.akamai_group.group"
          ]
        }
      ]
    },
    {
      "module": "module.security",
      "mode": "managed",
      "type": "akamai_appsec_rule",
      "name": "testing_aseweb_attackcmd_injection_3000401",
      "provider": "provider[\"registry.terraform.io/akamai/akamai\"]",
      "instances": [
        {
          "schema_version": 0,
          "attributes": {
            "condition_exception": null,
            "config_id": 116049,
            "id": "116049:STPF_301779:3000401",
            "rule_action": "alert",
            "rule_id": 3000401,
            "security_policy_id": "STPF_301779"
          },
          "sensitive_attributes": [],
          "private": "bnVsbA==",
          "dependencies": [
            "module.security.akamai_appsec_configuration.config",
            "module.security.akamai_appsec_security_policy.testing",
            "module.security.data.akamai_group.group"
          ]
        }
      ]
    },
    {
      "module": "module.security",
      "mode": "managed",
      "type": "akamai_appsec_rule",
      "name": "testing_aseweb_attackcmd_injection_3000403",
      "provider": "provider[\"registry.terraform.io/akamai/akamai\"]",
      "instances": [
        {
          "schema_version": 0,
          "attributes": {
            "condition_exception": null,
            "config_id": 116049,
            "id": "116049:STPF_301779:3000403",
            "rule_action": "alert",
            "rule_id": 3000403,
            "security_policy_id": "STPF_301779"
          },
          "sensitive_attributes": [],
          "private": "bnVsbA==",
          "dependencies": [
            "module.security.akamai_appsec_configuration.config",
            "module.security.akamai_appsec_security_policy.testing",
            "module.security.data.akamai_group.group"
          ]
        }
      ]
    },
    {
      "module": "module.security",
      "mode": "managed",
      "type": "akamai_appsec_rule",
      "name": "testing_aseweb_attackcmd_injection_3000404",
      "provider": "provider[\"registry.terraform.io/akamai/akamai\"]",
      "instances": [
        {
          "schema_version": 0,
          "attributes": {
            "condition_exception": null,
            "config_id": 116049,
            "id": "116049:STPF_301779:3000404",
            "rule_action": "alert",
            "rule_id": 3000404,
            "security_policy_id": "STPF_301779"
          },
          "sensitive_attributes": [],
          "private": "bnVsbA==",
          "dependencies": [
            "module.security.akamai_appsec_configuration.config",
            "module.security.akamai_appsec_security_policy.testing",
            "module.security.data.akamai_group.group"
          ]
        }
      ]
    },
    {
      "module": "module.security",
      "mode": "managed",
      "type": "akamai_appsec_rule",
      "name": "testing_aseweb_attackcmd_injection_3000405",
      "provider": "provider[\"registry.terraform.io/akamai/akamai\"]",
      "instances": [
        {
          "schema_version": 0,
          "attributes": {
            "condition_exception": null,
            "config_id": 116049,
            "id": "116049:STPF_301779:3000405",
            "rule_action": "alert",
            "rule_id": 3000405,
            "security_policy_id": "STPF_301779"
          },
          "sensitive_attributes": [],
          "private": "bnVsbA==",
          "dependencies": [
            "module.security.akamai_appsec_configuration.config",
            "module.security.akamai_appsec_security_policy.testing",
            "module.security.data.akamai_group.group"
          ]
        }
      ]
    },
    {
      "module": "module.security",
      "mode": "managed",
      "type": "akamai_appsec_rule",
      "name": "testing_aseweb_attackcmd_injection_3000406",
      "provider": "provider[\"registry.terraform.io/akamai/akamai\"]",
      "instances": [
        {
          "schema_version": 0,
          "attributes": {
            "condition_exception": null,
            "config_id": 116049,
            "id": "116049:STPF_301779:3000406",
            "rule_action": "alert",
            "rule_id": 3000406,
            "security_policy_id": "STPF_301779"
          },
          "sensitive_attributes": [],
          "private": "bnVsbA==",
          "dependencies": [
            "module.security.akamai_appsec_configuration.config",
            "module.security.akamai_appsec_security_policy.testing",
            "module.security.data.akamai_group.group"
          ]
        }
      ]
    },
    {
      "module": "module.security",
      "mode": "managed",
      "type": "akamai_appsec_rule",
      "name": "testing_aseweb_attackcmd_injection_3000407",
      "provider": "provider[\"registry.terraform.io/akamai/akamai\"]",
      "instances": [
        {
          "schema_version": 0,
          "attributes": {
            "condition_exception": null,
            "config_id": 116049,
            "id": "116049:STPF_301779:3000407",
            "rule_action": "alert",
            "rule_id": 3000407,
            "security_policy_id": "STPF_301779"
          },
          "sensitive_attributes": [],
          "private": "bnVsbA==",
          "dependencies": [
            "module.security.akamai_appsec_configuration.config",
            "module.security.akamai_appsec_security_policy.testing",
            "module.security.data.akamai_group.group"
          ]
        }
      ]
    },
    {
      "module": "module.security",
      "mode": "managed",
      "type": "akamai_appsec_rule",
      "name": "testing_aseweb_attackcmd_injection_950002",
      "provider": "provider[\"registry.terraform.io/akamai/akamai\"]",
      "instances": [
        {
          "schema_version": 0,
          "attributes": {
            "condition_exception": null,
            "config_id": 116049,
            "id": "116049:STPF_301779:950002",
            "rule_action": "alert",
            "rule_id": 950002,
            "security_policy_id": "STPF_301779"
          },
          "sensitive_attributes": [],
          "private": "bnVsbA==",
          "dependencies": [
            "module.security.akamai_appsec_configuration.config",
            "module.security.akamai_appsec_security_policy.testing",
            "module.security.data.akamai_group.group"
          ]
        }
      ]
    },
    {
      "module": "module.security",
      "mode": "managed",
      "type": "akamai_appsec_rule",
      "name": "testing_aseweb_attackcmd_injection_950006",
      "provider": "provider[\"registry.terraform.io/akamai/akamai\"]",
      "instances": [
        {
          "schema_version": 0,
          "attributes": {
            "condition_exception": null,
            "config_id": 116049,
            "id": "116049:STPF_301779:950006",
            "rule_action": "alert",
            "rule_id": 950006,
            "security_policy_id": "STPF_301779"
          },
          "sensitive_attributes": [],
          "private": "bnVsbA==",
          "dependencies": [
            "module.security.akamai_appsec_configuration.config",
            "module.security.akamai_appsec_security_policy.testing",
            "module.security.data.akamai_group.group"
          ]
        }
      ]
    },
    {
      "module": "module.security",
      "mode": "managed",
      "type": "akamai_appsec_rule",
      "name": "testing_aseweb_attackcmd_injection_950011",
      "provider": "provider[\"registry.terraform.io/akamai/akamai\"]",
      "instances": [
        {
          "schema_version": 0,
          "attributes": {
            "condition_exception": null,
            "config_id": 116049,
            "id": "116049:STPF_301779:950011",
            "rule_action": "alert",
            "rule_id": 950011,
            "security_policy_id": "STPF_301779"
          },
          "sensitive_attributes": [],
          "private": "bnVsbA==",
          "dependencies": [
            "module.security.akamai_appsec_configuration.config",
            "module.security.akamai_appsec_security_policy.testing",
            "module.security.data.akamai_group.group"
          ]
        }
      ]
    },
    {
      "module": "module.security",
      "mode": "managed",
      "type": "akamai_appsec_rule",
      "name": "testing_aseweb_attackcmd_injection_959976",
      "provider": "provider[\"registry.terraform.io/akamai/akamai\"]",
      "instances": [
        {
          "schema_version": 0,
          "attributes": {
            "condition_exception": null,
            "config_id": 116049,
            "id": "116049:STPF_301779:959976",
            "rule_action": "alert",
            "rule_id": 959976,
            "security_policy_id": "STPF_301779"
          },
          "sensitive_attributes": [],
          "private": "bnVsbA==",
          "dependencies": [
            "module.security.akamai_appsec_configuration.config",
            "module.security.akamai_appsec_security_policy.testing",
            "module.security.data.akamai_group.group"
          ]
        }
      ]
    },
    {
      "module": "module.security",
      "mode": "managed",
      "type": "akamai_appsec_rule",
      "name": "testing_aseweb_attackcmd_injection_959977",
      "provider": "provider[\"registry.terraform.io/akamai/akamai\"]",
      "instances": [
        {
          "schema_version": 0,
          "attributes": {
            "condition_exception": null,
            "config_id": 116049,
            "id": "116049:STPF_301779:959977",
            "rule_action": "alert",
            "rule_id": 959977,
            "security_policy_id": "STPF_301779"
          },
          "sensitive_attributes": [],
          "private": "bnVsbA==",
          "dependencies": [
            "module.security.akamai_appsec_configuration.config",
            "module.security.akamai_appsec_security_policy.testing",
            "module.security.data.akamai_group.group"
          ]
        }
      ]
    },
    {
      "module": "module.security",
      "mode": "managed",
      "type": "akamai_appsec_rule",
      "name": "testing_aseweb_attackcmd_injection_969151",
      "provider": "provider[\"registry.terraform.io/akamai/akamai\"]",
      "instances": [
        {
          "schema_version": 0,
          "attributes": {
            "condition_exception": null,
            "config_id": 116049,
            "id": "116049:STPF_301779:969151",
            "rule_action": "alert",
            "rule_id": 969151,
            "security_policy_id": "STPF_301779"
          },
          "sensitive_attributes": [],
          "private": "bnVsbA==",
          "dependencies": [
            "module.security.akamai_appsec_configuration.config",
            "module.security.akamai_appsec_security_policy.testing",
            "module.security.data.akamai_group.group"
          ]
        }
      ]
    },
    {
      "module": "module.security",
      "mode": "managed",
      "type": "akamai_appsec_rule",
      "name": "testing_aseweb_attackcmdi_3000195",
      "provider": "provider[\"registry.terraform.io/akamai/akamai\"]",
      "instances": [
        {
          "schema_version": 0,
          "attributes": {
            "condition_exception": null,
            "config_id": 116049,
            "id": "116049:STPF_301779:3000195",
            "rule_action": "alert",
            "rule_id": 3000195,
            "security_policy_id": "STPF_301779"
          },
          "sensitive_attributes": [],
          "private": "bnVsbA==",
          "dependencies": [
            "module.security.akamai_appsec_configuration.config",
            "module.security.akamai_appsec_security_policy.testing",
            "module.security.data.akamai_group.group"
          ]
        }
      ]
    },
    {
      "module": "module.security",
      "mode": "managed",
      "type": "akamai_appsec_rule",
      "name": "testing_aseweb_attacklfi_3000120",
      "provider": "provider[\"registry.terraform.io/akamai/akamai\"]",
      "instances": [
        {
          "schema_version": 0,
          "attributes": {
            "condition_exception": null,
            "config_id": 116049,
            "id": "116049:STPF_301779:3000120",
            "rule_action": "alert",
            "rule_id": 3000120,
            "security_policy_id": "STPF_301779"
          },
          "sensitive_attributes": [],
          "private": "bnVsbA==",
          "dependencies": [
            "module.security.akamai_appsec_configuration.config",
            "module.security.akamai_appsec_security_policy.testing",
            "module.security.data.akamai_group.group"
          ]
        }
      ]
    },
    {
      "module": "module.security",
      "mode": "managed",
      "type": "akamai_appsec_rule",
      "name": "testing_aseweb_attacklfi_3000121",
      "provider": "provider[\"registry.terraform.io/akamai/akamai\"]",
      "instances": [
        {
          "schema_version": 0,
          "attributes": {
            "condition_exception": null,
            "config_id": 116049,
            "id": "116049:STPF_301779:3000121",
            "rule_action": "alert",
            "rule_id": 3000121,
            "security_policy_id": "STPF_301779"
          },
          "sensitive_attributes": [],
          "private": "bnVsbA==",
          "dependencies": [
            "module.security.akamai_appsec_configuration.config",
            "module.security.akamai_appsec_security_policy.testing",
            "module.security.data.akamai_group.group"
          ]
        }
      ]
    },
    {
      "module": "module.security",
      "mode": "managed",
      "type": "akamai_appsec_rule",
      "name": "testing_aseweb_attacklfi_3000122",
      "provider": "provider[\"registry.terraform.io/akamai/akamai\"]",
      "instances": [
        {
          "schema_version": 0,
          "attributes": {
            "condition_exception": null,
            "config_id": 116049,
            "id": "116049:STPF_301779:3000122",
            "rule_action": "alert",
            "rule_id": 3000122,
            "security_policy_id": "STPF_301779"
          },
          "sensitive_attributes": [],
          "private": "bnVsbA==",
          "dependencies": [
            "module.security.akamai_appsec_configuration.config",
            "module.security.akamai_appsec_security_policy.testing",
            "module.security.data.akamai_group.group"
          ]
        }
      ]
    },
    {
      "module": "module.security",
      "mode": "managed",
      "type": "akamai_appsec_rule",
      "name": "testing_aseweb_attacklfi_3000123",
      "provider": "provider[\"registry.terraform.io/akamai/akamai\"]",
      "instances": [
        {
          "schema_version": 0,
          "attributes": {
            "condition_exception": null,
            "config_id": 116049,
            "id": "116049:STPF_301779:3000123",
            "rule_action": "alert",
            "rule_id": 3000123,
            "security_policy_id": "STPF_301779"
          },
          "sensitive_attributes": [],
          "private": "bnVsbA==",
          "dependencies": [
            "module.security.akamai_appsec_configuration.config",
            "module.security.akamai_appsec_security_policy.testing",
            "module.security.data.akamai_group.group"
          ]
        }
      ]
    },
    {
      "module": "module.security",
      "mode": "managed",
      "type": "akamai_appsec_rule",
      "name": "testing_aseweb_attacklfi_3000124",
      "provider": "provider[\"registry.terraform.io/akamai/akamai\"]",
      "instances": [
        {
          "schema_version": 0,
          "attributes": {
            "condition_exception": null,
            "config_id": 116049,
            "id": "116049:STPF_301779:3000124",
            "rule_action": "alert",
            "rule_id": 3000124,
            "security_policy_id": "STPF_301779"
          },
          "sensitive_attributes": [],
          "private": "bnVsbA==",
          "dependencies": [
            "module.security.akamai_appsec_configuration.config",
            "module.security.akamai_appsec_security_policy.testing",
            "module.security.data.akamai_group.group"
          ]
        }
      ]
    },
    {
      "module": "module.security",
      "mode": "managed",
      "type": "akamai_appsec_rule",
      "name": "testing_aseweb_attacklfi_3000125",
      "provider": "provider[\"registry.terraform.io/akamai/akamai\"]",
      "instances": [
        {
          "schema_version": 0,
          "attributes": {
            "condition_exception": null,
            "config_id": 116049,
            "id": "116049:STPF_301779:3000125",
            "rule_action": "alert",
            "rule_id": 3000125,
            "security_policy_id": "STPF_301779"
          },
          "sensitive_attributes": [],
          "private": "bnVsbA==",
          "dependencies": [
            "module.security.akamai_appsec_configuration.config",
            "module.security.akamai_appsec_security_policy.testing",
            "module.security.data.akamai_group.group"
          ]
        }
      ]
    },
    {
      "module": "module.security",
      "mode": "managed",
      "type": "akamai_appsec_rule",
      "name": "testing_aseweb_attacklfi_3000126",
      "provider": "provider[\"registry.terraform.io/akamai/akamai\"]",
      "instances": [
        {
          "schema_version": 0,
          "attributes": {
            "condition_exception": null,
            "config_id": 116049,
            "id": "116049:STPF_301779:3000126",
            "rule_action": "alert",
            "rule_id": 3000126,
            "security_policy_id": "STPF_301779"
          },
          "sensitive_attributes": [],
          "private": "bnVsbA==",
          "dependencies": [
            "module.security.akamai_appsec_configuration.config",
            "module.security.akamai_appsec_security_policy.testing",
            "module.security.data.akamai_group.group"
          ]
        }
      ]
    },
    {
      "module": "module.security",
      "mode": "managed",
      "type": "akamai_appsec_rule",
      "name": "testing_aseweb_attacklfi_3000127",
      "provider": "provider[\"registry.terraform.io/akamai/akamai\"]",
      "instances": [
        {
          "schema_version": 0,
          "attributes": {
            "condition_exception": null,
            "config_id": 116049,
            "id": "116049:STPF_301779:3000127",
            "rule_action": "alert",
            "rule_id": 3000127,
            "security_policy_id": "STPF_301779"
          },
          "sensitive_attributes": [],
          "private": "bnVsbA==",
          "dependencies": [
            "module.security.akamai_appsec_configuration.config",
            "module.security.akamai_appsec_security_policy.testing",
            "module.security.data.akamai_group.group"
          ]
        }
      ]
    },
    {
      "module": "module.security",
      "mode": "managed",
      "type": "akamai_appsec_rule",
      "name": "testing_aseweb_attacklfi_3000500",
      "provider": "provider[\"registry.terraform.io/akamai/akamai\"]",
      "instances": [
        {
          "schema_version": 0,
          "attributes": {
            "condition_exception": null,
            "config_id": 116049,
            "id": "116049:STPF_301779:3000500",
            "rule_action": "alert",
            "rule_id": 3000500,
            "security_policy_id": "STPF_301779"
          },
          "sensitive_attributes": [],
          "private": "bnVsbA==",
          "dependencies": [
            "module.security.akamai_appsec_configuration.config",
            "module.security.akamai_appsec_security_policy.testing",
            "module.security.data.akamai_group.group"
          ]
        }
      ]
    },
    {
      "module": "module.security",
      "mode": "managed",
      "type": "akamai_appsec_rule",
      "name": "testing_aseweb_attacklfi_3000501",
      "provider": "provider[\"registry.terraform.io/akamai/akamai\"]",
      "instances": [
        {
          "schema_version": 0,
          "attributes": {
            "condition_exception": null,
            "config_id": 116049,
            "id": "116049:STPF_301779:3000501",
            "rule_action": "alert",
            "rule_id": 3000501,
            "security_policy_id": "STPF_301779"
          },
          "sensitive_attributes": [],
          "private": "bnVsbA==",
          "dependencies": [
            "module.security.akamai_appsec_configuration.config",
            "module.security.akamai_appsec_security_policy.testing",
            "module.security.data.akamai_group.group"
          ]
        }
      ]
    },
    {
      "module": "module.security",
      "mode": "managed",
      "type": "akamai_appsec_rule",
      "name": "testing_aseweb_attacklfi_3000502",
      "provider": "provider[\"registry.terraform.io/akamai/akamai\"]",
      "instances": [
        {
          "schema_version": 0,
          "attributes": {
            "condition_exception": null,
            "config_id": 116049,
            "id": "116049:STPF_301779:3000502",
            "rule_action": "alert",
            "rule_id": 3000502,
            "security_policy_id": "STPF_301779"
          },
          "sensitive_attributes": [],
          "private": "bnVsbA==",
          "dependencies": [
            "module.security.akamai_appsec_configuration.config",
            "module.security.akamai_appsec_security_policy.testing",
            "module.security.data.akamai_group.group"
          ]
        }
      ]
    },
    {
      "module": "module.security",
      "mode": "managed",
      "type": "akamai_appsec_rule",
      "name": "testing_aseweb_attacklfi_3000503",
      "provider": "provider[\"registry.terraform.io/akamai/akamai\"]",
      "instances": [
        {
          "schema_version": 0,
          "attributes": {
            "condition_exception": null,
            "config_id": 116049,
            "id": "116049:STPF_301779:3000503",
            "rule_action": "alert",
            "rule_id": 3000503,
            "security_policy_id": "STPF_301779"
          },
          "sensitive_attributes": [],
          "private": "bnVsbA==",
          "dependencies": [
            "module.security.akamai_appsec_configuration.config",
            "module.security.akamai_appsec_security_policy.testing",
            "module.security.data.akamai_group.group"
          ]
        }
      ]
    },
    {
      "module": "module.security",
      "mode": "managed",
      "type": "akamai_appsec_rule",
      "name": "testing_aseweb_attacklfi_3000504",
      "provider": "provider[\"registry.terraform.io/akamai/akamai\"]",
      "instances": [
        {
          "schema_version": 0,
          "attributes": {
            "condition_exception": null,
            "config_id": 116049,
            "id": "116049:STPF_301779:3000504",
            "rule_action": "alert",
            "rule_id": 3000504,
            "security_policy_id": "STPF_301779"
          },
          "sensitive_attributes": [],
          "private": "bnVsbA==",
          "dependencies": [
            "module.security.akamai_appsec_configuration.config",
            "module.security.akamai_appsec_security_policy.testing",
            "module.security.data.akamai_group.group"
          ]
        }
      ]
    },
    {
      "module": "module.security",
      "mode": "managed",
      "type": "akamai_appsec_rule",
      "name": "testing_aseweb_attacklfi_3000505",
      "provider": "provider[\"registry.terraform.io/akamai/akamai\"]",
      "instances": [
        {
          "schema_version": 0,
          "attributes": {
            "condition_exception": null,
            "config_id": 116049,
            "id": "116049:STPF_301779:3000505",
            "rule_action": "alert",
            "rule_id": 3000505,
            "security_policy_id": "STPF_301779"
          },
          "sensitive_attributes": [],
          "private": "bnVsbA==",
          "dependencies": [
            "module.security.akamai_appsec_configuration.config",
            "module.security.akamai_appsec_security_policy.testing",
            "module.security.data.akamai_group.group"
          ]
        }
      ]
    },
    {
      "module": "module.security",
      "mode": "managed",
      "type": "akamai_appsec_rule",
      "name": "testing_aseweb_attacklfi_3000506",
      "provider": "provider[\"registry.terraform.io/akamai/akamai\"]",
      "instances": [
        {
          "schema_version": 0,
          "attributes": {
            "condition_exception": null,
            "config_id": 116049,
            "id": "116049:STPF_301779:3000506",
            "rule_action": "alert",
            "rule_id": 3000506,
            "security_policy_id": "STPF_301779"
          },
          "sensitive_attributes": [],
          "private": "bnVsbA==",
          "dependencies": [
            "module.security.akamai_appsec_configuration.config",
            "module.security.akamai_appsec_security_policy.testing",
            "module.security.data.akamai_group.group"
          ]
        }
      ]
    },
    {
      "module": "module.security",
      "mode": "managed",
      "type": "akamai_appsec_rule",
      "name": "testing_aseweb_attacklfi_3000507",
      "provider": "provider[\"registry.terraform.io/akamai/akamai\"]",
      "instances": [
        {
          "schema_version": 0,
          "attributes": {
            "condition_exception": null,
            "config_id": 116049,
            "id": "116049:STPF_301779:3000507",
            "rule_action": "alert",
            "rule_id": 3000507,
            "security_policy_id": "STPF_301779"
          },
          "sensitive_attributes": [],
          "private": "bnVsbA==",
          "dependencies": [
            "module.security.akamai_appsec_configuration.config",
            "module.security.akamai_appsec_security_policy.testing",
            "module.security.data.akamai_group.group"
          ]
        }
      ]
    },
    {
      "module": "module.security",
      "mode": "managed",
      "type": "akamai_appsec_rule",
      "name": "testing_aseweb_attacklfi_950203",
      "provider": "provider[\"registry.terraform.io/akamai/akamai\"]",
      "instances": [
        {
          "schema_version": 0,
          "attributes": {
            "condition_exception": null,
            "config_id": 116049,
            "id": "116049:STPF_301779:950203",
            "rule_action": "alert",
            "rule_id": 950203,
            "security_policy_id": "STPF_301779"
          },
          "sensitive_attributes": [],
          "private": "bnVsbA==",
          "dependencies": [
            "module.security.akamai_appsec_configuration.config",
            "module.security.akamai_appsec_security_policy.testing",
            "module.security.data.akamai_group.group"
          ]
        }
      ]
    },
    {
      "module": "module.security",
      "mode": "managed",
      "type": "akamai_appsec_rule",
      "name": "testing_aseweb_attacklfi_950204",
      "provider": "provider[\"registry.terraform.io/akamai/akamai\"]",
      "instances": [
        {
          "schema_version": 0,
          "attributes": {
            "condition_exception": null,
            "config_id": 116049,
            "id": "116049:STPF_301779:950204",
            "rule_action": "alert",
            "rule_id": 950204,
            "security_policy_id": "STPF_301779"
          },
          "sensitive_attributes": [],
          "private": "bnVsbA==",
          "dependencies": [
            "module.security.akamai_appsec_configuration.config",
            "module.security.akamai_appsec_security_policy.testing",
            "module.security.data.akamai_group.group"
          ]
        }
      ]
    },
    {
      "module": "module.security",
      "mode": "managed",
      "type": "akamai_appsec_rule",
      "name": "testing_aseweb_attackplatform_3000109",
      "provider": "provider[\"registry.terraform.io/akamai/akamai\"]",
      "instances": [
        {
          "schema_version": 0,
          "attributes": {
            "condition_exception": null,
            "config_id": 116049,
            "id": "116049:STPF_301779:3000109",
            "rule_action": "alert",
            "rule_id": 3000109,
            "security_policy_id": "STPF_301779"
          },
          "sensitive_attributes": [],
          "private": "bnVsbA==",
          "dependencies": [
            "module.security.akamai_appsec_configuration.config",
            "module.security.akamai_appsec_security_policy.testing",
            "module.security.data.akamai_group.group"
          ]
        }
      ]
    },
    {
      "module": "module.security",
      "mode": "managed",
      "type": "akamai_appsec_rule",
      "name": "testing_aseweb_attackplatform_3000132",
      "provider": "provider[\"registry.terraform.io/akamai/akamai\"]",
      "instances": [
        {
          "schema_version": 0,
          "attributes": {
            "condition_exception": null,
            "config_id": 116049,
            "id": "116049:STPF_301779:3000132",
            "rule_action": "alert",
            "rule_id": 3000132,
            "security_policy_id": "STPF_301779"
          },
          "sensitive_attributes": [],
          "private": "bnVsbA==",
          "dependencies": [
            "module.security.akamai_appsec_configuration.config",
            "module.security.akamai_appsec_security_policy.testing",
            "module.security.data.akamai_group.group"
          ]
        }
      ]
    },
    {
      "module": "module.security",
      "mode": "managed",
      "type": "akamai_appsec_rule",
      "name": "testing_aseweb_attackplatform_3000133",
      "provider": "provider[\"registry.terraform.io/akamai/akamai\"]",
      "instances": [
        {
          "schema_version": 0,
          "attributes": {
            "condition_exception": null,
            "config_id": 116049,
            "id": "116049:STPF_301779:3000133",
            "rule_action": "alert",
            "rule_id": 3000133,
            "security_policy_id": "STPF_301779"
          },
          "sensitive_attributes": [],
          "private": "bnVsbA==",
          "dependencies": [
            "module.security.akamai_appsec_configuration.config",
            "module.security.akamai_appsec_security_policy.testing",
            "module.security.data.akamai_group.group"
          ]
        }
      ]
    },
    {
      "module": "module.security",
      "mode": "managed",
      "type": "akamai_appsec_rule",
      "name": "testing_aseweb_attackplatform_3000134",
      "provider": "provider[\"registry.terraform.io/akamai/akamai\"]",
      "instances": [
        {
          "schema_version": 0,
          "attributes": {
            "condition_exception": null,
            "config_id": 116049,
            "id": "116049:STPF_301779:3000134",
            "rule_action": "alert",
            "rule_id": 3000134,
            "security_policy_id": "STPF_301779"
          },
          "sensitive_attributes": [],
          "private": "bnVsbA==",
          "dependencies": [
            "module.security.akamai_appsec_configuration.config",
            "module.security.akamai_appsec_security_policy.testing",
            "module.security.data.akamai_group.group"
          ]
        }
      ]
    },
    {
      "module": "module.security",
      "mode": "managed",
      "type": "akamai_appsec_rule",
      "name": "testing_aseweb_attackplatform_3000135",
      "provider": "provider[\"registry.terraform.io/akamai/akamai\"]",
      "instances": [
        {
          "schema_version": 0,
          "attributes": {
            "condition_exception": null,
            "config_id": 116049,
            "id": "116049:STPF_301779:3000135",
            "rule_action": "alert",
            "rule_id": 3000135,
            "security_policy_id": "STPF_301779"
          },
          "sensitive_attributes": [],
          "private": "bnVsbA==",
          "dependencies": [
            "module.security.akamai_appsec_configuration.config",
            "module.security.akamai_appsec_security_policy.testing",
            "module.security.data.akamai_group.group"
          ]
        }
      ]
    },
    {
      "module": "module.security",
      "mode": "managed",
      "type": "akamai_appsec_rule",
      "name": "testing_aseweb_attackplatform_3000136",
      "provider": "provider[\"registry.terraform.io/akamai/akamai\"]",
      "instances": [
        {
          "schema_version": 0,
          "attributes": {
            "condition_exception": null,
            "config_id": 116049,
            "id": "116049:STPF_301779:3000136",
            "rule_action": "alert",
            "rule_id": 3000136,
            "security_policy_id": "STPF_301779"
          },
          "sensitive_attributes": [],
          "private": "bnVsbA==",
          "dependencies": [
            "module.security.akamai_appsec_configuration.config",
            "module.security.akamai_appsec_security_policy.testing",
            "module.security.data.akamai_group.group"
          ]
        }
      ]
    },
    {
      "module": "module.security",
      "mode": "managed",
      "type": "akamai_appsec_rule",
      "name": "testing_aseweb_attackplatform_3000139",
      "provider": "provider[\"registry.terraform.io/akamai/akamai\"]",
      "instances": [
        {
          "schema_version": 0,
          "attributes": {
            "condition_exception": null,
            "config_id": 116049,
            "id": "116049:STPF_301779:3000139",
            "rule_action": "alert",
            "rule_id": 3000139,
            "security_policy_id": "STPF_301779"
          },
          "sensitive_attributes": [],
          "private": "bnVsbA==",
          "dependencies": [
            "module.security.akamai_appsec_configuration.config",
            "module.security.akamai_appsec_security_policy.testing",
            "module.security.data.akamai_group.group"
          ]
        }
      ]
    },
    {
      "module": "module.security",
      "mode": "managed",
      "type": "akamai_appsec_rule",
      "name": "testing_aseweb_attackplatform_3000165",
      "provider": "provider[\"registry.terraform.io/akamai/akamai\"]",
      "instances": [
        {
          "schema_version": 0,
          "attributes": {
            "condition_exception": null,
            "config_id": 116049,
            "id": "116049:STPF_301779:3000165",
            "rule_action": "alert",
            "rule_id": 3000165,
            "security_policy_id": "STPF_301779"
          },
          "sensitive_attributes": [],
          "private": "bnVsbA==",
          "dependencies": [
            "module.security.akamai_appsec_configuration.config",
            "module.security.akamai_appsec_security_policy.testing",
            "module.security.data.akamai_group.group"
          ]
        }
      ]
    },
    {
      "module": "module.security",
      "mode": "managed",
      "type": "akamai_appsec_rule",
      "name": "testing_aseweb_attackplatform_3000166",
      "provider": "provider[\"registry.terraform.io/akamai/akamai\"]",
      "instances": [
        {
          "schema_version": 0,
          "attributes": {
            "condition_exception": null,
            "config_id": 116049,
            "id": "116049:STPF_301779:3000166",
            "rule_action": "alert",
            "rule_id": 3000166,
            "security_policy_id": "STPF_301779"
          },
          "sensitive_attributes": [],
          "private": "bnVsbA==",
          "dependencies": [
            "module.security.akamai_appsec_configuration.config",
            "module.security.akamai_appsec_security_policy.testing",
            "module.security.data.akamai_group.group"
          ]
        }
      ]
    },
    {
      "module": "module.security",
      "mode": "managed",
      "type": "akamai_appsec_rule",
      "name": "testing_aseweb_attackplatform_3000167",
      "provider": "provider[\"registry.terraform.io/akamai/akamai\"]",
      "instances": [
        {
          "schema_version": 0,
          "attributes": {
            "condition_exception": null,
            "config_id": 116049,
            "id": "116049:STPF_301779:3000167",
            "rule_action": "alert",
            "rule_id": 3000167,
            "security_policy_id": "STPF_301779"
          },
          "sensitive_attributes": [],
          "private": "bnVsbA==",
          "dependencies": [
            "module.security.akamai_appsec_configuration.config",
            "module.security.akamai_appsec_security_policy.testing",
            "module.security.data.akamai_group.group"
          ]
        }
      ]
    },
    {
      "module": "module.security",
      "mode": "managed",
      "type": "akamai_appsec_rule",
      "name": "testing_aseweb_attackplatform_3000168",
      "provider": "provider[\"registry.terraform.io/akamai/akamai\"]",
      "instances": [
        {
          "schema_version": 0,
          "attributes": {
            "condition_exception": null,
            "config_id": 116049,
            "id": "116049:STPF_301779:3000168",
            "rule_action": "alert",
            "rule_id": 3000168,
            "security_policy_id": "STPF_301779"
          },
          "sensitive_attributes": [],
          "private": "bnVsbA==",
          "dependencies": [
            "module.security.akamai_appsec_configuration.config",
            "module.security.akamai_appsec_security_policy.testing",
            "module.security.data.akamai_group.group"
          ]
        }
      ]
    },
    {
      "module": "module.security",
      "mode": "managed",
      "type": "akamai_appsec_rule",
      "name": "testing_aseweb_attackplatform_3000179",
      "provider": "provider[\"registry.terraform.io/akamai/akamai\"]",
      "instances": [
        {
          "schema_version": 0,
          "attributes": {
            "condition_exception": null,
            "config_id": 116049,
            "id": "116049:STPF_301779:3000179",
            "rule_action": "alert",
            "rule_id": 3000179,
            "security_policy_id": "STPF_301779"
          },
          "sensitive_attributes": [],
          "private": "bnVsbA==",
          "dependencies": [
            "module.security.akamai_appsec_configuration.config",
            "module.security.akamai_appsec_security_policy.testing",
            "module.security.data.akamai_group.group"
          ]
        }
      ]
    },
    {
      "module": "module.security",
      "mode": "managed",
      "type": "akamai_appsec_rule",
      "name": "testing_aseweb_attackplatform_3000182",
      "provider": "provider[\"registry.terraform.io/akamai/akamai\"]",
      "instances": [
        {
          "schema_version": 0,
          "attributes": {
            "condition_exception": null,
            "config_id": 116049,
            "id": "116049:STPF_301779:3000182",
            "rule_action": "alert",
            "rule_id": 3000182,
            "security_policy_id": "STPF_301779"
          },
          "sensitive_attributes": [],
          "private": "bnVsbA==",
          "dependencies": [
            "module.security.akamai_appsec_configuration.config",
            "module.security.akamai_appsec_security_policy.testing",
            "module.security.data.akamai_group.group"
          ]
        }
      ]
    },
    {
      "module": "module.security",
      "mode": "managed",
      "type": "akamai_appsec_rule",
      "name": "testing_aseweb_attackplatform_3000183",
      "provider": "provider[\"registry.terraform.io/akamai/akamai\"]",
      "instances": [
        {
          "schema_version": 0,
          "attributes": {
            "condition_exception": null,
            "config_id": 116049,
            "id": "116049:STPF_301779:3000183",
            "rule_action": "alert",
            "rule_id": 3000183,
            "security_policy_id": "STPF_301779"
          },
          "sensitive_attributes": [],
          "private": "bnVsbA==",
          "dependencies": [
            "module.security.akamai_appsec_configuration.config",
            "module.security.akamai_appsec_security_policy.testing",
            "module.security.data.akamai_group.group"
          ]
        }
      ]
    },
    {
      "module": "module.security",
      "mode": "managed",
      "type": "akamai_appsec_rule",
      "name": "testing_aseweb_attackplatform_3000184",
      "provider": "provider[\"registry.terraform.io/akamai/akamai\"]",
      "instances": [
        {
          "schema_version": 0,
          "attributes": {
            "condition_exception": null,
            "config_id": 116049,
            "id": "116049:STPF_301779:3000184",
            "rule_action": "alert",
            "rule_id": 3000184,
            "security_policy_id": "STPF_301779"
          },
          "sensitive_attributes": [],
          "private": "bnVsbA==",
          "dependencies": [
            "module.security.akamai_appsec_configuration.config",
            "module.security.akamai_appsec_security_policy.testing",
            "module.security.data.akamai_group.group"
          ]
        }
      ]
    },
    {
      "module": "module.security",
      "mode": "managed",
      "type": "akamai_appsec_rule",
      "name": "testing_aseweb_attackplatform_3000185",
      "provider": "provider[\"registry.terraform.io/akamai/akamai\"]",
      "instances": [
        {
          "schema_version": 0,
          "attributes": {
            "condition_exception": null,
            "config_id": 116049,
            "id": "116049:STPF_301779:3000185",
            "rule_action": "alert",
            "rule_id": 3000185,
            "security_policy_id": "STPF_301779"
          },
          "sensitive_attributes": [],
          "private": "bnVsbA==",
          "dependencies": [
            "module.security.akamai_appsec_configuration.config",
            "module.security.akamai_appsec_security_policy.testing",
            "module.security.data.akamai_group.group"
          ]
        }
      ]
    },
    {
      "module": "module.security",
      "mode": "managed",
      "type": "akamai_appsec_rule",
      "name": "testing_aseweb_attackplatform_3000186",
      "provider": "provider[\"registry.terraform.io/akamai/akamai\"]",
      "instances": [
        {
          "schema_version": 0,
          "attributes": {
            "condition_exception": null,
            "config_id": 116049,
            "id": "116049:STPF_301779:3000186",
            "rule_action": "alert",
            "rule_id": 3000186,
            "security_policy_id": "STPF_301779"
          },
          "sensitive_attributes": [],
          "private": "bnVsbA==",
          "dependencies": [
            "module.security.akamai_appsec_configuration.config",
            "module.security.akamai_appsec_security_policy.testing",
            "module.security.data.akamai_group.group"
          ]
        }
      ]
    },
    {
      "module": "module.security",
      "mode": "managed",
      "type": "akamai_appsec_rule",
      "name": "testing_aseweb_attackplatform_3000187",
      "provider": "provider[\"registry.terraform.io/akamai/akamai\"]",
      "instances": [
        {
          "schema_version": 0,
          "attributes": {
            "condition_exception": null,
            "config_id": 116049,
            "id": "116049:STPF_301779:3000187",
            "rule_action": "alert",
            "rule_id": 3000187,
            "security_policy_id": "STPF_301779"
          },
          "sensitive_attributes": [],
          "private": "bnVsbA==",
          "dependencies": [
            "module.security.akamai_appsec_configuration.config",
            "module.security.akamai_appsec_security_policy.testing",
            "module.security.data.akamai_group.group"
          ]
        }
      ]
    },
    {
      "module": "module.security",
      "mode": "managed",
      "type": "akamai_appsec_rule",
      "name": "testing_aseweb_attackplatform_3000188",
      "provider": "provider[\"registry.terraform.io/akamai/akamai\"]",
      "instances": [
        {
          "schema_version": 0,
          "attributes": {
            "condition_exception": null,
            "config_id": 116049,
            "id": "116049:STPF_301779:3000188",
            "rule_action": "alert",
            "rule_id": 3000188,
            "security_policy_id": "STPF_301779"
          },
          "sensitive_attributes": [],
          "private": "bnVsbA==",
          "dependencies": [
            "module.security.akamai_appsec_configuration.config",
            "module.security.akamai_appsec_security_policy.testing",
            "module.security.data.akamai_group.group"
          ]
        }
      ]
    },
    {
      "module": "module.security",
      "mode": "managed",
      "type": "akamai_appsec_rule",
      "name": "testing_aseweb_attackplatform_3000189",
      "provider": "provider[\"registry.terraform.io/akamai/akamai\"]",
      "instances": [
        {
          "schema_version": 0,
          "attributes": {
            "condition_exception": null,
            "config_id": 116049,
            "id": "116049:STPF_301779:3000189",
            "rule_action": "alert",
            "rule_id": 3000189,
            "security_policy_id": "STPF_301779"
          },
          "sensitive_attributes": [],
          "private": "bnVsbA==",
          "dependencies": [
            "module.security.akamai_appsec_configuration.config",
            "module.security.akamai_appsec_security_policy.testing",
            "module.security.data.akamai_group.group"
          ]
        }
      ]
    },
    {
      "module": "module.security",
      "mode": "managed",
      "type": "akamai_appsec_rule",
      "name": "testing_aseweb_attackplatform_3000190",
      "provider": "provider[\"registry.terraform.io/akamai/akamai\"]",
      "instances": [
        {
          "schema_version": 0,
          "attributes": {
            "condition_exception": null,
            "config_id": 116049,
            "id": "116049:STPF_301779:3000190",
            "rule_action": "alert",
            "rule_id": 3000190,
            "security_policy_id": "STPF_301779"
          },
          "sensitive_attributes": [],
          "private": "bnVsbA==",
          "dependencies": [
            "module.security.akamai_appsec_configuration.config",
            "module.security.akamai_appsec_security_policy.testing",
            "module.security.data.akamai_group.group"
          ]
        }
      ]
    },
    {
      "module": "module.security",
      "mode": "managed",
      "type": "akamai_appsec_rule",
      "name": "testing_aseweb_attackplatform_3000191",
      "provider": "provider[\"registry.terraform.io/akamai/akamai\"]",
      "instances": [
        {
          "schema_version": 0,
          "attributes": {
            "condition_exception": null,
            "config_id": 116049,
            "id": "116049:STPF_301779:3000191",
            "rule_action": "alert",
            "rule_id": 3000191,
            "security_policy_id": "STPF_301779"
          },
          "sensitive_attributes": [],
          "private": "bnVsbA==",
          "dependencies": [
            "module.security.akamai_appsec_configuration.config",
            "module.security.akamai_appsec_security_policy.testing",
            "module.security.data.akamai_group.group"
          ]
        }
      ]
    },
    {
      "module": "module.security",
      "mode": "managed",
      "type": "akamai_appsec_rule",
      "name": "testing_aseweb_attackplatform_3000193",
      "provider": "provider[\"registry.terraform.io/akamai/akamai\"]",
      "instances": [
        {
          "schema_version": 0,
          "attributes": {
            "condition_exception": null,
            "config_id": 116049,
            "id": "116049:STPF_301779:3000193",
            "rule_action": "alert",
            "rule_id": 3000193,
            "security_policy_id": "STPF_301779"
          },
          "sensitive_attributes": [],
          "private": "bnVsbA==",
          "dependencies": [
            "module.security.akamai_appsec_configuration.config",
            "module.security.akamai_appsec_security_policy.testing",
            "module.security.data.akamai_group.group"
          ]
        }
      ]
    },
    {
      "module": "module.security",
      "mode": "managed",
      "type": "akamai_appsec_rule",
      "name": "testing_aseweb_attackplatform_3000198",
      "provider": "provider[\"registry.terraform.io/akamai/akamai\"]",
      "instances": [
        {
          "schema_version": 0,
          "attributes": {
            "condition_exception": null,
            "config_id": 116049,
            "id": "116049:STPF_301779:3000198",
            "rule_action": "alert",
            "rule_id": 3000198,
            "security_policy_id": "STPF_301779"
          },
          "sensitive_attributes": [],
          "private": "bnVsbA==",
          "dependencies": [
            "module.security.akamai_appsec_configuration.config",
            "module.security.akamai_appsec_security_policy.testing",
            "module.security.data.akamai_group.group"
          ]
        }
      ]
    },
    {
      "module": "module.security",
      "mode": "managed",
      "type": "akamai_appsec_rule",
      "name": "testing_aseweb_attackplatform_3000199",
      "provider": "provider[\"registry.terraform.io/akamai/akamai\"]",
      "instances": [
        {
          "schema_version": 0,
          "attributes": {
            "condition_exception": null,
            "config_id": 116049,
            "id": "116049:STPF_301779:3000199",
            "rule_action": "alert",
            "rule_id": 3000199,
            "security_policy_id": "STPF_301779"
          },
          "sensitive_attributes": [],
          "private": "bnVsbA==",
          "dependencies": [
            "module.security.akamai_appsec_configuration.config",
            "module.security.akamai_appsec_security_policy.testing",
            "module.security.data.akamai_group.group"
          ]
        }
      ]
    },
    {
      "module": "module.security",
      "mode": "managed",
      "type": "akamai_appsec_rule",
      "name": "testing_aseweb_attackplatform_3000200",
      "provider": "provider[\"registry.terraform.io/akamai/akamai\"]",
      "instances": [
        {
          "schema_version": 0,
          "attributes": {
            "condition_exception": null,
            "config_id": 116049,
            "id": "116049:STPF_301779:3000200",
            "rule_action": "alert",
            "rule_id": 3000200,
            "security_policy_id": "STPF_301779"
          },
          "sensitive_attributes": [],
          "private": "bnVsbA==",
          "dependencies": [
            "module.security.akamai_appsec_configuration.config",
            "module.security.akamai_appsec_security_policy.testing",
            "module.security.data.akamai_group.group"
          ]
        }
      ]
    },
    {
      "module": "module.security",
      "mode": "managed",
      "type": "akamai_appsec_rule",
      "name": "testing_aseweb_attackplatform_3000202",
      "provider": "provider[\"registry.terraform.io/akamai/akamai\"]",
      "instances": [
        {
          "schema_version": 0,
          "attributes": {
            "condition_exception": null,
            "config_id": 116049,
            "id": "116049:STPF_301779:3000202",
            "rule_action": "alert",
            "rule_id": 3000202,
            "security_policy_id": "STPF_301779"
          },
          "sensitive_attributes": [],
          "private": "bnVsbA==",
          "dependencies": [
            "module.security.akamai_appsec_configuration.config",
            "module.security.akamai_appsec_security_policy.testing",
            "module.security.data.akamai_group.group"
          ]
        }
      ]
    },
    {
      "module": "module.security",
      "mode": "managed",
      "type": "akamai_appsec_rule",
      "name": "testing_aseweb_attackplatform_3000901",
      "provider": "provider[\"registry.terraform.io/akamai/akamai\"]",
      "instances": [
        {
          "schema_version": 0,
          "attributes": {
            "condition_exception": null,
            "config_id": 116049,
            "id": "116049:STPF_301779:3000901",
            "rule_action": "alert",
            "rule_id": 3000901,
            "security_policy_id": "STPF_301779"
          },
          "sensitive_attributes": [],
          "private": "bnVsbA==",
          "dependencies": [
            "module.security.akamai_appsec_configuration.config",
            "module.security.akamai_appsec_security_policy.testing",
            "module.security.data.akamai_group.group"
          ]
        }
      ]
    },
    {
      "module": "module.security",
      "mode": "managed",
      "type": "akamai_appsec_rule",
      "name": "testing_aseweb_attackplatform_3000902",
      "provider": "provider[\"registry.terraform.io/akamai/akamai\"]",
      "instances": [
        {
          "schema_version": 0,
          "attributes": {
            "condition_exception": null,
            "config_id": 116049,
            "id": "116049:STPF_301779:3000902",
            "rule_action": "alert",
            "rule_id": 3000902,
            "security_policy_id": "STPF_301779"
          },
          "sensitive_attributes": [],
          "private": "bnVsbA==",
          "dependencies": [
            "module.security.akamai_appsec_configuration.config",
            "module.security.akamai_appsec_security_policy.testing",
            "module.security.data.akamai_group.group"
          ]
        }
      ]
    },
    {
      "module": "module.security",
      "mode": "managed",
      "type": "akamai_appsec_rule",
      "name": "testing_aseweb_attackplatform_3000903",
      "provider": "provider[\"registry.terraform.io/akamai/akamai\"]",
      "instances": [
        {
          "schema_version": 0,
          "attributes": {
            "condition_exception": null,
            "config_id": 116049,
            "id": "116049:STPF_301779:3000903",
            "rule_action": "alert",
            "rule_id": 3000903,
            "security_policy_id": "STPF_301779"
          },
          "sensitive_attributes": [],
          "private": "bnVsbA==",
          "dependencies": [
            "module.security.akamai_appsec_configuration.config",
            "module.security.akamai_appsec_security_policy.testing",
            "module.security.data.akamai_group.group"
          ]
        }
      ]
    },
    {
      "module": "module.security",
      "mode": "managed",
      "type": "akamai_appsec_rule",
      "name": "testing_aseweb_attackplatform_3000904",
      "provider": "provider[\"registry.terraform.io/akamai/akamai\"]",
      "instances": [
        {
          "schema_version": 0,
          "attributes": {
            "condition_exception": null,
            "config_id": 116049,
            "id": "116049:STPF_301779:3000904",
            "rule_action": "alert",
            "rule_id": 3000904,
            "security_policy_id": "STPF_301779"
          },
          "sensitive_attributes": [],
          "private": "bnVsbA==",
          "dependencies": [
            "module.security.akamai_appsec_configuration.config",
            "module.security.akamai_appsec_security_policy.testing",
            "module.security.data.akamai_group.group"
          ]
        }
      ]
    },
    {
      "module": "module.security",
      "mode": "managed",
      "type": "akamai_appsec_rule",
      "name": "testing_aseweb_attackplatform_3000905",
      "provider": "provider[\"registry.terraform.io/akamai/akamai\"]",
      "instances": [
        {
          "schema_version": 0,
          "attributes": {
            "condition_exception": null,
            "config_id": 116049,
            "id": "116049:STPF_301779:3000905",
            "rule_action": "alert",
            "rule_id": 3000905,
            "security_policy_id": "STPF_301779"
          },
          "sensitive_attributes": [],
          "private": "bnVsbA==",
          "dependencies": [
            "module.security.akamai_appsec_configuration.config",
            "module.security.akamai_appsec_security_policy.testing",
            "module.security.data.akamai_group.group"
          ]
        }
      ]
    },
    {
      "module": "module.security",
      "mode": "managed",
      "type": "akamai_appsec_rule",
      "name": "testing_aseweb_attackplatform_3000906",
      "provider": "provider[\"registry.terraform.io/akamai/akamai\"]",
      "instances": [
        {
          "schema_version": 0,
          "attributes": {
            "condition_exception": null,
            "config_id": 116049,
            "id": "116049:STPF_301779:3000906",
            "rule_action": "alert",
            "rule_id": 3000906,
            "security_policy_id": "STPF_301779"
          },
          "sensitive_attributes": [],
          "private": "bnVsbA==",
          "dependencies": [
            "module.security.akamai_appsec_configuration.config",
            "module.security.akamai_appsec_security_policy.testing",
            "module.security.data.akamai_group.group"
          ]
        }
      ]
    },
    {
      "module": "module.security",
      "mode": "managed",
      "type": "akamai_appsec_rule",
      "name": "testing_aseweb_attackplatform_3000907",
      "provider": "provider[\"registry.terraform.io/akamai/akamai\"]",
      "instances": [
        {
          "schema_version": 0,
          "attributes": {
            "condition_exception": null,
            "config_id": 116049,
            "id": "116049:STPF_301779:3000907",
            "rule_action": "alert",
            "rule_id": 3000907,
            "security_policy_id": "STPF_301779"
          },
          "sensitive_attributes": [],
          "private": "bnVsbA==",
          "dependencies": [
            "module.security.akamai_appsec_configuration.config",
            "module.security.akamai_appsec_security_policy.testing",
            "module.security.data.akamai_group.group"
          ]
        }
      ]
    },
    {
      "module": "module.security",
      "mode": "managed",
      "type": "akamai_appsec_rule",
      "name": "testing_aseweb_attackplatform_3000908",
      "provider": "provider[\"registry.terraform.io/akamai/akamai\"]",
      "instances": [
        {
          "schema_version": 0,
          "attributes": {
            "condition_exception": null,
            "config_id": 116049,
            "id": "116049:STPF_301779:3000908",
            "rule_action": "alert",
            "rule_id": 3000908,
            "security_policy_id": "STPF_301779"
          },
          "sensitive_attributes": [],
          "private": "bnVsbA==",
          "dependencies": [
            "module.security.akamai_appsec_configuration.config",
            "module.security.akamai_appsec_security_policy.testing",
            "module.security.data.akamai_group.group"
          ]
        }
      ]
    },
    {
      "module": "module.security",
      "mode": "managed",
      "type": "akamai_appsec_rule",
      "name": "testing_aseweb_attackplatform_3000909",
      "provider": "provider[\"registry.terraform.io/akamai/akamai\"]",
      "instances": [
        {
          "schema_version": 0,
          "attributes": {
            "condition_exception": null,
            "config_id": 116049,
            "id": "116049:STPF_301779:3000909",
            "rule_action": "alert",
            "rule_id": 3000909,
            "security_policy_id": "STPF_301779"
          },
          "sensitive_attributes": [],
          "private": "bnVsbA==",
          "dependencies": [
            "module.security.akamai_appsec_configuration.config",
            "module.security.akamai_appsec_security_policy.testing",
            "module.security.data.akamai_group.group"
          ]
        }
      ]
    },
    {
      "module": "module.security",
      "mode": "managed",
      "type": "akamai_appsec_rule",
      "name": "testing_aseweb_attackplatform_3000910",
      "provider": "provider[\"registry.terraform.io/akamai/akamai\"]",
      "instances": [
        {
          "schema_version": 0,
          "attributes": {
            "condition_exception": null,
            "config_id": 116049,
            "id": "116049:STPF_301779:3000910",
            "rule_action": "alert",
            "rule_id": 3000910,
            "security_policy_id": "STPF_301779"
          },
          "sensitive_attributes": [],
          "private": "bnVsbA==",
          "dependencies": [
            "module.security.akamai_appsec_configuration.config",
            "module.security.akamai_appsec_security_policy.testing",
            "module.security.data.akamai_group.group"
          ]
        }
      ]
    },
    {
      "module": "module.security",
      "mode": "managed",
      "type": "akamai_appsec_rule",
      "name": "testing_aseweb_attackplatform_3000911",
      "provider": "provider[\"registry.terraform.io/akamai/akamai\"]",
      "instances": [
        {
          "schema_version": 0,
          "attributes": {
            "condition_exception": null,
            "config_id": 116049,
            "id": "116049:STPF_301779:3000911",
            "rule_action": "deny",
            "rule_id": 3000911,
            "security_policy_id": "STPF_301779"
          },
          "sensitive_attributes": [],
          "private": "bnVsbA==",
          "dependencies": [
            "module.security.akamai_appsec_configuration.config",
            "module.security.akamai_appsec_security_policy.testing",
            "module.security.data.akamai_group.group"
          ]
        }
      ]
    },
    {
      "module": "module.security",
      "mode": "managed",
      "type": "akamai_appsec_rule",
      "name": "testing_aseweb_attackplatform_3000912",
      "provider": "provider[\"registry.terraform.io/akamai/akamai\"]",
      "instances": [
        {
          "schema_version": 0,
          "attributes": {
            "condition_exception": null,
            "config_id": 116049,
            "id": "116049:STPF_301779:3000912",
            "rule_action": "alert",
            "rule_id": 3000912,
            "security_policy_id": "STPF_301779"
          },
          "sensitive_attributes": [],
          "private": "bnVsbA==",
          "dependencies": [
            "module.security.akamai_appsec_configuration.config",
            "module.security.akamai_appsec_security_policy.testing",
            "module.security.data.akamai_group.group"
          ]
        }
      ]
    },
    {
      "module": "module.security",
      "mode": "managed",
      "type": "akamai_appsec_rule",
      "name": "testing_aseweb_attackplatform_3000913",
      "provider": "provider[\"registry.terraform.io/akamai/akamai\"]",
      "instances": [
        {
          "schema_version": 0,
          "attributes": {
            "condition_exception": null,
            "config_id": 116049,
            "id": "116049:STPF_301779:3000913",
            "rule_action": "alert",
            "rule_id": 3000913,
            "security_policy_id": "STPF_301779"
          },
          "sensitive_attributes": [],
          "private": "bnVsbA==",
          "dependencies": [
            "module.security.akamai_appsec_configuration.config",
            "module.security.akamai_appsec_security_policy.testing",
            "module.security.data.akamai_group.group"
          ]
        }
      ]
    },
    {
      "module": "module.security",
      "mode": "managed",
      "type": "akamai_appsec_rule",
      "name": "testing_aseweb_attackplatform_3000914",
      "provider": "provider[\"registry.terraform.io/akamai/akamai\"]",
      "instances": [
        {
          "schema_version": 0,
          "attributes": {
            "condition_exception": null,
            "config_id": 116049,
            "id": "116049:STPF_301779:3000914",
            "rule_action": "alert",
            "rule_id": 3000914,
            "security_policy_id": "STPF_301779"
          },
          "sensitive_attributes": [],
          "private": "bnVsbA==",
          "dependencies": [
            "module.security.akamai_appsec_configuration.config",
            "module.security.akamai_appsec_security_policy.testing",
            "module.security.data.akamai_group.group"
          ]
        }
      ]
    },
    {
      "module": "module.security",
      "mode": "managed",
      "type": "akamai_appsec_rule",
      "name": "testing_aseweb_attackplatform_3000915",
      "provider": "provider[\"registry.terraform.io/akamai/akamai\"]",
      "instances": [
        {
          "schema_version": 0,
          "attributes": {
            "condition_exception": null,
            "config_id": 116049,
            "id": "116049:STPF_301779:3000915",
            "rule_action": "alert",
            "rule_id": 3000915,
            "security_policy_id": "STPF_301779"
          },
          "sensitive_attributes": [],
          "private": "bnVsbA==",
          "dependencies": [
            "module.security.akamai_appsec_configuration.config",
            "module.security.akamai_appsec_security_policy.testing",
            "module.security.data.akamai_group.group"
          ]
        }
      ]
    },
    {
      "module": "module.security",
      "mode": "managed",
      "type": "akamai_appsec_rule",
      "name": "testing_aseweb_attackplatform_3000916",
      "provider": "provider[\"registry.terraform.io/akamai/akamai\"]",
      "instances": [
        {
          "schema_version": 0,
          "attributes": {
            "condition_exception": null,
            "config_id": 116049,
            "id": "116049:STPF_301779:3000916",
            "rule_action": "alert",
            "rule_id": 3000916,
            "security_policy_id": "STPF_301779"
          },
          "sensitive_attributes": [],
          "private": "bnVsbA==",
          "dependencies": [
            "module.security.akamai_appsec_configuration.config",
            "module.security.akamai_appsec_security_policy.testing",
            "module.security.data.akamai_group.group"
          ]
        }
      ]
    },
    {
      "module": "module.security",
      "mode": "managed",
      "type": "akamai_appsec_rule",
      "name": "testing_aseweb_attackplatform_3000917",
      "provider": "provider[\"registry.terraform.io/akamai/akamai\"]",
      "instances": [
        {
          "schema_version": 0,
          "attributes": {
            "condition_exception": null,
            "config_id": 116049,
            "id": "116049:STPF_301779:3000917",
            "rule_action": "alert",
            "rule_id": 3000917,
            "security_policy_id": "STPF_301779"
          },
          "sensitive_attributes": [],
          "private": "bnVsbA==",
          "dependencies": [
            "module.security.akamai_appsec_configuration.config",
            "module.security.akamai_appsec_security_policy.testing",
            "module.security.data.akamai_group.group"
          ]
        }
      ]
    },
    {
      "module": "module.security",
      "mode": "managed",
      "type": "akamai_appsec_rule",
      "name": "testing_aseweb_attackplatform_3000918",
      "provider": "provider[\"registry.terraform.io/akamai/akamai\"]",
      "instances": [
        {
          "schema_version": 0,
          "attributes": {
            "condition_exception": null,
            "config_id": 116049,
            "id": "116049:STPF_301779:3000918",
            "rule_action": "alert",
            "rule_id": 3000918,
            "security_policy_id": "STPF_301779"
          },
          "sensitive_attributes": [],
          "private": "bnVsbA==",
          "dependencies": [
            "module.security.akamai_appsec_configuration.config",
            "module.security.akamai_appsec_security_policy.testing",
            "module.security.data.akamai_group.group"
          ]
        }
      ]
    },
    {
      "module": "module.security",
      "mode": "managed",
      "type": "akamai_appsec_rule",
      "name": "testing_aseweb_attackplatform_3000919",
      "provider": "provider[\"registry.terraform.io/akamai/akamai\"]",
      "instances": [
        {
          "schema_version": 0,
          "attributes": {
            "condition_exception": null,
            "config_id": 116049,
            "id": "116049:STPF_301779:3000919",
            "rule_action": "alert",
            "rule_id": 3000919,
            "security_policy_id": "STPF_301779"
          },
          "sensitive_attributes": [],
          "private": "bnVsbA==",
          "dependencies": [
            "module.security.akamai_appsec_configuration.config",
            "module.security.akamai_appsec_security_policy.testing",
            "module.security.data.akamai_group.group"
          ]
        }
      ]
    },
    {
      "module": "module.security",
      "mode": "managed",
      "type": "akamai_appsec_rule",
      "name": "testing_aseweb_attackplatform_3000920",
      "provider": "provider[\"registry.terraform.io/akamai/akamai\"]",
      "instances": [
        {
          "schema_version": 0,
          "attributes": {
            "condition_exception": null,
            "config_id": 116049,
            "id": "116049:STPF_301779:3000920",
            "rule_action": "alert",
            "rule_id": 3000920,
            "security_policy_id": "STPF_301779"
          },
          "sensitive_attributes": [],
          "private": "bnVsbA==",
          "dependencies": [
            "module.security.akamai_appsec_configuration.config",
            "module.security.akamai_appsec_security_policy.testing",
            "module.security.data.akamai_group.group"
          ]
        }
      ]
    },
    {
      "module": "module.security",
      "mode": "managed",
      "type": "akamai_appsec_rule",
      "name": "testing_aseweb_attackplatform_3000921",
      "provider": "provider[\"registry.terraform.io/akamai/akamai\"]",
      "instances": [
        {
          "schema_version": 0,
          "attributes": {
            "condition_exception": null,
            "config_id": 116049,
            "id": "116049:STPF_301779:3000921",
            "rule_action": "alert",
            "rule_id": 3000921,
            "security_policy_id": "STPF_301779"
          },
          "sensitive_attributes": [],
          "private": "bnVsbA==",
          "dependencies": [
            "module.security.akamai_appsec_configuration.config",
            "module.security.akamai_appsec_security_policy.testing",
            "module.security.data.akamai_group.group"
          ]
        }
      ]
    },
    {
      "module": "module.security",
      "mode": "managed",
      "type": "akamai_appsec_rule",
      "name": "testing_aseweb_attackplatform_3000922",
      "provider": "provider[\"registry.terraform.io/akamai/akamai\"]",
      "instances": [
        {
          "schema_version": 0,
          "attributes": {
            "condition_exception": null,
            "config_id": 116049,
            "id": "116049:STPF_301779:3000922",
            "rule_action": "alert",
            "rule_id": 3000922,
            "security_policy_id": "STPF_301779"
          },
          "sensitive_attributes": [],
          "private": "bnVsbA==",
          "dependencies": [
            "module.security.akamai_appsec_configuration.config",
            "module.security.akamai_appsec_security_policy.testing",
            "module.security.data.akamai_group.group"
          ]
        }
      ]
    },
    {
      "module": "module.security",
      "mode": "managed",
      "type": "akamai_appsec_rule",
      "name": "testing_aseweb_attackplatform_3000923",
      "provider": "provider[\"registry.terraform.io/akamai/akamai\"]",
      "instances": [
        {
          "schema_version": 0,
          "attributes": {
            "condition_exception": null,
            "config_id": 116049,
            "id": "116049:STPF_301779:3000923",
            "rule_action": "alert",
            "rule_id": 3000923,
            "security_policy_id": "STPF_301779"
          },
          "sensitive_attributes": [],
          "private": "bnVsbA==",
          "dependencies": [
            "module.security.akamai_appsec_configuration.config",
            "module.security.akamai_appsec_security_policy.testing",
            "module.security.data.akamai_group.group"
          ]
        }
      ]
    },
    {
      "module": "module.security",
      "mode": "managed",
      "type": "akamai_appsec_rule",
      "name": "testing_aseweb_attackplatform_3000924",
      "provider": "provider[\"registry.terraform.io/akamai/akamai\"]",
      "instances": [
        {
          "schema_version": 0,
          "attributes": {
            "condition_exception": null,
            "config_id": 116049,
            "id": "116049:STPF_301779:3000924",
            "rule_action": "alert",
            "rule_id": 3000924,
            "security_policy_id": "STPF_301779"
          },
          "sensitive_attributes": [],
          "private": "bnVsbA==",
          "dependencies": [
            "module.security.akamai_appsec_configuration.config",
            "module.security.akamai_appsec_security_policy.testing",
            "module.security.data.akamai_group.group"
          ]
        }
      ]
    },
    {
      "module": "module.security",
      "mode": "managed",
      "type": "akamai_appsec_rule",
      "name": "testing_aseweb_attackplatform_3000925",
      "provider": "provider[\"registry.terraform.io/akamai/akamai\"]",
      "instances": [
        {
          "schema_version": 0,
          "attributes": {
            "condition_exception": null,
            "config_id": 116049,
            "id": "116049:STPF_301779:3000925",
            "rule_action": "alert",
            "rule_id": 3000925,
            "security_policy_id": "STPF_301779"
          },
          "sensitive_attributes": [],
          "private": "bnVsbA==",
          "dependencies": [
            "module.security.akamai_appsec_configuration.config",
            "module.security.akamai_appsec_security_policy.testing",
            "module.security.data.akamai_group.group"
          ]
        }
      ]
    },
    {
      "module": "module.security",
      "mode": "managed",
      "type": "akamai_appsec_rule",
      "name": "testing_aseweb_attackplatform_3000926",
      "provider": "provider[\"registry.terraform.io/akamai/akamai\"]",
      "instances": [
        {
          "schema_version": 0,
          "attributes": {
            "condition_exception": null,
            "config_id": 116049,
            "id": "116049:STPF_301779:3000926",
            "rule_action": "alert",
            "rule_id": 3000926,
            "security_policy_id": "STPF_301779"
          },
          "sensitive_attributes": [],
          "private": "bnVsbA==",
          "dependencies": [
            "module.security.akamai_appsec_configuration.config",
            "module.security.akamai_appsec_security_policy.testing",
            "module.security.data.akamai_group.group"
          ]
        }
      ]
    },
    {
      "module": "module.security",
      "mode": "managed",
      "type": "akamai_appsec_rule",
      "name": "testing_aseweb_attackplatform_3000927",
      "provider": "provider[\"registry.terraform.io/akamai/akamai\"]",
      "instances": [
        {
          "schema_version": 0,
          "attributes": {
            "condition_exception": null,
            "config_id": 116049,
            "id": "116049:STPF_301779:3000927",
            "rule_action": "alert",
            "rule_id": 3000927,
            "security_policy_id": "STPF_301779"
          },
          "sensitive_attributes": [],
          "private": "bnVsbA==",
          "dependencies": [
            "module.security.akamai_appsec_configuration.config",
            "module.security.akamai_appsec_security_policy.testing",
            "module.security.data.akamai_group.group"
          ]
        }
      ]
    },
    {
      "module": "module.security",
      "mode": "managed",
      "type": "akamai_appsec_rule",
      "name": "testing_aseweb_attackplatform_3000928",
      "provider": "provider[\"registry.terraform.io/akamai/akamai\"]",
      "instances": [
        {
          "schema_version": 0,
          "attributes": {
            "condition_exception": null,
            "config_id": 116049,
            "id": "116049:STPF_301779:3000928",
            "rule_action": "alert",
            "rule_id": 3000928,
            "security_policy_id": "STPF_301779"
          },
          "sensitive_attributes": [],
          "private": "bnVsbA==",
          "dependencies": [
            "module.security.akamai_appsec_configuration.config",
            "module.security.akamai_appsec_security_policy.testing",
            "module.security.data.akamai_group.group"
          ]
        }
      ]
    },
    {
      "module": "module.security",
      "mode": "managed",
      "type": "akamai_appsec_rule",
      "name": "testing_aseweb_attackplatform_3000929",
      "provider": "provider[\"registry.terraform.io/akamai/akamai\"]",
      "instances": [
        {
          "schema_version": 0,
          "attributes": {
            "condition_exception": null,
            "config_id": 116049,
            "id": "116049:STPF_301779:3000929",
            "rule_action": "alert",
            "rule_id": 3000929,
            "security_policy_id": "STPF_301779"
          },
          "sensitive_attributes": [],
          "private": "bnVsbA==",
          "dependencies": [
            "module.security.akamai_appsec_configuration.config",
            "module.security.akamai_appsec_security_policy.testing",
            "module.security.data.akamai_group.group"
          ]
        }
      ]
    },
    {
      "module": "module.security",
      "mode": "managed",
      "type": "akamai_appsec_rule",
      "name": "testing_aseweb_attackplatform_3000930",
      "provider": "provider[\"registry.terraform.io/akamai/akamai\"]",
      "instances": [
        {
          "schema_version": 0,
          "attributes": {
            "condition_exception": null,
            "config_id": 116049,
            "id": "116049:STPF_301779:3000930",
            "rule_action": "alert",
            "rule_id": 3000930,
            "security_policy_id": "STPF_301779"
          },
          "sensitive_attributes": [],
          "private": "bnVsbA==",
          "dependencies": [
            "module.security.akamai_appsec_configuration.config",
            "module.security.akamai_appsec_security_policy.testing",
            "module.security.data.akamai_group.group"
          ]
        }
      ]
    },
    {
      "module": "module.security",
      "mode": "managed",
      "type": "akamai_appsec_rule",
      "name": "testing_aseweb_attackplatform_3000931",
      "provider": "provider[\"registry.terraform.io/akamai/akamai\"]",
      "instances": [
        {
          "schema_version": 0,
          "attributes": {
            "condition_exception": null,
            "config_id": 116049,
            "id": "116049:STPF_301779:3000931",
            "rule_action": "alert",
            "rule_id": 3000931,
            "security_policy_id": "STPF_301779"
          },
          "sensitive_attributes": [],
          "private": "bnVsbA==",
          "dependencies": [
            "module.security.akamai_appsec_configuration.config",
            "module.security.akamai_appsec_security_policy.testing",
            "module.security.data.akamai_group.group"
          ]
        }
      ]
    },
    {
      "module": "module.security",
      "mode": "managed",
      "type": "akamai_appsec_rule",
      "name": "testing_aseweb_attackplatform_3000932",
      "provider": "provider[\"registry.terraform.io/akamai/akamai\"]",
      "instances": [
        {
          "schema_version": 0,
          "attributes": {
            "condition_exception": null,
            "config_id": 116049,
            "id": "116049:STPF_301779:3000932",
            "rule_action": "alert",
            "rule_id": 3000932,
            "security_policy_id": "STPF_301779"
          },
          "sensitive_attributes": [],
          "private": "bnVsbA==",
          "dependencies": [
            "module.security.akamai_appsec_configuration.config",
            "module.security.akamai_appsec_security_policy.testing",
            "module.security.data.akamai_group.group"
          ]
        }
      ]
    },
    {
      "module": "module.security",
      "mode": "managed",
      "type": "akamai_appsec_rule",
      "name": "testing_aseweb_attackplatform_3000933",
      "provider": "provider[\"registry.terraform.io/akamai/akamai\"]",
      "instances": [
        {
          "schema_version": 0,
          "attributes": {
            "condition_exception": null,
            "config_id": 116049,
            "id": "116049:STPF_301779:3000933",
            "rule_action": "alert",
            "rule_id": 3000933,
            "security_policy_id": "STPF_301779"
          },
          "sensitive_attributes": [],
          "private": "bnVsbA==",
          "dependencies": [
            "module.security.akamai_appsec_configuration.config",
            "module.security.akamai_appsec_security_policy.testing",
            "module.security.data.akamai_group.group"
          ]
        }
      ]
    },
    {
      "module": "module.security",
      "mode": "managed",
      "type": "akamai_appsec_rule",
      "name": "testing_aseweb_attackplatform_3000934",
      "provider": "provider[\"registry.terraform.io/akamai/akamai\"]",
      "instances": [
        {
          "schema_version": 0,
          "attributes": {
            "condition_exception": null,
            "config_id": 116049,
            "id": "116049:STPF_301779:3000934",
            "rule_action": "alert",
            "rule_id": 3000934,
            "security_policy_id": "STPF_301779"
          },
          "sensitive_attributes": [],
          "private": "bnVsbA==",
          "dependencies": [
            "module.security.akamai_appsec_configuration.config",
            "module.security.akamai_appsec_security_policy.testing",
            "module.security.data.akamai_group.group"
          ]
        }
      ]
    },
    {
      "module": "module.security",
      "mode": "managed",
      "type": "akamai_appsec_rule",
      "name": "testing_aseweb_attackplatform_3000935",
      "provider": "provider[\"registry.terraform.io/akamai/akamai\"]",
      "instances": [
        {
          "schema_version": 0,
          "attributes": {
            "condition_exception": null,
            "config_id": 116049,
            "id": "116049:STPF_301779:3000935",
            "rule_action": "alert",
            "rule_id": 3000935,
            "security_policy_id": "STPF_301779"
          },
          "sensitive_attributes": [],
          "private": "bnVsbA==",
          "dependencies": [
            "module.security.akamai_appsec_configuration.config",
            "module.security.akamai_appsec_security_policy.testing",
            "module.security.data.akamai_group.group"
          ]
        }
      ]
    },
    {
      "module": "module.security",
      "mode": "managed",
      "type": "akamai_appsec_rule",
      "name": "testing_aseweb_attackplatform_3000936",
      "provider": "provider[\"registry.terraform.io/akamai/akamai\"]",
      "instances": [
        {
          "schema_version": 0,
          "attributes": {
            "condition_exception": null,
            "config_id": 116049,
            "id": "116049:STPF_301779:3000936",
            "rule_action": "alert",
            "rule_id": 3000936,
            "security_policy_id": "STPF_301779"
          },
          "sensitive_attributes": [],
          "private": "bnVsbA==",
          "dependencies": [
            "module.security.akamai_appsec_configuration.config",
            "module.security.akamai_appsec_security_policy.testing",
            "module.security.data.akamai_group.group"
          ]
        }
      ]
    },
    {
      "module": "module.security",
      "mode": "managed",
      "type": "akamai_appsec_rule",
      "name": "testing_aseweb_attackplatform_3000937",
      "provider": "provider[\"registry.terraform.io/akamai/akamai\"]",
      "instances": [
        {
          "schema_version": 0,
          "attributes": {
            "condition_exception": null,
            "config_id": 116049,
            "id": "116049:STPF_301779:3000937",
            "rule_action": "alert",
            "rule_id": 3000937,
            "security_policy_id": "STPF_301779"
          },
          "sensitive_attributes": [],
          "private": "bnVsbA==",
          "dependencies": [
            "module.security.akamai_appsec_configuration.config",
            "module.security.akamai_appsec_security_policy.testing",
            "module.security.data.akamai_group.group"
          ]
        }
      ]
    },
    {
      "module": "module.security",
      "mode": "managed",
      "type": "akamai_appsec_rule",
      "name": "testing_aseweb_attackplatform_3000939",
      "provider": "provider[\"registry.terraform.io/akamai/akamai\"]",
      "instances": [
        {
          "schema_version": 0,
          "attributes": {
            "condition_exception": null,
            "config_id": 116049,
            "id": "116049:STPF_301779:3000939",
            "rule_action": "alert",
            "rule_id": 3000939,
            "security_policy_id": "STPF_301779"
          },
          "sensitive_attributes": [],
          "private": "bnVsbA==",
          "dependencies": [
            "module.security.akamai_appsec_configuration.config",
            "module.security.akamai_appsec_security_policy.testing",
            "module.security.data.akamai_group.group"
          ]
        }
      ]
    },
    {
      "module": "module.security",
      "mode": "managed",
      "type": "akamai_appsec_rule",
      "name": "testing_aseweb_attackplatform_3000940",
      "provider": "provider[\"registry.terraform.io/akamai/akamai\"]",
      "instances": [
        {
          "schema_version": 0,
          "attributes": {
            "condition_exception": null,
            "config_id": 116049,
            "id": "116049:STPF_301779:3000940",
            "rule_action": "alert",
            "rule_id": 3000940,
            "security_policy_id": "STPF_301779"
          },
          "sensitive_attributes": [],
          "private": "bnVsbA==",
          "dependencies": [
            "module.security.akamai_appsec_configuration.config",
            "module.security.akamai_appsec_security_policy.testing",
            "module.security.data.akamai_group.group"
          ]
        }
      ]
    },
    {
      "module": "module.security",
      "mode": "managed",
      "type": "akamai_appsec_rule",
      "name": "testing_aseweb_attackplatform_3000941",
      "provider": "provider[\"registry.terraform.io/akamai/akamai\"]",
      "instances": [
        {
          "schema_version": 0,
          "attributes": {
            "condition_exception": null,
            "config_id": 116049,
            "id": "116049:STPF_301779:3000941",
            "rule_action": "alert",
            "rule_id": 3000941,
            "security_policy_id": "STPF_301779"
          },
          "sensitive_attributes": [],
          "private": "bnVsbA==",
          "dependencies": [
            "module.security.akamai_appsec_configuration.config",
            "module.security.akamai_appsec_security_policy.testing",
            "module.security.data.akamai_group.group"
          ]
        }
      ]
    },
    {
      "module": "module.security",
      "mode": "managed",
      "type": "akamai_appsec_rule",
      "name": "testing_aseweb_attackplatform_3000942",
      "provider": "provider[\"registry.terraform.io/akamai/akamai\"]",
      "instances": [
        {
          "schema_version": 0,
          "attributes": {
            "condition_exception": null,
            "config_id": 116049,
            "id": "116049:STPF_301779:3000942",
            "rule_action": "alert",
            "rule_id": 3000942,
            "security_policy_id": "STPF_301779"
          },
          "sensitive_attributes": [],
          "private": "bnVsbA==",
          "dependencies": [
            "module.security.akamai_appsec_configuration.config",
            "module.security.akamai_appsec_security_policy.testing",
            "module.security.data.akamai_group.group"
          ]
        }
      ]
    },
    {
      "module": "module.security",
      "mode": "managed",
      "type": "akamai_appsec_rule",
      "name": "testing_aseweb_attackplatform_3000943",
      "provider": "provider[\"registry.terraform.io/akamai/akamai\"]",
      "instances": [
        {
          "schema_version": 0,
          "attributes": {
            "condition_exception": null,
            "config_id": 116049,
            "id": "116049:STPF_301779:3000943",
            "rule_action": "alert",
            "rule_id": 3000943,
            "security_policy_id": "STPF_301779"
          },
          "sensitive_attributes": [],
          "private": "bnVsbA==",
          "dependencies": [
            "module.security.akamai_appsec_configuration.config",
            "module.security.akamai_appsec_security_policy.testing",
            "module.security.data.akamai_group.group"
          ]
        }
      ]
    },
    {
      "module": "module.security",
      "mode": "managed",
      "type": "akamai_appsec_rule",
      "name": "testing_aseweb_attackplatform_3000944",
      "provider": "provider[\"registry.terraform.io/akamai/akamai\"]",
      "instances": [
        {
          "schema_version": 0,
          "attributes": {
            "condition_exception": null,
            "config_id": 116049,
            "id": "116049:STPF_301779:3000944",
            "rule_action": "alert",
            "rule_id": 3000944,
            "security_policy_id": "STPF_301779"
          },
          "sensitive_attributes": [],
          "private": "bnVsbA==",
          "dependencies": [
            "module.security.akamai_appsec_configuration.config",
            "module.security.akamai_appsec_security_policy.testing",
            "module.security.data.akamai_group.group"
          ]
        }
      ]
    },
    {
      "module": "module.security",
      "mode": "managed",
      "type": "akamai_appsec_rule",
      "name": "testing_aseweb_attackplatform_3000945",
      "provider": "provider[\"registry.terraform.io/akamai/akamai\"]",
      "instances": [
        {
          "schema_version": 0,
          "attributes": {
            "condition_exception": null,
            "config_id": 116049,
            "id": "116049:STPF_301779:3000945",
            "rule_action": "alert",
            "rule_id": 3000945,
            "security_policy_id": "STPF_301779"
          },
          "sensitive_attributes": [],
          "private": "bnVsbA==",
          "dependencies": [
            "module.security.akamai_appsec_configuration.config",
            "module.security.akamai_appsec_security_policy.testing",
            "module.security.data.akamai_group.group"
          ]
        }
      ]
    },
    {
      "module": "module.security",
      "mode": "managed",
      "type": "akamai_appsec_rule",
      "name": "testing_aseweb_attackplatform_3000946",
      "provider": "provider[\"registry.terraform.io/akamai/akamai\"]",
      "instances": [
        {
          "schema_version": 0,
          "attributes": {
            "condition_exception": null,
            "config_id": 116049,
            "id": "116049:STPF_301779:3000946",
            "rule_action": "alert",
            "rule_id": 3000946,
            "security_policy_id": "STPF_301779"
          },
          "sensitive_attributes": [],
          "private": "bnVsbA==",
          "dependencies": [
            "module.security.akamai_appsec_configuration.config",
            "module.security.akamai_appsec_security_policy.testing",
            "module.security.data.akamai_group.group"
          ]
        }
      ]
    },
    {
      "module": "module.security",
      "mode": "managed",
      "type": "akamai_appsec_rule",
      "name": "testing_aseweb_attackplatform_3000950",
      "provider": "provider[\"registry.terraform.io/akamai/akamai\"]",
      "instances": [
        {
          "schema_version": 0,
          "attributes": {
            "condition_exception": null,
            "config_id": 116049,
            "id": "116049:STPF_301779:3000950",
            "rule_action": "alert",
            "rule_id": 3000950,
            "security_policy_id": "STPF_301779"
          },
          "sensitive_attributes": [],
          "private": "bnVsbA==",
          "dependencies": [
            "module.security.akamai_appsec_configuration.config",
            "module.security.akamai_appsec_security_policy.testing",
            "module.security.data.akamai_group.group"
          ]
        }
      ]
    },
    {
      "module": "module.security",
      "mode": "managed",
      "type": "akamai_appsec_rule",
      "name": "testing_aseweb_attackplatform_3000951",
      "provider": "provider[\"registry.terraform.io/akamai/akamai\"]",
      "instances": [
        {
          "schema_version": 0,
          "attributes": {
            "condition_exception": null,
            "config_id": 116049,
            "id": "116049:STPF_301779:3000951",
            "rule_action": "alert",
            "rule_id": 3000951,
            "security_policy_id": "STPF_301779"
          },
          "sensitive_attributes": [],
          "private": "bnVsbA==",
          "dependencies": [
            "module.security.akamai_appsec_configuration.config",
            "module.security.akamai_appsec_security_policy.testing",
            "module.security.data.akamai_group.group"
          ]
        }
      ]
    },
    {
      "module": "module.security",
      "mode": "managed",
      "type": "akamai_appsec_rule",
      "name": "testing_aseweb_attackplatform_3000952",
      "provider": "provider[\"registry.terraform.io/akamai/akamai\"]",
      "instances": [
        {
          "schema_version": 0,
          "attributes": {
            "condition_exception": null,
            "config_id": 116049,
            "id": "116049:STPF_301779:3000952",
            "rule_action": "alert",
            "rule_id": 3000952,
            "security_policy_id": "STPF_301779"
          },
          "sensitive_attributes": [],
          "private": "bnVsbA==",
          "dependencies": [
            "module.security.akamai_appsec_configuration.config",
            "module.security.akamai_appsec_security_policy.testing",
            "module.security.data.akamai_group.group"
          ]
        }
      ]
    },
    {
      "module": "module.security",
      "mode": "managed",
      "type": "akamai_appsec_rule",
      "name": "testing_aseweb_attackplatform_3000953",
      "provider": "provider[\"registry.terraform.io/akamai/akamai\"]",
      "instances": [
        {
          "schema_version": 0,
          "attributes": {
            "condition_exception": null,
            "config_id": 116049,
            "id": "116049:STPF_301779:3000953",
            "rule_action": "alert",
            "rule_id": 3000953,
            "security_policy_id": "STPF_301779"
          },
          "sensitive_attributes": [],
          "private": "bnVsbA==",
          "dependencies": [
            "module.security.akamai_appsec_configuration.config",
            "module.security.akamai_appsec_security_policy.testing",
            "module.security.data.akamai_group.group"
          ]
        }
      ]
    },
    {
      "module": "module.security",
      "mode": "managed",
      "type": "akamai_appsec_rule",
      "name": "testing_aseweb_attackplatform_3000954",
      "provider": "provider[\"registry.terraform.io/akamai/akamai\"]",
      "instances": [
        {
          "schema_version": 0,
          "attributes": {
            "condition_exception": null,
            "config_id": 116049,
            "id": "116049:STPF_301779:3000954",
            "rule_action": "alert",
            "rule_id": 3000954,
            "security_policy_id": "STPF_301779"
          },
          "sensitive_attributes": [],
          "private": "bnVsbA==",
          "dependencies": [
            "module.security.akamai_appsec_configuration.config",
            "module.security.akamai_appsec_security_policy.testing",
            "module.security.data.akamai_group.group"
          ]
        }
      ]
    },
    {
      "module": "module.security",
      "mode": "managed",
      "type": "akamai_appsec_rule",
      "name": "testing_aseweb_attackplatform_3000955",
      "provider": "provider[\"registry.terraform.io/akamai/akamai\"]",
      "instances": [
        {
          "schema_version": 0,
          "attributes": {
            "condition_exception": null,
            "config_id": 116049,
            "id": "116049:STPF_301779:3000955",
            "rule_action": "alert",
            "rule_id": 3000955,
            "security_policy_id": "STPF_301779"
          },
          "sensitive_attributes": [],
          "private": "bnVsbA==",
          "dependencies": [
            "module.security.akamai_appsec_configuration.config",
            "module.security.akamai_appsec_security_policy.testing",
            "module.security.data.akamai_group.group"
          ]
        }
      ]
    },
    {
      "module": "module.security",
      "mode": "managed",
      "type": "akamai_appsec_rule",
      "name": "testing_aseweb_attackplatform_3000956",
      "provider": "provider[\"registry.terraform.io/akamai/akamai\"]",
      "instances": [
        {
          "schema_version": 0,
          "attributes": {
            "condition_exception": null,
            "config_id": 116049,
            "id": "116049:STPF_301779:3000956",
            "rule_action": "alert",
            "rule_id": 3000956,
            "security_policy_id": "STPF_301779"
          },
          "sensitive_attributes": [],
          "private": "bnVsbA==",
          "dependencies": [
            "module.security.akamai_appsec_configuration.config",
            "module.security.akamai_appsec_security_policy.testing",
            "module.security.data.akamai_group.group"
          ]
        }
      ]
    },
    {
      "module": "module.security",
      "mode": "managed",
      "type": "akamai_appsec_rule",
      "name": "testing_aseweb_attackplatform_3000959",
      "provider": "provider[\"registry.terraform.io/akamai/akamai\"]",
      "instances": [
        {
          "schema_version": 0,
          "attributes": {
            "condition_exception": null,
            "config_id": 116049,
            "id": "116049:STPF_301779:3000959",
            "rule_action": "alert",
            "rule_id": 3000959,
            "security_policy_id": "STPF_301779"
          },
          "sensitive_attributes": [],
          "private": "bnVsbA==",
          "dependencies": [
            "module.security.akamai_appsec_configuration.config",
            "module.security.akamai_appsec_security_policy.testing",
            "module.security.data.akamai_group.group"
          ]
        }
      ]
    },
    {
      "module": "module.security",
      "mode": "managed",
      "type": "akamai_appsec_rule",
      "name": "testing_aseweb_attackplatform_3000960",
      "provider": "provider[\"registry.terraform.io/akamai/akamai\"]",
      "instances": [
        {
          "schema_version": 0,
          "attributes": {
            "condition_exception": null,
            "config_id": 116049,
            "id": "116049:STPF_301779:3000960",
            "rule_action": "alert",
            "rule_id": 3000960,
            "security_policy_id": "STPF_301779"
          },
          "sensitive_attributes": [],
          "private": "bnVsbA==",
          "dependencies": [
            "module.security.akamai_appsec_configuration.config",
            "module.security.akamai_appsec_security_policy.testing",
            "module.security.data.akamai_group.group"
          ]
        }
      ]
    },
    {
      "module": "module.security",
      "mode": "managed",
      "type": "akamai_appsec_rule",
      "name": "testing_aseweb_attackplatform_3000961",
      "provider": "provider[\"registry.terraform.io/akamai/akamai\"]",
      "instances": [
        {
          "schema_version": 0,
          "attributes": {
            "condition_exception": null,
            "config_id": 116049,
            "id": "116049:STPF_301779:3000961",
            "rule_action": "alert",
            "rule_id": 3000961,
            "security_policy_id": "STPF_301779"
          },
          "sensitive_attributes": [],
          "private": "bnVsbA==",
          "dependencies": [
            "module.security.akamai_appsec_configuration.config",
            "module.security.akamai_appsec_security_policy.testing",
            "module.security.data.akamai_group.group"
          ]
        }
      ]
    },
    {
      "module": "module.security",
      "mode": "managed",
      "type": "akamai_appsec_rule",
      "name": "testing_aseweb_attackplatform_3000962",
      "provider": "provider[\"registry.terraform.io/akamai/akamai\"]",
      "instances": [
        {
          "schema_version": 0,
          "attributes": {
            "condition_exception": null,
            "config_id": 116049,
            "id": "116049:STPF_301779:3000962",
            "rule_action": "alert",
            "rule_id": 3000962,
            "security_policy_id": "STPF_301779"
          },
          "sensitive_attributes": [],
          "private": "bnVsbA==",
          "dependencies": [
            "module.security.akamai_appsec_configuration.config",
            "module.security.akamai_appsec_security_policy.testing",
            "module.security.data.akamai_group.group"
          ]
        }
      ]
    },
    {
      "module": "module.security",
      "mode": "managed",
      "type": "akamai_appsec_rule",
      "name": "testing_aseweb_attackplatform_3000998",
      "provider": "provider[\"registry.terraform.io/akamai/akamai\"]",
      "instances": [
        {
          "schema_version": 0,
          "attributes": {
            "condition_exception": null,
            "config_id": 116049,
            "id": "116049:STPF_301779:3000998",
            "rule_action": "deny",
            "rule_id": 3000998,
            "security_policy_id": "STPF_301779"
          },
          "sensitive_attributes": [],
          "private": "bnVsbA==",
          "dependencies": [
            "module.security.akamai_appsec_configuration.config",
            "module.security.akamai_appsec_security_policy.testing",
            "module.security.data.akamai_group.group"
          ]
        }
      ]
    },
    {
      "module": "module.security",
      "mode": "managed",
      "type": "akamai_appsec_rule",
      "name": "testing_aseweb_attackplatform_3000999",
      "provider": "provider[\"registry.terraform.io/akamai/akamai\"]",
      "instances": [
        {
          "schema_version": 0,
          "attributes": {
            "condition_exception": null,
            "config_id": 116049,
            "id": "116049:STPF_301779:3000999",
            "rule_action": "alert",
            "rule_id": 3000999,
            "security_policy_id": "STPF_301779"
          },
          "sensitive_attributes": [],
          "private": "bnVsbA==",
          "dependencies": [
            "module.security.akamai_appsec_configuration.config",
            "module.security.akamai_appsec_security_policy.testing",
            "module.security.data.akamai_group.group"
          ]
        }
      ]
    },
    {
      "module": "module.security",
      "mode": "managed",
      "type": "akamai_appsec_rule",
      "name": "testing_aseweb_attackpolicy_3000180",
      "provider": "provider[\"registry.terraform.io/akamai/akamai\"]",
      "instances": [
        {
          "schema_version": 0,
          "attributes": {
            "condition_exception": null,
            "config_id": 116049,
            "id": "116049:STPF_301779:3000180",
            "rule_action": "alert",
            "rule_id": 3000180,
            "security_policy_id": "STPF_301779"
          },
          "sensitive_attributes": [],
          "private": "bnVsbA==",
          "dependencies": [
            "module.security.akamai_appsec_configuration.config",
            "module.security.akamai_appsec_security_policy.testing",
            "module.security.data.akamai_group.group"
          ]
        }
      ]
    },
    {
      "module": "module.security",
      "mode": "managed",
      "type": "akamai_appsec_rule",
      "name": "testing_aseweb_attackpolicy_950220",
      "provider": "provider[\"registry.terraform.io/akamai/akamai\"]",
      "instances": [
        {
          "schema_version": 0,
          "attributes": {
            "condition_exception": null,
            "config_id": 116049,
            "id": "116049:STPF_301779:950220",
            "rule_action": "alert",
            "rule_id": 950220,
            "security_policy_id": "STPF_301779"
          },
          "sensitive_attributes": [],
          "private": "bnVsbA==",
          "dependencies": [
            "module.security.akamai_appsec_configuration.config",
            "module.security.akamai_appsec_security_policy.testing",
            "module.security.data.akamai_group.group"
          ]
        }
      ]
    },
    {
      "module": "module.security",
      "mode": "managed",
      "type": "akamai_appsec_rule",
      "name": "testing_aseweb_attackpolicy_961912",
      "provider": "provider[\"registry.terraform.io/akamai/akamai\"]",
      "instances": [
        {
          "schema_version": 0,
          "attributes": {
            "condition_exception": null,
            "config_id": 116049,
            "id": "116049:STPF_301779:961912",
            "rule_action": "alert",
            "rule_id": 961912,
            "security_policy_id": "STPF_301779"
          },
          "sensitive_attributes": [],
          "private": "bnVsbA==",
          "dependencies": [
            "module.security.akamai_appsec_configuration.config",
            "module.security.akamai_appsec_security_policy.testing",
            "module.security.data.akamai_group.group"
          ]
        }
      ]
    },
    {
      "module": "module.security",
      "mode": "managed",
      "type": "akamai_appsec_rule",
      "name": "testing_aseweb_attackprotocol_3000173",
      "provider": "provider[\"registry.terraform.io/akamai/akamai\"]",
      "instances": [
        {
          "schema_version": 0,
          "attributes": {
            "condition_exception": null,
            "config_id": 116049,
            "id": "116049:STPF_301779:3000173",
            "rule_action": "alert",
            "rule_id": 3000173,
            "security_policy_id": "STPF_301779"
          },
          "sensitive_attributes": [],
          "private": "bnVsbA==",
          "dependencies": [
            "module.security.akamai_appsec_configuration.config",
            "module.security.akamai_appsec_security_policy.testing",
            "module.security.data.akamai_group.group"
          ]
        }
      ]
    },
    {
      "module": "module.security",
      "mode": "managed",
      "type": "akamai_appsec_rule",
      "name": "testing_aseweb_attackprotocol_3000174",
      "provider": "provider[\"registry.terraform.io/akamai/akamai\"]",
      "instances": [
        {
          "schema_version": 0,
          "attributes": {
            "condition_exception": null,
            "config_id": 116049,
            "id": "116049:STPF_301779:3000174",
            "rule_action": "alert",
            "rule_id": 3000174,
            "security_policy_id": "STPF_301779"
          },
          "sensitive_attributes": [],
          "private": "bnVsbA==",
          "dependencies": [
            "module.security.akamai_appsec_configuration.config",
            "module.security.akamai_appsec_security_policy.testing",
            "module.security.data.akamai_group.group"
          ]
        }
      ]
    },
    {
      "module": "module.security",
      "mode": "managed",
      "type": "akamai_appsec_rule",
      "name": "testing_aseweb_attackprotocol_3000175",
      "provider": "provider[\"registry.terraform.io/akamai/akamai\"]",
      "instances": [
        {
          "schema_version": 0,
          "attributes": {
            "condition_exception": null,
            "config_id": 116049,
            "id": "116049:STPF_301779:3000175",
            "rule_action": "alert",
            "rule_id": 3000175,
            "security_policy_id": "STPF_301779"
          },
          "sensitive_attributes": [],
          "private": "bnVsbA==",
          "dependencies": [
            "module.security.akamai_appsec_configuration.config",
            "module.security.akamai_appsec_security_policy.testing",
            "module.security.data.akamai_group.group"
          ]
        }
      ]
    },
    {
      "module": "module.security",
      "mode": "managed",
      "type": "akamai_appsec_rule",
      "name": "testing_aseweb_attackprotocol_3000176",
      "provider": "provider[\"registry.terraform.io/akamai/akamai\"]",
      "instances": [
        {
          "schema_version": 0,
          "attributes": {
            "condition_exception": null,
            "config_id": 116049,
            "id": "116049:STPF_301779:3000176",
            "rule_action": "alert",
            "rule_id": 3000176,
            "security_policy_id": "STPF_301779"
          },
          "sensitive_attributes": [],
          "private": "bnVsbA==",
          "dependencies": [
            "module.security.akamai_appsec_configuration.config",
            "module.security.akamai_appsec_security_policy.testing",
            "module.security.data.akamai_group.group"
          ]
        }
      ]
    },
    {
      "module": "module.security",
      "mode": "managed",
      "type": "akamai_appsec_rule",
      "name": "testing_aseweb_attackprotocol_3000177",
      "provider": "provider[\"registry.terraform.io/akamai/akamai\"]",
      "instances": [
        {
          "schema_version": 0,
          "attributes": {
            "condition_exception": null,
            "config_id": 116049,
            "id": "116049:STPF_301779:3000177",
            "rule_action": "alert",
            "rule_id": 3000177,
            "security_policy_id": "STPF_301779"
          },
          "sensitive_attributes": [],
          "private": "bnVsbA==",
          "dependencies": [
            "module.security.akamai_appsec_configuration.config",
            "module.security.akamai_appsec_security_policy.testing",
            "module.security.data.akamai_group.group"
          ]
        }
      ]
    },
    {
      "module": "module.security",
      "mode": "managed",
      "type": "akamai_appsec_rule",
      "name": "testing_aseweb_attackprotocol_3000192",
      "provider": "provider[\"registry.terraform.io/akamai/akamai\"]",
      "instances": [
        {
          "schema_version": 0,
          "attributes": {
            "condition_exception": null,
            "config_id": 116049,
            "id": "116049:STPF_301779:3000192",
            "rule_action": "alert",
            "rule_id": 3000192,
            "security_policy_id": "STPF_301779"
          },
          "sensitive_attributes": [],
          "private": "bnVsbA==",
          "dependencies": [
            "module.security.akamai_appsec_configuration.config",
            "module.security.akamai_appsec_security_policy.testing",
            "module.security.data.akamai_group.group"
          ]
        }
      ]
    },
    {
      "module": "module.security",
      "mode": "managed",
      "type": "akamai_appsec_rule",
      "name": "testing_aseweb_attackprotocol_3000700",
      "provider": "provider[\"registry.terraform.io/akamai/akamai\"]",
      "instances": [
        {
          "schema_version": 0,
          "attributes": {
            "condition_exception": null,
            "config_id": 116049,
            "id": "116049:STPF_301779:3000700",
            "rule_action": "alert",
            "rule_id": 3000700,
            "security_policy_id": "STPF_301779"
          },
          "sensitive_attributes": [],
          "private": "bnVsbA==",
          "dependencies": [
            "module.security.akamai_appsec_configuration.config",
            "module.security.akamai_appsec_security_policy.testing",
            "module.security.data.akamai_group.group"
          ]
        }
      ]
    },
    {
      "module": "module.security",
      "mode": "managed",
      "type": "akamai_appsec_rule",
      "name": "testing_aseweb_attackprotocol_950216",
      "provider": "provider[\"registry.terraform.io/akamai/akamai\"]",
      "instances": [
        {
          "schema_version": 0,
          "attributes": {
            "condition_exception": null,
            "config_id": 116049,
            "id": "116049:STPF_301779:950216",
            "rule_action": "alert",
            "rule_id": 950216,
            "security_policy_id": "STPF_301779"
          },
          "sensitive_attributes": [],
          "private": "bnVsbA==",
          "dependencies": [
            "module.security.akamai_appsec_configuration.config",
            "module.security.akamai_appsec_security_policy.testing",
            "module.security.data.akamai_group.group"
          ]
        }
      ]
    },
    {
      "module": "module.security",
      "mode": "managed",
      "type": "akamai_appsec_rule",
      "name": "testing_aseweb_attackprotocol_951910",
      "provider": "provider[\"registry.terraform.io/akamai/akamai\"]",
      "instances": [
        {
          "schema_version": 0,
          "attributes": {
            "condition_exception": null,
            "config_id": 116049,
            "id": "116049:STPF_301779:951910",
            "rule_action": "alert",
            "rule_id": 951910,
            "security_policy_id": "STPF_301779"
          },
          "sensitive_attributes": [],
          "private": "bnVsbA==",
          "dependencies": [
            "module.security.akamai_appsec_configuration.config",
            "module.security.akamai_appsec_security_policy.testing",
            "module.security.data.akamai_group.group"
          ]
        }
      ]
    },
    {
      "module": "module.security",
      "mode": "managed",
      "type": "akamai_appsec_rule",
      "name": "testing_aseweb_attackprotocol_961011",
      "provider": "provider[\"registry.terraform.io/akamai/akamai\"]",
      "instances": [
        {
          "schema_version": 0,
          "attributes": {
            "condition_exception": null,
            "config_id": 116049,
            "id": "116049:STPF_301779:961011",
            "rule_action": "alert",
            "rule_id": 961011,
            "security_policy_id": "STPF_301779"
          },
          "sensitive_attributes": [],
          "private": "bnVsbA==",
          "dependencies": [
            "module.security.akamai_appsec_configuration.config",
            "module.security.akamai_appsec_security_policy.testing",
            "module.security.data.akamai_group.group"
          ]
        }
      ]
    },
    {
      "module": "module.security",
      "mode": "managed",
      "type": "akamai_appsec_rule",
      "name": "testing_aseweb_attackprotocol_961012",
      "provider": "provider[\"registry.terraform.io/akamai/akamai\"]",
      "instances": [
        {
          "schema_version": 0,
          "attributes": {
            "condition_exception": null,
            "config_id": 116049,
            "id": "116049:STPF_301779:961012",
            "rule_action": "alert",
            "rule_id": 961012,
            "security_policy_id": "STPF_301779"
          },
          "sensitive_attributes": [],
          "private": "bnVsbA==",
          "dependencies": [
            "module.security.akamai_appsec_configuration.config",
            "module.security.akamai_appsec_security_policy.testing",
            "module.security.data.akamai_group.group"
          ]
        }
      ]
    },
    {
      "module": "module.security",
      "mode": "managed",
      "type": "akamai_appsec_rule",
      "name": "testing_aseweb_attackprotocol_961034",
      "provider": "provider[\"registry.terraform.io/akamai/akamai\"]",
      "instances": [
        {
          "schema_version": 0,
          "attributes": {
            "condition_exception": null,
            "config_id": 116049,
            "id": "116049:STPF_301779:961034",
            "rule_action": "alert",
            "rule_id": 961034,
            "security_policy_id": "STPF_301779"
          },
          "sensitive_attributes": [],
          "private": "bnVsbA==",
          "dependencies": [
            "module.security.akamai_appsec_configuration.config",
            "module.security.akamai_appsec_security_policy.testing",
            "module.security.data.akamai_group.group"
          ]
        }
      ]
    },
    {
      "module": "module.security",
      "mode": "managed",
      "type": "akamai_appsec_rule",
      "name": "testing_aseweb_attackprotocol_961904",
      "provider": "provider[\"registry.terraform.io/akamai/akamai\"]",
      "instances": [
        {
          "schema_version": 0,
          "attributes": {
            "condition_exception": null,
            "config_id": 116049,
            "id": "116049:STPF_301779:961904",
            "rule_action": "alert",
            "rule_id": 961904,
            "security_policy_id": "STPF_301779"
          },
          "sensitive_attributes": [],
          "private": "bnVsbA==",
          "dependencies": [
            "module.security.akamai_appsec_configuration.config",
            "module.security.akamai_appsec_security_policy.testing",
            "module.security.data.akamai_group.group"
          ]
        }
      ]
    },
    {
      "module": "module.security",
      "mode": "managed",
      "type": "akamai_appsec_rule",
      "name": "testing_aseweb_attackprotocol_968230",
      "provider": "provider[\"registry.terraform.io/akamai/akamai\"]",
      "instances": [
        {
          "schema_version": 0,
          "attributes": {
            "condition_exception": null,
            "config_id": 116049,
            "id": "116049:STPF_301779:968230",
            "rule_action": "alert",
            "rule_id": 968230,
            "security_policy_id": "STPF_301779"
          },
          "sensitive_attributes": [],
          "private": "bnVsbA==",
          "dependencies": [
            "module.security.akamai_appsec_configuration.config",
            "module.security.akamai_appsec_security_policy.testing",
            "module.security.data.akamai_group.group"
          ]
        }
      ]
    },
    {
      "module": "module.security",
      "mode": "managed",
      "type": "akamai_appsec_rule",
      "name": "testing_aseweb_attackrfi_3000004",
      "provider": "provider[\"registry.terraform.io/akamai/akamai\"]",
      "instances": [
        {
          "schema_version": 0,
          "attributes": {
            "condition_exception": null,
            "config_id": 116049,
            "id": "116049:STPF_301779:3000004",
            "rule_action": "alert",
            "rule_id": 3000004,
            "security_policy_id": "STPF_301779"
          },
          "sensitive_attributes": [],
          "private": "bnVsbA==",
          "dependencies": [
            "module.security.akamai_appsec_configuration.config",
            "module.security.akamai_appsec_security_policy.testing",
            "module.security.data.akamai_group.group"
          ]
        }
      ]
    },
    {
      "module": "module.security",
      "mode": "managed",
      "type": "akamai_appsec_rule",
      "name": "testing_aseweb_attackrfi_3000130",
      "provider": "provider[\"registry.terraform.io/akamai/akamai\"]",
      "instances": [
        {
          "schema_version": 0,
          "attributes": {
            "condition_exception": null,
            "config_id": 116049,
            "id": "116049:STPF_301779:3000130",
            "rule_action": "alert",
            "rule_id": 3000130,
            "security_policy_id": "STPF_301779"
          },
          "sensitive_attributes": [],
          "private": "bnVsbA==",
          "dependencies": [
            "module.security.akamai_appsec_configuration.config",
            "module.security.akamai_appsec_security_policy.testing",
            "module.security.data.akamai_group.group"
          ]
        }
      ]
    },
    {
      "module": "module.security",
      "mode": "managed",
      "type": "akamai_appsec_rule",
      "name": "testing_aseweb_attackrfi_3000131",
      "provider": "provider[\"registry.terraform.io/akamai/akamai\"]",
      "instances": [
        {
          "schema_version": 0,
          "attributes": {
            "condition_exception": null,
            "config_id": 116049,
            "id": "116049:STPF_301779:3000131",
            "rule_action": "alert",
            "rule_id": 3000131,
            "security_policy_id": "STPF_301779"
          },
          "sensitive_attributes": [],
          "private": "bnVsbA==",
          "dependencies": [
            "module.security.akamai_appsec_configuration.config",
            "module.security.akamai_appsec_security_policy.testing",
            "module.security.data.akamai_group.group"
          ]
        }
      ]
    },
    {
      "module": "module.security",
      "mode": "managed",
      "type": "akamai_appsec_rule",
      "name": "testing_aseweb_attackrfi_950118",
      "provider": "provider[\"registry.terraform.io/akamai/akamai\"]",
      "instances": [
        {
          "schema_version": 0,
          "attributes": {
            "condition_exception": null,
            "config_id": 116049,
            "id": "116049:STPF_301779:950118",
            "rule_action": "alert",
            "rule_id": 950118,
            "security_policy_id": "STPF_301779"
          },
          "sensitive_attributes": [],
          "private": "bnVsbA==",
          "dependencies": [
            "module.security.akamai_appsec_configuration.config",
            "module.security.akamai_appsec_security_policy.testing",
            "module.security.data.akamai_group.group"
          ]
        }
      ]
    },
    {
      "module": "module.security",
      "mode": "managed",
      "type": "akamai_appsec_rule",
      "name": "testing_aseweb_attacksql_injection_3000000",
      "provider": "provider[\"registry.terraform.io/akamai/akamai\"]",
      "instances": [
        {
          "schema_version": 0,
          "attributes": {
            "condition_exception": null,
            "config_id": 116049,
            "id": "116049:STPF_301779:3000000",
            "rule_action": "alert",
            "rule_id": 3000000,
            "security_policy_id": "STPF_301779"
          },
          "sensitive_attributes": [],
          "private": "bnVsbA==",
          "dependencies": [
            "module.security.akamai_appsec_configuration.config",
            "module.security.akamai_appsec_security_policy.testing",
            "module.security.data.akamai_group.group"
          ]
        }
      ]
    },
    {
      "module": "module.security",
      "mode": "managed",
      "type": "akamai_appsec_rule",
      "name": "testing_aseweb_attacksql_injection_3000006",
      "provider": "provider[\"registry.terraform.io/akamai/akamai\"]",
      "instances": [
        {
          "schema_version": 0,
          "attributes": {
            "condition_exception": null,
            "config_id": 116049,
            "id": "116049:STPF_301779:3000006",
            "rule_action": "alert",
            "rule_id": 3000006,
            "security_policy_id": "STPF_301779"
          },
          "sensitive_attributes": [],
          "private": "bnVsbA==",
          "dependencies": [
            "module.security.akamai_appsec_configuration.config",
            "module.security.akamai_appsec_security_policy.testing",
            "module.security.data.akamai_group.group"
          ]
        }
      ]
    },
    {
      "module": "module.security",
      "mode": "managed",
      "type": "akamai_appsec_rule",
      "name": "testing_aseweb_attacksql_injection_3000015",
      "provider": "provider[\"registry.terraform.io/akamai/akamai\"]",
      "instances": [
        {
          "schema_version": 0,
          "attributes": {
            "condition_exception": null,
            "config_id": 116049,
            "id": "116049:STPF_301779:3000015",
            "rule_action": "alert",
            "rule_id": 3000015,
            "security_policy_id": "STPF_301779"
          },
          "sensitive_attributes": [],
          "private": "bnVsbA==",
          "dependencies": [
            "module.security.akamai_appsec_configuration.config",
            "module.security.akamai_appsec_security_policy.testing",
            "module.security.data.akamai_group.group"
          ]
        }
      ]
    },
    {
      "module": "module.security",
      "mode": "managed",
      "type": "akamai_appsec_rule",
      "name": "testing_aseweb_attacksql_injection_3000017",
      "provider": "provider[\"registry.terraform.io/akamai/akamai\"]",
      "instances": [
        {
          "schema_version": 0,
          "attributes": {
            "condition_exception": null,
            "config_id": 116049,
            "id": "116049:STPF_301779:3000017",
            "rule_action": "alert",
            "rule_id": 3000017,
            "security_policy_id": "STPF_301779"
          },
          "sensitive_attributes": [],
          "private": "bnVsbA==",
          "dependencies": [
            "module.security.akamai_appsec_configuration.config",
            "module.security.akamai_appsec_security_policy.testing",
            "module.security.data.akamai_group.group"
          ]
        }
      ]
    },
    {
      "module": "module.security",
      "mode": "managed",
      "type": "akamai_appsec_rule",
      "name": "testing_aseweb_attacksql_injection_3000022",
      "provider": "provider[\"registry.terraform.io/akamai/akamai\"]",
      "instances": [
        {
          "schema_version": 0,
          "attributes": {
            "condition_exception": null,
            "config_id": 116049,
            "id": "116049:STPF_301779:3000022",
            "rule_action": "alert",
            "rule_id": 3000022,
            "security_policy_id": "STPF_301779"
          },
          "sensitive_attributes": [],
          "private": "bnVsbA==",
          "dependencies": [
            "module.security.akamai_appsec_configuration.config",
            "module.security.akamai_appsec_security_policy.testing",
            "module.security.data.akamai_group.group"
          ]
        }
      ]
    },
    {
      "module": "module.security",
      "mode": "managed",
      "type": "akamai_appsec_rule",
      "name": "testing_aseweb_attacksql_injection_3000100",
      "provider": "provider[\"registry.terraform.io/akamai/akamai\"]",
      "instances": [
        {
          "schema_version": 0,
          "attributes": {
            "condition_exception": null,
            "config_id": 116049,
            "id": "116049:STPF_301779:3000100",
            "rule_action": "alert",
            "rule_id": 3000100,
            "security_policy_id": "STPF_301779"
          },
          "sensitive_attributes": [],
          "private": "bnVsbA==",
          "dependencies": [
            "module.security.akamai_appsec_configuration.config",
            "module.security.akamai_appsec_security_policy.testing",
            "module.security.data.akamai_group.group"
          ]
        }
      ]
    },
    {
      "module": "module.security",
      "mode": "managed",
      "type": "akamai_appsec_rule",
      "name": "testing_aseweb_attacksql_injection_3000101",
      "provider": "provider[\"registry.terraform.io/akamai/akamai\"]",
      "instances": [
        {
          "schema_version": 0,
          "attributes": {
            "condition_exception": null,
            "config_id": 116049,
            "id": "116049:STPF_301779:3000101",
            "rule_action": "alert",
            "rule_id": 3000101,
            "security_policy_id": "STPF_301779"
          },
          "sensitive_attributes": [],
          "private": "bnVsbA==",
          "dependencies": [
            "module.security.akamai_appsec_configuration.config",
            "module.security.akamai_appsec_security_policy.testing",
            "module.security.data.akamai_group.group"
          ]
        }
      ]
    },
    {
      "module": "module.security",
      "mode": "managed",
      "type": "akamai_appsec_rule",
      "name": "testing_aseweb_attacksql_injection_3000102",
      "provider": "provider[\"registry.terraform.io/akamai/akamai\"]",
      "instances": [
        {
          "schema_version": 0,
          "attributes": {
            "condition_exception": null,
            "config_id": 116049,
            "id": "116049:STPF_301779:3000102",
            "rule_action": "alert",
            "rule_id": 3000102,
            "security_policy_id": "STPF_301779"
          },
          "sensitive_attributes": [],
          "private": "bnVsbA==",
          "dependencies": [
            "module.security.akamai_appsec_configuration.config",
            "module.security.akamai_appsec_security_policy.testing",
            "module.security.data.akamai_group.group"
          ]
        }
      ]
    },
    {
      "module": "module.security",
      "mode": "managed",
      "type": "akamai_appsec_rule",
      "name": "testing_aseweb_attacksql_injection_3000103",
      "provider": "provider[\"registry.terraform.io/akamai/akamai\"]",
      "instances": [
        {
          "schema_version": 0,
          "attributes": {
            "condition_exception": null,
            "config_id": 116049,
            "id": "116049:STPF_301779:3000103",
            "rule_action": "alert",
            "rule_id": 3000103,
            "security_policy_id": "STPF_301779"
          },
          "sensitive_attributes": [],
          "private": "bnVsbA==",
          "dependencies": [
            "module.security.akamai_appsec_configuration.config",
            "module.security.akamai_appsec_security_policy.testing",
            "module.security.data.akamai_group.group"
          ]
        }
      ]
    },
    {
      "module": "module.security",
      "mode": "managed",
      "type": "akamai_appsec_rule",
      "name": "testing_aseweb_attacksql_injection_3000104",
      "provider": "provider[\"registry.terraform.io/akamai/akamai\"]",
      "instances": [
        {
          "schema_version": 0,
          "attributes": {
            "condition_exception": null,
            "config_id": 116049,
            "id": "116049:STPF_301779:3000104",
            "rule_action": "alert",
            "rule_id": 3000104,
            "security_policy_id": "STPF_301779"
          },
          "sensitive_attributes": [],
          "private": "bnVsbA==",
          "dependencies": [
            "module.security.akamai_appsec_configuration.config",
            "module.security.akamai_appsec_security_policy.testing",
            "module.security.data.akamai_group.group"
          ]
        }
      ]
    },
    {
      "module": "module.security",
      "mode": "managed",
      "type": "akamai_appsec_rule",
      "name": "testing_aseweb_attacksql_injection_950007",
      "provider": "provider[\"registry.terraform.io/akamai/akamai\"]",
      "instances": [
        {
          "schema_version": 0,
          "attributes": {
            "condition_exception": null,
            "config_id": 116049,
            "id": "116049:STPF_301779:950007",
            "rule_action": "alert",
            "rule_id": 950007,
            "security_policy_id": "STPF_301779"
          },
          "sensitive_attributes": [],
          "private": "bnVsbA==",
          "dependencies": [
            "module.security.akamai_appsec_configuration.config",
            "module.security.akamai_appsec_security_policy.testing",
            "module.security.data.akamai_group.group"
          ]
        }
      ]
    },
    {
      "module": "module.security",
      "mode": "managed",
      "type": "akamai_appsec_rule",
      "name": "testing_aseweb_attacksql_injection_950902",
      "provider": "provider[\"registry.terraform.io/akamai/akamai\"]",
      "instances": [
        {
          "schema_version": 0,
          "attributes": {
            "condition_exception": null,
            "config_id": 116049,
            "id": "116049:STPF_301779:950902",
            "rule_action": "alert",
            "rule_id": 950902,
            "security_policy_id": "STPF_301779"
          },
          "sensitive_attributes": [],
          "private": "bnVsbA==",
          "dependencies": [
            "module.security.akamai_appsec_configuration.config",
            "module.security.akamai_appsec_security_policy.testing",
            "module.security.data.akamai_group.group"
          ]
        }
      ]
    },
    {
      "module": "module.security",
      "mode": "managed",
      "type": "akamai_appsec_rule",
      "name": "testing_aseweb_attacksql_injection_959070",
      "provider": "provider[\"registry.terraform.io/akamai/akamai\"]",
      "instances": [
        {
          "schema_version": 0,
          "attributes": {
            "condition_exception": null,
            "config_id": 116049,
            "id": "116049:STPF_301779:959070",
            "rule_action": "alert",
            "rule_id": 959070,
            "security_policy_id": "STPF_301779"
          },
          "sensitive_attributes": [],
          "private": "bnVsbA==",
          "dependencies": [
            "module.security.akamai_appsec_configuration.config",
            "module.security.akamai_appsec_security_policy.testing",
            "module.security.data.akamai_group.group"
          ]
        }
      ]
    },
    {
      "module": "module.security",
      "mode": "managed",
      "type": "akamai_appsec_rule",
      "name": "testing_aseweb_attacksql_injection_959073",
      "provider": "provider[\"registry.terraform.io/akamai/akamai\"]",
      "instances": [
        {
          "schema_version": 0,
          "attributes": {
            "condition_exception": null,
            "config_id": 116049,
            "id": "116049:STPF_301779:959073",
            "rule_action": "alert",
            "rule_id": 959073,
            "security_policy_id": "STPF_301779"
          },
          "sensitive_attributes": [],
          "private": "bnVsbA==",
          "dependencies": [
            "module.security.akamai_appsec_configuration.config",
            "module.security.akamai_appsec_security_policy.testing",
            "module.security.data.akamai_group.group"
          ]
        }
      ]
    },
    {
      "module": "module.security",
      "mode": "managed",
      "type": "akamai_appsec_rule",
      "name": "testing_aseweb_attacksql_injection_981240",
      "provider": "provider[\"registry.terraform.io/akamai/akamai\"]",
      "instances": [
        {
          "schema_version": 0,
          "attributes": {
            "condition_exception": null,
            "config_id": 116049,
            "id": "116049:STPF_301779:981240",
            "rule_action": "alert",
            "rule_id": 981240,
            "security_policy_id": "STPF_301779"
          },
          "sensitive_attributes": [],
          "private": "bnVsbA==",
          "dependencies": [
            "module.security.akamai_appsec_configuration.config",
            "module.security.akamai_appsec_security_policy.testing",
            "module.security.data.akamai_group.group"
          ]
        }
      ]
    },
    {
      "module": "module.security",
      "mode": "managed",
      "type": "akamai_appsec_rule",
      "name": "testing_aseweb_attacksql_injection_981242",
      "provider": "provider[\"registry.terraform.io/akamai/akamai\"]",
      "instances": [
        {
          "schema_version": 0,
          "attributes": {
            "condition_exception": null,
            "config_id": 116049,
            "id": "116049:STPF_301779:981242",
            "rule_action": "alert",
            "rule_id": 981242,
            "security_policy_id": "STPF_301779"
          },
          "sensitive_attributes": [],
          "private": "bnVsbA==",
          "dependencies": [
            "module.security.akamai_appsec_configuration.config",
            "module.security.akamai_appsec_security_policy.testing",
            "module.security.data.akamai_group.group"
          ]
        }
      ]
    },
    {
      "module": "module.security",
      "mode": "managed",
      "type": "akamai_appsec_rule",
      "name": "testing_aseweb_attacksql_injection_981243",
      "provider": "provider[\"registry.terraform.io/akamai/akamai\"]",
      "instances": [
        {
          "schema_version": 0,
          "attributes": {
            "condition_exception": null,
            "config_id": 116049,
            "id": "116049:STPF_301779:981243",
            "rule_action": "alert",
            "rule_id": 981243,
            "security_policy_id": "STPF_301779"
          },
          "sensitive_attributes": [],
          "private": "bnVsbA==",
          "dependencies": [
            "module.security.akamai_appsec_configuration.config",
            "module.security.akamai_appsec_security_policy.testing",
            "module.security.data.akamai_group.group"
          ]
        }
      ]
    },
    {
      "module": "module.security",
      "mode": "managed",
      "type": "akamai_appsec_rule",
      "name": "testing_aseweb_attacksql_injection_981244",
      "provider": "provider[\"registry.terraform.io/akamai/akamai\"]",
      "instances": [
        {
          "schema_version": 0,
          "attributes": {
            "condition_exception": null,
            "config_id": 116049,
            "id": "116049:STPF_301779:981244",
            "rule_action": "alert",
            "rule_id": 981244,
            "security_policy_id": "STPF_301779"
          },
          "sensitive_attributes": [],
          "private": "bnVsbA==",
          "dependencies": [
            "module.security.akamai_appsec_configuration.config",
            "module.security.akamai_appsec_security_policy.testing",
            "module.security.data.akamai_group.group"
          ]
        }
      ]
    },
    {
      "module": "module.security",
      "mode": "managed",
      "type": "akamai_appsec_rule",
      "name": "testing_aseweb_attacksql_injection_981247",
      "provider": "provider[\"registry.terraform.io/akamai/akamai\"]",
      "instances": [
        {
          "schema_version": 0,
          "attributes": {
            "condition_exception": null,
            "config_id": 116049,
            "id": "116049:STPF_301779:981247",
            "rule_action": "alert",
            "rule_id": 981247,
            "security_policy_id": "STPF_301779"
          },
          "sensitive_attributes": [],
          "private": "bnVsbA==",
          "dependencies": [
            "module.security.akamai_appsec_configuration.config",
            "module.security.akamai_appsec_security_policy.testing",
            "module.security.data.akamai_group.group"
          ]
        }
      ]
    },
    {
      "module": "module.security",
      "mode": "managed",
      "type": "akamai_appsec_rule",
      "name": "testing_aseweb_attacksql_injection_981248",
      "provider": "provider[\"registry.terraform.io/akamai/akamai\"]",
      "instances": [
        {
          "schema_version": 0,
          "attributes": {
            "condition_exception": null,
            "config_id": 116049,
            "id": "116049:STPF_301779:981248",
            "rule_action": "alert",
            "rule_id": 981248,
            "security_policy_id": "STPF_301779"
          },
          "sensitive_attributes": [],
          "private": "bnVsbA==",
          "dependencies": [
            "module.security.akamai_appsec_configuration.config",
            "module.security.akamai_appsec_security_policy.testing",
            "module.security.data.akamai_group.group"
          ]
        }
      ]
    },
    {
      "module": "module.security",
      "mode": "managed",
      "type": "akamai_appsec_rule",
      "name": "testing_aseweb_attacksql_injection_981251",
      "provider": "provider[\"registry.terraform.io/akamai/akamai\"]",
      "instances": [
        {
          "schema_version": 0,
          "attributes": {
            "condition_exception": null,
            "config_id": 116049,
            "id": "116049:STPF_301779:981251",
            "rule_action": "alert",
            "rule_id": 981251,
            "security_policy_id": "STPF_301779"
          },
          "sensitive_attributes": [],
          "private": "bnVsbA==",
          "dependencies": [
            "module.security.akamai_appsec_configuration.config",
            "module.security.akamai_appsec_security_policy.testing",
            "module.security.data.akamai_group.group"
          ]
        }
      ]
    },
    {
      "module": "module.security",
      "mode": "managed",
      "type": "akamai_appsec_rule",
      "name": "testing_aseweb_attacksql_injection_981252",
      "provider": "provider[\"registry.terraform.io/akamai/akamai\"]",
      "instances": [
        {
          "schema_version": 0,
          "attributes": {
            "condition_exception": null,
            "config_id": 116049,
            "id": "116049:STPF_301779:981252",
            "rule_action": "alert",
            "rule_id": 981252,
            "security_policy_id": "STPF_301779"
          },
          "sensitive_attributes": [],
          "private": "bnVsbA==",
          "dependencies": [
            "module.security.akamai_appsec_configuration.config",
            "module.security.akamai_appsec_security_policy.testing",
            "module.security.data.akamai_group.group"
          ]
        }
      ]
    },
    {
      "module": "module.security",
      "mode": "managed",
      "type": "akamai_appsec_rule",
      "name": "testing_aseweb_attacksql_injection_981253",
      "provider": "provider[\"registry.terraform.io/akamai/akamai\"]",
      "instances": [
        {
          "schema_version": 0,
          "attributes": {
            "condition_exception": null,
            "config_id": 116049,
            "id": "116049:STPF_301779:981253",
            "rule_action": "alert",
            "rule_id": 981253,
            "security_policy_id": "STPF_301779"
          },
          "sensitive_attributes": [],
          "private": "bnVsbA==",
          "dependencies": [
            "module.security.akamai_appsec_configuration.config",
            "module.security.akamai_appsec_security_policy.testing",
            "module.security.data.akamai_group.group"
          ]
        }
      ]
    },
    {
      "module": "module.security",
      "mode": "managed",
      "type": "akamai_appsec_rule",
      "name": "testing_aseweb_attacksql_injection_981254",
      "provider": "provider[\"registry.terraform.io/akamai/akamai\"]",
      "instances": [
        {
          "schema_version": 0,
          "attributes": {
            "condition_exception": null,
            "config_id": 116049,
            "id": "116049:STPF_301779:981254",
            "rule_action": "alert",
            "rule_id": 981254,
            "security_policy_id": "STPF_301779"
          },
          "sensitive_attributes": [],
          "private": "bnVsbA==",
          "dependencies": [
            "module.security.akamai_appsec_configuration.config",
            "module.security.akamai_appsec_security_policy.testing",
            "module.security.data.akamai_group.group"
          ]
        }
      ]
    },
    {
      "module": "module.security",
      "mode": "managed",
      "type": "akamai_appsec_rule",
      "name": "testing_aseweb_attacksql_injection_981255",
      "provider": "provider[\"registry.terraform.io/akamai/akamai\"]",
      "instances": [
        {
          "schema_version": 0,
          "attributes": {
            "condition_exception": null,
            "config_id": 116049,
            "id": "116049:STPF_301779:981255",
            "rule_action": "alert",
            "rule_id": 981255,
            "security_policy_id": "STPF_301779"
          },
          "sensitive_attributes": [],
          "private": "bnVsbA==",
          "dependencies": [
            "module.security.akamai_appsec_configuration.config",
            "module.security.akamai_appsec_security_policy.testing",
            "module.security.data.akamai_group.group"
          ]
        }
      ]
    },
    {
      "module": "module.security",
      "mode": "managed",
      "type": "akamai_appsec_rule",
      "name": "testing_aseweb_attacksql_injection_981256",
      "provider": "provider[\"registry.terraform.io/akamai/akamai\"]",
      "instances": [
        {
          "schema_version": 0,
          "attributes": {
            "condition_exception": null,
            "config_id": 116049,
            "id": "116049:STPF_301779:981256",
            "rule_action": "alert",
            "rule_id": 981256,
            "security_policy_id": "STPF_301779"
          },
          "sensitive_attributes": [],
          "private": "bnVsbA==",
          "dependencies": [
            "module.security.akamai_appsec_configuration.config",
            "module.security.akamai_appsec_security_policy.testing",
            "module.security.data.akamai_group.group"
          ]
        }
      ]
    },
    {
      "module": "module.security",
      "mode": "managed",
      "type": "akamai_appsec_rule",
      "name": "testing_aseweb_attacksql_injection_981260",
      "provider": "provider[\"registry.terraform.io/akamai/akamai\"]",
      "instances": [
        {
          "schema_version": 0,
          "attributes": {
            "condition_exception": null,
            "config_id": 116049,
            "id": "116049:STPF_301779:981260",
            "rule_action": "alert",
            "rule_id": 981260,
            "security_policy_id": "STPF_301779"
          },
          "sensitive_attributes": [],
          "private": "bnVsbA==",
          "dependencies": [
            "module.security.akamai_appsec_configuration.config",
            "module.security.akamai_appsec_security_policy.testing",
            "module.security.data.akamai_group.group"
          ]
        }
      ]
    },
    {
      "module": "module.security",
      "mode": "managed",
      "type": "akamai_appsec_rule",
      "name": "testing_aseweb_attacksql_injection_981270",
      "provider": "provider[\"registry.terraform.io/akamai/akamai\"]",
      "instances": [
        {
          "schema_version": 0,
          "attributes": {
            "condition_exception": null,
            "config_id": 116049,
            "id": "116049:STPF_301779:981270",
            "rule_action": "alert",
            "rule_id": 981270,
            "security_policy_id": "STPF_301779"
          },
          "sensitive_attributes": [],
          "private": "bnVsbA==",
          "dependencies": [
            "module.security.akamai_appsec_configuration.config",
            "module.security.akamai_appsec_security_policy.testing",
            "module.security.data.akamai_group.group"
          ]
        }
      ]
    },
    {
      "module": "module.security",
      "mode": "managed",
      "type": "akamai_appsec_rule",
      "name": "testing_aseweb_attacksql_injection_981276",
      "provider": "provider[\"registry.terraform.io/akamai/akamai\"]",
      "instances": [
        {
          "schema_version": 0,
          "attributes": {
            "condition_exception": null,
            "config_id": 116049,
            "id": "116049:STPF_301779:981276",
            "rule_action": "alert",
            "rule_id": 981276,
            "security_policy_id": "STPF_301779"
          },
          "sensitive_attributes": [],
          "private": "bnVsbA==",
          "dependencies": [
            "module.security.akamai_appsec_configuration.config",
            "module.security.akamai_appsec_security_policy.testing",
            "module.security.data.akamai_group.group"
          ]
        }
      ]
    },
    {
      "module": "module.security",
      "mode": "managed",
      "type": "akamai_appsec_rule",
      "name": "testing_aseweb_attacksql_injection_981300",
      "provider": "provider[\"registry.terraform.io/akamai/akamai\"]",
      "instances": [
        {
          "schema_version": 0,
          "attributes": {
            "condition_exception": null,
            "config_id": 116049,
            "id": "116049:STPF_301779:981300",
            "rule_action": "alert",
            "rule_id": 981300,
            "security_policy_id": "STPF_301779"
          },
          "sensitive_attributes": [],
          "private": "bnVsbA==",
          "dependencies": [
            "module.security.akamai_appsec_configuration.config",
            "module.security.akamai_appsec_security_policy.testing",
            "module.security.data.akamai_group.group"
          ]
        }
      ]
    },
    {
      "module": "module.security",
      "mode": "managed",
      "type": "akamai_appsec_rule",
      "name": "testing_aseweb_attacksql_injection_981320",
      "provider": "provider[\"registry.terraform.io/akamai/akamai\"]",
      "instances": [
        {
          "schema_version": 0,
          "attributes": {
            "condition_exception": null,
            "config_id": 116049,
            "id": "116049:STPF_301779:981320",
            "rule_action": "alert",
            "rule_id": 981320,
            "security_policy_id": "STPF_301779"
          },
          "sensitive_attributes": [],
          "private": "bnVsbA==",
          "dependencies": [
            "module.security.akamai_appsec_configuration.config",
            "module.security.akamai_appsec_security_policy.testing",
            "module.security.data.akamai_group.group"
          ]
        }
      ]
    },
    {
      "module": "module.security",
      "mode": "managed",
      "type": "akamai_appsec_rule",
      "name": "testing_aseweb_attacktool_3000108",
      "provider": "provider[\"registry.terraform.io/akamai/akamai\"]",
      "instances": [
        {
          "schema_version": 0,
          "attributes": {
            "condition_exception": null,
            "config_id": 116049,
            "id": "116049:STPF_301779:3000108",
            "rule_action": "alert",
            "rule_id": 3000108,
            "security_policy_id": "STPF_301779"
          },
          "sensitive_attributes": [],
          "private": "bnVsbA==",
          "dependencies": [
            "module.security.akamai_appsec_configuration.config",
            "module.security.akamai_appsec_security_policy.testing",
            "module.security.data.akamai_group.group"
          ]
        }
      ]
    },
    {
      "module": "module.security",
      "mode": "managed",
      "type": "akamai_appsec_rule",
      "name": "testing_aseweb_attacktool_3000115",
      "provider": "provider[\"registry.terraform.io/akamai/akamai\"]",
      "instances": [
        {
          "schema_version": 0,
          "attributes": {
            "condition_exception": null,
            "config_id": 116049,
            "id": "116049:STPF_301779:3000115",
            "rule_action": "alert",
            "rule_id": 3000115,
            "security_policy_id": "STPF_301779"
          },
          "sensitive_attributes": [],
          "private": "bnVsbA==",
          "dependencies": [
            "module.security.akamai_appsec_configuration.config",
            "module.security.akamai_appsec_security_policy.testing",
            "module.security.data.akamai_group.group"
          ]
        }
      ]
    },
    {
      "module": "module.security",
      "mode": "managed",
      "type": "akamai_appsec_rule",
      "name": "testing_aseweb_attacktool_3000117",
      "provider": "provider[\"registry.terraform.io/akamai/akamai\"]",
      "instances": [
        {
          "schema_version": 0,
          "attributes": {
            "condition_exception": null,
            "config_id": 116049,
            "id": "116049:STPF_301779:3000117",
            "rule_action": "alert",
            "rule_id": 3000117,
            "security_policy_id": "STPF_301779"
          },
          "sensitive_attributes": [],
          "private": "bnVsbA==",
          "dependencies": [
            "module.security.akamai_appsec_configuration.config",
            "module.security.akamai_appsec_security_policy.testing",
            "module.security.data.akamai_group.group"
          ]
        }
      ]
    },
    {
      "module": "module.security",
      "mode": "managed",
      "type": "akamai_appsec_rule",
      "name": "testing_aseweb_attacktool_3000118",
      "provider": "provider[\"registry.terraform.io/akamai/akamai\"]",
      "instances": [
        {
          "schema_version": 0,
          "attributes": {
            "condition_exception": null,
            "config_id": 116049,
            "id": "116049:STPF_301779:3000118",
            "rule_action": "alert",
            "rule_id": 3000118,
            "security_policy_id": "STPF_301779"
          },
          "sensitive_attributes": [],
          "private": "bnVsbA==",
          "dependencies": [
            "module.security.akamai_appsec_configuration.config",
            "module.security.akamai_appsec_security_policy.testing",
            "module.security.data.akamai_group.group"
          ]
        }
      ]
    },
    {
      "module": "module.security",
      "mode": "managed",
      "type": "akamai_appsec_rule",
      "name": "testing_aseweb_attacktool_3000129",
      "provider": "provider[\"registry.terraform.io/akamai/akamai\"]",
      "instances": [
        {
          "schema_version": 0,
          "attributes": {
            "condition_exception": null,
            "config_id": 116049,
            "id": "116049:STPF_301779:3000129",
            "rule_action": "alert",
            "rule_id": 3000129,
            "security_policy_id": "STPF_301779"
          },
          "sensitive_attributes": [],
          "private": "bnVsbA==",
          "dependencies": [
            "module.security.akamai_appsec_configuration.config",
            "module.security.akamai_appsec_security_policy.testing",
            "module.security.data.akamai_group.group"
          ]
        }
      ]
    },
    {
      "module": "module.security",
      "mode": "managed",
      "type": "akamai_appsec_rule",
      "name": "testing_aseweb_attacktool_3000137",
      "provider": "provider[\"registry.terraform.io/akamai/akamai\"]",
      "instances": [
        {
          "schema_version": 0,
          "attributes": {
            "condition_exception": null,
            "config_id": 116049,
            "id": "116049:STPF_301779:3000137",
            "rule_action": "alert",
            "rule_id": 3000137,
            "security_policy_id": "STPF_301779"
          },
          "sensitive_attributes": [],
          "private": "bnVsbA==",
          "dependencies": [
            "module.security.akamai_appsec_configuration.config",
            "module.security.akamai_appsec_security_policy.testing",
            "module.security.data.akamai_group.group"
          ]
        }
      ]
    },
    {
      "module": "module.security",
      "mode": "managed",
      "type": "akamai_appsec_rule",
      "name": "testing_aseweb_attacktool_3000138",
      "provider": "provider[\"registry.terraform.io/akamai/akamai\"]",
      "instances": [
        {
          "schema_version": 0,
          "attributes": {
            "condition_exception": null,
            "config_id": 116049,
            "id": "116049:STPF_301779:3000138",
            "rule_action": "alert",
            "rule_id": 3000138,
            "security_policy_id": "STPF_301779"
          },
          "sensitive_attributes": [],
          "private": "bnVsbA==",
          "dependencies": [
            "module.security.akamai_appsec_configuration.config",
            "module.security.akamai_appsec_security_policy.testing",
            "module.security.data.akamai_group.group"
          ]
        }
      ]
    },
    {
      "module": "module.security",
      "mode": "managed",
      "type": "akamai_appsec_rule",
      "name": "testing_aseweb_attacktool_3000140",
      "provider": "provider[\"registry.terraform.io/akamai/akamai\"]",
      "instances": [
        {
          "schema_version": 0,
          "attributes": {
            "condition_exception": null,
            "config_id": 116049,
            "id": "116049:STPF_301779:3000140",
            "rule_action": "alert",
            "rule_id": 3000140,
            "security_policy_id": "STPF_301779"
          },
          "sensitive_attributes": [],
          "private": "bnVsbA==",
          "dependencies": [
            "module.security.akamai_appsec_configuration.config",
            "module.security.akamai_appsec_security_policy.testing",
            "module.security.data.akamai_group.group"
          ]
        }
      ]
    },
    {
      "module": "module.security",
      "mode": "managed",
      "type": "akamai_appsec_rule",
      "name": "testing_aseweb_attacktool_3000157",
      "provider": "provider[\"registry.terraform.io/akamai/akamai\"]",
      "instances": [
        {
          "schema_version": 0,
          "attributes": {
            "condition_exception": null,
            "config_id": 116049,
            "id": "116049:STPF_301779:3000157",
            "rule_action": "alert",
            "rule_id": 3000157,
            "security_policy_id": "STPF_301779"
          },
          "sensitive_attributes": [],
          "private": "bnVsbA==",
          "dependencies": [
            "module.security.akamai_appsec_configuration.config",
            "module.security.akamai_appsec_security_policy.testing",
            "module.security.data.akamai_group.group"
          ]
        }
      ]
    },
    {
      "module": "module.security",
      "mode": "managed",
      "type": "akamai_appsec_rule",
      "name": "testing_aseweb_attacktool_3000162",
      "provider": "provider[\"registry.terraform.io/akamai/akamai\"]",
      "instances": [
        {
          "schema_version": 0,
          "attributes": {
            "condition_exception": null,
            "config_id": 116049,
            "id": "116049:STPF_301779:3000162",
            "rule_action": "alert",
            "rule_id": 3000162,
            "security_policy_id": "STPF_301779"
          },
          "sensitive_attributes": [],
          "private": "bnVsbA==",
          "dependencies": [
            "module.security.akamai_appsec_configuration.config",
            "module.security.akamai_appsec_security_policy.testing",
            "module.security.data.akamai_group.group"
          ]
        }
      ]
    },
    {
      "module": "module.security",
      "mode": "managed",
      "type": "akamai_appsec_rule",
      "name": "testing_aseweb_attacktool_3000164",
      "provider": "provider[\"registry.terraform.io/akamai/akamai\"]",
      "instances": [
        {
          "schema_version": 0,
          "attributes": {
            "condition_exception": null,
            "config_id": 116049,
            "id": "116049:STPF_301779:3000164",
            "rule_action": "alert",
            "rule_id": 3000164,
            "security_policy_id": "STPF_301779"
          },
          "sensitive_attributes": [],
          "private": "bnVsbA==",
          "dependencies": [
            "module.security.akamai_appsec_configuration.config",
            "module.security.akamai_appsec_security_policy.testing",
            "module.security.data.akamai_group.group"
          ]
        }
      ]
    },
    {
      "module": "module.security",
      "mode": "managed",
      "type": "akamai_appsec_rule",
      "name": "testing_aseweb_attacktool_3000600",
      "provider": "provider[\"registry.terraform.io/akamai/akamai\"]",
      "instances": [
        {
          "schema_version": 0,
          "attributes": {
            "condition_exception": null,
            "config_id": 116049,
            "id": "116049:STPF_301779:3000600",
            "rule_action": "alert",
            "rule_id": 3000600,
            "security_policy_id": "STPF_301779"
          },
          "sensitive_attributes": [],
          "private": "bnVsbA==",
          "dependencies": [
            "module.security.akamai_appsec_configuration.config",
            "module.security.akamai_appsec_security_policy.testing",
            "module.security.data.akamai_group.group"
          ]
        }
      ]
    },
    {
      "module": "module.security",
      "mode": "managed",
      "type": "akamai_appsec_rule",
      "name": "testing_aseweb_attacktool_3000601",
      "provider": "provider[\"registry.terraform.io/akamai/akamai\"]",
      "instances": [
        {
          "schema_version": 0,
          "attributes": {
            "condition_exception": null,
            "config_id": 116049,
            "id": "116049:STPF_301779:3000601",
            "rule_action": "alert",
            "rule_id": 3000601,
            "security_policy_id": "STPF_301779"
          },
          "sensitive_attributes": [],
          "private": "bnVsbA==",
          "dependencies": [
            "module.security.akamai_appsec_configuration.config",
            "module.security.akamai_appsec_security_policy.testing",
            "module.security.data.akamai_group.group"
          ]
        }
      ]
    },
    {
      "module": "module.security",
      "mode": "managed",
      "type": "akamai_appsec_rule",
      "name": "testing_aseweb_attacktool_3000602",
      "provider": "provider[\"registry.terraform.io/akamai/akamai\"]",
      "instances": [
        {
          "schema_version": 0,
          "attributes": {
            "condition_exception": null,
            "config_id": 116049,
            "id": "116049:STPF_301779:3000602",
            "rule_action": "alert",
            "rule_id": 3000602,
            "security_policy_id": "STPF_301779"
          },
          "sensitive_attributes": [],
          "private": "bnVsbA==",
          "dependencies": [
            "module.security.akamai_appsec_configuration.config",
            "module.security.akamai_appsec_security_policy.testing",
            "module.security.data.akamai_group.group"
          ]
        }
      ]
    },
    {
      "module": "module.security",
      "mode": "managed",
      "type": "akamai_appsec_rule",
      "name": "testing_aseweb_attacktool_999002",
      "provider": "provider[\"registry.terraform.io/akamai/akamai\"]",
      "instances": [
        {
          "schema_version": 0,
          "attributes": {
            "condition_exception": null,
            "config_id": 116049,
            "id": "116049:STPF_301779:999002",
            "rule_action": "alert",
            "rule_id": 999002,
            "security_policy_id": "STPF_301779"
          },
          "sensitive_attributes": [],
          "private": "bnVsbA==",
          "dependencies": [
            "module.security.akamai_appsec_configuration.config",
            "module.security.akamai_appsec_security_policy.testing",
            "module.security.data.akamai_group.group"
          ]
        }
      ]
    },
    {
      "module": "module.security",
      "mode": "managed",
      "type": "akamai_appsec_rule",
      "name": "testing_aseweb_attacktool_999901",
      "provider": "provider[\"registry.terraform.io/akamai/akamai\"]",
      "instances": [
        {
          "schema_version": 0,
          "attributes": {
            "condition_exception": null,
            "config_id": 116049,
            "id": "116049:STPF_301779:999901",
            "rule_action": "alert",
            "rule_id": 999901,
            "security_policy_id": "STPF_301779"
          },
          "sensitive_attributes": [],
          "private": "bnVsbA==",
          "dependencies": [
            "module.security.akamai_appsec_configuration.config",
            "module.security.akamai_appsec_security_policy.testing",
            "module.security.data.akamai_group.group"
          ]
        }
      ]
    },
    {
      "module": "module.security",
      "mode": "managed",
      "type": "akamai_appsec_rule",
      "name": "testing_aseweb_attacktool_999902",
      "provider": "provider[\"registry.terraform.io/akamai/akamai\"]",
      "instances": [
        {
          "schema_version": 0,
          "attributes": {
            "condition_exception": null,
            "config_id": 116049,
            "id": "116049:STPF_301779:999902",
            "rule_action": "alert",
            "rule_id": 999902,
            "security_policy_id": "STPF_301779"
          },
          "sensitive_attributes": [],
          "private": "bnVsbA==",
          "dependencies": [
            "module.security.akamai_appsec_configuration.config",
            "module.security.akamai_appsec_security_policy.testing",
            "module.security.data.akamai_group.group"
          ]
        }
      ]
    },
    {
      "module": "module.security",
      "mode": "managed",
      "type": "akamai_appsec_rule",
      "name": "testing_aseweb_attackwat_3000159",
      "provider": "provider[\"registry.terraform.io/akamai/akamai\"]",
      "instances": [
        {
          "schema_version": 0,
          "attributes": {
            "condition_exception": null,
            "config_id": 116049,
            "id": "116049:STPF_301779:3000159",
            "rule_action": "alert",
            "rule_id": 3000159,
            "security_policy_id": "STPF_301779"
          },
          "sensitive_attributes": [],
          "private": "bnVsbA==",
          "dependencies": [
            "module.security.akamai_appsec_configuration.config",
            "module.security.akamai_appsec_security_policy.testing",
            "module.security.data.akamai_group.group"
          ]
        }
      ]
    },
    {
      "module": "module.security",
      "mode": "managed",
      "type": "akamai_appsec_rule",
      "name": "testing_aseweb_attackwat_3000160",
      "provider": "provider[\"registry.terraform.io/akamai/akamai\"]",
      "instances": [
        {
          "schema_version": 0,
          "attributes": {
            "condition_exception": null,
            "config_id": 116049,
            "id": "116049:STPF_301779:3000160",
            "rule_action": "alert",
            "rule_id": 3000160,
            "security_policy_id": "STPF_301779"
          },
          "sensitive_attributes": [],
          "private": "bnVsbA==",
          "dependencies": [
            "module.security.akamai_appsec_configuration.config",
            "module.security.akamai_appsec_security_policy.testing",
            "module.security.data.akamai_group.group"
          ]
        }
      ]
    },
    {
      "module": "module.security",
      "mode": "managed",
      "type": "akamai_appsec_rule",
      "name": "testing_aseweb_attackwat_3000161",
      "provider": "provider[\"registry.terraform.io/akamai/akamai\"]",
      "instances": [
        {
          "schema_version": 0,
          "attributes": {
            "condition_exception": null,
            "config_id": 116049,
            "id": "116049:STPF_301779:3000161",
            "rule_action": "alert",
            "rule_id": 3000161,
            "security_policy_id": "STPF_301779"
          },
          "sensitive_attributes": [],
          "private": "bnVsbA==",
          "dependencies": [
            "module.security.akamai_appsec_configuration.config",
            "module.security.akamai_appsec_security_policy.testing",
            "module.security.data.akamai_group.group"
          ]
        }
      ]
    },
    {
      "module": "module.security",
      "mode": "managed",
      "type": "akamai_appsec_rule",
      "name": "testing_aseweb_attackwat_3000163",
      "provider": "provider[\"registry.terraform.io/akamai/akamai\"]",
      "instances": [
        {
          "schema_version": 0,
          "attributes": {
            "condition_exception": null,
            "config_id": 116049,
            "id": "116049:STPF_301779:3000163",
            "rule_action": "alert",
            "rule_id": 3000163,
            "security_policy_id": "STPF_301779"
          },
          "sensitive_attributes": [],
          "private": "bnVsbA==",
          "dependencies": [
            "module.security.akamai_appsec_configuration.config",
            "module.security.akamai_appsec_security_policy.testing",
            "module.security.data.akamai_group.group"
          ]
        }
      ]
    },
    {
      "module": "module.security",
      "mode": "managed",
      "type": "akamai_appsec_rule",
      "name": "testing_aseweb_attackwat_3000603",
      "provider": "provider[\"registry.terraform.io/akamai/akamai\"]",
      "instances": [
        {
          "schema_version": 0,
          "attributes": {
            "condition_exception": null,
            "config_id": 116049,
            "id": "116049:STPF_301779:3000603",
            "rule_action": "deny",
            "rule_id": 3000603,
            "security_policy_id": "STPF_301779"
          },
          "sensitive_attributes": [],
          "private": "bnVsbA==",
          "dependencies": [
            "module.security.akamai_appsec_configuration.config",
            "module.security.akamai_appsec_security_policy.testing",
            "module.security.data.akamai_group.group"
          ]
        }
      ]
    },
    {
      "module": "module.security",
      "mode": "managed",
      "type": "akamai_appsec_rule",
      "name": "testing_aseweb_attackxss_3000037",
      "provider": "provider[\"registry.terraform.io/akamai/akamai\"]",
      "instances": [
        {
          "schema_version": 0,
          "attributes": {
            "condition_exception": null,
            "config_id": 116049,
            "id": "116049:STPF_301779:3000037",
            "rule_action": "alert",
            "rule_id": 3000037,
            "security_policy_id": "STPF_301779"
          },
          "sensitive_attributes": [],
          "private": "bnVsbA==",
          "dependencies": [
            "module.security.akamai_appsec_configuration.config",
            "module.security.akamai_appsec_security_policy.testing",
            "module.security.data.akamai_group.group"
          ]
        }
      ]
    },
    {
      "module": "module.security",
      "mode": "managed",
      "type": "akamai_appsec_rule",
      "name": "testing_aseweb_attackxss_3000038",
      "provider": "provider[\"registry.terraform.io/akamai/akamai\"]",
      "instances": [
        {
          "schema_version": 0,
          "attributes": {
            "condition_exception": null,
            "config_id": 116049,
            "id": "116049:STPF_301779:3000038",
            "rule_action": "alert",
            "rule_id": 3000038,
            "security_policy_id": "STPF_301779"
          },
          "sensitive_attributes": [],
          "private": "bnVsbA==",
          "dependencies": [
            "module.security.akamai_appsec_configuration.config",
            "module.security.akamai_appsec_security_policy.testing",
            "module.security.data.akamai_group.group"
          ]
        }
      ]
    },
    {
      "module": "module.security",
      "mode": "managed",
      "type": "akamai_appsec_rule",
      "name": "testing_aseweb_attackxss_3000039",
      "provider": "provider[\"registry.terraform.io/akamai/akamai\"]",
      "instances": [
        {
          "schema_version": 0,
          "attributes": {
            "condition_exception": null,
            "config_id": 116049,
            "id": "116049:STPF_301779:3000039",
            "rule_action": "alert",
            "rule_id": 3000039,
            "security_policy_id": "STPF_301779"
          },
          "sensitive_attributes": [],
          "private": "bnVsbA==",
          "dependencies": [
            "module.security.akamai_appsec_configuration.config",
            "module.security.akamai_appsec_security_policy.testing",
            "module.security.data.akamai_group.group"
          ]
        }
      ]
    },
    {
      "module": "module.security",
      "mode": "managed",
      "type": "akamai_appsec_rule",
      "name": "testing_aseweb_attackxss_3000057",
      "provider": "provider[\"registry.terraform.io/akamai/akamai\"]",
      "instances": [
        {
          "schema_version": 0,
          "attributes": {
            "condition_exception": null,
            "config_id": 116049,
            "id": "116049:STPF_301779:3000057",
            "rule_action": "alert",
            "rule_id": 3000057,
            "security_policy_id": "STPF_301779"
          },
          "sensitive_attributes": [],
          "private": "bnVsbA==",
          "dependencies": [
            "module.security.akamai_appsec_configuration.config",
            "module.security.akamai_appsec_security_policy.testing",
            "module.security.data.akamai_group.group"
          ]
        }
      ]
    },
    {
      "module": "module.security",
      "mode": "managed",
      "type": "akamai_appsec_rule",
      "name": "testing_aseweb_attackxss_3000061",
      "provider": "provider[\"registry.terraform.io/akamai/akamai\"]",
      "instances": [
        {
          "schema_version": 0,
          "attributes": {
            "condition_exception": null,
            "config_id": 116049,
            "id": "116049:STPF_301779:3000061",
            "rule_action": "alert",
            "rule_id": 3000061,
            "security_policy_id": "STPF_301779"
          },
          "sensitive_attributes": [],
          "private": "bnVsbA==",
          "dependencies": [
            "module.security.akamai_appsec_configuration.config",
            "module.security.akamai_appsec_security_policy.testing",
            "module.security.data.akamai_group.group"
          ]
        }
      ]
    },
    {
      "module": "module.security",
      "mode": "managed",
      "type": "akamai_appsec_rule",
      "name": "testing_aseweb_attackxss_3000080",
      "provider": "provider[\"registry.terraform.io/akamai/akamai\"]",
      "instances": [
        {
          "schema_version": 0,
          "attributes": {
            "condition_exception": null,
            "config_id": 116049,
            "id": "116049:STPF_301779:3000080",
            "rule_action": "alert",
            "rule_id": 3000080,
            "security_policy_id": "STPF_301779"
          },
          "sensitive_attributes": [],
          "private": "bnVsbA==",
          "dependencies": [
            "module.security.akamai_appsec_configuration.config",
            "module.security.akamai_appsec_security_policy.testing",
            "module.security.data.akamai_group.group"
          ]
        }
      ]
    },
    {
      "module": "module.security",
      "mode": "managed",
      "type": "akamai_appsec_rule",
      "name": "testing_aseweb_attackxss_3000081",
      "provider": "provider[\"registry.terraform.io/akamai/akamai\"]",
      "instances": [
        {
          "schema_version": 0,
          "attributes": {
            "condition_exception": null,
            "config_id": 116049,
            "id": "116049:STPF_301779:3000081",
            "rule_action": "alert",
            "rule_id": 3000081,
            "security_policy_id": "STPF_301779"
          },
          "sensitive_attributes": [],
          "private": "bnVsbA==",
          "dependencies": [
            "module.security.akamai_appsec_configuration.config",
            "module.security.akamai_appsec_security_policy.testing",
            "module.security.data.akamai_group.group"
          ]
        }
      ]
    },
    {
      "module": "module.security",
      "mode": "managed",
      "type": "akamai_appsec_rule",
      "name": "testing_aseweb_attackxss_3000110",
      "provider": "provider[\"registry.terraform.io/akamai/akamai\"]",
      "instances": [
        {
          "schema_version": 0,
          "attributes": {
            "condition_exception": null,
            "config_id": 116049,
            "id": "116049:STPF_301779:3000110",
            "rule_action": "alert",
            "rule_id": 3000110,
            "security_policy_id": "STPF_301779"
          },
          "sensitive_attributes": [],
          "private": "bnVsbA==",
          "dependencies": [
            "module.security.akamai_appsec_configuration.config",
            "module.security.akamai_appsec_security_policy.testing",
            "module.security.data.akamai_group.group"
          ]
        }
      ]
    },
    {
      "module": "module.security",
      "mode": "managed",
      "type": "akamai_appsec_rule",
      "name": "testing_aseweb_attackxss_3000111",
      "provider": "provider[\"registry.terraform.io/akamai/akamai\"]",
      "instances": [
        {
          "schema_version": 0,
          "attributes": {
            "condition_exception": null,
            "config_id": 116049,
            "id": "116049:STPF_301779:3000111",
            "rule_action": "alert",
            "rule_id": 3000111,
            "security_policy_id": "STPF_301779"
          },
          "sensitive_attributes": [],
          "private": "bnVsbA==",
          "dependencies": [
            "module.security.akamai_appsec_configuration.config",
            "module.security.akamai_appsec_security_policy.testing",
            "module.security.data.akamai_group.group"
          ]
        }
      ]
    },
    {
      "module": "module.security",
      "mode": "managed",
      "type": "akamai_appsec_rule",
      "name": "testing_aseweb_attackxss_3000112",
      "provider": "provider[\"registry.terraform.io/akamai/akamai\"]",
      "instances": [
        {
          "schema_version": 0,
          "attributes": {
            "condition_exception": null,
            "config_id": 116049,
            "id": "116049:STPF_301779:3000112",
            "rule_action": "alert",
            "rule_id": 3000112,
            "security_policy_id": "STPF_301779"
          },
          "sensitive_attributes": [],
          "private": "bnVsbA==",
          "dependencies": [
            "module.security.akamai_appsec_configuration.config",
            "module.security.akamai_appsec_security_policy.testing",
            "module.security.data.akamai_group.group"
          ]
        }
      ]
    },
    {
      "module": "module.security",
      "mode": "managed",
      "type": "akamai_appsec_rule",
      "name": "testing_aseweb_attackxss_3000113",
      "provider": "provider[\"registry.terraform.io/akamai/akamai\"]",
      "instances": [
        {
          "schema_version": 0,
          "attributes": {
            "condition_exception": null,
            "config_id": 116049,
            "id": "116049:STPF_301779:3000113",
            "rule_action": "alert",
            "rule_id": 3000113,
            "security_policy_id": "STPF_301779"
          },
          "sensitive_attributes": [],
          "private": "bnVsbA==",
          "dependencies": [
            "module.security.akamai_appsec_configuration.config",
            "module.security.akamai_appsec_security_policy.testing",
            "module.security.data.akamai_group.group"
          ]
        }
      ]
    },
    {
      "module": "module.security",
      "mode": "managed",
      "type": "akamai_appsec_rule",
      "name": "testing_aseweb_attackxss_3000114",
      "provider": "provider[\"registry.terraform.io/akamai/akamai\"]",
      "instances": [
        {
          "schema_version": 0,
          "attributes": {
            "condition_exception": null,
            "config_id": 116049,
            "id": "116049:STPF_301779:3000114",
            "rule_action": "alert",
            "rule_id": 3000114,
            "security_policy_id": "STPF_301779"
          },
          "sensitive_attributes": [],
          "private": "bnVsbA==",
          "dependencies": [
            "module.security.akamai_appsec_configuration.config",
            "module.security.akamai_appsec_security_policy.testing",
            "module.security.data.akamai_group.group"
          ]
        }
      ]
    },
    {
      "module": "module.security",
      "mode": "managed",
      "type": "akamai_appsec_rule",
      "name": "testing_aseweb_attackxss_3000116",
      "provider": "provider[\"registry.terraform.io/akamai/akamai\"]",
      "instances": [
        {
          "schema_version": 0,
          "attributes": {
            "condition_exception": null,
            "config_id": 116049,
            "id": "116049:STPF_301779:3000116",
            "rule_action": "alert",
            "rule_id": 3000116,
            "security_policy_id": "STPF_301779"
          },
          "sensitive_attributes": [],
          "private": "bnVsbA==",
          "dependencies": [
            "module.security.akamai_appsec_configuration.config",
            "module.security.akamai_appsec_security_policy.testing",
            "module.security.data.akamai_group.group"
          ]
        }
      ]
    },
    {
      "module": "module.security",
      "mode": "managed",
      "type": "akamai_appsec_rule",
      "name": "testing_aseweb_attackxss_3000119",
      "provider": "provider[\"registry.terraform.io/akamai/akamai\"]",
      "instances": [
        {
          "schema_version": 0,
          "attributes": {
            "condition_exception": null,
            "config_id": 116049,
            "id": "116049:STPF_301779:3000119",
            "rule_action": "alert",
            "rule_id": 3000119,
            "security_policy_id": "STPF_301779"
          },
          "sensitive_attributes": [],
          "private": "bnVsbA==",
          "dependencies": [
            "module.security.akamai_appsec_configuration.config",
            "module.security.akamai_appsec_security_policy.testing",
            "module.security.data.akamai_group.group"
          ]
        }
      ]
    },
    {
      "module": "module.security",
      "mode": "managed",
      "type": "akamai_appsec_rule",
      "name": "testing_aseweb_attackxss_3000128",
      "provider": "provider[\"registry.terraform.io/akamai/akamai\"]",
      "instances": [
        {
          "schema_version": 0,
          "attributes": {
            "condition_exception": null,
            "config_id": 116049,
            "id": "116049:STPF_301779:3000128",
            "rule_action": "alert",
            "rule_id": 3000128,
            "security_policy_id": "STPF_301779"
          },
          "sensitive_attributes": [],
          "private": "bnVsbA==",
          "dependencies": [
            "module.security.akamai_appsec_configuration.config",
            "module.security.akamai_appsec_security_policy.testing",
            "module.security.data.akamai_group.group"
          ]
        }
      ]
    },
    {
      "module": "module.security",
      "mode": "managed",
      "type": "akamai_appsec_rule",
      "name": "testing_aseweb_attackxss_3000211",
      "provider": "provider[\"registry.terraform.io/akamai/akamai\"]",
      "instances": [
        {
          "schema_version": 0,
          "attributes": {
            "condition_exception": null,
            "config_id": 116049,
            "id": "116049:STPF_301779:3000211",
            "rule_action": "alert",
            "rule_id": 3000211,
            "security_policy_id": "STPF_301779"
          },
          "sensitive_attributes": [],
          "private": "bnVsbA==",
          "dependencies": [
            "module.security.akamai_appsec_configuration.config",
            "module.security.akamai_appsec_security_policy.testing",
            "module.security.data.akamai_group.group"
          ]
        }
      ]
    },
    {
      "module": "module.security",
      "mode": "managed",
      "type": "akamai_appsec_rule",
      "name": "testing_aseweb_attackxss_3000212",
      "provider": "provider[\"registry.terraform.io/akamai/akamai\"]",
      "instances": [
        {
          "schema_version": 0,
          "attributes": {
            "condition_exception": null,
            "config_id": 116049,
            "id": "116049:STPF_301779:3000212",
            "rule_action": "alert",
            "rule_id": 3000212,
            "security_policy_id": "STPF_301779"
          },
          "sensitive_attributes": [],
          "private": "bnVsbA==",
          "dependencies": [
            "module.security.akamai_appsec_configuration.config",
            "module.security.akamai_appsec_security_policy.testing",
            "module.security.data.akamai_group.group"
          ]
        }
      ]
    },
    {
      "module": "module.security",
      "mode": "managed",
      "type": "akamai_appsec_rule",
      "name": "testing_aseweb_attackxss_3000213",
      "provider": "provider[\"registry.terraform.io/akamai/akamai\"]",
      "instances": [
        {
          "schema_version": 0,
          "attributes": {
            "condition_exception": null,
            "config_id": 116049,
            "id": "116049:STPF_301779:3000213",
            "rule_action": "alert",
            "rule_id": 3000213,
            "security_policy_id": "STPF_301779"
          },
          "sensitive_attributes": [],
          "private": "bnVsbA==",
          "dependencies": [
            "module.security.akamai_appsec_configuration.config",
            "module.security.akamai_appsec_security_policy.testing",
            "module.security.data.akamai_group.group"
          ]
        }
      ]
    },
    {
      "module": "module.security",
      "mode": "managed",
      "type": "akamai_appsec_rule",
      "name": "testing_aseweb_attackxss_3000214",
      "provider": "provider[\"registry.terraform.io/akamai/akamai\"]",
      "instances": [
        {
          "schema_version": 0,
          "attributes": {
            "condition_exception": null,
            "config_id": 116049,
            "id": "116049:STPF_301779:3000214",
            "rule_action": "alert",
            "rule_id": 3000214,
            "security_policy_id": "STPF_301779"
          },
          "sensitive_attributes": [],
          "private": "bnVsbA==",
          "dependencies": [
            "module.security.akamai_appsec_configuration.config",
            "module.security.akamai_appsec_security_policy.testing",
            "module.security.data.akamai_group.group"
          ]
        }
      ]
    },
    {
      "module": "module.security",
      "mode": "managed",
      "type": "akamai_appsec_rule",
      "name": "testing_aseweb_attackxss_3000215",
      "provider": "provider[\"registry.terraform.io/akamai/akamai\"]",
      "instances": [
        {
          "schema_version": 0,
          "attributes": {
            "condition_exception": null,
            "config_id": 116049,
            "id": "116049:STPF_301779:3000215",
            "rule_action": "alert",
            "rule_id": 3000215,
            "security_policy_id": "STPF_301779"
          },
          "sensitive_attributes": [],
          "private": "bnVsbA==",
          "dependencies": [
            "module.security.akamai_appsec_configuration.config",
            "module.security.akamai_appsec_security_policy.testing",
            "module.security.data.akamai_group.group"
          ]
        }
      ]
    },
    {
      "module": "module.security",
      "mode": "managed",
      "type": "akamai_appsec_rule",
      "name": "testing_aseweb_attackxss_3000216",
      "provider": "provider[\"registry.terraform.io/akamai/akamai\"]",
      "instances": [
        {
          "schema_version": 0,
          "attributes": {
            "condition_exception": null,
            "config_id": 116049,
            "id": "116049:STPF_301779:3000216",
            "rule_action": "alert",
            "rule_id": 3000216,
            "security_policy_id": "STPF_301779"
          },
          "sensitive_attributes": [],
          "private": "bnVsbA==",
          "dependencies": [
            "module.security.akamai_appsec_configuration.config",
            "module.security.akamai_appsec_security_policy.testing",
            "module.security.data.akamai_group.group"
          ]
        }
      ]
    },
    {
      "module": "module.security",
      "mode": "managed",
      "type": "akamai_appsec_rule",
      "name": "testing_aseweb_attackxss_3000217",
      "provider": "provider[\"registry.terraform.io/akamai/akamai\"]",
      "instances": [
        {
          "schema_version": 0,
          "attributes": {
            "condition_exception": null,
            "config_id": 116049,
            "id": "116049:STPF_301779:3000217",
            "rule_action": "alert",
            "rule_id": 3000217,
            "security_policy_id": "STPF_301779"
          },
          "sensitive_attributes": [],
          "private": "bnVsbA==",
          "dependencies": [
            "module.security.akamai_appsec_configuration.config",
            "module.security.akamai_appsec_security_policy.testing",
            "module.security.data.akamai_group.group"
          ]
        }
      ]
    },
    {
      "module": "module.security",
      "mode": "managed",
      "type": "akamai_appsec_rule",
      "name": "testing_aseweb_attackxss_3000218",
      "provider": "provider[\"registry.terraform.io/akamai/akamai\"]",
      "instances": [
        {
          "schema_version": 0,
          "attributes": {
            "condition_exception": null,
            "config_id": 116049,
            "id": "116049:STPF_301779:3000218",
            "rule_action": "alert",
            "rule_id": 3000218,
            "security_policy_id": "STPF_301779"
          },
          "sensitive_attributes": [],
          "private": "bnVsbA==",
          "dependencies": [
            "module.security.akamai_appsec_configuration.config",
            "module.security.akamai_appsec_security_policy.testing",
            "module.security.data.akamai_group.group"
          ]
        }
      ]
    },
    {
      "module": "module.security",
      "mode": "managed",
      "type": "akamai_appsec_rule",
      "name": "testing_aseweb_attackxss_3000219",
      "provider": "provider[\"registry.terraform.io/akamai/akamai\"]",
      "instances": [
        {
          "schema_version": 0,
          "attributes": {
            "condition_exception": null,
            "config_id": 116049,
            "id": "116049:STPF_301779:3000219",
            "rule_action": "alert",
            "rule_id": 3000219,
            "security_policy_id": "STPF_301779"
          },
          "sensitive_attributes": [],
          "private": "bnVsbA==",
          "dependencies": [
            "module.security.akamai_appsec_configuration.config",
            "module.security.akamai_appsec_security_policy.testing",
            "module.security.data.akamai_group.group"
          ]
        }
      ]
    },
    {
      "module": "module.security",
      "mode": "managed",
      "type": "akamai_appsec_rule",
      "name": "testing_aseweb_attackxss_3000220",
      "provider": "provider[\"registry.terraform.io/akamai/akamai\"]",
      "instances": [
        {
          "schema_version": 0,
          "attributes": {
            "condition_exception": null,
            "config_id": 116049,
            "id": "116049:STPF_301779:3000220",
            "rule_action": "alert",
            "rule_id": 3000220,
            "security_policy_id": "STPF_301779"
          },
          "sensitive_attributes": [],
          "private": "bnVsbA==",
          "dependencies": [
            "module.security.akamai_appsec_configuration.config",
            "module.security.akamai_appsec_security_policy.testing",
            "module.security.data.akamai_group.group"
          ]
        }
      ]
    },
    {
      "module": "module.security",
      "mode": "managed",
      "type": "akamai_appsec_rule",
      "name": "testing_aseweb_attackxss_3000221",
      "provider": "provider[\"registry.terraform.io/akamai/akamai\"]",
      "instances": [
        {
          "schema_version": 0,
          "attributes": {
            "condition_exception": null,
            "config_id": 116049,
            "id": "116049:STPF_301779:3000221",
            "rule_action": "alert",
            "rule_id": 3000221,
            "security_policy_id": "STPF_301779"
          },
          "sensitive_attributes": [],
          "private": "bnVsbA==",
          "dependencies": [
            "module.security.akamai_appsec_configuration.config",
            "module.security.akamai_appsec_security_policy.testing",
            "module.security.data.akamai_group.group"
          ]
        }
      ]
    },
    {
      "module": "module.security",
      "mode": "managed",
      "type": "akamai_appsec_rule",
      "name": "testing_aseweb_attackxss_958003",
      "provider": "provider[\"registry.terraform.io/akamai/akamai\"]",
      "instances": [
        {
          "schema_version": 0,
          "attributes": {
            "condition_exception": null,
            "config_id": 116049,
            "id": "116049:STPF_301779:958003",
            "rule_action": "alert",
            "rule_id": 958003,
            "security_policy_id": "STPF_301779"
          },
          "sensitive_attributes": [],
          "private": "bnVsbA==",
          "dependencies": [
            "module.security.akamai_appsec_configuration.config",
            "module.security.akamai_appsec_security_policy.testing",
            "module.security.data.akamai_group.group"
          ]
        }
      ]
    },
    {
      "module": "module.security",
      "mode": "managed",
      "type": "akamai_appsec_rule",
      "name": "testing_aseweb_attackxss_958008",
      "provider": "provider[\"registry.terraform.io/akamai/akamai\"]",
      "instances": [
        {
          "schema_version": 0,
          "attributes": {
            "condition_exception": null,
            "config_id": 116049,
            "id": "116049:STPF_301779:958008",
            "rule_action": "alert",
            "rule_id": 958008,
            "security_policy_id": "STPF_301779"
          },
          "sensitive_attributes": [],
          "private": "bnVsbA==",
          "dependencies": [
            "module.security.akamai_appsec_configuration.config",
            "module.security.akamai_appsec_security_policy.testing",
            "module.security.data.akamai_group.group"
          ]
        }
      ]
    },
    {
      "module": "module.security",
      "mode": "managed",
      "type": "akamai_appsec_rule",
      "name": "testing_aseweb_attackxss_958023",
      "provider": "provider[\"registry.terraform.io/akamai/akamai\"]",
      "instances": [
        {
          "schema_version": 0,
          "attributes": {
            "condition_exception": null,
            "config_id": 116049,
            "id": "116049:STPF_301779:958023",
            "rule_action": "alert",
            "rule_id": 958023,
            "security_policy_id": "STPF_301779"
          },
          "sensitive_attributes": [],
          "private": "bnVsbA==",
          "dependencies": [
            "module.security.akamai_appsec_configuration.config",
            "module.security.akamai_appsec_security_policy.testing",
            "module.security.data.akamai_group.group"
          ]
        }
      ]
    },
    {
      "module": "module.security",
      "mode": "managed",
      "type": "akamai_appsec_rule",
      "name": "testing_aseweb_attackxss_958034",
      "provider": "provider[\"registry.terraform.io/akamai/akamai\"]",
      "instances": [
        {
          "schema_version": 0,
          "attributes": {
            "condition_exception": null,
            "config_id": 116049,
            "id": "116049:STPF_301779:958034",
            "rule_action": "alert",
            "rule_id": 958034,
            "security_policy_id": "STPF_301779"
          },
          "sensitive_attributes": [],
          "private": "bnVsbA==",
          "dependencies": [
            "module.security.akamai_appsec_configuration.config",
            "module.security.akamai_appsec_security_policy.testing",
            "module.security.data.akamai_group.group"
          ]
        }
      ]
    },
    {
      "module": "module.security",
      "mode": "managed",
      "type": "akamai_appsec_rule",
      "name": "testing_aseweb_attackxss_958051",
      "provider": "provider[\"registry.terraform.io/akamai/akamai\"]",
      "instances": [
        {
          "schema_version": 0,
          "attributes": {
            "condition_exception": null,
            "config_id": 116049,
            "id": "116049:STPF_301779:958051",
            "rule_action": "alert",
            "rule_id": 958051,
            "security_policy_id": "STPF_301779"
          },
          "sensitive_attributes": [],
          "private": "bnVsbA==",
          "dependencies": [
            "module.security.akamai_appsec_configuration.config",
            "module.security.akamai_appsec_security_policy.testing",
            "module.security.data.akamai_group.group"
          ]
        }
      ]
    },
    {
      "module": "module.security",
      "mode": "managed",
      "type": "akamai_appsec_rule",
      "name": "testing_aseweb_attackxss_958052",
      "provider": "provider[\"registry.terraform.io/akamai/akamai\"]",
      "instances": [
        {
          "schema_version": 0,
          "attributes": {
            "condition_exception": null,
            "config_id": 116049,
            "id": "116049:STPF_301779:958052",
            "rule_action": "alert",
            "rule_id": 958052,
            "security_policy_id": "STPF_301779"
          },
          "sensitive_attributes": [],
          "private": "bnVsbA==",
          "dependencies": [
            "module.security.akamai_appsec_configuration.config",
            "module.security.akamai_appsec_security_policy.testing",
            "module.security.data.akamai_group.group"
          ]
        }
      ]
    },
    {
      "module": "module.security",
      "mode": "managed",
      "type": "akamai_appsec_rule",
      "name": "testing_aseweb_attackxss_973305",
      "provider": "provider[\"registry.terraform.io/akamai/akamai\"]",
      "instances": [
        {
          "schema_version": 0,
          "attributes": {
            "condition_exception": null,
            "config_id": 116049,
            "id": "116049:STPF_301779:973305",
            "rule_action": "alert",
            "rule_id": 973305,
            "security_policy_id": "STPF_301779"
          },
          "sensitive_attributes": [],
          "private": "bnVsbA==",
          "dependencies": [
            "module.security.akamai_appsec_configuration.config",
            "module.security.akamai_appsec_security_policy.testing",
            "module.security.data.akamai_group.group"
          ]
        }
      ]
    },
    {
      "module": "module.security",
      "mode": "managed",
      "type": "akamai_appsec_rule",
      "name": "testing_aseweb_attackxss_973307",
      "provider": "provider[\"registry.terraform.io/akamai/akamai\"]",
      "instances": [
        {
          "schema_version": 0,
          "attributes": {
            "condition_exception": null,
            "config_id": 116049,
            "id": "116049:STPF_301779:973307",
            "rule_action": "alert",
            "rule_id": 973307,
            "security_policy_id": "STPF_301779"
          },
          "sensitive_attributes": [],
          "private": "bnVsbA==",
          "dependencies": [
            "module.security.akamai_appsec_configuration.config",
            "module.security.akamai_appsec_security_policy.testing",
            "module.security.data.akamai_group.group"
          ]
        }
      ]
    },
    {
      "module": "module.security",
      "mode": "managed",
      "type": "akamai_appsec_rule",
      "name": "testing_aseweb_attackxss_973311",
      "provider": "provider[\"registry.terraform.io/akamai/akamai\"]",
      "instances": [
        {
          "schema_version": 0,
          "attributes": {
            "condition_exception": null,
            "config_id": 116049,
            "id": "116049:STPF_301779:973311",
            "rule_action": "alert",
            "rule_id": 973311,
            "security_policy_id": "STPF_301779"
          },
          "sensitive_attributes": [],
          "private": "bnVsbA==",
          "dependencies": [
            "module.security.akamai_appsec_configuration.config",
            "module.security.akamai_appsec_security_policy.testing",
            "module.security.data.akamai_group.group"
          ]
        }
      ]
    },
    {
      "module": "module.security",
      "mode": "managed",
      "type": "akamai_appsec_rule",
      "name": "testing_aseweb_attackxss_973312",
      "provider": "provider[\"registry.terraform.io/akamai/akamai\"]",
      "instances": [
        {
          "schema_version": 0,
          "attributes": {
            "condition_exception": null,
            "config_id": 116049,
            "id": "116049:STPF_301779:973312",
            "rule_action": "alert",
            "rule_id": 973312,
            "security_policy_id": "STPF_301779"
          },
          "sensitive_attributes": [],
          "private": "bnVsbA==",
          "dependencies": [
            "module.security.akamai_appsec_configuration.config",
            "module.security.akamai_appsec_security_policy.testing",
            "module.security.data.akamai_group.group"
          ]
        }
      ]
    },
    {
      "module": "module.security",
      "mode": "managed",
      "type": "akamai_appsec_rule",
      "name": "testing_aseweb_attackxss_973335",
      "provider": "provider[\"registry.terraform.io/akamai/akamai\"]",
      "instances": [
        {
          "schema_version": 0,
          "attributes": {
            "condition_exception": null,
            "config_id": 116049,
            "id": "116049:STPF_301779:973335",
            "rule_action": "alert",
            "rule_id": 973335,
            "security_policy_id": "STPF_301779"
          },
          "sensitive_attributes": [],
          "private": "bnVsbA==",
          "dependencies": [
            "module.security.akamai_appsec_configuration.config",
            "module.security.akamai_appsec_security_policy.testing",
            "module.security.data.akamai_group.group"
          ]
        }
      ]
    },
    {
      "module": "module.security",
      "mode": "managed",
      "type": "akamai_appsec_security_policy",
      "name": "production",
      "provider": "provider[\"registry.terraform.io/akamai/akamai\"]",
      "instances": [
        {
          "schema_version": 0,
          "attributes": {
            "config_id": 116049,
            "create_from_security_policy_id": null,
            "default_settings": true,
            "id": "116049:VIKI_301778",
            "security_policy_id": "VIKI_301778",
            "security_policy_name": "Production",
            "security_policy_prefix": "VIKI"
          },
          "sensitive_attributes": [],
          "private": "bnVsbA==",
          "dependencies": [
            "module.security.akamai_appsec_configuration.config",
            "module.security.data.akamai_group.group"
          ]
        }
      ]
    },
    {
      "module": "module.security",
      "mode": "managed",
      "type": "akamai_appsec_security_policy",
      "name": "testing",
      "provider": "provider[\"registry.terraform.io/akamai/akamai\"]",
      "instances": [
        {
          "schema_version": 0,
          "attributes": {
            "config_id": 116049,
            "create_from_security_policy_id": null,
            "default_settings": true,
            "id": "116049:STPF_301779",
            "security_policy_id": "STPF_301779",
            "security_policy_name": "Testing",
            "security_policy_prefix": "STPF"
          },
          "sensitive_attributes": [],
          "private": "bnVsbA==",
          "dependencies": [
            "module.security.akamai_appsec_configuration.config",
            "module.security.data.akamai_group.group"
          ]
        }
      ]
    },
    {
      "module": "module.security",
      "mode": "managed",
      "type": "akamai_appsec_slow_post",
      "name": "production",
      "provider": "provider[\"registry.terraform.io/akamai/akamai\"]",
      "instances": [
        {
          "schema_version": 0,
          "attributes": {
            "config_id": 116049,
            "duration_threshold_timeout": 0,
            "id": "116049:VIKI_301778",
            "security_policy_id": "VIKI_301778",
            "slow_rate_action": "abort",
            "slow_rate_threshold_period": 60,
            "slow_rate_threshold_rate": 10
          },
          "sensitive_attributes": [],
          "private": "bnVsbA==",
          "dependencies": [
            "module.security.akamai_appsec_configuration.config",
            "module.security.akamai_appsec_security_policy.production",
            "module.security.data.akamai_group.group"
          ]
        }
      ]
    },
    {
      "module": "module.security",
      "mode": "managed",
      "type": "akamai_appsec_slow_post",
      "name": "testing",
      "provider": "provider[\"registry.terraform.io/akamai/akamai\"]",
      "instances": [
        {
          "schema_version": 0,
          "attributes": {
            "config_id": 116049,
            "duration_threshold_timeout": 0,
            "id": "116049:STPF_301779",
            "security_policy_id": "STPF_301779",
            "slow_rate_action": "alert",
            "slow_rate_threshold_period": 60,
            "slow_rate_threshold_rate": 10
          },
          "sensitive_attributes": [],
          "private": "bnVsbA==",
          "dependencies": [
            "module.security.akamai_appsec_configuration.config",
            "module.security.akamai_appsec_security_policy.testing",
            "module.security.data.akamai_group.group"
          ]
        }
      ]
    },
    {
      "module": "module.security",
      "mode": "managed",
      "type": "akamai_appsec_slowpost_protection",
      "name": "production",
      "provider": "provider[\"registry.terraform.io/akamai/akamai\"]",
      "instances": [
        {
          "schema_version": 0,
          "attributes": {
            "config_id": 116049,
            "enabled": true,
            "id": "116049:VIKI_301778",
            "output_text": "\n+------------------------------------------------------------------------------------------------------------------------------------------------------------+\n| Security Policy Protections                                                                                                                                |\n+----------------+--------------------------+----------------+-----------------+----------------------+--------------+--------------------+------------------+\n| APICONSTRAINTS | APPLICATIONLAYERCONTROLS | BOTMANCONTROLS | MALWARECONTROLS | NETWORKLAYERCONTROLS | RATECONTROLS | REPUTATIONCONTROLS | SLOWPOSTCONTROLS |\n+----------------+--------------------------+----------------+-----------------+----------------------+--------------+--------------------+------------------+\n| false          | true                     | false          | false           | true                 | true         | false              | true             |\n+----------------+--------------------------+----------------+-----------------+----------------------+--------------+--------------------+------------------+\n",
            "security_policy_id": "VIKI_301778"
          },
          "sensitive_attributes": [],
          "private": "bnVsbA==",
          "dependencies": [
            "module.security.akamai_appsec_configuration.config",
            "module.security.akamai_appsec_security_policy.production",
            "module.security.data.akamai_group.group"
          ]
        }
      ]
    },
    {
      "module": "module.security",
      "mode": "managed",
      "type": "akamai_appsec_slowpost_protection",
      "name": "testing",
      "provider": "provider[\"registry.terraform.io/akamai/akamai\"]",
      "instances": [
        {
          "schema_version": 0,
          "attributes": {
            "config_id": 116049,
            "enabled": true,
            "id": "116049:STPF_301779",
            "output_text": "\n+------------------------------------------------------------------------------------------------------------------------------------------------------------+\n| Security Policy Protections                                                                                                                                |\n+----------------+--------------------------+----------------+-----------------+----------------------+--------------+--------------------+------------------+\n| APICONSTRAINTS | APPLICATIONLAYERCONTROLS | BOTMANCONTROLS | MALWARECONTROLS | NETWORKLAYERCONTROLS | RATECONTROLS | REPUTATIONCONTROLS | SLOWPOSTCONTROLS |\n+----------------+--------------------------+----------------+-----------------+----------------------+--------------+--------------------+------------------+\n| false          | true                     | true           | false           | true                 | true         | false              | true             |\n+----------------+--------------------------+----------------+-----------------+----------------------+--------------+--------------------+------------------+\n",
            "security_policy_id": "STPF_301779"
          },
          "sensitive_attributes": [],
          "private": "bnVsbA==",
          "dependencies": [
            "module.security.akamai_appsec_configuration.config",
            "module.security.akamai_appsec_security_policy.testing",
            "module.security.data.akamai_group.group"
          ]
        }
      ]
    },
    {
      "module": "module.security",
      "mode": "managed",
      "type": "akamai_appsec_waf_mode",
      "name": "production",
      "provider": "provider[\"registry.terraform.io/akamai/akamai\"]",
      "instances": [
        {
          "schema_version": 0,
          "attributes": {
            "config_id": 116049,
            "current_ruleset": "ASE Automatic (Jun 02, 2025)",
            "eval_expiration_date": "",
            "eval_ruleset": "",
            "eval_status": "disabled",
            "id": "116049:VIKI_301778",
            "mode": "ASE_AUTO",
            "output_text": "\n+---------------------------------------------+\n| wafMode                                     |\n+-----------------------+----------+----------+\n| CURRENT               | MODE     | EVAL     |\n+-----------------------+----------+----------+\n| ASE Automatic (Jun 02 |          |          |\n|  2025)                | ASE_AUTO | disabled |\n+-----------------------+----------+----------+\n",
            "security_policy_id": "VIKI_301778"
          },
          "sensitive_attributes": [],
          "private": "bnVsbA==",
          "dependencies": [
            "module.security.akamai_appsec_configuration.config",
            "module.security.akamai_appsec_security_policy.production",
            "module.security.data.akamai_group.group"
          ]
        }
      ]
    },
    {
      "module": "module.security",
      "mode": "managed",
      "type": "akamai_appsec_waf_mode",
      "name": "testing",
      "provider": "provider[\"registry.terraform.io/akamai/akamai\"]",
      "instances": [
        {
          "schema_version": 0,
          "attributes": {
            "config_id": 116049,
            "current_ruleset": "ASE Automatic (Jun 02, 2025)",
            "eval_expiration_date": "",
            "eval_ruleset": "",
            "eval_status": "disabled",
            "id": "116049:STPF_301779",
            "mode": "ASE_AUTO",
            "output_text": "\n+---------------------------------------------+\n| wafMode                                     |\n+-----------------------+----------+----------+\n| CURRENT               | MODE     | EVAL     |\n+-----------------------+----------+----------+\n| ASE Automatic (Jun 02 |          |          |\n|  2025)                | ASE_AUTO | disabled |\n+-----------------------+----------+----------+\n",
            "security_policy_id": "STPF_301779"
          },
          "sensitive_attributes": [],
          "private": "bnVsbA==",
          "dependencies": [
            "module.security.akamai_appsec_configuration.config",
            "module.security.akamai_appsec_security_policy.testing",
            "module.security.data.akamai_group.group"
          ]
        }
      ]
    },
    {
      "module": "module.security",
      "mode": "managed",
      "type": "akamai_appsec_waf_protection",
      "name": "production",
      "provider": "provider[\"registry.terraform.io/akamai/akamai\"]",
      "instances": [
        {
          "schema_version": 0,
          "attributes": {
            "config_id": 116049,
            "enabled": true,
            "id": "116049:VIKI_301778",
            "output_text": "\n+------------------------------------------------------------------------------------------------------------------------------------------------------------+\n| Security Policy Protections                                                                                                                                |\n+----------------+--------------------------+----------------+-----------------+----------------------+--------------+--------------------+------------------+\n| APICONSTRAINTS | APPLICATIONLAYERCONTROLS | BOTMANCONTROLS | MALWARECONTROLS | NETWORKLAYERCONTROLS | RATECONTROLS | REPUTATIONCONTROLS | SLOWPOSTCONTROLS |\n+----------------+--------------------------+----------------+-----------------+----------------------+--------------+--------------------+------------------+\n| false          | true                     | false          | false           | true                 | true         | false              | true             |\n+----------------+--------------------------+----------------+-----------------+----------------------+--------------+--------------------+------------------+\n",
            "security_policy_id": "VIKI_301778"
          },
          "sensitive_attributes": [],
          "private": "bnVsbA==",
          "dependencies": [
            "module.security.akamai_appsec_configuration.config",
            "module.security.akamai_appsec_security_policy.production",
            "module.security.data.akamai_group.group"
          ]
        }
      ]
    },
    {
      "module": "module.security",
      "mode": "managed",
      "type": "akamai_appsec_waf_protection",
      "name": "testing",
      "provider": "provider[\"registry.terraform.io/akamai/akamai\"]",
      "instances": [
        {
          "schema_version": 0,
          "attributes": {
            "config_id": 116049,
            "enabled": true,
            "id": "116049:STPF_301779",
            "output_text": "\n+------------------------------------------------------------------------------------------------------------------------------------------------------------+\n| Security Policy Protections                                                                                                                                |\n+----------------+--------------------------+----------------+-----------------+----------------------+--------------+--------------------+------------------+\n| APICONSTRAINTS | APPLICATIONLAYERCONTROLS | BOTMANCONTROLS | MALWARECONTROLS | NETWORKLAYERCONTROLS | RATECONTROLS | REPUTATIONCONTROLS | SLOWPOSTCONTROLS |\n+----------------+--------------------------+----------------+-----------------+----------------------+--------------+--------------------+------------------+\n| false          | true                     | true           | false           | true                 | true         | false              | true             |\n+----------------+--------------------------+----------------+-----------------+----------------------+--------------+--------------------+------------------+\n",
            "security_policy_id": "STPF_301779"
          },
          "sensitive_attributes": [],
          "private": "bnVsbA==",
          "dependencies": [
            "module.security.akamai_appsec_configuration.config",
            "module.security.akamai_appsec_security_policy.testing",
            "module.security.data.akamai_group.group"
          ]
        }
      ]
    },
    {
      "module": "module.security",
      "mode": "managed",
      "type": "akamai_botman_akamai_bot_category_action",
      "name": "production_academic_or_research_bots_0c508e1d-73a4-4366-9e48-3c4a080f1c5d",
      "provider": "provider[\"registry.terraform.io/akamai/akamai\"]",
      "instances": [
        {
          "schema_version": 0,
          "attributes": {
            "akamai_bot_category_action": "{\"action\":\"deny\"}",
            "category_id": "0c508e1d-73a4-4366-9e48-3c4a080f1c5d",
            "config_id": 116049,
            "id": "116049:VIKI_301778:0c508e1d-73a4-4366-9e48-3c4a080f1c5d",
            "security_policy_id": "VIKI_301778"
          },
          "sensitive_attributes": [],
          "private": "bnVsbA==",
          "dependencies": [
            "module.security.akamai_appsec_configuration.config",
            "module.security.akamai_appsec_security_policy.production",
            "module.security.data.akamai_group.group"
          ]
        }
      ]
    },
    {
      "module": "module.security",
      "mode": "managed",
      "type": "akamai_botman_akamai_bot_category_action",
      "name": "production_artificial_intelligence_ai_bots_352fca87-71ee-4b8d-ae15-d36772556072",
      "provider": "provider[\"registry.terraform.io/akamai/akamai\"]",
      "instances": [
        {
          "schema_version": 0,
          "attributes": {
            "akamai_bot_category_action": "{\"action\":\"monitor\"}",
            "category_id": "352fca87-71ee-4b8d-ae15-d36772556072",
            "config_id": 116049,
            "id": "116049:VIKI_301778:352fca87-71ee-4b8d-ae15-d36772556072",
            "security_policy_id": "VIKI_301778"
          },
          "sensitive_attributes": [],
          "private": "bnVsbA==",
          "dependencies": [
            "module.security.akamai_appsec_configuration.config",
            "module.security.akamai_appsec_security_policy.production",
            "module.security.data.akamai_group.group"
          ]
        }
      ]
    },
    {
      "module": "module.security",
      "mode": "managed",
      "type": "akamai_botman_akamai_bot_category_action",
      "name": "production_automated_shopping_cart_and_sniper_bots_75493431-b41a-492c-8324-f12158783ce1",
      "provider": "provider[\"registry.terraform.io/akamai/akamai\"]",
      "instances": [
        {
          "schema_version": 0,
          "attributes": {
            "akamai_bot_category_action": "{\"action\":\"monitor\"}",
            "category_id": "75493431-b41a-492c-8324-f12158783ce1",
            "config_id": 116049,
            "id": "116049:VIKI_301778:75493431-b41a-492c-8324-f12158783ce1",
            "security_policy_id": "VIKI_301778"
          },
          "sensitive_attributes": [],
          "private": "bnVsbA==",
          "dependencies": [
            "module.security.akamai_appsec_configuration.config",
            "module.security.akamai_appsec_security_policy.production",
            "module.security.data.akamai_group.group"
          ]
        }
      ]
    },
    {
      "module": "module.security",
      "mode": "managed",
      "type": "akamai_botman_akamai_bot_category_action",
      "name": "production_business_intelligence_bots_8a70d29c-a491-4583-9768-7deea2f379c1",
      "provider": "provider[\"registry.terraform.io/akamai/akamai\"]",
      "instances": [
        {
          "schema_version": 0,
          "attributes": {
            "akamai_bot_category_action": "{\"action\":\"monitor\"}",
            "category_id": "8a70d29c-a491-4583-9768-7deea2f379c1",
            "config_id": 116049,
            "id": "116049:VIKI_301778:8a70d29c-a491-4583-9768-7deea2f379c1",
            "security_policy_id": "VIKI_301778"
          },
          "sensitive_attributes": [],
          "private": "bnVsbA==",
          "dependencies": [
            "module.security.akamai_appsec_configuration.config",
            "module.security.akamai_appsec_security_policy.production",
            "module.security.data.akamai_group.group"
          ]
        }
      ]
    },
    {
      "module": "module.security",
      "mode": "managed",
      "type": "akamai_botman_akamai_bot_category_action",
      "name": "production_ecommerce_search_engine_bots_47bcfb70-f3f5-458b-8f7c-1773b14bc6a4",
      "provider": "provider[\"registry.terraform.io/akamai/akamai\"]",
      "instances": [
        {
          "schema_version": 0,
          "attributes": {
            "akamai_bot_category_action": "{\"action\":\"monitor\"}",
            "category_id": "47bcfb70-f3f5-458b-8f7c-1773b14bc6a4",
            "config_id": 116049,
            "id": "116049:VIKI_301778:47bcfb70-f3f5-458b-8f7c-1773b14bc6a4",
            "security_policy_id": "VIKI_301778"
          },
          "sensitive_attributes": [],
          "private": "bnVsbA==",
          "dependencies": [
            "module.security.akamai_appsec_configuration.config",
            "module.security.akamai_appsec_security_policy.production",
            "module.security.data.akamai_group.group"
          ]
        }
      ]
    },
    {
      "module": "module.security",
      "mode": "managed",
      "type": "akamai_botman_akamai_bot_category_action",
      "name": "production_enterprise_data_aggregator_bots_50395ad2-2673-41a4-b317-9b70742fd40f",
      "provider": "provider[\"registry.terraform.io/akamai/akamai\"]",
      "instances": [
        {
          "schema_version": 0,
          "attributes": {
            "akamai_bot_category_action": "{\"action\":\"monitor\"}",
            "category_id": "50395ad2-2673-41a4-b317-9b70742fd40f",
            "config_id": 116049,
            "id": "116049:VIKI_301778:50395ad2-2673-41a4-b317-9b70742fd40f",
            "security_policy_id": "VIKI_301778"
          },
          "sensitive_attributes": [],
          "private": "bnVsbA==",
          "dependencies": [
            "module.security.akamai_appsec_configuration.config",
            "module.security.akamai_appsec_security_policy.production",
            "module.security.data.akamai_group.group"
          ]
        }
      ]
    },
    {
      "module": "module.security",
      "mode": "managed",
      "type": "akamai_botman_akamai_bot_category_action",
      "name": "production_financial_account_aggregator_bots_c6692e03-d3a8-49b0-9566-5003eeaddbc1",
      "provider": "provider[\"registry.terraform.io/akamai/akamai\"]",
      "instances": [
        {
          "schema_version": 0,
          "attributes": {
            "akamai_bot_category_action": "{\"action\":\"deny\"}",
            "category_id": "c6692e03-d3a8-49b0-9566-5003eeaddbc1",
            "config_id": 116049,
            "id": "116049:VIKI_301778:c6692e03-d3a8-49b0-9566-5003eeaddbc1",
            "security_policy_id": "VIKI_301778"
          },
          "sensitive_attributes": [],
          "private": "bnVsbA==",
          "dependencies": [
            "module.security.akamai_appsec_configuration.config",
            "module.security.akamai_appsec_security_policy.production",
            "module.security.data.akamai_group.group"
          ]
        }
      ]
    },
    {
      "module": "module.security",
      "mode": "managed",
      "type": "akamai_botman_akamai_bot_category_action",
      "name": "production_financial_services_bots_53598904-21f5-46b1-8b51-1b991beef73b",
      "provider": "provider[\"registry.terraform.io/akamai/akamai\"]",
      "instances": [
        {
          "schema_version": 0,
          "attributes": {
            "akamai_bot_category_action": "{\"action\":\"deny\"}",
            "category_id": "53598904-21f5-46b1-8b51-1b991beef73b",
            "config_id": 116049,
            "id": "116049:VIKI_301778:53598904-21f5-46b1-8b51-1b991beef73b",
            "security_policy_id": "VIKI_301778"
          },
          "sensitive_attributes": [],
          "private": "bnVsbA==",
          "dependencies": [
            "module.security.akamai_appsec_configuration.config",
            "module.security.akamai_appsec_security_policy.production",
            "module.security.data.akamai_group.group"
          ]
        }
      ]
    },
    {
      "module": "module.security",
      "mode": "managed",
      "type": "akamai_botman_akamai_bot_category_action",
      "name": "production_job_search_engine_bots_2f169206-f32c-48f7-b281-d534cf1ceeb3",
      "provider": "provider[\"registry.terraform.io/akamai/akamai\"]",
      "instances": [
        {
          "schema_version": 0,
          "attributes": {
            "akamai_bot_category_action": "{\"action\":\"deny\"}",
            "category_id": "2f169206-f32c-48f7-b281-d534cf1ceeb3",
            "config_id": 116049,
            "id": "116049:VIKI_301778:2f169206-f32c-48f7-b281-d534cf1ceeb3",
            "security_policy_id": "VIKI_301778"
          },
          "sensitive_attributes": [],
          "private": "bnVsbA==",
          "dependencies": [
            "module.security.akamai_appsec_configuration.config",
            "module.security.akamai_appsec_security_policy.production",
            "module.security.data.akamai_group.group"
          ]
        }
      ]
    },
    {
      "module": "module.security",
      "mode": "managed",
      "type": "akamai_botman_akamai_bot_category_action",
      "name": "production_media_or_entertainment_search_bots_dff258d5-b1ad-4bbb-b1d1-cf8e700e5bba",
      "provider": "provider[\"registry.terraform.io/akamai/akamai\"]",
      "instances": [
        {
          "schema_version": 0,
          "attributes": {
            "akamai_bot_category_action": "{\"action\":\"monitor\"}",
            "category_id": "dff258d5-b1ad-4bbb-b1d1-cf8e700e5bba",
            "config_id": 116049,
            "id": "116049:VIKI_301778:dff258d5-b1ad-4bbb-b1d1-cf8e700e5bba",
            "security_policy_id": "VIKI_301778"
          },
          "sensitive_attributes": [],
          "private": "bnVsbA==",
          "dependencies": [
            "module.security.akamai_appsec_configuration.config",
            "module.security.akamai_appsec_security_policy.production",
            "module.security.data.akamai_group.group"
          ]
        }
      ]
    },
    {
      "module": "module.security",
      "mode": "managed",
      "type": "akamai_botman_akamai_bot_category_action",
      "name": "production_news_aggregator_bots_ade03247-6519-4591-8458-9b7347004b63",
      "provider": "provider[\"registry.terraform.io/akamai/akamai\"]",
      "instances": [
        {
          "schema_version": 0,
          "attributes": {
            "akamai_bot_category_action": "{\"action\":\"deny\"}",
            "category_id": "ade03247-6519-4591-8458-9b7347004b63",
            "config_id": 116049,
            "id": "116049:VIKI_301778:ade03247-6519-4591-8458-9b7347004b63",
            "security_policy_id": "VIKI_301778"
          },
          "sensitive_attributes": [],
          "private": "bnVsbA==",
          "dependencies": [
            "module.security.akamai_appsec_configuration.config",
            "module.security.akamai_appsec_security_policy.production",
            "module.security.data.akamai_group.group"
          ]
        }
      ]
    },
    {
      "module": "module.security",
      "mode": "managed",
      "type": "akamai_botman_akamai_bot_category_action",
      "name": "production_online_advertising_bots_36b27e0c-76fc-44a4-b913-c598c5af8bba",
      "provider": "provider[\"registry.terraform.io/akamai/akamai\"]",
      "instances": [
        {
          "schema_version": 0,
          "attributes": {
            "akamai_bot_category_action": "{\"action\":\"monitor\"}",
            "category_id": "36b27e0c-76fc-44a4-b913-c598c5af8bba",
            "config_id": 116049,
            "id": "116049:VIKI_301778:36b27e0c-76fc-44a4-b913-c598c5af8bba",
            "security_policy_id": "VIKI_301778"
          },
          "sensitive_attributes": [],
          "private": "bnVsbA==",
          "dependencies": [
            "module.security.akamai_appsec_configuration.config",
            "module.security.akamai_appsec_security_policy.production",
            "module.security.data.akamai_group.group"
          ]
        }
      ]
    },
    {
      "module": "module.security",
      "mode": "managed",
      "type": "akamai_botman_akamai_bot_category_action",
      "name": "production_rss_feed_reader_bots_b58c9929-9fd0-45f7-86f4-1d6259285c3c",
      "provider": "provider[\"registry.terraform.io/akamai/akamai\"]",
      "instances": [
        {
          "schema_version": 0,
          "attributes": {
            "akamai_bot_category_action": "{\"action\":\"deny\"}",
            "category_id": "b58c9929-9fd0-45f7-86f4-1d6259285c3c",
            "config_id": 116049,
            "id": "116049:VIKI_301778:b58c9929-9fd0-45f7-86f4-1d6259285c3c",
            "security_policy_id": "VIKI_301778"
          },
          "sensitive_attributes": [],
          "private": "bnVsbA==",
          "dependencies": [
            "module.security.akamai_appsec_configuration.config",
            "module.security.akamai_appsec_security_policy.production",
            "module.security.data.akamai_group.group"
          ]
        }
      ]
    },
    {
      "module": "module.security",
      "mode": "managed",
      "type": "akamai_botman_akamai_bot_category_action",
      "name": "production_seo_analytics_or_marketing_bots_f7558c03-9033-46ce-bbda-10eeda62a5d4",
      "provider": "provider[\"registry.terraform.io/akamai/akamai\"]",
      "instances": [
        {
          "schema_version": 0,
          "attributes": {
            "akamai_bot_category_action": "{\"action\":\"monitor\"}",
            "category_id": "f7558c03-9033-46ce-bbda-10eeda62a5d4",
            "config_id": 116049,
            "id": "116049:VIKI_301778:f7558c03-9033-46ce-bbda-10eeda62a5d4",
            "security_policy_id": "VIKI_301778"
          },
          "sensitive_attributes": [],
          "private": "bnVsbA==",
          "dependencies": [
            "module.security.akamai_appsec_configuration.config",
            "module.security.akamai_appsec_security_policy.production",
            "module.security.data.akamai_group.group"
          ]
        }
      ]
    },
    {
      "module": "module.security",
      "mode": "managed",
      "type": "akamai_botman_akamai_bot_category_action",
      "name": "production_site_monitoring_and_web_development_bots_07782c03-8d21-4491-9078-b83514e6508f",
      "provider": "provider[\"registry.terraform.io/akamai/akamai\"]",
      "instances": [
        {
          "schema_version": 0,
          "attributes": {
            "akamai_bot_category_action": "{\"action\":\"monitor\"}",
            "category_id": "07782c03-8d21-4491-9078-b83514e6508f",
            "config_id": 116049,
            "id": "116049:VIKI_301778:07782c03-8d21-4491-9078-b83514e6508f",
            "security_policy_id": "VIKI_301778"
          },
          "sensitive_attributes": [],
          "private": "bnVsbA==",
          "dependencies": [
            "module.security.akamai_appsec_configuration.config",
            "module.security.akamai_appsec_security_policy.production",
            "module.security.data.akamai_group.group"
          ]
        }
      ]
    },
    {
      "module": "module.security",
      "mode": "managed",
      "type": "akamai_botman_akamai_bot_category_action",
      "name": "production_social_media_or_blog_bots_7035af8d-148c-429a-89da-de41e68c72d8",
      "provider": "provider[\"registry.terraform.io/akamai/akamai\"]",
      "instances": [
        {
          "schema_version": 0,
          "attributes": {
            "akamai_bot_category_action": "{\"action\":\"monitor\"}",
            "category_id": "7035af8d-148c-429a-89da-de41e68c72d8",
            "config_id": 116049,
            "id": "116049:VIKI_301778:7035af8d-148c-429a-89da-de41e68c72d8",
            "security_policy_id": "VIKI_301778"
          },
          "sensitive_attributes": [],
          "private": "bnVsbA==",
          "dependencies": [
            "module.security.akamai_appsec_configuration.config",
            "module.security.akamai_appsec_security_policy.production",
            "module.security.data.akamai_group.group"
          ]
        }
      ]
    },
    {
      "module": "module.security",
      "mode": "managed",
      "type": "akamai_botman_akamai_bot_category_action",
      "name": "production_web_archiver_bots_831ef84a-c2bb-4b0d-b90d-bcd16793b830",
      "provider": "provider[\"registry.terraform.io/akamai/akamai\"]",
      "instances": [
        {
          "schema_version": 0,
          "attributes": {
            "akamai_bot_category_action": "{\"action\":\"monitor\"}",
            "category_id": "831ef84a-c2bb-4b0d-b90d-bcd16793b830",
            "config_id": 116049,
            "id": "116049:VIKI_301778:831ef84a-c2bb-4b0d-b90d-bcd16793b830",
            "security_policy_id": "VIKI_301778"
          },
          "sensitive_attributes": [],
          "private": "bnVsbA==",
          "dependencies": [
            "module.security.akamai_appsec_configuration.config",
            "module.security.akamai_appsec_security_policy.production",
            "module.security.data.akamai_group.group"
          ]
        }
      ]
    },
    {
      "module": "module.security",
      "mode": "managed",
      "type": "akamai_botman_akamai_bot_category_action",
      "name": "production_web_search_engine_bots_4e14219f-6568-4c9d-9bd8-b29ca2afc422",
      "provider": "provider[\"registry.terraform.io/akamai/akamai\"]",
      "instances": [
        {
          "schema_version": 0,
          "attributes": {
            "akamai_bot_category_action": "{\"action\":\"monitor\"}",
            "category_id": "4e14219f-6568-4c9d-9bd8-b29ca2afc422",
            "config_id": 116049,
            "id": "116049:VIKI_301778:4e14219f-6568-4c9d-9bd8-b29ca2afc422",
            "security_policy_id": "VIKI_301778"
          },
          "sensitive_attributes": [],
          "private": "bnVsbA==",
          "dependencies": [
            "module.security.akamai_appsec_configuration.config",
            "module.security.akamai_appsec_security_policy.production",
            "module.security.data.akamai_group.group"
          ]
        }
      ]
    },
    {
      "module": "module.security",
      "mode": "managed",
      "type": "akamai_botman_akamai_bot_category_action",
      "name": "testing_academic_or_research_bots_0c508e1d-73a4-4366-9e48-3c4a080f1c5d",
      "provider": "provider[\"registry.terraform.io/akamai/akamai\"]",
      "instances": [
        {
          "schema_version": 0,
          "attributes": {
            "akamai_bot_category_action": "{\"action\":\"deny\"}",
            "category_id": "0c508e1d-73a4-4366-9e48-3c4a080f1c5d",
            "config_id": 116049,
            "id": "116049:STPF_301779:0c508e1d-73a4-4366-9e48-3c4a080f1c5d",
            "security_policy_id": "STPF_301779"
          },
          "sensitive_attributes": [],
          "private": "bnVsbA==",
          "dependencies": [
            "module.security.akamai_appsec_configuration.config",
            "module.security.akamai_appsec_security_policy.testing",
            "module.security.data.akamai_group.group"
          ]
        }
      ]
    },
    {
      "module": "module.security",
      "mode": "managed",
      "type": "akamai_botman_akamai_bot_category_action",
      "name": "testing_artificial_intelligence_ai_bots_352fca87-71ee-4b8d-ae15-d36772556072",
      "provider": "provider[\"registry.terraform.io/akamai/akamai\"]",
      "instances": [
        {
          "schema_version": 0,
          "attributes": {
            "akamai_bot_category_action": "{\"action\":\"monitor\"}",
            "category_id": "352fca87-71ee-4b8d-ae15-d36772556072",
            "config_id": 116049,
            "id": "116049:STPF_301779:352fca87-71ee-4b8d-ae15-d36772556072",
            "security_policy_id": "STPF_301779"
          },
          "sensitive_attributes": [],
          "private": "bnVsbA==",
          "dependencies": [
            "module.security.akamai_appsec_configuration.config",
            "module.security.akamai_appsec_security_policy.testing",
            "module.security.data.akamai_group.group"
          ]
        }
      ]
    },
    {
      "module": "module.security",
      "mode": "managed",
      "type": "akamai_botman_akamai_bot_category_action",
      "name": "testing_automated_shopping_cart_and_sniper_bots_75493431-b41a-492c-8324-f12158783ce1",
      "provider": "provider[\"registry.terraform.io/akamai/akamai\"]",
      "instances": [
        {
          "schema_version": 0,
          "attributes": {
            "akamai_bot_category_action": "{\"action\":\"monitor\"}",
            "category_id": "75493431-b41a-492c-8324-f12158783ce1",
            "config_id": 116049,
            "id": "116049:STPF_301779:75493431-b41a-492c-8324-f12158783ce1",
            "security_policy_id": "STPF_301779"
          },
          "sensitive_attributes": [],
          "private": "bnVsbA==",
          "dependencies": [
            "module.security.akamai_appsec_configuration.config",
            "module.security.akamai_appsec_security_policy.testing",
            "module.security.data.akamai_group.group"
          ]
        }
      ]
    },
    {
      "module": "module.security",
      "mode": "managed",
      "type": "akamai_botman_akamai_bot_category_action",
      "name": "testing_business_intelligence_bots_8a70d29c-a491-4583-9768-7deea2f379c1",
      "provider": "provider[\"registry.terraform.io/akamai/akamai\"]",
      "instances": [
        {
          "schema_version": 0,
          "attributes": {
            "akamai_bot_category_action": "{\"action\":\"monitor\"}",
            "category_id": "8a70d29c-a491-4583-9768-7deea2f379c1",
            "config_id": 116049,
            "id": "116049:STPF_301779:8a70d29c-a491-4583-9768-7deea2f379c1",
            "security_policy_id": "STPF_301779"
          },
          "sensitive_attributes": [],
          "private": "bnVsbA==",
          "dependencies": [
            "module.security.akamai_appsec_configuration.config",
            "module.security.akamai_appsec_security_policy.testing",
            "module.security.data.akamai_group.group"
          ]
        }
      ]
    },
    {
      "module": "module.security",
      "mode": "managed",
      "type": "akamai_botman_akamai_bot_category_action",
      "name": "testing_ecommerce_search_engine_bots_47bcfb70-f3f5-458b-8f7c-1773b14bc6a4",
      "provider": "provider[\"registry.terraform.io/akamai/akamai\"]",
      "instances": [
        {
          "schema_version": 0,
          "attributes": {
            "akamai_bot_category_action": "{\"action\":\"monitor\"}",
            "category_id": "47bcfb70-f3f5-458b-8f7c-1773b14bc6a4",
            "config_id": 116049,
            "id": "116049:STPF_301779:47bcfb70-f3f5-458b-8f7c-1773b14bc6a4",
            "security_policy_id": "STPF_301779"
          },
          "sensitive_attributes": [],
          "private": "bnVsbA==",
          "dependencies": [
            "module.security.akamai_appsec_configuration.config",
            "module.security.akamai_appsec_security_policy.testing",
            "module.security.data.akamai_group.group"
          ]
        }
      ]
    },
    {
      "module": "module.security",
      "mode": "managed",
      "type": "akamai_botman_akamai_bot_category_action",
      "name": "testing_enterprise_data_aggregator_bots_50395ad2-2673-41a4-b317-9b70742fd40f",
      "provider": "provider[\"registry.terraform.io/akamai/akamai\"]",
      "instances": [
        {
          "schema_version": 0,
          "attributes": {
            "akamai_bot_category_action": "{\"action\":\"monitor\"}",
            "category_id": "50395ad2-2673-41a4-b317-9b70742fd40f",
            "config_id": 116049,
            "id": "116049:STPF_301779:50395ad2-2673-41a4-b317-9b70742fd40f",
            "security_policy_id": "STPF_301779"
          },
          "sensitive_attributes": [],
          "private": "bnVsbA==",
          "dependencies": [
            "module.security.akamai_appsec_configuration.config",
            "module.security.akamai_appsec_security_policy.testing",
            "module.security.data.akamai_group.group"
          ]
        }
      ]
    },
    {
      "module": "module.security",
      "mode": "managed",
      "type": "akamai_botman_akamai_bot_category_action",
      "name": "testing_financial_account_aggregator_bots_c6692e03-d3a8-49b0-9566-5003eeaddbc1",
      "provider": "provider[\"registry.terraform.io/akamai/akamai\"]",
      "instances": [
        {
          "schema_version": 0,
          "attributes": {
            "akamai_bot_category_action": "{\"action\":\"deny\"}",
            "category_id": "c6692e03-d3a8-49b0-9566-5003eeaddbc1",
            "config_id": 116049,
            "id": "116049:STPF_301779:c6692e03-d3a8-49b0-9566-5003eeaddbc1",
            "security_policy_id": "STPF_301779"
          },
          "sensitive_attributes": [],
          "private": "bnVsbA==",
          "dependencies": [
            "module.security.akamai_appsec_configuration.config",
            "module.security.akamai_appsec_security_policy.testing",
            "module.security.data.akamai_group.group"
          ]
        }
      ]
    },
    {
      "module": "module.security",
      "mode": "managed",
      "type": "akamai_botman_akamai_bot_category_action",
      "name": "testing_financial_services_bots_53598904-21f5-46b1-8b51-1b991beef73b",
      "provider": "provider[\"registry.terraform.io/akamai/akamai\"]",
      "instances": [
        {
          "schema_version": 0,
          "attributes": {
            "akamai_bot_category_action": "{\"action\":\"deny\"}",
            "category_id": "53598904-21f5-46b1-8b51-1b991beef73b",
            "config_id": 116049,
            "id": "116049:STPF_301779:53598904-21f5-46b1-8b51-1b991beef73b",
            "security_policy_id": "STPF_301779"
          },
          "sensitive_attributes": [],
          "private": "bnVsbA==",
          "dependencies": [
            "module.security.akamai_appsec_configuration.config",
            "module.security.akamai_appsec_security_policy.testing",
            "module.security.data.akamai_group.group"
          ]
        }
      ]
    },
    {
      "module": "module.security",
      "mode": "managed",
      "type": "akamai_botman_akamai_bot_category_action",
      "name": "testing_job_search_engine_bots_2f169206-f32c-48f7-b281-d534cf1ceeb3",
      "provider": "provider[\"registry.terraform.io/akamai/akamai\"]",
      "instances": [
        {
          "schema_version": 0,
          "attributes": {
            "akamai_bot_category_action": "{\"action\":\"deny\"}",
            "category_id": "2f169206-f32c-48f7-b281-d534cf1ceeb3",
            "config_id": 116049,
            "id": "116049:STPF_301779:2f169206-f32c-48f7-b281-d534cf1ceeb3",
            "security_policy_id": "STPF_301779"
          },
          "sensitive_attributes": [],
          "private": "bnVsbA==",
          "dependencies": [
            "module.security.akamai_appsec_configuration.config",
            "module.security.akamai_appsec_security_policy.testing",
            "module.security.data.akamai_group.group"
          ]
        }
      ]
    },
    {
      "module": "module.security",
      "mode": "managed",
      "type": "akamai_botman_akamai_bot_category_action",
      "name": "testing_media_or_entertainment_search_bots_dff258d5-b1ad-4bbb-b1d1-cf8e700e5bba",
      "provider": "provider[\"registry.terraform.io/akamai/akamai\"]",
      "instances": [
        {
          "schema_version": 0,
          "attributes": {
            "akamai_bot_category_action": "{\"action\":\"monitor\"}",
            "category_id": "dff258d5-b1ad-4bbb-b1d1-cf8e700e5bba",
            "config_id": 116049,
            "id": "116049:STPF_301779:dff258d5-b1ad-4bbb-b1d1-cf8e700e5bba",
            "security_policy_id": "STPF_301779"
          },
          "sensitive_attributes": [],
          "private": "bnVsbA==",
          "dependencies": [
            "module.security.akamai_appsec_configuration.config",
            "module.security.akamai_appsec_security_policy.testing",
            "module.security.data.akamai_group.group"
          ]
        }
      ]
    },
    {
      "module": "module.security",
      "mode": "managed",
      "type": "akamai_botman_akamai_bot_category_action",
      "name": "testing_news_aggregator_bots_ade03247-6519-4591-8458-9b7347004b63",
      "provider": "provider[\"registry.terraform.io/akamai/akamai\"]",
      "instances": [
        {
          "schema_version": 0,
          "attributes": {
            "akamai_bot_category_action": "{\"action\":\"deny\"}",
            "category_id": "ade03247-6519-4591-8458-9b7347004b63",
            "config_id": 116049,
            "id": "116049:STPF_301779:ade03247-6519-4591-8458-9b7347004b63",
            "security_policy_id": "STPF_301779"
          },
          "sensitive_attributes": [],
          "private": "bnVsbA==",
          "dependencies": [
            "module.security.akamai_appsec_configuration.config",
            "module.security.akamai_appsec_security_policy.testing",
            "module.security.data.akamai_group.group"
          ]
        }
      ]
    },
    {
      "module": "module.security",
      "mode": "managed",
      "type": "akamai_botman_akamai_bot_category_action",
      "name": "testing_online_advertising_bots_36b27e0c-76fc-44a4-b913-c598c5af8bba",
      "provider": "provider[\"registry.terraform.io/akamai/akamai\"]",
      "instances": [
        {
          "schema_version": 0,
          "attributes": {
            "akamai_bot_category_action": "{\"action\":\"monitor\"}",
            "category_id": "36b27e0c-76fc-44a4-b913-c598c5af8bba",
            "config_id": 116049,
            "id": "116049:STPF_301779:36b27e0c-76fc-44a4-b913-c598c5af8bba",
            "security_policy_id": "STPF_301779"
          },
          "sensitive_attributes": [],
          "private": "bnVsbA==",
          "dependencies": [
            "module.security.akamai_appsec_configuration.config",
            "module.security.akamai_appsec_security_policy.testing",
            "module.security.data.akamai_group.group"
          ]
        }
      ]
    },
    {
      "module": "module.security",
      "mode": "managed",
      "type": "akamai_botman_akamai_bot_category_action",
      "name": "testing_rss_feed_reader_bots_b58c9929-9fd0-45f7-86f4-1d6259285c3c",
      "provider": "provider[\"registry.terraform.io/akamai/akamai\"]",
      "instances": [
        {
          "schema_version": 0,
          "attributes": {
            "akamai_bot_category_action": "{\"action\":\"deny\"}",
            "category_id": "b58c9929-9fd0-45f7-86f4-1d6259285c3c",
            "config_id": 116049,
            "id": "116049:STPF_301779:b58c9929-9fd0-45f7-86f4-1d6259285c3c",
            "security_policy_id": "STPF_301779"
          },
          "sensitive_attributes": [],
          "private": "bnVsbA==",
          "dependencies": [
            "module.security.akamai_appsec_configuration.config",
            "module.security.akamai_appsec_security_policy.testing",
            "module.security.data.akamai_group.group"
          ]
        }
      ]
    },
    {
      "module": "module.security",
      "mode": "managed",
      "type": "akamai_botman_akamai_bot_category_action",
      "name": "testing_seo_analytics_or_marketing_bots_f7558c03-9033-46ce-bbda-10eeda62a5d4",
      "provider": "provider[\"registry.terraform.io/akamai/akamai\"]",
      "instances": [
        {
          "schema_version": 0,
          "attributes": {
            "akamai_bot_category_action": "{\"action\":\"monitor\"}",
            "category_id": "f7558c03-9033-46ce-bbda-10eeda62a5d4",
            "config_id": 116049,
            "id": "116049:STPF_301779:f7558c03-9033-46ce-bbda-10eeda62a5d4",
            "security_policy_id": "STPF_301779"
          },
          "sensitive_attributes": [],
          "private": "bnVsbA==",
          "dependencies": [
            "module.security.akamai_appsec_configuration.config",
            "module.security.akamai_appsec_security_policy.testing",
            "module.security.data.akamai_group.group"
          ]
        }
      ]
    },
    {
      "module": "module.security",
      "mode": "managed",
      "type": "akamai_botman_akamai_bot_category_action",
      "name": "testing_site_monitoring_and_web_development_bots_07782c03-8d21-4491-9078-b83514e6508f",
      "provider": "provider[\"registry.terraform.io/akamai/akamai\"]",
      "instances": [
        {
          "schema_version": 0,
          "attributes": {
            "akamai_bot_category_action": "{\"action\":\"monitor\"}",
            "category_id": "07782c03-8d21-4491-9078-b83514e6508f",
            "config_id": 116049,
            "id": "116049:STPF_301779:07782c03-8d21-4491-9078-b83514e6508f",
            "security_policy_id": "STPF_301779"
          },
          "sensitive_attributes": [],
          "private": "bnVsbA==",
          "dependencies": [
            "module.security.akamai_appsec_configuration.config",
            "module.security.akamai_appsec_security_policy.testing",
            "module.security.data.akamai_group.group"
          ]
        }
      ]
    },
    {
      "module": "module.security",
      "mode": "managed",
      "type": "akamai_botman_akamai_bot_category_action",
      "name": "testing_social_media_or_blog_bots_7035af8d-148c-429a-89da-de41e68c72d8",
      "provider": "provider[\"registry.terraform.io/akamai/akamai\"]",
      "instances": [
        {
          "schema_version": 0,
          "attributes": {
            "akamai_bot_category_action": "{\"action\":\"monitor\"}",
            "category_id": "7035af8d-148c-429a-89da-de41e68c72d8",
            "config_id": 116049,
            "id": "116049:STPF_301779:7035af8d-148c-429a-89da-de41e68c72d8",
            "security_policy_id": "STPF_301779"
          },
          "sensitive_attributes": [],
          "private": "bnVsbA==",
          "dependencies": [
            "module.security.akamai_appsec_configuration.config",
            "module.security.akamai_appsec_security_policy.testing",
            "module.security.data.akamai_group.group"
          ]
        }
      ]
    },
    {
      "module": "module.security",
      "mode": "managed",
      "type": "akamai_botman_akamai_bot_category_action",
      "name": "testing_web_archiver_bots_831ef84a-c2bb-4b0d-b90d-bcd16793b830",
      "provider": "provider[\"registry.terraform.io/akamai/akamai\"]",
      "instances": [
        {
          "schema_version": 0,
          "attributes": {
            "akamai_bot_category_action": "{\"action\":\"monitor\"}",
            "category_id": "831ef84a-c2bb-4b0d-b90d-bcd16793b830",
            "config_id": 116049,
            "id": "116049:STPF_301779:831ef84a-c2bb-4b0d-b90d-bcd16793b830",
            "security_policy_id": "STPF_301779"
          },
          "sensitive_attributes": [],
          "private": "bnVsbA==",
          "dependencies": [
            "module.security.akamai_appsec_configuration.config",
            "module.security.akamai_appsec_security_policy.testing",
            "module.security.data.akamai_group.group"
          ]
        }
      ]
    },
    {
      "module": "module.security",
      "mode": "managed",
      "type": "akamai_botman_akamai_bot_category_action",
      "name": "testing_web_search_engine_bots_4e14219f-6568-4c9d-9bd8-b29ca2afc422",
      "provider": "provider[\"registry.terraform.io/akamai/akamai\"]",
      "instances": [
        {
          "schema_version": 0,
          "attributes": {
            "akamai_bot_category_action": "{\"action\":\"monitor\"}",
            "category_id": "4e14219f-6568-4c9d-9bd8-b29ca2afc422",
            "config_id": 116049,
            "id": "116049:STPF_301779:4e14219f-6568-4c9d-9bd8-b29ca2afc422",
            "security_policy_id": "STPF_301779"
          },
          "sensitive_attributes": [],
          "private": "bnVsbA==",
          "dependencies": [
            "module.security.akamai_appsec_configuration.config",
            "module.security.akamai_appsec_security_policy.testing",
            "module.security.data.akamai_group.group"
          ]
        }
      ]
    },
    {
      "module": "module.security",
      "mode": "managed",
      "type": "akamai_botman_bot_detection_action",
      "name": "production_aggressive_web_crawlers_5bc041ad-c840-4202-9c2e-d7fc873dbeaf",
      "provider": "provider[\"registry.terraform.io/akamai/akamai\"]",
      "instances": [
        {
          "schema_version": 0,
          "attributes": {
            "bot_detection_action": "{\"action\":\"deny\"}",
            "config_id": 116049,
            "detection_id": "5bc041ad-c840-4202-9c2e-d7fc873dbeaf",
            "id": "116049:VIKI_301778:5bc041ad-c840-4202-9c2e-d7fc873dbeaf",
            "security_policy_id": "VIKI_301778"
          },
          "sensitive_attributes": [],
          "private": "bnVsbA==",
          "dependencies": [
            "module.security.akamai_appsec_configuration.config",
            "module.security.akamai_appsec_security_policy.production",
            "module.security.data.akamai_group.group"
          ]
        }
      ]
    },
    {
      "module": "module.security",
      "mode": "managed",
      "type": "akamai_botman_bot_detection_action",
      "name": "production_browser_impersonator_a3b92f75-fa5d-436e-b066-426fc2919968",
      "provider": "provider[\"registry.terraform.io/akamai/akamai\"]",
      "instances": [
        {
          "schema_version": 0,
          "attributes": {
            "bot_detection_action": "{\"action\":\"monitor\"}",
            "config_id": 116049,
            "detection_id": "a3b92f75-fa5d-436e-b066-426fc2919968",
            "id": "116049:VIKI_301778:a3b92f75-fa5d-436e-b066-426fc2919968",
            "security_policy_id": "VIKI_301778"
          },
          "sensitive_attributes": [],
          "private": "bnVsbA==",
          "dependencies": [
            "module.security.akamai_appsec_configuration.config",
            "module.security.akamai_appsec_security_policy.production",
            "module.security.data.akamai_group.group"
          ]
        }
      ]
    },
    {
      "module": "module.security",
      "mode": "managed",
      "type": "akamai_botman_bot_detection_action",
      "name": "production_declared_bots_keyword_match_074df68e-fb28-432a-ac6d-7cfb958425f1",
      "provider": "provider[\"registry.terraform.io/akamai/akamai\"]",
      "instances": [
        {
          "schema_version": 0,
          "attributes": {
            "bot_detection_action": "{\"action\":\"monitor\"}",
            "config_id": 116049,
            "detection_id": "074df68e-fb28-432a-ac6d-7cfb958425f1",
            "id": "116049:VIKI_301778:074df68e-fb28-432a-ac6d-7cfb958425f1",
            "security_policy_id": "VIKI_301778"
          },
          "sensitive_attributes": [],
          "private": "bnVsbA==",
          "dependencies": [
            "module.security.akamai_appsec_configuration.config",
            "module.security.akamai_appsec_security_policy.production",
            "module.security.data.akamai_group.group"
          ]
        }
      ]
    },
    {
      "module": "module.security",
      "mode": "managed",
      "type": "akamai_botman_bot_detection_action",
      "name": "production_development_frameworks_da005ad3-8bbb-43c8-a783-d97d1fb71ad2",
      "provider": "provider[\"registry.terraform.io/akamai/akamai\"]",
      "instances": [
        {
          "schema_version": 0,
          "attributes": {
            "bot_detection_action": "{\"action\":\"deny\"}",
            "config_id": 116049,
            "detection_id": "da005ad3-8bbb-43c8-a783-d97d1fb71ad2",
            "id": "116049:VIKI_301778:da005ad3-8bbb-43c8-a783-d97d1fb71ad2",
            "security_policy_id": "VIKI_301778"
          },
          "sensitive_attributes": [],
          "private": "bnVsbA==",
          "dependencies": [
            "module.security.akamai_appsec_configuration.config",
            "module.security.akamai_appsec_security_policy.production",
            "module.security.data.akamai_group.group"
          ]
        }
      ]
    },
    {
      "module": "module.security",
      "mode": "managed",
      "type": "akamai_botman_bot_detection_action",
      "name": "production_headless_browsersautomation_tools_b88cba13-4d11-46fe-a7e0-b47e78892dc4",
      "provider": "provider[\"registry.terraform.io/akamai/akamai\"]",
      "instances": [
        {
          "schema_version": 0,
          "attributes": {
            "bot_detection_action": "{\"action\":\"deny\"}",
            "config_id": 116049,
            "detection_id": "b88cba13-4d11-46fe-a7e0-b47e78892dc4",
            "id": "116049:VIKI_301778:b88cba13-4d11-46fe-a7e0-b47e78892dc4",
            "security_policy_id": "VIKI_301778"
          },
          "sensitive_attributes": [],
          "private": "bnVsbA==",
          "dependencies": [
            "module.security.akamai_appsec_configuration.config",
            "module.security.akamai_appsec_security_policy.production",
            "module.security.data.akamai_group.group"
          ]
        }
      ]
    },
    {
      "module": "module.security",
      "mode": "managed",
      "type": "akamai_botman_bot_detection_action",
      "name": "production_http_libraries_578dad32-024b-48b4-930c-db81831686f4",
      "provider": "provider[\"registry.terraform.io/akamai/akamai\"]",
      "instances": [
        {
          "schema_version": 0,
          "attributes": {
            "bot_detection_action": "{\"action\":\"monitor\"}",
            "config_id": 116049,
            "detection_id": "578dad32-024b-48b4-930c-db81831686f4",
            "id": "116049:VIKI_301778:578dad32-024b-48b4-930c-db81831686f4",
            "security_policy_id": "VIKI_301778"
          },
          "sensitive_attributes": [],
          "private": "bnVsbA==",
          "dependencies": [
            "module.security.akamai_appsec_configuration.config",
            "module.security.akamai_appsec_security_policy.production",
            "module.security.data.akamai_group.group"
          ]
        }
      ]
    },
    {
      "module": "module.security",
      "mode": "managed",
      "type": "akamai_botman_bot_detection_action",
      "name": "production_impersonators_of_known_bots_fda1ffb9-ef46-4570-929c-7449c0c750f8",
      "provider": "provider[\"registry.terraform.io/akamai/akamai\"]",
      "instances": [
        {
          "schema_version": 0,
          "attributes": {
            "bot_detection_action": "{\"action\":\"deny\"}",
            "config_id": 116049,
            "detection_id": "fda1ffb9-ef46-4570-929c-7449c0c750f8",
            "id": "116049:VIKI_301778:fda1ffb9-ef46-4570-929c-7449c0c750f8",
            "security_policy_id": "VIKI_301778"
          },
          "sensitive_attributes": [],
          "private": "bnVsbA==",
          "dependencies": [
            "module.security.akamai_appsec_configuration.config",
            "module.security.akamai_appsec_security_policy.production",
            "module.security.data.akamai_group.group"
          ]
        }
      ]
    },
    {
      "module": "module.security",
      "mode": "managed",
      "type": "akamai_botman_bot_detection_action",
      "name": "production_open_source_crawlersscraping_platforms_601192ae-f5e2-4a29-8f75-a0bcd3584c2b",
      "provider": "provider[\"registry.terraform.io/akamai/akamai\"]",
      "instances": [
        {
          "schema_version": 0,
          "attributes": {
            "bot_detection_action": "{\"action\":\"deny\"}",
            "config_id": 116049,
            "detection_id": "601192ae-f5e2-4a29-8f75-a0bcd3584c2b",
            "id": "116049:VIKI_301778:601192ae-f5e2-4a29-8f75-a0bcd3584c2b",
            "security_policy_id": "VIKI_301778"
          },
          "sensitive_attributes": [],
          "private": "bnVsbA==",
          "dependencies": [
            "module.security.akamai_appsec_configuration.config",
            "module.security.akamai_appsec_security_policy.production",
            "module.security.data.akamai_group.group"
          ]
        }
      ]
    },
    {
      "module": "module.security",
      "mode": "managed",
      "type": "akamai_botman_bot_detection_action",
      "name": "production_web_scraper_reputation_9712ab32-83bb-43ab-a46d-4c2a5a42e7e2",
      "provider": "provider[\"registry.terraform.io/akamai/akamai\"]",
      "instances": [
        {
          "schema_version": 0,
          "attributes": {
            "bot_detection_action": "{\"action\":\"deny\",\"webScraperReputationSensitivity\":8}",
            "config_id": 116049,
            "detection_id": "9712ab32-83bb-43ab-a46d-4c2a5a42e7e2",
            "id": "116049:VIKI_301778:9712ab32-83bb-43ab-a46d-4c2a5a42e7e2",
            "security_policy_id": "VIKI_301778"
          },
          "sensitive_attributes": [],
          "private": "bnVsbA==",
          "dependencies": [
            "module.security.akamai_appsec_configuration.config",
            "module.security.akamai_appsec_security_policy.production",
            "module.security.data.akamai_group.group"
          ]
        }
      ]
    },
    {
      "module": "module.security",
      "mode": "managed",
      "type": "akamai_botman_bot_detection_action",
      "name": "production_web_services_libraries_872ed6c2-514c-4055-9c44-9782b1c783bf",
      "provider": "provider[\"registry.terraform.io/akamai/akamai\"]",
      "instances": [
        {
          "schema_version": 0,
          "attributes": {
            "bot_detection_action": "{\"action\":\"deny\"}",
            "config_id": 116049,
            "detection_id": "872ed6c2-514c-4055-9c44-9782b1c783bf",
            "id": "116049:VIKI_301778:872ed6c2-514c-4055-9c44-9782b1c783bf",
            "security_policy_id": "VIKI_301778"
          },
          "sensitive_attributes": [],
          "private": "bnVsbA==",
          "dependencies": [
            "module.security.akamai_appsec_configuration.config",
            "module.security.akamai_appsec_security_policy.production",
            "module.security.data.akamai_group.group"
          ]
        }
      ]
    },
    {
      "module": "module.security",
      "mode": "managed",
      "type": "akamai_botman_bot_detection_action",
      "name": "testing_aggressive_web_crawlers_5bc041ad-c840-4202-9c2e-d7fc873dbeaf",
      "provider": "provider[\"registry.terraform.io/akamai/akamai\"]",
      "instances": [
        {
          "schema_version": 0,
          "attributes": {
            "bot_detection_action": "{\"action\":\"monitor\"}",
            "config_id": 116049,
            "detection_id": "5bc041ad-c840-4202-9c2e-d7fc873dbeaf",
            "id": "116049:STPF_301779:5bc041ad-c840-4202-9c2e-d7fc873dbeaf",
            "security_policy_id": "STPF_301779"
          },
          "sensitive_attributes": [],
          "private": "bnVsbA==",
          "dependencies": [
            "module.security.akamai_appsec_configuration.config",
            "module.security.akamai_appsec_security_policy.testing",
            "module.security.data.akamai_group.group"
          ]
        }
      ]
    },
    {
      "module": "module.security",
      "mode": "managed",
      "type": "akamai_botman_bot_detection_action",
      "name": "testing_browser_impersonator_a3b92f75-fa5d-436e-b066-426fc2919968",
      "provider": "provider[\"registry.terraform.io/akamai/akamai\"]",
      "instances": [
        {
          "schema_version": 0,
          "attributes": {
            "bot_detection_action": "{\"action\":\"monitor\"}",
            "config_id": 116049,
            "detection_id": "a3b92f75-fa5d-436e-b066-426fc2919968",
            "id": "116049:STPF_301779:a3b92f75-fa5d-436e-b066-426fc2919968",
            "security_policy_id": "STPF_301779"
          },
          "sensitive_attributes": [],
          "private": "bnVsbA==",
          "dependencies": [
            "module.security.akamai_appsec_configuration.config",
            "module.security.akamai_appsec_security_policy.testing",
            "module.security.data.akamai_group.group"
          ]
        }
      ]
    },
    {
      "module": "module.security",
      "mode": "managed",
      "type": "akamai_botman_bot_detection_action",
      "name": "testing_declared_bots_keyword_match_074df68e-fb28-432a-ac6d-7cfb958425f1",
      "provider": "provider[\"registry.terraform.io/akamai/akamai\"]",
      "instances": [
        {
          "schema_version": 0,
          "attributes": {
            "bot_detection_action": "{\"action\":\"monitor\"}",
            "config_id": 116049,
            "detection_id": "074df68e-fb28-432a-ac6d-7cfb958425f1",
            "id": "116049:STPF_301779:074df68e-fb28-432a-ac6d-7cfb958425f1",
            "security_policy_id": "STPF_301779"
          },
          "sensitive_attributes": [],
          "private": "bnVsbA==",
          "dependencies": [
            "module.security.akamai_appsec_configuration.config",
            "module.security.akamai_appsec_security_policy.testing",
            "module.security.data.akamai_group.group"
          ]
        }
      ]
    },
    {
      "module": "module.security",
      "mode": "managed",
      "type": "akamai_botman_bot_detection_action",
      "name": "testing_development_frameworks_da005ad3-8bbb-43c8-a783-d97d1fb71ad2",
      "provider": "provider[\"registry.terraform.io/akamai/akamai\"]",
      "instances": [
        {
          "schema_version": 0,
          "attributes": {
            "bot_detection_action": "{\"action\":\"monitor\"}",
            "config_id": 116049,
            "detection_id": "da005ad3-8bbb-43c8-a783-d97d1fb71ad2",
            "id": "116049:STPF_301779:da005ad3-8bbb-43c8-a783-d97d1fb71ad2",
            "security_policy_id": "STPF_301779"
          },
          "sensitive_attributes": [],
          "private": "bnVsbA==",
          "dependencies": [
            "module.security.akamai_appsec_configuration.config",
            "module.security.akamai_appsec_security_policy.testing",
            "module.security.data.akamai_group.group"
          ]
        }
      ]
    },
    {
      "module": "module.security",
      "mode": "managed",
      "type": "akamai_botman_bot_detection_action",
      "name": "testing_headless_browsersautomation_tools_b88cba13-4d11-46fe-a7e0-b47e78892dc4",
      "provider": "provider[\"registry.terraform.io/akamai/akamai\"]",
      "instances": [
        {
          "schema_version": 0,
          "attributes": {
            "bot_detection_action": "{\"action\":\"monitor\"}",
            "config_id": 116049,
            "detection_id": "b88cba13-4d11-46fe-a7e0-b47e78892dc4",
            "id": "116049:STPF_301779:b88cba13-4d11-46fe-a7e0-b47e78892dc4",
            "security_policy_id": "STPF_301779"
          },
          "sensitive_attributes": [],
          "private": "bnVsbA==",
          "dependencies": [
            "module.security.akamai_appsec_configuration.config",
            "module.security.akamai_appsec_security_policy.testing",
            "module.security.data.akamai_group.group"
          ]
        }
      ]
    },
    {
      "module": "module.security",
      "mode": "managed",
      "type": "akamai_botman_bot_detection_action",
      "name": "testing_http_libraries_578dad32-024b-48b4-930c-db81831686f4",
      "provider": "provider[\"registry.terraform.io/akamai/akamai\"]",
      "instances": [
        {
          "schema_version": 0,
          "attributes": {
            "bot_detection_action": "{\"action\":\"monitor\"}",
            "config_id": 116049,
            "detection_id": "578dad32-024b-48b4-930c-db81831686f4",
            "id": "116049:STPF_301779:578dad32-024b-48b4-930c-db81831686f4",
            "security_policy_id": "STPF_301779"
          },
          "sensitive_attributes": [],
          "private": "bnVsbA==",
          "dependencies": [
            "module.security.akamai_appsec_configuration.config",
            "module.security.akamai_appsec_security_policy.testing",
            "module.security.data.akamai_group.group"
          ]
        }
      ]
    },
    {
      "module": "module.security",
      "mode": "managed",
      "type": "akamai_botman_bot_detection_action",
      "name": "testing_impersonators_of_known_bots_fda1ffb9-ef46-4570-929c-7449c0c750f8",
      "provider": "provider[\"registry.terraform.io/akamai/akamai\"]",
      "instances": [
        {
          "schema_version": 0,
          "attributes": {
            "bot_detection_action": "{\"action\":\"monitor\"}",
            "config_id": 116049,
            "detection_id": "fda1ffb9-ef46-4570-929c-7449c0c750f8",
            "id": "116049:STPF_301779:fda1ffb9-ef46-4570-929c-7449c0c750f8",
            "security_policy_id": "STPF_301779"
          },
          "sensitive_attributes": [],
          "private": "bnVsbA==",
          "dependencies": [
            "module.security.akamai_appsec_configuration.config",
            "module.security.akamai_appsec_security_policy.testing",
            "module.security.data.akamai_group.group"
          ]
        }
      ]
    },
    {
      "module": "module.security",
      "mode": "managed",
      "type": "akamai_botman_bot_detection_action",
      "name": "testing_open_source_crawlersscraping_platforms_601192ae-f5e2-4a29-8f75-a0bcd3584c2b",
      "provider": "provider[\"registry.terraform.io/akamai/akamai\"]",
      "instances": [
        {
          "schema_version": 0,
          "attributes": {
            "bot_detection_action": "{\"action\":\"monitor\"}",
            "config_id": 116049,
            "detection_id": "601192ae-f5e2-4a29-8f75-a0bcd3584c2b",
            "id": "116049:STPF_301779:601192ae-f5e2-4a29-8f75-a0bcd3584c2b",
            "security_policy_id": "STPF_301779"
          },
          "sensitive_attributes": [],
          "private": "bnVsbA==",
          "dependencies": [
            "module.security.akamai_appsec_configuration.config",
            "module.security.akamai_appsec_security_policy.testing",
            "module.security.data.akamai_group.group"
          ]
        }
      ]
    },
    {
      "module": "module.security",
      "mode": "managed",
      "type": "akamai_botman_bot_detection_action",
      "name": "testing_web_scraper_reputation_9712ab32-83bb-43ab-a46d-4c2a5a42e7e2",
      "provider": "provider[\"registry.terraform.io/akamai/akamai\"]",
      "instances": [
        {
          "schema_version": 0,
          "attributes": {
            "bot_detection_action": "{\"action\":\"monitor\",\"webScraperReputationSensitivity\":4}",
            "config_id": 116049,
            "detection_id": "9712ab32-83bb-43ab-a46d-4c2a5a42e7e2",
            "id": "116049:STPF_301779:9712ab32-83bb-43ab-a46d-4c2a5a42e7e2",
            "security_policy_id": "STPF_301779"
          },
          "sensitive_attributes": [],
          "private": "bnVsbA==",
          "dependencies": [
            "module.security.akamai_appsec_configuration.config",
            "module.security.akamai_appsec_security_policy.testing",
            "module.security.data.akamai_group.group"
          ]
        }
      ]
    },
    {
      "module": "module.security",
      "mode": "managed",
      "type": "akamai_botman_bot_detection_action",
      "name": "testing_web_services_libraries_872ed6c2-514c-4055-9c44-9782b1c783bf",
      "provider": "provider[\"registry.terraform.io/akamai/akamai\"]",
      "instances": [
        {
          "schema_version": 0,
          "attributes": {
            "bot_detection_action": "{\"action\":\"monitor\"}",
            "config_id": 116049,
            "detection_id": "872ed6c2-514c-4055-9c44-9782b1c783bf",
            "id": "116049:STPF_301779:872ed6c2-514c-4055-9c44-9782b1c783bf",
            "security_policy_id": "STPF_301779"
          },
          "sensitive_attributes": [],
          "private": "bnVsbA==",
          "dependencies": [
            "module.security.akamai_appsec_configuration.config",
            "module.security.akamai_appsec_security_policy.testing",
            "module.security.data.akamai_group.group"
          ]
        }
      ]
    },
    {
      "module": "module.security",
      "mode": "managed",
      "type": "akamai_botman_bot_management_settings",
      "name": "production",
      "provider": "provider[\"registry.terraform.io/akamai/akamai\"]",
      "instances": [
        {
          "schema_version": 0,
          "attributes": {
            "bot_management_settings": "{\"enableBotManagement\":true,\"removeBotManagementCookies\":true,\"thirdPartyProxyServiceInUse\":false}",
            "config_id": 116049,
            "id": "116049:VIKI_301778",
            "security_policy_id": "VIKI_301778"
          },
          "sensitive_attributes": [],
          "private": "bnVsbA==",
          "dependencies": [
            "module.security.akamai_appsec_configuration.config",
            "module.security.akamai_appsec_security_policy.production",
            "module.security.data.akamai_group.group"
          ]
        }
      ]
    },
    {
      "module": "module.security",
      "mode": "managed",
      "type": "akamai_botman_bot_management_settings",
      "name": "testing",
      "provider": "provider[\"registry.terraform.io/akamai/akamai\"]",
      "instances": [
        {
          "schema_version": 0,
          "attributes": {
            "bot_management_settings": "{\"enableBotManagement\":true,\"removeBotManagementCookies\":true,\"thirdPartyProxyServiceInUse\":false}",
            "config_id": 116049,
            "id": "116049:STPF_301779",
            "security_policy_id": "STPF_301779"
          },
          "sensitive_attributes": [],
          "private": "bnVsbA==",
          "dependencies": [
            "module.security.akamai_appsec_configuration.config",
            "module.security.akamai_appsec_security_policy.testing",
            "module.security.data.akamai_group.group"
          ]
        }
      ]
    },
    {
      "module": "module.security",
      "mode": "managed",
      "type": "akamai_botman_challenge_injection_rules",
      "name": "challenge_injection_rules",
      "provider": "provider[\"registry.terraform.io/akamai/akamai\"]",
      "instances": [
        {
          "schema_version": 0,
          "attributes": {
            "challenge_injection_rules": "{\"ajaxResubmit\":false,\"injectJavaScript\":false}",
            "config_id": 116049,
            "id": "116049"
          },
          "sensitive_attributes": [],
          "private": "bnVsbA==",
          "dependencies": [
            "module.security.akamai_appsec_configuration.config",
            "module.security.data.akamai_group.group"
          ]
        }
      ]
    },
    {
      "module": "module.security",
      "mode": "managed",
      "type": "akamai_botman_client_side_security",
      "name": "client_side_security",
      "provider": "provider[\"registry.terraform.io/akamai/akamai\"]",
      "instances": [
        {
          "schema_version": 0,
          "attributes": {
            "client_side_security": "{\"useStrictCspCompatibility\":false}",
            "config_id": 116049,
            "id": "116049"
          },
          "sensitive_attributes": [],
          "private": "bnVsbA==",
          "dependencies": [
            "module.security.akamai_appsec_configuration.config",
            "module.security.data.akamai_group.group"
          ]
        }
      ]
    },
    {
      "module": "module.security",
      "mode": "managed",
      "type": "akamai_botman_conditional_action",
      "name": "javascript_fingerprint_anomaly_cond_action_54152",
      "provider": "provider[\"registry.terraform.io/akamai/akamai\"]",
      "instances": [
        {
          "schema_version": 0,
          "attributes": {
            "action_id": "cond_action_182543",
            "conditional_action": "{\"actionName\":\"JavaScript Fingerprint Anomaly\",\"conditionalActionRules\":[{\"action\":\"deny\",\"conditions\":[{\"checkIps\":\"BOTH\",\"positiveMatch\":true,\"type\":\"asNumberCondition\",\"value\":[\"14061\"]}],\"notes\":\"Digital Ocean\",\"percentageOfTraffic\":100},{\"action\":\"deny\",\"conditions\":[{\"positiveMatch\":true,\"type\":\"fileExtensionCondition\",\"value\":[\"ttf\",\"woff\",\"woff2\"]},{\"checkIps\":\"BOTH\",\"positiveMatch\":true,\"type\":\"asNumberCondition\",\"value\":[\"8075\"]}],\"notes\":\"Microsoft\",\"percentageOfTraffic\":100}],\"defaultAction\":\"monitor\"}",
            "config_id": 116049,
            "id": "116049:cond_action_182543"
          },
          "sensitive_attributes": [],
          "private": "bnVsbA==",
          "dependencies": [
            "module.security.akamai_appsec_configuration.config",
            "module.security.data.akamai_group.group"
          ]
        }
      ]
    },
    {
      "module": "module.security",
      "mode": "managed",
      "type": "akamai_botman_conditional_action",
      "name": "request_anomaly_cond_action_54773",
      "provider": "provider[\"registry.terraform.io/akamai/akamai\"]",
      "instances": [
        {
          "schema_version": 0,
          "attributes": {
            "action_id": "cond_action_182542",
            "conditional_action": "{\"actionName\":\"Request anomaly\",\"conditionalActionRules\":[{\"action\":\"deny\",\"conditions\":[{\"checkIps\":\"BOTH\",\"positiveMatch\":true,\"type\":\"asNumberCondition\",\"value\":[\"16509\",\"60781\"]}],\"notes\":\"delay base on ASN\",\"percentageOfTraffic\":100}],\"defaultAction\":\"deny\"}",
            "config_id": 116049,
            "id": "116049:cond_action_182542"
          },
          "sensitive_attributes": [],
          "private": "bnVsbA==",
          "dependencies": [
            "module.security.akamai_appsec_configuration.config",
            "module.security.data.akamai_group.group"
          ]
        }
      ]
    },
    {
      "module": "module.security",
      "mode": "managed",
      "type": "akamai_botman_custom_bot_category",
      "name": "automatic_test_know",
      "provider": "provider[\"registry.terraform.io/akamai/akamai\"]",
      "instances": [
        {
          "schema_version": 0,
          "attributes": {
            "category_id": "380c29e5-46f8-4493-bd89-f7b35e32e1cd",
            "config_id": 116049,
            "custom_bot_category": "{\"categoryName\":\"Automatic Test Know\"}",
            "id": "116049:380c29e5-46f8-4493-bd89-f7b35e32e1cd"
          },
          "sensitive_attributes": [],
          "private": "bnVsbA==",
          "dependencies": [
            "module.security.akamai_appsec_configuration.config",
            "module.security.data.akamai_group.group"
          ]
        }
      ]
    },
    {
      "module": "module.security",
      "mode": "managed",
      "type": "akamai_botman_custom_bot_category",
      "name": "blocked_by_asn",
      "provider": "provider[\"registry.terraform.io/akamai/akamai\"]",
      "instances": [
        {
          "schema_version": 0,
          "attributes": {
            "category_id": "a77c3dc5-7e3c-4453-bf76-57a9b1535e5e",
            "config_id": 116049,
            "custom_bot_category": "{\"categoryName\":\"Blocked by ASN\"}",
            "id": "116049:a77c3dc5-7e3c-4453-bf76-57a9b1535e5e"
          },
          "sensitive_attributes": [],
          "private": "bnVsbA==",
          "dependencies": [
            "module.security.akamai_appsec_configuration.config",
            "module.security.data.akamai_group.group"
          ]
        }
      ]
    },
    {
      "module": "module.security",
      "mode": "managed",
      "type": "akamai_botman_custom_bot_category",
      "name": "custom_seo_bots",
      "provider": "provider[\"registry.terraform.io/akamai/akamai\"]",
      "instances": [
        {
          "schema_version": 0,
          "attributes": {
            "category_id": "6941822e-084e-42b4-9179-27d5a800d937",
            "config_id": 116049,
            "custom_bot_category": "{\"categoryName\":\"Custom SEO Bots\",\"description\":\"SEO bots from trusted 3rd parties\"}",
            "id": "116049:6941822e-084e-42b4-9179-27d5a800d937"
          },
          "sensitive_attributes": [],
          "private": "bnVsbA==",
          "dependencies": [
            "module.security.akamai_appsec_configuration.config",
            "module.security.data.akamai_group.group"
          ]
        }
      ]
    },
    {
      "module": "module.security",
      "mode": "managed",
      "type": "akamai_botman_custom_bot_category",
      "name": "hostile_bots",
      "provider": "provider[\"registry.terraform.io/akamai/akamai\"]",
      "instances": [
        {
          "schema_version": 0,
          "attributes": {
            "category_id": "27b0974b-30ea-4980-9507-1e4ee547fe76",
            "config_id": 116049,
            "custom_bot_category": "{\"categoryName\":\"Hostile bots\",\"description\":\"Bots with activity impacting site performance\"}",
            "id": "116049:27b0974b-30ea-4980-9507-1e4ee547fe76"
          },
          "sensitive_attributes": [],
          "private": "bnVsbA==",
          "dependencies": [
            "module.security.akamai_appsec_configuration.config",
            "module.security.data.akamai_group.group"
          ]
        }
      ]
    },
    {
      "module": "module.security",
      "mode": "managed",
      "type": "akamai_botman_custom_bot_category",
      "name": "internal_known_bots",
      "provider": "provider[\"registry.terraform.io/akamai/akamai\"]",
      "instances": [
        {
          "schema_version": 0,
          "attributes": {
            "category_id": "6a49abf1-f00f-43ee-a8ef-1260660e38e8",
            "config_id": 116049,
            "custom_bot_category": "{\"categoryName\":\"Internal known bots\",\"description\":\"Bots used by OD and service providers\"}",
            "id": "116049:6a49abf1-f00f-43ee-a8ef-1260660e38e8"
          },
          "sensitive_attributes": [],
          "private": "bnVsbA==",
          "dependencies": [
            "module.security.akamai_appsec_configuration.config",
            "module.security.data.akamai_group.group"
          ]
        }
      ]
    },
    {
      "module": "module.security",
      "mode": "managed",
      "type": "akamai_botman_custom_bot_category",
      "name": "internal_office",
      "provider": "provider[\"registry.terraform.io/akamai/akamai\"]",
      "instances": [
        {
          "schema_version": 0,
          "attributes": {
            "category_id": "56384c73-1925-4476-8b61-e12f9d5f7069",
            "config_id": 116049,
            "custom_bot_category": "{\"categoryName\":\"Internal office\"}",
            "id": "116049:56384c73-1925-4476-8b61-e12f9d5f7069"
          },
          "sensitive_attributes": [],
          "private": "bnVsbA==",
          "dependencies": [
            "module.security.akamai_appsec_configuration.config",
            "module.security.data.akamai_group.group"
          ]
        }
      ]
    },
    {
      "module": "module.security",
      "mode": "managed",
      "type": "akamai_botman_custom_bot_category",
      "name": "non_http2",
      "provider": "provider[\"registry.terraform.io/akamai/akamai\"]",
      "instances": [
        {
          "schema_version": 0,
          "attributes": {
            "category_id": "b4398c81-ec9c-45c4-812e-e82df266a0d1",
            "config_id": 116049,
            "custom_bot_category": "{\"categoryName\":\"Non http2\"}",
            "id": "116049:b4398c81-ec9c-45c4-812e-e82df266a0d1"
          },
          "sensitive_attributes": [],
          "private": "bnVsbA==",
          "dependencies": [
            "module.security.akamai_appsec_configuration.config",
            "module.security.data.akamai_group.group"
          ]
        }
      ]
    },
    {
      "module": "module.security",
      "mode": "managed",
      "type": "akamai_botman_custom_bot_category",
      "name": "security_bots",
      "provider": "provider[\"registry.terraform.io/akamai/akamai\"]",
      "instances": [
        {
          "schema_version": 0,
          "attributes": {
            "category_id": "ffbc2879-6ae8-48f4-846f-41b8db3c5528",
            "config_id": 116049,
            "custom_bot_category": "{\"categoryName\":\"Security bots\",\"description\":\"Security checks, like anti spam vendors\"}",
            "id": "116049:ffbc2879-6ae8-48f4-846f-41b8db3c5528"
          },
          "sensitive_attributes": [],
          "private": "bnVsbA==",
          "dependencies": [
            "module.security.akamai_appsec_configuration.config",
            "module.security.data.akamai_group.group"
          ]
        }
      ]
    },
    {
      "module": "module.security",
      "mode": "managed",
      "type": "akamai_botman_custom_bot_category",
      "name": "trusted_3rd_party_bots",
      "provider": "provider[\"registry.terraform.io/akamai/akamai\"]",
      "instances": [
        {
          "schema_version": 0,
          "attributes": {
            "category_id": "20bd6299-324a-493a-8bde-13f91f93db98",
            "config_id": 116049,
            "custom_bot_category": "{\"categoryName\":\"Trusted 3rd party bots\"}",
            "id": "116049:20bd6299-324a-493a-8bde-13f91f93db98"
          },
          "sensitive_attributes": [],
          "private": "bnVsbA==",
          "dependencies": [
            "module.security.akamai_appsec_configuration.config",
            "module.security.data.akamai_group.group"
          ]
        }
      ]
    },
    {
      "module": "module.security",
      "mode": "managed",
      "type": "akamai_botman_custom_bot_category_action",
      "name": "production_automatic_test_know",
      "provider": "provider[\"registry.terraform.io/akamai/akamai\"]",
      "instances": [
        {
          "schema_version": 0,
          "attributes": {
            "category_id": "380c29e5-46f8-4493-bd89-f7b35e32e1cd",
            "config_id": 116049,
            "custom_bot_category_action": "{\"action\":\"monitor\"}",
            "id": "116049:VIKI_301778:380c29e5-46f8-4493-bd89-f7b35e32e1cd",
            "security_policy_id": "VIKI_301778"
          },
          "sensitive_attributes": [],
          "private": "bnVsbA==",
          "dependencies": [
            "module.security.akamai_appsec_configuration.config",
            "module.security.akamai_appsec_security_policy.production",
            "module.security.akamai_botman_custom_bot_category.automatic_test_know",
            "module.security.data.akamai_group.group"
          ]
        }
      ]
    },
    {
      "module": "module.security",
      "mode": "managed",
      "type": "akamai_botman_custom_bot_category_action",
      "name": "production_blocked_by_asn",
      "provider": "provider[\"registry.terraform.io/akamai/akamai\"]",
      "instances": [
        {
          "schema_version": 0,
          "attributes": {
            "category_id": "a77c3dc5-7e3c-4453-bf76-57a9b1535e5e",
            "config_id": 116049,
            "custom_bot_category_action": "{\"action\":\"deny\"}",
            "id": "116049:VIKI_301778:a77c3dc5-7e3c-4453-bf76-57a9b1535e5e",
            "security_policy_id": "VIKI_301778"
          },
          "sensitive_attributes": [],
          "private": "bnVsbA==",
          "dependencies": [
            "module.security.akamai_appsec_configuration.config",
            "module.security.akamai_appsec_security_policy.production",
            "module.security.akamai_botman_custom_bot_category.blocked_by_asn",
            "module.security.data.akamai_group.group"
          ]
        }
      ]
    },
    {
      "module": "module.security",
      "mode": "managed",
      "type": "akamai_botman_custom_bot_category_action",
      "name": "production_custom_seo_bots",
      "provider": "provider[\"registry.terraform.io/akamai/akamai\"]",
      "instances": [
        {
          "schema_version": 0,
          "attributes": {
            "category_id": "6941822e-084e-42b4-9179-27d5a800d937",
            "config_id": 116049,
            "custom_bot_category_action": "{\"action\":\"allow\"}",
            "id": "116049:VIKI_301778:6941822e-084e-42b4-9179-27d5a800d937",
            "security_policy_id": "VIKI_301778"
          },
          "sensitive_attributes": [],
          "private": "bnVsbA==",
          "dependencies": [
            "module.security.akamai_appsec_configuration.config",
            "module.security.akamai_appsec_security_policy.production",
            "module.security.akamai_botman_custom_bot_category.custom_seo_bots",
            "module.security.data.akamai_group.group"
          ]
        }
      ]
    },
    {
      "module": "module.security",
      "mode": "managed",
      "type": "akamai_botman_custom_bot_category_action",
      "name": "production_hostile_bots",
      "provider": "provider[\"registry.terraform.io/akamai/akamai\"]",
      "instances": [
        {
          "schema_version": 0,
          "attributes": {
            "category_id": "27b0974b-30ea-4980-9507-1e4ee547fe76",
            "config_id": 116049,
            "custom_bot_category_action": "{\"action\":\"deny\"}",
            "id": "116049:VIKI_301778:27b0974b-30ea-4980-9507-1e4ee547fe76",
            "security_policy_id": "VIKI_301778"
          },
          "sensitive_attributes": [],
          "private": "bnVsbA==",
          "dependencies": [
            "module.security.akamai_appsec_configuration.config",
            "module.security.akamai_appsec_security_policy.production",
            "module.security.akamai_botman_custom_bot_category.hostile_bots",
            "module.security.data.akamai_group.group"
          ]
        }
      ]
    },
    {
      "module": "module.security",
      "mode": "managed",
      "type": "akamai_botman_custom_bot_category_action",
      "name": "production_internal_known_bots",
      "provider": "provider[\"registry.terraform.io/akamai/akamai\"]",
      "instances": [
        {
          "schema_version": 0,
          "attributes": {
            "category_id": "6a49abf1-f00f-43ee-a8ef-1260660e38e8",
            "config_id": 116049,
            "custom_bot_category_action": "{\"action\":\"allow\"}",
            "id": "116049:VIKI_301778:6a49abf1-f00f-43ee-a8ef-1260660e38e8",
            "security_policy_id": "VIKI_301778"
          },
          "sensitive_attributes": [],
          "private": "bnVsbA==",
          "dependencies": [
            "module.security.akamai_appsec_configuration.config",
            "module.security.akamai_appsec_security_policy.production",
            "module.security.akamai_botman_custom_bot_category.internal_known_bots",
            "module.security.data.akamai_group.group"
          ]
        }
      ]
    },
    {
      "module": "module.security",
      "mode": "managed",
      "type": "akamai_botman_custom_bot_category_action",
      "name": "production_internal_office",
      "provider": "provider[\"registry.terraform.io/akamai/akamai\"]",
      "instances": [
        {
          "schema_version": 0,
          "attributes": {
            "category_id": "56384c73-1925-4476-8b61-e12f9d5f7069",
            "config_id": 116049,
            "custom_bot_category_action": "{\"action\":\"monitor\"}",
            "id": "116049:VIKI_301778:56384c73-1925-4476-8b61-e12f9d5f7069",
            "security_policy_id": "VIKI_301778"
          },
          "sensitive_attributes": [],
          "private": "bnVsbA==",
          "dependencies": [
            "module.security.akamai_appsec_configuration.config",
            "module.security.akamai_appsec_security_policy.production",
            "module.security.akamai_botman_custom_bot_category.internal_office",
            "module.security.data.akamai_group.group"
          ]
        }
      ]
    },
    {
      "module": "module.security",
      "mode": "managed",
      "type": "akamai_botman_custom_bot_category_action",
      "name": "production_non_http2",
      "provider": "provider[\"registry.terraform.io/akamai/akamai\"]",
      "instances": [
        {
          "schema_version": 0,
          "attributes": {
            "category_id": "b4398c81-ec9c-45c4-812e-e82df266a0d1",
            "config_id": 116049,
            "custom_bot_category_action": "{\"action\":\"none\"}",
            "id": "116049:VIKI_301778:b4398c81-ec9c-45c4-812e-e82df266a0d1",
            "security_policy_id": "VIKI_301778"
          },
          "sensitive_attributes": [],
          "private": "bnVsbA==",
          "dependencies": [
            "module.security.akamai_appsec_configuration.config",
            "module.security.akamai_appsec_security_policy.production",
            "module.security.akamai_botman_custom_bot_category.non_http2",
            "module.security.data.akamai_group.group"
          ]
        }
      ]
    },
    {
      "module": "module.security",
      "mode": "managed",
      "type": "akamai_botman_custom_bot_category_action",
      "name": "production_security_bots",
      "provider": "provider[\"registry.terraform.io/akamai/akamai\"]",
      "instances": [
        {
          "schema_version": 0,
          "attributes": {
            "category_id": "ffbc2879-6ae8-48f4-846f-41b8db3c5528",
            "config_id": 116049,
            "custom_bot_category_action": "{\"action\":\"monitor\"}",
            "id": "116049:VIKI_301778:ffbc2879-6ae8-48f4-846f-41b8db3c5528",
            "security_policy_id": "VIKI_301778"
          },
          "sensitive_attributes": [],
          "private": "bnVsbA==",
          "dependencies": [
            "module.security.akamai_appsec_configuration.config",
            "module.security.akamai_appsec_security_policy.production",
            "module.security.akamai_botman_custom_bot_category.security_bots",
            "module.security.data.akamai_group.group"
          ]
        }
      ]
    },
    {
      "module": "module.security",
      "mode": "managed",
      "type": "akamai_botman_custom_bot_category_action",
      "name": "production_trusted_3rd_party_bots",
      "provider": "provider[\"registry.terraform.io/akamai/akamai\"]",
      "instances": [
        {
          "schema_version": 0,
          "attributes": {
            "category_id": "20bd6299-324a-493a-8bde-13f91f93db98",
            "config_id": 116049,
            "custom_bot_category_action": "{\"action\":\"allow\"}",
            "id": "116049:VIKI_301778:20bd6299-324a-493a-8bde-13f91f93db98",
            "security_policy_id": "VIKI_301778"
          },
          "sensitive_attributes": [],
          "private": "bnVsbA==",
          "dependencies": [
            "module.security.akamai_appsec_configuration.config",
            "module.security.akamai_appsec_security_policy.production",
            "module.security.akamai_botman_custom_bot_category.trusted_3rd_party_bots",
            "module.security.data.akamai_group.group"
          ]
        }
      ]
    },
    {
      "module": "module.security",
      "mode": "managed",
      "type": "akamai_botman_custom_bot_category_action",
      "name": "testing_automatic_test_know",
      "provider": "provider[\"registry.terraform.io/akamai/akamai\"]",
      "instances": [
        {
          "schema_version": 0,
          "attributes": {
            "category_id": "380c29e5-46f8-4493-bd89-f7b35e32e1cd",
            "config_id": 116049,
            "custom_bot_category_action": "{\"action\":\"none\"}",
            "id": "116049:STPF_301779:380c29e5-46f8-4493-bd89-f7b35e32e1cd",
            "security_policy_id": "STPF_301779"
          },
          "sensitive_attributes": [],
          "private": "bnVsbA==",
          "dependencies": [
            "module.security.akamai_appsec_configuration.config",
            "module.security.akamai_appsec_security_policy.testing",
            "module.security.akamai_botman_custom_bot_category.automatic_test_know",
            "module.security.data.akamai_group.group"
          ]
        }
      ]
    },
    {
      "module": "module.security",
      "mode": "managed",
      "type": "akamai_botman_custom_bot_category_action",
      "name": "testing_blocked_by_asn",
      "provider": "provider[\"registry.terraform.io/akamai/akamai\"]",
      "instances": [
        {
          "schema_version": 0,
          "attributes": {
            "category_id": "a77c3dc5-7e3c-4453-bf76-57a9b1535e5e",
            "config_id": 116049,
            "custom_bot_category_action": "{\"action\":\"none\"}",
            "id": "116049:STPF_301779:a77c3dc5-7e3c-4453-bf76-57a9b1535e5e",
            "security_policy_id": "STPF_301779"
          },
          "sensitive_attributes": [],
          "private": "bnVsbA==",
          "dependencies": [
            "module.security.akamai_appsec_configuration.config",
            "module.security.akamai_appsec_security_policy.testing",
            "module.security.akamai_botman_custom_bot_category.blocked_by_asn",
            "module.security.data.akamai_group.group"
          ]
        }
      ]
    },
    {
      "module": "module.security",
      "mode": "managed",
      "type": "akamai_botman_custom_bot_category_action",
      "name": "testing_custom_seo_bots",
      "provider": "provider[\"registry.terraform.io/akamai/akamai\"]",
      "instances": [
        {
          "schema_version": 0,
          "attributes": {
            "category_id": "6941822e-084e-42b4-9179-27d5a800d937",
            "config_id": 116049,
            "custom_bot_category_action": "{\"action\":\"none\"}",
            "id": "116049:STPF_301779:6941822e-084e-42b4-9179-27d5a800d937",
            "security_policy_id": "STPF_301779"
          },
          "sensitive_attributes": [],
          "private": "bnVsbA==",
          "dependencies": [
            "module.security.akamai_appsec_configuration.config",
            "module.security.akamai_appsec_security_policy.testing",
            "module.security.akamai_botman_custom_bot_category.custom_seo_bots",
            "module.security.data.akamai_group.group"
          ]
        }
      ]
    },
    {
      "module": "module.security",
      "mode": "managed",
      "type": "akamai_botman_custom_bot_category_action",
      "name": "testing_hostile_bots",
      "provider": "provider[\"registry.terraform.io/akamai/akamai\"]",
      "instances": [
        {
          "schema_version": 0,
          "attributes": {
            "category_id": "27b0974b-30ea-4980-9507-1e4ee547fe76",
            "config_id": 116049,
            "custom_bot_category_action": "{\"action\":\"none\"}",
            "id": "116049:STPF_301779:27b0974b-30ea-4980-9507-1e4ee547fe76",
            "security_policy_id": "STPF_301779"
          },
          "sensitive_attributes": [],
          "private": "bnVsbA==",
          "dependencies": [
            "module.security.akamai_appsec_configuration.config",
            "module.security.akamai_appsec_security_policy.testing",
            "module.security.akamai_botman_custom_bot_category.hostile_bots",
            "module.security.data.akamai_group.group"
          ]
        }
      ]
    },
    {
      "module": "module.security",
      "mode": "managed",
      "type": "akamai_botman_custom_bot_category_action",
      "name": "testing_internal_known_bots",
      "provider": "provider[\"registry.terraform.io/akamai/akamai\"]",
      "instances": [
        {
          "schema_version": 0,
          "attributes": {
            "category_id": "6a49abf1-f00f-43ee-a8ef-1260660e38e8",
            "config_id": 116049,
            "custom_bot_category_action": "{\"action\":\"allow\"}",
            "id": "116049:STPF_301779:6a49abf1-f00f-43ee-a8ef-1260660e38e8",
            "security_policy_id": "STPF_301779"
          },
          "sensitive_attributes": [],
          "private": "bnVsbA==",
          "dependencies": [
            "module.security.akamai_appsec_configuration.config",
            "module.security.akamai_appsec_security_policy.testing",
            "module.security.akamai_botman_custom_bot_category.internal_known_bots",
            "module.security.data.akamai_group.group"
          ]
        }
      ]
    },
    {
      "module": "module.security",
      "mode": "managed",
      "type": "akamai_botman_custom_bot_category_action",
      "name": "testing_internal_office",
      "provider": "provider[\"registry.terraform.io/akamai/akamai\"]",
      "instances": [
        {
          "schema_version": 0,
          "attributes": {
            "category_id": "56384c73-1925-4476-8b61-e12f9d5f7069",
            "config_id": 116049,
            "custom_bot_category_action": "{\"action\":\"none\"}",
            "id": "116049:STPF_301779:56384c73-1925-4476-8b61-e12f9d5f7069",
            "security_policy_id": "STPF_301779"
          },
          "sensitive_attributes": [],
          "private": "bnVsbA==",
          "dependencies": [
            "module.security.akamai_appsec_configuration.config",
            "module.security.akamai_appsec_security_policy.testing",
            "module.security.akamai_botman_custom_bot_category.internal_office",
            "module.security.data.akamai_group.group"
          ]
        }
      ]
    },
    {
      "module": "module.security",
      "mode": "managed",
      "type": "akamai_botman_custom_bot_category_action",
      "name": "testing_non_http2",
      "provider": "provider[\"registry.terraform.io/akamai/akamai\"]",
      "instances": [
        {
          "schema_version": 0,
          "attributes": {
            "category_id": "b4398c81-ec9c-45c4-812e-e82df266a0d1",
            "config_id": 116049,
            "custom_bot_category_action": "{\"action\":\"none\"}",
            "id": "116049:STPF_301779:b4398c81-ec9c-45c4-812e-e82df266a0d1",
            "security_policy_id": "STPF_301779"
          },
          "sensitive_attributes": [],
          "private": "bnVsbA==",
          "dependencies": [
            "module.security.akamai_appsec_configuration.config",
            "module.security.akamai_appsec_security_policy.testing",
            "module.security.akamai_botman_custom_bot_category.non_http2",
            "module.security.data.akamai_group.group"
          ]
        }
      ]
    },
    {
      "module": "module.security",
      "mode": "managed",
      "type": "akamai_botman_custom_bot_category_action",
      "name": "testing_security_bots",
      "provider": "provider[\"registry.terraform.io/akamai/akamai\"]",
      "instances": [
        {
          "schema_version": 0,
          "attributes": {
            "category_id": "ffbc2879-6ae8-48f4-846f-41b8db3c5528",
            "config_id": 116049,
            "custom_bot_category_action": "{\"action\":\"none\"}",
            "id": "116049:STPF_301779:ffbc2879-6ae8-48f4-846f-41b8db3c5528",
            "security_policy_id": "STPF_301779"
          },
          "sensitive_attributes": [],
          "private": "bnVsbA==",
          "dependencies": [
            "module.security.akamai_appsec_configuration.config",
            "module.security.akamai_appsec_security_policy.testing",
            "module.security.akamai_botman_custom_bot_category.security_bots",
            "module.security.data.akamai_group.group"
          ]
        }
      ]
    },
    {
      "module": "module.security",
      "mode": "managed",
      "type": "akamai_botman_custom_bot_category_action",
      "name": "testing_trusted_3rd_party_bots",
      "provider": "provider[\"registry.terraform.io/akamai/akamai\"]",
      "instances": [
        {
          "schema_version": 0,
          "attributes": {
            "category_id": "20bd6299-324a-493a-8bde-13f91f93db98",
            "config_id": 116049,
            "custom_bot_category_action": "{\"action\":\"none\"}",
            "id": "116049:STPF_301779:20bd6299-324a-493a-8bde-13f91f93db98",
            "security_policy_id": "STPF_301779"
          },
          "sensitive_attributes": [],
          "private": "bnVsbA==",
          "dependencies": [
            "module.security.akamai_appsec_configuration.config",
            "module.security.akamai_appsec_security_policy.testing",
            "module.security.akamai_botman_custom_bot_category.trusted_3rd_party_bots",
            "module.security.data.akamai_group.group"
          ]
        }
      ]
    },
    {
      "module": "module.security",
      "mode": "managed",
      "type": "akamai_botman_custom_bot_category_sequence",
      "name": "custom_bot_category_sequence",
      "provider": "provider[\"registry.terraform.io/akamai/akamai\"]",
      "instances": [
        {
          "schema_version": 0,
          "attributes": {
            "category_ids": [
              "6a49abf1-f00f-43ee-a8ef-1260660e38e8",
              "20bd6299-324a-493a-8bde-13f91f93db98",
              "6941822e-084e-42b4-9179-27d5a800d937",
              "27b0974b-30ea-4980-9507-1e4ee547fe76",
              "a77c3dc5-7e3c-4453-bf76-57a9b1535e5e",
              "b4398c81-ec9c-45c4-812e-e82df266a0d1",
              "56384c73-1925-4476-8b61-e12f9d5f7069",
              "380c29e5-46f8-4493-bd89-f7b35e32e1cd",
              "ffbc2879-6ae8-48f4-846f-41b8db3c5528"
            ],
            "config_id": 116049,
            "id": "116049"
          },
          "sensitive_attributes": [],
          "private": "bnVsbA==",
          "dependencies": [
            "module.security.akamai_appsec_configuration.config",
            "module.security.akamai_botman_custom_bot_category.automatic_test_know",
            "module.security.akamai_botman_custom_bot_category.blocked_by_asn",
            "module.security.akamai_botman_custom_bot_category.custom_seo_bots",
            "module.security.akamai_botman_custom_bot_category.hostile_bots",
            "module.security.akamai_botman_custom_bot_category.internal_known_bots",
            "module.security.akamai_botman_custom_bot_category.internal_office",
            "module.security.akamai_botman_custom_bot_category.non_http2",
            "module.security.akamai_botman_custom_bot_category.security_bots",
            "module.security.akamai_botman_custom_bot_category.trusted_3rd_party_bots",
            "module.security.data.akamai_group.group"
          ]
        }
      ]
    },
    {
      "module": "module.security",
      "mode": "managed",
      "type": "akamai_botman_custom_defined_bot",
      "name": "advin__servers",
      "provider": "provider[\"registry.terraform.io/akamai/akamai\"]",
      "instances": [
        {
          "schema_version": 0,
          "attributes": {
            "bot_id": "4a9ad68b-7249-470d-8c3c-647cb054f48b",
            "config_id": 116049,
            "custom_defined_bot": "{\"botName\":\"Advin  servers\",\"categoryId\":\"27b0974b-30ea-4980-9507-1e4ee547fe76\",\"conditions\":[{\"checkIps\":\"CONNECTING\",\"positiveMatch\":true,\"type\":\"asNumberCondition\",\"value\":[\"22295\",\"206216\"]},{\"name\":[\"User-Agent\"],\"nameWildcard\":true,\"positiveMatch\":true,\"type\":\"requestHeaderCondition\",\"value\":[\"Mozilla/5.0 (Windows NT 10.0; Win64; x64) AppleWebKit/537.36 (KHTML, like Gecko) Chrome/90.0.4430.85 Safari/537.36\"],\"valueCase\":false,\"valueWildcard\":true}],\"description\":\"bogus requests with fake Chrome UA\"}",
            "id": "116049:4a9ad68b-7249-470d-8c3c-647cb054f48b"
          },
          "sensitive_attributes": [],
          "private": "bnVsbA==",
          "dependencies": [
            "module.security.akamai_appsec_configuration.config",
            "module.security.akamai_botman_custom_bot_category.automatic_test_know",
            "module.security.akamai_botman_custom_bot_category.blocked_by_asn",
            "module.security.akamai_botman_custom_bot_category.custom_seo_bots",
            "module.security.akamai_botman_custom_bot_category.hostile_bots",
            "module.security.akamai_botman_custom_bot_category.internal_known_bots",
            "module.security.akamai_botman_custom_bot_category.internal_office",
            "module.security.akamai_botman_custom_bot_category.non_http2",
            "module.security.akamai_botman_custom_bot_category.security_bots",
            "module.security.akamai_botman_custom_bot_category.trusted_3rd_party_bots",
            "module.security.akamai_botman_custom_bot_category_sequence.custom_bot_category_sequence",
            "module.security.data.akamai_group.group"
          ]
        }
      ]
    },
    {
      "module": "module.security",
      "mode": "managed",
      "type": "akamai_botman_custom_defined_bot",
      "name": "ahrefs",
      "provider": "provider[\"registry.terraform.io/akamai/akamai\"]",
      "instances": [
        {
          "schema_version": 0,
          "attributes": {
            "bot_id": "647c1740-fac0-42b4-a41a-06d9432fc623",
            "config_id": 116049,
            "custom_defined_bot": "{\"botName\":\"Ahrefs\",\"categoryId\":\"6941822e-084e-42b4-9179-27d5a800d937\",\"conditions\":[{\"checkIps\":\"CONNECTING\",\"positiveMatch\":true,\"type\":\"asNumberCondition\",\"value\":[\"16276\",\"12876\",\"24940\"]},{\"name\":[\"User-Agent\"],\"nameWildcard\":true,\"positiveMatch\":true,\"type\":\"requestHeaderCondition\",\"value\":[\"Mozilla/5.0 (compatible; AhrefsBot/6.1*\"],\"valueCase\":false,\"valueWildcard\":true}]}",
            "id": "116049:647c1740-fac0-42b4-a41a-06d9432fc623"
          },
          "sensitive_attributes": [],
          "private": "bnVsbA==",
          "dependencies": [
            "module.security.akamai_appsec_configuration.config",
            "module.security.akamai_botman_custom_bot_category.automatic_test_know",
            "module.security.akamai_botman_custom_bot_category.blocked_by_asn",
            "module.security.akamai_botman_custom_bot_category.custom_seo_bots",
            "module.security.akamai_botman_custom_bot_category.hostile_bots",
            "module.security.akamai_botman_custom_bot_category.internal_known_bots",
            "module.security.akamai_botman_custom_bot_category.internal_office",
            "module.security.akamai_botman_custom_bot_category.non_http2",
            "module.security.akamai_botman_custom_bot_category.security_bots",
            "module.security.akamai_botman_custom_bot_category.trusted_3rd_party_bots",
            "module.security.akamai_botman_custom_bot_category_sequence.custom_bot_category_sequence",
            "module.security.data.akamai_group.group"
          ]
        }
      ]
    },
    {
      "module": "module.security",
      "mode": "managed",
      "type": "akamai_botman_custom_defined_bot",
      "name": "automated_testing_bots",
      "provider": "provider[\"registry.terraform.io/akamai/akamai\"]",
      "instances": [
        {
          "schema_version": 0,
          "attributes": {
            "bot_id": "e152bd74-487c-425f-9bc5-270af20562ca",
            "config_id": 116049,
            "custom_defined_bot": "{\"botName\":\"Automated testing bots\",\"categoryId\":\"6a49abf1-f00f-43ee-a8ef-1260660e38e8\",\"conditions\":[{\"checkIps\":\"CONNECTING\",\"positiveMatch\":true,\"type\":\"networkListCondition\",\"value\":[\"80265_AUTOMATIONIPLIST\"]}],\"description\":\"Bots used by automation tools\",\"ownerEmail\":\"vladimir.munoz@officedepot.eu\",\"ownerName\":\"Vladimir Munoz\"}",
            "id": "116049:e152bd74-487c-425f-9bc5-270af20562ca"
          },
          "sensitive_attributes": [],
          "private": "bnVsbA==",
          "dependencies": [
            "module.security.akamai_appsec_configuration.config",
            "module.security.akamai_botman_custom_bot_category.automatic_test_know",
            "module.security.akamai_botman_custom_bot_category.blocked_by_asn",
            "module.security.akamai_botman_custom_bot_category.custom_seo_bots",
            "module.security.akamai_botman_custom_bot_category.hostile_bots",
            "module.security.akamai_botman_custom_bot_category.internal_known_bots",
            "module.security.akamai_botman_custom_bot_category.internal_office",
            "module.security.akamai_botman_custom_bot_category.non_http2",
            "module.security.akamai_botman_custom_bot_category.security_bots",
            "module.security.akamai_botman_custom_bot_category.trusted_3rd_party_bots",
            "module.security.akamai_botman_custom_bot_category_sequence.custom_bot_category_sequence",
            "module.security.data.akamai_group.group"
          ]
        }
      ]
    },
    {
      "module": "module.security",
      "mode": "managed",
      "type": "akamai_botman_custom_defined_bot",
      "name": "block_m247",
      "provider": "provider[\"registry.terraform.io/akamai/akamai\"]",
      "instances": [
        {
          "schema_version": 0,
          "attributes": {
            "bot_id": "81ba0f86-b90d-49f2-b914-3b89e0042f8d",
            "config_id": 116049,
            "custom_defined_bot": "{\"botName\":\"block M247\",\"categoryId\":\"a77c3dc5-7e3c-4453-bf76-57a9b1535e5e\",\"conditions\":[{\"checkIps\":\"CONNECTING\",\"positiveMatch\":true,\"type\":\"asNumberCondition\",\"value\":[\"9009\"]},{\"checkIps\":\"CONNECTING\",\"positiveMatch\":false,\"type\":\"ipAddressCondition\",\"value\":[\"194.145.240.171\",\"194.145.241.10\",\"194.145.243.5\",\"194.145.240.32\"]}]}",
            "id": "116049:81ba0f86-b90d-49f2-b914-3b89e0042f8d"
          },
          "sensitive_attributes": [],
          "private": "bnVsbA==",
          "dependencies": [
            "module.security.akamai_appsec_configuration.config",
            "module.security.akamai_botman_custom_bot_category.automatic_test_know",
            "module.security.akamai_botman_custom_bot_category.blocked_by_asn",
            "module.security.akamai_botman_custom_bot_category.custom_seo_bots",
            "module.security.akamai_botman_custom_bot_category.hostile_bots",
            "module.security.akamai_botman_custom_bot_category.internal_known_bots",
            "module.security.akamai_botman_custom_bot_category.internal_office",
            "module.security.akamai_botman_custom_bot_category.non_http2",
            "module.security.akamai_botman_custom_bot_category.security_bots",
            "module.security.akamai_botman_custom_bot_category.trusted_3rd_party_bots",
            "module.security.akamai_botman_custom_bot_category_sequence.custom_bot_category_sequence",
            "module.security.data.akamai_group.group"
          ]
        }
      ]
    },
    {
      "module": "module.security",
      "mode": "managed",
      "type": "akamai_botman_custom_defined_bot",
      "name": "colly",
      "provider": "provider[\"registry.terraform.io/akamai/akamai\"]",
      "instances": [
        {
          "schema_version": 0,
          "attributes": {
            "bot_id": "102e6f70-b53a-4085-ad30-323327f1d111",
            "config_id": 116049,
            "custom_defined_bot": "{\"botName\":\"Colly\",\"categoryId\":\"27b0974b-30ea-4980-9507-1e4ee547fe76\",\"conditions\":[{\"checkIps\":\"CONNECTING\",\"positiveMatch\":true,\"type\":\"asNumberCondition\",\"value\":[\"15169\",\"29009\"]},{\"name\":[\"User-Agent\"],\"nameWildcard\":true,\"positiveMatch\":true,\"type\":\"requestHeaderCondition\",\"value\":[\"colly - https://github.com/gocolly/colly/v2\"],\"valueCase\":false,\"valueWildcard\":true}],\"description\":\"Bot using Colly screen-scraping library\"}",
            "id": "116049:102e6f70-b53a-4085-ad30-323327f1d111"
          },
          "sensitive_attributes": [],
          "private": "bnVsbA==",
          "dependencies": [
            "module.security.akamai_appsec_configuration.config",
            "module.security.akamai_botman_custom_bot_category.automatic_test_know",
            "module.security.akamai_botman_custom_bot_category.blocked_by_asn",
            "module.security.akamai_botman_custom_bot_category.custom_seo_bots",
            "module.security.akamai_botman_custom_bot_category.hostile_bots",
            "module.security.akamai_botman_custom_bot_category.internal_known_bots",
            "module.security.akamai_botman_custom_bot_category.internal_office",
            "module.security.akamai_botman_custom_bot_category.non_http2",
            "module.security.akamai_botman_custom_bot_category.security_bots",
            "module.security.akamai_botman_custom_bot_category.trusted_3rd_party_bots",
            "module.security.akamai_botman_custom_bot_category_sequence.custom_bot_category_sequence",
            "module.security.data.akamai_group.group"
          ]
        }
      ]
    },
    {
      "module": "module.security",
      "mode": "managed",
      "type": "akamai_botman_custom_defined_bot",
      "name": "constantco",
      "provider": "provider[\"registry.terraform.io/akamai/akamai\"]",
      "instances": [
        {
          "schema_version": 0,
          "attributes": {
            "bot_id": "9312536f-a0b6-4626-b82f-0bb43e88d3c9",
            "config_id": 116049,
            "custom_defined_bot": "{\"botName\":\"ConstantCo\",\"categoryId\":\"a77c3dc5-7e3c-4453-bf76-57a9b1535e5e\",\"conditions\":[{\"name\":[\"User-Agent\"],\"nameWildcard\":true,\"positiveMatch\":true,\"type\":\"requestHeaderCondition\",\"value\":[\"Mozilla/5.0 (Windows NT 6.3; WOW64) AppleWebKit/537.36 (KHTML, like Gecko) Chrome/51.0.2704.84 Safari/537.36\"],\"valueCase\":false,\"valueWildcard\":true},{\"checkIps\":\"CONNECTING\",\"positiveMatch\":true,\"type\":\"asNumberCondition\",\"value\":[\"20473\",\"207990\",\"203020\",\"203999\"]}],\"description\":\"Bot with fake Chrome UA from hosting companies in US\"}",
            "id": "116049:9312536f-a0b6-4626-b82f-0bb43e88d3c9"
          },
          "sensitive_attributes": [],
          "private": "bnVsbA==",
          "dependencies": [
            "module.security.akamai_appsec_configuration.config",
            "module.security.akamai_botman_custom_bot_category.automatic_test_know",
            "module.security.akamai_botman_custom_bot_category.blocked_by_asn",
            "module.security.akamai_botman_custom_bot_category.custom_seo_bots",
            "module.security.akamai_botman_custom_bot_category.hostile_bots",
            "module.security.akamai_botman_custom_bot_category.internal_known_bots",
            "module.security.akamai_botman_custom_bot_category.internal_office",
            "module.security.akamai_botman_custom_bot_category.non_http2",
            "module.security.akamai_botman_custom_bot_category.security_bots",
            "module.security.akamai_botman_custom_bot_category.trusted_3rd_party_bots",
            "module.security.akamai_botman_custom_bot_category_sequence.custom_bot_category_sequence",
            "module.security.data.akamai_group.group"
          ]
        }
      ]
    },
    {
      "module": "module.security",
      "mode": "managed",
      "type": "akamai_botman_custom_defined_bot",
      "name": "contentsquare",
      "provider": "provider[\"registry.terraform.io/akamai/akamai\"]",
      "instances": [
        {
          "schema_version": 0,
          "attributes": {
            "bot_id": "3e801593-b800-4f0f-b5ca-cb0fb9825fc6",
            "config_id": 116049,
            "custom_defined_bot": "{\"botName\":\"ContentSquare\",\"categoryId\":\"20bd6299-324a-493a-8bde-13f91f93db98\",\"conditions\":[{\"checkIps\":\"CONNECTING\",\"positiveMatch\":true,\"type\":\"ipAddressCondition\",\"value\":[\"52.18.162.157\",\"54.247.44.196\",\"52.51.9.12\",\"20.67.250.109\"]}]}",
            "id": "116049:3e801593-b800-4f0f-b5ca-cb0fb9825fc6"
          },
          "sensitive_attributes": [],
          "private": "bnVsbA==",
          "dependencies": [
            "module.security.akamai_appsec_configuration.config",
            "module.security.akamai_botman_custom_bot_category.automatic_test_know",
            "module.security.akamai_botman_custom_bot_category.blocked_by_asn",
            "module.security.akamai_botman_custom_bot_category.custom_seo_bots",
            "module.security.akamai_botman_custom_bot_category.hostile_bots",
            "module.security.akamai_botman_custom_bot_category.internal_known_bots",
            "module.security.akamai_botman_custom_bot_category.internal_office",
            "module.security.akamai_botman_custom_bot_category.non_http2",
            "module.security.akamai_botman_custom_bot_category.security_bots",
            "module.security.akamai_botman_custom_bot_category.trusted_3rd_party_bots",
            "module.security.akamai_botman_custom_bot_category_sequence.custom_bot_category_sequence",
            "module.security.data.akamai_group.group"
          ]
        }
      ]
    },
    {
      "module": "module.security",
      "mode": "managed",
      "type": "akamai_botman_custom_defined_bot",
      "name": "coupa",
      "provider": "provider[\"registry.terraform.io/akamai/akamai\"]",
      "instances": [
        {
          "schema_version": 0,
          "attributes": {
            "bot_id": "ff767127-0f97-437d-8ffb-8502e9605c09",
            "config_id": 116049,
            "custom_defined_bot": "{\"botName\":\"Coupa\",\"categoryId\":\"20bd6299-324a-493a-8bde-13f91f93db98\",\"conditions\":[{\"checkIps\":\"CONNECTING\",\"positiveMatch\":true,\"type\":\"ipAddressCondition\",\"value\":[\"54.160.18.145\",\"54.237.22.143\",\"54.82.68.87\",\"54.83.205.196\",\"54.83.206.121\",\"54.83.206.99\",\"54.91.72.144\",\"75.101.135.143\",\"75.101.138.205\",\"107.20.174.167\",\"107.20.174.177\",\"107.20.174.184\",\"107.20.240.202\",\"107.20.250.110\",\"107.20.250.44\",\"107.20.88.1\",\"107.21.245.135\",\"107.21.245.137\",\"107.21.245.138\",\"107.22.249.25\",\"174.129.218.114\",\"174.129.221.185\",\"184.72.245.48\",\"184.72.245.50\",\"184.72.245.53\",\"184.72.249.69\",\"184.72.88.201\",\"184.73.170.127\",\"184.73.189.66\",\"184.73.219.218\",\"184.73.235.133\",\"184.73.244.248\",\"184.73.244.251\",\"184.73.245.25\",\"23.21.150.196\",\"23.23.177.14\",\"23.23.177.16\",\"23.23.177.21\",\"23.23.177.27\",\"23.23.177.29\",\"23.23.177.30\",\"23.23.177.47\",\"23.23.177.48\",\"23.23.177.49\",\"50.16.243.194\",\"50.16.243.195\",\"50.16.243.196\",\"50.16.243.201\",\"50.16.243.202\",\"50.16.243.203\",\"50.16.243.204\",\"50.16.243.205\",\"50.16.243.206\",\"50.16.87.82\",\"46.137.79.132\",\"46.137.79.134\",\"46.137.79.136\",\"46.137.98.131\",\"46.137.98.138\",\"54.235.152.47\",\"54.246.251.192/26\",\"54.247.94.220\",\"54.247.94.215\",\"54.247.93.79\",\"54.228.236.10\",\"54.93.127.0/25\",\"54.217.239.192/26\",\"52.215.250.0/26\",\"3.248.216.128/26\",\"3.251.106.0/25\",\"40.65.233.192/28\",\"40.65.242.192/28\",\"3.95.40.0/24\",\"34.239.145.192/26\",\"54.244.45.128/25\",\"54.236.3.0/25\",\"23.23.189.128/28\",\"23.23.79.0/25\",\"52.220.191.101\",\"52.220.191.96/27\",\"18.140.177.144/28\",\"18.141.66.192/27\"]}],\"description\":\"Coupa access to billboard\",\"notes\":\"ECOMKTLO-4285\"}",
            "id": "116049:ff767127-0f97-437d-8ffb-8502e9605c09"
          },
          "sensitive_attributes": [],
          "private": "bnVsbA==",
          "dependencies": [
            "module.security.akamai_appsec_configuration.config",
            "module.security.akamai_botman_custom_bot_category.automatic_test_know",
            "module.security.akamai_botman_custom_bot_category.blocked_by_asn",
            "module.security.akamai_botman_custom_bot_category.custom_seo_bots",
            "module.security.akamai_botman_custom_bot_category.hostile_bots",
            "module.security.akamai_botman_custom_bot_category.internal_known_bots",
            "module.security.akamai_botman_custom_bot_category.internal_office",
            "module.security.akamai_botman_custom_bot_category.non_http2",
            "module.security.akamai_botman_custom_bot_category.security_bots",
            "module.security.akamai_botman_custom_bot_category.trusted_3rd_party_bots",
            "module.security.akamai_botman_custom_bot_category_sequence.custom_bot_category_sequence",
            "module.security.data.akamai_group.group"
          ]
        }
      ]
    },
    {
      "module": "module.security",
      "mode": "managed",
      "type": "akamai_botman_custom_defined_bot",
      "name": "idealo",
      "provider": "provider[\"registry.terraform.io/akamai/akamai\"]",
      "instances": [
        {
          "schema_version": 0,
          "attributes": {
            "bot_id": "51792676-bbbb-4280-87d6-fb422f690a1d",
            "config_id": 116049,
            "custom_defined_bot": "{\"botName\":\"Idealo\",\"categoryId\":\"20bd6299-324a-493a-8bde-13f91f93db98\",\"conditions\":[{\"name\":[\"User-Agent\"],\"nameWildcard\":true,\"positiveMatch\":true,\"type\":\"requestHeaderCondition\",\"value\":[\"Mozilla/5.0 (compatible; idealo-bot pricevalidator; https://partner.idealo.com/de/bot/)\"],\"valueCase\":false,\"valueWildcard\":true},{\"checkIps\":\"CONNECTING\",\"positiveMatch\":true,\"type\":\"ipAddressCondition\",\"value\":[\"35.158.143.213\"]}],\"description\":\"Bot from partner.idealo.com\",\"ownerEmail\":\"vladimir.munoz@officedepot.eu\",\"ownerName\":\"Vladimir Munoz\"}",
            "id": "116049:51792676-bbbb-4280-87d6-fb422f690a1d"
          },
          "sensitive_attributes": [],
          "private": "bnVsbA==",
          "dependencies": [
            "module.security.akamai_appsec_configuration.config",
            "module.security.akamai_botman_custom_bot_category.automatic_test_know",
            "module.security.akamai_botman_custom_bot_category.blocked_by_asn",
            "module.security.akamai_botman_custom_bot_category.custom_seo_bots",
            "module.security.akamai_botman_custom_bot_category.hostile_bots",
            "module.security.akamai_botman_custom_bot_category.internal_known_bots",
            "module.security.akamai_botman_custom_bot_category.internal_office",
            "module.security.akamai_botman_custom_bot_category.non_http2",
            "module.security.akamai_botman_custom_bot_category.security_bots",
            "module.security.akamai_botman_custom_bot_category.trusted_3rd_party_bots",
            "module.security.akamai_botman_custom_bot_category_sequence.custom_bot_category_sequence",
            "module.security.data.akamai_group.group"
          ]
        }
      ]
    },
    {
      "module": "module.security",
      "mode": "managed",
      "type": "akamai_botman_custom_defined_bot",
      "name": "internal_office",
      "provider": "provider[\"registry.terraform.io/akamai/akamai\"]",
      "instances": [
        {
          "schema_version": 0,
          "attributes": {
            "bot_id": "68652c00-c668-43a6-ab36-8946a32b8922",
            "config_id": 116049,
            "custom_defined_bot": "{\"botName\":\"Internal office\",\"categoryId\":\"56384c73-1925-4476-8b61-e12f9d5f7069\",\"conditions\":[{\"checkIps\":\"CONNECTING\",\"positiveMatch\":true,\"type\":\"ipAddressCondition\",\"value\":[\"185.224.52.0/24\"]}]}",
            "id": "116049:68652c00-c668-43a6-ab36-8946a32b8922"
          },
          "sensitive_attributes": [],
          "private": "bnVsbA==",
          "dependencies": [
            "module.security.akamai_appsec_configuration.config",
            "module.security.akamai_botman_custom_bot_category.automatic_test_know",
            "module.security.akamai_botman_custom_bot_category.blocked_by_asn",
            "module.security.akamai_botman_custom_bot_category.custom_seo_bots",
            "module.security.akamai_botman_custom_bot_category.hostile_bots",
            "module.security.akamai_botman_custom_bot_category.internal_known_bots",
            "module.security.akamai_botman_custom_bot_category.internal_office",
            "module.security.akamai_botman_custom_bot_category.non_http2",
            "module.security.akamai_botman_custom_bot_category.security_bots",
            "module.security.akamai_botman_custom_bot_category.trusted_3rd_party_bots",
            "module.security.akamai_botman_custom_bot_category_sequence.custom_bot_category_sequence",
            "module.security.data.akamai_group.group"
          ]
        }
      ]
    },
    {
      "module": "module.security",
      "mode": "managed",
      "type": "akamai_botman_custom_defined_bot",
      "name": "its",
      "provider": "provider[\"registry.terraform.io/akamai/akamai\"]",
      "instances": [
        {
          "schema_version": 0,
          "attributes": {
            "bot_id": "b945222c-d1f2-42c4-bfb8-2b03ac89dab1",
            "config_id": 116049,
            "custom_defined_bot": "{\"botName\":\"ITS\",\"categoryId\":\"20bd6299-324a-493a-8bde-13f91f93db98\",\"conditions\":[{\"checkIps\":\"CONNECTING\",\"positiveMatch\":true,\"type\":\"ipAddressCondition\",\"value\":[\"45.84.22.169\"]}]}",
            "id": "116049:b945222c-d1f2-42c4-bfb8-2b03ac89dab1"
          },
          "sensitive_attributes": [],
          "private": "bnVsbA==",
          "dependencies": [
            "module.security.akamai_appsec_configuration.config",
            "module.security.akamai_botman_custom_bot_category.automatic_test_know",
            "module.security.akamai_botman_custom_bot_category.blocked_by_asn",
            "module.security.akamai_botman_custom_bot_category.custom_seo_bots",
            "module.security.akamai_botman_custom_bot_category.hostile_bots",
            "module.security.akamai_botman_custom_bot_category.internal_known_bots",
            "module.security.akamai_botman_custom_bot_category.internal_office",
            "module.security.akamai_botman_custom_bot_category.non_http2",
            "module.security.akamai_botman_custom_bot_category.security_bots",
            "module.security.akamai_botman_custom_bot_category.trusted_3rd_party_bots",
            "module.security.akamai_botman_custom_bot_category_sequence.custom_bot_category_sequence",
            "module.security.data.akamai_group.group"
          ]
        }
      ]
    },
    {
      "module": "module.security",
      "mode": "managed",
      "type": "akamai_botman_custom_defined_bot",
      "name": "know_internal_tes",
      "provider": "provider[\"registry.terraform.io/akamai/akamai\"]",
      "instances": [
        {
          "schema_version": 0,
          "attributes": {
            "bot_id": "1f30bcd0-8ab8-45dd-a676-832208879bfa",
            "config_id": 116049,
            "custom_defined_bot": "{\"botName\":\"Know internal Tes\",\"categoryId\":\"380c29e5-46f8-4493-bd89-f7b35e32e1cd\",\"conditions\":[{\"checkIps\":\"CONNECTING\",\"positiveMatch\":true,\"type\":\"ipAddressCondition\",\"value\":[\"52.213.246.122\"]}]}",
            "id": "116049:1f30bcd0-8ab8-45dd-a676-832208879bfa"
          },
          "sensitive_attributes": [],
          "private": "bnVsbA==",
          "dependencies": [
            "module.security.akamai_appsec_configuration.config",
            "module.security.akamai_botman_custom_bot_category.automatic_test_know",
            "module.security.akamai_botman_custom_bot_category.blocked_by_asn",
            "module.security.akamai_botman_custom_bot_category.custom_seo_bots",
            "module.security.akamai_botman_custom_bot_category.hostile_bots",
            "module.security.akamai_botman_custom_bot_category.internal_known_bots",
            "module.security.akamai_botman_custom_bot_category.internal_office",
            "module.security.akamai_botman_custom_bot_category.non_http2",
            "module.security.akamai_botman_custom_bot_category.security_bots",
            "module.security.akamai_botman_custom_bot_category.trusted_3rd_party_bots",
            "module.security.akamai_botman_custom_bot_category_sequence.custom_bot_category_sequence",
            "module.security.data.akamai_group.group"
          ]
        }
      ]
    },
    {
      "module": "module.security",
      "mode": "managed",
      "type": "akamai_botman_custom_defined_bot",
      "name": "multiasn",
      "provider": "provider[\"registry.terraform.io/akamai/akamai\"]",
      "instances": [
        {
          "schema_version": 0,
          "attributes": {
            "bot_id": "588405f6-3eff-446d-ae34-fdc5c5a6cd07",
            "config_id": 116049,
            "custom_defined_bot": "{\"botName\":\"MultiASN\",\"categoryId\":\"a77c3dc5-7e3c-4453-bf76-57a9b1535e5e\",\"conditions\":[{\"checkIps\":\"CONNECTING\",\"positiveMatch\":true,\"type\":\"asNumberCondition\",\"value\":[\"32748\",\"46261\",\"36352\",\"206092\",\"62904\",\"8100\",\"397731\"]}],\"description\":\"Javascript anomaly using multiple ASN\"}",
            "id": "116049:588405f6-3eff-446d-ae34-fdc5c5a6cd07"
          },
          "sensitive_attributes": [],
          "private": "bnVsbA==",
          "dependencies": [
            "module.security.akamai_appsec_configuration.config",
            "module.security.akamai_botman_custom_bot_category.automatic_test_know",
            "module.security.akamai_botman_custom_bot_category.blocked_by_asn",
            "module.security.akamai_botman_custom_bot_category.custom_seo_bots",
            "module.security.akamai_botman_custom_bot_category.hostile_bots",
            "module.security.akamai_botman_custom_bot_category.internal_known_bots",
            "module.security.akamai_botman_custom_bot_category.internal_office",
            "module.security.akamai_botman_custom_bot_category.non_http2",
            "module.security.akamai_botman_custom_bot_category.security_bots",
            "module.security.akamai_botman_custom_bot_category.trusted_3rd_party_bots",
            "module.security.akamai_botman_custom_bot_category_sequence.custom_bot_category_sequence",
            "module.security.data.akamai_group.group"
          ]
        }
      ]
    },
    {
      "module": "module.security",
      "mode": "managed",
      "type": "akamai_botman_custom_defined_bot",
      "name": "non_http2_conection",
      "provider": "provider[\"registry.terraform.io/akamai/akamai\"]",
      "instances": [
        {
          "schema_version": 0,
          "attributes": {
            "bot_id": "1ef200cf-5d73-4d04-9ee0-3c506f407b40",
            "config_id": 116049,
            "custom_defined_bot": "{\"botName\":\"Non HTTP2 conection\",\"categoryId\":\"b4398c81-ec9c-45c4-812e-e82df266a0d1\",\"conditions\":[{\"positiveMatch\":false,\"type\":\"requestProtocolVersionCondition\",\"value\":[\"HTTP/2\"]}]}",
            "id": "116049:1ef200cf-5d73-4d04-9ee0-3c506f407b40"
          },
          "sensitive_attributes": [],
          "private": "bnVsbA==",
          "dependencies": [
            "module.security.akamai_appsec_configuration.config",
            "module.security.akamai_botman_custom_bot_category.automatic_test_know",
            "module.security.akamai_botman_custom_bot_category.blocked_by_asn",
            "module.security.akamai_botman_custom_bot_category.custom_seo_bots",
            "module.security.akamai_botman_custom_bot_category.hostile_bots",
            "module.security.akamai_botman_custom_bot_category.internal_known_bots",
            "module.security.akamai_botman_custom_bot_category.internal_office",
            "module.security.akamai_botman_custom_bot_category.non_http2",
            "module.security.akamai_botman_custom_bot_category.security_bots",
            "module.security.akamai_botman_custom_bot_category.trusted_3rd_party_bots",
            "module.security.akamai_botman_custom_bot_category_sequence.custom_bot_category_sequence",
            "module.security.data.akamai_group.group"
          ]
        }
      ]
    },
    {
      "module": "module.security",
      "mode": "managed",
      "type": "akamai_botman_custom_defined_bot",
      "name": "onetrust",
      "provider": "provider[\"registry.terraform.io/akamai/akamai\"]",
      "instances": [
        {
          "schema_version": 0,
          "attributes": {
            "bot_id": "5564cf71-4cfd-4a09-991c-2ed3e38a4161",
            "config_id": 116049,
            "custom_defined_bot": "{\"botName\":\"OneTrust\",\"categoryId\":\"20bd6299-324a-493a-8bde-13f91f93db98\",\"conditions\":[{\"checkIps\":\"CONNECTING\",\"positiveMatch\":true,\"type\":\"ipAddressCondition\",\"value\":[\"20.1.221.192/29\",\"20.54.106.120/29\",\"20.103.218.56/29\",\"20.106.15.128/29\"]}]}",
            "id": "116049:5564cf71-4cfd-4a09-991c-2ed3e38a4161"
          },
          "sensitive_attributes": [],
          "private": "bnVsbA==",
          "dependencies": [
            "module.security.akamai_appsec_configuration.config",
            "module.security.akamai_botman_custom_bot_category.automatic_test_know",
            "module.security.akamai_botman_custom_bot_category.blocked_by_asn",
            "module.security.akamai_botman_custom_bot_category.custom_seo_bots",
            "module.security.akamai_botman_custom_bot_category.hostile_bots",
            "module.security.akamai_botman_custom_bot_category.internal_known_bots",
            "module.security.akamai_botman_custom_bot_category.internal_office",
            "module.security.akamai_botman_custom_bot_category.non_http2",
            "module.security.akamai_botman_custom_bot_category.security_bots",
            "module.security.akamai_botman_custom_bot_category.trusted_3rd_party_bots",
            "module.security.akamai_botman_custom_bot_category_sequence.custom_bot_category_sequence",
            "module.security.data.akamai_group.group"
          ]
        }
      ]
    },
    {
      "module": "module.security",
      "mode": "managed",
      "type": "akamai_botman_custom_defined_bot",
      "name": "page_speed_insights",
      "provider": "provider[\"registry.terraform.io/akamai/akamai\"]",
      "instances": [
        {
          "schema_version": 0,
          "attributes": {
            "bot_id": "9577c4b8-b985-4eb3-b547-a9410fbf90e2",
            "config_id": 116049,
            "custom_defined_bot": "{\"botName\":\"page speed insights\",\"categoryId\":\"6941822e-084e-42b4-9179-27d5a800d937\",\"conditions\":[{\"checkIps\":\"CONNECTING\",\"positiveMatch\":true,\"type\":\"asNumberCondition\",\"value\":[\"15169\"]},{\"name\":[\"User-Agent\"],\"nameWildcard\":true,\"positiveMatch\":true,\"type\":\"requestHeaderCondition\",\"value\":[\"Mozilla/5.0 (Linux; Android 7.0; Moto G (4)) AppleWebKit/537.36 (KHTML, like Gecko) Chrome/84.0.4143.7 Mobile Safari/537.36 Chrome-Lighthouse\",\"Mozilla/5.0 (Macintosh; Intel Mac OS X 10_14_6) AppleWebKit/537.36 (KHTML, like Gecko) Chrome/84.0.4143.7 Safari/537.36 Chrome-Lighthouse\"],\"valueCase\":false,\"valueWildcard\":true}]}",
            "id": "116049:9577c4b8-b985-4eb3-b547-a9410fbf90e2"
          },
          "sensitive_attributes": [],
          "private": "bnVsbA==",
          "dependencies": [
            "module.security.akamai_appsec_configuration.config",
            "module.security.akamai_botman_custom_bot_category.automatic_test_know",
            "module.security.akamai_botman_custom_bot_category.blocked_by_asn",
            "module.security.akamai_botman_custom_bot_category.custom_seo_bots",
            "module.security.akamai_botman_custom_bot_category.hostile_bots",
            "module.security.akamai_botman_custom_bot_category.internal_known_bots",
            "module.security.akamai_botman_custom_bot_category.internal_office",
            "module.security.akamai_botman_custom_bot_category.non_http2",
            "module.security.akamai_botman_custom_bot_category.security_bots",
            "module.security.akamai_botman_custom_bot_category.trusted_3rd_party_bots",
            "module.security.akamai_botman_custom_bot_category_sequence.custom_bot_category_sequence",
            "module.security.data.akamai_group.group"
          ]
        }
      ]
    },
    {
      "module": "module.security",
      "mode": "managed",
      "type": "akamai_botman_custom_defined_bot",
      "name": "princegb",
      "provider": "provider[\"registry.terraform.io/akamai/akamai\"]",
      "instances": [
        {
          "schema_version": 0,
          "attributes": {
            "bot_id": "c4234982-8e11-450f-b1f2-570a60723335",
            "config_id": 116049,
            "custom_defined_bot": "{\"botName\":\"princeGB\",\"categoryId\":\"27b0974b-30ea-4980-9507-1e4ee547fe76\",\"conditions\":[{\"name\":[\"Referer\"],\"nameWildcard\":true,\"positiveMatch\":true,\"type\":\"requestHeaderCondition\",\"value\":[\"https://www.viking-direct.co.uk/en/checkout/multi/review\"],\"valueCase\":false,\"valueWildcard\":true},{\"checkIps\":\"CONNECTING\",\"positiveMatch\":true,\"type\":\"asNumberCondition\",\"value\":[\"25369\",\"62240\"]},{\"name\":[\"User-Agent\"],\"nameWildcard\":true,\"positiveMatch\":true,\"type\":\"requestHeaderCondition\",\"value\":[\"Mozilla/5.0 (Macintosh; Intel Mac OS X 10.15; rv:1??.0) Gecko/20100101 Firefox/1??.0\"],\"valueCase\":false,\"valueWildcard\":true}],\"description\":\"Fraud requests from PrinceGB\"}",
            "id": "116049:c4234982-8e11-450f-b1f2-570a60723335"
          },
          "sensitive_attributes": [],
          "private": "bnVsbA==",
          "dependencies": [
            "module.security.akamai_appsec_configuration.config",
            "module.security.akamai_botman_custom_bot_category.automatic_test_know",
            "module.security.akamai_botman_custom_bot_category.blocked_by_asn",
            "module.security.akamai_botman_custom_bot_category.custom_seo_bots",
            "module.security.akamai_botman_custom_bot_category.hostile_bots",
            "module.security.akamai_botman_custom_bot_category.internal_known_bots",
            "module.security.akamai_botman_custom_bot_category.internal_office",
            "module.security.akamai_botman_custom_bot_category.non_http2",
            "module.security.akamai_botman_custom_bot_category.security_bots",
            "module.security.akamai_botman_custom_bot_category.trusted_3rd_party_bots",
            "module.security.akamai_botman_custom_bot_category_sequence.custom_bot_category_sequence",
            "module.security.data.akamai_group.group"
          ]
        }
      ]
    },
    {
      "module": "module.security",
      "mode": "managed",
      "type": "akamai_botman_custom_defined_bot",
      "name": "screaming_frog",
      "provider": "provider[\"registry.terraform.io/akamai/akamai\"]",
      "instances": [
        {
          "schema_version": 0,
          "attributes": {
            "bot_id": "bbd3a36a-8232-49f5-a976-572a0689ccf8",
            "config_id": 116049,
            "custom_defined_bot": "{\"botName\":\"Screaming Frog\",\"categoryId\":\"20bd6299-324a-493a-8bde-13f91f93db98\",\"conditions\":[{\"name\":[\"User-Agent\"],\"nameWildcard\":true,\"positiveMatch\":true,\"type\":\"requestHeaderCondition\",\"value\":[\"Screaming Frog SEO Spider/*\"],\"valueCase\":false,\"valueWildcard\":true}],\"description\":\"Screaming frog spider\",\"ownerName\":\"Jeroen Camminga\"}",
            "id": "116049:bbd3a36a-8232-49f5-a976-572a0689ccf8"
          },
          "sensitive_attributes": [],
          "private": "bnVsbA==",
          "dependencies": [
            "module.security.akamai_appsec_configuration.config",
            "module.security.akamai_botman_custom_bot_category.automatic_test_know",
            "module.security.akamai_botman_custom_bot_category.blocked_by_asn",
            "module.security.akamai_botman_custom_bot_category.custom_seo_bots",
            "module.security.akamai_botman_custom_bot_category.hostile_bots",
            "module.security.akamai_botman_custom_bot_category.internal_known_bots",
            "module.security.akamai_botman_custom_bot_category.internal_office",
            "module.security.akamai_botman_custom_bot_category.non_http2",
            "module.security.akamai_botman_custom_bot_category.security_bots",
            "module.security.akamai_botman_custom_bot_category.trusted_3rd_party_bots",
            "module.security.akamai_botman_custom_bot_category_sequence.custom_bot_category_sequence",
            "module.security.data.akamai_group.group"
          ]
        }
      ]
    },
    {
      "module": "module.security",
      "mode": "managed",
      "type": "akamai_botman_custom_defined_bot",
      "name": "searchmetrics",
      "provider": "provider[\"registry.terraform.io/akamai/akamai\"]",
      "instances": [
        {
          "schema_version": 0,
          "attributes": {
            "bot_id": "95f8cff7-7b83-4077-9fee-9c3a1911c8fa",
            "config_id": 116049,
            "custom_defined_bot": "{\"botName\":\"Searchmetrics\",\"categoryId\":\"6941822e-084e-42b4-9179-27d5a800d937\",\"conditions\":[{\"checkIps\":\"CONNECTING\",\"positiveMatch\":true,\"type\":\"asNumberCondition\",\"value\":[\"24940\"]},{\"name\":[\"User-Agent\"],\"nameWildcard\":true,\"positiveMatch\":true,\"type\":\"requestHeaderCondition\",\"value\":[\"Mozilla/5.0 (compatible; SearchmetricsBot*\"],\"valueCase\":false,\"valueWildcard\":true}]}",
            "id": "116049:95f8cff7-7b83-4077-9fee-9c3a1911c8fa"
          },
          "sensitive_attributes": [],
          "private": "bnVsbA==",
          "dependencies": [
            "module.security.akamai_appsec_configuration.config",
            "module.security.akamai_botman_custom_bot_category.automatic_test_know",
            "module.security.akamai_botman_custom_bot_category.blocked_by_asn",
            "module.security.akamai_botman_custom_bot_category.custom_seo_bots",
            "module.security.akamai_botman_custom_bot_category.hostile_bots",
            "module.security.akamai_botman_custom_bot_category.internal_known_bots",
            "module.security.akamai_botman_custom_bot_category.internal_office",
            "module.security.akamai_botman_custom_bot_category.non_http2",
            "module.security.akamai_botman_custom_bot_category.security_bots",
            "module.security.akamai_botman_custom_bot_category.trusted_3rd_party_bots",
            "module.security.akamai_botman_custom_bot_category_sequence.custom_bot_category_sequence",
            "module.security.data.akamai_group.group"
          ]
        }
      ]
    },
    {
      "module": "module.security",
      "mode": "managed",
      "type": "akamai_botman_custom_defined_bot",
      "name": "semrush",
      "provider": "provider[\"registry.terraform.io/akamai/akamai\"]",
      "instances": [
        {
          "schema_version": 0,
          "attributes": {
            "bot_id": "0257b8fe-2010-4aca-b685-2e2c46203788",
            "config_id": 116049,
            "custom_defined_bot": "{\"botName\":\"Semrush\",\"categoryId\":\"6941822e-084e-42b4-9179-27d5a800d937\",\"conditions\":[{\"checkIps\":\"CONNECTING\",\"positiveMatch\":true,\"type\":\"asNumberCondition\",\"value\":[\"209366\"]},{\"name\":[\"User-Agent\"],\"nameWildcard\":true,\"positiveMatch\":true,\"type\":\"requestHeaderCondition\",\"value\":[\"*SemrushBot*\"],\"valueCase\":false,\"valueWildcard\":true}]}",
            "id": "116049:0257b8fe-2010-4aca-b685-2e2c46203788"
          },
          "sensitive_attributes": [],
          "private": "bnVsbA==",
          "dependencies": [
            "module.security.akamai_appsec_configuration.config",
            "module.security.akamai_botman_custom_bot_category.automatic_test_know",
            "module.security.akamai_botman_custom_bot_category.blocked_by_asn",
            "module.security.akamai_botman_custom_bot_category.custom_seo_bots",
            "module.security.akamai_botman_custom_bot_category.hostile_bots",
            "module.security.akamai_botman_custom_bot_category.internal_known_bots",
            "module.security.akamai_botman_custom_bot_category.internal_office",
            "module.security.akamai_botman_custom_bot_category.non_http2",
            "module.security.akamai_botman_custom_bot_category.security_bots",
            "module.security.akamai_botman_custom_bot_category.trusted_3rd_party_bots",
            "module.security.akamai_botman_custom_bot_category_sequence.custom_bot_category_sequence",
            "module.security.data.akamai_group.group"
          ]
        }
      ]
    },
    {
      "module": "module.security",
      "mode": "managed",
      "type": "akamai_botman_custom_defined_bot",
      "name": "site24x7",
      "provider": "provider[\"registry.terraform.io/akamai/akamai\"]",
      "instances": [
        {
          "schema_version": 0,
          "attributes": {
            "bot_id": "f3ecee92-4361-42a1-81ff-4883bae14db6",
            "config_id": 116049,
            "custom_defined_bot": "{\"botName\":\"Site24x7\",\"categoryId\":\"20bd6299-324a-493a-8bde-13f91f93db98\",\"conditions\":[{\"name\":[\"User-Agent\"],\"nameWildcard\":true,\"positiveMatch\":true,\"type\":\"requestHeaderCondition\",\"value\":[\"Site24x7\"],\"valueCase\":false,\"valueWildcard\":true}],\"description\":\"Monitoring tool from ManageEngine\"}",
            "id": "116049:f3ecee92-4361-42a1-81ff-4883bae14db6"
          },
          "sensitive_attributes": [],
          "private": "bnVsbA==",
          "dependencies": [
            "module.security.akamai_appsec_configuration.config",
            "module.security.akamai_botman_custom_bot_category.automatic_test_know",
            "module.security.akamai_botman_custom_bot_category.blocked_by_asn",
            "module.security.akamai_botman_custom_bot_category.custom_seo_bots",
            "module.security.akamai_botman_custom_bot_category.hostile_bots",
            "module.security.akamai_botman_custom_bot_category.internal_known_bots",
            "module.security.akamai_botman_custom_bot_category.internal_office",
            "module.security.akamai_botman_custom_bot_category.non_http2",
            "module.security.akamai_botman_custom_bot_category.security_bots",
            "module.security.akamai_botman_custom_bot_category.trusted_3rd_party_bots",
            "module.security.akamai_botman_custom_bot_category_sequence.custom_bot_category_sequence",
            "module.security.data.akamai_group.group"
          ]
        }
      ]
    },
    {
      "module": "module.security",
      "mode": "managed",
      "type": "akamai_botman_custom_defined_bot",
      "name": "spammers",
      "provider": "provider[\"registry.terraform.io/akamai/akamai\"]",
      "instances": [
        {
          "schema_version": 0,
          "attributes": {
            "bot_id": "edc69dc0-7dbf-4d52-a321-27510d2111af",
            "config_id": 116049,
            "custom_defined_bot": "{\"botName\":\"spammers\",\"categoryId\":\"27b0974b-30ea-4980-9507-1e4ee547fe76\",\"conditions\":[{\"checkIps\":\"CONNECTING\",\"positiveMatch\":true,\"type\":\"asNumberCondition\",\"value\":[\"53755\",\"11572\",\"265850\",\"263179\",\"46261\"]},{\"name\":[\"User-Agent\"],\"nameWildcard\":true,\"positiveMatch\":true,\"type\":\"requestHeaderCondition\",\"value\":[\"Mozilla/5.0 (Macintosh; Intel Mac OS X 10_12_6) AppleWebKit/537.36 (KHTML, like Gecko) Chrome/65.0.3325.181 Safari/537.36\"],\"valueCase\":false,\"valueWildcard\":true},{\"name\":[\"Host\"],\"nameWildcard\":true,\"positiveMatch\":true,\"type\":\"requestHeaderCondition\",\"value\":[\"www.vikingdirekt.ch\"],\"valueCase\":false,\"valueWildcard\":true}],\"description\":\"spammers abusing email webform\",\"notes\":\"Input_Output _Flood\\nTELEIUM SA\\nPaetec Communications\\nWebline Services, S.A.\\nQuickPacket, LLC\"}",
            "id": "116049:edc69dc0-7dbf-4d52-a321-27510d2111af"
          },
          "sensitive_attributes": [],
          "private": "bnVsbA==",
          "dependencies": [
            "module.security.akamai_appsec_configuration.config",
            "module.security.akamai_botman_custom_bot_category.automatic_test_know",
            "module.security.akamai_botman_custom_bot_category.blocked_by_asn",
            "module.security.akamai_botman_custom_bot_category.custom_seo_bots",
            "module.security.akamai_botman_custom_bot_category.hostile_bots",
            "module.security.akamai_botman_custom_bot_category.internal_known_bots",
            "module.security.akamai_botman_custom_bot_category.internal_office",
            "module.security.akamai_botman_custom_bot_category.non_http2",
            "module.security.akamai_botman_custom_bot_category.security_bots",
            "module.security.akamai_botman_custom_bot_category.trusted_3rd_party_bots",
            "module.security.akamai_botman_custom_bot_category_sequence.custom_bot_category_sequence",
            "module.security.data.akamai_group.group"
          ]
        }
      ]
    },
    {
      "module": "module.security",
      "mode": "managed",
      "type": "akamai_botman_custom_defined_bot",
      "name": "thumbortwicpics",
      "provider": "provider[\"registry.terraform.io/akamai/akamai\"]",
      "instances": [
        {
          "schema_version": 0,
          "attributes": {
            "bot_id": "7a7c2de7-0f21-4a99-b96d-d877f740297d",
            "config_id": 116049,
            "custom_defined_bot": "{\"botName\":\"Thumbor-Twicpics\",\"categoryId\":\"20bd6299-324a-493a-8bde-13f91f93db98\",\"conditions\":[{\"name\":[\"User-Agent\"],\"nameWildcard\":true,\"positiveMatch\":true,\"type\":\"requestHeaderCondition\",\"value\":[\"Thumbor/*\"],\"valueCase\":false,\"valueWildcard\":true}],\"description\":\"Thumbor related bot\"}",
            "id": "116049:7a7c2de7-0f21-4a99-b96d-d877f740297d"
          },
          "sensitive_attributes": [],
          "private": "bnVsbA==",
          "dependencies": [
            "module.security.akamai_appsec_configuration.config",
            "module.security.akamai_botman_custom_bot_category.automatic_test_know",
            "module.security.akamai_botman_custom_bot_category.blocked_by_asn",
            "module.security.akamai_botman_custom_bot_category.custom_seo_bots",
            "module.security.akamai_botman_custom_bot_category.hostile_bots",
            "module.security.akamai_botman_custom_bot_category.internal_known_bots",
            "module.security.akamai_botman_custom_bot_category.internal_office",
            "module.security.akamai_botman_custom_bot_category.non_http2",
            "module.security.akamai_botman_custom_bot_category.security_bots",
            "module.security.akamai_botman_custom_bot_category.trusted_3rd_party_bots",
            "module.security.akamai_botman_custom_bot_category_sequence.custom_bot_category_sequence",
            "module.security.data.akamai_group.group"
          ]
        }
      ]
    },
    {
      "module": "module.security",
      "mode": "managed",
      "type": "akamai_botman_custom_defined_bot",
      "name": "topsec",
      "provider": "provider[\"registry.terraform.io/akamai/akamai\"]",
      "instances": [
        {
          "schema_version": 0,
          "attributes": {
            "bot_id": "c3106c08-b535-459a-ad0d-c8ed7205b293",
            "config_id": 116049,
            "custom_defined_bot": "{\"botName\":\"TopSec\",\"categoryId\":\"ffbc2879-6ae8-48f4-846f-41b8db3c5528\",\"conditions\":[{\"name\":[\"User-Agent\"],\"nameWildcard\":true,\"positiveMatch\":true,\"type\":\"requestHeaderCondition\",\"value\":[\"Python/* aiohttp/*\"],\"valueCase\":false,\"valueWildcard\":true},{\"checkIps\":\"CONNECTING\",\"positiveMatch\":true,\"type\":\"ipAddressCondition\",\"value\":[\"142.93.105.243\",\"64.226.104.15\",\"178.128.192.152\",\"64.226.116.128\",\"64.226.98.115\",\"142.93.109.76\"]}],\"description\":\"TopSec.com\"}",
            "id": "116049:c3106c08-b535-459a-ad0d-c8ed7205b293"
          },
          "sensitive_attributes": [],
          "private": "bnVsbA==",
          "dependencies": [
            "module.security.akamai_appsec_configuration.config",
            "module.security.akamai_botman_custom_bot_category.automatic_test_know",
            "module.security.akamai_botman_custom_bot_category.blocked_by_asn",
            "module.security.akamai_botman_custom_bot_category.custom_seo_bots",
            "module.security.akamai_botman_custom_bot_category.hostile_bots",
            "module.security.akamai_botman_custom_bot_category.internal_known_bots",
            "module.security.akamai_botman_custom_bot_category.internal_office",
            "module.security.akamai_botman_custom_bot_category.non_http2",
            "module.security.akamai_botman_custom_bot_category.security_bots",
            "module.security.akamai_botman_custom_bot_category.trusted_3rd_party_bots",
            "module.security.akamai_botman_custom_bot_category_sequence.custom_bot_category_sequence",
            "module.security.data.akamai_group.group"
          ]
        }
      ]
    },
    {
      "module": "module.security",
      "mode": "managed",
      "type": "akamai_botman_custom_defined_bot",
      "name": "ugam",
      "provider": "provider[\"registry.terraform.io/akamai/akamai\"]",
      "instances": [
        {
          "schema_version": 0,
          "attributes": {
            "bot_id": "f210e6b8-b26e-49b3-ab5a-7b552587d3b9",
            "config_id": 116049,
            "custom_defined_bot": "{\"botName\":\"Ugam\",\"categoryId\":\"20bd6299-324a-493a-8bde-13f91f93db98\",\"conditions\":[{\"checkIps\":\"CONNECTING\",\"positiveMatch\":true,\"type\":\"ipAddressCondition\",\"value\":[\"52.204.100.54\",\"54.211.35.154\",\"54.221.245.30\"]}],\"description\":\"HP's web scoring provider\",\"notes\":\"TASK5165867\",\"ownerName\":\"Alemka Lacevic/Senthil Subramanian\"}",
            "id": "116049:f210e6b8-b26e-49b3-ab5a-7b552587d3b9"
          },
          "sensitive_attributes": [],
          "private": "bnVsbA==",
          "dependencies": [
            "module.security.akamai_appsec_configuration.config",
            "module.security.akamai_botman_custom_bot_category.automatic_test_know",
            "module.security.akamai_botman_custom_bot_category.blocked_by_asn",
            "module.security.akamai_botman_custom_bot_category.custom_seo_bots",
            "module.security.akamai_botman_custom_bot_category.hostile_bots",
            "module.security.akamai_botman_custom_bot_category.internal_known_bots",
            "module.security.akamai_botman_custom_bot_category.internal_office",
            "module.security.akamai_botman_custom_bot_category.non_http2",
            "module.security.akamai_botman_custom_bot_category.security_bots",
            "module.security.akamai_botman_custom_bot_category.trusted_3rd_party_bots",
            "module.security.akamai_botman_custom_bot_category_sequence.custom_bot_category_sequence",
            "module.security.data.akamai_group.group"
          ]
        }
      ]
    },
    {
      "module": "module.security",
      "mode": "managed",
      "type": "akamai_botman_custom_defined_bot",
      "name": "visualcron",
      "provider": "provider[\"registry.terraform.io/akamai/akamai\"]",
      "instances": [
        {
          "schema_version": 0,
          "attributes": {
            "bot_id": "18c3e953-12ea-42a4-88ba-33627b144414",
            "config_id": 116049,
            "custom_defined_bot": "{\"botName\":\"VisualCron\",\"categoryId\":\"20bd6299-324a-493a-8bde-13f91f93db98\",\"conditions\":[{\"checkIps\":\"CONNECTING\",\"positiveMatch\":true,\"type\":\"asNumberCondition\",\"value\":[\"15456\"]},{\"name\":[\"User-Agent\"],\"nameWildcard\":true,\"positiveMatch\":true,\"type\":\"requestHeaderCondition\",\"value\":[\"VisualCron\"],\"valueCase\":false,\"valueWildcard\":true}]}",
            "id": "116049:18c3e953-12ea-42a4-88ba-33627b144414"
          },
          "sensitive_attributes": [],
          "private": "bnVsbA==",
          "dependencies": [
            "module.security.akamai_appsec_configuration.config",
            "module.security.akamai_botman_custom_bot_category.automatic_test_know",
            "module.security.akamai_botman_custom_bot_category.blocked_by_asn",
            "module.security.akamai_botman_custom_bot_category.custom_seo_bots",
            "module.security.akamai_botman_custom_bot_category.hostile_bots",
            "module.security.akamai_botman_custom_bot_category.internal_known_bots",
            "module.security.akamai_botman_custom_bot_category.internal_office",
            "module.security.akamai_botman_custom_bot_category.non_http2",
            "module.security.akamai_botman_custom_bot_category.security_bots",
            "module.security.akamai_botman_custom_bot_category.trusted_3rd_party_bots",
            "module.security.akamai_botman_custom_bot_category_sequence.custom_bot_category_sequence",
            "module.security.data.akamai_group.group"
          ]
        }
      ]
    }
  ],
  "check_results": null
}
