{
  "version": 4,
  "terraform_version": "1.14.0",
  "serial": 125,
  "lineage": "b2788584-6069-08d4-84ce-d1822555e983",
  "outputs": {
    "config_id": {
      "value": 121010,
      "type": "number"
    },
    "security_policy_id": {
      "value": "main_317032",
      "type": "string"
    }
  },
  "resources": [
    {
      "mode": "data",
      "type": "akamai_contract",
      "name": "contract",
      "provider": "provider[\"registry.terraform.io/akamai/akamai\"]",
      "instances": [
        {
          "schema_version": 0,
          "attributes": {
            "group_id": "grp_303910",
            "group_name": "SBAB Bank AB-V-601G66E",
            "id": "ctr_V-601G66E"
          },
          "sensitive_attributes": [],
          "identity_schema_version": 0
        }
      ]
    },
    {
      "module": "module.botman[0]",
      "mode": "managed",
      "type": "akamai_botman_akamai_bot_category_action",
      "name": "tfdemo_academic_or_research_bots_0c508e1d-73a4-4366-9e48-3c4a080f1c5d",
      "provider": "provider[\"registry.terraform.io/akamai/akamai\"]",
      "instances": [
        {
          "schema_version": 0,
          "attributes": {
            "akamai_bot_category_action": "{\"action\":\"monitor\"}",
            "category_id": "0c508e1d-73a4-4366-9e48-3c4a080f1c5d",
            "config_id": 121010,
            "id": "121010:main_317032:0c508e1d-73a4-4366-9e48-3c4a080f1c5d",
            "security_policy_id": "main_317032"
          },
          "sensitive_attributes": [],
          "identity_schema_version": 0,
          "private": "bnVsbA==",
          "dependencies": [
            "data.akamai_contract.contract",
            "module.client-lists.akamai_clientlist_list.client-lists-geoblock-list",
            "module.client-lists.akamai_clientlist_list.client-lists-ipblock",
            "module.client-lists.akamai_clientlist_list.client-lists-ipblock-list-exceptions",
            "module.client-lists.akamai_clientlist_list.client-lists-pragmabypass-list",
            "module.client-lists.akamai_clientlist_list.client-lists-rcbypass-list",
            "module.client-lists.akamai_clientlist_list.client-lists-securitybypass-list",
            "module.security.akamai_appsec_advanced_settings_attack_payload_logging.attack_payload_logging",
            "module.security.akamai_appsec_advanced_settings_evasive_path_match.evasive_path_match",
            "module.security.akamai_appsec_advanced_settings_logging.logging",
            "module.security.akamai_appsec_advanced_settings_pii_learning.pii_learning",
            "module.security.akamai_appsec_advanced_settings_pragma_header.pragma_header",
            "module.security.akamai_appsec_advanced_settings_prefetch.prefetch",
            "module.security.akamai_appsec_advanced_settings_request_body.config_settings",
            "module.security.akamai_appsec_api_constraints_protection.tfdemo",
            "module.security.akamai_appsec_attack_group.tfdemo_CMD",
            "module.security.akamai_appsec_attack_group.tfdemo_LFI",
            "module.security.akamai_appsec_attack_group.tfdemo_PLATFORM",
            "module.security.akamai_appsec_attack_group.tfdemo_POLICY",
            "module.security.akamai_appsec_attack_group.tfdemo_PROTOCOL",
            "module.security.akamai_appsec_attack_group.tfdemo_RFI",
            "module.security.akamai_appsec_attack_group.tfdemo_SQL",
            "module.security.akamai_appsec_attack_group.tfdemo_WAT",
            "module.security.akamai_appsec_attack_group.tfdemo_XSS",
            "module.security.akamai_appsec_configuration.config",
            "module.security.akamai_appsec_ip_geo.tfdemo",
            "module.security.akamai_appsec_ip_geo_protection.tfdemo",
            "module.security.akamai_appsec_malware_protection.tfdemo",
            "module.security.akamai_appsec_match_target.website_8232297",
            "module.security.akamai_appsec_penalty_box.tfdemo",
            "module.security.akamai_appsec_rate_policy.origin_error",
            "module.security.akamai_appsec_rate_policy.page_view_requests",
            "module.security.akamai_appsec_rate_policy.post_page_requests",
            "module.security.akamai_appsec_rate_policy_action.tfdemo_origin_error",
            "module.security.akamai_appsec_rate_policy_action.tfdemo_page_view_requests",
            "module.security.akamai_appsec_rate_policy_action.tfdemo_post_page_requests",
            "module.security.akamai_appsec_rate_protection.tfdemo",
            "module.security.akamai_appsec_security_policy.tfdemo",
            "module.security.akamai_appsec_slow_post.tfdemo",
            "module.security.akamai_appsec_slowpost_protection.tfdemo",
            "module.security.akamai_appsec_version_notes.version_notes",
            "module.security.akamai_appsec_waf_mode.tfdemo",
            "module.security.akamai_appsec_waf_protection.tfdemo",
            "module.security.data.akamai_group.group",
            "module.security.random_string.secret_header",
            "module.security.time_sleep.wait1",
            "module.security.time_sleep.wait2"
          ]
        }
      ]
    },
    {
      "module": "module.botman[0]",
      "mode": "managed",
      "type": "akamai_botman_akamai_bot_category_action",
      "name": "tfdemo_artificial_intelligence_ai_bots_352fca87-71ee-4b8d-ae15-d36772556072",
      "provider": "provider[\"registry.terraform.io/akamai/akamai\"]",
      "instances": [
        {
          "schema_version": 0,
          "attributes": {
            "akamai_bot_category_action": "{\"action\":\"monitor\"}",
            "category_id": "352fca87-71ee-4b8d-ae15-d36772556072",
            "config_id": 121010,
            "id": "121010:main_317032:352fca87-71ee-4b8d-ae15-d36772556072",
            "security_policy_id": "main_317032"
          },
          "sensitive_attributes": [],
          "identity_schema_version": 0,
          "private": "bnVsbA==",
          "dependencies": [
            "data.akamai_contract.contract",
            "module.client-lists.akamai_clientlist_list.client-lists-geoblock-list",
            "module.client-lists.akamai_clientlist_list.client-lists-ipblock",
            "module.client-lists.akamai_clientlist_list.client-lists-ipblock-list-exceptions",
            "module.client-lists.akamai_clientlist_list.client-lists-pragmabypass-list",
            "module.client-lists.akamai_clientlist_list.client-lists-rcbypass-list",
            "module.client-lists.akamai_clientlist_list.client-lists-securitybypass-list",
            "module.security.akamai_appsec_advanced_settings_attack_payload_logging.attack_payload_logging",
            "module.security.akamai_appsec_advanced_settings_evasive_path_match.evasive_path_match",
            "module.security.akamai_appsec_advanced_settings_logging.logging",
            "module.security.akamai_appsec_advanced_settings_pii_learning.pii_learning",
            "module.security.akamai_appsec_advanced_settings_pragma_header.pragma_header",
            "module.security.akamai_appsec_advanced_settings_prefetch.prefetch",
            "module.security.akamai_appsec_advanced_settings_request_body.config_settings",
            "module.security.akamai_appsec_api_constraints_protection.tfdemo",
            "module.security.akamai_appsec_attack_group.tfdemo_CMD",
            "module.security.akamai_appsec_attack_group.tfdemo_LFI",
            "module.security.akamai_appsec_attack_group.tfdemo_PLATFORM",
            "module.security.akamai_appsec_attack_group.tfdemo_POLICY",
            "module.security.akamai_appsec_attack_group.tfdemo_PROTOCOL",
            "module.security.akamai_appsec_attack_group.tfdemo_RFI",
            "module.security.akamai_appsec_attack_group.tfdemo_SQL",
            "module.security.akamai_appsec_attack_group.tfdemo_WAT",
            "module.security.akamai_appsec_attack_group.tfdemo_XSS",
            "module.security.akamai_appsec_configuration.config",
            "module.security.akamai_appsec_ip_geo.tfdemo",
            "module.security.akamai_appsec_ip_geo_protection.tfdemo",
            "module.security.akamai_appsec_malware_protection.tfdemo",
            "module.security.akamai_appsec_match_target.website_8232297",
            "module.security.akamai_appsec_penalty_box.tfdemo",
            "module.security.akamai_appsec_rate_policy.origin_error",
            "module.security.akamai_appsec_rate_policy.page_view_requests",
            "module.security.akamai_appsec_rate_policy.post_page_requests",
            "module.security.akamai_appsec_rate_policy_action.tfdemo_origin_error",
            "module.security.akamai_appsec_rate_policy_action.tfdemo_page_view_requests",
            "module.security.akamai_appsec_rate_policy_action.tfdemo_post_page_requests",
            "module.security.akamai_appsec_rate_protection.tfdemo",
            "module.security.akamai_appsec_security_policy.tfdemo",
            "module.security.akamai_appsec_slow_post.tfdemo",
            "module.security.akamai_appsec_slowpost_protection.tfdemo",
            "module.security.akamai_appsec_version_notes.version_notes",
            "module.security.akamai_appsec_waf_mode.tfdemo",
            "module.security.akamai_appsec_waf_protection.tfdemo",
            "module.security.data.akamai_group.group",
            "module.security.random_string.secret_header",
            "module.security.time_sleep.wait1",
            "module.security.time_sleep.wait2"
          ]
        }
      ]
    },
    {
      "module": "module.botman[0]",
      "mode": "managed",
      "type": "akamai_botman_akamai_bot_category_action",
      "name": "tfdemo_business_intelligence_bots_8a70d29c-a491-4583-9768-7deea2f379c1",
      "provider": "provider[\"registry.terraform.io/akamai/akamai\"]",
      "instances": [
        {
          "schema_version": 0,
          "attributes": {
            "akamai_bot_category_action": "{\"action\":\"monitor\"}",
            "category_id": "8a70d29c-a491-4583-9768-7deea2f379c1",
            "config_id": 121010,
            "id": "121010:main_317032:8a70d29c-a491-4583-9768-7deea2f379c1",
            "security_policy_id": "main_317032"
          },
          "sensitive_attributes": [],
          "identity_schema_version": 0,
          "private": "bnVsbA==",
          "dependencies": [
            "data.akamai_contract.contract",
            "module.client-lists.akamai_clientlist_list.client-lists-geoblock-list",
            "module.client-lists.akamai_clientlist_list.client-lists-ipblock",
            "module.client-lists.akamai_clientlist_list.client-lists-ipblock-list-exceptions",
            "module.client-lists.akamai_clientlist_list.client-lists-pragmabypass-list",
            "module.client-lists.akamai_clientlist_list.client-lists-rcbypass-list",
            "module.client-lists.akamai_clientlist_list.client-lists-securitybypass-list",
            "module.security.akamai_appsec_advanced_settings_attack_payload_logging.attack_payload_logging",
            "module.security.akamai_appsec_advanced_settings_evasive_path_match.evasive_path_match",
            "module.security.akamai_appsec_advanced_settings_logging.logging",
            "module.security.akamai_appsec_advanced_settings_pii_learning.pii_learning",
            "module.security.akamai_appsec_advanced_settings_pragma_header.pragma_header",
            "module.security.akamai_appsec_advanced_settings_prefetch.prefetch",
            "module.security.akamai_appsec_advanced_settings_request_body.config_settings",
            "module.security.akamai_appsec_api_constraints_protection.tfdemo",
            "module.security.akamai_appsec_attack_group.tfdemo_CMD",
            "module.security.akamai_appsec_attack_group.tfdemo_LFI",
            "module.security.akamai_appsec_attack_group.tfdemo_PLATFORM",
            "module.security.akamai_appsec_attack_group.tfdemo_POLICY",
            "module.security.akamai_appsec_attack_group.tfdemo_PROTOCOL",
            "module.security.akamai_appsec_attack_group.tfdemo_RFI",
            "module.security.akamai_appsec_attack_group.tfdemo_SQL",
            "module.security.akamai_appsec_attack_group.tfdemo_WAT",
            "module.security.akamai_appsec_attack_group.tfdemo_XSS",
            "module.security.akamai_appsec_configuration.config",
            "module.security.akamai_appsec_ip_geo.tfdemo",
            "module.security.akamai_appsec_ip_geo_protection.tfdemo",
            "module.security.akamai_appsec_malware_protection.tfdemo",
            "module.security.akamai_appsec_match_target.website_8232297",
            "module.security.akamai_appsec_penalty_box.tfdemo",
            "module.security.akamai_appsec_rate_policy.origin_error",
            "module.security.akamai_appsec_rate_policy.page_view_requests",
            "module.security.akamai_appsec_rate_policy.post_page_requests",
            "module.security.akamai_appsec_rate_policy_action.tfdemo_origin_error",
            "module.security.akamai_appsec_rate_policy_action.tfdemo_page_view_requests",
            "module.security.akamai_appsec_rate_policy_action.tfdemo_post_page_requests",
            "module.security.akamai_appsec_rate_protection.tfdemo",
            "module.security.akamai_appsec_security_policy.tfdemo",
            "module.security.akamai_appsec_slow_post.tfdemo",
            "module.security.akamai_appsec_slowpost_protection.tfdemo",
            "module.security.akamai_appsec_version_notes.version_notes",
            "module.security.akamai_appsec_waf_mode.tfdemo",
            "module.security.akamai_appsec_waf_protection.tfdemo",
            "module.security.data.akamai_group.group",
            "module.security.random_string.secret_header",
            "module.security.time_sleep.wait1",
            "module.security.time_sleep.wait2"
          ]
        }
      ]
    },
    {
      "module": "module.botman[0]",
      "mode": "managed",
      "type": "akamai_botman_akamai_bot_category_action",
      "name": "tfdemo_ecommerce_search_engine_bots_47bcfb70-f3f5-458b-8f7c-1773b14bc6a4",
      "provider": "provider[\"registry.terraform.io/akamai/akamai\"]",
      "instances": [
        {
          "schema_version": 0,
          "attributes": {
            "akamai_bot_category_action": "{\"action\":\"monitor\"}",
            "category_id": "47bcfb70-f3f5-458b-8f7c-1773b14bc6a4",
            "config_id": 121010,
            "id": "121010:main_317032:47bcfb70-f3f5-458b-8f7c-1773b14bc6a4",
            "security_policy_id": "main_317032"
          },
          "sensitive_attributes": [],
          "identity_schema_version": 0,
          "private": "bnVsbA==",
          "dependencies": [
            "data.akamai_contract.contract",
            "module.client-lists.akamai_clientlist_list.client-lists-geoblock-list",
            "module.client-lists.akamai_clientlist_list.client-lists-ipblock",
            "module.client-lists.akamai_clientlist_list.client-lists-ipblock-list-exceptions",
            "module.client-lists.akamai_clientlist_list.client-lists-pragmabypass-list",
            "module.client-lists.akamai_clientlist_list.client-lists-rcbypass-list",
            "module.client-lists.akamai_clientlist_list.client-lists-securitybypass-list",
            "module.security.akamai_appsec_advanced_settings_attack_payload_logging.attack_payload_logging",
            "module.security.akamai_appsec_advanced_settings_evasive_path_match.evasive_path_match",
            "module.security.akamai_appsec_advanced_settings_logging.logging",
            "module.security.akamai_appsec_advanced_settings_pii_learning.pii_learning",
            "module.security.akamai_appsec_advanced_settings_pragma_header.pragma_header",
            "module.security.akamai_appsec_advanced_settings_prefetch.prefetch",
            "module.security.akamai_appsec_advanced_settings_request_body.config_settings",
            "module.security.akamai_appsec_api_constraints_protection.tfdemo",
            "module.security.akamai_appsec_attack_group.tfdemo_CMD",
            "module.security.akamai_appsec_attack_group.tfdemo_LFI",
            "module.security.akamai_appsec_attack_group.tfdemo_PLATFORM",
            "module.security.akamai_appsec_attack_group.tfdemo_POLICY",
            "module.security.akamai_appsec_attack_group.tfdemo_PROTOCOL",
            "module.security.akamai_appsec_attack_group.tfdemo_RFI",
            "module.security.akamai_appsec_attack_group.tfdemo_SQL",
            "module.security.akamai_appsec_attack_group.tfdemo_WAT",
            "module.security.akamai_appsec_attack_group.tfdemo_XSS",
            "module.security.akamai_appsec_configuration.config",
            "module.security.akamai_appsec_ip_geo.tfdemo",
            "module.security.akamai_appsec_ip_geo_protection.tfdemo",
            "module.security.akamai_appsec_malware_protection.tfdemo",
            "module.security.akamai_appsec_match_target.website_8232297",
            "module.security.akamai_appsec_penalty_box.tfdemo",
            "module.security.akamai_appsec_rate_policy.origin_error",
            "module.security.akamai_appsec_rate_policy.page_view_requests",
            "module.security.akamai_appsec_rate_policy.post_page_requests",
            "module.security.akamai_appsec_rate_policy_action.tfdemo_origin_error",
            "module.security.akamai_appsec_rate_policy_action.tfdemo_page_view_requests",
            "module.security.akamai_appsec_rate_policy_action.tfdemo_post_page_requests",
            "module.security.akamai_appsec_rate_protection.tfdemo",
            "module.security.akamai_appsec_security_policy.tfdemo",
            "module.security.akamai_appsec_slow_post.tfdemo",
            "module.security.akamai_appsec_slowpost_protection.tfdemo",
            "module.security.akamai_appsec_version_notes.version_notes",
            "module.security.akamai_appsec_waf_mode.tfdemo",
            "module.security.akamai_appsec_waf_protection.tfdemo",
            "module.security.data.akamai_group.group",
            "module.security.random_string.secret_header",
            "module.security.time_sleep.wait1",
            "module.security.time_sleep.wait2"
          ]
        }
      ]
    },
    {
      "module": "module.botman[0]",
      "mode": "managed",
      "type": "akamai_botman_akamai_bot_category_action",
      "name": "tfdemo_enterprise_data_aggregator_bots_50395ad2-2673-41a4-b317-9b70742fd40f",
      "provider": "provider[\"registry.terraform.io/akamai/akamai\"]",
      "instances": [
        {
          "schema_version": 0,
          "attributes": {
            "akamai_bot_category_action": "{\"action\":\"monitor\"}",
            "category_id": "50395ad2-2673-41a4-b317-9b70742fd40f",
            "config_id": 121010,
            "id": "121010:main_317032:50395ad2-2673-41a4-b317-9b70742fd40f",
            "security_policy_id": "main_317032"
          },
          "sensitive_attributes": [],
          "identity_schema_version": 0,
          "private": "bnVsbA==",
          "dependencies": [
            "data.akamai_contract.contract",
            "module.client-lists.akamai_clientlist_list.client-lists-geoblock-list",
            "module.client-lists.akamai_clientlist_list.client-lists-ipblock",
            "module.client-lists.akamai_clientlist_list.client-lists-ipblock-list-exceptions",
            "module.client-lists.akamai_clientlist_list.client-lists-pragmabypass-list",
            "module.client-lists.akamai_clientlist_list.client-lists-rcbypass-list",
            "module.client-lists.akamai_clientlist_list.client-lists-securitybypass-list",
            "module.security.akamai_appsec_advanced_settings_attack_payload_logging.attack_payload_logging",
            "module.security.akamai_appsec_advanced_settings_evasive_path_match.evasive_path_match",
            "module.security.akamai_appsec_advanced_settings_logging.logging",
            "module.security.akamai_appsec_advanced_settings_pii_learning.pii_learning",
            "module.security.akamai_appsec_advanced_settings_pragma_header.pragma_header",
            "module.security.akamai_appsec_advanced_settings_prefetch.prefetch",
            "module.security.akamai_appsec_advanced_settings_request_body.config_settings",
            "module.security.akamai_appsec_api_constraints_protection.tfdemo",
            "module.security.akamai_appsec_attack_group.tfdemo_CMD",
            "module.security.akamai_appsec_attack_group.tfdemo_LFI",
            "module.security.akamai_appsec_attack_group.tfdemo_PLATFORM",
            "module.security.akamai_appsec_attack_group.tfdemo_POLICY",
            "module.security.akamai_appsec_attack_group.tfdemo_PROTOCOL",
            "module.security.akamai_appsec_attack_group.tfdemo_RFI",
            "module.security.akamai_appsec_attack_group.tfdemo_SQL",
            "module.security.akamai_appsec_attack_group.tfdemo_WAT",
            "module.security.akamai_appsec_attack_group.tfdemo_XSS",
            "module.security.akamai_appsec_configuration.config",
            "module.security.akamai_appsec_ip_geo.tfdemo",
            "module.security.akamai_appsec_ip_geo_protection.tfdemo",
            "module.security.akamai_appsec_malware_protection.tfdemo",
            "module.security.akamai_appsec_match_target.website_8232297",
            "module.security.akamai_appsec_penalty_box.tfdemo",
            "module.security.akamai_appsec_rate_policy.origin_error",
            "module.security.akamai_appsec_rate_policy.page_view_requests",
            "module.security.akamai_appsec_rate_policy.post_page_requests",
            "module.security.akamai_appsec_rate_policy_action.tfdemo_origin_error",
            "module.security.akamai_appsec_rate_policy_action.tfdemo_page_view_requests",
            "module.security.akamai_appsec_rate_policy_action.tfdemo_post_page_requests",
            "module.security.akamai_appsec_rate_protection.tfdemo",
            "module.security.akamai_appsec_security_policy.tfdemo",
            "module.security.akamai_appsec_slow_post.tfdemo",
            "module.security.akamai_appsec_slowpost_protection.tfdemo",
            "module.security.akamai_appsec_version_notes.version_notes",
            "module.security.akamai_appsec_waf_mode.tfdemo",
            "module.security.akamai_appsec_waf_protection.tfdemo",
            "module.security.data.akamai_group.group",
            "module.security.random_string.secret_header",
            "module.security.time_sleep.wait1",
            "module.security.time_sleep.wait2"
          ]
        }
      ]
    },
    {
      "module": "module.botman[0]",
      "mode": "managed",
      "type": "akamai_botman_akamai_bot_category_action",
      "name": "tfdemo_financial_account_aggregator_bots_c6692e03-d3a8-49b0-9566-5003eeaddbc1",
      "provider": "provider[\"registry.terraform.io/akamai/akamai\"]",
      "instances": [
        {
          "schema_version": 0,
          "attributes": {
            "akamai_bot_category_action": "{\"action\":\"monitor\"}",
            "category_id": "c6692e03-d3a8-49b0-9566-5003eeaddbc1",
            "config_id": 121010,
            "id": "121010:main_317032:c6692e03-d3a8-49b0-9566-5003eeaddbc1",
            "security_policy_id": "main_317032"
          },
          "sensitive_attributes": [],
          "identity_schema_version": 0,
          "private": "bnVsbA==",
          "dependencies": [
            "data.akamai_contract.contract",
            "module.client-lists.akamai_clientlist_list.client-lists-geoblock-list",
            "module.client-lists.akamai_clientlist_list.client-lists-ipblock",
            "module.client-lists.akamai_clientlist_list.client-lists-ipblock-list-exceptions",
            "module.client-lists.akamai_clientlist_list.client-lists-pragmabypass-list",
            "module.client-lists.akamai_clientlist_list.client-lists-rcbypass-list",
            "module.client-lists.akamai_clientlist_list.client-lists-securitybypass-list",
            "module.security.akamai_appsec_advanced_settings_attack_payload_logging.attack_payload_logging",
            "module.security.akamai_appsec_advanced_settings_evasive_path_match.evasive_path_match",
            "module.security.akamai_appsec_advanced_settings_logging.logging",
            "module.security.akamai_appsec_advanced_settings_pii_learning.pii_learning",
            "module.security.akamai_appsec_advanced_settings_pragma_header.pragma_header",
            "module.security.akamai_appsec_advanced_settings_prefetch.prefetch",
            "module.security.akamai_appsec_advanced_settings_request_body.config_settings",
            "module.security.akamai_appsec_api_constraints_protection.tfdemo",
            "module.security.akamai_appsec_attack_group.tfdemo_CMD",
            "module.security.akamai_appsec_attack_group.tfdemo_LFI",
            "module.security.akamai_appsec_attack_group.tfdemo_PLATFORM",
            "module.security.akamai_appsec_attack_group.tfdemo_POLICY",
            "module.security.akamai_appsec_attack_group.tfdemo_PROTOCOL",
            "module.security.akamai_appsec_attack_group.tfdemo_RFI",
            "module.security.akamai_appsec_attack_group.tfdemo_SQL",
            "module.security.akamai_appsec_attack_group.tfdemo_WAT",
            "module.security.akamai_appsec_attack_group.tfdemo_XSS",
            "module.security.akamai_appsec_configuration.config",
            "module.security.akamai_appsec_ip_geo.tfdemo",
            "module.security.akamai_appsec_ip_geo_protection.tfdemo",
            "module.security.akamai_appsec_malware_protection.tfdemo",
            "module.security.akamai_appsec_match_target.website_8232297",
            "module.security.akamai_appsec_penalty_box.tfdemo",
            "module.security.akamai_appsec_rate_policy.origin_error",
            "module.security.akamai_appsec_rate_policy.page_view_requests",
            "module.security.akamai_appsec_rate_policy.post_page_requests",
            "module.security.akamai_appsec_rate_policy_action.tfdemo_origin_error",
            "module.security.akamai_appsec_rate_policy_action.tfdemo_page_view_requests",
            "module.security.akamai_appsec_rate_policy_action.tfdemo_post_page_requests",
            "module.security.akamai_appsec_rate_protection.tfdemo",
            "module.security.akamai_appsec_security_policy.tfdemo",
            "module.security.akamai_appsec_slow_post.tfdemo",
            "module.security.akamai_appsec_slowpost_protection.tfdemo",
            "module.security.akamai_appsec_version_notes.version_notes",
            "module.security.akamai_appsec_waf_mode.tfdemo",
            "module.security.akamai_appsec_waf_protection.tfdemo",
            "module.security.data.akamai_group.group",
            "module.security.random_string.secret_header",
            "module.security.time_sleep.wait1",
            "module.security.time_sleep.wait2"
          ]
        }
      ]
    },
    {
      "module": "module.botman[0]",
      "mode": "managed",
      "type": "akamai_botman_akamai_bot_category_action",
      "name": "tfdemo_financial_services_bots_53598904-21f5-46b1-8b51-1b991beef73b",
      "provider": "provider[\"registry.terraform.io/akamai/akamai\"]",
      "instances": [
        {
          "schema_version": 0,
          "attributes": {
            "akamai_bot_category_action": "{\"action\":\"monitor\"}",
            "category_id": "53598904-21f5-46b1-8b51-1b991beef73b",
            "config_id": 121010,
            "id": "121010:main_317032:53598904-21f5-46b1-8b51-1b991beef73b",
            "security_policy_id": "main_317032"
          },
          "sensitive_attributes": [],
          "identity_schema_version": 0,
          "private": "bnVsbA==",
          "dependencies": [
            "data.akamai_contract.contract",
            "module.client-lists.akamai_clientlist_list.client-lists-geoblock-list",
            "module.client-lists.akamai_clientlist_list.client-lists-ipblock",
            "module.client-lists.akamai_clientlist_list.client-lists-ipblock-list-exceptions",
            "module.client-lists.akamai_clientlist_list.client-lists-pragmabypass-list",
            "module.client-lists.akamai_clientlist_list.client-lists-rcbypass-list",
            "module.client-lists.akamai_clientlist_list.client-lists-securitybypass-list",
            "module.security.akamai_appsec_advanced_settings_attack_payload_logging.attack_payload_logging",
            "module.security.akamai_appsec_advanced_settings_evasive_path_match.evasive_path_match",
            "module.security.akamai_appsec_advanced_settings_logging.logging",
            "module.security.akamai_appsec_advanced_settings_pii_learning.pii_learning",
            "module.security.akamai_appsec_advanced_settings_pragma_header.pragma_header",
            "module.security.akamai_appsec_advanced_settings_prefetch.prefetch",
            "module.security.akamai_appsec_advanced_settings_request_body.config_settings",
            "module.security.akamai_appsec_api_constraints_protection.tfdemo",
            "module.security.akamai_appsec_attack_group.tfdemo_CMD",
            "module.security.akamai_appsec_attack_group.tfdemo_LFI",
            "module.security.akamai_appsec_attack_group.tfdemo_PLATFORM",
            "module.security.akamai_appsec_attack_group.tfdemo_POLICY",
            "module.security.akamai_appsec_attack_group.tfdemo_PROTOCOL",
            "module.security.akamai_appsec_attack_group.tfdemo_RFI",
            "module.security.akamai_appsec_attack_group.tfdemo_SQL",
            "module.security.akamai_appsec_attack_group.tfdemo_WAT",
            "module.security.akamai_appsec_attack_group.tfdemo_XSS",
            "module.security.akamai_appsec_configuration.config",
            "module.security.akamai_appsec_ip_geo.tfdemo",
            "module.security.akamai_appsec_ip_geo_protection.tfdemo",
            "module.security.akamai_appsec_malware_protection.tfdemo",
            "module.security.akamai_appsec_match_target.website_8232297",
            "module.security.akamai_appsec_penalty_box.tfdemo",
            "module.security.akamai_appsec_rate_policy.origin_error",
            "module.security.akamai_appsec_rate_policy.page_view_requests",
            "module.security.akamai_appsec_rate_policy.post_page_requests",
            "module.security.akamai_appsec_rate_policy_action.tfdemo_origin_error",
            "module.security.akamai_appsec_rate_policy_action.tfdemo_page_view_requests",
            "module.security.akamai_appsec_rate_policy_action.tfdemo_post_page_requests",
            "module.security.akamai_appsec_rate_protection.tfdemo",
            "module.security.akamai_appsec_security_policy.tfdemo",
            "module.security.akamai_appsec_slow_post.tfdemo",
            "module.security.akamai_appsec_slowpost_protection.tfdemo",
            "module.security.akamai_appsec_version_notes.version_notes",
            "module.security.akamai_appsec_waf_mode.tfdemo",
            "module.security.akamai_appsec_waf_protection.tfdemo",
            "module.security.data.akamai_group.group",
            "module.security.random_string.secret_header",
            "module.security.time_sleep.wait1",
            "module.security.time_sleep.wait2"
          ]
        }
      ]
    },
    {
      "module": "module.botman[0]",
      "mode": "managed",
      "type": "akamai_botman_akamai_bot_category_action",
      "name": "tfdemo_job_search_engine_bots_2f169206-f32c-48f7-b281-d534cf1ceeb3",
      "provider": "provider[\"registry.terraform.io/akamai/akamai\"]",
      "instances": [
        {
          "schema_version": 0,
          "attributes": {
            "akamai_bot_category_action": "{\"action\":\"monitor\"}",
            "category_id": "2f169206-f32c-48f7-b281-d534cf1ceeb3",
            "config_id": 121010,
            "id": "121010:main_317032:2f169206-f32c-48f7-b281-d534cf1ceeb3",
            "security_policy_id": "main_317032"
          },
          "sensitive_attributes": [],
          "identity_schema_version": 0,
          "private": "bnVsbA==",
          "dependencies": [
            "data.akamai_contract.contract",
            "module.client-lists.akamai_clientlist_list.client-lists-geoblock-list",
            "module.client-lists.akamai_clientlist_list.client-lists-ipblock",
            "module.client-lists.akamai_clientlist_list.client-lists-ipblock-list-exceptions",
            "module.client-lists.akamai_clientlist_list.client-lists-pragmabypass-list",
            "module.client-lists.akamai_clientlist_list.client-lists-rcbypass-list",
            "module.client-lists.akamai_clientlist_list.client-lists-securitybypass-list",
            "module.security.akamai_appsec_advanced_settings_attack_payload_logging.attack_payload_logging",
            "module.security.akamai_appsec_advanced_settings_evasive_path_match.evasive_path_match",
            "module.security.akamai_appsec_advanced_settings_logging.logging",
            "module.security.akamai_appsec_advanced_settings_pii_learning.pii_learning",
            "module.security.akamai_appsec_advanced_settings_pragma_header.pragma_header",
            "module.security.akamai_appsec_advanced_settings_prefetch.prefetch",
            "module.security.akamai_appsec_advanced_settings_request_body.config_settings",
            "module.security.akamai_appsec_api_constraints_protection.tfdemo",
            "module.security.akamai_appsec_attack_group.tfdemo_CMD",
            "module.security.akamai_appsec_attack_group.tfdemo_LFI",
            "module.security.akamai_appsec_attack_group.tfdemo_PLATFORM",
            "module.security.akamai_appsec_attack_group.tfdemo_POLICY",
            "module.security.akamai_appsec_attack_group.tfdemo_PROTOCOL",
            "module.security.akamai_appsec_attack_group.tfdemo_RFI",
            "module.security.akamai_appsec_attack_group.tfdemo_SQL",
            "module.security.akamai_appsec_attack_group.tfdemo_WAT",
            "module.security.akamai_appsec_attack_group.tfdemo_XSS",
            "module.security.akamai_appsec_configuration.config",
            "module.security.akamai_appsec_ip_geo.tfdemo",
            "module.security.akamai_appsec_ip_geo_protection.tfdemo",
            "module.security.akamai_appsec_malware_protection.tfdemo",
            "module.security.akamai_appsec_match_target.website_8232297",
            "module.security.akamai_appsec_penalty_box.tfdemo",
            "module.security.akamai_appsec_rate_policy.origin_error",
            "module.security.akamai_appsec_rate_policy.page_view_requests",
            "module.security.akamai_appsec_rate_policy.post_page_requests",
            "module.security.akamai_appsec_rate_policy_action.tfdemo_origin_error",
            "module.security.akamai_appsec_rate_policy_action.tfdemo_page_view_requests",
            "module.security.akamai_appsec_rate_policy_action.tfdemo_post_page_requests",
            "module.security.akamai_appsec_rate_protection.tfdemo",
            "module.security.akamai_appsec_security_policy.tfdemo",
            "module.security.akamai_appsec_slow_post.tfdemo",
            "module.security.akamai_appsec_slowpost_protection.tfdemo",
            "module.security.akamai_appsec_version_notes.version_notes",
            "module.security.akamai_appsec_waf_mode.tfdemo",
            "module.security.akamai_appsec_waf_protection.tfdemo",
            "module.security.data.akamai_group.group",
            "module.security.random_string.secret_header",
            "module.security.time_sleep.wait1",
            "module.security.time_sleep.wait2"
          ]
        }
      ]
    },
    {
      "module": "module.botman[0]",
      "mode": "managed",
      "type": "akamai_botman_akamai_bot_category_action",
      "name": "tfdemo_media_or_entertainment_search_bots_dff258d5-b1ad-4bbb-b1d1-cf8e700e5bba",
      "provider": "provider[\"registry.terraform.io/akamai/akamai\"]",
      "instances": [
        {
          "schema_version": 0,
          "attributes": {
            "akamai_bot_category_action": "{\"action\":\"monitor\"}",
            "category_id": "dff258d5-b1ad-4bbb-b1d1-cf8e700e5bba",
            "config_id": 121010,
            "id": "121010:main_317032:dff258d5-b1ad-4bbb-b1d1-cf8e700e5bba",
            "security_policy_id": "main_317032"
          },
          "sensitive_attributes": [],
          "identity_schema_version": 0,
          "private": "bnVsbA==",
          "dependencies": [
            "data.akamai_contract.contract",
            "module.client-lists.akamai_clientlist_list.client-lists-geoblock-list",
            "module.client-lists.akamai_clientlist_list.client-lists-ipblock",
            "module.client-lists.akamai_clientlist_list.client-lists-ipblock-list-exceptions",
            "module.client-lists.akamai_clientlist_list.client-lists-pragmabypass-list",
            "module.client-lists.akamai_clientlist_list.client-lists-rcbypass-list",
            "module.client-lists.akamai_clientlist_list.client-lists-securitybypass-list",
            "module.security.akamai_appsec_advanced_settings_attack_payload_logging.attack_payload_logging",
            "module.security.akamai_appsec_advanced_settings_evasive_path_match.evasive_path_match",
            "module.security.akamai_appsec_advanced_settings_logging.logging",
            "module.security.akamai_appsec_advanced_settings_pii_learning.pii_learning",
            "module.security.akamai_appsec_advanced_settings_pragma_header.pragma_header",
            "module.security.akamai_appsec_advanced_settings_prefetch.prefetch",
            "module.security.akamai_appsec_advanced_settings_request_body.config_settings",
            "module.security.akamai_appsec_api_constraints_protection.tfdemo",
            "module.security.akamai_appsec_attack_group.tfdemo_CMD",
            "module.security.akamai_appsec_attack_group.tfdemo_LFI",
            "module.security.akamai_appsec_attack_group.tfdemo_PLATFORM",
            "module.security.akamai_appsec_attack_group.tfdemo_POLICY",
            "module.security.akamai_appsec_attack_group.tfdemo_PROTOCOL",
            "module.security.akamai_appsec_attack_group.tfdemo_RFI",
            "module.security.akamai_appsec_attack_group.tfdemo_SQL",
            "module.security.akamai_appsec_attack_group.tfdemo_WAT",
            "module.security.akamai_appsec_attack_group.tfdemo_XSS",
            "module.security.akamai_appsec_configuration.config",
            "module.security.akamai_appsec_ip_geo.tfdemo",
            "module.security.akamai_appsec_ip_geo_protection.tfdemo",
            "module.security.akamai_appsec_malware_protection.tfdemo",
            "module.security.akamai_appsec_match_target.website_8232297",
            "module.security.akamai_appsec_penalty_box.tfdemo",
            "module.security.akamai_appsec_rate_policy.origin_error",
            "module.security.akamai_appsec_rate_policy.page_view_requests",
            "module.security.akamai_appsec_rate_policy.post_page_requests",
            "module.security.akamai_appsec_rate_policy_action.tfdemo_origin_error",
            "module.security.akamai_appsec_rate_policy_action.tfdemo_page_view_requests",
            "module.security.akamai_appsec_rate_policy_action.tfdemo_post_page_requests",
            "module.security.akamai_appsec_rate_protection.tfdemo",
            "module.security.akamai_appsec_security_policy.tfdemo",
            "module.security.akamai_appsec_slow_post.tfdemo",
            "module.security.akamai_appsec_slowpost_protection.tfdemo",
            "module.security.akamai_appsec_version_notes.version_notes",
            "module.security.akamai_appsec_waf_mode.tfdemo",
            "module.security.akamai_appsec_waf_protection.tfdemo",
            "module.security.data.akamai_group.group",
            "module.security.random_string.secret_header",
            "module.security.time_sleep.wait1",
            "module.security.time_sleep.wait2"
          ]
        }
      ]
    },
    {
      "module": "module.botman[0]",
      "mode": "managed",
      "type": "akamai_botman_akamai_bot_category_action",
      "name": "tfdemo_news_aggregator_bots_ade03247-6519-4591-8458-9b7347004b63",
      "provider": "provider[\"registry.terraform.io/akamai/akamai\"]",
      "instances": [
        {
          "schema_version": 0,
          "attributes": {
            "akamai_bot_category_action": "{\"action\":\"monitor\"}",
            "category_id": "ade03247-6519-4591-8458-9b7347004b63",
            "config_id": 121010,
            "id": "121010:main_317032:ade03247-6519-4591-8458-9b7347004b63",
            "security_policy_id": "main_317032"
          },
          "sensitive_attributes": [],
          "identity_schema_version": 0,
          "private": "bnVsbA==",
          "dependencies": [
            "data.akamai_contract.contract",
            "module.client-lists.akamai_clientlist_list.client-lists-geoblock-list",
            "module.client-lists.akamai_clientlist_list.client-lists-ipblock",
            "module.client-lists.akamai_clientlist_list.client-lists-ipblock-list-exceptions",
            "module.client-lists.akamai_clientlist_list.client-lists-pragmabypass-list",
            "module.client-lists.akamai_clientlist_list.client-lists-rcbypass-list",
            "module.client-lists.akamai_clientlist_list.client-lists-securitybypass-list",
            "module.security.akamai_appsec_advanced_settings_attack_payload_logging.attack_payload_logging",
            "module.security.akamai_appsec_advanced_settings_evasive_path_match.evasive_path_match",
            "module.security.akamai_appsec_advanced_settings_logging.logging",
            "module.security.akamai_appsec_advanced_settings_pii_learning.pii_learning",
            "module.security.akamai_appsec_advanced_settings_pragma_header.pragma_header",
            "module.security.akamai_appsec_advanced_settings_prefetch.prefetch",
            "module.security.akamai_appsec_advanced_settings_request_body.config_settings",
            "module.security.akamai_appsec_api_constraints_protection.tfdemo",
            "module.security.akamai_appsec_attack_group.tfdemo_CMD",
            "module.security.akamai_appsec_attack_group.tfdemo_LFI",
            "module.security.akamai_appsec_attack_group.tfdemo_PLATFORM",
            "module.security.akamai_appsec_attack_group.tfdemo_POLICY",
            "module.security.akamai_appsec_attack_group.tfdemo_PROTOCOL",
            "module.security.akamai_appsec_attack_group.tfdemo_RFI",
            "module.security.akamai_appsec_attack_group.tfdemo_SQL",
            "module.security.akamai_appsec_attack_group.tfdemo_WAT",
            "module.security.akamai_appsec_attack_group.tfdemo_XSS",
            "module.security.akamai_appsec_configuration.config",
            "module.security.akamai_appsec_ip_geo.tfdemo",
            "module.security.akamai_appsec_ip_geo_protection.tfdemo",
            "module.security.akamai_appsec_malware_protection.tfdemo",
            "module.security.akamai_appsec_match_target.website_8232297",
            "module.security.akamai_appsec_penalty_box.tfdemo",
            "module.security.akamai_appsec_rate_policy.origin_error",
            "module.security.akamai_appsec_rate_policy.page_view_requests",
            "module.security.akamai_appsec_rate_policy.post_page_requests",
            "module.security.akamai_appsec_rate_policy_action.tfdemo_origin_error",
            "module.security.akamai_appsec_rate_policy_action.tfdemo_page_view_requests",
            "module.security.akamai_appsec_rate_policy_action.tfdemo_post_page_requests",
            "module.security.akamai_appsec_rate_protection.tfdemo",
            "module.security.akamai_appsec_security_policy.tfdemo",
            "module.security.akamai_appsec_slow_post.tfdemo",
            "module.security.akamai_appsec_slowpost_protection.tfdemo",
            "module.security.akamai_appsec_version_notes.version_notes",
            "module.security.akamai_appsec_waf_mode.tfdemo",
            "module.security.akamai_appsec_waf_protection.tfdemo",
            "module.security.data.akamai_group.group",
            "module.security.random_string.secret_header",
            "module.security.time_sleep.wait1",
            "module.security.time_sleep.wait2"
          ]
        }
      ]
    },
    {
      "module": "module.botman[0]",
      "mode": "managed",
      "type": "akamai_botman_akamai_bot_category_action",
      "name": "tfdemo_online_advertising_bots_36b27e0c-76fc-44a4-b913-c598c5af8bba",
      "provider": "provider[\"registry.terraform.io/akamai/akamai\"]",
      "instances": [
        {
          "schema_version": 0,
          "attributes": {
            "akamai_bot_category_action": "{\"action\":\"monitor\"}",
            "category_id": "36b27e0c-76fc-44a4-b913-c598c5af8bba",
            "config_id": 121010,
            "id": "121010:main_317032:36b27e0c-76fc-44a4-b913-c598c5af8bba",
            "security_policy_id": "main_317032"
          },
          "sensitive_attributes": [],
          "identity_schema_version": 0,
          "private": "bnVsbA==",
          "dependencies": [
            "data.akamai_contract.contract",
            "module.client-lists.akamai_clientlist_list.client-lists-geoblock-list",
            "module.client-lists.akamai_clientlist_list.client-lists-ipblock",
            "module.client-lists.akamai_clientlist_list.client-lists-ipblock-list-exceptions",
            "module.client-lists.akamai_clientlist_list.client-lists-pragmabypass-list",
            "module.client-lists.akamai_clientlist_list.client-lists-rcbypass-list",
            "module.client-lists.akamai_clientlist_list.client-lists-securitybypass-list",
            "module.security.akamai_appsec_advanced_settings_attack_payload_logging.attack_payload_logging",
            "module.security.akamai_appsec_advanced_settings_evasive_path_match.evasive_path_match",
            "module.security.akamai_appsec_advanced_settings_logging.logging",
            "module.security.akamai_appsec_advanced_settings_pii_learning.pii_learning",
            "module.security.akamai_appsec_advanced_settings_pragma_header.pragma_header",
            "module.security.akamai_appsec_advanced_settings_prefetch.prefetch",
            "module.security.akamai_appsec_advanced_settings_request_body.config_settings",
            "module.security.akamai_appsec_api_constraints_protection.tfdemo",
            "module.security.akamai_appsec_attack_group.tfdemo_CMD",
            "module.security.akamai_appsec_attack_group.tfdemo_LFI",
            "module.security.akamai_appsec_attack_group.tfdemo_PLATFORM",
            "module.security.akamai_appsec_attack_group.tfdemo_POLICY",
            "module.security.akamai_appsec_attack_group.tfdemo_PROTOCOL",
            "module.security.akamai_appsec_attack_group.tfdemo_RFI",
            "module.security.akamai_appsec_attack_group.tfdemo_SQL",
            "module.security.akamai_appsec_attack_group.tfdemo_WAT",
            "module.security.akamai_appsec_attack_group.tfdemo_XSS",
            "module.security.akamai_appsec_configuration.config",
            "module.security.akamai_appsec_ip_geo.tfdemo",
            "module.security.akamai_appsec_ip_geo_protection.tfdemo",
            "module.security.akamai_appsec_malware_protection.tfdemo",
            "module.security.akamai_appsec_match_target.website_8232297",
            "module.security.akamai_appsec_penalty_box.tfdemo",
            "module.security.akamai_appsec_rate_policy.origin_error",
            "module.security.akamai_appsec_rate_policy.page_view_requests",
            "module.security.akamai_appsec_rate_policy.post_page_requests",
            "module.security.akamai_appsec_rate_policy_action.tfdemo_origin_error",
            "module.security.akamai_appsec_rate_policy_action.tfdemo_page_view_requests",
            "module.security.akamai_appsec_rate_policy_action.tfdemo_post_page_requests",
            "module.security.akamai_appsec_rate_protection.tfdemo",
            "module.security.akamai_appsec_security_policy.tfdemo",
            "module.security.akamai_appsec_slow_post.tfdemo",
            "module.security.akamai_appsec_slowpost_protection.tfdemo",
            "module.security.akamai_appsec_version_notes.version_notes",
            "module.security.akamai_appsec_waf_mode.tfdemo",
            "module.security.akamai_appsec_waf_protection.tfdemo",
            "module.security.data.akamai_group.group",
            "module.security.random_string.secret_header",
            "module.security.time_sleep.wait1",
            "module.security.time_sleep.wait2"
          ]
        }
      ]
    },
    {
      "module": "module.botman[0]",
      "mode": "managed",
      "type": "akamai_botman_akamai_bot_category_action",
      "name": "tfdemo_rss_feed_reader_bots_b58c9929-9fd0-45f7-86f4-1d6259285c3c",
      "provider": "provider[\"registry.terraform.io/akamai/akamai\"]",
      "instances": [
        {
          "schema_version": 0,
          "attributes": {
            "akamai_bot_category_action": "{\"action\":\"monitor\"}",
            "category_id": "b58c9929-9fd0-45f7-86f4-1d6259285c3c",
            "config_id": 121010,
            "id": "121010:main_317032:b58c9929-9fd0-45f7-86f4-1d6259285c3c",
            "security_policy_id": "main_317032"
          },
          "sensitive_attributes": [],
          "identity_schema_version": 0,
          "private": "bnVsbA==",
          "dependencies": [
            "data.akamai_contract.contract",
            "module.client-lists.akamai_clientlist_list.client-lists-geoblock-list",
            "module.client-lists.akamai_clientlist_list.client-lists-ipblock",
            "module.client-lists.akamai_clientlist_list.client-lists-ipblock-list-exceptions",
            "module.client-lists.akamai_clientlist_list.client-lists-pragmabypass-list",
            "module.client-lists.akamai_clientlist_list.client-lists-rcbypass-list",
            "module.client-lists.akamai_clientlist_list.client-lists-securitybypass-list",
            "module.security.akamai_appsec_advanced_settings_attack_payload_logging.attack_payload_logging",
            "module.security.akamai_appsec_advanced_settings_evasive_path_match.evasive_path_match",
            "module.security.akamai_appsec_advanced_settings_logging.logging",
            "module.security.akamai_appsec_advanced_settings_pii_learning.pii_learning",
            "module.security.akamai_appsec_advanced_settings_pragma_header.pragma_header",
            "module.security.akamai_appsec_advanced_settings_prefetch.prefetch",
            "module.security.akamai_appsec_advanced_settings_request_body.config_settings",
            "module.security.akamai_appsec_api_constraints_protection.tfdemo",
            "module.security.akamai_appsec_attack_group.tfdemo_CMD",
            "module.security.akamai_appsec_attack_group.tfdemo_LFI",
            "module.security.akamai_appsec_attack_group.tfdemo_PLATFORM",
            "module.security.akamai_appsec_attack_group.tfdemo_POLICY",
            "module.security.akamai_appsec_attack_group.tfdemo_PROTOCOL",
            "module.security.akamai_appsec_attack_group.tfdemo_RFI",
            "module.security.akamai_appsec_attack_group.tfdemo_SQL",
            "module.security.akamai_appsec_attack_group.tfdemo_WAT",
            "module.security.akamai_appsec_attack_group.tfdemo_XSS",
            "module.security.akamai_appsec_configuration.config",
            "module.security.akamai_appsec_ip_geo.tfdemo",
            "module.security.akamai_appsec_ip_geo_protection.tfdemo",
            "module.security.akamai_appsec_malware_protection.tfdemo",
            "module.security.akamai_appsec_match_target.website_8232297",
            "module.security.akamai_appsec_penalty_box.tfdemo",
            "module.security.akamai_appsec_rate_policy.origin_error",
            "module.security.akamai_appsec_rate_policy.page_view_requests",
            "module.security.akamai_appsec_rate_policy.post_page_requests",
            "module.security.akamai_appsec_rate_policy_action.tfdemo_origin_error",
            "module.security.akamai_appsec_rate_policy_action.tfdemo_page_view_requests",
            "module.security.akamai_appsec_rate_policy_action.tfdemo_post_page_requests",
            "module.security.akamai_appsec_rate_protection.tfdemo",
            "module.security.akamai_appsec_security_policy.tfdemo",
            "module.security.akamai_appsec_slow_post.tfdemo",
            "module.security.akamai_appsec_slowpost_protection.tfdemo",
            "module.security.akamai_appsec_version_notes.version_notes",
            "module.security.akamai_appsec_waf_mode.tfdemo",
            "module.security.akamai_appsec_waf_protection.tfdemo",
            "module.security.data.akamai_group.group",
            "module.security.random_string.secret_header",
            "module.security.time_sleep.wait1",
            "module.security.time_sleep.wait2"
          ]
        }
      ]
    },
    {
      "module": "module.botman[0]",
      "mode": "managed",
      "type": "akamai_botman_akamai_bot_category_action",
      "name": "tfdemo_seo_analytics_or_marketing_bots_f7558c03-9033-46ce-bbda-10eeda62a5d4",
      "provider": "provider[\"registry.terraform.io/akamai/akamai\"]",
      "instances": [
        {
          "schema_version": 0,
          "attributes": {
            "akamai_bot_category_action": "{\"action\":\"monitor\"}",
            "category_id": "f7558c03-9033-46ce-bbda-10eeda62a5d4",
            "config_id": 121010,
            "id": "121010:main_317032:f7558c03-9033-46ce-bbda-10eeda62a5d4",
            "security_policy_id": "main_317032"
          },
          "sensitive_attributes": [],
          "identity_schema_version": 0,
          "private": "bnVsbA==",
          "dependencies": [
            "data.akamai_contract.contract",
            "module.client-lists.akamai_clientlist_list.client-lists-geoblock-list",
            "module.client-lists.akamai_clientlist_list.client-lists-ipblock",
            "module.client-lists.akamai_clientlist_list.client-lists-ipblock-list-exceptions",
            "module.client-lists.akamai_clientlist_list.client-lists-pragmabypass-list",
            "module.client-lists.akamai_clientlist_list.client-lists-rcbypass-list",
            "module.client-lists.akamai_clientlist_list.client-lists-securitybypass-list",
            "module.security.akamai_appsec_advanced_settings_attack_payload_logging.attack_payload_logging",
            "module.security.akamai_appsec_advanced_settings_evasive_path_match.evasive_path_match",
            "module.security.akamai_appsec_advanced_settings_logging.logging",
            "module.security.akamai_appsec_advanced_settings_pii_learning.pii_learning",
            "module.security.akamai_appsec_advanced_settings_pragma_header.pragma_header",
            "module.security.akamai_appsec_advanced_settings_prefetch.prefetch",
            "module.security.akamai_appsec_advanced_settings_request_body.config_settings",
            "module.security.akamai_appsec_api_constraints_protection.tfdemo",
            "module.security.akamai_appsec_attack_group.tfdemo_CMD",
            "module.security.akamai_appsec_attack_group.tfdemo_LFI",
            "module.security.akamai_appsec_attack_group.tfdemo_PLATFORM",
            "module.security.akamai_appsec_attack_group.tfdemo_POLICY",
            "module.security.akamai_appsec_attack_group.tfdemo_PROTOCOL",
            "module.security.akamai_appsec_attack_group.tfdemo_RFI",
            "module.security.akamai_appsec_attack_group.tfdemo_SQL",
            "module.security.akamai_appsec_attack_group.tfdemo_WAT",
            "module.security.akamai_appsec_attack_group.tfdemo_XSS",
            "module.security.akamai_appsec_configuration.config",
            "module.security.akamai_appsec_ip_geo.tfdemo",
            "module.security.akamai_appsec_ip_geo_protection.tfdemo",
            "module.security.akamai_appsec_malware_protection.tfdemo",
            "module.security.akamai_appsec_match_target.website_8232297",
            "module.security.akamai_appsec_penalty_box.tfdemo",
            "module.security.akamai_appsec_rate_policy.origin_error",
            "module.security.akamai_appsec_rate_policy.page_view_requests",
            "module.security.akamai_appsec_rate_policy.post_page_requests",
            "module.security.akamai_appsec_rate_policy_action.tfdemo_origin_error",
            "module.security.akamai_appsec_rate_policy_action.tfdemo_page_view_requests",
            "module.security.akamai_appsec_rate_policy_action.tfdemo_post_page_requests",
            "module.security.akamai_appsec_rate_protection.tfdemo",
            "module.security.akamai_appsec_security_policy.tfdemo",
            "module.security.akamai_appsec_slow_post.tfdemo",
            "module.security.akamai_appsec_slowpost_protection.tfdemo",
            "module.security.akamai_appsec_version_notes.version_notes",
            "module.security.akamai_appsec_waf_mode.tfdemo",
            "module.security.akamai_appsec_waf_protection.tfdemo",
            "module.security.data.akamai_group.group",
            "module.security.random_string.secret_header",
            "module.security.time_sleep.wait1",
            "module.security.time_sleep.wait2"
          ]
        }
      ]
    },
    {
      "module": "module.botman[0]",
      "mode": "managed",
      "type": "akamai_botman_akamai_bot_category_action",
      "name": "tfdemo_site_monitoring_and_web_development_bots_07782c03-8d21-4491-9078-b83514e6508f",
      "provider": "provider[\"registry.terraform.io/akamai/akamai\"]",
      "instances": [
        {
          "schema_version": 0,
          "attributes": {
            "akamai_bot_category_action": "{\"action\":\"monitor\"}",
            "category_id": "07782c03-8d21-4491-9078-b83514e6508f",
            "config_id": 121010,
            "id": "121010:main_317032:07782c03-8d21-4491-9078-b83514e6508f",
            "security_policy_id": "main_317032"
          },
          "sensitive_attributes": [],
          "identity_schema_version": 0,
          "private": "bnVsbA==",
          "dependencies": [
            "data.akamai_contract.contract",
            "module.client-lists.akamai_clientlist_list.client-lists-geoblock-list",
            "module.client-lists.akamai_clientlist_list.client-lists-ipblock",
            "module.client-lists.akamai_clientlist_list.client-lists-ipblock-list-exceptions",
            "module.client-lists.akamai_clientlist_list.client-lists-pragmabypass-list",
            "module.client-lists.akamai_clientlist_list.client-lists-rcbypass-list",
            "module.client-lists.akamai_clientlist_list.client-lists-securitybypass-list",
            "module.security.akamai_appsec_advanced_settings_attack_payload_logging.attack_payload_logging",
            "module.security.akamai_appsec_advanced_settings_evasive_path_match.evasive_path_match",
            "module.security.akamai_appsec_advanced_settings_logging.logging",
            "module.security.akamai_appsec_advanced_settings_pii_learning.pii_learning",
            "module.security.akamai_appsec_advanced_settings_pragma_header.pragma_header",
            "module.security.akamai_appsec_advanced_settings_prefetch.prefetch",
            "module.security.akamai_appsec_advanced_settings_request_body.config_settings",
            "module.security.akamai_appsec_api_constraints_protection.tfdemo",
            "module.security.akamai_appsec_attack_group.tfdemo_CMD",
            "module.security.akamai_appsec_attack_group.tfdemo_LFI",
            "module.security.akamai_appsec_attack_group.tfdemo_PLATFORM",
            "module.security.akamai_appsec_attack_group.tfdemo_POLICY",
            "module.security.akamai_appsec_attack_group.tfdemo_PROTOCOL",
            "module.security.akamai_appsec_attack_group.tfdemo_RFI",
            "module.security.akamai_appsec_attack_group.tfdemo_SQL",
            "module.security.akamai_appsec_attack_group.tfdemo_WAT",
            "module.security.akamai_appsec_attack_group.tfdemo_XSS",
            "module.security.akamai_appsec_configuration.config",
            "module.security.akamai_appsec_ip_geo.tfdemo",
            "module.security.akamai_appsec_ip_geo_protection.tfdemo",
            "module.security.akamai_appsec_malware_protection.tfdemo",
            "module.security.akamai_appsec_match_target.website_8232297",
            "module.security.akamai_appsec_penalty_box.tfdemo",
            "module.security.akamai_appsec_rate_policy.origin_error",
            "module.security.akamai_appsec_rate_policy.page_view_requests",
            "module.security.akamai_appsec_rate_policy.post_page_requests",
            "module.security.akamai_appsec_rate_policy_action.tfdemo_origin_error",
            "module.security.akamai_appsec_rate_policy_action.tfdemo_page_view_requests",
            "module.security.akamai_appsec_rate_policy_action.tfdemo_post_page_requests",
            "module.security.akamai_appsec_rate_protection.tfdemo",
            "module.security.akamai_appsec_security_policy.tfdemo",
            "module.security.akamai_appsec_slow_post.tfdemo",
            "module.security.akamai_appsec_slowpost_protection.tfdemo",
            "module.security.akamai_appsec_version_notes.version_notes",
            "module.security.akamai_appsec_waf_mode.tfdemo",
            "module.security.akamai_appsec_waf_protection.tfdemo",
            "module.security.data.akamai_group.group",
            "module.security.random_string.secret_header",
            "module.security.time_sleep.wait1",
            "module.security.time_sleep.wait2"
          ]
        }
      ]
    },
    {
      "module": "module.botman[0]",
      "mode": "managed",
      "type": "akamai_botman_akamai_bot_category_action",
      "name": "tfdemo_social_media_or_blog_bots_7035af8d-148c-429a-89da-de41e68c72d8",
      "provider": "provider[\"registry.terraform.io/akamai/akamai\"]",
      "instances": [
        {
          "schema_version": 0,
          "attributes": {
            "akamai_bot_category_action": "{\"action\":\"monitor\"}",
            "category_id": "7035af8d-148c-429a-89da-de41e68c72d8",
            "config_id": 121010,
            "id": "121010:main_317032:7035af8d-148c-429a-89da-de41e68c72d8",
            "security_policy_id": "main_317032"
          },
          "sensitive_attributes": [],
          "identity_schema_version": 0,
          "private": "bnVsbA==",
          "dependencies": [
            "data.akamai_contract.contract",
            "module.client-lists.akamai_clientlist_list.client-lists-geoblock-list",
            "module.client-lists.akamai_clientlist_list.client-lists-ipblock",
            "module.client-lists.akamai_clientlist_list.client-lists-ipblock-list-exceptions",
            "module.client-lists.akamai_clientlist_list.client-lists-pragmabypass-list",
            "module.client-lists.akamai_clientlist_list.client-lists-rcbypass-list",
            "module.client-lists.akamai_clientlist_list.client-lists-securitybypass-list",
            "module.security.akamai_appsec_advanced_settings_attack_payload_logging.attack_payload_logging",
            "module.security.akamai_appsec_advanced_settings_evasive_path_match.evasive_path_match",
            "module.security.akamai_appsec_advanced_settings_logging.logging",
            "module.security.akamai_appsec_advanced_settings_pii_learning.pii_learning",
            "module.security.akamai_appsec_advanced_settings_pragma_header.pragma_header",
            "module.security.akamai_appsec_advanced_settings_prefetch.prefetch",
            "module.security.akamai_appsec_advanced_settings_request_body.config_settings",
            "module.security.akamai_appsec_api_constraints_protection.tfdemo",
            "module.security.akamai_appsec_attack_group.tfdemo_CMD",
            "module.security.akamai_appsec_attack_group.tfdemo_LFI",
            "module.security.akamai_appsec_attack_group.tfdemo_PLATFORM",
            "module.security.akamai_appsec_attack_group.tfdemo_POLICY",
            "module.security.akamai_appsec_attack_group.tfdemo_PROTOCOL",
            "module.security.akamai_appsec_attack_group.tfdemo_RFI",
            "module.security.akamai_appsec_attack_group.tfdemo_SQL",
            "module.security.akamai_appsec_attack_group.tfdemo_WAT",
            "module.security.akamai_appsec_attack_group.tfdemo_XSS",
            "module.security.akamai_appsec_configuration.config",
            "module.security.akamai_appsec_ip_geo.tfdemo",
            "module.security.akamai_appsec_ip_geo_protection.tfdemo",
            "module.security.akamai_appsec_malware_protection.tfdemo",
            "module.security.akamai_appsec_match_target.website_8232297",
            "module.security.akamai_appsec_penalty_box.tfdemo",
            "module.security.akamai_appsec_rate_policy.origin_error",
            "module.security.akamai_appsec_rate_policy.page_view_requests",
            "module.security.akamai_appsec_rate_policy.post_page_requests",
            "module.security.akamai_appsec_rate_policy_action.tfdemo_origin_error",
            "module.security.akamai_appsec_rate_policy_action.tfdemo_page_view_requests",
            "module.security.akamai_appsec_rate_policy_action.tfdemo_post_page_requests",
            "module.security.akamai_appsec_rate_protection.tfdemo",
            "module.security.akamai_appsec_security_policy.tfdemo",
            "module.security.akamai_appsec_slow_post.tfdemo",
            "module.security.akamai_appsec_slowpost_protection.tfdemo",
            "module.security.akamai_appsec_version_notes.version_notes",
            "module.security.akamai_appsec_waf_mode.tfdemo",
            "module.security.akamai_appsec_waf_protection.tfdemo",
            "module.security.data.akamai_group.group",
            "module.security.random_string.secret_header",
            "module.security.time_sleep.wait1",
            "module.security.time_sleep.wait2"
          ]
        }
      ]
    },
    {
      "module": "module.botman[0]",
      "mode": "managed",
      "type": "akamai_botman_akamai_bot_category_action",
      "name": "tfdemo_web_archiver_bots_831ef84a-c2bb-4b0d-b90d-bcd16793b830",
      "provider": "provider[\"registry.terraform.io/akamai/akamai\"]",
      "instances": [
        {
          "schema_version": 0,
          "attributes": {
            "akamai_bot_category_action": "{\"action\":\"monitor\"}",
            "category_id": "831ef84a-c2bb-4b0d-b90d-bcd16793b830",
            "config_id": 121010,
            "id": "121010:main_317032:831ef84a-c2bb-4b0d-b90d-bcd16793b830",
            "security_policy_id": "main_317032"
          },
          "sensitive_attributes": [],
          "identity_schema_version": 0,
          "private": "bnVsbA==",
          "dependencies": [
            "data.akamai_contract.contract",
            "module.client-lists.akamai_clientlist_list.client-lists-geoblock-list",
            "module.client-lists.akamai_clientlist_list.client-lists-ipblock",
            "module.client-lists.akamai_clientlist_list.client-lists-ipblock-list-exceptions",
            "module.client-lists.akamai_clientlist_list.client-lists-pragmabypass-list",
            "module.client-lists.akamai_clientlist_list.client-lists-rcbypass-list",
            "module.client-lists.akamai_clientlist_list.client-lists-securitybypass-list",
            "module.security.akamai_appsec_advanced_settings_attack_payload_logging.attack_payload_logging",
            "module.security.akamai_appsec_advanced_settings_evasive_path_match.evasive_path_match",
            "module.security.akamai_appsec_advanced_settings_logging.logging",
            "module.security.akamai_appsec_advanced_settings_pii_learning.pii_learning",
            "module.security.akamai_appsec_advanced_settings_pragma_header.pragma_header",
            "module.security.akamai_appsec_advanced_settings_prefetch.prefetch",
            "module.security.akamai_appsec_advanced_settings_request_body.config_settings",
            "module.security.akamai_appsec_api_constraints_protection.tfdemo",
            "module.security.akamai_appsec_attack_group.tfdemo_CMD",
            "module.security.akamai_appsec_attack_group.tfdemo_LFI",
            "module.security.akamai_appsec_attack_group.tfdemo_PLATFORM",
            "module.security.akamai_appsec_attack_group.tfdemo_POLICY",
            "module.security.akamai_appsec_attack_group.tfdemo_PROTOCOL",
            "module.security.akamai_appsec_attack_group.tfdemo_RFI",
            "module.security.akamai_appsec_attack_group.tfdemo_SQL",
            "module.security.akamai_appsec_attack_group.tfdemo_WAT",
            "module.security.akamai_appsec_attack_group.tfdemo_XSS",
            "module.security.akamai_appsec_configuration.config",
            "module.security.akamai_appsec_ip_geo.tfdemo",
            "module.security.akamai_appsec_ip_geo_protection.tfdemo",
            "module.security.akamai_appsec_malware_protection.tfdemo",
            "module.security.akamai_appsec_match_target.website_8232297",
            "module.security.akamai_appsec_penalty_box.tfdemo",
            "module.security.akamai_appsec_rate_policy.origin_error",
            "module.security.akamai_appsec_rate_policy.page_view_requests",
            "module.security.akamai_appsec_rate_policy.post_page_requests",
            "module.security.akamai_appsec_rate_policy_action.tfdemo_origin_error",
            "module.security.akamai_appsec_rate_policy_action.tfdemo_page_view_requests",
            "module.security.akamai_appsec_rate_policy_action.tfdemo_post_page_requests",
            "module.security.akamai_appsec_rate_protection.tfdemo",
            "module.security.akamai_appsec_security_policy.tfdemo",
            "module.security.akamai_appsec_slow_post.tfdemo",
            "module.security.akamai_appsec_slowpost_protection.tfdemo",
            "module.security.akamai_appsec_version_notes.version_notes",
            "module.security.akamai_appsec_waf_mode.tfdemo",
            "module.security.akamai_appsec_waf_protection.tfdemo",
            "module.security.data.akamai_group.group",
            "module.security.random_string.secret_header",
            "module.security.time_sleep.wait1",
            "module.security.time_sleep.wait2"
          ]
        }
      ]
    },
    {
      "module": "module.botman[0]",
      "mode": "managed",
      "type": "akamai_botman_akamai_bot_category_action",
      "name": "tfdemo_web_search_engine_bots_4e14219f-6568-4c9d-9bd8-b29ca2afc422",
      "provider": "provider[\"registry.terraform.io/akamai/akamai\"]",
      "instances": [
        {
          "schema_version": 0,
          "attributes": {
            "akamai_bot_category_action": "{\"action\":\"monitor\"}",
            "category_id": "4e14219f-6568-4c9d-9bd8-b29ca2afc422",
            "config_id": 121010,
            "id": "121010:main_317032:4e14219f-6568-4c9d-9bd8-b29ca2afc422",
            "security_policy_id": "main_317032"
          },
          "sensitive_attributes": [],
          "identity_schema_version": 0,
          "private": "bnVsbA==",
          "dependencies": [
            "data.akamai_contract.contract",
            "module.client-lists.akamai_clientlist_list.client-lists-geoblock-list",
            "module.client-lists.akamai_clientlist_list.client-lists-ipblock",
            "module.client-lists.akamai_clientlist_list.client-lists-ipblock-list-exceptions",
            "module.client-lists.akamai_clientlist_list.client-lists-pragmabypass-list",
            "module.client-lists.akamai_clientlist_list.client-lists-rcbypass-list",
            "module.client-lists.akamai_clientlist_list.client-lists-securitybypass-list",
            "module.security.akamai_appsec_advanced_settings_attack_payload_logging.attack_payload_logging",
            "module.security.akamai_appsec_advanced_settings_evasive_path_match.evasive_path_match",
            "module.security.akamai_appsec_advanced_settings_logging.logging",
            "module.security.akamai_appsec_advanced_settings_pii_learning.pii_learning",
            "module.security.akamai_appsec_advanced_settings_pragma_header.pragma_header",
            "module.security.akamai_appsec_advanced_settings_prefetch.prefetch",
            "module.security.akamai_appsec_advanced_settings_request_body.config_settings",
            "module.security.akamai_appsec_api_constraints_protection.tfdemo",
            "module.security.akamai_appsec_attack_group.tfdemo_CMD",
            "module.security.akamai_appsec_attack_group.tfdemo_LFI",
            "module.security.akamai_appsec_attack_group.tfdemo_PLATFORM",
            "module.security.akamai_appsec_attack_group.tfdemo_POLICY",
            "module.security.akamai_appsec_attack_group.tfdemo_PROTOCOL",
            "module.security.akamai_appsec_attack_group.tfdemo_RFI",
            "module.security.akamai_appsec_attack_group.tfdemo_SQL",
            "module.security.akamai_appsec_attack_group.tfdemo_WAT",
            "module.security.akamai_appsec_attack_group.tfdemo_XSS",
            "module.security.akamai_appsec_configuration.config",
            "module.security.akamai_appsec_ip_geo.tfdemo",
            "module.security.akamai_appsec_ip_geo_protection.tfdemo",
            "module.security.akamai_appsec_malware_protection.tfdemo",
            "module.security.akamai_appsec_match_target.website_8232297",
            "module.security.akamai_appsec_penalty_box.tfdemo",
            "module.security.akamai_appsec_rate_policy.origin_error",
            "module.security.akamai_appsec_rate_policy.page_view_requests",
            "module.security.akamai_appsec_rate_policy.post_page_requests",
            "module.security.akamai_appsec_rate_policy_action.tfdemo_origin_error",
            "module.security.akamai_appsec_rate_policy_action.tfdemo_page_view_requests",
            "module.security.akamai_appsec_rate_policy_action.tfdemo_post_page_requests",
            "module.security.akamai_appsec_rate_protection.tfdemo",
            "module.security.akamai_appsec_security_policy.tfdemo",
            "module.security.akamai_appsec_slow_post.tfdemo",
            "module.security.akamai_appsec_slowpost_protection.tfdemo",
            "module.security.akamai_appsec_version_notes.version_notes",
            "module.security.akamai_appsec_waf_mode.tfdemo",
            "module.security.akamai_appsec_waf_protection.tfdemo",
            "module.security.data.akamai_group.group",
            "module.security.random_string.secret_header",
            "module.security.time_sleep.wait1",
            "module.security.time_sleep.wait2"
          ]
        }
      ]
    },
    {
      "module": "module.botman[0]",
      "mode": "managed",
      "type": "akamai_botman_bot_detection_action",
      "name": "tfdemo_aggressive_web_crawlers_5bc041ad-c840-4202-9c2e-d7fc873dbeaf",
      "provider": "provider[\"registry.terraform.io/akamai/akamai\"]",
      "instances": [
        {
          "schema_version": 0,
          "attributes": {
            "bot_detection_action": "{\"action\":\"monitor\"}",
            "config_id": 121010,
            "detection_id": "5bc041ad-c840-4202-9c2e-d7fc873dbeaf",
            "id": "121010:main_317032:5bc041ad-c840-4202-9c2e-d7fc873dbeaf",
            "security_policy_id": "main_317032"
          },
          "sensitive_attributes": [],
          "identity_schema_version": 0,
          "private": "bnVsbA==",
          "dependencies": [
            "data.akamai_contract.contract",
            "module.client-lists.akamai_clientlist_list.client-lists-geoblock-list",
            "module.client-lists.akamai_clientlist_list.client-lists-ipblock",
            "module.client-lists.akamai_clientlist_list.client-lists-ipblock-list-exceptions",
            "module.client-lists.akamai_clientlist_list.client-lists-pragmabypass-list",
            "module.client-lists.akamai_clientlist_list.client-lists-rcbypass-list",
            "module.client-lists.akamai_clientlist_list.client-lists-securitybypass-list",
            "module.security.akamai_appsec_advanced_settings_attack_payload_logging.attack_payload_logging",
            "module.security.akamai_appsec_advanced_settings_evasive_path_match.evasive_path_match",
            "module.security.akamai_appsec_advanced_settings_logging.logging",
            "module.security.akamai_appsec_advanced_settings_pii_learning.pii_learning",
            "module.security.akamai_appsec_advanced_settings_pragma_header.pragma_header",
            "module.security.akamai_appsec_advanced_settings_prefetch.prefetch",
            "module.security.akamai_appsec_advanced_settings_request_body.config_settings",
            "module.security.akamai_appsec_api_constraints_protection.tfdemo",
            "module.security.akamai_appsec_attack_group.tfdemo_CMD",
            "module.security.akamai_appsec_attack_group.tfdemo_LFI",
            "module.security.akamai_appsec_attack_group.tfdemo_PLATFORM",
            "module.security.akamai_appsec_attack_group.tfdemo_POLICY",
            "module.security.akamai_appsec_attack_group.tfdemo_PROTOCOL",
            "module.security.akamai_appsec_attack_group.tfdemo_RFI",
            "module.security.akamai_appsec_attack_group.tfdemo_SQL",
            "module.security.akamai_appsec_attack_group.tfdemo_WAT",
            "module.security.akamai_appsec_attack_group.tfdemo_XSS",
            "module.security.akamai_appsec_configuration.config",
            "module.security.akamai_appsec_ip_geo.tfdemo",
            "module.security.akamai_appsec_ip_geo_protection.tfdemo",
            "module.security.akamai_appsec_malware_protection.tfdemo",
            "module.security.akamai_appsec_match_target.website_8232297",
            "module.security.akamai_appsec_penalty_box.tfdemo",
            "module.security.akamai_appsec_rate_policy.origin_error",
            "module.security.akamai_appsec_rate_policy.page_view_requests",
            "module.security.akamai_appsec_rate_policy.post_page_requests",
            "module.security.akamai_appsec_rate_policy_action.tfdemo_origin_error",
            "module.security.akamai_appsec_rate_policy_action.tfdemo_page_view_requests",
            "module.security.akamai_appsec_rate_policy_action.tfdemo_post_page_requests",
            "module.security.akamai_appsec_rate_protection.tfdemo",
            "module.security.akamai_appsec_security_policy.tfdemo",
            "module.security.akamai_appsec_slow_post.tfdemo",
            "module.security.akamai_appsec_slowpost_protection.tfdemo",
            "module.security.akamai_appsec_version_notes.version_notes",
            "module.security.akamai_appsec_waf_mode.tfdemo",
            "module.security.akamai_appsec_waf_protection.tfdemo",
            "module.security.data.akamai_group.group",
            "module.security.random_string.secret_header",
            "module.security.time_sleep.wait1",
            "module.security.time_sleep.wait2"
          ]
        }
      ]
    },
    {
      "module": "module.botman[0]",
      "mode": "managed",
      "type": "akamai_botman_bot_detection_action",
      "name": "tfdemo_browser_impersonator_a3b92f75-fa5d-436e-b066-426fc2919968",
      "provider": "provider[\"registry.terraform.io/akamai/akamai\"]",
      "instances": [
        {
          "schema_version": 0,
          "attributes": {
            "bot_detection_action": "{\"action\":\"monitor\"}",
            "config_id": 121010,
            "detection_id": "a3b92f75-fa5d-436e-b066-426fc2919968",
            "id": "121010:main_317032:a3b92f75-fa5d-436e-b066-426fc2919968",
            "security_policy_id": "main_317032"
          },
          "sensitive_attributes": [],
          "identity_schema_version": 0,
          "private": "bnVsbA==",
          "dependencies": [
            "data.akamai_contract.contract",
            "module.client-lists.akamai_clientlist_list.client-lists-geoblock-list",
            "module.client-lists.akamai_clientlist_list.client-lists-ipblock",
            "module.client-lists.akamai_clientlist_list.client-lists-ipblock-list-exceptions",
            "module.client-lists.akamai_clientlist_list.client-lists-pragmabypass-list",
            "module.client-lists.akamai_clientlist_list.client-lists-rcbypass-list",
            "module.client-lists.akamai_clientlist_list.client-lists-securitybypass-list",
            "module.security.akamai_appsec_advanced_settings_attack_payload_logging.attack_payload_logging",
            "module.security.akamai_appsec_advanced_settings_evasive_path_match.evasive_path_match",
            "module.security.akamai_appsec_advanced_settings_logging.logging",
            "module.security.akamai_appsec_advanced_settings_pii_learning.pii_learning",
            "module.security.akamai_appsec_advanced_settings_pragma_header.pragma_header",
            "module.security.akamai_appsec_advanced_settings_prefetch.prefetch",
            "module.security.akamai_appsec_advanced_settings_request_body.config_settings",
            "module.security.akamai_appsec_api_constraints_protection.tfdemo",
            "module.security.akamai_appsec_attack_group.tfdemo_CMD",
            "module.security.akamai_appsec_attack_group.tfdemo_LFI",
            "module.security.akamai_appsec_attack_group.tfdemo_PLATFORM",
            "module.security.akamai_appsec_attack_group.tfdemo_POLICY",
            "module.security.akamai_appsec_attack_group.tfdemo_PROTOCOL",
            "module.security.akamai_appsec_attack_group.tfdemo_RFI",
            "module.security.akamai_appsec_attack_group.tfdemo_SQL",
            "module.security.akamai_appsec_attack_group.tfdemo_WAT",
            "module.security.akamai_appsec_attack_group.tfdemo_XSS",
            "module.security.akamai_appsec_configuration.config",
            "module.security.akamai_appsec_ip_geo.tfdemo",
            "module.security.akamai_appsec_ip_geo_protection.tfdemo",
            "module.security.akamai_appsec_malware_protection.tfdemo",
            "module.security.akamai_appsec_match_target.website_8232297",
            "module.security.akamai_appsec_penalty_box.tfdemo",
            "module.security.akamai_appsec_rate_policy.origin_error",
            "module.security.akamai_appsec_rate_policy.page_view_requests",
            "module.security.akamai_appsec_rate_policy.post_page_requests",
            "module.security.akamai_appsec_rate_policy_action.tfdemo_origin_error",
            "module.security.akamai_appsec_rate_policy_action.tfdemo_page_view_requests",
            "module.security.akamai_appsec_rate_policy_action.tfdemo_post_page_requests",
            "module.security.akamai_appsec_rate_protection.tfdemo",
            "module.security.akamai_appsec_security_policy.tfdemo",
            "module.security.akamai_appsec_slow_post.tfdemo",
            "module.security.akamai_appsec_slowpost_protection.tfdemo",
            "module.security.akamai_appsec_version_notes.version_notes",
            "module.security.akamai_appsec_waf_mode.tfdemo",
            "module.security.akamai_appsec_waf_protection.tfdemo",
            "module.security.data.akamai_group.group",
            "module.security.random_string.secret_header",
            "module.security.time_sleep.wait1",
            "module.security.time_sleep.wait2"
          ]
        }
      ]
    },
    {
      "module": "module.botman[0]",
      "mode": "managed",
      "type": "akamai_botman_bot_detection_action",
      "name": "tfdemo_client_disabled_javascript_noscript_triggered_c5623efa-f326-41d1-9601-a2d201bedf63",
      "provider": "provider[\"registry.terraform.io/akamai/akamai\"]",
      "instances": []
    },
    {
      "module": "module.botman[0]",
      "mode": "managed",
      "type": "akamai_botman_bot_detection_action",
      "name": "tfdemo_cookie_integrity_failed_4f1fd3ea-7072-4cd0-8d12-24f275e6c75d",
      "provider": "provider[\"registry.terraform.io/akamai/akamai\"]",
      "instances": []
    },
    {
      "module": "module.botman[0]",
      "mode": "managed",
      "type": "akamai_botman_bot_detection_action",
      "name": "tfdemo_development_frameworks_da005ad3-8bbb-43c8-a783-d97d1fb71ad2",
      "provider": "provider[\"registry.terraform.io/akamai/akamai\"]",
      "instances": [
        {
          "schema_version": 0,
          "attributes": {
            "bot_detection_action": "{\"action\":\"monitor\"}",
            "config_id": 121010,
            "detection_id": "da005ad3-8bbb-43c8-a783-d97d1fb71ad2",
            "id": "121010:main_317032:da005ad3-8bbb-43c8-a783-d97d1fb71ad2",
            "security_policy_id": "main_317032"
          },
          "sensitive_attributes": [],
          "identity_schema_version": 0,
          "private": "bnVsbA==",
          "dependencies": [
            "data.akamai_contract.contract",
            "module.client-lists.akamai_clientlist_list.client-lists-geoblock-list",
            "module.client-lists.akamai_clientlist_list.client-lists-ipblock",
            "module.client-lists.akamai_clientlist_list.client-lists-ipblock-list-exceptions",
            "module.client-lists.akamai_clientlist_list.client-lists-pragmabypass-list",
            "module.client-lists.akamai_clientlist_list.client-lists-rcbypass-list",
            "module.client-lists.akamai_clientlist_list.client-lists-securitybypass-list",
            "module.security.akamai_appsec_advanced_settings_attack_payload_logging.attack_payload_logging",
            "module.security.akamai_appsec_advanced_settings_evasive_path_match.evasive_path_match",
            "module.security.akamai_appsec_advanced_settings_logging.logging",
            "module.security.akamai_appsec_advanced_settings_pii_learning.pii_learning",
            "module.security.akamai_appsec_advanced_settings_pragma_header.pragma_header",
            "module.security.akamai_appsec_advanced_settings_prefetch.prefetch",
            "module.security.akamai_appsec_advanced_settings_request_body.config_settings",
            "module.security.akamai_appsec_api_constraints_protection.tfdemo",
            "module.security.akamai_appsec_attack_group.tfdemo_CMD",
            "module.security.akamai_appsec_attack_group.tfdemo_LFI",
            "module.security.akamai_appsec_attack_group.tfdemo_PLATFORM",
            "module.security.akamai_appsec_attack_group.tfdemo_POLICY",
            "module.security.akamai_appsec_attack_group.tfdemo_PROTOCOL",
            "module.security.akamai_appsec_attack_group.tfdemo_RFI",
            "module.security.akamai_appsec_attack_group.tfdemo_SQL",
            "module.security.akamai_appsec_attack_group.tfdemo_WAT",
            "module.security.akamai_appsec_attack_group.tfdemo_XSS",
            "module.security.akamai_appsec_configuration.config",
            "module.security.akamai_appsec_ip_geo.tfdemo",
            "module.security.akamai_appsec_ip_geo_protection.tfdemo",
            "module.security.akamai_appsec_malware_protection.tfdemo",
            "module.security.akamai_appsec_match_target.website_8232297",
            "module.security.akamai_appsec_penalty_box.tfdemo",
            "module.security.akamai_appsec_rate_policy.origin_error",
            "module.security.akamai_appsec_rate_policy.page_view_requests",
            "module.security.akamai_appsec_rate_policy.post_page_requests",
            "module.security.akamai_appsec_rate_policy_action.tfdemo_origin_error",
            "module.security.akamai_appsec_rate_policy_action.tfdemo_page_view_requests",
            "module.security.akamai_appsec_rate_policy_action.tfdemo_post_page_requests",
            "module.security.akamai_appsec_rate_protection.tfdemo",
            "module.security.akamai_appsec_security_policy.tfdemo",
            "module.security.akamai_appsec_slow_post.tfdemo",
            "module.security.akamai_appsec_slowpost_protection.tfdemo",
            "module.security.akamai_appsec_version_notes.version_notes",
            "module.security.akamai_appsec_waf_mode.tfdemo",
            "module.security.akamai_appsec_waf_protection.tfdemo",
            "module.security.data.akamai_group.group",
            "module.security.random_string.secret_header",
            "module.security.time_sleep.wait1",
            "module.security.time_sleep.wait2"
          ]
        }
      ]
    },
    {
      "module": "module.botman[0]",
      "mode": "managed",
      "type": "akamai_botman_bot_detection_action",
      "name": "tfdemo_headless_browsersautomation_tools_b88cba13-4d11-46fe-a7e0-b47e78892dc4",
      "provider": "provider[\"registry.terraform.io/akamai/akamai\"]",
      "instances": [
        {
          "schema_version": 0,
          "attributes": {
            "bot_detection_action": "{\"action\":\"monitor\"}",
            "config_id": 121010,
            "detection_id": "b88cba13-4d11-46fe-a7e0-b47e78892dc4",
            "id": "121010:main_317032:b88cba13-4d11-46fe-a7e0-b47e78892dc4",
            "security_policy_id": "main_317032"
          },
          "sensitive_attributes": [],
          "identity_schema_version": 0,
          "private": "bnVsbA==",
          "dependencies": [
            "data.akamai_contract.contract",
            "module.client-lists.akamai_clientlist_list.client-lists-geoblock-list",
            "module.client-lists.akamai_clientlist_list.client-lists-ipblock",
            "module.client-lists.akamai_clientlist_list.client-lists-ipblock-list-exceptions",
            "module.client-lists.akamai_clientlist_list.client-lists-pragmabypass-list",
            "module.client-lists.akamai_clientlist_list.client-lists-rcbypass-list",
            "module.client-lists.akamai_clientlist_list.client-lists-securitybypass-list",
            "module.security.akamai_appsec_advanced_settings_attack_payload_logging.attack_payload_logging",
            "module.security.akamai_appsec_advanced_settings_evasive_path_match.evasive_path_match",
            "module.security.akamai_appsec_advanced_settings_logging.logging",
            "module.security.akamai_appsec_advanced_settings_pii_learning.pii_learning",
            "module.security.akamai_appsec_advanced_settings_pragma_header.pragma_header",
            "module.security.akamai_appsec_advanced_settings_prefetch.prefetch",
            "module.security.akamai_appsec_advanced_settings_request_body.config_settings",
            "module.security.akamai_appsec_api_constraints_protection.tfdemo",
            "module.security.akamai_appsec_attack_group.tfdemo_CMD",
            "module.security.akamai_appsec_attack_group.tfdemo_LFI",
            "module.security.akamai_appsec_attack_group.tfdemo_PLATFORM",
            "module.security.akamai_appsec_attack_group.tfdemo_POLICY",
            "module.security.akamai_appsec_attack_group.tfdemo_PROTOCOL",
            "module.security.akamai_appsec_attack_group.tfdemo_RFI",
            "module.security.akamai_appsec_attack_group.tfdemo_SQL",
            "module.security.akamai_appsec_attack_group.tfdemo_WAT",
            "module.security.akamai_appsec_attack_group.tfdemo_XSS",
            "module.security.akamai_appsec_configuration.config",
            "module.security.akamai_appsec_ip_geo.tfdemo",
            "module.security.akamai_appsec_ip_geo_protection.tfdemo",
            "module.security.akamai_appsec_malware_protection.tfdemo",
            "module.security.akamai_appsec_match_target.website_8232297",
            "module.security.akamai_appsec_penalty_box.tfdemo",
            "module.security.akamai_appsec_rate_policy.origin_error",
            "module.security.akamai_appsec_rate_policy.page_view_requests",
            "module.security.akamai_appsec_rate_policy.post_page_requests",
            "module.security.akamai_appsec_rate_policy_action.tfdemo_origin_error",
            "module.security.akamai_appsec_rate_policy_action.tfdemo_page_view_requests",
            "module.security.akamai_appsec_rate_policy_action.tfdemo_post_page_requests",
            "module.security.akamai_appsec_rate_protection.tfdemo",
            "module.security.akamai_appsec_security_policy.tfdemo",
            "module.security.akamai_appsec_slow_post.tfdemo",
            "module.security.akamai_appsec_slowpost_protection.tfdemo",
            "module.security.akamai_appsec_version_notes.version_notes",
            "module.security.akamai_appsec_waf_mode.tfdemo",
            "module.security.akamai_appsec_waf_protection.tfdemo",
            "module.security.data.akamai_group.group",
            "module.security.random_string.secret_header",
            "module.security.time_sleep.wait1",
            "module.security.time_sleep.wait2"
          ]
        }
      ]
    },
    {
      "module": "module.botman[0]",
      "mode": "managed",
      "type": "akamai_botman_bot_detection_action",
      "name": "tfdemo_http_libraries_578dad32-024b-48b4-930c-db81831686f4",
      "provider": "provider[\"registry.terraform.io/akamai/akamai\"]",
      "instances": [
        {
          "schema_version": 0,
          "attributes": {
            "bot_detection_action": "{\"action\":\"monitor\"}",
            "config_id": 121010,
            "detection_id": "578dad32-024b-48b4-930c-db81831686f4",
            "id": "121010:main_317032:578dad32-024b-48b4-930c-db81831686f4",
            "security_policy_id": "main_317032"
          },
          "sensitive_attributes": [],
          "identity_schema_version": 0,
          "private": "bnVsbA==",
          "dependencies": [
            "data.akamai_contract.contract",
            "module.client-lists.akamai_clientlist_list.client-lists-geoblock-list",
            "module.client-lists.akamai_clientlist_list.client-lists-ipblock",
            "module.client-lists.akamai_clientlist_list.client-lists-ipblock-list-exceptions",
            "module.client-lists.akamai_clientlist_list.client-lists-pragmabypass-list",
            "module.client-lists.akamai_clientlist_list.client-lists-rcbypass-list",
            "module.client-lists.akamai_clientlist_list.client-lists-securitybypass-list",
            "module.security.akamai_appsec_advanced_settings_attack_payload_logging.attack_payload_logging",
            "module.security.akamai_appsec_advanced_settings_evasive_path_match.evasive_path_match",
            "module.security.akamai_appsec_advanced_settings_logging.logging",
            "module.security.akamai_appsec_advanced_settings_pii_learning.pii_learning",
            "module.security.akamai_appsec_advanced_settings_pragma_header.pragma_header",
            "module.security.akamai_appsec_advanced_settings_prefetch.prefetch",
            "module.security.akamai_appsec_advanced_settings_request_body.config_settings",
            "module.security.akamai_appsec_api_constraints_protection.tfdemo",
            "module.security.akamai_appsec_attack_group.tfdemo_CMD",
            "module.security.akamai_appsec_attack_group.tfdemo_LFI",
            "module.security.akamai_appsec_attack_group.tfdemo_PLATFORM",
            "module.security.akamai_appsec_attack_group.tfdemo_POLICY",
            "module.security.akamai_appsec_attack_group.tfdemo_PROTOCOL",
            "module.security.akamai_appsec_attack_group.tfdemo_RFI",
            "module.security.akamai_appsec_attack_group.tfdemo_SQL",
            "module.security.akamai_appsec_attack_group.tfdemo_WAT",
            "module.security.akamai_appsec_attack_group.tfdemo_XSS",
            "module.security.akamai_appsec_configuration.config",
            "module.security.akamai_appsec_ip_geo.tfdemo",
            "module.security.akamai_appsec_ip_geo_protection.tfdemo",
            "module.security.akamai_appsec_malware_protection.tfdemo",
            "module.security.akamai_appsec_match_target.website_8232297",
            "module.security.akamai_appsec_penalty_box.tfdemo",
            "module.security.akamai_appsec_rate_policy.origin_error",
            "module.security.akamai_appsec_rate_policy.page_view_requests",
            "module.security.akamai_appsec_rate_policy.post_page_requests",
            "module.security.akamai_appsec_rate_policy_action.tfdemo_origin_error",
            "module.security.akamai_appsec_rate_policy_action.tfdemo_page_view_requests",
            "module.security.akamai_appsec_rate_policy_action.tfdemo_post_page_requests",
            "module.security.akamai_appsec_rate_protection.tfdemo",
            "module.security.akamai_appsec_security_policy.tfdemo",
            "module.security.akamai_appsec_slow_post.tfdemo",
            "module.security.akamai_appsec_slowpost_protection.tfdemo",
            "module.security.akamai_appsec_version_notes.version_notes",
            "module.security.akamai_appsec_waf_mode.tfdemo",
            "module.security.akamai_appsec_waf_protection.tfdemo",
            "module.security.data.akamai_group.group",
            "module.security.random_string.secret_header",
            "module.security.time_sleep.wait1",
            "module.security.time_sleep.wait2"
          ]
        }
      ]
    },
    {
      "module": "module.botman[0]",
      "mode": "managed",
      "type": "akamai_botman_bot_detection_action",
      "name": "tfdemo_impersonators_of_known_bots_fda1ffb9-ef46-4570-929c-7449c0c750f8",
      "provider": "provider[\"registry.terraform.io/akamai/akamai\"]",
      "instances": [
        {
          "schema_version": 0,
          "attributes": {
            "bot_detection_action": "{\"action\":\"monitor\"}",
            "config_id": 121010,
            "detection_id": "fda1ffb9-ef46-4570-929c-7449c0c750f8",
            "id": "121010:main_317032:fda1ffb9-ef46-4570-929c-7449c0c750f8",
            "security_policy_id": "main_317032"
          },
          "sensitive_attributes": [],
          "identity_schema_version": 0,
          "private": "bnVsbA==",
          "dependencies": [
            "data.akamai_contract.contract",
            "module.client-lists.akamai_clientlist_list.client-lists-geoblock-list",
            "module.client-lists.akamai_clientlist_list.client-lists-ipblock",
            "module.client-lists.akamai_clientlist_list.client-lists-ipblock-list-exceptions",
            "module.client-lists.akamai_clientlist_list.client-lists-pragmabypass-list",
            "module.client-lists.akamai_clientlist_list.client-lists-rcbypass-list",
            "module.client-lists.akamai_clientlist_list.client-lists-securitybypass-list",
            "module.security.akamai_appsec_advanced_settings_attack_payload_logging.attack_payload_logging",
            "module.security.akamai_appsec_advanced_settings_evasive_path_match.evasive_path_match",
            "module.security.akamai_appsec_advanced_settings_logging.logging",
            "module.security.akamai_appsec_advanced_settings_pii_learning.pii_learning",
            "module.security.akamai_appsec_advanced_settings_pragma_header.pragma_header",
            "module.security.akamai_appsec_advanced_settings_prefetch.prefetch",
            "module.security.akamai_appsec_advanced_settings_request_body.config_settings",
            "module.security.akamai_appsec_api_constraints_protection.tfdemo",
            "module.security.akamai_appsec_attack_group.tfdemo_CMD",
            "module.security.akamai_appsec_attack_group.tfdemo_LFI",
            "module.security.akamai_appsec_attack_group.tfdemo_PLATFORM",
            "module.security.akamai_appsec_attack_group.tfdemo_POLICY",
            "module.security.akamai_appsec_attack_group.tfdemo_PROTOCOL",
            "module.security.akamai_appsec_attack_group.tfdemo_RFI",
            "module.security.akamai_appsec_attack_group.tfdemo_SQL",
            "module.security.akamai_appsec_attack_group.tfdemo_WAT",
            "module.security.akamai_appsec_attack_group.tfdemo_XSS",
            "module.security.akamai_appsec_configuration.config",
            "module.security.akamai_appsec_ip_geo.tfdemo",
            "module.security.akamai_appsec_ip_geo_protection.tfdemo",
            "module.security.akamai_appsec_malware_protection.tfdemo",
            "module.security.akamai_appsec_match_target.website_8232297",
            "module.security.akamai_appsec_penalty_box.tfdemo",
            "module.security.akamai_appsec_rate_policy.origin_error",
            "module.security.akamai_appsec_rate_policy.page_view_requests",
            "module.security.akamai_appsec_rate_policy.post_page_requests",
            "module.security.akamai_appsec_rate_policy_action.tfdemo_origin_error",
            "module.security.akamai_appsec_rate_policy_action.tfdemo_page_view_requests",
            "module.security.akamai_appsec_rate_policy_action.tfdemo_post_page_requests",
            "module.security.akamai_appsec_rate_protection.tfdemo",
            "module.security.akamai_appsec_security_policy.tfdemo",
            "module.security.akamai_appsec_slow_post.tfdemo",
            "module.security.akamai_appsec_slowpost_protection.tfdemo",
            "module.security.akamai_appsec_version_notes.version_notes",
            "module.security.akamai_appsec_waf_mode.tfdemo",
            "module.security.akamai_appsec_waf_protection.tfdemo",
            "module.security.data.akamai_group.group",
            "module.security.random_string.secret_header",
            "module.security.time_sleep.wait1",
            "module.security.time_sleep.wait2"
          ]
        }
      ]
    },
    {
      "module": "module.botman[0]",
      "mode": "managed",
      "type": "akamai_botman_bot_detection_action",
      "name": "tfdemo_javascript_fingerprint_anomaly_393cba3d-656f-48f1-abe4-8dd5028c6871",
      "provider": "provider[\"registry.terraform.io/akamai/akamai\"]",
      "instances": []
    },
    {
      "module": "module.botman[0]",
      "mode": "managed",
      "type": "akamai_botman_bot_detection_action",
      "name": "tfdemo_javascript_fingerprint_not_received_c7f70f75-e3e2-4181-8ef8-30afb6576147",
      "provider": "provider[\"registry.terraform.io/akamai/akamai\"]",
      "instances": []
    },
    {
      "module": "module.botman[0]",
      "mode": "managed",
      "type": "akamai_botman_bot_detection_action",
      "name": "tfdemo_open_source_crawlersscraping_platforms_601192ae-f5e2-4a29-8f75-a0bcd3584c2b",
      "provider": "provider[\"registry.terraform.io/akamai/akamai\"]",
      "instances": [
        {
          "schema_version": 0,
          "attributes": {
            "bot_detection_action": "{\"action\":\"monitor\"}",
            "config_id": 121010,
            "detection_id": "601192ae-f5e2-4a29-8f75-a0bcd3584c2b",
            "id": "121010:main_317032:601192ae-f5e2-4a29-8f75-a0bcd3584c2b",
            "security_policy_id": "main_317032"
          },
          "sensitive_attributes": [],
          "identity_schema_version": 0,
          "private": "bnVsbA==",
          "dependencies": [
            "data.akamai_contract.contract",
            "module.client-lists.akamai_clientlist_list.client-lists-geoblock-list",
            "module.client-lists.akamai_clientlist_list.client-lists-ipblock",
            "module.client-lists.akamai_clientlist_list.client-lists-ipblock-list-exceptions",
            "module.client-lists.akamai_clientlist_list.client-lists-pragmabypass-list",
            "module.client-lists.akamai_clientlist_list.client-lists-rcbypass-list",
            "module.client-lists.akamai_clientlist_list.client-lists-securitybypass-list",
            "module.security.akamai_appsec_advanced_settings_attack_payload_logging.attack_payload_logging",
            "module.security.akamai_appsec_advanced_settings_evasive_path_match.evasive_path_match",
            "module.security.akamai_appsec_advanced_settings_logging.logging",
            "module.security.akamai_appsec_advanced_settings_pii_learning.pii_learning",
            "module.security.akamai_appsec_advanced_settings_pragma_header.pragma_header",
            "module.security.akamai_appsec_advanced_settings_prefetch.prefetch",
            "module.security.akamai_appsec_advanced_settings_request_body.config_settings",
            "module.security.akamai_appsec_api_constraints_protection.tfdemo",
            "module.security.akamai_appsec_attack_group.tfdemo_CMD",
            "module.security.akamai_appsec_attack_group.tfdemo_LFI",
            "module.security.akamai_appsec_attack_group.tfdemo_PLATFORM",
            "module.security.akamai_appsec_attack_group.tfdemo_POLICY",
            "module.security.akamai_appsec_attack_group.tfdemo_PROTOCOL",
            "module.security.akamai_appsec_attack_group.tfdemo_RFI",
            "module.security.akamai_appsec_attack_group.tfdemo_SQL",
            "module.security.akamai_appsec_attack_group.tfdemo_WAT",
            "module.security.akamai_appsec_attack_group.tfdemo_XSS",
            "module.security.akamai_appsec_configuration.config",
            "module.security.akamai_appsec_ip_geo.tfdemo",
            "module.security.akamai_appsec_ip_geo_protection.tfdemo",
            "module.security.akamai_appsec_malware_protection.tfdemo",
            "module.security.akamai_appsec_match_target.website_8232297",
            "module.security.akamai_appsec_penalty_box.tfdemo",
            "module.security.akamai_appsec_rate_policy.origin_error",
            "module.security.akamai_appsec_rate_policy.page_view_requests",
            "module.security.akamai_appsec_rate_policy.post_page_requests",
            "module.security.akamai_appsec_rate_policy_action.tfdemo_origin_error",
            "module.security.akamai_appsec_rate_policy_action.tfdemo_page_view_requests",
            "module.security.akamai_appsec_rate_policy_action.tfdemo_post_page_requests",
            "module.security.akamai_appsec_rate_protection.tfdemo",
            "module.security.akamai_appsec_security_policy.tfdemo",
            "module.security.akamai_appsec_slow_post.tfdemo",
            "module.security.akamai_appsec_slowpost_protection.tfdemo",
            "module.security.akamai_appsec_version_notes.version_notes",
            "module.security.akamai_appsec_waf_mode.tfdemo",
            "module.security.akamai_appsec_waf_protection.tfdemo",
            "module.security.data.akamai_group.group",
            "module.security.random_string.secret_header",
            "module.security.time_sleep.wait1",
            "module.security.time_sleep.wait2"
          ]
        }
      ]
    },
    {
      "module": "module.botman[0]",
      "mode": "managed",
      "type": "akamai_botman_bot_detection_action",
      "name": "tfdemo_session_validation_1bb748e2-b3ad-41db-85fa-c69e62be59dc",
      "provider": "provider[\"registry.terraform.io/akamai/akamai\"]",
      "instances": []
    },
    {
      "module": "module.botman[0]",
      "mode": "managed",
      "type": "akamai_botman_bot_detection_action",
      "name": "tfdemo_web_scraper_reputation_9712ab32-83bb-43ab-a46d-4c2a5a42e7e2",
      "provider": "provider[\"registry.terraform.io/akamai/akamai\"]",
      "instances": [
        {
          "schema_version": 0,
          "attributes": {
            "bot_detection_action": "{\"action\":\"monitor\",\"webScraperReputationSensitivity\":4}",
            "config_id": 121010,
            "detection_id": "9712ab32-83bb-43ab-a46d-4c2a5a42e7e2",
            "id": "121010:main_317032:9712ab32-83bb-43ab-a46d-4c2a5a42e7e2",
            "security_policy_id": "main_317032"
          },
          "sensitive_attributes": [],
          "identity_schema_version": 0,
          "private": "bnVsbA==",
          "dependencies": [
            "data.akamai_contract.contract",
            "module.client-lists.akamai_clientlist_list.client-lists-geoblock-list",
            "module.client-lists.akamai_clientlist_list.client-lists-ipblock",
            "module.client-lists.akamai_clientlist_list.client-lists-ipblock-list-exceptions",
            "module.client-lists.akamai_clientlist_list.client-lists-pragmabypass-list",
            "module.client-lists.akamai_clientlist_list.client-lists-rcbypass-list",
            "module.client-lists.akamai_clientlist_list.client-lists-securitybypass-list",
            "module.security.akamai_appsec_advanced_settings_attack_payload_logging.attack_payload_logging",
            "module.security.akamai_appsec_advanced_settings_evasive_path_match.evasive_path_match",
            "module.security.akamai_appsec_advanced_settings_logging.logging",
            "module.security.akamai_appsec_advanced_settings_pii_learning.pii_learning",
            "module.security.akamai_appsec_advanced_settings_pragma_header.pragma_header",
            "module.security.akamai_appsec_advanced_settings_prefetch.prefetch",
            "module.security.akamai_appsec_advanced_settings_request_body.config_settings",
            "module.security.akamai_appsec_api_constraints_protection.tfdemo",
            "module.security.akamai_appsec_attack_group.tfdemo_CMD",
            "module.security.akamai_appsec_attack_group.tfdemo_LFI",
            "module.security.akamai_appsec_attack_group.tfdemo_PLATFORM",
            "module.security.akamai_appsec_attack_group.tfdemo_POLICY",
            "module.security.akamai_appsec_attack_group.tfdemo_PROTOCOL",
            "module.security.akamai_appsec_attack_group.tfdemo_RFI",
            "module.security.akamai_appsec_attack_group.tfdemo_SQL",
            "module.security.akamai_appsec_attack_group.tfdemo_WAT",
            "module.security.akamai_appsec_attack_group.tfdemo_XSS",
            "module.security.akamai_appsec_configuration.config",
            "module.security.akamai_appsec_ip_geo.tfdemo",
            "module.security.akamai_appsec_ip_geo_protection.tfdemo",
            "module.security.akamai_appsec_malware_protection.tfdemo",
            "module.security.akamai_appsec_match_target.website_8232297",
            "module.security.akamai_appsec_penalty_box.tfdemo",
            "module.security.akamai_appsec_rate_policy.origin_error",
            "module.security.akamai_appsec_rate_policy.page_view_requests",
            "module.security.akamai_appsec_rate_policy.post_page_requests",
            "module.security.akamai_appsec_rate_policy_action.tfdemo_origin_error",
            "module.security.akamai_appsec_rate_policy_action.tfdemo_page_view_requests",
            "module.security.akamai_appsec_rate_policy_action.tfdemo_post_page_requests",
            "module.security.akamai_appsec_rate_protection.tfdemo",
            "module.security.akamai_appsec_security_policy.tfdemo",
            "module.security.akamai_appsec_slow_post.tfdemo",
            "module.security.akamai_appsec_slowpost_protection.tfdemo",
            "module.security.akamai_appsec_version_notes.version_notes",
            "module.security.akamai_appsec_waf_mode.tfdemo",
            "module.security.akamai_appsec_waf_protection.tfdemo",
            "module.security.data.akamai_group.group",
            "module.security.random_string.secret_header",
            "module.security.time_sleep.wait1",
            "module.security.time_sleep.wait2"
          ]
        }
      ]
    },
    {
      "module": "module.botman[0]",
      "mode": "managed",
      "type": "akamai_botman_bot_detection_action",
      "name": "tfdemo_web_services_libraries_872ed6c2-514c-4055-9c44-9782b1c783bf",
      "provider": "provider[\"registry.terraform.io/akamai/akamai\"]",
      "instances": [
        {
          "schema_version": 0,
          "attributes": {
            "bot_detection_action": "{\"action\":\"monitor\"}",
            "config_id": 121010,
            "detection_id": "872ed6c2-514c-4055-9c44-9782b1c783bf",
            "id": "121010:main_317032:872ed6c2-514c-4055-9c44-9782b1c783bf",
            "security_policy_id": "main_317032"
          },
          "sensitive_attributes": [],
          "identity_schema_version": 0,
          "private": "bnVsbA==",
          "dependencies": [
            "data.akamai_contract.contract",
            "module.client-lists.akamai_clientlist_list.client-lists-geoblock-list",
            "module.client-lists.akamai_clientlist_list.client-lists-ipblock",
            "module.client-lists.akamai_clientlist_list.client-lists-ipblock-list-exceptions",
            "module.client-lists.akamai_clientlist_list.client-lists-pragmabypass-list",
            "module.client-lists.akamai_clientlist_list.client-lists-rcbypass-list",
            "module.client-lists.akamai_clientlist_list.client-lists-securitybypass-list",
            "module.security.akamai_appsec_advanced_settings_attack_payload_logging.attack_payload_logging",
            "module.security.akamai_appsec_advanced_settings_evasive_path_match.evasive_path_match",
            "module.security.akamai_appsec_advanced_settings_logging.logging",
            "module.security.akamai_appsec_advanced_settings_pii_learning.pii_learning",
            "module.security.akamai_appsec_advanced_settings_pragma_header.pragma_header",
            "module.security.akamai_appsec_advanced_settings_prefetch.prefetch",
            "module.security.akamai_appsec_advanced_settings_request_body.config_settings",
            "module.security.akamai_appsec_api_constraints_protection.tfdemo",
            "module.security.akamai_appsec_attack_group.tfdemo_CMD",
            "module.security.akamai_appsec_attack_group.tfdemo_LFI",
            "module.security.akamai_appsec_attack_group.tfdemo_PLATFORM",
            "module.security.akamai_appsec_attack_group.tfdemo_POLICY",
            "module.security.akamai_appsec_attack_group.tfdemo_PROTOCOL",
            "module.security.akamai_appsec_attack_group.tfdemo_RFI",
            "module.security.akamai_appsec_attack_group.tfdemo_SQL",
            "module.security.akamai_appsec_attack_group.tfdemo_WAT",
            "module.security.akamai_appsec_attack_group.tfdemo_XSS",
            "module.security.akamai_appsec_configuration.config",
            "module.security.akamai_appsec_ip_geo.tfdemo",
            "module.security.akamai_appsec_ip_geo_protection.tfdemo",
            "module.security.akamai_appsec_malware_protection.tfdemo",
            "module.security.akamai_appsec_match_target.website_8232297",
            "module.security.akamai_appsec_penalty_box.tfdemo",
            "module.security.akamai_appsec_rate_policy.origin_error",
            "module.security.akamai_appsec_rate_policy.page_view_requests",
            "module.security.akamai_appsec_rate_policy.post_page_requests",
            "module.security.akamai_appsec_rate_policy_action.tfdemo_origin_error",
            "module.security.akamai_appsec_rate_policy_action.tfdemo_page_view_requests",
            "module.security.akamai_appsec_rate_policy_action.tfdemo_post_page_requests",
            "module.security.akamai_appsec_rate_protection.tfdemo",
            "module.security.akamai_appsec_security_policy.tfdemo",
            "module.security.akamai_appsec_slow_post.tfdemo",
            "module.security.akamai_appsec_slowpost_protection.tfdemo",
            "module.security.akamai_appsec_version_notes.version_notes",
            "module.security.akamai_appsec_waf_mode.tfdemo",
            "module.security.akamai_appsec_waf_protection.tfdemo",
            "module.security.data.akamai_group.group",
            "module.security.random_string.secret_header",
            "module.security.time_sleep.wait1",
            "module.security.time_sleep.wait2"
          ]
        }
      ]
    },
    {
      "module": "module.botman[0]",
      "mode": "managed",
      "type": "akamai_botman_bot_management_settings",
      "name": "bot_manager_bms",
      "provider": "provider[\"registry.terraform.io/akamai/akamai\"]",
      "instances": []
    },
    {
      "module": "module.botman[0]",
      "mode": "managed",
      "type": "akamai_botman_bot_management_settings",
      "name": "bot_manager_bvm",
      "provider": "provider[\"registry.terraform.io/akamai/akamai\"]",
      "instances": [
        {
          "index_key": 0,
          "schema_version": 0,
          "attributes": {
            "bot_management_settings": "{\"enableBotManagement\":true,\"removeBotManagementCookies\":true,\"thirdPartyProxyServiceInUse\":false}",
            "config_id": 121010,
            "id": "121010:main_317032",
            "security_policy_id": "main_317032"
          },
          "sensitive_attributes": [],
          "identity_schema_version": 0,
          "private": "bnVsbA==",
          "dependencies": [
            "data.akamai_contract.contract",
            "module.client-lists.akamai_clientlist_list.client-lists-geoblock-list",
            "module.client-lists.akamai_clientlist_list.client-lists-ipblock",
            "module.client-lists.akamai_clientlist_list.client-lists-ipblock-list-exceptions",
            "module.client-lists.akamai_clientlist_list.client-lists-pragmabypass-list",
            "module.client-lists.akamai_clientlist_list.client-lists-rcbypass-list",
            "module.client-lists.akamai_clientlist_list.client-lists-securitybypass-list",
            "module.security.akamai_appsec_advanced_settings_attack_payload_logging.attack_payload_logging",
            "module.security.akamai_appsec_advanced_settings_evasive_path_match.evasive_path_match",
            "module.security.akamai_appsec_advanced_settings_logging.logging",
            "module.security.akamai_appsec_advanced_settings_pii_learning.pii_learning",
            "module.security.akamai_appsec_advanced_settings_pragma_header.pragma_header",
            "module.security.akamai_appsec_advanced_settings_prefetch.prefetch",
            "module.security.akamai_appsec_advanced_settings_request_body.config_settings",
            "module.security.akamai_appsec_api_constraints_protection.tfdemo",
            "module.security.akamai_appsec_attack_group.tfdemo_CMD",
            "module.security.akamai_appsec_attack_group.tfdemo_LFI",
            "module.security.akamai_appsec_attack_group.tfdemo_PLATFORM",
            "module.security.akamai_appsec_attack_group.tfdemo_POLICY",
            "module.security.akamai_appsec_attack_group.tfdemo_PROTOCOL",
            "module.security.akamai_appsec_attack_group.tfdemo_RFI",
            "module.security.akamai_appsec_attack_group.tfdemo_SQL",
            "module.security.akamai_appsec_attack_group.tfdemo_WAT",
            "module.security.akamai_appsec_attack_group.tfdemo_XSS",
            "module.security.akamai_appsec_configuration.config",
            "module.security.akamai_appsec_ip_geo.tfdemo",
            "module.security.akamai_appsec_ip_geo_protection.tfdemo",
            "module.security.akamai_appsec_malware_protection.tfdemo",
            "module.security.akamai_appsec_match_target.website_8232297",
            "module.security.akamai_appsec_penalty_box.tfdemo",
            "module.security.akamai_appsec_rate_policy.origin_error",
            "module.security.akamai_appsec_rate_policy.page_view_requests",
            "module.security.akamai_appsec_rate_policy.post_page_requests",
            "module.security.akamai_appsec_rate_policy_action.tfdemo_origin_error",
            "module.security.akamai_appsec_rate_policy_action.tfdemo_page_view_requests",
            "module.security.akamai_appsec_rate_policy_action.tfdemo_post_page_requests",
            "module.security.akamai_appsec_rate_protection.tfdemo",
            "module.security.akamai_appsec_security_policy.tfdemo",
            "module.security.akamai_appsec_slow_post.tfdemo",
            "module.security.akamai_appsec_slowpost_protection.tfdemo",
            "module.security.akamai_appsec_version_notes.version_notes",
            "module.security.akamai_appsec_waf_mode.tfdemo",
            "module.security.akamai_appsec_waf_protection.tfdemo",
            "module.security.data.akamai_group.group",
            "module.security.random_string.secret_header",
            "module.security.time_sleep.wait1",
            "module.security.time_sleep.wait2"
          ]
        }
      ]
    },
    {
      "module": "module.client-lists[0]",
      "mode": "managed",
      "type": "akamai_clientlist_list",
      "name": "client-lists-geoblock-list",
      "provider": "provider[\"registry.terraform.io/akamai/akamai\"]",
      "instances": [
        {
          "schema_version": 0,
          "attributes": {
            "contract_id": "V-601G66E",
            "group_id": 303910,
            "id": "260002_WAFSECURITYFILEGEOBLOCK",
            "items": [],
            "items_count": 0,
            "list_id": "260002_WAFSECURITYFILEGEOBLOCK",
            "name": "Security Configurati-GEO Block List",
            "notes": "GEO Block List for Security Configuration",
            "tags": [],
            "type": "GEO",
            "version": 1
          },
          "sensitive_attributes": [],
          "identity_schema_version": 0,
          "private": "bnVsbA==",
          "dependencies": [
            "data.akamai_contract.contract"
          ]
        }
      ]
    },
    {
      "module": "module.client-lists[0]",
      "mode": "managed",
      "type": "akamai_clientlist_list",
      "name": "client-lists-ipblock",
      "provider": "provider[\"registry.terraform.io/akamai/akamai\"]",
      "instances": [
        {
          "schema_version": 0,
          "attributes": {
            "contract_id": "V-601G66E",
            "group_id": 303910,
            "id": "260003_WAFSECURITYFILEIPBLOCK",
            "items": [],
            "items_count": 0,
            "list_id": "260003_WAFSECURITYFILEIPBLOCK",
            "name": "Security Configurati-IP Block List",
            "notes": "IP Block List for Security Configuration",
            "tags": [],
            "type": "IP",
            "version": 1
          },
          "sensitive_attributes": [],
          "identity_schema_version": 0,
          "private": "bnVsbA==",
          "dependencies": [
            "data.akamai_contract.contract"
          ]
        }
      ]
    },
    {
      "module": "module.client-lists[0]",
      "mode": "managed",
      "type": "akamai_clientlist_list",
      "name": "client-lists-ipblock-list-exceptions",
      "provider": "provider[\"registry.terraform.io/akamai/akamai\"]",
      "instances": [
        {
          "schema_version": 0,
          "attributes": {
            "contract_id": "V-601G66E",
            "group_id": 303910,
            "id": "259999_WAFSECURITYFILEIPBLOCK",
            "items": [],
            "items_count": 0,
            "list_id": "259999_WAFSECURITYFILEIPBLOCK",
            "name": "Security Configurati-IP Block List Exceptions",
            "notes": "IP Block List Exceptions for Security Configuration",
            "tags": [],
            "type": "IP",
            "version": 1
          },
          "sensitive_attributes": [],
          "identity_schema_version": 0,
          "private": "bnVsbA==",
          "dependencies": [
            "data.akamai_contract.contract"
          ]
        }
      ]
    },
    {
      "module": "module.client-lists[0]",
      "mode": "managed",
      "type": "akamai_clientlist_list",
      "name": "client-lists-pragmabypass-list",
      "provider": "provider[\"registry.terraform.io/akamai/akamai\"]",
      "instances": [
        {
          "schema_version": 0,
          "attributes": {
            "contract_id": "V-601G66E",
            "group_id": 303910,
            "id": "260001_WAFSECURITYFILEPRAGMABY",
            "items": [],
            "items_count": 0,
            "list_id": "260001_WAFSECURITYFILEPRAGMABY",
            "name": "Security Configurati-Pragma Bypass List",
            "notes": "Pragma Bypass List for Security Configuration",
            "tags": [],
            "type": "IP",
            "version": 1
          },
          "sensitive_attributes": [],
          "identity_schema_version": 0,
          "private": "bnVsbA==",
          "dependencies": [
            "data.akamai_contract.contract"
          ]
        }
      ]
    },
    {
      "module": "module.client-lists[0]",
      "mode": "managed",
      "type": "akamai_clientlist_list",
      "name": "client-lists-rcbypass-list",
      "provider": "provider[\"registry.terraform.io/akamai/akamai\"]",
      "instances": [
        {
          "schema_version": 0,
          "attributes": {
            "contract_id": "V-601G66E",
            "group_id": 303910,
            "id": "260004_WAFSECURITYFILERATECONT",
            "items": [],
            "items_count": 0,
            "list_id": "260004_WAFSECURITYFILERATECONT",
            "name": "Security Configurati-Rate Control Bypass List",
            "notes": "Rate Control Bypass List for Security Configuration",
            "tags": [],
            "type": "IP",
            "version": 1
          },
          "sensitive_attributes": [],
          "identity_schema_version": 0,
          "private": "bnVsbA==",
          "dependencies": [
            "data.akamai_contract.contract"
          ]
        }
      ]
    },
    {
      "module": "module.client-lists[0]",
      "mode": "managed",
      "type": "akamai_clientlist_list",
      "name": "client-lists-reputationbypass-list",
      "provider": "provider[\"registry.terraform.io/akamai/akamai\"]",
      "instances": [
        {
          "schema_version": 0,
          "attributes": {
            "contract_id": "V-601G66E",
            "group_id": 303910,
            "id": "260005_WAFSECURITYFILEREPUTATIO",
            "items": [],
            "items_count": 0,
            "list_id": "260005_WAFSECURITYFILEREPUTATIO",
            "name": "Security Configurati-Reputation Bypass List",
            "notes": "Reputation Bypass List for Security Configuration",
            "tags": [],
            "type": "IP",
            "version": 1
          },
          "sensitive_attributes": [],
          "identity_schema_version": 0,
          "private": "bnVsbA==",
          "dependencies": [
            "data.akamai_contract.contract"
          ]
        }
      ]
    },
    {
      "module": "module.client-lists[0]",
      "mode": "managed",
      "type": "akamai_clientlist_list",
      "name": "client-lists-securitybypass-list",
      "provider": "provider[\"registry.terraform.io/akamai/akamai\"]",
      "instances": [
        {
          "schema_version": 0,
          "attributes": {
            "contract_id": "V-601G66E",
            "group_id": 303910,
            "id": "260000_WAFSECURITYFILESECURITY",
            "items": [],
            "items_count": 0,
            "list_id": "260000_WAFSECURITYFILESECURITY",
            "name": "Security Configurati-Security Bypass List",
            "notes": "Security Bypass List for Security Configuration",
            "tags": [],
            "type": "IP",
            "version": 1
          },
          "sensitive_attributes": [],
          "identity_schema_version": 0,
          "private": "bnVsbA==",
          "dependencies": [
            "data.akamai_contract.contract"
          ]
        }
      ]
    },
    {
      "module": "module.client-reputation[0]",
      "mode": "managed",
      "type": "akamai_appsec_reputation_profile",
      "name": "dos_attackers_high_threat",
      "provider": "provider[\"registry.terraform.io/akamai/akamai\"]",
      "instances": [
        {
          "schema_version": 0,
          "attributes": {
            "config_id": 121010,
            "id": "121010:11309181",
            "reputation_profile": "{\"condition\":{\"atomicConditions\":[{\"checkIps\":\"connecting\",\"className\":\"NetworkListCondition\",\"index\":1,\"positiveMatch\":true,\"value\":[\"260005_WAFSECURITYFILEREPUTATIO\"]}],\"positiveMatch\":false},\"context\":\"DOSATCK\",\"name\":\"DoS Attackers (High Threat)\",\"sharedIpHandling\":\"NON_SHARED\",\"threshold\":9}",
            "reputation_profile_id": 11309181
          },
          "sensitive_attributes": [],
          "identity_schema_version": 0,
          "private": "bnVsbA==",
          "dependencies": [
            "data.akamai_contract.contract",
            "module.client-lists.akamai_clientlist_list.client-lists-geoblock-list",
            "module.client-lists.akamai_clientlist_list.client-lists-ipblock",
            "module.client-lists.akamai_clientlist_list.client-lists-ipblock-list-exceptions",
            "module.client-lists.akamai_clientlist_list.client-lists-pragmabypass-list",
            "module.client-lists.akamai_clientlist_list.client-lists-rcbypass-list",
            "module.client-lists.akamai_clientlist_list.client-lists-reputationbypass-list",
            "module.client-lists.akamai_clientlist_list.client-lists-securitybypass-list",
            "module.client-reputation.akamai_appsec_reputation_protection.tfdemo",
            "module.client-reputation.time_sleep.wait_cr",
            "module.security.akamai_appsec_advanced_settings_attack_payload_logging.attack_payload_logging",
            "module.security.akamai_appsec_advanced_settings_evasive_path_match.evasive_path_match",
            "module.security.akamai_appsec_advanced_settings_logging.logging",
            "module.security.akamai_appsec_advanced_settings_pii_learning.pii_learning",
            "module.security.akamai_appsec_advanced_settings_pragma_header.pragma_header",
            "module.security.akamai_appsec_advanced_settings_prefetch.prefetch",
            "module.security.akamai_appsec_advanced_settings_request_body.config_settings",
            "module.security.akamai_appsec_api_constraints_protection.tfdemo",
            "module.security.akamai_appsec_attack_group.tfdemo_CMD",
            "module.security.akamai_appsec_attack_group.tfdemo_LFI",
            "module.security.akamai_appsec_attack_group.tfdemo_PLATFORM",
            "module.security.akamai_appsec_attack_group.tfdemo_POLICY",
            "module.security.akamai_appsec_attack_group.tfdemo_PROTOCOL",
            "module.security.akamai_appsec_attack_group.tfdemo_RFI",
            "module.security.akamai_appsec_attack_group.tfdemo_SQL",
            "module.security.akamai_appsec_attack_group.tfdemo_WAT",
            "module.security.akamai_appsec_attack_group.tfdemo_XSS",
            "module.security.akamai_appsec_configuration.config",
            "module.security.akamai_appsec_ip_geo.tfdemo",
            "module.security.akamai_appsec_ip_geo_protection.tfdemo",
            "module.security.akamai_appsec_malware_protection.tfdemo",
            "module.security.akamai_appsec_match_target.website_8232297",
            "module.security.akamai_appsec_penalty_box.tfdemo",
            "module.security.akamai_appsec_rate_policy.origin_error",
            "module.security.akamai_appsec_rate_policy.page_view_requests",
            "module.security.akamai_appsec_rate_policy.post_page_requests",
            "module.security.akamai_appsec_rate_policy_action.tfdemo_origin_error",
            "module.security.akamai_appsec_rate_policy_action.tfdemo_page_view_requests",
            "module.security.akamai_appsec_rate_policy_action.tfdemo_post_page_requests",
            "module.security.akamai_appsec_rate_protection.tfdemo",
            "module.security.akamai_appsec_security_policy.tfdemo",
            "module.security.akamai_appsec_slow_post.tfdemo",
            "module.security.akamai_appsec_slowpost_protection.tfdemo",
            "module.security.akamai_appsec_version_notes.version_notes",
            "module.security.akamai_appsec_waf_mode.tfdemo",
            "module.security.akamai_appsec_waf_protection.tfdemo",
            "module.security.data.akamai_group.group",
            "module.security.random_string.secret_header",
            "module.security.time_sleep.wait1",
            "module.security.time_sleep.wait2"
          ]
        }
      ]
    },
    {
      "module": "module.client-reputation[0]",
      "mode": "managed",
      "type": "akamai_appsec_reputation_profile",
      "name": "dos_attackers_high_threat_shared",
      "provider": "provider[\"registry.terraform.io/akamai/akamai\"]",
      "instances": [
        {
          "schema_version": 0,
          "attributes": {
            "config_id": 121010,
            "id": "121010:11309195",
            "reputation_profile": "{\"condition\":{\"atomicConditions\":[{\"checkIps\":\"connecting\",\"className\":\"NetworkListCondition\",\"index\":1,\"positiveMatch\":true,\"value\":[\"260005_WAFSECURITYFILEREPUTATIO\"]}],\"positiveMatch\":false},\"context\":\"DOSATCK\",\"name\":\"DoS Attackers (High Threat) [Shared IPs]\",\"sharedIpHandling\":\"SHARED_ONLY\",\"threshold\":9}",
            "reputation_profile_id": 11309195
          },
          "sensitive_attributes": [],
          "identity_schema_version": 0,
          "private": "bnVsbA==",
          "dependencies": [
            "data.akamai_contract.contract",
            "module.client-lists.akamai_clientlist_list.client-lists-geoblock-list",
            "module.client-lists.akamai_clientlist_list.client-lists-ipblock",
            "module.client-lists.akamai_clientlist_list.client-lists-ipblock-list-exceptions",
            "module.client-lists.akamai_clientlist_list.client-lists-pragmabypass-list",
            "module.client-lists.akamai_clientlist_list.client-lists-rcbypass-list",
            "module.client-lists.akamai_clientlist_list.client-lists-reputationbypass-list",
            "module.client-lists.akamai_clientlist_list.client-lists-securitybypass-list",
            "module.client-reputation.akamai_appsec_reputation_profile.dos_attackers_high_threat",
            "module.client-reputation.akamai_appsec_reputation_protection.tfdemo",
            "module.client-reputation.time_sleep.wait_cr",
            "module.security.akamai_appsec_advanced_settings_attack_payload_logging.attack_payload_logging",
            "module.security.akamai_appsec_advanced_settings_evasive_path_match.evasive_path_match",
            "module.security.akamai_appsec_advanced_settings_logging.logging",
            "module.security.akamai_appsec_advanced_settings_pii_learning.pii_learning",
            "module.security.akamai_appsec_advanced_settings_pragma_header.pragma_header",
            "module.security.akamai_appsec_advanced_settings_prefetch.prefetch",
            "module.security.akamai_appsec_advanced_settings_request_body.config_settings",
            "module.security.akamai_appsec_api_constraints_protection.tfdemo",
            "module.security.akamai_appsec_attack_group.tfdemo_CMD",
            "module.security.akamai_appsec_attack_group.tfdemo_LFI",
            "module.security.akamai_appsec_attack_group.tfdemo_PLATFORM",
            "module.security.akamai_appsec_attack_group.tfdemo_POLICY",
            "module.security.akamai_appsec_attack_group.tfdemo_PROTOCOL",
            "module.security.akamai_appsec_attack_group.tfdemo_RFI",
            "module.security.akamai_appsec_attack_group.tfdemo_SQL",
            "module.security.akamai_appsec_attack_group.tfdemo_WAT",
            "module.security.akamai_appsec_attack_group.tfdemo_XSS",
            "module.security.akamai_appsec_configuration.config",
            "module.security.akamai_appsec_ip_geo.tfdemo",
            "module.security.akamai_appsec_ip_geo_protection.tfdemo",
            "module.security.akamai_appsec_malware_protection.tfdemo",
            "module.security.akamai_appsec_match_target.website_8232297",
            "module.security.akamai_appsec_penalty_box.tfdemo",
            "module.security.akamai_appsec_rate_policy.origin_error",
            "module.security.akamai_appsec_rate_policy.page_view_requests",
            "module.security.akamai_appsec_rate_policy.post_page_requests",
            "module.security.akamai_appsec_rate_policy_action.tfdemo_origin_error",
            "module.security.akamai_appsec_rate_policy_action.tfdemo_page_view_requests",
            "module.security.akamai_appsec_rate_policy_action.tfdemo_post_page_requests",
            "module.security.akamai_appsec_rate_protection.tfdemo",
            "module.security.akamai_appsec_security_policy.tfdemo",
            "module.security.akamai_appsec_slow_post.tfdemo",
            "module.security.akamai_appsec_slowpost_protection.tfdemo",
            "module.security.akamai_appsec_version_notes.version_notes",
            "module.security.akamai_appsec_waf_mode.tfdemo",
            "module.security.akamai_appsec_waf_protection.tfdemo",
            "module.security.data.akamai_group.group",
            "module.security.random_string.secret_header",
            "module.security.time_sleep.wait1",
            "module.security.time_sleep.wait2"
          ]
        }
      ]
    },
    {
      "module": "module.client-reputation[0]",
      "mode": "managed",
      "type": "akamai_appsec_reputation_profile",
      "name": "dos_attackers_low_threat",
      "provider": "provider[\"registry.terraform.io/akamai/akamai\"]",
      "instances": [
        {
          "schema_version": 0,
          "attributes": {
            "config_id": 121010,
            "id": "121010:11309179",
            "reputation_profile": "{\"condition\":{\"atomicConditions\":[{\"checkIps\":\"connecting\",\"className\":\"NetworkListCondition\",\"index\":1,\"positiveMatch\":true,\"value\":[\"260005_WAFSECURITYFILEREPUTATIO\"]}],\"positiveMatch\":false},\"context\":\"DOSATCK\",\"name\":\"DoS Attackers (Low Threat)\",\"sharedIpHandling\":\"NON_SHARED\",\"threshold\":5}",
            "reputation_profile_id": 11309179
          },
          "sensitive_attributes": [],
          "identity_schema_version": 0,
          "private": "bnVsbA==",
          "dependencies": [
            "data.akamai_contract.contract",
            "module.client-lists.akamai_clientlist_list.client-lists-geoblock-list",
            "module.client-lists.akamai_clientlist_list.client-lists-ipblock",
            "module.client-lists.akamai_clientlist_list.client-lists-ipblock-list-exceptions",
            "module.client-lists.akamai_clientlist_list.client-lists-pragmabypass-list",
            "module.client-lists.akamai_clientlist_list.client-lists-rcbypass-list",
            "module.client-lists.akamai_clientlist_list.client-lists-reputationbypass-list",
            "module.client-lists.akamai_clientlist_list.client-lists-securitybypass-list",
            "module.client-reputation.akamai_appsec_reputation_protection.tfdemo",
            "module.client-reputation.time_sleep.wait_cr",
            "module.security.akamai_appsec_advanced_settings_attack_payload_logging.attack_payload_logging",
            "module.security.akamai_appsec_advanced_settings_evasive_path_match.evasive_path_match",
            "module.security.akamai_appsec_advanced_settings_logging.logging",
            "module.security.akamai_appsec_advanced_settings_pii_learning.pii_learning",
            "module.security.akamai_appsec_advanced_settings_pragma_header.pragma_header",
            "module.security.akamai_appsec_advanced_settings_prefetch.prefetch",
            "module.security.akamai_appsec_advanced_settings_request_body.config_settings",
            "module.security.akamai_appsec_api_constraints_protection.tfdemo",
            "module.security.akamai_appsec_attack_group.tfdemo_CMD",
            "module.security.akamai_appsec_attack_group.tfdemo_LFI",
            "module.security.akamai_appsec_attack_group.tfdemo_PLATFORM",
            "module.security.akamai_appsec_attack_group.tfdemo_POLICY",
            "module.security.akamai_appsec_attack_group.tfdemo_PROTOCOL",
            "module.security.akamai_appsec_attack_group.tfdemo_RFI",
            "module.security.akamai_appsec_attack_group.tfdemo_SQL",
            "module.security.akamai_appsec_attack_group.tfdemo_WAT",
            "module.security.akamai_appsec_attack_group.tfdemo_XSS",
            "module.security.akamai_appsec_configuration.config",
            "module.security.akamai_appsec_ip_geo.tfdemo",
            "module.security.akamai_appsec_ip_geo_protection.tfdemo",
            "module.security.akamai_appsec_malware_protection.tfdemo",
            "module.security.akamai_appsec_match_target.website_8232297",
            "module.security.akamai_appsec_penalty_box.tfdemo",
            "module.security.akamai_appsec_rate_policy.origin_error",
            "module.security.akamai_appsec_rate_policy.page_view_requests",
            "module.security.akamai_appsec_rate_policy.post_page_requests",
            "module.security.akamai_appsec_rate_policy_action.tfdemo_origin_error",
            "module.security.akamai_appsec_rate_policy_action.tfdemo_page_view_requests",
            "module.security.akamai_appsec_rate_policy_action.tfdemo_post_page_requests",
            "module.security.akamai_appsec_rate_protection.tfdemo",
            "module.security.akamai_appsec_security_policy.tfdemo",
            "module.security.akamai_appsec_slow_post.tfdemo",
            "module.security.akamai_appsec_slowpost_protection.tfdemo",
            "module.security.akamai_appsec_version_notes.version_notes",
            "module.security.akamai_appsec_waf_mode.tfdemo",
            "module.security.akamai_appsec_waf_protection.tfdemo",
            "module.security.data.akamai_group.group",
            "module.security.random_string.secret_header",
            "module.security.time_sleep.wait1",
            "module.security.time_sleep.wait2"
          ]
        }
      ]
    },
    {
      "module": "module.client-reputation[0]",
      "mode": "managed",
      "type": "akamai_appsec_reputation_profile",
      "name": "dos_attackers_low_threat_shared",
      "provider": "provider[\"registry.terraform.io/akamai/akamai\"]",
      "instances": [
        {
          "schema_version": 0,
          "attributes": {
            "config_id": 121010,
            "id": "121010:11309193",
            "reputation_profile": "{\"condition\":{\"atomicConditions\":[{\"checkIps\":\"connecting\",\"className\":\"NetworkListCondition\",\"index\":1,\"positiveMatch\":true,\"value\":[\"260005_WAFSECURITYFILEREPUTATIO\"]}],\"positiveMatch\":false},\"context\":\"DOSATCK\",\"name\":\"DoS Attackers (Low Threat) [Shared IPs]\",\"sharedIpHandling\":\"SHARED_ONLY\",\"threshold\":7}",
            "reputation_profile_id": 11309193
          },
          "sensitive_attributes": [],
          "identity_schema_version": 0,
          "private": "bnVsbA==",
          "dependencies": [
            "data.akamai_contract.contract",
            "module.client-lists.akamai_clientlist_list.client-lists-geoblock-list",
            "module.client-lists.akamai_clientlist_list.client-lists-ipblock",
            "module.client-lists.akamai_clientlist_list.client-lists-ipblock-list-exceptions",
            "module.client-lists.akamai_clientlist_list.client-lists-pragmabypass-list",
            "module.client-lists.akamai_clientlist_list.client-lists-rcbypass-list",
            "module.client-lists.akamai_clientlist_list.client-lists-reputationbypass-list",
            "module.client-lists.akamai_clientlist_list.client-lists-securitybypass-list",
            "module.client-reputation.akamai_appsec_reputation_profile.dos_attackers_low_threat",
            "module.client-reputation.akamai_appsec_reputation_protection.tfdemo",
            "module.client-reputation.time_sleep.wait_cr",
            "module.security.akamai_appsec_advanced_settings_attack_payload_logging.attack_payload_logging",
            "module.security.akamai_appsec_advanced_settings_evasive_path_match.evasive_path_match",
            "module.security.akamai_appsec_advanced_settings_logging.logging",
            "module.security.akamai_appsec_advanced_settings_pii_learning.pii_learning",
            "module.security.akamai_appsec_advanced_settings_pragma_header.pragma_header",
            "module.security.akamai_appsec_advanced_settings_prefetch.prefetch",
            "module.security.akamai_appsec_advanced_settings_request_body.config_settings",
            "module.security.akamai_appsec_api_constraints_protection.tfdemo",
            "module.security.akamai_appsec_attack_group.tfdemo_CMD",
            "module.security.akamai_appsec_attack_group.tfdemo_LFI",
            "module.security.akamai_appsec_attack_group.tfdemo_PLATFORM",
            "module.security.akamai_appsec_attack_group.tfdemo_POLICY",
            "module.security.akamai_appsec_attack_group.tfdemo_PROTOCOL",
            "module.security.akamai_appsec_attack_group.tfdemo_RFI",
            "module.security.akamai_appsec_attack_group.tfdemo_SQL",
            "module.security.akamai_appsec_attack_group.tfdemo_WAT",
            "module.security.akamai_appsec_attack_group.tfdemo_XSS",
            "module.security.akamai_appsec_configuration.config",
            "module.security.akamai_appsec_ip_geo.tfdemo",
            "module.security.akamai_appsec_ip_geo_protection.tfdemo",
            "module.security.akamai_appsec_malware_protection.tfdemo",
            "module.security.akamai_appsec_match_target.website_8232297",
            "module.security.akamai_appsec_penalty_box.tfdemo",
            "module.security.akamai_appsec_rate_policy.origin_error",
            "module.security.akamai_appsec_rate_policy.page_view_requests",
            "module.security.akamai_appsec_rate_policy.post_page_requests",
            "module.security.akamai_appsec_rate_policy_action.tfdemo_origin_error",
            "module.security.akamai_appsec_rate_policy_action.tfdemo_page_view_requests",
            "module.security.akamai_appsec_rate_policy_action.tfdemo_post_page_requests",
            "module.security.akamai_appsec_rate_protection.tfdemo",
            "module.security.akamai_appsec_security_policy.tfdemo",
            "module.security.akamai_appsec_slow_post.tfdemo",
            "module.security.akamai_appsec_slowpost_protection.tfdemo",
            "module.security.akamai_appsec_version_notes.version_notes",
            "module.security.akamai_appsec_waf_mode.tfdemo",
            "module.security.akamai_appsec_waf_protection.tfdemo",
            "module.security.data.akamai_group.group",
            "module.security.random_string.secret_header",
            "module.security.time_sleep.wait1",
            "module.security.time_sleep.wait2"
          ]
        }
      ]
    },
    {
      "module": "module.client-reputation[0]",
      "mode": "managed",
      "type": "akamai_appsec_reputation_profile",
      "name": "scanning_tools_high_threat",
      "provider": "provider[\"registry.terraform.io/akamai/akamai\"]",
      "instances": [
        {
          "schema_version": 0,
          "attributes": {
            "config_id": 121010,
            "id": "121010:11309183",
            "reputation_profile": "{\"condition\":{\"atomicConditions\":[{\"checkIps\":\"connecting\",\"className\":\"NetworkListCondition\",\"index\":1,\"positiveMatch\":true,\"value\":[\"260005_WAFSECURITYFILEREPUTATIO\"]}],\"positiveMatch\":false},\"context\":\"SCANTL\",\"name\":\"Scanning Tools (High Threat)\",\"sharedIpHandling\":\"NON_SHARED\",\"threshold\":9}",
            "reputation_profile_id": 11309183
          },
          "sensitive_attributes": [],
          "identity_schema_version": 0,
          "private": "bnVsbA==",
          "dependencies": [
            "data.akamai_contract.contract",
            "module.client-lists.akamai_clientlist_list.client-lists-geoblock-list",
            "module.client-lists.akamai_clientlist_list.client-lists-ipblock",
            "module.client-lists.akamai_clientlist_list.client-lists-ipblock-list-exceptions",
            "module.client-lists.akamai_clientlist_list.client-lists-pragmabypass-list",
            "module.client-lists.akamai_clientlist_list.client-lists-rcbypass-list",
            "module.client-lists.akamai_clientlist_list.client-lists-reputationbypass-list",
            "module.client-lists.akamai_clientlist_list.client-lists-securitybypass-list",
            "module.client-reputation.akamai_appsec_reputation_protection.tfdemo",
            "module.client-reputation.time_sleep.wait_cr",
            "module.security.akamai_appsec_advanced_settings_attack_payload_logging.attack_payload_logging",
            "module.security.akamai_appsec_advanced_settings_evasive_path_match.evasive_path_match",
            "module.security.akamai_appsec_advanced_settings_logging.logging",
            "module.security.akamai_appsec_advanced_settings_pii_learning.pii_learning",
            "module.security.akamai_appsec_advanced_settings_pragma_header.pragma_header",
            "module.security.akamai_appsec_advanced_settings_prefetch.prefetch",
            "module.security.akamai_appsec_advanced_settings_request_body.config_settings",
            "module.security.akamai_appsec_api_constraints_protection.tfdemo",
            "module.security.akamai_appsec_attack_group.tfdemo_CMD",
            "module.security.akamai_appsec_attack_group.tfdemo_LFI",
            "module.security.akamai_appsec_attack_group.tfdemo_PLATFORM",
            "module.security.akamai_appsec_attack_group.tfdemo_POLICY",
            "module.security.akamai_appsec_attack_group.tfdemo_PROTOCOL",
            "module.security.akamai_appsec_attack_group.tfdemo_RFI",
            "module.security.akamai_appsec_attack_group.tfdemo_SQL",
            "module.security.akamai_appsec_attack_group.tfdemo_WAT",
            "module.security.akamai_appsec_attack_group.tfdemo_XSS",
            "module.security.akamai_appsec_configuration.config",
            "module.security.akamai_appsec_ip_geo.tfdemo",
            "module.security.akamai_appsec_ip_geo_protection.tfdemo",
            "module.security.akamai_appsec_malware_protection.tfdemo",
            "module.security.akamai_appsec_match_target.website_8232297",
            "module.security.akamai_appsec_penalty_box.tfdemo",
            "module.security.akamai_appsec_rate_policy.origin_error",
            "module.security.akamai_appsec_rate_policy.page_view_requests",
            "module.security.akamai_appsec_rate_policy.post_page_requests",
            "module.security.akamai_appsec_rate_policy_action.tfdemo_origin_error",
            "module.security.akamai_appsec_rate_policy_action.tfdemo_page_view_requests",
            "module.security.akamai_appsec_rate_policy_action.tfdemo_post_page_requests",
            "module.security.akamai_appsec_rate_protection.tfdemo",
            "module.security.akamai_appsec_security_policy.tfdemo",
            "module.security.akamai_appsec_slow_post.tfdemo",
            "module.security.akamai_appsec_slowpost_protection.tfdemo",
            "module.security.akamai_appsec_version_notes.version_notes",
            "module.security.akamai_appsec_waf_mode.tfdemo",
            "module.security.akamai_appsec_waf_protection.tfdemo",
            "module.security.data.akamai_group.group",
            "module.security.random_string.secret_header",
            "module.security.time_sleep.wait1",
            "module.security.time_sleep.wait2"
          ]
        }
      ]
    },
    {
      "module": "module.client-reputation[0]",
      "mode": "managed",
      "type": "akamai_appsec_reputation_profile",
      "name": "scanning_tools_high_threat_shared",
      "provider": "provider[\"registry.terraform.io/akamai/akamai\"]",
      "instances": [
        {
          "schema_version": 0,
          "attributes": {
            "config_id": 121010,
            "id": "121010:11309201",
            "reputation_profile": "{\"condition\":{\"atomicConditions\":[{\"checkIps\":\"connecting\",\"className\":\"NetworkListCondition\",\"index\":1,\"positiveMatch\":true,\"value\":[\"260005_WAFSECURITYFILEREPUTATIO\"]}],\"positiveMatch\":false},\"context\":\"SCANTL\",\"name\":\"Scanning Tools (High Threat) [Shared IPs]\",\"sharedIpHandling\":\"SHARED_ONLY\",\"threshold\":9}",
            "reputation_profile_id": 11309201
          },
          "sensitive_attributes": [],
          "identity_schema_version": 0,
          "private": "bnVsbA==",
          "dependencies": [
            "data.akamai_contract.contract",
            "module.client-lists.akamai_clientlist_list.client-lists-geoblock-list",
            "module.client-lists.akamai_clientlist_list.client-lists-ipblock",
            "module.client-lists.akamai_clientlist_list.client-lists-ipblock-list-exceptions",
            "module.client-lists.akamai_clientlist_list.client-lists-pragmabypass-list",
            "module.client-lists.akamai_clientlist_list.client-lists-rcbypass-list",
            "module.client-lists.akamai_clientlist_list.client-lists-reputationbypass-list",
            "module.client-lists.akamai_clientlist_list.client-lists-securitybypass-list",
            "module.client-reputation.akamai_appsec_reputation_profile.scanning_tools_high_threat",
            "module.client-reputation.akamai_appsec_reputation_protection.tfdemo",
            "module.client-reputation.time_sleep.wait_cr",
            "module.security.akamai_appsec_advanced_settings_attack_payload_logging.attack_payload_logging",
            "module.security.akamai_appsec_advanced_settings_evasive_path_match.evasive_path_match",
            "module.security.akamai_appsec_advanced_settings_logging.logging",
            "module.security.akamai_appsec_advanced_settings_pii_learning.pii_learning",
            "module.security.akamai_appsec_advanced_settings_pragma_header.pragma_header",
            "module.security.akamai_appsec_advanced_settings_prefetch.prefetch",
            "module.security.akamai_appsec_advanced_settings_request_body.config_settings",
            "module.security.akamai_appsec_api_constraints_protection.tfdemo",
            "module.security.akamai_appsec_attack_group.tfdemo_CMD",
            "module.security.akamai_appsec_attack_group.tfdemo_LFI",
            "module.security.akamai_appsec_attack_group.tfdemo_PLATFORM",
            "module.security.akamai_appsec_attack_group.tfdemo_POLICY",
            "module.security.akamai_appsec_attack_group.tfdemo_PROTOCOL",
            "module.security.akamai_appsec_attack_group.tfdemo_RFI",
            "module.security.akamai_appsec_attack_group.tfdemo_SQL",
            "module.security.akamai_appsec_attack_group.tfdemo_WAT",
            "module.security.akamai_appsec_attack_group.tfdemo_XSS",
            "module.security.akamai_appsec_configuration.config",
            "module.security.akamai_appsec_ip_geo.tfdemo",
            "module.security.akamai_appsec_ip_geo_protection.tfdemo",
            "module.security.akamai_appsec_malware_protection.tfdemo",
            "module.security.akamai_appsec_match_target.website_8232297",
            "module.security.akamai_appsec_penalty_box.tfdemo",
            "module.security.akamai_appsec_rate_policy.origin_error",
            "module.security.akamai_appsec_rate_policy.page_view_requests",
            "module.security.akamai_appsec_rate_policy.post_page_requests",
            "module.security.akamai_appsec_rate_policy_action.tfdemo_origin_error",
            "module.security.akamai_appsec_rate_policy_action.tfdemo_page_view_requests",
            "module.security.akamai_appsec_rate_policy_action.tfdemo_post_page_requests",
            "module.security.akamai_appsec_rate_protection.tfdemo",
            "module.security.akamai_appsec_security_policy.tfdemo",
            "module.security.akamai_appsec_slow_post.tfdemo",
            "module.security.akamai_appsec_slowpost_protection.tfdemo",
            "module.security.akamai_appsec_version_notes.version_notes",
            "module.security.akamai_appsec_waf_mode.tfdemo",
            "module.security.akamai_appsec_waf_protection.tfdemo",
            "module.security.data.akamai_group.group",
            "module.security.random_string.secret_header",
            "module.security.time_sleep.wait1",
            "module.security.time_sleep.wait2"
          ]
        }
      ]
    },
    {
      "module": "module.client-reputation[0]",
      "mode": "managed",
      "type": "akamai_appsec_reputation_profile",
      "name": "scanning_tools_low_threat",
      "provider": "provider[\"registry.terraform.io/akamai/akamai\"]",
      "instances": [
        {
          "schema_version": 0,
          "attributes": {
            "config_id": 121010,
            "id": "121010:11309175",
            "reputation_profile": "{\"condition\":{\"atomicConditions\":[{\"checkIps\":\"connecting\",\"className\":\"NetworkListCondition\",\"index\":1,\"positiveMatch\":true,\"value\":[\"260005_WAFSECURITYFILEREPUTATIO\"]}],\"positiveMatch\":false},\"context\":\"SCANTL\",\"name\":\"Scanning Tools (Low Threat)\",\"sharedIpHandling\":\"NON_SHARED\",\"threshold\":5}",
            "reputation_profile_id": 11309175
          },
          "sensitive_attributes": [],
          "identity_schema_version": 0,
          "private": "bnVsbA==",
          "dependencies": [
            "data.akamai_contract.contract",
            "module.client-lists.akamai_clientlist_list.client-lists-geoblock-list",
            "module.client-lists.akamai_clientlist_list.client-lists-ipblock",
            "module.client-lists.akamai_clientlist_list.client-lists-ipblock-list-exceptions",
            "module.client-lists.akamai_clientlist_list.client-lists-pragmabypass-list",
            "module.client-lists.akamai_clientlist_list.client-lists-rcbypass-list",
            "module.client-lists.akamai_clientlist_list.client-lists-reputationbypass-list",
            "module.client-lists.akamai_clientlist_list.client-lists-securitybypass-list",
            "module.client-reputation.akamai_appsec_reputation_protection.tfdemo",
            "module.client-reputation.time_sleep.wait_cr",
            "module.security.akamai_appsec_advanced_settings_attack_payload_logging.attack_payload_logging",
            "module.security.akamai_appsec_advanced_settings_evasive_path_match.evasive_path_match",
            "module.security.akamai_appsec_advanced_settings_logging.logging",
            "module.security.akamai_appsec_advanced_settings_pii_learning.pii_learning",
            "module.security.akamai_appsec_advanced_settings_pragma_header.pragma_header",
            "module.security.akamai_appsec_advanced_settings_prefetch.prefetch",
            "module.security.akamai_appsec_advanced_settings_request_body.config_settings",
            "module.security.akamai_appsec_api_constraints_protection.tfdemo",
            "module.security.akamai_appsec_attack_group.tfdemo_CMD",
            "module.security.akamai_appsec_attack_group.tfdemo_LFI",
            "module.security.akamai_appsec_attack_group.tfdemo_PLATFORM",
            "module.security.akamai_appsec_attack_group.tfdemo_POLICY",
            "module.security.akamai_appsec_attack_group.tfdemo_PROTOCOL",
            "module.security.akamai_appsec_attack_group.tfdemo_RFI",
            "module.security.akamai_appsec_attack_group.tfdemo_SQL",
            "module.security.akamai_appsec_attack_group.tfdemo_WAT",
            "module.security.akamai_appsec_attack_group.tfdemo_XSS",
            "module.security.akamai_appsec_configuration.config",
            "module.security.akamai_appsec_ip_geo.tfdemo",
            "module.security.akamai_appsec_ip_geo_protection.tfdemo",
            "module.security.akamai_appsec_malware_protection.tfdemo",
            "module.security.akamai_appsec_match_target.website_8232297",
            "module.security.akamai_appsec_penalty_box.tfdemo",
            "module.security.akamai_appsec_rate_policy.origin_error",
            "module.security.akamai_appsec_rate_policy.page_view_requests",
            "module.security.akamai_appsec_rate_policy.post_page_requests",
            "module.security.akamai_appsec_rate_policy_action.tfdemo_origin_error",
            "module.security.akamai_appsec_rate_policy_action.tfdemo_page_view_requests",
            "module.security.akamai_appsec_rate_policy_action.tfdemo_post_page_requests",
            "module.security.akamai_appsec_rate_protection.tfdemo",
            "module.security.akamai_appsec_security_policy.tfdemo",
            "module.security.akamai_appsec_slow_post.tfdemo",
            "module.security.akamai_appsec_slowpost_protection.tfdemo",
            "module.security.akamai_appsec_version_notes.version_notes",
            "module.security.akamai_appsec_waf_mode.tfdemo",
            "module.security.akamai_appsec_waf_protection.tfdemo",
            "module.security.data.akamai_group.group",
            "module.security.random_string.secret_header",
            "module.security.time_sleep.wait1",
            "module.security.time_sleep.wait2"
          ]
        }
      ]
    },
    {
      "module": "module.client-reputation[0]",
      "mode": "managed",
      "type": "akamai_appsec_reputation_profile",
      "name": "scanning_tools_low_threat_shared",
      "provider": "provider[\"registry.terraform.io/akamai/akamai\"]",
      "instances": [
        {
          "schema_version": 0,
          "attributes": {
            "config_id": 121010,
            "id": "121010:11309191",
            "reputation_profile": "{\"condition\":{\"atomicConditions\":[{\"checkIps\":\"connecting\",\"className\":\"NetworkListCondition\",\"index\":1,\"positiveMatch\":true,\"value\":[\"260005_WAFSECURITYFILEREPUTATIO\"]}],\"positiveMatch\":false},\"context\":\"SCANTL\",\"name\":\"Scanning Tools (Low Threat) [Shared IPs]\",\"sharedIpHandling\":\"SHARED_ONLY\",\"threshold\":7}",
            "reputation_profile_id": 11309191
          },
          "sensitive_attributes": [],
          "identity_schema_version": 0,
          "private": "bnVsbA==",
          "dependencies": [
            "data.akamai_contract.contract",
            "module.client-lists.akamai_clientlist_list.client-lists-geoblock-list",
            "module.client-lists.akamai_clientlist_list.client-lists-ipblock",
            "module.client-lists.akamai_clientlist_list.client-lists-ipblock-list-exceptions",
            "module.client-lists.akamai_clientlist_list.client-lists-pragmabypass-list",
            "module.client-lists.akamai_clientlist_list.client-lists-rcbypass-list",
            "module.client-lists.akamai_clientlist_list.client-lists-reputationbypass-list",
            "module.client-lists.akamai_clientlist_list.client-lists-securitybypass-list",
            "module.client-reputation.akamai_appsec_reputation_profile.scanning_tools_low_threat",
            "module.client-reputation.akamai_appsec_reputation_protection.tfdemo",
            "module.client-reputation.time_sleep.wait_cr",
            "module.security.akamai_appsec_advanced_settings_attack_payload_logging.attack_payload_logging",
            "module.security.akamai_appsec_advanced_settings_evasive_path_match.evasive_path_match",
            "module.security.akamai_appsec_advanced_settings_logging.logging",
            "module.security.akamai_appsec_advanced_settings_pii_learning.pii_learning",
            "module.security.akamai_appsec_advanced_settings_pragma_header.pragma_header",
            "module.security.akamai_appsec_advanced_settings_prefetch.prefetch",
            "module.security.akamai_appsec_advanced_settings_request_body.config_settings",
            "module.security.akamai_appsec_api_constraints_protection.tfdemo",
            "module.security.akamai_appsec_attack_group.tfdemo_CMD",
            "module.security.akamai_appsec_attack_group.tfdemo_LFI",
            "module.security.akamai_appsec_attack_group.tfdemo_PLATFORM",
            "module.security.akamai_appsec_attack_group.tfdemo_POLICY",
            "module.security.akamai_appsec_attack_group.tfdemo_PROTOCOL",
            "module.security.akamai_appsec_attack_group.tfdemo_RFI",
            "module.security.akamai_appsec_attack_group.tfdemo_SQL",
            "module.security.akamai_appsec_attack_group.tfdemo_WAT",
            "module.security.akamai_appsec_attack_group.tfdemo_XSS",
            "module.security.akamai_appsec_configuration.config",
            "module.security.akamai_appsec_ip_geo.tfdemo",
            "module.security.akamai_appsec_ip_geo_protection.tfdemo",
            "module.security.akamai_appsec_malware_protection.tfdemo",
            "module.security.akamai_appsec_match_target.website_8232297",
            "module.security.akamai_appsec_penalty_box.tfdemo",
            "module.security.akamai_appsec_rate_policy.origin_error",
            "module.security.akamai_appsec_rate_policy.page_view_requests",
            "module.security.akamai_appsec_rate_policy.post_page_requests",
            "module.security.akamai_appsec_rate_policy_action.tfdemo_origin_error",
            "module.security.akamai_appsec_rate_policy_action.tfdemo_page_view_requests",
            "module.security.akamai_appsec_rate_policy_action.tfdemo_post_page_requests",
            "module.security.akamai_appsec_rate_protection.tfdemo",
            "module.security.akamai_appsec_security_policy.tfdemo",
            "module.security.akamai_appsec_slow_post.tfdemo",
            "module.security.akamai_appsec_slowpost_protection.tfdemo",
            "module.security.akamai_appsec_version_notes.version_notes",
            "module.security.akamai_appsec_waf_mode.tfdemo",
            "module.security.akamai_appsec_waf_protection.tfdemo",
            "module.security.data.akamai_group.group",
            "module.security.random_string.secret_header",
            "module.security.time_sleep.wait1",
            "module.security.time_sleep.wait2"
          ]
        }
      ]
    },
    {
      "module": "module.client-reputation[0]",
      "mode": "managed",
      "type": "akamai_appsec_reputation_profile",
      "name": "web_attackers_high_threat",
      "provider": "provider[\"registry.terraform.io/akamai/akamai\"]",
      "instances": [
        {
          "schema_version": 0,
          "attributes": {
            "config_id": 121010,
            "id": "121010:11309177",
            "reputation_profile": "{\"condition\":{\"atomicConditions\":[{\"checkIps\":\"connecting\",\"className\":\"NetworkListCondition\",\"index\":1,\"positiveMatch\":true,\"value\":[\"260005_WAFSECURITYFILEREPUTATIO\"]}],\"positiveMatch\":false},\"context\":\"WEBATCK\",\"name\":\"Web Attackers (High Threat)\",\"sharedIpHandling\":\"NON_SHARED\",\"threshold\":9}",
            "reputation_profile_id": 11309177
          },
          "sensitive_attributes": [],
          "identity_schema_version": 0,
          "private": "bnVsbA==",
          "dependencies": [
            "data.akamai_contract.contract",
            "module.client-lists.akamai_clientlist_list.client-lists-geoblock-list",
            "module.client-lists.akamai_clientlist_list.client-lists-ipblock",
            "module.client-lists.akamai_clientlist_list.client-lists-ipblock-list-exceptions",
            "module.client-lists.akamai_clientlist_list.client-lists-pragmabypass-list",
            "module.client-lists.akamai_clientlist_list.client-lists-rcbypass-list",
            "module.client-lists.akamai_clientlist_list.client-lists-reputationbypass-list",
            "module.client-lists.akamai_clientlist_list.client-lists-securitybypass-list",
            "module.client-reputation.akamai_appsec_reputation_protection.tfdemo",
            "module.client-reputation.time_sleep.wait_cr",
            "module.security.akamai_appsec_advanced_settings_attack_payload_logging.attack_payload_logging",
            "module.security.akamai_appsec_advanced_settings_evasive_path_match.evasive_path_match",
            "module.security.akamai_appsec_advanced_settings_logging.logging",
            "module.security.akamai_appsec_advanced_settings_pii_learning.pii_learning",
            "module.security.akamai_appsec_advanced_settings_pragma_header.pragma_header",
            "module.security.akamai_appsec_advanced_settings_prefetch.prefetch",
            "module.security.akamai_appsec_advanced_settings_request_body.config_settings",
            "module.security.akamai_appsec_api_constraints_protection.tfdemo",
            "module.security.akamai_appsec_attack_group.tfdemo_CMD",
            "module.security.akamai_appsec_attack_group.tfdemo_LFI",
            "module.security.akamai_appsec_attack_group.tfdemo_PLATFORM",
            "module.security.akamai_appsec_attack_group.tfdemo_POLICY",
            "module.security.akamai_appsec_attack_group.tfdemo_PROTOCOL",
            "module.security.akamai_appsec_attack_group.tfdemo_RFI",
            "module.security.akamai_appsec_attack_group.tfdemo_SQL",
            "module.security.akamai_appsec_attack_group.tfdemo_WAT",
            "module.security.akamai_appsec_attack_group.tfdemo_XSS",
            "module.security.akamai_appsec_configuration.config",
            "module.security.akamai_appsec_ip_geo.tfdemo",
            "module.security.akamai_appsec_ip_geo_protection.tfdemo",
            "module.security.akamai_appsec_malware_protection.tfdemo",
            "module.security.akamai_appsec_match_target.website_8232297",
            "module.security.akamai_appsec_penalty_box.tfdemo",
            "module.security.akamai_appsec_rate_policy.origin_error",
            "module.security.akamai_appsec_rate_policy.page_view_requests",
            "module.security.akamai_appsec_rate_policy.post_page_requests",
            "module.security.akamai_appsec_rate_policy_action.tfdemo_origin_error",
            "module.security.akamai_appsec_rate_policy_action.tfdemo_page_view_requests",
            "module.security.akamai_appsec_rate_policy_action.tfdemo_post_page_requests",
            "module.security.akamai_appsec_rate_protection.tfdemo",
            "module.security.akamai_appsec_security_policy.tfdemo",
            "module.security.akamai_appsec_slow_post.tfdemo",
            "module.security.akamai_appsec_slowpost_protection.tfdemo",
            "module.security.akamai_appsec_version_notes.version_notes",
            "module.security.akamai_appsec_waf_mode.tfdemo",
            "module.security.akamai_appsec_waf_protection.tfdemo",
            "module.security.data.akamai_group.group",
            "module.security.random_string.secret_header",
            "module.security.time_sleep.wait1",
            "module.security.time_sleep.wait2"
          ]
        }
      ]
    },
    {
      "module": "module.client-reputation[0]",
      "mode": "managed",
      "type": "akamai_appsec_reputation_profile",
      "name": "web_attackers_high_threat_shared",
      "provider": "provider[\"registry.terraform.io/akamai/akamai\"]",
      "instances": [
        {
          "schema_version": 0,
          "attributes": {
            "config_id": 121010,
            "id": "121010:11309197",
            "reputation_profile": "{\"condition\":{\"atomicConditions\":[{\"checkIps\":\"connecting\",\"className\":\"NetworkListCondition\",\"index\":1,\"positiveMatch\":true,\"value\":[\"260005_WAFSECURITYFILEREPUTATIO\"]}],\"positiveMatch\":false},\"context\":\"WEBATCK\",\"name\":\"Web Attackers (High Threat) [Shared IPs]\",\"sharedIpHandling\":\"SHARED_ONLY\",\"threshold\":9}",
            "reputation_profile_id": 11309197
          },
          "sensitive_attributes": [],
          "identity_schema_version": 0,
          "private": "bnVsbA==",
          "dependencies": [
            "data.akamai_contract.contract",
            "module.client-lists.akamai_clientlist_list.client-lists-geoblock-list",
            "module.client-lists.akamai_clientlist_list.client-lists-ipblock",
            "module.client-lists.akamai_clientlist_list.client-lists-ipblock-list-exceptions",
            "module.client-lists.akamai_clientlist_list.client-lists-pragmabypass-list",
            "module.client-lists.akamai_clientlist_list.client-lists-rcbypass-list",
            "module.client-lists.akamai_clientlist_list.client-lists-reputationbypass-list",
            "module.client-lists.akamai_clientlist_list.client-lists-securitybypass-list",
            "module.client-reputation.akamai_appsec_reputation_profile.web_attackers_high_threat",
            "module.client-reputation.akamai_appsec_reputation_protection.tfdemo",
            "module.client-reputation.time_sleep.wait_cr",
            "module.security.akamai_appsec_advanced_settings_attack_payload_logging.attack_payload_logging",
            "module.security.akamai_appsec_advanced_settings_evasive_path_match.evasive_path_match",
            "module.security.akamai_appsec_advanced_settings_logging.logging",
            "module.security.akamai_appsec_advanced_settings_pii_learning.pii_learning",
            "module.security.akamai_appsec_advanced_settings_pragma_header.pragma_header",
            "module.security.akamai_appsec_advanced_settings_prefetch.prefetch",
            "module.security.akamai_appsec_advanced_settings_request_body.config_settings",
            "module.security.akamai_appsec_api_constraints_protection.tfdemo",
            "module.security.akamai_appsec_attack_group.tfdemo_CMD",
            "module.security.akamai_appsec_attack_group.tfdemo_LFI",
            "module.security.akamai_appsec_attack_group.tfdemo_PLATFORM",
            "module.security.akamai_appsec_attack_group.tfdemo_POLICY",
            "module.security.akamai_appsec_attack_group.tfdemo_PROTOCOL",
            "module.security.akamai_appsec_attack_group.tfdemo_RFI",
            "module.security.akamai_appsec_attack_group.tfdemo_SQL",
            "module.security.akamai_appsec_attack_group.tfdemo_WAT",
            "module.security.akamai_appsec_attack_group.tfdemo_XSS",
            "module.security.akamai_appsec_configuration.config",
            "module.security.akamai_appsec_ip_geo.tfdemo",
            "module.security.akamai_appsec_ip_geo_protection.tfdemo",
            "module.security.akamai_appsec_malware_protection.tfdemo",
            "module.security.akamai_appsec_match_target.website_8232297",
            "module.security.akamai_appsec_penalty_box.tfdemo",
            "module.security.akamai_appsec_rate_policy.origin_error",
            "module.security.akamai_appsec_rate_policy.page_view_requests",
            "module.security.akamai_appsec_rate_policy.post_page_requests",
            "module.security.akamai_appsec_rate_policy_action.tfdemo_origin_error",
            "module.security.akamai_appsec_rate_policy_action.tfdemo_page_view_requests",
            "module.security.akamai_appsec_rate_policy_action.tfdemo_post_page_requests",
            "module.security.akamai_appsec_rate_protection.tfdemo",
            "module.security.akamai_appsec_security_policy.tfdemo",
            "module.security.akamai_appsec_slow_post.tfdemo",
            "module.security.akamai_appsec_slowpost_protection.tfdemo",
            "module.security.akamai_appsec_version_notes.version_notes",
            "module.security.akamai_appsec_waf_mode.tfdemo",
            "module.security.akamai_appsec_waf_protection.tfdemo",
            "module.security.data.akamai_group.group",
            "module.security.random_string.secret_header",
            "module.security.time_sleep.wait1",
            "module.security.time_sleep.wait2"
          ]
        }
      ]
    },
    {
      "module": "module.client-reputation[0]",
      "mode": "managed",
      "type": "akamai_appsec_reputation_profile",
      "name": "web_attackers_low_threat",
      "provider": "provider[\"registry.terraform.io/akamai/akamai\"]",
      "instances": [
        {
          "schema_version": 0,
          "attributes": {
            "config_id": 121010,
            "id": "121010:11309185",
            "reputation_profile": "{\"condition\":{\"atomicConditions\":[{\"checkIps\":\"connecting\",\"className\":\"NetworkListCondition\",\"index\":1,\"positiveMatch\":true,\"value\":[\"260005_WAFSECURITYFILEREPUTATIO\"]}],\"positiveMatch\":false},\"context\":\"WEBATCK\",\"name\":\"Web Attackers (Low Threat)\",\"sharedIpHandling\":\"NON_SHARED\",\"threshold\":5}",
            "reputation_profile_id": 11309185
          },
          "sensitive_attributes": [],
          "identity_schema_version": 0,
          "private": "bnVsbA==",
          "dependencies": [
            "data.akamai_contract.contract",
            "module.client-lists.akamai_clientlist_list.client-lists-geoblock-list",
            "module.client-lists.akamai_clientlist_list.client-lists-ipblock",
            "module.client-lists.akamai_clientlist_list.client-lists-ipblock-list-exceptions",
            "module.client-lists.akamai_clientlist_list.client-lists-pragmabypass-list",
            "module.client-lists.akamai_clientlist_list.client-lists-rcbypass-list",
            "module.client-lists.akamai_clientlist_list.client-lists-reputationbypass-list",
            "module.client-lists.akamai_clientlist_list.client-lists-securitybypass-list",
            "module.client-reputation.akamai_appsec_reputation_protection.tfdemo",
            "module.client-reputation.time_sleep.wait_cr",
            "module.security.akamai_appsec_advanced_settings_attack_payload_logging.attack_payload_logging",
            "module.security.akamai_appsec_advanced_settings_evasive_path_match.evasive_path_match",
            "module.security.akamai_appsec_advanced_settings_logging.logging",
            "module.security.akamai_appsec_advanced_settings_pii_learning.pii_learning",
            "module.security.akamai_appsec_advanced_settings_pragma_header.pragma_header",
            "module.security.akamai_appsec_advanced_settings_prefetch.prefetch",
            "module.security.akamai_appsec_advanced_settings_request_body.config_settings",
            "module.security.akamai_appsec_api_constraints_protection.tfdemo",
            "module.security.akamai_appsec_attack_group.tfdemo_CMD",
            "module.security.akamai_appsec_attack_group.tfdemo_LFI",
            "module.security.akamai_appsec_attack_group.tfdemo_PLATFORM",
            "module.security.akamai_appsec_attack_group.tfdemo_POLICY",
            "module.security.akamai_appsec_attack_group.tfdemo_PROTOCOL",
            "module.security.akamai_appsec_attack_group.tfdemo_RFI",
            "module.security.akamai_appsec_attack_group.tfdemo_SQL",
            "module.security.akamai_appsec_attack_group.tfdemo_WAT",
            "module.security.akamai_appsec_attack_group.tfdemo_XSS",
            "module.security.akamai_appsec_configuration.config",
            "module.security.akamai_appsec_ip_geo.tfdemo",
            "module.security.akamai_appsec_ip_geo_protection.tfdemo",
            "module.security.akamai_appsec_malware_protection.tfdemo",
            "module.security.akamai_appsec_match_target.website_8232297",
            "module.security.akamai_appsec_penalty_box.tfdemo",
            "module.security.akamai_appsec_rate_policy.origin_error",
            "module.security.akamai_appsec_rate_policy.page_view_requests",
            "module.security.akamai_appsec_rate_policy.post_page_requests",
            "module.security.akamai_appsec_rate_policy_action.tfdemo_origin_error",
            "module.security.akamai_appsec_rate_policy_action.tfdemo_page_view_requests",
            "module.security.akamai_appsec_rate_policy_action.tfdemo_post_page_requests",
            "module.security.akamai_appsec_rate_protection.tfdemo",
            "module.security.akamai_appsec_security_policy.tfdemo",
            "module.security.akamai_appsec_slow_post.tfdemo",
            "module.security.akamai_appsec_slowpost_protection.tfdemo",
            "module.security.akamai_appsec_version_notes.version_notes",
            "module.security.akamai_appsec_waf_mode.tfdemo",
            "module.security.akamai_appsec_waf_protection.tfdemo",
            "module.security.data.akamai_group.group",
            "module.security.random_string.secret_header",
            "module.security.time_sleep.wait1",
            "module.security.time_sleep.wait2"
          ]
        }
      ]
    },
    {
      "module": "module.client-reputation[0]",
      "mode": "managed",
      "type": "akamai_appsec_reputation_profile",
      "name": "web_attackers_low_threat_shared",
      "provider": "provider[\"registry.terraform.io/akamai/akamai\"]",
      "instances": [
        {
          "schema_version": 0,
          "attributes": {
            "config_id": 121010,
            "id": "121010:11309199",
            "reputation_profile": "{\"condition\":{\"atomicConditions\":[{\"checkIps\":\"connecting\",\"className\":\"NetworkListCondition\",\"index\":1,\"positiveMatch\":true,\"value\":[\"260005_WAFSECURITYFILEREPUTATIO\"]}],\"positiveMatch\":false},\"context\":\"WEBATCK\",\"name\":\"Web Attackers (Low Threat) [Shared IPs]\",\"sharedIpHandling\":\"SHARED_ONLY\",\"threshold\":7}",
            "reputation_profile_id": 11309199
          },
          "sensitive_attributes": [],
          "identity_schema_version": 0,
          "private": "bnVsbA==",
          "dependencies": [
            "data.akamai_contract.contract",
            "module.client-lists.akamai_clientlist_list.client-lists-geoblock-list",
            "module.client-lists.akamai_clientlist_list.client-lists-ipblock",
            "module.client-lists.akamai_clientlist_list.client-lists-ipblock-list-exceptions",
            "module.client-lists.akamai_clientlist_list.client-lists-pragmabypass-list",
            "module.client-lists.akamai_clientlist_list.client-lists-rcbypass-list",
            "module.client-lists.akamai_clientlist_list.client-lists-reputationbypass-list",
            "module.client-lists.akamai_clientlist_list.client-lists-securitybypass-list",
            "module.client-reputation.akamai_appsec_reputation_profile.web_attackers_low_threat",
            "module.client-reputation.akamai_appsec_reputation_protection.tfdemo",
            "module.client-reputation.time_sleep.wait_cr",
            "module.security.akamai_appsec_advanced_settings_attack_payload_logging.attack_payload_logging",
            "module.security.akamai_appsec_advanced_settings_evasive_path_match.evasive_path_match",
            "module.security.akamai_appsec_advanced_settings_logging.logging",
            "module.security.akamai_appsec_advanced_settings_pii_learning.pii_learning",
            "module.security.akamai_appsec_advanced_settings_pragma_header.pragma_header",
            "module.security.akamai_appsec_advanced_settings_prefetch.prefetch",
            "module.security.akamai_appsec_advanced_settings_request_body.config_settings",
            "module.security.akamai_appsec_api_constraints_protection.tfdemo",
            "module.security.akamai_appsec_attack_group.tfdemo_CMD",
            "module.security.akamai_appsec_attack_group.tfdemo_LFI",
            "module.security.akamai_appsec_attack_group.tfdemo_PLATFORM",
            "module.security.akamai_appsec_attack_group.tfdemo_POLICY",
            "module.security.akamai_appsec_attack_group.tfdemo_PROTOCOL",
            "module.security.akamai_appsec_attack_group.tfdemo_RFI",
            "module.security.akamai_appsec_attack_group.tfdemo_SQL",
            "module.security.akamai_appsec_attack_group.tfdemo_WAT",
            "module.security.akamai_appsec_attack_group.tfdemo_XSS",
            "module.security.akamai_appsec_configuration.config",
            "module.security.akamai_appsec_ip_geo.tfdemo",
            "module.security.akamai_appsec_ip_geo_protection.tfdemo",
            "module.security.akamai_appsec_malware_protection.tfdemo",
            "module.security.akamai_appsec_match_target.website_8232297",
            "module.security.akamai_appsec_penalty_box.tfdemo",
            "module.security.akamai_appsec_rate_policy.origin_error",
            "module.security.akamai_appsec_rate_policy.page_view_requests",
            "module.security.akamai_appsec_rate_policy.post_page_requests",
            "module.security.akamai_appsec_rate_policy_action.tfdemo_origin_error",
            "module.security.akamai_appsec_rate_policy_action.tfdemo_page_view_requests",
            "module.security.akamai_appsec_rate_policy_action.tfdemo_post_page_requests",
            "module.security.akamai_appsec_rate_protection.tfdemo",
            "module.security.akamai_appsec_security_policy.tfdemo",
            "module.security.akamai_appsec_slow_post.tfdemo",
            "module.security.akamai_appsec_slowpost_protection.tfdemo",
            "module.security.akamai_appsec_version_notes.version_notes",
            "module.security.akamai_appsec_waf_mode.tfdemo",
            "module.security.akamai_appsec_waf_protection.tfdemo",
            "module.security.data.akamai_group.group",
            "module.security.random_string.secret_header",
            "module.security.time_sleep.wait1",
            "module.security.time_sleep.wait2"
          ]
        }
      ]
    },
    {
      "module": "module.client-reputation[0]",
      "mode": "managed",
      "type": "akamai_appsec_reputation_profile",
      "name": "web_scrapers_high_threat",
      "provider": "provider[\"registry.terraform.io/akamai/akamai\"]",
      "instances": [
        {
          "schema_version": 0,
          "attributes": {
            "config_id": 121010,
            "id": "121010:11309171",
            "reputation_profile": "{\"condition\":{\"atomicConditions\":[{\"checkIps\":\"connecting\",\"className\":\"NetworkListCondition\",\"index\":1,\"positiveMatch\":true,\"value\":[\"260005_WAFSECURITYFILEREPUTATIO\"]}],\"positiveMatch\":false},\"context\":\"WEBSCRP\",\"name\":\"Web Scrapers (High Threat)\",\"sharedIpHandling\":\"NON_SHARED\",\"threshold\":9}",
            "reputation_profile_id": 11309171
          },
          "sensitive_attributes": [],
          "identity_schema_version": 0,
          "private": "bnVsbA==",
          "dependencies": [
            "data.akamai_contract.contract",
            "module.client-lists.akamai_clientlist_list.client-lists-geoblock-list",
            "module.client-lists.akamai_clientlist_list.client-lists-ipblock",
            "module.client-lists.akamai_clientlist_list.client-lists-ipblock-list-exceptions",
            "module.client-lists.akamai_clientlist_list.client-lists-pragmabypass-list",
            "module.client-lists.akamai_clientlist_list.client-lists-rcbypass-list",
            "module.client-lists.akamai_clientlist_list.client-lists-reputationbypass-list",
            "module.client-lists.akamai_clientlist_list.client-lists-securitybypass-list",
            "module.client-reputation.akamai_appsec_reputation_protection.tfdemo",
            "module.client-reputation.time_sleep.wait_cr",
            "module.security.akamai_appsec_advanced_settings_attack_payload_logging.attack_payload_logging",
            "module.security.akamai_appsec_advanced_settings_evasive_path_match.evasive_path_match",
            "module.security.akamai_appsec_advanced_settings_logging.logging",
            "module.security.akamai_appsec_advanced_settings_pii_learning.pii_learning",
            "module.security.akamai_appsec_advanced_settings_pragma_header.pragma_header",
            "module.security.akamai_appsec_advanced_settings_prefetch.prefetch",
            "module.security.akamai_appsec_advanced_settings_request_body.config_settings",
            "module.security.akamai_appsec_api_constraints_protection.tfdemo",
            "module.security.akamai_appsec_attack_group.tfdemo_CMD",
            "module.security.akamai_appsec_attack_group.tfdemo_LFI",
            "module.security.akamai_appsec_attack_group.tfdemo_PLATFORM",
            "module.security.akamai_appsec_attack_group.tfdemo_POLICY",
            "module.security.akamai_appsec_attack_group.tfdemo_PROTOCOL",
            "module.security.akamai_appsec_attack_group.tfdemo_RFI",
            "module.security.akamai_appsec_attack_group.tfdemo_SQL",
            "module.security.akamai_appsec_attack_group.tfdemo_WAT",
            "module.security.akamai_appsec_attack_group.tfdemo_XSS",
            "module.security.akamai_appsec_configuration.config",
            "module.security.akamai_appsec_ip_geo.tfdemo",
            "module.security.akamai_appsec_ip_geo_protection.tfdemo",
            "module.security.akamai_appsec_malware_protection.tfdemo",
            "module.security.akamai_appsec_match_target.website_8232297",
            "module.security.akamai_appsec_penalty_box.tfdemo",
            "module.security.akamai_appsec_rate_policy.origin_error",
            "module.security.akamai_appsec_rate_policy.page_view_requests",
            "module.security.akamai_appsec_rate_policy.post_page_requests",
            "module.security.akamai_appsec_rate_policy_action.tfdemo_origin_error",
            "module.security.akamai_appsec_rate_policy_action.tfdemo_page_view_requests",
            "module.security.akamai_appsec_rate_policy_action.tfdemo_post_page_requests",
            "module.security.akamai_appsec_rate_protection.tfdemo",
            "module.security.akamai_appsec_security_policy.tfdemo",
            "module.security.akamai_appsec_slow_post.tfdemo",
            "module.security.akamai_appsec_slowpost_protection.tfdemo",
            "module.security.akamai_appsec_version_notes.version_notes",
            "module.security.akamai_appsec_waf_mode.tfdemo",
            "module.security.akamai_appsec_waf_protection.tfdemo",
            "module.security.data.akamai_group.group",
            "module.security.random_string.secret_header",
            "module.security.time_sleep.wait1",
            "module.security.time_sleep.wait2"
          ]
        }
      ]
    },
    {
      "module": "module.client-reputation[0]",
      "mode": "managed",
      "type": "akamai_appsec_reputation_profile",
      "name": "web_scrapers_high_threat_shared",
      "provider": "provider[\"registry.terraform.io/akamai/akamai\"]",
      "instances": [
        {
          "schema_version": 0,
          "attributes": {
            "config_id": 121010,
            "id": "121010:11309187",
            "reputation_profile": "{\"condition\":{\"atomicConditions\":[{\"checkIps\":\"connecting\",\"className\":\"NetworkListCondition\",\"index\":1,\"positiveMatch\":true,\"value\":[\"260005_WAFSECURITYFILEREPUTATIO\"]}],\"positiveMatch\":false},\"context\":\"WEBSCRP\",\"name\":\"Web Scrapers (High Threat) [Shared IPs]\",\"sharedIpHandling\":\"SHARED_ONLY\",\"threshold\":9}",
            "reputation_profile_id": 11309187
          },
          "sensitive_attributes": [],
          "identity_schema_version": 0,
          "private": "bnVsbA==",
          "dependencies": [
            "data.akamai_contract.contract",
            "module.client-lists.akamai_clientlist_list.client-lists-geoblock-list",
            "module.client-lists.akamai_clientlist_list.client-lists-ipblock",
            "module.client-lists.akamai_clientlist_list.client-lists-ipblock-list-exceptions",
            "module.client-lists.akamai_clientlist_list.client-lists-pragmabypass-list",
            "module.client-lists.akamai_clientlist_list.client-lists-rcbypass-list",
            "module.client-lists.akamai_clientlist_list.client-lists-reputationbypass-list",
            "module.client-lists.akamai_clientlist_list.client-lists-securitybypass-list",
            "module.client-reputation.akamai_appsec_reputation_profile.web_scrapers_high_threat",
            "module.client-reputation.akamai_appsec_reputation_protection.tfdemo",
            "module.client-reputation.time_sleep.wait_cr",
            "module.security.akamai_appsec_advanced_settings_attack_payload_logging.attack_payload_logging",
            "module.security.akamai_appsec_advanced_settings_evasive_path_match.evasive_path_match",
            "module.security.akamai_appsec_advanced_settings_logging.logging",
            "module.security.akamai_appsec_advanced_settings_pii_learning.pii_learning",
            "module.security.akamai_appsec_advanced_settings_pragma_header.pragma_header",
            "module.security.akamai_appsec_advanced_settings_prefetch.prefetch",
            "module.security.akamai_appsec_advanced_settings_request_body.config_settings",
            "module.security.akamai_appsec_api_constraints_protection.tfdemo",
            "module.security.akamai_appsec_attack_group.tfdemo_CMD",
            "module.security.akamai_appsec_attack_group.tfdemo_LFI",
            "module.security.akamai_appsec_attack_group.tfdemo_PLATFORM",
            "module.security.akamai_appsec_attack_group.tfdemo_POLICY",
            "module.security.akamai_appsec_attack_group.tfdemo_PROTOCOL",
            "module.security.akamai_appsec_attack_group.tfdemo_RFI",
            "module.security.akamai_appsec_attack_group.tfdemo_SQL",
            "module.security.akamai_appsec_attack_group.tfdemo_WAT",
            "module.security.akamai_appsec_attack_group.tfdemo_XSS",
            "module.security.akamai_appsec_configuration.config",
            "module.security.akamai_appsec_ip_geo.tfdemo",
            "module.security.akamai_appsec_ip_geo_protection.tfdemo",
            "module.security.akamai_appsec_malware_protection.tfdemo",
            "module.security.akamai_appsec_match_target.website_8232297",
            "module.security.akamai_appsec_penalty_box.tfdemo",
            "module.security.akamai_appsec_rate_policy.origin_error",
            "module.security.akamai_appsec_rate_policy.page_view_requests",
            "module.security.akamai_appsec_rate_policy.post_page_requests",
            "module.security.akamai_appsec_rate_policy_action.tfdemo_origin_error",
            "module.security.akamai_appsec_rate_policy_action.tfdemo_page_view_requests",
            "module.security.akamai_appsec_rate_policy_action.tfdemo_post_page_requests",
            "module.security.akamai_appsec_rate_protection.tfdemo",
            "module.security.akamai_appsec_security_policy.tfdemo",
            "module.security.akamai_appsec_slow_post.tfdemo",
            "module.security.akamai_appsec_slowpost_protection.tfdemo",
            "module.security.akamai_appsec_version_notes.version_notes",
            "module.security.akamai_appsec_waf_mode.tfdemo",
            "module.security.akamai_appsec_waf_protection.tfdemo",
            "module.security.data.akamai_group.group",
            "module.security.random_string.secret_header",
            "module.security.time_sleep.wait1",
            "module.security.time_sleep.wait2"
          ]
        }
      ]
    },
    {
      "module": "module.client-reputation[0]",
      "mode": "managed",
      "type": "akamai_appsec_reputation_profile",
      "name": "web_scrapers_low_threat",
      "provider": "provider[\"registry.terraform.io/akamai/akamai\"]",
      "instances": [
        {
          "schema_version": 0,
          "attributes": {
            "config_id": 121010,
            "id": "121010:11309173",
            "reputation_profile": "{\"condition\":{\"atomicConditions\":[{\"checkIps\":\"connecting\",\"className\":\"NetworkListCondition\",\"index\":1,\"positiveMatch\":true,\"value\":[\"260005_WAFSECURITYFILEREPUTATIO\"]}],\"positiveMatch\":false},\"context\":\"WEBSCRP\",\"name\":\"Web Scrapers (Low Threat)\",\"sharedIpHandling\":\"NON_SHARED\",\"threshold\":5}",
            "reputation_profile_id": 11309173
          },
          "sensitive_attributes": [],
          "identity_schema_version": 0,
          "private": "bnVsbA==",
          "dependencies": [
            "data.akamai_contract.contract",
            "module.client-lists.akamai_clientlist_list.client-lists-geoblock-list",
            "module.client-lists.akamai_clientlist_list.client-lists-ipblock",
            "module.client-lists.akamai_clientlist_list.client-lists-ipblock-list-exceptions",
            "module.client-lists.akamai_clientlist_list.client-lists-pragmabypass-list",
            "module.client-lists.akamai_clientlist_list.client-lists-rcbypass-list",
            "module.client-lists.akamai_clientlist_list.client-lists-reputationbypass-list",
            "module.client-lists.akamai_clientlist_list.client-lists-securitybypass-list",
            "module.client-reputation.akamai_appsec_reputation_protection.tfdemo",
            "module.client-reputation.time_sleep.wait_cr",
            "module.security.akamai_appsec_advanced_settings_attack_payload_logging.attack_payload_logging",
            "module.security.akamai_appsec_advanced_settings_evasive_path_match.evasive_path_match",
            "module.security.akamai_appsec_advanced_settings_logging.logging",
            "module.security.akamai_appsec_advanced_settings_pii_learning.pii_learning",
            "module.security.akamai_appsec_advanced_settings_pragma_header.pragma_header",
            "module.security.akamai_appsec_advanced_settings_prefetch.prefetch",
            "module.security.akamai_appsec_advanced_settings_request_body.config_settings",
            "module.security.akamai_appsec_api_constraints_protection.tfdemo",
            "module.security.akamai_appsec_attack_group.tfdemo_CMD",
            "module.security.akamai_appsec_attack_group.tfdemo_LFI",
            "module.security.akamai_appsec_attack_group.tfdemo_PLATFORM",
            "module.security.akamai_appsec_attack_group.tfdemo_POLICY",
            "module.security.akamai_appsec_attack_group.tfdemo_PROTOCOL",
            "module.security.akamai_appsec_attack_group.tfdemo_RFI",
            "module.security.akamai_appsec_attack_group.tfdemo_SQL",
            "module.security.akamai_appsec_attack_group.tfdemo_WAT",
            "module.security.akamai_appsec_attack_group.tfdemo_XSS",
            "module.security.akamai_appsec_configuration.config",
            "module.security.akamai_appsec_ip_geo.tfdemo",
            "module.security.akamai_appsec_ip_geo_protection.tfdemo",
            "module.security.akamai_appsec_malware_protection.tfdemo",
            "module.security.akamai_appsec_match_target.website_8232297",
            "module.security.akamai_appsec_penalty_box.tfdemo",
            "module.security.akamai_appsec_rate_policy.origin_error",
            "module.security.akamai_appsec_rate_policy.page_view_requests",
            "module.security.akamai_appsec_rate_policy.post_page_requests",
            "module.security.akamai_appsec_rate_policy_action.tfdemo_origin_error",
            "module.security.akamai_appsec_rate_policy_action.tfdemo_page_view_requests",
            "module.security.akamai_appsec_rate_policy_action.tfdemo_post_page_requests",
            "module.security.akamai_appsec_rate_protection.tfdemo",
            "module.security.akamai_appsec_security_policy.tfdemo",
            "module.security.akamai_appsec_slow_post.tfdemo",
            "module.security.akamai_appsec_slowpost_protection.tfdemo",
            "module.security.akamai_appsec_version_notes.version_notes",
            "module.security.akamai_appsec_waf_mode.tfdemo",
            "module.security.akamai_appsec_waf_protection.tfdemo",
            "module.security.data.akamai_group.group",
            "module.security.random_string.secret_header",
            "module.security.time_sleep.wait1",
            "module.security.time_sleep.wait2"
          ]
        }
      ]
    },
    {
      "module": "module.client-reputation[0]",
      "mode": "managed",
      "type": "akamai_appsec_reputation_profile",
      "name": "web_scrapers_low_threat_shared",
      "provider": "provider[\"registry.terraform.io/akamai/akamai\"]",
      "instances": [
        {
          "schema_version": 0,
          "attributes": {
            "config_id": 121010,
            "id": "121010:11309189",
            "reputation_profile": "{\"condition\":{\"atomicConditions\":[{\"checkIps\":\"connecting\",\"className\":\"NetworkListCondition\",\"index\":1,\"positiveMatch\":true,\"value\":[\"260005_WAFSECURITYFILEREPUTATIO\"]}],\"positiveMatch\":false},\"context\":\"WEBSCRP\",\"name\":\"Web Scrapers (Low Threat) [Shared IPs]\",\"sharedIpHandling\":\"SHARED_ONLY\",\"threshold\":7}",
            "reputation_profile_id": 11309189
          },
          "sensitive_attributes": [],
          "identity_schema_version": 0,
          "private": "bnVsbA==",
          "dependencies": [
            "data.akamai_contract.contract",
            "module.client-lists.akamai_clientlist_list.client-lists-geoblock-list",
            "module.client-lists.akamai_clientlist_list.client-lists-ipblock",
            "module.client-lists.akamai_clientlist_list.client-lists-ipblock-list-exceptions",
            "module.client-lists.akamai_clientlist_list.client-lists-pragmabypass-list",
            "module.client-lists.akamai_clientlist_list.client-lists-rcbypass-list",
            "module.client-lists.akamai_clientlist_list.client-lists-reputationbypass-list",
            "module.client-lists.akamai_clientlist_list.client-lists-securitybypass-list",
            "module.client-reputation.akamai_appsec_reputation_profile.web_scrapers_low_threat",
            "module.client-reputation.akamai_appsec_reputation_protection.tfdemo",
            "module.client-reputation.time_sleep.wait_cr",
            "module.security.akamai_appsec_advanced_settings_attack_payload_logging.attack_payload_logging",
            "module.security.akamai_appsec_advanced_settings_evasive_path_match.evasive_path_match",
            "module.security.akamai_appsec_advanced_settings_logging.logging",
            "module.security.akamai_appsec_advanced_settings_pii_learning.pii_learning",
            "module.security.akamai_appsec_advanced_settings_pragma_header.pragma_header",
            "module.security.akamai_appsec_advanced_settings_prefetch.prefetch",
            "module.security.akamai_appsec_advanced_settings_request_body.config_settings",
            "module.security.akamai_appsec_api_constraints_protection.tfdemo",
            "module.security.akamai_appsec_attack_group.tfdemo_CMD",
            "module.security.akamai_appsec_attack_group.tfdemo_LFI",
            "module.security.akamai_appsec_attack_group.tfdemo_PLATFORM",
            "module.security.akamai_appsec_attack_group.tfdemo_POLICY",
            "module.security.akamai_appsec_attack_group.tfdemo_PROTOCOL",
            "module.security.akamai_appsec_attack_group.tfdemo_RFI",
            "module.security.akamai_appsec_attack_group.tfdemo_SQL",
            "module.security.akamai_appsec_attack_group.tfdemo_WAT",
            "module.security.akamai_appsec_attack_group.tfdemo_XSS",
            "module.security.akamai_appsec_configuration.config",
            "module.security.akamai_appsec_ip_geo.tfdemo",
            "module.security.akamai_appsec_ip_geo_protection.tfdemo",
            "module.security.akamai_appsec_malware_protection.tfdemo",
            "module.security.akamai_appsec_match_target.website_8232297",
            "module.security.akamai_appsec_penalty_box.tfdemo",
            "module.security.akamai_appsec_rate_policy.origin_error",
            "module.security.akamai_appsec_rate_policy.page_view_requests",
            "module.security.akamai_appsec_rate_policy.post_page_requests",
            "module.security.akamai_appsec_rate_policy_action.tfdemo_origin_error",
            "module.security.akamai_appsec_rate_policy_action.tfdemo_page_view_requests",
            "module.security.akamai_appsec_rate_policy_action.tfdemo_post_page_requests",
            "module.security.akamai_appsec_rate_protection.tfdemo",
            "module.security.akamai_appsec_security_policy.tfdemo",
            "module.security.akamai_appsec_slow_post.tfdemo",
            "module.security.akamai_appsec_slowpost_protection.tfdemo",
            "module.security.akamai_appsec_version_notes.version_notes",
            "module.security.akamai_appsec_waf_mode.tfdemo",
            "module.security.akamai_appsec_waf_protection.tfdemo",
            "module.security.data.akamai_group.group",
            "module.security.random_string.secret_header",
            "module.security.time_sleep.wait1",
            "module.security.time_sleep.wait2"
          ]
        }
      ]
    },
    {
      "module": "module.client-reputation[0]",
      "mode": "managed",
      "type": "akamai_appsec_reputation_profile_action",
      "name": "dos_attackers_high_threat",
      "provider": "provider[\"registry.terraform.io/akamai/akamai\"]",
      "instances": [
        {
          "schema_version": 0,
          "attributes": {
            "action": "alert",
            "config_id": 121010,
            "id": "121010:main_317032:11309181",
            "reputation_profile_id": 11309181,
            "security_policy_id": "main_317032"
          },
          "sensitive_attributes": [],
          "identity_schema_version": 0,
          "private": "bnVsbA==",
          "dependencies": [
            "data.akamai_contract.contract",
            "module.client-lists.akamai_clientlist_list.client-lists-geoblock-list",
            "module.client-lists.akamai_clientlist_list.client-lists-ipblock",
            "module.client-lists.akamai_clientlist_list.client-lists-ipblock-list-exceptions",
            "module.client-lists.akamai_clientlist_list.client-lists-pragmabypass-list",
            "module.client-lists.akamai_clientlist_list.client-lists-rcbypass-list",
            "module.client-lists.akamai_clientlist_list.client-lists-reputationbypass-list",
            "module.client-lists.akamai_clientlist_list.client-lists-securitybypass-list",
            "module.client-reputation.akamai_appsec_reputation_profile.dos_attackers_high_threat",
            "module.client-reputation.akamai_appsec_reputation_protection.tfdemo",
            "module.client-reputation.time_sleep.wait_cr",
            "module.security.akamai_appsec_advanced_settings_attack_payload_logging.attack_payload_logging",
            "module.security.akamai_appsec_advanced_settings_evasive_path_match.evasive_path_match",
            "module.security.akamai_appsec_advanced_settings_logging.logging",
            "module.security.akamai_appsec_advanced_settings_pii_learning.pii_learning",
            "module.security.akamai_appsec_advanced_settings_pragma_header.pragma_header",
            "module.security.akamai_appsec_advanced_settings_prefetch.prefetch",
            "module.security.akamai_appsec_advanced_settings_request_body.config_settings",
            "module.security.akamai_appsec_api_constraints_protection.tfdemo",
            "module.security.akamai_appsec_attack_group.tfdemo_CMD",
            "module.security.akamai_appsec_attack_group.tfdemo_LFI",
            "module.security.akamai_appsec_attack_group.tfdemo_PLATFORM",
            "module.security.akamai_appsec_attack_group.tfdemo_POLICY",
            "module.security.akamai_appsec_attack_group.tfdemo_PROTOCOL",
            "module.security.akamai_appsec_attack_group.tfdemo_RFI",
            "module.security.akamai_appsec_attack_group.tfdemo_SQL",
            "module.security.akamai_appsec_attack_group.tfdemo_WAT",
            "module.security.akamai_appsec_attack_group.tfdemo_XSS",
            "module.security.akamai_appsec_configuration.config",
            "module.security.akamai_appsec_ip_geo.tfdemo",
            "module.security.akamai_appsec_ip_geo_protection.tfdemo",
            "module.security.akamai_appsec_malware_protection.tfdemo",
            "module.security.akamai_appsec_match_target.website_8232297",
            "module.security.akamai_appsec_penalty_box.tfdemo",
            "module.security.akamai_appsec_rate_policy.origin_error",
            "module.security.akamai_appsec_rate_policy.page_view_requests",
            "module.security.akamai_appsec_rate_policy.post_page_requests",
            "module.security.akamai_appsec_rate_policy_action.tfdemo_origin_error",
            "module.security.akamai_appsec_rate_policy_action.tfdemo_page_view_requests",
            "module.security.akamai_appsec_rate_policy_action.tfdemo_post_page_requests",
            "module.security.akamai_appsec_rate_protection.tfdemo",
            "module.security.akamai_appsec_security_policy.tfdemo",
            "module.security.akamai_appsec_slow_post.tfdemo",
            "module.security.akamai_appsec_slowpost_protection.tfdemo",
            "module.security.akamai_appsec_version_notes.version_notes",
            "module.security.akamai_appsec_waf_mode.tfdemo",
            "module.security.akamai_appsec_waf_protection.tfdemo",
            "module.security.data.akamai_group.group",
            "module.security.random_string.secret_header",
            "module.security.time_sleep.wait1",
            "module.security.time_sleep.wait2"
          ]
        }
      ]
    },
    {
      "module": "module.client-reputation[0]",
      "mode": "managed",
      "type": "akamai_appsec_reputation_profile_action",
      "name": "dos_attackers_high_threat_shared",
      "provider": "provider[\"registry.terraform.io/akamai/akamai\"]",
      "instances": [
        {
          "schema_version": 0,
          "attributes": {
            "action": "alert",
            "config_id": 121010,
            "id": "121010:main_317032:11309195",
            "reputation_profile_id": 11309195,
            "security_policy_id": "main_317032"
          },
          "sensitive_attributes": [],
          "identity_schema_version": 0,
          "private": "bnVsbA==",
          "dependencies": [
            "data.akamai_contract.contract",
            "module.client-lists.akamai_clientlist_list.client-lists-geoblock-list",
            "module.client-lists.akamai_clientlist_list.client-lists-ipblock",
            "module.client-lists.akamai_clientlist_list.client-lists-ipblock-list-exceptions",
            "module.client-lists.akamai_clientlist_list.client-lists-pragmabypass-list",
            "module.client-lists.akamai_clientlist_list.client-lists-rcbypass-list",
            "module.client-lists.akamai_clientlist_list.client-lists-reputationbypass-list",
            "module.client-lists.akamai_clientlist_list.client-lists-securitybypass-list",
            "module.client-reputation.akamai_appsec_reputation_profile.dos_attackers_high_threat",
            "module.client-reputation.akamai_appsec_reputation_profile.dos_attackers_high_threat_shared",
            "module.client-reputation.akamai_appsec_reputation_protection.tfdemo",
            "module.client-reputation.time_sleep.wait_cr",
            "module.security.akamai_appsec_advanced_settings_attack_payload_logging.attack_payload_logging",
            "module.security.akamai_appsec_advanced_settings_evasive_path_match.evasive_path_match",
            "module.security.akamai_appsec_advanced_settings_logging.logging",
            "module.security.akamai_appsec_advanced_settings_pii_learning.pii_learning",
            "module.security.akamai_appsec_advanced_settings_pragma_header.pragma_header",
            "module.security.akamai_appsec_advanced_settings_prefetch.prefetch",
            "module.security.akamai_appsec_advanced_settings_request_body.config_settings",
            "module.security.akamai_appsec_api_constraints_protection.tfdemo",
            "module.security.akamai_appsec_attack_group.tfdemo_CMD",
            "module.security.akamai_appsec_attack_group.tfdemo_LFI",
            "module.security.akamai_appsec_attack_group.tfdemo_PLATFORM",
            "module.security.akamai_appsec_attack_group.tfdemo_POLICY",
            "module.security.akamai_appsec_attack_group.tfdemo_PROTOCOL",
            "module.security.akamai_appsec_attack_group.tfdemo_RFI",
            "module.security.akamai_appsec_attack_group.tfdemo_SQL",
            "module.security.akamai_appsec_attack_group.tfdemo_WAT",
            "module.security.akamai_appsec_attack_group.tfdemo_XSS",
            "module.security.akamai_appsec_configuration.config",
            "module.security.akamai_appsec_ip_geo.tfdemo",
            "module.security.akamai_appsec_ip_geo_protection.tfdemo",
            "module.security.akamai_appsec_malware_protection.tfdemo",
            "module.security.akamai_appsec_match_target.website_8232297",
            "module.security.akamai_appsec_penalty_box.tfdemo",
            "module.security.akamai_appsec_rate_policy.origin_error",
            "module.security.akamai_appsec_rate_policy.page_view_requests",
            "module.security.akamai_appsec_rate_policy.post_page_requests",
            "module.security.akamai_appsec_rate_policy_action.tfdemo_origin_error",
            "module.security.akamai_appsec_rate_policy_action.tfdemo_page_view_requests",
            "module.security.akamai_appsec_rate_policy_action.tfdemo_post_page_requests",
            "module.security.akamai_appsec_rate_protection.tfdemo",
            "module.security.akamai_appsec_security_policy.tfdemo",
            "module.security.akamai_appsec_slow_post.tfdemo",
            "module.security.akamai_appsec_slowpost_protection.tfdemo",
            "module.security.akamai_appsec_version_notes.version_notes",
            "module.security.akamai_appsec_waf_mode.tfdemo",
            "module.security.akamai_appsec_waf_protection.tfdemo",
            "module.security.data.akamai_group.group",
            "module.security.random_string.secret_header",
            "module.security.time_sleep.wait1",
            "module.security.time_sleep.wait2"
          ]
        }
      ]
    },
    {
      "module": "module.client-reputation[0]",
      "mode": "managed",
      "type": "akamai_appsec_reputation_profile_action",
      "name": "dos_attackers_low_threat",
      "provider": "provider[\"registry.terraform.io/akamai/akamai\"]",
      "instances": [
        {
          "schema_version": 0,
          "attributes": {
            "action": "alert",
            "config_id": 121010,
            "id": "121010:main_317032:11309179",
            "reputation_profile_id": 11309179,
            "security_policy_id": "main_317032"
          },
          "sensitive_attributes": [],
          "identity_schema_version": 0,
          "private": "bnVsbA==",
          "dependencies": [
            "data.akamai_contract.contract",
            "module.client-lists.akamai_clientlist_list.client-lists-geoblock-list",
            "module.client-lists.akamai_clientlist_list.client-lists-ipblock",
            "module.client-lists.akamai_clientlist_list.client-lists-ipblock-list-exceptions",
            "module.client-lists.akamai_clientlist_list.client-lists-pragmabypass-list",
            "module.client-lists.akamai_clientlist_list.client-lists-rcbypass-list",
            "module.client-lists.akamai_clientlist_list.client-lists-reputationbypass-list",
            "module.client-lists.akamai_clientlist_list.client-lists-securitybypass-list",
            "module.client-reputation.akamai_appsec_reputation_profile.dos_attackers_low_threat",
            "module.client-reputation.akamai_appsec_reputation_protection.tfdemo",
            "module.client-reputation.time_sleep.wait_cr",
            "module.security.akamai_appsec_advanced_settings_attack_payload_logging.attack_payload_logging",
            "module.security.akamai_appsec_advanced_settings_evasive_path_match.evasive_path_match",
            "module.security.akamai_appsec_advanced_settings_logging.logging",
            "module.security.akamai_appsec_advanced_settings_pii_learning.pii_learning",
            "module.security.akamai_appsec_advanced_settings_pragma_header.pragma_header",
            "module.security.akamai_appsec_advanced_settings_prefetch.prefetch",
            "module.security.akamai_appsec_advanced_settings_request_body.config_settings",
            "module.security.akamai_appsec_api_constraints_protection.tfdemo",
            "module.security.akamai_appsec_attack_group.tfdemo_CMD",
            "module.security.akamai_appsec_attack_group.tfdemo_LFI",
            "module.security.akamai_appsec_attack_group.tfdemo_PLATFORM",
            "module.security.akamai_appsec_attack_group.tfdemo_POLICY",
            "module.security.akamai_appsec_attack_group.tfdemo_PROTOCOL",
            "module.security.akamai_appsec_attack_group.tfdemo_RFI",
            "module.security.akamai_appsec_attack_group.tfdemo_SQL",
            "module.security.akamai_appsec_attack_group.tfdemo_WAT",
            "module.security.akamai_appsec_attack_group.tfdemo_XSS",
            "module.security.akamai_appsec_configuration.config",
            "module.security.akamai_appsec_ip_geo.tfdemo",
            "module.security.akamai_appsec_ip_geo_protection.tfdemo",
            "module.security.akamai_appsec_malware_protection.tfdemo",
            "module.security.akamai_appsec_match_target.website_8232297",
            "module.security.akamai_appsec_penalty_box.tfdemo",
            "module.security.akamai_appsec_rate_policy.origin_error",
            "module.security.akamai_appsec_rate_policy.page_view_requests",
            "module.security.akamai_appsec_rate_policy.post_page_requests",
            "module.security.akamai_appsec_rate_policy_action.tfdemo_origin_error",
            "module.security.akamai_appsec_rate_policy_action.tfdemo_page_view_requests",
            "module.security.akamai_appsec_rate_policy_action.tfdemo_post_page_requests",
            "module.security.akamai_appsec_rate_protection.tfdemo",
            "module.security.akamai_appsec_security_policy.tfdemo",
            "module.security.akamai_appsec_slow_post.tfdemo",
            "module.security.akamai_appsec_slowpost_protection.tfdemo",
            "module.security.akamai_appsec_version_notes.version_notes",
            "module.security.akamai_appsec_waf_mode.tfdemo",
            "module.security.akamai_appsec_waf_protection.tfdemo",
            "module.security.data.akamai_group.group",
            "module.security.random_string.secret_header",
            "module.security.time_sleep.wait1",
            "module.security.time_sleep.wait2"
          ]
        }
      ]
    },
    {
      "module": "module.client-reputation[0]",
      "mode": "managed",
      "type": "akamai_appsec_reputation_profile_action",
      "name": "dos_attackers_low_threat_shared",
      "provider": "provider[\"registry.terraform.io/akamai/akamai\"]",
      "instances": [
        {
          "schema_version": 0,
          "attributes": {
            "action": "alert",
            "config_id": 121010,
            "id": "121010:main_317032:11309193",
            "reputation_profile_id": 11309193,
            "security_policy_id": "main_317032"
          },
          "sensitive_attributes": [],
          "identity_schema_version": 0,
          "private": "bnVsbA==",
          "dependencies": [
            "data.akamai_contract.contract",
            "module.client-lists.akamai_clientlist_list.client-lists-geoblock-list",
            "module.client-lists.akamai_clientlist_list.client-lists-ipblock",
            "module.client-lists.akamai_clientlist_list.client-lists-ipblock-list-exceptions",
            "module.client-lists.akamai_clientlist_list.client-lists-pragmabypass-list",
            "module.client-lists.akamai_clientlist_list.client-lists-rcbypass-list",
            "module.client-lists.akamai_clientlist_list.client-lists-reputationbypass-list",
            "module.client-lists.akamai_clientlist_list.client-lists-securitybypass-list",
            "module.client-reputation.akamai_appsec_reputation_profile.dos_attackers_low_threat",
            "module.client-reputation.akamai_appsec_reputation_profile.dos_attackers_low_threat_shared",
            "module.client-reputation.akamai_appsec_reputation_protection.tfdemo",
            "module.client-reputation.time_sleep.wait_cr",
            "module.security.akamai_appsec_advanced_settings_attack_payload_logging.attack_payload_logging",
            "module.security.akamai_appsec_advanced_settings_evasive_path_match.evasive_path_match",
            "module.security.akamai_appsec_advanced_settings_logging.logging",
            "module.security.akamai_appsec_advanced_settings_pii_learning.pii_learning",
            "module.security.akamai_appsec_advanced_settings_pragma_header.pragma_header",
            "module.security.akamai_appsec_advanced_settings_prefetch.prefetch",
            "module.security.akamai_appsec_advanced_settings_request_body.config_settings",
            "module.security.akamai_appsec_api_constraints_protection.tfdemo",
            "module.security.akamai_appsec_attack_group.tfdemo_CMD",
            "module.security.akamai_appsec_attack_group.tfdemo_LFI",
            "module.security.akamai_appsec_attack_group.tfdemo_PLATFORM",
            "module.security.akamai_appsec_attack_group.tfdemo_POLICY",
            "module.security.akamai_appsec_attack_group.tfdemo_PROTOCOL",
            "module.security.akamai_appsec_attack_group.tfdemo_RFI",
            "module.security.akamai_appsec_attack_group.tfdemo_SQL",
            "module.security.akamai_appsec_attack_group.tfdemo_WAT",
            "module.security.akamai_appsec_attack_group.tfdemo_XSS",
            "module.security.akamai_appsec_configuration.config",
            "module.security.akamai_appsec_ip_geo.tfdemo",
            "module.security.akamai_appsec_ip_geo_protection.tfdemo",
            "module.security.akamai_appsec_malware_protection.tfdemo",
            "module.security.akamai_appsec_match_target.website_8232297",
            "module.security.akamai_appsec_penalty_box.tfdemo",
            "module.security.akamai_appsec_rate_policy.origin_error",
            "module.security.akamai_appsec_rate_policy.page_view_requests",
            "module.security.akamai_appsec_rate_policy.post_page_requests",
            "module.security.akamai_appsec_rate_policy_action.tfdemo_origin_error",
            "module.security.akamai_appsec_rate_policy_action.tfdemo_page_view_requests",
            "module.security.akamai_appsec_rate_policy_action.tfdemo_post_page_requests",
            "module.security.akamai_appsec_rate_protection.tfdemo",
            "module.security.akamai_appsec_security_policy.tfdemo",
            "module.security.akamai_appsec_slow_post.tfdemo",
            "module.security.akamai_appsec_slowpost_protection.tfdemo",
            "module.security.akamai_appsec_version_notes.version_notes",
            "module.security.akamai_appsec_waf_mode.tfdemo",
            "module.security.akamai_appsec_waf_protection.tfdemo",
            "module.security.data.akamai_group.group",
            "module.security.random_string.secret_header",
            "module.security.time_sleep.wait1",
            "module.security.time_sleep.wait2"
          ]
        }
      ]
    },
    {
      "module": "module.client-reputation[0]",
      "mode": "managed",
      "type": "akamai_appsec_reputation_profile_action",
      "name": "scanning_tools_high_threat",
      "provider": "provider[\"registry.terraform.io/akamai/akamai\"]",
      "instances": [
        {
          "schema_version": 0,
          "attributes": {
            "action": "alert",
            "config_id": 121010,
            "id": "121010:main_317032:11309183",
            "reputation_profile_id": 11309183,
            "security_policy_id": "main_317032"
          },
          "sensitive_attributes": [],
          "identity_schema_version": 0,
          "private": "bnVsbA==",
          "dependencies": [
            "data.akamai_contract.contract",
            "module.client-lists.akamai_clientlist_list.client-lists-geoblock-list",
            "module.client-lists.akamai_clientlist_list.client-lists-ipblock",
            "module.client-lists.akamai_clientlist_list.client-lists-ipblock-list-exceptions",
            "module.client-lists.akamai_clientlist_list.client-lists-pragmabypass-list",
            "module.client-lists.akamai_clientlist_list.client-lists-rcbypass-list",
            "module.client-lists.akamai_clientlist_list.client-lists-reputationbypass-list",
            "module.client-lists.akamai_clientlist_list.client-lists-securitybypass-list",
            "module.client-reputation.akamai_appsec_reputation_profile.scanning_tools_high_threat",
            "module.client-reputation.akamai_appsec_reputation_protection.tfdemo",
            "module.client-reputation.time_sleep.wait_cr",
            "module.security.akamai_appsec_advanced_settings_attack_payload_logging.attack_payload_logging",
            "module.security.akamai_appsec_advanced_settings_evasive_path_match.evasive_path_match",
            "module.security.akamai_appsec_advanced_settings_logging.logging",
            "module.security.akamai_appsec_advanced_settings_pii_learning.pii_learning",
            "module.security.akamai_appsec_advanced_settings_pragma_header.pragma_header",
            "module.security.akamai_appsec_advanced_settings_prefetch.prefetch",
            "module.security.akamai_appsec_advanced_settings_request_body.config_settings",
            "module.security.akamai_appsec_api_constraints_protection.tfdemo",
            "module.security.akamai_appsec_attack_group.tfdemo_CMD",
            "module.security.akamai_appsec_attack_group.tfdemo_LFI",
            "module.security.akamai_appsec_attack_group.tfdemo_PLATFORM",
            "module.security.akamai_appsec_attack_group.tfdemo_POLICY",
            "module.security.akamai_appsec_attack_group.tfdemo_PROTOCOL",
            "module.security.akamai_appsec_attack_group.tfdemo_RFI",
            "module.security.akamai_appsec_attack_group.tfdemo_SQL",
            "module.security.akamai_appsec_attack_group.tfdemo_WAT",
            "module.security.akamai_appsec_attack_group.tfdemo_XSS",
            "module.security.akamai_appsec_configuration.config",
            "module.security.akamai_appsec_ip_geo.tfdemo",
            "module.security.akamai_appsec_ip_geo_protection.tfdemo",
            "module.security.akamai_appsec_malware_protection.tfdemo",
            "module.security.akamai_appsec_match_target.website_8232297",
            "module.security.akamai_appsec_penalty_box.tfdemo",
            "module.security.akamai_appsec_rate_policy.origin_error",
            "module.security.akamai_appsec_rate_policy.page_view_requests",
            "module.security.akamai_appsec_rate_policy.post_page_requests",
            "module.security.akamai_appsec_rate_policy_action.tfdemo_origin_error",
            "module.security.akamai_appsec_rate_policy_action.tfdemo_page_view_requests",
            "module.security.akamai_appsec_rate_policy_action.tfdemo_post_page_requests",
            "module.security.akamai_appsec_rate_protection.tfdemo",
            "module.security.akamai_appsec_security_policy.tfdemo",
            "module.security.akamai_appsec_slow_post.tfdemo",
            "module.security.akamai_appsec_slowpost_protection.tfdemo",
            "module.security.akamai_appsec_version_notes.version_notes",
            "module.security.akamai_appsec_waf_mode.tfdemo",
            "module.security.akamai_appsec_waf_protection.tfdemo",
            "module.security.data.akamai_group.group",
            "module.security.random_string.secret_header",
            "module.security.time_sleep.wait1",
            "module.security.time_sleep.wait2"
          ]
        }
      ]
    },
    {
      "module": "module.client-reputation[0]",
      "mode": "managed",
      "type": "akamai_appsec_reputation_profile_action",
      "name": "scanning_tools_high_threat_shared",
      "provider": "provider[\"registry.terraform.io/akamai/akamai\"]",
      "instances": [
        {
          "schema_version": 0,
          "attributes": {
            "action": "alert",
            "config_id": 121010,
            "id": "121010:main_317032:11309201",
            "reputation_profile_id": 11309201,
            "security_policy_id": "main_317032"
          },
          "sensitive_attributes": [],
          "identity_schema_version": 0,
          "private": "bnVsbA==",
          "dependencies": [
            "data.akamai_contract.contract",
            "module.client-lists.akamai_clientlist_list.client-lists-geoblock-list",
            "module.client-lists.akamai_clientlist_list.client-lists-ipblock",
            "module.client-lists.akamai_clientlist_list.client-lists-ipblock-list-exceptions",
            "module.client-lists.akamai_clientlist_list.client-lists-pragmabypass-list",
            "module.client-lists.akamai_clientlist_list.client-lists-rcbypass-list",
            "module.client-lists.akamai_clientlist_list.client-lists-reputationbypass-list",
            "module.client-lists.akamai_clientlist_list.client-lists-securitybypass-list",
            "module.client-reputation.akamai_appsec_reputation_profile.scanning_tools_high_threat",
            "module.client-reputation.akamai_appsec_reputation_profile.scanning_tools_high_threat_shared",
            "module.client-reputation.akamai_appsec_reputation_protection.tfdemo",
            "module.client-reputation.time_sleep.wait_cr",
            "module.security.akamai_appsec_advanced_settings_attack_payload_logging.attack_payload_logging",
            "module.security.akamai_appsec_advanced_settings_evasive_path_match.evasive_path_match",
            "module.security.akamai_appsec_advanced_settings_logging.logging",
            "module.security.akamai_appsec_advanced_settings_pii_learning.pii_learning",
            "module.security.akamai_appsec_advanced_settings_pragma_header.pragma_header",
            "module.security.akamai_appsec_advanced_settings_prefetch.prefetch",
            "module.security.akamai_appsec_advanced_settings_request_body.config_settings",
            "module.security.akamai_appsec_api_constraints_protection.tfdemo",
            "module.security.akamai_appsec_attack_group.tfdemo_CMD",
            "module.security.akamai_appsec_attack_group.tfdemo_LFI",
            "module.security.akamai_appsec_attack_group.tfdemo_PLATFORM",
            "module.security.akamai_appsec_attack_group.tfdemo_POLICY",
            "module.security.akamai_appsec_attack_group.tfdemo_PROTOCOL",
            "module.security.akamai_appsec_attack_group.tfdemo_RFI",
            "module.security.akamai_appsec_attack_group.tfdemo_SQL",
            "module.security.akamai_appsec_attack_group.tfdemo_WAT",
            "module.security.akamai_appsec_attack_group.tfdemo_XSS",
            "module.security.akamai_appsec_configuration.config",
            "module.security.akamai_appsec_ip_geo.tfdemo",
            "module.security.akamai_appsec_ip_geo_protection.tfdemo",
            "module.security.akamai_appsec_malware_protection.tfdemo",
            "module.security.akamai_appsec_match_target.website_8232297",
            "module.security.akamai_appsec_penalty_box.tfdemo",
            "module.security.akamai_appsec_rate_policy.origin_error",
            "module.security.akamai_appsec_rate_policy.page_view_requests",
            "module.security.akamai_appsec_rate_policy.post_page_requests",
            "module.security.akamai_appsec_rate_policy_action.tfdemo_origin_error",
            "module.security.akamai_appsec_rate_policy_action.tfdemo_page_view_requests",
            "module.security.akamai_appsec_rate_policy_action.tfdemo_post_page_requests",
            "module.security.akamai_appsec_rate_protection.tfdemo",
            "module.security.akamai_appsec_security_policy.tfdemo",
            "module.security.akamai_appsec_slow_post.tfdemo",
            "module.security.akamai_appsec_slowpost_protection.tfdemo",
            "module.security.akamai_appsec_version_notes.version_notes",
            "module.security.akamai_appsec_waf_mode.tfdemo",
            "module.security.akamai_appsec_waf_protection.tfdemo",
            "module.security.data.akamai_group.group",
            "module.security.random_string.secret_header",
            "module.security.time_sleep.wait1",
            "module.security.time_sleep.wait2"
          ]
        }
      ]
    },
    {
      "module": "module.client-reputation[0]",
      "mode": "managed",
      "type": "akamai_appsec_reputation_profile_action",
      "name": "scanning_tools_low_threat",
      "provider": "provider[\"registry.terraform.io/akamai/akamai\"]",
      "instances": [
        {
          "schema_version": 0,
          "attributes": {
            "action": "alert",
            "config_id": 121010,
            "id": "121010:main_317032:11309175",
            "reputation_profile_id": 11309175,
            "security_policy_id": "main_317032"
          },
          "sensitive_attributes": [],
          "identity_schema_version": 0,
          "private": "bnVsbA==",
          "dependencies": [
            "data.akamai_contract.contract",
            "module.client-lists.akamai_clientlist_list.client-lists-geoblock-list",
            "module.client-lists.akamai_clientlist_list.client-lists-ipblock",
            "module.client-lists.akamai_clientlist_list.client-lists-ipblock-list-exceptions",
            "module.client-lists.akamai_clientlist_list.client-lists-pragmabypass-list",
            "module.client-lists.akamai_clientlist_list.client-lists-rcbypass-list",
            "module.client-lists.akamai_clientlist_list.client-lists-reputationbypass-list",
            "module.client-lists.akamai_clientlist_list.client-lists-securitybypass-list",
            "module.client-reputation.akamai_appsec_reputation_profile.scanning_tools_low_threat",
            "module.client-reputation.akamai_appsec_reputation_protection.tfdemo",
            "module.client-reputation.time_sleep.wait_cr",
            "module.security.akamai_appsec_advanced_settings_attack_payload_logging.attack_payload_logging",
            "module.security.akamai_appsec_advanced_settings_evasive_path_match.evasive_path_match",
            "module.security.akamai_appsec_advanced_settings_logging.logging",
            "module.security.akamai_appsec_advanced_settings_pii_learning.pii_learning",
            "module.security.akamai_appsec_advanced_settings_pragma_header.pragma_header",
            "module.security.akamai_appsec_advanced_settings_prefetch.prefetch",
            "module.security.akamai_appsec_advanced_settings_request_body.config_settings",
            "module.security.akamai_appsec_api_constraints_protection.tfdemo",
            "module.security.akamai_appsec_attack_group.tfdemo_CMD",
            "module.security.akamai_appsec_attack_group.tfdemo_LFI",
            "module.security.akamai_appsec_attack_group.tfdemo_PLATFORM",
            "module.security.akamai_appsec_attack_group.tfdemo_POLICY",
            "module.security.akamai_appsec_attack_group.tfdemo_PROTOCOL",
            "module.security.akamai_appsec_attack_group.tfdemo_RFI",
            "module.security.akamai_appsec_attack_group.tfdemo_SQL",
            "module.security.akamai_appsec_attack_group.tfdemo_WAT",
            "module.security.akamai_appsec_attack_group.tfdemo_XSS",
            "module.security.akamai_appsec_configuration.config",
            "module.security.akamai_appsec_ip_geo.tfdemo",
            "module.security.akamai_appsec_ip_geo_protection.tfdemo",
            "module.security.akamai_appsec_malware_protection.tfdemo",
            "module.security.akamai_appsec_match_target.website_8232297",
            "module.security.akamai_appsec_penalty_box.tfdemo",
            "module.security.akamai_appsec_rate_policy.origin_error",
            "module.security.akamai_appsec_rate_policy.page_view_requests",
            "module.security.akamai_appsec_rate_policy.post_page_requests",
            "module.security.akamai_appsec_rate_policy_action.tfdemo_origin_error",
            "module.security.akamai_appsec_rate_policy_action.tfdemo_page_view_requests",
            "module.security.akamai_appsec_rate_policy_action.tfdemo_post_page_requests",
            "module.security.akamai_appsec_rate_protection.tfdemo",
            "module.security.akamai_appsec_security_policy.tfdemo",
            "module.security.akamai_appsec_slow_post.tfdemo",
            "module.security.akamai_appsec_slowpost_protection.tfdemo",
            "module.security.akamai_appsec_version_notes.version_notes",
            "module.security.akamai_appsec_waf_mode.tfdemo",
            "module.security.akamai_appsec_waf_protection.tfdemo",
            "module.security.data.akamai_group.group",
            "module.security.random_string.secret_header",
            "module.security.time_sleep.wait1",
            "module.security.time_sleep.wait2"
          ]
        }
      ]
    },
    {
      "module": "module.client-reputation[0]",
      "mode": "managed",
      "type": "akamai_appsec_reputation_profile_action",
      "name": "scanning_tools_low_threat_shared",
      "provider": "provider[\"registry.terraform.io/akamai/akamai\"]",
      "instances": [
        {
          "schema_version": 0,
          "attributes": {
            "action": "alert",
            "config_id": 121010,
            "id": "121010:main_317032:11309191",
            "reputation_profile_id": 11309191,
            "security_policy_id": "main_317032"
          },
          "sensitive_attributes": [],
          "identity_schema_version": 0,
          "private": "bnVsbA==",
          "dependencies": [
            "data.akamai_contract.contract",
            "module.client-lists.akamai_clientlist_list.client-lists-geoblock-list",
            "module.client-lists.akamai_clientlist_list.client-lists-ipblock",
            "module.client-lists.akamai_clientlist_list.client-lists-ipblock-list-exceptions",
            "module.client-lists.akamai_clientlist_list.client-lists-pragmabypass-list",
            "module.client-lists.akamai_clientlist_list.client-lists-rcbypass-list",
            "module.client-lists.akamai_clientlist_list.client-lists-reputationbypass-list",
            "module.client-lists.akamai_clientlist_list.client-lists-securitybypass-list",
            "module.client-reputation.akamai_appsec_reputation_profile.scanning_tools_low_threat",
            "module.client-reputation.akamai_appsec_reputation_profile.scanning_tools_low_threat_shared",
            "module.client-reputation.akamai_appsec_reputation_protection.tfdemo",
            "module.client-reputation.time_sleep.wait_cr",
            "module.security.akamai_appsec_advanced_settings_attack_payload_logging.attack_payload_logging",
            "module.security.akamai_appsec_advanced_settings_evasive_path_match.evasive_path_match",
            "module.security.akamai_appsec_advanced_settings_logging.logging",
            "module.security.akamai_appsec_advanced_settings_pii_learning.pii_learning",
            "module.security.akamai_appsec_advanced_settings_pragma_header.pragma_header",
            "module.security.akamai_appsec_advanced_settings_prefetch.prefetch",
            "module.security.akamai_appsec_advanced_settings_request_body.config_settings",
            "module.security.akamai_appsec_api_constraints_protection.tfdemo",
            "module.security.akamai_appsec_attack_group.tfdemo_CMD",
            "module.security.akamai_appsec_attack_group.tfdemo_LFI",
            "module.security.akamai_appsec_attack_group.tfdemo_PLATFORM",
            "module.security.akamai_appsec_attack_group.tfdemo_POLICY",
            "module.security.akamai_appsec_attack_group.tfdemo_PROTOCOL",
            "module.security.akamai_appsec_attack_group.tfdemo_RFI",
            "module.security.akamai_appsec_attack_group.tfdemo_SQL",
            "module.security.akamai_appsec_attack_group.tfdemo_WAT",
            "module.security.akamai_appsec_attack_group.tfdemo_XSS",
            "module.security.akamai_appsec_configuration.config",
            "module.security.akamai_appsec_ip_geo.tfdemo",
            "module.security.akamai_appsec_ip_geo_protection.tfdemo",
            "module.security.akamai_appsec_malware_protection.tfdemo",
            "module.security.akamai_appsec_match_target.website_8232297",
            "module.security.akamai_appsec_penalty_box.tfdemo",
            "module.security.akamai_appsec_rate_policy.origin_error",
            "module.security.akamai_appsec_rate_policy.page_view_requests",
            "module.security.akamai_appsec_rate_policy.post_page_requests",
            "module.security.akamai_appsec_rate_policy_action.tfdemo_origin_error",
            "module.security.akamai_appsec_rate_policy_action.tfdemo_page_view_requests",
            "module.security.akamai_appsec_rate_policy_action.tfdemo_post_page_requests",
            "module.security.akamai_appsec_rate_protection.tfdemo",
            "module.security.akamai_appsec_security_policy.tfdemo",
            "module.security.akamai_appsec_slow_post.tfdemo",
            "module.security.akamai_appsec_slowpost_protection.tfdemo",
            "module.security.akamai_appsec_version_notes.version_notes",
            "module.security.akamai_appsec_waf_mode.tfdemo",
            "module.security.akamai_appsec_waf_protection.tfdemo",
            "module.security.data.akamai_group.group",
            "module.security.random_string.secret_header",
            "module.security.time_sleep.wait1",
            "module.security.time_sleep.wait2"
          ]
        }
      ]
    },
    {
      "module": "module.client-reputation[0]",
      "mode": "managed",
      "type": "akamai_appsec_reputation_profile_action",
      "name": "web_attackers_high_threat",
      "provider": "provider[\"registry.terraform.io/akamai/akamai\"]",
      "instances": [
        {
          "schema_version": 0,
          "attributes": {
            "action": "alert",
            "config_id": 121010,
            "id": "121010:main_317032:11309177",
            "reputation_profile_id": 11309177,
            "security_policy_id": "main_317032"
          },
          "sensitive_attributes": [],
          "identity_schema_version": 0,
          "private": "bnVsbA==",
          "dependencies": [
            "data.akamai_contract.contract",
            "module.client-lists.akamai_clientlist_list.client-lists-geoblock-list",
            "module.client-lists.akamai_clientlist_list.client-lists-ipblock",
            "module.client-lists.akamai_clientlist_list.client-lists-ipblock-list-exceptions",
            "module.client-lists.akamai_clientlist_list.client-lists-pragmabypass-list",
            "module.client-lists.akamai_clientlist_list.client-lists-rcbypass-list",
            "module.client-lists.akamai_clientlist_list.client-lists-reputationbypass-list",
            "module.client-lists.akamai_clientlist_list.client-lists-securitybypass-list",
            "module.client-reputation.akamai_appsec_reputation_profile.web_attackers_high_threat",
            "module.client-reputation.akamai_appsec_reputation_protection.tfdemo",
            "module.client-reputation.time_sleep.wait_cr",
            "module.security.akamai_appsec_advanced_settings_attack_payload_logging.attack_payload_logging",
            "module.security.akamai_appsec_advanced_settings_evasive_path_match.evasive_path_match",
            "module.security.akamai_appsec_advanced_settings_logging.logging",
            "module.security.akamai_appsec_advanced_settings_pii_learning.pii_learning",
            "module.security.akamai_appsec_advanced_settings_pragma_header.pragma_header",
            "module.security.akamai_appsec_advanced_settings_prefetch.prefetch",
            "module.security.akamai_appsec_advanced_settings_request_body.config_settings",
            "module.security.akamai_appsec_api_constraints_protection.tfdemo",
            "module.security.akamai_appsec_attack_group.tfdemo_CMD",
            "module.security.akamai_appsec_attack_group.tfdemo_LFI",
            "module.security.akamai_appsec_attack_group.tfdemo_PLATFORM",
            "module.security.akamai_appsec_attack_group.tfdemo_POLICY",
            "module.security.akamai_appsec_attack_group.tfdemo_PROTOCOL",
            "module.security.akamai_appsec_attack_group.tfdemo_RFI",
            "module.security.akamai_appsec_attack_group.tfdemo_SQL",
            "module.security.akamai_appsec_attack_group.tfdemo_WAT",
            "module.security.akamai_appsec_attack_group.tfdemo_XSS",
            "module.security.akamai_appsec_configuration.config",
            "module.security.akamai_appsec_ip_geo.tfdemo",
            "module.security.akamai_appsec_ip_geo_protection.tfdemo",
            "module.security.akamai_appsec_malware_protection.tfdemo",
            "module.security.akamai_appsec_match_target.website_8232297",
            "module.security.akamai_appsec_penalty_box.tfdemo",
            "module.security.akamai_appsec_rate_policy.origin_error",
            "module.security.akamai_appsec_rate_policy.page_view_requests",
            "module.security.akamai_appsec_rate_policy.post_page_requests",
            "module.security.akamai_appsec_rate_policy_action.tfdemo_origin_error",
            "module.security.akamai_appsec_rate_policy_action.tfdemo_page_view_requests",
            "module.security.akamai_appsec_rate_policy_action.tfdemo_post_page_requests",
            "module.security.akamai_appsec_rate_protection.tfdemo",
            "module.security.akamai_appsec_security_policy.tfdemo",
            "module.security.akamai_appsec_slow_post.tfdemo",
            "module.security.akamai_appsec_slowpost_protection.tfdemo",
            "module.security.akamai_appsec_version_notes.version_notes",
            "module.security.akamai_appsec_waf_mode.tfdemo",
            "module.security.akamai_appsec_waf_protection.tfdemo",
            "module.security.data.akamai_group.group",
            "module.security.random_string.secret_header",
            "module.security.time_sleep.wait1",
            "module.security.time_sleep.wait2"
          ]
        }
      ]
    },
    {
      "module": "module.client-reputation[0]",
      "mode": "managed",
      "type": "akamai_appsec_reputation_profile_action",
      "name": "web_attackers_high_threat_shared",
      "provider": "provider[\"registry.terraform.io/akamai/akamai\"]",
      "instances": [
        {
          "schema_version": 0,
          "attributes": {
            "action": "alert",
            "config_id": 121010,
            "id": "121010:main_317032:11309197",
            "reputation_profile_id": 11309197,
            "security_policy_id": "main_317032"
          },
          "sensitive_attributes": [],
          "identity_schema_version": 0,
          "private": "bnVsbA==",
          "dependencies": [
            "data.akamai_contract.contract",
            "module.client-lists.akamai_clientlist_list.client-lists-geoblock-list",
            "module.client-lists.akamai_clientlist_list.client-lists-ipblock",
            "module.client-lists.akamai_clientlist_list.client-lists-ipblock-list-exceptions",
            "module.client-lists.akamai_clientlist_list.client-lists-pragmabypass-list",
            "module.client-lists.akamai_clientlist_list.client-lists-rcbypass-list",
            "module.client-lists.akamai_clientlist_list.client-lists-reputationbypass-list",
            "module.client-lists.akamai_clientlist_list.client-lists-securitybypass-list",
            "module.client-reputation.akamai_appsec_reputation_profile.web_attackers_high_threat",
            "module.client-reputation.akamai_appsec_reputation_profile.web_attackers_high_threat_shared",
            "module.client-reputation.akamai_appsec_reputation_protection.tfdemo",
            "module.client-reputation.time_sleep.wait_cr",
            "module.security.akamai_appsec_advanced_settings_attack_payload_logging.attack_payload_logging",
            "module.security.akamai_appsec_advanced_settings_evasive_path_match.evasive_path_match",
            "module.security.akamai_appsec_advanced_settings_logging.logging",
            "module.security.akamai_appsec_advanced_settings_pii_learning.pii_learning",
            "module.security.akamai_appsec_advanced_settings_pragma_header.pragma_header",
            "module.security.akamai_appsec_advanced_settings_prefetch.prefetch",
            "module.security.akamai_appsec_advanced_settings_request_body.config_settings",
            "module.security.akamai_appsec_api_constraints_protection.tfdemo",
            "module.security.akamai_appsec_attack_group.tfdemo_CMD",
            "module.security.akamai_appsec_attack_group.tfdemo_LFI",
            "module.security.akamai_appsec_attack_group.tfdemo_PLATFORM",
            "module.security.akamai_appsec_attack_group.tfdemo_POLICY",
            "module.security.akamai_appsec_attack_group.tfdemo_PROTOCOL",
            "module.security.akamai_appsec_attack_group.tfdemo_RFI",
            "module.security.akamai_appsec_attack_group.tfdemo_SQL",
            "module.security.akamai_appsec_attack_group.tfdemo_WAT",
            "module.security.akamai_appsec_attack_group.tfdemo_XSS",
            "module.security.akamai_appsec_configuration.config",
            "module.security.akamai_appsec_ip_geo.tfdemo",
            "module.security.akamai_appsec_ip_geo_protection.tfdemo",
            "module.security.akamai_appsec_malware_protection.tfdemo",
            "module.security.akamai_appsec_match_target.website_8232297",
            "module.security.akamai_appsec_penalty_box.tfdemo",
            "module.security.akamai_appsec_rate_policy.origin_error",
            "module.security.akamai_appsec_rate_policy.page_view_requests",
            "module.security.akamai_appsec_rate_policy.post_page_requests",
            "module.security.akamai_appsec_rate_policy_action.tfdemo_origin_error",
            "module.security.akamai_appsec_rate_policy_action.tfdemo_page_view_requests",
            "module.security.akamai_appsec_rate_policy_action.tfdemo_post_page_requests",
            "module.security.akamai_appsec_rate_protection.tfdemo",
            "module.security.akamai_appsec_security_policy.tfdemo",
            "module.security.akamai_appsec_slow_post.tfdemo",
            "module.security.akamai_appsec_slowpost_protection.tfdemo",
            "module.security.akamai_appsec_version_notes.version_notes",
            "module.security.akamai_appsec_waf_mode.tfdemo",
            "module.security.akamai_appsec_waf_protection.tfdemo",
            "module.security.data.akamai_group.group",
            "module.security.random_string.secret_header",
            "module.security.time_sleep.wait1",
            "module.security.time_sleep.wait2"
          ]
        }
      ]
    },
    {
      "module": "module.client-reputation[0]",
      "mode": "managed",
      "type": "akamai_appsec_reputation_profile_action",
      "name": "web_attackers_low_threat",
      "provider": "provider[\"registry.terraform.io/akamai/akamai\"]",
      "instances": [
        {
          "schema_version": 0,
          "attributes": {
            "action": "alert",
            "config_id": 121010,
            "id": "121010:main_317032:11309185",
            "reputation_profile_id": 11309185,
            "security_policy_id": "main_317032"
          },
          "sensitive_attributes": [],
          "identity_schema_version": 0,
          "private": "bnVsbA==",
          "dependencies": [
            "data.akamai_contract.contract",
            "module.client-lists.akamai_clientlist_list.client-lists-geoblock-list",
            "module.client-lists.akamai_clientlist_list.client-lists-ipblock",
            "module.client-lists.akamai_clientlist_list.client-lists-ipblock-list-exceptions",
            "module.client-lists.akamai_clientlist_list.client-lists-pragmabypass-list",
            "module.client-lists.akamai_clientlist_list.client-lists-rcbypass-list",
            "module.client-lists.akamai_clientlist_list.client-lists-reputationbypass-list",
            "module.client-lists.akamai_clientlist_list.client-lists-securitybypass-list",
            "module.client-reputation.akamai_appsec_reputation_profile.web_attackers_low_threat",
            "module.client-reputation.akamai_appsec_reputation_protection.tfdemo",
            "module.client-reputation.time_sleep.wait_cr",
            "module.security.akamai_appsec_advanced_settings_attack_payload_logging.attack_payload_logging",
            "module.security.akamai_appsec_advanced_settings_evasive_path_match.evasive_path_match",
            "module.security.akamai_appsec_advanced_settings_logging.logging",
            "module.security.akamai_appsec_advanced_settings_pii_learning.pii_learning",
            "module.security.akamai_appsec_advanced_settings_pragma_header.pragma_header",
            "module.security.akamai_appsec_advanced_settings_prefetch.prefetch",
            "module.security.akamai_appsec_advanced_settings_request_body.config_settings",
            "module.security.akamai_appsec_api_constraints_protection.tfdemo",
            "module.security.akamai_appsec_attack_group.tfdemo_CMD",
            "module.security.akamai_appsec_attack_group.tfdemo_LFI",
            "module.security.akamai_appsec_attack_group.tfdemo_PLATFORM",
            "module.security.akamai_appsec_attack_group.tfdemo_POLICY",
            "module.security.akamai_appsec_attack_group.tfdemo_PROTOCOL",
            "module.security.akamai_appsec_attack_group.tfdemo_RFI",
            "module.security.akamai_appsec_attack_group.tfdemo_SQL",
            "module.security.akamai_appsec_attack_group.tfdemo_WAT",
            "module.security.akamai_appsec_attack_group.tfdemo_XSS",
            "module.security.akamai_appsec_configuration.config",
            "module.security.akamai_appsec_ip_geo.tfdemo",
            "module.security.akamai_appsec_ip_geo_protection.tfdemo",
            "module.security.akamai_appsec_malware_protection.tfdemo",
            "module.security.akamai_appsec_match_target.website_8232297",
            "module.security.akamai_appsec_penalty_box.tfdemo",
            "module.security.akamai_appsec_rate_policy.origin_error",
            "module.security.akamai_appsec_rate_policy.page_view_requests",
            "module.security.akamai_appsec_rate_policy.post_page_requests",
            "module.security.akamai_appsec_rate_policy_action.tfdemo_origin_error",
            "module.security.akamai_appsec_rate_policy_action.tfdemo_page_view_requests",
            "module.security.akamai_appsec_rate_policy_action.tfdemo_post_page_requests",
            "module.security.akamai_appsec_rate_protection.tfdemo",
            "module.security.akamai_appsec_security_policy.tfdemo",
            "module.security.akamai_appsec_slow_post.tfdemo",
            "module.security.akamai_appsec_slowpost_protection.tfdemo",
            "module.security.akamai_appsec_version_notes.version_notes",
            "module.security.akamai_appsec_waf_mode.tfdemo",
            "module.security.akamai_appsec_waf_protection.tfdemo",
            "module.security.data.akamai_group.group",
            "module.security.random_string.secret_header",
            "module.security.time_sleep.wait1",
            "module.security.time_sleep.wait2"
          ]
        }
      ]
    },
    {
      "module": "module.client-reputation[0]",
      "mode": "managed",
      "type": "akamai_appsec_reputation_profile_action",
      "name": "web_attackers_low_threat_shared",
      "provider": "provider[\"registry.terraform.io/akamai/akamai\"]",
      "instances": [
        {
          "schema_version": 0,
          "attributes": {
            "action": "alert",
            "config_id": 121010,
            "id": "121010:main_317032:11309199",
            "reputation_profile_id": 11309199,
            "security_policy_id": "main_317032"
          },
          "sensitive_attributes": [],
          "identity_schema_version": 0,
          "private": "bnVsbA==",
          "dependencies": [
            "data.akamai_contract.contract",
            "module.client-lists.akamai_clientlist_list.client-lists-geoblock-list",
            "module.client-lists.akamai_clientlist_list.client-lists-ipblock",
            "module.client-lists.akamai_clientlist_list.client-lists-ipblock-list-exceptions",
            "module.client-lists.akamai_clientlist_list.client-lists-pragmabypass-list",
            "module.client-lists.akamai_clientlist_list.client-lists-rcbypass-list",
            "module.client-lists.akamai_clientlist_list.client-lists-reputationbypass-list",
            "module.client-lists.akamai_clientlist_list.client-lists-securitybypass-list",
            "module.client-reputation.akamai_appsec_reputation_profile.web_attackers_low_threat",
            "module.client-reputation.akamai_appsec_reputation_profile.web_attackers_low_threat_shared",
            "module.client-reputation.akamai_appsec_reputation_protection.tfdemo",
            "module.client-reputation.time_sleep.wait_cr",
            "module.security.akamai_appsec_advanced_settings_attack_payload_logging.attack_payload_logging",
            "module.security.akamai_appsec_advanced_settings_evasive_path_match.evasive_path_match",
            "module.security.akamai_appsec_advanced_settings_logging.logging",
            "module.security.akamai_appsec_advanced_settings_pii_learning.pii_learning",
            "module.security.akamai_appsec_advanced_settings_pragma_header.pragma_header",
            "module.security.akamai_appsec_advanced_settings_prefetch.prefetch",
            "module.security.akamai_appsec_advanced_settings_request_body.config_settings",
            "module.security.akamai_appsec_api_constraints_protection.tfdemo",
            "module.security.akamai_appsec_attack_group.tfdemo_CMD",
            "module.security.akamai_appsec_attack_group.tfdemo_LFI",
            "module.security.akamai_appsec_attack_group.tfdemo_PLATFORM",
            "module.security.akamai_appsec_attack_group.tfdemo_POLICY",
            "module.security.akamai_appsec_attack_group.tfdemo_PROTOCOL",
            "module.security.akamai_appsec_attack_group.tfdemo_RFI",
            "module.security.akamai_appsec_attack_group.tfdemo_SQL",
            "module.security.akamai_appsec_attack_group.tfdemo_WAT",
            "module.security.akamai_appsec_attack_group.tfdemo_XSS",
            "module.security.akamai_appsec_configuration.config",
            "module.security.akamai_appsec_ip_geo.tfdemo",
            "module.security.akamai_appsec_ip_geo_protection.tfdemo",
            "module.security.akamai_appsec_malware_protection.tfdemo",
            "module.security.akamai_appsec_match_target.website_8232297",
            "module.security.akamai_appsec_penalty_box.tfdemo",
            "module.security.akamai_appsec_rate_policy.origin_error",
            "module.security.akamai_appsec_rate_policy.page_view_requests",
            "module.security.akamai_appsec_rate_policy.post_page_requests",
            "module.security.akamai_appsec_rate_policy_action.tfdemo_origin_error",
            "module.security.akamai_appsec_rate_policy_action.tfdemo_page_view_requests",
            "module.security.akamai_appsec_rate_policy_action.tfdemo_post_page_requests",
            "module.security.akamai_appsec_rate_protection.tfdemo",
            "module.security.akamai_appsec_security_policy.tfdemo",
            "module.security.akamai_appsec_slow_post.tfdemo",
            "module.security.akamai_appsec_slowpost_protection.tfdemo",
            "module.security.akamai_appsec_version_notes.version_notes",
            "module.security.akamai_appsec_waf_mode.tfdemo",
            "module.security.akamai_appsec_waf_protection.tfdemo",
            "module.security.data.akamai_group.group",
            "module.security.random_string.secret_header",
            "module.security.time_sleep.wait1",
            "module.security.time_sleep.wait2"
          ]
        }
      ]
    },
    {
      "module": "module.client-reputation[0]",
      "mode": "managed",
      "type": "akamai_appsec_reputation_profile_action",
      "name": "web_scrapers_high_threat",
      "provider": "provider[\"registry.terraform.io/akamai/akamai\"]",
      "instances": [
        {
          "schema_version": 0,
          "attributes": {
            "action": "alert",
            "config_id": 121010,
            "id": "121010:main_317032:11309171",
            "reputation_profile_id": 11309171,
            "security_policy_id": "main_317032"
          },
          "sensitive_attributes": [],
          "identity_schema_version": 0,
          "private": "bnVsbA==",
          "dependencies": [
            "data.akamai_contract.contract",
            "module.client-lists.akamai_clientlist_list.client-lists-geoblock-list",
            "module.client-lists.akamai_clientlist_list.client-lists-ipblock",
            "module.client-lists.akamai_clientlist_list.client-lists-ipblock-list-exceptions",
            "module.client-lists.akamai_clientlist_list.client-lists-pragmabypass-list",
            "module.client-lists.akamai_clientlist_list.client-lists-rcbypass-list",
            "module.client-lists.akamai_clientlist_list.client-lists-reputationbypass-list",
            "module.client-lists.akamai_clientlist_list.client-lists-securitybypass-list",
            "module.client-reputation.akamai_appsec_reputation_profile.web_scrapers_high_threat",
            "module.client-reputation.akamai_appsec_reputation_protection.tfdemo",
            "module.client-reputation.time_sleep.wait_cr",
            "module.security.akamai_appsec_advanced_settings_attack_payload_logging.attack_payload_logging",
            "module.security.akamai_appsec_advanced_settings_evasive_path_match.evasive_path_match",
            "module.security.akamai_appsec_advanced_settings_logging.logging",
            "module.security.akamai_appsec_advanced_settings_pii_learning.pii_learning",
            "module.security.akamai_appsec_advanced_settings_pragma_header.pragma_header",
            "module.security.akamai_appsec_advanced_settings_prefetch.prefetch",
            "module.security.akamai_appsec_advanced_settings_request_body.config_settings",
            "module.security.akamai_appsec_api_constraints_protection.tfdemo",
            "module.security.akamai_appsec_attack_group.tfdemo_CMD",
            "module.security.akamai_appsec_attack_group.tfdemo_LFI",
            "module.security.akamai_appsec_attack_group.tfdemo_PLATFORM",
            "module.security.akamai_appsec_attack_group.tfdemo_POLICY",
            "module.security.akamai_appsec_attack_group.tfdemo_PROTOCOL",
            "module.security.akamai_appsec_attack_group.tfdemo_RFI",
            "module.security.akamai_appsec_attack_group.tfdemo_SQL",
            "module.security.akamai_appsec_attack_group.tfdemo_WAT",
            "module.security.akamai_appsec_attack_group.tfdemo_XSS",
            "module.security.akamai_appsec_configuration.config",
            "module.security.akamai_appsec_ip_geo.tfdemo",
            "module.security.akamai_appsec_ip_geo_protection.tfdemo",
            "module.security.akamai_appsec_malware_protection.tfdemo",
            "module.security.akamai_appsec_match_target.website_8232297",
            "module.security.akamai_appsec_penalty_box.tfdemo",
            "module.security.akamai_appsec_rate_policy.origin_error",
            "module.security.akamai_appsec_rate_policy.page_view_requests",
            "module.security.akamai_appsec_rate_policy.post_page_requests",
            "module.security.akamai_appsec_rate_policy_action.tfdemo_origin_error",
            "module.security.akamai_appsec_rate_policy_action.tfdemo_page_view_requests",
            "module.security.akamai_appsec_rate_policy_action.tfdemo_post_page_requests",
            "module.security.akamai_appsec_rate_protection.tfdemo",
            "module.security.akamai_appsec_security_policy.tfdemo",
            "module.security.akamai_appsec_slow_post.tfdemo",
            "module.security.akamai_appsec_slowpost_protection.tfdemo",
            "module.security.akamai_appsec_version_notes.version_notes",
            "module.security.akamai_appsec_waf_mode.tfdemo",
            "module.security.akamai_appsec_waf_protection.tfdemo",
            "module.security.data.akamai_group.group",
            "module.security.random_string.secret_header",
            "module.security.time_sleep.wait1",
            "module.security.time_sleep.wait2"
          ]
        }
      ]
    },
    {
      "module": "module.client-reputation[0]",
      "mode": "managed",
      "type": "akamai_appsec_reputation_profile_action",
      "name": "web_scrapers_high_threat_shared",
      "provider": "provider[\"registry.terraform.io/akamai/akamai\"]",
      "instances": [
        {
          "schema_version": 0,
          "attributes": {
            "action": "alert",
            "config_id": 121010,
            "id": "121010:main_317032:11309187",
            "reputation_profile_id": 11309187,
            "security_policy_id": "main_317032"
          },
          "sensitive_attributes": [],
          "identity_schema_version": 0,
          "private": "bnVsbA==",
          "dependencies": [
            "data.akamai_contract.contract",
            "module.client-lists.akamai_clientlist_list.client-lists-geoblock-list",
            "module.client-lists.akamai_clientlist_list.client-lists-ipblock",
            "module.client-lists.akamai_clientlist_list.client-lists-ipblock-list-exceptions",
            "module.client-lists.akamai_clientlist_list.client-lists-pragmabypass-list",
            "module.client-lists.akamai_clientlist_list.client-lists-rcbypass-list",
            "module.client-lists.akamai_clientlist_list.client-lists-reputationbypass-list",
            "module.client-lists.akamai_clientlist_list.client-lists-securitybypass-list",
            "module.client-reputation.akamai_appsec_reputation_profile.web_scrapers_high_threat",
            "module.client-reputation.akamai_appsec_reputation_profile.web_scrapers_high_threat_shared",
            "module.client-reputation.akamai_appsec_reputation_protection.tfdemo",
            "module.client-reputation.time_sleep.wait_cr",
            "module.security.akamai_appsec_advanced_settings_attack_payload_logging.attack_payload_logging",
            "module.security.akamai_appsec_advanced_settings_evasive_path_match.evasive_path_match",
            "module.security.akamai_appsec_advanced_settings_logging.logging",
            "module.security.akamai_appsec_advanced_settings_pii_learning.pii_learning",
            "module.security.akamai_appsec_advanced_settings_pragma_header.pragma_header",
            "module.security.akamai_appsec_advanced_settings_prefetch.prefetch",
            "module.security.akamai_appsec_advanced_settings_request_body.config_settings",
            "module.security.akamai_appsec_api_constraints_protection.tfdemo",
            "module.security.akamai_appsec_attack_group.tfdemo_CMD",
            "module.security.akamai_appsec_attack_group.tfdemo_LFI",
            "module.security.akamai_appsec_attack_group.tfdemo_PLATFORM",
            "module.security.akamai_appsec_attack_group.tfdemo_POLICY",
            "module.security.akamai_appsec_attack_group.tfdemo_PROTOCOL",
            "module.security.akamai_appsec_attack_group.tfdemo_RFI",
            "module.security.akamai_appsec_attack_group.tfdemo_SQL",
            "module.security.akamai_appsec_attack_group.tfdemo_WAT",
            "module.security.akamai_appsec_attack_group.tfdemo_XSS",
            "module.security.akamai_appsec_configuration.config",
            "module.security.akamai_appsec_ip_geo.tfdemo",
            "module.security.akamai_appsec_ip_geo_protection.tfdemo",
            "module.security.akamai_appsec_malware_protection.tfdemo",
            "module.security.akamai_appsec_match_target.website_8232297",
            "module.security.akamai_appsec_penalty_box.tfdemo",
            "module.security.akamai_appsec_rate_policy.origin_error",
            "module.security.akamai_appsec_rate_policy.page_view_requests",
            "module.security.akamai_appsec_rate_policy.post_page_requests",
            "module.security.akamai_appsec_rate_policy_action.tfdemo_origin_error",
            "module.security.akamai_appsec_rate_policy_action.tfdemo_page_view_requests",
            "module.security.akamai_appsec_rate_policy_action.tfdemo_post_page_requests",
            "module.security.akamai_appsec_rate_protection.tfdemo",
            "module.security.akamai_appsec_security_policy.tfdemo",
            "module.security.akamai_appsec_slow_post.tfdemo",
            "module.security.akamai_appsec_slowpost_protection.tfdemo",
            "module.security.akamai_appsec_version_notes.version_notes",
            "module.security.akamai_appsec_waf_mode.tfdemo",
            "module.security.akamai_appsec_waf_protection.tfdemo",
            "module.security.data.akamai_group.group",
            "module.security.random_string.secret_header",
            "module.security.time_sleep.wait1",
            "module.security.time_sleep.wait2"
          ]
        }
      ]
    },
    {
      "module": "module.client-reputation[0]",
      "mode": "managed",
      "type": "akamai_appsec_reputation_profile_action",
      "name": "web_scrapers_low_threat",
      "provider": "provider[\"registry.terraform.io/akamai/akamai\"]",
      "instances": [
        {
          "schema_version": 0,
          "attributes": {
            "action": "alert",
            "config_id": 121010,
            "id": "121010:main_317032:11309173",
            "reputation_profile_id": 11309173,
            "security_policy_id": "main_317032"
          },
          "sensitive_attributes": [],
          "identity_schema_version": 0,
          "private": "bnVsbA==",
          "dependencies": [
            "data.akamai_contract.contract",
            "module.client-lists.akamai_clientlist_list.client-lists-geoblock-list",
            "module.client-lists.akamai_clientlist_list.client-lists-ipblock",
            "module.client-lists.akamai_clientlist_list.client-lists-ipblock-list-exceptions",
            "module.client-lists.akamai_clientlist_list.client-lists-pragmabypass-list",
            "module.client-lists.akamai_clientlist_list.client-lists-rcbypass-list",
            "module.client-lists.akamai_clientlist_list.client-lists-reputationbypass-list",
            "module.client-lists.akamai_clientlist_list.client-lists-securitybypass-list",
            "module.client-reputation.akamai_appsec_reputation_profile.web_scrapers_low_threat",
            "module.client-reputation.akamai_appsec_reputation_protection.tfdemo",
            "module.client-reputation.time_sleep.wait_cr",
            "module.security.akamai_appsec_advanced_settings_attack_payload_logging.attack_payload_logging",
            "module.security.akamai_appsec_advanced_settings_evasive_path_match.evasive_path_match",
            "module.security.akamai_appsec_advanced_settings_logging.logging",
            "module.security.akamai_appsec_advanced_settings_pii_learning.pii_learning",
            "module.security.akamai_appsec_advanced_settings_pragma_header.pragma_header",
            "module.security.akamai_appsec_advanced_settings_prefetch.prefetch",
            "module.security.akamai_appsec_advanced_settings_request_body.config_settings",
            "module.security.akamai_appsec_api_constraints_protection.tfdemo",
            "module.security.akamai_appsec_attack_group.tfdemo_CMD",
            "module.security.akamai_appsec_attack_group.tfdemo_LFI",
            "module.security.akamai_appsec_attack_group.tfdemo_PLATFORM",
            "module.security.akamai_appsec_attack_group.tfdemo_POLICY",
            "module.security.akamai_appsec_attack_group.tfdemo_PROTOCOL",
            "module.security.akamai_appsec_attack_group.tfdemo_RFI",
            "module.security.akamai_appsec_attack_group.tfdemo_SQL",
            "module.security.akamai_appsec_attack_group.tfdemo_WAT",
            "module.security.akamai_appsec_attack_group.tfdemo_XSS",
            "module.security.akamai_appsec_configuration.config",
            "module.security.akamai_appsec_ip_geo.tfdemo",
            "module.security.akamai_appsec_ip_geo_protection.tfdemo",
            "module.security.akamai_appsec_malware_protection.tfdemo",
            "module.security.akamai_appsec_match_target.website_8232297",
            "module.security.akamai_appsec_penalty_box.tfdemo",
            "module.security.akamai_appsec_rate_policy.origin_error",
            "module.security.akamai_appsec_rate_policy.page_view_requests",
            "module.security.akamai_appsec_rate_policy.post_page_requests",
            "module.security.akamai_appsec_rate_policy_action.tfdemo_origin_error",
            "module.security.akamai_appsec_rate_policy_action.tfdemo_page_view_requests",
            "module.security.akamai_appsec_rate_policy_action.tfdemo_post_page_requests",
            "module.security.akamai_appsec_rate_protection.tfdemo",
            "module.security.akamai_appsec_security_policy.tfdemo",
            "module.security.akamai_appsec_slow_post.tfdemo",
            "module.security.akamai_appsec_slowpost_protection.tfdemo",
            "module.security.akamai_appsec_version_notes.version_notes",
            "module.security.akamai_appsec_waf_mode.tfdemo",
            "module.security.akamai_appsec_waf_protection.tfdemo",
            "module.security.data.akamai_group.group",
            "module.security.random_string.secret_header",
            "module.security.time_sleep.wait1",
            "module.security.time_sleep.wait2"
          ]
        }
      ]
    },
    {
      "module": "module.client-reputation[0]",
      "mode": "managed",
      "type": "akamai_appsec_reputation_profile_action",
      "name": "web_scrapers_low_threat_shared",
      "provider": "provider[\"registry.terraform.io/akamai/akamai\"]",
      "instances": [
        {
          "schema_version": 0,
          "attributes": {
            "action": "alert",
            "config_id": 121010,
            "id": "121010:main_317032:11309189",
            "reputation_profile_id": 11309189,
            "security_policy_id": "main_317032"
          },
          "sensitive_attributes": [],
          "identity_schema_version": 0,
          "private": "bnVsbA==",
          "dependencies": [
            "data.akamai_contract.contract",
            "module.client-lists.akamai_clientlist_list.client-lists-geoblock-list",
            "module.client-lists.akamai_clientlist_list.client-lists-ipblock",
            "module.client-lists.akamai_clientlist_list.client-lists-ipblock-list-exceptions",
            "module.client-lists.akamai_clientlist_list.client-lists-pragmabypass-list",
            "module.client-lists.akamai_clientlist_list.client-lists-rcbypass-list",
            "module.client-lists.akamai_clientlist_list.client-lists-reputationbypass-list",
            "module.client-lists.akamai_clientlist_list.client-lists-securitybypass-list",
            "module.client-reputation.akamai_appsec_reputation_profile.web_scrapers_low_threat",
            "module.client-reputation.akamai_appsec_reputation_profile.web_scrapers_low_threat_shared",
            "module.client-reputation.akamai_appsec_reputation_protection.tfdemo",
            "module.client-reputation.time_sleep.wait_cr",
            "module.security.akamai_appsec_advanced_settings_attack_payload_logging.attack_payload_logging",
            "module.security.akamai_appsec_advanced_settings_evasive_path_match.evasive_path_match",
            "module.security.akamai_appsec_advanced_settings_logging.logging",
            "module.security.akamai_appsec_advanced_settings_pii_learning.pii_learning",
            "module.security.akamai_appsec_advanced_settings_pragma_header.pragma_header",
            "module.security.akamai_appsec_advanced_settings_prefetch.prefetch",
            "module.security.akamai_appsec_advanced_settings_request_body.config_settings",
            "module.security.akamai_appsec_api_constraints_protection.tfdemo",
            "module.security.akamai_appsec_attack_group.tfdemo_CMD",
            "module.security.akamai_appsec_attack_group.tfdemo_LFI",
            "module.security.akamai_appsec_attack_group.tfdemo_PLATFORM",
            "module.security.akamai_appsec_attack_group.tfdemo_POLICY",
            "module.security.akamai_appsec_attack_group.tfdemo_PROTOCOL",
            "module.security.akamai_appsec_attack_group.tfdemo_RFI",
            "module.security.akamai_appsec_attack_group.tfdemo_SQL",
            "module.security.akamai_appsec_attack_group.tfdemo_WAT",
            "module.security.akamai_appsec_attack_group.tfdemo_XSS",
            "module.security.akamai_appsec_configuration.config",
            "module.security.akamai_appsec_ip_geo.tfdemo",
            "module.security.akamai_appsec_ip_geo_protection.tfdemo",
            "module.security.akamai_appsec_malware_protection.tfdemo",
            "module.security.akamai_appsec_match_target.website_8232297",
            "module.security.akamai_appsec_penalty_box.tfdemo",
            "module.security.akamai_appsec_rate_policy.origin_error",
            "module.security.akamai_appsec_rate_policy.page_view_requests",
            "module.security.akamai_appsec_rate_policy.post_page_requests",
            "module.security.akamai_appsec_rate_policy_action.tfdemo_origin_error",
            "module.security.akamai_appsec_rate_policy_action.tfdemo_page_view_requests",
            "module.security.akamai_appsec_rate_policy_action.tfdemo_post_page_requests",
            "module.security.akamai_appsec_rate_protection.tfdemo",
            "module.security.akamai_appsec_security_policy.tfdemo",
            "module.security.akamai_appsec_slow_post.tfdemo",
            "module.security.akamai_appsec_slowpost_protection.tfdemo",
            "module.security.akamai_appsec_version_notes.version_notes",
            "module.security.akamai_appsec_waf_mode.tfdemo",
            "module.security.akamai_appsec_waf_protection.tfdemo",
            "module.security.data.akamai_group.group",
            "module.security.random_string.secret_header",
            "module.security.time_sleep.wait1",
            "module.security.time_sleep.wait2"
          ]
        }
      ]
    },
    {
      "module": "module.client-reputation[0]",
      "mode": "managed",
      "type": "akamai_appsec_reputation_protection",
      "name": "tfdemo",
      "provider": "provider[\"registry.terraform.io/akamai/akamai\"]",
      "instances": [
        {
          "schema_version": 0,
          "attributes": {
            "config_id": 121010,
            "enabled": true,
            "id": "121010:main_317032",
            "output_text": "\n+------------------------------------------------------------------------------------------------------------------------------------------------------------+\n| Security Policy Protections                                                                                                                                |\n+----------------+--------------------------+----------------+-----------------+----------------------+--------------+--------------------+------------------+\n| APICONSTRAINTS | APPLICATIONLAYERCONTROLS | BOTMANCONTROLS | MALWARECONTROLS | NETWORKLAYERCONTROLS | RATECONTROLS | REPUTATIONCONTROLS | SLOWPOSTCONTROLS |\n+----------------+--------------------------+----------------+-----------------+----------------------+--------------+--------------------+------------------+\n| true           | true                     | true           | false           | true                 | true         | true               | true             |\n+----------------+--------------------------+----------------+-----------------+----------------------+--------------+--------------------+------------------+\n",
            "security_policy_id": "main_317032"
          },
          "sensitive_attributes": [],
          "identity_schema_version": 0,
          "private": "bnVsbA==",
          "dependencies": [
            "data.akamai_contract.contract",
            "module.client-lists.akamai_clientlist_list.client-lists-geoblock-list",
            "module.client-lists.akamai_clientlist_list.client-lists-ipblock",
            "module.client-lists.akamai_clientlist_list.client-lists-ipblock-list-exceptions",
            "module.client-lists.akamai_clientlist_list.client-lists-pragmabypass-list",
            "module.client-lists.akamai_clientlist_list.client-lists-rcbypass-list",
            "module.client-lists.akamai_clientlist_list.client-lists-securitybypass-list",
            "module.security.akamai_appsec_advanced_settings_attack_payload_logging.attack_payload_logging",
            "module.security.akamai_appsec_advanced_settings_evasive_path_match.evasive_path_match",
            "module.security.akamai_appsec_advanced_settings_logging.logging",
            "module.security.akamai_appsec_advanced_settings_pii_learning.pii_learning",
            "module.security.akamai_appsec_advanced_settings_pragma_header.pragma_header",
            "module.security.akamai_appsec_advanced_settings_prefetch.prefetch",
            "module.security.akamai_appsec_advanced_settings_request_body.config_settings",
            "module.security.akamai_appsec_api_constraints_protection.tfdemo",
            "module.security.akamai_appsec_attack_group.tfdemo_CMD",
            "module.security.akamai_appsec_attack_group.tfdemo_LFI",
            "module.security.akamai_appsec_attack_group.tfdemo_PLATFORM",
            "module.security.akamai_appsec_attack_group.tfdemo_POLICY",
            "module.security.akamai_appsec_attack_group.tfdemo_PROTOCOL",
            "module.security.akamai_appsec_attack_group.tfdemo_RFI",
            "module.security.akamai_appsec_attack_group.tfdemo_SQL",
            "module.security.akamai_appsec_attack_group.tfdemo_WAT",
            "module.security.akamai_appsec_attack_group.tfdemo_XSS",
            "module.security.akamai_appsec_configuration.config",
            "module.security.akamai_appsec_ip_geo.tfdemo",
            "module.security.akamai_appsec_ip_geo_protection.tfdemo",
            "module.security.akamai_appsec_malware_protection.tfdemo",
            "module.security.akamai_appsec_match_target.website_8232297",
            "module.security.akamai_appsec_penalty_box.tfdemo",
            "module.security.akamai_appsec_rate_policy.origin_error",
            "module.security.akamai_appsec_rate_policy.page_view_requests",
            "module.security.akamai_appsec_rate_policy.post_page_requests",
            "module.security.akamai_appsec_rate_policy_action.tfdemo_origin_error",
            "module.security.akamai_appsec_rate_policy_action.tfdemo_page_view_requests",
            "module.security.akamai_appsec_rate_policy_action.tfdemo_post_page_requests",
            "module.security.akamai_appsec_rate_protection.tfdemo",
            "module.security.akamai_appsec_security_policy.tfdemo",
            "module.security.akamai_appsec_slow_post.tfdemo",
            "module.security.akamai_appsec_slowpost_protection.tfdemo",
            "module.security.akamai_appsec_version_notes.version_notes",
            "module.security.akamai_appsec_waf_mode.tfdemo",
            "module.security.akamai_appsec_waf_protection.tfdemo",
            "module.security.data.akamai_group.group",
            "module.security.random_string.secret_header",
            "module.security.time_sleep.wait1",
            "module.security.time_sleep.wait2"
          ]
        }
      ]
    },
    {
      "module": "module.client-reputation[0]",
      "mode": "managed",
      "type": "time_sleep",
      "name": "wait_cr",
      "provider": "provider[\"registry.terraform.io/hashicorp/time\"]",
      "instances": [
        {
          "schema_version": 0,
          "attributes": {
            "create_duration": "20s",
            "destroy_duration": null,
            "id": "2025-11-26T02:10:34Z",
            "triggers": null
          },
          "sensitive_attributes": [],
          "identity_schema_version": 0,
          "dependencies": [
            "data.akamai_contract.contract",
            "module.client-lists.akamai_clientlist_list.client-lists-geoblock-list",
            "module.client-lists.akamai_clientlist_list.client-lists-ipblock",
            "module.client-lists.akamai_clientlist_list.client-lists-ipblock-list-exceptions",
            "module.client-lists.akamai_clientlist_list.client-lists-pragmabypass-list",
            "module.client-lists.akamai_clientlist_list.client-lists-rcbypass-list",
            "module.client-lists.akamai_clientlist_list.client-lists-securitybypass-list",
            "module.client-reputation.akamai_appsec_reputation_protection.tfdemo",
            "module.security.akamai_appsec_advanced_settings_attack_payload_logging.attack_payload_logging",
            "module.security.akamai_appsec_advanced_settings_evasive_path_match.evasive_path_match",
            "module.security.akamai_appsec_advanced_settings_logging.logging",
            "module.security.akamai_appsec_advanced_settings_pii_learning.pii_learning",
            "module.security.akamai_appsec_advanced_settings_pragma_header.pragma_header",
            "module.security.akamai_appsec_advanced_settings_prefetch.prefetch",
            "module.security.akamai_appsec_advanced_settings_request_body.config_settings",
            "module.security.akamai_appsec_api_constraints_protection.tfdemo",
            "module.security.akamai_appsec_attack_group.tfdemo_CMD",
            "module.security.akamai_appsec_attack_group.tfdemo_LFI",
            "module.security.akamai_appsec_attack_group.tfdemo_PLATFORM",
            "module.security.akamai_appsec_attack_group.tfdemo_POLICY",
            "module.security.akamai_appsec_attack_group.tfdemo_PROTOCOL",
            "module.security.akamai_appsec_attack_group.tfdemo_RFI",
            "module.security.akamai_appsec_attack_group.tfdemo_SQL",
            "module.security.akamai_appsec_attack_group.tfdemo_WAT",
            "module.security.akamai_appsec_attack_group.tfdemo_XSS",
            "module.security.akamai_appsec_configuration.config",
            "module.security.akamai_appsec_ip_geo.tfdemo",
            "module.security.akamai_appsec_ip_geo_protection.tfdemo",
            "module.security.akamai_appsec_malware_protection.tfdemo",
            "module.security.akamai_appsec_match_target.website_8232297",
            "module.security.akamai_appsec_penalty_box.tfdemo",
            "module.security.akamai_appsec_rate_policy.origin_error",
            "module.security.akamai_appsec_rate_policy.page_view_requests",
            "module.security.akamai_appsec_rate_policy.post_page_requests",
            "module.security.akamai_appsec_rate_policy_action.tfdemo_origin_error",
            "module.security.akamai_appsec_rate_policy_action.tfdemo_page_view_requests",
            "module.security.akamai_appsec_rate_policy_action.tfdemo_post_page_requests",
            "module.security.akamai_appsec_rate_protection.tfdemo",
            "module.security.akamai_appsec_security_policy.tfdemo",
            "module.security.akamai_appsec_slow_post.tfdemo",
            "module.security.akamai_appsec_slowpost_protection.tfdemo",
            "module.security.akamai_appsec_version_notes.version_notes",
            "module.security.akamai_appsec_waf_mode.tfdemo",
            "module.security.akamai_appsec_waf_protection.tfdemo",
            "module.security.data.akamai_group.group",
            "module.security.random_string.secret_header",
            "module.security.time_sleep.wait1",
            "module.security.time_sleep.wait2"
          ]
        }
      ]
    },
    {
      "module": "module.security",
      "mode": "data",
      "type": "akamai_group",
      "name": "group",
      "provider": "provider[\"registry.terraform.io/akamai/akamai\"]",
      "instances": [
        {
          "schema_version": 0,
          "attributes": {
            "contract_id": "V-601G66E",
            "group_name": "SBAB Bank AB-V-601G66E",
            "id": "grp_303910"
          },
          "sensitive_attributes": [],
          "identity_schema_version": 0
        }
      ]
    },
    {
      "module": "module.security",
      "mode": "managed",
      "type": "akamai_appsec_advanced_settings_attack_payload_logging",
      "name": "attack_payload_logging",
      "provider": "provider[\"registry.terraform.io/akamai/akamai\"]",
      "instances": [
        {
          "schema_version": 0,
          "attributes": {
            "attack_payload_logging": "{\"override\":false,\"enabled\":true,\"requestBody\":{\"type\":\"ATTACK_PAYLOAD\"},\"responseBody\":{\"type\":\"ATTACK_PAYLOAD\"}}",
            "config_id": 121010,
            "id": "121010:",
            "security_policy_id": ""
          },
          "sensitive_attributes": [],
          "identity_schema_version": 0,
          "private": "bnVsbA==",
          "dependencies": [
            "data.akamai_contract.contract",
            "module.security.akamai_appsec_configuration.config",
            "module.security.data.akamai_group.group"
          ]
        }
      ]
    },
    {
      "module": "module.security",
      "mode": "managed",
      "type": "akamai_appsec_advanced_settings_evasive_path_match",
      "name": "evasive_path_match",
      "provider": "provider[\"registry.terraform.io/akamai/akamai\"]",
      "instances": [
        {
          "schema_version": 0,
          "attributes": {
            "config_id": 121010,
            "enable_path_match": true,
            "id": "121010",
            "security_policy_id": ""
          },
          "sensitive_attributes": [],
          "identity_schema_version": 0,
          "private": "bnVsbA==",
          "dependencies": [
            "data.akamai_contract.contract",
            "module.security.akamai_appsec_configuration.config",
            "module.security.data.akamai_group.group"
          ]
        }
      ]
    },
    {
      "module": "module.security",
      "mode": "managed",
      "type": "akamai_appsec_advanced_settings_logging",
      "name": "logging",
      "provider": "provider[\"registry.terraform.io/akamai/akamai\"]",
      "instances": [
        {
          "schema_version": 0,
          "attributes": {
            "config_id": 121010,
            "id": "121010",
            "logging": "{\"allowSampling\":true,\"cookies\":{\"type\":\"all\"},\"customHeaders\":{\"type\":\"all\"},\"standardHeaders\":{\"type\":\"all\"}}",
            "security_policy_id": ""
          },
          "sensitive_attributes": [],
          "identity_schema_version": 0,
          "private": "bnVsbA==",
          "dependencies": [
            "data.akamai_contract.contract",
            "module.security.akamai_appsec_configuration.config",
            "module.security.data.akamai_group.group"
          ]
        }
      ]
    },
    {
      "module": "module.security",
      "mode": "managed",
      "type": "akamai_appsec_advanced_settings_pii_learning",
      "name": "pii_learning",
      "provider": "provider[\"registry.terraform.io/akamai/akamai\"]",
      "instances": [
        {
          "schema_version": 0,
          "attributes": {
            "config_id": 121010,
            "enable_pii_learning": false,
            "id": "121010"
          },
          "sensitive_attributes": [],
          "identity_schema_version": 0,
          "private": "bnVsbA==",
          "dependencies": [
            "data.akamai_contract.contract",
            "module.security.akamai_appsec_configuration.config",
            "module.security.data.akamai_group.group"
          ]
        }
      ]
    },
    {
      "module": "module.security",
      "mode": "managed",
      "type": "akamai_appsec_advanced_settings_pragma_header",
      "name": "pragma_header",
      "provider": "provider[\"registry.terraform.io/akamai/akamai\"]",
      "instances": [
        {
          "schema_version": 0,
          "attributes": {
            "config_id": 121010,
            "id": "121010",
            "pragma_header": "{\"action\":\"REMOVE\",\"conditionOperator\":\"OR\",\"excludeCondition\":[{\"type\":\"requestHeaderValueMatch\",\"positiveMatch\":true,\"header\":\"X-Akamai-Debug-Pragma\",\"value\":[\"ELNG2Re0j-RmnLBdOGQi\"],\"name\":\"\",\"valueCase\":false,\"valueWildcard\":false,\"useHeaders\":false},{\"type\":\"networkList\",\"positiveMatch\":true,\"header\":\"\",\"value\":[\"260001_WAFSECURITYFILEPRAGMABY\"],\"name\":\"\",\"valueCase\":false,\"valueWildcard\":false,\"useHeaders\":false}]}",
            "security_policy_id": ""
          },
          "sensitive_attributes": [],
          "identity_schema_version": 0,
          "private": "bnVsbA==",
          "dependencies": [
            "data.akamai_contract.contract",
            "module.client-lists.akamai_clientlist_list.client-lists-pragmabypass-list",
            "module.security.akamai_appsec_configuration.config",
            "module.security.data.akamai_group.group",
            "module.security.random_string.secret_header"
          ]
        }
      ]
    },
    {
      "module": "module.security",
      "mode": "managed",
      "type": "akamai_appsec_advanced_settings_prefetch",
      "name": "prefetch",
      "provider": "provider[\"registry.terraform.io/akamai/akamai\"]",
      "instances": [
        {
          "schema_version": 0,
          "attributes": {
            "all_extensions": false,
            "config_id": 121010,
            "enable_app_layer": true,
            "enable_rate_controls": false,
            "extensions": [
              "EMPTY_STRING",
              "asp",
              "aspx",
              "cgi",
              "jsp",
              "php",
              "py"
            ],
            "id": "121010"
          },
          "sensitive_attributes": [],
          "identity_schema_version": 0,
          "private": "bnVsbA==",
          "dependencies": [
            "data.akamai_contract.contract",
            "module.security.akamai_appsec_configuration.config",
            "module.security.data.akamai_group.group"
          ]
        }
      ]
    },
    {
      "module": "module.security",
      "mode": "managed",
      "type": "akamai_appsec_advanced_settings_request_body",
      "name": "config_settings",
      "provider": "provider[\"registry.terraform.io/akamai/akamai\"]",
      "instances": [
        {
          "schema_version": 0,
          "attributes": {
            "config_id": 121010,
            "id": "121010:",
            "request_body_inspection_limit": "32",
            "request_body_inspection_limit_override": true,
            "security_policy_id": ""
          },
          "sensitive_attributes": [],
          "identity_schema_version": 0,
          "private": "bnVsbA==",
          "dependencies": [
            "data.akamai_contract.contract",
            "module.security.akamai_appsec_configuration.config",
            "module.security.data.akamai_group.group"
          ]
        }
      ]
    },
    {
      "module": "module.security",
      "mode": "managed",
      "type": "akamai_appsec_api_constraints_protection",
      "name": "tfdemo",
      "provider": "provider[\"registry.terraform.io/akamai/akamai\"]",
      "instances": [
        {
          "schema_version": 0,
          "attributes": {
            "config_id": 121010,
            "enabled": true,
            "id": "121010:main_317032",
            "output_text": "\n+------------------------------------------------------------------------------------------------------------------------------------------------------------+\n| Security Policy Protections                                                                                                                                |\n+----------------+--------------------------+----------------+-----------------+----------------------+--------------+--------------------+------------------+\n| APICONSTRAINTS | APPLICATIONLAYERCONTROLS | BOTMANCONTROLS | MALWARECONTROLS | NETWORKLAYERCONTROLS | RATECONTROLS | REPUTATIONCONTROLS | SLOWPOSTCONTROLS |\n+----------------+--------------------------+----------------+-----------------+----------------------+--------------+--------------------+------------------+\n| true           | true                     | false          | false           | true                 | true         | true               | true             |\n+----------------+--------------------------+----------------+-----------------+----------------------+--------------+--------------------+------------------+\n",
            "security_policy_id": "main_317032"
          },
          "sensitive_attributes": [],
          "identity_schema_version": 0,
          "private": "bnVsbA==",
          "dependencies": [
            "data.akamai_contract.contract",
            "module.security.akamai_appsec_configuration.config",
            "module.security.akamai_appsec_security_policy.tfdemo",
            "module.security.data.akamai_group.group"
          ]
        }
      ]
    },
    {
      "module": "module.security",
      "mode": "managed",
      "type": "akamai_appsec_attack_group",
      "name": "tfdemo_CMD",
      "provider": "provider[\"registry.terraform.io/akamai/akamai\"]",
      "instances": [
        {
          "schema_version": 0,
          "attributes": {
            "attack_group": "CMD",
            "attack_group_action": "alert",
            "condition_exception": null,
            "config_id": 121010,
            "id": "121010:main_317032:CMD",
            "security_policy_id": "main_317032"
          },
          "sensitive_attributes": [],
          "identity_schema_version": 0,
          "private": "bnVsbA==",
          "dependencies": [
            "data.akamai_contract.contract",
            "module.security.akamai_appsec_configuration.config",
            "module.security.akamai_appsec_security_policy.tfdemo",
            "module.security.akamai_appsec_waf_protection.tfdemo",
            "module.security.data.akamai_group.group"
          ]
        }
      ]
    },
    {
      "module": "module.security",
      "mode": "managed",
      "type": "akamai_appsec_attack_group",
      "name": "tfdemo_LFI",
      "provider": "provider[\"registry.terraform.io/akamai/akamai\"]",
      "instances": [
        {
          "schema_version": 0,
          "attributes": {
            "attack_group": "LFI",
            "attack_group_action": "alert",
            "condition_exception": null,
            "config_id": 121010,
            "id": "121010:main_317032:LFI",
            "security_policy_id": "main_317032"
          },
          "sensitive_attributes": [],
          "identity_schema_version": 0,
          "private": "bnVsbA==",
          "dependencies": [
            "data.akamai_contract.contract",
            "module.security.akamai_appsec_configuration.config",
            "module.security.akamai_appsec_security_policy.tfdemo",
            "module.security.akamai_appsec_waf_protection.tfdemo",
            "module.security.data.akamai_group.group"
          ]
        }
      ]
    },
    {
      "module": "module.security",
      "mode": "managed",
      "type": "akamai_appsec_attack_group",
      "name": "tfdemo_PLATFORM",
      "provider": "provider[\"registry.terraform.io/akamai/akamai\"]",
      "instances": [
        {
          "schema_version": 0,
          "attributes": {
            "attack_group": "PLATFORM",
            "attack_group_action": "alert",
            "condition_exception": null,
            "config_id": 121010,
            "id": "121010:main_317032:PLATFORM",
            "security_policy_id": "main_317032"
          },
          "sensitive_attributes": [],
          "identity_schema_version": 0,
          "private": "bnVsbA==",
          "dependencies": [
            "data.akamai_contract.contract",
            "module.security.akamai_appsec_configuration.config",
            "module.security.akamai_appsec_security_policy.tfdemo",
            "module.security.akamai_appsec_waf_protection.tfdemo",
            "module.security.data.akamai_group.group"
          ]
        }
      ]
    },
    {
      "module": "module.security",
      "mode": "managed",
      "type": "akamai_appsec_attack_group",
      "name": "tfdemo_POLICY",
      "provider": "provider[\"registry.terraform.io/akamai/akamai\"]",
      "instances": [
        {
          "schema_version": 0,
          "attributes": {
            "attack_group": "POLICY",
            "attack_group_action": "alert",
            "condition_exception": null,
            "config_id": 121010,
            "id": "121010:main_317032:POLICY",
            "security_policy_id": "main_317032"
          },
          "sensitive_attributes": [],
          "identity_schema_version": 0,
          "private": "bnVsbA==",
          "dependencies": [
            "data.akamai_contract.contract",
            "module.security.akamai_appsec_configuration.config",
            "module.security.akamai_appsec_security_policy.tfdemo",
            "module.security.akamai_appsec_waf_protection.tfdemo",
            "module.security.data.akamai_group.group"
          ]
        }
      ]
    },
    {
      "module": "module.security",
      "mode": "managed",
      "type": "akamai_appsec_attack_group",
      "name": "tfdemo_PROTOCOL",
      "provider": "provider[\"registry.terraform.io/akamai/akamai\"]",
      "instances": [
        {
          "schema_version": 0,
          "attributes": {
            "attack_group": "PROTOCOL",
            "attack_group_action": "alert",
            "condition_exception": null,
            "config_id": 121010,
            "id": "121010:main_317032:PROTOCOL",
            "security_policy_id": "main_317032"
          },
          "sensitive_attributes": [],
          "identity_schema_version": 0,
          "private": "bnVsbA==",
          "dependencies": [
            "data.akamai_contract.contract",
            "module.security.akamai_appsec_configuration.config",
            "module.security.akamai_appsec_security_policy.tfdemo",
            "module.security.akamai_appsec_waf_protection.tfdemo",
            "module.security.data.akamai_group.group"
          ]
        }
      ]
    },
    {
      "module": "module.security",
      "mode": "managed",
      "type": "akamai_appsec_attack_group",
      "name": "tfdemo_RFI",
      "provider": "provider[\"registry.terraform.io/akamai/akamai\"]",
      "instances": [
        {
          "schema_version": 0,
          "attributes": {
            "attack_group": "RFI",
            "attack_group_action": "alert",
            "condition_exception": null,
            "config_id": 121010,
            "id": "121010:main_317032:RFI",
            "security_policy_id": "main_317032"
          },
          "sensitive_attributes": [],
          "identity_schema_version": 0,
          "private": "bnVsbA==",
          "dependencies": [
            "data.akamai_contract.contract",
            "module.security.akamai_appsec_configuration.config",
            "module.security.akamai_appsec_security_policy.tfdemo",
            "module.security.akamai_appsec_waf_protection.tfdemo",
            "module.security.data.akamai_group.group"
          ]
        }
      ]
    },
    {
      "module": "module.security",
      "mode": "managed",
      "type": "akamai_appsec_attack_group",
      "name": "tfdemo_SQL",
      "provider": "provider[\"registry.terraform.io/akamai/akamai\"]",
      "instances": [
        {
          "schema_version": 0,
          "attributes": {
            "attack_group": "SQL",
            "attack_group_action": "alert",
            "condition_exception": null,
            "config_id": 121010,
            "id": "121010:main_317032:SQL",
            "security_policy_id": "main_317032"
          },
          "sensitive_attributes": [],
          "identity_schema_version": 0,
          "private": "bnVsbA==",
          "dependencies": [
            "data.akamai_contract.contract",
            "module.security.akamai_appsec_configuration.config",
            "module.security.akamai_appsec_security_policy.tfdemo",
            "module.security.akamai_appsec_waf_protection.tfdemo",
            "module.security.data.akamai_group.group"
          ]
        }
      ]
    },
    {
      "module": "module.security",
      "mode": "managed",
      "type": "akamai_appsec_attack_group",
      "name": "tfdemo_WAT",
      "provider": "provider[\"registry.terraform.io/akamai/akamai\"]",
      "instances": [
        {
          "schema_version": 0,
          "attributes": {
            "attack_group": "WAT",
            "attack_group_action": "alert",
            "condition_exception": null,
            "config_id": 121010,
            "id": "121010:main_317032:WAT",
            "security_policy_id": "main_317032"
          },
          "sensitive_attributes": [],
          "identity_schema_version": 0,
          "private": "bnVsbA==",
          "dependencies": [
            "data.akamai_contract.contract",
            "module.security.akamai_appsec_configuration.config",
            "module.security.akamai_appsec_security_policy.tfdemo",
            "module.security.akamai_appsec_waf_protection.tfdemo",
            "module.security.data.akamai_group.group"
          ]
        }
      ]
    },
    {
      "module": "module.security",
      "mode": "managed",
      "type": "akamai_appsec_attack_group",
      "name": "tfdemo_XSS",
      "provider": "provider[\"registry.terraform.io/akamai/akamai\"]",
      "instances": [
        {
          "schema_version": 0,
          "attributes": {
            "attack_group": "XSS",
            "attack_group_action": "alert",
            "condition_exception": null,
            "config_id": 121010,
            "id": "121010:main_317032:XSS",
            "security_policy_id": "main_317032"
          },
          "sensitive_attributes": [],
          "identity_schema_version": 0,
          "private": "bnVsbA==",
          "dependencies": [
            "data.akamai_contract.contract",
            "module.security.akamai_appsec_configuration.config",
            "module.security.akamai_appsec_security_policy.tfdemo",
            "module.security.akamai_appsec_waf_protection.tfdemo",
            "module.security.data.akamai_group.group"
          ]
        }
      ]
    },
    {
      "module": "module.security",
      "mode": "managed",
      "type": "akamai_appsec_configuration",
      "name": "config",
      "provider": "provider[\"registry.terraform.io/akamai/akamai\"]",
      "instances": [
        {
          "schema_version": 0,
          "attributes": {
            "config_id": 121010,
            "contract_id": "V-601G66E",
            "create_from_config_id": null,
            "create_from_version": null,
            "description": "AAP+ASM Integration",
            "group_id": 303910,
            "host_names": [
              "developer.sbab.se",
              "sbab.se",
              "secure.sbab.se",
              "www.sbab.se"
            ],
            "id": "121010",
            "name": "Security Configuration"
          },
          "sensitive_attributes": [],
          "identity_schema_version": 0,
          "private": "bnVsbA==",
          "dependencies": [
            "data.akamai_contract.contract",
            "module.security.data.akamai_group.group"
          ]
        }
      ]
    },
    {
      "module": "module.security",
      "mode": "managed",
      "type": "akamai_appsec_ip_geo",
      "name": "tfdemo",
      "provider": "provider[\"registry.terraform.io/akamai/akamai\"]",
      "instances": [
        {
          "schema_version": 0,
          "attributes": {
            "asn_network_lists": null,
            "config_id": 121010,
            "exception_ip_network_lists": [
              "259999_WAFSECURITYFILEIPBLOCK"
            ],
            "geo_network_lists": [
              "260002_WAFSECURITYFILEGEOBLOCK"
            ],
            "id": "121010:main_317032",
            "ip_network_lists": [
              "260003_WAFSECURITYFILEIPBLOCK"
            ],
            "mode": "block",
            "security_policy_id": "main_317032",
            "ukraine_geo_control_action": "none"
          },
          "sensitive_attributes": [],
          "identity_schema_version": 0,
          "private": "bnVsbA==",
          "dependencies": [
            "data.akamai_contract.contract",
            "module.client-lists.akamai_clientlist_list.client-lists-geoblock-list",
            "module.client-lists.akamai_clientlist_list.client-lists-ipblock",
            "module.client-lists.akamai_clientlist_list.client-lists-ipblock-list-exceptions",
            "module.security.akamai_appsec_configuration.config",
            "module.security.akamai_appsec_ip_geo_protection.tfdemo",
            "module.security.akamai_appsec_security_policy.tfdemo",
            "module.security.data.akamai_group.group"
          ]
        }
      ]
    },
    {
      "module": "module.security",
      "mode": "managed",
      "type": "akamai_appsec_ip_geo_protection",
      "name": "tfdemo",
      "provider": "provider[\"registry.terraform.io/akamai/akamai\"]",
      "instances": [
        {
          "schema_version": 0,
          "attributes": {
            "config_id": 121010,
            "enabled": true,
            "id": "121010:main_317032",
            "output_text": "\n+------------------------------------------------------------------------------------------------------------------------------------------------------------+\n| Security Policy Protections                                                                                                                                |\n+----------------+--------------------------+----------------+-----------------+----------------------+--------------+--------------------+------------------+\n| APICONSTRAINTS | APPLICATIONLAYERCONTROLS | BOTMANCONTROLS | MALWARECONTROLS | NETWORKLAYERCONTROLS | RATECONTROLS | REPUTATIONCONTROLS | SLOWPOSTCONTROLS |\n+----------------+--------------------------+----------------+-----------------+----------------------+--------------+--------------------+------------------+\n| true           | true                     | false          | false           | true                 | true         | true               | true             |\n+----------------+--------------------------+----------------+-----------------+----------------------+--------------+--------------------+------------------+\n",
            "security_policy_id": "main_317032"
          },
          "sensitive_attributes": [],
          "identity_schema_version": 0,
          "private": "bnVsbA==",
          "dependencies": [
            "data.akamai_contract.contract",
            "module.security.akamai_appsec_configuration.config",
            "module.security.akamai_appsec_security_policy.tfdemo",
            "module.security.data.akamai_group.group"
          ]
        }
      ]
    },
    {
      "module": "module.security",
      "mode": "managed",
      "type": "akamai_appsec_malware_protection",
      "name": "tfdemo",
      "provider": "provider[\"registry.terraform.io/akamai/akamai\"]",
      "instances": [
        {
          "schema_version": 0,
          "attributes": {
            "config_id": 121010,
            "enabled": false,
            "id": "121010:main_317032",
            "output_text": "\n+------------------------------------------------------------------------------------------------------------------------------------------------------------+\n| Security Policy Protections                                                                                                                                |\n+----------------+--------------------------+----------------+-----------------+----------------------+--------------+--------------------+------------------+\n| APICONSTRAINTS | APPLICATIONLAYERCONTROLS | BOTMANCONTROLS | MALWARECONTROLS | NETWORKLAYERCONTROLS | RATECONTROLS | REPUTATIONCONTROLS | SLOWPOSTCONTROLS |\n+----------------+--------------------------+----------------+-----------------+----------------------+--------------+--------------------+------------------+\n| true           | true                     | false          | false           | true                 | true         | true               | true             |\n+----------------+--------------------------+----------------+-----------------+----------------------+--------------+--------------------+------------------+\n",
            "security_policy_id": "main_317032"
          },
          "sensitive_attributes": [],
          "identity_schema_version": 0,
          "private": "bnVsbA==",
          "dependencies": [
            "data.akamai_contract.contract",
            "module.security.akamai_appsec_configuration.config",
            "module.security.akamai_appsec_security_policy.tfdemo",
            "module.security.data.akamai_group.group"
          ]
        }
      ]
    },
    {
      "module": "module.security",
      "mode": "managed",
      "type": "akamai_appsec_match_target",
      "name": "website_8232297",
      "provider": "provider[\"registry.terraform.io/akamai/akamai\"]",
      "instances": [
        {
          "schema_version": 0,
          "attributes": {
            "config_id": 121010,
            "id": "121010:11360049",
            "match_target": "{\"type\":\"website\",\"defaultFile\":\"NO_MATCH\",\"hostnames\":[\"developer.sbab.se\",\"sbab.se\",\"www.sbab.se\",\"secure.sbab.se\"],\"isNegativePathMatch\":false,\"filePaths\":[\"/*\"],\"securityPolicy\":{\"policyId\":\"main_317032\"},\"targetId\":11360049,\"bypassNetworkLists\":[{\"name\":\"Security Configurati-Security Bypass List\",\"id\":\"260000_WAFSECURITYFILESECURITY\"}]}",
            "match_target_id": 11360049
          },
          "sensitive_attributes": [],
          "identity_schema_version": 0,
          "private": "bnVsbA==",
          "dependencies": [
            "data.akamai_contract.contract",
            "module.client-lists.akamai_clientlist_list.client-lists-securitybypass-list",
            "module.security.akamai_appsec_configuration.config",
            "module.security.akamai_appsec_security_policy.tfdemo",
            "module.security.data.akamai_group.group"
          ]
        }
      ]
    },
    {
      "module": "module.security",
      "mode": "managed",
      "type": "akamai_appsec_penalty_box",
      "name": "tfdemo",
      "provider": "provider[\"registry.terraform.io/akamai/akamai\"]",
      "instances": [
        {
          "schema_version": 0,
          "attributes": {
            "config_id": 121010,
            "id": "121010:main_317032",
            "penalty_box_action": "alert",
            "penalty_box_protection": true,
            "security_policy_id": "main_317032"
          },
          "sensitive_attributes": [],
          "identity_schema_version": 0,
          "private": "bnVsbA==",
          "dependencies": [
            "data.akamai_contract.contract",
            "module.security.akamai_appsec_configuration.config",
            "module.security.akamai_appsec_security_policy.tfdemo",
            "module.security.data.akamai_group.group"
          ]
        }
      ]
    },
    {
      "module": "module.security",
      "mode": "managed",
      "type": "akamai_appsec_rate_policy",
      "name": "origin_error",
      "provider": "provider[\"registry.terraform.io/akamai/akamai\"]",
      "instances": [
        {
          "schema_version": 0,
          "attributes": {
            "config_id": 121010,
            "id": "121010:342186",
            "rate_policy": "{\"matchType\":\"path\",\"type\":\"WAF\",\"name\":\"Origin Error\",\"description\":\"An excessive error rate from the origin could indicate malicious activity by a bot scanning the site or a publishing error. In both cases, this would increase the origin traffic and could potentially destabilize it.\",\"averageThreshold\":5,\"burstThreshold\":8,\"clientIdentifier\":\"ip\",\"useXForwardForHeaders\":false,\"requestType\":\"ForwardResponse\",\"sameActionOnIpv6\":true,\"pathMatchType\":\"Custom\",\"pathUriPositiveMatch\":true,\"additionalMatchOptions\":[{\"positiveMatch\":false,\"type\":\"NetworkListCondition\",\"values\":[\"260004_WAFSECURITYFILERATECONT\"]},{\"positiveMatch\":true,\"type\":\"ResponseStatusCondition\",\"values\":[\"400\",\"401\",\"402\",\"403\",\"404\",\"405\",\"406\",\"407\",\"408\",\"409\",\"410\",\"429\",\"500\",\"501\",\"502\",\"503\",\"504\"]}],\"counterType\":\"per_edge\"}",
            "rate_policy_id": 342186
          },
          "sensitive_attributes": [],
          "identity_schema_version": 0,
          "private": "bnVsbA==",
          "dependencies": [
            "data.akamai_contract.contract",
            "module.client-lists.akamai_clientlist_list.client-lists-rcbypass-list",
            "module.security.akamai_appsec_configuration.config",
            "module.security.akamai_appsec_security_policy.tfdemo",
            "module.security.data.akamai_group.group"
          ]
        }
      ]
    },
    {
      "module": "module.security",
      "mode": "managed",
      "type": "akamai_appsec_rate_policy",
      "name": "page_view_requests",
      "provider": "provider[\"registry.terraform.io/akamai/akamai\"]",
      "instances": [
        {
          "schema_version": 0,
          "attributes": {
            "config_id": 121010,
            "id": "121010:342188",
            "rate_policy": "{\"matchType\":\"path\",\"type\":\"WAF\",\"name\":\"Page View Requests\",\"description\":\"A popular brute force attack that consists of sending a large number of requests for base page, HTML page or XHR requests (usually non-cacheable). This could destabilize the origin.\",\"averageThreshold\":12,\"burstThreshold\":18,\"clientIdentifier\":\"ip\",\"useXForwardForHeaders\":false,\"requestType\":\"ClientRequest\",\"sameActionOnIpv6\":true,\"pathMatchType\":\"Custom\",\"pathUriPositiveMatch\":true,\"fileExtensions\":{\"positiveMatch\":false,\"values\":[\"aif\",\"aiff\",\"au\",\"avi\",\"bin\",\"bmp\",\"cab\",\"carb\",\"cct\",\"cdf\",\"class\",\"css\",\"csv\",\"dcr\",\"doc\",\"docx\",\"dtd\",\"ejs\",\"ejss\",\"eot\",\"eps\",\"exe\",\"flv\",\"gcf\",\"gff\",\"gif\",\"grv\",\"hdml\",\"hdp\",\"hqx\",\"ico\",\"ini\",\"jar\",\"jp2\",\"jpeg\",\"jpg\",\"js\",\"jxr\",\"mid\",\"midi\",\"mov\",\"mp3\",\"mp4\",\"nc\",\"ogv\",\"otc\",\"otf\",\"pct\",\"pdf\",\"pict\",\"pls\",\"png\",\"ppc\",\"ppt\",\"pptx\",\"ps\",\"pws\",\"svg\",\"svgz\",\"swa\",\"swf\",\"tif\",\"tiff\",\"ttc\",\"ttf\",\"txt\",\"vbs\",\"w32\",\"wav\",\"wbmp\",\"wdp\",\"webm\",\"webp\",\"wml\",\"wmlc\",\"wmls\",\"wmlsc\",\"woff\",\"woff2\",\"xls\",\"xlsx\",\"xsd\",\"zip\"]},\"additionalMatchOptions\":[{\"positiveMatch\":false,\"type\":\"NetworkListCondition\",\"values\":[\"260004_WAFSECURITYFILERATECONT\"]},{\"positiveMatch\":false,\"type\":\"RequestMethodCondition\",\"values\":[\"POST\",\"PUT\"]}],\"counterType\":\"per_edge\"}",
            "rate_policy_id": 342188
          },
          "sensitive_attributes": [],
          "identity_schema_version": 0,
          "private": "bnVsbA==",
          "dependencies": [
            "data.akamai_contract.contract",
            "module.client-lists.akamai_clientlist_list.client-lists-rcbypass-list",
            "module.security.akamai_appsec_configuration.config",
            "module.security.akamai_appsec_rate_policy.origin_error",
            "module.security.akamai_appsec_rate_policy.post_page_requests",
            "module.security.akamai_appsec_security_policy.tfdemo",
            "module.security.data.akamai_group.group",
            "module.security.time_sleep.wait1",
            "module.security.time_sleep.wait2"
          ]
        }
      ]
    },
    {
      "module": "module.security",
      "mode": "managed",
      "type": "akamai_appsec_rate_policy",
      "name": "post_page_requests",
      "provider": "provider[\"registry.terraform.io/akamai/akamai\"]",
      "instances": [
        {
          "schema_version": 0,
          "attributes": {
            "config_id": 121010,
            "id": "121010:342187",
            "rate_policy": "{\"matchType\":\"path\",\"type\":\"WAF\",\"name\":\"POST and PUT Page Requests\",\"description\":\"Mitigating HTTP flood attacks using POST requests\",\"averageThreshold\":3,\"burstThreshold\":5,\"clientIdentifier\":\"ip\",\"useXForwardForHeaders\":false,\"requestType\":\"ClientRequest\",\"sameActionOnIpv6\":true,\"pathMatchType\":\"Custom\",\"pathUriPositiveMatch\":true,\"additionalMatchOptions\":[{\"positiveMatch\":false,\"type\":\"NetworkListCondition\",\"values\":[\"260004_WAFSECURITYFILERATECONT\"]},{\"positiveMatch\":true,\"type\":\"RequestMethodCondition\",\"values\":[\"POST\",\"PUT\"]}],\"counterType\":\"per_edge\"}",
            "rate_policy_id": 342187
          },
          "sensitive_attributes": [],
          "identity_schema_version": 0,
          "private": "bnVsbA==",
          "dependencies": [
            "data.akamai_contract.contract",
            "module.client-lists.akamai_clientlist_list.client-lists-rcbypass-list",
            "module.security.akamai_appsec_configuration.config",
            "module.security.akamai_appsec_rate_policy.origin_error",
            "module.security.akamai_appsec_security_policy.tfdemo",
            "module.security.data.akamai_group.group",
            "module.security.time_sleep.wait1"
          ]
        }
      ]
    },
    {
      "module": "module.security",
      "mode": "managed",
      "type": "akamai_appsec_rate_policy_action",
      "name": "tfdemo_origin_error",
      "provider": "provider[\"registry.terraform.io/akamai/akamai\"]",
      "instances": [
        {
          "schema_version": 0,
          "attributes": {
            "config_id": 121010,
            "id": "121010:main_317032:342186",
            "ipv4_action": "alert",
            "ipv6_action": "alert",
            "rate_policy_id": 342186,
            "security_policy_id": "main_317032"
          },
          "sensitive_attributes": [],
          "identity_schema_version": 0,
          "private": "bnVsbA==",
          "dependencies": [
            "data.akamai_contract.contract",
            "module.client-lists.akamai_clientlist_list.client-lists-rcbypass-list",
            "module.security.akamai_appsec_configuration.config",
            "module.security.akamai_appsec_rate_policy.origin_error",
            "module.security.akamai_appsec_rate_protection.tfdemo",
            "module.security.akamai_appsec_security_policy.tfdemo",
            "module.security.data.akamai_group.group"
          ]
        }
      ]
    },
    {
      "module": "module.security",
      "mode": "managed",
      "type": "akamai_appsec_rate_policy_action",
      "name": "tfdemo_page_view_requests",
      "provider": "provider[\"registry.terraform.io/akamai/akamai\"]",
      "instances": [
        {
          "schema_version": 0,
          "attributes": {
            "config_id": 121010,
            "id": "121010:main_317032:342188",
            "ipv4_action": "alert",
            "ipv6_action": "alert",
            "rate_policy_id": 342188,
            "security_policy_id": "main_317032"
          },
          "sensitive_attributes": [],
          "identity_schema_version": 0,
          "private": "bnVsbA==",
          "dependencies": [
            "data.akamai_contract.contract",
            "module.client-lists.akamai_clientlist_list.client-lists-rcbypass-list",
            "module.security.akamai_appsec_configuration.config",
            "module.security.akamai_appsec_rate_policy.origin_error",
            "module.security.akamai_appsec_rate_policy.page_view_requests",
            "module.security.akamai_appsec_rate_policy.post_page_requests",
            "module.security.akamai_appsec_rate_protection.tfdemo",
            "module.security.akamai_appsec_security_policy.tfdemo",
            "module.security.data.akamai_group.group",
            "module.security.time_sleep.wait1",
            "module.security.time_sleep.wait2"
          ]
        }
      ]
    },
    {
      "module": "module.security",
      "mode": "managed",
      "type": "akamai_appsec_rate_policy_action",
      "name": "tfdemo_post_page_requests",
      "provider": "provider[\"registry.terraform.io/akamai/akamai\"]",
      "instances": [
        {
          "schema_version": 0,
          "attributes": {
            "config_id": 121010,
            "id": "121010:main_317032:342187",
            "ipv4_action": "alert",
            "ipv6_action": "alert",
            "rate_policy_id": 342187,
            "security_policy_id": "main_317032"
          },
          "sensitive_attributes": [],
          "identity_schema_version": 0,
          "private": "bnVsbA==",
          "dependencies": [
            "data.akamai_contract.contract",
            "module.client-lists.akamai_clientlist_list.client-lists-rcbypass-list",
            "module.security.akamai_appsec_configuration.config",
            "module.security.akamai_appsec_rate_policy.origin_error",
            "module.security.akamai_appsec_rate_policy.post_page_requests",
            "module.security.akamai_appsec_rate_protection.tfdemo",
            "module.security.akamai_appsec_security_policy.tfdemo",
            "module.security.data.akamai_group.group",
            "module.security.time_sleep.wait1"
          ]
        }
      ]
    },
    {
      "module": "module.security",
      "mode": "managed",
      "type": "akamai_appsec_rate_protection",
      "name": "tfdemo",
      "provider": "provider[\"registry.terraform.io/akamai/akamai\"]",
      "instances": [
        {
          "schema_version": 0,
          "attributes": {
            "config_id": 121010,
            "enabled": true,
            "id": "121010:main_317032",
            "output_text": "\n+------------------------------------------------------------------------------------------------------------------------------------------------------------+\n| Security Policy Protections                                                                                                                                |\n+----------------+--------------------------+----------------+-----------------+----------------------+--------------+--------------------+------------------+\n| APICONSTRAINTS | APPLICATIONLAYERCONTROLS | BOTMANCONTROLS | MALWARECONTROLS | NETWORKLAYERCONTROLS | RATECONTROLS | REPUTATIONCONTROLS | SLOWPOSTCONTROLS |\n+----------------+--------------------------+----------------+-----------------+----------------------+--------------+--------------------+------------------+\n| true           | true                     | false          | false           | true                 | true         | true               | true             |\n+----------------+--------------------------+----------------+-----------------+----------------------+--------------+--------------------+------------------+\n",
            "security_policy_id": "main_317032"
          },
          "sensitive_attributes": [],
          "identity_schema_version": 0,
          "private": "bnVsbA==",
          "dependencies": [
            "data.akamai_contract.contract",
            "module.security.akamai_appsec_configuration.config",
            "module.security.akamai_appsec_security_policy.tfdemo",
            "module.security.data.akamai_group.group"
          ]
        }
      ]
    },
    {
      "module": "module.security",
      "mode": "managed",
      "type": "akamai_appsec_security_policy",
      "name": "tfdemo",
      "provider": "provider[\"registry.terraform.io/akamai/akamai\"]",
      "instances": [
        {
          "schema_version": 0,
          "attributes": {
            "config_id": 121010,
            "create_from_security_policy_id": null,
            "default_settings": true,
            "id": "121010:main_317032",
            "security_policy_id": "main_317032",
            "security_policy_name": "Main",
            "security_policy_prefix": "main"
          },
          "sensitive_attributes": [],
          "identity_schema_version": 0,
          "private": "bnVsbA==",
          "dependencies": [
            "data.akamai_contract.contract",
            "module.security.akamai_appsec_configuration.config",
            "module.security.data.akamai_group.group"
          ]
        }
      ]
    },
    {
      "module": "module.security",
      "mode": "managed",
      "type": "akamai_appsec_slow_post",
      "name": "tfdemo",
      "provider": "provider[\"registry.terraform.io/akamai/akamai\"]",
      "instances": [
        {
          "schema_version": 0,
          "attributes": {
            "config_id": 121010,
            "duration_threshold_timeout": 0,
            "id": "121010:main_317032",
            "security_policy_id": "main_317032",
            "slow_rate_action": "alert",
            "slow_rate_threshold_period": 60,
            "slow_rate_threshold_rate": 10
          },
          "sensitive_attributes": [],
          "identity_schema_version": 0,
          "private": "bnVsbA==",
          "dependencies": [
            "data.akamai_contract.contract",
            "module.security.akamai_appsec_configuration.config",
            "module.security.akamai_appsec_security_policy.tfdemo",
            "module.security.akamai_appsec_slowpost_protection.tfdemo",
            "module.security.data.akamai_group.group"
          ]
        }
      ]
    },
    {
      "module": "module.security",
      "mode": "managed",
      "type": "akamai_appsec_slowpost_protection",
      "name": "tfdemo",
      "provider": "provider[\"registry.terraform.io/akamai/akamai\"]",
      "instances": [
        {
          "schema_version": 0,
          "attributes": {
            "config_id": 121010,
            "enabled": true,
            "id": "121010:main_317032",
            "output_text": "\n+------------------------------------------------------------------------------------------------------------------------------------------------------------+\n| Security Policy Protections                                                                                                                                |\n+----------------+--------------------------+----------------+-----------------+----------------------+--------------+--------------------+------------------+\n| APICONSTRAINTS | APPLICATIONLAYERCONTROLS | BOTMANCONTROLS | MALWARECONTROLS | NETWORKLAYERCONTROLS | RATECONTROLS | REPUTATIONCONTROLS | SLOWPOSTCONTROLS |\n+----------------+--------------------------+----------------+-----------------+----------------------+--------------+--------------------+------------------+\n| true           | true                     | false          | false           | true                 | true         | true               | true             |\n+----------------+--------------------------+----------------+-----------------+----------------------+--------------+--------------------+------------------+\n",
            "security_policy_id": "main_317032"
          },
          "sensitive_attributes": [],
          "identity_schema_version": 0,
          "private": "bnVsbA==",
          "dependencies": [
            "data.akamai_contract.contract",
            "module.security.akamai_appsec_configuration.config",
            "module.security.akamai_appsec_security_policy.tfdemo",
            "module.security.data.akamai_group.group"
          ]
        }
      ]
    },
    {
      "module": "module.security",
      "mode": "managed",
      "type": "akamai_appsec_version_notes",
      "name": "version_notes",
      "provider": "provider[\"registry.terraform.io/akamai/akamai\"]",
      "instances": [
        {
          "schema_version": 0,
          "attributes": {
            "config_id": 121010,
            "id": "121010",
            "output_text": "\n+----------------+\n| versionNotesDS |\n+----------------+\n| VERSION NOTES  |\n+----------------+\n|                |\n+----------------+\n",
            "version_notes": ""
          },
          "sensitive_attributes": [],
          "identity_schema_version": 0,
          "private": "bnVsbA==",
          "dependencies": [
            "data.akamai_contract.contract",
            "module.security.akamai_appsec_configuration.config",
            "module.security.data.akamai_group.group"
          ]
        }
      ]
    },
    {
      "module": "module.security",
      "mode": "managed",
      "type": "akamai_appsec_waf_mode",
      "name": "tfdemo",
      "provider": "provider[\"registry.terraform.io/akamai/akamai\"]",
      "instances": [
        {
          "schema_version": 0,
          "attributes": {
            "config_id": 121010,
            "current_ruleset": "ASE Automatic (Nov 18, 2025)",
            "eval_expiration_date": "",
            "eval_ruleset": "",
            "eval_status": "disabled",
            "id": "121010:main_317032",
            "mode": "ASE_AUTO",
            "output_text": "\n+---------------------------------------------+\n| wafMode                                     |\n+-----------------------+----------+----------+\n| CURRENT               | MODE     | EVAL     |\n+-----------------------+----------+----------+\n| ASE Automatic (Nov 18 |          |          |\n|  2025)                | ASE_AUTO | disabled |\n+-----------------------+----------+----------+\n",
            "security_policy_id": "main_317032"
          },
          "sensitive_attributes": [],
          "identity_schema_version": 0,
          "private": "bnVsbA==",
          "dependencies": [
            "data.akamai_contract.contract",
            "module.security.akamai_appsec_configuration.config",
            "module.security.akamai_appsec_security_policy.tfdemo",
            "module.security.akamai_appsec_waf_protection.tfdemo",
            "module.security.data.akamai_group.group"
          ]
        }
      ]
    },
    {
      "module": "module.security",
      "mode": "managed",
      "type": "akamai_appsec_waf_protection",
      "name": "tfdemo",
      "provider": "provider[\"registry.terraform.io/akamai/akamai\"]",
      "instances": [
        {
          "schema_version": 0,
          "attributes": {
            "config_id": 121010,
            "enabled": true,
            "id": "121010:main_317032",
            "output_text": "\n+------------------------------------------------------------------------------------------------------------------------------------------------------------+\n| Security Policy Protections                                                                                                                                |\n+----------------+--------------------------+----------------+-----------------+----------------------+--------------+--------------------+------------------+\n| APICONSTRAINTS | APPLICATIONLAYERCONTROLS | BOTMANCONTROLS | MALWARECONTROLS | NETWORKLAYERCONTROLS | RATECONTROLS | REPUTATIONCONTROLS | SLOWPOSTCONTROLS |\n+----------------+--------------------------+----------------+-----------------+----------------------+--------------+--------------------+------------------+\n| true           | true                     | false          | false           | true                 | true         | true               | true             |\n+----------------+--------------------------+----------------+-----------------+----------------------+--------------+--------------------+------------------+\n",
            "security_policy_id": "main_317032"
          },
          "sensitive_attributes": [],
          "identity_schema_version": 0,
          "private": "bnVsbA==",
          "dependencies": [
            "data.akamai_contract.contract",
            "module.security.akamai_appsec_configuration.config",
            "module.security.akamai_appsec_security_policy.tfdemo",
            "module.security.data.akamai_group.group"
          ]
        }
      ]
    },
    {
      "module": "module.security",
      "mode": "managed",
      "type": "random_string",
      "name": "secret_header",
      "provider": "provider[\"registry.terraform.io/hashicorp/random\"]",
      "instances": [
        {
          "schema_version": 2,
          "attributes": {
            "id": "ELNG2Re0j-RmnLBdOGQi",
            "keepers": null,
            "length": 20,
            "lower": true,
            "min_lower": 0,
            "min_numeric": 0,
            "min_special": 1,
            "min_upper": 0,
            "number": true,
            "numeric": true,
            "override_special": "-",
            "result": "ELNG2Re0j-RmnLBdOGQi",
            "special": true,
            "upper": true
          },
          "sensitive_attributes": [],
          "identity_schema_version": 0
        }
      ]
    },
    {
      "module": "module.security",
      "mode": "managed",
      "type": "time_sleep",
      "name": "wait1",
      "provider": "provider[\"registry.terraform.io/hashicorp/time\"]",
      "instances": [
        {
          "schema_version": 0,
          "attributes": {
            "create_duration": "5s",
            "destroy_duration": null,
            "id": "2025-11-26T02:10:01Z",
            "triggers": null
          },
          "sensitive_attributes": [],
          "identity_schema_version": 0,
          "dependencies": [
            "data.akamai_contract.contract",
            "module.client-lists.akamai_clientlist_list.client-lists-rcbypass-list",
            "module.security.akamai_appsec_configuration.config",
            "module.security.akamai_appsec_rate_policy.origin_error",
            "module.security.akamai_appsec_security_policy.tfdemo",
            "module.security.data.akamai_group.group"
          ]
        }
      ]
    },
    {
      "module": "module.security",
      "mode": "managed",
      "type": "time_sleep",
      "name": "wait2",
      "provider": "provider[\"registry.terraform.io/hashicorp/time\"]",
      "instances": [
        {
          "schema_version": 0,
          "attributes": {
            "create_duration": "5s",
            "destroy_duration": null,
            "id": "2025-11-26T02:10:08Z",
            "triggers": null
          },
          "sensitive_attributes": [],
          "identity_schema_version": 0,
          "dependencies": [
            "data.akamai_contract.contract",
            "module.client-lists.akamai_clientlist_list.client-lists-rcbypass-list",
            "module.security.akamai_appsec_configuration.config",
            "module.security.akamai_appsec_rate_policy.origin_error",
            "module.security.akamai_appsec_rate_policy.post_page_requests",
            "module.security.akamai_appsec_security_policy.tfdemo",
            "module.security.data.akamai_group.group",
            "module.security.time_sleep.wait1"
          ]
        }
      ]
    }
  ],
  "check_results": [
    {
      "object_kind": "var",
      "config_addr": "var.botman_type",
      "status": "pass",
      "objects": [
        {
          "object_addr": "var.botman_type",
          "status": "pass"
        }
      ]
    },
    {
      "object_kind": "var",
      "config_addr": "module.botman.var.botman_type",
      "status": "pass",
      "objects": [
        {
          "object_addr": "module.botman[0].var.botman_type",
          "status": "pass"
        }
      ]
    }
  ]
}
