{
  "version": 4,
  "terraform_version": "1.11.4",
  "serial": 494,
  "lineage": "ece6842e-a4cc-0017-a01d-db91bb1931b1",
  "outputs": {},
  "resources": [
    {
      "module": "module.activate-security",
      "mode": "data",
      "type": "akamai_appsec_configuration",
      "name": "config",
      "provider": "provider[\"registry.terraform.io/akamai/akamai\"]",
      "instances": [
        {
          "schema_version": 0,
          "attributes": {
            "config_id": 74502,
            "host_names": [
              "101ea80c231c.mylabserver.com",
              "101ea80c232c.mylabserver.com"
            ],
            "id": "74502",
            "latest_version": 108,
            "name": "_strojny",
            "output_text": "\n+--------------------------------------------------------------------------------------------------+\n| Configurations                                                                                   |\n+-----------+----------+----------------+---------------------------+------------------------------+\n| CONFIG_ID | NAME     | LATEST_VERSION | VERSION_ACTIVE_IN_STAGING | VERSION_ACTIVE_IN_PRODUCTION |\n+-----------+----------+----------------+---------------------------+------------------------------+\n| 74502     | _strojny | 108            | 107                       | 105                          |\n+-----------+----------+----------------+---------------------------+------------------------------+\n",
            "production_version": 105,
            "staging_version": 107
          },
          "sensitive_attributes": []
        }
      ]
    },
    {
      "module": "module.activate-security",
      "mode": "managed",
      "type": "akamai_appsec_activations",
      "name": "appsecactivation",
      "provider": "provider[\"registry.terraform.io/akamai/akamai\"]",
      "instances": [
        {
          "schema_version": 0,
          "attributes": {
            "config_id": 74502,
            "id": "1939197",
            "network": "",
            "note": "Terraform test",
            "notification_emails": [
              "noreply@example.org"
            ],
            "status": "ACTIVATED",
            "timeouts": null,
            "version": 108
          },
          "sensitive_attributes": [],
          "private": "eyJlMmJmYjczMC1lY2FhLTExZTYtOGY4OC0zNDM2M2JjN2M0YzAiOnsiY3JlYXRlIjo1NDAwMDAwMDAwMDAwLCJkZWZhdWx0Ijo1NDAwMDAwMDAwMDAwLCJkZWxldGUiOjU0MDAwMDAwMDAwMDAsInJlYWQiOjU0MDAwMDAwMDAwMDAsInVwZGF0ZSI6NTQwMDAwMDAwMDAwMH19",
          "dependencies": [
            "module.activate-security.data.akamai_appsec_configuration.config",
            "module.security.akamai_appsec_advanced_settings_attack_payload_logging.attack_payload_logging",
            "module.security.akamai_appsec_advanced_settings_evasive_path_match.evasive_path_match",
            "module.security.akamai_appsec_advanced_settings_evasive_path_match.main",
            "module.security.akamai_appsec_advanced_settings_logging.logging",
            "module.security.akamai_appsec_advanced_settings_pii_learning.pii_learning",
            "module.security.akamai_appsec_advanced_settings_pragma_header.pragma_header",
            "module.security.akamai_appsec_advanced_settings_prefetch.prefetch",
            "module.security.akamai_appsec_advanced_settings_request_body.config_settings",
            "module.security.akamai_appsec_api_constraints_protection.main",
            "module.security.akamai_appsec_api_request_constraints.main_738944",
            "module.security.akamai_appsec_api_request_constraints.main_790817",
            "module.security.akamai_appsec_attack_group.main_CMD",
            "module.security.akamai_appsec_attack_group.main_LFI",
            "module.security.akamai_appsec_attack_group.main_PLATFORM",
            "module.security.akamai_appsec_attack_group.main_POLICY",
            "module.security.akamai_appsec_attack_group.main_PROTOCOL",
            "module.security.akamai_appsec_attack_group.main_RFI",
            "module.security.akamai_appsec_attack_group.main_SQL",
            "module.security.akamai_appsec_attack_group.main_WAT",
            "module.security.akamai_appsec_attack_group.main_XSS",
            "module.security.akamai_appsec_configuration.config",
            "module.security.akamai_appsec_custom_deny.ak_444_deny_deny_custom_168153",
            "module.security.akamai_appsec_custom_deny.netstorage_hosted_deny_deny_custom_112320",
            "module.security.akamai_appsec_custom_rule.block_specific_query_value_no_conditions_60121137",
            "module.security.akamai_appsec_custom_rule.my_ip_60152112",
            "module.security.akamai_appsec_custom_rule.test_of_client_reputation_custom_deny_60156417",
            "module.security.akamai_appsec_custom_rule.ua_within_3_characters_60175005",
            "module.security.akamai_appsec_custom_rule.visibility_for_host_header_101ea80c231ccom_60171649",
            "module.security.akamai_appsec_custom_rule_action.main_60152112",
            "module.security.akamai_appsec_ip_geo.main",
            "module.security.akamai_appsec_ip_geo_protection.main",
            "module.security.akamai_appsec_malware_protection.main",
            "module.security.akamai_appsec_match_target.api_6426995",
            "module.security.akamai_appsec_match_target.website_6426994",
            "module.security.akamai_appsec_match_target.website_6426996",
            "module.security.akamai_appsec_match_target.website_9697361",
            "module.security.akamai_appsec_penalty_box.main",
            "module.security.akamai_appsec_rate_policy.origin_error",
            "module.security.akamai_appsec_rate_policy.page_view_requests",
            "module.security.akamai_appsec_rate_policy.post_and_put_requests",
            "module.security.akamai_appsec_rate_policy_action.main_origin_error",
            "module.security.akamai_appsec_rate_policy_action.main_page_view_requests",
            "module.security.akamai_appsec_rate_policy_action.main_post_and_put_requests",
            "module.security.akamai_appsec_rate_protection.main",
            "module.security.akamai_appsec_reputation_profile.dos_attackers_high_threat",
            "module.security.akamai_appsec_reputation_profile.dos_attackers_low_threat",
            "module.security.akamai_appsec_reputation_profile.scanning_tools_high_threat",
            "module.security.akamai_appsec_reputation_profile.scanning_tools_low_threat",
            "module.security.akamai_appsec_reputation_profile.web_attackers_high_threat",
            "module.security.akamai_appsec_reputation_profile.web_attackers_low_threat",
            "module.security.akamai_appsec_reputation_profile.web_scrapers_high_threat",
            "module.security.akamai_appsec_reputation_profile.web_scrapers_low_threat",
            "module.security.akamai_appsec_reputation_profile_action.main_5075738",
            "module.security.akamai_appsec_reputation_profile_action.main_5075739",
            "module.security.akamai_appsec_reputation_profile_action.main_5075741",
            "module.security.akamai_appsec_reputation_profile_action.main_5075744",
            "module.security.akamai_appsec_reputation_profile_action.main_5075746",
            "module.security.akamai_appsec_reputation_profile_action.main_5075748",
            "module.security.akamai_appsec_reputation_profile_action.main_5075750",
            "module.security.akamai_appsec_reputation_profile_action.main_5075760",
            "module.security.akamai_appsec_reputation_protection.main",
            "module.security.akamai_appsec_rule.main_aseoutbounderror_970118",
            "module.security.akamai_appsec_rule.main_aseoutbounderror_970901",
            "module.security.akamai_appsec_rule.main_aseoutboundleakage_970003",
            "module.security.akamai_appsec_rule.main_aseoutboundleakage_970004",
            "module.security.akamai_appsec_rule.main_aseoutboundleakage_970009",
            "module.security.akamai_appsec_rule.main_aseoutboundleakage_970011",
            "module.security.akamai_appsec_rule.main_aseoutboundleakage_970013",
            "module.security.akamai_appsec_rule.main_aseoutboundleakage_970014",
            "module.security.akamai_appsec_rule.main_aseoutboundleakage_970015",
            "module.security.akamai_appsec_rule.main_aseoutboundleakage_970902",
            "module.security.akamai_appsec_rule.main_aseoutboundleakage_970903",
            "module.security.akamai_appsec_rule.main_aseoutboundleakage_970904",
            "module.security.akamai_appsec_rule.main_aseweb_attackcmd_injection_3000005",
            "module.security.akamai_appsec_rule.main_aseweb_attackcmd_injection_3000007",
            "module.security.akamai_appsec_rule.main_aseweb_attackcmd_injection_3000012",
            "module.security.akamai_appsec_rule.main_aseweb_attackcmd_injection_3000013",
            "module.security.akamai_appsec_rule.main_aseweb_attackcmd_injection_3000014",
            "module.security.akamai_appsec_rule.main_aseweb_attackcmd_injection_3000023",
            "module.security.akamai_appsec_rule.main_aseweb_attackcmd_injection_3000025",
            "module.security.akamai_appsec_rule.main_aseweb_attackcmd_injection_3000033",
            "module.security.akamai_appsec_rule.main_aseweb_attackcmd_injection_3000034",
            "module.security.akamai_appsec_rule.main_aseweb_attackcmd_injection_3000041",
            "module.security.akamai_appsec_rule.main_aseweb_attackcmd_injection_3000056",
            "module.security.akamai_appsec_rule.main_aseweb_attackcmd_injection_3000058",
            "module.security.akamai_appsec_rule.main_aseweb_attackcmd_injection_3000065",
            "module.security.akamai_appsec_rule.main_aseweb_attackcmd_injection_3000072",
            "module.security.akamai_appsec_rule.main_aseweb_attackcmd_injection_3000141",
            "module.security.akamai_appsec_rule.main_aseweb_attackcmd_injection_3000142",
            "module.security.akamai_appsec_rule.main_aseweb_attackcmd_injection_3000143",
            "module.security.akamai_appsec_rule.main_aseweb_attackcmd_injection_3000144",
            "module.security.akamai_appsec_rule.main_aseweb_attackcmd_injection_3000145",
            "module.security.akamai_appsec_rule.main_aseweb_attackcmd_injection_3000146",
            "module.security.akamai_appsec_rule.main_aseweb_attackcmd_injection_3000147",
            "module.security.akamai_appsec_rule.main_aseweb_attackcmd_injection_3000148",
            "module.security.akamai_appsec_rule.main_aseweb_attackcmd_injection_3000149",
            "module.security.akamai_appsec_rule.main_aseweb_attackcmd_injection_3000150",
            "module.security.akamai_appsec_rule.main_aseweb_attackcmd_injection_3000151",
            "module.security.akamai_appsec_rule.main_aseweb_attackcmd_injection_3000152",
            "module.security.akamai_appsec_rule.main_aseweb_attackcmd_injection_3000153",
            "module.security.akamai_appsec_rule.main_aseweb_attackcmd_injection_3000154",
            "module.security.akamai_appsec_rule.main_aseweb_attackcmd_injection_3000155",
            "module.security.akamai_appsec_rule.main_aseweb_attackcmd_injection_3000156",
            "module.security.akamai_appsec_rule.main_aseweb_attackcmd_injection_3000169",
            "module.security.akamai_appsec_rule.main_aseweb_attackcmd_injection_3000170",
            "module.security.akamai_appsec_rule.main_aseweb_attackcmd_injection_3000171",
            "module.security.akamai_appsec_rule.main_aseweb_attackcmd_injection_3000172",
            "module.security.akamai_appsec_rule.main_aseweb_attackcmd_injection_3000196",
            "module.security.akamai_appsec_rule.main_aseweb_attackcmd_injection_3000197",
            "module.security.akamai_appsec_rule.main_aseweb_attackcmd_injection_3000400",
            "module.security.akamai_appsec_rule.main_aseweb_attackcmd_injection_3000401",
            "module.security.akamai_appsec_rule.main_aseweb_attackcmd_injection_3000403",
            "module.security.akamai_appsec_rule.main_aseweb_attackcmd_injection_3000404",
            "module.security.akamai_appsec_rule.main_aseweb_attackcmd_injection_3000405",
            "module.security.akamai_appsec_rule.main_aseweb_attackcmd_injection_3000406",
            "module.security.akamai_appsec_rule.main_aseweb_attackcmd_injection_3000407",
            "module.security.akamai_appsec_rule.main_aseweb_attackcmd_injection_950002",
            "module.security.akamai_appsec_rule.main_aseweb_attackcmd_injection_950006",
            "module.security.akamai_appsec_rule.main_aseweb_attackcmd_injection_950011",
            "module.security.akamai_appsec_rule.main_aseweb_attackcmd_injection_959976",
            "module.security.akamai_appsec_rule.main_aseweb_attackcmd_injection_959977",
            "module.security.akamai_appsec_rule.main_aseweb_attackcmd_injection_969151",
            "module.security.akamai_appsec_rule.main_aseweb_attackcmdi_3000195",
            "module.security.akamai_appsec_rule.main_aseweb_attacklfi_3000120",
            "module.security.akamai_appsec_rule.main_aseweb_attacklfi_3000121",
            "module.security.akamai_appsec_rule.main_aseweb_attacklfi_3000122",
            "module.security.akamai_appsec_rule.main_aseweb_attacklfi_3000123",
            "module.security.akamai_appsec_rule.main_aseweb_attacklfi_3000124",
            "module.security.akamai_appsec_rule.main_aseweb_attacklfi_3000125",
            "module.security.akamai_appsec_rule.main_aseweb_attacklfi_3000126",
            "module.security.akamai_appsec_rule.main_aseweb_attacklfi_3000127",
            "module.security.akamai_appsec_rule.main_aseweb_attacklfi_3000500",
            "module.security.akamai_appsec_rule.main_aseweb_attacklfi_3000501",
            "module.security.akamai_appsec_rule.main_aseweb_attacklfi_3000502",
            "module.security.akamai_appsec_rule.main_aseweb_attacklfi_3000503",
            "module.security.akamai_appsec_rule.main_aseweb_attacklfi_3000504",
            "module.security.akamai_appsec_rule.main_aseweb_attacklfi_3000505",
            "module.security.akamai_appsec_rule.main_aseweb_attacklfi_3000506",
            "module.security.akamai_appsec_rule.main_aseweb_attacklfi_3000507",
            "module.security.akamai_appsec_rule.main_aseweb_attacklfi_950203",
            "module.security.akamai_appsec_rule.main_aseweb_attacklfi_950204",
            "module.security.akamai_appsec_rule.main_aseweb_attackplatform_3000109",
            "module.security.akamai_appsec_rule.main_aseweb_attackplatform_3000132",
            "module.security.akamai_appsec_rule.main_aseweb_attackplatform_3000133",
            "module.security.akamai_appsec_rule.main_aseweb_attackplatform_3000134",
            "module.security.akamai_appsec_rule.main_aseweb_attackplatform_3000135",
            "module.security.akamai_appsec_rule.main_aseweb_attackplatform_3000136",
            "module.security.akamai_appsec_rule.main_aseweb_attackplatform_3000139",
            "module.security.akamai_appsec_rule.main_aseweb_attackplatform_3000165",
            "module.security.akamai_appsec_rule.main_aseweb_attackplatform_3000166",
            "module.security.akamai_appsec_rule.main_aseweb_attackplatform_3000167",
            "module.security.akamai_appsec_rule.main_aseweb_attackplatform_3000168",
            "module.security.akamai_appsec_rule.main_aseweb_attackplatform_3000179",
            "module.security.akamai_appsec_rule.main_aseweb_attackplatform_3000182",
            "module.security.akamai_appsec_rule.main_aseweb_attackplatform_3000183",
            "module.security.akamai_appsec_rule.main_aseweb_attackplatform_3000184",
            "module.security.akamai_appsec_rule.main_aseweb_attackplatform_3000185",
            "module.security.akamai_appsec_rule.main_aseweb_attackplatform_3000186",
            "module.security.akamai_appsec_rule.main_aseweb_attackplatform_3000187",
            "module.security.akamai_appsec_rule.main_aseweb_attackplatform_3000188",
            "module.security.akamai_appsec_rule.main_aseweb_attackplatform_3000189",
            "module.security.akamai_appsec_rule.main_aseweb_attackplatform_3000190",
            "module.security.akamai_appsec_rule.main_aseweb_attackplatform_3000191",
            "module.security.akamai_appsec_rule.main_aseweb_attackplatform_3000193",
            "module.security.akamai_appsec_rule.main_aseweb_attackplatform_3000198",
            "module.security.akamai_appsec_rule.main_aseweb_attackplatform_3000199",
            "module.security.akamai_appsec_rule.main_aseweb_attackplatform_3000200",
            "module.security.akamai_appsec_rule.main_aseweb_attackplatform_3000202",
            "module.security.akamai_appsec_rule.main_aseweb_attackplatform_3000901",
            "module.security.akamai_appsec_rule.main_aseweb_attackplatform_3000902",
            "module.security.akamai_appsec_rule.main_aseweb_attackplatform_3000903",
            "module.security.akamai_appsec_rule.main_aseweb_attackplatform_3000904",
            "module.security.akamai_appsec_rule.main_aseweb_attackplatform_3000905",
            "module.security.akamai_appsec_rule.main_aseweb_attackplatform_3000906",
            "module.security.akamai_appsec_rule.main_aseweb_attackplatform_3000907",
            "module.security.akamai_appsec_rule.main_aseweb_attackplatform_3000908",
            "module.security.akamai_appsec_rule.main_aseweb_attackplatform_3000909",
            "module.security.akamai_appsec_rule.main_aseweb_attackplatform_3000910",
            "module.security.akamai_appsec_rule.main_aseweb_attackplatform_3000912",
            "module.security.akamai_appsec_rule.main_aseweb_attackplatform_3000913",
            "module.security.akamai_appsec_rule.main_aseweb_attackplatform_3000914",
            "module.security.akamai_appsec_rule.main_aseweb_attackplatform_3000915",
            "module.security.akamai_appsec_rule.main_aseweb_attackplatform_3000916",
            "module.security.akamai_appsec_rule.main_aseweb_attackplatform_3000917",
            "module.security.akamai_appsec_rule.main_aseweb_attackplatform_3000918",
            "module.security.akamai_appsec_rule.main_aseweb_attackplatform_3000919",
            "module.security.akamai_appsec_rule.main_aseweb_attackplatform_3000920",
            "module.security.akamai_appsec_rule.main_aseweb_attackplatform_3000921",
            "module.security.akamai_appsec_rule.main_aseweb_attackplatform_3000922",
            "module.security.akamai_appsec_rule.main_aseweb_attackplatform_3000923",
            "module.security.akamai_appsec_rule.main_aseweb_attackplatform_3000924",
            "module.security.akamai_appsec_rule.main_aseweb_attackplatform_3000925",
            "module.security.akamai_appsec_rule.main_aseweb_attackplatform_3000926",
            "module.security.akamai_appsec_rule.main_aseweb_attackplatform_3000927",
            "module.security.akamai_appsec_rule.main_aseweb_attackplatform_3000928",
            "module.security.akamai_appsec_rule.main_aseweb_attackplatform_3000929",
            "module.security.akamai_appsec_rule.main_aseweb_attackplatform_3000930",
            "module.security.akamai_appsec_rule.main_aseweb_attackplatform_3000931",
            "module.security.akamai_appsec_rule.main_aseweb_attackplatform_3000932",
            "module.security.akamai_appsec_rule.main_aseweb_attackplatform_3000933",
            "module.security.akamai_appsec_rule.main_aseweb_attackplatform_3000934",
            "module.security.akamai_appsec_rule.main_aseweb_attackplatform_3000935",
            "module.security.akamai_appsec_rule.main_aseweb_attackplatform_3000936",
            "module.security.akamai_appsec_rule.main_aseweb_attackplatform_3000937",
            "module.security.akamai_appsec_rule.main_aseweb_attackplatform_3000939",
            "module.security.akamai_appsec_rule.main_aseweb_attackplatform_3000940",
            "module.security.akamai_appsec_rule.main_aseweb_attackplatform_3000941",
            "module.security.akamai_appsec_rule.main_aseweb_attackplatform_3000942",
            "module.security.akamai_appsec_rule.main_aseweb_attackplatform_3000943",
            "module.security.akamai_appsec_rule.main_aseweb_attackplatform_3000944",
            "module.security.akamai_appsec_rule.main_aseweb_attackplatform_3000945",
            "module.security.akamai_appsec_rule.main_aseweb_attackplatform_3000946",
            "module.security.akamai_appsec_rule.main_aseweb_attackplatform_3000950",
            "module.security.akamai_appsec_rule.main_aseweb_attackplatform_3000951",
            "module.security.akamai_appsec_rule.main_aseweb_attackplatform_3000952",
            "module.security.akamai_appsec_rule.main_aseweb_attackplatform_3000953",
            "module.security.akamai_appsec_rule.main_aseweb_attackplatform_3000954",
            "module.security.akamai_appsec_rule.main_aseweb_attackplatform_3000955",
            "module.security.akamai_appsec_rule.main_aseweb_attackplatform_3000956",
            "module.security.akamai_appsec_rule.main_aseweb_attackplatform_3000998",
            "module.security.akamai_appsec_rule.main_aseweb_attackplatform_3000999",
            "module.security.akamai_appsec_rule.main_aseweb_attackpolicy_3000180",
            "module.security.akamai_appsec_rule.main_aseweb_attackpolicy_950220",
            "module.security.akamai_appsec_rule.main_aseweb_attackpolicy_961912",
            "module.security.akamai_appsec_rule.main_aseweb_attackprotocol_3000173",
            "module.security.akamai_appsec_rule.main_aseweb_attackprotocol_3000174",
            "module.security.akamai_appsec_rule.main_aseweb_attackprotocol_3000175",
            "module.security.akamai_appsec_rule.main_aseweb_attackprotocol_3000176",
            "module.security.akamai_appsec_rule.main_aseweb_attackprotocol_3000177",
            "module.security.akamai_appsec_rule.main_aseweb_attackprotocol_3000192",
            "module.security.akamai_appsec_rule.main_aseweb_attackprotocol_3000700",
            "module.security.akamai_appsec_rule.main_aseweb_attackprotocol_950216",
            "module.security.akamai_appsec_rule.main_aseweb_attackprotocol_951910",
            "module.security.akamai_appsec_rule.main_aseweb_attackprotocol_961011",
            "module.security.akamai_appsec_rule.main_aseweb_attackprotocol_961012",
            "module.security.akamai_appsec_rule.main_aseweb_attackprotocol_961034",
            "module.security.akamai_appsec_rule.main_aseweb_attackprotocol_961904",
            "module.security.akamai_appsec_rule.main_aseweb_attackprotocol_968230",
            "module.security.akamai_appsec_rule.main_aseweb_attackrfi_3000004",
            "module.security.akamai_appsec_rule.main_aseweb_attackrfi_3000130",
            "module.security.akamai_appsec_rule.main_aseweb_attackrfi_3000131",
            "module.security.akamai_appsec_rule.main_aseweb_attackrfi_950118",
            "module.security.akamai_appsec_rule.main_aseweb_attacksql_injection_3000000",
            "module.security.akamai_appsec_rule.main_aseweb_attacksql_injection_3000006",
            "module.security.akamai_appsec_rule.main_aseweb_attacksql_injection_3000015",
            "module.security.akamai_appsec_rule.main_aseweb_attacksql_injection_3000017",
            "module.security.akamai_appsec_rule.main_aseweb_attacksql_injection_3000022",
            "module.security.akamai_appsec_rule.main_aseweb_attacksql_injection_3000100",
            "module.security.akamai_appsec_rule.main_aseweb_attacksql_injection_3000101",
            "module.security.akamai_appsec_rule.main_aseweb_attacksql_injection_3000102",
            "module.security.akamai_appsec_rule.main_aseweb_attacksql_injection_3000103",
            "module.security.akamai_appsec_rule.main_aseweb_attacksql_injection_3000104",
            "module.security.akamai_appsec_rule.main_aseweb_attacksql_injection_950007",
            "module.security.akamai_appsec_rule.main_aseweb_attacksql_injection_950902",
            "module.security.akamai_appsec_rule.main_aseweb_attacksql_injection_959070",
            "module.security.akamai_appsec_rule.main_aseweb_attacksql_injection_959073",
            "module.security.akamai_appsec_rule.main_aseweb_attacksql_injection_981240",
            "module.security.akamai_appsec_rule.main_aseweb_attacksql_injection_981242",
            "module.security.akamai_appsec_rule.main_aseweb_attacksql_injection_981243",
            "module.security.akamai_appsec_rule.main_aseweb_attacksql_injection_981244",
            "module.security.akamai_appsec_rule.main_aseweb_attacksql_injection_981247",
            "module.security.akamai_appsec_rule.main_aseweb_attacksql_injection_981248",
            "module.security.akamai_appsec_rule.main_aseweb_attacksql_injection_981251",
            "module.security.akamai_appsec_rule.main_aseweb_attacksql_injection_981252",
            "module.security.akamai_appsec_rule.main_aseweb_attacksql_injection_981253",
            "module.security.akamai_appsec_rule.main_aseweb_attacksql_injection_981254",
            "module.security.akamai_appsec_rule.main_aseweb_attacksql_injection_981255",
            "module.security.akamai_appsec_rule.main_aseweb_attacksql_injection_981256",
            "module.security.akamai_appsec_rule.main_aseweb_attacksql_injection_981260",
            "module.security.akamai_appsec_rule.main_aseweb_attacksql_injection_981270",
            "module.security.akamai_appsec_rule.main_aseweb_attacksql_injection_981276",
            "module.security.akamai_appsec_rule.main_aseweb_attacksql_injection_981300",
            "module.security.akamai_appsec_rule.main_aseweb_attacksql_injection_981320",
            "module.security.akamai_appsec_rule.main_aseweb_attacktool_3000108",
            "module.security.akamai_appsec_rule.main_aseweb_attacktool_3000115",
            "module.security.akamai_appsec_rule.main_aseweb_attacktool_3000117",
            "module.security.akamai_appsec_rule.main_aseweb_attacktool_3000118",
            "module.security.akamai_appsec_rule.main_aseweb_attacktool_3000129",
            "module.security.akamai_appsec_rule.main_aseweb_attacktool_3000137",
            "module.security.akamai_appsec_rule.main_aseweb_attacktool_3000138",
            "module.security.akamai_appsec_rule.main_aseweb_attacktool_3000140",
            "module.security.akamai_appsec_rule.main_aseweb_attacktool_3000157",
            "module.security.akamai_appsec_rule.main_aseweb_attacktool_3000162",
            "module.security.akamai_appsec_rule.main_aseweb_attacktool_3000164",
            "module.security.akamai_appsec_rule.main_aseweb_attacktool_3000600",
            "module.security.akamai_appsec_rule.main_aseweb_attacktool_3000601",
            "module.security.akamai_appsec_rule.main_aseweb_attacktool_3000602",
            "module.security.akamai_appsec_rule.main_aseweb_attacktool_999002",
            "module.security.akamai_appsec_rule.main_aseweb_attacktool_999901",
            "module.security.akamai_appsec_rule.main_aseweb_attacktool_999902",
            "module.security.akamai_appsec_rule.main_aseweb_attackwat_3000159",
            "module.security.akamai_appsec_rule.main_aseweb_attackwat_3000160",
            "module.security.akamai_appsec_rule.main_aseweb_attackwat_3000161",
            "module.security.akamai_appsec_rule.main_aseweb_attackwat_3000163",
            "module.security.akamai_appsec_rule.main_aseweb_attackxss_3000037",
            "module.security.akamai_appsec_rule.main_aseweb_attackxss_3000038",
            "module.security.akamai_appsec_rule.main_aseweb_attackxss_3000039",
            "module.security.akamai_appsec_rule.main_aseweb_attackxss_3000057",
            "module.security.akamai_appsec_rule.main_aseweb_attackxss_3000061",
            "module.security.akamai_appsec_rule.main_aseweb_attackxss_3000080",
            "module.security.akamai_appsec_rule.main_aseweb_attackxss_3000081",
            "module.security.akamai_appsec_rule.main_aseweb_attackxss_3000110",
            "module.security.akamai_appsec_rule.main_aseweb_attackxss_3000111",
            "module.security.akamai_appsec_rule.main_aseweb_attackxss_3000112",
            "module.security.akamai_appsec_rule.main_aseweb_attackxss_3000113",
            "module.security.akamai_appsec_rule.main_aseweb_attackxss_3000114",
            "module.security.akamai_appsec_rule.main_aseweb_attackxss_3000116",
            "module.security.akamai_appsec_rule.main_aseweb_attackxss_3000119",
            "module.security.akamai_appsec_rule.main_aseweb_attackxss_3000128",
            "module.security.akamai_appsec_rule.main_aseweb_attackxss_3000211",
            "module.security.akamai_appsec_rule.main_aseweb_attackxss_3000212",
            "module.security.akamai_appsec_rule.main_aseweb_attackxss_3000213",
            "module.security.akamai_appsec_rule.main_aseweb_attackxss_3000214",
            "module.security.akamai_appsec_rule.main_aseweb_attackxss_3000215",
            "module.security.akamai_appsec_rule.main_aseweb_attackxss_3000216",
            "module.security.akamai_appsec_rule.main_aseweb_attackxss_3000217",
            "module.security.akamai_appsec_rule.main_aseweb_attackxss_3000218",
            "module.security.akamai_appsec_rule.main_aseweb_attackxss_3000219",
            "module.security.akamai_appsec_rule.main_aseweb_attackxss_958003",
            "module.security.akamai_appsec_rule.main_aseweb_attackxss_958008",
            "module.security.akamai_appsec_rule.main_aseweb_attackxss_958023",
            "module.security.akamai_appsec_rule.main_aseweb_attackxss_958034",
            "module.security.akamai_appsec_rule.main_aseweb_attackxss_958051",
            "module.security.akamai_appsec_rule.main_aseweb_attackxss_958052",
            "module.security.akamai_appsec_rule.main_aseweb_attackxss_973305",
            "module.security.akamai_appsec_rule.main_aseweb_attackxss_973307",
            "module.security.akamai_appsec_rule.main_aseweb_attackxss_973311",
            "module.security.akamai_appsec_rule.main_aseweb_attackxss_973312",
            "module.security.akamai_appsec_rule.main_aseweb_attackxss_973335",
            "module.security.akamai_appsec_security_policy.main",
            "module.security.akamai_appsec_siem_settings.siem",
            "module.security.akamai_appsec_slow_post.main",
            "module.security.akamai_appsec_slowpost_protection.main",
            "module.security.akamai_appsec_version_notes.version_notes",
            "module.security.akamai_appsec_waf_mode.main",
            "module.security.akamai_appsec_waf_protection.main",
            "module.security.akamai_botman_akamai_bot_category_action.main_academic_or_research_bots_0c508e1d-73a4-4366-9e48-3c4a080f1c5d",
            "module.security.akamai_botman_akamai_bot_category_action.main_artificial_intelligence_ai_bots_352fca87-71ee-4b8d-ae15-d36772556072",
            "module.security.akamai_botman_akamai_bot_category_action.main_automated_shopping_cart_and_sniper_bots_75493431-b41a-492c-8324-f12158783ce1",
            "module.security.akamai_botman_akamai_bot_category_action.main_business_intelligence_bots_8a70d29c-a491-4583-9768-7deea2f379c1",
            "module.security.akamai_botman_akamai_bot_category_action.main_ecommerce_search_engine_bots_47bcfb70-f3f5-458b-8f7c-1773b14bc6a4",
            "module.security.akamai_botman_akamai_bot_category_action.main_enterprise_data_aggregator_bots_50395ad2-2673-41a4-b317-9b70742fd40f",
            "module.security.akamai_botman_akamai_bot_category_action.main_financial_account_aggregator_bots_c6692e03-d3a8-49b0-9566-5003eeaddbc1",
            "module.security.akamai_botman_akamai_bot_category_action.main_financial_services_bots_53598904-21f5-46b1-8b51-1b991beef73b",
            "module.security.akamai_botman_akamai_bot_category_action.main_job_search_engine_bots_2f169206-f32c-48f7-b281-d534cf1ceeb3",
            "module.security.akamai_botman_akamai_bot_category_action.main_media_or_entertainment_search_bots_dff258d5-b1ad-4bbb-b1d1-cf8e700e5bba",
            "module.security.akamai_botman_akamai_bot_category_action.main_news_aggregator_bots_ade03247-6519-4591-8458-9b7347004b63",
            "module.security.akamai_botman_akamai_bot_category_action.main_online_advertising_bots_36b27e0c-76fc-44a4-b913-c598c5af8bba",
            "module.security.akamai_botman_akamai_bot_category_action.main_rss_feed_reader_bots_b58c9929-9fd0-45f7-86f4-1d6259285c3c",
            "module.security.akamai_botman_akamai_bot_category_action.main_seo_analytics_or_marketing_bots_f7558c03-9033-46ce-bbda-10eeda62a5d4",
            "module.security.akamai_botman_akamai_bot_category_action.main_site_monitoring_and_web_development_bots_07782c03-8d21-4491-9078-b83514e6508f",
            "module.security.akamai_botman_akamai_bot_category_action.main_social_media_or_blog_bots_7035af8d-148c-429a-89da-de41e68c72d8",
            "module.security.akamai_botman_akamai_bot_category_action.main_web_archiver_bots_831ef84a-c2bb-4b0d-b90d-bcd16793b830",
            "module.security.akamai_botman_akamai_bot_category_action.main_web_search_engine_bots_4e14219f-6568-4c9d-9bd8-b29ca2afc422",
            "module.security.akamai_botman_bot_analytics_cookie.bot_analytics_cookie",
            "module.security.akamai_botman_bot_detection_action.main_aggressive_web_crawlers_5bc041ad-c840-4202-9c2e-d7fc873dbeaf",
            "module.security.akamai_botman_bot_detection_action.main_browser_impersonator_a3b92f75-fa5d-436e-b066-426fc2919968",
            "module.security.akamai_botman_bot_detection_action.main_chrome__firefox_signature_anomaly_ec9fef6b-df3e-444c-8fd6-8f3a15373722",
            "module.security.akamai_botman_bot_detection_action.main_chrome_signature_anomaly_fcf46e35-aadf-400c-9f57-8c15f75f1e06",
            "module.security.akamai_botman_bot_detection_action.main_chrome_version_anomaly_b19372d4-8e47-45bd-9e7f-69144633af1c",
            "module.security.akamai_botman_bot_detection_action.main_chrome_version_anomaly_d064daa7-d5c9-44f5-8389-da974e3d2bfd",
            "module.security.akamai_botman_bot_detection_action.main_client_disabled_javascript_noscript_triggered_c5623efa-f326-41d1-9601-a2d201bedf63",
            "module.security.akamai_botman_bot_detection_action.main_comes_from_a_proxy_e8243c1f-3622-4186-adea-39334070a64a",
            "module.security.akamai_botman_bot_detection_action.main_cookie_integrity_failed_4f1fd3ea-7072-4cd0-8d12-24f275e6c75d",
            "module.security.akamai_botman_bot_detection_action.main_declared_bots_keyword_match_074df68e-fb28-432a-ac6d-7cfb958425f1",
            "module.security.akamai_botman_bot_detection_action.main_development_frameworks_da005ad3-8bbb-43c8-a783-d97d1fb71ad2",
            "module.security.akamai_botman_bot_detection_action.main_firefox_signature_anomaly_4575a99c-4c77-483f-9578-9760d652acd9",
            "module.security.akamai_botman_bot_detection_action.main_firefox_version_anomaly_324db2a2-438e-45c3-95cc-f4f9c6e22449",
            "module.security.akamai_botman_bot_detection_action.main_firefox_version_anomaly_3829f5db-bc06-4c53-a17d-ae857bc72b77",
            "module.security.akamai_botman_bot_detection_action.main_headless_browsersautomation_tools_b88cba13-4d11-46fe-a7e0-b47e78892dc4",
            "module.security.akamai_botman_bot_detection_action.main_http_connection_anomaly_4ac19d79-2b09-4369-90ab-437153c051a8",
            "module.security.akamai_botman_bot_detection_action.main_http_head_method_used_ddd807da-8d9d-4d7b-81b1-ee0ce6b8f79d",
            "module.security.akamai_botman_bot_detection_action.main_http_header_anomaly_1dbdc168-77d5-443d-903d-279262c5ecd5",
            "module.security.akamai_botman_bot_detection_action.main_http_header_anomaly_4df4a8c6-568e-4484-a9e3-43c16707385c",
            "module.security.akamai_botman_bot_detection_action.main_http_header_anomaly_85a68074-a077-43e2-ab22-71e6b97a944c",
            "module.security.akamai_botman_bot_detection_action.main_http_header_anomaly_98dc4f86-dac8-43e2-a4ad-125d2e5d5ce8",
            "module.security.akamai_botman_bot_detection_action.main_http_libraries_578dad32-024b-48b4-930c-db81831686f4",
            "module.security.akamai_botman_bot_detection_action.main_http_protocol_version_10_or_lower_0a0814bf-e92f-4950-8b6b-97586ed404ce",
            "module.security.akamai_botman_bot_detection_action.main_impersonators_of_known_bots_fda1ffb9-ef46-4570-929c-7449c0c750f8",
            "module.security.akamai_botman_bot_detection_action.main_internet_explorer_signature_anomaly_a856cedb-a315-404e-a8cd-c0c7472eca6b",
            "module.security.akamai_botman_bot_detection_action.main_internet_explorer_version_anomaly_bda9f294-7472-45a0-bd7e-68e8db336f6f",
            "module.security.akamai_botman_bot_detection_action.main_invalid_http_request_0f116fb8-8fc2-4aa8-b85a-22ee02cf8be8",
            "module.security.akamai_botman_bot_detection_action.main_invalid_http_request_20c6d350-dc73-403f-a3df-3c3eb9c92131",
            "module.security.akamai_botman_bot_detection_action.main_invalid_http_request_d39a6d53-ca93-41e1-8bc1-4119bdcc4155",
            "module.security.akamai_botman_bot_detection_action.main_invalid_http_request_f12ade8f-0c27-4cc7-897d-661ed1338df6",
            "module.security.akamai_botman_bot_detection_action.main_javascript_fingerprint_anomaly_393cba3d-656f-48f1-abe4-8dd5028c6871",
            "module.security.akamai_botman_bot_detection_action.main_javascript_fingerprint_not_received_c7f70f75-e3e2-4181-8ef8-30afb6576147",
            "module.security.akamai_botman_bot_detection_action.main_missing_acceptencoding_header_305757fb-cd91-4e5e-8390-64609e949c2f",
            "module.security.akamai_botman_bot_detection_action.main_missing_acceptlanguage_header_47fee787-63ab-4a67-a1b3-5d97a6daaf77",
            "module.security.akamai_botman_bot_detection_action.main_missing_connection_header_b4b38b0b-8ef4-4b7b-87b5-722c710505d6",
            "module.security.akamai_botman_bot_detection_action.main_missing_cookie_header_57ba6bcb-0d7c-41ac-90ed-aaecd00f97dd",
            "module.security.akamai_botman_bot_detection_action.main_missing_referer_header_d98b103e-d02a-47d1-9b17-3c74291d3d32",
            "module.security.akamai_botman_bot_detection_action.main_missingcontains_empty_accept_header_705c0f62-6735-4670-9b5b-c61b8b225cd4",
            "module.security.akamai_botman_bot_detection_action.main_missingcontains_empty_useragent_header_a17f3a02-f8ca-400e-96c4-9d2200ff3768",
            "module.security.akamai_botman_bot_detection_action.main_mozilla_version_anomaly_994c56b3-4b37-4e8f-8f67-07378b08da9d",
            "module.security.akamai_botman_bot_detection_action.main_ms_edge_signature_anomaly_e899769f-d537-4204-8548-7b3b8c879121",
            "module.security.akamai_botman_bot_detection_action.main_open_source_crawlersscraping_platforms_601192ae-f5e2-4a29-8f75-a0bcd3584c2b",
            "module.security.akamai_botman_bot_detection_action.main_opera_v9_and_above_signature_anomaly_eb63ce9c-2119-420b-9fcc-a96ea5aa8453",
            "module.security.akamai_botman_bot_detection_action.main_originates_from_cloud_iaas_provider_network_1f4dd032-7cd0-4277-b703-7bb738a8ba71",
            "module.security.akamai_botman_bot_detection_action.main_perl_lwp_detected_4f1d7c15-356d-4bb2-b52c-ff12dbf2fd29",
            "module.security.akamai_botman_bot_detection_action.main_phantomjs_detected_715b8ee1-5881-407d-b6b8-5db24b17cff5",
            "module.security.akamai_botman_bot_detection_action.main_python_urllib_detected_82636d9c-90c9-449f-b2c0-8ecfe4ecec92",
            "module.security.akamai_botman_bot_detection_action.main_request_anomaly_deprecated_3f799d4b-33b9-496b-af87-9ad174779e3d",
            "module.security.akamai_botman_bot_detection_action.main_ruby_net_detected_e8dbf4fd-1aaf-41bf-baa1-a17503b2c7f8",
            "module.security.akamai_botman_bot_detection_action.main_safari_signature_anomaly_2814da26-5280-449d-a0d3-a64ddea3c128",
            "module.security.akamai_botman_bot_detection_action.main_safari_version_anomaly_444e9509-1d9f-44b8-8f73-bbf71dc3f4d1",
            "module.security.akamai_botman_bot_detection_action.main_session_cookie_abuse_detection_7af8f977-0d3f-446f-ae48-7e6973c75479",
            "module.security.akamai_botman_bot_detection_action.main_session_validation_1bb748e2-b3ad-41db-85fa-c69e62be59dc",
            "module.security.akamai_botman_bot_detection_action.main_useragent_header_anomaly_56c2a7f3-9d4f-4685-9544-521bcb00c612",
            "module.security.akamai_botman_bot_detection_action.main_useragent_header_anomaly_973b4b4e-44c7-4067-9ee0-b791b580cb9e",
            "module.security.akamai_botman_bot_detection_action.main_useragent_header_anomaly_d00e788b-8916-4181-9922-71c749ed1752",
            "module.security.akamai_botman_bot_detection_action.main_web_scraper_reputation_9712ab32-83bb-43ab-a46d-4c2a5a42e7e2",
            "module.security.akamai_botman_bot_detection_action.main_web_services_libraries_872ed6c2-514c-4055-9c44-9782b1c783bf",
            "module.security.akamai_botman_bot_management_settings.main",
            "module.security.akamai_botman_challenge_action.challenge_30_seconds_challenge_107240",
            "module.security.akamai_botman_challenge_action.challenge_8_seconds_challenge_165624",
            "module.security.akamai_botman_challenge_injection_rules.challenge_injection_rules",
            "module.security.akamai_botman_client_side_security.client_side_security",
            "module.security.akamai_botman_conditional_action.challenge_for_mfa_countries_cond_action_165667",
            "module.security.akamai_botman_content_protection_rule.main_dwd_1735954c-10fb-426e-aaea-e2e0776156ae",
            "module.security.akamai_botman_content_protection_rule.main_test_95faf808-cb94-458e-a41a-30e244f4c290",
            "module.security.akamai_botman_content_protection_rule_sequence.main_sequence",
            "module.security.akamai_botman_custom_bot_category.allowed_39e23449-6d3e-43e5-bedf-f58687796270",
            "module.security.akamai_botman_custom_bot_category.denied_bots_55b30381-8920-47d5-b2e6-0f3ba917dd12",
            "module.security.akamai_botman_custom_bot_category.partner_bots_fc377e08-7678-4012-a5b1-d2e8367ce558",
            "module.security.akamai_botman_custom_bot_category_action.main_allowed_39e23449-6d3e-43e5-bedf-f58687796270",
            "module.security.akamai_botman_custom_bot_category_action.main_denied_bots_55b30381-8920-47d5-b2e6-0f3ba917dd12",
            "module.security.akamai_botman_custom_bot_category_action.main_partner_bots_fc377e08-7678-4012-a5b1-d2e8367ce558",
            "module.security.akamai_botman_custom_bot_category_sequence.custom_bot_category_sequence",
            "module.security.akamai_botman_custom_defined_bot.missing_headers_697d1f61-3e9e-44ff-bf43-e91bc993636f",
            "module.security.akamai_botman_javascript_injection.main",
            "module.security.akamai_botman_transactional_endpoint.main_9f1d01fe-0884-43c4-9639-9fc9d3747ad2",
            "module.security.akamai_botman_transactional_endpoint_protection.transactional_endpoint_protection",
            "module.security.data.akamai_group.group"
          ]
        }
      ]
    },
    {
      "module": "module.security",
      "mode": "data",
      "type": "akamai_group",
      "name": "group",
      "provider": "provider[\"registry.terraform.io/akamai/akamai\"]",
      "instances": [
        {
          "schema_version": 0,
          "attributes": {
            "contract_id": "",
            "group_name": "Przemek W",
            "id": "grp_154626"
          },
          "sensitive_attributes": []
        }
      ]
    },
    {
      "module": "module.security",
      "mode": "managed",
      "type": "akamai_appsec_advanced_settings_attack_payload_logging",
      "name": "attack_payload_logging",
      "provider": "provider[\"registry.terraform.io/akamai/akamai\"]",
      "instances": [
        {
          "schema_version": 0,
          "attributes": {
            "attack_payload_logging": "{\"override\":false,\"enabled\":true,\"requestBody\":{\"type\":\"ATTACK_PAYLOAD\"},\"responseBody\":{\"type\":\"ATTACK_PAYLOAD\"}}",
            "config_id": 74502,
            "id": "74502:",
            "security_policy_id": ""
          },
          "sensitive_attributes": [],
          "private": "eyJzY2hlbWFfdmVyc2lvbiI6IjAifQ==",
          "dependencies": [
            "module.security.akamai_appsec_configuration.config",
            "module.security.data.akamai_group.group"
          ]
        }
      ]
    },
    {
      "module": "module.security",
      "mode": "managed",
      "type": "akamai_appsec_advanced_settings_evasive_path_match",
      "name": "evasive_path_match",
      "provider": "provider[\"registry.terraform.io/akamai/akamai\"]",
      "instances": [
        {
          "schema_version": 0,
          "attributes": {
            "config_id": 74502,
            "enable_path_match": true,
            "id": "74502",
            "security_policy_id": ""
          },
          "sensitive_attributes": [],
          "private": "eyJzY2hlbWFfdmVyc2lvbiI6IjAifQ==",
          "dependencies": [
            "module.security.akamai_appsec_configuration.config",
            "module.security.data.akamai_group.group"
          ]
        }
      ]
    },
    {
      "module": "module.security",
      "mode": "managed",
      "type": "akamai_appsec_advanced_settings_evasive_path_match",
      "name": "main",
      "provider": "provider[\"registry.terraform.io/akamai/akamai\"]",
      "instances": [
        {
          "schema_version": 0,
          "attributes": {
            "config_id": 74502,
            "enable_path_match": true,
            "id": "74502:0001_122739",
            "security_policy_id": "0001_122739"
          },
          "sensitive_attributes": [],
          "private": "eyJzY2hlbWFfdmVyc2lvbiI6IjAifQ==",
          "dependencies": [
            "module.security.akamai_appsec_configuration.config",
            "module.security.akamai_appsec_security_policy.main",
            "module.security.data.akamai_group.group"
          ]
        }
      ]
    },
    {
      "module": "module.security",
      "mode": "managed",
      "type": "akamai_appsec_advanced_settings_logging",
      "name": "logging",
      "provider": "provider[\"registry.terraform.io/akamai/akamai\"]",
      "instances": [
        {
          "schema_version": 0,
          "attributes": {
            "config_id": 74502,
            "id": "74502",
            "logging": "{\"allowSampling\":true,\"cookies\":{\"type\":\"all\"},\"customHeaders\":{\"type\":\"all\"},\"standardHeaders\":{\"type\":\"all\"}}",
            "security_policy_id": ""
          },
          "sensitive_attributes": [],
          "private": "eyJzY2hlbWFfdmVyc2lvbiI6IjAifQ==",
          "dependencies": [
            "module.security.akamai_appsec_configuration.config",
            "module.security.data.akamai_group.group"
          ]
        }
      ]
    },
    {
      "module": "module.security",
      "mode": "managed",
      "type": "akamai_appsec_advanced_settings_pii_learning",
      "name": "pii_learning",
      "provider": "provider[\"registry.terraform.io/akamai/akamai\"]",
      "instances": [
        {
          "schema_version": 0,
          "attributes": {
            "config_id": 74502,
            "enable_pii_learning": true,
            "id": "74502"
          },
          "sensitive_attributes": [],
          "private": "eyJzY2hlbWFfdmVyc2lvbiI6IjAifQ==",
          "dependencies": [
            "module.security.akamai_appsec_configuration.config",
            "module.security.data.akamai_group.group"
          ]
        }
      ]
    },
    {
      "module": "module.security",
      "mode": "managed",
      "type": "akamai_appsec_advanced_settings_pragma_header",
      "name": "pragma_header",
      "provider": "provider[\"registry.terraform.io/akamai/akamai\"]",
      "instances": [
        {
          "schema_version": 0,
          "attributes": {
            "config_id": 74502,
            "id": "74502",
            "pragma_header": "{\"action\":\"REMOVE\",\"conditionOperator\":\"AND\",\"excludeCondition\":[{\"type\":\"requestHeaderValueMatch\",\"positiveMatch\":true,\"header\":\"xpragma\",\"value\":[\"1\"],\"name\":\"\",\"valueCase\":false,\"valueWildcard\":false,\"useHeaders\":false}]}",
            "security_policy_id": ""
          },
          "sensitive_attributes": [],
          "private": "eyJzY2hlbWFfdmVyc2lvbiI6IjAifQ==",
          "dependencies": [
            "module.security.akamai_appsec_configuration.config",
            "module.security.data.akamai_group.group"
          ]
        }
      ]
    },
    {
      "module": "module.security",
      "mode": "managed",
      "type": "akamai_appsec_advanced_settings_prefetch",
      "name": "prefetch",
      "provider": "provider[\"registry.terraform.io/akamai/akamai\"]",
      "instances": [
        {
          "schema_version": 0,
          "attributes": {
            "all_extensions": false,
            "config_id": 74502,
            "enable_app_layer": true,
            "enable_rate_controls": false,
            "extensions": [
              "EMPTY_STRING",
              "asp",
              "aspx",
              "cgi",
              "jsp",
              "php",
              "py"
            ],
            "id": "74502"
          },
          "sensitive_attributes": [],
          "private": "eyJzY2hlbWFfdmVyc2lvbiI6IjAifQ==",
          "dependencies": [
            "module.security.akamai_appsec_configuration.config",
            "module.security.data.akamai_group.group"
          ]
        }
      ]
    },
    {
      "module": "module.security",
      "mode": "managed",
      "type": "akamai_appsec_advanced_settings_request_body",
      "name": "config_settings",
      "provider": "provider[\"registry.terraform.io/akamai/akamai\"]",
      "instances": [
        {
          "schema_version": 0,
          "attributes": {
            "config_id": 74502,
            "id": "74502:",
            "request_body_inspection_limit": "default",
            "request_body_inspection_limit_override": true,
            "security_policy_id": ""
          },
          "sensitive_attributes": [],
          "private": "bnVsbA==",
          "dependencies": [
            "module.security.akamai_appsec_configuration.config",
            "module.security.data.akamai_group.group"
          ]
        }
      ]
    },
    {
      "module": "module.security",
      "mode": "managed",
      "type": "akamai_appsec_api_constraints_protection",
      "name": "main",
      "provider": "provider[\"registry.terraform.io/akamai/akamai\"]",
      "instances": [
        {
          "schema_version": 0,
          "attributes": {
            "config_id": 74502,
            "enabled": true,
            "id": "74502:0001_122739",
            "output_text": "\n+------------------------------------------------------------------------------------------------------------------------------------------------------------+\n| Security Policy Protections                                                                                                                                |\n+----------------+--------------------------+----------------+-----------------+----------------------+--------------+--------------------+------------------+\n| APICONSTRAINTS | APPLICATIONLAYERCONTROLS | BOTMANCONTROLS | MALWARECONTROLS | NETWORKLAYERCONTROLS | RATECONTROLS | REPUTATIONCONTROLS | SLOWPOSTCONTROLS |\n+----------------+--------------------------+----------------+-----------------+----------------------+--------------+--------------------+------------------+\n| true           | true                     | true           | false           | true                 | true         | true               | true             |\n+----------------+--------------------------+----------------+-----------------+----------------------+--------------+--------------------+------------------+\n",
            "security_policy_id": "0001_122739"
          },
          "sensitive_attributes": [],
          "private": "eyJzY2hlbWFfdmVyc2lvbiI6IjAifQ==",
          "dependencies": [
            "module.security.akamai_appsec_configuration.config",
            "module.security.akamai_appsec_security_policy.main",
            "module.security.akamai_appsec_waf_protection.main",
            "module.security.data.akamai_group.group"
          ]
        }
      ]
    },
    {
      "module": "module.security",
      "mode": "managed",
      "type": "akamai_appsec_api_request_constraints",
      "name": "main_738944",
      "provider": "provider[\"registry.terraform.io/akamai/akamai\"]",
      "instances": [
        {
          "schema_version": 0,
          "attributes": {
            "action": "none",
            "api_endpoint_id": 738944,
            "config_id": 74502,
            "id": "74502:0001_122739:738944",
            "security_policy_id": "0001_122739"
          },
          "sensitive_attributes": [],
          "private": "eyJzY2hlbWFfdmVyc2lvbiI6IjAifQ==",
          "dependencies": [
            "module.security.akamai_appsec_api_constraints_protection.main",
            "module.security.akamai_appsec_configuration.config",
            "module.security.akamai_appsec_security_policy.main",
            "module.security.akamai_appsec_waf_protection.main",
            "module.security.data.akamai_group.group"
          ]
        }
      ]
    },
    {
      "module": "module.security",
      "mode": "managed",
      "type": "akamai_appsec_api_request_constraints",
      "name": "main_790817",
      "provider": "provider[\"registry.terraform.io/akamai/akamai\"]",
      "instances": [
        {
          "schema_version": 0,
          "attributes": {
            "action": "alert",
            "api_endpoint_id": 790817,
            "config_id": 74502,
            "id": "74502:0001_122739:790817",
            "security_policy_id": "0001_122739"
          },
          "sensitive_attributes": [],
          "private": "eyJzY2hlbWFfdmVyc2lvbiI6IjAifQ==",
          "dependencies": [
            "module.security.akamai_appsec_api_constraints_protection.main",
            "module.security.akamai_appsec_configuration.config",
            "module.security.akamai_appsec_security_policy.main",
            "module.security.akamai_appsec_waf_protection.main",
            "module.security.data.akamai_group.group"
          ]
        }
      ]
    },
    {
      "module": "module.security",
      "mode": "managed",
      "type": "akamai_appsec_attack_group",
      "name": "main_CMD",
      "provider": "provider[\"registry.terraform.io/akamai/akamai\"]",
      "instances": [
        {
          "schema_version": 0,
          "attributes": {
            "attack_group": "CMD",
            "attack_group_action": "deny",
            "condition_exception": null,
            "config_id": 74502,
            "id": "74502:0001_122739:CMD",
            "security_policy_id": "0001_122739"
          },
          "sensitive_attributes": [],
          "private": "eyJzY2hlbWFfdmVyc2lvbiI6IjAifQ==",
          "dependencies": [
            "module.security.akamai_appsec_configuration.config",
            "module.security.akamai_appsec_security_policy.main",
            "module.security.akamai_appsec_waf_protection.main",
            "module.security.data.akamai_group.group"
          ]
        }
      ]
    },
    {
      "module": "module.security",
      "mode": "managed",
      "type": "akamai_appsec_attack_group",
      "name": "main_LFI",
      "provider": "provider[\"registry.terraform.io/akamai/akamai\"]",
      "instances": [
        {
          "schema_version": 0,
          "attributes": {
            "attack_group": "LFI",
            "attack_group_action": "deny",
            "condition_exception": null,
            "config_id": 74502,
            "id": "74502:0001_122739:LFI",
            "security_policy_id": "0001_122739"
          },
          "sensitive_attributes": [],
          "private": "eyJzY2hlbWFfdmVyc2lvbiI6IjAifQ==",
          "dependencies": [
            "module.security.akamai_appsec_configuration.config",
            "module.security.akamai_appsec_security_policy.main",
            "module.security.akamai_appsec_waf_protection.main",
            "module.security.data.akamai_group.group"
          ]
        }
      ]
    },
    {
      "module": "module.security",
      "mode": "managed",
      "type": "akamai_appsec_attack_group",
      "name": "main_PLATFORM",
      "provider": "provider[\"registry.terraform.io/akamai/akamai\"]",
      "instances": [
        {
          "schema_version": 0,
          "attributes": {
            "attack_group": "PLATFORM",
            "attack_group_action": "deny",
            "condition_exception": null,
            "config_id": 74502,
            "id": "74502:0001_122739:PLATFORM",
            "security_policy_id": "0001_122739"
          },
          "sensitive_attributes": [],
          "private": "eyJzY2hlbWFfdmVyc2lvbiI6IjAifQ==",
          "dependencies": [
            "module.security.akamai_appsec_configuration.config",
            "module.security.akamai_appsec_security_policy.main",
            "module.security.akamai_appsec_waf_protection.main",
            "module.security.data.akamai_group.group"
          ]
        }
      ]
    },
    {
      "module": "module.security",
      "mode": "managed",
      "type": "akamai_appsec_attack_group",
      "name": "main_POLICY",
      "provider": "provider[\"registry.terraform.io/akamai/akamai\"]",
      "instances": [
        {
          "schema_version": 0,
          "attributes": {
            "attack_group": "POLICY",
            "attack_group_action": "deny",
            "condition_exception": null,
            "config_id": 74502,
            "id": "74502:0001_122739:POLICY",
            "security_policy_id": "0001_122739"
          },
          "sensitive_attributes": [],
          "private": "bnVsbA==",
          "dependencies": [
            "module.security.akamai_appsec_configuration.config",
            "module.security.akamai_appsec_security_policy.main",
            "module.security.akamai_appsec_waf_protection.main",
            "module.security.data.akamai_group.group"
          ]
        }
      ]
    },
    {
      "module": "module.security",
      "mode": "managed",
      "type": "akamai_appsec_attack_group",
      "name": "main_PROTOCOL",
      "provider": "provider[\"registry.terraform.io/akamai/akamai\"]",
      "instances": [
        {
          "schema_version": 0,
          "attributes": {
            "attack_group": "PROTOCOL",
            "attack_group_action": "deny",
            "condition_exception": null,
            "config_id": 74502,
            "id": "74502:0001_122739:PROTOCOL",
            "security_policy_id": "0001_122739"
          },
          "sensitive_attributes": [],
          "private": "eyJzY2hlbWFfdmVyc2lvbiI6IjAifQ==",
          "dependencies": [
            "module.security.akamai_appsec_configuration.config",
            "module.security.akamai_appsec_security_policy.main",
            "module.security.akamai_appsec_waf_protection.main",
            "module.security.data.akamai_group.group"
          ]
        }
      ]
    },
    {
      "module": "module.security",
      "mode": "managed",
      "type": "akamai_appsec_attack_group",
      "name": "main_RFI",
      "provider": "provider[\"registry.terraform.io/akamai/akamai\"]",
      "instances": [
        {
          "schema_version": 0,
          "attributes": {
            "attack_group": "RFI",
            "attack_group_action": "deny",
            "condition_exception": null,
            "config_id": 74502,
            "id": "74502:0001_122739:RFI",
            "security_policy_id": "0001_122739"
          },
          "sensitive_attributes": [],
          "private": "eyJzY2hlbWFfdmVyc2lvbiI6IjAifQ==",
          "dependencies": [
            "module.security.akamai_appsec_configuration.config",
            "module.security.akamai_appsec_security_policy.main",
            "module.security.akamai_appsec_waf_protection.main",
            "module.security.data.akamai_group.group"
          ]
        }
      ]
    },
    {
      "module": "module.security",
      "mode": "managed",
      "type": "akamai_appsec_attack_group",
      "name": "main_SQL",
      "provider": "provider[\"registry.terraform.io/akamai/akamai\"]",
      "instances": [
        {
          "schema_version": 0,
          "attributes": {
            "attack_group": "SQL",
            "attack_group_action": "deny",
            "condition_exception": "{\"advancedExceptions\":{\"specificHeaderCookieParamXmlOrJsonNames\":[{\"criteria\":[{\"hostnames\":[\"ALL\"],\"names\":[\"_dashboardexpr\"],\"paths\":[\"/xmlpserver/Insights/BIP%20Reports/Reports/ACX.xdo\"]}],\"selector\":\"ARGS\",\"wildcard\":true}]}}",
            "config_id": 74502,
            "id": "74502:0001_122739:SQL",
            "security_policy_id": "0001_122739"
          },
          "sensitive_attributes": [],
          "private": "eyJzY2hlbWFfdmVyc2lvbiI6IjAifQ==",
          "dependencies": [
            "module.security.akamai_appsec_configuration.config",
            "module.security.akamai_appsec_security_policy.main",
            "module.security.akamai_appsec_waf_protection.main",
            "module.security.data.akamai_group.group"
          ]
        }
      ]
    },
    {
      "module": "module.security",
      "mode": "managed",
      "type": "akamai_appsec_attack_group",
      "name": "main_WAT",
      "provider": "provider[\"registry.terraform.io/akamai/akamai\"]",
      "instances": [
        {
          "schema_version": 0,
          "attributes": {
            "attack_group": "WAT",
            "attack_group_action": "deny",
            "condition_exception": null,
            "config_id": 74502,
            "id": "74502:0001_122739:WAT",
            "security_policy_id": "0001_122739"
          },
          "sensitive_attributes": [],
          "private": "eyJzY2hlbWFfdmVyc2lvbiI6IjAifQ==",
          "dependencies": [
            "module.security.akamai_appsec_configuration.config",
            "module.security.akamai_appsec_security_policy.main",
            "module.security.akamai_appsec_waf_protection.main",
            "module.security.data.akamai_group.group"
          ]
        }
      ]
    },
    {
      "module": "module.security",
      "mode": "managed",
      "type": "akamai_appsec_attack_group",
      "name": "main_XSS",
      "provider": "provider[\"registry.terraform.io/akamai/akamai\"]",
      "instances": [
        {
          "schema_version": 0,
          "attributes": {
            "attack_group": "XSS",
            "attack_group_action": "deny",
            "condition_exception": null,
            "config_id": 74502,
            "id": "74502:0001_122739:XSS",
            "security_policy_id": "0001_122739"
          },
          "sensitive_attributes": [],
          "private": "eyJzY2hlbWFfdmVyc2lvbiI6IjAifQ==",
          "dependencies": [
            "module.security.akamai_appsec_configuration.config",
            "module.security.akamai_appsec_security_policy.main",
            "module.security.akamai_appsec_waf_protection.main",
            "module.security.data.akamai_group.group"
          ]
        }
      ]
    },
    {
      "module": "module.security",
      "mode": "managed",
      "type": "akamai_appsec_configuration",
      "name": "config",
      "provider": "provider[\"registry.terraform.io/akamai/akamai\"]",
      "instances": [
        {
          "schema_version": 0,
          "attributes": {
            "config_id": 74502,
            "contract_id": "",
            "create_from_config_id": null,
            "create_from_version": null,
            "description": "Created by Terraform",
            "group_id": 154626,
            "host_names": [
              "101ea80c231c.mylabserver.com",
              "101ea80c232c.mylabserver.com"
            ],
            "id": "74502",
            "name": "_strojny"
          },
          "sensitive_attributes": [],
          "private": "bnVsbA==",
          "dependencies": [
            "module.security.data.akamai_group.group"
          ]
        }
      ]
    },
    {
      "module": "module.security",
      "mode": "managed",
      "type": "akamai_appsec_custom_deny",
      "name": "ak_444_deny_deny_custom_168153",
      "provider": "provider[\"registry.terraform.io/akamai/akamai\"]",
      "instances": [
        {
          "schema_version": 0,
          "attributes": {
            "config_id": 74502,
            "custom_deny": "{\"name\":\"444 Deny\",\"parameters\":[{\"name\":\"prevent_browser_cache\",\"value\":\"true\"},{\"name\":\"response_body_content\",\"value\":\"\\u003c!doctype html\\u003e\\n\\u003chtml\\u003e\\n\\u003chead\\u003e\\n    \\u003ctitle\\u003eSite Maintenance\\u003c/title\\u003e\\n    \\u003cstyle type=\\\"text/css\\\"\\u003ebody { text-align: center; padding: 150px; }h1 { font-size: 40px; }body { font: 16px \\nHelvetica, sans-serif; color: #333; }#error { display: block; text-align: left; width: 650px; margin: 0 auto; } \\n\\u003c/style\\u003e\\n\\u003c/head\\u003e\\n\\u003cbody\\u003e\\n    \\u003cdiv id=\\\"error\\\"\\u003e\\n    \\u003ch1\\u003eOops! Something went wrong\\u003c/h1\\u003e\\n    \\u003cdiv\\u003e\\n        \\u003chr\\u003e\\n        \\u003cp\\u003ePlease contact your administrator with the error code: %(AK_REFERENCE_ID)\\u003c/p\\u003e\\n    \\u003c/div\\u003e\\n    \\u003c/div\\u003e\\n\\u003c/body\\u003e\\n\\u003c/html\\u003e\"},{\"name\":\"response_content_type\",\"value\":\"application/xml\"},{\"name\":\"response_status_code\",\"value\":\"444\"}]}",
            "custom_deny_id": "deny_custom_168153",
            "id": "74502:deny_custom_168153"
          },
          "sensitive_attributes": [],
          "private": "eyJzY2hlbWFfdmVyc2lvbiI6IjAifQ==",
          "dependencies": [
            "module.security.akamai_appsec_configuration.config",
            "module.security.data.akamai_group.group"
          ]
        }
      ]
    },
    {
      "module": "module.security",
      "mode": "managed",
      "type": "akamai_appsec_custom_deny",
      "name": "netstorage_hosted_deny_deny_custom_112320",
      "provider": "provider[\"registry.terraform.io/akamai/akamai\"]",
      "instances": [
        {
          "schema_version": 0,
          "attributes": {
            "config_id": 74502,
            "custom_deny": "{\"description\":\"KLM - F-CS-5892600\",\"name\":\"NetStorage hosted Deny\",\"parameters\":[{\"name\":\"custom_deny_hostname\",\"value\":\"www.strojny-ns.com\"},{\"name\":\"custom_deny_path\",\"value\":\"/Custom_Deny/MARO.html\"},{\"name\":\"include_reference_id\",\"value\":\"true\"},{\"name\":\"include_true_ip\",\"value\":\"true\"},{\"name\":\"prevent_browser_cache\",\"value\":\"true\"},{\"name\":\"response_content_type\",\"value\":\"text/html\"},{\"name\":\"response_header_name0\",\"value\":\"test\"},{\"name\":\"response_header_value0\",\"value\":\"test\"},{\"name\":\"response_status_code\",\"value\":\"666\"}]}",
            "custom_deny_id": "deny_custom_112320",
            "id": "74502:deny_custom_112320"
          },
          "sensitive_attributes": [],
          "private": "eyJzY2hlbWFfdmVyc2lvbiI6IjAifQ==",
          "dependencies": [
            "module.security.akamai_appsec_configuration.config",
            "module.security.data.akamai_group.group"
          ]
        }
      ]
    },
    {
      "module": "module.security",
      "mode": "managed",
      "type": "akamai_appsec_custom_rule",
      "name": "block_specific_query_value_no_conditions_60121137",
      "provider": "provider[\"registry.terraform.io/akamai/akamai\"]",
      "instances": [
        {
          "schema_version": 0,
          "attributes": {
            "config_id": 74502,
            "custom_rule": "{\"name\":\"Block specific query value (no conditions)\",\"tag\":[\"utm_source\"],\"conditions\":[{\"name\":\"utm_source\",\"nameCase\":false,\"nameWildcard\":false,\"positiveMatch\":true,\"type\":\"uriQueryMatch\",\"value\":[\"admitad\",\"cj\"],\"valueCase\":false,\"valueWildcard\":false}],\"operation\":\"AND\"}",
            "custom_rule_id": 60121137,
            "id": "74502:60121137"
          },
          "sensitive_attributes": [],
          "private": "eyJzY2hlbWFfdmVyc2lvbiI6IjAifQ==",
          "dependencies": [
            "module.security.akamai_appsec_configuration.config",
            "module.security.data.akamai_group.group"
          ]
        }
      ]
    },
    {
      "module": "module.security",
      "mode": "managed",
      "type": "akamai_appsec_custom_rule",
      "name": "my_ip_60152112",
      "provider": "provider[\"registry.terraform.io/akamai/akamai\"]",
      "instances": [
        {
          "schema_version": 0,
          "attributes": {
            "config_id": 74502,
            "custom_rule": "{\"name\":\"MY IP\",\"tag\":[\"MY_IP\"],\"conditions\":[{\"positiveMatch\":true,\"type\":\"ipAddressMatch\",\"value\":[\"91.235.230.116\"],\"useXForwardForHeaders\":false}],\"operation\":\"AND\"}",
            "custom_rule_id": 60152112,
            "id": "74502:60152112"
          },
          "sensitive_attributes": [],
          "private": "eyJzY2hlbWFfdmVyc2lvbiI6IjAifQ==",
          "dependencies": [
            "module.security.akamai_appsec_configuration.config",
            "module.security.data.akamai_group.group"
          ]
        }
      ]
    },
    {
      "module": "module.security",
      "mode": "managed",
      "type": "akamai_appsec_custom_rule",
      "name": "test_of_client_reputation_custom_deny_60156417",
      "provider": "provider[\"registry.terraform.io/akamai/akamai\"]",
      "instances": [
        {
          "schema_version": 0,
          "attributes": {
            "config_id": 74502,
            "custom_rule": "{\"name\":\"Test of Client Reputation Custom Deny\",\"tag\":[\"CR-Customy_Deny\"],\"conditions\":[{\"name\":[\"cr_test\"],\"nameWildcard\":true,\"positiveMatch\":true,\"type\":\"requestHeaderMatch\",\"value\":[\"1\"],\"valueCase\":false,\"valueWildcard\":true}],\"operation\":\"AND\"}",
            "custom_rule_id": 60156417,
            "id": "74502:60156417"
          },
          "sensitive_attributes": [],
          "private": "eyJzY2hlbWFfdmVyc2lvbiI6IjAifQ==",
          "dependencies": [
            "module.security.akamai_appsec_configuration.config",
            "module.security.data.akamai_group.group"
          ]
        }
      ]
    },
    {
      "module": "module.security",
      "mode": "managed",
      "type": "akamai_appsec_custom_rule",
      "name": "ua_within_3_characters_60175005",
      "provider": "provider[\"registry.terraform.io/akamai/akamai\"]",
      "instances": [
        {
          "schema_version": 0,
          "attributes": {
            "config_id": 74502,
            "custom_rule": "{\"name\":\"UA within 3 characters\",\"tag\":[\"UA\"],\"conditions\":[{\"name\":[\"User-Agent\"],\"nameWildcard\":true,\"positiveMatch\":true,\"type\":\"requestHeaderMatch\",\"value\":[\"?\",\"??\",\"???\"],\"valueCase\":false,\"valueWildcard\":true}],\"operation\":\"OR\"}",
            "custom_rule_id": 60175005,
            "id": "74502:60175005"
          },
          "sensitive_attributes": [],
          "private": "eyJzY2hlbWFfdmVyc2lvbiI6IjAifQ==",
          "dependencies": [
            "module.security.akamai_appsec_configuration.config",
            "module.security.data.akamai_group.group"
          ]
        }
      ]
    },
    {
      "module": "module.security",
      "mode": "managed",
      "type": "akamai_appsec_custom_rule",
      "name": "visibility_for_host_header_101ea80c231ccom_60171649",
      "provider": "provider[\"registry.terraform.io/akamai/akamai\"]",
      "instances": [
        {
          "schema_version": 0,
          "attributes": {
            "config_id": 74502,
            "custom_rule": "{\"name\":\"Visibility for host header \\\"*101ea80c231c*.com\\\"\",\"tag\":[\"*101ea80c231c*.com\"],\"conditions\":[{\"name\":[\"Host\"],\"nameWildcard\":true,\"positiveMatch\":true,\"type\":\"requestHeaderMatch\",\"value\":[\"*101ea80c231c*.com\"],\"valueCase\":false,\"valueWildcard\":true}],\"operation\":\"AND\"}",
            "custom_rule_id": 60171649,
            "id": "74502:60171649"
          },
          "sensitive_attributes": [],
          "private": "eyJzY2hlbWFfdmVyc2lvbiI6IjAifQ==",
          "dependencies": [
            "module.security.akamai_appsec_configuration.config",
            "module.security.data.akamai_group.group"
          ]
        }
      ]
    },
    {
      "module": "module.security",
      "mode": "managed",
      "type": "akamai_appsec_custom_rule_action",
      "name": "main_60152112",
      "provider": "provider[\"registry.terraform.io/akamai/akamai\"]",
      "instances": [
        {
          "schema_version": 0,
          "attributes": {
            "config_id": 74502,
            "custom_rule_action": "alert",
            "custom_rule_id": 60152112,
            "id": "74502:0001_122739:60152112",
            "security_policy_id": "0001_122739"
          },
          "sensitive_attributes": [],
          "private": "eyJzY2hlbWFfdmVyc2lvbiI6IjAifQ==",
          "dependencies": [
            "module.security.akamai_appsec_configuration.config",
            "module.security.akamai_appsec_custom_rule.my_ip_60152112",
            "module.security.akamai_appsec_security_policy.main",
            "module.security.akamai_appsec_waf_protection.main",
            "module.security.data.akamai_group.group"
          ]
        }
      ]
    },
    {
      "module": "module.security",
      "mode": "managed",
      "type": "akamai_appsec_ip_geo",
      "name": "main",
      "provider": "provider[\"registry.terraform.io/akamai/akamai\"]",
      "instances": [
        {
          "schema_version": 0,
          "attributes": {
            "asn_network_lists": [],
            "config_id": 74502,
            "exception_ip_network_lists": [
              "101186_MSTROJNYGEOBLOCKLIST"
            ],
            "geo_network_lists": [
              "101185_MSTROJNYGEOBLOCKLIST"
            ],
            "id": "74502:0001_122739",
            "ip_network_lists": [
              "101184_IPBLOCKLISTMSTROJNY"
            ],
            "mode": "block",
            "security_policy_id": "0001_122739",
            "ukraine_geo_control_action": "none"
          },
          "sensitive_attributes": [],
          "private": "eyJzY2hlbWFfdmVyc2lvbiI6IjAifQ==",
          "dependencies": [
            "module.security.akamai_appsec_api_constraints_protection.main",
            "module.security.akamai_appsec_configuration.config",
            "module.security.akamai_appsec_ip_geo_protection.main",
            "module.security.akamai_appsec_security_policy.main",
            "module.security.akamai_appsec_waf_protection.main",
            "module.security.data.akamai_group.group"
          ]
        }
      ]
    },
    {
      "module": "module.security",
      "mode": "managed",
      "type": "akamai_appsec_ip_geo_protection",
      "name": "main",
      "provider": "provider[\"registry.terraform.io/akamai/akamai\"]",
      "instances": [
        {
          "schema_version": 0,
          "attributes": {
            "config_id": 74502,
            "enabled": true,
            "id": "74502:0001_122739",
            "output_text": "\n+------------------------------------------------------------------------------------------------------------------------------------------------------------+\n| Security Policy Protections                                                                                                                                |\n+----------------+--------------------------+----------------+-----------------+----------------------+--------------+--------------------+------------------+\n| APICONSTRAINTS | APPLICATIONLAYERCONTROLS | BOTMANCONTROLS | MALWARECONTROLS | NETWORKLAYERCONTROLS | RATECONTROLS | REPUTATIONCONTROLS | SLOWPOSTCONTROLS |\n+----------------+--------------------------+----------------+-----------------+----------------------+--------------+--------------------+------------------+\n| true           | true                     | true           | false           | true                 | true         | true               | true             |\n+----------------+--------------------------+----------------+-----------------+----------------------+--------------+--------------------+------------------+\n",
            "security_policy_id": "0001_122739"
          },
          "sensitive_attributes": [],
          "private": "eyJzY2hlbWFfdmVyc2lvbiI6IjAifQ==",
          "dependencies": [
            "module.security.akamai_appsec_api_constraints_protection.main",
            "module.security.akamai_appsec_configuration.config",
            "module.security.akamai_appsec_security_policy.main",
            "module.security.akamai_appsec_waf_protection.main",
            "module.security.data.akamai_group.group"
          ]
        }
      ]
    },
    {
      "module": "module.security",
      "mode": "managed",
      "type": "akamai_appsec_malware_protection",
      "name": "main",
      "provider": "provider[\"registry.terraform.io/akamai/akamai\"]",
      "instances": [
        {
          "schema_version": 0,
          "attributes": {
            "config_id": 74502,
            "enabled": false,
            "id": "74502:0001_122739",
            "output_text": "\n+------------------------------------------------------------------------------------------------------------------------------------------------------------+\n| Security Policy Protections                                                                                                                                |\n+----------------+--------------------------+----------------+-----------------+----------------------+--------------+--------------------+------------------+\n| APICONSTRAINTS | APPLICATIONLAYERCONTROLS | BOTMANCONTROLS | MALWARECONTROLS | NETWORKLAYERCONTROLS | RATECONTROLS | REPUTATIONCONTROLS | SLOWPOSTCONTROLS |\n+----------------+--------------------------+----------------+-----------------+----------------------+--------------+--------------------+------------------+\n| true           | true                     | true           | false           | true                 | true         | true               | true             |\n+----------------+--------------------------+----------------+-----------------+----------------------+--------------+--------------------+------------------+\n",
            "security_policy_id": "0001_122739"
          },
          "sensitive_attributes": [],
          "private": "eyJzY2hlbWFfdmVyc2lvbiI6IjAifQ==",
          "dependencies": [
            "module.security.akamai_appsec_api_constraints_protection.main",
            "module.security.akamai_appsec_configuration.config",
            "module.security.akamai_appsec_ip_geo_protection.main",
            "module.security.akamai_appsec_security_policy.main",
            "module.security.akamai_appsec_waf_protection.main",
            "module.security.data.akamai_group.group"
          ]
        }
      ]
    },
    {
      "module": "module.security",
      "mode": "managed",
      "type": "akamai_appsec_match_target",
      "name": "api_6426995",
      "provider": "provider[\"registry.terraform.io/akamai/akamai\"]",
      "instances": [
        {
          "schema_version": 0,
          "attributes": {
            "config_id": 74502,
            "id": "74502:6426995",
            "match_target": "{\"type\":\"api\",\"apis\":[{\"id\":738944,\"name\":\"mstrojny_v1\"},{\"id\":790817,\"name\":\"_strojny\"}],\"securityPolicy\":{\"policyId\":\"0001_122739\"},\"targetId\":6426995}",
            "match_target_id": 6426995
          },
          "sensitive_attributes": [],
          "private": "eyJzY2hlbWFfdmVyc2lvbiI6IjAifQ==",
          "dependencies": [
            "module.security.akamai_appsec_configuration.config",
            "module.security.akamai_appsec_security_policy.main",
            "module.security.data.akamai_group.group"
          ]
        }
      ]
    },
    {
      "module": "module.security",
      "mode": "managed",
      "type": "akamai_appsec_match_target",
      "name": "website_6426994",
      "provider": "provider[\"registry.terraform.io/akamai/akamai\"]",
      "instances": [
        {
          "schema_version": 0,
          "attributes": {
            "config_id": 74502,
            "id": "74502:6426994",
            "match_target": "{\"type\":\"website\",\"defaultFile\":\"NO_MATCH\",\"hostnames\":[\"dummy.do.not.remove.network.list.nesting\"],\"isNegativePathMatch\":false,\"filePaths\":[\"/\"],\"securityPolicy\":{\"policyId\":\"0001_122739\"},\"targetId\":6426994,\"bypassNetworkLists\":[{\"name\":\"mstrojny_testing\",\"id\":\"150930_MSTROJNYTESTING\"}]}",
            "match_target_id": 6426994
          },
          "sensitive_attributes": [],
          "private": "eyJzY2hlbWFfdmVyc2lvbiI6IjAifQ==",
          "dependencies": [
            "module.security.akamai_appsec_configuration.config",
            "module.security.akamai_appsec_security_policy.main",
            "module.security.data.akamai_group.group"
          ]
        }
      ]
    },
    {
      "module": "module.security",
      "mode": "managed",
      "type": "akamai_appsec_match_target",
      "name": "website_6426996",
      "provider": "provider[\"registry.terraform.io/akamai/akamai\"]",
      "instances": [
        {
          "schema_version": 0,
          "attributes": {
            "config_id": 74502,
            "id": "74502:6426996",
            "match_target": "{\"type\":\"website\",\"defaultFile\":\"NO_MATCH\",\"isNegativePathMatch\":false,\"filePaths\":[\"/*\"],\"securityPolicy\":{\"policyId\":\"0001_122739\"},\"targetId\":6426996,\"bypassNetworkLists\":[{\"name\":\"mstrojny - Security Bypass List\",\"id\":\"101187_MSTROJNYSECURITYBYPASS\"}]}",
            "match_target_id": 6426996
          },
          "sensitive_attributes": [],
          "private": "eyJzY2hlbWFfdmVyc2lvbiI6IjAifQ==",
          "dependencies": [
            "module.security.akamai_appsec_configuration.config",
            "module.security.akamai_appsec_security_policy.main",
            "module.security.data.akamai_group.group"
          ]
        }
      ]
    },
    {
      "module": "module.security",
      "mode": "managed",
      "type": "akamai_appsec_match_target",
      "name": "website_9697361",
      "provider": "provider[\"registry.terraform.io/akamai/akamai\"]",
      "instances": [
        {
          "schema_version": 0,
          "attributes": {
            "config_id": 74502,
            "id": "74502:9697361",
            "match_target": "{\"type\":\"website\",\"defaultFile\":\"NO_MATCH\",\"hostnames\":[\"*.test.com\"],\"isNegativePathMatch\":false,\"filePaths\":[\"/*\"],\"securityPolicy\":{\"policyId\":\"0001_122739\"},\"targetId\":9697361}",
            "match_target_id": 9697361
          },
          "sensitive_attributes": [],
          "private": "eyJzY2hlbWFfdmVyc2lvbiI6IjAifQ==",
          "dependencies": [
            "module.security.akamai_appsec_configuration.config",
            "module.security.akamai_appsec_security_policy.main",
            "module.security.data.akamai_group.group"
          ]
        }
      ]
    },
    {
      "module": "module.security",
      "mode": "managed",
      "type": "akamai_appsec_penalty_box",
      "name": "main",
      "provider": "provider[\"registry.terraform.io/akamai/akamai\"]",
      "instances": [
        {
          "schema_version": 0,
          "attributes": {
            "config_id": 74502,
            "id": "74502:0001_122739",
            "penalty_box_action": "alert",
            "penalty_box_protection": true,
            "security_policy_id": "0001_122739"
          },
          "sensitive_attributes": [],
          "private": "eyJzY2hlbWFfdmVyc2lvbiI6IjAifQ==",
          "dependencies": [
            "module.security.akamai_appsec_configuration.config",
            "module.security.akamai_appsec_security_policy.main",
            "module.security.data.akamai_group.group"
          ]
        }
      ]
    },
    {
      "module": "module.security",
      "mode": "managed",
      "type": "akamai_appsec_rate_policy",
      "name": "origin_error",
      "provider": "provider[\"registry.terraform.io/akamai/akamai\"]",
      "instances": [
        {
          "schema_version": 0,
          "attributes": {
            "config_id": 74502,
            "id": "74502:241750",
            "rate_policy": "{\"matchType\":\"path\",\"type\":\"WAF\",\"name\":\"Origin Error\",\"description\":\"An excessive error rate from the origin could indicate malicious activity by a bot scanning the site or a publishing error. In both cases, this would increase the origin traffic and could potentially destabilize it.\",\"averageThreshold\":5,\"burstThreshold\":8,\"burstWindow\":5,\"clientIdentifier\":\"ip\",\"useXForwardForHeaders\":false,\"requestType\":\"ForwardResponse\",\"sameActionOnIpv6\":true,\"pathMatchType\":\"Custom\",\"pathUriPositiveMatch\":true,\"additionalMatchOptions\":[{\"positiveMatch\":true,\"type\":\"NetworkListCondition\",\"values\":[\"147980_STROJNY\"]},{\"positiveMatch\":true,\"type\":\"ResponseStatusCondition\",\"values\":[\"400\",\"401\",\"402\",\"404\",\"405\",\"406\",\"407\",\"408\",\"409\",\"410\",\"500\",\"501\",\"502\",\"503\",\"504\",\"429\"]}],\"counterType\":\"region_aggregated\"}",
            "rate_policy_id": 241750
          },
          "sensitive_attributes": [],
          "private": "bnVsbA==",
          "dependencies": [
            "module.security.akamai_appsec_configuration.config",
            "module.security.data.akamai_group.group"
          ]
        }
      ]
    },
    {
      "module": "module.security",
      "mode": "managed",
      "type": "akamai_appsec_rate_policy",
      "name": "page_view_requests",
      "provider": "provider[\"registry.terraform.io/akamai/akamai\"]",
      "instances": [
        {
          "schema_version": 0,
          "attributes": {
            "config_id": 74502,
            "id": "74502:241748",
            "rate_policy": "{\"matchType\":\"path\",\"type\":\"WAF\",\"name\":\"Page View Requests\",\"description\":\"A popular brute force attack that consists of sending a large number of requests for base page, HTML page or XHR requests (usually non-cacheable). This could destabilize the origin.\",\"averageThreshold\":12,\"burstThreshold\":18,\"burstWindow\":5,\"clientIdentifier\":\"ip\",\"useXForwardForHeaders\":false,\"requestType\":\"ClientRequest\",\"sameActionOnIpv6\":true,\"pathMatchType\":\"Custom\",\"pathUriPositiveMatch\":true,\"fileExtensions\":{\"positiveMatch\":false,\"values\":[\"aif\",\"aiff\",\"au\",\"avi\",\"bin\",\"bmp\",\"cab\",\"carb\",\"cct\",\"cdf\",\"class\",\"css\",\"doc\",\"dcr\",\"dtd\",\"exe\",\"flv\",\"gcf\",\"gff\",\"gif\",\"grv\",\"hdml\",\"hqx\",\"ico\",\"ini\",\"jpeg\",\"jpg\",\"js\",\"mov\",\"mp3\",\"nc\",\"pct\",\"pdf\",\"png\",\"ppc\",\"pws\",\"svg\",\"swa\",\"swf\",\"txt\",\"vbs\",\"w32\",\"wav\",\"wbmp\",\"wml\",\"wmlc\",\"wmls\",\"wmlsc\",\"xsd\",\"zip\",\"webp\",\"jxr\",\"hdp\",\"wdp\",\"webm\",\"ogv\",\"mp4\",\"ttf\",\"woff\",\"eot\",\"csv\",\"docx\",\"ejs\",\"ejss\",\"eps\",\"jar\",\"jp2\",\"mid\",\"midi\",\"otc\",\"otf\",\"pict\",\"pls\",\"ppt\",\"pptx\",\"ps\",\"svgz\",\"tif\",\"tiff\",\"ttc\",\"woff2\",\"xls\",\"xlsx\"]},\"additionalMatchOptions\":[{\"positiveMatch\":false,\"type\":\"NetworkListCondition\",\"values\":[\"147980_STROJNY\"]},{\"positiveMatch\":false,\"type\":\"RequestMethodCondition\",\"values\":[\"POST\",\"PUT\"]}],\"counterType\":\"per_edge\"}",
            "rate_policy_id": 241748
          },
          "sensitive_attributes": [],
          "private": "eyJzY2hlbWFfdmVyc2lvbiI6IjAifQ==",
          "dependencies": [
            "module.security.akamai_appsec_configuration.config",
            "module.security.data.akamai_group.group"
          ]
        }
      ]
    },
    {
      "module": "module.security",
      "mode": "managed",
      "type": "akamai_appsec_rate_policy",
      "name": "post_and_put_requests",
      "provider": "provider[\"registry.terraform.io/akamai/akamai\"]",
      "instances": [
        {
          "schema_version": 0,
          "attributes": {
            "config_id": 74502,
            "id": "74502:241749",
            "rate_policy": "{\"matchType\":\"path\",\"type\":\"WAF\",\"name\":\"POST and PUT Requests\",\"description\":\"Mitigating HTTP flood attacks using POST requests\",\"averageThreshold\":3,\"burstThreshold\":5,\"burstWindow\":5,\"clientIdentifier\":\"ip\",\"useXForwardForHeaders\":false,\"requestType\":\"ClientRequest\",\"sameActionOnIpv6\":true,\"pathMatchType\":\"Custom\",\"pathUriPositiveMatch\":true,\"additionalMatchOptions\":[{\"positiveMatch\":false,\"type\":\"NetworkListCondition\",\"values\":[\"147980_STROJNY\"]},{\"positiveMatch\":true,\"type\":\"RequestMethodCondition\",\"values\":[\"POST\",\"PUT\"]}],\"counterType\":\"per_edge\"}",
            "rate_policy_id": 241749
          },
          "sensitive_attributes": [],
          "private": "eyJzY2hlbWFfdmVyc2lvbiI6IjAifQ==",
          "dependencies": [
            "module.security.akamai_appsec_configuration.config",
            "module.security.data.akamai_group.group"
          ]
        }
      ]
    },
    {
      "module": "module.security",
      "mode": "managed",
      "type": "akamai_appsec_rate_policy_action",
      "name": "main_origin_error",
      "provider": "provider[\"registry.terraform.io/akamai/akamai\"]",
      "instances": [
        {
          "schema_version": 0,
          "attributes": {
            "config_id": 74502,
            "id": "74502:0001_122739:241750",
            "ipv4_action": "alert",
            "ipv6_action": "alert",
            "rate_policy_id": 241750,
            "security_policy_id": "0001_122739"
          },
          "sensitive_attributes": [],
          "private": "bnVsbA==",
          "dependencies": [
            "module.security.akamai_appsec_api_constraints_protection.main",
            "module.security.akamai_appsec_configuration.config",
            "module.security.akamai_appsec_ip_geo_protection.main",
            "module.security.akamai_appsec_malware_protection.main",
            "module.security.akamai_appsec_rate_policy.origin_error",
            "module.security.akamai_appsec_rate_protection.main",
            "module.security.akamai_appsec_security_policy.main",
            "module.security.akamai_appsec_waf_protection.main",
            "module.security.data.akamai_group.group"
          ]
        }
      ]
    },
    {
      "module": "module.security",
      "mode": "managed",
      "type": "akamai_appsec_rate_policy_action",
      "name": "main_page_view_requests",
      "provider": "provider[\"registry.terraform.io/akamai/akamai\"]",
      "instances": [
        {
          "schema_version": 0,
          "attributes": {
            "config_id": 74502,
            "id": "74502:0001_122739:241748",
            "ipv4_action": "alert",
            "ipv6_action": "alert",
            "rate_policy_id": 241748,
            "security_policy_id": "0001_122739"
          },
          "sensitive_attributes": [],
          "private": "eyJzY2hlbWFfdmVyc2lvbiI6IjAifQ==",
          "dependencies": [
            "module.security.akamai_appsec_api_constraints_protection.main",
            "module.security.akamai_appsec_configuration.config",
            "module.security.akamai_appsec_ip_geo_protection.main",
            "module.security.akamai_appsec_malware_protection.main",
            "module.security.akamai_appsec_rate_policy.page_view_requests",
            "module.security.akamai_appsec_rate_protection.main",
            "module.security.akamai_appsec_security_policy.main",
            "module.security.akamai_appsec_waf_protection.main",
            "module.security.data.akamai_group.group"
          ]
        }
      ]
    },
    {
      "module": "module.security",
      "mode": "managed",
      "type": "akamai_appsec_rate_policy_action",
      "name": "main_post_and_put_requests",
      "provider": "provider[\"registry.terraform.io/akamai/akamai\"]",
      "instances": [
        {
          "schema_version": 0,
          "attributes": {
            "config_id": 74502,
            "id": "74502:0001_122739:241749",
            "ipv4_action": "alert",
            "ipv6_action": "alert",
            "rate_policy_id": 241749,
            "security_policy_id": "0001_122739"
          },
          "sensitive_attributes": [],
          "private": "eyJzY2hlbWFfdmVyc2lvbiI6IjAifQ==",
          "dependencies": [
            "module.security.akamai_appsec_api_constraints_protection.main",
            "module.security.akamai_appsec_configuration.config",
            "module.security.akamai_appsec_ip_geo_protection.main",
            "module.security.akamai_appsec_malware_protection.main",
            "module.security.akamai_appsec_rate_policy.post_and_put_requests",
            "module.security.akamai_appsec_rate_protection.main",
            "module.security.akamai_appsec_security_policy.main",
            "module.security.akamai_appsec_waf_protection.main",
            "module.security.data.akamai_group.group"
          ]
        }
      ]
    },
    {
      "module": "module.security",
      "mode": "managed",
      "type": "akamai_appsec_rate_protection",
      "name": "main",
      "provider": "provider[\"registry.terraform.io/akamai/akamai\"]",
      "instances": [
        {
          "schema_version": 0,
          "attributes": {
            "config_id": 74502,
            "enabled": true,
            "id": "74502:0001_122739",
            "output_text": "\n+------------------------------------------------------------------------------------------------------------------------------------------------------------+\n| Security Policy Protections                                                                                                                                |\n+----------------+--------------------------+----------------+-----------------+----------------------+--------------+--------------------+------------------+\n| APICONSTRAINTS | APPLICATIONLAYERCONTROLS | BOTMANCONTROLS | MALWARECONTROLS | NETWORKLAYERCONTROLS | RATECONTROLS | REPUTATIONCONTROLS | SLOWPOSTCONTROLS |\n+----------------+--------------------------+----------------+-----------------+----------------------+--------------+--------------------+------------------+\n| true           | true                     | true           | false           | true                 | true         | true               | true             |\n+----------------+--------------------------+----------------+-----------------+----------------------+--------------+--------------------+------------------+\n",
            "security_policy_id": "0001_122739"
          },
          "sensitive_attributes": [],
          "private": "eyJzY2hlbWFfdmVyc2lvbiI6IjAifQ==",
          "dependencies": [
            "module.security.akamai_appsec_api_constraints_protection.main",
            "module.security.akamai_appsec_configuration.config",
            "module.security.akamai_appsec_ip_geo_protection.main",
            "module.security.akamai_appsec_malware_protection.main",
            "module.security.akamai_appsec_security_policy.main",
            "module.security.akamai_appsec_waf_protection.main",
            "module.security.data.akamai_group.group"
          ]
        }
      ]
    },
    {
      "module": "module.security",
      "mode": "managed",
      "type": "akamai_appsec_reputation_profile",
      "name": "dos_attackers_high_threat",
      "provider": "provider[\"registry.terraform.io/akamai/akamai\"]",
      "instances": [
        {
          "schema_version": 0,
          "attributes": {
            "config_id": 74502,
            "id": "74502:5075744",
            "reputation_profile": "{\"context\":\"DOSATCK\",\"name\":\"DoS Attackers (High Threat)\",\"sharedIpHandling\":\"BOTH\",\"threshold\":9}",
            "reputation_profile_id": 5075744
          },
          "sensitive_attributes": [],
          "private": "eyJzY2hlbWFfdmVyc2lvbiI6IjAifQ==",
          "dependencies": [
            "module.security.akamai_appsec_configuration.config",
            "module.security.data.akamai_group.group"
          ]
        }
      ]
    },
    {
      "module": "module.security",
      "mode": "managed",
      "type": "akamai_appsec_reputation_profile",
      "name": "dos_attackers_low_threat",
      "provider": "provider[\"registry.terraform.io/akamai/akamai\"]",
      "instances": [
        {
          "schema_version": 0,
          "attributes": {
            "config_id": 74502,
            "id": "74502:5075750",
            "reputation_profile": "{\"context\":\"DOSATCK\",\"name\":\"DoS Attackers (Low Threat)\",\"sharedIpHandling\":\"BOTH\",\"threshold\":5}",
            "reputation_profile_id": 5075750
          },
          "sensitive_attributes": [],
          "private": "eyJzY2hlbWFfdmVyc2lvbiI6IjAifQ==",
          "dependencies": [
            "module.security.akamai_appsec_configuration.config",
            "module.security.data.akamai_group.group"
          ]
        }
      ]
    },
    {
      "module": "module.security",
      "mode": "managed",
      "type": "akamai_appsec_reputation_profile",
      "name": "scanning_tools_high_threat",
      "provider": "provider[\"registry.terraform.io/akamai/akamai\"]",
      "instances": [
        {
          "schema_version": 0,
          "attributes": {
            "config_id": 74502,
            "id": "74502:5075746",
            "reputation_profile": "{\"context\":\"SCANTL\",\"name\":\"Scanning Tools (High Threat)\",\"sharedIpHandling\":\"BOTH\",\"threshold\":9}",
            "reputation_profile_id": 5075746
          },
          "sensitive_attributes": [],
          "private": "eyJzY2hlbWFfdmVyc2lvbiI6IjAifQ==",
          "dependencies": [
            "module.security.akamai_appsec_configuration.config",
            "module.security.data.akamai_group.group"
          ]
        }
      ]
    },
    {
      "module": "module.security",
      "mode": "managed",
      "type": "akamai_appsec_reputation_profile",
      "name": "scanning_tools_low_threat",
      "provider": "provider[\"registry.terraform.io/akamai/akamai\"]",
      "instances": [
        {
          "schema_version": 0,
          "attributes": {
            "config_id": 74502,
            "id": "74502:5075760",
            "reputation_profile": "{\"context\":\"SCANTL\",\"name\":\"Scanning Tools (Low Threat)\",\"sharedIpHandling\":\"BOTH\",\"threshold\":5}",
            "reputation_profile_id": 5075760
          },
          "sensitive_attributes": [],
          "private": "eyJzY2hlbWFfdmVyc2lvbiI6IjAifQ==",
          "dependencies": [
            "module.security.akamai_appsec_configuration.config",
            "module.security.data.akamai_group.group"
          ]
        }
      ]
    },
    {
      "module": "module.security",
      "mode": "managed",
      "type": "akamai_appsec_reputation_profile",
      "name": "web_attackers_high_threat",
      "provider": "provider[\"registry.terraform.io/akamai/akamai\"]",
      "instances": [
        {
          "schema_version": 0,
          "attributes": {
            "config_id": 74502,
            "id": "74502:5075738",
            "reputation_profile": "{\"context\":\"WEBATCK\",\"name\":\"Web Attackers (High Threat)\",\"sharedIpHandling\":\"BOTH\",\"threshold\":9}",
            "reputation_profile_id": 5075738
          },
          "sensitive_attributes": [],
          "private": "eyJzY2hlbWFfdmVyc2lvbiI6IjAifQ==",
          "dependencies": [
            "module.security.akamai_appsec_configuration.config",
            "module.security.data.akamai_group.group"
          ]
        }
      ]
    },
    {
      "module": "module.security",
      "mode": "managed",
      "type": "akamai_appsec_reputation_profile",
      "name": "web_attackers_low_threat",
      "provider": "provider[\"registry.terraform.io/akamai/akamai\"]",
      "instances": [
        {
          "schema_version": 0,
          "attributes": {
            "config_id": 74502,
            "id": "74502:5075739",
            "reputation_profile": "{\"context\":\"WEBATCK\",\"name\":\"Web Attackers (Low Threat)\",\"sharedIpHandling\":\"BOTH\",\"threshold\":5}",
            "reputation_profile_id": 5075739
          },
          "sensitive_attributes": [],
          "private": "eyJzY2hlbWFfdmVyc2lvbiI6IjAifQ==",
          "dependencies": [
            "module.security.akamai_appsec_configuration.config",
            "module.security.data.akamai_group.group"
          ]
        }
      ]
    },
    {
      "module": "module.security",
      "mode": "managed",
      "type": "akamai_appsec_reputation_profile",
      "name": "web_scrapers_high_threat",
      "provider": "provider[\"registry.terraform.io/akamai/akamai\"]",
      "instances": [
        {
          "schema_version": 0,
          "attributes": {
            "config_id": 74502,
            "id": "74502:5075748",
            "reputation_profile": "{\"context\":\"WEBSCRP\",\"name\":\"Web Scrapers (High Threat)\",\"sharedIpHandling\":\"BOTH\",\"threshold\":9}",
            "reputation_profile_id": 5075748
          },
          "sensitive_attributes": [],
          "private": "eyJzY2hlbWFfdmVyc2lvbiI6IjAifQ==",
          "dependencies": [
            "module.security.akamai_appsec_configuration.config",
            "module.security.data.akamai_group.group"
          ]
        }
      ]
    },
    {
      "module": "module.security",
      "mode": "managed",
      "type": "akamai_appsec_reputation_profile",
      "name": "web_scrapers_low_threat",
      "provider": "provider[\"registry.terraform.io/akamai/akamai\"]",
      "instances": [
        {
          "schema_version": 0,
          "attributes": {
            "config_id": 74502,
            "id": "74502:5075741",
            "reputation_profile": "{\"context\":\"WEBSCRP\",\"name\":\"Web Scrapers (Low Threat)\",\"sharedIpHandling\":\"BOTH\",\"threshold\":5}",
            "reputation_profile_id": 5075741
          },
          "sensitive_attributes": [],
          "private": "eyJzY2hlbWFfdmVyc2lvbiI6IjAifQ==",
          "dependencies": [
            "module.security.akamai_appsec_configuration.config",
            "module.security.data.akamai_group.group"
          ]
        }
      ]
    },
    {
      "module": "module.security",
      "mode": "managed",
      "type": "akamai_appsec_reputation_profile_action",
      "name": "main_5075738",
      "provider": "provider[\"registry.terraform.io/akamai/akamai\"]",
      "instances": [
        {
          "schema_version": 0,
          "attributes": {
            "action": "alert",
            "config_id": 74502,
            "id": "74502:0001_122739:5075738",
            "reputation_profile_id": 5075738,
            "security_policy_id": "0001_122739"
          },
          "sensitive_attributes": [],
          "private": "eyJzY2hlbWFfdmVyc2lvbiI6IjAifQ==",
          "dependencies": [
            "module.security.akamai_appsec_api_constraints_protection.main",
            "module.security.akamai_appsec_configuration.config",
            "module.security.akamai_appsec_ip_geo_protection.main",
            "module.security.akamai_appsec_malware_protection.main",
            "module.security.akamai_appsec_rate_protection.main",
            "module.security.akamai_appsec_reputation_profile.web_attackers_high_threat",
            "module.security.akamai_appsec_reputation_protection.main",
            "module.security.akamai_appsec_security_policy.main",
            "module.security.akamai_appsec_waf_protection.main",
            "module.security.data.akamai_group.group"
          ]
        }
      ]
    },
    {
      "module": "module.security",
      "mode": "managed",
      "type": "akamai_appsec_reputation_profile_action",
      "name": "main_5075739",
      "provider": "provider[\"registry.terraform.io/akamai/akamai\"]",
      "instances": [
        {
          "schema_version": 0,
          "attributes": {
            "action": "deny_custom_112320",
            "config_id": 74502,
            "id": "74502:0001_122739:5075739",
            "reputation_profile_id": 5075739,
            "security_policy_id": "0001_122739"
          },
          "sensitive_attributes": [],
          "private": "eyJzY2hlbWFfdmVyc2lvbiI6IjAifQ==",
          "dependencies": [
            "module.security.akamai_appsec_api_constraints_protection.main",
            "module.security.akamai_appsec_configuration.config",
            "module.security.akamai_appsec_ip_geo_protection.main",
            "module.security.akamai_appsec_malware_protection.main",
            "module.security.akamai_appsec_rate_protection.main",
            "module.security.akamai_appsec_reputation_profile.web_attackers_low_threat",
            "module.security.akamai_appsec_reputation_protection.main",
            "module.security.akamai_appsec_security_policy.main",
            "module.security.akamai_appsec_waf_protection.main",
            "module.security.data.akamai_group.group"
          ]
        }
      ]
    },
    {
      "module": "module.security",
      "mode": "managed",
      "type": "akamai_appsec_reputation_profile_action",
      "name": "main_5075741",
      "provider": "provider[\"registry.terraform.io/akamai/akamai\"]",
      "instances": [
        {
          "schema_version": 0,
          "attributes": {
            "action": "deny_custom_112320",
            "config_id": 74502,
            "id": "74502:0001_122739:5075741",
            "reputation_profile_id": 5075741,
            "security_policy_id": "0001_122739"
          },
          "sensitive_attributes": [],
          "private": "eyJzY2hlbWFfdmVyc2lvbiI6IjAifQ==",
          "dependencies": [
            "module.security.akamai_appsec_api_constraints_protection.main",
            "module.security.akamai_appsec_configuration.config",
            "module.security.akamai_appsec_ip_geo_protection.main",
            "module.security.akamai_appsec_malware_protection.main",
            "module.security.akamai_appsec_rate_protection.main",
            "module.security.akamai_appsec_reputation_profile.web_scrapers_low_threat",
            "module.security.akamai_appsec_reputation_protection.main",
            "module.security.akamai_appsec_security_policy.main",
            "module.security.akamai_appsec_waf_protection.main",
            "module.security.data.akamai_group.group"
          ]
        }
      ]
    },
    {
      "module": "module.security",
      "mode": "managed",
      "type": "akamai_appsec_reputation_profile_action",
      "name": "main_5075744",
      "provider": "provider[\"registry.terraform.io/akamai/akamai\"]",
      "instances": [
        {
          "schema_version": 0,
          "attributes": {
            "action": "alert",
            "config_id": 74502,
            "id": "74502:0001_122739:5075744",
            "reputation_profile_id": 5075744,
            "security_policy_id": "0001_122739"
          },
          "sensitive_attributes": [],
          "private": "eyJzY2hlbWFfdmVyc2lvbiI6IjAifQ==",
          "dependencies": [
            "module.security.akamai_appsec_api_constraints_protection.main",
            "module.security.akamai_appsec_configuration.config",
            "module.security.akamai_appsec_ip_geo_protection.main",
            "module.security.akamai_appsec_malware_protection.main",
            "module.security.akamai_appsec_rate_protection.main",
            "module.security.akamai_appsec_reputation_profile.dos_attackers_high_threat",
            "module.security.akamai_appsec_reputation_protection.main",
            "module.security.akamai_appsec_security_policy.main",
            "module.security.akamai_appsec_waf_protection.main",
            "module.security.data.akamai_group.group"
          ]
        }
      ]
    },
    {
      "module": "module.security",
      "mode": "managed",
      "type": "akamai_appsec_reputation_profile_action",
      "name": "main_5075746",
      "provider": "provider[\"registry.terraform.io/akamai/akamai\"]",
      "instances": [
        {
          "schema_version": 0,
          "attributes": {
            "action": "alert",
            "config_id": 74502,
            "id": "74502:0001_122739:5075746",
            "reputation_profile_id": 5075746,
            "security_policy_id": "0001_122739"
          },
          "sensitive_attributes": [],
          "private": "eyJzY2hlbWFfdmVyc2lvbiI6IjAifQ==",
          "dependencies": [
            "module.security.akamai_appsec_api_constraints_protection.main",
            "module.security.akamai_appsec_configuration.config",
            "module.security.akamai_appsec_ip_geo_protection.main",
            "module.security.akamai_appsec_malware_protection.main",
            "module.security.akamai_appsec_rate_protection.main",
            "module.security.akamai_appsec_reputation_profile.scanning_tools_high_threat",
            "module.security.akamai_appsec_reputation_protection.main",
            "module.security.akamai_appsec_security_policy.main",
            "module.security.akamai_appsec_waf_protection.main",
            "module.security.data.akamai_group.group"
          ]
        }
      ]
    },
    {
      "module": "module.security",
      "mode": "managed",
      "type": "akamai_appsec_reputation_profile_action",
      "name": "main_5075748",
      "provider": "provider[\"registry.terraform.io/akamai/akamai\"]",
      "instances": [
        {
          "schema_version": 0,
          "attributes": {
            "action": "alert",
            "config_id": 74502,
            "id": "74502:0001_122739:5075748",
            "reputation_profile_id": 5075748,
            "security_policy_id": "0001_122739"
          },
          "sensitive_attributes": [],
          "private": "eyJzY2hlbWFfdmVyc2lvbiI6IjAifQ==",
          "dependencies": [
            "module.security.akamai_appsec_api_constraints_protection.main",
            "module.security.akamai_appsec_configuration.config",
            "module.security.akamai_appsec_ip_geo_protection.main",
            "module.security.akamai_appsec_malware_protection.main",
            "module.security.akamai_appsec_rate_protection.main",
            "module.security.akamai_appsec_reputation_profile.web_scrapers_high_threat",
            "module.security.akamai_appsec_reputation_protection.main",
            "module.security.akamai_appsec_security_policy.main",
            "module.security.akamai_appsec_waf_protection.main",
            "module.security.data.akamai_group.group"
          ]
        }
      ]
    },
    {
      "module": "module.security",
      "mode": "managed",
      "type": "akamai_appsec_reputation_profile_action",
      "name": "main_5075750",
      "provider": "provider[\"registry.terraform.io/akamai/akamai\"]",
      "instances": [
        {
          "schema_version": 0,
          "attributes": {
            "action": "deny_custom_112320",
            "config_id": 74502,
            "id": "74502:0001_122739:5075750",
            "reputation_profile_id": 5075750,
            "security_policy_id": "0001_122739"
          },
          "sensitive_attributes": [],
          "private": "eyJzY2hlbWFfdmVyc2lvbiI6IjAifQ==",
          "dependencies": [
            "module.security.akamai_appsec_api_constraints_protection.main",
            "module.security.akamai_appsec_configuration.config",
            "module.security.akamai_appsec_ip_geo_protection.main",
            "module.security.akamai_appsec_malware_protection.main",
            "module.security.akamai_appsec_rate_protection.main",
            "module.security.akamai_appsec_reputation_profile.dos_attackers_low_threat",
            "module.security.akamai_appsec_reputation_protection.main",
            "module.security.akamai_appsec_security_policy.main",
            "module.security.akamai_appsec_waf_protection.main",
            "module.security.data.akamai_group.group"
          ]
        }
      ]
    },
    {
      "module": "module.security",
      "mode": "managed",
      "type": "akamai_appsec_reputation_profile_action",
      "name": "main_5075760",
      "provider": "provider[\"registry.terraform.io/akamai/akamai\"]",
      "instances": [
        {
          "schema_version": 0,
          "attributes": {
            "action": "deny_custom_112320",
            "config_id": 74502,
            "id": "74502:0001_122739:5075760",
            "reputation_profile_id": 5075760,
            "security_policy_id": "0001_122739"
          },
          "sensitive_attributes": [],
          "private": "eyJzY2hlbWFfdmVyc2lvbiI6IjAifQ==",
          "dependencies": [
            "module.security.akamai_appsec_api_constraints_protection.main",
            "module.security.akamai_appsec_configuration.config",
            "module.security.akamai_appsec_ip_geo_protection.main",
            "module.security.akamai_appsec_malware_protection.main",
            "module.security.akamai_appsec_rate_protection.main",
            "module.security.akamai_appsec_reputation_profile.scanning_tools_low_threat",
            "module.security.akamai_appsec_reputation_protection.main",
            "module.security.akamai_appsec_security_policy.main",
            "module.security.akamai_appsec_waf_protection.main",
            "module.security.data.akamai_group.group"
          ]
        }
      ]
    },
    {
      "module": "module.security",
      "mode": "managed",
      "type": "akamai_appsec_reputation_protection",
      "name": "main",
      "provider": "provider[\"registry.terraform.io/akamai/akamai\"]",
      "instances": [
        {
          "schema_version": 0,
          "attributes": {
            "config_id": 74502,
            "enabled": true,
            "id": "74502:0001_122739",
            "output_text": "\n+------------------------------------------------------------------------------------------------------------------------------------------------------------+\n| Security Policy Protections                                                                                                                                |\n+----------------+--------------------------+----------------+-----------------+----------------------+--------------+--------------------+------------------+\n| APICONSTRAINTS | APPLICATIONLAYERCONTROLS | BOTMANCONTROLS | MALWARECONTROLS | NETWORKLAYERCONTROLS | RATECONTROLS | REPUTATIONCONTROLS | SLOWPOSTCONTROLS |\n+----------------+--------------------------+----------------+-----------------+----------------------+--------------+--------------------+------------------+\n| true           | true                     | true           | false           | true                 | true         | true               | true             |\n+----------------+--------------------------+----------------+-----------------+----------------------+--------------+--------------------+------------------+\n",
            "security_policy_id": "0001_122739"
          },
          "sensitive_attributes": [],
          "private": "eyJzY2hlbWFfdmVyc2lvbiI6IjAifQ==",
          "dependencies": [
            "module.security.akamai_appsec_api_constraints_protection.main",
            "module.security.akamai_appsec_configuration.config",
            "module.security.akamai_appsec_ip_geo_protection.main",
            "module.security.akamai_appsec_malware_protection.main",
            "module.security.akamai_appsec_rate_protection.main",
            "module.security.akamai_appsec_security_policy.main",
            "module.security.akamai_appsec_waf_protection.main",
            "module.security.data.akamai_group.group"
          ]
        }
      ]
    },
    {
      "module": "module.security",
      "mode": "managed",
      "type": "akamai_appsec_rule",
      "name": "main_aseoutbounderror_970118",
      "provider": "provider[\"registry.terraform.io/akamai/akamai\"]",
      "instances": [
        {
          "schema_version": 0,
          "attributes": {
            "condition_exception": null,
            "config_id": 74502,
            "id": "74502:0001_122739:970118",
            "rule_action": "alert",
            "rule_id": 970118,
            "security_policy_id": "0001_122739"
          },
          "sensitive_attributes": [],
          "private": "eyJzY2hlbWFfdmVyc2lvbiI6IjAifQ==",
          "dependencies": [
            "module.security.akamai_appsec_configuration.config",
            "module.security.akamai_appsec_security_policy.main",
            "module.security.akamai_appsec_waf_protection.main",
            "module.security.data.akamai_group.group"
          ]
        }
      ]
    },
    {
      "module": "module.security",
      "mode": "managed",
      "type": "akamai_appsec_rule",
      "name": "main_aseoutbounderror_970901",
      "provider": "provider[\"registry.terraform.io/akamai/akamai\"]",
      "instances": [
        {
          "schema_version": 0,
          "attributes": {
            "condition_exception": null,
            "config_id": 74502,
            "id": "74502:0001_122739:970901",
            "rule_action": "alert",
            "rule_id": 970901,
            "security_policy_id": "0001_122739"
          },
          "sensitive_attributes": [],
          "private": "eyJzY2hlbWFfdmVyc2lvbiI6IjAifQ==",
          "dependencies": [
            "module.security.akamai_appsec_configuration.config",
            "module.security.akamai_appsec_security_policy.main",
            "module.security.akamai_appsec_waf_protection.main",
            "module.security.data.akamai_group.group"
          ]
        }
      ]
    },
    {
      "module": "module.security",
      "mode": "managed",
      "type": "akamai_appsec_rule",
      "name": "main_aseoutboundleakage_970003",
      "provider": "provider[\"registry.terraform.io/akamai/akamai\"]",
      "instances": [
        {
          "schema_version": 0,
          "attributes": {
            "condition_exception": null,
            "config_id": 74502,
            "id": "74502:0001_122739:970003",
            "rule_action": "alert",
            "rule_id": 970003,
            "security_policy_id": "0001_122739"
          },
          "sensitive_attributes": [],
          "private": "eyJzY2hlbWFfdmVyc2lvbiI6IjAifQ==",
          "dependencies": [
            "module.security.akamai_appsec_configuration.config",
            "module.security.akamai_appsec_security_policy.main",
            "module.security.akamai_appsec_waf_protection.main",
            "module.security.data.akamai_group.group"
          ]
        }
      ]
    },
    {
      "module": "module.security",
      "mode": "managed",
      "type": "akamai_appsec_rule",
      "name": "main_aseoutboundleakage_970004",
      "provider": "provider[\"registry.terraform.io/akamai/akamai\"]",
      "instances": [
        {
          "schema_version": 0,
          "attributes": {
            "condition_exception": null,
            "config_id": 74502,
            "id": "74502:0001_122739:970004",
            "rule_action": "alert",
            "rule_id": 970004,
            "security_policy_id": "0001_122739"
          },
          "sensitive_attributes": [],
          "private": "eyJzY2hlbWFfdmVyc2lvbiI6IjAifQ==",
          "dependencies": [
            "module.security.akamai_appsec_configuration.config",
            "module.security.akamai_appsec_security_policy.main",
            "module.security.akamai_appsec_waf_protection.main",
            "module.security.data.akamai_group.group"
          ]
        }
      ]
    },
    {
      "module": "module.security",
      "mode": "managed",
      "type": "akamai_appsec_rule",
      "name": "main_aseoutboundleakage_970009",
      "provider": "provider[\"registry.terraform.io/akamai/akamai\"]",
      "instances": [
        {
          "schema_version": 0,
          "attributes": {
            "condition_exception": null,
            "config_id": 74502,
            "id": "74502:0001_122739:970009",
            "rule_action": "alert",
            "rule_id": 970009,
            "security_policy_id": "0001_122739"
          },
          "sensitive_attributes": [],
          "private": "eyJzY2hlbWFfdmVyc2lvbiI6IjAifQ==",
          "dependencies": [
            "module.security.akamai_appsec_configuration.config",
            "module.security.akamai_appsec_security_policy.main",
            "module.security.akamai_appsec_waf_protection.main",
            "module.security.data.akamai_group.group"
          ]
        }
      ]
    },
    {
      "module": "module.security",
      "mode": "managed",
      "type": "akamai_appsec_rule",
      "name": "main_aseoutboundleakage_970011",
      "provider": "provider[\"registry.terraform.io/akamai/akamai\"]",
      "instances": [
        {
          "schema_version": 0,
          "attributes": {
            "condition_exception": null,
            "config_id": 74502,
            "id": "74502:0001_122739:970011",
            "rule_action": "alert",
            "rule_id": 970011,
            "security_policy_id": "0001_122739"
          },
          "sensitive_attributes": [],
          "private": "eyJzY2hlbWFfdmVyc2lvbiI6IjAifQ==",
          "dependencies": [
            "module.security.akamai_appsec_configuration.config",
            "module.security.akamai_appsec_security_policy.main",
            "module.security.akamai_appsec_waf_protection.main",
            "module.security.data.akamai_group.group"
          ]
        }
      ]
    },
    {
      "module": "module.security",
      "mode": "managed",
      "type": "akamai_appsec_rule",
      "name": "main_aseoutboundleakage_970013",
      "provider": "provider[\"registry.terraform.io/akamai/akamai\"]",
      "instances": [
        {
          "schema_version": 0,
          "attributes": {
            "condition_exception": null,
            "config_id": 74502,
            "id": "74502:0001_122739:970013",
            "rule_action": "alert",
            "rule_id": 970013,
            "security_policy_id": "0001_122739"
          },
          "sensitive_attributes": [],
          "private": "eyJzY2hlbWFfdmVyc2lvbiI6IjAifQ==",
          "dependencies": [
            "module.security.akamai_appsec_configuration.config",
            "module.security.akamai_appsec_security_policy.main",
            "module.security.akamai_appsec_waf_protection.main",
            "module.security.data.akamai_group.group"
          ]
        }
      ]
    },
    {
      "module": "module.security",
      "mode": "managed",
      "type": "akamai_appsec_rule",
      "name": "main_aseoutboundleakage_970014",
      "provider": "provider[\"registry.terraform.io/akamai/akamai\"]",
      "instances": [
        {
          "schema_version": 0,
          "attributes": {
            "condition_exception": null,
            "config_id": 74502,
            "id": "74502:0001_122739:970014",
            "rule_action": "alert",
            "rule_id": 970014,
            "security_policy_id": "0001_122739"
          },
          "sensitive_attributes": [],
          "private": "eyJzY2hlbWFfdmVyc2lvbiI6IjAifQ==",
          "dependencies": [
            "module.security.akamai_appsec_configuration.config",
            "module.security.akamai_appsec_security_policy.main",
            "module.security.akamai_appsec_waf_protection.main",
            "module.security.data.akamai_group.group"
          ]
        }
      ]
    },
    {
      "module": "module.security",
      "mode": "managed",
      "type": "akamai_appsec_rule",
      "name": "main_aseoutboundleakage_970015",
      "provider": "provider[\"registry.terraform.io/akamai/akamai\"]",
      "instances": [
        {
          "schema_version": 0,
          "attributes": {
            "condition_exception": null,
            "config_id": 74502,
            "id": "74502:0001_122739:970015",
            "rule_action": "alert",
            "rule_id": 970015,
            "security_policy_id": "0001_122739"
          },
          "sensitive_attributes": [],
          "private": "eyJzY2hlbWFfdmVyc2lvbiI6IjAifQ==",
          "dependencies": [
            "module.security.akamai_appsec_configuration.config",
            "module.security.akamai_appsec_security_policy.main",
            "module.security.akamai_appsec_waf_protection.main",
            "module.security.data.akamai_group.group"
          ]
        }
      ]
    },
    {
      "module": "module.security",
      "mode": "managed",
      "type": "akamai_appsec_rule",
      "name": "main_aseoutboundleakage_970902",
      "provider": "provider[\"registry.terraform.io/akamai/akamai\"]",
      "instances": [
        {
          "schema_version": 0,
          "attributes": {
            "condition_exception": null,
            "config_id": 74502,
            "id": "74502:0001_122739:970902",
            "rule_action": "alert",
            "rule_id": 970902,
            "security_policy_id": "0001_122739"
          },
          "sensitive_attributes": [],
          "private": "eyJzY2hlbWFfdmVyc2lvbiI6IjAifQ==",
          "dependencies": [
            "module.security.akamai_appsec_configuration.config",
            "module.security.akamai_appsec_security_policy.main",
            "module.security.akamai_appsec_waf_protection.main",
            "module.security.data.akamai_group.group"
          ]
        }
      ]
    },
    {
      "module": "module.security",
      "mode": "managed",
      "type": "akamai_appsec_rule",
      "name": "main_aseoutboundleakage_970903",
      "provider": "provider[\"registry.terraform.io/akamai/akamai\"]",
      "instances": [
        {
          "schema_version": 0,
          "attributes": {
            "condition_exception": null,
            "config_id": 74502,
            "id": "74502:0001_122739:970903",
            "rule_action": "alert",
            "rule_id": 970903,
            "security_policy_id": "0001_122739"
          },
          "sensitive_attributes": [],
          "private": "eyJzY2hlbWFfdmVyc2lvbiI6IjAifQ==",
          "dependencies": [
            "module.security.akamai_appsec_configuration.config",
            "module.security.akamai_appsec_security_policy.main",
            "module.security.akamai_appsec_waf_protection.main",
            "module.security.data.akamai_group.group"
          ]
        }
      ]
    },
    {
      "module": "module.security",
      "mode": "managed",
      "type": "akamai_appsec_rule",
      "name": "main_aseoutboundleakage_970904",
      "provider": "provider[\"registry.terraform.io/akamai/akamai\"]",
      "instances": [
        {
          "schema_version": 0,
          "attributes": {
            "condition_exception": null,
            "config_id": 74502,
            "id": "74502:0001_122739:970904",
            "rule_action": "alert",
            "rule_id": 970904,
            "security_policy_id": "0001_122739"
          },
          "sensitive_attributes": [],
          "private": "eyJzY2hlbWFfdmVyc2lvbiI6IjAifQ==",
          "dependencies": [
            "module.security.akamai_appsec_configuration.config",
            "module.security.akamai_appsec_security_policy.main",
            "module.security.akamai_appsec_waf_protection.main",
            "module.security.data.akamai_group.group"
          ]
        }
      ]
    },
    {
      "module": "module.security",
      "mode": "managed",
      "type": "akamai_appsec_rule",
      "name": "main_aseweb_attackcmd_injection_3000005",
      "provider": "provider[\"registry.terraform.io/akamai/akamai\"]",
      "instances": [
        {
          "schema_version": 0,
          "attributes": {
            "condition_exception": null,
            "config_id": 74502,
            "id": "74502:0001_122739:3000005",
            "rule_action": "alert",
            "rule_id": 3000005,
            "security_policy_id": "0001_122739"
          },
          "sensitive_attributes": [],
          "private": "eyJzY2hlbWFfdmVyc2lvbiI6IjAifQ==",
          "dependencies": [
            "module.security.akamai_appsec_configuration.config",
            "module.security.akamai_appsec_security_policy.main",
            "module.security.akamai_appsec_waf_protection.main",
            "module.security.data.akamai_group.group"
          ]
        }
      ]
    },
    {
      "module": "module.security",
      "mode": "managed",
      "type": "akamai_appsec_rule",
      "name": "main_aseweb_attackcmd_injection_3000007",
      "provider": "provider[\"registry.terraform.io/akamai/akamai\"]",
      "instances": [
        {
          "schema_version": 0,
          "attributes": {
            "condition_exception": null,
            "config_id": 74502,
            "id": "74502:0001_122739:3000007",
            "rule_action": "alert",
            "rule_id": 3000007,
            "security_policy_id": "0001_122739"
          },
          "sensitive_attributes": [],
          "private": "eyJzY2hlbWFfdmVyc2lvbiI6IjAifQ==",
          "dependencies": [
            "module.security.akamai_appsec_configuration.config",
            "module.security.akamai_appsec_security_policy.main",
            "module.security.akamai_appsec_waf_protection.main",
            "module.security.data.akamai_group.group"
          ]
        }
      ]
    },
    {
      "module": "module.security",
      "mode": "managed",
      "type": "akamai_appsec_rule",
      "name": "main_aseweb_attackcmd_injection_3000012",
      "provider": "provider[\"registry.terraform.io/akamai/akamai\"]",
      "instances": [
        {
          "schema_version": 0,
          "attributes": {
            "condition_exception": null,
            "config_id": 74502,
            "id": "74502:0001_122739:3000012",
            "rule_action": "alert",
            "rule_id": 3000012,
            "security_policy_id": "0001_122739"
          },
          "sensitive_attributes": [],
          "private": "eyJzY2hlbWFfdmVyc2lvbiI6IjAifQ==",
          "dependencies": [
            "module.security.akamai_appsec_configuration.config",
            "module.security.akamai_appsec_security_policy.main",
            "module.security.akamai_appsec_waf_protection.main",
            "module.security.data.akamai_group.group"
          ]
        }
      ]
    },
    {
      "module": "module.security",
      "mode": "managed",
      "type": "akamai_appsec_rule",
      "name": "main_aseweb_attackcmd_injection_3000013",
      "provider": "provider[\"registry.terraform.io/akamai/akamai\"]",
      "instances": [
        {
          "schema_version": 0,
          "attributes": {
            "condition_exception": null,
            "config_id": 74502,
            "id": "74502:0001_122739:3000013",
            "rule_action": "alert",
            "rule_id": 3000013,
            "security_policy_id": "0001_122739"
          },
          "sensitive_attributes": [],
          "private": "eyJzY2hlbWFfdmVyc2lvbiI6IjAifQ==",
          "dependencies": [
            "module.security.akamai_appsec_configuration.config",
            "module.security.akamai_appsec_security_policy.main",
            "module.security.akamai_appsec_waf_protection.main",
            "module.security.data.akamai_group.group"
          ]
        }
      ]
    },
    {
      "module": "module.security",
      "mode": "managed",
      "type": "akamai_appsec_rule",
      "name": "main_aseweb_attackcmd_injection_3000014",
      "provider": "provider[\"registry.terraform.io/akamai/akamai\"]",
      "instances": [
        {
          "schema_version": 0,
          "attributes": {
            "condition_exception": null,
            "config_id": 74502,
            "id": "74502:0001_122739:3000014",
            "rule_action": "alert",
            "rule_id": 3000014,
            "security_policy_id": "0001_122739"
          },
          "sensitive_attributes": [],
          "private": "eyJzY2hlbWFfdmVyc2lvbiI6IjAifQ==",
          "dependencies": [
            "module.security.akamai_appsec_configuration.config",
            "module.security.akamai_appsec_security_policy.main",
            "module.security.akamai_appsec_waf_protection.main",
            "module.security.data.akamai_group.group"
          ]
        }
      ]
    },
    {
      "module": "module.security",
      "mode": "managed",
      "type": "akamai_appsec_rule",
      "name": "main_aseweb_attackcmd_injection_3000023",
      "provider": "provider[\"registry.terraform.io/akamai/akamai\"]",
      "instances": [
        {
          "schema_version": 0,
          "attributes": {
            "condition_exception": null,
            "config_id": 74502,
            "id": "74502:0001_122739:3000023",
            "rule_action": "alert",
            "rule_id": 3000023,
            "security_policy_id": "0001_122739"
          },
          "sensitive_attributes": [],
          "private": "eyJzY2hlbWFfdmVyc2lvbiI6IjAifQ==",
          "dependencies": [
            "module.security.akamai_appsec_configuration.config",
            "module.security.akamai_appsec_security_policy.main",
            "module.security.akamai_appsec_waf_protection.main",
            "module.security.data.akamai_group.group"
          ]
        }
      ]
    },
    {
      "module": "module.security",
      "mode": "managed",
      "type": "akamai_appsec_rule",
      "name": "main_aseweb_attackcmd_injection_3000025",
      "provider": "provider[\"registry.terraform.io/akamai/akamai\"]",
      "instances": [
        {
          "schema_version": 0,
          "attributes": {
            "condition_exception": null,
            "config_id": 74502,
            "id": "74502:0001_122739:3000025",
            "rule_action": "alert",
            "rule_id": 3000025,
            "security_policy_id": "0001_122739"
          },
          "sensitive_attributes": [],
          "private": "eyJzY2hlbWFfdmVyc2lvbiI6IjAifQ==",
          "dependencies": [
            "module.security.akamai_appsec_configuration.config",
            "module.security.akamai_appsec_security_policy.main",
            "module.security.akamai_appsec_waf_protection.main",
            "module.security.data.akamai_group.group"
          ]
        }
      ]
    },
    {
      "module": "module.security",
      "mode": "managed",
      "type": "akamai_appsec_rule",
      "name": "main_aseweb_attackcmd_injection_3000033",
      "provider": "provider[\"registry.terraform.io/akamai/akamai\"]",
      "instances": [
        {
          "schema_version": 0,
          "attributes": {
            "condition_exception": null,
            "config_id": 74502,
            "id": "74502:0001_122739:3000033",
            "rule_action": "alert",
            "rule_id": 3000033,
            "security_policy_id": "0001_122739"
          },
          "sensitive_attributes": [],
          "private": "eyJzY2hlbWFfdmVyc2lvbiI6IjAifQ==",
          "dependencies": [
            "module.security.akamai_appsec_configuration.config",
            "module.security.akamai_appsec_security_policy.main",
            "module.security.akamai_appsec_waf_protection.main",
            "module.security.data.akamai_group.group"
          ]
        }
      ]
    },
    {
      "module": "module.security",
      "mode": "managed",
      "type": "akamai_appsec_rule",
      "name": "main_aseweb_attackcmd_injection_3000034",
      "provider": "provider[\"registry.terraform.io/akamai/akamai\"]",
      "instances": [
        {
          "schema_version": 0,
          "attributes": {
            "condition_exception": null,
            "config_id": 74502,
            "id": "74502:0001_122739:3000034",
            "rule_action": "alert",
            "rule_id": 3000034,
            "security_policy_id": "0001_122739"
          },
          "sensitive_attributes": [],
          "private": "eyJzY2hlbWFfdmVyc2lvbiI6IjAifQ==",
          "dependencies": [
            "module.security.akamai_appsec_configuration.config",
            "module.security.akamai_appsec_security_policy.main",
            "module.security.akamai_appsec_waf_protection.main",
            "module.security.data.akamai_group.group"
          ]
        }
      ]
    },
    {
      "module": "module.security",
      "mode": "managed",
      "type": "akamai_appsec_rule",
      "name": "main_aseweb_attackcmd_injection_3000041",
      "provider": "provider[\"registry.terraform.io/akamai/akamai\"]",
      "instances": [
        {
          "schema_version": 0,
          "attributes": {
            "condition_exception": "{\"advancedExceptions\":{\"specificHeaderCookieParamXmlOrJsonNames\":[{\"criteria\":[{\"hostnames\":[\"test.skfmediahub.skf.com\"],\"paths\":[\"/webapi/File/UploadFile\"]}],\"selector\":\"REQUEST_BODY\",\"wildcard\":true}]}}",
            "config_id": 74502,
            "id": "74502:0001_122739:3000041",
            "rule_action": "alert",
            "rule_id": 3000041,
            "security_policy_id": "0001_122739"
          },
          "sensitive_attributes": [],
          "private": "eyJzY2hlbWFfdmVyc2lvbiI6IjAifQ==",
          "dependencies": [
            "module.security.akamai_appsec_configuration.config",
            "module.security.akamai_appsec_security_policy.main",
            "module.security.akamai_appsec_waf_protection.main",
            "module.security.data.akamai_group.group"
          ]
        }
      ]
    },
    {
      "module": "module.security",
      "mode": "managed",
      "type": "akamai_appsec_rule",
      "name": "main_aseweb_attackcmd_injection_3000056",
      "provider": "provider[\"registry.terraform.io/akamai/akamai\"]",
      "instances": [
        {
          "schema_version": 0,
          "attributes": {
            "condition_exception": null,
            "config_id": 74502,
            "id": "74502:0001_122739:3000056",
            "rule_action": "alert",
            "rule_id": 3000056,
            "security_policy_id": "0001_122739"
          },
          "sensitive_attributes": [],
          "private": "eyJzY2hlbWFfdmVyc2lvbiI6IjAifQ==",
          "dependencies": [
            "module.security.akamai_appsec_configuration.config",
            "module.security.akamai_appsec_security_policy.main",
            "module.security.akamai_appsec_waf_protection.main",
            "module.security.data.akamai_group.group"
          ]
        }
      ]
    },
    {
      "module": "module.security",
      "mode": "managed",
      "type": "akamai_appsec_rule",
      "name": "main_aseweb_attackcmd_injection_3000058",
      "provider": "provider[\"registry.terraform.io/akamai/akamai\"]",
      "instances": [
        {
          "schema_version": 0,
          "attributes": {
            "condition_exception": null,
            "config_id": 74502,
            "id": "74502:0001_122739:3000058",
            "rule_action": "alert",
            "rule_id": 3000058,
            "security_policy_id": "0001_122739"
          },
          "sensitive_attributes": [],
          "private": "eyJzY2hlbWFfdmVyc2lvbiI6IjAifQ==",
          "dependencies": [
            "module.security.akamai_appsec_configuration.config",
            "module.security.akamai_appsec_security_policy.main",
            "module.security.akamai_appsec_waf_protection.main",
            "module.security.data.akamai_group.group"
          ]
        }
      ]
    },
    {
      "module": "module.security",
      "mode": "managed",
      "type": "akamai_appsec_rule",
      "name": "main_aseweb_attackcmd_injection_3000065",
      "provider": "provider[\"registry.terraform.io/akamai/akamai\"]",
      "instances": [
        {
          "schema_version": 0,
          "attributes": {
            "condition_exception": null,
            "config_id": 74502,
            "id": "74502:0001_122739:3000065",
            "rule_action": "alert",
            "rule_id": 3000065,
            "security_policy_id": "0001_122739"
          },
          "sensitive_attributes": [],
          "private": "eyJzY2hlbWFfdmVyc2lvbiI6IjAifQ==",
          "dependencies": [
            "module.security.akamai_appsec_configuration.config",
            "module.security.akamai_appsec_security_policy.main",
            "module.security.akamai_appsec_waf_protection.main",
            "module.security.data.akamai_group.group"
          ]
        }
      ]
    },
    {
      "module": "module.security",
      "mode": "managed",
      "type": "akamai_appsec_rule",
      "name": "main_aseweb_attackcmd_injection_3000072",
      "provider": "provider[\"registry.terraform.io/akamai/akamai\"]",
      "instances": [
        {
          "schema_version": 0,
          "attributes": {
            "condition_exception": null,
            "config_id": 74502,
            "id": "74502:0001_122739:3000072",
            "rule_action": "alert",
            "rule_id": 3000072,
            "security_policy_id": "0001_122739"
          },
          "sensitive_attributes": [],
          "private": "eyJzY2hlbWFfdmVyc2lvbiI6IjAifQ==",
          "dependencies": [
            "module.security.akamai_appsec_configuration.config",
            "module.security.akamai_appsec_security_policy.main",
            "module.security.akamai_appsec_waf_protection.main",
            "module.security.data.akamai_group.group"
          ]
        }
      ]
    },
    {
      "module": "module.security",
      "mode": "managed",
      "type": "akamai_appsec_rule",
      "name": "main_aseweb_attackcmd_injection_3000141",
      "provider": "provider[\"registry.terraform.io/akamai/akamai\"]",
      "instances": [
        {
          "schema_version": 0,
          "attributes": {
            "condition_exception": null,
            "config_id": 74502,
            "id": "74502:0001_122739:3000141",
            "rule_action": "alert",
            "rule_id": 3000141,
            "security_policy_id": "0001_122739"
          },
          "sensitive_attributes": [],
          "private": "eyJzY2hlbWFfdmVyc2lvbiI6IjAifQ==",
          "dependencies": [
            "module.security.akamai_appsec_configuration.config",
            "module.security.akamai_appsec_security_policy.main",
            "module.security.akamai_appsec_waf_protection.main",
            "module.security.data.akamai_group.group"
          ]
        }
      ]
    },
    {
      "module": "module.security",
      "mode": "managed",
      "type": "akamai_appsec_rule",
      "name": "main_aseweb_attackcmd_injection_3000142",
      "provider": "provider[\"registry.terraform.io/akamai/akamai\"]",
      "instances": [
        {
          "schema_version": 0,
          "attributes": {
            "condition_exception": null,
            "config_id": 74502,
            "id": "74502:0001_122739:3000142",
            "rule_action": "alert",
            "rule_id": 3000142,
            "security_policy_id": "0001_122739"
          },
          "sensitive_attributes": [],
          "private": "eyJzY2hlbWFfdmVyc2lvbiI6IjAifQ==",
          "dependencies": [
            "module.security.akamai_appsec_configuration.config",
            "module.security.akamai_appsec_security_policy.main",
            "module.security.akamai_appsec_waf_protection.main",
            "module.security.data.akamai_group.group"
          ]
        }
      ]
    },
    {
      "module": "module.security",
      "mode": "managed",
      "type": "akamai_appsec_rule",
      "name": "main_aseweb_attackcmd_injection_3000143",
      "provider": "provider[\"registry.terraform.io/akamai/akamai\"]",
      "instances": [
        {
          "schema_version": 0,
          "attributes": {
            "condition_exception": null,
            "config_id": 74502,
            "id": "74502:0001_122739:3000143",
            "rule_action": "alert",
            "rule_id": 3000143,
            "security_policy_id": "0001_122739"
          },
          "sensitive_attributes": [],
          "private": "eyJzY2hlbWFfdmVyc2lvbiI6IjAifQ==",
          "dependencies": [
            "module.security.akamai_appsec_configuration.config",
            "module.security.akamai_appsec_security_policy.main",
            "module.security.akamai_appsec_waf_protection.main",
            "module.security.data.akamai_group.group"
          ]
        }
      ]
    },
    {
      "module": "module.security",
      "mode": "managed",
      "type": "akamai_appsec_rule",
      "name": "main_aseweb_attackcmd_injection_3000144",
      "provider": "provider[\"registry.terraform.io/akamai/akamai\"]",
      "instances": [
        {
          "schema_version": 0,
          "attributes": {
            "condition_exception": null,
            "config_id": 74502,
            "id": "74502:0001_122739:3000144",
            "rule_action": "alert",
            "rule_id": 3000144,
            "security_policy_id": "0001_122739"
          },
          "sensitive_attributes": [],
          "private": "eyJzY2hlbWFfdmVyc2lvbiI6IjAifQ==",
          "dependencies": [
            "module.security.akamai_appsec_configuration.config",
            "module.security.akamai_appsec_security_policy.main",
            "module.security.akamai_appsec_waf_protection.main",
            "module.security.data.akamai_group.group"
          ]
        }
      ]
    },
    {
      "module": "module.security",
      "mode": "managed",
      "type": "akamai_appsec_rule",
      "name": "main_aseweb_attackcmd_injection_3000145",
      "provider": "provider[\"registry.terraform.io/akamai/akamai\"]",
      "instances": [
        {
          "schema_version": 0,
          "attributes": {
            "condition_exception": null,
            "config_id": 74502,
            "id": "74502:0001_122739:3000145",
            "rule_action": "alert",
            "rule_id": 3000145,
            "security_policy_id": "0001_122739"
          },
          "sensitive_attributes": [],
          "private": "eyJzY2hlbWFfdmVyc2lvbiI6IjAifQ==",
          "dependencies": [
            "module.security.akamai_appsec_configuration.config",
            "module.security.akamai_appsec_security_policy.main",
            "module.security.akamai_appsec_waf_protection.main",
            "module.security.data.akamai_group.group"
          ]
        }
      ]
    },
    {
      "module": "module.security",
      "mode": "managed",
      "type": "akamai_appsec_rule",
      "name": "main_aseweb_attackcmd_injection_3000146",
      "provider": "provider[\"registry.terraform.io/akamai/akamai\"]",
      "instances": [
        {
          "schema_version": 0,
          "attributes": {
            "condition_exception": null,
            "config_id": 74502,
            "id": "74502:0001_122739:3000146",
            "rule_action": "alert",
            "rule_id": 3000146,
            "security_policy_id": "0001_122739"
          },
          "sensitive_attributes": [],
          "private": "eyJzY2hlbWFfdmVyc2lvbiI6IjAifQ==",
          "dependencies": [
            "module.security.akamai_appsec_configuration.config",
            "module.security.akamai_appsec_security_policy.main",
            "module.security.akamai_appsec_waf_protection.main",
            "module.security.data.akamai_group.group"
          ]
        }
      ]
    },
    {
      "module": "module.security",
      "mode": "managed",
      "type": "akamai_appsec_rule",
      "name": "main_aseweb_attackcmd_injection_3000147",
      "provider": "provider[\"registry.terraform.io/akamai/akamai\"]",
      "instances": [
        {
          "schema_version": 0,
          "attributes": {
            "condition_exception": null,
            "config_id": 74502,
            "id": "74502:0001_122739:3000147",
            "rule_action": "alert",
            "rule_id": 3000147,
            "security_policy_id": "0001_122739"
          },
          "sensitive_attributes": [],
          "private": "eyJzY2hlbWFfdmVyc2lvbiI6IjAifQ==",
          "dependencies": [
            "module.security.akamai_appsec_configuration.config",
            "module.security.akamai_appsec_security_policy.main",
            "module.security.akamai_appsec_waf_protection.main",
            "module.security.data.akamai_group.group"
          ]
        }
      ]
    },
    {
      "module": "module.security",
      "mode": "managed",
      "type": "akamai_appsec_rule",
      "name": "main_aseweb_attackcmd_injection_3000148",
      "provider": "provider[\"registry.terraform.io/akamai/akamai\"]",
      "instances": [
        {
          "schema_version": 0,
          "attributes": {
            "condition_exception": null,
            "config_id": 74502,
            "id": "74502:0001_122739:3000148",
            "rule_action": "alert",
            "rule_id": 3000148,
            "security_policy_id": "0001_122739"
          },
          "sensitive_attributes": [],
          "private": "eyJzY2hlbWFfdmVyc2lvbiI6IjAifQ==",
          "dependencies": [
            "module.security.akamai_appsec_configuration.config",
            "module.security.akamai_appsec_security_policy.main",
            "module.security.akamai_appsec_waf_protection.main",
            "module.security.data.akamai_group.group"
          ]
        }
      ]
    },
    {
      "module": "module.security",
      "mode": "managed",
      "type": "akamai_appsec_rule",
      "name": "main_aseweb_attackcmd_injection_3000149",
      "provider": "provider[\"registry.terraform.io/akamai/akamai\"]",
      "instances": [
        {
          "schema_version": 0,
          "attributes": {
            "condition_exception": null,
            "config_id": 74502,
            "id": "74502:0001_122739:3000149",
            "rule_action": "alert",
            "rule_id": 3000149,
            "security_policy_id": "0001_122739"
          },
          "sensitive_attributes": [],
          "private": "eyJzY2hlbWFfdmVyc2lvbiI6IjAifQ==",
          "dependencies": [
            "module.security.akamai_appsec_configuration.config",
            "module.security.akamai_appsec_security_policy.main",
            "module.security.akamai_appsec_waf_protection.main",
            "module.security.data.akamai_group.group"
          ]
        }
      ]
    },
    {
      "module": "module.security",
      "mode": "managed",
      "type": "akamai_appsec_rule",
      "name": "main_aseweb_attackcmd_injection_3000150",
      "provider": "provider[\"registry.terraform.io/akamai/akamai\"]",
      "instances": [
        {
          "schema_version": 0,
          "attributes": {
            "condition_exception": null,
            "config_id": 74502,
            "id": "74502:0001_122739:3000150",
            "rule_action": "alert",
            "rule_id": 3000150,
            "security_policy_id": "0001_122739"
          },
          "sensitive_attributes": [],
          "private": "eyJzY2hlbWFfdmVyc2lvbiI6IjAifQ==",
          "dependencies": [
            "module.security.akamai_appsec_configuration.config",
            "module.security.akamai_appsec_security_policy.main",
            "module.security.akamai_appsec_waf_protection.main",
            "module.security.data.akamai_group.group"
          ]
        }
      ]
    },
    {
      "module": "module.security",
      "mode": "managed",
      "type": "akamai_appsec_rule",
      "name": "main_aseweb_attackcmd_injection_3000151",
      "provider": "provider[\"registry.terraform.io/akamai/akamai\"]",
      "instances": [
        {
          "schema_version": 0,
          "attributes": {
            "condition_exception": null,
            "config_id": 74502,
            "id": "74502:0001_122739:3000151",
            "rule_action": "alert",
            "rule_id": 3000151,
            "security_policy_id": "0001_122739"
          },
          "sensitive_attributes": [],
          "private": "eyJzY2hlbWFfdmVyc2lvbiI6IjAifQ==",
          "dependencies": [
            "module.security.akamai_appsec_configuration.config",
            "module.security.akamai_appsec_security_policy.main",
            "module.security.akamai_appsec_waf_protection.main",
            "module.security.data.akamai_group.group"
          ]
        }
      ]
    },
    {
      "module": "module.security",
      "mode": "managed",
      "type": "akamai_appsec_rule",
      "name": "main_aseweb_attackcmd_injection_3000152",
      "provider": "provider[\"registry.terraform.io/akamai/akamai\"]",
      "instances": [
        {
          "schema_version": 0,
          "attributes": {
            "condition_exception": null,
            "config_id": 74502,
            "id": "74502:0001_122739:3000152",
            "rule_action": "alert",
            "rule_id": 3000152,
            "security_policy_id": "0001_122739"
          },
          "sensitive_attributes": [],
          "private": "eyJzY2hlbWFfdmVyc2lvbiI6IjAifQ==",
          "dependencies": [
            "module.security.akamai_appsec_configuration.config",
            "module.security.akamai_appsec_security_policy.main",
            "module.security.akamai_appsec_waf_protection.main",
            "module.security.data.akamai_group.group"
          ]
        }
      ]
    },
    {
      "module": "module.security",
      "mode": "managed",
      "type": "akamai_appsec_rule",
      "name": "main_aseweb_attackcmd_injection_3000153",
      "provider": "provider[\"registry.terraform.io/akamai/akamai\"]",
      "instances": [
        {
          "schema_version": 0,
          "attributes": {
            "condition_exception": null,
            "config_id": 74502,
            "id": "74502:0001_122739:3000153",
            "rule_action": "alert",
            "rule_id": 3000153,
            "security_policy_id": "0001_122739"
          },
          "sensitive_attributes": [],
          "private": "eyJzY2hlbWFfdmVyc2lvbiI6IjAifQ==",
          "dependencies": [
            "module.security.akamai_appsec_configuration.config",
            "module.security.akamai_appsec_security_policy.main",
            "module.security.akamai_appsec_waf_protection.main",
            "module.security.data.akamai_group.group"
          ]
        }
      ]
    },
    {
      "module": "module.security",
      "mode": "managed",
      "type": "akamai_appsec_rule",
      "name": "main_aseweb_attackcmd_injection_3000154",
      "provider": "provider[\"registry.terraform.io/akamai/akamai\"]",
      "instances": [
        {
          "schema_version": 0,
          "attributes": {
            "condition_exception": null,
            "config_id": 74502,
            "id": "74502:0001_122739:3000154",
            "rule_action": "alert",
            "rule_id": 3000154,
            "security_policy_id": "0001_122739"
          },
          "sensitive_attributes": [],
          "private": "eyJzY2hlbWFfdmVyc2lvbiI6IjAifQ==",
          "dependencies": [
            "module.security.akamai_appsec_configuration.config",
            "module.security.akamai_appsec_security_policy.main",
            "module.security.akamai_appsec_waf_protection.main",
            "module.security.data.akamai_group.group"
          ]
        }
      ]
    },
    {
      "module": "module.security",
      "mode": "managed",
      "type": "akamai_appsec_rule",
      "name": "main_aseweb_attackcmd_injection_3000155",
      "provider": "provider[\"registry.terraform.io/akamai/akamai\"]",
      "instances": [
        {
          "schema_version": 0,
          "attributes": {
            "condition_exception": null,
            "config_id": 74502,
            "id": "74502:0001_122739:3000155",
            "rule_action": "alert",
            "rule_id": 3000155,
            "security_policy_id": "0001_122739"
          },
          "sensitive_attributes": [],
          "private": "eyJzY2hlbWFfdmVyc2lvbiI6IjAifQ==",
          "dependencies": [
            "module.security.akamai_appsec_configuration.config",
            "module.security.akamai_appsec_security_policy.main",
            "module.security.akamai_appsec_waf_protection.main",
            "module.security.data.akamai_group.group"
          ]
        }
      ]
    },
    {
      "module": "module.security",
      "mode": "managed",
      "type": "akamai_appsec_rule",
      "name": "main_aseweb_attackcmd_injection_3000156",
      "provider": "provider[\"registry.terraform.io/akamai/akamai\"]",
      "instances": [
        {
          "schema_version": 0,
          "attributes": {
            "condition_exception": null,
            "config_id": 74502,
            "id": "74502:0001_122739:3000156",
            "rule_action": "alert",
            "rule_id": 3000156,
            "security_policy_id": "0001_122739"
          },
          "sensitive_attributes": [],
          "private": "eyJzY2hlbWFfdmVyc2lvbiI6IjAifQ==",
          "dependencies": [
            "module.security.akamai_appsec_configuration.config",
            "module.security.akamai_appsec_security_policy.main",
            "module.security.akamai_appsec_waf_protection.main",
            "module.security.data.akamai_group.group"
          ]
        }
      ]
    },
    {
      "module": "module.security",
      "mode": "managed",
      "type": "akamai_appsec_rule",
      "name": "main_aseweb_attackcmd_injection_3000169",
      "provider": "provider[\"registry.terraform.io/akamai/akamai\"]",
      "instances": [
        {
          "schema_version": 0,
          "attributes": {
            "condition_exception": null,
            "config_id": 74502,
            "id": "74502:0001_122739:3000169",
            "rule_action": "alert",
            "rule_id": 3000169,
            "security_policy_id": "0001_122739"
          },
          "sensitive_attributes": [],
          "private": "eyJzY2hlbWFfdmVyc2lvbiI6IjAifQ==",
          "dependencies": [
            "module.security.akamai_appsec_configuration.config",
            "module.security.akamai_appsec_security_policy.main",
            "module.security.akamai_appsec_waf_protection.main",
            "module.security.data.akamai_group.group"
          ]
        }
      ]
    },
    {
      "module": "module.security",
      "mode": "managed",
      "type": "akamai_appsec_rule",
      "name": "main_aseweb_attackcmd_injection_3000170",
      "provider": "provider[\"registry.terraform.io/akamai/akamai\"]",
      "instances": [
        {
          "schema_version": 0,
          "attributes": {
            "condition_exception": null,
            "config_id": 74502,
            "id": "74502:0001_122739:3000170",
            "rule_action": "alert",
            "rule_id": 3000170,
            "security_policy_id": "0001_122739"
          },
          "sensitive_attributes": [],
          "private": "eyJzY2hlbWFfdmVyc2lvbiI6IjAifQ==",
          "dependencies": [
            "module.security.akamai_appsec_configuration.config",
            "module.security.akamai_appsec_security_policy.main",
            "module.security.akamai_appsec_waf_protection.main",
            "module.security.data.akamai_group.group"
          ]
        }
      ]
    },
    {
      "module": "module.security",
      "mode": "managed",
      "type": "akamai_appsec_rule",
      "name": "main_aseweb_attackcmd_injection_3000171",
      "provider": "provider[\"registry.terraform.io/akamai/akamai\"]",
      "instances": [
        {
          "schema_version": 0,
          "attributes": {
            "condition_exception": null,
            "config_id": 74502,
            "id": "74502:0001_122739:3000171",
            "rule_action": "alert",
            "rule_id": 3000171,
            "security_policy_id": "0001_122739"
          },
          "sensitive_attributes": [],
          "private": "eyJzY2hlbWFfdmVyc2lvbiI6IjAifQ==",
          "dependencies": [
            "module.security.akamai_appsec_configuration.config",
            "module.security.akamai_appsec_security_policy.main",
            "module.security.akamai_appsec_waf_protection.main",
            "module.security.data.akamai_group.group"
          ]
        }
      ]
    },
    {
      "module": "module.security",
      "mode": "managed",
      "type": "akamai_appsec_rule",
      "name": "main_aseweb_attackcmd_injection_3000172",
      "provider": "provider[\"registry.terraform.io/akamai/akamai\"]",
      "instances": [
        {
          "schema_version": 0,
          "attributes": {
            "condition_exception": null,
            "config_id": 74502,
            "id": "74502:0001_122739:3000172",
            "rule_action": "alert",
            "rule_id": 3000172,
            "security_policy_id": "0001_122739"
          },
          "sensitive_attributes": [],
          "private": "eyJzY2hlbWFfdmVyc2lvbiI6IjAifQ==",
          "dependencies": [
            "module.security.akamai_appsec_configuration.config",
            "module.security.akamai_appsec_security_policy.main",
            "module.security.akamai_appsec_waf_protection.main",
            "module.security.data.akamai_group.group"
          ]
        }
      ]
    },
    {
      "module": "module.security",
      "mode": "managed",
      "type": "akamai_appsec_rule",
      "name": "main_aseweb_attackcmd_injection_3000196",
      "provider": "provider[\"registry.terraform.io/akamai/akamai\"]",
      "instances": [
        {
          "schema_version": 0,
          "attributes": {
            "condition_exception": null,
            "config_id": 74502,
            "id": "74502:0001_122739:3000196",
            "rule_action": "alert",
            "rule_id": 3000196,
            "security_policy_id": "0001_122739"
          },
          "sensitive_attributes": [],
          "private": "eyJzY2hlbWFfdmVyc2lvbiI6IjAifQ==",
          "dependencies": [
            "module.security.akamai_appsec_configuration.config",
            "module.security.akamai_appsec_security_policy.main",
            "module.security.akamai_appsec_waf_protection.main",
            "module.security.data.akamai_group.group"
          ]
        }
      ]
    },
    {
      "module": "module.security",
      "mode": "managed",
      "type": "akamai_appsec_rule",
      "name": "main_aseweb_attackcmd_injection_3000197",
      "provider": "provider[\"registry.terraform.io/akamai/akamai\"]",
      "instances": [
        {
          "schema_version": 0,
          "attributes": {
            "condition_exception": null,
            "config_id": 74502,
            "id": "74502:0001_122739:3000197",
            "rule_action": "alert",
            "rule_id": 3000197,
            "security_policy_id": "0001_122739"
          },
          "sensitive_attributes": [],
          "private": "eyJzY2hlbWFfdmVyc2lvbiI6IjAifQ==",
          "dependencies": [
            "module.security.akamai_appsec_configuration.config",
            "module.security.akamai_appsec_security_policy.main",
            "module.security.akamai_appsec_waf_protection.main",
            "module.security.data.akamai_group.group"
          ]
        }
      ]
    },
    {
      "module": "module.security",
      "mode": "managed",
      "type": "akamai_appsec_rule",
      "name": "main_aseweb_attackcmd_injection_3000400",
      "provider": "provider[\"registry.terraform.io/akamai/akamai\"]",
      "instances": [
        {
          "schema_version": 0,
          "attributes": {
            "condition_exception": null,
            "config_id": 74502,
            "id": "74502:0001_122739:3000400",
            "rule_action": "alert",
            "rule_id": 3000400,
            "security_policy_id": "0001_122739"
          },
          "sensitive_attributes": [],
          "private": "eyJzY2hlbWFfdmVyc2lvbiI6IjAifQ==",
          "dependencies": [
            "module.security.akamai_appsec_configuration.config",
            "module.security.akamai_appsec_security_policy.main",
            "module.security.akamai_appsec_waf_protection.main",
            "module.security.data.akamai_group.group"
          ]
        }
      ]
    },
    {
      "module": "module.security",
      "mode": "managed",
      "type": "akamai_appsec_rule",
      "name": "main_aseweb_attackcmd_injection_3000401",
      "provider": "provider[\"registry.terraform.io/akamai/akamai\"]",
      "instances": [
        {
          "schema_version": 0,
          "attributes": {
            "condition_exception": null,
            "config_id": 74502,
            "id": "74502:0001_122739:3000401",
            "rule_action": "alert",
            "rule_id": 3000401,
            "security_policy_id": "0001_122739"
          },
          "sensitive_attributes": [],
          "private": "eyJzY2hlbWFfdmVyc2lvbiI6IjAifQ==",
          "dependencies": [
            "module.security.akamai_appsec_configuration.config",
            "module.security.akamai_appsec_security_policy.main",
            "module.security.akamai_appsec_waf_protection.main",
            "module.security.data.akamai_group.group"
          ]
        }
      ]
    },
    {
      "module": "module.security",
      "mode": "managed",
      "type": "akamai_appsec_rule",
      "name": "main_aseweb_attackcmd_injection_3000403",
      "provider": "provider[\"registry.terraform.io/akamai/akamai\"]",
      "instances": [
        {
          "schema_version": 0,
          "attributes": {
            "condition_exception": null,
            "config_id": 74502,
            "id": "74502:0001_122739:3000403",
            "rule_action": "alert",
            "rule_id": 3000403,
            "security_policy_id": "0001_122739"
          },
          "sensitive_attributes": [],
          "private": "eyJzY2hlbWFfdmVyc2lvbiI6IjAifQ==",
          "dependencies": [
            "module.security.akamai_appsec_configuration.config",
            "module.security.akamai_appsec_security_policy.main",
            "module.security.akamai_appsec_waf_protection.main",
            "module.security.data.akamai_group.group"
          ]
        }
      ]
    },
    {
      "module": "module.security",
      "mode": "managed",
      "type": "akamai_appsec_rule",
      "name": "main_aseweb_attackcmd_injection_3000404",
      "provider": "provider[\"registry.terraform.io/akamai/akamai\"]",
      "instances": [
        {
          "schema_version": 0,
          "attributes": {
            "condition_exception": null,
            "config_id": 74502,
            "id": "74502:0001_122739:3000404",
            "rule_action": "alert",
            "rule_id": 3000404,
            "security_policy_id": "0001_122739"
          },
          "sensitive_attributes": [],
          "private": "eyJzY2hlbWFfdmVyc2lvbiI6IjAifQ==",
          "dependencies": [
            "module.security.akamai_appsec_configuration.config",
            "module.security.akamai_appsec_security_policy.main",
            "module.security.akamai_appsec_waf_protection.main",
            "module.security.data.akamai_group.group"
          ]
        }
      ]
    },
    {
      "module": "module.security",
      "mode": "managed",
      "type": "akamai_appsec_rule",
      "name": "main_aseweb_attackcmd_injection_3000405",
      "provider": "provider[\"registry.terraform.io/akamai/akamai\"]",
      "instances": [
        {
          "schema_version": 0,
          "attributes": {
            "condition_exception": null,
            "config_id": 74502,
            "id": "74502:0001_122739:3000405",
            "rule_action": "alert",
            "rule_id": 3000405,
            "security_policy_id": "0001_122739"
          },
          "sensitive_attributes": [],
          "private": "eyJzY2hlbWFfdmVyc2lvbiI6IjAifQ==",
          "dependencies": [
            "module.security.akamai_appsec_configuration.config",
            "module.security.akamai_appsec_security_policy.main",
            "module.security.akamai_appsec_waf_protection.main",
            "module.security.data.akamai_group.group"
          ]
        }
      ]
    },
    {
      "module": "module.security",
      "mode": "managed",
      "type": "akamai_appsec_rule",
      "name": "main_aseweb_attackcmd_injection_3000406",
      "provider": "provider[\"registry.terraform.io/akamai/akamai\"]",
      "instances": [
        {
          "schema_version": 0,
          "attributes": {
            "condition_exception": null,
            "config_id": 74502,
            "id": "74502:0001_122739:3000406",
            "rule_action": "alert",
            "rule_id": 3000406,
            "security_policy_id": "0001_122739"
          },
          "sensitive_attributes": [],
          "private": "eyJzY2hlbWFfdmVyc2lvbiI6IjAifQ==",
          "dependencies": [
            "module.security.akamai_appsec_configuration.config",
            "module.security.akamai_appsec_security_policy.main",
            "module.security.akamai_appsec_waf_protection.main",
            "module.security.data.akamai_group.group"
          ]
        }
      ]
    },
    {
      "module": "module.security",
      "mode": "managed",
      "type": "akamai_appsec_rule",
      "name": "main_aseweb_attackcmd_injection_3000407",
      "provider": "provider[\"registry.terraform.io/akamai/akamai\"]",
      "instances": [
        {
          "schema_version": 0,
          "attributes": {
            "condition_exception": null,
            "config_id": 74502,
            "id": "74502:0001_122739:3000407",
            "rule_action": "alert",
            "rule_id": 3000407,
            "security_policy_id": "0001_122739"
          },
          "sensitive_attributes": [],
          "private": "eyJzY2hlbWFfdmVyc2lvbiI6IjAifQ==",
          "dependencies": [
            "module.security.akamai_appsec_configuration.config",
            "module.security.akamai_appsec_security_policy.main",
            "module.security.akamai_appsec_waf_protection.main",
            "module.security.data.akamai_group.group"
          ]
        }
      ]
    },
    {
      "module": "module.security",
      "mode": "managed",
      "type": "akamai_appsec_rule",
      "name": "main_aseweb_attackcmd_injection_950002",
      "provider": "provider[\"registry.terraform.io/akamai/akamai\"]",
      "instances": [
        {
          "schema_version": 0,
          "attributes": {
            "condition_exception": null,
            "config_id": 74502,
            "id": "74502:0001_122739:950002",
            "rule_action": "alert",
            "rule_id": 950002,
            "security_policy_id": "0001_122739"
          },
          "sensitive_attributes": [],
          "private": "eyJzY2hlbWFfdmVyc2lvbiI6IjAifQ==",
          "dependencies": [
            "module.security.akamai_appsec_configuration.config",
            "module.security.akamai_appsec_security_policy.main",
            "module.security.akamai_appsec_waf_protection.main",
            "module.security.data.akamai_group.group"
          ]
        }
      ]
    },
    {
      "module": "module.security",
      "mode": "managed",
      "type": "akamai_appsec_rule",
      "name": "main_aseweb_attackcmd_injection_950006",
      "provider": "provider[\"registry.terraform.io/akamai/akamai\"]",
      "instances": [
        {
          "schema_version": 0,
          "attributes": {
            "condition_exception": "{\"advancedExceptions\":{\"specificHeaderCookieOrParamNameValue\":[{\"namesValues\":[{\"names\":[\"test\"],\"values\":[\";%20id\",\";id\"]}],\"selector\":\"JSON_PAIRS\",\"valueWildcard\":true,\"wildcard\":true}]}}",
            "config_id": 74502,
            "id": "74502:0001_122739:950006",
            "rule_action": "alert",
            "rule_id": 950006,
            "security_policy_id": "0001_122739"
          },
          "sensitive_attributes": [],
          "private": "eyJzY2hlbWFfdmVyc2lvbiI6IjAifQ==",
          "dependencies": [
            "module.security.akamai_appsec_configuration.config",
            "module.security.akamai_appsec_security_policy.main",
            "module.security.akamai_appsec_waf_protection.main",
            "module.security.data.akamai_group.group"
          ]
        }
      ]
    },
    {
      "module": "module.security",
      "mode": "managed",
      "type": "akamai_appsec_rule",
      "name": "main_aseweb_attackcmd_injection_950011",
      "provider": "provider[\"registry.terraform.io/akamai/akamai\"]",
      "instances": [
        {
          "schema_version": 0,
          "attributes": {
            "condition_exception": null,
            "config_id": 74502,
            "id": "74502:0001_122739:950011",
            "rule_action": "alert",
            "rule_id": 950011,
            "security_policy_id": "0001_122739"
          },
          "sensitive_attributes": [],
          "private": "eyJzY2hlbWFfdmVyc2lvbiI6IjAifQ==",
          "dependencies": [
            "module.security.akamai_appsec_configuration.config",
            "module.security.akamai_appsec_security_policy.main",
            "module.security.akamai_appsec_waf_protection.main",
            "module.security.data.akamai_group.group"
          ]
        }
      ]
    },
    {
      "module": "module.security",
      "mode": "managed",
      "type": "akamai_appsec_rule",
      "name": "main_aseweb_attackcmd_injection_959976",
      "provider": "provider[\"registry.terraform.io/akamai/akamai\"]",
      "instances": [
        {
          "schema_version": 0,
          "attributes": {
            "condition_exception": null,
            "config_id": 74502,
            "id": "74502:0001_122739:959976",
            "rule_action": "alert",
            "rule_id": 959976,
            "security_policy_id": "0001_122739"
          },
          "sensitive_attributes": [],
          "private": "eyJzY2hlbWFfdmVyc2lvbiI6IjAifQ==",
          "dependencies": [
            "module.security.akamai_appsec_configuration.config",
            "module.security.akamai_appsec_security_policy.main",
            "module.security.akamai_appsec_waf_protection.main",
            "module.security.data.akamai_group.group"
          ]
        }
      ]
    },
    {
      "module": "module.security",
      "mode": "managed",
      "type": "akamai_appsec_rule",
      "name": "main_aseweb_attackcmd_injection_959977",
      "provider": "provider[\"registry.terraform.io/akamai/akamai\"]",
      "instances": [
        {
          "schema_version": 0,
          "attributes": {
            "condition_exception": null,
            "config_id": 74502,
            "id": "74502:0001_122739:959977",
            "rule_action": "alert",
            "rule_id": 959977,
            "security_policy_id": "0001_122739"
          },
          "sensitive_attributes": [],
          "private": "eyJzY2hlbWFfdmVyc2lvbiI6IjAifQ==",
          "dependencies": [
            "module.security.akamai_appsec_configuration.config",
            "module.security.akamai_appsec_security_policy.main",
            "module.security.akamai_appsec_waf_protection.main",
            "module.security.data.akamai_group.group"
          ]
        }
      ]
    },
    {
      "module": "module.security",
      "mode": "managed",
      "type": "akamai_appsec_rule",
      "name": "main_aseweb_attackcmd_injection_969151",
      "provider": "provider[\"registry.terraform.io/akamai/akamai\"]",
      "instances": [
        {
          "schema_version": 0,
          "attributes": {
            "condition_exception": null,
            "config_id": 74502,
            "id": "74502:0001_122739:969151",
            "rule_action": "alert",
            "rule_id": 969151,
            "security_policy_id": "0001_122739"
          },
          "sensitive_attributes": [],
          "private": "eyJzY2hlbWFfdmVyc2lvbiI6IjAifQ==",
          "dependencies": [
            "module.security.akamai_appsec_configuration.config",
            "module.security.akamai_appsec_security_policy.main",
            "module.security.akamai_appsec_waf_protection.main",
            "module.security.data.akamai_group.group"
          ]
        }
      ]
    },
    {
      "module": "module.security",
      "mode": "managed",
      "type": "akamai_appsec_rule",
      "name": "main_aseweb_attackcmdi_3000195",
      "provider": "provider[\"registry.terraform.io/akamai/akamai\"]",
      "instances": [
        {
          "schema_version": 0,
          "attributes": {
            "condition_exception": null,
            "config_id": 74502,
            "id": "74502:0001_122739:3000195",
            "rule_action": "alert",
            "rule_id": 3000195,
            "security_policy_id": "0001_122739"
          },
          "sensitive_attributes": [],
          "private": "eyJzY2hlbWFfdmVyc2lvbiI6IjAifQ==",
          "dependencies": [
            "module.security.akamai_appsec_configuration.config",
            "module.security.akamai_appsec_security_policy.main",
            "module.security.akamai_appsec_waf_protection.main",
            "module.security.data.akamai_group.group"
          ]
        }
      ]
    },
    {
      "module": "module.security",
      "mode": "managed",
      "type": "akamai_appsec_rule",
      "name": "main_aseweb_attacklfi_3000120",
      "provider": "provider[\"registry.terraform.io/akamai/akamai\"]",
      "instances": [
        {
          "schema_version": 0,
          "attributes": {
            "condition_exception": null,
            "config_id": 74502,
            "id": "74502:0001_122739:3000120",
            "rule_action": "alert",
            "rule_id": 3000120,
            "security_policy_id": "0001_122739"
          },
          "sensitive_attributes": [],
          "private": "eyJzY2hlbWFfdmVyc2lvbiI6IjAifQ==",
          "dependencies": [
            "module.security.akamai_appsec_configuration.config",
            "module.security.akamai_appsec_security_policy.main",
            "module.security.akamai_appsec_waf_protection.main",
            "module.security.data.akamai_group.group"
          ]
        }
      ]
    },
    {
      "module": "module.security",
      "mode": "managed",
      "type": "akamai_appsec_rule",
      "name": "main_aseweb_attacklfi_3000121",
      "provider": "provider[\"registry.terraform.io/akamai/akamai\"]",
      "instances": [
        {
          "schema_version": 0,
          "attributes": {
            "condition_exception": null,
            "config_id": 74502,
            "id": "74502:0001_122739:3000121",
            "rule_action": "alert",
            "rule_id": 3000121,
            "security_policy_id": "0001_122739"
          },
          "sensitive_attributes": [],
          "private": "eyJzY2hlbWFfdmVyc2lvbiI6IjAifQ==",
          "dependencies": [
            "module.security.akamai_appsec_configuration.config",
            "module.security.akamai_appsec_security_policy.main",
            "module.security.akamai_appsec_waf_protection.main",
            "module.security.data.akamai_group.group"
          ]
        }
      ]
    },
    {
      "module": "module.security",
      "mode": "managed",
      "type": "akamai_appsec_rule",
      "name": "main_aseweb_attacklfi_3000122",
      "provider": "provider[\"registry.terraform.io/akamai/akamai\"]",
      "instances": [
        {
          "schema_version": 0,
          "attributes": {
            "condition_exception": null,
            "config_id": 74502,
            "id": "74502:0001_122739:3000122",
            "rule_action": "alert",
            "rule_id": 3000122,
            "security_policy_id": "0001_122739"
          },
          "sensitive_attributes": [],
          "private": "eyJzY2hlbWFfdmVyc2lvbiI6IjAifQ==",
          "dependencies": [
            "module.security.akamai_appsec_configuration.config",
            "module.security.akamai_appsec_security_policy.main",
            "module.security.akamai_appsec_waf_protection.main",
            "module.security.data.akamai_group.group"
          ]
        }
      ]
    },
    {
      "module": "module.security",
      "mode": "managed",
      "type": "akamai_appsec_rule",
      "name": "main_aseweb_attacklfi_3000123",
      "provider": "provider[\"registry.terraform.io/akamai/akamai\"]",
      "instances": [
        {
          "schema_version": 0,
          "attributes": {
            "condition_exception": null,
            "config_id": 74502,
            "id": "74502:0001_122739:3000123",
            "rule_action": "alert",
            "rule_id": 3000123,
            "security_policy_id": "0001_122739"
          },
          "sensitive_attributes": [],
          "private": "eyJzY2hlbWFfdmVyc2lvbiI6IjAifQ==",
          "dependencies": [
            "module.security.akamai_appsec_configuration.config",
            "module.security.akamai_appsec_security_policy.main",
            "module.security.akamai_appsec_waf_protection.main",
            "module.security.data.akamai_group.group"
          ]
        }
      ]
    },
    {
      "module": "module.security",
      "mode": "managed",
      "type": "akamai_appsec_rule",
      "name": "main_aseweb_attacklfi_3000124",
      "provider": "provider[\"registry.terraform.io/akamai/akamai\"]",
      "instances": [
        {
          "schema_version": 0,
          "attributes": {
            "condition_exception": null,
            "config_id": 74502,
            "id": "74502:0001_122739:3000124",
            "rule_action": "alert",
            "rule_id": 3000124,
            "security_policy_id": "0001_122739"
          },
          "sensitive_attributes": [],
          "private": "eyJzY2hlbWFfdmVyc2lvbiI6IjAifQ==",
          "dependencies": [
            "module.security.akamai_appsec_configuration.config",
            "module.security.akamai_appsec_security_policy.main",
            "module.security.akamai_appsec_waf_protection.main",
            "module.security.data.akamai_group.group"
          ]
        }
      ]
    },
    {
      "module": "module.security",
      "mode": "managed",
      "type": "akamai_appsec_rule",
      "name": "main_aseweb_attacklfi_3000125",
      "provider": "provider[\"registry.terraform.io/akamai/akamai\"]",
      "instances": [
        {
          "schema_version": 0,
          "attributes": {
            "condition_exception": null,
            "config_id": 74502,
            "id": "74502:0001_122739:3000125",
            "rule_action": "alert",
            "rule_id": 3000125,
            "security_policy_id": "0001_122739"
          },
          "sensitive_attributes": [],
          "private": "eyJzY2hlbWFfdmVyc2lvbiI6IjAifQ==",
          "dependencies": [
            "module.security.akamai_appsec_configuration.config",
            "module.security.akamai_appsec_security_policy.main",
            "module.security.akamai_appsec_waf_protection.main",
            "module.security.data.akamai_group.group"
          ]
        }
      ]
    },
    {
      "module": "module.security",
      "mode": "managed",
      "type": "akamai_appsec_rule",
      "name": "main_aseweb_attacklfi_3000126",
      "provider": "provider[\"registry.terraform.io/akamai/akamai\"]",
      "instances": [
        {
          "schema_version": 0,
          "attributes": {
            "condition_exception": null,
            "config_id": 74502,
            "id": "74502:0001_122739:3000126",
            "rule_action": "alert",
            "rule_id": 3000126,
            "security_policy_id": "0001_122739"
          },
          "sensitive_attributes": [],
          "private": "eyJzY2hlbWFfdmVyc2lvbiI6IjAifQ==",
          "dependencies": [
            "module.security.akamai_appsec_configuration.config",
            "module.security.akamai_appsec_security_policy.main",
            "module.security.akamai_appsec_waf_protection.main",
            "module.security.data.akamai_group.group"
          ]
        }
      ]
    },
    {
      "module": "module.security",
      "mode": "managed",
      "type": "akamai_appsec_rule",
      "name": "main_aseweb_attacklfi_3000127",
      "provider": "provider[\"registry.terraform.io/akamai/akamai\"]",
      "instances": [
        {
          "schema_version": 0,
          "attributes": {
            "condition_exception": null,
            "config_id": 74502,
            "id": "74502:0001_122739:3000127",
            "rule_action": "alert",
            "rule_id": 3000127,
            "security_policy_id": "0001_122739"
          },
          "sensitive_attributes": [],
          "private": "eyJzY2hlbWFfdmVyc2lvbiI6IjAifQ==",
          "dependencies": [
            "module.security.akamai_appsec_configuration.config",
            "module.security.akamai_appsec_security_policy.main",
            "module.security.akamai_appsec_waf_protection.main",
            "module.security.data.akamai_group.group"
          ]
        }
      ]
    },
    {
      "module": "module.security",
      "mode": "managed",
      "type": "akamai_appsec_rule",
      "name": "main_aseweb_attacklfi_3000500",
      "provider": "provider[\"registry.terraform.io/akamai/akamai\"]",
      "instances": [
        {
          "schema_version": 0,
          "attributes": {
            "condition_exception": null,
            "config_id": 74502,
            "id": "74502:0001_122739:3000500",
            "rule_action": "alert",
            "rule_id": 3000500,
            "security_policy_id": "0001_122739"
          },
          "sensitive_attributes": [],
          "private": "eyJzY2hlbWFfdmVyc2lvbiI6IjAifQ==",
          "dependencies": [
            "module.security.akamai_appsec_configuration.config",
            "module.security.akamai_appsec_security_policy.main",
            "module.security.akamai_appsec_waf_protection.main",
            "module.security.data.akamai_group.group"
          ]
        }
      ]
    },
    {
      "module": "module.security",
      "mode": "managed",
      "type": "akamai_appsec_rule",
      "name": "main_aseweb_attacklfi_3000501",
      "provider": "provider[\"registry.terraform.io/akamai/akamai\"]",
      "instances": [
        {
          "schema_version": 0,
          "attributes": {
            "condition_exception": null,
            "config_id": 74502,
            "id": "74502:0001_122739:3000501",
            "rule_action": "alert",
            "rule_id": 3000501,
            "security_policy_id": "0001_122739"
          },
          "sensitive_attributes": [],
          "private": "eyJzY2hlbWFfdmVyc2lvbiI6IjAifQ==",
          "dependencies": [
            "module.security.akamai_appsec_configuration.config",
            "module.security.akamai_appsec_security_policy.main",
            "module.security.akamai_appsec_waf_protection.main",
            "module.security.data.akamai_group.group"
          ]
        }
      ]
    },
    {
      "module": "module.security",
      "mode": "managed",
      "type": "akamai_appsec_rule",
      "name": "main_aseweb_attacklfi_3000502",
      "provider": "provider[\"registry.terraform.io/akamai/akamai\"]",
      "instances": [
        {
          "schema_version": 0,
          "attributes": {
            "condition_exception": null,
            "config_id": 74502,
            "id": "74502:0001_122739:3000502",
            "rule_action": "alert",
            "rule_id": 3000502,
            "security_policy_id": "0001_122739"
          },
          "sensitive_attributes": [],
          "private": "eyJzY2hlbWFfdmVyc2lvbiI6IjAifQ==",
          "dependencies": [
            "module.security.akamai_appsec_configuration.config",
            "module.security.akamai_appsec_security_policy.main",
            "module.security.akamai_appsec_waf_protection.main",
            "module.security.data.akamai_group.group"
          ]
        }
      ]
    },
    {
      "module": "module.security",
      "mode": "managed",
      "type": "akamai_appsec_rule",
      "name": "main_aseweb_attacklfi_3000503",
      "provider": "provider[\"registry.terraform.io/akamai/akamai\"]",
      "instances": [
        {
          "schema_version": 0,
          "attributes": {
            "condition_exception": null,
            "config_id": 74502,
            "id": "74502:0001_122739:3000503",
            "rule_action": "alert",
            "rule_id": 3000503,
            "security_policy_id": "0001_122739"
          },
          "sensitive_attributes": [],
          "private": "eyJzY2hlbWFfdmVyc2lvbiI6IjAifQ==",
          "dependencies": [
            "module.security.akamai_appsec_configuration.config",
            "module.security.akamai_appsec_security_policy.main",
            "module.security.akamai_appsec_waf_protection.main",
            "module.security.data.akamai_group.group"
          ]
        }
      ]
    },
    {
      "module": "module.security",
      "mode": "managed",
      "type": "akamai_appsec_rule",
      "name": "main_aseweb_attacklfi_3000504",
      "provider": "provider[\"registry.terraform.io/akamai/akamai\"]",
      "instances": [
        {
          "schema_version": 0,
          "attributes": {
            "condition_exception": null,
            "config_id": 74502,
            "id": "74502:0001_122739:3000504",
            "rule_action": "alert",
            "rule_id": 3000504,
            "security_policy_id": "0001_122739"
          },
          "sensitive_attributes": [],
          "private": "eyJzY2hlbWFfdmVyc2lvbiI6IjAifQ==",
          "dependencies": [
            "module.security.akamai_appsec_configuration.config",
            "module.security.akamai_appsec_security_policy.main",
            "module.security.akamai_appsec_waf_protection.main",
            "module.security.data.akamai_group.group"
          ]
        }
      ]
    },
    {
      "module": "module.security",
      "mode": "managed",
      "type": "akamai_appsec_rule",
      "name": "main_aseweb_attacklfi_3000505",
      "provider": "provider[\"registry.terraform.io/akamai/akamai\"]",
      "instances": [
        {
          "schema_version": 0,
          "attributes": {
            "condition_exception": null,
            "config_id": 74502,
            "id": "74502:0001_122739:3000505",
            "rule_action": "alert",
            "rule_id": 3000505,
            "security_policy_id": "0001_122739"
          },
          "sensitive_attributes": [],
          "private": "eyJzY2hlbWFfdmVyc2lvbiI6IjAifQ==",
          "dependencies": [
            "module.security.akamai_appsec_configuration.config",
            "module.security.akamai_appsec_security_policy.main",
            "module.security.akamai_appsec_waf_protection.main",
            "module.security.data.akamai_group.group"
          ]
        }
      ]
    },
    {
      "module": "module.security",
      "mode": "managed",
      "type": "akamai_appsec_rule",
      "name": "main_aseweb_attacklfi_3000506",
      "provider": "provider[\"registry.terraform.io/akamai/akamai\"]",
      "instances": [
        {
          "schema_version": 0,
          "attributes": {
            "condition_exception": null,
            "config_id": 74502,
            "id": "74502:0001_122739:3000506",
            "rule_action": "alert",
            "rule_id": 3000506,
            "security_policy_id": "0001_122739"
          },
          "sensitive_attributes": [],
          "private": "eyJzY2hlbWFfdmVyc2lvbiI6IjAifQ==",
          "dependencies": [
            "module.security.akamai_appsec_configuration.config",
            "module.security.akamai_appsec_security_policy.main",
            "module.security.akamai_appsec_waf_protection.main",
            "module.security.data.akamai_group.group"
          ]
        }
      ]
    },
    {
      "module": "module.security",
      "mode": "managed",
      "type": "akamai_appsec_rule",
      "name": "main_aseweb_attacklfi_3000507",
      "provider": "provider[\"registry.terraform.io/akamai/akamai\"]",
      "instances": [
        {
          "schema_version": 0,
          "attributes": {
            "condition_exception": null,
            "config_id": 74502,
            "id": "74502:0001_122739:3000507",
            "rule_action": "alert",
            "rule_id": 3000507,
            "security_policy_id": "0001_122739"
          },
          "sensitive_attributes": [],
          "private": "eyJzY2hlbWFfdmVyc2lvbiI6IjAifQ==",
          "dependencies": [
            "module.security.akamai_appsec_configuration.config",
            "module.security.akamai_appsec_security_policy.main",
            "module.security.akamai_appsec_waf_protection.main",
            "module.security.data.akamai_group.group"
          ]
        }
      ]
    },
    {
      "module": "module.security",
      "mode": "managed",
      "type": "akamai_appsec_rule",
      "name": "main_aseweb_attacklfi_950203",
      "provider": "provider[\"registry.terraform.io/akamai/akamai\"]",
      "instances": [
        {
          "schema_version": 0,
          "attributes": {
            "condition_exception": "{\"advancedExceptions\":{\"conditionOperator\":\"AND\",\"conditions\":[{\"type\":\"hostMatch\",\"hosts\":[\"*test.com\"],\"positiveMatch\":true},{\"type\":\"requestHeaderMatch\",\"header\":\"Host\",\"positiveMatch\":true,\"value\":\"*edit*.com\",\"valueWildcard\":true}]}}",
            "config_id": 74502,
            "id": "74502:0001_122739:950203",
            "rule_action": "alert",
            "rule_id": 950203,
            "security_policy_id": "0001_122739"
          },
          "sensitive_attributes": [],
          "private": "eyJzY2hlbWFfdmVyc2lvbiI6IjAifQ==",
          "dependencies": [
            "module.security.akamai_appsec_configuration.config",
            "module.security.akamai_appsec_security_policy.main",
            "module.security.akamai_appsec_waf_protection.main",
            "module.security.data.akamai_group.group"
          ]
        }
      ]
    },
    {
      "module": "module.security",
      "mode": "managed",
      "type": "akamai_appsec_rule",
      "name": "main_aseweb_attacklfi_950204",
      "provider": "provider[\"registry.terraform.io/akamai/akamai\"]",
      "instances": [
        {
          "schema_version": 0,
          "attributes": {
            "condition_exception": null,
            "config_id": 74502,
            "id": "74502:0001_122739:950204",
            "rule_action": "alert",
            "rule_id": 950204,
            "security_policy_id": "0001_122739"
          },
          "sensitive_attributes": [],
          "private": "eyJzY2hlbWFfdmVyc2lvbiI6IjAifQ==",
          "dependencies": [
            "module.security.akamai_appsec_configuration.config",
            "module.security.akamai_appsec_security_policy.main",
            "module.security.akamai_appsec_waf_protection.main",
            "module.security.data.akamai_group.group"
          ]
        }
      ]
    },
    {
      "module": "module.security",
      "mode": "managed",
      "type": "akamai_appsec_rule",
      "name": "main_aseweb_attackplatform_3000109",
      "provider": "provider[\"registry.terraform.io/akamai/akamai\"]",
      "instances": [
        {
          "schema_version": 0,
          "attributes": {
            "condition_exception": null,
            "config_id": 74502,
            "id": "74502:0001_122739:3000109",
            "rule_action": "alert",
            "rule_id": 3000109,
            "security_policy_id": "0001_122739"
          },
          "sensitive_attributes": [],
          "private": "eyJzY2hlbWFfdmVyc2lvbiI6IjAifQ==",
          "dependencies": [
            "module.security.akamai_appsec_configuration.config",
            "module.security.akamai_appsec_security_policy.main",
            "module.security.akamai_appsec_waf_protection.main",
            "module.security.data.akamai_group.group"
          ]
        }
      ]
    },
    {
      "module": "module.security",
      "mode": "managed",
      "type": "akamai_appsec_rule",
      "name": "main_aseweb_attackplatform_3000132",
      "provider": "provider[\"registry.terraform.io/akamai/akamai\"]",
      "instances": [
        {
          "schema_version": 0,
          "attributes": {
            "condition_exception": null,
            "config_id": 74502,
            "id": "74502:0001_122739:3000132",
            "rule_action": "alert",
            "rule_id": 3000132,
            "security_policy_id": "0001_122739"
          },
          "sensitive_attributes": [],
          "private": "eyJzY2hlbWFfdmVyc2lvbiI6IjAifQ==",
          "dependencies": [
            "module.security.akamai_appsec_configuration.config",
            "module.security.akamai_appsec_security_policy.main",
            "module.security.akamai_appsec_waf_protection.main",
            "module.security.data.akamai_group.group"
          ]
        }
      ]
    },
    {
      "module": "module.security",
      "mode": "managed",
      "type": "akamai_appsec_rule",
      "name": "main_aseweb_attackplatform_3000133",
      "provider": "provider[\"registry.terraform.io/akamai/akamai\"]",
      "instances": [
        {
          "schema_version": 0,
          "attributes": {
            "condition_exception": null,
            "config_id": 74502,
            "id": "74502:0001_122739:3000133",
            "rule_action": "alert",
            "rule_id": 3000133,
            "security_policy_id": "0001_122739"
          },
          "sensitive_attributes": [],
          "private": "eyJzY2hlbWFfdmVyc2lvbiI6IjAifQ==",
          "dependencies": [
            "module.security.akamai_appsec_configuration.config",
            "module.security.akamai_appsec_security_policy.main",
            "module.security.akamai_appsec_waf_protection.main",
            "module.security.data.akamai_group.group"
          ]
        }
      ]
    },
    {
      "module": "module.security",
      "mode": "managed",
      "type": "akamai_appsec_rule",
      "name": "main_aseweb_attackplatform_3000134",
      "provider": "provider[\"registry.terraform.io/akamai/akamai\"]",
      "instances": [
        {
          "schema_version": 0,
          "attributes": {
            "condition_exception": null,
            "config_id": 74502,
            "id": "74502:0001_122739:3000134",
            "rule_action": "alert",
            "rule_id": 3000134,
            "security_policy_id": "0001_122739"
          },
          "sensitive_attributes": [],
          "private": "eyJzY2hlbWFfdmVyc2lvbiI6IjAifQ==",
          "dependencies": [
            "module.security.akamai_appsec_configuration.config",
            "module.security.akamai_appsec_security_policy.main",
            "module.security.akamai_appsec_waf_protection.main",
            "module.security.data.akamai_group.group"
          ]
        }
      ]
    },
    {
      "module": "module.security",
      "mode": "managed",
      "type": "akamai_appsec_rule",
      "name": "main_aseweb_attackplatform_3000135",
      "provider": "provider[\"registry.terraform.io/akamai/akamai\"]",
      "instances": [
        {
          "schema_version": 0,
          "attributes": {
            "condition_exception": null,
            "config_id": 74502,
            "id": "74502:0001_122739:3000135",
            "rule_action": "alert",
            "rule_id": 3000135,
            "security_policy_id": "0001_122739"
          },
          "sensitive_attributes": [],
          "private": "eyJzY2hlbWFfdmVyc2lvbiI6IjAifQ==",
          "dependencies": [
            "module.security.akamai_appsec_configuration.config",
            "module.security.akamai_appsec_security_policy.main",
            "module.security.akamai_appsec_waf_protection.main",
            "module.security.data.akamai_group.group"
          ]
        }
      ]
    },
    {
      "module": "module.security",
      "mode": "managed",
      "type": "akamai_appsec_rule",
      "name": "main_aseweb_attackplatform_3000136",
      "provider": "provider[\"registry.terraform.io/akamai/akamai\"]",
      "instances": [
        {
          "schema_version": 0,
          "attributes": {
            "condition_exception": null,
            "config_id": 74502,
            "id": "74502:0001_122739:3000136",
            "rule_action": "alert",
            "rule_id": 3000136,
            "security_policy_id": "0001_122739"
          },
          "sensitive_attributes": [],
          "private": "eyJzY2hlbWFfdmVyc2lvbiI6IjAifQ==",
          "dependencies": [
            "module.security.akamai_appsec_configuration.config",
            "module.security.akamai_appsec_security_policy.main",
            "module.security.akamai_appsec_waf_protection.main",
            "module.security.data.akamai_group.group"
          ]
        }
      ]
    },
    {
      "module": "module.security",
      "mode": "managed",
      "type": "akamai_appsec_rule",
      "name": "main_aseweb_attackplatform_3000139",
      "provider": "provider[\"registry.terraform.io/akamai/akamai\"]",
      "instances": [
        {
          "schema_version": 0,
          "attributes": {
            "condition_exception": null,
            "config_id": 74502,
            "id": "74502:0001_122739:3000139",
            "rule_action": "alert",
            "rule_id": 3000139,
            "security_policy_id": "0001_122739"
          },
          "sensitive_attributes": [],
          "private": "eyJzY2hlbWFfdmVyc2lvbiI6IjAifQ==",
          "dependencies": [
            "module.security.akamai_appsec_configuration.config",
            "module.security.akamai_appsec_security_policy.main",
            "module.security.akamai_appsec_waf_protection.main",
            "module.security.data.akamai_group.group"
          ]
        }
      ]
    },
    {
      "module": "module.security",
      "mode": "managed",
      "type": "akamai_appsec_rule",
      "name": "main_aseweb_attackplatform_3000165",
      "provider": "provider[\"registry.terraform.io/akamai/akamai\"]",
      "instances": [
        {
          "schema_version": 0,
          "attributes": {
            "condition_exception": null,
            "config_id": 74502,
            "id": "74502:0001_122739:3000165",
            "rule_action": "alert",
            "rule_id": 3000165,
            "security_policy_id": "0001_122739"
          },
          "sensitive_attributes": [],
          "private": "eyJzY2hlbWFfdmVyc2lvbiI6IjAifQ==",
          "dependencies": [
            "module.security.akamai_appsec_configuration.config",
            "module.security.akamai_appsec_security_policy.main",
            "module.security.akamai_appsec_waf_protection.main",
            "module.security.data.akamai_group.group"
          ]
        }
      ]
    },
    {
      "module": "module.security",
      "mode": "managed",
      "type": "akamai_appsec_rule",
      "name": "main_aseweb_attackplatform_3000166",
      "provider": "provider[\"registry.terraform.io/akamai/akamai\"]",
      "instances": [
        {
          "schema_version": 0,
          "attributes": {
            "condition_exception": null,
            "config_id": 74502,
            "id": "74502:0001_122739:3000166",
            "rule_action": "alert",
            "rule_id": 3000166,
            "security_policy_id": "0001_122739"
          },
          "sensitive_attributes": [],
          "private": "eyJzY2hlbWFfdmVyc2lvbiI6IjAifQ==",
          "dependencies": [
            "module.security.akamai_appsec_configuration.config",
            "module.security.akamai_appsec_security_policy.main",
            "module.security.akamai_appsec_waf_protection.main",
            "module.security.data.akamai_group.group"
          ]
        }
      ]
    },
    {
      "module": "module.security",
      "mode": "managed",
      "type": "akamai_appsec_rule",
      "name": "main_aseweb_attackplatform_3000167",
      "provider": "provider[\"registry.terraform.io/akamai/akamai\"]",
      "instances": [
        {
          "schema_version": 0,
          "attributes": {
            "condition_exception": null,
            "config_id": 74502,
            "id": "74502:0001_122739:3000167",
            "rule_action": "alert",
            "rule_id": 3000167,
            "security_policy_id": "0001_122739"
          },
          "sensitive_attributes": [],
          "private": "eyJzY2hlbWFfdmVyc2lvbiI6IjAifQ==",
          "dependencies": [
            "module.security.akamai_appsec_configuration.config",
            "module.security.akamai_appsec_security_policy.main",
            "module.security.akamai_appsec_waf_protection.main",
            "module.security.data.akamai_group.group"
          ]
        }
      ]
    },
    {
      "module": "module.security",
      "mode": "managed",
      "type": "akamai_appsec_rule",
      "name": "main_aseweb_attackplatform_3000168",
      "provider": "provider[\"registry.terraform.io/akamai/akamai\"]",
      "instances": [
        {
          "schema_version": 0,
          "attributes": {
            "condition_exception": null,
            "config_id": 74502,
            "id": "74502:0001_122739:3000168",
            "rule_action": "alert",
            "rule_id": 3000168,
            "security_policy_id": "0001_122739"
          },
          "sensitive_attributes": [],
          "private": "eyJzY2hlbWFfdmVyc2lvbiI6IjAifQ==",
          "dependencies": [
            "module.security.akamai_appsec_configuration.config",
            "module.security.akamai_appsec_security_policy.main",
            "module.security.akamai_appsec_waf_protection.main",
            "module.security.data.akamai_group.group"
          ]
        }
      ]
    },
    {
      "module": "module.security",
      "mode": "managed",
      "type": "akamai_appsec_rule",
      "name": "main_aseweb_attackplatform_3000179",
      "provider": "provider[\"registry.terraform.io/akamai/akamai\"]",
      "instances": [
        {
          "schema_version": 0,
          "attributes": {
            "condition_exception": null,
            "config_id": 74502,
            "id": "74502:0001_122739:3000179",
            "rule_action": "alert",
            "rule_id": 3000179,
            "security_policy_id": "0001_122739"
          },
          "sensitive_attributes": [],
          "private": "eyJzY2hlbWFfdmVyc2lvbiI6IjAifQ==",
          "dependencies": [
            "module.security.akamai_appsec_configuration.config",
            "module.security.akamai_appsec_security_policy.main",
            "module.security.akamai_appsec_waf_protection.main",
            "module.security.data.akamai_group.group"
          ]
        }
      ]
    },
    {
      "module": "module.security",
      "mode": "managed",
      "type": "akamai_appsec_rule",
      "name": "main_aseweb_attackplatform_3000182",
      "provider": "provider[\"registry.terraform.io/akamai/akamai\"]",
      "instances": [
        {
          "schema_version": 0,
          "attributes": {
            "condition_exception": null,
            "config_id": 74502,
            "id": "74502:0001_122739:3000182",
            "rule_action": "alert",
            "rule_id": 3000182,
            "security_policy_id": "0001_122739"
          },
          "sensitive_attributes": [],
          "private": "eyJzY2hlbWFfdmVyc2lvbiI6IjAifQ==",
          "dependencies": [
            "module.security.akamai_appsec_configuration.config",
            "module.security.akamai_appsec_security_policy.main",
            "module.security.akamai_appsec_waf_protection.main",
            "module.security.data.akamai_group.group"
          ]
        }
      ]
    },
    {
      "module": "module.security",
      "mode": "managed",
      "type": "akamai_appsec_rule",
      "name": "main_aseweb_attackplatform_3000183",
      "provider": "provider[\"registry.terraform.io/akamai/akamai\"]",
      "instances": [
        {
          "schema_version": 0,
          "attributes": {
            "condition_exception": null,
            "config_id": 74502,
            "id": "74502:0001_122739:3000183",
            "rule_action": "alert",
            "rule_id": 3000183,
            "security_policy_id": "0001_122739"
          },
          "sensitive_attributes": [],
          "private": "eyJzY2hlbWFfdmVyc2lvbiI6IjAifQ==",
          "dependencies": [
            "module.security.akamai_appsec_configuration.config",
            "module.security.akamai_appsec_security_policy.main",
            "module.security.akamai_appsec_waf_protection.main",
            "module.security.data.akamai_group.group"
          ]
        }
      ]
    },
    {
      "module": "module.security",
      "mode": "managed",
      "type": "akamai_appsec_rule",
      "name": "main_aseweb_attackplatform_3000184",
      "provider": "provider[\"registry.terraform.io/akamai/akamai\"]",
      "instances": [
        {
          "schema_version": 0,
          "attributes": {
            "condition_exception": null,
            "config_id": 74502,
            "id": "74502:0001_122739:3000184",
            "rule_action": "alert",
            "rule_id": 3000184,
            "security_policy_id": "0001_122739"
          },
          "sensitive_attributes": [],
          "private": "eyJzY2hlbWFfdmVyc2lvbiI6IjAifQ==",
          "dependencies": [
            "module.security.akamai_appsec_configuration.config",
            "module.security.akamai_appsec_security_policy.main",
            "module.security.akamai_appsec_waf_protection.main",
            "module.security.data.akamai_group.group"
          ]
        }
      ]
    },
    {
      "module": "module.security",
      "mode": "managed",
      "type": "akamai_appsec_rule",
      "name": "main_aseweb_attackplatform_3000185",
      "provider": "provider[\"registry.terraform.io/akamai/akamai\"]",
      "instances": [
        {
          "schema_version": 0,
          "attributes": {
            "condition_exception": null,
            "config_id": 74502,
            "id": "74502:0001_122739:3000185",
            "rule_action": "alert",
            "rule_id": 3000185,
            "security_policy_id": "0001_122739"
          },
          "sensitive_attributes": [],
          "private": "eyJzY2hlbWFfdmVyc2lvbiI6IjAifQ==",
          "dependencies": [
            "module.security.akamai_appsec_configuration.config",
            "module.security.akamai_appsec_security_policy.main",
            "module.security.akamai_appsec_waf_protection.main",
            "module.security.data.akamai_group.group"
          ]
        }
      ]
    },
    {
      "module": "module.security",
      "mode": "managed",
      "type": "akamai_appsec_rule",
      "name": "main_aseweb_attackplatform_3000186",
      "provider": "provider[\"registry.terraform.io/akamai/akamai\"]",
      "instances": [
        {
          "schema_version": 0,
          "attributes": {
            "condition_exception": null,
            "config_id": 74502,
            "id": "74502:0001_122739:3000186",
            "rule_action": "alert",
            "rule_id": 3000186,
            "security_policy_id": "0001_122739"
          },
          "sensitive_attributes": [],
          "private": "eyJzY2hlbWFfdmVyc2lvbiI6IjAifQ==",
          "dependencies": [
            "module.security.akamai_appsec_configuration.config",
            "module.security.akamai_appsec_security_policy.main",
            "module.security.akamai_appsec_waf_protection.main",
            "module.security.data.akamai_group.group"
          ]
        }
      ]
    },
    {
      "module": "module.security",
      "mode": "managed",
      "type": "akamai_appsec_rule",
      "name": "main_aseweb_attackplatform_3000187",
      "provider": "provider[\"registry.terraform.io/akamai/akamai\"]",
      "instances": [
        {
          "schema_version": 0,
          "attributes": {
            "condition_exception": null,
            "config_id": 74502,
            "id": "74502:0001_122739:3000187",
            "rule_action": "alert",
            "rule_id": 3000187,
            "security_policy_id": "0001_122739"
          },
          "sensitive_attributes": [],
          "private": "eyJzY2hlbWFfdmVyc2lvbiI6IjAifQ==",
          "dependencies": [
            "module.security.akamai_appsec_configuration.config",
            "module.security.akamai_appsec_security_policy.main",
            "module.security.akamai_appsec_waf_protection.main",
            "module.security.data.akamai_group.group"
          ]
        }
      ]
    },
    {
      "module": "module.security",
      "mode": "managed",
      "type": "akamai_appsec_rule",
      "name": "main_aseweb_attackplatform_3000188",
      "provider": "provider[\"registry.terraform.io/akamai/akamai\"]",
      "instances": [
        {
          "schema_version": 0,
          "attributes": {
            "condition_exception": null,
            "config_id": 74502,
            "id": "74502:0001_122739:3000188",
            "rule_action": "alert",
            "rule_id": 3000188,
            "security_policy_id": "0001_122739"
          },
          "sensitive_attributes": [],
          "private": "eyJzY2hlbWFfdmVyc2lvbiI6IjAifQ==",
          "dependencies": [
            "module.security.akamai_appsec_configuration.config",
            "module.security.akamai_appsec_security_policy.main",
            "module.security.akamai_appsec_waf_protection.main",
            "module.security.data.akamai_group.group"
          ]
        }
      ]
    },
    {
      "module": "module.security",
      "mode": "managed",
      "type": "akamai_appsec_rule",
      "name": "main_aseweb_attackplatform_3000189",
      "provider": "provider[\"registry.terraform.io/akamai/akamai\"]",
      "instances": [
        {
          "schema_version": 0,
          "attributes": {
            "condition_exception": null,
            "config_id": 74502,
            "id": "74502:0001_122739:3000189",
            "rule_action": "alert",
            "rule_id": 3000189,
            "security_policy_id": "0001_122739"
          },
          "sensitive_attributes": [],
          "private": "eyJzY2hlbWFfdmVyc2lvbiI6IjAifQ==",
          "dependencies": [
            "module.security.akamai_appsec_configuration.config",
            "module.security.akamai_appsec_security_policy.main",
            "module.security.akamai_appsec_waf_protection.main",
            "module.security.data.akamai_group.group"
          ]
        }
      ]
    },
    {
      "module": "module.security",
      "mode": "managed",
      "type": "akamai_appsec_rule",
      "name": "main_aseweb_attackplatform_3000190",
      "provider": "provider[\"registry.terraform.io/akamai/akamai\"]",
      "instances": [
        {
          "schema_version": 0,
          "attributes": {
            "condition_exception": null,
            "config_id": 74502,
            "id": "74502:0001_122739:3000190",
            "rule_action": "alert",
            "rule_id": 3000190,
            "security_policy_id": "0001_122739"
          },
          "sensitive_attributes": [],
          "private": "eyJzY2hlbWFfdmVyc2lvbiI6IjAifQ==",
          "dependencies": [
            "module.security.akamai_appsec_configuration.config",
            "module.security.akamai_appsec_security_policy.main",
            "module.security.akamai_appsec_waf_protection.main",
            "module.security.data.akamai_group.group"
          ]
        }
      ]
    },
    {
      "module": "module.security",
      "mode": "managed",
      "type": "akamai_appsec_rule",
      "name": "main_aseweb_attackplatform_3000191",
      "provider": "provider[\"registry.terraform.io/akamai/akamai\"]",
      "instances": [
        {
          "schema_version": 0,
          "attributes": {
            "condition_exception": null,
            "config_id": 74502,
            "id": "74502:0001_122739:3000191",
            "rule_action": "alert",
            "rule_id": 3000191,
            "security_policy_id": "0001_122739"
          },
          "sensitive_attributes": [],
          "private": "eyJzY2hlbWFfdmVyc2lvbiI6IjAifQ==",
          "dependencies": [
            "module.security.akamai_appsec_configuration.config",
            "module.security.akamai_appsec_security_policy.main",
            "module.security.akamai_appsec_waf_protection.main",
            "module.security.data.akamai_group.group"
          ]
        }
      ]
    },
    {
      "module": "module.security",
      "mode": "managed",
      "type": "akamai_appsec_rule",
      "name": "main_aseweb_attackplatform_3000193",
      "provider": "provider[\"registry.terraform.io/akamai/akamai\"]",
      "instances": [
        {
          "schema_version": 0,
          "attributes": {
            "condition_exception": null,
            "config_id": 74502,
            "id": "74502:0001_122739:3000193",
            "rule_action": "alert",
            "rule_id": 3000193,
            "security_policy_id": "0001_122739"
          },
          "sensitive_attributes": [],
          "private": "eyJzY2hlbWFfdmVyc2lvbiI6IjAifQ==",
          "dependencies": [
            "module.security.akamai_appsec_configuration.config",
            "module.security.akamai_appsec_security_policy.main",
            "module.security.akamai_appsec_waf_protection.main",
            "module.security.data.akamai_group.group"
          ]
        }
      ]
    },
    {
      "module": "module.security",
      "mode": "managed",
      "type": "akamai_appsec_rule",
      "name": "main_aseweb_attackplatform_3000198",
      "provider": "provider[\"registry.terraform.io/akamai/akamai\"]",
      "instances": [
        {
          "schema_version": 0,
          "attributes": {
            "condition_exception": null,
            "config_id": 74502,
            "id": "74502:0001_122739:3000198",
            "rule_action": "alert",
            "rule_id": 3000198,
            "security_policy_id": "0001_122739"
          },
          "sensitive_attributes": [],
          "private": "eyJzY2hlbWFfdmVyc2lvbiI6IjAifQ==",
          "dependencies": [
            "module.security.akamai_appsec_configuration.config",
            "module.security.akamai_appsec_security_policy.main",
            "module.security.akamai_appsec_waf_protection.main",
            "module.security.data.akamai_group.group"
          ]
        }
      ]
    },
    {
      "module": "module.security",
      "mode": "managed",
      "type": "akamai_appsec_rule",
      "name": "main_aseweb_attackplatform_3000199",
      "provider": "provider[\"registry.terraform.io/akamai/akamai\"]",
      "instances": [
        {
          "schema_version": 0,
          "attributes": {
            "condition_exception": null,
            "config_id": 74502,
            "id": "74502:0001_122739:3000199",
            "rule_action": "alert",
            "rule_id": 3000199,
            "security_policy_id": "0001_122739"
          },
          "sensitive_attributes": [],
          "private": "eyJzY2hlbWFfdmVyc2lvbiI6IjAifQ==",
          "dependencies": [
            "module.security.akamai_appsec_configuration.config",
            "module.security.akamai_appsec_security_policy.main",
            "module.security.akamai_appsec_waf_protection.main",
            "module.security.data.akamai_group.group"
          ]
        }
      ]
    },
    {
      "module": "module.security",
      "mode": "managed",
      "type": "akamai_appsec_rule",
      "name": "main_aseweb_attackplatform_3000200",
      "provider": "provider[\"registry.terraform.io/akamai/akamai\"]",
      "instances": [
        {
          "schema_version": 0,
          "attributes": {
            "condition_exception": null,
            "config_id": 74502,
            "id": "74502:0001_122739:3000200",
            "rule_action": "alert",
            "rule_id": 3000200,
            "security_policy_id": "0001_122739"
          },
          "sensitive_attributes": [],
          "private": "eyJzY2hlbWFfdmVyc2lvbiI6IjAifQ==",
          "dependencies": [
            "module.security.akamai_appsec_configuration.config",
            "module.security.akamai_appsec_security_policy.main",
            "module.security.akamai_appsec_waf_protection.main",
            "module.security.data.akamai_group.group"
          ]
        }
      ]
    },
    {
      "module": "module.security",
      "mode": "managed",
      "type": "akamai_appsec_rule",
      "name": "main_aseweb_attackplatform_3000202",
      "provider": "provider[\"registry.terraform.io/akamai/akamai\"]",
      "instances": [
        {
          "schema_version": 0,
          "attributes": {
            "condition_exception": null,
            "config_id": 74502,
            "id": "74502:0001_122739:3000202",
            "rule_action": "alert",
            "rule_id": 3000202,
            "security_policy_id": "0001_122739"
          },
          "sensitive_attributes": [],
          "private": "eyJzY2hlbWFfdmVyc2lvbiI6IjAifQ==",
          "dependencies": [
            "module.security.akamai_appsec_configuration.config",
            "module.security.akamai_appsec_security_policy.main",
            "module.security.akamai_appsec_waf_protection.main",
            "module.security.data.akamai_group.group"
          ]
        }
      ]
    },
    {
      "module": "module.security",
      "mode": "managed",
      "type": "akamai_appsec_rule",
      "name": "main_aseweb_attackplatform_3000901",
      "provider": "provider[\"registry.terraform.io/akamai/akamai\"]",
      "instances": [
        {
          "schema_version": 0,
          "attributes": {
            "condition_exception": null,
            "config_id": 74502,
            "id": "74502:0001_122739:3000901",
            "rule_action": "alert",
            "rule_id": 3000901,
            "security_policy_id": "0001_122739"
          },
          "sensitive_attributes": [],
          "private": "eyJzY2hlbWFfdmVyc2lvbiI6IjAifQ==",
          "dependencies": [
            "module.security.akamai_appsec_configuration.config",
            "module.security.akamai_appsec_security_policy.main",
            "module.security.akamai_appsec_waf_protection.main",
            "module.security.data.akamai_group.group"
          ]
        }
      ]
    },
    {
      "module": "module.security",
      "mode": "managed",
      "type": "akamai_appsec_rule",
      "name": "main_aseweb_attackplatform_3000902",
      "provider": "provider[\"registry.terraform.io/akamai/akamai\"]",
      "instances": [
        {
          "schema_version": 0,
          "attributes": {
            "condition_exception": null,
            "config_id": 74502,
            "id": "74502:0001_122739:3000902",
            "rule_action": "alert",
            "rule_id": 3000902,
            "security_policy_id": "0001_122739"
          },
          "sensitive_attributes": [],
          "private": "eyJzY2hlbWFfdmVyc2lvbiI6IjAifQ==",
          "dependencies": [
            "module.security.akamai_appsec_configuration.config",
            "module.security.akamai_appsec_security_policy.main",
            "module.security.akamai_appsec_waf_protection.main",
            "module.security.data.akamai_group.group"
          ]
        }
      ]
    },
    {
      "module": "module.security",
      "mode": "managed",
      "type": "akamai_appsec_rule",
      "name": "main_aseweb_attackplatform_3000903",
      "provider": "provider[\"registry.terraform.io/akamai/akamai\"]",
      "instances": [
        {
          "schema_version": 0,
          "attributes": {
            "condition_exception": null,
            "config_id": 74502,
            "id": "74502:0001_122739:3000903",
            "rule_action": "alert",
            "rule_id": 3000903,
            "security_policy_id": "0001_122739"
          },
          "sensitive_attributes": [],
          "private": "eyJzY2hlbWFfdmVyc2lvbiI6IjAifQ==",
          "dependencies": [
            "module.security.akamai_appsec_configuration.config",
            "module.security.akamai_appsec_security_policy.main",
            "module.security.akamai_appsec_waf_protection.main",
            "module.security.data.akamai_group.group"
          ]
        }
      ]
    },
    {
      "module": "module.security",
      "mode": "managed",
      "type": "akamai_appsec_rule",
      "name": "main_aseweb_attackplatform_3000904",
      "provider": "provider[\"registry.terraform.io/akamai/akamai\"]",
      "instances": [
        {
          "schema_version": 0,
          "attributes": {
            "condition_exception": null,
            "config_id": 74502,
            "id": "74502:0001_122739:3000904",
            "rule_action": "alert",
            "rule_id": 3000904,
            "security_policy_id": "0001_122739"
          },
          "sensitive_attributes": [],
          "private": "eyJzY2hlbWFfdmVyc2lvbiI6IjAifQ==",
          "dependencies": [
            "module.security.akamai_appsec_configuration.config",
            "module.security.akamai_appsec_security_policy.main",
            "module.security.akamai_appsec_waf_protection.main",
            "module.security.data.akamai_group.group"
          ]
        }
      ]
    },
    {
      "module": "module.security",
      "mode": "managed",
      "type": "akamai_appsec_rule",
      "name": "main_aseweb_attackplatform_3000905",
      "provider": "provider[\"registry.terraform.io/akamai/akamai\"]",
      "instances": [
        {
          "schema_version": 0,
          "attributes": {
            "condition_exception": null,
            "config_id": 74502,
            "id": "74502:0001_122739:3000905",
            "rule_action": "alert",
            "rule_id": 3000905,
            "security_policy_id": "0001_122739"
          },
          "sensitive_attributes": [],
          "private": "eyJzY2hlbWFfdmVyc2lvbiI6IjAifQ==",
          "dependencies": [
            "module.security.akamai_appsec_configuration.config",
            "module.security.akamai_appsec_security_policy.main",
            "module.security.akamai_appsec_waf_protection.main",
            "module.security.data.akamai_group.group"
          ]
        }
      ]
    },
    {
      "module": "module.security",
      "mode": "managed",
      "type": "akamai_appsec_rule",
      "name": "main_aseweb_attackplatform_3000906",
      "provider": "provider[\"registry.terraform.io/akamai/akamai\"]",
      "instances": [
        {
          "schema_version": 0,
          "attributes": {
            "condition_exception": null,
            "config_id": 74502,
            "id": "74502:0001_122739:3000906",
            "rule_action": "alert",
            "rule_id": 3000906,
            "security_policy_id": "0001_122739"
          },
          "sensitive_attributes": [],
          "private": "eyJzY2hlbWFfdmVyc2lvbiI6IjAifQ==",
          "dependencies": [
            "module.security.akamai_appsec_configuration.config",
            "module.security.akamai_appsec_security_policy.main",
            "module.security.akamai_appsec_waf_protection.main",
            "module.security.data.akamai_group.group"
          ]
        }
      ]
    },
    {
      "module": "module.security",
      "mode": "managed",
      "type": "akamai_appsec_rule",
      "name": "main_aseweb_attackplatform_3000907",
      "provider": "provider[\"registry.terraform.io/akamai/akamai\"]",
      "instances": [
        {
          "schema_version": 0,
          "attributes": {
            "condition_exception": null,
            "config_id": 74502,
            "id": "74502:0001_122739:3000907",
            "rule_action": "alert",
            "rule_id": 3000907,
            "security_policy_id": "0001_122739"
          },
          "sensitive_attributes": [],
          "private": "eyJzY2hlbWFfdmVyc2lvbiI6IjAifQ==",
          "dependencies": [
            "module.security.akamai_appsec_configuration.config",
            "module.security.akamai_appsec_security_policy.main",
            "module.security.akamai_appsec_waf_protection.main",
            "module.security.data.akamai_group.group"
          ]
        }
      ]
    },
    {
      "module": "module.security",
      "mode": "managed",
      "type": "akamai_appsec_rule",
      "name": "main_aseweb_attackplatform_3000908",
      "provider": "provider[\"registry.terraform.io/akamai/akamai\"]",
      "instances": [
        {
          "schema_version": 0,
          "attributes": {
            "condition_exception": null,
            "config_id": 74502,
            "id": "74502:0001_122739:3000908",
            "rule_action": "alert",
            "rule_id": 3000908,
            "security_policy_id": "0001_122739"
          },
          "sensitive_attributes": [],
          "private": "eyJzY2hlbWFfdmVyc2lvbiI6IjAifQ==",
          "dependencies": [
            "module.security.akamai_appsec_configuration.config",
            "module.security.akamai_appsec_security_policy.main",
            "module.security.akamai_appsec_waf_protection.main",
            "module.security.data.akamai_group.group"
          ]
        }
      ]
    },
    {
      "module": "module.security",
      "mode": "managed",
      "type": "akamai_appsec_rule",
      "name": "main_aseweb_attackplatform_3000909",
      "provider": "provider[\"registry.terraform.io/akamai/akamai\"]",
      "instances": [
        {
          "schema_version": 0,
          "attributes": {
            "condition_exception": null,
            "config_id": 74502,
            "id": "74502:0001_122739:3000909",
            "rule_action": "alert",
            "rule_id": 3000909,
            "security_policy_id": "0001_122739"
          },
          "sensitive_attributes": [],
          "private": "eyJzY2hlbWFfdmVyc2lvbiI6IjAifQ==",
          "dependencies": [
            "module.security.akamai_appsec_configuration.config",
            "module.security.akamai_appsec_security_policy.main",
            "module.security.akamai_appsec_waf_protection.main",
            "module.security.data.akamai_group.group"
          ]
        }
      ]
    },
    {
      "module": "module.security",
      "mode": "managed",
      "type": "akamai_appsec_rule",
      "name": "main_aseweb_attackplatform_3000910",
      "provider": "provider[\"registry.terraform.io/akamai/akamai\"]",
      "instances": [
        {
          "schema_version": 0,
          "attributes": {
            "condition_exception": null,
            "config_id": 74502,
            "id": "74502:0001_122739:3000910",
            "rule_action": "alert",
            "rule_id": 3000910,
            "security_policy_id": "0001_122739"
          },
          "sensitive_attributes": [],
          "private": "eyJzY2hlbWFfdmVyc2lvbiI6IjAifQ==",
          "dependencies": [
            "module.security.akamai_appsec_configuration.config",
            "module.security.akamai_appsec_security_policy.main",
            "module.security.akamai_appsec_waf_protection.main",
            "module.security.data.akamai_group.group"
          ]
        }
      ]
    },
    {
      "module": "module.security",
      "mode": "managed",
      "type": "akamai_appsec_rule",
      "name": "main_aseweb_attackplatform_3000912",
      "provider": "provider[\"registry.terraform.io/akamai/akamai\"]",
      "instances": [
        {
          "schema_version": 0,
          "attributes": {
            "condition_exception": null,
            "config_id": 74502,
            "id": "74502:0001_122739:3000912",
            "rule_action": "alert",
            "rule_id": 3000912,
            "security_policy_id": "0001_122739"
          },
          "sensitive_attributes": [],
          "private": "eyJzY2hlbWFfdmVyc2lvbiI6IjAifQ==",
          "dependencies": [
            "module.security.akamai_appsec_configuration.config",
            "module.security.akamai_appsec_security_policy.main",
            "module.security.akamai_appsec_waf_protection.main",
            "module.security.data.akamai_group.group"
          ]
        }
      ]
    },
    {
      "module": "module.security",
      "mode": "managed",
      "type": "akamai_appsec_rule",
      "name": "main_aseweb_attackplatform_3000913",
      "provider": "provider[\"registry.terraform.io/akamai/akamai\"]",
      "instances": [
        {
          "schema_version": 0,
          "attributes": {
            "condition_exception": null,
            "config_id": 74502,
            "id": "74502:0001_122739:3000913",
            "rule_action": "alert",
            "rule_id": 3000913,
            "security_policy_id": "0001_122739"
          },
          "sensitive_attributes": [],
          "private": "eyJzY2hlbWFfdmVyc2lvbiI6IjAifQ==",
          "dependencies": [
            "module.security.akamai_appsec_configuration.config",
            "module.security.akamai_appsec_security_policy.main",
            "module.security.akamai_appsec_waf_protection.main",
            "module.security.data.akamai_group.group"
          ]
        }
      ]
    },
    {
      "module": "module.security",
      "mode": "managed",
      "type": "akamai_appsec_rule",
      "name": "main_aseweb_attackplatform_3000914",
      "provider": "provider[\"registry.terraform.io/akamai/akamai\"]",
      "instances": [
        {
          "schema_version": 0,
          "attributes": {
            "condition_exception": null,
            "config_id": 74502,
            "id": "74502:0001_122739:3000914",
            "rule_action": "alert",
            "rule_id": 3000914,
            "security_policy_id": "0001_122739"
          },
          "sensitive_attributes": [],
          "private": "eyJzY2hlbWFfdmVyc2lvbiI6IjAifQ==",
          "dependencies": [
            "module.security.akamai_appsec_configuration.config",
            "module.security.akamai_appsec_security_policy.main",
            "module.security.akamai_appsec_waf_protection.main",
            "module.security.data.akamai_group.group"
          ]
        }
      ]
    },
    {
      "module": "module.security",
      "mode": "managed",
      "type": "akamai_appsec_rule",
      "name": "main_aseweb_attackplatform_3000915",
      "provider": "provider[\"registry.terraform.io/akamai/akamai\"]",
      "instances": [
        {
          "schema_version": 0,
          "attributes": {
            "condition_exception": null,
            "config_id": 74502,
            "id": "74502:0001_122739:3000915",
            "rule_action": "alert",
            "rule_id": 3000915,
            "security_policy_id": "0001_122739"
          },
          "sensitive_attributes": [],
          "private": "eyJzY2hlbWFfdmVyc2lvbiI6IjAifQ==",
          "dependencies": [
            "module.security.akamai_appsec_configuration.config",
            "module.security.akamai_appsec_security_policy.main",
            "module.security.akamai_appsec_waf_protection.main",
            "module.security.data.akamai_group.group"
          ]
        }
      ]
    },
    {
      "module": "module.security",
      "mode": "managed",
      "type": "akamai_appsec_rule",
      "name": "main_aseweb_attackplatform_3000916",
      "provider": "provider[\"registry.terraform.io/akamai/akamai\"]",
      "instances": [
        {
          "schema_version": 0,
          "attributes": {
            "condition_exception": null,
            "config_id": 74502,
            "id": "74502:0001_122739:3000916",
            "rule_action": "alert",
            "rule_id": 3000916,
            "security_policy_id": "0001_122739"
          },
          "sensitive_attributes": [],
          "private": "eyJzY2hlbWFfdmVyc2lvbiI6IjAifQ==",
          "dependencies": [
            "module.security.akamai_appsec_configuration.config",
            "module.security.akamai_appsec_security_policy.main",
            "module.security.akamai_appsec_waf_protection.main",
            "module.security.data.akamai_group.group"
          ]
        }
      ]
    },
    {
      "module": "module.security",
      "mode": "managed",
      "type": "akamai_appsec_rule",
      "name": "main_aseweb_attackplatform_3000917",
      "provider": "provider[\"registry.terraform.io/akamai/akamai\"]",
      "instances": [
        {
          "schema_version": 0,
          "attributes": {
            "condition_exception": null,
            "config_id": 74502,
            "id": "74502:0001_122739:3000917",
            "rule_action": "alert",
            "rule_id": 3000917,
            "security_policy_id": "0001_122739"
          },
          "sensitive_attributes": [],
          "private": "eyJzY2hlbWFfdmVyc2lvbiI6IjAifQ==",
          "dependencies": [
            "module.security.akamai_appsec_configuration.config",
            "module.security.akamai_appsec_security_policy.main",
            "module.security.akamai_appsec_waf_protection.main",
            "module.security.data.akamai_group.group"
          ]
        }
      ]
    },
    {
      "module": "module.security",
      "mode": "managed",
      "type": "akamai_appsec_rule",
      "name": "main_aseweb_attackplatform_3000918",
      "provider": "provider[\"registry.terraform.io/akamai/akamai\"]",
      "instances": [
        {
          "schema_version": 0,
          "attributes": {
            "condition_exception": null,
            "config_id": 74502,
            "id": "74502:0001_122739:3000918",
            "rule_action": "alert",
            "rule_id": 3000918,
            "security_policy_id": "0001_122739"
          },
          "sensitive_attributes": [],
          "private": "eyJzY2hlbWFfdmVyc2lvbiI6IjAifQ==",
          "dependencies": [
            "module.security.akamai_appsec_configuration.config",
            "module.security.akamai_appsec_security_policy.main",
            "module.security.akamai_appsec_waf_protection.main",
            "module.security.data.akamai_group.group"
          ]
        }
      ]
    },
    {
      "module": "module.security",
      "mode": "managed",
      "type": "akamai_appsec_rule",
      "name": "main_aseweb_attackplatform_3000919",
      "provider": "provider[\"registry.terraform.io/akamai/akamai\"]",
      "instances": [
        {
          "schema_version": 0,
          "attributes": {
            "condition_exception": null,
            "config_id": 74502,
            "id": "74502:0001_122739:3000919",
            "rule_action": "alert",
            "rule_id": 3000919,
            "security_policy_id": "0001_122739"
          },
          "sensitive_attributes": [],
          "private": "eyJzY2hlbWFfdmVyc2lvbiI6IjAifQ==",
          "dependencies": [
            "module.security.akamai_appsec_configuration.config",
            "module.security.akamai_appsec_security_policy.main",
            "module.security.akamai_appsec_waf_protection.main",
            "module.security.data.akamai_group.group"
          ]
        }
      ]
    },
    {
      "module": "module.security",
      "mode": "managed",
      "type": "akamai_appsec_rule",
      "name": "main_aseweb_attackplatform_3000920",
      "provider": "provider[\"registry.terraform.io/akamai/akamai\"]",
      "instances": [
        {
          "schema_version": 0,
          "attributes": {
            "condition_exception": null,
            "config_id": 74502,
            "id": "74502:0001_122739:3000920",
            "rule_action": "alert",
            "rule_id": 3000920,
            "security_policy_id": "0001_122739"
          },
          "sensitive_attributes": [],
          "private": "eyJzY2hlbWFfdmVyc2lvbiI6IjAifQ==",
          "dependencies": [
            "module.security.akamai_appsec_configuration.config",
            "module.security.akamai_appsec_security_policy.main",
            "module.security.akamai_appsec_waf_protection.main",
            "module.security.data.akamai_group.group"
          ]
        }
      ]
    },
    {
      "module": "module.security",
      "mode": "managed",
      "type": "akamai_appsec_rule",
      "name": "main_aseweb_attackplatform_3000921",
      "provider": "provider[\"registry.terraform.io/akamai/akamai\"]",
      "instances": [
        {
          "schema_version": 0,
          "attributes": {
            "condition_exception": null,
            "config_id": 74502,
            "id": "74502:0001_122739:3000921",
            "rule_action": "alert",
            "rule_id": 3000921,
            "security_policy_id": "0001_122739"
          },
          "sensitive_attributes": [],
          "private": "eyJzY2hlbWFfdmVyc2lvbiI6IjAifQ==",
          "dependencies": [
            "module.security.akamai_appsec_configuration.config",
            "module.security.akamai_appsec_security_policy.main",
            "module.security.akamai_appsec_waf_protection.main",
            "module.security.data.akamai_group.group"
          ]
        }
      ]
    },
    {
      "module": "module.security",
      "mode": "managed",
      "type": "akamai_appsec_rule",
      "name": "main_aseweb_attackplatform_3000922",
      "provider": "provider[\"registry.terraform.io/akamai/akamai\"]",
      "instances": [
        {
          "schema_version": 0,
          "attributes": {
            "condition_exception": null,
            "config_id": 74502,
            "id": "74502:0001_122739:3000922",
            "rule_action": "alert",
            "rule_id": 3000922,
            "security_policy_id": "0001_122739"
          },
          "sensitive_attributes": [],
          "private": "eyJzY2hlbWFfdmVyc2lvbiI6IjAifQ==",
          "dependencies": [
            "module.security.akamai_appsec_configuration.config",
            "module.security.akamai_appsec_security_policy.main",
            "module.security.akamai_appsec_waf_protection.main",
            "module.security.data.akamai_group.group"
          ]
        }
      ]
    },
    {
      "module": "module.security",
      "mode": "managed",
      "type": "akamai_appsec_rule",
      "name": "main_aseweb_attackplatform_3000923",
      "provider": "provider[\"registry.terraform.io/akamai/akamai\"]",
      "instances": [
        {
          "schema_version": 0,
          "attributes": {
            "condition_exception": null,
            "config_id": 74502,
            "id": "74502:0001_122739:3000923",
            "rule_action": "alert",
            "rule_id": 3000923,
            "security_policy_id": "0001_122739"
          },
          "sensitive_attributes": [],
          "private": "eyJzY2hlbWFfdmVyc2lvbiI6IjAifQ==",
          "dependencies": [
            "module.security.akamai_appsec_configuration.config",
            "module.security.akamai_appsec_security_policy.main",
            "module.security.akamai_appsec_waf_protection.main",
            "module.security.data.akamai_group.group"
          ]
        }
      ]
    },
    {
      "module": "module.security",
      "mode": "managed",
      "type": "akamai_appsec_rule",
      "name": "main_aseweb_attackplatform_3000924",
      "provider": "provider[\"registry.terraform.io/akamai/akamai\"]",
      "instances": [
        {
          "schema_version": 0,
          "attributes": {
            "condition_exception": null,
            "config_id": 74502,
            "id": "74502:0001_122739:3000924",
            "rule_action": "alert",
            "rule_id": 3000924,
            "security_policy_id": "0001_122739"
          },
          "sensitive_attributes": [],
          "private": "eyJzY2hlbWFfdmVyc2lvbiI6IjAifQ==",
          "dependencies": [
            "module.security.akamai_appsec_configuration.config",
            "module.security.akamai_appsec_security_policy.main",
            "module.security.akamai_appsec_waf_protection.main",
            "module.security.data.akamai_group.group"
          ]
        }
      ]
    },
    {
      "module": "module.security",
      "mode": "managed",
      "type": "akamai_appsec_rule",
      "name": "main_aseweb_attackplatform_3000925",
      "provider": "provider[\"registry.terraform.io/akamai/akamai\"]",
      "instances": [
        {
          "schema_version": 0,
          "attributes": {
            "condition_exception": null,
            "config_id": 74502,
            "id": "74502:0001_122739:3000925",
            "rule_action": "alert",
            "rule_id": 3000925,
            "security_policy_id": "0001_122739"
          },
          "sensitive_attributes": [],
          "private": "eyJzY2hlbWFfdmVyc2lvbiI6IjAifQ==",
          "dependencies": [
            "module.security.akamai_appsec_configuration.config",
            "module.security.akamai_appsec_security_policy.main",
            "module.security.akamai_appsec_waf_protection.main",
            "module.security.data.akamai_group.group"
          ]
        }
      ]
    },
    {
      "module": "module.security",
      "mode": "managed",
      "type": "akamai_appsec_rule",
      "name": "main_aseweb_attackplatform_3000926",
      "provider": "provider[\"registry.terraform.io/akamai/akamai\"]",
      "instances": [
        {
          "schema_version": 0,
          "attributes": {
            "condition_exception": null,
            "config_id": 74502,
            "id": "74502:0001_122739:3000926",
            "rule_action": "alert",
            "rule_id": 3000926,
            "security_policy_id": "0001_122739"
          },
          "sensitive_attributes": [],
          "private": "eyJzY2hlbWFfdmVyc2lvbiI6IjAifQ==",
          "dependencies": [
            "module.security.akamai_appsec_configuration.config",
            "module.security.akamai_appsec_security_policy.main",
            "module.security.akamai_appsec_waf_protection.main",
            "module.security.data.akamai_group.group"
          ]
        }
      ]
    },
    {
      "module": "module.security",
      "mode": "managed",
      "type": "akamai_appsec_rule",
      "name": "main_aseweb_attackplatform_3000927",
      "provider": "provider[\"registry.terraform.io/akamai/akamai\"]",
      "instances": [
        {
          "schema_version": 0,
          "attributes": {
            "condition_exception": null,
            "config_id": 74502,
            "id": "74502:0001_122739:3000927",
            "rule_action": "alert",
            "rule_id": 3000927,
            "security_policy_id": "0001_122739"
          },
          "sensitive_attributes": [],
          "private": "eyJzY2hlbWFfdmVyc2lvbiI6IjAifQ==",
          "dependencies": [
            "module.security.akamai_appsec_configuration.config",
            "module.security.akamai_appsec_security_policy.main",
            "module.security.akamai_appsec_waf_protection.main",
            "module.security.data.akamai_group.group"
          ]
        }
      ]
    },
    {
      "module": "module.security",
      "mode": "managed",
      "type": "akamai_appsec_rule",
      "name": "main_aseweb_attackplatform_3000928",
      "provider": "provider[\"registry.terraform.io/akamai/akamai\"]",
      "instances": [
        {
          "schema_version": 0,
          "attributes": {
            "condition_exception": null,
            "config_id": 74502,
            "id": "74502:0001_122739:3000928",
            "rule_action": "alert",
            "rule_id": 3000928,
            "security_policy_id": "0001_122739"
          },
          "sensitive_attributes": [],
          "private": "eyJzY2hlbWFfdmVyc2lvbiI6IjAifQ==",
          "dependencies": [
            "module.security.akamai_appsec_configuration.config",
            "module.security.akamai_appsec_security_policy.main",
            "module.security.akamai_appsec_waf_protection.main",
            "module.security.data.akamai_group.group"
          ]
        }
      ]
    },
    {
      "module": "module.security",
      "mode": "managed",
      "type": "akamai_appsec_rule",
      "name": "main_aseweb_attackplatform_3000929",
      "provider": "provider[\"registry.terraform.io/akamai/akamai\"]",
      "instances": [
        {
          "schema_version": 0,
          "attributes": {
            "condition_exception": null,
            "config_id": 74502,
            "id": "74502:0001_122739:3000929",
            "rule_action": "alert",
            "rule_id": 3000929,
            "security_policy_id": "0001_122739"
          },
          "sensitive_attributes": [],
          "private": "eyJzY2hlbWFfdmVyc2lvbiI6IjAifQ==",
          "dependencies": [
            "module.security.akamai_appsec_configuration.config",
            "module.security.akamai_appsec_security_policy.main",
            "module.security.akamai_appsec_waf_protection.main",
            "module.security.data.akamai_group.group"
          ]
        }
      ]
    },
    {
      "module": "module.security",
      "mode": "managed",
      "type": "akamai_appsec_rule",
      "name": "main_aseweb_attackplatform_3000930",
      "provider": "provider[\"registry.terraform.io/akamai/akamai\"]",
      "instances": [
        {
          "schema_version": 0,
          "attributes": {
            "condition_exception": null,
            "config_id": 74502,
            "id": "74502:0001_122739:3000930",
            "rule_action": "alert",
            "rule_id": 3000930,
            "security_policy_id": "0001_122739"
          },
          "sensitive_attributes": [],
          "private": "eyJzY2hlbWFfdmVyc2lvbiI6IjAifQ==",
          "dependencies": [
            "module.security.akamai_appsec_configuration.config",
            "module.security.akamai_appsec_security_policy.main",
            "module.security.akamai_appsec_waf_protection.main",
            "module.security.data.akamai_group.group"
          ]
        }
      ]
    },
    {
      "module": "module.security",
      "mode": "managed",
      "type": "akamai_appsec_rule",
      "name": "main_aseweb_attackplatform_3000931",
      "provider": "provider[\"registry.terraform.io/akamai/akamai\"]",
      "instances": [
        {
          "schema_version": 0,
          "attributes": {
            "condition_exception": null,
            "config_id": 74502,
            "id": "74502:0001_122739:3000931",
            "rule_action": "alert",
            "rule_id": 3000931,
            "security_policy_id": "0001_122739"
          },
          "sensitive_attributes": [],
          "private": "eyJzY2hlbWFfdmVyc2lvbiI6IjAifQ==",
          "dependencies": [
            "module.security.akamai_appsec_configuration.config",
            "module.security.akamai_appsec_security_policy.main",
            "module.security.akamai_appsec_waf_protection.main",
            "module.security.data.akamai_group.group"
          ]
        }
      ]
    },
    {
      "module": "module.security",
      "mode": "managed",
      "type": "akamai_appsec_rule",
      "name": "main_aseweb_attackplatform_3000932",
      "provider": "provider[\"registry.terraform.io/akamai/akamai\"]",
      "instances": [
        {
          "schema_version": 0,
          "attributes": {
            "condition_exception": null,
            "config_id": 74502,
            "id": "74502:0001_122739:3000932",
            "rule_action": "alert",
            "rule_id": 3000932,
            "security_policy_id": "0001_122739"
          },
          "sensitive_attributes": [],
          "private": "eyJzY2hlbWFfdmVyc2lvbiI6IjAifQ==",
          "dependencies": [
            "module.security.akamai_appsec_configuration.config",
            "module.security.akamai_appsec_security_policy.main",
            "module.security.akamai_appsec_waf_protection.main",
            "module.security.data.akamai_group.group"
          ]
        }
      ]
    },
    {
      "module": "module.security",
      "mode": "managed",
      "type": "akamai_appsec_rule",
      "name": "main_aseweb_attackplatform_3000933",
      "provider": "provider[\"registry.terraform.io/akamai/akamai\"]",
      "instances": [
        {
          "schema_version": 0,
          "attributes": {
            "condition_exception": null,
            "config_id": 74502,
            "id": "74502:0001_122739:3000933",
            "rule_action": "alert",
            "rule_id": 3000933,
            "security_policy_id": "0001_122739"
          },
          "sensitive_attributes": [],
          "private": "eyJzY2hlbWFfdmVyc2lvbiI6IjAifQ==",
          "dependencies": [
            "module.security.akamai_appsec_configuration.config",
            "module.security.akamai_appsec_security_policy.main",
            "module.security.akamai_appsec_waf_protection.main",
            "module.security.data.akamai_group.group"
          ]
        }
      ]
    },
    {
      "module": "module.security",
      "mode": "managed",
      "type": "akamai_appsec_rule",
      "name": "main_aseweb_attackplatform_3000934",
      "provider": "provider[\"registry.terraform.io/akamai/akamai\"]",
      "instances": [
        {
          "schema_version": 0,
          "attributes": {
            "condition_exception": null,
            "config_id": 74502,
            "id": "74502:0001_122739:3000934",
            "rule_action": "alert",
            "rule_id": 3000934,
            "security_policy_id": "0001_122739"
          },
          "sensitive_attributes": [],
          "private": "eyJzY2hlbWFfdmVyc2lvbiI6IjAifQ==",
          "dependencies": [
            "module.security.akamai_appsec_configuration.config",
            "module.security.akamai_appsec_security_policy.main",
            "module.security.akamai_appsec_waf_protection.main",
            "module.security.data.akamai_group.group"
          ]
        }
      ]
    },
    {
      "module": "module.security",
      "mode": "managed",
      "type": "akamai_appsec_rule",
      "name": "main_aseweb_attackplatform_3000935",
      "provider": "provider[\"registry.terraform.io/akamai/akamai\"]",
      "instances": [
        {
          "schema_version": 0,
          "attributes": {
            "condition_exception": null,
            "config_id": 74502,
            "id": "74502:0001_122739:3000935",
            "rule_action": "alert",
            "rule_id": 3000935,
            "security_policy_id": "0001_122739"
          },
          "sensitive_attributes": [],
          "private": "eyJzY2hlbWFfdmVyc2lvbiI6IjAifQ==",
          "dependencies": [
            "module.security.akamai_appsec_configuration.config",
            "module.security.akamai_appsec_security_policy.main",
            "module.security.akamai_appsec_waf_protection.main",
            "module.security.data.akamai_group.group"
          ]
        }
      ]
    },
    {
      "module": "module.security",
      "mode": "managed",
      "type": "akamai_appsec_rule",
      "name": "main_aseweb_attackplatform_3000936",
      "provider": "provider[\"registry.terraform.io/akamai/akamai\"]",
      "instances": [
        {
          "schema_version": 0,
          "attributes": {
            "condition_exception": null,
            "config_id": 74502,
            "id": "74502:0001_122739:3000936",
            "rule_action": "alert",
            "rule_id": 3000936,
            "security_policy_id": "0001_122739"
          },
          "sensitive_attributes": [],
          "private": "eyJzY2hlbWFfdmVyc2lvbiI6IjAifQ==",
          "dependencies": [
            "module.security.akamai_appsec_configuration.config",
            "module.security.akamai_appsec_security_policy.main",
            "module.security.akamai_appsec_waf_protection.main",
            "module.security.data.akamai_group.group"
          ]
        }
      ]
    },
    {
      "module": "module.security",
      "mode": "managed",
      "type": "akamai_appsec_rule",
      "name": "main_aseweb_attackplatform_3000937",
      "provider": "provider[\"registry.terraform.io/akamai/akamai\"]",
      "instances": [
        {
          "schema_version": 0,
          "attributes": {
            "condition_exception": null,
            "config_id": 74502,
            "id": "74502:0001_122739:3000937",
            "rule_action": "alert",
            "rule_id": 3000937,
            "security_policy_id": "0001_122739"
          },
          "sensitive_attributes": [],
          "private": "eyJzY2hlbWFfdmVyc2lvbiI6IjAifQ==",
          "dependencies": [
            "module.security.akamai_appsec_configuration.config",
            "module.security.akamai_appsec_security_policy.main",
            "module.security.akamai_appsec_waf_protection.main",
            "module.security.data.akamai_group.group"
          ]
        }
      ]
    },
    {
      "module": "module.security",
      "mode": "managed",
      "type": "akamai_appsec_rule",
      "name": "main_aseweb_attackplatform_3000939",
      "provider": "provider[\"registry.terraform.io/akamai/akamai\"]",
      "instances": [
        {
          "schema_version": 0,
          "attributes": {
            "condition_exception": null,
            "config_id": 74502,
            "id": "74502:0001_122739:3000939",
            "rule_action": "alert",
            "rule_id": 3000939,
            "security_policy_id": "0001_122739"
          },
          "sensitive_attributes": [],
          "private": "eyJzY2hlbWFfdmVyc2lvbiI6IjAifQ==",
          "dependencies": [
            "module.security.akamai_appsec_configuration.config",
            "module.security.akamai_appsec_security_policy.main",
            "module.security.akamai_appsec_waf_protection.main",
            "module.security.data.akamai_group.group"
          ]
        }
      ]
    },
    {
      "module": "module.security",
      "mode": "managed",
      "type": "akamai_appsec_rule",
      "name": "main_aseweb_attackplatform_3000940",
      "provider": "provider[\"registry.terraform.io/akamai/akamai\"]",
      "instances": [
        {
          "schema_version": 0,
          "attributes": {
            "condition_exception": null,
            "config_id": 74502,
            "id": "74502:0001_122739:3000940",
            "rule_action": "alert",
            "rule_id": 3000940,
            "security_policy_id": "0001_122739"
          },
          "sensitive_attributes": [],
          "private": "eyJzY2hlbWFfdmVyc2lvbiI6IjAifQ==",
          "dependencies": [
            "module.security.akamai_appsec_configuration.config",
            "module.security.akamai_appsec_security_policy.main",
            "module.security.akamai_appsec_waf_protection.main",
            "module.security.data.akamai_group.group"
          ]
        }
      ]
    },
    {
      "module": "module.security",
      "mode": "managed",
      "type": "akamai_appsec_rule",
      "name": "main_aseweb_attackplatform_3000941",
      "provider": "provider[\"registry.terraform.io/akamai/akamai\"]",
      "instances": [
        {
          "schema_version": 0,
          "attributes": {
            "condition_exception": null,
            "config_id": 74502,
            "id": "74502:0001_122739:3000941",
            "rule_action": "alert",
            "rule_id": 3000941,
            "security_policy_id": "0001_122739"
          },
          "sensitive_attributes": [],
          "private": "eyJzY2hlbWFfdmVyc2lvbiI6IjAifQ==",
          "dependencies": [
            "module.security.akamai_appsec_configuration.config",
            "module.security.akamai_appsec_security_policy.main",
            "module.security.akamai_appsec_waf_protection.main",
            "module.security.data.akamai_group.group"
          ]
        }
      ]
    },
    {
      "module": "module.security",
      "mode": "managed",
      "type": "akamai_appsec_rule",
      "name": "main_aseweb_attackplatform_3000942",
      "provider": "provider[\"registry.terraform.io/akamai/akamai\"]",
      "instances": [
        {
          "schema_version": 0,
          "attributes": {
            "condition_exception": null,
            "config_id": 74502,
            "id": "74502:0001_122739:3000942",
            "rule_action": "alert",
            "rule_id": 3000942,
            "security_policy_id": "0001_122739"
          },
          "sensitive_attributes": [],
          "private": "eyJzY2hlbWFfdmVyc2lvbiI6IjAifQ==",
          "dependencies": [
            "module.security.akamai_appsec_configuration.config",
            "module.security.akamai_appsec_security_policy.main",
            "module.security.akamai_appsec_waf_protection.main",
            "module.security.data.akamai_group.group"
          ]
        }
      ]
    },
    {
      "module": "module.security",
      "mode": "managed",
      "type": "akamai_appsec_rule",
      "name": "main_aseweb_attackplatform_3000943",
      "provider": "provider[\"registry.terraform.io/akamai/akamai\"]",
      "instances": [
        {
          "schema_version": 0,
          "attributes": {
            "condition_exception": null,
            "config_id": 74502,
            "id": "74502:0001_122739:3000943",
            "rule_action": "alert",
            "rule_id": 3000943,
            "security_policy_id": "0001_122739"
          },
          "sensitive_attributes": [],
          "private": "eyJzY2hlbWFfdmVyc2lvbiI6IjAifQ==",
          "dependencies": [
            "module.security.akamai_appsec_configuration.config",
            "module.security.akamai_appsec_security_policy.main",
            "module.security.akamai_appsec_waf_protection.main",
            "module.security.data.akamai_group.group"
          ]
        }
      ]
    },
    {
      "module": "module.security",
      "mode": "managed",
      "type": "akamai_appsec_rule",
      "name": "main_aseweb_attackplatform_3000944",
      "provider": "provider[\"registry.terraform.io/akamai/akamai\"]",
      "instances": [
        {
          "schema_version": 0,
          "attributes": {
            "condition_exception": null,
            "config_id": 74502,
            "id": "74502:0001_122739:3000944",
            "rule_action": "alert",
            "rule_id": 3000944,
            "security_policy_id": "0001_122739"
          },
          "sensitive_attributes": [],
          "private": "eyJzY2hlbWFfdmVyc2lvbiI6IjAifQ==",
          "dependencies": [
            "module.security.akamai_appsec_configuration.config",
            "module.security.akamai_appsec_security_policy.main",
            "module.security.akamai_appsec_waf_protection.main",
            "module.security.data.akamai_group.group"
          ]
        }
      ]
    },
    {
      "module": "module.security",
      "mode": "managed",
      "type": "akamai_appsec_rule",
      "name": "main_aseweb_attackplatform_3000945",
      "provider": "provider[\"registry.terraform.io/akamai/akamai\"]",
      "instances": [
        {
          "schema_version": 0,
          "attributes": {
            "condition_exception": null,
            "config_id": 74502,
            "id": "74502:0001_122739:3000945",
            "rule_action": "alert",
            "rule_id": 3000945,
            "security_policy_id": "0001_122739"
          },
          "sensitive_attributes": [],
          "private": "eyJzY2hlbWFfdmVyc2lvbiI6IjAifQ==",
          "dependencies": [
            "module.security.akamai_appsec_configuration.config",
            "module.security.akamai_appsec_security_policy.main",
            "module.security.akamai_appsec_waf_protection.main",
            "module.security.data.akamai_group.group"
          ]
        }
      ]
    },
    {
      "module": "module.security",
      "mode": "managed",
      "type": "akamai_appsec_rule",
      "name": "main_aseweb_attackplatform_3000946",
      "provider": "provider[\"registry.terraform.io/akamai/akamai\"]",
      "instances": [
        {
          "schema_version": 0,
          "attributes": {
            "condition_exception": null,
            "config_id": 74502,
            "id": "74502:0001_122739:3000946",
            "rule_action": "alert",
            "rule_id": 3000946,
            "security_policy_id": "0001_122739"
          },
          "sensitive_attributes": [],
          "private": "eyJzY2hlbWFfdmVyc2lvbiI6IjAifQ==",
          "dependencies": [
            "module.security.akamai_appsec_configuration.config",
            "module.security.akamai_appsec_security_policy.main",
            "module.security.akamai_appsec_waf_protection.main",
            "module.security.data.akamai_group.group"
          ]
        }
      ]
    },
    {
      "module": "module.security",
      "mode": "managed",
      "type": "akamai_appsec_rule",
      "name": "main_aseweb_attackplatform_3000950",
      "provider": "provider[\"registry.terraform.io/akamai/akamai\"]",
      "instances": [
        {
          "schema_version": 0,
          "attributes": {
            "condition_exception": null,
            "config_id": 74502,
            "id": "74502:0001_122739:3000950",
            "rule_action": "alert",
            "rule_id": 3000950,
            "security_policy_id": "0001_122739"
          },
          "sensitive_attributes": [],
          "private": "eyJzY2hlbWFfdmVyc2lvbiI6IjAifQ==",
          "dependencies": [
            "module.security.akamai_appsec_configuration.config",
            "module.security.akamai_appsec_security_policy.main",
            "module.security.akamai_appsec_waf_protection.main",
            "module.security.data.akamai_group.group"
          ]
        }
      ]
    },
    {
      "module": "module.security",
      "mode": "managed",
      "type": "akamai_appsec_rule",
      "name": "main_aseweb_attackplatform_3000951",
      "provider": "provider[\"registry.terraform.io/akamai/akamai\"]",
      "instances": [
        {
          "schema_version": 0,
          "attributes": {
            "condition_exception": null,
            "config_id": 74502,
            "id": "74502:0001_122739:3000951",
            "rule_action": "alert",
            "rule_id": 3000951,
            "security_policy_id": "0001_122739"
          },
          "sensitive_attributes": [],
          "private": "eyJzY2hlbWFfdmVyc2lvbiI6IjAifQ==",
          "dependencies": [
            "module.security.akamai_appsec_configuration.config",
            "module.security.akamai_appsec_security_policy.main",
            "module.security.akamai_appsec_waf_protection.main",
            "module.security.data.akamai_group.group"
          ]
        }
      ]
    },
    {
      "module": "module.security",
      "mode": "managed",
      "type": "akamai_appsec_rule",
      "name": "main_aseweb_attackplatform_3000952",
      "provider": "provider[\"registry.terraform.io/akamai/akamai\"]",
      "instances": [
        {
          "schema_version": 0,
          "attributes": {
            "condition_exception": null,
            "config_id": 74502,
            "id": "74502:0001_122739:3000952",
            "rule_action": "alert",
            "rule_id": 3000952,
            "security_policy_id": "0001_122739"
          },
          "sensitive_attributes": [],
          "private": "eyJzY2hlbWFfdmVyc2lvbiI6IjAifQ==",
          "dependencies": [
            "module.security.akamai_appsec_configuration.config",
            "module.security.akamai_appsec_security_policy.main",
            "module.security.akamai_appsec_waf_protection.main",
            "module.security.data.akamai_group.group"
          ]
        }
      ]
    },
    {
      "module": "module.security",
      "mode": "managed",
      "type": "akamai_appsec_rule",
      "name": "main_aseweb_attackplatform_3000953",
      "provider": "provider[\"registry.terraform.io/akamai/akamai\"]",
      "instances": [
        {
          "schema_version": 0,
          "attributes": {
            "condition_exception": null,
            "config_id": 74502,
            "id": "74502:0001_122739:3000953",
            "rule_action": "alert",
            "rule_id": 3000953,
            "security_policy_id": "0001_122739"
          },
          "sensitive_attributes": [],
          "private": "eyJzY2hlbWFfdmVyc2lvbiI6IjAifQ==",
          "dependencies": [
            "module.security.akamai_appsec_configuration.config",
            "module.security.akamai_appsec_security_policy.main",
            "module.security.akamai_appsec_waf_protection.main",
            "module.security.data.akamai_group.group"
          ]
        }
      ]
    },
    {
      "module": "module.security",
      "mode": "managed",
      "type": "akamai_appsec_rule",
      "name": "main_aseweb_attackplatform_3000954",
      "provider": "provider[\"registry.terraform.io/akamai/akamai\"]",
      "instances": [
        {
          "schema_version": 0,
          "attributes": {
            "condition_exception": null,
            "config_id": 74502,
            "id": "74502:0001_122739:3000954",
            "rule_action": "alert",
            "rule_id": 3000954,
            "security_policy_id": "0001_122739"
          },
          "sensitive_attributes": [],
          "private": "eyJzY2hlbWFfdmVyc2lvbiI6IjAifQ==",
          "dependencies": [
            "module.security.akamai_appsec_configuration.config",
            "module.security.akamai_appsec_security_policy.main",
            "module.security.akamai_appsec_waf_protection.main",
            "module.security.data.akamai_group.group"
          ]
        }
      ]
    },
    {
      "module": "module.security",
      "mode": "managed",
      "type": "akamai_appsec_rule",
      "name": "main_aseweb_attackplatform_3000955",
      "provider": "provider[\"registry.terraform.io/akamai/akamai\"]",
      "instances": [
        {
          "schema_version": 0,
          "attributes": {
            "condition_exception": null,
            "config_id": 74502,
            "id": "74502:0001_122739:3000955",
            "rule_action": "alert",
            "rule_id": 3000955,
            "security_policy_id": "0001_122739"
          },
          "sensitive_attributes": [],
          "private": "eyJzY2hlbWFfdmVyc2lvbiI6IjAifQ==",
          "dependencies": [
            "module.security.akamai_appsec_configuration.config",
            "module.security.akamai_appsec_security_policy.main",
            "module.security.akamai_appsec_waf_protection.main",
            "module.security.data.akamai_group.group"
          ]
        }
      ]
    },
    {
      "module": "module.security",
      "mode": "managed",
      "type": "akamai_appsec_rule",
      "name": "main_aseweb_attackplatform_3000956",
      "provider": "provider[\"registry.terraform.io/akamai/akamai\"]",
      "instances": [
        {
          "schema_version": 0,
          "attributes": {
            "condition_exception": null,
            "config_id": 74502,
            "id": "74502:0001_122739:3000956",
            "rule_action": "alert",
            "rule_id": 3000956,
            "security_policy_id": "0001_122739"
          },
          "sensitive_attributes": [],
          "private": "eyJzY2hlbWFfdmVyc2lvbiI6IjAifQ==",
          "dependencies": [
            "module.security.akamai_appsec_configuration.config",
            "module.security.akamai_appsec_security_policy.main",
            "module.security.akamai_appsec_waf_protection.main",
            "module.security.data.akamai_group.group"
          ]
        }
      ]
    },
    {
      "module": "module.security",
      "mode": "managed",
      "type": "akamai_appsec_rule",
      "name": "main_aseweb_attackplatform_3000998",
      "provider": "provider[\"registry.terraform.io/akamai/akamai\"]",
      "instances": [
        {
          "schema_version": 0,
          "attributes": {
            "condition_exception": null,
            "config_id": 74502,
            "id": "74502:0001_122739:3000998",
            "rule_action": "alert",
            "rule_id": 3000998,
            "security_policy_id": "0001_122739"
          },
          "sensitive_attributes": [],
          "private": "eyJzY2hlbWFfdmVyc2lvbiI6IjAifQ==",
          "dependencies": [
            "module.security.akamai_appsec_configuration.config",
            "module.security.akamai_appsec_security_policy.main",
            "module.security.akamai_appsec_waf_protection.main",
            "module.security.data.akamai_group.group"
          ]
        }
      ]
    },
    {
      "module": "module.security",
      "mode": "managed",
      "type": "akamai_appsec_rule",
      "name": "main_aseweb_attackplatform_3000999",
      "provider": "provider[\"registry.terraform.io/akamai/akamai\"]",
      "instances": [
        {
          "schema_version": 0,
          "attributes": {
            "condition_exception": null,
            "config_id": 74502,
            "id": "74502:0001_122739:3000999",
            "rule_action": "alert",
            "rule_id": 3000999,
            "security_policy_id": "0001_122739"
          },
          "sensitive_attributes": [],
          "private": "eyJzY2hlbWFfdmVyc2lvbiI6IjAifQ==",
          "dependencies": [
            "module.security.akamai_appsec_configuration.config",
            "module.security.akamai_appsec_security_policy.main",
            "module.security.akamai_appsec_waf_protection.main",
            "module.security.data.akamai_group.group"
          ]
        }
      ]
    },
    {
      "module": "module.security",
      "mode": "managed",
      "type": "akamai_appsec_rule",
      "name": "main_aseweb_attackpolicy_3000180",
      "provider": "provider[\"registry.terraform.io/akamai/akamai\"]",
      "instances": [
        {
          "schema_version": 0,
          "attributes": {
            "condition_exception": "{\"advancedExceptions\":{\"specificHeaderCookieParamXmlOrJsonNames\":[{\"criteria\":[{\"hostnames\":[\"test.skfmediahub.skf.com\"],\"names\":[\"Content-Length\"],\"paths\":[\"/webapi/File/UploadFile\"]}],\"selector\":\"REQUEST_HEADERS\",\"wildcard\":true}]}}",
            "config_id": 74502,
            "id": "74502:0001_122739:3000180",
            "rule_action": "alert",
            "rule_id": 3000180,
            "security_policy_id": "0001_122739"
          },
          "sensitive_attributes": [],
          "private": "eyJzY2hlbWFfdmVyc2lvbiI6IjAifQ==",
          "dependencies": [
            "module.security.akamai_appsec_configuration.config",
            "module.security.akamai_appsec_security_policy.main",
            "module.security.akamai_appsec_waf_protection.main",
            "module.security.data.akamai_group.group"
          ]
        }
      ]
    },
    {
      "module": "module.security",
      "mode": "managed",
      "type": "akamai_appsec_rule",
      "name": "main_aseweb_attackpolicy_950220",
      "provider": "provider[\"registry.terraform.io/akamai/akamai\"]",
      "instances": [
        {
          "schema_version": 0,
          "attributes": {
            "condition_exception": null,
            "config_id": 74502,
            "id": "74502:0001_122739:950220",
            "rule_action": "alert",
            "rule_id": 950220,
            "security_policy_id": "0001_122739"
          },
          "sensitive_attributes": [],
          "private": "eyJzY2hlbWFfdmVyc2lvbiI6IjAifQ==",
          "dependencies": [
            "module.security.akamai_appsec_configuration.config",
            "module.security.akamai_appsec_security_policy.main",
            "module.security.akamai_appsec_waf_protection.main",
            "module.security.data.akamai_group.group"
          ]
        }
      ]
    },
    {
      "module": "module.security",
      "mode": "managed",
      "type": "akamai_appsec_rule",
      "name": "main_aseweb_attackpolicy_961912",
      "provider": "provider[\"registry.terraform.io/akamai/akamai\"]",
      "instances": [
        {
          "schema_version": 0,
          "attributes": {
            "condition_exception": null,
            "config_id": 74502,
            "id": "74502:0001_122739:961912",
            "rule_action": "alert",
            "rule_id": 961912,
            "security_policy_id": "0001_122739"
          },
          "sensitive_attributes": [],
          "private": "eyJzY2hlbWFfdmVyc2lvbiI6IjAifQ==",
          "dependencies": [
            "module.security.akamai_appsec_configuration.config",
            "module.security.akamai_appsec_security_policy.main",
            "module.security.akamai_appsec_waf_protection.main",
            "module.security.data.akamai_group.group"
          ]
        }
      ]
    },
    {
      "module": "module.security",
      "mode": "managed",
      "type": "akamai_appsec_rule",
      "name": "main_aseweb_attackprotocol_3000173",
      "provider": "provider[\"registry.terraform.io/akamai/akamai\"]",
      "instances": [
        {
          "schema_version": 0,
          "attributes": {
            "condition_exception": null,
            "config_id": 74502,
            "id": "74502:0001_122739:3000173",
            "rule_action": "alert",
            "rule_id": 3000173,
            "security_policy_id": "0001_122739"
          },
          "sensitive_attributes": [],
          "private": "eyJzY2hlbWFfdmVyc2lvbiI6IjAifQ==",
          "dependencies": [
            "module.security.akamai_appsec_configuration.config",
            "module.security.akamai_appsec_security_policy.main",
            "module.security.akamai_appsec_waf_protection.main",
            "module.security.data.akamai_group.group"
          ]
        }
      ]
    },
    {
      "module": "module.security",
      "mode": "managed",
      "type": "akamai_appsec_rule",
      "name": "main_aseweb_attackprotocol_3000174",
      "provider": "provider[\"registry.terraform.io/akamai/akamai\"]",
      "instances": [
        {
          "schema_version": 0,
          "attributes": {
            "condition_exception": null,
            "config_id": 74502,
            "id": "74502:0001_122739:3000174",
            "rule_action": "alert",
            "rule_id": 3000174,
            "security_policy_id": "0001_122739"
          },
          "sensitive_attributes": [],
          "private": "eyJzY2hlbWFfdmVyc2lvbiI6IjAifQ==",
          "dependencies": [
            "module.security.akamai_appsec_configuration.config",
            "module.security.akamai_appsec_security_policy.main",
            "module.security.akamai_appsec_waf_protection.main",
            "module.security.data.akamai_group.group"
          ]
        }
      ]
    },
    {
      "module": "module.security",
      "mode": "managed",
      "type": "akamai_appsec_rule",
      "name": "main_aseweb_attackprotocol_3000175",
      "provider": "provider[\"registry.terraform.io/akamai/akamai\"]",
      "instances": [
        {
          "schema_version": 0,
          "attributes": {
            "condition_exception": null,
            "config_id": 74502,
            "id": "74502:0001_122739:3000175",
            "rule_action": "alert",
            "rule_id": 3000175,
            "security_policy_id": "0001_122739"
          },
          "sensitive_attributes": [],
          "private": "eyJzY2hlbWFfdmVyc2lvbiI6IjAifQ==",
          "dependencies": [
            "module.security.akamai_appsec_configuration.config",
            "module.security.akamai_appsec_security_policy.main",
            "module.security.akamai_appsec_waf_protection.main",
            "module.security.data.akamai_group.group"
          ]
        }
      ]
    },
    {
      "module": "module.security",
      "mode": "managed",
      "type": "akamai_appsec_rule",
      "name": "main_aseweb_attackprotocol_3000176",
      "provider": "provider[\"registry.terraform.io/akamai/akamai\"]",
      "instances": [
        {
          "schema_version": 0,
          "attributes": {
            "condition_exception": null,
            "config_id": 74502,
            "id": "74502:0001_122739:3000176",
            "rule_action": "alert",
            "rule_id": 3000176,
            "security_policy_id": "0001_122739"
          },
          "sensitive_attributes": [],
          "private": "eyJzY2hlbWFfdmVyc2lvbiI6IjAifQ==",
          "dependencies": [
            "module.security.akamai_appsec_configuration.config",
            "module.security.akamai_appsec_security_policy.main",
            "module.security.akamai_appsec_waf_protection.main",
            "module.security.data.akamai_group.group"
          ]
        }
      ]
    },
    {
      "module": "module.security",
      "mode": "managed",
      "type": "akamai_appsec_rule",
      "name": "main_aseweb_attackprotocol_3000177",
      "provider": "provider[\"registry.terraform.io/akamai/akamai\"]",
      "instances": [
        {
          "schema_version": 0,
          "attributes": {
            "condition_exception": null,
            "config_id": 74502,
            "id": "74502:0001_122739:3000177",
            "rule_action": "alert",
            "rule_id": 3000177,
            "security_policy_id": "0001_122739"
          },
          "sensitive_attributes": [],
          "private": "eyJzY2hlbWFfdmVyc2lvbiI6IjAifQ==",
          "dependencies": [
            "module.security.akamai_appsec_configuration.config",
            "module.security.akamai_appsec_security_policy.main",
            "module.security.akamai_appsec_waf_protection.main",
            "module.security.data.akamai_group.group"
          ]
        }
      ]
    },
    {
      "module": "module.security",
      "mode": "managed",
      "type": "akamai_appsec_rule",
      "name": "main_aseweb_attackprotocol_3000192",
      "provider": "provider[\"registry.terraform.io/akamai/akamai\"]",
      "instances": [
        {
          "schema_version": 0,
          "attributes": {
            "condition_exception": null,
            "config_id": 74502,
            "id": "74502:0001_122739:3000192",
            "rule_action": "alert",
            "rule_id": 3000192,
            "security_policy_id": "0001_122739"
          },
          "sensitive_attributes": [],
          "private": "eyJzY2hlbWFfdmVyc2lvbiI6IjAifQ==",
          "dependencies": [
            "module.security.akamai_appsec_configuration.config",
            "module.security.akamai_appsec_security_policy.main",
            "module.security.akamai_appsec_waf_protection.main",
            "module.security.data.akamai_group.group"
          ]
        }
      ]
    },
    {
      "module": "module.security",
      "mode": "managed",
      "type": "akamai_appsec_rule",
      "name": "main_aseweb_attackprotocol_3000700",
      "provider": "provider[\"registry.terraform.io/akamai/akamai\"]",
      "instances": [
        {
          "schema_version": 0,
          "attributes": {
            "condition_exception": null,
            "config_id": 74502,
            "id": "74502:0001_122739:3000700",
            "rule_action": "alert",
            "rule_id": 3000700,
            "security_policy_id": "0001_122739"
          },
          "sensitive_attributes": [],
          "private": "eyJzY2hlbWFfdmVyc2lvbiI6IjAifQ==",
          "dependencies": [
            "module.security.akamai_appsec_configuration.config",
            "module.security.akamai_appsec_security_policy.main",
            "module.security.akamai_appsec_waf_protection.main",
            "module.security.data.akamai_group.group"
          ]
        }
      ]
    },
    {
      "module": "module.security",
      "mode": "managed",
      "type": "akamai_appsec_rule",
      "name": "main_aseweb_attackprotocol_950216",
      "provider": "provider[\"registry.terraform.io/akamai/akamai\"]",
      "instances": [
        {
          "schema_version": 0,
          "attributes": {
            "condition_exception": null,
            "config_id": 74502,
            "id": "74502:0001_122739:950216",
            "rule_action": "alert",
            "rule_id": 950216,
            "security_policy_id": "0001_122739"
          },
          "sensitive_attributes": [],
          "private": "eyJzY2hlbWFfdmVyc2lvbiI6IjAifQ==",
          "dependencies": [
            "module.security.akamai_appsec_configuration.config",
            "module.security.akamai_appsec_security_policy.main",
            "module.security.akamai_appsec_waf_protection.main",
            "module.security.data.akamai_group.group"
          ]
        }
      ]
    },
    {
      "module": "module.security",
      "mode": "managed",
      "type": "akamai_appsec_rule",
      "name": "main_aseweb_attackprotocol_951910",
      "provider": "provider[\"registry.terraform.io/akamai/akamai\"]",
      "instances": [
        {
          "schema_version": 0,
          "attributes": {
            "condition_exception": null,
            "config_id": 74502,
            "id": "74502:0001_122739:951910",
            "rule_action": "alert",
            "rule_id": 951910,
            "security_policy_id": "0001_122739"
          },
          "sensitive_attributes": [],
          "private": "eyJzY2hlbWFfdmVyc2lvbiI6IjAifQ==",
          "dependencies": [
            "module.security.akamai_appsec_configuration.config",
            "module.security.akamai_appsec_security_policy.main",
            "module.security.akamai_appsec_waf_protection.main",
            "module.security.data.akamai_group.group"
          ]
        }
      ]
    },
    {
      "module": "module.security",
      "mode": "managed",
      "type": "akamai_appsec_rule",
      "name": "main_aseweb_attackprotocol_961011",
      "provider": "provider[\"registry.terraform.io/akamai/akamai\"]",
      "instances": [
        {
          "schema_version": 0,
          "attributes": {
            "condition_exception": null,
            "config_id": 74502,
            "id": "74502:0001_122739:961011",
            "rule_action": "alert",
            "rule_id": 961011,
            "security_policy_id": "0001_122739"
          },
          "sensitive_attributes": [],
          "private": "eyJzY2hlbWFfdmVyc2lvbiI6IjAifQ==",
          "dependencies": [
            "module.security.akamai_appsec_configuration.config",
            "module.security.akamai_appsec_security_policy.main",
            "module.security.akamai_appsec_waf_protection.main",
            "module.security.data.akamai_group.group"
          ]
        }
      ]
    },
    {
      "module": "module.security",
      "mode": "managed",
      "type": "akamai_appsec_rule",
      "name": "main_aseweb_attackprotocol_961012",
      "provider": "provider[\"registry.terraform.io/akamai/akamai\"]",
      "instances": [
        {
          "schema_version": 0,
          "attributes": {
            "condition_exception": null,
            "config_id": 74502,
            "id": "74502:0001_122739:961012",
            "rule_action": "alert",
            "rule_id": 961012,
            "security_policy_id": "0001_122739"
          },
          "sensitive_attributes": [],
          "private": "eyJzY2hlbWFfdmVyc2lvbiI6IjAifQ==",
          "dependencies": [
            "module.security.akamai_appsec_configuration.config",
            "module.security.akamai_appsec_security_policy.main",
            "module.security.akamai_appsec_waf_protection.main",
            "module.security.data.akamai_group.group"
          ]
        }
      ]
    },
    {
      "module": "module.security",
      "mode": "managed",
      "type": "akamai_appsec_rule",
      "name": "main_aseweb_attackprotocol_961034",
      "provider": "provider[\"registry.terraform.io/akamai/akamai\"]",
      "instances": [
        {
          "schema_version": 0,
          "attributes": {
            "condition_exception": null,
            "config_id": 74502,
            "id": "74502:0001_122739:961034",
            "rule_action": "alert",
            "rule_id": 961034,
            "security_policy_id": "0001_122739"
          },
          "sensitive_attributes": [],
          "private": "eyJzY2hlbWFfdmVyc2lvbiI6IjAifQ==",
          "dependencies": [
            "module.security.akamai_appsec_configuration.config",
            "module.security.akamai_appsec_security_policy.main",
            "module.security.akamai_appsec_waf_protection.main",
            "module.security.data.akamai_group.group"
          ]
        }
      ]
    },
    {
      "module": "module.security",
      "mode": "managed",
      "type": "akamai_appsec_rule",
      "name": "main_aseweb_attackprotocol_961904",
      "provider": "provider[\"registry.terraform.io/akamai/akamai\"]",
      "instances": [
        {
          "schema_version": 0,
          "attributes": {
            "condition_exception": null,
            "config_id": 74502,
            "id": "74502:0001_122739:961904",
            "rule_action": "alert",
            "rule_id": 961904,
            "security_policy_id": "0001_122739"
          },
          "sensitive_attributes": [],
          "private": "eyJzY2hlbWFfdmVyc2lvbiI6IjAifQ==",
          "dependencies": [
            "module.security.akamai_appsec_configuration.config",
            "module.security.akamai_appsec_security_policy.main",
            "module.security.akamai_appsec_waf_protection.main",
            "module.security.data.akamai_group.group"
          ]
        }
      ]
    },
    {
      "module": "module.security",
      "mode": "managed",
      "type": "akamai_appsec_rule",
      "name": "main_aseweb_attackprotocol_968230",
      "provider": "provider[\"registry.terraform.io/akamai/akamai\"]",
      "instances": [
        {
          "schema_version": 0,
          "attributes": {
            "condition_exception": null,
            "config_id": 74502,
            "id": "74502:0001_122739:968230",
            "rule_action": "alert",
            "rule_id": 968230,
            "security_policy_id": "0001_122739"
          },
          "sensitive_attributes": [],
          "private": "eyJzY2hlbWFfdmVyc2lvbiI6IjAifQ==",
          "dependencies": [
            "module.security.akamai_appsec_configuration.config",
            "module.security.akamai_appsec_security_policy.main",
            "module.security.akamai_appsec_waf_protection.main",
            "module.security.data.akamai_group.group"
          ]
        }
      ]
    },
    {
      "module": "module.security",
      "mode": "managed",
      "type": "akamai_appsec_rule",
      "name": "main_aseweb_attackrfi_3000004",
      "provider": "provider[\"registry.terraform.io/akamai/akamai\"]",
      "instances": [
        {
          "schema_version": 0,
          "attributes": {
            "condition_exception": null,
            "config_id": 74502,
            "id": "74502:0001_122739:3000004",
            "rule_action": "alert",
            "rule_id": 3000004,
            "security_policy_id": "0001_122739"
          },
          "sensitive_attributes": [],
          "private": "eyJzY2hlbWFfdmVyc2lvbiI6IjAifQ==",
          "dependencies": [
            "module.security.akamai_appsec_configuration.config",
            "module.security.akamai_appsec_security_policy.main",
            "module.security.akamai_appsec_waf_protection.main",
            "module.security.data.akamai_group.group"
          ]
        }
      ]
    },
    {
      "module": "module.security",
      "mode": "managed",
      "type": "akamai_appsec_rule",
      "name": "main_aseweb_attackrfi_3000130",
      "provider": "provider[\"registry.terraform.io/akamai/akamai\"]",
      "instances": [
        {
          "schema_version": 0,
          "attributes": {
            "condition_exception": null,
            "config_id": 74502,
            "id": "74502:0001_122739:3000130",
            "rule_action": "alert",
            "rule_id": 3000130,
            "security_policy_id": "0001_122739"
          },
          "sensitive_attributes": [],
          "private": "eyJzY2hlbWFfdmVyc2lvbiI6IjAifQ==",
          "dependencies": [
            "module.security.akamai_appsec_configuration.config",
            "module.security.akamai_appsec_security_policy.main",
            "module.security.akamai_appsec_waf_protection.main",
            "module.security.data.akamai_group.group"
          ]
        }
      ]
    },
    {
      "module": "module.security",
      "mode": "managed",
      "type": "akamai_appsec_rule",
      "name": "main_aseweb_attackrfi_3000131",
      "provider": "provider[\"registry.terraform.io/akamai/akamai\"]",
      "instances": [
        {
          "schema_version": 0,
          "attributes": {
            "condition_exception": null,
            "config_id": 74502,
            "id": "74502:0001_122739:3000131",
            "rule_action": "alert",
            "rule_id": 3000131,
            "security_policy_id": "0001_122739"
          },
          "sensitive_attributes": [],
          "private": "eyJzY2hlbWFfdmVyc2lvbiI6IjAifQ==",
          "dependencies": [
            "module.security.akamai_appsec_configuration.config",
            "module.security.akamai_appsec_security_policy.main",
            "module.security.akamai_appsec_waf_protection.main",
            "module.security.data.akamai_group.group"
          ]
        }
      ]
    },
    {
      "module": "module.security",
      "mode": "managed",
      "type": "akamai_appsec_rule",
      "name": "main_aseweb_attackrfi_950118",
      "provider": "provider[\"registry.terraform.io/akamai/akamai\"]",
      "instances": [
        {
          "schema_version": 0,
          "attributes": {
            "condition_exception": null,
            "config_id": 74502,
            "id": "74502:0001_122739:950118",
            "rule_action": "alert",
            "rule_id": 950118,
            "security_policy_id": "0001_122739"
          },
          "sensitive_attributes": [],
          "private": "eyJzY2hlbWFfdmVyc2lvbiI6IjAifQ==",
          "dependencies": [
            "module.security.akamai_appsec_configuration.config",
            "module.security.akamai_appsec_security_policy.main",
            "module.security.akamai_appsec_waf_protection.main",
            "module.security.data.akamai_group.group"
          ]
        }
      ]
    },
    {
      "module": "module.security",
      "mode": "managed",
      "type": "akamai_appsec_rule",
      "name": "main_aseweb_attacksql_injection_3000000",
      "provider": "provider[\"registry.terraform.io/akamai/akamai\"]",
      "instances": [
        {
          "schema_version": 0,
          "attributes": {
            "condition_exception": null,
            "config_id": 74502,
            "id": "74502:0001_122739:3000000",
            "rule_action": "alert",
            "rule_id": 3000000,
            "security_policy_id": "0001_122739"
          },
          "sensitive_attributes": [],
          "private": "eyJzY2hlbWFfdmVyc2lvbiI6IjAifQ==",
          "dependencies": [
            "module.security.akamai_appsec_configuration.config",
            "module.security.akamai_appsec_security_policy.main",
            "module.security.akamai_appsec_waf_protection.main",
            "module.security.data.akamai_group.group"
          ]
        }
      ]
    },
    {
      "module": "module.security",
      "mode": "managed",
      "type": "akamai_appsec_rule",
      "name": "main_aseweb_attacksql_injection_3000006",
      "provider": "provider[\"registry.terraform.io/akamai/akamai\"]",
      "instances": [
        {
          "schema_version": 0,
          "attributes": {
            "condition_exception": null,
            "config_id": 74502,
            "id": "74502:0001_122739:3000006",
            "rule_action": "alert",
            "rule_id": 3000006,
            "security_policy_id": "0001_122739"
          },
          "sensitive_attributes": [],
          "private": "eyJzY2hlbWFfdmVyc2lvbiI6IjAifQ==",
          "dependencies": [
            "module.security.akamai_appsec_configuration.config",
            "module.security.akamai_appsec_security_policy.main",
            "module.security.akamai_appsec_waf_protection.main",
            "module.security.data.akamai_group.group"
          ]
        }
      ]
    },
    {
      "module": "module.security",
      "mode": "managed",
      "type": "akamai_appsec_rule",
      "name": "main_aseweb_attacksql_injection_3000015",
      "provider": "provider[\"registry.terraform.io/akamai/akamai\"]",
      "instances": [
        {
          "schema_version": 0,
          "attributes": {
            "condition_exception": null,
            "config_id": 74502,
            "id": "74502:0001_122739:3000015",
            "rule_action": "alert",
            "rule_id": 3000015,
            "security_policy_id": "0001_122739"
          },
          "sensitive_attributes": [],
          "private": "eyJzY2hlbWFfdmVyc2lvbiI6IjAifQ==",
          "dependencies": [
            "module.security.akamai_appsec_configuration.config",
            "module.security.akamai_appsec_security_policy.main",
            "module.security.akamai_appsec_waf_protection.main",
            "module.security.data.akamai_group.group"
          ]
        }
      ]
    },
    {
      "module": "module.security",
      "mode": "managed",
      "type": "akamai_appsec_rule",
      "name": "main_aseweb_attacksql_injection_3000017",
      "provider": "provider[\"registry.terraform.io/akamai/akamai\"]",
      "instances": [
        {
          "schema_version": 0,
          "attributes": {
            "condition_exception": null,
            "config_id": 74502,
            "id": "74502:0001_122739:3000017",
            "rule_action": "alert",
            "rule_id": 3000017,
            "security_policy_id": "0001_122739"
          },
          "sensitive_attributes": [],
          "private": "eyJzY2hlbWFfdmVyc2lvbiI6IjAifQ==",
          "dependencies": [
            "module.security.akamai_appsec_configuration.config",
            "module.security.akamai_appsec_security_policy.main",
            "module.security.akamai_appsec_waf_protection.main",
            "module.security.data.akamai_group.group"
          ]
        }
      ]
    },
    {
      "module": "module.security",
      "mode": "managed",
      "type": "akamai_appsec_rule",
      "name": "main_aseweb_attacksql_injection_3000022",
      "provider": "provider[\"registry.terraform.io/akamai/akamai\"]",
      "instances": [
        {
          "schema_version": 0,
          "attributes": {
            "condition_exception": null,
            "config_id": 74502,
            "id": "74502:0001_122739:3000022",
            "rule_action": "alert",
            "rule_id": 3000022,
            "security_policy_id": "0001_122739"
          },
          "sensitive_attributes": [],
          "private": "eyJzY2hlbWFfdmVyc2lvbiI6IjAifQ==",
          "dependencies": [
            "module.security.akamai_appsec_configuration.config",
            "module.security.akamai_appsec_security_policy.main",
            "module.security.akamai_appsec_waf_protection.main",
            "module.security.data.akamai_group.group"
          ]
        }
      ]
    },
    {
      "module": "module.security",
      "mode": "managed",
      "type": "akamai_appsec_rule",
      "name": "main_aseweb_attacksql_injection_3000100",
      "provider": "provider[\"registry.terraform.io/akamai/akamai\"]",
      "instances": [
        {
          "schema_version": 0,
          "attributes": {
            "condition_exception": "{\"exception\":{\"specificHeaderCookieParamXmlOrJsonNames\":[{\"names\":[\"subAgencyDetails\"],\"selector\":\"ARGS\",\"wildcard\":true}]}}",
            "config_id": 74502,
            "id": "74502:0001_122739:3000100",
            "rule_action": "alert",
            "rule_id": 3000100,
            "security_policy_id": "0001_122739"
          },
          "sensitive_attributes": [],
          "private": "eyJzY2hlbWFfdmVyc2lvbiI6IjAifQ==",
          "dependencies": [
            "module.security.akamai_appsec_configuration.config",
            "module.security.akamai_appsec_security_policy.main",
            "module.security.akamai_appsec_waf_protection.main",
            "module.security.data.akamai_group.group"
          ]
        }
      ]
    },
    {
      "module": "module.security",
      "mode": "managed",
      "type": "akamai_appsec_rule",
      "name": "main_aseweb_attacksql_injection_3000101",
      "provider": "provider[\"registry.terraform.io/akamai/akamai\"]",
      "instances": [
        {
          "schema_version": 0,
          "attributes": {
            "condition_exception": null,
            "config_id": 74502,
            "id": "74502:0001_122739:3000101",
            "rule_action": "alert",
            "rule_id": 3000101,
            "security_policy_id": "0001_122739"
          },
          "sensitive_attributes": [],
          "private": "eyJzY2hlbWFfdmVyc2lvbiI6IjAifQ==",
          "dependencies": [
            "module.security.akamai_appsec_configuration.config",
            "module.security.akamai_appsec_security_policy.main",
            "module.security.akamai_appsec_waf_protection.main",
            "module.security.data.akamai_group.group"
          ]
        }
      ]
    },
    {
      "module": "module.security",
      "mode": "managed",
      "type": "akamai_appsec_rule",
      "name": "main_aseweb_attacksql_injection_3000102",
      "provider": "provider[\"registry.terraform.io/akamai/akamai\"]",
      "instances": [
        {
          "schema_version": 0,
          "attributes": {
            "condition_exception": null,
            "config_id": 74502,
            "id": "74502:0001_122739:3000102",
            "rule_action": "alert",
            "rule_id": 3000102,
            "security_policy_id": "0001_122739"
          },
          "sensitive_attributes": [],
          "private": "eyJzY2hlbWFfdmVyc2lvbiI6IjAifQ==",
          "dependencies": [
            "module.security.akamai_appsec_configuration.config",
            "module.security.akamai_appsec_security_policy.main",
            "module.security.akamai_appsec_waf_protection.main",
            "module.security.data.akamai_group.group"
          ]
        }
      ]
    },
    {
      "module": "module.security",
      "mode": "managed",
      "type": "akamai_appsec_rule",
      "name": "main_aseweb_attacksql_injection_3000103",
      "provider": "provider[\"registry.terraform.io/akamai/akamai\"]",
      "instances": [
        {
          "schema_version": 0,
          "attributes": {
            "condition_exception": null,
            "config_id": 74502,
            "id": "74502:0001_122739:3000103",
            "rule_action": "alert",
            "rule_id": 3000103,
            "security_policy_id": "0001_122739"
          },
          "sensitive_attributes": [],
          "private": "eyJzY2hlbWFfdmVyc2lvbiI6IjAifQ==",
          "dependencies": [
            "module.security.akamai_appsec_configuration.config",
            "module.security.akamai_appsec_security_policy.main",
            "module.security.akamai_appsec_waf_protection.main",
            "module.security.data.akamai_group.group"
          ]
        }
      ]
    },
    {
      "module": "module.security",
      "mode": "managed",
      "type": "akamai_appsec_rule",
      "name": "main_aseweb_attacksql_injection_3000104",
      "provider": "provider[\"registry.terraform.io/akamai/akamai\"]",
      "instances": [
        {
          "schema_version": 0,
          "attributes": {
            "condition_exception": null,
            "config_id": 74502,
            "id": "74502:0001_122739:3000104",
            "rule_action": "alert",
            "rule_id": 3000104,
            "security_policy_id": "0001_122739"
          },
          "sensitive_attributes": [],
          "private": "eyJzY2hlbWFfdmVyc2lvbiI6IjAifQ==",
          "dependencies": [
            "module.security.akamai_appsec_configuration.config",
            "module.security.akamai_appsec_security_policy.main",
            "module.security.akamai_appsec_waf_protection.main",
            "module.security.data.akamai_group.group"
          ]
        }
      ]
    },
    {
      "module": "module.security",
      "mode": "managed",
      "type": "akamai_appsec_rule",
      "name": "main_aseweb_attacksql_injection_950007",
      "provider": "provider[\"registry.terraform.io/akamai/akamai\"]",
      "instances": [
        {
          "schema_version": 0,
          "attributes": {
            "condition_exception": null,
            "config_id": 74502,
            "id": "74502:0001_122739:950007",
            "rule_action": "alert",
            "rule_id": 950007,
            "security_policy_id": "0001_122739"
          },
          "sensitive_attributes": [],
          "private": "eyJzY2hlbWFfdmVyc2lvbiI6IjAifQ==",
          "dependencies": [
            "module.security.akamai_appsec_configuration.config",
            "module.security.akamai_appsec_security_policy.main",
            "module.security.akamai_appsec_waf_protection.main",
            "module.security.data.akamai_group.group"
          ]
        }
      ]
    },
    {
      "module": "module.security",
      "mode": "managed",
      "type": "akamai_appsec_rule",
      "name": "main_aseweb_attacksql_injection_950902",
      "provider": "provider[\"registry.terraform.io/akamai/akamai\"]",
      "instances": [
        {
          "schema_version": 0,
          "attributes": {
            "condition_exception": null,
            "config_id": 74502,
            "id": "74502:0001_122739:950902",
            "rule_action": "alert",
            "rule_id": 950902,
            "security_policy_id": "0001_122739"
          },
          "sensitive_attributes": [],
          "private": "eyJzY2hlbWFfdmVyc2lvbiI6IjAifQ==",
          "dependencies": [
            "module.security.akamai_appsec_configuration.config",
            "module.security.akamai_appsec_security_policy.main",
            "module.security.akamai_appsec_waf_protection.main",
            "module.security.data.akamai_group.group"
          ]
        }
      ]
    },
    {
      "module": "module.security",
      "mode": "managed",
      "type": "akamai_appsec_rule",
      "name": "main_aseweb_attacksql_injection_959070",
      "provider": "provider[\"registry.terraform.io/akamai/akamai\"]",
      "instances": [
        {
          "schema_version": 0,
          "attributes": {
            "condition_exception": null,
            "config_id": 74502,
            "id": "74502:0001_122739:959070",
            "rule_action": "alert",
            "rule_id": 959070,
            "security_policy_id": "0001_122739"
          },
          "sensitive_attributes": [],
          "private": "eyJzY2hlbWFfdmVyc2lvbiI6IjAifQ==",
          "dependencies": [
            "module.security.akamai_appsec_configuration.config",
            "module.security.akamai_appsec_security_policy.main",
            "module.security.akamai_appsec_waf_protection.main",
            "module.security.data.akamai_group.group"
          ]
        }
      ]
    },
    {
      "module": "module.security",
      "mode": "managed",
      "type": "akamai_appsec_rule",
      "name": "main_aseweb_attacksql_injection_959073",
      "provider": "provider[\"registry.terraform.io/akamai/akamai\"]",
      "instances": [
        {
          "schema_version": 0,
          "attributes": {
            "condition_exception": null,
            "config_id": 74502,
            "id": "74502:0001_122739:959073",
            "rule_action": "alert",
            "rule_id": 959073,
            "security_policy_id": "0001_122739"
          },
          "sensitive_attributes": [],
          "private": "eyJzY2hlbWFfdmVyc2lvbiI6IjAifQ==",
          "dependencies": [
            "module.security.akamai_appsec_configuration.config",
            "module.security.akamai_appsec_security_policy.main",
            "module.security.akamai_appsec_waf_protection.main",
            "module.security.data.akamai_group.group"
          ]
        }
      ]
    },
    {
      "module": "module.security",
      "mode": "managed",
      "type": "akamai_appsec_rule",
      "name": "main_aseweb_attacksql_injection_981240",
      "provider": "provider[\"registry.terraform.io/akamai/akamai\"]",
      "instances": [
        {
          "schema_version": 0,
          "attributes": {
            "condition_exception": null,
            "config_id": 74502,
            "id": "74502:0001_122739:981240",
            "rule_action": "alert",
            "rule_id": 981240,
            "security_policy_id": "0001_122739"
          },
          "sensitive_attributes": [],
          "private": "eyJzY2hlbWFfdmVyc2lvbiI6IjAifQ==",
          "dependencies": [
            "module.security.akamai_appsec_configuration.config",
            "module.security.akamai_appsec_security_policy.main",
            "module.security.akamai_appsec_waf_protection.main",
            "module.security.data.akamai_group.group"
          ]
        }
      ]
    },
    {
      "module": "module.security",
      "mode": "managed",
      "type": "akamai_appsec_rule",
      "name": "main_aseweb_attacksql_injection_981242",
      "provider": "provider[\"registry.terraform.io/akamai/akamai\"]",
      "instances": [
        {
          "schema_version": 0,
          "attributes": {
            "condition_exception": null,
            "config_id": 74502,
            "id": "74502:0001_122739:981242",
            "rule_action": "alert",
            "rule_id": 981242,
            "security_policy_id": "0001_122739"
          },
          "sensitive_attributes": [],
          "private": "eyJzY2hlbWFfdmVyc2lvbiI6IjAifQ==",
          "dependencies": [
            "module.security.akamai_appsec_configuration.config",
            "module.security.akamai_appsec_security_policy.main",
            "module.security.akamai_appsec_waf_protection.main",
            "module.security.data.akamai_group.group"
          ]
        }
      ]
    },
    {
      "module": "module.security",
      "mode": "managed",
      "type": "akamai_appsec_rule",
      "name": "main_aseweb_attacksql_injection_981243",
      "provider": "provider[\"registry.terraform.io/akamai/akamai\"]",
      "instances": [
        {
          "schema_version": 0,
          "attributes": {
            "condition_exception": null,
            "config_id": 74502,
            "id": "74502:0001_122739:981243",
            "rule_action": "alert",
            "rule_id": 981243,
            "security_policy_id": "0001_122739"
          },
          "sensitive_attributes": [],
          "private": "eyJzY2hlbWFfdmVyc2lvbiI6IjAifQ==",
          "dependencies": [
            "module.security.akamai_appsec_configuration.config",
            "module.security.akamai_appsec_security_policy.main",
            "module.security.akamai_appsec_waf_protection.main",
            "module.security.data.akamai_group.group"
          ]
        }
      ]
    },
    {
      "module": "module.security",
      "mode": "managed",
      "type": "akamai_appsec_rule",
      "name": "main_aseweb_attacksql_injection_981244",
      "provider": "provider[\"registry.terraform.io/akamai/akamai\"]",
      "instances": [
        {
          "schema_version": 0,
          "attributes": {
            "condition_exception": null,
            "config_id": 74502,
            "id": "74502:0001_122739:981244",
            "rule_action": "alert",
            "rule_id": 981244,
            "security_policy_id": "0001_122739"
          },
          "sensitive_attributes": [],
          "private": "eyJzY2hlbWFfdmVyc2lvbiI6IjAifQ==",
          "dependencies": [
            "module.security.akamai_appsec_configuration.config",
            "module.security.akamai_appsec_security_policy.main",
            "module.security.akamai_appsec_waf_protection.main",
            "module.security.data.akamai_group.group"
          ]
        }
      ]
    },
    {
      "module": "module.security",
      "mode": "managed",
      "type": "akamai_appsec_rule",
      "name": "main_aseweb_attacksql_injection_981247",
      "provider": "provider[\"registry.terraform.io/akamai/akamai\"]",
      "instances": [
        {
          "schema_version": 0,
          "attributes": {
            "condition_exception": null,
            "config_id": 74502,
            "id": "74502:0001_122739:981247",
            "rule_action": "alert",
            "rule_id": 981247,
            "security_policy_id": "0001_122739"
          },
          "sensitive_attributes": [],
          "private": "eyJzY2hlbWFfdmVyc2lvbiI6IjAifQ==",
          "dependencies": [
            "module.security.akamai_appsec_configuration.config",
            "module.security.akamai_appsec_security_policy.main",
            "module.security.akamai_appsec_waf_protection.main",
            "module.security.data.akamai_group.group"
          ]
        }
      ]
    },
    {
      "module": "module.security",
      "mode": "managed",
      "type": "akamai_appsec_rule",
      "name": "main_aseweb_attacksql_injection_981248",
      "provider": "provider[\"registry.terraform.io/akamai/akamai\"]",
      "instances": [
        {
          "schema_version": 0,
          "attributes": {
            "condition_exception": null,
            "config_id": 74502,
            "id": "74502:0001_122739:981248",
            "rule_action": "alert",
            "rule_id": 981248,
            "security_policy_id": "0001_122739"
          },
          "sensitive_attributes": [],
          "private": "eyJzY2hlbWFfdmVyc2lvbiI6IjAifQ==",
          "dependencies": [
            "module.security.akamai_appsec_configuration.config",
            "module.security.akamai_appsec_security_policy.main",
            "module.security.akamai_appsec_waf_protection.main",
            "module.security.data.akamai_group.group"
          ]
        }
      ]
    },
    {
      "module": "module.security",
      "mode": "managed",
      "type": "akamai_appsec_rule",
      "name": "main_aseweb_attacksql_injection_981251",
      "provider": "provider[\"registry.terraform.io/akamai/akamai\"]",
      "instances": [
        {
          "schema_version": 0,
          "attributes": {
            "condition_exception": null,
            "config_id": 74502,
            "id": "74502:0001_122739:981251",
            "rule_action": "alert",
            "rule_id": 981251,
            "security_policy_id": "0001_122739"
          },
          "sensitive_attributes": [],
          "private": "eyJzY2hlbWFfdmVyc2lvbiI6IjAifQ==",
          "dependencies": [
            "module.security.akamai_appsec_configuration.config",
            "module.security.akamai_appsec_security_policy.main",
            "module.security.akamai_appsec_waf_protection.main",
            "module.security.data.akamai_group.group"
          ]
        }
      ]
    },
    {
      "module": "module.security",
      "mode": "managed",
      "type": "akamai_appsec_rule",
      "name": "main_aseweb_attacksql_injection_981252",
      "provider": "provider[\"registry.terraform.io/akamai/akamai\"]",
      "instances": [
        {
          "schema_version": 0,
          "attributes": {
            "condition_exception": null,
            "config_id": 74502,
            "id": "74502:0001_122739:981252",
            "rule_action": "alert",
            "rule_id": 981252,
            "security_policy_id": "0001_122739"
          },
          "sensitive_attributes": [],
          "private": "eyJzY2hlbWFfdmVyc2lvbiI6IjAifQ==",
          "dependencies": [
            "module.security.akamai_appsec_configuration.config",
            "module.security.akamai_appsec_security_policy.main",
            "module.security.akamai_appsec_waf_protection.main",
            "module.security.data.akamai_group.group"
          ]
        }
      ]
    },
    {
      "module": "module.security",
      "mode": "managed",
      "type": "akamai_appsec_rule",
      "name": "main_aseweb_attacksql_injection_981253",
      "provider": "provider[\"registry.terraform.io/akamai/akamai\"]",
      "instances": [
        {
          "schema_version": 0,
          "attributes": {
            "condition_exception": null,
            "config_id": 74502,
            "id": "74502:0001_122739:981253",
            "rule_action": "alert",
            "rule_id": 981253,
            "security_policy_id": "0001_122739"
          },
          "sensitive_attributes": [],
          "private": "eyJzY2hlbWFfdmVyc2lvbiI6IjAifQ==",
          "dependencies": [
            "module.security.akamai_appsec_configuration.config",
            "module.security.akamai_appsec_security_policy.main",
            "module.security.akamai_appsec_waf_protection.main",
            "module.security.data.akamai_group.group"
          ]
        }
      ]
    },
    {
      "module": "module.security",
      "mode": "managed",
      "type": "akamai_appsec_rule",
      "name": "main_aseweb_attacksql_injection_981254",
      "provider": "provider[\"registry.terraform.io/akamai/akamai\"]",
      "instances": [
        {
          "schema_version": 0,
          "attributes": {
            "condition_exception": null,
            "config_id": 74502,
            "id": "74502:0001_122739:981254",
            "rule_action": "alert",
            "rule_id": 981254,
            "security_policy_id": "0001_122739"
          },
          "sensitive_attributes": [],
          "private": "eyJzY2hlbWFfdmVyc2lvbiI6IjAifQ==",
          "dependencies": [
            "module.security.akamai_appsec_configuration.config",
            "module.security.akamai_appsec_security_policy.main",
            "module.security.akamai_appsec_waf_protection.main",
            "module.security.data.akamai_group.group"
          ]
        }
      ]
    },
    {
      "module": "module.security",
      "mode": "managed",
      "type": "akamai_appsec_rule",
      "name": "main_aseweb_attacksql_injection_981255",
      "provider": "provider[\"registry.terraform.io/akamai/akamai\"]",
      "instances": [
        {
          "schema_version": 0,
          "attributes": {
            "condition_exception": null,
            "config_id": 74502,
            "id": "74502:0001_122739:981255",
            "rule_action": "alert",
            "rule_id": 981255,
            "security_policy_id": "0001_122739"
          },
          "sensitive_attributes": [],
          "private": "eyJzY2hlbWFfdmVyc2lvbiI6IjAifQ==",
          "dependencies": [
            "module.security.akamai_appsec_configuration.config",
            "module.security.akamai_appsec_security_policy.main",
            "module.security.akamai_appsec_waf_protection.main",
            "module.security.data.akamai_group.group"
          ]
        }
      ]
    },
    {
      "module": "module.security",
      "mode": "managed",
      "type": "akamai_appsec_rule",
      "name": "main_aseweb_attacksql_injection_981256",
      "provider": "provider[\"registry.terraform.io/akamai/akamai\"]",
      "instances": [
        {
          "schema_version": 0,
          "attributes": {
            "condition_exception": null,
            "config_id": 74502,
            "id": "74502:0001_122739:981256",
            "rule_action": "alert",
            "rule_id": 981256,
            "security_policy_id": "0001_122739"
          },
          "sensitive_attributes": [],
          "private": "eyJzY2hlbWFfdmVyc2lvbiI6IjAifQ==",
          "dependencies": [
            "module.security.akamai_appsec_configuration.config",
            "module.security.akamai_appsec_security_policy.main",
            "module.security.akamai_appsec_waf_protection.main",
            "module.security.data.akamai_group.group"
          ]
        }
      ]
    },
    {
      "module": "module.security",
      "mode": "managed",
      "type": "akamai_appsec_rule",
      "name": "main_aseweb_attacksql_injection_981260",
      "provider": "provider[\"registry.terraform.io/akamai/akamai\"]",
      "instances": [
        {
          "schema_version": 0,
          "attributes": {
            "condition_exception": null,
            "config_id": 74502,
            "id": "74502:0001_122739:981260",
            "rule_action": "alert",
            "rule_id": 981260,
            "security_policy_id": "0001_122739"
          },
          "sensitive_attributes": [],
          "private": "eyJzY2hlbWFfdmVyc2lvbiI6IjAifQ==",
          "dependencies": [
            "module.security.akamai_appsec_configuration.config",
            "module.security.akamai_appsec_security_policy.main",
            "module.security.akamai_appsec_waf_protection.main",
            "module.security.data.akamai_group.group"
          ]
        }
      ]
    },
    {
      "module": "module.security",
      "mode": "managed",
      "type": "akamai_appsec_rule",
      "name": "main_aseweb_attacksql_injection_981270",
      "provider": "provider[\"registry.terraform.io/akamai/akamai\"]",
      "instances": [
        {
          "schema_version": 0,
          "attributes": {
            "condition_exception": null,
            "config_id": 74502,
            "id": "74502:0001_122739:981270",
            "rule_action": "alert",
            "rule_id": 981270,
            "security_policy_id": "0001_122739"
          },
          "sensitive_attributes": [],
          "private": "eyJzY2hlbWFfdmVyc2lvbiI6IjAifQ==",
          "dependencies": [
            "module.security.akamai_appsec_configuration.config",
            "module.security.akamai_appsec_security_policy.main",
            "module.security.akamai_appsec_waf_protection.main",
            "module.security.data.akamai_group.group"
          ]
        }
      ]
    },
    {
      "module": "module.security",
      "mode": "managed",
      "type": "akamai_appsec_rule",
      "name": "main_aseweb_attacksql_injection_981276",
      "provider": "provider[\"registry.terraform.io/akamai/akamai\"]",
      "instances": [
        {
          "schema_version": 0,
          "attributes": {
            "condition_exception": null,
            "config_id": 74502,
            "id": "74502:0001_122739:981276",
            "rule_action": "alert",
            "rule_id": 981276,
            "security_policy_id": "0001_122739"
          },
          "sensitive_attributes": [],
          "private": "eyJzY2hlbWFfdmVyc2lvbiI6IjAifQ==",
          "dependencies": [
            "module.security.akamai_appsec_configuration.config",
            "module.security.akamai_appsec_security_policy.main",
            "module.security.akamai_appsec_waf_protection.main",
            "module.security.data.akamai_group.group"
          ]
        }
      ]
    },
    {
      "module": "module.security",
      "mode": "managed",
      "type": "akamai_appsec_rule",
      "name": "main_aseweb_attacksql_injection_981300",
      "provider": "provider[\"registry.terraform.io/akamai/akamai\"]",
      "instances": [
        {
          "schema_version": 0,
          "attributes": {
            "condition_exception": null,
            "config_id": 74502,
            "id": "74502:0001_122739:981300",
            "rule_action": "alert",
            "rule_id": 981300,
            "security_policy_id": "0001_122739"
          },
          "sensitive_attributes": [],
          "private": "eyJzY2hlbWFfdmVyc2lvbiI6IjAifQ==",
          "dependencies": [
            "module.security.akamai_appsec_configuration.config",
            "module.security.akamai_appsec_security_policy.main",
            "module.security.akamai_appsec_waf_protection.main",
            "module.security.data.akamai_group.group"
          ]
        }
      ]
    },
    {
      "module": "module.security",
      "mode": "managed",
      "type": "akamai_appsec_rule",
      "name": "main_aseweb_attacksql_injection_981320",
      "provider": "provider[\"registry.terraform.io/akamai/akamai\"]",
      "instances": [
        {
          "schema_version": 0,
          "attributes": {
            "condition_exception": null,
            "config_id": 74502,
            "id": "74502:0001_122739:981320",
            "rule_action": "alert",
            "rule_id": 981320,
            "security_policy_id": "0001_122739"
          },
          "sensitive_attributes": [],
          "private": "eyJzY2hlbWFfdmVyc2lvbiI6IjAifQ==",
          "dependencies": [
            "module.security.akamai_appsec_configuration.config",
            "module.security.akamai_appsec_security_policy.main",
            "module.security.akamai_appsec_waf_protection.main",
            "module.security.data.akamai_group.group"
          ]
        }
      ]
    },
    {
      "module": "module.security",
      "mode": "managed",
      "type": "akamai_appsec_rule",
      "name": "main_aseweb_attacktool_3000108",
      "provider": "provider[\"registry.terraform.io/akamai/akamai\"]",
      "instances": [
        {
          "schema_version": 0,
          "attributes": {
            "condition_exception": null,
            "config_id": 74502,
            "id": "74502:0001_122739:3000108",
            "rule_action": "alert",
            "rule_id": 3000108,
            "security_policy_id": "0001_122739"
          },
          "sensitive_attributes": [],
          "private": "eyJzY2hlbWFfdmVyc2lvbiI6IjAifQ==",
          "dependencies": [
            "module.security.akamai_appsec_configuration.config",
            "module.security.akamai_appsec_security_policy.main",
            "module.security.akamai_appsec_waf_protection.main",
            "module.security.data.akamai_group.group"
          ]
        }
      ]
    },
    {
      "module": "module.security",
      "mode": "managed",
      "type": "akamai_appsec_rule",
      "name": "main_aseweb_attacktool_3000115",
      "provider": "provider[\"registry.terraform.io/akamai/akamai\"]",
      "instances": [
        {
          "schema_version": 0,
          "attributes": {
            "condition_exception": null,
            "config_id": 74502,
            "id": "74502:0001_122739:3000115",
            "rule_action": "alert",
            "rule_id": 3000115,
            "security_policy_id": "0001_122739"
          },
          "sensitive_attributes": [],
          "private": "eyJzY2hlbWFfdmVyc2lvbiI6IjAifQ==",
          "dependencies": [
            "module.security.akamai_appsec_configuration.config",
            "module.security.akamai_appsec_security_policy.main",
            "module.security.akamai_appsec_waf_protection.main",
            "module.security.data.akamai_group.group"
          ]
        }
      ]
    },
    {
      "module": "module.security",
      "mode": "managed",
      "type": "akamai_appsec_rule",
      "name": "main_aseweb_attacktool_3000117",
      "provider": "provider[\"registry.terraform.io/akamai/akamai\"]",
      "instances": [
        {
          "schema_version": 0,
          "attributes": {
            "condition_exception": null,
            "config_id": 74502,
            "id": "74502:0001_122739:3000117",
            "rule_action": "alert",
            "rule_id": 3000117,
            "security_policy_id": "0001_122739"
          },
          "sensitive_attributes": [],
          "private": "eyJzY2hlbWFfdmVyc2lvbiI6IjAifQ==",
          "dependencies": [
            "module.security.akamai_appsec_configuration.config",
            "module.security.akamai_appsec_security_policy.main",
            "module.security.akamai_appsec_waf_protection.main",
            "module.security.data.akamai_group.group"
          ]
        }
      ]
    },
    {
      "module": "module.security",
      "mode": "managed",
      "type": "akamai_appsec_rule",
      "name": "main_aseweb_attacktool_3000118",
      "provider": "provider[\"registry.terraform.io/akamai/akamai\"]",
      "instances": [
        {
          "schema_version": 0,
          "attributes": {
            "condition_exception": null,
            "config_id": 74502,
            "id": "74502:0001_122739:3000118",
            "rule_action": "alert",
            "rule_id": 3000118,
            "security_policy_id": "0001_122739"
          },
          "sensitive_attributes": [],
          "private": "eyJzY2hlbWFfdmVyc2lvbiI6IjAifQ==",
          "dependencies": [
            "module.security.akamai_appsec_configuration.config",
            "module.security.akamai_appsec_security_policy.main",
            "module.security.akamai_appsec_waf_protection.main",
            "module.security.data.akamai_group.group"
          ]
        }
      ]
    },
    {
      "module": "module.security",
      "mode": "managed",
      "type": "akamai_appsec_rule",
      "name": "main_aseweb_attacktool_3000129",
      "provider": "provider[\"registry.terraform.io/akamai/akamai\"]",
      "instances": [
        {
          "schema_version": 0,
          "attributes": {
            "condition_exception": null,
            "config_id": 74502,
            "id": "74502:0001_122739:3000129",
            "rule_action": "alert",
            "rule_id": 3000129,
            "security_policy_id": "0001_122739"
          },
          "sensitive_attributes": [],
          "private": "eyJzY2hlbWFfdmVyc2lvbiI6IjAifQ==",
          "dependencies": [
            "module.security.akamai_appsec_configuration.config",
            "module.security.akamai_appsec_security_policy.main",
            "module.security.akamai_appsec_waf_protection.main",
            "module.security.data.akamai_group.group"
          ]
        }
      ]
    },
    {
      "module": "module.security",
      "mode": "managed",
      "type": "akamai_appsec_rule",
      "name": "main_aseweb_attacktool_3000137",
      "provider": "provider[\"registry.terraform.io/akamai/akamai\"]",
      "instances": [
        {
          "schema_version": 0,
          "attributes": {
            "condition_exception": null,
            "config_id": 74502,
            "id": "74502:0001_122739:3000137",
            "rule_action": "alert",
            "rule_id": 3000137,
            "security_policy_id": "0001_122739"
          },
          "sensitive_attributes": [],
          "private": "eyJzY2hlbWFfdmVyc2lvbiI6IjAifQ==",
          "dependencies": [
            "module.security.akamai_appsec_configuration.config",
            "module.security.akamai_appsec_security_policy.main",
            "module.security.akamai_appsec_waf_protection.main",
            "module.security.data.akamai_group.group"
          ]
        }
      ]
    },
    {
      "module": "module.security",
      "mode": "managed",
      "type": "akamai_appsec_rule",
      "name": "main_aseweb_attacktool_3000138",
      "provider": "provider[\"registry.terraform.io/akamai/akamai\"]",
      "instances": [
        {
          "schema_version": 0,
          "attributes": {
            "condition_exception": null,
            "config_id": 74502,
            "id": "74502:0001_122739:3000138",
            "rule_action": "alert",
            "rule_id": 3000138,
            "security_policy_id": "0001_122739"
          },
          "sensitive_attributes": [],
          "private": "eyJzY2hlbWFfdmVyc2lvbiI6IjAifQ==",
          "dependencies": [
            "module.security.akamai_appsec_configuration.config",
            "module.security.akamai_appsec_security_policy.main",
            "module.security.akamai_appsec_waf_protection.main",
            "module.security.data.akamai_group.group"
          ]
        }
      ]
    },
    {
      "module": "module.security",
      "mode": "managed",
      "type": "akamai_appsec_rule",
      "name": "main_aseweb_attacktool_3000140",
      "provider": "provider[\"registry.terraform.io/akamai/akamai\"]",
      "instances": [
        {
          "schema_version": 0,
          "attributes": {
            "condition_exception": null,
            "config_id": 74502,
            "id": "74502:0001_122739:3000140",
            "rule_action": "alert",
            "rule_id": 3000140,
            "security_policy_id": "0001_122739"
          },
          "sensitive_attributes": [],
          "private": "eyJzY2hlbWFfdmVyc2lvbiI6IjAifQ==",
          "dependencies": [
            "module.security.akamai_appsec_configuration.config",
            "module.security.akamai_appsec_security_policy.main",
            "module.security.akamai_appsec_waf_protection.main",
            "module.security.data.akamai_group.group"
          ]
        }
      ]
    },
    {
      "module": "module.security",
      "mode": "managed",
      "type": "akamai_appsec_rule",
      "name": "main_aseweb_attacktool_3000157",
      "provider": "provider[\"registry.terraform.io/akamai/akamai\"]",
      "instances": [
        {
          "schema_version": 0,
          "attributes": {
            "condition_exception": null,
            "config_id": 74502,
            "id": "74502:0001_122739:3000157",
            "rule_action": "alert",
            "rule_id": 3000157,
            "security_policy_id": "0001_122739"
          },
          "sensitive_attributes": [],
          "private": "eyJzY2hlbWFfdmVyc2lvbiI6IjAifQ==",
          "dependencies": [
            "module.security.akamai_appsec_configuration.config",
            "module.security.akamai_appsec_security_policy.main",
            "module.security.akamai_appsec_waf_protection.main",
            "module.security.data.akamai_group.group"
          ]
        }
      ]
    },
    {
      "module": "module.security",
      "mode": "managed",
      "type": "akamai_appsec_rule",
      "name": "main_aseweb_attacktool_3000162",
      "provider": "provider[\"registry.terraform.io/akamai/akamai\"]",
      "instances": [
        {
          "schema_version": 0,
          "attributes": {
            "condition_exception": null,
            "config_id": 74502,
            "id": "74502:0001_122739:3000162",
            "rule_action": "alert",
            "rule_id": 3000162,
            "security_policy_id": "0001_122739"
          },
          "sensitive_attributes": [],
          "private": "eyJzY2hlbWFfdmVyc2lvbiI6IjAifQ==",
          "dependencies": [
            "module.security.akamai_appsec_configuration.config",
            "module.security.akamai_appsec_security_policy.main",
            "module.security.akamai_appsec_waf_protection.main",
            "module.security.data.akamai_group.group"
          ]
        }
      ]
    },
    {
      "module": "module.security",
      "mode": "managed",
      "type": "akamai_appsec_rule",
      "name": "main_aseweb_attacktool_3000164",
      "provider": "provider[\"registry.terraform.io/akamai/akamai\"]",
      "instances": [
        {
          "schema_version": 0,
          "attributes": {
            "condition_exception": null,
            "config_id": 74502,
            "id": "74502:0001_122739:3000164",
            "rule_action": "alert",
            "rule_id": 3000164,
            "security_policy_id": "0001_122739"
          },
          "sensitive_attributes": [],
          "private": "eyJzY2hlbWFfdmVyc2lvbiI6IjAifQ==",
          "dependencies": [
            "module.security.akamai_appsec_configuration.config",
            "module.security.akamai_appsec_security_policy.main",
            "module.security.akamai_appsec_waf_protection.main",
            "module.security.data.akamai_group.group"
          ]
        }
      ]
    },
    {
      "module": "module.security",
      "mode": "managed",
      "type": "akamai_appsec_rule",
      "name": "main_aseweb_attacktool_3000600",
      "provider": "provider[\"registry.terraform.io/akamai/akamai\"]",
      "instances": [
        {
          "schema_version": 0,
          "attributes": {
            "condition_exception": null,
            "config_id": 74502,
            "id": "74502:0001_122739:3000600",
            "rule_action": "alert",
            "rule_id": 3000600,
            "security_policy_id": "0001_122739"
          },
          "sensitive_attributes": [],
          "private": "eyJzY2hlbWFfdmVyc2lvbiI6IjAifQ==",
          "dependencies": [
            "module.security.akamai_appsec_configuration.config",
            "module.security.akamai_appsec_security_policy.main",
            "module.security.akamai_appsec_waf_protection.main",
            "module.security.data.akamai_group.group"
          ]
        }
      ]
    },
    {
      "module": "module.security",
      "mode": "managed",
      "type": "akamai_appsec_rule",
      "name": "main_aseweb_attacktool_3000601",
      "provider": "provider[\"registry.terraform.io/akamai/akamai\"]",
      "instances": [
        {
          "schema_version": 0,
          "attributes": {
            "condition_exception": null,
            "config_id": 74502,
            "id": "74502:0001_122739:3000601",
            "rule_action": "alert",
            "rule_id": 3000601,
            "security_policy_id": "0001_122739"
          },
          "sensitive_attributes": [],
          "private": "eyJzY2hlbWFfdmVyc2lvbiI6IjAifQ==",
          "dependencies": [
            "module.security.akamai_appsec_configuration.config",
            "module.security.akamai_appsec_security_policy.main",
            "module.security.akamai_appsec_waf_protection.main",
            "module.security.data.akamai_group.group"
          ]
        }
      ]
    },
    {
      "module": "module.security",
      "mode": "managed",
      "type": "akamai_appsec_rule",
      "name": "main_aseweb_attacktool_3000602",
      "provider": "provider[\"registry.terraform.io/akamai/akamai\"]",
      "instances": [
        {
          "schema_version": 0,
          "attributes": {
            "condition_exception": null,
            "config_id": 74502,
            "id": "74502:0001_122739:3000602",
            "rule_action": "alert",
            "rule_id": 3000602,
            "security_policy_id": "0001_122739"
          },
          "sensitive_attributes": [],
          "private": "eyJzY2hlbWFfdmVyc2lvbiI6IjAifQ==",
          "dependencies": [
            "module.security.akamai_appsec_configuration.config",
            "module.security.akamai_appsec_security_policy.main",
            "module.security.akamai_appsec_waf_protection.main",
            "module.security.data.akamai_group.group"
          ]
        }
      ]
    },
    {
      "module": "module.security",
      "mode": "managed",
      "type": "akamai_appsec_rule",
      "name": "main_aseweb_attacktool_999002",
      "provider": "provider[\"registry.terraform.io/akamai/akamai\"]",
      "instances": [
        {
          "schema_version": 0,
          "attributes": {
            "condition_exception": null,
            "config_id": 74502,
            "id": "74502:0001_122739:999002",
            "rule_action": "alert",
            "rule_id": 999002,
            "security_policy_id": "0001_122739"
          },
          "sensitive_attributes": [],
          "private": "eyJzY2hlbWFfdmVyc2lvbiI6IjAifQ==",
          "dependencies": [
            "module.security.akamai_appsec_configuration.config",
            "module.security.akamai_appsec_security_policy.main",
            "module.security.akamai_appsec_waf_protection.main",
            "module.security.data.akamai_group.group"
          ]
        }
      ]
    },
    {
      "module": "module.security",
      "mode": "managed",
      "type": "akamai_appsec_rule",
      "name": "main_aseweb_attacktool_999901",
      "provider": "provider[\"registry.terraform.io/akamai/akamai\"]",
      "instances": [
        {
          "schema_version": 0,
          "attributes": {
            "condition_exception": null,
            "config_id": 74502,
            "id": "74502:0001_122739:999901",
            "rule_action": "alert",
            "rule_id": 999901,
            "security_policy_id": "0001_122739"
          },
          "sensitive_attributes": [],
          "private": "eyJzY2hlbWFfdmVyc2lvbiI6IjAifQ==",
          "dependencies": [
            "module.security.akamai_appsec_configuration.config",
            "module.security.akamai_appsec_security_policy.main",
            "module.security.akamai_appsec_waf_protection.main",
            "module.security.data.akamai_group.group"
          ]
        }
      ]
    },
    {
      "module": "module.security",
      "mode": "managed",
      "type": "akamai_appsec_rule",
      "name": "main_aseweb_attacktool_999902",
      "provider": "provider[\"registry.terraform.io/akamai/akamai\"]",
      "instances": [
        {
          "schema_version": 0,
          "attributes": {
            "condition_exception": null,
            "config_id": 74502,
            "id": "74502:0001_122739:999902",
            "rule_action": "alert",
            "rule_id": 999902,
            "security_policy_id": "0001_122739"
          },
          "sensitive_attributes": [],
          "private": "eyJzY2hlbWFfdmVyc2lvbiI6IjAifQ==",
          "dependencies": [
            "module.security.akamai_appsec_configuration.config",
            "module.security.akamai_appsec_security_policy.main",
            "module.security.akamai_appsec_waf_protection.main",
            "module.security.data.akamai_group.group"
          ]
        }
      ]
    },
    {
      "module": "module.security",
      "mode": "managed",
      "type": "akamai_appsec_rule",
      "name": "main_aseweb_attackwat_3000159",
      "provider": "provider[\"registry.terraform.io/akamai/akamai\"]",
      "instances": [
        {
          "schema_version": 0,
          "attributes": {
            "condition_exception": null,
            "config_id": 74502,
            "id": "74502:0001_122739:3000159",
            "rule_action": "alert",
            "rule_id": 3000159,
            "security_policy_id": "0001_122739"
          },
          "sensitive_attributes": [],
          "private": "eyJzY2hlbWFfdmVyc2lvbiI6IjAifQ==",
          "dependencies": [
            "module.security.akamai_appsec_configuration.config",
            "module.security.akamai_appsec_security_policy.main",
            "module.security.akamai_appsec_waf_protection.main",
            "module.security.data.akamai_group.group"
          ]
        }
      ]
    },
    {
      "module": "module.security",
      "mode": "managed",
      "type": "akamai_appsec_rule",
      "name": "main_aseweb_attackwat_3000160",
      "provider": "provider[\"registry.terraform.io/akamai/akamai\"]",
      "instances": [
        {
          "schema_version": 0,
          "attributes": {
            "condition_exception": null,
            "config_id": 74502,
            "id": "74502:0001_122739:3000160",
            "rule_action": "alert",
            "rule_id": 3000160,
            "security_policy_id": "0001_122739"
          },
          "sensitive_attributes": [],
          "private": "eyJzY2hlbWFfdmVyc2lvbiI6IjAifQ==",
          "dependencies": [
            "module.security.akamai_appsec_configuration.config",
            "module.security.akamai_appsec_security_policy.main",
            "module.security.akamai_appsec_waf_protection.main",
            "module.security.data.akamai_group.group"
          ]
        }
      ]
    },
    {
      "module": "module.security",
      "mode": "managed",
      "type": "akamai_appsec_rule",
      "name": "main_aseweb_attackwat_3000161",
      "provider": "provider[\"registry.terraform.io/akamai/akamai\"]",
      "instances": [
        {
          "schema_version": 0,
          "attributes": {
            "condition_exception": null,
            "config_id": 74502,
            "id": "74502:0001_122739:3000161",
            "rule_action": "alert",
            "rule_id": 3000161,
            "security_policy_id": "0001_122739"
          },
          "sensitive_attributes": [],
          "private": "eyJzY2hlbWFfdmVyc2lvbiI6IjAifQ==",
          "dependencies": [
            "module.security.akamai_appsec_configuration.config",
            "module.security.akamai_appsec_security_policy.main",
            "module.security.akamai_appsec_waf_protection.main",
            "module.security.data.akamai_group.group"
          ]
        }
      ]
    },
    {
      "module": "module.security",
      "mode": "managed",
      "type": "akamai_appsec_rule",
      "name": "main_aseweb_attackwat_3000163",
      "provider": "provider[\"registry.terraform.io/akamai/akamai\"]",
      "instances": [
        {
          "schema_version": 0,
          "attributes": {
            "condition_exception": null,
            "config_id": 74502,
            "id": "74502:0001_122739:3000163",
            "rule_action": "alert",
            "rule_id": 3000163,
            "security_policy_id": "0001_122739"
          },
          "sensitive_attributes": [],
          "private": "eyJzY2hlbWFfdmVyc2lvbiI6IjAifQ==",
          "dependencies": [
            "module.security.akamai_appsec_configuration.config",
            "module.security.akamai_appsec_security_policy.main",
            "module.security.akamai_appsec_waf_protection.main",
            "module.security.data.akamai_group.group"
          ]
        }
      ]
    },
    {
      "module": "module.security",
      "mode": "managed",
      "type": "akamai_appsec_rule",
      "name": "main_aseweb_attackxss_3000037",
      "provider": "provider[\"registry.terraform.io/akamai/akamai\"]",
      "instances": [
        {
          "schema_version": 0,
          "attributes": {
            "condition_exception": null,
            "config_id": 74502,
            "id": "74502:0001_122739:3000037",
            "rule_action": "alert",
            "rule_id": 3000037,
            "security_policy_id": "0001_122739"
          },
          "sensitive_attributes": [],
          "private": "eyJzY2hlbWFfdmVyc2lvbiI6IjAifQ==",
          "dependencies": [
            "module.security.akamai_appsec_configuration.config",
            "module.security.akamai_appsec_security_policy.main",
            "module.security.akamai_appsec_waf_protection.main",
            "module.security.data.akamai_group.group"
          ]
        }
      ]
    },
    {
      "module": "module.security",
      "mode": "managed",
      "type": "akamai_appsec_rule",
      "name": "main_aseweb_attackxss_3000038",
      "provider": "provider[\"registry.terraform.io/akamai/akamai\"]",
      "instances": [
        {
          "schema_version": 0,
          "attributes": {
            "condition_exception": null,
            "config_id": 74502,
            "id": "74502:0001_122739:3000038",
            "rule_action": "alert",
            "rule_id": 3000038,
            "security_policy_id": "0001_122739"
          },
          "sensitive_attributes": [],
          "private": "eyJzY2hlbWFfdmVyc2lvbiI6IjAifQ==",
          "dependencies": [
            "module.security.akamai_appsec_configuration.config",
            "module.security.akamai_appsec_security_policy.main",
            "module.security.akamai_appsec_waf_protection.main",
            "module.security.data.akamai_group.group"
          ]
        }
      ]
    },
    {
      "module": "module.security",
      "mode": "managed",
      "type": "akamai_appsec_rule",
      "name": "main_aseweb_attackxss_3000039",
      "provider": "provider[\"registry.terraform.io/akamai/akamai\"]",
      "instances": [
        {
          "schema_version": 0,
          "attributes": {
            "condition_exception": null,
            "config_id": 74502,
            "id": "74502:0001_122739:3000039",
            "rule_action": "alert",
            "rule_id": 3000039,
            "security_policy_id": "0001_122739"
          },
          "sensitive_attributes": [],
          "private": "eyJzY2hlbWFfdmVyc2lvbiI6IjAifQ==",
          "dependencies": [
            "module.security.akamai_appsec_configuration.config",
            "module.security.akamai_appsec_security_policy.main",
            "module.security.akamai_appsec_waf_protection.main",
            "module.security.data.akamai_group.group"
          ]
        }
      ]
    },
    {
      "module": "module.security",
      "mode": "managed",
      "type": "akamai_appsec_rule",
      "name": "main_aseweb_attackxss_3000057",
      "provider": "provider[\"registry.terraform.io/akamai/akamai\"]",
      "instances": [
        {
          "schema_version": 0,
          "attributes": {
            "condition_exception": null,
            "config_id": 74502,
            "id": "74502:0001_122739:3000057",
            "rule_action": "alert",
            "rule_id": 3000057,
            "security_policy_id": "0001_122739"
          },
          "sensitive_attributes": [],
          "private": "eyJzY2hlbWFfdmVyc2lvbiI6IjAifQ==",
          "dependencies": [
            "module.security.akamai_appsec_configuration.config",
            "module.security.akamai_appsec_security_policy.main",
            "module.security.akamai_appsec_waf_protection.main",
            "module.security.data.akamai_group.group"
          ]
        }
      ]
    },
    {
      "module": "module.security",
      "mode": "managed",
      "type": "akamai_appsec_rule",
      "name": "main_aseweb_attackxss_3000061",
      "provider": "provider[\"registry.terraform.io/akamai/akamai\"]",
      "instances": [
        {
          "schema_version": 0,
          "attributes": {
            "condition_exception": null,
            "config_id": 74502,
            "id": "74502:0001_122739:3000061",
            "rule_action": "alert",
            "rule_id": 3000061,
            "security_policy_id": "0001_122739"
          },
          "sensitive_attributes": [],
          "private": "eyJzY2hlbWFfdmVyc2lvbiI6IjAifQ==",
          "dependencies": [
            "module.security.akamai_appsec_configuration.config",
            "module.security.akamai_appsec_security_policy.main",
            "module.security.akamai_appsec_waf_protection.main",
            "module.security.data.akamai_group.group"
          ]
        }
      ]
    },
    {
      "module": "module.security",
      "mode": "managed",
      "type": "akamai_appsec_rule",
      "name": "main_aseweb_attackxss_3000080",
      "provider": "provider[\"registry.terraform.io/akamai/akamai\"]",
      "instances": [
        {
          "schema_version": 0,
          "attributes": {
            "condition_exception": null,
            "config_id": 74502,
            "id": "74502:0001_122739:3000080",
            "rule_action": "alert",
            "rule_id": 3000080,
            "security_policy_id": "0001_122739"
          },
          "sensitive_attributes": [],
          "private": "eyJzY2hlbWFfdmVyc2lvbiI6IjAifQ==",
          "dependencies": [
            "module.security.akamai_appsec_configuration.config",
            "module.security.akamai_appsec_security_policy.main",
            "module.security.akamai_appsec_waf_protection.main",
            "module.security.data.akamai_group.group"
          ]
        }
      ]
    },
    {
      "module": "module.security",
      "mode": "managed",
      "type": "akamai_appsec_rule",
      "name": "main_aseweb_attackxss_3000081",
      "provider": "provider[\"registry.terraform.io/akamai/akamai\"]",
      "instances": [
        {
          "schema_version": 0,
          "attributes": {
            "condition_exception": null,
            "config_id": 74502,
            "id": "74502:0001_122739:3000081",
            "rule_action": "alert",
            "rule_id": 3000081,
            "security_policy_id": "0001_122739"
          },
          "sensitive_attributes": [],
          "private": "eyJzY2hlbWFfdmVyc2lvbiI6IjAifQ==",
          "dependencies": [
            "module.security.akamai_appsec_configuration.config",
            "module.security.akamai_appsec_security_policy.main",
            "module.security.akamai_appsec_waf_protection.main",
            "module.security.data.akamai_group.group"
          ]
        }
      ]
    },
    {
      "module": "module.security",
      "mode": "managed",
      "type": "akamai_appsec_rule",
      "name": "main_aseweb_attackxss_3000110",
      "provider": "provider[\"registry.terraform.io/akamai/akamai\"]",
      "instances": [
        {
          "schema_version": 0,
          "attributes": {
            "condition_exception": null,
            "config_id": 74502,
            "id": "74502:0001_122739:3000110",
            "rule_action": "alert",
            "rule_id": 3000110,
            "security_policy_id": "0001_122739"
          },
          "sensitive_attributes": [],
          "private": "eyJzY2hlbWFfdmVyc2lvbiI6IjAifQ==",
          "dependencies": [
            "module.security.akamai_appsec_configuration.config",
            "module.security.akamai_appsec_security_policy.main",
            "module.security.akamai_appsec_waf_protection.main",
            "module.security.data.akamai_group.group"
          ]
        }
      ]
    },
    {
      "module": "module.security",
      "mode": "managed",
      "type": "akamai_appsec_rule",
      "name": "main_aseweb_attackxss_3000111",
      "provider": "provider[\"registry.terraform.io/akamai/akamai\"]",
      "instances": [
        {
          "schema_version": 0,
          "attributes": {
            "condition_exception": null,
            "config_id": 74502,
            "id": "74502:0001_122739:3000111",
            "rule_action": "alert",
            "rule_id": 3000111,
            "security_policy_id": "0001_122739"
          },
          "sensitive_attributes": [],
          "private": "eyJzY2hlbWFfdmVyc2lvbiI6IjAifQ==",
          "dependencies": [
            "module.security.akamai_appsec_configuration.config",
            "module.security.akamai_appsec_security_policy.main",
            "module.security.akamai_appsec_waf_protection.main",
            "module.security.data.akamai_group.group"
          ]
        }
      ]
    },
    {
      "module": "module.security",
      "mode": "managed",
      "type": "akamai_appsec_rule",
      "name": "main_aseweb_attackxss_3000112",
      "provider": "provider[\"registry.terraform.io/akamai/akamai\"]",
      "instances": [
        {
          "schema_version": 0,
          "attributes": {
            "condition_exception": null,
            "config_id": 74502,
            "id": "74502:0001_122739:3000112",
            "rule_action": "alert",
            "rule_id": 3000112,
            "security_policy_id": "0001_122739"
          },
          "sensitive_attributes": [],
          "private": "eyJzY2hlbWFfdmVyc2lvbiI6IjAifQ==",
          "dependencies": [
            "module.security.akamai_appsec_configuration.config",
            "module.security.akamai_appsec_security_policy.main",
            "module.security.akamai_appsec_waf_protection.main",
            "module.security.data.akamai_group.group"
          ]
        }
      ]
    },
    {
      "module": "module.security",
      "mode": "managed",
      "type": "akamai_appsec_rule",
      "name": "main_aseweb_attackxss_3000113",
      "provider": "provider[\"registry.terraform.io/akamai/akamai\"]",
      "instances": [
        {
          "schema_version": 0,
          "attributes": {
            "condition_exception": null,
            "config_id": 74502,
            "id": "74502:0001_122739:3000113",
            "rule_action": "alert",
            "rule_id": 3000113,
            "security_policy_id": "0001_122739"
          },
          "sensitive_attributes": [],
          "private": "eyJzY2hlbWFfdmVyc2lvbiI6IjAifQ==",
          "dependencies": [
            "module.security.akamai_appsec_configuration.config",
            "module.security.akamai_appsec_security_policy.main",
            "module.security.akamai_appsec_waf_protection.main",
            "module.security.data.akamai_group.group"
          ]
        }
      ]
    },
    {
      "module": "module.security",
      "mode": "managed",
      "type": "akamai_appsec_rule",
      "name": "main_aseweb_attackxss_3000114",
      "provider": "provider[\"registry.terraform.io/akamai/akamai\"]",
      "instances": [
        {
          "schema_version": 0,
          "attributes": {
            "condition_exception": null,
            "config_id": 74502,
            "id": "74502:0001_122739:3000114",
            "rule_action": "alert",
            "rule_id": 3000114,
            "security_policy_id": "0001_122739"
          },
          "sensitive_attributes": [],
          "private": "eyJzY2hlbWFfdmVyc2lvbiI6IjAifQ==",
          "dependencies": [
            "module.security.akamai_appsec_configuration.config",
            "module.security.akamai_appsec_security_policy.main",
            "module.security.akamai_appsec_waf_protection.main",
            "module.security.data.akamai_group.group"
          ]
        }
      ]
    },
    {
      "module": "module.security",
      "mode": "managed",
      "type": "akamai_appsec_rule",
      "name": "main_aseweb_attackxss_3000116",
      "provider": "provider[\"registry.terraform.io/akamai/akamai\"]",
      "instances": [
        {
          "schema_version": 0,
          "attributes": {
            "condition_exception": null,
            "config_id": 74502,
            "id": "74502:0001_122739:3000116",
            "rule_action": "alert",
            "rule_id": 3000116,
            "security_policy_id": "0001_122739"
          },
          "sensitive_attributes": [],
          "private": "eyJzY2hlbWFfdmVyc2lvbiI6IjAifQ==",
          "dependencies": [
            "module.security.akamai_appsec_configuration.config",
            "module.security.akamai_appsec_security_policy.main",
            "module.security.akamai_appsec_waf_protection.main",
            "module.security.data.akamai_group.group"
          ]
        }
      ]
    },
    {
      "module": "module.security",
      "mode": "managed",
      "type": "akamai_appsec_rule",
      "name": "main_aseweb_attackxss_3000119",
      "provider": "provider[\"registry.terraform.io/akamai/akamai\"]",
      "instances": [
        {
          "schema_version": 0,
          "attributes": {
            "condition_exception": null,
            "config_id": 74502,
            "id": "74502:0001_122739:3000119",
            "rule_action": "alert",
            "rule_id": 3000119,
            "security_policy_id": "0001_122739"
          },
          "sensitive_attributes": [],
          "private": "eyJzY2hlbWFfdmVyc2lvbiI6IjAifQ==",
          "dependencies": [
            "module.security.akamai_appsec_configuration.config",
            "module.security.akamai_appsec_security_policy.main",
            "module.security.akamai_appsec_waf_protection.main",
            "module.security.data.akamai_group.group"
          ]
        }
      ]
    },
    {
      "module": "module.security",
      "mode": "managed",
      "type": "akamai_appsec_rule",
      "name": "main_aseweb_attackxss_3000128",
      "provider": "provider[\"registry.terraform.io/akamai/akamai\"]",
      "instances": [
        {
          "schema_version": 0,
          "attributes": {
            "condition_exception": null,
            "config_id": 74502,
            "id": "74502:0001_122739:3000128",
            "rule_action": "alert",
            "rule_id": 3000128,
            "security_policy_id": "0001_122739"
          },
          "sensitive_attributes": [],
          "private": "eyJzY2hlbWFfdmVyc2lvbiI6IjAifQ==",
          "dependencies": [
            "module.security.akamai_appsec_configuration.config",
            "module.security.akamai_appsec_security_policy.main",
            "module.security.akamai_appsec_waf_protection.main",
            "module.security.data.akamai_group.group"
          ]
        }
      ]
    },
    {
      "module": "module.security",
      "mode": "managed",
      "type": "akamai_appsec_rule",
      "name": "main_aseweb_attackxss_3000211",
      "provider": "provider[\"registry.terraform.io/akamai/akamai\"]",
      "instances": [
        {
          "schema_version": 0,
          "attributes": {
            "condition_exception": null,
            "config_id": 74502,
            "id": "74502:0001_122739:3000211",
            "rule_action": "alert",
            "rule_id": 3000211,
            "security_policy_id": "0001_122739"
          },
          "sensitive_attributes": [],
          "private": "eyJzY2hlbWFfdmVyc2lvbiI6IjAifQ==",
          "dependencies": [
            "module.security.akamai_appsec_configuration.config",
            "module.security.akamai_appsec_security_policy.main",
            "module.security.akamai_appsec_waf_protection.main",
            "module.security.data.akamai_group.group"
          ]
        }
      ]
    },
    {
      "module": "module.security",
      "mode": "managed",
      "type": "akamai_appsec_rule",
      "name": "main_aseweb_attackxss_3000212",
      "provider": "provider[\"registry.terraform.io/akamai/akamai\"]",
      "instances": [
        {
          "schema_version": 0,
          "attributes": {
            "condition_exception": null,
            "config_id": 74502,
            "id": "74502:0001_122739:3000212",
            "rule_action": "alert",
            "rule_id": 3000212,
            "security_policy_id": "0001_122739"
          },
          "sensitive_attributes": [],
          "private": "eyJzY2hlbWFfdmVyc2lvbiI6IjAifQ==",
          "dependencies": [
            "module.security.akamai_appsec_configuration.config",
            "module.security.akamai_appsec_security_policy.main",
            "module.security.akamai_appsec_waf_protection.main",
            "module.security.data.akamai_group.group"
          ]
        }
      ]
    },
    {
      "module": "module.security",
      "mode": "managed",
      "type": "akamai_appsec_rule",
      "name": "main_aseweb_attackxss_3000213",
      "provider": "provider[\"registry.terraform.io/akamai/akamai\"]",
      "instances": [
        {
          "schema_version": 0,
          "attributes": {
            "condition_exception": null,
            "config_id": 74502,
            "id": "74502:0001_122739:3000213",
            "rule_action": "alert",
            "rule_id": 3000213,
            "security_policy_id": "0001_122739"
          },
          "sensitive_attributes": [],
          "private": "eyJzY2hlbWFfdmVyc2lvbiI6IjAifQ==",
          "dependencies": [
            "module.security.akamai_appsec_configuration.config",
            "module.security.akamai_appsec_security_policy.main",
            "module.security.akamai_appsec_waf_protection.main",
            "module.security.data.akamai_group.group"
          ]
        }
      ]
    },
    {
      "module": "module.security",
      "mode": "managed",
      "type": "akamai_appsec_rule",
      "name": "main_aseweb_attackxss_3000214",
      "provider": "provider[\"registry.terraform.io/akamai/akamai\"]",
      "instances": [
        {
          "schema_version": 0,
          "attributes": {
            "condition_exception": null,
            "config_id": 74502,
            "id": "74502:0001_122739:3000214",
            "rule_action": "alert",
            "rule_id": 3000214,
            "security_policy_id": "0001_122739"
          },
          "sensitive_attributes": [],
          "private": "eyJzY2hlbWFfdmVyc2lvbiI6IjAifQ==",
          "dependencies": [
            "module.security.akamai_appsec_configuration.config",
            "module.security.akamai_appsec_security_policy.main",
            "module.security.akamai_appsec_waf_protection.main",
            "module.security.data.akamai_group.group"
          ]
        }
      ]
    },
    {
      "module": "module.security",
      "mode": "managed",
      "type": "akamai_appsec_rule",
      "name": "main_aseweb_attackxss_3000215",
      "provider": "provider[\"registry.terraform.io/akamai/akamai\"]",
      "instances": [
        {
          "schema_version": 0,
          "attributes": {
            "condition_exception": null,
            "config_id": 74502,
            "id": "74502:0001_122739:3000215",
            "rule_action": "alert",
            "rule_id": 3000215,
            "security_policy_id": "0001_122739"
          },
          "sensitive_attributes": [],
          "private": "eyJzY2hlbWFfdmVyc2lvbiI6IjAifQ==",
          "dependencies": [
            "module.security.akamai_appsec_configuration.config",
            "module.security.akamai_appsec_security_policy.main",
            "module.security.akamai_appsec_waf_protection.main",
            "module.security.data.akamai_group.group"
          ]
        }
      ]
    },
    {
      "module": "module.security",
      "mode": "managed",
      "type": "akamai_appsec_rule",
      "name": "main_aseweb_attackxss_3000216",
      "provider": "provider[\"registry.terraform.io/akamai/akamai\"]",
      "instances": [
        {
          "schema_version": 0,
          "attributes": {
            "condition_exception": null,
            "config_id": 74502,
            "id": "74502:0001_122739:3000216",
            "rule_action": "alert",
            "rule_id": 3000216,
            "security_policy_id": "0001_122739"
          },
          "sensitive_attributes": [],
          "private": "eyJzY2hlbWFfdmVyc2lvbiI6IjAifQ==",
          "dependencies": [
            "module.security.akamai_appsec_configuration.config",
            "module.security.akamai_appsec_security_policy.main",
            "module.security.akamai_appsec_waf_protection.main",
            "module.security.data.akamai_group.group"
          ]
        }
      ]
    },
    {
      "module": "module.security",
      "mode": "managed",
      "type": "akamai_appsec_rule",
      "name": "main_aseweb_attackxss_3000217",
      "provider": "provider[\"registry.terraform.io/akamai/akamai\"]",
      "instances": [
        {
          "schema_version": 0,
          "attributes": {
            "condition_exception": null,
            "config_id": 74502,
            "id": "74502:0001_122739:3000217",
            "rule_action": "alert",
            "rule_id": 3000217,
            "security_policy_id": "0001_122739"
          },
          "sensitive_attributes": [],
          "private": "eyJzY2hlbWFfdmVyc2lvbiI6IjAifQ==",
          "dependencies": [
            "module.security.akamai_appsec_configuration.config",
            "module.security.akamai_appsec_security_policy.main",
            "module.security.akamai_appsec_waf_protection.main",
            "module.security.data.akamai_group.group"
          ]
        }
      ]
    },
    {
      "module": "module.security",
      "mode": "managed",
      "type": "akamai_appsec_rule",
      "name": "main_aseweb_attackxss_3000218",
      "provider": "provider[\"registry.terraform.io/akamai/akamai\"]",
      "instances": [
        {
          "schema_version": 0,
          "attributes": {
            "condition_exception": null,
            "config_id": 74502,
            "id": "74502:0001_122739:3000218",
            "rule_action": "alert",
            "rule_id": 3000218,
            "security_policy_id": "0001_122739"
          },
          "sensitive_attributes": [],
          "private": "eyJzY2hlbWFfdmVyc2lvbiI6IjAifQ==",
          "dependencies": [
            "module.security.akamai_appsec_configuration.config",
            "module.security.akamai_appsec_security_policy.main",
            "module.security.akamai_appsec_waf_protection.main",
            "module.security.data.akamai_group.group"
          ]
        }
      ]
    },
    {
      "module": "module.security",
      "mode": "managed",
      "type": "akamai_appsec_rule",
      "name": "main_aseweb_attackxss_3000219",
      "provider": "provider[\"registry.terraform.io/akamai/akamai\"]",
      "instances": [
        {
          "schema_version": 0,
          "attributes": {
            "condition_exception": null,
            "config_id": 74502,
            "id": "74502:0001_122739:3000219",
            "rule_action": "alert",
            "rule_id": 3000219,
            "security_policy_id": "0001_122739"
          },
          "sensitive_attributes": [],
          "private": "eyJzY2hlbWFfdmVyc2lvbiI6IjAifQ==",
          "dependencies": [
            "module.security.akamai_appsec_configuration.config",
            "module.security.akamai_appsec_security_policy.main",
            "module.security.akamai_appsec_waf_protection.main",
            "module.security.data.akamai_group.group"
          ]
        }
      ]
    },
    {
      "module": "module.security",
      "mode": "managed",
      "type": "akamai_appsec_rule",
      "name": "main_aseweb_attackxss_958003",
      "provider": "provider[\"registry.terraform.io/akamai/akamai\"]",
      "instances": [
        {
          "schema_version": 0,
          "attributes": {
            "condition_exception": null,
            "config_id": 74502,
            "id": "74502:0001_122739:958003",
            "rule_action": "alert",
            "rule_id": 958003,
            "security_policy_id": "0001_122739"
          },
          "sensitive_attributes": [],
          "private": "eyJzY2hlbWFfdmVyc2lvbiI6IjAifQ==",
          "dependencies": [
            "module.security.akamai_appsec_configuration.config",
            "module.security.akamai_appsec_security_policy.main",
            "module.security.akamai_appsec_waf_protection.main",
            "module.security.data.akamai_group.group"
          ]
        }
      ]
    },
    {
      "module": "module.security",
      "mode": "managed",
      "type": "akamai_appsec_rule",
      "name": "main_aseweb_attackxss_958008",
      "provider": "provider[\"registry.terraform.io/akamai/akamai\"]",
      "instances": [
        {
          "schema_version": 0,
          "attributes": {
            "condition_exception": null,
            "config_id": 74502,
            "id": "74502:0001_122739:958008",
            "rule_action": "alert",
            "rule_id": 958008,
            "security_policy_id": "0001_122739"
          },
          "sensitive_attributes": [],
          "private": "eyJzY2hlbWFfdmVyc2lvbiI6IjAifQ==",
          "dependencies": [
            "module.security.akamai_appsec_configuration.config",
            "module.security.akamai_appsec_security_policy.main",
            "module.security.akamai_appsec_waf_protection.main",
            "module.security.data.akamai_group.group"
          ]
        }
      ]
    },
    {
      "module": "module.security",
      "mode": "managed",
      "type": "akamai_appsec_rule",
      "name": "main_aseweb_attackxss_958023",
      "provider": "provider[\"registry.terraform.io/akamai/akamai\"]",
      "instances": [
        {
          "schema_version": 0,
          "attributes": {
            "condition_exception": null,
            "config_id": 74502,
            "id": "74502:0001_122739:958023",
            "rule_action": "alert",
            "rule_id": 958023,
            "security_policy_id": "0001_122739"
          },
          "sensitive_attributes": [],
          "private": "eyJzY2hlbWFfdmVyc2lvbiI6IjAifQ==",
          "dependencies": [
            "module.security.akamai_appsec_configuration.config",
            "module.security.akamai_appsec_security_policy.main",
            "module.security.akamai_appsec_waf_protection.main",
            "module.security.data.akamai_group.group"
          ]
        }
      ]
    },
    {
      "module": "module.security",
      "mode": "managed",
      "type": "akamai_appsec_rule",
      "name": "main_aseweb_attackxss_958034",
      "provider": "provider[\"registry.terraform.io/akamai/akamai\"]",
      "instances": [
        {
          "schema_version": 0,
          "attributes": {
            "condition_exception": null,
            "config_id": 74502,
            "id": "74502:0001_122739:958034",
            "rule_action": "alert",
            "rule_id": 958034,
            "security_policy_id": "0001_122739"
          },
          "sensitive_attributes": [],
          "private": "eyJzY2hlbWFfdmVyc2lvbiI6IjAifQ==",
          "dependencies": [
            "module.security.akamai_appsec_configuration.config",
            "module.security.akamai_appsec_security_policy.main",
            "module.security.akamai_appsec_waf_protection.main",
            "module.security.data.akamai_group.group"
          ]
        }
      ]
    },
    {
      "module": "module.security",
      "mode": "managed",
      "type": "akamai_appsec_rule",
      "name": "main_aseweb_attackxss_958051",
      "provider": "provider[\"registry.terraform.io/akamai/akamai\"]",
      "instances": [
        {
          "schema_version": 0,
          "attributes": {
            "condition_exception": null,
            "config_id": 74502,
            "id": "74502:0001_122739:958051",
            "rule_action": "alert",
            "rule_id": 958051,
            "security_policy_id": "0001_122739"
          },
          "sensitive_attributes": [],
          "private": "eyJzY2hlbWFfdmVyc2lvbiI6IjAifQ==",
          "dependencies": [
            "module.security.akamai_appsec_configuration.config",
            "module.security.akamai_appsec_security_policy.main",
            "module.security.akamai_appsec_waf_protection.main",
            "module.security.data.akamai_group.group"
          ]
        }
      ]
    },
    {
      "module": "module.security",
      "mode": "managed",
      "type": "akamai_appsec_rule",
      "name": "main_aseweb_attackxss_958052",
      "provider": "provider[\"registry.terraform.io/akamai/akamai\"]",
      "instances": [
        {
          "schema_version": 0,
          "attributes": {
            "condition_exception": null,
            "config_id": 74502,
            "id": "74502:0001_122739:958052",
            "rule_action": "alert",
            "rule_id": 958052,
            "security_policy_id": "0001_122739"
          },
          "sensitive_attributes": [],
          "private": "eyJzY2hlbWFfdmVyc2lvbiI6IjAifQ==",
          "dependencies": [
            "module.security.akamai_appsec_configuration.config",
            "module.security.akamai_appsec_security_policy.main",
            "module.security.akamai_appsec_waf_protection.main",
            "module.security.data.akamai_group.group"
          ]
        }
      ]
    },
    {
      "module": "module.security",
      "mode": "managed",
      "type": "akamai_appsec_rule",
      "name": "main_aseweb_attackxss_973305",
      "provider": "provider[\"registry.terraform.io/akamai/akamai\"]",
      "instances": [
        {
          "schema_version": 0,
          "attributes": {
            "condition_exception": null,
            "config_id": 74502,
            "id": "74502:0001_122739:973305",
            "rule_action": "alert",
            "rule_id": 973305,
            "security_policy_id": "0001_122739"
          },
          "sensitive_attributes": [],
          "private": "eyJzY2hlbWFfdmVyc2lvbiI6IjAifQ==",
          "dependencies": [
            "module.security.akamai_appsec_configuration.config",
            "module.security.akamai_appsec_security_policy.main",
            "module.security.akamai_appsec_waf_protection.main",
            "module.security.data.akamai_group.group"
          ]
        }
      ]
    },
    {
      "module": "module.security",
      "mode": "managed",
      "type": "akamai_appsec_rule",
      "name": "main_aseweb_attackxss_973307",
      "provider": "provider[\"registry.terraform.io/akamai/akamai\"]",
      "instances": [
        {
          "schema_version": 0,
          "attributes": {
            "condition_exception": null,
            "config_id": 74502,
            "id": "74502:0001_122739:973307",
            "rule_action": "alert",
            "rule_id": 973307,
            "security_policy_id": "0001_122739"
          },
          "sensitive_attributes": [],
          "private": "eyJzY2hlbWFfdmVyc2lvbiI6IjAifQ==",
          "dependencies": [
            "module.security.akamai_appsec_configuration.config",
            "module.security.akamai_appsec_security_policy.main",
            "module.security.akamai_appsec_waf_protection.main",
            "module.security.data.akamai_group.group"
          ]
        }
      ]
    },
    {
      "module": "module.security",
      "mode": "managed",
      "type": "akamai_appsec_rule",
      "name": "main_aseweb_attackxss_973311",
      "provider": "provider[\"registry.terraform.io/akamai/akamai\"]",
      "instances": [
        {
          "schema_version": 0,
          "attributes": {
            "condition_exception": null,
            "config_id": 74502,
            "id": "74502:0001_122739:973311",
            "rule_action": "alert",
            "rule_id": 973311,
            "security_policy_id": "0001_122739"
          },
          "sensitive_attributes": [],
          "private": "eyJzY2hlbWFfdmVyc2lvbiI6IjAifQ==",
          "dependencies": [
            "module.security.akamai_appsec_configuration.config",
            "module.security.akamai_appsec_security_policy.main",
            "module.security.akamai_appsec_waf_protection.main",
            "module.security.data.akamai_group.group"
          ]
        }
      ]
    },
    {
      "module": "module.security",
      "mode": "managed",
      "type": "akamai_appsec_rule",
      "name": "main_aseweb_attackxss_973312",
      "provider": "provider[\"registry.terraform.io/akamai/akamai\"]",
      "instances": [
        {
          "schema_version": 0,
          "attributes": {
            "condition_exception": null,
            "config_id": 74502,
            "id": "74502:0001_122739:973312",
            "rule_action": "alert",
            "rule_id": 973312,
            "security_policy_id": "0001_122739"
          },
          "sensitive_attributes": [],
          "private": "eyJzY2hlbWFfdmVyc2lvbiI6IjAifQ==",
          "dependencies": [
            "module.security.akamai_appsec_configuration.config",
            "module.security.akamai_appsec_security_policy.main",
            "module.security.akamai_appsec_waf_protection.main",
            "module.security.data.akamai_group.group"
          ]
        }
      ]
    },
    {
      "module": "module.security",
      "mode": "managed",
      "type": "akamai_appsec_rule",
      "name": "main_aseweb_attackxss_973335",
      "provider": "provider[\"registry.terraform.io/akamai/akamai\"]",
      "instances": [
        {
          "schema_version": 0,
          "attributes": {
            "condition_exception": null,
            "config_id": 74502,
            "id": "74502:0001_122739:973335",
            "rule_action": "alert",
            "rule_id": 973335,
            "security_policy_id": "0001_122739"
          },
          "sensitive_attributes": [],
          "private": "eyJzY2hlbWFfdmVyc2lvbiI6IjAifQ==",
          "dependencies": [
            "module.security.akamai_appsec_configuration.config",
            "module.security.akamai_appsec_security_policy.main",
            "module.security.akamai_appsec_waf_protection.main",
            "module.security.data.akamai_group.group"
          ]
        }
      ]
    },
    {
      "module": "module.security",
      "mode": "managed",
      "type": "akamai_appsec_security_policy",
      "name": "main",
      "provider": "provider[\"registry.terraform.io/akamai/akamai\"]",
      "instances": [
        {
          "schema_version": 0,
          "attributes": {
            "config_id": 74502,
            "create_from_security_policy_id": null,
            "default_settings": true,
            "id": "74502:0001_122739",
            "security_policy_id": "0001_122739",
            "security_policy_name": "Main",
            "security_policy_prefix": "0001"
          },
          "sensitive_attributes": [],
          "private": "eyJzY2hlbWFfdmVyc2lvbiI6IjAifQ==",
          "dependencies": [
            "module.security.akamai_appsec_configuration.config",
            "module.security.data.akamai_group.group"
          ]
        }
      ]
    },
    {
      "module": "module.security",
      "mode": "managed",
      "type": "akamai_appsec_siem_settings",
      "name": "siem",
      "provider": "provider[\"registry.terraform.io/akamai/akamai\"]",
      "instances": [
        {
          "schema_version": 0,
          "attributes": {
            "config_id": 74502,
            "enable_botman_siem": true,
            "enable_for_all_policies": true,
            "enable_siem": true,
            "exceptions": [],
            "id": "74502",
            "security_policy_ids": [],
            "siem_id": 1
          },
          "sensitive_attributes": [],
          "private": "eyJzY2hlbWFfdmVyc2lvbiI6IjAifQ==",
          "dependencies": [
            "module.security.akamai_appsec_configuration.config",
            "module.security.data.akamai_group.group"
          ]
        }
      ]
    },
    {
      "module": "module.security",
      "mode": "managed",
      "type": "akamai_appsec_slow_post",
      "name": "main",
      "provider": "provider[\"registry.terraform.io/akamai/akamai\"]",
      "instances": [
        {
          "schema_version": 0,
          "attributes": {
            "config_id": 74502,
            "duration_threshold_timeout": 0,
            "id": "74502:0001_122739",
            "security_policy_id": "0001_122739",
            "slow_rate_action": "abort",
            "slow_rate_threshold_period": 60,
            "slow_rate_threshold_rate": 10
          },
          "sensitive_attributes": [],
          "private": "bnVsbA==",
          "dependencies": [
            "module.security.akamai_appsec_api_constraints_protection.main",
            "module.security.akamai_appsec_configuration.config",
            "module.security.akamai_appsec_ip_geo_protection.main",
            "module.security.akamai_appsec_malware_protection.main",
            "module.security.akamai_appsec_rate_protection.main",
            "module.security.akamai_appsec_reputation_protection.main",
            "module.security.akamai_appsec_security_policy.main",
            "module.security.akamai_appsec_slowpost_protection.main",
            "module.security.akamai_appsec_waf_protection.main",
            "module.security.data.akamai_group.group"
          ]
        }
      ]
    },
    {
      "module": "module.security",
      "mode": "managed",
      "type": "akamai_appsec_slowpost_protection",
      "name": "main",
      "provider": "provider[\"registry.terraform.io/akamai/akamai\"]",
      "instances": [
        {
          "schema_version": 0,
          "attributes": {
            "config_id": 74502,
            "enabled": true,
            "id": "74502:0001_122739",
            "output_text": "\n+------------------------------------------------------------------------------------------------------------------------------------------------------------+\n| Security Policy Protections                                                                                                                                |\n+----------------+--------------------------+----------------+-----------------+----------------------+--------------+--------------------+------------------+\n| APICONSTRAINTS | APPLICATIONLAYERCONTROLS | BOTMANCONTROLS | MALWARECONTROLS | NETWORKLAYERCONTROLS | RATECONTROLS | REPUTATIONCONTROLS | SLOWPOSTCONTROLS |\n+----------------+--------------------------+----------------+-----------------+----------------------+--------------+--------------------+------------------+\n| true           | true                     | true           | false           | true                 | true         | true               | true             |\n+----------------+--------------------------+----------------+-----------------+----------------------+--------------+--------------------+------------------+\n",
            "security_policy_id": "0001_122739"
          },
          "sensitive_attributes": [],
          "private": "eyJzY2hlbWFfdmVyc2lvbiI6IjAifQ==",
          "dependencies": [
            "module.security.akamai_appsec_api_constraints_protection.main",
            "module.security.akamai_appsec_configuration.config",
            "module.security.akamai_appsec_ip_geo_protection.main",
            "module.security.akamai_appsec_malware_protection.main",
            "module.security.akamai_appsec_rate_protection.main",
            "module.security.akamai_appsec_reputation_protection.main",
            "module.security.akamai_appsec_security_policy.main",
            "module.security.akamai_appsec_waf_protection.main",
            "module.security.data.akamai_group.group"
          ]
        }
      ]
    },
    {
      "module": "module.security",
      "mode": "managed",
      "type": "akamai_appsec_version_notes",
      "name": "version_notes",
      "provider": "provider[\"registry.terraform.io/akamai/akamai\"]",
      "instances": [
        {
          "schema_version": 0,
          "attributes": {
            "config_id": 74502,
            "id": "74502",
            "output_text": "\n+----------------+\n| versionNotesDS |\n+----------------+\n| VERSION NOTES  |\n+----------------+\n|                |\n+----------------+\n",
            "version_notes": ""
          },
          "sensitive_attributes": [],
          "private": "bnVsbA==",
          "dependencies": [
            "module.security.akamai_appsec_configuration.config",
            "module.security.data.akamai_group.group"
          ]
        }
      ]
    },
    {
      "module": "module.security",
      "mode": "managed",
      "type": "akamai_appsec_waf_mode",
      "name": "main",
      "provider": "provider[\"registry.terraform.io/akamai/akamai\"]",
      "instances": [
        {
          "schema_version": 0,
          "attributes": {
            "config_id": 74502,
            "current_ruleset": "ASE Automatic (Apr 21, 2025)",
            "eval_expiration_date": "",
            "eval_ruleset": "",
            "eval_status": "disabled",
            "id": "74502:0001_122739",
            "mode": "ASE_AUTO",
            "output_text": "\n+---------------------------------------------+\n| wafMode                                     |\n+-----------------------+----------+----------+\n| CURRENT               | MODE     | EVAL     |\n+-----------------------+----------+----------+\n| ASE Automatic (Apr 21 |          |          |\n|  2025)                | ASE_AUTO | disabled |\n+-----------------------+----------+----------+\n",
            "security_policy_id": "0001_122739"
          },
          "sensitive_attributes": [],
          "private": "eyJzY2hlbWFfdmVyc2lvbiI6IjAifQ==",
          "dependencies": [
            "module.security.akamai_appsec_configuration.config",
            "module.security.akamai_appsec_security_policy.main",
            "module.security.akamai_appsec_waf_protection.main",
            "module.security.data.akamai_group.group"
          ]
        }
      ]
    },
    {
      "module": "module.security",
      "mode": "managed",
      "type": "akamai_appsec_waf_protection",
      "name": "main",
      "provider": "provider[\"registry.terraform.io/akamai/akamai\"]",
      "instances": [
        {
          "schema_version": 0,
          "attributes": {
            "config_id": 74502,
            "enabled": true,
            "id": "74502:0001_122739",
            "output_text": "\n+------------------------------------------------------------------------------------------------------------------------------------------------------------+\n| Security Policy Protections                                                                                                                                |\n+----------------+--------------------------+----------------+-----------------+----------------------+--------------+--------------------+------------------+\n| APICONSTRAINTS | APPLICATIONLAYERCONTROLS | BOTMANCONTROLS | MALWARECONTROLS | NETWORKLAYERCONTROLS | RATECONTROLS | REPUTATIONCONTROLS | SLOWPOSTCONTROLS |\n+----------------+--------------------------+----------------+-----------------+----------------------+--------------+--------------------+------------------+\n| true           | true                     | true           | false           | true                 | true         | true               | true             |\n+----------------+--------------------------+----------------+-----------------+----------------------+--------------+--------------------+------------------+\n",
            "security_policy_id": "0001_122739"
          },
          "sensitive_attributes": [],
          "private": "eyJzY2hlbWFfdmVyc2lvbiI6IjAifQ==",
          "dependencies": [
            "module.security.akamai_appsec_configuration.config",
            "module.security.akamai_appsec_security_policy.main",
            "module.security.data.akamai_group.group"
          ]
        }
      ]
    },
    {
      "module": "module.security",
      "mode": "managed",
      "type": "akamai_botman_akamai_bot_category_action",
      "name": "main_academic_or_research_bots_0c508e1d-73a4-4366-9e48-3c4a080f1c5d",
      "provider": "provider[\"registry.terraform.io/akamai/akamai\"]",
      "instances": [
        {
          "schema_version": 0,
          "attributes": {
            "akamai_bot_category_action": "{\"action\":\"monitor\"}",
            "category_id": "0c508e1d-73a4-4366-9e48-3c4a080f1c5d",
            "config_id": 74502,
            "id": "74502:0001_122739:0c508e1d-73a4-4366-9e48-3c4a080f1c5d",
            "security_policy_id": "0001_122739"
          },
          "sensitive_attributes": [],
          "private": "eyJzY2hlbWFfdmVyc2lvbiI6IjAifQ==",
          "dependencies": [
            "module.security.akamai_appsec_api_constraints_protection.main",
            "module.security.akamai_appsec_configuration.config",
            "module.security.akamai_appsec_ip_geo_protection.main",
            "module.security.akamai_appsec_malware_protection.main",
            "module.security.akamai_appsec_rate_protection.main",
            "module.security.akamai_appsec_reputation_protection.main",
            "module.security.akamai_appsec_security_policy.main",
            "module.security.akamai_appsec_slowpost_protection.main",
            "module.security.akamai_appsec_waf_protection.main",
            "module.security.akamai_botman_bot_management_settings.main",
            "module.security.data.akamai_group.group"
          ]
        }
      ]
    },
    {
      "module": "module.security",
      "mode": "managed",
      "type": "akamai_botman_akamai_bot_category_action",
      "name": "main_artificial_intelligence_ai_bots_352fca87-71ee-4b8d-ae15-d36772556072",
      "provider": "provider[\"registry.terraform.io/akamai/akamai\"]",
      "instances": [
        {
          "schema_version": 0,
          "attributes": {
            "akamai_bot_category_action": "{\"action\":\"monitor\"}",
            "category_id": "352fca87-71ee-4b8d-ae15-d36772556072",
            "config_id": 74502,
            "id": "74502:0001_122739:352fca87-71ee-4b8d-ae15-d36772556072",
            "security_policy_id": "0001_122739"
          },
          "sensitive_attributes": [],
          "private": "eyJzY2hlbWFfdmVyc2lvbiI6IjAifQ==",
          "dependencies": [
            "module.security.akamai_appsec_api_constraints_protection.main",
            "module.security.akamai_appsec_configuration.config",
            "module.security.akamai_appsec_ip_geo_protection.main",
            "module.security.akamai_appsec_malware_protection.main",
            "module.security.akamai_appsec_rate_protection.main",
            "module.security.akamai_appsec_reputation_protection.main",
            "module.security.akamai_appsec_security_policy.main",
            "module.security.akamai_appsec_slowpost_protection.main",
            "module.security.akamai_appsec_waf_protection.main",
            "module.security.akamai_botman_bot_management_settings.main",
            "module.security.data.akamai_group.group"
          ]
        }
      ]
    },
    {
      "module": "module.security",
      "mode": "managed",
      "type": "akamai_botman_akamai_bot_category_action",
      "name": "main_automated_shopping_cart_and_sniper_bots_75493431-b41a-492c-8324-f12158783ce1",
      "provider": "provider[\"registry.terraform.io/akamai/akamai\"]",
      "instances": [
        {
          "schema_version": 0,
          "attributes": {
            "akamai_bot_category_action": "{\"action\":\"monitor\"}",
            "category_id": "75493431-b41a-492c-8324-f12158783ce1",
            "config_id": 74502,
            "id": "74502:0001_122739:75493431-b41a-492c-8324-f12158783ce1",
            "security_policy_id": "0001_122739"
          },
          "sensitive_attributes": [],
          "private": "eyJzY2hlbWFfdmVyc2lvbiI6IjAifQ==",
          "dependencies": [
            "module.security.akamai_appsec_api_constraints_protection.main",
            "module.security.akamai_appsec_configuration.config",
            "module.security.akamai_appsec_ip_geo_protection.main",
            "module.security.akamai_appsec_malware_protection.main",
            "module.security.akamai_appsec_rate_protection.main",
            "module.security.akamai_appsec_reputation_protection.main",
            "module.security.akamai_appsec_security_policy.main",
            "module.security.akamai_appsec_slowpost_protection.main",
            "module.security.akamai_appsec_waf_protection.main",
            "module.security.akamai_botman_bot_management_settings.main",
            "module.security.data.akamai_group.group"
          ]
        }
      ]
    },
    {
      "module": "module.security",
      "mode": "managed",
      "type": "akamai_botman_akamai_bot_category_action",
      "name": "main_business_intelligence_bots_8a70d29c-a491-4583-9768-7deea2f379c1",
      "provider": "provider[\"registry.terraform.io/akamai/akamai\"]",
      "instances": [
        {
          "schema_version": 0,
          "attributes": {
            "akamai_bot_category_action": "{\"action\":\"monitor\"}",
            "category_id": "8a70d29c-a491-4583-9768-7deea2f379c1",
            "config_id": 74502,
            "id": "74502:0001_122739:8a70d29c-a491-4583-9768-7deea2f379c1",
            "security_policy_id": "0001_122739"
          },
          "sensitive_attributes": [],
          "private": "eyJzY2hlbWFfdmVyc2lvbiI6IjAifQ==",
          "dependencies": [
            "module.security.akamai_appsec_api_constraints_protection.main",
            "module.security.akamai_appsec_configuration.config",
            "module.security.akamai_appsec_ip_geo_protection.main",
            "module.security.akamai_appsec_malware_protection.main",
            "module.security.akamai_appsec_rate_protection.main",
            "module.security.akamai_appsec_reputation_protection.main",
            "module.security.akamai_appsec_security_policy.main",
            "module.security.akamai_appsec_slowpost_protection.main",
            "module.security.akamai_appsec_waf_protection.main",
            "module.security.akamai_botman_bot_management_settings.main",
            "module.security.data.akamai_group.group"
          ]
        }
      ]
    },
    {
      "module": "module.security",
      "mode": "managed",
      "type": "akamai_botman_akamai_bot_category_action",
      "name": "main_ecommerce_search_engine_bots_47bcfb70-f3f5-458b-8f7c-1773b14bc6a4",
      "provider": "provider[\"registry.terraform.io/akamai/akamai\"]",
      "instances": [
        {
          "schema_version": 0,
          "attributes": {
            "akamai_bot_category_action": "{\"action\":\"monitor\"}",
            "category_id": "47bcfb70-f3f5-458b-8f7c-1773b14bc6a4",
            "config_id": 74502,
            "id": "74502:0001_122739:47bcfb70-f3f5-458b-8f7c-1773b14bc6a4",
            "security_policy_id": "0001_122739"
          },
          "sensitive_attributes": [],
          "private": "eyJzY2hlbWFfdmVyc2lvbiI6IjAifQ==",
          "dependencies": [
            "module.security.akamai_appsec_api_constraints_protection.main",
            "module.security.akamai_appsec_configuration.config",
            "module.security.akamai_appsec_ip_geo_protection.main",
            "module.security.akamai_appsec_malware_protection.main",
            "module.security.akamai_appsec_rate_protection.main",
            "module.security.akamai_appsec_reputation_protection.main",
            "module.security.akamai_appsec_security_policy.main",
            "module.security.akamai_appsec_slowpost_protection.main",
            "module.security.akamai_appsec_waf_protection.main",
            "module.security.akamai_botman_bot_management_settings.main",
            "module.security.data.akamai_group.group"
          ]
        }
      ]
    },
    {
      "module": "module.security",
      "mode": "managed",
      "type": "akamai_botman_akamai_bot_category_action",
      "name": "main_enterprise_data_aggregator_bots_50395ad2-2673-41a4-b317-9b70742fd40f",
      "provider": "provider[\"registry.terraform.io/akamai/akamai\"]",
      "instances": [
        {
          "schema_version": 0,
          "attributes": {
            "akamai_bot_category_action": "{\"action\":\"monitor\"}",
            "category_id": "50395ad2-2673-41a4-b317-9b70742fd40f",
            "config_id": 74502,
            "id": "74502:0001_122739:50395ad2-2673-41a4-b317-9b70742fd40f",
            "security_policy_id": "0001_122739"
          },
          "sensitive_attributes": [],
          "private": "eyJzY2hlbWFfdmVyc2lvbiI6IjAifQ==",
          "dependencies": [
            "module.security.akamai_appsec_api_constraints_protection.main",
            "module.security.akamai_appsec_configuration.config",
            "module.security.akamai_appsec_ip_geo_protection.main",
            "module.security.akamai_appsec_malware_protection.main",
            "module.security.akamai_appsec_rate_protection.main",
            "module.security.akamai_appsec_reputation_protection.main",
            "module.security.akamai_appsec_security_policy.main",
            "module.security.akamai_appsec_slowpost_protection.main",
            "module.security.akamai_appsec_waf_protection.main",
            "module.security.akamai_botman_bot_management_settings.main",
            "module.security.data.akamai_group.group"
          ]
        }
      ]
    },
    {
      "module": "module.security",
      "mode": "managed",
      "type": "akamai_botman_akamai_bot_category_action",
      "name": "main_financial_account_aggregator_bots_c6692e03-d3a8-49b0-9566-5003eeaddbc1",
      "provider": "provider[\"registry.terraform.io/akamai/akamai\"]",
      "instances": [
        {
          "schema_version": 0,
          "attributes": {
            "akamai_bot_category_action": "{\"action\":\"monitor\"}",
            "category_id": "c6692e03-d3a8-49b0-9566-5003eeaddbc1",
            "config_id": 74502,
            "id": "74502:0001_122739:c6692e03-d3a8-49b0-9566-5003eeaddbc1",
            "security_policy_id": "0001_122739"
          },
          "sensitive_attributes": [],
          "private": "eyJzY2hlbWFfdmVyc2lvbiI6IjAifQ==",
          "dependencies": [
            "module.security.akamai_appsec_api_constraints_protection.main",
            "module.security.akamai_appsec_configuration.config",
            "module.security.akamai_appsec_ip_geo_protection.main",
            "module.security.akamai_appsec_malware_protection.main",
            "module.security.akamai_appsec_rate_protection.main",
            "module.security.akamai_appsec_reputation_protection.main",
            "module.security.akamai_appsec_security_policy.main",
            "module.security.akamai_appsec_slowpost_protection.main",
            "module.security.akamai_appsec_waf_protection.main",
            "module.security.akamai_botman_bot_management_settings.main",
            "module.security.data.akamai_group.group"
          ]
        }
      ]
    },
    {
      "module": "module.security",
      "mode": "managed",
      "type": "akamai_botman_akamai_bot_category_action",
      "name": "main_financial_services_bots_53598904-21f5-46b1-8b51-1b991beef73b",
      "provider": "provider[\"registry.terraform.io/akamai/akamai\"]",
      "instances": [
        {
          "schema_version": 0,
          "attributes": {
            "akamai_bot_category_action": "{\"action\":\"monitor\"}",
            "category_id": "53598904-21f5-46b1-8b51-1b991beef73b",
            "config_id": 74502,
            "id": "74502:0001_122739:53598904-21f5-46b1-8b51-1b991beef73b",
            "security_policy_id": "0001_122739"
          },
          "sensitive_attributes": [],
          "private": "eyJzY2hlbWFfdmVyc2lvbiI6IjAifQ==",
          "dependencies": [
            "module.security.akamai_appsec_api_constraints_protection.main",
            "module.security.akamai_appsec_configuration.config",
            "module.security.akamai_appsec_ip_geo_protection.main",
            "module.security.akamai_appsec_malware_protection.main",
            "module.security.akamai_appsec_rate_protection.main",
            "module.security.akamai_appsec_reputation_protection.main",
            "module.security.akamai_appsec_security_policy.main",
            "module.security.akamai_appsec_slowpost_protection.main",
            "module.security.akamai_appsec_waf_protection.main",
            "module.security.akamai_botman_bot_management_settings.main",
            "module.security.data.akamai_group.group"
          ]
        }
      ]
    },
    {
      "module": "module.security",
      "mode": "managed",
      "type": "akamai_botman_akamai_bot_category_action",
      "name": "main_job_search_engine_bots_2f169206-f32c-48f7-b281-d534cf1ceeb3",
      "provider": "provider[\"registry.terraform.io/akamai/akamai\"]",
      "instances": [
        {
          "schema_version": 0,
          "attributes": {
            "akamai_bot_category_action": "{\"action\":\"monitor\"}",
            "category_id": "2f169206-f32c-48f7-b281-d534cf1ceeb3",
            "config_id": 74502,
            "id": "74502:0001_122739:2f169206-f32c-48f7-b281-d534cf1ceeb3",
            "security_policy_id": "0001_122739"
          },
          "sensitive_attributes": [],
          "private": "eyJzY2hlbWFfdmVyc2lvbiI6IjAifQ==",
          "dependencies": [
            "module.security.akamai_appsec_api_constraints_protection.main",
            "module.security.akamai_appsec_configuration.config",
            "module.security.akamai_appsec_ip_geo_protection.main",
            "module.security.akamai_appsec_malware_protection.main",
            "module.security.akamai_appsec_rate_protection.main",
            "module.security.akamai_appsec_reputation_protection.main",
            "module.security.akamai_appsec_security_policy.main",
            "module.security.akamai_appsec_slowpost_protection.main",
            "module.security.akamai_appsec_waf_protection.main",
            "module.security.akamai_botman_bot_management_settings.main",
            "module.security.data.akamai_group.group"
          ]
        }
      ]
    },
    {
      "module": "module.security",
      "mode": "managed",
      "type": "akamai_botman_akamai_bot_category_action",
      "name": "main_media_or_entertainment_search_bots_dff258d5-b1ad-4bbb-b1d1-cf8e700e5bba",
      "provider": "provider[\"registry.terraform.io/akamai/akamai\"]",
      "instances": [
        {
          "schema_version": 0,
          "attributes": {
            "akamai_bot_category_action": "{\"action\":\"monitor\"}",
            "category_id": "dff258d5-b1ad-4bbb-b1d1-cf8e700e5bba",
            "config_id": 74502,
            "id": "74502:0001_122739:dff258d5-b1ad-4bbb-b1d1-cf8e700e5bba",
            "security_policy_id": "0001_122739"
          },
          "sensitive_attributes": [],
          "private": "eyJzY2hlbWFfdmVyc2lvbiI6IjAifQ==",
          "dependencies": [
            "module.security.akamai_appsec_api_constraints_protection.main",
            "module.security.akamai_appsec_configuration.config",
            "module.security.akamai_appsec_ip_geo_protection.main",
            "module.security.akamai_appsec_malware_protection.main",
            "module.security.akamai_appsec_rate_protection.main",
            "module.security.akamai_appsec_reputation_protection.main",
            "module.security.akamai_appsec_security_policy.main",
            "module.security.akamai_appsec_slowpost_protection.main",
            "module.security.akamai_appsec_waf_protection.main",
            "module.security.akamai_botman_bot_management_settings.main",
            "module.security.data.akamai_group.group"
          ]
        }
      ]
    },
    {
      "module": "module.security",
      "mode": "managed",
      "type": "akamai_botman_akamai_bot_category_action",
      "name": "main_news_aggregator_bots_ade03247-6519-4591-8458-9b7347004b63",
      "provider": "provider[\"registry.terraform.io/akamai/akamai\"]",
      "instances": [
        {
          "schema_version": 0,
          "attributes": {
            "akamai_bot_category_action": "{\"action\":\"monitor\"}",
            "category_id": "ade03247-6519-4591-8458-9b7347004b63",
            "config_id": 74502,
            "id": "74502:0001_122739:ade03247-6519-4591-8458-9b7347004b63",
            "security_policy_id": "0001_122739"
          },
          "sensitive_attributes": [],
          "private": "eyJzY2hlbWFfdmVyc2lvbiI6IjAifQ==",
          "dependencies": [
            "module.security.akamai_appsec_api_constraints_protection.main",
            "module.security.akamai_appsec_configuration.config",
            "module.security.akamai_appsec_ip_geo_protection.main",
            "module.security.akamai_appsec_malware_protection.main",
            "module.security.akamai_appsec_rate_protection.main",
            "module.security.akamai_appsec_reputation_protection.main",
            "module.security.akamai_appsec_security_policy.main",
            "module.security.akamai_appsec_slowpost_protection.main",
            "module.security.akamai_appsec_waf_protection.main",
            "module.security.akamai_botman_bot_management_settings.main",
            "module.security.data.akamai_group.group"
          ]
        }
      ]
    },
    {
      "module": "module.security",
      "mode": "managed",
      "type": "akamai_botman_akamai_bot_category_action",
      "name": "main_online_advertising_bots_36b27e0c-76fc-44a4-b913-c598c5af8bba",
      "provider": "provider[\"registry.terraform.io/akamai/akamai\"]",
      "instances": [
        {
          "schema_version": 0,
          "attributes": {
            "akamai_bot_category_action": "{\"action\":\"monitor\"}",
            "category_id": "36b27e0c-76fc-44a4-b913-c598c5af8bba",
            "config_id": 74502,
            "id": "74502:0001_122739:36b27e0c-76fc-44a4-b913-c598c5af8bba",
            "security_policy_id": "0001_122739"
          },
          "sensitive_attributes": [],
          "private": "eyJzY2hlbWFfdmVyc2lvbiI6IjAifQ==",
          "dependencies": [
            "module.security.akamai_appsec_api_constraints_protection.main",
            "module.security.akamai_appsec_configuration.config",
            "module.security.akamai_appsec_ip_geo_protection.main",
            "module.security.akamai_appsec_malware_protection.main",
            "module.security.akamai_appsec_rate_protection.main",
            "module.security.akamai_appsec_reputation_protection.main",
            "module.security.akamai_appsec_security_policy.main",
            "module.security.akamai_appsec_slowpost_protection.main",
            "module.security.akamai_appsec_waf_protection.main",
            "module.security.akamai_botman_bot_management_settings.main",
            "module.security.data.akamai_group.group"
          ]
        }
      ]
    },
    {
      "module": "module.security",
      "mode": "managed",
      "type": "akamai_botman_akamai_bot_category_action",
      "name": "main_rss_feed_reader_bots_b58c9929-9fd0-45f7-86f4-1d6259285c3c",
      "provider": "provider[\"registry.terraform.io/akamai/akamai\"]",
      "instances": [
        {
          "schema_version": 0,
          "attributes": {
            "akamai_bot_category_action": "{\"action\":\"monitor\"}",
            "category_id": "b58c9929-9fd0-45f7-86f4-1d6259285c3c",
            "config_id": 74502,
            "id": "74502:0001_122739:b58c9929-9fd0-45f7-86f4-1d6259285c3c",
            "security_policy_id": "0001_122739"
          },
          "sensitive_attributes": [],
          "private": "eyJzY2hlbWFfdmVyc2lvbiI6IjAifQ==",
          "dependencies": [
            "module.security.akamai_appsec_api_constraints_protection.main",
            "module.security.akamai_appsec_configuration.config",
            "module.security.akamai_appsec_ip_geo_protection.main",
            "module.security.akamai_appsec_malware_protection.main",
            "module.security.akamai_appsec_rate_protection.main",
            "module.security.akamai_appsec_reputation_protection.main",
            "module.security.akamai_appsec_security_policy.main",
            "module.security.akamai_appsec_slowpost_protection.main",
            "module.security.akamai_appsec_waf_protection.main",
            "module.security.akamai_botman_bot_management_settings.main",
            "module.security.data.akamai_group.group"
          ]
        }
      ]
    },
    {
      "module": "module.security",
      "mode": "managed",
      "type": "akamai_botman_akamai_bot_category_action",
      "name": "main_seo_analytics_or_marketing_bots_f7558c03-9033-46ce-bbda-10eeda62a5d4",
      "provider": "provider[\"registry.terraform.io/akamai/akamai\"]",
      "instances": [
        {
          "schema_version": 0,
          "attributes": {
            "akamai_bot_category_action": "{\"action\":\"monitor\"}",
            "category_id": "f7558c03-9033-46ce-bbda-10eeda62a5d4",
            "config_id": 74502,
            "id": "74502:0001_122739:f7558c03-9033-46ce-bbda-10eeda62a5d4",
            "security_policy_id": "0001_122739"
          },
          "sensitive_attributes": [],
          "private": "eyJzY2hlbWFfdmVyc2lvbiI6IjAifQ==",
          "dependencies": [
            "module.security.akamai_appsec_api_constraints_protection.main",
            "module.security.akamai_appsec_configuration.config",
            "module.security.akamai_appsec_ip_geo_protection.main",
            "module.security.akamai_appsec_malware_protection.main",
            "module.security.akamai_appsec_rate_protection.main",
            "module.security.akamai_appsec_reputation_protection.main",
            "module.security.akamai_appsec_security_policy.main",
            "module.security.akamai_appsec_slowpost_protection.main",
            "module.security.akamai_appsec_waf_protection.main",
            "module.security.akamai_botman_bot_management_settings.main",
            "module.security.data.akamai_group.group"
          ]
        }
      ]
    },
    {
      "module": "module.security",
      "mode": "managed",
      "type": "akamai_botman_akamai_bot_category_action",
      "name": "main_site_monitoring_and_web_development_bots_07782c03-8d21-4491-9078-b83514e6508f",
      "provider": "provider[\"registry.terraform.io/akamai/akamai\"]",
      "instances": [
        {
          "schema_version": 0,
          "attributes": {
            "akamai_bot_category_action": "{\"action\":\"slow\"}",
            "category_id": "07782c03-8d21-4491-9078-b83514e6508f",
            "config_id": 74502,
            "id": "74502:0001_122739:07782c03-8d21-4491-9078-b83514e6508f",
            "security_policy_id": "0001_122739"
          },
          "sensitive_attributes": [],
          "private": "bnVsbA==",
          "dependencies": [
            "module.security.akamai_appsec_api_constraints_protection.main",
            "module.security.akamai_appsec_configuration.config",
            "module.security.akamai_appsec_ip_geo_protection.main",
            "module.security.akamai_appsec_malware_protection.main",
            "module.security.akamai_appsec_rate_protection.main",
            "module.security.akamai_appsec_reputation_protection.main",
            "module.security.akamai_appsec_security_policy.main",
            "module.security.akamai_appsec_slowpost_protection.main",
            "module.security.akamai_appsec_waf_protection.main",
            "module.security.akamai_botman_bot_management_settings.main",
            "module.security.data.akamai_group.group"
          ]
        }
      ]
    },
    {
      "module": "module.security",
      "mode": "managed",
      "type": "akamai_botman_akamai_bot_category_action",
      "name": "main_social_media_or_blog_bots_7035af8d-148c-429a-89da-de41e68c72d8",
      "provider": "provider[\"registry.terraform.io/akamai/akamai\"]",
      "instances": [
        {
          "schema_version": 0,
          "attributes": {
            "akamai_bot_category_action": "{\"action\":\"monitor\"}",
            "category_id": "7035af8d-148c-429a-89da-de41e68c72d8",
            "config_id": 74502,
            "id": "74502:0001_122739:7035af8d-148c-429a-89da-de41e68c72d8",
            "security_policy_id": "0001_122739"
          },
          "sensitive_attributes": [],
          "private": "eyJzY2hlbWFfdmVyc2lvbiI6IjAifQ==",
          "dependencies": [
            "module.security.akamai_appsec_api_constraints_protection.main",
            "module.security.akamai_appsec_configuration.config",
            "module.security.akamai_appsec_ip_geo_protection.main",
            "module.security.akamai_appsec_malware_protection.main",
            "module.security.akamai_appsec_rate_protection.main",
            "module.security.akamai_appsec_reputation_protection.main",
            "module.security.akamai_appsec_security_policy.main",
            "module.security.akamai_appsec_slowpost_protection.main",
            "module.security.akamai_appsec_waf_protection.main",
            "module.security.akamai_botman_bot_management_settings.main",
            "module.security.data.akamai_group.group"
          ]
        }
      ]
    },
    {
      "module": "module.security",
      "mode": "managed",
      "type": "akamai_botman_akamai_bot_category_action",
      "name": "main_web_archiver_bots_831ef84a-c2bb-4b0d-b90d-bcd16793b830",
      "provider": "provider[\"registry.terraform.io/akamai/akamai\"]",
      "instances": [
        {
          "schema_version": 0,
          "attributes": {
            "akamai_bot_category_action": "{\"action\":\"monitor\"}",
            "category_id": "831ef84a-c2bb-4b0d-b90d-bcd16793b830",
            "config_id": 74502,
            "id": "74502:0001_122739:831ef84a-c2bb-4b0d-b90d-bcd16793b830",
            "security_policy_id": "0001_122739"
          },
          "sensitive_attributes": [],
          "private": "eyJzY2hlbWFfdmVyc2lvbiI6IjAifQ==",
          "dependencies": [
            "module.security.akamai_appsec_api_constraints_protection.main",
            "module.security.akamai_appsec_configuration.config",
            "module.security.akamai_appsec_ip_geo_protection.main",
            "module.security.akamai_appsec_malware_protection.main",
            "module.security.akamai_appsec_rate_protection.main",
            "module.security.akamai_appsec_reputation_protection.main",
            "module.security.akamai_appsec_security_policy.main",
            "module.security.akamai_appsec_slowpost_protection.main",
            "module.security.akamai_appsec_waf_protection.main",
            "module.security.akamai_botman_bot_management_settings.main",
            "module.security.data.akamai_group.group"
          ]
        }
      ]
    },
    {
      "module": "module.security",
      "mode": "managed",
      "type": "akamai_botman_akamai_bot_category_action",
      "name": "main_web_search_engine_bots_4e14219f-6568-4c9d-9bd8-b29ca2afc422",
      "provider": "provider[\"registry.terraform.io/akamai/akamai\"]",
      "instances": [
        {
          "schema_version": 0,
          "attributes": {
            "akamai_bot_category_action": "{\"action\":\"monitor\"}",
            "category_id": "4e14219f-6568-4c9d-9bd8-b29ca2afc422",
            "config_id": 74502,
            "id": "74502:0001_122739:4e14219f-6568-4c9d-9bd8-b29ca2afc422",
            "security_policy_id": "0001_122739"
          },
          "sensitive_attributes": [],
          "private": "eyJzY2hlbWFfdmVyc2lvbiI6IjAifQ==",
          "dependencies": [
            "module.security.akamai_appsec_api_constraints_protection.main",
            "module.security.akamai_appsec_configuration.config",
            "module.security.akamai_appsec_ip_geo_protection.main",
            "module.security.akamai_appsec_malware_protection.main",
            "module.security.akamai_appsec_rate_protection.main",
            "module.security.akamai_appsec_reputation_protection.main",
            "module.security.akamai_appsec_security_policy.main",
            "module.security.akamai_appsec_slowpost_protection.main",
            "module.security.akamai_appsec_waf_protection.main",
            "module.security.akamai_botman_bot_management_settings.main",
            "module.security.data.akamai_group.group"
          ]
        }
      ]
    },
    {
      "module": "module.security",
      "mode": "managed",
      "type": "akamai_botman_bot_analytics_cookie",
      "name": "bot_analytics_cookie",
      "provider": "provider[\"registry.terraform.io/akamai/akamai\"]",
      "instances": [
        {
          "schema_version": 0,
          "attributes": {
            "bot_analytics_cookie": "{\"cookieName\":\"bot-indicator\",\"enableBotSignal\":false,\"excludePaths\":[],\"hostnames\":[]}",
            "config_id": 74502,
            "id": "74502"
          },
          "sensitive_attributes": [],
          "private": "eyJzY2hlbWFfdmVyc2lvbiI6IjAifQ==",
          "dependencies": [
            "module.security.akamai_appsec_configuration.config",
            "module.security.data.akamai_group.group"
          ]
        }
      ]
    },
    {
      "module": "module.security",
      "mode": "managed",
      "type": "akamai_botman_bot_detection_action",
      "name": "main_aggressive_web_crawlers_5bc041ad-c840-4202-9c2e-d7fc873dbeaf",
      "provider": "provider[\"registry.terraform.io/akamai/akamai\"]",
      "instances": [
        {
          "schema_version": 0,
          "attributes": {
            "bot_detection_action": "{\"action\":\"monitor\"}",
            "config_id": 74502,
            "detection_id": "5bc041ad-c840-4202-9c2e-d7fc873dbeaf",
            "id": "74502:0001_122739:5bc041ad-c840-4202-9c2e-d7fc873dbeaf",
            "security_policy_id": "0001_122739"
          },
          "sensitive_attributes": [],
          "private": "eyJzY2hlbWFfdmVyc2lvbiI6IjAifQ==",
          "dependencies": [
            "module.security.akamai_appsec_api_constraints_protection.main",
            "module.security.akamai_appsec_configuration.config",
            "module.security.akamai_appsec_ip_geo_protection.main",
            "module.security.akamai_appsec_malware_protection.main",
            "module.security.akamai_appsec_rate_protection.main",
            "module.security.akamai_appsec_reputation_protection.main",
            "module.security.akamai_appsec_security_policy.main",
            "module.security.akamai_appsec_slowpost_protection.main",
            "module.security.akamai_appsec_waf_protection.main",
            "module.security.akamai_botman_bot_management_settings.main",
            "module.security.data.akamai_group.group"
          ]
        }
      ]
    },
    {
      "module": "module.security",
      "mode": "managed",
      "type": "akamai_botman_bot_detection_action",
      "name": "main_browser_impersonator_a3b92f75-fa5d-436e-b066-426fc2919968",
      "provider": "provider[\"registry.terraform.io/akamai/akamai\"]",
      "instances": [
        {
          "schema_version": 0,
          "attributes": {
            "bot_detection_action": "{\"action\":\"slow\"}",
            "config_id": 74502,
            "detection_id": "a3b92f75-fa5d-436e-b066-426fc2919968",
            "id": "74502:0001_122739:a3b92f75-fa5d-436e-b066-426fc2919968",
            "security_policy_id": "0001_122739"
          },
          "sensitive_attributes": [],
          "private": "eyJzY2hlbWFfdmVyc2lvbiI6IjAifQ==",
          "dependencies": [
            "module.security.akamai_appsec_api_constraints_protection.main",
            "module.security.akamai_appsec_configuration.config",
            "module.security.akamai_appsec_ip_geo_protection.main",
            "module.security.akamai_appsec_malware_protection.main",
            "module.security.akamai_appsec_rate_protection.main",
            "module.security.akamai_appsec_reputation_protection.main",
            "module.security.akamai_appsec_security_policy.main",
            "module.security.akamai_appsec_slowpost_protection.main",
            "module.security.akamai_appsec_waf_protection.main",
            "module.security.akamai_botman_bot_management_settings.main",
            "module.security.data.akamai_group.group"
          ]
        }
      ]
    },
    {
      "module": "module.security",
      "mode": "managed",
      "type": "akamai_botman_bot_detection_action",
      "name": "main_chrome__firefox_signature_anomaly_ec9fef6b-df3e-444c-8fd6-8f3a15373722",
      "provider": "provider[\"registry.terraform.io/akamai/akamai\"]",
      "instances": [
        {
          "schema_version": 0,
          "attributes": {
            "bot_detection_action": "{\"action\":\"monitor\"}",
            "config_id": 74502,
            "detection_id": "ec9fef6b-df3e-444c-8fd6-8f3a15373722",
            "id": "74502:0001_122739:ec9fef6b-df3e-444c-8fd6-8f3a15373722",
            "security_policy_id": "0001_122739"
          },
          "sensitive_attributes": [],
          "private": "eyJzY2hlbWFfdmVyc2lvbiI6IjAifQ==",
          "dependencies": [
            "module.security.akamai_appsec_api_constraints_protection.main",
            "module.security.akamai_appsec_configuration.config",
            "module.security.akamai_appsec_ip_geo_protection.main",
            "module.security.akamai_appsec_malware_protection.main",
            "module.security.akamai_appsec_rate_protection.main",
            "module.security.akamai_appsec_reputation_protection.main",
            "module.security.akamai_appsec_security_policy.main",
            "module.security.akamai_appsec_slowpost_protection.main",
            "module.security.akamai_appsec_waf_protection.main",
            "module.security.akamai_botman_bot_management_settings.main",
            "module.security.data.akamai_group.group"
          ]
        }
      ]
    },
    {
      "module": "module.security",
      "mode": "managed",
      "type": "akamai_botman_bot_detection_action",
      "name": "main_chrome_signature_anomaly_fcf46e35-aadf-400c-9f57-8c15f75f1e06",
      "provider": "provider[\"registry.terraform.io/akamai/akamai\"]",
      "instances": [
        {
          "schema_version": 0,
          "attributes": {
            "bot_detection_action": "{\"action\":\"monitor\"}",
            "config_id": 74502,
            "detection_id": "fcf46e35-aadf-400c-9f57-8c15f75f1e06",
            "id": "74502:0001_122739:fcf46e35-aadf-400c-9f57-8c15f75f1e06",
            "security_policy_id": "0001_122739"
          },
          "sensitive_attributes": [],
          "private": "eyJzY2hlbWFfdmVyc2lvbiI6IjAifQ==",
          "dependencies": [
            "module.security.akamai_appsec_api_constraints_protection.main",
            "module.security.akamai_appsec_configuration.config",
            "module.security.akamai_appsec_ip_geo_protection.main",
            "module.security.akamai_appsec_malware_protection.main",
            "module.security.akamai_appsec_rate_protection.main",
            "module.security.akamai_appsec_reputation_protection.main",
            "module.security.akamai_appsec_security_policy.main",
            "module.security.akamai_appsec_slowpost_protection.main",
            "module.security.akamai_appsec_waf_protection.main",
            "module.security.akamai_botman_bot_management_settings.main",
            "module.security.data.akamai_group.group"
          ]
        }
      ]
    },
    {
      "module": "module.security",
      "mode": "managed",
      "type": "akamai_botman_bot_detection_action",
      "name": "main_chrome_version_anomaly_b19372d4-8e47-45bd-9e7f-69144633af1c",
      "provider": "provider[\"registry.terraform.io/akamai/akamai\"]",
      "instances": [
        {
          "schema_version": 0,
          "attributes": {
            "bot_detection_action": "{\"action\":\"monitor\"}",
            "config_id": 74502,
            "detection_id": "b19372d4-8e47-45bd-9e7f-69144633af1c",
            "id": "74502:0001_122739:b19372d4-8e47-45bd-9e7f-69144633af1c",
            "security_policy_id": "0001_122739"
          },
          "sensitive_attributes": [],
          "private": "eyJzY2hlbWFfdmVyc2lvbiI6IjAifQ==",
          "dependencies": [
            "module.security.akamai_appsec_api_constraints_protection.main",
            "module.security.akamai_appsec_configuration.config",
            "module.security.akamai_appsec_ip_geo_protection.main",
            "module.security.akamai_appsec_malware_protection.main",
            "module.security.akamai_appsec_rate_protection.main",
            "module.security.akamai_appsec_reputation_protection.main",
            "module.security.akamai_appsec_security_policy.main",
            "module.security.akamai_appsec_slowpost_protection.main",
            "module.security.akamai_appsec_waf_protection.main",
            "module.security.akamai_botman_bot_management_settings.main",
            "module.security.data.akamai_group.group"
          ]
        }
      ]
    },
    {
      "module": "module.security",
      "mode": "managed",
      "type": "akamai_botman_bot_detection_action",
      "name": "main_chrome_version_anomaly_d064daa7-d5c9-44f5-8389-da974e3d2bfd",
      "provider": "provider[\"registry.terraform.io/akamai/akamai\"]",
      "instances": [
        {
          "schema_version": 0,
          "attributes": {
            "bot_detection_action": "{\"action\":\"monitor\"}",
            "config_id": 74502,
            "detection_id": "d064daa7-d5c9-44f5-8389-da974e3d2bfd",
            "id": "74502:0001_122739:d064daa7-d5c9-44f5-8389-da974e3d2bfd",
            "security_policy_id": "0001_122739"
          },
          "sensitive_attributes": [],
          "private": "eyJzY2hlbWFfdmVyc2lvbiI6IjAifQ==",
          "dependencies": [
            "module.security.akamai_appsec_api_constraints_protection.main",
            "module.security.akamai_appsec_configuration.config",
            "module.security.akamai_appsec_ip_geo_protection.main",
            "module.security.akamai_appsec_malware_protection.main",
            "module.security.akamai_appsec_rate_protection.main",
            "module.security.akamai_appsec_reputation_protection.main",
            "module.security.akamai_appsec_security_policy.main",
            "module.security.akamai_appsec_slowpost_protection.main",
            "module.security.akamai_appsec_waf_protection.main",
            "module.security.akamai_botman_bot_management_settings.main",
            "module.security.data.akamai_group.group"
          ]
        }
      ]
    },
    {
      "module": "module.security",
      "mode": "managed",
      "type": "akamai_botman_bot_detection_action",
      "name": "main_client_disabled_javascript_noscript_triggered_c5623efa-f326-41d1-9601-a2d201bedf63",
      "provider": "provider[\"registry.terraform.io/akamai/akamai\"]",
      "instances": [
        {
          "schema_version": 0,
          "attributes": {
            "bot_detection_action": "{\"action\":\"monitor\"}",
            "config_id": 74502,
            "detection_id": "c5623efa-f326-41d1-9601-a2d201bedf63",
            "id": "74502:0001_122739:c5623efa-f326-41d1-9601-a2d201bedf63",
            "security_policy_id": "0001_122739"
          },
          "sensitive_attributes": [],
          "private": "eyJzY2hlbWFfdmVyc2lvbiI6IjAifQ==",
          "dependencies": [
            "module.security.akamai_appsec_api_constraints_protection.main",
            "module.security.akamai_appsec_configuration.config",
            "module.security.akamai_appsec_ip_geo_protection.main",
            "module.security.akamai_appsec_malware_protection.main",
            "module.security.akamai_appsec_rate_protection.main",
            "module.security.akamai_appsec_reputation_protection.main",
            "module.security.akamai_appsec_security_policy.main",
            "module.security.akamai_appsec_slowpost_protection.main",
            "module.security.akamai_appsec_waf_protection.main",
            "module.security.akamai_botman_bot_management_settings.main",
            "module.security.data.akamai_group.group"
          ]
        }
      ]
    },
    {
      "module": "module.security",
      "mode": "managed",
      "type": "akamai_botman_bot_detection_action",
      "name": "main_comes_from_a_proxy_e8243c1f-3622-4186-adea-39334070a64a",
      "provider": "provider[\"registry.terraform.io/akamai/akamai\"]",
      "instances": [
        {
          "schema_version": 0,
          "attributes": {
            "bot_detection_action": "{\"action\":\"monitor\"}",
            "config_id": 74502,
            "detection_id": "e8243c1f-3622-4186-adea-39334070a64a",
            "id": "74502:0001_122739:e8243c1f-3622-4186-adea-39334070a64a",
            "security_policy_id": "0001_122739"
          },
          "sensitive_attributes": [],
          "private": "eyJzY2hlbWFfdmVyc2lvbiI6IjAifQ==",
          "dependencies": [
            "module.security.akamai_appsec_api_constraints_protection.main",
            "module.security.akamai_appsec_configuration.config",
            "module.security.akamai_appsec_ip_geo_protection.main",
            "module.security.akamai_appsec_malware_protection.main",
            "module.security.akamai_appsec_rate_protection.main",
            "module.security.akamai_appsec_reputation_protection.main",
            "module.security.akamai_appsec_security_policy.main",
            "module.security.akamai_appsec_slowpost_protection.main",
            "module.security.akamai_appsec_waf_protection.main",
            "module.security.akamai_botman_bot_management_settings.main",
            "module.security.data.akamai_group.group"
          ]
        }
      ]
    },
    {
      "module": "module.security",
      "mode": "managed",
      "type": "akamai_botman_bot_detection_action",
      "name": "main_cookie_integrity_failed_4f1fd3ea-7072-4cd0-8d12-24f275e6c75d",
      "provider": "provider[\"registry.terraform.io/akamai/akamai\"]",
      "instances": [
        {
          "schema_version": 0,
          "attributes": {
            "bot_detection_action": "{\"action\":\"monitor\"}",
            "config_id": 74502,
            "detection_id": "4f1fd3ea-7072-4cd0-8d12-24f275e6c75d",
            "id": "74502:0001_122739:4f1fd3ea-7072-4cd0-8d12-24f275e6c75d",
            "security_policy_id": "0001_122739"
          },
          "sensitive_attributes": [],
          "private": "eyJzY2hlbWFfdmVyc2lvbiI6IjAifQ==",
          "dependencies": [
            "module.security.akamai_appsec_api_constraints_protection.main",
            "module.security.akamai_appsec_configuration.config",
            "module.security.akamai_appsec_ip_geo_protection.main",
            "module.security.akamai_appsec_malware_protection.main",
            "module.security.akamai_appsec_rate_protection.main",
            "module.security.akamai_appsec_reputation_protection.main",
            "module.security.akamai_appsec_security_policy.main",
            "module.security.akamai_appsec_slowpost_protection.main",
            "module.security.akamai_appsec_waf_protection.main",
            "module.security.akamai_botman_bot_management_settings.main",
            "module.security.data.akamai_group.group"
          ]
        }
      ]
    },
    {
      "module": "module.security",
      "mode": "managed",
      "type": "akamai_botman_bot_detection_action",
      "name": "main_declared_bots_keyword_match_074df68e-fb28-432a-ac6d-7cfb958425f1",
      "provider": "provider[\"registry.terraform.io/akamai/akamai\"]",
      "instances": [
        {
          "schema_version": 0,
          "attributes": {
            "bot_detection_action": "{\"action\":\"monitor\"}",
            "config_id": 74502,
            "detection_id": "074df68e-fb28-432a-ac6d-7cfb958425f1",
            "id": "74502:0001_122739:074df68e-fb28-432a-ac6d-7cfb958425f1",
            "security_policy_id": "0001_122739"
          },
          "sensitive_attributes": [],
          "private": "eyJzY2hlbWFfdmVyc2lvbiI6IjAifQ==",
          "dependencies": [
            "module.security.akamai_appsec_api_constraints_protection.main",
            "module.security.akamai_appsec_configuration.config",
            "module.security.akamai_appsec_ip_geo_protection.main",
            "module.security.akamai_appsec_malware_protection.main",
            "module.security.akamai_appsec_rate_protection.main",
            "module.security.akamai_appsec_reputation_protection.main",
            "module.security.akamai_appsec_security_policy.main",
            "module.security.akamai_appsec_slowpost_protection.main",
            "module.security.akamai_appsec_waf_protection.main",
            "module.security.akamai_botman_bot_management_settings.main",
            "module.security.data.akamai_group.group"
          ]
        }
      ]
    },
    {
      "module": "module.security",
      "mode": "managed",
      "type": "akamai_botman_bot_detection_action",
      "name": "main_development_frameworks_da005ad3-8bbb-43c8-a783-d97d1fb71ad2",
      "provider": "provider[\"registry.terraform.io/akamai/akamai\"]",
      "instances": [
        {
          "schema_version": 0,
          "attributes": {
            "bot_detection_action": "{\"action\":\"monitor\"}",
            "config_id": 74502,
            "detection_id": "da005ad3-8bbb-43c8-a783-d97d1fb71ad2",
            "id": "74502:0001_122739:da005ad3-8bbb-43c8-a783-d97d1fb71ad2",
            "security_policy_id": "0001_122739"
          },
          "sensitive_attributes": [],
          "private": "eyJzY2hlbWFfdmVyc2lvbiI6IjAifQ==",
          "dependencies": [
            "module.security.akamai_appsec_api_constraints_protection.main",
            "module.security.akamai_appsec_configuration.config",
            "module.security.akamai_appsec_ip_geo_protection.main",
            "module.security.akamai_appsec_malware_protection.main",
            "module.security.akamai_appsec_rate_protection.main",
            "module.security.akamai_appsec_reputation_protection.main",
            "module.security.akamai_appsec_security_policy.main",
            "module.security.akamai_appsec_slowpost_protection.main",
            "module.security.akamai_appsec_waf_protection.main",
            "module.security.akamai_botman_bot_management_settings.main",
            "module.security.data.akamai_group.group"
          ]
        }
      ]
    },
    {
      "module": "module.security",
      "mode": "managed",
      "type": "akamai_botman_bot_detection_action",
      "name": "main_firefox_signature_anomaly_4575a99c-4c77-483f-9578-9760d652acd9",
      "provider": "provider[\"registry.terraform.io/akamai/akamai\"]",
      "instances": [
        {
          "schema_version": 0,
          "attributes": {
            "bot_detection_action": "{\"action\":\"monitor\"}",
            "config_id": 74502,
            "detection_id": "4575a99c-4c77-483f-9578-9760d652acd9",
            "id": "74502:0001_122739:4575a99c-4c77-483f-9578-9760d652acd9",
            "security_policy_id": "0001_122739"
          },
          "sensitive_attributes": [],
          "private": "eyJzY2hlbWFfdmVyc2lvbiI6IjAifQ==",
          "dependencies": [
            "module.security.akamai_appsec_api_constraints_protection.main",
            "module.security.akamai_appsec_configuration.config",
            "module.security.akamai_appsec_ip_geo_protection.main",
            "module.security.akamai_appsec_malware_protection.main",
            "module.security.akamai_appsec_rate_protection.main",
            "module.security.akamai_appsec_reputation_protection.main",
            "module.security.akamai_appsec_security_policy.main",
            "module.security.akamai_appsec_slowpost_protection.main",
            "module.security.akamai_appsec_waf_protection.main",
            "module.security.akamai_botman_bot_management_settings.main",
            "module.security.data.akamai_group.group"
          ]
        }
      ]
    },
    {
      "module": "module.security",
      "mode": "managed",
      "type": "akamai_botman_bot_detection_action",
      "name": "main_firefox_version_anomaly_324db2a2-438e-45c3-95cc-f4f9c6e22449",
      "provider": "provider[\"registry.terraform.io/akamai/akamai\"]",
      "instances": [
        {
          "schema_version": 0,
          "attributes": {
            "bot_detection_action": "{\"action\":\"monitor\"}",
            "config_id": 74502,
            "detection_id": "324db2a2-438e-45c3-95cc-f4f9c6e22449",
            "id": "74502:0001_122739:324db2a2-438e-45c3-95cc-f4f9c6e22449",
            "security_policy_id": "0001_122739"
          },
          "sensitive_attributes": [],
          "private": "eyJzY2hlbWFfdmVyc2lvbiI6IjAifQ==",
          "dependencies": [
            "module.security.akamai_appsec_api_constraints_protection.main",
            "module.security.akamai_appsec_configuration.config",
            "module.security.akamai_appsec_ip_geo_protection.main",
            "module.security.akamai_appsec_malware_protection.main",
            "module.security.akamai_appsec_rate_protection.main",
            "module.security.akamai_appsec_reputation_protection.main",
            "module.security.akamai_appsec_security_policy.main",
            "module.security.akamai_appsec_slowpost_protection.main",
            "module.security.akamai_appsec_waf_protection.main",
            "module.security.akamai_botman_bot_management_settings.main",
            "module.security.data.akamai_group.group"
          ]
        }
      ]
    },
    {
      "module": "module.security",
      "mode": "managed",
      "type": "akamai_botman_bot_detection_action",
      "name": "main_firefox_version_anomaly_3829f5db-bc06-4c53-a17d-ae857bc72b77",
      "provider": "provider[\"registry.terraform.io/akamai/akamai\"]",
      "instances": [
        {
          "schema_version": 0,
          "attributes": {
            "bot_detection_action": "{\"action\":\"monitor\"}",
            "config_id": 74502,
            "detection_id": "3829f5db-bc06-4c53-a17d-ae857bc72b77",
            "id": "74502:0001_122739:3829f5db-bc06-4c53-a17d-ae857bc72b77",
            "security_policy_id": "0001_122739"
          },
          "sensitive_attributes": [],
          "private": "eyJzY2hlbWFfdmVyc2lvbiI6IjAifQ==",
          "dependencies": [
            "module.security.akamai_appsec_api_constraints_protection.main",
            "module.security.akamai_appsec_configuration.config",
            "module.security.akamai_appsec_ip_geo_protection.main",
            "module.security.akamai_appsec_malware_protection.main",
            "module.security.akamai_appsec_rate_protection.main",
            "module.security.akamai_appsec_reputation_protection.main",
            "module.security.akamai_appsec_security_policy.main",
            "module.security.akamai_appsec_slowpost_protection.main",
            "module.security.akamai_appsec_waf_protection.main",
            "module.security.akamai_botman_bot_management_settings.main",
            "module.security.data.akamai_group.group"
          ]
        }
      ]
    },
    {
      "module": "module.security",
      "mode": "managed",
      "type": "akamai_botman_bot_detection_action",
      "name": "main_headless_browsersautomation_tools_b88cba13-4d11-46fe-a7e0-b47e78892dc4",
      "provider": "provider[\"registry.terraform.io/akamai/akamai\"]",
      "instances": [
        {
          "schema_version": 0,
          "attributes": {
            "bot_detection_action": "{\"action\":\"monitor\"}",
            "config_id": 74502,
            "detection_id": "b88cba13-4d11-46fe-a7e0-b47e78892dc4",
            "id": "74502:0001_122739:b88cba13-4d11-46fe-a7e0-b47e78892dc4",
            "security_policy_id": "0001_122739"
          },
          "sensitive_attributes": [],
          "private": "eyJzY2hlbWFfdmVyc2lvbiI6IjAifQ==",
          "dependencies": [
            "module.security.akamai_appsec_api_constraints_protection.main",
            "module.security.akamai_appsec_configuration.config",
            "module.security.akamai_appsec_ip_geo_protection.main",
            "module.security.akamai_appsec_malware_protection.main",
            "module.security.akamai_appsec_rate_protection.main",
            "module.security.akamai_appsec_reputation_protection.main",
            "module.security.akamai_appsec_security_policy.main",
            "module.security.akamai_appsec_slowpost_protection.main",
            "module.security.akamai_appsec_waf_protection.main",
            "module.security.akamai_botman_bot_management_settings.main",
            "module.security.data.akamai_group.group"
          ]
        }
      ]
    },
    {
      "module": "module.security",
      "mode": "managed",
      "type": "akamai_botman_bot_detection_action",
      "name": "main_http_connection_anomaly_4ac19d79-2b09-4369-90ab-437153c051a8",
      "provider": "provider[\"registry.terraform.io/akamai/akamai\"]",
      "instances": [
        {
          "schema_version": 0,
          "attributes": {
            "bot_detection_action": "{\"action\":\"monitor\"}",
            "config_id": 74502,
            "detection_id": "4ac19d79-2b09-4369-90ab-437153c051a8",
            "id": "74502:0001_122739:4ac19d79-2b09-4369-90ab-437153c051a8",
            "security_policy_id": "0001_122739"
          },
          "sensitive_attributes": [],
          "private": "eyJzY2hlbWFfdmVyc2lvbiI6IjAifQ==",
          "dependencies": [
            "module.security.akamai_appsec_api_constraints_protection.main",
            "module.security.akamai_appsec_configuration.config",
            "module.security.akamai_appsec_ip_geo_protection.main",
            "module.security.akamai_appsec_malware_protection.main",
            "module.security.akamai_appsec_rate_protection.main",
            "module.security.akamai_appsec_reputation_protection.main",
            "module.security.akamai_appsec_security_policy.main",
            "module.security.akamai_appsec_slowpost_protection.main",
            "module.security.akamai_appsec_waf_protection.main",
            "module.security.akamai_botman_bot_management_settings.main",
            "module.security.data.akamai_group.group"
          ]
        }
      ]
    },
    {
      "module": "module.security",
      "mode": "managed",
      "type": "akamai_botman_bot_detection_action",
      "name": "main_http_head_method_used_ddd807da-8d9d-4d7b-81b1-ee0ce6b8f79d",
      "provider": "provider[\"registry.terraform.io/akamai/akamai\"]",
      "instances": [
        {
          "schema_version": 0,
          "attributes": {
            "bot_detection_action": "{\"action\":\"monitor\"}",
            "config_id": 74502,
            "detection_id": "ddd807da-8d9d-4d7b-81b1-ee0ce6b8f79d",
            "id": "74502:0001_122739:ddd807da-8d9d-4d7b-81b1-ee0ce6b8f79d",
            "security_policy_id": "0001_122739"
          },
          "sensitive_attributes": [],
          "private": "eyJzY2hlbWFfdmVyc2lvbiI6IjAifQ==",
          "dependencies": [
            "module.security.akamai_appsec_api_constraints_protection.main",
            "module.security.akamai_appsec_configuration.config",
            "module.security.akamai_appsec_ip_geo_protection.main",
            "module.security.akamai_appsec_malware_protection.main",
            "module.security.akamai_appsec_rate_protection.main",
            "module.security.akamai_appsec_reputation_protection.main",
            "module.security.akamai_appsec_security_policy.main",
            "module.security.akamai_appsec_slowpost_protection.main",
            "module.security.akamai_appsec_waf_protection.main",
            "module.security.akamai_botman_bot_management_settings.main",
            "module.security.data.akamai_group.group"
          ]
        }
      ]
    },
    {
      "module": "module.security",
      "mode": "managed",
      "type": "akamai_botman_bot_detection_action",
      "name": "main_http_header_anomaly_1dbdc168-77d5-443d-903d-279262c5ecd5",
      "provider": "provider[\"registry.terraform.io/akamai/akamai\"]",
      "instances": [
        {
          "schema_version": 0,
          "attributes": {
            "bot_detection_action": "{\"action\":\"monitor\"}",
            "config_id": 74502,
            "detection_id": "1dbdc168-77d5-443d-903d-279262c5ecd5",
            "id": "74502:0001_122739:1dbdc168-77d5-443d-903d-279262c5ecd5",
            "security_policy_id": "0001_122739"
          },
          "sensitive_attributes": [],
          "private": "eyJzY2hlbWFfdmVyc2lvbiI6IjAifQ==",
          "dependencies": [
            "module.security.akamai_appsec_api_constraints_protection.main",
            "module.security.akamai_appsec_configuration.config",
            "module.security.akamai_appsec_ip_geo_protection.main",
            "module.security.akamai_appsec_malware_protection.main",
            "module.security.akamai_appsec_rate_protection.main",
            "module.security.akamai_appsec_reputation_protection.main",
            "module.security.akamai_appsec_security_policy.main",
            "module.security.akamai_appsec_slowpost_protection.main",
            "module.security.akamai_appsec_waf_protection.main",
            "module.security.akamai_botman_bot_management_settings.main",
            "module.security.data.akamai_group.group"
          ]
        }
      ]
    },
    {
      "module": "module.security",
      "mode": "managed",
      "type": "akamai_botman_bot_detection_action",
      "name": "main_http_header_anomaly_4df4a8c6-568e-4484-a9e3-43c16707385c",
      "provider": "provider[\"registry.terraform.io/akamai/akamai\"]",
      "instances": [
        {
          "schema_version": 0,
          "attributes": {
            "bot_detection_action": "{\"action\":\"monitor\"}",
            "config_id": 74502,
            "detection_id": "4df4a8c6-568e-4484-a9e3-43c16707385c",
            "id": "74502:0001_122739:4df4a8c6-568e-4484-a9e3-43c16707385c",
            "security_policy_id": "0001_122739"
          },
          "sensitive_attributes": [],
          "private": "eyJzY2hlbWFfdmVyc2lvbiI6IjAifQ==",
          "dependencies": [
            "module.security.akamai_appsec_api_constraints_protection.main",
            "module.security.akamai_appsec_configuration.config",
            "module.security.akamai_appsec_ip_geo_protection.main",
            "module.security.akamai_appsec_malware_protection.main",
            "module.security.akamai_appsec_rate_protection.main",
            "module.security.akamai_appsec_reputation_protection.main",
            "module.security.akamai_appsec_security_policy.main",
            "module.security.akamai_appsec_slowpost_protection.main",
            "module.security.akamai_appsec_waf_protection.main",
            "module.security.akamai_botman_bot_management_settings.main",
            "module.security.data.akamai_group.group"
          ]
        }
      ]
    },
    {
      "module": "module.security",
      "mode": "managed",
      "type": "akamai_botman_bot_detection_action",
      "name": "main_http_header_anomaly_85a68074-a077-43e2-ab22-71e6b97a944c",
      "provider": "provider[\"registry.terraform.io/akamai/akamai\"]",
      "instances": [
        {
          "schema_version": 0,
          "attributes": {
            "bot_detection_action": "{\"action\":\"monitor\"}",
            "config_id": 74502,
            "detection_id": "85a68074-a077-43e2-ab22-71e6b97a944c",
            "id": "74502:0001_122739:85a68074-a077-43e2-ab22-71e6b97a944c",
            "security_policy_id": "0001_122739"
          },
          "sensitive_attributes": [],
          "private": "eyJzY2hlbWFfdmVyc2lvbiI6IjAifQ==",
          "dependencies": [
            "module.security.akamai_appsec_api_constraints_protection.main",
            "module.security.akamai_appsec_configuration.config",
            "module.security.akamai_appsec_ip_geo_protection.main",
            "module.security.akamai_appsec_malware_protection.main",
            "module.security.akamai_appsec_rate_protection.main",
            "module.security.akamai_appsec_reputation_protection.main",
            "module.security.akamai_appsec_security_policy.main",
            "module.security.akamai_appsec_slowpost_protection.main",
            "module.security.akamai_appsec_waf_protection.main",
            "module.security.akamai_botman_bot_management_settings.main",
            "module.security.data.akamai_group.group"
          ]
        }
      ]
    },
    {
      "module": "module.security",
      "mode": "managed",
      "type": "akamai_botman_bot_detection_action",
      "name": "main_http_header_anomaly_98dc4f86-dac8-43e2-a4ad-125d2e5d5ce8",
      "provider": "provider[\"registry.terraform.io/akamai/akamai\"]",
      "instances": [
        {
          "schema_version": 0,
          "attributes": {
            "bot_detection_action": "{\"action\":\"monitor\"}",
            "config_id": 74502,
            "detection_id": "98dc4f86-dac8-43e2-a4ad-125d2e5d5ce8",
            "id": "74502:0001_122739:98dc4f86-dac8-43e2-a4ad-125d2e5d5ce8",
            "security_policy_id": "0001_122739"
          },
          "sensitive_attributes": [],
          "private": "eyJzY2hlbWFfdmVyc2lvbiI6IjAifQ==",
          "dependencies": [
            "module.security.akamai_appsec_api_constraints_protection.main",
            "module.security.akamai_appsec_configuration.config",
            "module.security.akamai_appsec_ip_geo_protection.main",
            "module.security.akamai_appsec_malware_protection.main",
            "module.security.akamai_appsec_rate_protection.main",
            "module.security.akamai_appsec_reputation_protection.main",
            "module.security.akamai_appsec_security_policy.main",
            "module.security.akamai_appsec_slowpost_protection.main",
            "module.security.akamai_appsec_waf_protection.main",
            "module.security.akamai_botman_bot_management_settings.main",
            "module.security.data.akamai_group.group"
          ]
        }
      ]
    },
    {
      "module": "module.security",
      "mode": "managed",
      "type": "akamai_botman_bot_detection_action",
      "name": "main_http_libraries_578dad32-024b-48b4-930c-db81831686f4",
      "provider": "provider[\"registry.terraform.io/akamai/akamai\"]",
      "instances": [
        {
          "schema_version": 0,
          "attributes": {
            "bot_detection_action": "{\"action\":\"monitor\"}",
            "config_id": 74502,
            "detection_id": "578dad32-024b-48b4-930c-db81831686f4",
            "id": "74502:0001_122739:578dad32-024b-48b4-930c-db81831686f4",
            "security_policy_id": "0001_122739"
          },
          "sensitive_attributes": [],
          "private": "eyJzY2hlbWFfdmVyc2lvbiI6IjAifQ==",
          "dependencies": [
            "module.security.akamai_appsec_api_constraints_protection.main",
            "module.security.akamai_appsec_configuration.config",
            "module.security.akamai_appsec_ip_geo_protection.main",
            "module.security.akamai_appsec_malware_protection.main",
            "module.security.akamai_appsec_rate_protection.main",
            "module.security.akamai_appsec_reputation_protection.main",
            "module.security.akamai_appsec_security_policy.main",
            "module.security.akamai_appsec_slowpost_protection.main",
            "module.security.akamai_appsec_waf_protection.main",
            "module.security.akamai_botman_bot_management_settings.main",
            "module.security.data.akamai_group.group"
          ]
        }
      ]
    },
    {
      "module": "module.security",
      "mode": "managed",
      "type": "akamai_botman_bot_detection_action",
      "name": "main_http_protocol_version_10_or_lower_0a0814bf-e92f-4950-8b6b-97586ed404ce",
      "provider": "provider[\"registry.terraform.io/akamai/akamai\"]",
      "instances": [
        {
          "schema_version": 0,
          "attributes": {
            "bot_detection_action": "{\"action\":\"monitor\"}",
            "config_id": 74502,
            "detection_id": "0a0814bf-e92f-4950-8b6b-97586ed404ce",
            "id": "74502:0001_122739:0a0814bf-e92f-4950-8b6b-97586ed404ce",
            "security_policy_id": "0001_122739"
          },
          "sensitive_attributes": [],
          "private": "eyJzY2hlbWFfdmVyc2lvbiI6IjAifQ==",
          "dependencies": [
            "module.security.akamai_appsec_api_constraints_protection.main",
            "module.security.akamai_appsec_configuration.config",
            "module.security.akamai_appsec_ip_geo_protection.main",
            "module.security.akamai_appsec_malware_protection.main",
            "module.security.akamai_appsec_rate_protection.main",
            "module.security.akamai_appsec_reputation_protection.main",
            "module.security.akamai_appsec_security_policy.main",
            "module.security.akamai_appsec_slowpost_protection.main",
            "module.security.akamai_appsec_waf_protection.main",
            "module.security.akamai_botman_bot_management_settings.main",
            "module.security.data.akamai_group.group"
          ]
        }
      ]
    },
    {
      "module": "module.security",
      "mode": "managed",
      "type": "akamai_botman_bot_detection_action",
      "name": "main_impersonators_of_known_bots_fda1ffb9-ef46-4570-929c-7449c0c750f8",
      "provider": "provider[\"registry.terraform.io/akamai/akamai\"]",
      "instances": [
        {
          "schema_version": 0,
          "attributes": {
            "bot_detection_action": "{\"action\":\"monitor\"}",
            "config_id": 74502,
            "detection_id": "fda1ffb9-ef46-4570-929c-7449c0c750f8",
            "id": "74502:0001_122739:fda1ffb9-ef46-4570-929c-7449c0c750f8",
            "security_policy_id": "0001_122739"
          },
          "sensitive_attributes": [],
          "private": "eyJzY2hlbWFfdmVyc2lvbiI6IjAifQ==",
          "dependencies": [
            "module.security.akamai_appsec_api_constraints_protection.main",
            "module.security.akamai_appsec_configuration.config",
            "module.security.akamai_appsec_ip_geo_protection.main",
            "module.security.akamai_appsec_malware_protection.main",
            "module.security.akamai_appsec_rate_protection.main",
            "module.security.akamai_appsec_reputation_protection.main",
            "module.security.akamai_appsec_security_policy.main",
            "module.security.akamai_appsec_slowpost_protection.main",
            "module.security.akamai_appsec_waf_protection.main",
            "module.security.akamai_botman_bot_management_settings.main",
            "module.security.data.akamai_group.group"
          ]
        }
      ]
    },
    {
      "module": "module.security",
      "mode": "managed",
      "type": "akamai_botman_bot_detection_action",
      "name": "main_internet_explorer_signature_anomaly_a856cedb-a315-404e-a8cd-c0c7472eca6b",
      "provider": "provider[\"registry.terraform.io/akamai/akamai\"]",
      "instances": [
        {
          "schema_version": 0,
          "attributes": {
            "bot_detection_action": "{\"action\":\"monitor\"}",
            "config_id": 74502,
            "detection_id": "a856cedb-a315-404e-a8cd-c0c7472eca6b",
            "id": "74502:0001_122739:a856cedb-a315-404e-a8cd-c0c7472eca6b",
            "security_policy_id": "0001_122739"
          },
          "sensitive_attributes": [],
          "private": "eyJzY2hlbWFfdmVyc2lvbiI6IjAifQ==",
          "dependencies": [
            "module.security.akamai_appsec_api_constraints_protection.main",
            "module.security.akamai_appsec_configuration.config",
            "module.security.akamai_appsec_ip_geo_protection.main",
            "module.security.akamai_appsec_malware_protection.main",
            "module.security.akamai_appsec_rate_protection.main",
            "module.security.akamai_appsec_reputation_protection.main",
            "module.security.akamai_appsec_security_policy.main",
            "module.security.akamai_appsec_slowpost_protection.main",
            "module.security.akamai_appsec_waf_protection.main",
            "module.security.akamai_botman_bot_management_settings.main",
            "module.security.data.akamai_group.group"
          ]
        }
      ]
    },
    {
      "module": "module.security",
      "mode": "managed",
      "type": "akamai_botman_bot_detection_action",
      "name": "main_internet_explorer_version_anomaly_bda9f294-7472-45a0-bd7e-68e8db336f6f",
      "provider": "provider[\"registry.terraform.io/akamai/akamai\"]",
      "instances": [
        {
          "schema_version": 0,
          "attributes": {
            "bot_detection_action": "{\"action\":\"monitor\"}",
            "config_id": 74502,
            "detection_id": "bda9f294-7472-45a0-bd7e-68e8db336f6f",
            "id": "74502:0001_122739:bda9f294-7472-45a0-bd7e-68e8db336f6f",
            "security_policy_id": "0001_122739"
          },
          "sensitive_attributes": [],
          "private": "eyJzY2hlbWFfdmVyc2lvbiI6IjAifQ==",
          "dependencies": [
            "module.security.akamai_appsec_api_constraints_protection.main",
            "module.security.akamai_appsec_configuration.config",
            "module.security.akamai_appsec_ip_geo_protection.main",
            "module.security.akamai_appsec_malware_protection.main",
            "module.security.akamai_appsec_rate_protection.main",
            "module.security.akamai_appsec_reputation_protection.main",
            "module.security.akamai_appsec_security_policy.main",
            "module.security.akamai_appsec_slowpost_protection.main",
            "module.security.akamai_appsec_waf_protection.main",
            "module.security.akamai_botman_bot_management_settings.main",
            "module.security.data.akamai_group.group"
          ]
        }
      ]
    },
    {
      "module": "module.security",
      "mode": "managed",
      "type": "akamai_botman_bot_detection_action",
      "name": "main_invalid_http_request_0f116fb8-8fc2-4aa8-b85a-22ee02cf8be8",
      "provider": "provider[\"registry.terraform.io/akamai/akamai\"]",
      "instances": [
        {
          "schema_version": 0,
          "attributes": {
            "bot_detection_action": "{\"action\":\"monitor\"}",
            "config_id": 74502,
            "detection_id": "0f116fb8-8fc2-4aa8-b85a-22ee02cf8be8",
            "id": "74502:0001_122739:0f116fb8-8fc2-4aa8-b85a-22ee02cf8be8",
            "security_policy_id": "0001_122739"
          },
          "sensitive_attributes": [],
          "private": "eyJzY2hlbWFfdmVyc2lvbiI6IjAifQ==",
          "dependencies": [
            "module.security.akamai_appsec_api_constraints_protection.main",
            "module.security.akamai_appsec_configuration.config",
            "module.security.akamai_appsec_ip_geo_protection.main",
            "module.security.akamai_appsec_malware_protection.main",
            "module.security.akamai_appsec_rate_protection.main",
            "module.security.akamai_appsec_reputation_protection.main",
            "module.security.akamai_appsec_security_policy.main",
            "module.security.akamai_appsec_slowpost_protection.main",
            "module.security.akamai_appsec_waf_protection.main",
            "module.security.akamai_botman_bot_management_settings.main",
            "module.security.data.akamai_group.group"
          ]
        }
      ]
    },
    {
      "module": "module.security",
      "mode": "managed",
      "type": "akamai_botman_bot_detection_action",
      "name": "main_invalid_http_request_20c6d350-dc73-403f-a3df-3c3eb9c92131",
      "provider": "provider[\"registry.terraform.io/akamai/akamai\"]",
      "instances": [
        {
          "schema_version": 0,
          "attributes": {
            "bot_detection_action": "{\"action\":\"monitor\"}",
            "config_id": 74502,
            "detection_id": "20c6d350-dc73-403f-a3df-3c3eb9c92131",
            "id": "74502:0001_122739:20c6d350-dc73-403f-a3df-3c3eb9c92131",
            "security_policy_id": "0001_122739"
          },
          "sensitive_attributes": [],
          "private": "eyJzY2hlbWFfdmVyc2lvbiI6IjAifQ==",
          "dependencies": [
            "module.security.akamai_appsec_api_constraints_protection.main",
            "module.security.akamai_appsec_configuration.config",
            "module.security.akamai_appsec_ip_geo_protection.main",
            "module.security.akamai_appsec_malware_protection.main",
            "module.security.akamai_appsec_rate_protection.main",
            "module.security.akamai_appsec_reputation_protection.main",
            "module.security.akamai_appsec_security_policy.main",
            "module.security.akamai_appsec_slowpost_protection.main",
            "module.security.akamai_appsec_waf_protection.main",
            "module.security.akamai_botman_bot_management_settings.main",
            "module.security.data.akamai_group.group"
          ]
        }
      ]
    },
    {
      "module": "module.security",
      "mode": "managed",
      "type": "akamai_botman_bot_detection_action",
      "name": "main_invalid_http_request_d39a6d53-ca93-41e1-8bc1-4119bdcc4155",
      "provider": "provider[\"registry.terraform.io/akamai/akamai\"]",
      "instances": [
        {
          "schema_version": 0,
          "attributes": {
            "bot_detection_action": "{\"action\":\"monitor\"}",
            "config_id": 74502,
            "detection_id": "d39a6d53-ca93-41e1-8bc1-4119bdcc4155",
            "id": "74502:0001_122739:d39a6d53-ca93-41e1-8bc1-4119bdcc4155",
            "security_policy_id": "0001_122739"
          },
          "sensitive_attributes": [],
          "private": "eyJzY2hlbWFfdmVyc2lvbiI6IjAifQ==",
          "dependencies": [
            "module.security.akamai_appsec_api_constraints_protection.main",
            "module.security.akamai_appsec_configuration.config",
            "module.security.akamai_appsec_ip_geo_protection.main",
            "module.security.akamai_appsec_malware_protection.main",
            "module.security.akamai_appsec_rate_protection.main",
            "module.security.akamai_appsec_reputation_protection.main",
            "module.security.akamai_appsec_security_policy.main",
            "module.security.akamai_appsec_slowpost_protection.main",
            "module.security.akamai_appsec_waf_protection.main",
            "module.security.akamai_botman_bot_management_settings.main",
            "module.security.data.akamai_group.group"
          ]
        }
      ]
    },
    {
      "module": "module.security",
      "mode": "managed",
      "type": "akamai_botman_bot_detection_action",
      "name": "main_invalid_http_request_f12ade8f-0c27-4cc7-897d-661ed1338df6",
      "provider": "provider[\"registry.terraform.io/akamai/akamai\"]",
      "instances": [
        {
          "schema_version": 0,
          "attributes": {
            "bot_detection_action": "{\"action\":\"monitor\"}",
            "config_id": 74502,
            "detection_id": "f12ade8f-0c27-4cc7-897d-661ed1338df6",
            "id": "74502:0001_122739:f12ade8f-0c27-4cc7-897d-661ed1338df6",
            "security_policy_id": "0001_122739"
          },
          "sensitive_attributes": [],
          "private": "eyJzY2hlbWFfdmVyc2lvbiI6IjAifQ==",
          "dependencies": [
            "module.security.akamai_appsec_api_constraints_protection.main",
            "module.security.akamai_appsec_configuration.config",
            "module.security.akamai_appsec_ip_geo_protection.main",
            "module.security.akamai_appsec_malware_protection.main",
            "module.security.akamai_appsec_rate_protection.main",
            "module.security.akamai_appsec_reputation_protection.main",
            "module.security.akamai_appsec_security_policy.main",
            "module.security.akamai_appsec_slowpost_protection.main",
            "module.security.akamai_appsec_waf_protection.main",
            "module.security.akamai_botman_bot_management_settings.main",
            "module.security.data.akamai_group.group"
          ]
        }
      ]
    },
    {
      "module": "module.security",
      "mode": "managed",
      "type": "akamai_botman_bot_detection_action",
      "name": "main_javascript_fingerprint_anomaly_393cba3d-656f-48f1-abe4-8dd5028c6871",
      "provider": "provider[\"registry.terraform.io/akamai/akamai\"]",
      "instances": [
        {
          "schema_version": 0,
          "attributes": {
            "bot_detection_action": "{\"action\":\"monitor\"}",
            "config_id": 74502,
            "detection_id": "393cba3d-656f-48f1-abe4-8dd5028c6871",
            "id": "74502:0001_122739:393cba3d-656f-48f1-abe4-8dd5028c6871",
            "security_policy_id": "0001_122739"
          },
          "sensitive_attributes": [],
          "private": "eyJzY2hlbWFfdmVyc2lvbiI6IjAifQ==",
          "dependencies": [
            "module.security.akamai_appsec_api_constraints_protection.main",
            "module.security.akamai_appsec_configuration.config",
            "module.security.akamai_appsec_ip_geo_protection.main",
            "module.security.akamai_appsec_malware_protection.main",
            "module.security.akamai_appsec_rate_protection.main",
            "module.security.akamai_appsec_reputation_protection.main",
            "module.security.akamai_appsec_security_policy.main",
            "module.security.akamai_appsec_slowpost_protection.main",
            "module.security.akamai_appsec_waf_protection.main",
            "module.security.akamai_botman_bot_management_settings.main",
            "module.security.data.akamai_group.group"
          ]
        }
      ]
    },
    {
      "module": "module.security",
      "mode": "managed",
      "type": "akamai_botman_bot_detection_action",
      "name": "main_javascript_fingerprint_not_received_c7f70f75-e3e2-4181-8ef8-30afb6576147",
      "provider": "provider[\"registry.terraform.io/akamai/akamai\"]",
      "instances": [
        {
          "schema_version": 0,
          "attributes": {
            "bot_detection_action": "{\"action\":\"monitor\"}",
            "config_id": 74502,
            "detection_id": "c7f70f75-e3e2-4181-8ef8-30afb6576147",
            "id": "74502:0001_122739:c7f70f75-e3e2-4181-8ef8-30afb6576147",
            "security_policy_id": "0001_122739"
          },
          "sensitive_attributes": [],
          "private": "eyJzY2hlbWFfdmVyc2lvbiI6IjAifQ==",
          "dependencies": [
            "module.security.akamai_appsec_api_constraints_protection.main",
            "module.security.akamai_appsec_configuration.config",
            "module.security.akamai_appsec_ip_geo_protection.main",
            "module.security.akamai_appsec_malware_protection.main",
            "module.security.akamai_appsec_rate_protection.main",
            "module.security.akamai_appsec_reputation_protection.main",
            "module.security.akamai_appsec_security_policy.main",
            "module.security.akamai_appsec_slowpost_protection.main",
            "module.security.akamai_appsec_waf_protection.main",
            "module.security.akamai_botman_bot_management_settings.main",
            "module.security.data.akamai_group.group"
          ]
        }
      ]
    },
    {
      "module": "module.security",
      "mode": "managed",
      "type": "akamai_botman_bot_detection_action",
      "name": "main_missing_acceptencoding_header_305757fb-cd91-4e5e-8390-64609e949c2f",
      "provider": "provider[\"registry.terraform.io/akamai/akamai\"]",
      "instances": [
        {
          "schema_version": 0,
          "attributes": {
            "bot_detection_action": "{\"action\":\"monitor\"}",
            "config_id": 74502,
            "detection_id": "305757fb-cd91-4e5e-8390-64609e949c2f",
            "id": "74502:0001_122739:305757fb-cd91-4e5e-8390-64609e949c2f",
            "security_policy_id": "0001_122739"
          },
          "sensitive_attributes": [],
          "private": "eyJzY2hlbWFfdmVyc2lvbiI6IjAifQ==",
          "dependencies": [
            "module.security.akamai_appsec_api_constraints_protection.main",
            "module.security.akamai_appsec_configuration.config",
            "module.security.akamai_appsec_ip_geo_protection.main",
            "module.security.akamai_appsec_malware_protection.main",
            "module.security.akamai_appsec_rate_protection.main",
            "module.security.akamai_appsec_reputation_protection.main",
            "module.security.akamai_appsec_security_policy.main",
            "module.security.akamai_appsec_slowpost_protection.main",
            "module.security.akamai_appsec_waf_protection.main",
            "module.security.akamai_botman_bot_management_settings.main",
            "module.security.data.akamai_group.group"
          ]
        }
      ]
    },
    {
      "module": "module.security",
      "mode": "managed",
      "type": "akamai_botman_bot_detection_action",
      "name": "main_missing_acceptlanguage_header_47fee787-63ab-4a67-a1b3-5d97a6daaf77",
      "provider": "provider[\"registry.terraform.io/akamai/akamai\"]",
      "instances": [
        {
          "schema_version": 0,
          "attributes": {
            "bot_detection_action": "{\"action\":\"monitor\"}",
            "config_id": 74502,
            "detection_id": "47fee787-63ab-4a67-a1b3-5d97a6daaf77",
            "id": "74502:0001_122739:47fee787-63ab-4a67-a1b3-5d97a6daaf77",
            "security_policy_id": "0001_122739"
          },
          "sensitive_attributes": [],
          "private": "eyJzY2hlbWFfdmVyc2lvbiI6IjAifQ==",
          "dependencies": [
            "module.security.akamai_appsec_api_constraints_protection.main",
            "module.security.akamai_appsec_configuration.config",
            "module.security.akamai_appsec_ip_geo_protection.main",
            "module.security.akamai_appsec_malware_protection.main",
            "module.security.akamai_appsec_rate_protection.main",
            "module.security.akamai_appsec_reputation_protection.main",
            "module.security.akamai_appsec_security_policy.main",
            "module.security.akamai_appsec_slowpost_protection.main",
            "module.security.akamai_appsec_waf_protection.main",
            "module.security.akamai_botman_bot_management_settings.main",
            "module.security.data.akamai_group.group"
          ]
        }
      ]
    },
    {
      "module": "module.security",
      "mode": "managed",
      "type": "akamai_botman_bot_detection_action",
      "name": "main_missing_connection_header_b4b38b0b-8ef4-4b7b-87b5-722c710505d6",
      "provider": "provider[\"registry.terraform.io/akamai/akamai\"]",
      "instances": [
        {
          "schema_version": 0,
          "attributes": {
            "bot_detection_action": "{\"action\":\"monitor\"}",
            "config_id": 74502,
            "detection_id": "b4b38b0b-8ef4-4b7b-87b5-722c710505d6",
            "id": "74502:0001_122739:b4b38b0b-8ef4-4b7b-87b5-722c710505d6",
            "security_policy_id": "0001_122739"
          },
          "sensitive_attributes": [],
          "private": "eyJzY2hlbWFfdmVyc2lvbiI6IjAifQ==",
          "dependencies": [
            "module.security.akamai_appsec_api_constraints_protection.main",
            "module.security.akamai_appsec_configuration.config",
            "module.security.akamai_appsec_ip_geo_protection.main",
            "module.security.akamai_appsec_malware_protection.main",
            "module.security.akamai_appsec_rate_protection.main",
            "module.security.akamai_appsec_reputation_protection.main",
            "module.security.akamai_appsec_security_policy.main",
            "module.security.akamai_appsec_slowpost_protection.main",
            "module.security.akamai_appsec_waf_protection.main",
            "module.security.akamai_botman_bot_management_settings.main",
            "module.security.data.akamai_group.group"
          ]
        }
      ]
    },
    {
      "module": "module.security",
      "mode": "managed",
      "type": "akamai_botman_bot_detection_action",
      "name": "main_missing_cookie_header_57ba6bcb-0d7c-41ac-90ed-aaecd00f97dd",
      "provider": "provider[\"registry.terraform.io/akamai/akamai\"]",
      "instances": [
        {
          "schema_version": 0,
          "attributes": {
            "bot_detection_action": "{\"action\":\"monitor\"}",
            "config_id": 74502,
            "detection_id": "57ba6bcb-0d7c-41ac-90ed-aaecd00f97dd",
            "id": "74502:0001_122739:57ba6bcb-0d7c-41ac-90ed-aaecd00f97dd",
            "security_policy_id": "0001_122739"
          },
          "sensitive_attributes": [],
          "private": "eyJzY2hlbWFfdmVyc2lvbiI6IjAifQ==",
          "dependencies": [
            "module.security.akamai_appsec_api_constraints_protection.main",
            "module.security.akamai_appsec_configuration.config",
            "module.security.akamai_appsec_ip_geo_protection.main",
            "module.security.akamai_appsec_malware_protection.main",
            "module.security.akamai_appsec_rate_protection.main",
            "module.security.akamai_appsec_reputation_protection.main",
            "module.security.akamai_appsec_security_policy.main",
            "module.security.akamai_appsec_slowpost_protection.main",
            "module.security.akamai_appsec_waf_protection.main",
            "module.security.akamai_botman_bot_management_settings.main",
            "module.security.data.akamai_group.group"
          ]
        }
      ]
    },
    {
      "module": "module.security",
      "mode": "managed",
      "type": "akamai_botman_bot_detection_action",
      "name": "main_missing_referer_header_d98b103e-d02a-47d1-9b17-3c74291d3d32",
      "provider": "provider[\"registry.terraform.io/akamai/akamai\"]",
      "instances": [
        {
          "schema_version": 0,
          "attributes": {
            "bot_detection_action": "{\"action\":\"monitor\"}",
            "config_id": 74502,
            "detection_id": "d98b103e-d02a-47d1-9b17-3c74291d3d32",
            "id": "74502:0001_122739:d98b103e-d02a-47d1-9b17-3c74291d3d32",
            "security_policy_id": "0001_122739"
          },
          "sensitive_attributes": [],
          "private": "eyJzY2hlbWFfdmVyc2lvbiI6IjAifQ==",
          "dependencies": [
            "module.security.akamai_appsec_api_constraints_protection.main",
            "module.security.akamai_appsec_configuration.config",
            "module.security.akamai_appsec_ip_geo_protection.main",
            "module.security.akamai_appsec_malware_protection.main",
            "module.security.akamai_appsec_rate_protection.main",
            "module.security.akamai_appsec_reputation_protection.main",
            "module.security.akamai_appsec_security_policy.main",
            "module.security.akamai_appsec_slowpost_protection.main",
            "module.security.akamai_appsec_waf_protection.main",
            "module.security.akamai_botman_bot_management_settings.main",
            "module.security.data.akamai_group.group"
          ]
        }
      ]
    },
    {
      "module": "module.security",
      "mode": "managed",
      "type": "akamai_botman_bot_detection_action",
      "name": "main_missingcontains_empty_accept_header_705c0f62-6735-4670-9b5b-c61b8b225cd4",
      "provider": "provider[\"registry.terraform.io/akamai/akamai\"]",
      "instances": [
        {
          "schema_version": 0,
          "attributes": {
            "bot_detection_action": "{\"action\":\"monitor\"}",
            "config_id": 74502,
            "detection_id": "705c0f62-6735-4670-9b5b-c61b8b225cd4",
            "id": "74502:0001_122739:705c0f62-6735-4670-9b5b-c61b8b225cd4",
            "security_policy_id": "0001_122739"
          },
          "sensitive_attributes": [],
          "private": "eyJzY2hlbWFfdmVyc2lvbiI6IjAifQ==",
          "dependencies": [
            "module.security.akamai_appsec_api_constraints_protection.main",
            "module.security.akamai_appsec_configuration.config",
            "module.security.akamai_appsec_ip_geo_protection.main",
            "module.security.akamai_appsec_malware_protection.main",
            "module.security.akamai_appsec_rate_protection.main",
            "module.security.akamai_appsec_reputation_protection.main",
            "module.security.akamai_appsec_security_policy.main",
            "module.security.akamai_appsec_slowpost_protection.main",
            "module.security.akamai_appsec_waf_protection.main",
            "module.security.akamai_botman_bot_management_settings.main",
            "module.security.data.akamai_group.group"
          ]
        }
      ]
    },
    {
      "module": "module.security",
      "mode": "managed",
      "type": "akamai_botman_bot_detection_action",
      "name": "main_missingcontains_empty_useragent_header_a17f3a02-f8ca-400e-96c4-9d2200ff3768",
      "provider": "provider[\"registry.terraform.io/akamai/akamai\"]",
      "instances": [
        {
          "schema_version": 0,
          "attributes": {
            "bot_detection_action": "{\"action\":\"monitor\"}",
            "config_id": 74502,
            "detection_id": "a17f3a02-f8ca-400e-96c4-9d2200ff3768",
            "id": "74502:0001_122739:a17f3a02-f8ca-400e-96c4-9d2200ff3768",
            "security_policy_id": "0001_122739"
          },
          "sensitive_attributes": [],
          "private": "eyJzY2hlbWFfdmVyc2lvbiI6IjAifQ==",
          "dependencies": [
            "module.security.akamai_appsec_api_constraints_protection.main",
            "module.security.akamai_appsec_configuration.config",
            "module.security.akamai_appsec_ip_geo_protection.main",
            "module.security.akamai_appsec_malware_protection.main",
            "module.security.akamai_appsec_rate_protection.main",
            "module.security.akamai_appsec_reputation_protection.main",
            "module.security.akamai_appsec_security_policy.main",
            "module.security.akamai_appsec_slowpost_protection.main",
            "module.security.akamai_appsec_waf_protection.main",
            "module.security.akamai_botman_bot_management_settings.main",
            "module.security.data.akamai_group.group"
          ]
        }
      ]
    },
    {
      "module": "module.security",
      "mode": "managed",
      "type": "akamai_botman_bot_detection_action",
      "name": "main_mozilla_version_anomaly_994c56b3-4b37-4e8f-8f67-07378b08da9d",
      "provider": "provider[\"registry.terraform.io/akamai/akamai\"]",
      "instances": [
        {
          "schema_version": 0,
          "attributes": {
            "bot_detection_action": "{\"action\":\"monitor\"}",
            "config_id": 74502,
            "detection_id": "994c56b3-4b37-4e8f-8f67-07378b08da9d",
            "id": "74502:0001_122739:994c56b3-4b37-4e8f-8f67-07378b08da9d",
            "security_policy_id": "0001_122739"
          },
          "sensitive_attributes": [],
          "private": "eyJzY2hlbWFfdmVyc2lvbiI6IjAifQ==",
          "dependencies": [
            "module.security.akamai_appsec_api_constraints_protection.main",
            "module.security.akamai_appsec_configuration.config",
            "module.security.akamai_appsec_ip_geo_protection.main",
            "module.security.akamai_appsec_malware_protection.main",
            "module.security.akamai_appsec_rate_protection.main",
            "module.security.akamai_appsec_reputation_protection.main",
            "module.security.akamai_appsec_security_policy.main",
            "module.security.akamai_appsec_slowpost_protection.main",
            "module.security.akamai_appsec_waf_protection.main",
            "module.security.akamai_botman_bot_management_settings.main",
            "module.security.data.akamai_group.group"
          ]
        }
      ]
    },
    {
      "module": "module.security",
      "mode": "managed",
      "type": "akamai_botman_bot_detection_action",
      "name": "main_ms_edge_signature_anomaly_e899769f-d537-4204-8548-7b3b8c879121",
      "provider": "provider[\"registry.terraform.io/akamai/akamai\"]",
      "instances": [
        {
          "schema_version": 0,
          "attributes": {
            "bot_detection_action": "{\"action\":\"monitor\"}",
            "config_id": 74502,
            "detection_id": "e899769f-d537-4204-8548-7b3b8c879121",
            "id": "74502:0001_122739:e899769f-d537-4204-8548-7b3b8c879121",
            "security_policy_id": "0001_122739"
          },
          "sensitive_attributes": [],
          "private": "eyJzY2hlbWFfdmVyc2lvbiI6IjAifQ==",
          "dependencies": [
            "module.security.akamai_appsec_api_constraints_protection.main",
            "module.security.akamai_appsec_configuration.config",
            "module.security.akamai_appsec_ip_geo_protection.main",
            "module.security.akamai_appsec_malware_protection.main",
            "module.security.akamai_appsec_rate_protection.main",
            "module.security.akamai_appsec_reputation_protection.main",
            "module.security.akamai_appsec_security_policy.main",
            "module.security.akamai_appsec_slowpost_protection.main",
            "module.security.akamai_appsec_waf_protection.main",
            "module.security.akamai_botman_bot_management_settings.main",
            "module.security.data.akamai_group.group"
          ]
        }
      ]
    },
    {
      "module": "module.security",
      "mode": "managed",
      "type": "akamai_botman_bot_detection_action",
      "name": "main_open_source_crawlersscraping_platforms_601192ae-f5e2-4a29-8f75-a0bcd3584c2b",
      "provider": "provider[\"registry.terraform.io/akamai/akamai\"]",
      "instances": [
        {
          "schema_version": 0,
          "attributes": {
            "bot_detection_action": "{\"action\":\"monitor\"}",
            "config_id": 74502,
            "detection_id": "601192ae-f5e2-4a29-8f75-a0bcd3584c2b",
            "id": "74502:0001_122739:601192ae-f5e2-4a29-8f75-a0bcd3584c2b",
            "security_policy_id": "0001_122739"
          },
          "sensitive_attributes": [],
          "private": "eyJzY2hlbWFfdmVyc2lvbiI6IjAifQ==",
          "dependencies": [
            "module.security.akamai_appsec_api_constraints_protection.main",
            "module.security.akamai_appsec_configuration.config",
            "module.security.akamai_appsec_ip_geo_protection.main",
            "module.security.akamai_appsec_malware_protection.main",
            "module.security.akamai_appsec_rate_protection.main",
            "module.security.akamai_appsec_reputation_protection.main",
            "module.security.akamai_appsec_security_policy.main",
            "module.security.akamai_appsec_slowpost_protection.main",
            "module.security.akamai_appsec_waf_protection.main",
            "module.security.akamai_botman_bot_management_settings.main",
            "module.security.data.akamai_group.group"
          ]
        }
      ]
    },
    {
      "module": "module.security",
      "mode": "managed",
      "type": "akamai_botman_bot_detection_action",
      "name": "main_opera_v9_and_above_signature_anomaly_eb63ce9c-2119-420b-9fcc-a96ea5aa8453",
      "provider": "provider[\"registry.terraform.io/akamai/akamai\"]",
      "instances": [
        {
          "schema_version": 0,
          "attributes": {
            "bot_detection_action": "{\"action\":\"monitor\"}",
            "config_id": 74502,
            "detection_id": "eb63ce9c-2119-420b-9fcc-a96ea5aa8453",
            "id": "74502:0001_122739:eb63ce9c-2119-420b-9fcc-a96ea5aa8453",
            "security_policy_id": "0001_122739"
          },
          "sensitive_attributes": [],
          "private": "eyJzY2hlbWFfdmVyc2lvbiI6IjAifQ==",
          "dependencies": [
            "module.security.akamai_appsec_api_constraints_protection.main",
            "module.security.akamai_appsec_configuration.config",
            "module.security.akamai_appsec_ip_geo_protection.main",
            "module.security.akamai_appsec_malware_protection.main",
            "module.security.akamai_appsec_rate_protection.main",
            "module.security.akamai_appsec_reputation_protection.main",
            "module.security.akamai_appsec_security_policy.main",
            "module.security.akamai_appsec_slowpost_protection.main",
            "module.security.akamai_appsec_waf_protection.main",
            "module.security.akamai_botman_bot_management_settings.main",
            "module.security.data.akamai_group.group"
          ]
        }
      ]
    },
    {
      "module": "module.security",
      "mode": "managed",
      "type": "akamai_botman_bot_detection_action",
      "name": "main_originates_from_cloud_iaas_provider_network_1f4dd032-7cd0-4277-b703-7bb738a8ba71",
      "provider": "provider[\"registry.terraform.io/akamai/akamai\"]",
      "instances": [
        {
          "schema_version": 0,
          "attributes": {
            "bot_detection_action": "{\"action\":\"monitor\"}",
            "config_id": 74502,
            "detection_id": "1f4dd032-7cd0-4277-b703-7bb738a8ba71",
            "id": "74502:0001_122739:1f4dd032-7cd0-4277-b703-7bb738a8ba71",
            "security_policy_id": "0001_122739"
          },
          "sensitive_attributes": [],
          "private": "eyJzY2hlbWFfdmVyc2lvbiI6IjAifQ==",
          "dependencies": [
            "module.security.akamai_appsec_api_constraints_protection.main",
            "module.security.akamai_appsec_configuration.config",
            "module.security.akamai_appsec_ip_geo_protection.main",
            "module.security.akamai_appsec_malware_protection.main",
            "module.security.akamai_appsec_rate_protection.main",
            "module.security.akamai_appsec_reputation_protection.main",
            "module.security.akamai_appsec_security_policy.main",
            "module.security.akamai_appsec_slowpost_protection.main",
            "module.security.akamai_appsec_waf_protection.main",
            "module.security.akamai_botman_bot_management_settings.main",
            "module.security.data.akamai_group.group"
          ]
        }
      ]
    },
    {
      "module": "module.security",
      "mode": "managed",
      "type": "akamai_botman_bot_detection_action",
      "name": "main_perl_lwp_detected_4f1d7c15-356d-4bb2-b52c-ff12dbf2fd29",
      "provider": "provider[\"registry.terraform.io/akamai/akamai\"]",
      "instances": [
        {
          "schema_version": 0,
          "attributes": {
            "bot_detection_action": "{\"action\":\"monitor\"}",
            "config_id": 74502,
            "detection_id": "4f1d7c15-356d-4bb2-b52c-ff12dbf2fd29",
            "id": "74502:0001_122739:4f1d7c15-356d-4bb2-b52c-ff12dbf2fd29",
            "security_policy_id": "0001_122739"
          },
          "sensitive_attributes": [],
          "private": "eyJzY2hlbWFfdmVyc2lvbiI6IjAifQ==",
          "dependencies": [
            "module.security.akamai_appsec_api_constraints_protection.main",
            "module.security.akamai_appsec_configuration.config",
            "module.security.akamai_appsec_ip_geo_protection.main",
            "module.security.akamai_appsec_malware_protection.main",
            "module.security.akamai_appsec_rate_protection.main",
            "module.security.akamai_appsec_reputation_protection.main",
            "module.security.akamai_appsec_security_policy.main",
            "module.security.akamai_appsec_slowpost_protection.main",
            "module.security.akamai_appsec_waf_protection.main",
            "module.security.akamai_botman_bot_management_settings.main",
            "module.security.data.akamai_group.group"
          ]
        }
      ]
    },
    {
      "module": "module.security",
      "mode": "managed",
      "type": "akamai_botman_bot_detection_action",
      "name": "main_phantomjs_detected_715b8ee1-5881-407d-b6b8-5db24b17cff5",
      "provider": "provider[\"registry.terraform.io/akamai/akamai\"]",
      "instances": [
        {
          "schema_version": 0,
          "attributes": {
            "bot_detection_action": "{\"action\":\"monitor\"}",
            "config_id": 74502,
            "detection_id": "715b8ee1-5881-407d-b6b8-5db24b17cff5",
            "id": "74502:0001_122739:715b8ee1-5881-407d-b6b8-5db24b17cff5",
            "security_policy_id": "0001_122739"
          },
          "sensitive_attributes": [],
          "private": "eyJzY2hlbWFfdmVyc2lvbiI6IjAifQ==",
          "dependencies": [
            "module.security.akamai_appsec_api_constraints_protection.main",
            "module.security.akamai_appsec_configuration.config",
            "module.security.akamai_appsec_ip_geo_protection.main",
            "module.security.akamai_appsec_malware_protection.main",
            "module.security.akamai_appsec_rate_protection.main",
            "module.security.akamai_appsec_reputation_protection.main",
            "module.security.akamai_appsec_security_policy.main",
            "module.security.akamai_appsec_slowpost_protection.main",
            "module.security.akamai_appsec_waf_protection.main",
            "module.security.akamai_botman_bot_management_settings.main",
            "module.security.data.akamai_group.group"
          ]
        }
      ]
    },
    {
      "module": "module.security",
      "mode": "managed",
      "type": "akamai_botman_bot_detection_action",
      "name": "main_python_urllib_detected_82636d9c-90c9-449f-b2c0-8ecfe4ecec92",
      "provider": "provider[\"registry.terraform.io/akamai/akamai\"]",
      "instances": [
        {
          "schema_version": 0,
          "attributes": {
            "bot_detection_action": "{\"action\":\"monitor\"}",
            "config_id": 74502,
            "detection_id": "82636d9c-90c9-449f-b2c0-8ecfe4ecec92",
            "id": "74502:0001_122739:82636d9c-90c9-449f-b2c0-8ecfe4ecec92",
            "security_policy_id": "0001_122739"
          },
          "sensitive_attributes": [],
          "private": "eyJzY2hlbWFfdmVyc2lvbiI6IjAifQ==",
          "dependencies": [
            "module.security.akamai_appsec_api_constraints_protection.main",
            "module.security.akamai_appsec_configuration.config",
            "module.security.akamai_appsec_ip_geo_protection.main",
            "module.security.akamai_appsec_malware_protection.main",
            "module.security.akamai_appsec_rate_protection.main",
            "module.security.akamai_appsec_reputation_protection.main",
            "module.security.akamai_appsec_security_policy.main",
            "module.security.akamai_appsec_slowpost_protection.main",
            "module.security.akamai_appsec_waf_protection.main",
            "module.security.akamai_botman_bot_management_settings.main",
            "module.security.data.akamai_group.group"
          ]
        }
      ]
    },
    {
      "module": "module.security",
      "mode": "managed",
      "type": "akamai_botman_bot_detection_action",
      "name": "main_request_anomaly_deprecated_3f799d4b-33b9-496b-af87-9ad174779e3d",
      "provider": "provider[\"registry.terraform.io/akamai/akamai\"]",
      "instances": [
        {
          "schema_version": 0,
          "attributes": {
            "bot_detection_action": "{\"action\":\"none\"}",
            "config_id": 74502,
            "detection_id": "3f799d4b-33b9-496b-af87-9ad174779e3d",
            "id": "74502:0001_122739:3f799d4b-33b9-496b-af87-9ad174779e3d",
            "security_policy_id": "0001_122739"
          },
          "sensitive_attributes": [],
          "private": "eyJzY2hlbWFfdmVyc2lvbiI6IjAifQ==",
          "dependencies": [
            "module.security.akamai_appsec_api_constraints_protection.main",
            "module.security.akamai_appsec_configuration.config",
            "module.security.akamai_appsec_ip_geo_protection.main",
            "module.security.akamai_appsec_malware_protection.main",
            "module.security.akamai_appsec_rate_protection.main",
            "module.security.akamai_appsec_reputation_protection.main",
            "module.security.akamai_appsec_security_policy.main",
            "module.security.akamai_appsec_slowpost_protection.main",
            "module.security.akamai_appsec_waf_protection.main",
            "module.security.akamai_botman_bot_management_settings.main",
            "module.security.data.akamai_group.group"
          ]
        }
      ]
    },
    {
      "module": "module.security",
      "mode": "managed",
      "type": "akamai_botman_bot_detection_action",
      "name": "main_ruby_net_detected_e8dbf4fd-1aaf-41bf-baa1-a17503b2c7f8",
      "provider": "provider[\"registry.terraform.io/akamai/akamai\"]",
      "instances": [
        {
          "schema_version": 0,
          "attributes": {
            "bot_detection_action": "{\"action\":\"monitor\"}",
            "config_id": 74502,
            "detection_id": "e8dbf4fd-1aaf-41bf-baa1-a17503b2c7f8",
            "id": "74502:0001_122739:e8dbf4fd-1aaf-41bf-baa1-a17503b2c7f8",
            "security_policy_id": "0001_122739"
          },
          "sensitive_attributes": [],
          "private": "eyJzY2hlbWFfdmVyc2lvbiI6IjAifQ==",
          "dependencies": [
            "module.security.akamai_appsec_api_constraints_protection.main",
            "module.security.akamai_appsec_configuration.config",
            "module.security.akamai_appsec_ip_geo_protection.main",
            "module.security.akamai_appsec_malware_protection.main",
            "module.security.akamai_appsec_rate_protection.main",
            "module.security.akamai_appsec_reputation_protection.main",
            "module.security.akamai_appsec_security_policy.main",
            "module.security.akamai_appsec_slowpost_protection.main",
            "module.security.akamai_appsec_waf_protection.main",
            "module.security.akamai_botman_bot_management_settings.main",
            "module.security.data.akamai_group.group"
          ]
        }
      ]
    },
    {
      "module": "module.security",
      "mode": "managed",
      "type": "akamai_botman_bot_detection_action",
      "name": "main_safari_signature_anomaly_2814da26-5280-449d-a0d3-a64ddea3c128",
      "provider": "provider[\"registry.terraform.io/akamai/akamai\"]",
      "instances": [
        {
          "schema_version": 0,
          "attributes": {
            "bot_detection_action": "{\"action\":\"monitor\"}",
            "config_id": 74502,
            "detection_id": "2814da26-5280-449d-a0d3-a64ddea3c128",
            "id": "74502:0001_122739:2814da26-5280-449d-a0d3-a64ddea3c128",
            "security_policy_id": "0001_122739"
          },
          "sensitive_attributes": [],
          "private": "eyJzY2hlbWFfdmVyc2lvbiI6IjAifQ==",
          "dependencies": [
            "module.security.akamai_appsec_api_constraints_protection.main",
            "module.security.akamai_appsec_configuration.config",
            "module.security.akamai_appsec_ip_geo_protection.main",
            "module.security.akamai_appsec_malware_protection.main",
            "module.security.akamai_appsec_rate_protection.main",
            "module.security.akamai_appsec_reputation_protection.main",
            "module.security.akamai_appsec_security_policy.main",
            "module.security.akamai_appsec_slowpost_protection.main",
            "module.security.akamai_appsec_waf_protection.main",
            "module.security.akamai_botman_bot_management_settings.main",
            "module.security.data.akamai_group.group"
          ]
        }
      ]
    },
    {
      "module": "module.security",
      "mode": "managed",
      "type": "akamai_botman_bot_detection_action",
      "name": "main_safari_version_anomaly_444e9509-1d9f-44b8-8f73-bbf71dc3f4d1",
      "provider": "provider[\"registry.terraform.io/akamai/akamai\"]",
      "instances": [
        {
          "schema_version": 0,
          "attributes": {
            "bot_detection_action": "{\"action\":\"monitor\"}",
            "config_id": 74502,
            "detection_id": "444e9509-1d9f-44b8-8f73-bbf71dc3f4d1",
            "id": "74502:0001_122739:444e9509-1d9f-44b8-8f73-bbf71dc3f4d1",
            "security_policy_id": "0001_122739"
          },
          "sensitive_attributes": [],
          "private": "eyJzY2hlbWFfdmVyc2lvbiI6IjAifQ==",
          "dependencies": [
            "module.security.akamai_appsec_api_constraints_protection.main",
            "module.security.akamai_appsec_configuration.config",
            "module.security.akamai_appsec_ip_geo_protection.main",
            "module.security.akamai_appsec_malware_protection.main",
            "module.security.akamai_appsec_rate_protection.main",
            "module.security.akamai_appsec_reputation_protection.main",
            "module.security.akamai_appsec_security_policy.main",
            "module.security.akamai_appsec_slowpost_protection.main",
            "module.security.akamai_appsec_waf_protection.main",
            "module.security.akamai_botman_bot_management_settings.main",
            "module.security.data.akamai_group.group"
          ]
        }
      ]
    },
    {
      "module": "module.security",
      "mode": "managed",
      "type": "akamai_botman_bot_detection_action",
      "name": "main_session_cookie_abuse_detection_7af8f977-0d3f-446f-ae48-7e6973c75479",
      "provider": "provider[\"registry.terraform.io/akamai/akamai\"]",
      "instances": [
        {
          "schema_version": 0,
          "attributes": {
            "bot_detection_action": "{\"action\":\"monitor\"}",
            "config_id": 74502,
            "detection_id": "7af8f977-0d3f-446f-ae48-7e6973c75479",
            "id": "74502:0001_122739:7af8f977-0d3f-446f-ae48-7e6973c75479",
            "security_policy_id": "0001_122739"
          },
          "sensitive_attributes": [],
          "private": "eyJzY2hlbWFfdmVyc2lvbiI6IjAifQ==",
          "dependencies": [
            "module.security.akamai_appsec_api_constraints_protection.main",
            "module.security.akamai_appsec_configuration.config",
            "module.security.akamai_appsec_ip_geo_protection.main",
            "module.security.akamai_appsec_malware_protection.main",
            "module.security.akamai_appsec_rate_protection.main",
            "module.security.akamai_appsec_reputation_protection.main",
            "module.security.akamai_appsec_security_policy.main",
            "module.security.akamai_appsec_slowpost_protection.main",
            "module.security.akamai_appsec_waf_protection.main",
            "module.security.akamai_botman_bot_management_settings.main",
            "module.security.data.akamai_group.group"
          ]
        }
      ]
    },
    {
      "module": "module.security",
      "mode": "managed",
      "type": "akamai_botman_bot_detection_action",
      "name": "main_session_validation_1bb748e2-b3ad-41db-85fa-c69e62be59dc",
      "provider": "provider[\"registry.terraform.io/akamai/akamai\"]",
      "instances": [
        {
          "schema_version": 0,
          "attributes": {
            "bot_detection_action": "{\"action\":\"monitor\",\"sessionActivitySensitivity\":\"MEDIUM\"}",
            "config_id": 74502,
            "detection_id": "1bb748e2-b3ad-41db-85fa-c69e62be59dc",
            "id": "74502:0001_122739:1bb748e2-b3ad-41db-85fa-c69e62be59dc",
            "security_policy_id": "0001_122739"
          },
          "sensitive_attributes": [],
          "private": "eyJzY2hlbWFfdmVyc2lvbiI6IjAifQ==",
          "dependencies": [
            "module.security.akamai_appsec_api_constraints_protection.main",
            "module.security.akamai_appsec_configuration.config",
            "module.security.akamai_appsec_ip_geo_protection.main",
            "module.security.akamai_appsec_malware_protection.main",
            "module.security.akamai_appsec_rate_protection.main",
            "module.security.akamai_appsec_reputation_protection.main",
            "module.security.akamai_appsec_security_policy.main",
            "module.security.akamai_appsec_slowpost_protection.main",
            "module.security.akamai_appsec_waf_protection.main",
            "module.security.akamai_botman_bot_management_settings.main",
            "module.security.data.akamai_group.group"
          ]
        }
      ]
    },
    {
      "module": "module.security",
      "mode": "managed",
      "type": "akamai_botman_bot_detection_action",
      "name": "main_useragent_header_anomaly_56c2a7f3-9d4f-4685-9544-521bcb00c612",
      "provider": "provider[\"registry.terraform.io/akamai/akamai\"]",
      "instances": [
        {
          "schema_version": 0,
          "attributes": {
            "bot_detection_action": "{\"action\":\"monitor\"}",
            "config_id": 74502,
            "detection_id": "56c2a7f3-9d4f-4685-9544-521bcb00c612",
            "id": "74502:0001_122739:56c2a7f3-9d4f-4685-9544-521bcb00c612",
            "security_policy_id": "0001_122739"
          },
          "sensitive_attributes": [],
          "private": "eyJzY2hlbWFfdmVyc2lvbiI6IjAifQ==",
          "dependencies": [
            "module.security.akamai_appsec_api_constraints_protection.main",
            "module.security.akamai_appsec_configuration.config",
            "module.security.akamai_appsec_ip_geo_protection.main",
            "module.security.akamai_appsec_malware_protection.main",
            "module.security.akamai_appsec_rate_protection.main",
            "module.security.akamai_appsec_reputation_protection.main",
            "module.security.akamai_appsec_security_policy.main",
            "module.security.akamai_appsec_slowpost_protection.main",
            "module.security.akamai_appsec_waf_protection.main",
            "module.security.akamai_botman_bot_management_settings.main",
            "module.security.data.akamai_group.group"
          ]
        }
      ]
    },
    {
      "module": "module.security",
      "mode": "managed",
      "type": "akamai_botman_bot_detection_action",
      "name": "main_useragent_header_anomaly_973b4b4e-44c7-4067-9ee0-b791b580cb9e",
      "provider": "provider[\"registry.terraform.io/akamai/akamai\"]",
      "instances": [
        {
          "schema_version": 0,
          "attributes": {
            "bot_detection_action": "{\"action\":\"monitor\"}",
            "config_id": 74502,
            "detection_id": "973b4b4e-44c7-4067-9ee0-b791b580cb9e",
            "id": "74502:0001_122739:973b4b4e-44c7-4067-9ee0-b791b580cb9e",
            "security_policy_id": "0001_122739"
          },
          "sensitive_attributes": [],
          "private": "eyJzY2hlbWFfdmVyc2lvbiI6IjAifQ==",
          "dependencies": [
            "module.security.akamai_appsec_api_constraints_protection.main",
            "module.security.akamai_appsec_configuration.config",
            "module.security.akamai_appsec_ip_geo_protection.main",
            "module.security.akamai_appsec_malware_protection.main",
            "module.security.akamai_appsec_rate_protection.main",
            "module.security.akamai_appsec_reputation_protection.main",
            "module.security.akamai_appsec_security_policy.main",
            "module.security.akamai_appsec_slowpost_protection.main",
            "module.security.akamai_appsec_waf_protection.main",
            "module.security.akamai_botman_bot_management_settings.main",
            "module.security.data.akamai_group.group"
          ]
        }
      ]
    },
    {
      "module": "module.security",
      "mode": "managed",
      "type": "akamai_botman_bot_detection_action",
      "name": "main_useragent_header_anomaly_d00e788b-8916-4181-9922-71c749ed1752",
      "provider": "provider[\"registry.terraform.io/akamai/akamai\"]",
      "instances": [
        {
          "schema_version": 0,
          "attributes": {
            "bot_detection_action": "{\"action\":\"monitor\"}",
            "config_id": 74502,
            "detection_id": "d00e788b-8916-4181-9922-71c749ed1752",
            "id": "74502:0001_122739:d00e788b-8916-4181-9922-71c749ed1752",
            "security_policy_id": "0001_122739"
          },
          "sensitive_attributes": [],
          "private": "eyJzY2hlbWFfdmVyc2lvbiI6IjAifQ==",
          "dependencies": [
            "module.security.akamai_appsec_api_constraints_protection.main",
            "module.security.akamai_appsec_configuration.config",
            "module.security.akamai_appsec_ip_geo_protection.main",
            "module.security.akamai_appsec_malware_protection.main",
            "module.security.akamai_appsec_rate_protection.main",
            "module.security.akamai_appsec_reputation_protection.main",
            "module.security.akamai_appsec_security_policy.main",
            "module.security.akamai_appsec_slowpost_protection.main",
            "module.security.akamai_appsec_waf_protection.main",
            "module.security.akamai_botman_bot_management_settings.main",
            "module.security.data.akamai_group.group"
          ]
        }
      ]
    },
    {
      "module": "module.security",
      "mode": "managed",
      "type": "akamai_botman_bot_detection_action",
      "name": "main_web_scraper_reputation_9712ab32-83bb-43ab-a46d-4c2a5a42e7e2",
      "provider": "provider[\"registry.terraform.io/akamai/akamai\"]",
      "instances": [
        {
          "schema_version": 0,
          "attributes": {
            "bot_detection_action": "{\"action\":\"deny_custom_112320\",\"webScraperReputationSensitivity\":4}",
            "config_id": 74502,
            "detection_id": "9712ab32-83bb-43ab-a46d-4c2a5a42e7e2",
            "id": "74502:0001_122739:9712ab32-83bb-43ab-a46d-4c2a5a42e7e2",
            "security_policy_id": "0001_122739"
          },
          "sensitive_attributes": [],
          "private": "eyJzY2hlbWFfdmVyc2lvbiI6IjAifQ==",
          "dependencies": [
            "module.security.akamai_appsec_api_constraints_protection.main",
            "module.security.akamai_appsec_configuration.config",
            "module.security.akamai_appsec_ip_geo_protection.main",
            "module.security.akamai_appsec_malware_protection.main",
            "module.security.akamai_appsec_rate_protection.main",
            "module.security.akamai_appsec_reputation_protection.main",
            "module.security.akamai_appsec_security_policy.main",
            "module.security.akamai_appsec_slowpost_protection.main",
            "module.security.akamai_appsec_waf_protection.main",
            "module.security.akamai_botman_bot_management_settings.main",
            "module.security.data.akamai_group.group"
          ]
        }
      ]
    },
    {
      "module": "module.security",
      "mode": "managed",
      "type": "akamai_botman_bot_detection_action",
      "name": "main_web_services_libraries_872ed6c2-514c-4055-9c44-9782b1c783bf",
      "provider": "provider[\"registry.terraform.io/akamai/akamai\"]",
      "instances": [
        {
          "schema_version": 0,
          "attributes": {
            "bot_detection_action": "{\"action\":\"monitor\"}",
            "config_id": 74502,
            "detection_id": "872ed6c2-514c-4055-9c44-9782b1c783bf",
            "id": "74502:0001_122739:872ed6c2-514c-4055-9c44-9782b1c783bf",
            "security_policy_id": "0001_122739"
          },
          "sensitive_attributes": [],
          "private": "eyJzY2hlbWFfdmVyc2lvbiI6IjAifQ==",
          "dependencies": [
            "module.security.akamai_appsec_api_constraints_protection.main",
            "module.security.akamai_appsec_configuration.config",
            "module.security.akamai_appsec_ip_geo_protection.main",
            "module.security.akamai_appsec_malware_protection.main",
            "module.security.akamai_appsec_rate_protection.main",
            "module.security.akamai_appsec_reputation_protection.main",
            "module.security.akamai_appsec_security_policy.main",
            "module.security.akamai_appsec_slowpost_protection.main",
            "module.security.akamai_appsec_waf_protection.main",
            "module.security.akamai_botman_bot_management_settings.main",
            "module.security.data.akamai_group.group"
          ]
        }
      ]
    },
    {
      "module": "module.security",
      "mode": "managed",
      "type": "akamai_botman_bot_management_settings",
      "name": "main",
      "provider": "provider[\"registry.terraform.io/akamai/akamai\"]",
      "instances": [
        {
          "schema_version": 0,
          "attributes": {
            "bot_management_settings": "{\"addAkamaiBotHeader\":false,\"enableActiveDetections\":true,\"enableBotManagement\":true,\"enableBrowserValidation\":true,\"removeBotManagementCookies\":false,\"thirdPartyProxyServiceInUse\":false}",
            "config_id": 74502,
            "id": "74502:0001_122739",
            "security_policy_id": "0001_122739"
          },
          "sensitive_attributes": [],
          "private": "eyJzY2hlbWFfdmVyc2lvbiI6IjAifQ==",
          "dependencies": [
            "module.security.akamai_appsec_api_constraints_protection.main",
            "module.security.akamai_appsec_configuration.config",
            "module.security.akamai_appsec_ip_geo_protection.main",
            "module.security.akamai_appsec_malware_protection.main",
            "module.security.akamai_appsec_rate_protection.main",
            "module.security.akamai_appsec_reputation_protection.main",
            "module.security.akamai_appsec_security_policy.main",
            "module.security.akamai_appsec_slowpost_protection.main",
            "module.security.akamai_appsec_waf_protection.main",
            "module.security.data.akamai_group.group"
          ]
        }
      ]
    },
    {
      "module": "module.security",
      "mode": "managed",
      "type": "akamai_botman_challenge_action",
      "name": "challenge_30_seconds_challenge_107240",
      "provider": "provider[\"registry.terraform.io/akamai/akamai\"]",
      "instances": [
        {
          "schema_version": 0,
          "attributes": {
            "action_id": "challenge_107240",
            "challenge_action": "{\"actionName\":\"Challenge 30 seconds\",\"allowFullCpuUtilization\":false,\"backupAction\":\"monitor\",\"challengeIntervalInSeconds\":300,\"challengeType\":\"AKAMAI_WEB_CRYPTO\",\"cryptoChallengeDurationInSeconds\":30}",
            "config_id": 74502,
            "id": "74502:challenge_107240"
          },
          "sensitive_attributes": [],
          "private": "eyJzY2hlbWFfdmVyc2lvbiI6IjAifQ==",
          "dependencies": [
            "module.security.akamai_appsec_configuration.config",
            "module.security.data.akamai_group.group"
          ]
        }
      ]
    },
    {
      "module": "module.security",
      "mode": "managed",
      "type": "akamai_botman_challenge_action",
      "name": "challenge_8_seconds_challenge_165624",
      "provider": "provider[\"registry.terraform.io/akamai/akamai\"]",
      "instances": [
        {
          "schema_version": 0,
          "attributes": {
            "action_id": "challenge_165624",
            "challenge_action": "{\"actionName\":\"Challenge 8 seconds\",\"allowFullCpuUtilization\":false,\"backupAction\":\"monitor\",\"challengeIntervalInSeconds\":300,\"challengeType\":\"AKAMAI_WEB_CRYPTO\",\"cryptoChallengeDurationInSeconds\":8}",
            "config_id": 74502,
            "id": "74502:challenge_165624"
          },
          "sensitive_attributes": [],
          "private": "eyJzY2hlbWFfdmVyc2lvbiI6IjAifQ==",
          "dependencies": [
            "module.security.akamai_appsec_configuration.config",
            "module.security.data.akamai_group.group"
          ]
        }
      ]
    },
    {
      "module": "module.security",
      "mode": "managed",
      "type": "akamai_botman_challenge_injection_rules",
      "name": "challenge_injection_rules",
      "provider": "provider[\"registry.terraform.io/akamai/akamai\"]",
      "instances": [
        {
          "schema_version": 0,
          "attributes": {
            "challenge_injection_rules": "{\"ajaxResubmit\":false,\"injectJavaScript\":false}",
            "config_id": 74502,
            "id": "74502"
          },
          "sensitive_attributes": [],
          "private": "eyJzY2hlbWFfdmVyc2lvbiI6IjAifQ==",
          "dependencies": [
            "module.security.akamai_appsec_configuration.config",
            "module.security.data.akamai_group.group"
          ]
        }
      ]
    },
    {
      "module": "module.security",
      "mode": "managed",
      "type": "akamai_botman_client_side_security",
      "name": "client_side_security",
      "provider": "provider[\"registry.terraform.io/akamai/akamai\"]",
      "instances": [
        {
          "schema_version": 0,
          "attributes": {
            "client_side_security": "{\"useAllSecureTraffic\":false,\"useSameSiteCookies\":false,\"useStrictCspCompatibility\":true}",
            "config_id": 74502,
            "id": "74502"
          },
          "sensitive_attributes": [],
          "private": "eyJzY2hlbWFfdmVyc2lvbiI6IjAifQ==",
          "dependencies": [
            "module.security.akamai_appsec_configuration.config",
            "module.security.data.akamai_group.group"
          ]
        }
      ]
    },
    {
      "module": "module.security",
      "mode": "managed",
      "type": "akamai_botman_conditional_action",
      "name": "challenge_for_mfa_countries_cond_action_165667",
      "provider": "provider[\"registry.terraform.io/akamai/akamai\"]",
      "instances": [
        {
          "schema_version": 0,
          "attributes": {
            "action_id": "cond_action_165667",
            "conditional_action": "{\"actionName\":\"Challenge for MFA countries.\",\"conditionalActionRules\":[{\"action\":\"challenge_165624\",\"conditions\":[{\"checkIps\":\"BOTH\",\"positiveMatch\":true,\"type\":\"networkListCondition\",\"value\":[\"75978_GEOBMP\"]}],\"percentageOfTraffic\":100}],\"defaultAction\":\"challenge_107240\"}",
            "config_id": 74502,
            "id": "74502:cond_action_165667"
          },
          "sensitive_attributes": [],
          "private": "eyJzY2hlbWFfdmVyc2lvbiI6IjAifQ==",
          "dependencies": [
            "module.security.akamai_appsec_configuration.config",
            "module.security.data.akamai_group.group"
          ]
        }
      ]
    },
    {
      "module": "module.security",
      "mode": "managed",
      "type": "akamai_botman_content_protection_rule",
      "name": "main_dwd_1735954c-10fb-426e-aaea-e2e0776156ae",
      "provider": "provider[\"registry.terraform.io/akamai/akamai\"]",
      "instances": [
        {
          "schema_version": 0,
          "attributes": {
            "config_id": 74502,
            "content_protection_rule": "{\"conditions\":[{\"name\":\"dwdw\",\"nameCase\":false,\"nameWildcard\":true,\"positiveMatch\":false,\"type\":\"requestCookieCondition\"}],\"contentProtectionRuleName\":\"dwd\",\"enableAdvancedValidationForHTML\":false,\"requestType\":\"HTML\",\"responseStrategy\":{\"aggressiveAction\":\"deny\",\"aggressiveThreshold\":69,\"strictAction\":\"monitor\",\"strictThreshold\":39}}",
            "content_protection_rule_id": "1735954c-10fb-426e-aaea-e2e0776156ae",
            "id": "74502:0001_122739:1735954c-10fb-426e-aaea-e2e0776156ae",
            "security_policy_id": "0001_122739"
          },
          "sensitive_attributes": [],
          "private": "eyJzY2hlbWFfdmVyc2lvbiI6IjAifQ==",
          "dependencies": [
            "module.security.akamai_appsec_api_constraints_protection.main",
            "module.security.akamai_appsec_configuration.config",
            "module.security.akamai_appsec_ip_geo_protection.main",
            "module.security.akamai_appsec_malware_protection.main",
            "module.security.akamai_appsec_rate_protection.main",
            "module.security.akamai_appsec_reputation_protection.main",
            "module.security.akamai_appsec_security_policy.main",
            "module.security.akamai_appsec_slowpost_protection.main",
            "module.security.akamai_appsec_waf_protection.main",
            "module.security.akamai_botman_bot_management_settings.main",
            "module.security.data.akamai_group.group"
          ]
        }
      ]
    },
    {
      "module": "module.security",
      "mode": "managed",
      "type": "akamai_botman_content_protection_rule",
      "name": "main_test_95faf808-cb94-458e-a41a-30e244f4c290",
      "provider": "provider[\"registry.terraform.io/akamai/akamai\"]",
      "instances": [
        {
          "schema_version": 0,
          "attributes": {
            "config_id": 74502,
            "content_protection_rule": "{\"conditions\":[{\"name\":\"dwdw\",\"nameCase\":false,\"nameWildcard\":true,\"positiveMatch\":true,\"type\":\"requestCookieCondition\"}],\"contentProtectionRuleName\":\"test\",\"enableAdvancedValidationForHTML\":false,\"requestType\":\"HTML\",\"responseStrategy\":{\"aggressiveAction\":\"deny\",\"aggressiveThreshold\":69,\"strictAction\":\"monitor\",\"strictThreshold\":39}}",
            "content_protection_rule_id": "95faf808-cb94-458e-a41a-30e244f4c290",
            "id": "74502:0001_122739:95faf808-cb94-458e-a41a-30e244f4c290",
            "security_policy_id": "0001_122739"
          },
          "sensitive_attributes": [],
          "private": "eyJzY2hlbWFfdmVyc2lvbiI6IjAifQ==",
          "dependencies": [
            "module.security.akamai_appsec_api_constraints_protection.main",
            "module.security.akamai_appsec_configuration.config",
            "module.security.akamai_appsec_ip_geo_protection.main",
            "module.security.akamai_appsec_malware_protection.main",
            "module.security.akamai_appsec_rate_protection.main",
            "module.security.akamai_appsec_reputation_protection.main",
            "module.security.akamai_appsec_security_policy.main",
            "module.security.akamai_appsec_slowpost_protection.main",
            "module.security.akamai_appsec_waf_protection.main",
            "module.security.akamai_botman_bot_management_settings.main",
            "module.security.data.akamai_group.group"
          ]
        }
      ]
    },
    {
      "module": "module.security",
      "mode": "managed",
      "type": "akamai_botman_content_protection_rule_sequence",
      "name": "main_sequence",
      "provider": "provider[\"registry.terraform.io/akamai/akamai\"]",
      "instances": [
        {
          "schema_version": 0,
          "attributes": {
            "config_id": 74502,
            "content_protection_rule_ids": [
              "95faf808-cb94-458e-a41a-30e244f4c290",
              "1735954c-10fb-426e-aaea-e2e0776156ae"
            ],
            "id": "74502:0001_122739",
            "security_policy_id": "0001_122739"
          },
          "sensitive_attributes": [],
          "private": "eyJzY2hlbWFfdmVyc2lvbiI6IjAifQ==",
          "dependencies": [
            "module.security.akamai_appsec_api_constraints_protection.main",
            "module.security.akamai_appsec_configuration.config",
            "module.security.akamai_appsec_ip_geo_protection.main",
            "module.security.akamai_appsec_malware_protection.main",
            "module.security.akamai_appsec_rate_protection.main",
            "module.security.akamai_appsec_reputation_protection.main",
            "module.security.akamai_appsec_security_policy.main",
            "module.security.akamai_appsec_slowpost_protection.main",
            "module.security.akamai_appsec_waf_protection.main",
            "module.security.akamai_botman_bot_management_settings.main",
            "module.security.akamai_botman_content_protection_rule.main_dwd_1735954c-10fb-426e-aaea-e2e0776156ae",
            "module.security.akamai_botman_content_protection_rule.main_test_95faf808-cb94-458e-a41a-30e244f4c290",
            "module.security.data.akamai_group.group"
          ]
        }
      ]
    },
    {
      "module": "module.security",
      "mode": "managed",
      "type": "akamai_botman_custom_bot_category",
      "name": "allowed_39e23449-6d3e-43e5-bedf-f58687796270",
      "provider": "provider[\"registry.terraform.io/akamai/akamai\"]",
      "instances": [
        {
          "schema_version": 0,
          "attributes": {
            "category_id": "39e23449-6d3e-43e5-bedf-f58687796270",
            "config_id": 74502,
            "custom_bot_category": "{\"categoryName\":\"Allowed\"}",
            "id": "74502:39e23449-6d3e-43e5-bedf-f58687796270"
          },
          "sensitive_attributes": [],
          "private": "eyJzY2hlbWFfdmVyc2lvbiI6IjAifQ==",
          "dependencies": [
            "module.security.akamai_appsec_configuration.config",
            "module.security.data.akamai_group.group"
          ]
        }
      ]
    },
    {
      "module": "module.security",
      "mode": "managed",
      "type": "akamai_botman_custom_bot_category",
      "name": "denied_bots_55b30381-8920-47d5-b2e6-0f3ba917dd12",
      "provider": "provider[\"registry.terraform.io/akamai/akamai\"]",
      "instances": [
        {
          "schema_version": 0,
          "attributes": {
            "category_id": "55b30381-8920-47d5-b2e6-0f3ba917dd12",
            "config_id": 74502,
            "custom_bot_category": "{\"categoryName\":\"Denied bots\"}",
            "id": "74502:55b30381-8920-47d5-b2e6-0f3ba917dd12"
          },
          "sensitive_attributes": [],
          "private": "eyJzY2hlbWFfdmVyc2lvbiI6IjAifQ==",
          "dependencies": [
            "module.security.akamai_appsec_configuration.config",
            "module.security.data.akamai_group.group"
          ]
        }
      ]
    },
    {
      "module": "module.security",
      "mode": "managed",
      "type": "akamai_botman_custom_bot_category",
      "name": "partner_bots_fc377e08-7678-4012-a5b1-d2e8367ce558",
      "provider": "provider[\"registry.terraform.io/akamai/akamai\"]",
      "instances": [
        {
          "schema_version": 0,
          "attributes": {
            "category_id": "fc377e08-7678-4012-a5b1-d2e8367ce558",
            "config_id": 74502,
            "custom_bot_category": "{\"categoryName\":\"partner bots\"}",
            "id": "74502:fc377e08-7678-4012-a5b1-d2e8367ce558"
          },
          "sensitive_attributes": [],
          "private": "eyJzY2hlbWFfdmVyc2lvbiI6IjAifQ==",
          "dependencies": [
            "module.security.akamai_appsec_configuration.config",
            "module.security.data.akamai_group.group"
          ]
        }
      ]
    },
    {
      "module": "module.security",
      "mode": "managed",
      "type": "akamai_botman_custom_bot_category_action",
      "name": "main_allowed_39e23449-6d3e-43e5-bedf-f58687796270",
      "provider": "provider[\"registry.terraform.io/akamai/akamai\"]",
      "instances": [
        {
          "schema_version": 0,
          "attributes": {
            "category_id": "39e23449-6d3e-43e5-bedf-f58687796270",
            "config_id": 74502,
            "custom_bot_category_action": "{\"action\":\"allow\"}",
            "id": "74502:0001_122739:39e23449-6d3e-43e5-bedf-f58687796270",
            "security_policy_id": "0001_122739"
          },
          "sensitive_attributes": [],
          "private": "eyJzY2hlbWFfdmVyc2lvbiI6IjAifQ==",
          "dependencies": [
            "module.security.akamai_appsec_api_constraints_protection.main",
            "module.security.akamai_appsec_configuration.config",
            "module.security.akamai_appsec_ip_geo_protection.main",
            "module.security.akamai_appsec_malware_protection.main",
            "module.security.akamai_appsec_rate_protection.main",
            "module.security.akamai_appsec_reputation_protection.main",
            "module.security.akamai_appsec_security_policy.main",
            "module.security.akamai_appsec_slowpost_protection.main",
            "module.security.akamai_appsec_waf_protection.main",
            "module.security.akamai_botman_bot_management_settings.main",
            "module.security.akamai_botman_custom_bot_category.allowed_39e23449-6d3e-43e5-bedf-f58687796270",
            "module.security.data.akamai_group.group"
          ]
        }
      ]
    },
    {
      "module": "module.security",
      "mode": "managed",
      "type": "akamai_botman_custom_bot_category_action",
      "name": "main_denied_bots_55b30381-8920-47d5-b2e6-0f3ba917dd12",
      "provider": "provider[\"registry.terraform.io/akamai/akamai\"]",
      "instances": [
        {
          "schema_version": 0,
          "attributes": {
            "category_id": "55b30381-8920-47d5-b2e6-0f3ba917dd12",
            "config_id": 74502,
            "custom_bot_category_action": "{\"action\":\"tarpit\"}",
            "id": "74502:0001_122739:55b30381-8920-47d5-b2e6-0f3ba917dd12",
            "security_policy_id": "0001_122739"
          },
          "sensitive_attributes": [],
          "private": "eyJzY2hlbWFfdmVyc2lvbiI6IjAifQ==",
          "dependencies": [
            "module.security.akamai_appsec_api_constraints_protection.main",
            "module.security.akamai_appsec_configuration.config",
            "module.security.akamai_appsec_ip_geo_protection.main",
            "module.security.akamai_appsec_malware_protection.main",
            "module.security.akamai_appsec_rate_protection.main",
            "module.security.akamai_appsec_reputation_protection.main",
            "module.security.akamai_appsec_security_policy.main",
            "module.security.akamai_appsec_slowpost_protection.main",
            "module.security.akamai_appsec_waf_protection.main",
            "module.security.akamai_botman_bot_management_settings.main",
            "module.security.akamai_botman_custom_bot_category.denied_bots_55b30381-8920-47d5-b2e6-0f3ba917dd12",
            "module.security.data.akamai_group.group"
          ]
        }
      ]
    },
    {
      "module": "module.security",
      "mode": "managed",
      "type": "akamai_botman_custom_bot_category_action",
      "name": "main_partner_bots_fc377e08-7678-4012-a5b1-d2e8367ce558",
      "provider": "provider[\"registry.terraform.io/akamai/akamai\"]",
      "instances": [
        {
          "schema_version": 0,
          "attributes": {
            "category_id": "fc377e08-7678-4012-a5b1-d2e8367ce558",
            "config_id": 74502,
            "custom_bot_category_action": "{\"action\":\"none\"}",
            "id": "74502:0001_122739:fc377e08-7678-4012-a5b1-d2e8367ce558",
            "security_policy_id": "0001_122739"
          },
          "sensitive_attributes": [],
          "private": "eyJzY2hlbWFfdmVyc2lvbiI6IjAifQ==",
          "dependencies": [
            "module.security.akamai_appsec_api_constraints_protection.main",
            "module.security.akamai_appsec_configuration.config",
            "module.security.akamai_appsec_ip_geo_protection.main",
            "module.security.akamai_appsec_malware_protection.main",
            "module.security.akamai_appsec_rate_protection.main",
            "module.security.akamai_appsec_reputation_protection.main",
            "module.security.akamai_appsec_security_policy.main",
            "module.security.akamai_appsec_slowpost_protection.main",
            "module.security.akamai_appsec_waf_protection.main",
            "module.security.akamai_botman_bot_management_settings.main",
            "module.security.akamai_botman_custom_bot_category.partner_bots_fc377e08-7678-4012-a5b1-d2e8367ce558",
            "module.security.data.akamai_group.group"
          ]
        }
      ]
    },
    {
      "module": "module.security",
      "mode": "managed",
      "type": "akamai_botman_custom_bot_category_sequence",
      "name": "custom_bot_category_sequence",
      "provider": "provider[\"registry.terraform.io/akamai/akamai\"]",
      "instances": [
        {
          "schema_version": 0,
          "attributes": {
            "category_ids": [
              "39e23449-6d3e-43e5-bedf-f58687796270",
              "fc377e08-7678-4012-a5b1-d2e8367ce558",
              "55b30381-8920-47d5-b2e6-0f3ba917dd12"
            ],
            "config_id": 74502,
            "id": "74502"
          },
          "sensitive_attributes": [],
          "private": "eyJzY2hlbWFfdmVyc2lvbiI6IjAifQ==",
          "dependencies": [
            "module.security.akamai_appsec_configuration.config",
            "module.security.akamai_botman_custom_bot_category.allowed_39e23449-6d3e-43e5-bedf-f58687796270",
            "module.security.akamai_botman_custom_bot_category.denied_bots_55b30381-8920-47d5-b2e6-0f3ba917dd12",
            "module.security.akamai_botman_custom_bot_category.partner_bots_fc377e08-7678-4012-a5b1-d2e8367ce558",
            "module.security.data.akamai_group.group"
          ]
        }
      ]
    },
    {
      "module": "module.security",
      "mode": "managed",
      "type": "akamai_botman_custom_defined_bot",
      "name": "missing_headers_697d1f61-3e9e-44ff-bf43-e91bc993636f",
      "provider": "provider[\"registry.terraform.io/akamai/akamai\"]",
      "instances": [
        {
          "schema_version": 0,
          "attributes": {
            "bot_id": "697d1f61-3e9e-44ff-bf43-e91bc993636f",
            "config_id": 74502,
            "custom_defined_bot": "{\"botName\":\"Missing headers\",\"categoryId\":\"55b30381-8920-47d5-b2e6-0f3ba917dd12\",\"conditions\":[{\"name\":[\"header_1\"],\"nameWildcard\":true,\"positiveMatch\":false,\"type\":\"requestHeaderCondition\"},{\"name\":[\"header_2\"],\"nameWildcard\":true,\"positiveMatch\":false,\"type\":\"requestHeaderCondition\"}]}",
            "id": "74502:697d1f61-3e9e-44ff-bf43-e91bc993636f"
          },
          "sensitive_attributes": [],
          "private": "eyJzY2hlbWFfdmVyc2lvbiI6IjAifQ==",
          "dependencies": [
            "module.security.akamai_appsec_configuration.config",
            "module.security.akamai_botman_custom_bot_category.allowed_39e23449-6d3e-43e5-bedf-f58687796270",
            "module.security.akamai_botman_custom_bot_category.denied_bots_55b30381-8920-47d5-b2e6-0f3ba917dd12",
            "module.security.akamai_botman_custom_bot_category.partner_bots_fc377e08-7678-4012-a5b1-d2e8367ce558",
            "module.security.akamai_botman_custom_bot_category_sequence.custom_bot_category_sequence",
            "module.security.data.akamai_group.group"
          ]
        }
      ]
    },
    {
      "module": "module.security",
      "mode": "managed",
      "type": "akamai_botman_javascript_injection",
      "name": "main",
      "provider": "provider[\"registry.terraform.io/akamai/akamai\"]",
      "instances": [
        {
          "schema_version": 0,
          "attributes": {
            "config_id": 74502,
            "id": "74502:0001_122739",
            "javascript_injection": "{\"injectJavaScript\":\"NEVER\",\"rules\":[{\"conditions\":[{\"positiveMatch\":true,\"type\":\"urlPatternCondition\",\"value\":[\"/api/v*\"],\"valueCase\":false,\"valueWildcard\":true}],\"injectJavaScript\":\"AROUND_PROTECTED_OPERATIONS\",\"ruleName\":\"Test\"}]}",
            "security_policy_id": "0001_122739"
          },
          "sensitive_attributes": [],
          "private": "eyJzY2hlbWFfdmVyc2lvbiI6IjAifQ==",
          "dependencies": [
            "module.security.akamai_appsec_api_constraints_protection.main",
            "module.security.akamai_appsec_configuration.config",
            "module.security.akamai_appsec_ip_geo_protection.main",
            "module.security.akamai_appsec_malware_protection.main",
            "module.security.akamai_appsec_rate_protection.main",
            "module.security.akamai_appsec_reputation_protection.main",
            "module.security.akamai_appsec_security_policy.main",
            "module.security.akamai_appsec_slowpost_protection.main",
            "module.security.akamai_appsec_waf_protection.main",
            "module.security.akamai_botman_bot_management_settings.main",
            "module.security.data.akamai_group.group"
          ]
        }
      ]
    },
    {
      "module": "module.security",
      "mode": "managed",
      "type": "akamai_botman_transactional_endpoint",
      "name": "main_9f1d01fe-0884-43c4-9639-9fc9d3747ad2",
      "provider": "provider[\"registry.terraform.io/akamai/akamai\"]",
      "instances": [
        {
          "schema_version": 0,
          "attributes": {
            "config_id": 74502,
            "id": "74502:0001_122739:9f1d01fe-0884-43c4-9639-9fc9d3747ad2",
            "operation_id": "9f1d01fe-0884-43c4-9639-9fc9d3747ad2",
            "security_policy_id": "0001_122739",
            "transactional_endpoint": "{\"apiEndPointId\":790817,\"telemetryTypeStates\":{\"inline\":{\"enabled\":false},\"nativeSdk\":{\"disabledAction\":\"deny\",\"enabled\":false},\"standard\":{\"enableAjaxSupport\":true,\"enabled\":true}},\"traffic\":{\"standardTelemetry\":{\"aggressiveAction\":\"deny\",\"aggressiveThreshold\":90,\"overrideThresholds\":false,\"strictAction\":\"challenge_107240\",\"strictThreshold\":50}}}"
          },
          "sensitive_attributes": [],
          "private": "eyJzY2hlbWFfdmVyc2lvbiI6IjAifQ==",
          "dependencies": [
            "module.security.akamai_appsec_api_constraints_protection.main",
            "module.security.akamai_appsec_configuration.config",
            "module.security.akamai_appsec_ip_geo_protection.main",
            "module.security.akamai_appsec_malware_protection.main",
            "module.security.akamai_appsec_rate_protection.main",
            "module.security.akamai_appsec_reputation_protection.main",
            "module.security.akamai_appsec_security_policy.main",
            "module.security.akamai_appsec_slowpost_protection.main",
            "module.security.akamai_appsec_waf_protection.main",
            "module.security.akamai_botman_bot_management_settings.main",
            "module.security.akamai_botman_transactional_endpoint_protection.transactional_endpoint_protection",
            "module.security.data.akamai_group.group"
          ]
        }
      ]
    },
    {
      "module": "module.security",
      "mode": "managed",
      "type": "akamai_botman_transactional_endpoint_protection",
      "name": "transactional_endpoint_protection",
      "provider": "provider[\"registry.terraform.io/akamai/akamai\"]",
      "instances": [
        {
          "schema_version": 0,
          "attributes": {
            "config_id": 74502,
            "id": "74502",
            "transactional_endpoint_protection": "{\"inlineTelemetry\":{\"aggressiveThreshold\":90,\"detectionSetType\":\"BOT_SCORE\",\"safeguardAction\":\"USE_STRICT_ACTION\",\"strictThreshold\":50},\"sdkTelemetry\":{\"androidAggressiveThreshold\":90,\"androidStrictThreshold\":50,\"detectionSetType\":\"BOT_SCORE_SDK\",\"iosAggressiveThreshold\":90,\"iosStrictThreshold\":50,\"safeguardAction\":\"USE_STRICT_ACTION\"},\"standardTelemetry\":{\"aggressiveThreshold\":90,\"detectionSetType\":\"BOT_SCORE\",\"safeguardAction\":\"USE_STRICT_ACTION\",\"strictThreshold\":50}}"
          },
          "sensitive_attributes": [],
          "private": "eyJzY2hlbWFfdmVyc2lvbiI6IjAifQ==",
          "dependencies": [
            "module.security.akamai_appsec_configuration.config",
            "module.security.data.akamai_group.group"
          ]
        }
      ]
    }
  ],
  "check_results": null
}
