{
  "version": 4,
  "terraform_version": "1.11.4",
  "serial": 2,
  "lineage": "d22ea11e-1df1-3b19-3ea0-26dee915afdb",
  "outputs": {},
  "resources": [
    {
      "module": "module.activate-security",
      "mode": "data",
      "type": "akamai_appsec_configuration",
      "name": "config",
      "provider": "provider[\"registry.terraform.io/akamai/akamai\"]",
      "instances": [
        {
          "schema_version": 0,
          "attributes": {
            "config_id": 114834,
            "host_names": [
              "learn.shbantwa.xyz"
            ],
            "id": "114834",
            "latest_version": 2,
            "name": "shbantwa-devops",
            "output_text": "\n+---------------------------------------------------------------------------------------------------------+\n| Configurations                                                                                          |\n+-----------+-----------------+----------------+---------------------------+------------------------------+\n| CONFIG_ID | NAME            | LATEST_VERSION | VERSION_ACTIVE_IN_STAGING | VERSION_ACTIVE_IN_PRODUCTION |\n+-----------+-----------------+----------------+---------------------------+------------------------------+\n| 114834    | shbantwa-devops | 2              | 1                         | 0                            |\n+-----------+-----------------+----------------+---------------------------+------------------------------+\n",
            "production_version": 0,
            "staging_version": 1
          },
          "sensitive_attributes": []
        }
      ]
    },
    {
      "module": "module.security",
      "mode": "data",
      "type": "akamai_group",
      "name": "group",
      "provider": "provider[\"registry.terraform.io/akamai/akamai\"]",
      "instances": [
        {
          "schema_version": 0,
          "attributes": {
            "contract_id": "",
            "group_name": "Przemek W",
            "id": "grp_154626"
          },
          "sensitive_attributes": []
        }
      ]
    },
    {
      "module": "module.security",
      "mode": "managed",
      "type": "akamai_appsec_advanced_settings_logging",
      "name": "logging",
      "provider": "provider[\"registry.terraform.io/akamai/akamai\"]",
      "instances": [
        {
          "schema_version": 0,
          "attributes": {
            "config_id": 114834,
            "id": "114834",
            "logging": "{\"allowSampling\":true,\"cookies\":{\"type\":\"all\"},\"customHeaders\":{\"type\":\"all\"},\"standardHeaders\":{\"type\":\"all\"}}",
            "security_policy_id": ""
          },
          "sensitive_attributes": [],
          "private": "eyJzY2hlbWFfdmVyc2lvbiI6IjAifQ=="
        }
      ]
    },
    {
      "module": "module.security",
      "mode": "managed",
      "type": "akamai_appsec_configuration",
      "name": "config",
      "provider": "provider[\"registry.terraform.io/akamai/akamai\"]",
      "instances": [
        {
          "schema_version": 0,
          "attributes": {
            "config_id": 114834,
            "contract_id": null,
            "create_from_config_id": null,
            "create_from_version": null,
            "description": "Created by Terraform",
            "group_id": null,
            "host_names": [
              "learn.shbantwa.xyz"
            ],
            "id": "114834",
            "name": "shbantwa-devops"
          },
          "sensitive_attributes": [],
          "private": "eyJzY2hlbWFfdmVyc2lvbiI6IjAifQ=="
        }
      ]
    }
  ],
  "check_results": null
}
